{
  "version": 4,
  "terraform_version": "1.12.1",
  "serial": 2321,
  "lineage": "d78e96e8-5227-1bc9-b198-1cfc0a92d386",
  "outputs": {
    "api_gateway_id": {
      "value": "j0dh1wfnjf",
      "type": "string"
    },
    "api_gateway_invoke_url": {
      "value": "https://j0dh1wfnjf.execute-api.us-east-1.amazonaws.com/prod",
      "type": "string"
    },
    "dynamodb_tables": {
      "value": {
        "locations": "dev-logistics-locations",
        "notifications": "dev-logistics-notifications",
        "pedido_ofertas": "dev-logistics-pedido-ofertas",
        "pedidos": "dev-logistics-pedidos",
        "users": "dev-logistics-users",
        "websocket_connections": "dev-logistics-websocket-connections"
      },
      "type": [
        "object",
        {
          "locations": "string",
          "notifications": "string",
          "pedido_ofertas": "string",
          "pedidos": "string",
          "users": "string",
          "websocket_connections": "string"
        }
      ]
    },
    "lambda_functions": {
      "value": {
        "auth": "dev_logistics_auth",
        "notificacoes": "dev_logistics_notificacoes",
        "pedidos": "dev_logistics_pedidos",
        "rastreamento": "dev_logistics_rastreamento",
        "smart_routing": "dev_logistics_smart-routing",
        "usuarios": "dev_logistics_usuarios",
        "websocket": "dev_logistics_websocket"
      },
      "type": [
        "object",
        {
          "auth": "string",
          "notificacoes": "string",
          "pedidos": "string",
          "rastreamento": "string",
          "smart_routing": "string",
          "usuarios": "string",
          "websocket": "string"
        }
      ]
    },
    "sns_topics": {
      "value": {
        "general": "arn:aws:sns:us-east-1:176343551411:dev_logistics_notifications-general",
        "premium": "arn:aws:sns:us-east-1:176343551411:dev_logistics_notifications-premium",
        "regional": "arn:aws:sns:us-east-1:176343551411:dev_logistics_notifications-regional"
      },
      "type": [
        "object",
        {
          "general": "string",
          "premium": "string",
          "regional": "string"
        }
      ]
    },
    "sqs_queue_url": {
      "value": "https://sqs.us-east-1.amazonaws.com/176343551411/dev-logistics-events-fifo-queue.fifo",
      "type": "string"
    },
    "websocket_api_id": {
      "value": "zdrx3nubek",
      "type": "string"
    },
    "websocket_api_url": {
      "value": "wss://zdrx3nubek.execute-api.us-east-1.amazonaws.com/prod",
      "type": "string"
    }
  },
  "resources": [
    {
      "mode": "managed",
      "type": "aws_apigatewayv2_api",
      "name": "websocket_api",
      "provider": "provider[\"registry.terraform.io/hashicorp/aws\"]",
      "instances": [
        {
          "schema_version": 0,
          "attributes": {
            "api_endpoint": "wss://zdrx3nubek.execute-api.us-east-1.amazonaws.com",
            "api_key_selection_expression": "$request.header.x-api-key",
            "arn": "arn:aws:apigateway:us-east-1::/apis/zdrx3nubek",
            "body": null,
            "cors_configuration": [],
            "credentials_arn": null,
            "description": "",
            "disable_execute_api_endpoint": false,
            "execution_arn": "arn:aws:execute-api:us-east-1:176343551411:zdrx3nubek",
            "fail_on_warnings": null,
            "id": "zdrx3nubek",
            "ip_address_type": "ipv4",
            "name": "dev-logistics-websocket",
            "protocol_type": "WEBSOCKET",
            "region": "us-east-1",
            "route_key": null,
            "route_selection_expression": "$request.body.action",
            "tags": {
              "Environment": "dev",
              "ManagedBy": "terraform",
              "Project": "logistics"
            },
            "tags_all": {
              "Environment": "dev",
              "ManagedBy": "terraform",
              "Project": "logistics"
            },
            "target": null,
            "version": ""
          },
          "sensitive_attributes": [],
          "identity_schema_version": 0,
          "private": "bnVsbA==",
          "create_before_destroy": true
        }
      ]
    },
    {
      "mode": "managed",
      "type": "aws_apigatewayv2_integration",
      "name": "websocket_connect_integration",
      "provider": "provider[\"registry.terraform.io/hashicorp/aws\"]",
      "instances": [
        {
          "schema_version": 0,
          "attributes": {
            "api_id": "zdrx3nubek",
            "connection_id": "",
            "connection_type": "INTERNET",
            "content_handling_strategy": "",
            "credentials_arn": "",
            "description": "",
            "id": "vfpdbyh",
            "integration_method": "POST",
            "integration_response_selection_expression": "",
            "integration_subtype": "",
            "integration_type": "AWS_PROXY",
            "integration_uri": "arn:aws:lambda:us-east-1:176343551411:function:dev_logistics_websocket",
            "passthrough_behavior": "WHEN_NO_MATCH",
            "payload_format_version": "1.0",
            "region": "us-east-1",
            "request_parameters": null,
            "request_templates": null,
            "response_parameters": [],
            "template_selection_expression": "",
            "timeout_milliseconds": 29000,
            "tls_config": []
          },
          "sensitive_attributes": [],
          "identity_schema_version": 0,
          "private": "bnVsbA==",
          "dependencies": [
            "aws_apigatewayv2_api.websocket_api",
            "module.websocket_connections_table.aws_dynamodb_table.this",
            "module.websocket_lambda.aws_iam_role.lambda_role",
            "module.websocket_lambda.aws_lambda_function.lambda",
            "module.websocket_lambda.data.aws_caller_identity.current",
            "module.websocket_lambda.data.aws_iam_policy_document.policy_doc",
            "module.websocket_lambda.module.repo_ecr_lambda.aws_ecr_repository.this",
            "module.websocket_lambda.null_resource.run_script"
          ]
        }
      ]
    },
    {
      "mode": "managed",
      "type": "aws_apigatewayv2_integration",
      "name": "websocket_disconnect_integration",
      "provider": "provider[\"registry.terraform.io/hashicorp/aws\"]",
      "instances": [
        {
          "schema_version": 0,
          "attributes": {
            "api_id": "zdrx3nubek",
            "connection_id": "",
            "connection_type": "INTERNET",
            "content_handling_strategy": "",
            "credentials_arn": "",
            "description": "",
            "id": "zsrdi6h",
            "integration_method": "POST",
            "integration_response_selection_expression": "",
            "integration_subtype": "",
            "integration_type": "AWS_PROXY",
            "integration_uri": "arn:aws:lambda:us-east-1:176343551411:function:dev_logistics_websocket",
            "passthrough_behavior": "WHEN_NO_MATCH",
            "payload_format_version": "1.0",
            "region": "us-east-1",
            "request_parameters": null,
            "request_templates": null,
            "response_parameters": [],
            "template_selection_expression": "",
            "timeout_milliseconds": 29000,
            "tls_config": []
          },
          "sensitive_attributes": [],
          "identity_schema_version": 0,
          "private": "bnVsbA==",
          "dependencies": [
            "aws_apigatewayv2_api.websocket_api",
            "module.websocket_connections_table.aws_dynamodb_table.this",
            "module.websocket_lambda.aws_iam_role.lambda_role",
            "module.websocket_lambda.aws_lambda_function.lambda",
            "module.websocket_lambda.data.aws_caller_identity.current",
            "module.websocket_lambda.data.aws_iam_policy_document.policy_doc",
            "module.websocket_lambda.module.repo_ecr_lambda.aws_ecr_repository.this",
            "module.websocket_lambda.null_resource.run_script"
          ]
        }
      ]
    },
    {
      "mode": "managed",
      "type": "aws_apigatewayv2_integration",
      "name": "websocket_message_integration",
      "provider": "provider[\"registry.terraform.io/hashicorp/aws\"]",
      "instances": [
        {
          "schema_version": 0,
          "attributes": {
            "api_id": "zdrx3nubek",
            "connection_id": "",
            "connection_type": "INTERNET",
            "content_handling_strategy": "",
            "credentials_arn": "",
            "description": "",
            "id": "83didjo",
            "integration_method": "POST",
            "integration_response_selection_expression": "",
            "integration_subtype": "",
            "integration_type": "AWS_PROXY",
            "integration_uri": "arn:aws:lambda:us-east-1:176343551411:function:dev_logistics_websocket",
            "passthrough_behavior": "WHEN_NO_MATCH",
            "payload_format_version": "1.0",
            "region": "us-east-1",
            "request_parameters": null,
            "request_templates": null,
            "response_parameters": [],
            "template_selection_expression": "",
            "timeout_milliseconds": 29000,
            "tls_config": []
          },
          "sensitive_attributes": [],
          "identity_schema_version": 0,
          "private": "bnVsbA==",
          "dependencies": [
            "aws_apigatewayv2_api.websocket_api",
            "module.websocket_connections_table.aws_dynamodb_table.this",
            "module.websocket_lambda.aws_iam_role.lambda_role",
            "module.websocket_lambda.aws_lambda_function.lambda",
            "module.websocket_lambda.data.aws_caller_identity.current",
            "module.websocket_lambda.data.aws_iam_policy_document.policy_doc",
            "module.websocket_lambda.module.repo_ecr_lambda.aws_ecr_repository.this",
            "module.websocket_lambda.null_resource.run_script"
          ]
        }
      ]
    },
    {
      "mode": "managed",
      "type": "aws_apigatewayv2_route",
      "name": "websocket_connect",
      "provider": "provider[\"registry.terraform.io/hashicorp/aws\"]",
      "instances": [
        {
          "schema_version": 0,
          "attributes": {
            "api_id": "zdrx3nubek",
            "api_key_required": false,
            "authorization_scopes": null,
            "authorization_type": "NONE",
            "authorizer_id": "",
            "id": "42xwjcr",
            "model_selection_expression": "",
            "operation_name": "",
            "region": "us-east-1",
            "request_models": null,
            "request_parameter": [],
            "route_key": "$connect",
            "route_response_selection_expression": "",
            "target": "integrations/vfpdbyh"
          },
          "sensitive_attributes": [],
          "identity_schema_version": 0,
          "private": "bnVsbA==",
          "dependencies": [
            "aws_apigatewayv2_api.websocket_api",
            "aws_apigatewayv2_integration.websocket_connect_integration",
            "module.websocket_connections_table.aws_dynamodb_table.this",
            "module.websocket_lambda.aws_iam_role.lambda_role",
            "module.websocket_lambda.aws_lambda_function.lambda",
            "module.websocket_lambda.data.aws_caller_identity.current",
            "module.websocket_lambda.data.aws_iam_policy_document.policy_doc",
            "module.websocket_lambda.module.repo_ecr_lambda.aws_ecr_repository.this",
            "module.websocket_lambda.null_resource.run_script"
          ]
        }
      ]
    },
    {
      "mode": "managed",
      "type": "aws_apigatewayv2_route",
      "name": "websocket_disconnect",
      "provider": "provider[\"registry.terraform.io/hashicorp/aws\"]",
      "instances": [
        {
          "schema_version": 0,
          "attributes": {
            "api_id": "zdrx3nubek",
            "api_key_required": false,
            "authorization_scopes": null,
            "authorization_type": "NONE",
            "authorizer_id": "",
            "id": "ykdifi9",
            "model_selection_expression": "",
            "operation_name": "",
            "region": "us-east-1",
            "request_models": null,
            "request_parameter": [],
            "route_key": "$disconnect",
            "route_response_selection_expression": "",
            "target": "integrations/zsrdi6h"
          },
          "sensitive_attributes": [],
          "identity_schema_version": 0,
          "private": "bnVsbA==",
          "dependencies": [
            "aws_apigatewayv2_api.websocket_api",
            "aws_apigatewayv2_integration.websocket_disconnect_integration",
            "module.websocket_connections_table.aws_dynamodb_table.this",
            "module.websocket_lambda.aws_iam_role.lambda_role",
            "module.websocket_lambda.aws_lambda_function.lambda",
            "module.websocket_lambda.data.aws_caller_identity.current",
            "module.websocket_lambda.data.aws_iam_policy_document.policy_doc",
            "module.websocket_lambda.module.repo_ecr_lambda.aws_ecr_repository.this",
            "module.websocket_lambda.null_resource.run_script"
          ]
        }
      ]
    },
    {
      "mode": "managed",
      "type": "aws_apigatewayv2_route",
      "name": "websocket_message",
      "provider": "provider[\"registry.terraform.io/hashicorp/aws\"]",
      "instances": [
        {
          "schema_version": 0,
          "attributes": {
            "api_id": "zdrx3nubek",
            "api_key_required": false,
            "authorization_scopes": null,
            "authorization_type": "NONE",
            "authorizer_id": "",
            "id": "6bpo0gh",
            "model_selection_expression": "",
            "operation_name": "",
            "region": "us-east-1",
            "request_models": null,
            "request_parameter": [],
            "route_key": "sendMessage",
            "route_response_selection_expression": "",
            "target": "integrations/83didjo"
          },
          "sensitive_attributes": [],
          "identity_schema_version": 0,
          "private": "bnVsbA==",
          "dependencies": [
            "aws_apigatewayv2_api.websocket_api",
            "aws_apigatewayv2_integration.websocket_message_integration",
            "module.websocket_connections_table.aws_dynamodb_table.this",
            "module.websocket_lambda.aws_iam_role.lambda_role",
            "module.websocket_lambda.aws_lambda_function.lambda",
            "module.websocket_lambda.data.aws_caller_identity.current",
            "module.websocket_lambda.data.aws_iam_policy_document.policy_doc",
            "module.websocket_lambda.module.repo_ecr_lambda.aws_ecr_repository.this",
            "module.websocket_lambda.null_resource.run_script"
          ]
        }
      ]
    },
    {
      "mode": "managed",
      "type": "aws_apigatewayv2_stage",
      "name": "websocket_stage",
      "provider": "provider[\"registry.terraform.io/hashicorp/aws\"]",
      "instances": [
        {
          "schema_version": 0,
          "attributes": {
            "access_log_settings": [],
            "api_id": "zdrx3nubek",
            "arn": "arn:aws:apigateway:us-east-1::/apis/zdrx3nubek/stages/prod",
            "auto_deploy": true,
            "client_certificate_id": "",
            "default_route_settings": [
              {
                "data_trace_enabled": false,
                "detailed_metrics_enabled": false,
                "logging_level": "OFF",
                "throttling_burst_limit": 0,
                "throttling_rate_limit": 0
              }
            ],
            "deployment_id": "",
            "description": "",
            "execution_arn": "arn:aws:execute-api:us-east-1:176343551411:zdrx3nubek/prod",
            "id": "prod",
            "invoke_url": "wss://zdrx3nubek.execute-api.us-east-1.amazonaws.com/prod",
            "name": "prod",
            "region": "us-east-1",
            "route_settings": [],
            "stage_variables": null,
            "tags": {
              "Environment": "dev",
              "ManagedBy": "terraform",
              "Project": "logistics"
            },
            "tags_all": {
              "Environment": "dev",
              "ManagedBy": "terraform",
              "Project": "logistics"
            }
          },
          "sensitive_attributes": [],
          "identity_schema_version": 0,
          "private": "bnVsbA==",
          "dependencies": [
            "aws_apigatewayv2_api.websocket_api"
          ]
        }
      ]
    },
    {
      "mode": "managed",
      "type": "aws_lambda_event_source_mapping",
      "name": "notifications_sqs_trigger",
      "provider": "provider[\"registry.terraform.io/hashicorp/aws\"]",
      "instances": [
        {
          "schema_version": 0,
          "attributes": {
            "amazon_managed_kafka_event_source_config": [],
            "arn": "arn:aws:lambda:us-east-1:176343551411:event-source-mapping:02054627-1a21-43c8-9afa-aa3772441629",
            "batch_size": 10,
            "bisect_batch_on_function_error": false,
            "destination_config": [],
            "document_db_event_source_config": [],
            "enabled": true,
            "event_source_arn": "arn:aws:sqs:us-east-1:176343551411:dev-logistics-events-fifo-queue.fifo",
            "filter_criteria": [],
            "function_arn": "arn:aws:lambda:us-east-1:176343551411:function:dev_logistics_notificacoes",
            "function_name": "arn:aws:lambda:us-east-1:176343551411:function:dev_logistics_notificacoes",
            "function_response_types": null,
            "id": "02054627-1a21-43c8-9afa-aa3772441629",
            "kms_key_arn": "",
            "last_modified": "2025-06-22T00:22:39Z",
            "last_processing_result": "",
            "maximum_batching_window_in_seconds": 0,
            "maximum_record_age_in_seconds": 0,
            "maximum_retry_attempts": 0,
            "metrics_config": [],
            "parallelization_factor": 0,
            "provisioned_poller_config": [],
            "queues": null,
            "region": "us-east-1",
            "scaling_config": [],
            "self_managed_event_source": [],
            "self_managed_kafka_event_source_config": [],
            "source_access_configuration": [],
            "starting_position": "",
            "starting_position_timestamp": "",
            "state": "Enabled",
            "state_transition_reason": "USER_INITIATED",
            "tags": null,
            "tags_all": {},
            "topics": null,
            "tumbling_window_in_seconds": 0,
            "uuid": "02054627-1a21-43c8-9afa-aa3772441629"
          },
          "sensitive_attributes": [],
          "identity_schema_version": 0,
          "private": "bnVsbA==",
          "dependencies": [
            "aws_apigatewayv2_api.websocket_api",
            "module.events_queue.aws_sqs_queue.dead_letter_fifo_queue",
            "module.events_queue.aws_sqs_queue.fifo_queue",
            "module.notificacoes_lambda.aws_iam_role.lambda_role",
            "module.notificacoes_lambda.aws_iam_role_policy_attachment.lambda_custom_policy",
            "module.notificacoes_lambda.aws_iam_role_policy_attachment.policy_cloudwatch",
            "module.notificacoes_lambda.aws_lambda_function.lambda",
            "module.notificacoes_lambda.aws_lambda_function_event_invoke_config.retry",
            "module.notificacoes_lambda.data.aws_caller_identity.current",
            "module.notificacoes_lambda.data.aws_iam_policy_document.policy_doc",
            "module.notificacoes_lambda.module.repo_ecr_lambda.aws_ecr_lifecycle_policy.delete",
            "module.notificacoes_lambda.module.repo_ecr_lambda.aws_ecr_repository.this",
            "module.notificacoes_lambda.module.repo_ecr_lambda.data.aws_caller_identity.current",
            "module.notificacoes_lambda.module.repo_ecr_lambda.null_resource.run_script",
            "module.notificacoes_lambda.null_resource.run_script",
            "module.notificacoes_lambda.null_resource.update",
            "module.notifications_general_topic.aws_sns_topic.this",
            "module.notifications_premium_topic.aws_sns_topic.this",
            "module.notifications_regional_topic.aws_sns_topic.this",
            "module.notifications_table.aws_dynamodb_table.this",
            "module.users_table.aws_dynamodb_table.this",
            "module.websocket_connections_table.aws_dynamodb_table.this",
            "module.websocket_lambda.aws_iam_role.lambda_role",
            "module.websocket_lambda.aws_lambda_function.lambda",
            "module.websocket_lambda.data.aws_caller_identity.current",
            "module.websocket_lambda.data.aws_iam_policy_document.policy_doc",
            "module.websocket_lambda.module.repo_ecr_lambda.aws_ecr_repository.this",
            "module.websocket_lambda.null_resource.run_script"
          ]
        }
      ]
    },
    {
      "mode": "managed",
      "type": "aws_lambda_event_source_mapping",
      "name": "smart_routing_sqs_trigger",
      "provider": "provider[\"registry.terraform.io/hashicorp/aws\"]",
      "instances": [
        {
          "schema_version": 0,
          "attributes": {
            "amazon_managed_kafka_event_source_config": [],
            "arn": "arn:aws:lambda:us-east-1:176343551411:event-source-mapping:7aaa2085-4355-4b65-bd5c-25164e79cf80",
            "batch_size": 5,
            "bisect_batch_on_function_error": false,
            "destination_config": [],
            "document_db_event_source_config": [],
            "enabled": true,
            "event_source_arn": "arn:aws:sqs:us-east-1:176343551411:dev-logistics-events-fifo-queue.fifo",
            "filter_criteria": [],
            "function_arn": "arn:aws:lambda:us-east-1:176343551411:function:dev_logistics_smart-routing",
            "function_name": "arn:aws:lambda:us-east-1:176343551411:function:dev_logistics_smart-routing",
            "function_response_types": null,
            "id": "7aaa2085-4355-4b65-bd5c-25164e79cf80",
            "kms_key_arn": "",
            "last_modified": "2025-06-22T00:22:54Z",
            "last_processing_result": "",
            "maximum_batching_window_in_seconds": 0,
            "maximum_record_age_in_seconds": 0,
            "maximum_retry_attempts": 0,
            "metrics_config": [],
            "parallelization_factor": 0,
            "provisioned_poller_config": [],
            "queues": null,
            "region": "us-east-1",
            "scaling_config": [],
            "self_managed_event_source": [],
            "self_managed_kafka_event_source_config": [],
            "source_access_configuration": [],
            "starting_position": "",
            "starting_position_timestamp": "",
            "state": "Enabled",
            "state_transition_reason": "USER_INITIATED",
            "tags": null,
            "tags_all": {},
            "topics": null,
            "tumbling_window_in_seconds": 0,
            "uuid": "7aaa2085-4355-4b65-bd5c-25164e79cf80"
          },
          "sensitive_attributes": [],
          "identity_schema_version": 0,
          "private": "bnVsbA==",
          "dependencies": [
            "aws_apigatewayv2_api.websocket_api",
            "module.events_queue.aws_sqs_queue.dead_letter_fifo_queue",
            "module.events_queue.aws_sqs_queue.fifo_queue",
            "module.notificacoes_lambda.aws_iam_role.lambda_role",
            "module.notificacoes_lambda.aws_lambda_function.lambda",
            "module.notificacoes_lambda.data.aws_caller_identity.current",
            "module.notificacoes_lambda.data.aws_iam_policy_document.policy_doc",
            "module.notificacoes_lambda.module.repo_ecr_lambda.aws_ecr_repository.this",
            "module.notificacoes_lambda.null_resource.run_script",
            "module.notifications_general_topic.aws_sns_topic.this",
            "module.notifications_premium_topic.aws_sns_topic.this",
            "module.notifications_regional_topic.aws_sns_topic.this",
            "module.notifications_table.aws_dynamodb_table.this",
            "module.pedido_ofertas_table.aws_dynamodb_table.this",
            "module.pedidos_table.aws_dynamodb_table.this",
            "module.smart_routing_lambda.aws_iam_role.lambda_role",
            "module.smart_routing_lambda.aws_iam_role_policy_attachment.lambda_custom_policy",
            "module.smart_routing_lambda.aws_iam_role_policy_attachment.policy_cloudwatch",
            "module.smart_routing_lambda.aws_lambda_function.lambda",
            "module.smart_routing_lambda.aws_lambda_function_event_invoke_config.retry",
            "module.smart_routing_lambda.data.aws_caller_identity.current",
            "module.smart_routing_lambda.data.aws_iam_policy_document.policy_doc",
            "module.smart_routing_lambda.module.repo_ecr_lambda.aws_ecr_lifecycle_policy.delete",
            "module.smart_routing_lambda.module.repo_ecr_lambda.aws_ecr_repository.this",
            "module.smart_routing_lambda.module.repo_ecr_lambda.data.aws_caller_identity.current",
            "module.smart_routing_lambda.module.repo_ecr_lambda.null_resource.run_script",
            "module.smart_routing_lambda.null_resource.run_script",
            "module.smart_routing_lambda.null_resource.update",
            "module.users_table.aws_dynamodb_table.this",
            "module.websocket_connections_table.aws_dynamodb_table.this",
            "module.websocket_lambda.aws_iam_role.lambda_role",
            "module.websocket_lambda.aws_lambda_function.lambda",
            "module.websocket_lambda.data.aws_caller_identity.current",
            "module.websocket_lambda.data.aws_iam_policy_document.policy_doc",
            "module.websocket_lambda.module.repo_ecr_lambda.aws_ecr_repository.this",
            "module.websocket_lambda.null_resource.run_script"
          ]
        }
      ]
    },
    {
      "mode": "managed",
      "type": "aws_lambda_permission",
      "name": "auth_lambda_permission",
      "provider": "provider[\"registry.terraform.io/hashicorp/aws\"]",
      "instances": [
        {
          "schema_version": 0,
          "attributes": {
            "action": "lambda:InvokeFunction",
            "event_source_token": null,
            "function_name": "dev_logistics_auth",
            "function_url_auth_type": null,
            "id": "AllowExecutionFromAPIGateway",
            "principal": "apigateway.amazonaws.com",
            "principal_org_id": null,
            "qualifier": "",
            "region": "us-east-1",
            "source_account": null,
            "source_arn": "arn:aws:execute-api:us-east-1:176343551411:j0dh1wfnjf/*/*",
            "statement_id": "AllowExecutionFromAPIGateway",
            "statement_id_prefix": ""
          },
          "sensitive_attributes": [],
          "identity_schema_version": 0,
          "private": "bnVsbA==",
          "dependencies": [
            "module.api_gateway.aws_api_gateway_rest_api.rest_api",
            "module.auth_lambda.aws_iam_role.lambda_role",
            "module.auth_lambda.aws_lambda_function.lambda",
            "module.auth_lambda.data.aws_caller_identity.current",
            "module.auth_lambda.data.aws_iam_policy_document.policy_doc",
            "module.auth_lambda.module.repo_ecr_lambda.aws_ecr_repository.this",
            "module.auth_lambda.null_resource.run_script",
            "module.users_table.aws_dynamodb_table.this"
          ]
        }
      ]
    },
    {
      "mode": "managed",
      "type": "aws_lambda_permission",
      "name": "notificacoes_lambda_permission",
      "provider": "provider[\"registry.terraform.io/hashicorp/aws\"]",
      "instances": [
        {
          "schema_version": 0,
          "attributes": {
            "action": "lambda:InvokeFunction",
            "event_source_token": null,
            "function_name": "dev_logistics_notificacoes",
            "function_url_auth_type": null,
            "id": "AllowExecutionFromAPIGateway",
            "principal": "apigateway.amazonaws.com",
            "principal_org_id": null,
            "qualifier": "",
            "region": "us-east-1",
            "source_account": null,
            "source_arn": "arn:aws:execute-api:us-east-1:176343551411:j0dh1wfnjf/*/*",
            "statement_id": "AllowExecutionFromAPIGateway",
            "statement_id_prefix": ""
          },
          "sensitive_attributes": [],
          "identity_schema_version": 0,
          "private": "bnVsbA==",
          "dependencies": [
            "aws_apigatewayv2_api.websocket_api",
            "module.api_gateway.aws_api_gateway_rest_api.rest_api",
            "module.events_queue.aws_sqs_queue.dead_letter_fifo_queue",
            "module.events_queue.aws_sqs_queue.fifo_queue",
            "module.notificacoes_lambda.aws_iam_role.lambda_role",
            "module.notificacoes_lambda.aws_lambda_function.lambda",
            "module.notificacoes_lambda.data.aws_caller_identity.current",
            "module.notificacoes_lambda.data.aws_iam_policy_document.policy_doc",
            "module.notificacoes_lambda.module.repo_ecr_lambda.aws_ecr_repository.this",
            "module.notificacoes_lambda.null_resource.run_script",
            "module.notifications_general_topic.aws_sns_topic.this",
            "module.notifications_premium_topic.aws_sns_topic.this",
            "module.notifications_regional_topic.aws_sns_topic.this",
            "module.notifications_table.aws_dynamodb_table.this",
            "module.users_table.aws_dynamodb_table.this",
            "module.websocket_connections_table.aws_dynamodb_table.this",
            "module.websocket_lambda.aws_iam_role.lambda_role",
            "module.websocket_lambda.aws_lambda_function.lambda",
            "module.websocket_lambda.data.aws_caller_identity.current",
            "module.websocket_lambda.data.aws_iam_policy_document.policy_doc",
            "module.websocket_lambda.module.repo_ecr_lambda.aws_ecr_repository.this",
            "module.websocket_lambda.null_resource.run_script"
          ]
        }
      ]
    },
    {
      "mode": "managed",
      "type": "aws_lambda_permission",
      "name": "pedidos_lambda_permission",
      "provider": "provider[\"registry.terraform.io/hashicorp/aws\"]",
      "instances": [
        {
          "schema_version": 0,
          "attributes": {
            "action": "lambda:InvokeFunction",
            "event_source_token": null,
            "function_name": "dev_logistics_pedidos",
            "function_url_auth_type": null,
            "id": "AllowExecutionFromAPIGateway",
            "principal": "apigateway.amazonaws.com",
            "principal_org_id": null,
            "qualifier": "",
            "region": "us-east-1",
            "source_account": null,
            "source_arn": "arn:aws:execute-api:us-east-1:176343551411:j0dh1wfnjf/*/*",
            "statement_id": "AllowExecutionFromAPIGateway",
            "statement_id_prefix": ""
          },
          "sensitive_attributes": [],
          "identity_schema_version": 0,
          "private": "bnVsbA==",
          "dependencies": [
            "module.api_gateway.aws_api_gateway_rest_api.rest_api",
            "module.events_queue.aws_sqs_queue.dead_letter_fifo_queue",
            "module.events_queue.aws_sqs_queue.fifo_queue",
            "module.pedidos_lambda.aws_iam_role.lambda_role",
            "module.pedidos_lambda.aws_lambda_function.lambda",
            "module.pedidos_lambda.data.aws_caller_identity.current",
            "module.pedidos_lambda.data.aws_iam_policy_document.policy_doc",
            "module.pedidos_lambda.module.repo_ecr_lambda.aws_ecr_repository.this",
            "module.pedidos_lambda.null_resource.run_script",
            "module.pedidos_table.aws_dynamodb_table.this"
          ]
        }
      ]
    },
    {
      "mode": "managed",
      "type": "aws_lambda_permission",
      "name": "rastreamento_lambda_permission",
      "provider": "provider[\"registry.terraform.io/hashicorp/aws\"]",
      "instances": [
        {
          "schema_version": 0,
          "attributes": {
            "action": "lambda:InvokeFunction",
            "event_source_token": null,
            "function_name": "dev_logistics_rastreamento",
            "function_url_auth_type": null,
            "id": "AllowExecutionFromAPIGateway",
            "principal": "apigateway.amazonaws.com",
            "principal_org_id": null,
            "qualifier": "",
            "region": "us-east-1",
            "source_account": null,
            "source_arn": "arn:aws:execute-api:us-east-1:176343551411:j0dh1wfnjf/*/*",
            "statement_id": "AllowExecutionFromAPIGateway",
            "statement_id_prefix": ""
          },
          "sensitive_attributes": [],
          "identity_schema_version": 0,
          "private": "bnVsbA==",
          "dependencies": [
            "module.api_gateway.aws_api_gateway_rest_api.rest_api",
            "module.events_queue.aws_sqs_queue.dead_letter_fifo_queue",
            "module.events_queue.aws_sqs_queue.fifo_queue",
            "module.locations_table.aws_dynamodb_table.this",
            "module.pedidos_table.aws_dynamodb_table.this",
            "module.rastreamento_lambda.aws_iam_role.lambda_role",
            "module.rastreamento_lambda.aws_lambda_function.lambda",
            "module.rastreamento_lambda.data.aws_caller_identity.current",
            "module.rastreamento_lambda.data.aws_iam_policy_document.policy_doc",
            "module.rastreamento_lambda.module.repo_ecr_lambda.aws_ecr_repository.this",
            "module.rastreamento_lambda.null_resource.run_script"
          ]
        }
      ]
    },
    {
      "mode": "managed",
      "type": "aws_lambda_permission",
      "name": "smart_routing_lambda_permission",
      "provider": "provider[\"registry.terraform.io/hashicorp/aws\"]",
      "instances": [
        {
          "schema_version": 0,
          "attributes": {
            "action": "lambda:InvokeFunction",
            "event_source_token": null,
            "function_name": "dev_logistics_smart-routing",
            "function_url_auth_type": null,
            "id": "AllowExecutionFromAPIGateway",
            "principal": "apigateway.amazonaws.com",
            "principal_org_id": null,
            "qualifier": "",
            "region": "us-east-1",
            "source_account": null,
            "source_arn": "arn:aws:execute-api:us-east-1:176343551411:j0dh1wfnjf/*/*",
            "statement_id": "AllowExecutionFromAPIGateway",
            "statement_id_prefix": ""
          },
          "sensitive_attributes": [],
          "identity_schema_version": 0,
          "private": "bnVsbA==",
          "dependencies": [
            "aws_apigatewayv2_api.websocket_api",
            "module.api_gateway.aws_api_gateway_rest_api.rest_api",
            "module.events_queue.aws_sqs_queue.dead_letter_fifo_queue",
            "module.events_queue.aws_sqs_queue.fifo_queue",
            "module.notificacoes_lambda.aws_iam_role.lambda_role",
            "module.notificacoes_lambda.aws_lambda_function.lambda",
            "module.notificacoes_lambda.data.aws_caller_identity.current",
            "module.notificacoes_lambda.data.aws_iam_policy_document.policy_doc",
            "module.notificacoes_lambda.module.repo_ecr_lambda.aws_ecr_repository.this",
            "module.notificacoes_lambda.null_resource.run_script",
            "module.notifications_general_topic.aws_sns_topic.this",
            "module.notifications_premium_topic.aws_sns_topic.this",
            "module.notifications_regional_topic.aws_sns_topic.this",
            "module.notifications_table.aws_dynamodb_table.this",
            "module.pedido_ofertas_table.aws_dynamodb_table.this",
            "module.pedidos_table.aws_dynamodb_table.this",
            "module.smart_routing_lambda.aws_iam_role.lambda_role",
            "module.smart_routing_lambda.aws_lambda_function.lambda",
            "module.smart_routing_lambda.data.aws_caller_identity.current",
            "module.smart_routing_lambda.data.aws_iam_policy_document.policy_doc",
            "module.smart_routing_lambda.module.repo_ecr_lambda.aws_ecr_repository.this",
            "module.smart_routing_lambda.null_resource.run_script",
            "module.users_table.aws_dynamodb_table.this",
            "module.websocket_connections_table.aws_dynamodb_table.this",
            "module.websocket_lambda.aws_iam_role.lambda_role",
            "module.websocket_lambda.aws_lambda_function.lambda",
            "module.websocket_lambda.data.aws_caller_identity.current",
            "module.websocket_lambda.data.aws_iam_policy_document.policy_doc",
            "module.websocket_lambda.module.repo_ecr_lambda.aws_ecr_repository.this",
            "module.websocket_lambda.null_resource.run_script"
          ]
        }
      ]
    },
    {
      "mode": "managed",
      "type": "aws_lambda_permission",
      "name": "usuarios_lambda_permission",
      "provider": "provider[\"registry.terraform.io/hashicorp/aws\"]",
      "instances": [
        {
          "schema_version": 0,
          "attributes": {
            "action": "lambda:InvokeFunction",
            "event_source_token": null,
            "function_name": "dev_logistics_usuarios",
            "function_url_auth_type": null,
            "id": "AllowExecutionFromAPIGateway",
            "principal": "apigateway.amazonaws.com",
            "principal_org_id": null,
            "qualifier": "",
            "region": "us-east-1",
            "source_account": null,
            "source_arn": "arn:aws:execute-api:us-east-1:176343551411:j0dh1wfnjf/*/*",
            "statement_id": "AllowExecutionFromAPIGateway",
            "statement_id_prefix": ""
          },
          "sensitive_attributes": [],
          "identity_schema_version": 0,
          "private": "bnVsbA==",
          "dependencies": [
            "module.api_gateway.aws_api_gateway_rest_api.rest_api",
            "module.users_table.aws_dynamodb_table.this",
            "module.usuarios_lambda.aws_iam_role.lambda_role",
            "module.usuarios_lambda.aws_lambda_function.lambda",
            "module.usuarios_lambda.data.aws_caller_identity.current",
            "module.usuarios_lambda.data.aws_iam_policy_document.policy_doc",
            "module.usuarios_lambda.module.repo_ecr_lambda.aws_ecr_repository.this",
            "module.usuarios_lambda.null_resource.run_script"
          ]
        }
      ]
    },
    {
      "mode": "managed",
      "type": "aws_lambda_permission",
      "name": "websocket_lambda_permission",
      "provider": "provider[\"registry.terraform.io/hashicorp/aws\"]",
      "instances": [
        {
          "schema_version": 0,
          "attributes": {
            "action": "lambda:InvokeFunction",
            "event_source_token": null,
            "function_name": "dev_logistics_websocket",
            "function_url_auth_type": null,
            "id": "AllowExecutionFromAPIGateway",
            "principal": "apigateway.amazonaws.com",
            "principal_org_id": null,
            "qualifier": "",
            "region": "us-east-1",
            "source_account": null,
            "source_arn": "arn:aws:execute-api:us-east-1:176343551411:zdrx3nubek/*/*",
            "statement_id": "AllowExecutionFromAPIGateway",
            "statement_id_prefix": ""
          },
          "sensitive_attributes": [],
          "identity_schema_version": 0,
          "private": "bnVsbA==",
          "dependencies": [
            "aws_apigatewayv2_api.websocket_api",
            "module.websocket_connections_table.aws_dynamodb_table.this",
            "module.websocket_lambda.aws_iam_role.lambda_role",
            "module.websocket_lambda.aws_lambda_function.lambda",
            "module.websocket_lambda.data.aws_caller_identity.current",
            "module.websocket_lambda.data.aws_iam_policy_document.policy_doc",
            "module.websocket_lambda.module.repo_ecr_lambda.aws_ecr_repository.this",
            "module.websocket_lambda.null_resource.run_script"
          ]
        }
      ]
    },
    {
      "module": "module.api_gateway",
      "mode": "managed",
      "type": "aws_api_gateway_deployment",
      "name": "rest_deployment",
      "provider": "provider[\"registry.terraform.io/hashicorp/aws\"]",
      "instances": [
        {
          "index_key": 0,
          "schema_version": 0,
          "attributes": {
            "created_date": "2025-06-22T00:22:37Z",
            "description": "",
            "id": "w314pk",
            "region": "us-east-1",
            "rest_api_id": "j0dh1wfnjf",
            "triggers": {
              "redeployment": "7303fda10e1c6fc74e7f91c169700fe86b47e51b"
            },
            "variables": null
          },
          "sensitive_attributes": [],
          "identity_schema_version": 0,
          "private": "bnVsbA==",
          "dependencies": [
            "aws_apigatewayv2_api.websocket_api",
            "module.api_gateway.aws_api_gateway_authorizer.cognito_authorizer",
            "module.api_gateway.aws_api_gateway_integration.rest_endpoint_integrations",
            "module.api_gateway.aws_api_gateway_integration_response.rest_endpoint_integration_responses",
            "module.api_gateway.aws_api_gateway_method.rest_endpoint_methods",
            "module.api_gateway.aws_api_gateway_method_response.rest_endpoint_method_responses",
            "module.api_gateway.aws_api_gateway_resource.base_resources",
            "module.api_gateway.aws_api_gateway_resource.main_resource",
            "module.api_gateway.aws_api_gateway_resource.variable_resources",
            "module.api_gateway.aws_api_gateway_rest_api.rest_api",
            "module.auth_lambda.aws_iam_role.lambda_role",
            "module.auth_lambda.aws_lambda_function.lambda",
            "module.auth_lambda.data.aws_caller_identity.current",
            "module.auth_lambda.data.aws_iam_policy_document.policy_doc",
            "module.auth_lambda.module.repo_ecr_lambda.aws_ecr_repository.this",
            "module.auth_lambda.null_resource.run_script",
            "module.events_queue.aws_sqs_queue.dead_letter_fifo_queue",
            "module.events_queue.aws_sqs_queue.fifo_queue",
            "module.locations_table.aws_dynamodb_table.this",
            "module.notificacoes_lambda.aws_iam_role.lambda_role",
            "module.notificacoes_lambda.aws_lambda_function.lambda",
            "module.notificacoes_lambda.data.aws_caller_identity.current",
            "module.notificacoes_lambda.data.aws_iam_policy_document.policy_doc",
            "module.notificacoes_lambda.module.repo_ecr_lambda.aws_ecr_repository.this",
            "module.notificacoes_lambda.null_resource.run_script",
            "module.notifications_general_topic.aws_sns_topic.this",
            "module.notifications_premium_topic.aws_sns_topic.this",
            "module.notifications_regional_topic.aws_sns_topic.this",
            "module.notifications_table.aws_dynamodb_table.this",
            "module.pedido_ofertas_table.aws_dynamodb_table.this",
            "module.pedidos_lambda.aws_iam_role.lambda_role",
            "module.pedidos_lambda.aws_lambda_function.lambda",
            "module.pedidos_lambda.data.aws_caller_identity.current",
            "module.pedidos_lambda.data.aws_iam_policy_document.policy_doc",
            "module.pedidos_lambda.module.repo_ecr_lambda.aws_ecr_repository.this",
            "module.pedidos_lambda.null_resource.run_script",
            "module.pedidos_table.aws_dynamodb_table.this",
            "module.rastreamento_lambda.aws_iam_role.lambda_role",
            "module.rastreamento_lambda.aws_lambda_function.lambda",
            "module.rastreamento_lambda.data.aws_caller_identity.current",
            "module.rastreamento_lambda.data.aws_iam_policy_document.policy_doc",
            "module.rastreamento_lambda.module.repo_ecr_lambda.aws_ecr_repository.this",
            "module.rastreamento_lambda.null_resource.run_script",
            "module.smart_routing_lambda.aws_iam_role.lambda_role",
            "module.smart_routing_lambda.aws_lambda_function.lambda",
            "module.smart_routing_lambda.data.aws_caller_identity.current",
            "module.smart_routing_lambda.data.aws_iam_policy_document.policy_doc",
            "module.smart_routing_lambda.module.repo_ecr_lambda.aws_ecr_repository.this",
            "module.smart_routing_lambda.null_resource.run_script",
            "module.users_table.aws_dynamodb_table.this",
            "module.usuarios_lambda.aws_iam_role.lambda_role",
            "module.usuarios_lambda.aws_lambda_function.lambda",
            "module.usuarios_lambda.data.aws_caller_identity.current",
            "module.usuarios_lambda.data.aws_iam_policy_document.policy_doc",
            "module.usuarios_lambda.module.repo_ecr_lambda.aws_ecr_repository.this",
            "module.usuarios_lambda.null_resource.run_script",
            "module.websocket_connections_table.aws_dynamodb_table.this",
            "module.websocket_lambda.aws_iam_role.lambda_role",
            "module.websocket_lambda.aws_lambda_function.lambda",
            "module.websocket_lambda.data.aws_caller_identity.current",
            "module.websocket_lambda.data.aws_iam_policy_document.policy_doc",
            "module.websocket_lambda.module.repo_ecr_lambda.aws_ecr_repository.this",
            "module.websocket_lambda.null_resource.run_script"
          ],
          "create_before_destroy": true
        }
      ]
    },
    {
      "module": "module.api_gateway",
      "mode": "managed",
      "type": "aws_api_gateway_integration",
      "name": "rest_endpoint_integrations",
      "provider": "provider[\"registry.terraform.io/hashicorp/aws\"]",
      "instances": [
        {
          "index_key": "0",
          "schema_version": 0,
          "attributes": {
            "cache_key_parameters": null,
            "cache_namespace": "3t93n1",
            "connection_id": "",
            "connection_type": "INTERNET",
            "content_handling": "",
            "credentials": "",
            "http_method": "POST",
            "id": "agi-j0dh1wfnjf-3t93n1-POST",
            "integration_http_method": "POST",
            "passthrough_behavior": "WHEN_NO_TEMPLATES",
            "region": "us-east-1",
            "request_parameters": null,
            "request_templates": null,
            "resource_id": "3t93n1",
            "rest_api_id": "j0dh1wfnjf",
            "timeout_milliseconds": 29000,
            "tls_config": [],
            "type": "AWS_PROXY",
            "uri": "arn:aws:apigateway:us-east-1:lambda:path/2015-03-31/functions/arn:aws:lambda:us-east-1:176343551411:function:dev_logistics_auth/invocations"
          },
          "sensitive_attributes": [],
          "identity_schema_version": 0,
          "private": "bnVsbA==",
          "dependencies": [
            "aws_apigatewayv2_api.websocket_api",
            "module.api_gateway.aws_api_gateway_authorizer.cognito_authorizer",
            "module.api_gateway.aws_api_gateway_method.rest_endpoint_methods",
            "module.api_gateway.aws_api_gateway_resource.base_resources",
            "module.api_gateway.aws_api_gateway_resource.main_resource",
            "module.api_gateway.aws_api_gateway_resource.variable_resources",
            "module.api_gateway.aws_api_gateway_rest_api.rest_api",
            "module.auth_lambda.aws_iam_role.lambda_role",
            "module.auth_lambda.aws_lambda_function.lambda",
            "module.auth_lambda.data.aws_caller_identity.current",
            "module.auth_lambda.data.aws_iam_policy_document.policy_doc",
            "module.auth_lambda.module.repo_ecr_lambda.aws_ecr_repository.this",
            "module.auth_lambda.null_resource.run_script",
            "module.events_queue.aws_sqs_queue.dead_letter_fifo_queue",
            "module.events_queue.aws_sqs_queue.fifo_queue",
            "module.locations_table.aws_dynamodb_table.this",
            "module.notificacoes_lambda.aws_iam_role.lambda_role",
            "module.notificacoes_lambda.aws_lambda_function.lambda",
            "module.notificacoes_lambda.data.aws_caller_identity.current",
            "module.notificacoes_lambda.data.aws_iam_policy_document.policy_doc",
            "module.notificacoes_lambda.module.repo_ecr_lambda.aws_ecr_repository.this",
            "module.notificacoes_lambda.null_resource.run_script",
            "module.notifications_general_topic.aws_sns_topic.this",
            "module.notifications_premium_topic.aws_sns_topic.this",
            "module.notifications_regional_topic.aws_sns_topic.this",
            "module.notifications_table.aws_dynamodb_table.this",
            "module.pedido_ofertas_table.aws_dynamodb_table.this",
            "module.pedidos_lambda.aws_iam_role.lambda_role",
            "module.pedidos_lambda.aws_lambda_function.lambda",
            "module.pedidos_lambda.data.aws_caller_identity.current",
            "module.pedidos_lambda.data.aws_iam_policy_document.policy_doc",
            "module.pedidos_lambda.module.repo_ecr_lambda.aws_ecr_repository.this",
            "module.pedidos_lambda.null_resource.run_script",
            "module.pedidos_table.aws_dynamodb_table.this",
            "module.rastreamento_lambda.aws_iam_role.lambda_role",
            "module.rastreamento_lambda.aws_lambda_function.lambda",
            "module.rastreamento_lambda.data.aws_caller_identity.current",
            "module.rastreamento_lambda.data.aws_iam_policy_document.policy_doc",
            "module.rastreamento_lambda.module.repo_ecr_lambda.aws_ecr_repository.this",
            "module.rastreamento_lambda.null_resource.run_script",
            "module.smart_routing_lambda.aws_iam_role.lambda_role",
            "module.smart_routing_lambda.aws_lambda_function.lambda",
            "module.smart_routing_lambda.data.aws_caller_identity.current",
            "module.smart_routing_lambda.data.aws_iam_policy_document.policy_doc",
            "module.smart_routing_lambda.module.repo_ecr_lambda.aws_ecr_repository.this",
            "module.smart_routing_lambda.null_resource.run_script",
            "module.users_table.aws_dynamodb_table.this",
            "module.usuarios_lambda.aws_iam_role.lambda_role",
            "module.usuarios_lambda.aws_lambda_function.lambda",
            "module.usuarios_lambda.data.aws_caller_identity.current",
            "module.usuarios_lambda.data.aws_iam_policy_document.policy_doc",
            "module.usuarios_lambda.module.repo_ecr_lambda.aws_ecr_repository.this",
            "module.usuarios_lambda.null_resource.run_script",
            "module.websocket_connections_table.aws_dynamodb_table.this",
            "module.websocket_lambda.aws_iam_role.lambda_role",
            "module.websocket_lambda.aws_lambda_function.lambda",
            "module.websocket_lambda.data.aws_caller_identity.current",
            "module.websocket_lambda.data.aws_iam_policy_document.policy_doc",
            "module.websocket_lambda.module.repo_ecr_lambda.aws_ecr_repository.this",
            "module.websocket_lambda.null_resource.run_script"
          ],
          "create_before_destroy": true
        },
        {
          "index_key": "1",
          "schema_version": 0,
          "attributes": {
            "cache_key_parameters": null,
            "cache_namespace": "7nqzah",
            "connection_id": "",
            "connection_type": "INTERNET",
            "content_handling": "",
            "credentials": "",
            "http_method": "POST",
            "id": "agi-j0dh1wfnjf-7nqzah-POST",
            "integration_http_method": "POST",
            "passthrough_behavior": "WHEN_NO_TEMPLATES",
            "region": "us-east-1",
            "request_parameters": null,
            "request_templates": null,
            "resource_id": "7nqzah",
            "rest_api_id": "j0dh1wfnjf",
            "timeout_milliseconds": 29000,
            "tls_config": [],
            "type": "AWS_PROXY",
            "uri": "arn:aws:apigateway:us-east-1:lambda:path/2015-03-31/functions/arn:aws:lambda:us-east-1:176343551411:function:dev_logistics_usuarios/invocations"
          },
          "sensitive_attributes": [],
          "identity_schema_version": 0,
          "private": "bnVsbA==",
          "dependencies": [
            "aws_apigatewayv2_api.websocket_api",
            "module.api_gateway.aws_api_gateway_authorizer.cognito_authorizer",
            "module.api_gateway.aws_api_gateway_method.rest_endpoint_methods",
            "module.api_gateway.aws_api_gateway_resource.base_resources",
            "module.api_gateway.aws_api_gateway_resource.main_resource",
            "module.api_gateway.aws_api_gateway_resource.variable_resources",
            "module.api_gateway.aws_api_gateway_rest_api.rest_api",
            "module.auth_lambda.aws_iam_role.lambda_role",
            "module.auth_lambda.aws_lambda_function.lambda",
            "module.auth_lambda.data.aws_caller_identity.current",
            "module.auth_lambda.data.aws_iam_policy_document.policy_doc",
            "module.auth_lambda.module.repo_ecr_lambda.aws_ecr_repository.this",
            "module.auth_lambda.null_resource.run_script",
            "module.events_queue.aws_sqs_queue.dead_letter_fifo_queue",
            "module.events_queue.aws_sqs_queue.fifo_queue",
            "module.locations_table.aws_dynamodb_table.this",
            "module.notificacoes_lambda.aws_iam_role.lambda_role",
            "module.notificacoes_lambda.aws_lambda_function.lambda",
            "module.notificacoes_lambda.data.aws_caller_identity.current",
            "module.notificacoes_lambda.data.aws_iam_policy_document.policy_doc",
            "module.notificacoes_lambda.module.repo_ecr_lambda.aws_ecr_repository.this",
            "module.notificacoes_lambda.null_resource.run_script",
            "module.notifications_general_topic.aws_sns_topic.this",
            "module.notifications_premium_topic.aws_sns_topic.this",
            "module.notifications_regional_topic.aws_sns_topic.this",
            "module.notifications_table.aws_dynamodb_table.this",
            "module.pedido_ofertas_table.aws_dynamodb_table.this",
            "module.pedidos_lambda.aws_iam_role.lambda_role",
            "module.pedidos_lambda.aws_lambda_function.lambda",
            "module.pedidos_lambda.data.aws_caller_identity.current",
            "module.pedidos_lambda.data.aws_iam_policy_document.policy_doc",
            "module.pedidos_lambda.module.repo_ecr_lambda.aws_ecr_repository.this",
            "module.pedidos_lambda.null_resource.run_script",
            "module.pedidos_table.aws_dynamodb_table.this",
            "module.rastreamento_lambda.aws_iam_role.lambda_role",
            "module.rastreamento_lambda.aws_lambda_function.lambda",
            "module.rastreamento_lambda.data.aws_caller_identity.current",
            "module.rastreamento_lambda.data.aws_iam_policy_document.policy_doc",
            "module.rastreamento_lambda.module.repo_ecr_lambda.aws_ecr_repository.this",
            "module.rastreamento_lambda.null_resource.run_script",
            "module.smart_routing_lambda.aws_iam_role.lambda_role",
            "module.smart_routing_lambda.aws_lambda_function.lambda",
            "module.smart_routing_lambda.data.aws_caller_identity.current",
            "module.smart_routing_lambda.data.aws_iam_policy_document.policy_doc",
            "module.smart_routing_lambda.module.repo_ecr_lambda.aws_ecr_repository.this",
            "module.smart_routing_lambda.null_resource.run_script",
            "module.users_table.aws_dynamodb_table.this",
            "module.usuarios_lambda.aws_iam_role.lambda_role",
            "module.usuarios_lambda.aws_lambda_function.lambda",
            "module.usuarios_lambda.data.aws_caller_identity.current",
            "module.usuarios_lambda.data.aws_iam_policy_document.policy_doc",
            "module.usuarios_lambda.module.repo_ecr_lambda.aws_ecr_repository.this",
            "module.usuarios_lambda.null_resource.run_script",
            "module.websocket_connections_table.aws_dynamodb_table.this",
            "module.websocket_lambda.aws_iam_role.lambda_role",
            "module.websocket_lambda.aws_lambda_function.lambda",
            "module.websocket_lambda.data.aws_caller_identity.current",
            "module.websocket_lambda.data.aws_iam_policy_document.policy_doc",
            "module.websocket_lambda.module.repo_ecr_lambda.aws_ecr_repository.this",
            "module.websocket_lambda.null_resource.run_script"
          ],
          "create_before_destroy": true
        },
        {
          "index_key": "10",
          "schema_version": 0,
          "attributes": {
            "cache_key_parameters": null,
            "cache_namespace": "zorlbk",
            "connection_id": "",
            "connection_type": "INTERNET",
            "content_handling": "",
            "credentials": "",
            "http_method": "POST",
            "id": "agi-j0dh1wfnjf-zorlbk-POST",
            "integration_http_method": "POST",
            "passthrough_behavior": "WHEN_NO_TEMPLATES",
            "region": "us-east-1",
            "request_parameters": null,
            "request_templates": null,
            "resource_id": "zorlbk",
            "rest_api_id": "j0dh1wfnjf",
            "timeout_milliseconds": 29000,
            "tls_config": [],
            "type": "AWS_PROXY",
            "uri": "arn:aws:apigateway:us-east-1:lambda:path/2015-03-31/functions/arn:aws:lambda:us-east-1:176343551411:function:dev_logistics_notificacoes/invocations"
          },
          "sensitive_attributes": [],
          "identity_schema_version": 0,
          "private": "bnVsbA==",
          "dependencies": [
            "aws_apigatewayv2_api.websocket_api",
            "module.api_gateway.aws_api_gateway_authorizer.cognito_authorizer",
            "module.api_gateway.aws_api_gateway_method.rest_endpoint_methods",
            "module.api_gateway.aws_api_gateway_resource.base_resources",
            "module.api_gateway.aws_api_gateway_resource.main_resource",
            "module.api_gateway.aws_api_gateway_resource.variable_resources",
            "module.api_gateway.aws_api_gateway_rest_api.rest_api",
            "module.auth_lambda.aws_iam_role.lambda_role",
            "module.auth_lambda.aws_lambda_function.lambda",
            "module.auth_lambda.data.aws_caller_identity.current",
            "module.auth_lambda.data.aws_iam_policy_document.policy_doc",
            "module.auth_lambda.module.repo_ecr_lambda.aws_ecr_repository.this",
            "module.auth_lambda.null_resource.run_script",
            "module.events_queue.aws_sqs_queue.dead_letter_fifo_queue",
            "module.events_queue.aws_sqs_queue.fifo_queue",
            "module.locations_table.aws_dynamodb_table.this",
            "module.notificacoes_lambda.aws_iam_role.lambda_role",
            "module.notificacoes_lambda.aws_lambda_function.lambda",
            "module.notificacoes_lambda.data.aws_caller_identity.current",
            "module.notificacoes_lambda.data.aws_iam_policy_document.policy_doc",
            "module.notificacoes_lambda.module.repo_ecr_lambda.aws_ecr_repository.this",
            "module.notificacoes_lambda.null_resource.run_script",
            "module.notifications_general_topic.aws_sns_topic.this",
            "module.notifications_premium_topic.aws_sns_topic.this",
            "module.notifications_regional_topic.aws_sns_topic.this",
            "module.notifications_table.aws_dynamodb_table.this",
            "module.pedido_ofertas_table.aws_dynamodb_table.this",
            "module.pedidos_lambda.aws_iam_role.lambda_role",
            "module.pedidos_lambda.aws_lambda_function.lambda",
            "module.pedidos_lambda.data.aws_caller_identity.current",
            "module.pedidos_lambda.data.aws_iam_policy_document.policy_doc",
            "module.pedidos_lambda.module.repo_ecr_lambda.aws_ecr_repository.this",
            "module.pedidos_lambda.null_resource.run_script",
            "module.pedidos_table.aws_dynamodb_table.this",
            "module.rastreamento_lambda.aws_iam_role.lambda_role",
            "module.rastreamento_lambda.aws_lambda_function.lambda",
            "module.rastreamento_lambda.data.aws_caller_identity.current",
            "module.rastreamento_lambda.data.aws_iam_policy_document.policy_doc",
            "module.rastreamento_lambda.module.repo_ecr_lambda.aws_ecr_repository.this",
            "module.rastreamento_lambda.null_resource.run_script",
            "module.smart_routing_lambda.aws_iam_role.lambda_role",
            "module.smart_routing_lambda.aws_lambda_function.lambda",
            "module.smart_routing_lambda.data.aws_caller_identity.current",
            "module.smart_routing_lambda.data.aws_iam_policy_document.policy_doc",
            "module.smart_routing_lambda.module.repo_ecr_lambda.aws_ecr_repository.this",
            "module.smart_routing_lambda.null_resource.run_script",
            "module.users_table.aws_dynamodb_table.this",
            "module.usuarios_lambda.aws_iam_role.lambda_role",
            "module.usuarios_lambda.aws_lambda_function.lambda",
            "module.usuarios_lambda.data.aws_caller_identity.current",
            "module.usuarios_lambda.data.aws_iam_policy_document.policy_doc",
            "module.usuarios_lambda.module.repo_ecr_lambda.aws_ecr_repository.this",
            "module.usuarios_lambda.null_resource.run_script",
            "module.websocket_connections_table.aws_dynamodb_table.this",
            "module.websocket_lambda.aws_iam_role.lambda_role",
            "module.websocket_lambda.aws_lambda_function.lambda",
            "module.websocket_lambda.data.aws_caller_identity.current",
            "module.websocket_lambda.data.aws_iam_policy_document.policy_doc",
            "module.websocket_lambda.module.repo_ecr_lambda.aws_ecr_repository.this",
            "module.websocket_lambda.null_resource.run_script"
          ],
          "create_before_destroy": true
        },
        {
          "index_key": "11",
          "schema_version": 0,
          "attributes": {
            "cache_key_parameters": null,
            "cache_namespace": "f16fno",
            "connection_id": "",
            "connection_type": "INTERNET",
            "content_handling": "",
            "credentials": "",
            "http_method": "GET",
            "id": "agi-j0dh1wfnjf-f16fno-GET",
            "integration_http_method": "POST",
            "passthrough_behavior": "WHEN_NO_TEMPLATES",
            "region": "us-east-1",
            "request_parameters": null,
            "request_templates": null,
            "resource_id": "f16fno",
            "rest_api_id": "j0dh1wfnjf",
            "timeout_milliseconds": 29000,
            "tls_config": [],
            "type": "AWS_PROXY",
            "uri": "arn:aws:apigateway:us-east-1:lambda:path/2015-03-31/functions/arn:aws:lambda:us-east-1:176343551411:function:dev_logistics_notificacoes/invocations"
          },
          "sensitive_attributes": [],
          "identity_schema_version": 0,
          "private": "bnVsbA==",
          "dependencies": [
            "aws_apigatewayv2_api.websocket_api",
            "module.api_gateway.aws_api_gateway_authorizer.cognito_authorizer",
            "module.api_gateway.aws_api_gateway_method.rest_endpoint_methods",
            "module.api_gateway.aws_api_gateway_resource.base_resources",
            "module.api_gateway.aws_api_gateway_resource.main_resource",
            "module.api_gateway.aws_api_gateway_resource.variable_resources",
            "module.api_gateway.aws_api_gateway_rest_api.rest_api",
            "module.auth_lambda.aws_iam_role.lambda_role",
            "module.auth_lambda.aws_lambda_function.lambda",
            "module.auth_lambda.data.aws_caller_identity.current",
            "module.auth_lambda.data.aws_iam_policy_document.policy_doc",
            "module.auth_lambda.module.repo_ecr_lambda.aws_ecr_repository.this",
            "module.auth_lambda.null_resource.run_script",
            "module.events_queue.aws_sqs_queue.dead_letter_fifo_queue",
            "module.events_queue.aws_sqs_queue.fifo_queue",
            "module.locations_table.aws_dynamodb_table.this",
            "module.notificacoes_lambda.aws_iam_role.lambda_role",
            "module.notificacoes_lambda.aws_lambda_function.lambda",
            "module.notificacoes_lambda.data.aws_caller_identity.current",
            "module.notificacoes_lambda.data.aws_iam_policy_document.policy_doc",
            "module.notificacoes_lambda.module.repo_ecr_lambda.aws_ecr_repository.this",
            "module.notificacoes_lambda.null_resource.run_script",
            "module.notifications_general_topic.aws_sns_topic.this",
            "module.notifications_premium_topic.aws_sns_topic.this",
            "module.notifications_regional_topic.aws_sns_topic.this",
            "module.notifications_table.aws_dynamodb_table.this",
            "module.pedido_ofertas_table.aws_dynamodb_table.this",
            "module.pedidos_lambda.aws_iam_role.lambda_role",
            "module.pedidos_lambda.aws_lambda_function.lambda",
            "module.pedidos_lambda.data.aws_caller_identity.current",
            "module.pedidos_lambda.data.aws_iam_policy_document.policy_doc",
            "module.pedidos_lambda.module.repo_ecr_lambda.aws_ecr_repository.this",
            "module.pedidos_lambda.null_resource.run_script",
            "module.pedidos_table.aws_dynamodb_table.this",
            "module.rastreamento_lambda.aws_iam_role.lambda_role",
            "module.rastreamento_lambda.aws_lambda_function.lambda",
            "module.rastreamento_lambda.data.aws_caller_identity.current",
            "module.rastreamento_lambda.data.aws_iam_policy_document.policy_doc",
            "module.rastreamento_lambda.module.repo_ecr_lambda.aws_ecr_repository.this",
            "module.rastreamento_lambda.null_resource.run_script",
            "module.smart_routing_lambda.aws_iam_role.lambda_role",
            "module.smart_routing_lambda.aws_lambda_function.lambda",
            "module.smart_routing_lambda.data.aws_caller_identity.current",
            "module.smart_routing_lambda.data.aws_iam_policy_document.policy_doc",
            "module.smart_routing_lambda.module.repo_ecr_lambda.aws_ecr_repository.this",
            "module.smart_routing_lambda.null_resource.run_script",
            "module.users_table.aws_dynamodb_table.this",
            "module.usuarios_lambda.aws_iam_role.lambda_role",
            "module.usuarios_lambda.aws_lambda_function.lambda",
            "module.usuarios_lambda.data.aws_caller_identity.current",
            "module.usuarios_lambda.data.aws_iam_policy_document.policy_doc",
            "module.usuarios_lambda.module.repo_ecr_lambda.aws_ecr_repository.this",
            "module.usuarios_lambda.null_resource.run_script",
            "module.websocket_connections_table.aws_dynamodb_table.this",
            "module.websocket_lambda.aws_iam_role.lambda_role",
            "module.websocket_lambda.aws_lambda_function.lambda",
            "module.websocket_lambda.data.aws_caller_identity.current",
            "module.websocket_lambda.data.aws_iam_policy_document.policy_doc",
            "module.websocket_lambda.module.repo_ecr_lambda.aws_ecr_repository.this",
            "module.websocket_lambda.null_resource.run_script"
          ],
          "create_before_destroy": true
        },
        {
          "index_key": "12",
          "schema_version": 0,
          "attributes": {
            "cache_key_parameters": null,
            "cache_namespace": "gnorps",
            "connection_id": "",
            "connection_type": "INTERNET",
            "content_handling": "",
            "credentials": "",
            "http_method": "GET",
            "id": "agi-j0dh1wfnjf-gnorps-GET",
            "integration_http_method": "POST",
            "passthrough_behavior": "WHEN_NO_TEMPLATES",
            "region": "us-east-1",
            "request_parameters": null,
            "request_templates": null,
            "resource_id": "gnorps",
            "rest_api_id": "j0dh1wfnjf",
            "timeout_milliseconds": 29000,
            "tls_config": [],
            "type": "AWS_PROXY",
            "uri": "arn:aws:apigateway:us-east-1:lambda:path/2015-03-31/functions/arn:aws:lambda:us-east-1:176343551411:function:dev_logistics_notificacoes/invocations"
          },
          "sensitive_attributes": [],
          "identity_schema_version": 0,
          "private": "bnVsbA==",
          "dependencies": [
            "aws_apigatewayv2_api.websocket_api",
            "module.api_gateway.aws_api_gateway_authorizer.cognito_authorizer",
            "module.api_gateway.aws_api_gateway_method.rest_endpoint_methods",
            "module.api_gateway.aws_api_gateway_resource.base_resources",
            "module.api_gateway.aws_api_gateway_resource.main_resource",
            "module.api_gateway.aws_api_gateway_resource.variable_resources",
            "module.api_gateway.aws_api_gateway_rest_api.rest_api",
            "module.auth_lambda.aws_iam_role.lambda_role",
            "module.auth_lambda.aws_lambda_function.lambda",
            "module.auth_lambda.data.aws_caller_identity.current",
            "module.auth_lambda.data.aws_iam_policy_document.policy_doc",
            "module.auth_lambda.module.repo_ecr_lambda.aws_ecr_repository.this",
            "module.auth_lambda.null_resource.run_script",
            "module.events_queue.aws_sqs_queue.dead_letter_fifo_queue",
            "module.events_queue.aws_sqs_queue.fifo_queue",
            "module.locations_table.aws_dynamodb_table.this",
            "module.notificacoes_lambda.aws_iam_role.lambda_role",
            "module.notificacoes_lambda.aws_lambda_function.lambda",
            "module.notificacoes_lambda.data.aws_caller_identity.current",
            "module.notificacoes_lambda.data.aws_iam_policy_document.policy_doc",
            "module.notificacoes_lambda.module.repo_ecr_lambda.aws_ecr_repository.this",
            "module.notificacoes_lambda.null_resource.run_script",
            "module.notifications_general_topic.aws_sns_topic.this",
            "module.notifications_premium_topic.aws_sns_topic.this",
            "module.notifications_regional_topic.aws_sns_topic.this",
            "module.notifications_table.aws_dynamodb_table.this",
            "module.pedido_ofertas_table.aws_dynamodb_table.this",
            "module.pedidos_lambda.aws_iam_role.lambda_role",
            "module.pedidos_lambda.aws_lambda_function.lambda",
            "module.pedidos_lambda.data.aws_caller_identity.current",
            "module.pedidos_lambda.data.aws_iam_policy_document.policy_doc",
            "module.pedidos_lambda.module.repo_ecr_lambda.aws_ecr_repository.this",
            "module.pedidos_lambda.null_resource.run_script",
            "module.pedidos_table.aws_dynamodb_table.this",
            "module.rastreamento_lambda.aws_iam_role.lambda_role",
            "module.rastreamento_lambda.aws_lambda_function.lambda",
            "module.rastreamento_lambda.data.aws_caller_identity.current",
            "module.rastreamento_lambda.data.aws_iam_policy_document.policy_doc",
            "module.rastreamento_lambda.module.repo_ecr_lambda.aws_ecr_repository.this",
            "module.rastreamento_lambda.null_resource.run_script",
            "module.smart_routing_lambda.aws_iam_role.lambda_role",
            "module.smart_routing_lambda.aws_lambda_function.lambda",
            "module.smart_routing_lambda.data.aws_caller_identity.current",
            "module.smart_routing_lambda.data.aws_iam_policy_document.policy_doc",
            "module.smart_routing_lambda.module.repo_ecr_lambda.aws_ecr_repository.this",
            "module.smart_routing_lambda.null_resource.run_script",
            "module.users_table.aws_dynamodb_table.this",
            "module.usuarios_lambda.aws_iam_role.lambda_role",
            "module.usuarios_lambda.aws_lambda_function.lambda",
            "module.usuarios_lambda.data.aws_caller_identity.current",
            "module.usuarios_lambda.data.aws_iam_policy_document.policy_doc",
            "module.usuarios_lambda.module.repo_ecr_lambda.aws_ecr_repository.this",
            "module.usuarios_lambda.null_resource.run_script",
            "module.websocket_connections_table.aws_dynamodb_table.this",
            "module.websocket_lambda.aws_iam_role.lambda_role",
            "module.websocket_lambda.aws_lambda_function.lambda",
            "module.websocket_lambda.data.aws_caller_identity.current",
            "module.websocket_lambda.data.aws_iam_policy_document.policy_doc",
            "module.websocket_lambda.module.repo_ecr_lambda.aws_ecr_repository.this",
            "module.websocket_lambda.null_resource.run_script"
          ],
          "create_before_destroy": true
        },
        {
          "index_key": "13",
          "schema_version": 0,
          "attributes": {
            "cache_key_parameters": null,
            "cache_namespace": "9rimia",
            "connection_id": "",
            "connection_type": "INTERNET",
            "content_handling": "",
            "credentials": "",
            "http_method": "GET",
            "id": "agi-j0dh1wfnjf-9rimia-GET",
            "integration_http_method": "POST",
            "passthrough_behavior": "WHEN_NO_TEMPLATES",
            "region": "us-east-1",
            "request_parameters": null,
            "request_templates": null,
            "resource_id": "9rimia",
            "rest_api_id": "j0dh1wfnjf",
            "timeout_milliseconds": 29000,
            "tls_config": [],
            "type": "AWS_PROXY",
            "uri": "arn:aws:apigateway:us-east-1:lambda:path/2015-03-31/functions/arn:aws:lambda:us-east-1:176343551411:function:dev_logistics_rastreamento/invocations"
          },
          "sensitive_attributes": [],
          "identity_schema_version": 0,
          "private": "bnVsbA==",
          "dependencies": [
            "aws_apigatewayv2_api.websocket_api",
            "module.api_gateway.aws_api_gateway_authorizer.cognito_authorizer",
            "module.api_gateway.aws_api_gateway_method.rest_endpoint_methods",
            "module.api_gateway.aws_api_gateway_resource.base_resources",
            "module.api_gateway.aws_api_gateway_resource.main_resource",
            "module.api_gateway.aws_api_gateway_resource.variable_resources",
            "module.api_gateway.aws_api_gateway_rest_api.rest_api",
            "module.auth_lambda.aws_iam_role.lambda_role",
            "module.auth_lambda.aws_lambda_function.lambda",
            "module.auth_lambda.data.aws_caller_identity.current",
            "module.auth_lambda.data.aws_iam_policy_document.policy_doc",
            "module.auth_lambda.module.repo_ecr_lambda.aws_ecr_repository.this",
            "module.auth_lambda.null_resource.run_script",
            "module.events_queue.aws_sqs_queue.dead_letter_fifo_queue",
            "module.events_queue.aws_sqs_queue.fifo_queue",
            "module.locations_table.aws_dynamodb_table.this",
            "module.notificacoes_lambda.aws_iam_role.lambda_role",
            "module.notificacoes_lambda.aws_lambda_function.lambda",
            "module.notificacoes_lambda.data.aws_caller_identity.current",
            "module.notificacoes_lambda.data.aws_iam_policy_document.policy_doc",
            "module.notificacoes_lambda.module.repo_ecr_lambda.aws_ecr_repository.this",
            "module.notificacoes_lambda.null_resource.run_script",
            "module.notifications_general_topic.aws_sns_topic.this",
            "module.notifications_premium_topic.aws_sns_topic.this",
            "module.notifications_regional_topic.aws_sns_topic.this",
            "module.notifications_table.aws_dynamodb_table.this",
            "module.pedido_ofertas_table.aws_dynamodb_table.this",
            "module.pedidos_lambda.aws_iam_role.lambda_role",
            "module.pedidos_lambda.aws_lambda_function.lambda",
            "module.pedidos_lambda.data.aws_caller_identity.current",
            "module.pedidos_lambda.data.aws_iam_policy_document.policy_doc",
            "module.pedidos_lambda.module.repo_ecr_lambda.aws_ecr_repository.this",
            "module.pedidos_lambda.null_resource.run_script",
            "module.pedidos_table.aws_dynamodb_table.this",
            "module.rastreamento_lambda.aws_iam_role.lambda_role",
            "module.rastreamento_lambda.aws_lambda_function.lambda",
            "module.rastreamento_lambda.data.aws_caller_identity.current",
            "module.rastreamento_lambda.data.aws_iam_policy_document.policy_doc",
            "module.rastreamento_lambda.module.repo_ecr_lambda.aws_ecr_repository.this",
            "module.rastreamento_lambda.null_resource.run_script",
            "module.smart_routing_lambda.aws_iam_role.lambda_role",
            "module.smart_routing_lambda.aws_lambda_function.lambda",
            "module.smart_routing_lambda.data.aws_caller_identity.current",
            "module.smart_routing_lambda.data.aws_iam_policy_document.policy_doc",
            "module.smart_routing_lambda.module.repo_ecr_lambda.aws_ecr_repository.this",
            "module.smart_routing_lambda.null_resource.run_script",
            "module.users_table.aws_dynamodb_table.this",
            "module.usuarios_lambda.aws_iam_role.lambda_role",
            "module.usuarios_lambda.aws_lambda_function.lambda",
            "module.usuarios_lambda.data.aws_caller_identity.current",
            "module.usuarios_lambda.data.aws_iam_policy_document.policy_doc",
            "module.usuarios_lambda.module.repo_ecr_lambda.aws_ecr_repository.this",
            "module.usuarios_lambda.null_resource.run_script",
            "module.websocket_connections_table.aws_dynamodb_table.this",
            "module.websocket_lambda.aws_iam_role.lambda_role",
            "module.websocket_lambda.aws_lambda_function.lambda",
            "module.websocket_lambda.data.aws_caller_identity.current",
            "module.websocket_lambda.data.aws_iam_policy_document.policy_doc",
            "module.websocket_lambda.module.repo_ecr_lambda.aws_ecr_repository.this",
            "module.websocket_lambda.null_resource.run_script"
          ],
          "create_before_destroy": true
        },
        {
          "index_key": "14",
          "schema_version": 0,
          "attributes": {
            "cache_key_parameters": null,
            "cache_namespace": "mxp0ne",
            "connection_id": "",
            "connection_type": "INTERNET",
            "content_handling": "",
            "credentials": "",
            "http_method": "GET",
            "id": "agi-j0dh1wfnjf-mxp0ne-GET",
            "integration_http_method": "POST",
            "passthrough_behavior": "WHEN_NO_TEMPLATES",
            "region": "us-east-1",
            "request_parameters": null,
            "request_templates": null,
            "resource_id": "mxp0ne",
            "rest_api_id": "j0dh1wfnjf",
            "timeout_milliseconds": 29000,
            "tls_config": [],
            "type": "AWS_PROXY",
            "uri": "arn:aws:apigateway:us-east-1:lambda:path/2015-03-31/functions/arn:aws:lambda:us-east-1:176343551411:function:dev_logistics_rastreamento/invocations"
          },
          "sensitive_attributes": [],
          "identity_schema_version": 0,
          "private": "bnVsbA==",
          "dependencies": [
            "aws_apigatewayv2_api.websocket_api",
            "module.api_gateway.aws_api_gateway_authorizer.cognito_authorizer",
            "module.api_gateway.aws_api_gateway_method.rest_endpoint_methods",
            "module.api_gateway.aws_api_gateway_resource.base_resources",
            "module.api_gateway.aws_api_gateway_resource.main_resource",
            "module.api_gateway.aws_api_gateway_resource.variable_resources",
            "module.api_gateway.aws_api_gateway_rest_api.rest_api",
            "module.auth_lambda.aws_iam_role.lambda_role",
            "module.auth_lambda.aws_lambda_function.lambda",
            "module.auth_lambda.data.aws_caller_identity.current",
            "module.auth_lambda.data.aws_iam_policy_document.policy_doc",
            "module.auth_lambda.module.repo_ecr_lambda.aws_ecr_repository.this",
            "module.auth_lambda.null_resource.run_script",
            "module.events_queue.aws_sqs_queue.dead_letter_fifo_queue",
            "module.events_queue.aws_sqs_queue.fifo_queue",
            "module.locations_table.aws_dynamodb_table.this",
            "module.notificacoes_lambda.aws_iam_role.lambda_role",
            "module.notificacoes_lambda.aws_lambda_function.lambda",
            "module.notificacoes_lambda.data.aws_caller_identity.current",
            "module.notificacoes_lambda.data.aws_iam_policy_document.policy_doc",
            "module.notificacoes_lambda.module.repo_ecr_lambda.aws_ecr_repository.this",
            "module.notificacoes_lambda.null_resource.run_script",
            "module.notifications_general_topic.aws_sns_topic.this",
            "module.notifications_premium_topic.aws_sns_topic.this",
            "module.notifications_regional_topic.aws_sns_topic.this",
            "module.notifications_table.aws_dynamodb_table.this",
            "module.pedido_ofertas_table.aws_dynamodb_table.this",
            "module.pedidos_lambda.aws_iam_role.lambda_role",
            "module.pedidos_lambda.aws_lambda_function.lambda",
            "module.pedidos_lambda.data.aws_caller_identity.current",
            "module.pedidos_lambda.data.aws_iam_policy_document.policy_doc",
            "module.pedidos_lambda.module.repo_ecr_lambda.aws_ecr_repository.this",
            "module.pedidos_lambda.null_resource.run_script",
            "module.pedidos_table.aws_dynamodb_table.this",
            "module.rastreamento_lambda.aws_iam_role.lambda_role",
            "module.rastreamento_lambda.aws_lambda_function.lambda",
            "module.rastreamento_lambda.data.aws_caller_identity.current",
            "module.rastreamento_lambda.data.aws_iam_policy_document.policy_doc",
            "module.rastreamento_lambda.module.repo_ecr_lambda.aws_ecr_repository.this",
            "module.rastreamento_lambda.null_resource.run_script",
            "module.smart_routing_lambda.aws_iam_role.lambda_role",
            "module.smart_routing_lambda.aws_lambda_function.lambda",
            "module.smart_routing_lambda.data.aws_caller_identity.current",
            "module.smart_routing_lambda.data.aws_iam_policy_document.policy_doc",
            "module.smart_routing_lambda.module.repo_ecr_lambda.aws_ecr_repository.this",
            "module.smart_routing_lambda.null_resource.run_script",
            "module.users_table.aws_dynamodb_table.this",
            "module.usuarios_lambda.aws_iam_role.lambda_role",
            "module.usuarios_lambda.aws_lambda_function.lambda",
            "module.usuarios_lambda.data.aws_caller_identity.current",
            "module.usuarios_lambda.data.aws_iam_policy_document.policy_doc",
            "module.usuarios_lambda.module.repo_ecr_lambda.aws_ecr_repository.this",
            "module.usuarios_lambda.null_resource.run_script",
            "module.websocket_connections_table.aws_dynamodb_table.this",
            "module.websocket_lambda.aws_iam_role.lambda_role",
            "module.websocket_lambda.aws_lambda_function.lambda",
            "module.websocket_lambda.data.aws_caller_identity.current",
            "module.websocket_lambda.data.aws_iam_policy_document.policy_doc",
            "module.websocket_lambda.module.repo_ecr_lambda.aws_ecr_repository.this",
            "module.websocket_lambda.null_resource.run_script"
          ],
          "create_before_destroy": true
        },
        {
          "index_key": "15",
          "schema_version": 0,
          "attributes": {
            "cache_key_parameters": null,
            "cache_namespace": "n89qqj",
            "connection_id": "",
            "connection_type": "INTERNET",
            "content_handling": "",
            "credentials": "",
            "http_method": "POST",
            "id": "agi-j0dh1wfnjf-n89qqj-POST",
            "integration_http_method": "POST",
            "passthrough_behavior": "WHEN_NO_TEMPLATES",
            "region": "us-east-1",
            "request_parameters": null,
            "request_templates": null,
            "resource_id": "n89qqj",
            "rest_api_id": "j0dh1wfnjf",
            "timeout_milliseconds": 29000,
            "tls_config": [],
            "type": "AWS_PROXY",
            "uri": "arn:aws:apigateway:us-east-1:lambda:path/2015-03-31/functions/arn:aws:lambda:us-east-1:176343551411:function:dev_logistics_rastreamento/invocations"
          },
          "sensitive_attributes": [],
          "identity_schema_version": 0,
          "private": "bnVsbA==",
          "dependencies": [
            "aws_apigatewayv2_api.websocket_api",
            "module.api_gateway.aws_api_gateway_authorizer.cognito_authorizer",
            "module.api_gateway.aws_api_gateway_method.rest_endpoint_methods",
            "module.api_gateway.aws_api_gateway_resource.base_resources",
            "module.api_gateway.aws_api_gateway_resource.main_resource",
            "module.api_gateway.aws_api_gateway_resource.variable_resources",
            "module.api_gateway.aws_api_gateway_rest_api.rest_api",
            "module.auth_lambda.aws_iam_role.lambda_role",
            "module.auth_lambda.aws_lambda_function.lambda",
            "module.auth_lambda.data.aws_caller_identity.current",
            "module.auth_lambda.data.aws_iam_policy_document.policy_doc",
            "module.auth_lambda.module.repo_ecr_lambda.aws_ecr_repository.this",
            "module.auth_lambda.null_resource.run_script",
            "module.events_queue.aws_sqs_queue.dead_letter_fifo_queue",
            "module.events_queue.aws_sqs_queue.fifo_queue",
            "module.locations_table.aws_dynamodb_table.this",
            "module.notificacoes_lambda.aws_iam_role.lambda_role",
            "module.notificacoes_lambda.aws_lambda_function.lambda",
            "module.notificacoes_lambda.data.aws_caller_identity.current",
            "module.notificacoes_lambda.data.aws_iam_policy_document.policy_doc",
            "module.notificacoes_lambda.module.repo_ecr_lambda.aws_ecr_repository.this",
            "module.notificacoes_lambda.null_resource.run_script",
            "module.notifications_general_topic.aws_sns_topic.this",
            "module.notifications_premium_topic.aws_sns_topic.this",
            "module.notifications_regional_topic.aws_sns_topic.this",
            "module.notifications_table.aws_dynamodb_table.this",
            "module.pedido_ofertas_table.aws_dynamodb_table.this",
            "module.pedidos_lambda.aws_iam_role.lambda_role",
            "module.pedidos_lambda.aws_lambda_function.lambda",
            "module.pedidos_lambda.data.aws_caller_identity.current",
            "module.pedidos_lambda.data.aws_iam_policy_document.policy_doc",
            "module.pedidos_lambda.module.repo_ecr_lambda.aws_ecr_repository.this",
            "module.pedidos_lambda.null_resource.run_script",
            "module.pedidos_table.aws_dynamodb_table.this",
            "module.rastreamento_lambda.aws_iam_role.lambda_role",
            "module.rastreamento_lambda.aws_lambda_function.lambda",
            "module.rastreamento_lambda.data.aws_caller_identity.current",
            "module.rastreamento_lambda.data.aws_iam_policy_document.policy_doc",
            "module.rastreamento_lambda.module.repo_ecr_lambda.aws_ecr_repository.this",
            "module.rastreamento_lambda.null_resource.run_script",
            "module.smart_routing_lambda.aws_iam_role.lambda_role",
            "module.smart_routing_lambda.aws_lambda_function.lambda",
            "module.smart_routing_lambda.data.aws_caller_identity.current",
            "module.smart_routing_lambda.data.aws_iam_policy_document.policy_doc",
            "module.smart_routing_lambda.module.repo_ecr_lambda.aws_ecr_repository.this",
            "module.smart_routing_lambda.null_resource.run_script",
            "module.users_table.aws_dynamodb_table.this",
            "module.usuarios_lambda.aws_iam_role.lambda_role",
            "module.usuarios_lambda.aws_lambda_function.lambda",
            "module.usuarios_lambda.data.aws_caller_identity.current",
            "module.usuarios_lambda.data.aws_iam_policy_document.policy_doc",
            "module.usuarios_lambda.module.repo_ecr_lambda.aws_ecr_repository.this",
            "module.usuarios_lambda.null_resource.run_script",
            "module.websocket_connections_table.aws_dynamodb_table.this",
            "module.websocket_lambda.aws_iam_role.lambda_role",
            "module.websocket_lambda.aws_lambda_function.lambda",
            "module.websocket_lambda.data.aws_caller_identity.current",
            "module.websocket_lambda.data.aws_iam_policy_document.policy_doc",
            "module.websocket_lambda.module.repo_ecr_lambda.aws_ecr_repository.this",
            "module.websocket_lambda.null_resource.run_script"
          ],
          "create_before_destroy": true
        },
        {
          "index_key": "16",
          "schema_version": 0,
          "attributes": {
            "cache_key_parameters": null,
            "cache_namespace": "gb41n9",
            "connection_id": "",
            "connection_type": "INTERNET",
            "content_handling": "",
            "credentials": "",
            "http_method": "POST",
            "id": "agi-j0dh1wfnjf-gb41n9-POST",
            "integration_http_method": "POST",
            "passthrough_behavior": "WHEN_NO_TEMPLATES",
            "region": "us-east-1",
            "request_parameters": null,
            "request_templates": null,
            "resource_id": "gb41n9",
            "rest_api_id": "j0dh1wfnjf",
            "timeout_milliseconds": 29000,
            "tls_config": [],
            "type": "AWS_PROXY",
            "uri": "arn:aws:apigateway:us-east-1:lambda:path/2015-03-31/functions/arn:aws:lambda:us-east-1:176343551411:function:dev_logistics_rastreamento/invocations"
          },
          "sensitive_attributes": [],
          "identity_schema_version": 0,
          "private": "bnVsbA==",
          "dependencies": [
            "aws_apigatewayv2_api.websocket_api",
            "module.api_gateway.aws_api_gateway_authorizer.cognito_authorizer",
            "module.api_gateway.aws_api_gateway_method.rest_endpoint_methods",
            "module.api_gateway.aws_api_gateway_resource.base_resources",
            "module.api_gateway.aws_api_gateway_resource.main_resource",
            "module.api_gateway.aws_api_gateway_resource.variable_resources",
            "module.api_gateway.aws_api_gateway_rest_api.rest_api",
            "module.auth_lambda.aws_iam_role.lambda_role",
            "module.auth_lambda.aws_lambda_function.lambda",
            "module.auth_lambda.data.aws_caller_identity.current",
            "module.auth_lambda.data.aws_iam_policy_document.policy_doc",
            "module.auth_lambda.module.repo_ecr_lambda.aws_ecr_repository.this",
            "module.auth_lambda.null_resource.run_script",
            "module.events_queue.aws_sqs_queue.dead_letter_fifo_queue",
            "module.events_queue.aws_sqs_queue.fifo_queue",
            "module.locations_table.aws_dynamodb_table.this",
            "module.notificacoes_lambda.aws_iam_role.lambda_role",
            "module.notificacoes_lambda.aws_lambda_function.lambda",
            "module.notificacoes_lambda.data.aws_caller_identity.current",
            "module.notificacoes_lambda.data.aws_iam_policy_document.policy_doc",
            "module.notificacoes_lambda.module.repo_ecr_lambda.aws_ecr_repository.this",
            "module.notificacoes_lambda.null_resource.run_script",
            "module.notifications_general_topic.aws_sns_topic.this",
            "module.notifications_premium_topic.aws_sns_topic.this",
            "module.notifications_regional_topic.aws_sns_topic.this",
            "module.notifications_table.aws_dynamodb_table.this",
            "module.pedido_ofertas_table.aws_dynamodb_table.this",
            "module.pedidos_lambda.aws_iam_role.lambda_role",
            "module.pedidos_lambda.aws_lambda_function.lambda",
            "module.pedidos_lambda.data.aws_caller_identity.current",
            "module.pedidos_lambda.data.aws_iam_policy_document.policy_doc",
            "module.pedidos_lambda.module.repo_ecr_lambda.aws_ecr_repository.this",
            "module.pedidos_lambda.null_resource.run_script",
            "module.pedidos_table.aws_dynamodb_table.this",
            "module.rastreamento_lambda.aws_iam_role.lambda_role",
            "module.rastreamento_lambda.aws_lambda_function.lambda",
            "module.rastreamento_lambda.data.aws_caller_identity.current",
            "module.rastreamento_lambda.data.aws_iam_policy_document.policy_doc",
            "module.rastreamento_lambda.module.repo_ecr_lambda.aws_ecr_repository.this",
            "module.rastreamento_lambda.null_resource.run_script",
            "module.smart_routing_lambda.aws_iam_role.lambda_role",
            "module.smart_routing_lambda.aws_lambda_function.lambda",
            "module.smart_routing_lambda.data.aws_caller_identity.current",
            "module.smart_routing_lambda.data.aws_iam_policy_document.policy_doc",
            "module.smart_routing_lambda.module.repo_ecr_lambda.aws_ecr_repository.this",
            "module.smart_routing_lambda.null_resource.run_script",
            "module.users_table.aws_dynamodb_table.this",
            "module.usuarios_lambda.aws_iam_role.lambda_role",
            "module.usuarios_lambda.aws_lambda_function.lambda",
            "module.usuarios_lambda.data.aws_caller_identity.current",
            "module.usuarios_lambda.data.aws_iam_policy_document.policy_doc",
            "module.usuarios_lambda.module.repo_ecr_lambda.aws_ecr_repository.this",
            "module.usuarios_lambda.null_resource.run_script",
            "module.websocket_connections_table.aws_dynamodb_table.this",
            "module.websocket_lambda.aws_iam_role.lambda_role",
            "module.websocket_lambda.aws_lambda_function.lambda",
            "module.websocket_lambda.data.aws_caller_identity.current",
            "module.websocket_lambda.data.aws_iam_policy_document.policy_doc",
            "module.websocket_lambda.module.repo_ecr_lambda.aws_ecr_repository.this",
            "module.websocket_lambda.null_resource.run_script"
          ],
          "create_before_destroy": true
        },
        {
          "index_key": "17",
          "schema_version": 0,
          "attributes": {
            "cache_key_parameters": null,
            "cache_namespace": "r0qkqo",
            "connection_id": "",
            "connection_type": "INTERNET",
            "content_handling": "",
            "credentials": "",
            "http_method": "POST",
            "id": "agi-j0dh1wfnjf-r0qkqo-POST",
            "integration_http_method": "POST",
            "passthrough_behavior": "WHEN_NO_TEMPLATES",
            "region": "us-east-1",
            "request_parameters": null,
            "request_templates": null,
            "resource_id": "r0qkqo",
            "rest_api_id": "j0dh1wfnjf",
            "timeout_milliseconds": 29000,
            "tls_config": [],
            "type": "AWS_PROXY",
            "uri": "arn:aws:apigateway:us-east-1:lambda:path/2015-03-31/functions/arn:aws:lambda:us-east-1:176343551411:function:dev_logistics_rastreamento/invocations"
          },
          "sensitive_attributes": [],
          "identity_schema_version": 0,
          "private": "bnVsbA==",
          "dependencies": [
            "aws_apigatewayv2_api.websocket_api",
            "module.api_gateway.aws_api_gateway_authorizer.cognito_authorizer",
            "module.api_gateway.aws_api_gateway_method.rest_endpoint_methods",
            "module.api_gateway.aws_api_gateway_resource.base_resources",
            "module.api_gateway.aws_api_gateway_resource.main_resource",
            "module.api_gateway.aws_api_gateway_resource.variable_resources",
            "module.api_gateway.aws_api_gateway_rest_api.rest_api",
            "module.auth_lambda.aws_iam_role.lambda_role",
            "module.auth_lambda.aws_lambda_function.lambda",
            "module.auth_lambda.data.aws_caller_identity.current",
            "module.auth_lambda.data.aws_iam_policy_document.policy_doc",
            "module.auth_lambda.module.repo_ecr_lambda.aws_ecr_repository.this",
            "module.auth_lambda.null_resource.run_script",
            "module.events_queue.aws_sqs_queue.dead_letter_fifo_queue",
            "module.events_queue.aws_sqs_queue.fifo_queue",
            "module.locations_table.aws_dynamodb_table.this",
            "module.notificacoes_lambda.aws_iam_role.lambda_role",
            "module.notificacoes_lambda.aws_lambda_function.lambda",
            "module.notificacoes_lambda.data.aws_caller_identity.current",
            "module.notificacoes_lambda.data.aws_iam_policy_document.policy_doc",
            "module.notificacoes_lambda.module.repo_ecr_lambda.aws_ecr_repository.this",
            "module.notificacoes_lambda.null_resource.run_script",
            "module.notifications_general_topic.aws_sns_topic.this",
            "module.notifications_premium_topic.aws_sns_topic.this",
            "module.notifications_regional_topic.aws_sns_topic.this",
            "module.notifications_table.aws_dynamodb_table.this",
            "module.pedido_ofertas_table.aws_dynamodb_table.this",
            "module.pedidos_lambda.aws_iam_role.lambda_role",
            "module.pedidos_lambda.aws_lambda_function.lambda",
            "module.pedidos_lambda.data.aws_caller_identity.current",
            "module.pedidos_lambda.data.aws_iam_policy_document.policy_doc",
            "module.pedidos_lambda.module.repo_ecr_lambda.aws_ecr_repository.this",
            "module.pedidos_lambda.null_resource.run_script",
            "module.pedidos_table.aws_dynamodb_table.this",
            "module.rastreamento_lambda.aws_iam_role.lambda_role",
            "module.rastreamento_lambda.aws_lambda_function.lambda",
            "module.rastreamento_lambda.data.aws_caller_identity.current",
            "module.rastreamento_lambda.data.aws_iam_policy_document.policy_doc",
            "module.rastreamento_lambda.module.repo_ecr_lambda.aws_ecr_repository.this",
            "module.rastreamento_lambda.null_resource.run_script",
            "module.smart_routing_lambda.aws_iam_role.lambda_role",
            "module.smart_routing_lambda.aws_lambda_function.lambda",
            "module.smart_routing_lambda.data.aws_caller_identity.current",
            "module.smart_routing_lambda.data.aws_iam_policy_document.policy_doc",
            "module.smart_routing_lambda.module.repo_ecr_lambda.aws_ecr_repository.this",
            "module.smart_routing_lambda.null_resource.run_script",
            "module.users_table.aws_dynamodb_table.this",
            "module.usuarios_lambda.aws_iam_role.lambda_role",
            "module.usuarios_lambda.aws_lambda_function.lambda",
            "module.usuarios_lambda.data.aws_caller_identity.current",
            "module.usuarios_lambda.data.aws_iam_policy_document.policy_doc",
            "module.usuarios_lambda.module.repo_ecr_lambda.aws_ecr_repository.this",
            "module.usuarios_lambda.null_resource.run_script",
            "module.websocket_connections_table.aws_dynamodb_table.this",
            "module.websocket_lambda.aws_iam_role.lambda_role",
            "module.websocket_lambda.aws_lambda_function.lambda",
            "module.websocket_lambda.data.aws_caller_identity.current",
            "module.websocket_lambda.data.aws_iam_policy_document.policy_doc",
            "module.websocket_lambda.module.repo_ecr_lambda.aws_ecr_repository.this",
            "module.websocket_lambda.null_resource.run_script"
          ],
          "create_before_destroy": true
        },
        {
          "index_key": "18",
          "schema_version": 0,
          "attributes": {
            "cache_key_parameters": null,
            "cache_namespace": "vada4z",
            "connection_id": "",
            "connection_type": "INTERNET",
            "content_handling": "",
            "credentials": "",
            "http_method": "GET",
            "id": "agi-j0dh1wfnjf-vada4z-GET",
            "integration_http_method": "POST",
            "passthrough_behavior": "WHEN_NO_TEMPLATES",
            "region": "us-east-1",
            "request_parameters": null,
            "request_templates": null,
            "resource_id": "vada4z",
            "rest_api_id": "j0dh1wfnjf",
            "timeout_milliseconds": 29000,
            "tls_config": [],
            "type": "AWS_PROXY",
            "uri": "arn:aws:apigateway:us-east-1:lambda:path/2015-03-31/functions/arn:aws:lambda:us-east-1:176343551411:function:dev_logistics_rastreamento/invocations"
          },
          "sensitive_attributes": [],
          "identity_schema_version": 0,
          "private": "bnVsbA==",
          "dependencies": [
            "aws_apigatewayv2_api.websocket_api",
            "module.api_gateway.aws_api_gateway_authorizer.cognito_authorizer",
            "module.api_gateway.aws_api_gateway_method.rest_endpoint_methods",
            "module.api_gateway.aws_api_gateway_resource.base_resources",
            "module.api_gateway.aws_api_gateway_resource.main_resource",
            "module.api_gateway.aws_api_gateway_resource.variable_resources",
            "module.api_gateway.aws_api_gateway_rest_api.rest_api",
            "module.auth_lambda.aws_iam_role.lambda_role",
            "module.auth_lambda.aws_lambda_function.lambda",
            "module.auth_lambda.data.aws_caller_identity.current",
            "module.auth_lambda.data.aws_iam_policy_document.policy_doc",
            "module.auth_lambda.module.repo_ecr_lambda.aws_ecr_repository.this",
            "module.auth_lambda.null_resource.run_script",
            "module.events_queue.aws_sqs_queue.dead_letter_fifo_queue",
            "module.events_queue.aws_sqs_queue.fifo_queue",
            "module.locations_table.aws_dynamodb_table.this",
            "module.notificacoes_lambda.aws_iam_role.lambda_role",
            "module.notificacoes_lambda.aws_lambda_function.lambda",
            "module.notificacoes_lambda.data.aws_caller_identity.current",
            "module.notificacoes_lambda.data.aws_iam_policy_document.policy_doc",
            "module.notificacoes_lambda.module.repo_ecr_lambda.aws_ecr_repository.this",
            "module.notificacoes_lambda.null_resource.run_script",
            "module.notifications_general_topic.aws_sns_topic.this",
            "module.notifications_premium_topic.aws_sns_topic.this",
            "module.notifications_regional_topic.aws_sns_topic.this",
            "module.notifications_table.aws_dynamodb_table.this",
            "module.pedido_ofertas_table.aws_dynamodb_table.this",
            "module.pedidos_lambda.aws_iam_role.lambda_role",
            "module.pedidos_lambda.aws_lambda_function.lambda",
            "module.pedidos_lambda.data.aws_caller_identity.current",
            "module.pedidos_lambda.data.aws_iam_policy_document.policy_doc",
            "module.pedidos_lambda.module.repo_ecr_lambda.aws_ecr_repository.this",
            "module.pedidos_lambda.null_resource.run_script",
            "module.pedidos_table.aws_dynamodb_table.this",
            "module.rastreamento_lambda.aws_iam_role.lambda_role",
            "module.rastreamento_lambda.aws_lambda_function.lambda",
            "module.rastreamento_lambda.data.aws_caller_identity.current",
            "module.rastreamento_lambda.data.aws_iam_policy_document.policy_doc",
            "module.rastreamento_lambda.module.repo_ecr_lambda.aws_ecr_repository.this",
            "module.rastreamento_lambda.null_resource.run_script",
            "module.smart_routing_lambda.aws_iam_role.lambda_role",
            "module.smart_routing_lambda.aws_lambda_function.lambda",
            "module.smart_routing_lambda.data.aws_caller_identity.current",
            "module.smart_routing_lambda.data.aws_iam_policy_document.policy_doc",
            "module.smart_routing_lambda.module.repo_ecr_lambda.aws_ecr_repository.this",
            "module.smart_routing_lambda.null_resource.run_script",
            "module.users_table.aws_dynamodb_table.this",
            "module.usuarios_lambda.aws_iam_role.lambda_role",
            "module.usuarios_lambda.aws_lambda_function.lambda",
            "module.usuarios_lambda.data.aws_caller_identity.current",
            "module.usuarios_lambda.data.aws_iam_policy_document.policy_doc",
            "module.usuarios_lambda.module.repo_ecr_lambda.aws_ecr_repository.this",
            "module.usuarios_lambda.null_resource.run_script",
            "module.websocket_connections_table.aws_dynamodb_table.this",
            "module.websocket_lambda.aws_iam_role.lambda_role",
            "module.websocket_lambda.aws_lambda_function.lambda",
            "module.websocket_lambda.data.aws_caller_identity.current",
            "module.websocket_lambda.data.aws_iam_policy_document.policy_doc",
            "module.websocket_lambda.module.repo_ecr_lambda.aws_ecr_repository.this",
            "module.websocket_lambda.null_resource.run_script"
          ],
          "create_before_destroy": true
        },
        {
          "index_key": "19",
          "schema_version": 0,
          "attributes": {
            "cache_key_parameters": null,
            "cache_namespace": "9ymczn",
            "connection_id": "",
            "connection_type": "INTERNET",
            "content_handling": "",
            "credentials": "",
            "http_method": "POST",
            "id": "agi-j0dh1wfnjf-9ymczn-POST",
            "integration_http_method": "POST",
            "passthrough_behavior": "WHEN_NO_TEMPLATES",
            "region": "us-east-1",
            "request_parameters": null,
            "request_templates": null,
            "resource_id": "9ymczn",
            "rest_api_id": "j0dh1wfnjf",
            "timeout_milliseconds": 29000,
            "tls_config": [],
            "type": "AWS_PROXY",
            "uri": "arn:aws:apigateway:us-east-1:lambda:path/2015-03-31/functions/arn:aws:lambda:us-east-1:176343551411:function:dev_logistics_smart-routing/invocations"
          },
          "sensitive_attributes": [],
          "identity_schema_version": 0,
          "private": "bnVsbA==",
          "dependencies": [
            "aws_apigatewayv2_api.websocket_api",
            "module.api_gateway.aws_api_gateway_authorizer.cognito_authorizer",
            "module.api_gateway.aws_api_gateway_method.rest_endpoint_methods",
            "module.api_gateway.aws_api_gateway_resource.base_resources",
            "module.api_gateway.aws_api_gateway_resource.main_resource",
            "module.api_gateway.aws_api_gateway_resource.variable_resources",
            "module.api_gateway.aws_api_gateway_rest_api.rest_api",
            "module.auth_lambda.aws_iam_role.lambda_role",
            "module.auth_lambda.aws_lambda_function.lambda",
            "module.auth_lambda.data.aws_caller_identity.current",
            "module.auth_lambda.data.aws_iam_policy_document.policy_doc",
            "module.auth_lambda.module.repo_ecr_lambda.aws_ecr_repository.this",
            "module.auth_lambda.null_resource.run_script",
            "module.events_queue.aws_sqs_queue.dead_letter_fifo_queue",
            "module.events_queue.aws_sqs_queue.fifo_queue",
            "module.locations_table.aws_dynamodb_table.this",
            "module.notificacoes_lambda.aws_iam_role.lambda_role",
            "module.notificacoes_lambda.aws_lambda_function.lambda",
            "module.notificacoes_lambda.data.aws_caller_identity.current",
            "module.notificacoes_lambda.data.aws_iam_policy_document.policy_doc",
            "module.notificacoes_lambda.module.repo_ecr_lambda.aws_ecr_repository.this",
            "module.notificacoes_lambda.null_resource.run_script",
            "module.notifications_general_topic.aws_sns_topic.this",
            "module.notifications_premium_topic.aws_sns_topic.this",
            "module.notifications_regional_topic.aws_sns_topic.this",
            "module.notifications_table.aws_dynamodb_table.this",
            "module.pedido_ofertas_table.aws_dynamodb_table.this",
            "module.pedidos_lambda.aws_iam_role.lambda_role",
            "module.pedidos_lambda.aws_lambda_function.lambda",
            "module.pedidos_lambda.data.aws_caller_identity.current",
            "module.pedidos_lambda.data.aws_iam_policy_document.policy_doc",
            "module.pedidos_lambda.module.repo_ecr_lambda.aws_ecr_repository.this",
            "module.pedidos_lambda.null_resource.run_script",
            "module.pedidos_table.aws_dynamodb_table.this",
            "module.rastreamento_lambda.aws_iam_role.lambda_role",
            "module.rastreamento_lambda.aws_lambda_function.lambda",
            "module.rastreamento_lambda.data.aws_caller_identity.current",
            "module.rastreamento_lambda.data.aws_iam_policy_document.policy_doc",
            "module.rastreamento_lambda.module.repo_ecr_lambda.aws_ecr_repository.this",
            "module.rastreamento_lambda.null_resource.run_script",
            "module.smart_routing_lambda.aws_iam_role.lambda_role",
            "module.smart_routing_lambda.aws_lambda_function.lambda",
            "module.smart_routing_lambda.data.aws_caller_identity.current",
            "module.smart_routing_lambda.data.aws_iam_policy_document.policy_doc",
            "module.smart_routing_lambda.module.repo_ecr_lambda.aws_ecr_repository.this",
            "module.smart_routing_lambda.null_resource.run_script",
            "module.users_table.aws_dynamodb_table.this",
            "module.usuarios_lambda.aws_iam_role.lambda_role",
            "module.usuarios_lambda.aws_lambda_function.lambda",
            "module.usuarios_lambda.data.aws_caller_identity.current",
            "module.usuarios_lambda.data.aws_iam_policy_document.policy_doc",
            "module.usuarios_lambda.module.repo_ecr_lambda.aws_ecr_repository.this",
            "module.usuarios_lambda.null_resource.run_script",
            "module.websocket_connections_table.aws_dynamodb_table.this",
            "module.websocket_lambda.aws_iam_role.lambda_role",
            "module.websocket_lambda.aws_lambda_function.lambda",
            "module.websocket_lambda.data.aws_caller_identity.current",
            "module.websocket_lambda.data.aws_iam_policy_document.policy_doc",
            "module.websocket_lambda.module.repo_ecr_lambda.aws_ecr_repository.this",
            "module.websocket_lambda.null_resource.run_script"
          ],
          "create_before_destroy": true
        },
        {
          "index_key": "2",
          "schema_version": 0,
          "attributes": {
            "cache_key_parameters": null,
            "cache_namespace": "kyjg5k",
            "connection_id": "",
            "connection_type": "INTERNET",
            "content_handling": "",
            "credentials": "",
            "http_method": "POST",
            "id": "agi-j0dh1wfnjf-kyjg5k-POST",
            "integration_http_method": "POST",
            "passthrough_behavior": "WHEN_NO_TEMPLATES",
            "region": "us-east-1",
            "request_parameters": null,
            "request_templates": null,
            "resource_id": "kyjg5k",
            "rest_api_id": "j0dh1wfnjf",
            "timeout_milliseconds": 29000,
            "tls_config": [],
            "type": "AWS_PROXY",
            "uri": "arn:aws:apigateway:us-east-1:lambda:path/2015-03-31/functions/arn:aws:lambda:us-east-1:176343551411:function:dev_logistics_usuarios/invocations"
          },
          "sensitive_attributes": [],
          "identity_schema_version": 0,
          "private": "bnVsbA==",
          "dependencies": [
            "aws_apigatewayv2_api.websocket_api",
            "module.api_gateway.aws_api_gateway_authorizer.cognito_authorizer",
            "module.api_gateway.aws_api_gateway_method.rest_endpoint_methods",
            "module.api_gateway.aws_api_gateway_resource.base_resources",
            "module.api_gateway.aws_api_gateway_resource.main_resource",
            "module.api_gateway.aws_api_gateway_resource.variable_resources",
            "module.api_gateway.aws_api_gateway_rest_api.rest_api",
            "module.auth_lambda.aws_iam_role.lambda_role",
            "module.auth_lambda.aws_lambda_function.lambda",
            "module.auth_lambda.data.aws_caller_identity.current",
            "module.auth_lambda.data.aws_iam_policy_document.policy_doc",
            "module.auth_lambda.module.repo_ecr_lambda.aws_ecr_repository.this",
            "module.auth_lambda.null_resource.run_script",
            "module.events_queue.aws_sqs_queue.dead_letter_fifo_queue",
            "module.events_queue.aws_sqs_queue.fifo_queue",
            "module.locations_table.aws_dynamodb_table.this",
            "module.notificacoes_lambda.aws_iam_role.lambda_role",
            "module.notificacoes_lambda.aws_lambda_function.lambda",
            "module.notificacoes_lambda.data.aws_caller_identity.current",
            "module.notificacoes_lambda.data.aws_iam_policy_document.policy_doc",
            "module.notificacoes_lambda.module.repo_ecr_lambda.aws_ecr_repository.this",
            "module.notificacoes_lambda.null_resource.run_script",
            "module.notifications_general_topic.aws_sns_topic.this",
            "module.notifications_premium_topic.aws_sns_topic.this",
            "module.notifications_regional_topic.aws_sns_topic.this",
            "module.notifications_table.aws_dynamodb_table.this",
            "module.pedido_ofertas_table.aws_dynamodb_table.this",
            "module.pedidos_lambda.aws_iam_role.lambda_role",
            "module.pedidos_lambda.aws_lambda_function.lambda",
            "module.pedidos_lambda.data.aws_caller_identity.current",
            "module.pedidos_lambda.data.aws_iam_policy_document.policy_doc",
            "module.pedidos_lambda.module.repo_ecr_lambda.aws_ecr_repository.this",
            "module.pedidos_lambda.null_resource.run_script",
            "module.pedidos_table.aws_dynamodb_table.this",
            "module.rastreamento_lambda.aws_iam_role.lambda_role",
            "module.rastreamento_lambda.aws_lambda_function.lambda",
            "module.rastreamento_lambda.data.aws_caller_identity.current",
            "module.rastreamento_lambda.data.aws_iam_policy_document.policy_doc",
            "module.rastreamento_lambda.module.repo_ecr_lambda.aws_ecr_repository.this",
            "module.rastreamento_lambda.null_resource.run_script",
            "module.smart_routing_lambda.aws_iam_role.lambda_role",
            "module.smart_routing_lambda.aws_lambda_function.lambda",
            "module.smart_routing_lambda.data.aws_caller_identity.current",
            "module.smart_routing_lambda.data.aws_iam_policy_document.policy_doc",
            "module.smart_routing_lambda.module.repo_ecr_lambda.aws_ecr_repository.this",
            "module.smart_routing_lambda.null_resource.run_script",
            "module.users_table.aws_dynamodb_table.this",
            "module.usuarios_lambda.aws_iam_role.lambda_role",
            "module.usuarios_lambda.aws_lambda_function.lambda",
            "module.usuarios_lambda.data.aws_caller_identity.current",
            "module.usuarios_lambda.data.aws_iam_policy_document.policy_doc",
            "module.usuarios_lambda.module.repo_ecr_lambda.aws_ecr_repository.this",
            "module.usuarios_lambda.null_resource.run_script",
            "module.websocket_connections_table.aws_dynamodb_table.this",
            "module.websocket_lambda.aws_iam_role.lambda_role",
            "module.websocket_lambda.aws_lambda_function.lambda",
            "module.websocket_lambda.data.aws_caller_identity.current",
            "module.websocket_lambda.data.aws_iam_policy_document.policy_doc",
            "module.websocket_lambda.module.repo_ecr_lambda.aws_ecr_repository.this",
            "module.websocket_lambda.null_resource.run_script"
          ],
          "create_before_destroy": true
        },
        {
          "index_key": "20",
          "schema_version": 0,
          "attributes": {
            "cache_key_parameters": null,
            "cache_namespace": "7yjafu",
            "connection_id": "",
            "connection_type": "INTERNET",
            "content_handling": "",
            "credentials": "",
            "http_method": "POST",
            "id": "agi-j0dh1wfnjf-7yjafu-POST",
            "integration_http_method": "POST",
            "passthrough_behavior": "WHEN_NO_TEMPLATES",
            "region": "us-east-1",
            "request_parameters": null,
            "request_templates": null,
            "resource_id": "7yjafu",
            "rest_api_id": "j0dh1wfnjf",
            "timeout_milliseconds": 29000,
            "tls_config": [],
            "type": "AWS_PROXY",
            "uri": "arn:aws:apigateway:us-east-1:lambda:path/2015-03-31/functions/arn:aws:lambda:us-east-1:176343551411:function:dev_logistics_smart-routing/invocations"
          },
          "sensitive_attributes": [],
          "identity_schema_version": 0,
          "private": "bnVsbA==",
          "dependencies": [
            "aws_apigatewayv2_api.websocket_api",
            "module.api_gateway.aws_api_gateway_authorizer.cognito_authorizer",
            "module.api_gateway.aws_api_gateway_method.rest_endpoint_methods",
            "module.api_gateway.aws_api_gateway_resource.base_resources",
            "module.api_gateway.aws_api_gateway_resource.main_resource",
            "module.api_gateway.aws_api_gateway_resource.variable_resources",
            "module.api_gateway.aws_api_gateway_rest_api.rest_api",
            "module.auth_lambda.aws_iam_role.lambda_role",
            "module.auth_lambda.aws_lambda_function.lambda",
            "module.auth_lambda.data.aws_caller_identity.current",
            "module.auth_lambda.data.aws_iam_policy_document.policy_doc",
            "module.auth_lambda.module.repo_ecr_lambda.aws_ecr_repository.this",
            "module.auth_lambda.null_resource.run_script",
            "module.events_queue.aws_sqs_queue.dead_letter_fifo_queue",
            "module.events_queue.aws_sqs_queue.fifo_queue",
            "module.locations_table.aws_dynamodb_table.this",
            "module.notificacoes_lambda.aws_iam_role.lambda_role",
            "module.notificacoes_lambda.aws_lambda_function.lambda",
            "module.notificacoes_lambda.data.aws_caller_identity.current",
            "module.notificacoes_lambda.data.aws_iam_policy_document.policy_doc",
            "module.notificacoes_lambda.module.repo_ecr_lambda.aws_ecr_repository.this",
            "module.notificacoes_lambda.null_resource.run_script",
            "module.notifications_general_topic.aws_sns_topic.this",
            "module.notifications_premium_topic.aws_sns_topic.this",
            "module.notifications_regional_topic.aws_sns_topic.this",
            "module.notifications_table.aws_dynamodb_table.this",
            "module.pedido_ofertas_table.aws_dynamodb_table.this",
            "module.pedidos_lambda.aws_iam_role.lambda_role",
            "module.pedidos_lambda.aws_lambda_function.lambda",
            "module.pedidos_lambda.data.aws_caller_identity.current",
            "module.pedidos_lambda.data.aws_iam_policy_document.policy_doc",
            "module.pedidos_lambda.module.repo_ecr_lambda.aws_ecr_repository.this",
            "module.pedidos_lambda.null_resource.run_script",
            "module.pedidos_table.aws_dynamodb_table.this",
            "module.rastreamento_lambda.aws_iam_role.lambda_role",
            "module.rastreamento_lambda.aws_lambda_function.lambda",
            "module.rastreamento_lambda.data.aws_caller_identity.current",
            "module.rastreamento_lambda.data.aws_iam_policy_document.policy_doc",
            "module.rastreamento_lambda.module.repo_ecr_lambda.aws_ecr_repository.this",
            "module.rastreamento_lambda.null_resource.run_script",
            "module.smart_routing_lambda.aws_iam_role.lambda_role",
            "module.smart_routing_lambda.aws_lambda_function.lambda",
            "module.smart_routing_lambda.data.aws_caller_identity.current",
            "module.smart_routing_lambda.data.aws_iam_policy_document.policy_doc",
            "module.smart_routing_lambda.module.repo_ecr_lambda.aws_ecr_repository.this",
            "module.smart_routing_lambda.null_resource.run_script",
            "module.users_table.aws_dynamodb_table.this",
            "module.usuarios_lambda.aws_iam_role.lambda_role",
            "module.usuarios_lambda.aws_lambda_function.lambda",
            "module.usuarios_lambda.data.aws_caller_identity.current",
            "module.usuarios_lambda.data.aws_iam_policy_document.policy_doc",
            "module.usuarios_lambda.module.repo_ecr_lambda.aws_ecr_repository.this",
            "module.usuarios_lambda.null_resource.run_script",
            "module.websocket_connections_table.aws_dynamodb_table.this",
            "module.websocket_lambda.aws_iam_role.lambda_role",
            "module.websocket_lambda.aws_lambda_function.lambda",
            "module.websocket_lambda.data.aws_caller_identity.current",
            "module.websocket_lambda.data.aws_iam_policy_document.policy_doc",
            "module.websocket_lambda.module.repo_ecr_lambda.aws_ecr_repository.this",
            "module.websocket_lambda.null_resource.run_script"
          ],
          "create_before_destroy": true
        },
        {
          "index_key": "21",
          "schema_version": 0,
          "attributes": {
            "cache_key_parameters": null,
            "cache_namespace": "dqd07z",
            "connection_id": "",
            "connection_type": "INTERNET",
            "content_handling": "",
            "credentials": "",
            "http_method": "POST",
            "id": "agi-j0dh1wfnjf-dqd07z-POST",
            "integration_http_method": "POST",
            "passthrough_behavior": "WHEN_NO_TEMPLATES",
            "region": "us-east-1",
            "request_parameters": null,
            "request_templates": null,
            "resource_id": "dqd07z",
            "rest_api_id": "j0dh1wfnjf",
            "timeout_milliseconds": 29000,
            "tls_config": [],
            "type": "AWS_PROXY",
            "uri": "arn:aws:apigateway:us-east-1:lambda:path/2015-03-31/functions/arn:aws:lambda:us-east-1:176343551411:function:dev_logistics_smart-routing/invocations"
          },
          "sensitive_attributes": [],
          "identity_schema_version": 0,
          "private": "bnVsbA==",
          "dependencies": [
            "aws_apigatewayv2_api.websocket_api",
            "module.api_gateway.aws_api_gateway_authorizer.cognito_authorizer",
            "module.api_gateway.aws_api_gateway_method.rest_endpoint_methods",
            "module.api_gateway.aws_api_gateway_resource.base_resources",
            "module.api_gateway.aws_api_gateway_resource.main_resource",
            "module.api_gateway.aws_api_gateway_resource.variable_resources",
            "module.api_gateway.aws_api_gateway_rest_api.rest_api",
            "module.auth_lambda.aws_iam_role.lambda_role",
            "module.auth_lambda.aws_lambda_function.lambda",
            "module.auth_lambda.data.aws_caller_identity.current",
            "module.auth_lambda.data.aws_iam_policy_document.policy_doc",
            "module.auth_lambda.module.repo_ecr_lambda.aws_ecr_repository.this",
            "module.auth_lambda.null_resource.run_script",
            "module.events_queue.aws_sqs_queue.dead_letter_fifo_queue",
            "module.events_queue.aws_sqs_queue.fifo_queue",
            "module.locations_table.aws_dynamodb_table.this",
            "module.notificacoes_lambda.aws_iam_role.lambda_role",
            "module.notificacoes_lambda.aws_lambda_function.lambda",
            "module.notificacoes_lambda.data.aws_caller_identity.current",
            "module.notificacoes_lambda.data.aws_iam_policy_document.policy_doc",
            "module.notificacoes_lambda.module.repo_ecr_lambda.aws_ecr_repository.this",
            "module.notificacoes_lambda.null_resource.run_script",
            "module.notifications_general_topic.aws_sns_topic.this",
            "module.notifications_premium_topic.aws_sns_topic.this",
            "module.notifications_regional_topic.aws_sns_topic.this",
            "module.notifications_table.aws_dynamodb_table.this",
            "module.pedido_ofertas_table.aws_dynamodb_table.this",
            "module.pedidos_lambda.aws_iam_role.lambda_role",
            "module.pedidos_lambda.aws_lambda_function.lambda",
            "module.pedidos_lambda.data.aws_caller_identity.current",
            "module.pedidos_lambda.data.aws_iam_policy_document.policy_doc",
            "module.pedidos_lambda.module.repo_ecr_lambda.aws_ecr_repository.this",
            "module.pedidos_lambda.null_resource.run_script",
            "module.pedidos_table.aws_dynamodb_table.this",
            "module.rastreamento_lambda.aws_iam_role.lambda_role",
            "module.rastreamento_lambda.aws_lambda_function.lambda",
            "module.rastreamento_lambda.data.aws_caller_identity.current",
            "module.rastreamento_lambda.data.aws_iam_policy_document.policy_doc",
            "module.rastreamento_lambda.module.repo_ecr_lambda.aws_ecr_repository.this",
            "module.rastreamento_lambda.null_resource.run_script",
            "module.smart_routing_lambda.aws_iam_role.lambda_role",
            "module.smart_routing_lambda.aws_lambda_function.lambda",
            "module.smart_routing_lambda.data.aws_caller_identity.current",
            "module.smart_routing_lambda.data.aws_iam_policy_document.policy_doc",
            "module.smart_routing_lambda.module.repo_ecr_lambda.aws_ecr_repository.this",
            "module.smart_routing_lambda.null_resource.run_script",
            "module.users_table.aws_dynamodb_table.this",
            "module.usuarios_lambda.aws_iam_role.lambda_role",
            "module.usuarios_lambda.aws_lambda_function.lambda",
            "module.usuarios_lambda.data.aws_caller_identity.current",
            "module.usuarios_lambda.data.aws_iam_policy_document.policy_doc",
            "module.usuarios_lambda.module.repo_ecr_lambda.aws_ecr_repository.this",
            "module.usuarios_lambda.null_resource.run_script",
            "module.websocket_connections_table.aws_dynamodb_table.this",
            "module.websocket_lambda.aws_iam_role.lambda_role",
            "module.websocket_lambda.aws_lambda_function.lambda",
            "module.websocket_lambda.data.aws_caller_identity.current",
            "module.websocket_lambda.data.aws_iam_policy_document.policy_doc",
            "module.websocket_lambda.module.repo_ecr_lambda.aws_ecr_repository.this",
            "module.websocket_lambda.null_resource.run_script"
          ],
          "create_before_destroy": true
        },
        {
          "index_key": "22",
          "schema_version": 0,
          "attributes": {
            "cache_key_parameters": null,
            "cache_namespace": "7pue4j",
            "connection_id": "",
            "connection_type": "INTERNET",
            "content_handling": "",
            "credentials": "",
            "http_method": "POST",
            "id": "agi-j0dh1wfnjf-7pue4j-POST",
            "integration_http_method": "POST",
            "passthrough_behavior": "WHEN_NO_TEMPLATES",
            "region": "us-east-1",
            "request_parameters": null,
            "request_templates": null,
            "resource_id": "7pue4j",
            "rest_api_id": "j0dh1wfnjf",
            "timeout_milliseconds": 29000,
            "tls_config": [],
            "type": "AWS_PROXY",
            "uri": "arn:aws:apigateway:us-east-1:lambda:path/2015-03-31/functions/arn:aws:lambda:us-east-1:176343551411:function:dev_logistics_smart-routing/invocations"
          },
          "sensitive_attributes": [],
          "identity_schema_version": 0,
          "private": "bnVsbA==",
          "dependencies": [
            "aws_apigatewayv2_api.websocket_api",
            "module.api_gateway.aws_api_gateway_authorizer.cognito_authorizer",
            "module.api_gateway.aws_api_gateway_method.rest_endpoint_methods",
            "module.api_gateway.aws_api_gateway_resource.base_resources",
            "module.api_gateway.aws_api_gateway_resource.main_resource",
            "module.api_gateway.aws_api_gateway_resource.variable_resources",
            "module.api_gateway.aws_api_gateway_rest_api.rest_api",
            "module.auth_lambda.aws_iam_role.lambda_role",
            "module.auth_lambda.aws_lambda_function.lambda",
            "module.auth_lambda.data.aws_caller_identity.current",
            "module.auth_lambda.data.aws_iam_policy_document.policy_doc",
            "module.auth_lambda.module.repo_ecr_lambda.aws_ecr_repository.this",
            "module.auth_lambda.null_resource.run_script",
            "module.events_queue.aws_sqs_queue.dead_letter_fifo_queue",
            "module.events_queue.aws_sqs_queue.fifo_queue",
            "module.locations_table.aws_dynamodb_table.this",
            "module.notificacoes_lambda.aws_iam_role.lambda_role",
            "module.notificacoes_lambda.aws_lambda_function.lambda",
            "module.notificacoes_lambda.data.aws_caller_identity.current",
            "module.notificacoes_lambda.data.aws_iam_policy_document.policy_doc",
            "module.notificacoes_lambda.module.repo_ecr_lambda.aws_ecr_repository.this",
            "module.notificacoes_lambda.null_resource.run_script",
            "module.notifications_general_topic.aws_sns_topic.this",
            "module.notifications_premium_topic.aws_sns_topic.this",
            "module.notifications_regional_topic.aws_sns_topic.this",
            "module.notifications_table.aws_dynamodb_table.this",
            "module.pedido_ofertas_table.aws_dynamodb_table.this",
            "module.pedidos_lambda.aws_iam_role.lambda_role",
            "module.pedidos_lambda.aws_lambda_function.lambda",
            "module.pedidos_lambda.data.aws_caller_identity.current",
            "module.pedidos_lambda.data.aws_iam_policy_document.policy_doc",
            "module.pedidos_lambda.module.repo_ecr_lambda.aws_ecr_repository.this",
            "module.pedidos_lambda.null_resource.run_script",
            "module.pedidos_table.aws_dynamodb_table.this",
            "module.rastreamento_lambda.aws_iam_role.lambda_role",
            "module.rastreamento_lambda.aws_lambda_function.lambda",
            "module.rastreamento_lambda.data.aws_caller_identity.current",
            "module.rastreamento_lambda.data.aws_iam_policy_document.policy_doc",
            "module.rastreamento_lambda.module.repo_ecr_lambda.aws_ecr_repository.this",
            "module.rastreamento_lambda.null_resource.run_script",
            "module.smart_routing_lambda.aws_iam_role.lambda_role",
            "module.smart_routing_lambda.aws_lambda_function.lambda",
            "module.smart_routing_lambda.data.aws_caller_identity.current",
            "module.smart_routing_lambda.data.aws_iam_policy_document.policy_doc",
            "module.smart_routing_lambda.module.repo_ecr_lambda.aws_ecr_repository.this",
            "module.smart_routing_lambda.null_resource.run_script",
            "module.users_table.aws_dynamodb_table.this",
            "module.usuarios_lambda.aws_iam_role.lambda_role",
            "module.usuarios_lambda.aws_lambda_function.lambda",
            "module.usuarios_lambda.data.aws_caller_identity.current",
            "module.usuarios_lambda.data.aws_iam_policy_document.policy_doc",
            "module.usuarios_lambda.module.repo_ecr_lambda.aws_ecr_repository.this",
            "module.usuarios_lambda.null_resource.run_script",
            "module.websocket_connections_table.aws_dynamodb_table.this",
            "module.websocket_lambda.aws_iam_role.lambda_role",
            "module.websocket_lambda.aws_lambda_function.lambda",
            "module.websocket_lambda.data.aws_caller_identity.current",
            "module.websocket_lambda.data.aws_iam_policy_document.policy_doc",
            "module.websocket_lambda.module.repo_ecr_lambda.aws_ecr_repository.this",
            "module.websocket_lambda.null_resource.run_script"
          ],
          "create_before_destroy": true
        },
        {
          "index_key": "23",
          "schema_version": 0,
          "attributes": {
            "cache_key_parameters": null,
            "cache_namespace": "s676dc",
            "connection_id": "",
            "connection_type": "INTERNET",
            "content_handling": "",
            "credentials": "",
            "http_method": "GET",
            "id": "agi-j0dh1wfnjf-s676dc-GET",
            "integration_http_method": "POST",
            "passthrough_behavior": "WHEN_NO_TEMPLATES",
            "region": "us-east-1",
            "request_parameters": null,
            "request_templates": null,
            "resource_id": "s676dc",
            "rest_api_id": "j0dh1wfnjf",
            "timeout_milliseconds": 29000,
            "tls_config": [],
            "type": "AWS_PROXY",
            "uri": "arn:aws:apigateway:us-east-1:lambda:path/2015-03-31/functions/arn:aws:lambda:us-east-1:176343551411:function:dev_logistics_smart-routing/invocations"
          },
          "sensitive_attributes": [],
          "identity_schema_version": 0,
          "private": "bnVsbA==",
          "dependencies": [
            "aws_apigatewayv2_api.websocket_api",
            "module.api_gateway.aws_api_gateway_authorizer.cognito_authorizer",
            "module.api_gateway.aws_api_gateway_method.rest_endpoint_methods",
            "module.api_gateway.aws_api_gateway_resource.base_resources",
            "module.api_gateway.aws_api_gateway_resource.main_resource",
            "module.api_gateway.aws_api_gateway_resource.variable_resources",
            "module.api_gateway.aws_api_gateway_rest_api.rest_api",
            "module.auth_lambda.aws_iam_role.lambda_role",
            "module.auth_lambda.aws_lambda_function.lambda",
            "module.auth_lambda.data.aws_caller_identity.current",
            "module.auth_lambda.data.aws_iam_policy_document.policy_doc",
            "module.auth_lambda.module.repo_ecr_lambda.aws_ecr_repository.this",
            "module.auth_lambda.null_resource.run_script",
            "module.events_queue.aws_sqs_queue.dead_letter_fifo_queue",
            "module.events_queue.aws_sqs_queue.fifo_queue",
            "module.locations_table.aws_dynamodb_table.this",
            "module.notificacoes_lambda.aws_iam_role.lambda_role",
            "module.notificacoes_lambda.aws_lambda_function.lambda",
            "module.notificacoes_lambda.data.aws_caller_identity.current",
            "module.notificacoes_lambda.data.aws_iam_policy_document.policy_doc",
            "module.notificacoes_lambda.module.repo_ecr_lambda.aws_ecr_repository.this",
            "module.notificacoes_lambda.null_resource.run_script",
            "module.notifications_general_topic.aws_sns_topic.this",
            "module.notifications_premium_topic.aws_sns_topic.this",
            "module.notifications_regional_topic.aws_sns_topic.this",
            "module.notifications_table.aws_dynamodb_table.this",
            "module.pedido_ofertas_table.aws_dynamodb_table.this",
            "module.pedidos_lambda.aws_iam_role.lambda_role",
            "module.pedidos_lambda.aws_lambda_function.lambda",
            "module.pedidos_lambda.data.aws_caller_identity.current",
            "module.pedidos_lambda.data.aws_iam_policy_document.policy_doc",
            "module.pedidos_lambda.module.repo_ecr_lambda.aws_ecr_repository.this",
            "module.pedidos_lambda.null_resource.run_script",
            "module.pedidos_table.aws_dynamodb_table.this",
            "module.rastreamento_lambda.aws_iam_role.lambda_role",
            "module.rastreamento_lambda.aws_lambda_function.lambda",
            "module.rastreamento_lambda.data.aws_caller_identity.current",
            "module.rastreamento_lambda.data.aws_iam_policy_document.policy_doc",
            "module.rastreamento_lambda.module.repo_ecr_lambda.aws_ecr_repository.this",
            "module.rastreamento_lambda.null_resource.run_script",
            "module.smart_routing_lambda.aws_iam_role.lambda_role",
            "module.smart_routing_lambda.aws_lambda_function.lambda",
            "module.smart_routing_lambda.data.aws_caller_identity.current",
            "module.smart_routing_lambda.data.aws_iam_policy_document.policy_doc",
            "module.smart_routing_lambda.module.repo_ecr_lambda.aws_ecr_repository.this",
            "module.smart_routing_lambda.null_resource.run_script",
            "module.users_table.aws_dynamodb_table.this",
            "module.usuarios_lambda.aws_iam_role.lambda_role",
            "module.usuarios_lambda.aws_lambda_function.lambda",
            "module.usuarios_lambda.data.aws_caller_identity.current",
            "module.usuarios_lambda.data.aws_iam_policy_document.policy_doc",
            "module.usuarios_lambda.module.repo_ecr_lambda.aws_ecr_repository.this",
            "module.usuarios_lambda.null_resource.run_script",
            "module.websocket_connections_table.aws_dynamodb_table.this",
            "module.websocket_lambda.aws_iam_role.lambda_role",
            "module.websocket_lambda.aws_lambda_function.lambda",
            "module.websocket_lambda.data.aws_caller_identity.current",
            "module.websocket_lambda.data.aws_iam_policy_document.policy_doc",
            "module.websocket_lambda.module.repo_ecr_lambda.aws_ecr_repository.this",
            "module.websocket_lambda.null_resource.run_script"
          ],
          "create_before_destroy": true
        },
        {
          "index_key": "3",
          "schema_version": 0,
          "attributes": {
            "cache_key_parameters": null,
            "cache_namespace": "mbpe0n",
            "connection_id": "",
            "connection_type": "INTERNET",
            "content_handling": "",
            "credentials": "",
            "http_method": "POST",
            "id": "agi-j0dh1wfnjf-mbpe0n-POST",
            "integration_http_method": "POST",
            "passthrough_behavior": "WHEN_NO_TEMPLATES",
            "region": "us-east-1",
            "request_parameters": null,
            "request_templates": null,
            "resource_id": "mbpe0n",
            "rest_api_id": "j0dh1wfnjf",
            "timeout_milliseconds": 29000,
            "tls_config": [],
            "type": "AWS_PROXY",
            "uri": "arn:aws:apigateway:us-east-1:lambda:path/2015-03-31/functions/arn:aws:lambda:us-east-1:176343551411:function:dev_logistics_pedidos/invocations"
          },
          "sensitive_attributes": [],
          "identity_schema_version": 0,
          "private": "bnVsbA==",
          "dependencies": [
            "aws_apigatewayv2_api.websocket_api",
            "module.api_gateway.aws_api_gateway_authorizer.cognito_authorizer",
            "module.api_gateway.aws_api_gateway_method.rest_endpoint_methods",
            "module.api_gateway.aws_api_gateway_resource.base_resources",
            "module.api_gateway.aws_api_gateway_resource.main_resource",
            "module.api_gateway.aws_api_gateway_resource.variable_resources",
            "module.api_gateway.aws_api_gateway_rest_api.rest_api",
            "module.auth_lambda.aws_iam_role.lambda_role",
            "module.auth_lambda.aws_lambda_function.lambda",
            "module.auth_lambda.data.aws_caller_identity.current",
            "module.auth_lambda.data.aws_iam_policy_document.policy_doc",
            "module.auth_lambda.module.repo_ecr_lambda.aws_ecr_repository.this",
            "module.auth_lambda.null_resource.run_script",
            "module.events_queue.aws_sqs_queue.dead_letter_fifo_queue",
            "module.events_queue.aws_sqs_queue.fifo_queue",
            "module.locations_table.aws_dynamodb_table.this",
            "module.notificacoes_lambda.aws_iam_role.lambda_role",
            "module.notificacoes_lambda.aws_lambda_function.lambda",
            "module.notificacoes_lambda.data.aws_caller_identity.current",
            "module.notificacoes_lambda.data.aws_iam_policy_document.policy_doc",
            "module.notificacoes_lambda.module.repo_ecr_lambda.aws_ecr_repository.this",
            "module.notificacoes_lambda.null_resource.run_script",
            "module.notifications_general_topic.aws_sns_topic.this",
            "module.notifications_premium_topic.aws_sns_topic.this",
            "module.notifications_regional_topic.aws_sns_topic.this",
            "module.notifications_table.aws_dynamodb_table.this",
            "module.pedido_ofertas_table.aws_dynamodb_table.this",
            "module.pedidos_lambda.aws_iam_role.lambda_role",
            "module.pedidos_lambda.aws_lambda_function.lambda",
            "module.pedidos_lambda.data.aws_caller_identity.current",
            "module.pedidos_lambda.data.aws_iam_policy_document.policy_doc",
            "module.pedidos_lambda.module.repo_ecr_lambda.aws_ecr_repository.this",
            "module.pedidos_lambda.null_resource.run_script",
            "module.pedidos_table.aws_dynamodb_table.this",
            "module.rastreamento_lambda.aws_iam_role.lambda_role",
            "module.rastreamento_lambda.aws_lambda_function.lambda",
            "module.rastreamento_lambda.data.aws_caller_identity.current",
            "module.rastreamento_lambda.data.aws_iam_policy_document.policy_doc",
            "module.rastreamento_lambda.module.repo_ecr_lambda.aws_ecr_repository.this",
            "module.rastreamento_lambda.null_resource.run_script",
            "module.smart_routing_lambda.aws_iam_role.lambda_role",
            "module.smart_routing_lambda.aws_lambda_function.lambda",
            "module.smart_routing_lambda.data.aws_caller_identity.current",
            "module.smart_routing_lambda.data.aws_iam_policy_document.policy_doc",
            "module.smart_routing_lambda.module.repo_ecr_lambda.aws_ecr_repository.this",
            "module.smart_routing_lambda.null_resource.run_script",
            "module.users_table.aws_dynamodb_table.this",
            "module.usuarios_lambda.aws_iam_role.lambda_role",
            "module.usuarios_lambda.aws_lambda_function.lambda",
            "module.usuarios_lambda.data.aws_caller_identity.current",
            "module.usuarios_lambda.data.aws_iam_policy_document.policy_doc",
            "module.usuarios_lambda.module.repo_ecr_lambda.aws_ecr_repository.this",
            "module.usuarios_lambda.null_resource.run_script",
            "module.websocket_connections_table.aws_dynamodb_table.this",
            "module.websocket_lambda.aws_iam_role.lambda_role",
            "module.websocket_lambda.aws_lambda_function.lambda",
            "module.websocket_lambda.data.aws_caller_identity.current",
            "module.websocket_lambda.data.aws_iam_policy_document.policy_doc",
            "module.websocket_lambda.module.repo_ecr_lambda.aws_ecr_repository.this",
            "module.websocket_lambda.null_resource.run_script"
          ],
          "create_before_destroy": true
        },
        {
          "index_key": "4",
          "schema_version": 0,
          "attributes": {
            "cache_key_parameters": null,
            "cache_namespace": "76lh6y",
            "connection_id": "",
            "connection_type": "INTERNET",
            "content_handling": "",
            "credentials": "",
            "http_method": "GET",
            "id": "agi-j0dh1wfnjf-76lh6y-GET",
            "integration_http_method": "POST",
            "passthrough_behavior": "WHEN_NO_TEMPLATES",
            "region": "us-east-1",
            "request_parameters": null,
            "request_templates": null,
            "resource_id": "76lh6y",
            "rest_api_id": "j0dh1wfnjf",
            "timeout_milliseconds": 29000,
            "tls_config": [],
            "type": "AWS_PROXY",
            "uri": "arn:aws:apigateway:us-east-1:lambda:path/2015-03-31/functions/arn:aws:lambda:us-east-1:176343551411:function:dev_logistics_pedidos/invocations"
          },
          "sensitive_attributes": [],
          "identity_schema_version": 0,
          "private": "bnVsbA==",
          "dependencies": [
            "aws_apigatewayv2_api.websocket_api",
            "module.api_gateway.aws_api_gateway_authorizer.cognito_authorizer",
            "module.api_gateway.aws_api_gateway_method.rest_endpoint_methods",
            "module.api_gateway.aws_api_gateway_resource.base_resources",
            "module.api_gateway.aws_api_gateway_resource.main_resource",
            "module.api_gateway.aws_api_gateway_resource.variable_resources",
            "module.api_gateway.aws_api_gateway_rest_api.rest_api",
            "module.auth_lambda.aws_iam_role.lambda_role",
            "module.auth_lambda.aws_lambda_function.lambda",
            "module.auth_lambda.data.aws_caller_identity.current",
            "module.auth_lambda.data.aws_iam_policy_document.policy_doc",
            "module.auth_lambda.module.repo_ecr_lambda.aws_ecr_repository.this",
            "module.auth_lambda.null_resource.run_script",
            "module.events_queue.aws_sqs_queue.dead_letter_fifo_queue",
            "module.events_queue.aws_sqs_queue.fifo_queue",
            "module.locations_table.aws_dynamodb_table.this",
            "module.notificacoes_lambda.aws_iam_role.lambda_role",
            "module.notificacoes_lambda.aws_lambda_function.lambda",
            "module.notificacoes_lambda.data.aws_caller_identity.current",
            "module.notificacoes_lambda.data.aws_iam_policy_document.policy_doc",
            "module.notificacoes_lambda.module.repo_ecr_lambda.aws_ecr_repository.this",
            "module.notificacoes_lambda.null_resource.run_script",
            "module.notifications_general_topic.aws_sns_topic.this",
            "module.notifications_premium_topic.aws_sns_topic.this",
            "module.notifications_regional_topic.aws_sns_topic.this",
            "module.notifications_table.aws_dynamodb_table.this",
            "module.pedido_ofertas_table.aws_dynamodb_table.this",
            "module.pedidos_lambda.aws_iam_role.lambda_role",
            "module.pedidos_lambda.aws_lambda_function.lambda",
            "module.pedidos_lambda.data.aws_caller_identity.current",
            "module.pedidos_lambda.data.aws_iam_policy_document.policy_doc",
            "module.pedidos_lambda.module.repo_ecr_lambda.aws_ecr_repository.this",
            "module.pedidos_lambda.null_resource.run_script",
            "module.pedidos_table.aws_dynamodb_table.this",
            "module.rastreamento_lambda.aws_iam_role.lambda_role",
            "module.rastreamento_lambda.aws_lambda_function.lambda",
            "module.rastreamento_lambda.data.aws_caller_identity.current",
            "module.rastreamento_lambda.data.aws_iam_policy_document.policy_doc",
            "module.rastreamento_lambda.module.repo_ecr_lambda.aws_ecr_repository.this",
            "module.rastreamento_lambda.null_resource.run_script",
            "module.smart_routing_lambda.aws_iam_role.lambda_role",
            "module.smart_routing_lambda.aws_lambda_function.lambda",
            "module.smart_routing_lambda.data.aws_caller_identity.current",
            "module.smart_routing_lambda.data.aws_iam_policy_document.policy_doc",
            "module.smart_routing_lambda.module.repo_ecr_lambda.aws_ecr_repository.this",
            "module.smart_routing_lambda.null_resource.run_script",
            "module.users_table.aws_dynamodb_table.this",
            "module.usuarios_lambda.aws_iam_role.lambda_role",
            "module.usuarios_lambda.aws_lambda_function.lambda",
            "module.usuarios_lambda.data.aws_caller_identity.current",
            "module.usuarios_lambda.data.aws_iam_policy_document.policy_doc",
            "module.usuarios_lambda.module.repo_ecr_lambda.aws_ecr_repository.this",
            "module.usuarios_lambda.null_resource.run_script",
            "module.websocket_connections_table.aws_dynamodb_table.this",
            "module.websocket_lambda.aws_iam_role.lambda_role",
            "module.websocket_lambda.aws_lambda_function.lambda",
            "module.websocket_lambda.data.aws_caller_identity.current",
            "module.websocket_lambda.data.aws_iam_policy_document.policy_doc",
            "module.websocket_lambda.module.repo_ecr_lambda.aws_ecr_repository.this",
            "module.websocket_lambda.null_resource.run_script"
          ],
          "create_before_destroy": true
        },
        {
          "index_key": "5",
          "schema_version": 0,
          "attributes": {
            "cache_key_parameters": null,
            "cache_namespace": "yrgy3n",
            "connection_id": "",
            "connection_type": "INTERNET",
            "content_handling": "",
            "credentials": "",
            "http_method": "GET",
            "id": "agi-j0dh1wfnjf-yrgy3n-GET",
            "integration_http_method": "POST",
            "passthrough_behavior": "WHEN_NO_TEMPLATES",
            "region": "us-east-1",
            "request_parameters": null,
            "request_templates": null,
            "resource_id": "yrgy3n",
            "rest_api_id": "j0dh1wfnjf",
            "timeout_milliseconds": 29000,
            "tls_config": [],
            "type": "AWS_PROXY",
            "uri": "arn:aws:apigateway:us-east-1:lambda:path/2015-03-31/functions/arn:aws:lambda:us-east-1:176343551411:function:dev_logistics_pedidos/invocations"
          },
          "sensitive_attributes": [],
          "identity_schema_version": 0,
          "private": "bnVsbA==",
          "dependencies": [
            "aws_apigatewayv2_api.websocket_api",
            "module.api_gateway.aws_api_gateway_authorizer.cognito_authorizer",
            "module.api_gateway.aws_api_gateway_method.rest_endpoint_methods",
            "module.api_gateway.aws_api_gateway_resource.base_resources",
            "module.api_gateway.aws_api_gateway_resource.main_resource",
            "module.api_gateway.aws_api_gateway_resource.variable_resources",
            "module.api_gateway.aws_api_gateway_rest_api.rest_api",
            "module.auth_lambda.aws_iam_role.lambda_role",
            "module.auth_lambda.aws_lambda_function.lambda",
            "module.auth_lambda.data.aws_caller_identity.current",
            "module.auth_lambda.data.aws_iam_policy_document.policy_doc",
            "module.auth_lambda.module.repo_ecr_lambda.aws_ecr_repository.this",
            "module.auth_lambda.null_resource.run_script",
            "module.events_queue.aws_sqs_queue.dead_letter_fifo_queue",
            "module.events_queue.aws_sqs_queue.fifo_queue",
            "module.locations_table.aws_dynamodb_table.this",
            "module.notificacoes_lambda.aws_iam_role.lambda_role",
            "module.notificacoes_lambda.aws_lambda_function.lambda",
            "module.notificacoes_lambda.data.aws_caller_identity.current",
            "module.notificacoes_lambda.data.aws_iam_policy_document.policy_doc",
            "module.notificacoes_lambda.module.repo_ecr_lambda.aws_ecr_repository.this",
            "module.notificacoes_lambda.null_resource.run_script",
            "module.notifications_general_topic.aws_sns_topic.this",
            "module.notifications_premium_topic.aws_sns_topic.this",
            "module.notifications_regional_topic.aws_sns_topic.this",
            "module.notifications_table.aws_dynamodb_table.this",
            "module.pedido_ofertas_table.aws_dynamodb_table.this",
            "module.pedidos_lambda.aws_iam_role.lambda_role",
            "module.pedidos_lambda.aws_lambda_function.lambda",
            "module.pedidos_lambda.data.aws_caller_identity.current",
            "module.pedidos_lambda.data.aws_iam_policy_document.policy_doc",
            "module.pedidos_lambda.module.repo_ecr_lambda.aws_ecr_repository.this",
            "module.pedidos_lambda.null_resource.run_script",
            "module.pedidos_table.aws_dynamodb_table.this",
            "module.rastreamento_lambda.aws_iam_role.lambda_role",
            "module.rastreamento_lambda.aws_lambda_function.lambda",
            "module.rastreamento_lambda.data.aws_caller_identity.current",
            "module.rastreamento_lambda.data.aws_iam_policy_document.policy_doc",
            "module.rastreamento_lambda.module.repo_ecr_lambda.aws_ecr_repository.this",
            "module.rastreamento_lambda.null_resource.run_script",
            "module.smart_routing_lambda.aws_iam_role.lambda_role",
            "module.smart_routing_lambda.aws_lambda_function.lambda",
            "module.smart_routing_lambda.data.aws_caller_identity.current",
            "module.smart_routing_lambda.data.aws_iam_policy_document.policy_doc",
            "module.smart_routing_lambda.module.repo_ecr_lambda.aws_ecr_repository.this",
            "module.smart_routing_lambda.null_resource.run_script",
            "module.users_table.aws_dynamodb_table.this",
            "module.usuarios_lambda.aws_iam_role.lambda_role",
            "module.usuarios_lambda.aws_lambda_function.lambda",
            "module.usuarios_lambda.data.aws_caller_identity.current",
            "module.usuarios_lambda.data.aws_iam_policy_document.policy_doc",
            "module.usuarios_lambda.module.repo_ecr_lambda.aws_ecr_repository.this",
            "module.usuarios_lambda.null_resource.run_script",
            "module.websocket_connections_table.aws_dynamodb_table.this",
            "module.websocket_lambda.aws_iam_role.lambda_role",
            "module.websocket_lambda.aws_lambda_function.lambda",
            "module.websocket_lambda.data.aws_caller_identity.current",
            "module.websocket_lambda.data.aws_iam_policy_document.policy_doc",
            "module.websocket_lambda.module.repo_ecr_lambda.aws_ecr_repository.this",
            "module.websocket_lambda.null_resource.run_script"
          ],
          "create_before_destroy": true
        },
        {
          "index_key": "6",
          "schema_version": 0,
          "attributes": {
            "cache_key_parameters": null,
            "cache_namespace": "xkaxok",
            "connection_id": "",
            "connection_type": "INTERNET",
            "content_handling": "",
            "credentials": "",
            "http_method": "POST",
            "id": "agi-j0dh1wfnjf-xkaxok-POST",
            "integration_http_method": "POST",
            "passthrough_behavior": "WHEN_NO_TEMPLATES",
            "region": "us-east-1",
            "request_parameters": null,
            "request_templates": null,
            "resource_id": "xkaxok",
            "rest_api_id": "j0dh1wfnjf",
            "timeout_milliseconds": 29000,
            "tls_config": [],
            "type": "AWS_PROXY",
            "uri": "arn:aws:apigateway:us-east-1:lambda:path/2015-03-31/functions/arn:aws:lambda:us-east-1:176343551411:function:dev_logistics_pedidos/invocations"
          },
          "sensitive_attributes": [],
          "identity_schema_version": 0,
          "private": "bnVsbA==",
          "dependencies": [
            "aws_apigatewayv2_api.websocket_api",
            "module.api_gateway.aws_api_gateway_authorizer.cognito_authorizer",
            "module.api_gateway.aws_api_gateway_method.rest_endpoint_methods",
            "module.api_gateway.aws_api_gateway_resource.base_resources",
            "module.api_gateway.aws_api_gateway_resource.main_resource",
            "module.api_gateway.aws_api_gateway_resource.variable_resources",
            "module.api_gateway.aws_api_gateway_rest_api.rest_api",
            "module.auth_lambda.aws_iam_role.lambda_role",
            "module.auth_lambda.aws_lambda_function.lambda",
            "module.auth_lambda.data.aws_caller_identity.current",
            "module.auth_lambda.data.aws_iam_policy_document.policy_doc",
            "module.auth_lambda.module.repo_ecr_lambda.aws_ecr_repository.this",
            "module.auth_lambda.null_resource.run_script",
            "module.events_queue.aws_sqs_queue.dead_letter_fifo_queue",
            "module.events_queue.aws_sqs_queue.fifo_queue",
            "module.locations_table.aws_dynamodb_table.this",
            "module.notificacoes_lambda.aws_iam_role.lambda_role",
            "module.notificacoes_lambda.aws_lambda_function.lambda",
            "module.notificacoes_lambda.data.aws_caller_identity.current",
            "module.notificacoes_lambda.data.aws_iam_policy_document.policy_doc",
            "module.notificacoes_lambda.module.repo_ecr_lambda.aws_ecr_repository.this",
            "module.notificacoes_lambda.null_resource.run_script",
            "module.notifications_general_topic.aws_sns_topic.this",
            "module.notifications_premium_topic.aws_sns_topic.this",
            "module.notifications_regional_topic.aws_sns_topic.this",
            "module.notifications_table.aws_dynamodb_table.this",
            "module.pedido_ofertas_table.aws_dynamodb_table.this",
            "module.pedidos_lambda.aws_iam_role.lambda_role",
            "module.pedidos_lambda.aws_lambda_function.lambda",
            "module.pedidos_lambda.data.aws_caller_identity.current",
            "module.pedidos_lambda.data.aws_iam_policy_document.policy_doc",
            "module.pedidos_lambda.module.repo_ecr_lambda.aws_ecr_repository.this",
            "module.pedidos_lambda.null_resource.run_script",
            "module.pedidos_table.aws_dynamodb_table.this",
            "module.rastreamento_lambda.aws_iam_role.lambda_role",
            "module.rastreamento_lambda.aws_lambda_function.lambda",
            "module.rastreamento_lambda.data.aws_caller_identity.current",
            "module.rastreamento_lambda.data.aws_iam_policy_document.policy_doc",
            "module.rastreamento_lambda.module.repo_ecr_lambda.aws_ecr_repository.this",
            "module.rastreamento_lambda.null_resource.run_script",
            "module.smart_routing_lambda.aws_iam_role.lambda_role",
            "module.smart_routing_lambda.aws_lambda_function.lambda",
            "module.smart_routing_lambda.data.aws_caller_identity.current",
            "module.smart_routing_lambda.data.aws_iam_policy_document.policy_doc",
            "module.smart_routing_lambda.module.repo_ecr_lambda.aws_ecr_repository.this",
            "module.smart_routing_lambda.null_resource.run_script",
            "module.users_table.aws_dynamodb_table.this",
            "module.usuarios_lambda.aws_iam_role.lambda_role",
            "module.usuarios_lambda.aws_lambda_function.lambda",
            "module.usuarios_lambda.data.aws_caller_identity.current",
            "module.usuarios_lambda.data.aws_iam_policy_document.policy_doc",
            "module.usuarios_lambda.module.repo_ecr_lambda.aws_ecr_repository.this",
            "module.usuarios_lambda.null_resource.run_script",
            "module.websocket_connections_table.aws_dynamodb_table.this",
            "module.websocket_lambda.aws_iam_role.lambda_role",
            "module.websocket_lambda.aws_lambda_function.lambda",
            "module.websocket_lambda.data.aws_caller_identity.current",
            "module.websocket_lambda.data.aws_iam_policy_document.policy_doc",
            "module.websocket_lambda.module.repo_ecr_lambda.aws_ecr_repository.this",
            "module.websocket_lambda.null_resource.run_script"
          ],
          "create_before_destroy": true
        },
        {
          "index_key": "7",
          "schema_version": 0,
          "attributes": {
            "cache_key_parameters": null,
            "cache_namespace": "2baw9s",
            "connection_id": "",
            "connection_type": "INTERNET",
            "content_handling": "",
            "credentials": "",
            "http_method": "PATCH",
            "id": "agi-j0dh1wfnjf-2baw9s-PATCH",
            "integration_http_method": "POST",
            "passthrough_behavior": "WHEN_NO_TEMPLATES",
            "region": "us-east-1",
            "request_parameters": null,
            "request_templates": null,
            "resource_id": "2baw9s",
            "rest_api_id": "j0dh1wfnjf",
            "timeout_milliseconds": 29000,
            "tls_config": [],
            "type": "AWS_PROXY",
            "uri": "arn:aws:apigateway:us-east-1:lambda:path/2015-03-31/functions/arn:aws:lambda:us-east-1:176343551411:function:dev_logistics_pedidos/invocations"
          },
          "sensitive_attributes": [],
          "identity_schema_version": 0,
          "private": "bnVsbA==",
          "dependencies": [
            "aws_apigatewayv2_api.websocket_api",
            "module.api_gateway.aws_api_gateway_authorizer.cognito_authorizer",
            "module.api_gateway.aws_api_gateway_method.rest_endpoint_methods",
            "module.api_gateway.aws_api_gateway_resource.base_resources",
            "module.api_gateway.aws_api_gateway_resource.main_resource",
            "module.api_gateway.aws_api_gateway_resource.variable_resources",
            "module.api_gateway.aws_api_gateway_rest_api.rest_api",
            "module.auth_lambda.aws_iam_role.lambda_role",
            "module.auth_lambda.aws_lambda_function.lambda",
            "module.auth_lambda.data.aws_caller_identity.current",
            "module.auth_lambda.data.aws_iam_policy_document.policy_doc",
            "module.auth_lambda.module.repo_ecr_lambda.aws_ecr_repository.this",
            "module.auth_lambda.null_resource.run_script",
            "module.events_queue.aws_sqs_queue.dead_letter_fifo_queue",
            "module.events_queue.aws_sqs_queue.fifo_queue",
            "module.locations_table.aws_dynamodb_table.this",
            "module.notificacoes_lambda.aws_iam_role.lambda_role",
            "module.notificacoes_lambda.aws_lambda_function.lambda",
            "module.notificacoes_lambda.data.aws_caller_identity.current",
            "module.notificacoes_lambda.data.aws_iam_policy_document.policy_doc",
            "module.notificacoes_lambda.module.repo_ecr_lambda.aws_ecr_repository.this",
            "module.notificacoes_lambda.null_resource.run_script",
            "module.notifications_general_topic.aws_sns_topic.this",
            "module.notifications_premium_topic.aws_sns_topic.this",
            "module.notifications_regional_topic.aws_sns_topic.this",
            "module.notifications_table.aws_dynamodb_table.this",
            "module.pedido_ofertas_table.aws_dynamodb_table.this",
            "module.pedidos_lambda.aws_iam_role.lambda_role",
            "module.pedidos_lambda.aws_lambda_function.lambda",
            "module.pedidos_lambda.data.aws_caller_identity.current",
            "module.pedidos_lambda.data.aws_iam_policy_document.policy_doc",
            "module.pedidos_lambda.module.repo_ecr_lambda.aws_ecr_repository.this",
            "module.pedidos_lambda.null_resource.run_script",
            "module.pedidos_table.aws_dynamodb_table.this",
            "module.rastreamento_lambda.aws_iam_role.lambda_role",
            "module.rastreamento_lambda.aws_lambda_function.lambda",
            "module.rastreamento_lambda.data.aws_caller_identity.current",
            "module.rastreamento_lambda.data.aws_iam_policy_document.policy_doc",
            "module.rastreamento_lambda.module.repo_ecr_lambda.aws_ecr_repository.this",
            "module.rastreamento_lambda.null_resource.run_script",
            "module.smart_routing_lambda.aws_iam_role.lambda_role",
            "module.smart_routing_lambda.aws_lambda_function.lambda",
            "module.smart_routing_lambda.data.aws_caller_identity.current",
            "module.smart_routing_lambda.data.aws_iam_policy_document.policy_doc",
            "module.smart_routing_lambda.module.repo_ecr_lambda.aws_ecr_repository.this",
            "module.smart_routing_lambda.null_resource.run_script",
            "module.users_table.aws_dynamodb_table.this",
            "module.usuarios_lambda.aws_iam_role.lambda_role",
            "module.usuarios_lambda.aws_lambda_function.lambda",
            "module.usuarios_lambda.data.aws_caller_identity.current",
            "module.usuarios_lambda.data.aws_iam_policy_document.policy_doc",
            "module.usuarios_lambda.module.repo_ecr_lambda.aws_ecr_repository.this",
            "module.usuarios_lambda.null_resource.run_script",
            "module.websocket_connections_table.aws_dynamodb_table.this",
            "module.websocket_lambda.aws_iam_role.lambda_role",
            "module.websocket_lambda.aws_lambda_function.lambda",
            "module.websocket_lambda.data.aws_caller_identity.current",
            "module.websocket_lambda.data.aws_iam_policy_document.policy_doc",
            "module.websocket_lambda.module.repo_ecr_lambda.aws_ecr_repository.this",
            "module.websocket_lambda.null_resource.run_script"
          ],
          "create_before_destroy": true
        },
        {
          "index_key": "8",
          "schema_version": 0,
          "attributes": {
            "cache_key_parameters": null,
            "cache_namespace": "cn0ist",
            "connection_id": "",
            "connection_type": "INTERNET",
            "content_handling": "",
            "credentials": "",
            "http_method": "GET",
            "id": "agi-j0dh1wfnjf-cn0ist-GET",
            "integration_http_method": "POST",
            "passthrough_behavior": "WHEN_NO_TEMPLATES",
            "region": "us-east-1",
            "request_parameters": null,
            "request_templates": null,
            "resource_id": "cn0ist",
            "rest_api_id": "j0dh1wfnjf",
            "timeout_milliseconds": 29000,
            "tls_config": [],
            "type": "AWS_PROXY",
            "uri": "arn:aws:apigateway:us-east-1:lambda:path/2015-03-31/functions/arn:aws:lambda:us-east-1:176343551411:function:dev_logistics_notificacoes/invocations"
          },
          "sensitive_attributes": [],
          "identity_schema_version": 0,
          "private": "bnVsbA==",
          "dependencies": [
            "aws_apigatewayv2_api.websocket_api",
            "module.api_gateway.aws_api_gateway_authorizer.cognito_authorizer",
            "module.api_gateway.aws_api_gateway_method.rest_endpoint_methods",
            "module.api_gateway.aws_api_gateway_resource.base_resources",
            "module.api_gateway.aws_api_gateway_resource.main_resource",
            "module.api_gateway.aws_api_gateway_resource.variable_resources",
            "module.api_gateway.aws_api_gateway_rest_api.rest_api",
            "module.auth_lambda.aws_iam_role.lambda_role",
            "module.auth_lambda.aws_lambda_function.lambda",
            "module.auth_lambda.data.aws_caller_identity.current",
            "module.auth_lambda.data.aws_iam_policy_document.policy_doc",
            "module.auth_lambda.module.repo_ecr_lambda.aws_ecr_repository.this",
            "module.auth_lambda.null_resource.run_script",
            "module.events_queue.aws_sqs_queue.dead_letter_fifo_queue",
            "module.events_queue.aws_sqs_queue.fifo_queue",
            "module.locations_table.aws_dynamodb_table.this",
            "module.notificacoes_lambda.aws_iam_role.lambda_role",
            "module.notificacoes_lambda.aws_lambda_function.lambda",
            "module.notificacoes_lambda.data.aws_caller_identity.current",
            "module.notificacoes_lambda.data.aws_iam_policy_document.policy_doc",
            "module.notificacoes_lambda.module.repo_ecr_lambda.aws_ecr_repository.this",
            "module.notificacoes_lambda.null_resource.run_script",
            "module.notifications_general_topic.aws_sns_topic.this",
            "module.notifications_premium_topic.aws_sns_topic.this",
            "module.notifications_regional_topic.aws_sns_topic.this",
            "module.notifications_table.aws_dynamodb_table.this",
            "module.pedido_ofertas_table.aws_dynamodb_table.this",
            "module.pedidos_lambda.aws_iam_role.lambda_role",
            "module.pedidos_lambda.aws_lambda_function.lambda",
            "module.pedidos_lambda.data.aws_caller_identity.current",
            "module.pedidos_lambda.data.aws_iam_policy_document.policy_doc",
            "module.pedidos_lambda.module.repo_ecr_lambda.aws_ecr_repository.this",
            "module.pedidos_lambda.null_resource.run_script",
            "module.pedidos_table.aws_dynamodb_table.this",
            "module.rastreamento_lambda.aws_iam_role.lambda_role",
            "module.rastreamento_lambda.aws_lambda_function.lambda",
            "module.rastreamento_lambda.data.aws_caller_identity.current",
            "module.rastreamento_lambda.data.aws_iam_policy_document.policy_doc",
            "module.rastreamento_lambda.module.repo_ecr_lambda.aws_ecr_repository.this",
            "module.rastreamento_lambda.null_resource.run_script",
            "module.smart_routing_lambda.aws_iam_role.lambda_role",
            "module.smart_routing_lambda.aws_lambda_function.lambda",
            "module.smart_routing_lambda.data.aws_caller_identity.current",
            "module.smart_routing_lambda.data.aws_iam_policy_document.policy_doc",
            "module.smart_routing_lambda.module.repo_ecr_lambda.aws_ecr_repository.this",
            "module.smart_routing_lambda.null_resource.run_script",
            "module.users_table.aws_dynamodb_table.this",
            "module.usuarios_lambda.aws_iam_role.lambda_role",
            "module.usuarios_lambda.aws_lambda_function.lambda",
            "module.usuarios_lambda.data.aws_caller_identity.current",
            "module.usuarios_lambda.data.aws_iam_policy_document.policy_doc",
            "module.usuarios_lambda.module.repo_ecr_lambda.aws_ecr_repository.this",
            "module.usuarios_lambda.null_resource.run_script",
            "module.websocket_connections_table.aws_dynamodb_table.this",
            "module.websocket_lambda.aws_iam_role.lambda_role",
            "module.websocket_lambda.aws_lambda_function.lambda",
            "module.websocket_lambda.data.aws_caller_identity.current",
            "module.websocket_lambda.data.aws_iam_policy_document.policy_doc",
            "module.websocket_lambda.module.repo_ecr_lambda.aws_ecr_repository.this",
            "module.websocket_lambda.null_resource.run_script"
          ],
          "create_before_destroy": true
        },
        {
          "index_key": "9",
          "schema_version": 0,
          "attributes": {
            "cache_key_parameters": null,
            "cache_namespace": "sjrnpa",
            "connection_id": "",
            "connection_type": "INTERNET",
            "content_handling": "",
            "credentials": "",
            "http_method": "PATCH",
            "id": "agi-j0dh1wfnjf-sjrnpa-PATCH",
            "integration_http_method": "POST",
            "passthrough_behavior": "WHEN_NO_TEMPLATES",
            "region": "us-east-1",
            "request_parameters": null,
            "request_templates": null,
            "resource_id": "sjrnpa",
            "rest_api_id": "j0dh1wfnjf",
            "timeout_milliseconds": 29000,
            "tls_config": [],
            "type": "AWS_PROXY",
            "uri": "arn:aws:apigateway:us-east-1:lambda:path/2015-03-31/functions/arn:aws:lambda:us-east-1:176343551411:function:dev_logistics_notificacoes/invocations"
          },
          "sensitive_attributes": [],
          "identity_schema_version": 0,
          "private": "bnVsbA==",
          "dependencies": [
            "aws_apigatewayv2_api.websocket_api",
            "module.api_gateway.aws_api_gateway_authorizer.cognito_authorizer",
            "module.api_gateway.aws_api_gateway_method.rest_endpoint_methods",
            "module.api_gateway.aws_api_gateway_resource.base_resources",
            "module.api_gateway.aws_api_gateway_resource.main_resource",
            "module.api_gateway.aws_api_gateway_resource.variable_resources",
            "module.api_gateway.aws_api_gateway_rest_api.rest_api",
            "module.auth_lambda.aws_iam_role.lambda_role",
            "module.auth_lambda.aws_lambda_function.lambda",
            "module.auth_lambda.data.aws_caller_identity.current",
            "module.auth_lambda.data.aws_iam_policy_document.policy_doc",
            "module.auth_lambda.module.repo_ecr_lambda.aws_ecr_repository.this",
            "module.auth_lambda.null_resource.run_script",
            "module.events_queue.aws_sqs_queue.dead_letter_fifo_queue",
            "module.events_queue.aws_sqs_queue.fifo_queue",
            "module.locations_table.aws_dynamodb_table.this",
            "module.notificacoes_lambda.aws_iam_role.lambda_role",
            "module.notificacoes_lambda.aws_lambda_function.lambda",
            "module.notificacoes_lambda.data.aws_caller_identity.current",
            "module.notificacoes_lambda.data.aws_iam_policy_document.policy_doc",
            "module.notificacoes_lambda.module.repo_ecr_lambda.aws_ecr_repository.this",
            "module.notificacoes_lambda.null_resource.run_script",
            "module.notifications_general_topic.aws_sns_topic.this",
            "module.notifications_premium_topic.aws_sns_topic.this",
            "module.notifications_regional_topic.aws_sns_topic.this",
            "module.notifications_table.aws_dynamodb_table.this",
            "module.pedido_ofertas_table.aws_dynamodb_table.this",
            "module.pedidos_lambda.aws_iam_role.lambda_role",
            "module.pedidos_lambda.aws_lambda_function.lambda",
            "module.pedidos_lambda.data.aws_caller_identity.current",
            "module.pedidos_lambda.data.aws_iam_policy_document.policy_doc",
            "module.pedidos_lambda.module.repo_ecr_lambda.aws_ecr_repository.this",
            "module.pedidos_lambda.null_resource.run_script",
            "module.pedidos_table.aws_dynamodb_table.this",
            "module.rastreamento_lambda.aws_iam_role.lambda_role",
            "module.rastreamento_lambda.aws_lambda_function.lambda",
            "module.rastreamento_lambda.data.aws_caller_identity.current",
            "module.rastreamento_lambda.data.aws_iam_policy_document.policy_doc",
            "module.rastreamento_lambda.module.repo_ecr_lambda.aws_ecr_repository.this",
            "module.rastreamento_lambda.null_resource.run_script",
            "module.smart_routing_lambda.aws_iam_role.lambda_role",
            "module.smart_routing_lambda.aws_lambda_function.lambda",
            "module.smart_routing_lambda.data.aws_caller_identity.current",
            "module.smart_routing_lambda.data.aws_iam_policy_document.policy_doc",
            "module.smart_routing_lambda.module.repo_ecr_lambda.aws_ecr_repository.this",
            "module.smart_routing_lambda.null_resource.run_script",
            "module.users_table.aws_dynamodb_table.this",
            "module.usuarios_lambda.aws_iam_role.lambda_role",
            "module.usuarios_lambda.aws_lambda_function.lambda",
            "module.usuarios_lambda.data.aws_caller_identity.current",
            "module.usuarios_lambda.data.aws_iam_policy_document.policy_doc",
            "module.usuarios_lambda.module.repo_ecr_lambda.aws_ecr_repository.this",
            "module.usuarios_lambda.null_resource.run_script",
            "module.websocket_connections_table.aws_dynamodb_table.this",
            "module.websocket_lambda.aws_iam_role.lambda_role",
            "module.websocket_lambda.aws_lambda_function.lambda",
            "module.websocket_lambda.data.aws_caller_identity.current",
            "module.websocket_lambda.data.aws_iam_policy_document.policy_doc",
            "module.websocket_lambda.module.repo_ecr_lambda.aws_ecr_repository.this",
            "module.websocket_lambda.null_resource.run_script"
          ],
          "create_before_destroy": true
        }
      ]
    },
    {
      "module": "module.api_gateway",
      "mode": "managed",
      "type": "aws_api_gateway_integration_response",
      "name": "rest_endpoint_integration_responses",
      "provider": "provider[\"registry.terraform.io/hashicorp/aws\"]",
      "instances": [
        {
          "index_key": "0",
          "schema_version": 0,
          "attributes": {
            "content_handling": "",
            "http_method": "POST",
            "id": "agir-j0dh1wfnjf-3t93n1-POST-200",
            "region": "us-east-1",
            "resource_id": "3t93n1",
            "response_parameters": null,
            "response_templates": null,
            "rest_api_id": "j0dh1wfnjf",
            "selection_pattern": "",
            "status_code": "200"
          },
          "sensitive_attributes": [],
          "identity_schema_version": 0,
          "private": "bnVsbA==",
          "dependencies": [
            "aws_apigatewayv2_api.websocket_api",
            "module.api_gateway.aws_api_gateway_authorizer.cognito_authorizer",
            "module.api_gateway.aws_api_gateway_integration.rest_endpoint_integrations",
            "module.api_gateway.aws_api_gateway_method.rest_endpoint_methods",
            "module.api_gateway.aws_api_gateway_method_response.rest_endpoint_method_responses",
            "module.api_gateway.aws_api_gateway_resource.base_resources",
            "module.api_gateway.aws_api_gateway_resource.main_resource",
            "module.api_gateway.aws_api_gateway_resource.variable_resources",
            "module.api_gateway.aws_api_gateway_rest_api.rest_api",
            "module.auth_lambda.aws_iam_role.lambda_role",
            "module.auth_lambda.aws_lambda_function.lambda",
            "module.auth_lambda.data.aws_caller_identity.current",
            "module.auth_lambda.data.aws_iam_policy_document.policy_doc",
            "module.auth_lambda.module.repo_ecr_lambda.aws_ecr_repository.this",
            "module.auth_lambda.null_resource.run_script",
            "module.events_queue.aws_sqs_queue.dead_letter_fifo_queue",
            "module.events_queue.aws_sqs_queue.fifo_queue",
            "module.locations_table.aws_dynamodb_table.this",
            "module.notificacoes_lambda.aws_iam_role.lambda_role",
            "module.notificacoes_lambda.aws_lambda_function.lambda",
            "module.notificacoes_lambda.data.aws_caller_identity.current",
            "module.notificacoes_lambda.data.aws_iam_policy_document.policy_doc",
            "module.notificacoes_lambda.module.repo_ecr_lambda.aws_ecr_repository.this",
            "module.notificacoes_lambda.null_resource.run_script",
            "module.notifications_general_topic.aws_sns_topic.this",
            "module.notifications_premium_topic.aws_sns_topic.this",
            "module.notifications_regional_topic.aws_sns_topic.this",
            "module.notifications_table.aws_dynamodb_table.this",
            "module.pedido_ofertas_table.aws_dynamodb_table.this",
            "module.pedidos_lambda.aws_iam_role.lambda_role",
            "module.pedidos_lambda.aws_lambda_function.lambda",
            "module.pedidos_lambda.data.aws_caller_identity.current",
            "module.pedidos_lambda.data.aws_iam_policy_document.policy_doc",
            "module.pedidos_lambda.module.repo_ecr_lambda.aws_ecr_repository.this",
            "module.pedidos_lambda.null_resource.run_script",
            "module.pedidos_table.aws_dynamodb_table.this",
            "module.rastreamento_lambda.aws_iam_role.lambda_role",
            "module.rastreamento_lambda.aws_lambda_function.lambda",
            "module.rastreamento_lambda.data.aws_caller_identity.current",
            "module.rastreamento_lambda.data.aws_iam_policy_document.policy_doc",
            "module.rastreamento_lambda.module.repo_ecr_lambda.aws_ecr_repository.this",
            "module.rastreamento_lambda.null_resource.run_script",
            "module.smart_routing_lambda.aws_iam_role.lambda_role",
            "module.smart_routing_lambda.aws_lambda_function.lambda",
            "module.smart_routing_lambda.data.aws_caller_identity.current",
            "module.smart_routing_lambda.data.aws_iam_policy_document.policy_doc",
            "module.smart_routing_lambda.module.repo_ecr_lambda.aws_ecr_repository.this",
            "module.smart_routing_lambda.null_resource.run_script",
            "module.users_table.aws_dynamodb_table.this",
            "module.usuarios_lambda.aws_iam_role.lambda_role",
            "module.usuarios_lambda.aws_lambda_function.lambda",
            "module.usuarios_lambda.data.aws_caller_identity.current",
            "module.usuarios_lambda.data.aws_iam_policy_document.policy_doc",
            "module.usuarios_lambda.module.repo_ecr_lambda.aws_ecr_repository.this",
            "module.usuarios_lambda.null_resource.run_script",
            "module.websocket_connections_table.aws_dynamodb_table.this",
            "module.websocket_lambda.aws_iam_role.lambda_role",
            "module.websocket_lambda.aws_lambda_function.lambda",
            "module.websocket_lambda.data.aws_caller_identity.current",
            "module.websocket_lambda.data.aws_iam_policy_document.policy_doc",
            "module.websocket_lambda.module.repo_ecr_lambda.aws_ecr_repository.this",
            "module.websocket_lambda.null_resource.run_script"
          ],
          "create_before_destroy": true
        },
        {
          "index_key": "1",
          "schema_version": 0,
          "attributes": {
            "content_handling": "",
            "http_method": "POST",
            "id": "agir-j0dh1wfnjf-7nqzah-POST-201",
            "region": "us-east-1",
            "resource_id": "7nqzah",
            "response_parameters": null,
            "response_templates": null,
            "rest_api_id": "j0dh1wfnjf",
            "selection_pattern": "",
            "status_code": "201"
          },
          "sensitive_attributes": [],
          "identity_schema_version": 0,
          "private": "bnVsbA==",
          "dependencies": [
            "aws_apigatewayv2_api.websocket_api",
            "module.api_gateway.aws_api_gateway_authorizer.cognito_authorizer",
            "module.api_gateway.aws_api_gateway_integration.rest_endpoint_integrations",
            "module.api_gateway.aws_api_gateway_method.rest_endpoint_methods",
            "module.api_gateway.aws_api_gateway_method_response.rest_endpoint_method_responses",
            "module.api_gateway.aws_api_gateway_resource.base_resources",
            "module.api_gateway.aws_api_gateway_resource.main_resource",
            "module.api_gateway.aws_api_gateway_resource.variable_resources",
            "module.api_gateway.aws_api_gateway_rest_api.rest_api",
            "module.auth_lambda.aws_iam_role.lambda_role",
            "module.auth_lambda.aws_lambda_function.lambda",
            "module.auth_lambda.data.aws_caller_identity.current",
            "module.auth_lambda.data.aws_iam_policy_document.policy_doc",
            "module.auth_lambda.module.repo_ecr_lambda.aws_ecr_repository.this",
            "module.auth_lambda.null_resource.run_script",
            "module.events_queue.aws_sqs_queue.dead_letter_fifo_queue",
            "module.events_queue.aws_sqs_queue.fifo_queue",
            "module.locations_table.aws_dynamodb_table.this",
            "module.notificacoes_lambda.aws_iam_role.lambda_role",
            "module.notificacoes_lambda.aws_lambda_function.lambda",
            "module.notificacoes_lambda.data.aws_caller_identity.current",
            "module.notificacoes_lambda.data.aws_iam_policy_document.policy_doc",
            "module.notificacoes_lambda.module.repo_ecr_lambda.aws_ecr_repository.this",
            "module.notificacoes_lambda.null_resource.run_script",
            "module.notifications_general_topic.aws_sns_topic.this",
            "module.notifications_premium_topic.aws_sns_topic.this",
            "module.notifications_regional_topic.aws_sns_topic.this",
            "module.notifications_table.aws_dynamodb_table.this",
            "module.pedido_ofertas_table.aws_dynamodb_table.this",
            "module.pedidos_lambda.aws_iam_role.lambda_role",
            "module.pedidos_lambda.aws_lambda_function.lambda",
            "module.pedidos_lambda.data.aws_caller_identity.current",
            "module.pedidos_lambda.data.aws_iam_policy_document.policy_doc",
            "module.pedidos_lambda.module.repo_ecr_lambda.aws_ecr_repository.this",
            "module.pedidos_lambda.null_resource.run_script",
            "module.pedidos_table.aws_dynamodb_table.this",
            "module.rastreamento_lambda.aws_iam_role.lambda_role",
            "module.rastreamento_lambda.aws_lambda_function.lambda",
            "module.rastreamento_lambda.data.aws_caller_identity.current",
            "module.rastreamento_lambda.data.aws_iam_policy_document.policy_doc",
            "module.rastreamento_lambda.module.repo_ecr_lambda.aws_ecr_repository.this",
            "module.rastreamento_lambda.null_resource.run_script",
            "module.smart_routing_lambda.aws_iam_role.lambda_role",
            "module.smart_routing_lambda.aws_lambda_function.lambda",
            "module.smart_routing_lambda.data.aws_caller_identity.current",
            "module.smart_routing_lambda.data.aws_iam_policy_document.policy_doc",
            "module.smart_routing_lambda.module.repo_ecr_lambda.aws_ecr_repository.this",
            "module.smart_routing_lambda.null_resource.run_script",
            "module.users_table.aws_dynamodb_table.this",
            "module.usuarios_lambda.aws_iam_role.lambda_role",
            "module.usuarios_lambda.aws_lambda_function.lambda",
            "module.usuarios_lambda.data.aws_caller_identity.current",
            "module.usuarios_lambda.data.aws_iam_policy_document.policy_doc",
            "module.usuarios_lambda.module.repo_ecr_lambda.aws_ecr_repository.this",
            "module.usuarios_lambda.null_resource.run_script",
            "module.websocket_connections_table.aws_dynamodb_table.this",
            "module.websocket_lambda.aws_iam_role.lambda_role",
            "module.websocket_lambda.aws_lambda_function.lambda",
            "module.websocket_lambda.data.aws_caller_identity.current",
            "module.websocket_lambda.data.aws_iam_policy_document.policy_doc",
            "module.websocket_lambda.module.repo_ecr_lambda.aws_ecr_repository.this",
            "module.websocket_lambda.null_resource.run_script"
          ],
          "create_before_destroy": true
        },
        {
          "index_key": "10",
          "schema_version": 0,
          "attributes": {
            "content_handling": "",
            "http_method": "POST",
            "id": "agir-j0dh1wfnjf-zorlbk-POST-200",
            "region": "us-east-1",
            "resource_id": "zorlbk",
            "response_parameters": null,
            "response_templates": null,
            "rest_api_id": "j0dh1wfnjf",
            "selection_pattern": "",
            "status_code": "200"
          },
          "sensitive_attributes": [],
          "identity_schema_version": 0,
          "private": "bnVsbA==",
          "dependencies": [
            "aws_apigatewayv2_api.websocket_api",
            "module.api_gateway.aws_api_gateway_authorizer.cognito_authorizer",
            "module.api_gateway.aws_api_gateway_integration.rest_endpoint_integrations",
            "module.api_gateway.aws_api_gateway_method.rest_endpoint_methods",
            "module.api_gateway.aws_api_gateway_method_response.rest_endpoint_method_responses",
            "module.api_gateway.aws_api_gateway_resource.base_resources",
            "module.api_gateway.aws_api_gateway_resource.main_resource",
            "module.api_gateway.aws_api_gateway_resource.variable_resources",
            "module.api_gateway.aws_api_gateway_rest_api.rest_api",
            "module.auth_lambda.aws_iam_role.lambda_role",
            "module.auth_lambda.aws_lambda_function.lambda",
            "module.auth_lambda.data.aws_caller_identity.current",
            "module.auth_lambda.data.aws_iam_policy_document.policy_doc",
            "module.auth_lambda.module.repo_ecr_lambda.aws_ecr_repository.this",
            "module.auth_lambda.null_resource.run_script",
            "module.events_queue.aws_sqs_queue.dead_letter_fifo_queue",
            "module.events_queue.aws_sqs_queue.fifo_queue",
            "module.locations_table.aws_dynamodb_table.this",
            "module.notificacoes_lambda.aws_iam_role.lambda_role",
            "module.notificacoes_lambda.aws_lambda_function.lambda",
            "module.notificacoes_lambda.data.aws_caller_identity.current",
            "module.notificacoes_lambda.data.aws_iam_policy_document.policy_doc",
            "module.notificacoes_lambda.module.repo_ecr_lambda.aws_ecr_repository.this",
            "module.notificacoes_lambda.null_resource.run_script",
            "module.notifications_general_topic.aws_sns_topic.this",
            "module.notifications_premium_topic.aws_sns_topic.this",
            "module.notifications_regional_topic.aws_sns_topic.this",
            "module.notifications_table.aws_dynamodb_table.this",
            "module.pedido_ofertas_table.aws_dynamodb_table.this",
            "module.pedidos_lambda.aws_iam_role.lambda_role",
            "module.pedidos_lambda.aws_lambda_function.lambda",
            "module.pedidos_lambda.data.aws_caller_identity.current",
            "module.pedidos_lambda.data.aws_iam_policy_document.policy_doc",
            "module.pedidos_lambda.module.repo_ecr_lambda.aws_ecr_repository.this",
            "module.pedidos_lambda.null_resource.run_script",
            "module.pedidos_table.aws_dynamodb_table.this",
            "module.rastreamento_lambda.aws_iam_role.lambda_role",
            "module.rastreamento_lambda.aws_lambda_function.lambda",
            "module.rastreamento_lambda.data.aws_caller_identity.current",
            "module.rastreamento_lambda.data.aws_iam_policy_document.policy_doc",
            "module.rastreamento_lambda.module.repo_ecr_lambda.aws_ecr_repository.this",
            "module.rastreamento_lambda.null_resource.run_script",
            "module.smart_routing_lambda.aws_iam_role.lambda_role",
            "module.smart_routing_lambda.aws_lambda_function.lambda",
            "module.smart_routing_lambda.data.aws_caller_identity.current",
            "module.smart_routing_lambda.data.aws_iam_policy_document.policy_doc",
            "module.smart_routing_lambda.module.repo_ecr_lambda.aws_ecr_repository.this",
            "module.smart_routing_lambda.null_resource.run_script",
            "module.users_table.aws_dynamodb_table.this",
            "module.usuarios_lambda.aws_iam_role.lambda_role",
            "module.usuarios_lambda.aws_lambda_function.lambda",
            "module.usuarios_lambda.data.aws_caller_identity.current",
            "module.usuarios_lambda.data.aws_iam_policy_document.policy_doc",
            "module.usuarios_lambda.module.repo_ecr_lambda.aws_ecr_repository.this",
            "module.usuarios_lambda.null_resource.run_script",
            "module.websocket_connections_table.aws_dynamodb_table.this",
            "module.websocket_lambda.aws_iam_role.lambda_role",
            "module.websocket_lambda.aws_lambda_function.lambda",
            "module.websocket_lambda.data.aws_caller_identity.current",
            "module.websocket_lambda.data.aws_iam_policy_document.policy_doc",
            "module.websocket_lambda.module.repo_ecr_lambda.aws_ecr_repository.this",
            "module.websocket_lambda.null_resource.run_script"
          ],
          "create_before_destroy": true
        },
        {
          "index_key": "11",
          "schema_version": 0,
          "attributes": {
            "content_handling": "",
            "http_method": "GET",
            "id": "agir-j0dh1wfnjf-f16fno-GET-200",
            "region": "us-east-1",
            "resource_id": "f16fno",
            "response_parameters": null,
            "response_templates": null,
            "rest_api_id": "j0dh1wfnjf",
            "selection_pattern": "",
            "status_code": "200"
          },
          "sensitive_attributes": [],
          "identity_schema_version": 0,
          "private": "bnVsbA==",
          "dependencies": [
            "aws_apigatewayv2_api.websocket_api",
            "module.api_gateway.aws_api_gateway_authorizer.cognito_authorizer",
            "module.api_gateway.aws_api_gateway_integration.rest_endpoint_integrations",
            "module.api_gateway.aws_api_gateway_method.rest_endpoint_methods",
            "module.api_gateway.aws_api_gateway_method_response.rest_endpoint_method_responses",
            "module.api_gateway.aws_api_gateway_resource.base_resources",
            "module.api_gateway.aws_api_gateway_resource.main_resource",
            "module.api_gateway.aws_api_gateway_resource.variable_resources",
            "module.api_gateway.aws_api_gateway_rest_api.rest_api",
            "module.auth_lambda.aws_iam_role.lambda_role",
            "module.auth_lambda.aws_lambda_function.lambda",
            "module.auth_lambda.data.aws_caller_identity.current",
            "module.auth_lambda.data.aws_iam_policy_document.policy_doc",
            "module.auth_lambda.module.repo_ecr_lambda.aws_ecr_repository.this",
            "module.auth_lambda.null_resource.run_script",
            "module.events_queue.aws_sqs_queue.dead_letter_fifo_queue",
            "module.events_queue.aws_sqs_queue.fifo_queue",
            "module.locations_table.aws_dynamodb_table.this",
            "module.notificacoes_lambda.aws_iam_role.lambda_role",
            "module.notificacoes_lambda.aws_lambda_function.lambda",
            "module.notificacoes_lambda.data.aws_caller_identity.current",
            "module.notificacoes_lambda.data.aws_iam_policy_document.policy_doc",
            "module.notificacoes_lambda.module.repo_ecr_lambda.aws_ecr_repository.this",
            "module.notificacoes_lambda.null_resource.run_script",
            "module.notifications_general_topic.aws_sns_topic.this",
            "module.notifications_premium_topic.aws_sns_topic.this",
            "module.notifications_regional_topic.aws_sns_topic.this",
            "module.notifications_table.aws_dynamodb_table.this",
            "module.pedido_ofertas_table.aws_dynamodb_table.this",
            "module.pedidos_lambda.aws_iam_role.lambda_role",
            "module.pedidos_lambda.aws_lambda_function.lambda",
            "module.pedidos_lambda.data.aws_caller_identity.current",
            "module.pedidos_lambda.data.aws_iam_policy_document.policy_doc",
            "module.pedidos_lambda.module.repo_ecr_lambda.aws_ecr_repository.this",
            "module.pedidos_lambda.null_resource.run_script",
            "module.pedidos_table.aws_dynamodb_table.this",
            "module.rastreamento_lambda.aws_iam_role.lambda_role",
            "module.rastreamento_lambda.aws_lambda_function.lambda",
            "module.rastreamento_lambda.data.aws_caller_identity.current",
            "module.rastreamento_lambda.data.aws_iam_policy_document.policy_doc",
            "module.rastreamento_lambda.module.repo_ecr_lambda.aws_ecr_repository.this",
            "module.rastreamento_lambda.null_resource.run_script",
            "module.smart_routing_lambda.aws_iam_role.lambda_role",
            "module.smart_routing_lambda.aws_lambda_function.lambda",
            "module.smart_routing_lambda.data.aws_caller_identity.current",
            "module.smart_routing_lambda.data.aws_iam_policy_document.policy_doc",
            "module.smart_routing_lambda.module.repo_ecr_lambda.aws_ecr_repository.this",
            "module.smart_routing_lambda.null_resource.run_script",
            "module.users_table.aws_dynamodb_table.this",
            "module.usuarios_lambda.aws_iam_role.lambda_role",
            "module.usuarios_lambda.aws_lambda_function.lambda",
            "module.usuarios_lambda.data.aws_caller_identity.current",
            "module.usuarios_lambda.data.aws_iam_policy_document.policy_doc",
            "module.usuarios_lambda.module.repo_ecr_lambda.aws_ecr_repository.this",
            "module.usuarios_lambda.null_resource.run_script",
            "module.websocket_connections_table.aws_dynamodb_table.this",
            "module.websocket_lambda.aws_iam_role.lambda_role",
            "module.websocket_lambda.aws_lambda_function.lambda",
            "module.websocket_lambda.data.aws_caller_identity.current",
            "module.websocket_lambda.data.aws_iam_policy_document.policy_doc",
            "module.websocket_lambda.module.repo_ecr_lambda.aws_ecr_repository.this",
            "module.websocket_lambda.null_resource.run_script"
          ],
          "create_before_destroy": true
        },
        {
          "index_key": "12",
          "schema_version": 0,
          "attributes": {
            "content_handling": "",
            "http_method": "GET",
            "id": "agir-j0dh1wfnjf-gnorps-GET-200",
            "region": "us-east-1",
            "resource_id": "gnorps",
            "response_parameters": null,
            "response_templates": null,
            "rest_api_id": "j0dh1wfnjf",
            "selection_pattern": "",
            "status_code": "200"
          },
          "sensitive_attributes": [],
          "identity_schema_version": 0,
          "private": "bnVsbA==",
          "dependencies": [
            "aws_apigatewayv2_api.websocket_api",
            "module.api_gateway.aws_api_gateway_authorizer.cognito_authorizer",
            "module.api_gateway.aws_api_gateway_integration.rest_endpoint_integrations",
            "module.api_gateway.aws_api_gateway_method.rest_endpoint_methods",
            "module.api_gateway.aws_api_gateway_method_response.rest_endpoint_method_responses",
            "module.api_gateway.aws_api_gateway_resource.base_resources",
            "module.api_gateway.aws_api_gateway_resource.main_resource",
            "module.api_gateway.aws_api_gateway_resource.variable_resources",
            "module.api_gateway.aws_api_gateway_rest_api.rest_api",
            "module.auth_lambda.aws_iam_role.lambda_role",
            "module.auth_lambda.aws_lambda_function.lambda",
            "module.auth_lambda.data.aws_caller_identity.current",
            "module.auth_lambda.data.aws_iam_policy_document.policy_doc",
            "module.auth_lambda.module.repo_ecr_lambda.aws_ecr_repository.this",
            "module.auth_lambda.null_resource.run_script",
            "module.events_queue.aws_sqs_queue.dead_letter_fifo_queue",
            "module.events_queue.aws_sqs_queue.fifo_queue",
            "module.locations_table.aws_dynamodb_table.this",
            "module.notificacoes_lambda.aws_iam_role.lambda_role",
            "module.notificacoes_lambda.aws_lambda_function.lambda",
            "module.notificacoes_lambda.data.aws_caller_identity.current",
            "module.notificacoes_lambda.data.aws_iam_policy_document.policy_doc",
            "module.notificacoes_lambda.module.repo_ecr_lambda.aws_ecr_repository.this",
            "module.notificacoes_lambda.null_resource.run_script",
            "module.notifications_general_topic.aws_sns_topic.this",
            "module.notifications_premium_topic.aws_sns_topic.this",
            "module.notifications_regional_topic.aws_sns_topic.this",
            "module.notifications_table.aws_dynamodb_table.this",
            "module.pedido_ofertas_table.aws_dynamodb_table.this",
            "module.pedidos_lambda.aws_iam_role.lambda_role",
            "module.pedidos_lambda.aws_lambda_function.lambda",
            "module.pedidos_lambda.data.aws_caller_identity.current",
            "module.pedidos_lambda.data.aws_iam_policy_document.policy_doc",
            "module.pedidos_lambda.module.repo_ecr_lambda.aws_ecr_repository.this",
            "module.pedidos_lambda.null_resource.run_script",
            "module.pedidos_table.aws_dynamodb_table.this",
            "module.rastreamento_lambda.aws_iam_role.lambda_role",
            "module.rastreamento_lambda.aws_lambda_function.lambda",
            "module.rastreamento_lambda.data.aws_caller_identity.current",
            "module.rastreamento_lambda.data.aws_iam_policy_document.policy_doc",
            "module.rastreamento_lambda.module.repo_ecr_lambda.aws_ecr_repository.this",
            "module.rastreamento_lambda.null_resource.run_script",
            "module.smart_routing_lambda.aws_iam_role.lambda_role",
            "module.smart_routing_lambda.aws_lambda_function.lambda",
            "module.smart_routing_lambda.data.aws_caller_identity.current",
            "module.smart_routing_lambda.data.aws_iam_policy_document.policy_doc",
            "module.smart_routing_lambda.module.repo_ecr_lambda.aws_ecr_repository.this",
            "module.smart_routing_lambda.null_resource.run_script",
            "module.users_table.aws_dynamodb_table.this",
            "module.usuarios_lambda.aws_iam_role.lambda_role",
            "module.usuarios_lambda.aws_lambda_function.lambda",
            "module.usuarios_lambda.data.aws_caller_identity.current",
            "module.usuarios_lambda.data.aws_iam_policy_document.policy_doc",
            "module.usuarios_lambda.module.repo_ecr_lambda.aws_ecr_repository.this",
            "module.usuarios_lambda.null_resource.run_script",
            "module.websocket_connections_table.aws_dynamodb_table.this",
            "module.websocket_lambda.aws_iam_role.lambda_role",
            "module.websocket_lambda.aws_lambda_function.lambda",
            "module.websocket_lambda.data.aws_caller_identity.current",
            "module.websocket_lambda.data.aws_iam_policy_document.policy_doc",
            "module.websocket_lambda.module.repo_ecr_lambda.aws_ecr_repository.this",
            "module.websocket_lambda.null_resource.run_script"
          ],
          "create_before_destroy": true
        },
        {
          "index_key": "13",
          "schema_version": 0,
          "attributes": {
            "content_handling": "",
            "http_method": "GET",
            "id": "agir-j0dh1wfnjf-9rimia-GET-200",
            "region": "us-east-1",
            "resource_id": "9rimia",
            "response_parameters": null,
            "response_templates": null,
            "rest_api_id": "j0dh1wfnjf",
            "selection_pattern": "",
            "status_code": "200"
          },
          "sensitive_attributes": [],
          "identity_schema_version": 0,
          "private": "bnVsbA==",
          "dependencies": [
            "aws_apigatewayv2_api.websocket_api",
            "module.api_gateway.aws_api_gateway_authorizer.cognito_authorizer",
            "module.api_gateway.aws_api_gateway_integration.rest_endpoint_integrations",
            "module.api_gateway.aws_api_gateway_method.rest_endpoint_methods",
            "module.api_gateway.aws_api_gateway_method_response.rest_endpoint_method_responses",
            "module.api_gateway.aws_api_gateway_resource.base_resources",
            "module.api_gateway.aws_api_gateway_resource.main_resource",
            "module.api_gateway.aws_api_gateway_resource.variable_resources",
            "module.api_gateway.aws_api_gateway_rest_api.rest_api",
            "module.auth_lambda.aws_iam_role.lambda_role",
            "module.auth_lambda.aws_lambda_function.lambda",
            "module.auth_lambda.data.aws_caller_identity.current",
            "module.auth_lambda.data.aws_iam_policy_document.policy_doc",
            "module.auth_lambda.module.repo_ecr_lambda.aws_ecr_repository.this",
            "module.auth_lambda.null_resource.run_script",
            "module.events_queue.aws_sqs_queue.dead_letter_fifo_queue",
            "module.events_queue.aws_sqs_queue.fifo_queue",
            "module.locations_table.aws_dynamodb_table.this",
            "module.notificacoes_lambda.aws_iam_role.lambda_role",
            "module.notificacoes_lambda.aws_lambda_function.lambda",
            "module.notificacoes_lambda.data.aws_caller_identity.current",
            "module.notificacoes_lambda.data.aws_iam_policy_document.policy_doc",
            "module.notificacoes_lambda.module.repo_ecr_lambda.aws_ecr_repository.this",
            "module.notificacoes_lambda.null_resource.run_script",
            "module.notifications_general_topic.aws_sns_topic.this",
            "module.notifications_premium_topic.aws_sns_topic.this",
            "module.notifications_regional_topic.aws_sns_topic.this",
            "module.notifications_table.aws_dynamodb_table.this",
            "module.pedido_ofertas_table.aws_dynamodb_table.this",
            "module.pedidos_lambda.aws_iam_role.lambda_role",
            "module.pedidos_lambda.aws_lambda_function.lambda",
            "module.pedidos_lambda.data.aws_caller_identity.current",
            "module.pedidos_lambda.data.aws_iam_policy_document.policy_doc",
            "module.pedidos_lambda.module.repo_ecr_lambda.aws_ecr_repository.this",
            "module.pedidos_lambda.null_resource.run_script",
            "module.pedidos_table.aws_dynamodb_table.this",
            "module.rastreamento_lambda.aws_iam_role.lambda_role",
            "module.rastreamento_lambda.aws_lambda_function.lambda",
            "module.rastreamento_lambda.data.aws_caller_identity.current",
            "module.rastreamento_lambda.data.aws_iam_policy_document.policy_doc",
            "module.rastreamento_lambda.module.repo_ecr_lambda.aws_ecr_repository.this",
            "module.rastreamento_lambda.null_resource.run_script",
            "module.smart_routing_lambda.aws_iam_role.lambda_role",
            "module.smart_routing_lambda.aws_lambda_function.lambda",
            "module.smart_routing_lambda.data.aws_caller_identity.current",
            "module.smart_routing_lambda.data.aws_iam_policy_document.policy_doc",
            "module.smart_routing_lambda.module.repo_ecr_lambda.aws_ecr_repository.this",
            "module.smart_routing_lambda.null_resource.run_script",
            "module.users_table.aws_dynamodb_table.this",
            "module.usuarios_lambda.aws_iam_role.lambda_role",
            "module.usuarios_lambda.aws_lambda_function.lambda",
            "module.usuarios_lambda.data.aws_caller_identity.current",
            "module.usuarios_lambda.data.aws_iam_policy_document.policy_doc",
            "module.usuarios_lambda.module.repo_ecr_lambda.aws_ecr_repository.this",
            "module.usuarios_lambda.null_resource.run_script",
            "module.websocket_connections_table.aws_dynamodb_table.this",
            "module.websocket_lambda.aws_iam_role.lambda_role",
            "module.websocket_lambda.aws_lambda_function.lambda",
            "module.websocket_lambda.data.aws_caller_identity.current",
            "module.websocket_lambda.data.aws_iam_policy_document.policy_doc",
            "module.websocket_lambda.module.repo_ecr_lambda.aws_ecr_repository.this",
            "module.websocket_lambda.null_resource.run_script"
          ],
          "create_before_destroy": true
        },
        {
          "index_key": "14",
          "schema_version": 0,
          "attributes": {
            "content_handling": "",
            "http_method": "GET",
            "id": "agir-j0dh1wfnjf-mxp0ne-GET-200",
            "region": "us-east-1",
            "resource_id": "mxp0ne",
            "response_parameters": null,
            "response_templates": null,
            "rest_api_id": "j0dh1wfnjf",
            "selection_pattern": "",
            "status_code": "200"
          },
          "sensitive_attributes": [],
          "identity_schema_version": 0,
          "private": "bnVsbA==",
          "dependencies": [
            "aws_apigatewayv2_api.websocket_api",
            "module.api_gateway.aws_api_gateway_authorizer.cognito_authorizer",
            "module.api_gateway.aws_api_gateway_integration.rest_endpoint_integrations",
            "module.api_gateway.aws_api_gateway_method.rest_endpoint_methods",
            "module.api_gateway.aws_api_gateway_method_response.rest_endpoint_method_responses",
            "module.api_gateway.aws_api_gateway_resource.base_resources",
            "module.api_gateway.aws_api_gateway_resource.main_resource",
            "module.api_gateway.aws_api_gateway_resource.variable_resources",
            "module.api_gateway.aws_api_gateway_rest_api.rest_api",
            "module.auth_lambda.aws_iam_role.lambda_role",
            "module.auth_lambda.aws_lambda_function.lambda",
            "module.auth_lambda.data.aws_caller_identity.current",
            "module.auth_lambda.data.aws_iam_policy_document.policy_doc",
            "module.auth_lambda.module.repo_ecr_lambda.aws_ecr_repository.this",
            "module.auth_lambda.null_resource.run_script",
            "module.events_queue.aws_sqs_queue.dead_letter_fifo_queue",
            "module.events_queue.aws_sqs_queue.fifo_queue",
            "module.locations_table.aws_dynamodb_table.this",
            "module.notificacoes_lambda.aws_iam_role.lambda_role",
            "module.notificacoes_lambda.aws_lambda_function.lambda",
            "module.notificacoes_lambda.data.aws_caller_identity.current",
            "module.notificacoes_lambda.data.aws_iam_policy_document.policy_doc",
            "module.notificacoes_lambda.module.repo_ecr_lambda.aws_ecr_repository.this",
            "module.notificacoes_lambda.null_resource.run_script",
            "module.notifications_general_topic.aws_sns_topic.this",
            "module.notifications_premium_topic.aws_sns_topic.this",
            "module.notifications_regional_topic.aws_sns_topic.this",
            "module.notifications_table.aws_dynamodb_table.this",
            "module.pedido_ofertas_table.aws_dynamodb_table.this",
            "module.pedidos_lambda.aws_iam_role.lambda_role",
            "module.pedidos_lambda.aws_lambda_function.lambda",
            "module.pedidos_lambda.data.aws_caller_identity.current",
            "module.pedidos_lambda.data.aws_iam_policy_document.policy_doc",
            "module.pedidos_lambda.module.repo_ecr_lambda.aws_ecr_repository.this",
            "module.pedidos_lambda.null_resource.run_script",
            "module.pedidos_table.aws_dynamodb_table.this",
            "module.rastreamento_lambda.aws_iam_role.lambda_role",
            "module.rastreamento_lambda.aws_lambda_function.lambda",
            "module.rastreamento_lambda.data.aws_caller_identity.current",
            "module.rastreamento_lambda.data.aws_iam_policy_document.policy_doc",
            "module.rastreamento_lambda.module.repo_ecr_lambda.aws_ecr_repository.this",
            "module.rastreamento_lambda.null_resource.run_script",
            "module.smart_routing_lambda.aws_iam_role.lambda_role",
            "module.smart_routing_lambda.aws_lambda_function.lambda",
            "module.smart_routing_lambda.data.aws_caller_identity.current",
            "module.smart_routing_lambda.data.aws_iam_policy_document.policy_doc",
            "module.smart_routing_lambda.module.repo_ecr_lambda.aws_ecr_repository.this",
            "module.smart_routing_lambda.null_resource.run_script",
            "module.users_table.aws_dynamodb_table.this",
            "module.usuarios_lambda.aws_iam_role.lambda_role",
            "module.usuarios_lambda.aws_lambda_function.lambda",
            "module.usuarios_lambda.data.aws_caller_identity.current",
            "module.usuarios_lambda.data.aws_iam_policy_document.policy_doc",
            "module.usuarios_lambda.module.repo_ecr_lambda.aws_ecr_repository.this",
            "module.usuarios_lambda.null_resource.run_script",
            "module.websocket_connections_table.aws_dynamodb_table.this",
            "module.websocket_lambda.aws_iam_role.lambda_role",
            "module.websocket_lambda.aws_lambda_function.lambda",
            "module.websocket_lambda.data.aws_caller_identity.current",
            "module.websocket_lambda.data.aws_iam_policy_document.policy_doc",
            "module.websocket_lambda.module.repo_ecr_lambda.aws_ecr_repository.this",
            "module.websocket_lambda.null_resource.run_script"
          ],
          "create_before_destroy": true
        },
        {
          "index_key": "15",
          "schema_version": 0,
          "attributes": {
            "content_handling": "",
            "http_method": "POST",
            "id": "agir-j0dh1wfnjf-n89qqj-POST-200",
            "region": "us-east-1",
            "resource_id": "n89qqj",
            "response_parameters": null,
            "response_templates": null,
            "rest_api_id": "j0dh1wfnjf",
            "selection_pattern": "",
            "status_code": "200"
          },
          "sensitive_attributes": [],
          "identity_schema_version": 0,
          "private": "bnVsbA==",
          "dependencies": [
            "aws_apigatewayv2_api.websocket_api",
            "module.api_gateway.aws_api_gateway_authorizer.cognito_authorizer",
            "module.api_gateway.aws_api_gateway_integration.rest_endpoint_integrations",
            "module.api_gateway.aws_api_gateway_method.rest_endpoint_methods",
            "module.api_gateway.aws_api_gateway_method_response.rest_endpoint_method_responses",
            "module.api_gateway.aws_api_gateway_resource.base_resources",
            "module.api_gateway.aws_api_gateway_resource.main_resource",
            "module.api_gateway.aws_api_gateway_resource.variable_resources",
            "module.api_gateway.aws_api_gateway_rest_api.rest_api",
            "module.auth_lambda.aws_iam_role.lambda_role",
            "module.auth_lambda.aws_lambda_function.lambda",
            "module.auth_lambda.data.aws_caller_identity.current",
            "module.auth_lambda.data.aws_iam_policy_document.policy_doc",
            "module.auth_lambda.module.repo_ecr_lambda.aws_ecr_repository.this",
            "module.auth_lambda.null_resource.run_script",
            "module.events_queue.aws_sqs_queue.dead_letter_fifo_queue",
            "module.events_queue.aws_sqs_queue.fifo_queue",
            "module.locations_table.aws_dynamodb_table.this",
            "module.notificacoes_lambda.aws_iam_role.lambda_role",
            "module.notificacoes_lambda.aws_lambda_function.lambda",
            "module.notificacoes_lambda.data.aws_caller_identity.current",
            "module.notificacoes_lambda.data.aws_iam_policy_document.policy_doc",
            "module.notificacoes_lambda.module.repo_ecr_lambda.aws_ecr_repository.this",
            "module.notificacoes_lambda.null_resource.run_script",
            "module.notifications_general_topic.aws_sns_topic.this",
            "module.notifications_premium_topic.aws_sns_topic.this",
            "module.notifications_regional_topic.aws_sns_topic.this",
            "module.notifications_table.aws_dynamodb_table.this",
            "module.pedido_ofertas_table.aws_dynamodb_table.this",
            "module.pedidos_lambda.aws_iam_role.lambda_role",
            "module.pedidos_lambda.aws_lambda_function.lambda",
            "module.pedidos_lambda.data.aws_caller_identity.current",
            "module.pedidos_lambda.data.aws_iam_policy_document.policy_doc",
            "module.pedidos_lambda.module.repo_ecr_lambda.aws_ecr_repository.this",
            "module.pedidos_lambda.null_resource.run_script",
            "module.pedidos_table.aws_dynamodb_table.this",
            "module.rastreamento_lambda.aws_iam_role.lambda_role",
            "module.rastreamento_lambda.aws_lambda_function.lambda",
            "module.rastreamento_lambda.data.aws_caller_identity.current",
            "module.rastreamento_lambda.data.aws_iam_policy_document.policy_doc",
            "module.rastreamento_lambda.module.repo_ecr_lambda.aws_ecr_repository.this",
            "module.rastreamento_lambda.null_resource.run_script",
            "module.smart_routing_lambda.aws_iam_role.lambda_role",
            "module.smart_routing_lambda.aws_lambda_function.lambda",
            "module.smart_routing_lambda.data.aws_caller_identity.current",
            "module.smart_routing_lambda.data.aws_iam_policy_document.policy_doc",
            "module.smart_routing_lambda.module.repo_ecr_lambda.aws_ecr_repository.this",
            "module.smart_routing_lambda.null_resource.run_script",
            "module.users_table.aws_dynamodb_table.this",
            "module.usuarios_lambda.aws_iam_role.lambda_role",
            "module.usuarios_lambda.aws_lambda_function.lambda",
            "module.usuarios_lambda.data.aws_caller_identity.current",
            "module.usuarios_lambda.data.aws_iam_policy_document.policy_doc",
            "module.usuarios_lambda.module.repo_ecr_lambda.aws_ecr_repository.this",
            "module.usuarios_lambda.null_resource.run_script",
            "module.websocket_connections_table.aws_dynamodb_table.this",
            "module.websocket_lambda.aws_iam_role.lambda_role",
            "module.websocket_lambda.aws_lambda_function.lambda",
            "module.websocket_lambda.data.aws_caller_identity.current",
            "module.websocket_lambda.data.aws_iam_policy_document.policy_doc",
            "module.websocket_lambda.module.repo_ecr_lambda.aws_ecr_repository.this",
            "module.websocket_lambda.null_resource.run_script"
          ],
          "create_before_destroy": true
        },
        {
          "index_key": "16",
          "schema_version": 0,
          "attributes": {
            "content_handling": "",
            "http_method": "POST",
            "id": "agir-j0dh1wfnjf-gb41n9-POST-200",
            "region": "us-east-1",
            "resource_id": "gb41n9",
            "response_parameters": null,
            "response_templates": null,
            "rest_api_id": "j0dh1wfnjf",
            "selection_pattern": "",
            "status_code": "200"
          },
          "sensitive_attributes": [],
          "identity_schema_version": 0,
          "private": "bnVsbA==",
          "dependencies": [
            "aws_apigatewayv2_api.websocket_api",
            "module.api_gateway.aws_api_gateway_authorizer.cognito_authorizer",
            "module.api_gateway.aws_api_gateway_integration.rest_endpoint_integrations",
            "module.api_gateway.aws_api_gateway_method.rest_endpoint_methods",
            "module.api_gateway.aws_api_gateway_method_response.rest_endpoint_method_responses",
            "module.api_gateway.aws_api_gateway_resource.base_resources",
            "module.api_gateway.aws_api_gateway_resource.main_resource",
            "module.api_gateway.aws_api_gateway_resource.variable_resources",
            "module.api_gateway.aws_api_gateway_rest_api.rest_api",
            "module.auth_lambda.aws_iam_role.lambda_role",
            "module.auth_lambda.aws_lambda_function.lambda",
            "module.auth_lambda.data.aws_caller_identity.current",
            "module.auth_lambda.data.aws_iam_policy_document.policy_doc",
            "module.auth_lambda.module.repo_ecr_lambda.aws_ecr_repository.this",
            "module.auth_lambda.null_resource.run_script",
            "module.events_queue.aws_sqs_queue.dead_letter_fifo_queue",
            "module.events_queue.aws_sqs_queue.fifo_queue",
            "module.locations_table.aws_dynamodb_table.this",
            "module.notificacoes_lambda.aws_iam_role.lambda_role",
            "module.notificacoes_lambda.aws_lambda_function.lambda",
            "module.notificacoes_lambda.data.aws_caller_identity.current",
            "module.notificacoes_lambda.data.aws_iam_policy_document.policy_doc",
            "module.notificacoes_lambda.module.repo_ecr_lambda.aws_ecr_repository.this",
            "module.notificacoes_lambda.null_resource.run_script",
            "module.notifications_general_topic.aws_sns_topic.this",
            "module.notifications_premium_topic.aws_sns_topic.this",
            "module.notifications_regional_topic.aws_sns_topic.this",
            "module.notifications_table.aws_dynamodb_table.this",
            "module.pedido_ofertas_table.aws_dynamodb_table.this",
            "module.pedidos_lambda.aws_iam_role.lambda_role",
            "module.pedidos_lambda.aws_lambda_function.lambda",
            "module.pedidos_lambda.data.aws_caller_identity.current",
            "module.pedidos_lambda.data.aws_iam_policy_document.policy_doc",
            "module.pedidos_lambda.module.repo_ecr_lambda.aws_ecr_repository.this",
            "module.pedidos_lambda.null_resource.run_script",
            "module.pedidos_table.aws_dynamodb_table.this",
            "module.rastreamento_lambda.aws_iam_role.lambda_role",
            "module.rastreamento_lambda.aws_lambda_function.lambda",
            "module.rastreamento_lambda.data.aws_caller_identity.current",
            "module.rastreamento_lambda.data.aws_iam_policy_document.policy_doc",
            "module.rastreamento_lambda.module.repo_ecr_lambda.aws_ecr_repository.this",
            "module.rastreamento_lambda.null_resource.run_script",
            "module.smart_routing_lambda.aws_iam_role.lambda_role",
            "module.smart_routing_lambda.aws_lambda_function.lambda",
            "module.smart_routing_lambda.data.aws_caller_identity.current",
            "module.smart_routing_lambda.data.aws_iam_policy_document.policy_doc",
            "module.smart_routing_lambda.module.repo_ecr_lambda.aws_ecr_repository.this",
            "module.smart_routing_lambda.null_resource.run_script",
            "module.users_table.aws_dynamodb_table.this",
            "module.usuarios_lambda.aws_iam_role.lambda_role",
            "module.usuarios_lambda.aws_lambda_function.lambda",
            "module.usuarios_lambda.data.aws_caller_identity.current",
            "module.usuarios_lambda.data.aws_iam_policy_document.policy_doc",
            "module.usuarios_lambda.module.repo_ecr_lambda.aws_ecr_repository.this",
            "module.usuarios_lambda.null_resource.run_script",
            "module.websocket_connections_table.aws_dynamodb_table.this",
            "module.websocket_lambda.aws_iam_role.lambda_role",
            "module.websocket_lambda.aws_lambda_function.lambda",
            "module.websocket_lambda.data.aws_caller_identity.current",
            "module.websocket_lambda.data.aws_iam_policy_document.policy_doc",
            "module.websocket_lambda.module.repo_ecr_lambda.aws_ecr_repository.this",
            "module.websocket_lambda.null_resource.run_script"
          ],
          "create_before_destroy": true
        },
        {
          "index_key": "17",
          "schema_version": 0,
          "attributes": {
            "content_handling": "",
            "http_method": "POST",
            "id": "agir-j0dh1wfnjf-r0qkqo-POST-200",
            "region": "us-east-1",
            "resource_id": "r0qkqo",
            "response_parameters": null,
            "response_templates": null,
            "rest_api_id": "j0dh1wfnjf",
            "selection_pattern": "",
            "status_code": "200"
          },
          "sensitive_attributes": [],
          "identity_schema_version": 0,
          "private": "bnVsbA==",
          "dependencies": [
            "aws_apigatewayv2_api.websocket_api",
            "module.api_gateway.aws_api_gateway_authorizer.cognito_authorizer",
            "module.api_gateway.aws_api_gateway_integration.rest_endpoint_integrations",
            "module.api_gateway.aws_api_gateway_method.rest_endpoint_methods",
            "module.api_gateway.aws_api_gateway_method_response.rest_endpoint_method_responses",
            "module.api_gateway.aws_api_gateway_resource.base_resources",
            "module.api_gateway.aws_api_gateway_resource.main_resource",
            "module.api_gateway.aws_api_gateway_resource.variable_resources",
            "module.api_gateway.aws_api_gateway_rest_api.rest_api",
            "module.auth_lambda.aws_iam_role.lambda_role",
            "module.auth_lambda.aws_lambda_function.lambda",
            "module.auth_lambda.data.aws_caller_identity.current",
            "module.auth_lambda.data.aws_iam_policy_document.policy_doc",
            "module.auth_lambda.module.repo_ecr_lambda.aws_ecr_repository.this",
            "module.auth_lambda.null_resource.run_script",
            "module.events_queue.aws_sqs_queue.dead_letter_fifo_queue",
            "module.events_queue.aws_sqs_queue.fifo_queue",
            "module.locations_table.aws_dynamodb_table.this",
            "module.notificacoes_lambda.aws_iam_role.lambda_role",
            "module.notificacoes_lambda.aws_lambda_function.lambda",
            "module.notificacoes_lambda.data.aws_caller_identity.current",
            "module.notificacoes_lambda.data.aws_iam_policy_document.policy_doc",
            "module.notificacoes_lambda.module.repo_ecr_lambda.aws_ecr_repository.this",
            "module.notificacoes_lambda.null_resource.run_script",
            "module.notifications_general_topic.aws_sns_topic.this",
            "module.notifications_premium_topic.aws_sns_topic.this",
            "module.notifications_regional_topic.aws_sns_topic.this",
            "module.notifications_table.aws_dynamodb_table.this",
            "module.pedido_ofertas_table.aws_dynamodb_table.this",
            "module.pedidos_lambda.aws_iam_role.lambda_role",
            "module.pedidos_lambda.aws_lambda_function.lambda",
            "module.pedidos_lambda.data.aws_caller_identity.current",
            "module.pedidos_lambda.data.aws_iam_policy_document.policy_doc",
            "module.pedidos_lambda.module.repo_ecr_lambda.aws_ecr_repository.this",
            "module.pedidos_lambda.null_resource.run_script",
            "module.pedidos_table.aws_dynamodb_table.this",
            "module.rastreamento_lambda.aws_iam_role.lambda_role",
            "module.rastreamento_lambda.aws_lambda_function.lambda",
            "module.rastreamento_lambda.data.aws_caller_identity.current",
            "module.rastreamento_lambda.data.aws_iam_policy_document.policy_doc",
            "module.rastreamento_lambda.module.repo_ecr_lambda.aws_ecr_repository.this",
            "module.rastreamento_lambda.null_resource.run_script",
            "module.smart_routing_lambda.aws_iam_role.lambda_role",
            "module.smart_routing_lambda.aws_lambda_function.lambda",
            "module.smart_routing_lambda.data.aws_caller_identity.current",
            "module.smart_routing_lambda.data.aws_iam_policy_document.policy_doc",
            "module.smart_routing_lambda.module.repo_ecr_lambda.aws_ecr_repository.this",
            "module.smart_routing_lambda.null_resource.run_script",
            "module.users_table.aws_dynamodb_table.this",
            "module.usuarios_lambda.aws_iam_role.lambda_role",
            "module.usuarios_lambda.aws_lambda_function.lambda",
            "module.usuarios_lambda.data.aws_caller_identity.current",
            "module.usuarios_lambda.data.aws_iam_policy_document.policy_doc",
            "module.usuarios_lambda.module.repo_ecr_lambda.aws_ecr_repository.this",
            "module.usuarios_lambda.null_resource.run_script",
            "module.websocket_connections_table.aws_dynamodb_table.this",
            "module.websocket_lambda.aws_iam_role.lambda_role",
            "module.websocket_lambda.aws_lambda_function.lambda",
            "module.websocket_lambda.data.aws_caller_identity.current",
            "module.websocket_lambda.data.aws_iam_policy_document.policy_doc",
            "module.websocket_lambda.module.repo_ecr_lambda.aws_ecr_repository.this",
            "module.websocket_lambda.null_resource.run_script"
          ],
          "create_before_destroy": true
        },
        {
          "index_key": "18",
          "schema_version": 0,
          "attributes": {
            "content_handling": "",
            "http_method": "GET",
            "id": "agir-j0dh1wfnjf-vada4z-GET-200",
            "region": "us-east-1",
            "resource_id": "vada4z",
            "response_parameters": null,
            "response_templates": null,
            "rest_api_id": "j0dh1wfnjf",
            "selection_pattern": "",
            "status_code": "200"
          },
          "sensitive_attributes": [],
          "identity_schema_version": 0,
          "private": "bnVsbA==",
          "dependencies": [
            "aws_apigatewayv2_api.websocket_api",
            "module.api_gateway.aws_api_gateway_authorizer.cognito_authorizer",
            "module.api_gateway.aws_api_gateway_integration.rest_endpoint_integrations",
            "module.api_gateway.aws_api_gateway_method.rest_endpoint_methods",
            "module.api_gateway.aws_api_gateway_method_response.rest_endpoint_method_responses",
            "module.api_gateway.aws_api_gateway_resource.base_resources",
            "module.api_gateway.aws_api_gateway_resource.main_resource",
            "module.api_gateway.aws_api_gateway_resource.variable_resources",
            "module.api_gateway.aws_api_gateway_rest_api.rest_api",
            "module.auth_lambda.aws_iam_role.lambda_role",
            "module.auth_lambda.aws_lambda_function.lambda",
            "module.auth_lambda.data.aws_caller_identity.current",
            "module.auth_lambda.data.aws_iam_policy_document.policy_doc",
            "module.auth_lambda.module.repo_ecr_lambda.aws_ecr_repository.this",
            "module.auth_lambda.null_resource.run_script",
            "module.events_queue.aws_sqs_queue.dead_letter_fifo_queue",
            "module.events_queue.aws_sqs_queue.fifo_queue",
            "module.locations_table.aws_dynamodb_table.this",
            "module.notificacoes_lambda.aws_iam_role.lambda_role",
            "module.notificacoes_lambda.aws_lambda_function.lambda",
            "module.notificacoes_lambda.data.aws_caller_identity.current",
            "module.notificacoes_lambda.data.aws_iam_policy_document.policy_doc",
            "module.notificacoes_lambda.module.repo_ecr_lambda.aws_ecr_repository.this",
            "module.notificacoes_lambda.null_resource.run_script",
            "module.notifications_general_topic.aws_sns_topic.this",
            "module.notifications_premium_topic.aws_sns_topic.this",
            "module.notifications_regional_topic.aws_sns_topic.this",
            "module.notifications_table.aws_dynamodb_table.this",
            "module.pedido_ofertas_table.aws_dynamodb_table.this",
            "module.pedidos_lambda.aws_iam_role.lambda_role",
            "module.pedidos_lambda.aws_lambda_function.lambda",
            "module.pedidos_lambda.data.aws_caller_identity.current",
            "module.pedidos_lambda.data.aws_iam_policy_document.policy_doc",
            "module.pedidos_lambda.module.repo_ecr_lambda.aws_ecr_repository.this",
            "module.pedidos_lambda.null_resource.run_script",
            "module.pedidos_table.aws_dynamodb_table.this",
            "module.rastreamento_lambda.aws_iam_role.lambda_role",
            "module.rastreamento_lambda.aws_lambda_function.lambda",
            "module.rastreamento_lambda.data.aws_caller_identity.current",
            "module.rastreamento_lambda.data.aws_iam_policy_document.policy_doc",
            "module.rastreamento_lambda.module.repo_ecr_lambda.aws_ecr_repository.this",
            "module.rastreamento_lambda.null_resource.run_script",
            "module.smart_routing_lambda.aws_iam_role.lambda_role",
            "module.smart_routing_lambda.aws_lambda_function.lambda",
            "module.smart_routing_lambda.data.aws_caller_identity.current",
            "module.smart_routing_lambda.data.aws_iam_policy_document.policy_doc",
            "module.smart_routing_lambda.module.repo_ecr_lambda.aws_ecr_repository.this",
            "module.smart_routing_lambda.null_resource.run_script",
            "module.users_table.aws_dynamodb_table.this",
            "module.usuarios_lambda.aws_iam_role.lambda_role",
            "module.usuarios_lambda.aws_lambda_function.lambda",
            "module.usuarios_lambda.data.aws_caller_identity.current",
            "module.usuarios_lambda.data.aws_iam_policy_document.policy_doc",
            "module.usuarios_lambda.module.repo_ecr_lambda.aws_ecr_repository.this",
            "module.usuarios_lambda.null_resource.run_script",
            "module.websocket_connections_table.aws_dynamodb_table.this",
            "module.websocket_lambda.aws_iam_role.lambda_role",
            "module.websocket_lambda.aws_lambda_function.lambda",
            "module.websocket_lambda.data.aws_caller_identity.current",
            "module.websocket_lambda.data.aws_iam_policy_document.policy_doc",
            "module.websocket_lambda.module.repo_ecr_lambda.aws_ecr_repository.this",
            "module.websocket_lambda.null_resource.run_script"
          ],
          "create_before_destroy": true
        },
        {
          "index_key": "19",
          "schema_version": 0,
          "attributes": {
            "content_handling": "",
            "http_method": "POST",
            "id": "agir-j0dh1wfnjf-9ymczn-POST-200",
            "region": "us-east-1",
            "resource_id": "9ymczn",
            "response_parameters": null,
            "response_templates": null,
            "rest_api_id": "j0dh1wfnjf",
            "selection_pattern": "",
            "status_code": "200"
          },
          "sensitive_attributes": [],
          "identity_schema_version": 0,
          "private": "bnVsbA==",
          "dependencies": [
            "aws_apigatewayv2_api.websocket_api",
            "module.api_gateway.aws_api_gateway_authorizer.cognito_authorizer",
            "module.api_gateway.aws_api_gateway_integration.rest_endpoint_integrations",
            "module.api_gateway.aws_api_gateway_method.rest_endpoint_methods",
            "module.api_gateway.aws_api_gateway_method_response.rest_endpoint_method_responses",
            "module.api_gateway.aws_api_gateway_resource.base_resources",
            "module.api_gateway.aws_api_gateway_resource.main_resource",
            "module.api_gateway.aws_api_gateway_resource.variable_resources",
            "module.api_gateway.aws_api_gateway_rest_api.rest_api",
            "module.auth_lambda.aws_iam_role.lambda_role",
            "module.auth_lambda.aws_lambda_function.lambda",
            "module.auth_lambda.data.aws_caller_identity.current",
            "module.auth_lambda.data.aws_iam_policy_document.policy_doc",
            "module.auth_lambda.module.repo_ecr_lambda.aws_ecr_repository.this",
            "module.auth_lambda.null_resource.run_script",
            "module.events_queue.aws_sqs_queue.dead_letter_fifo_queue",
            "module.events_queue.aws_sqs_queue.fifo_queue",
            "module.locations_table.aws_dynamodb_table.this",
            "module.notificacoes_lambda.aws_iam_role.lambda_role",
            "module.notificacoes_lambda.aws_lambda_function.lambda",
            "module.notificacoes_lambda.data.aws_caller_identity.current",
            "module.notificacoes_lambda.data.aws_iam_policy_document.policy_doc",
            "module.notificacoes_lambda.module.repo_ecr_lambda.aws_ecr_repository.this",
            "module.notificacoes_lambda.null_resource.run_script",
            "module.notifications_general_topic.aws_sns_topic.this",
            "module.notifications_premium_topic.aws_sns_topic.this",
            "module.notifications_regional_topic.aws_sns_topic.this",
            "module.notifications_table.aws_dynamodb_table.this",
            "module.pedido_ofertas_table.aws_dynamodb_table.this",
            "module.pedidos_lambda.aws_iam_role.lambda_role",
            "module.pedidos_lambda.aws_lambda_function.lambda",
            "module.pedidos_lambda.data.aws_caller_identity.current",
            "module.pedidos_lambda.data.aws_iam_policy_document.policy_doc",
            "module.pedidos_lambda.module.repo_ecr_lambda.aws_ecr_repository.this",
            "module.pedidos_lambda.null_resource.run_script",
            "module.pedidos_table.aws_dynamodb_table.this",
            "module.rastreamento_lambda.aws_iam_role.lambda_role",
            "module.rastreamento_lambda.aws_lambda_function.lambda",
            "module.rastreamento_lambda.data.aws_caller_identity.current",
            "module.rastreamento_lambda.data.aws_iam_policy_document.policy_doc",
            "module.rastreamento_lambda.module.repo_ecr_lambda.aws_ecr_repository.this",
            "module.rastreamento_lambda.null_resource.run_script",
            "module.smart_routing_lambda.aws_iam_role.lambda_role",
            "module.smart_routing_lambda.aws_lambda_function.lambda",
            "module.smart_routing_lambda.data.aws_caller_identity.current",
            "module.smart_routing_lambda.data.aws_iam_policy_document.policy_doc",
            "module.smart_routing_lambda.module.repo_ecr_lambda.aws_ecr_repository.this",
            "module.smart_routing_lambda.null_resource.run_script",
            "module.users_table.aws_dynamodb_table.this",
            "module.usuarios_lambda.aws_iam_role.lambda_role",
            "module.usuarios_lambda.aws_lambda_function.lambda",
            "module.usuarios_lambda.data.aws_caller_identity.current",
            "module.usuarios_lambda.data.aws_iam_policy_document.policy_doc",
            "module.usuarios_lambda.module.repo_ecr_lambda.aws_ecr_repository.this",
            "module.usuarios_lambda.null_resource.run_script",
            "module.websocket_connections_table.aws_dynamodb_table.this",
            "module.websocket_lambda.aws_iam_role.lambda_role",
            "module.websocket_lambda.aws_lambda_function.lambda",
            "module.websocket_lambda.data.aws_caller_identity.current",
            "module.websocket_lambda.data.aws_iam_policy_document.policy_doc",
            "module.websocket_lambda.module.repo_ecr_lambda.aws_ecr_repository.this",
            "module.websocket_lambda.null_resource.run_script"
          ],
          "create_before_destroy": true
        },
        {
          "index_key": "2",
          "schema_version": 0,
          "attributes": {
            "content_handling": "",
            "http_method": "POST",
            "id": "agir-j0dh1wfnjf-kyjg5k-POST-201",
            "region": "us-east-1",
            "resource_id": "kyjg5k",
            "response_parameters": null,
            "response_templates": null,
            "rest_api_id": "j0dh1wfnjf",
            "selection_pattern": "",
            "status_code": "201"
          },
          "sensitive_attributes": [],
          "identity_schema_version": 0,
          "private": "bnVsbA==",
          "dependencies": [
            "aws_apigatewayv2_api.websocket_api",
            "module.api_gateway.aws_api_gateway_authorizer.cognito_authorizer",
            "module.api_gateway.aws_api_gateway_integration.rest_endpoint_integrations",
            "module.api_gateway.aws_api_gateway_method.rest_endpoint_methods",
            "module.api_gateway.aws_api_gateway_method_response.rest_endpoint_method_responses",
            "module.api_gateway.aws_api_gateway_resource.base_resources",
            "module.api_gateway.aws_api_gateway_resource.main_resource",
            "module.api_gateway.aws_api_gateway_resource.variable_resources",
            "module.api_gateway.aws_api_gateway_rest_api.rest_api",
            "module.auth_lambda.aws_iam_role.lambda_role",
            "module.auth_lambda.aws_lambda_function.lambda",
            "module.auth_lambda.data.aws_caller_identity.current",
            "module.auth_lambda.data.aws_iam_policy_document.policy_doc",
            "module.auth_lambda.module.repo_ecr_lambda.aws_ecr_repository.this",
            "module.auth_lambda.null_resource.run_script",
            "module.events_queue.aws_sqs_queue.dead_letter_fifo_queue",
            "module.events_queue.aws_sqs_queue.fifo_queue",
            "module.locations_table.aws_dynamodb_table.this",
            "module.notificacoes_lambda.aws_iam_role.lambda_role",
            "module.notificacoes_lambda.aws_lambda_function.lambda",
            "module.notificacoes_lambda.data.aws_caller_identity.current",
            "module.notificacoes_lambda.data.aws_iam_policy_document.policy_doc",
            "module.notificacoes_lambda.module.repo_ecr_lambda.aws_ecr_repository.this",
            "module.notificacoes_lambda.null_resource.run_script",
            "module.notifications_general_topic.aws_sns_topic.this",
            "module.notifications_premium_topic.aws_sns_topic.this",
            "module.notifications_regional_topic.aws_sns_topic.this",
            "module.notifications_table.aws_dynamodb_table.this",
            "module.pedido_ofertas_table.aws_dynamodb_table.this",
            "module.pedidos_lambda.aws_iam_role.lambda_role",
            "module.pedidos_lambda.aws_lambda_function.lambda",
            "module.pedidos_lambda.data.aws_caller_identity.current",
            "module.pedidos_lambda.data.aws_iam_policy_document.policy_doc",
            "module.pedidos_lambda.module.repo_ecr_lambda.aws_ecr_repository.this",
            "module.pedidos_lambda.null_resource.run_script",
            "module.pedidos_table.aws_dynamodb_table.this",
            "module.rastreamento_lambda.aws_iam_role.lambda_role",
            "module.rastreamento_lambda.aws_lambda_function.lambda",
            "module.rastreamento_lambda.data.aws_caller_identity.current",
            "module.rastreamento_lambda.data.aws_iam_policy_document.policy_doc",
            "module.rastreamento_lambda.module.repo_ecr_lambda.aws_ecr_repository.this",
            "module.rastreamento_lambda.null_resource.run_script",
            "module.smart_routing_lambda.aws_iam_role.lambda_role",
            "module.smart_routing_lambda.aws_lambda_function.lambda",
            "module.smart_routing_lambda.data.aws_caller_identity.current",
            "module.smart_routing_lambda.data.aws_iam_policy_document.policy_doc",
            "module.smart_routing_lambda.module.repo_ecr_lambda.aws_ecr_repository.this",
            "module.smart_routing_lambda.null_resource.run_script",
            "module.users_table.aws_dynamodb_table.this",
            "module.usuarios_lambda.aws_iam_role.lambda_role",
            "module.usuarios_lambda.aws_lambda_function.lambda",
            "module.usuarios_lambda.data.aws_caller_identity.current",
            "module.usuarios_lambda.data.aws_iam_policy_document.policy_doc",
            "module.usuarios_lambda.module.repo_ecr_lambda.aws_ecr_repository.this",
            "module.usuarios_lambda.null_resource.run_script",
            "module.websocket_connections_table.aws_dynamodb_table.this",
            "module.websocket_lambda.aws_iam_role.lambda_role",
            "module.websocket_lambda.aws_lambda_function.lambda",
            "module.websocket_lambda.data.aws_caller_identity.current",
            "module.websocket_lambda.data.aws_iam_policy_document.policy_doc",
            "module.websocket_lambda.module.repo_ecr_lambda.aws_ecr_repository.this",
            "module.websocket_lambda.null_resource.run_script"
          ],
          "create_before_destroy": true
        },
        {
          "index_key": "20",
          "schema_version": 0,
          "attributes": {
            "content_handling": "",
            "http_method": "POST",
            "id": "agir-j0dh1wfnjf-7yjafu-POST-200",
            "region": "us-east-1",
            "resource_id": "7yjafu",
            "response_parameters": null,
            "response_templates": null,
            "rest_api_id": "j0dh1wfnjf",
            "selection_pattern": "",
            "status_code": "200"
          },
          "sensitive_attributes": [],
          "identity_schema_version": 0,
          "private": "bnVsbA==",
          "dependencies": [
            "aws_apigatewayv2_api.websocket_api",
            "module.api_gateway.aws_api_gateway_authorizer.cognito_authorizer",
            "module.api_gateway.aws_api_gateway_integration.rest_endpoint_integrations",
            "module.api_gateway.aws_api_gateway_method.rest_endpoint_methods",
            "module.api_gateway.aws_api_gateway_method_response.rest_endpoint_method_responses",
            "module.api_gateway.aws_api_gateway_resource.base_resources",
            "module.api_gateway.aws_api_gateway_resource.main_resource",
            "module.api_gateway.aws_api_gateway_resource.variable_resources",
            "module.api_gateway.aws_api_gateway_rest_api.rest_api",
            "module.auth_lambda.aws_iam_role.lambda_role",
            "module.auth_lambda.aws_lambda_function.lambda",
            "module.auth_lambda.data.aws_caller_identity.current",
            "module.auth_lambda.data.aws_iam_policy_document.policy_doc",
            "module.auth_lambda.module.repo_ecr_lambda.aws_ecr_repository.this",
            "module.auth_lambda.null_resource.run_script",
            "module.events_queue.aws_sqs_queue.dead_letter_fifo_queue",
            "module.events_queue.aws_sqs_queue.fifo_queue",
            "module.locations_table.aws_dynamodb_table.this",
            "module.notificacoes_lambda.aws_iam_role.lambda_role",
            "module.notificacoes_lambda.aws_lambda_function.lambda",
            "module.notificacoes_lambda.data.aws_caller_identity.current",
            "module.notificacoes_lambda.data.aws_iam_policy_document.policy_doc",
            "module.notificacoes_lambda.module.repo_ecr_lambda.aws_ecr_repository.this",
            "module.notificacoes_lambda.null_resource.run_script",
            "module.notifications_general_topic.aws_sns_topic.this",
            "module.notifications_premium_topic.aws_sns_topic.this",
            "module.notifications_regional_topic.aws_sns_topic.this",
            "module.notifications_table.aws_dynamodb_table.this",
            "module.pedido_ofertas_table.aws_dynamodb_table.this",
            "module.pedidos_lambda.aws_iam_role.lambda_role",
            "module.pedidos_lambda.aws_lambda_function.lambda",
            "module.pedidos_lambda.data.aws_caller_identity.current",
            "module.pedidos_lambda.data.aws_iam_policy_document.policy_doc",
            "module.pedidos_lambda.module.repo_ecr_lambda.aws_ecr_repository.this",
            "module.pedidos_lambda.null_resource.run_script",
            "module.pedidos_table.aws_dynamodb_table.this",
            "module.rastreamento_lambda.aws_iam_role.lambda_role",
            "module.rastreamento_lambda.aws_lambda_function.lambda",
            "module.rastreamento_lambda.data.aws_caller_identity.current",
            "module.rastreamento_lambda.data.aws_iam_policy_document.policy_doc",
            "module.rastreamento_lambda.module.repo_ecr_lambda.aws_ecr_repository.this",
            "module.rastreamento_lambda.null_resource.run_script",
            "module.smart_routing_lambda.aws_iam_role.lambda_role",
            "module.smart_routing_lambda.aws_lambda_function.lambda",
            "module.smart_routing_lambda.data.aws_caller_identity.current",
            "module.smart_routing_lambda.data.aws_iam_policy_document.policy_doc",
            "module.smart_routing_lambda.module.repo_ecr_lambda.aws_ecr_repository.this",
            "module.smart_routing_lambda.null_resource.run_script",
            "module.users_table.aws_dynamodb_table.this",
            "module.usuarios_lambda.aws_iam_role.lambda_role",
            "module.usuarios_lambda.aws_lambda_function.lambda",
            "module.usuarios_lambda.data.aws_caller_identity.current",
            "module.usuarios_lambda.data.aws_iam_policy_document.policy_doc",
            "module.usuarios_lambda.module.repo_ecr_lambda.aws_ecr_repository.this",
            "module.usuarios_lambda.null_resource.run_script",
            "module.websocket_connections_table.aws_dynamodb_table.this",
            "module.websocket_lambda.aws_iam_role.lambda_role",
            "module.websocket_lambda.aws_lambda_function.lambda",
            "module.websocket_lambda.data.aws_caller_identity.current",
            "module.websocket_lambda.data.aws_iam_policy_document.policy_doc",
            "module.websocket_lambda.module.repo_ecr_lambda.aws_ecr_repository.this",
            "module.websocket_lambda.null_resource.run_script"
          ],
          "create_before_destroy": true
        },
        {
          "index_key": "21",
          "schema_version": 0,
          "attributes": {
            "content_handling": "",
            "http_method": "POST",
            "id": "agir-j0dh1wfnjf-dqd07z-POST-200",
            "region": "us-east-1",
            "resource_id": "dqd07z",
            "response_parameters": null,
            "response_templates": null,
            "rest_api_id": "j0dh1wfnjf",
            "selection_pattern": "",
            "status_code": "200"
          },
          "sensitive_attributes": [],
          "identity_schema_version": 0,
          "private": "bnVsbA==",
          "dependencies": [
            "aws_apigatewayv2_api.websocket_api",
            "module.api_gateway.aws_api_gateway_authorizer.cognito_authorizer",
            "module.api_gateway.aws_api_gateway_integration.rest_endpoint_integrations",
            "module.api_gateway.aws_api_gateway_method.rest_endpoint_methods",
            "module.api_gateway.aws_api_gateway_method_response.rest_endpoint_method_responses",
            "module.api_gateway.aws_api_gateway_resource.base_resources",
            "module.api_gateway.aws_api_gateway_resource.main_resource",
            "module.api_gateway.aws_api_gateway_resource.variable_resources",
            "module.api_gateway.aws_api_gateway_rest_api.rest_api",
            "module.auth_lambda.aws_iam_role.lambda_role",
            "module.auth_lambda.aws_lambda_function.lambda",
            "module.auth_lambda.data.aws_caller_identity.current",
            "module.auth_lambda.data.aws_iam_policy_document.policy_doc",
            "module.auth_lambda.module.repo_ecr_lambda.aws_ecr_repository.this",
            "module.auth_lambda.null_resource.run_script",
            "module.events_queue.aws_sqs_queue.dead_letter_fifo_queue",
            "module.events_queue.aws_sqs_queue.fifo_queue",
            "module.locations_table.aws_dynamodb_table.this",
            "module.notificacoes_lambda.aws_iam_role.lambda_role",
            "module.notificacoes_lambda.aws_lambda_function.lambda",
            "module.notificacoes_lambda.data.aws_caller_identity.current",
            "module.notificacoes_lambda.data.aws_iam_policy_document.policy_doc",
            "module.notificacoes_lambda.module.repo_ecr_lambda.aws_ecr_repository.this",
            "module.notificacoes_lambda.null_resource.run_script",
            "module.notifications_general_topic.aws_sns_topic.this",
            "module.notifications_premium_topic.aws_sns_topic.this",
            "module.notifications_regional_topic.aws_sns_topic.this",
            "module.notifications_table.aws_dynamodb_table.this",
            "module.pedido_ofertas_table.aws_dynamodb_table.this",
            "module.pedidos_lambda.aws_iam_role.lambda_role",
            "module.pedidos_lambda.aws_lambda_function.lambda",
            "module.pedidos_lambda.data.aws_caller_identity.current",
            "module.pedidos_lambda.data.aws_iam_policy_document.policy_doc",
            "module.pedidos_lambda.module.repo_ecr_lambda.aws_ecr_repository.this",
            "module.pedidos_lambda.null_resource.run_script",
            "module.pedidos_table.aws_dynamodb_table.this",
            "module.rastreamento_lambda.aws_iam_role.lambda_role",
            "module.rastreamento_lambda.aws_lambda_function.lambda",
            "module.rastreamento_lambda.data.aws_caller_identity.current",
            "module.rastreamento_lambda.data.aws_iam_policy_document.policy_doc",
            "module.rastreamento_lambda.module.repo_ecr_lambda.aws_ecr_repository.this",
            "module.rastreamento_lambda.null_resource.run_script",
            "module.smart_routing_lambda.aws_iam_role.lambda_role",
            "module.smart_routing_lambda.aws_lambda_function.lambda",
            "module.smart_routing_lambda.data.aws_caller_identity.current",
            "module.smart_routing_lambda.data.aws_iam_policy_document.policy_doc",
            "module.smart_routing_lambda.module.repo_ecr_lambda.aws_ecr_repository.this",
            "module.smart_routing_lambda.null_resource.run_script",
            "module.users_table.aws_dynamodb_table.this",
            "module.usuarios_lambda.aws_iam_role.lambda_role",
            "module.usuarios_lambda.aws_lambda_function.lambda",
            "module.usuarios_lambda.data.aws_caller_identity.current",
            "module.usuarios_lambda.data.aws_iam_policy_document.policy_doc",
            "module.usuarios_lambda.module.repo_ecr_lambda.aws_ecr_repository.this",
            "module.usuarios_lambda.null_resource.run_script",
            "module.websocket_connections_table.aws_dynamodb_table.this",
            "module.websocket_lambda.aws_iam_role.lambda_role",
            "module.websocket_lambda.aws_lambda_function.lambda",
            "module.websocket_lambda.data.aws_caller_identity.current",
            "module.websocket_lambda.data.aws_iam_policy_document.policy_doc",
            "module.websocket_lambda.module.repo_ecr_lambda.aws_ecr_repository.this",
            "module.websocket_lambda.null_resource.run_script"
          ],
          "create_before_destroy": true
        },
        {
          "index_key": "22",
          "schema_version": 0,
          "attributes": {
            "content_handling": "",
            "http_method": "POST",
            "id": "agir-j0dh1wfnjf-7pue4j-POST-200",
            "region": "us-east-1",
            "resource_id": "7pue4j",
            "response_parameters": null,
            "response_templates": null,
            "rest_api_id": "j0dh1wfnjf",
            "selection_pattern": "",
            "status_code": "200"
          },
          "sensitive_attributes": [],
          "identity_schema_version": 0,
          "private": "bnVsbA==",
          "dependencies": [
            "aws_apigatewayv2_api.websocket_api",
            "module.api_gateway.aws_api_gateway_authorizer.cognito_authorizer",
            "module.api_gateway.aws_api_gateway_integration.rest_endpoint_integrations",
            "module.api_gateway.aws_api_gateway_method.rest_endpoint_methods",
            "module.api_gateway.aws_api_gateway_method_response.rest_endpoint_method_responses",
            "module.api_gateway.aws_api_gateway_resource.base_resources",
            "module.api_gateway.aws_api_gateway_resource.main_resource",
            "module.api_gateway.aws_api_gateway_resource.variable_resources",
            "module.api_gateway.aws_api_gateway_rest_api.rest_api",
            "module.auth_lambda.aws_iam_role.lambda_role",
            "module.auth_lambda.aws_lambda_function.lambda",
            "module.auth_lambda.data.aws_caller_identity.current",
            "module.auth_lambda.data.aws_iam_policy_document.policy_doc",
            "module.auth_lambda.module.repo_ecr_lambda.aws_ecr_repository.this",
            "module.auth_lambda.null_resource.run_script",
            "module.events_queue.aws_sqs_queue.dead_letter_fifo_queue",
            "module.events_queue.aws_sqs_queue.fifo_queue",
            "module.locations_table.aws_dynamodb_table.this",
            "module.notificacoes_lambda.aws_iam_role.lambda_role",
            "module.notificacoes_lambda.aws_lambda_function.lambda",
            "module.notificacoes_lambda.data.aws_caller_identity.current",
            "module.notificacoes_lambda.data.aws_iam_policy_document.policy_doc",
            "module.notificacoes_lambda.module.repo_ecr_lambda.aws_ecr_repository.this",
            "module.notificacoes_lambda.null_resource.run_script",
            "module.notifications_general_topic.aws_sns_topic.this",
            "module.notifications_premium_topic.aws_sns_topic.this",
            "module.notifications_regional_topic.aws_sns_topic.this",
            "module.notifications_table.aws_dynamodb_table.this",
            "module.pedido_ofertas_table.aws_dynamodb_table.this",
            "module.pedidos_lambda.aws_iam_role.lambda_role",
            "module.pedidos_lambda.aws_lambda_function.lambda",
            "module.pedidos_lambda.data.aws_caller_identity.current",
            "module.pedidos_lambda.data.aws_iam_policy_document.policy_doc",
            "module.pedidos_lambda.module.repo_ecr_lambda.aws_ecr_repository.this",
            "module.pedidos_lambda.null_resource.run_script",
            "module.pedidos_table.aws_dynamodb_table.this",
            "module.rastreamento_lambda.aws_iam_role.lambda_role",
            "module.rastreamento_lambda.aws_lambda_function.lambda",
            "module.rastreamento_lambda.data.aws_caller_identity.current",
            "module.rastreamento_lambda.data.aws_iam_policy_document.policy_doc",
            "module.rastreamento_lambda.module.repo_ecr_lambda.aws_ecr_repository.this",
            "module.rastreamento_lambda.null_resource.run_script",
            "module.smart_routing_lambda.aws_iam_role.lambda_role",
            "module.smart_routing_lambda.aws_lambda_function.lambda",
            "module.smart_routing_lambda.data.aws_caller_identity.current",
            "module.smart_routing_lambda.data.aws_iam_policy_document.policy_doc",
            "module.smart_routing_lambda.module.repo_ecr_lambda.aws_ecr_repository.this",
            "module.smart_routing_lambda.null_resource.run_script",
            "module.users_table.aws_dynamodb_table.this",
            "module.usuarios_lambda.aws_iam_role.lambda_role",
            "module.usuarios_lambda.aws_lambda_function.lambda",
            "module.usuarios_lambda.data.aws_caller_identity.current",
            "module.usuarios_lambda.data.aws_iam_policy_document.policy_doc",
            "module.usuarios_lambda.module.repo_ecr_lambda.aws_ecr_repository.this",
            "module.usuarios_lambda.null_resource.run_script",
            "module.websocket_connections_table.aws_dynamodb_table.this",
            "module.websocket_lambda.aws_iam_role.lambda_role",
            "module.websocket_lambda.aws_lambda_function.lambda",
            "module.websocket_lambda.data.aws_caller_identity.current",
            "module.websocket_lambda.data.aws_iam_policy_document.policy_doc",
            "module.websocket_lambda.module.repo_ecr_lambda.aws_ecr_repository.this",
            "module.websocket_lambda.null_resource.run_script"
          ],
          "create_before_destroy": true
        },
        {
          "index_key": "23",
          "schema_version": 0,
          "attributes": {
            "content_handling": "",
            "http_method": "GET",
            "id": "agir-j0dh1wfnjf-s676dc-GET-200",
            "region": "us-east-1",
            "resource_id": "s676dc",
            "response_parameters": null,
            "response_templates": null,
            "rest_api_id": "j0dh1wfnjf",
            "selection_pattern": "",
            "status_code": "200"
          },
          "sensitive_attributes": [],
          "identity_schema_version": 0,
          "private": "bnVsbA==",
          "dependencies": [
            "aws_apigatewayv2_api.websocket_api",
            "module.api_gateway.aws_api_gateway_authorizer.cognito_authorizer",
            "module.api_gateway.aws_api_gateway_integration.rest_endpoint_integrations",
            "module.api_gateway.aws_api_gateway_method.rest_endpoint_methods",
            "module.api_gateway.aws_api_gateway_method_response.rest_endpoint_method_responses",
            "module.api_gateway.aws_api_gateway_resource.base_resources",
            "module.api_gateway.aws_api_gateway_resource.main_resource",
            "module.api_gateway.aws_api_gateway_resource.variable_resources",
            "module.api_gateway.aws_api_gateway_rest_api.rest_api",
            "module.auth_lambda.aws_iam_role.lambda_role",
            "module.auth_lambda.aws_lambda_function.lambda",
            "module.auth_lambda.data.aws_caller_identity.current",
            "module.auth_lambda.data.aws_iam_policy_document.policy_doc",
            "module.auth_lambda.module.repo_ecr_lambda.aws_ecr_repository.this",
            "module.auth_lambda.null_resource.run_script",
            "module.events_queue.aws_sqs_queue.dead_letter_fifo_queue",
            "module.events_queue.aws_sqs_queue.fifo_queue",
            "module.locations_table.aws_dynamodb_table.this",
            "module.notificacoes_lambda.aws_iam_role.lambda_role",
            "module.notificacoes_lambda.aws_lambda_function.lambda",
            "module.notificacoes_lambda.data.aws_caller_identity.current",
            "module.notificacoes_lambda.data.aws_iam_policy_document.policy_doc",
            "module.notificacoes_lambda.module.repo_ecr_lambda.aws_ecr_repository.this",
            "module.notificacoes_lambda.null_resource.run_script",
            "module.notifications_general_topic.aws_sns_topic.this",
            "module.notifications_premium_topic.aws_sns_topic.this",
            "module.notifications_regional_topic.aws_sns_topic.this",
            "module.notifications_table.aws_dynamodb_table.this",
            "module.pedido_ofertas_table.aws_dynamodb_table.this",
            "module.pedidos_lambda.aws_iam_role.lambda_role",
            "module.pedidos_lambda.aws_lambda_function.lambda",
            "module.pedidos_lambda.data.aws_caller_identity.current",
            "module.pedidos_lambda.data.aws_iam_policy_document.policy_doc",
            "module.pedidos_lambda.module.repo_ecr_lambda.aws_ecr_repository.this",
            "module.pedidos_lambda.null_resource.run_script",
            "module.pedidos_table.aws_dynamodb_table.this",
            "module.rastreamento_lambda.aws_iam_role.lambda_role",
            "module.rastreamento_lambda.aws_lambda_function.lambda",
            "module.rastreamento_lambda.data.aws_caller_identity.current",
            "module.rastreamento_lambda.data.aws_iam_policy_document.policy_doc",
            "module.rastreamento_lambda.module.repo_ecr_lambda.aws_ecr_repository.this",
            "module.rastreamento_lambda.null_resource.run_script",
            "module.smart_routing_lambda.aws_iam_role.lambda_role",
            "module.smart_routing_lambda.aws_lambda_function.lambda",
            "module.smart_routing_lambda.data.aws_caller_identity.current",
            "module.smart_routing_lambda.data.aws_iam_policy_document.policy_doc",
            "module.smart_routing_lambda.module.repo_ecr_lambda.aws_ecr_repository.this",
            "module.smart_routing_lambda.null_resource.run_script",
            "module.users_table.aws_dynamodb_table.this",
            "module.usuarios_lambda.aws_iam_role.lambda_role",
            "module.usuarios_lambda.aws_lambda_function.lambda",
            "module.usuarios_lambda.data.aws_caller_identity.current",
            "module.usuarios_lambda.data.aws_iam_policy_document.policy_doc",
            "module.usuarios_lambda.module.repo_ecr_lambda.aws_ecr_repository.this",
            "module.usuarios_lambda.null_resource.run_script",
            "module.websocket_connections_table.aws_dynamodb_table.this",
            "module.websocket_lambda.aws_iam_role.lambda_role",
            "module.websocket_lambda.aws_lambda_function.lambda",
            "module.websocket_lambda.data.aws_caller_identity.current",
            "module.websocket_lambda.data.aws_iam_policy_document.policy_doc",
            "module.websocket_lambda.module.repo_ecr_lambda.aws_ecr_repository.this",
            "module.websocket_lambda.null_resource.run_script"
          ],
          "create_before_destroy": true
        },
        {
          "index_key": "3",
          "schema_version": 0,
          "attributes": {
            "content_handling": "",
            "http_method": "POST",
            "id": "agir-j0dh1wfnjf-mbpe0n-POST-201",
            "region": "us-east-1",
            "resource_id": "mbpe0n",
            "response_parameters": null,
            "response_templates": null,
            "rest_api_id": "j0dh1wfnjf",
            "selection_pattern": "",
            "status_code": "201"
          },
          "sensitive_attributes": [],
          "identity_schema_version": 0,
          "private": "bnVsbA==",
          "dependencies": [
            "aws_apigatewayv2_api.websocket_api",
            "module.api_gateway.aws_api_gateway_authorizer.cognito_authorizer",
            "module.api_gateway.aws_api_gateway_integration.rest_endpoint_integrations",
            "module.api_gateway.aws_api_gateway_method.rest_endpoint_methods",
            "module.api_gateway.aws_api_gateway_method_response.rest_endpoint_method_responses",
            "module.api_gateway.aws_api_gateway_resource.base_resources",
            "module.api_gateway.aws_api_gateway_resource.main_resource",
            "module.api_gateway.aws_api_gateway_resource.variable_resources",
            "module.api_gateway.aws_api_gateway_rest_api.rest_api",
            "module.auth_lambda.aws_iam_role.lambda_role",
            "module.auth_lambda.aws_lambda_function.lambda",
            "module.auth_lambda.data.aws_caller_identity.current",
            "module.auth_lambda.data.aws_iam_policy_document.policy_doc",
            "module.auth_lambda.module.repo_ecr_lambda.aws_ecr_repository.this",
            "module.auth_lambda.null_resource.run_script",
            "module.events_queue.aws_sqs_queue.dead_letter_fifo_queue",
            "module.events_queue.aws_sqs_queue.fifo_queue",
            "module.locations_table.aws_dynamodb_table.this",
            "module.notificacoes_lambda.aws_iam_role.lambda_role",
            "module.notificacoes_lambda.aws_lambda_function.lambda",
            "module.notificacoes_lambda.data.aws_caller_identity.current",
            "module.notificacoes_lambda.data.aws_iam_policy_document.policy_doc",
            "module.notificacoes_lambda.module.repo_ecr_lambda.aws_ecr_repository.this",
            "module.notificacoes_lambda.null_resource.run_script",
            "module.notifications_general_topic.aws_sns_topic.this",
            "module.notifications_premium_topic.aws_sns_topic.this",
            "module.notifications_regional_topic.aws_sns_topic.this",
            "module.notifications_table.aws_dynamodb_table.this",
            "module.pedido_ofertas_table.aws_dynamodb_table.this",
            "module.pedidos_lambda.aws_iam_role.lambda_role",
            "module.pedidos_lambda.aws_lambda_function.lambda",
            "module.pedidos_lambda.data.aws_caller_identity.current",
            "module.pedidos_lambda.data.aws_iam_policy_document.policy_doc",
            "module.pedidos_lambda.module.repo_ecr_lambda.aws_ecr_repository.this",
            "module.pedidos_lambda.null_resource.run_script",
            "module.pedidos_table.aws_dynamodb_table.this",
            "module.rastreamento_lambda.aws_iam_role.lambda_role",
            "module.rastreamento_lambda.aws_lambda_function.lambda",
            "module.rastreamento_lambda.data.aws_caller_identity.current",
            "module.rastreamento_lambda.data.aws_iam_policy_document.policy_doc",
            "module.rastreamento_lambda.module.repo_ecr_lambda.aws_ecr_repository.this",
            "module.rastreamento_lambda.null_resource.run_script",
            "module.smart_routing_lambda.aws_iam_role.lambda_role",
            "module.smart_routing_lambda.aws_lambda_function.lambda",
            "module.smart_routing_lambda.data.aws_caller_identity.current",
            "module.smart_routing_lambda.data.aws_iam_policy_document.policy_doc",
            "module.smart_routing_lambda.module.repo_ecr_lambda.aws_ecr_repository.this",
            "module.smart_routing_lambda.null_resource.run_script",
            "module.users_table.aws_dynamodb_table.this",
            "module.usuarios_lambda.aws_iam_role.lambda_role",
            "module.usuarios_lambda.aws_lambda_function.lambda",
            "module.usuarios_lambda.data.aws_caller_identity.current",
            "module.usuarios_lambda.data.aws_iam_policy_document.policy_doc",
            "module.usuarios_lambda.module.repo_ecr_lambda.aws_ecr_repository.this",
            "module.usuarios_lambda.null_resource.run_script",
            "module.websocket_connections_table.aws_dynamodb_table.this",
            "module.websocket_lambda.aws_iam_role.lambda_role",
            "module.websocket_lambda.aws_lambda_function.lambda",
            "module.websocket_lambda.data.aws_caller_identity.current",
            "module.websocket_lambda.data.aws_iam_policy_document.policy_doc",
            "module.websocket_lambda.module.repo_ecr_lambda.aws_ecr_repository.this",
            "module.websocket_lambda.null_resource.run_script"
          ],
          "create_before_destroy": true
        },
        {
          "index_key": "4",
          "schema_version": 0,
          "attributes": {
            "content_handling": "",
            "http_method": "GET",
            "id": "agir-j0dh1wfnjf-76lh6y-GET-200",
            "region": "us-east-1",
            "resource_id": "76lh6y",
            "response_parameters": null,
            "response_templates": null,
            "rest_api_id": "j0dh1wfnjf",
            "selection_pattern": "",
            "status_code": "200"
          },
          "sensitive_attributes": [],
          "identity_schema_version": 0,
          "private": "bnVsbA==",
          "dependencies": [
            "aws_apigatewayv2_api.websocket_api",
            "module.api_gateway.aws_api_gateway_authorizer.cognito_authorizer",
            "module.api_gateway.aws_api_gateway_integration.rest_endpoint_integrations",
            "module.api_gateway.aws_api_gateway_method.rest_endpoint_methods",
            "module.api_gateway.aws_api_gateway_method_response.rest_endpoint_method_responses",
            "module.api_gateway.aws_api_gateway_resource.base_resources",
            "module.api_gateway.aws_api_gateway_resource.main_resource",
            "module.api_gateway.aws_api_gateway_resource.variable_resources",
            "module.api_gateway.aws_api_gateway_rest_api.rest_api",
            "module.auth_lambda.aws_iam_role.lambda_role",
            "module.auth_lambda.aws_lambda_function.lambda",
            "module.auth_lambda.data.aws_caller_identity.current",
            "module.auth_lambda.data.aws_iam_policy_document.policy_doc",
            "module.auth_lambda.module.repo_ecr_lambda.aws_ecr_repository.this",
            "module.auth_lambda.null_resource.run_script",
            "module.events_queue.aws_sqs_queue.dead_letter_fifo_queue",
            "module.events_queue.aws_sqs_queue.fifo_queue",
            "module.locations_table.aws_dynamodb_table.this",
            "module.notificacoes_lambda.aws_iam_role.lambda_role",
            "module.notificacoes_lambda.aws_lambda_function.lambda",
            "module.notificacoes_lambda.data.aws_caller_identity.current",
            "module.notificacoes_lambda.data.aws_iam_policy_document.policy_doc",
            "module.notificacoes_lambda.module.repo_ecr_lambda.aws_ecr_repository.this",
            "module.notificacoes_lambda.null_resource.run_script",
            "module.notifications_general_topic.aws_sns_topic.this",
            "module.notifications_premium_topic.aws_sns_topic.this",
            "module.notifications_regional_topic.aws_sns_topic.this",
            "module.notifications_table.aws_dynamodb_table.this",
            "module.pedido_ofertas_table.aws_dynamodb_table.this",
            "module.pedidos_lambda.aws_iam_role.lambda_role",
            "module.pedidos_lambda.aws_lambda_function.lambda",
            "module.pedidos_lambda.data.aws_caller_identity.current",
            "module.pedidos_lambda.data.aws_iam_policy_document.policy_doc",
            "module.pedidos_lambda.module.repo_ecr_lambda.aws_ecr_repository.this",
            "module.pedidos_lambda.null_resource.run_script",
            "module.pedidos_table.aws_dynamodb_table.this",
            "module.rastreamento_lambda.aws_iam_role.lambda_role",
            "module.rastreamento_lambda.aws_lambda_function.lambda",
            "module.rastreamento_lambda.data.aws_caller_identity.current",
            "module.rastreamento_lambda.data.aws_iam_policy_document.policy_doc",
            "module.rastreamento_lambda.module.repo_ecr_lambda.aws_ecr_repository.this",
            "module.rastreamento_lambda.null_resource.run_script",
            "module.smart_routing_lambda.aws_iam_role.lambda_role",
            "module.smart_routing_lambda.aws_lambda_function.lambda",
            "module.smart_routing_lambda.data.aws_caller_identity.current",
            "module.smart_routing_lambda.data.aws_iam_policy_document.policy_doc",
            "module.smart_routing_lambda.module.repo_ecr_lambda.aws_ecr_repository.this",
            "module.smart_routing_lambda.null_resource.run_script",
            "module.users_table.aws_dynamodb_table.this",
            "module.usuarios_lambda.aws_iam_role.lambda_role",
            "module.usuarios_lambda.aws_lambda_function.lambda",
            "module.usuarios_lambda.data.aws_caller_identity.current",
            "module.usuarios_lambda.data.aws_iam_policy_document.policy_doc",
            "module.usuarios_lambda.module.repo_ecr_lambda.aws_ecr_repository.this",
            "module.usuarios_lambda.null_resource.run_script",
            "module.websocket_connections_table.aws_dynamodb_table.this",
            "module.websocket_lambda.aws_iam_role.lambda_role",
            "module.websocket_lambda.aws_lambda_function.lambda",
            "module.websocket_lambda.data.aws_caller_identity.current",
            "module.websocket_lambda.data.aws_iam_policy_document.policy_doc",
            "module.websocket_lambda.module.repo_ecr_lambda.aws_ecr_repository.this",
            "module.websocket_lambda.null_resource.run_script"
          ],
          "create_before_destroy": true
        },
        {
          "index_key": "5",
          "schema_version": 0,
          "attributes": {
            "content_handling": "",
            "http_method": "GET",
            "id": "agir-j0dh1wfnjf-yrgy3n-GET-200",
            "region": "us-east-1",
            "resource_id": "yrgy3n",
            "response_parameters": null,
            "response_templates": null,
            "rest_api_id": "j0dh1wfnjf",
            "selection_pattern": "",
            "status_code": "200"
          },
          "sensitive_attributes": [],
          "identity_schema_version": 0,
          "private": "bnVsbA==",
          "dependencies": [
            "aws_apigatewayv2_api.websocket_api",
            "module.api_gateway.aws_api_gateway_authorizer.cognito_authorizer",
            "module.api_gateway.aws_api_gateway_integration.rest_endpoint_integrations",
            "module.api_gateway.aws_api_gateway_method.rest_endpoint_methods",
            "module.api_gateway.aws_api_gateway_method_response.rest_endpoint_method_responses",
            "module.api_gateway.aws_api_gateway_resource.base_resources",
            "module.api_gateway.aws_api_gateway_resource.main_resource",
            "module.api_gateway.aws_api_gateway_resource.variable_resources",
            "module.api_gateway.aws_api_gateway_rest_api.rest_api",
            "module.auth_lambda.aws_iam_role.lambda_role",
            "module.auth_lambda.aws_lambda_function.lambda",
            "module.auth_lambda.data.aws_caller_identity.current",
            "module.auth_lambda.data.aws_iam_policy_document.policy_doc",
            "module.auth_lambda.module.repo_ecr_lambda.aws_ecr_repository.this",
            "module.auth_lambda.null_resource.run_script",
            "module.events_queue.aws_sqs_queue.dead_letter_fifo_queue",
            "module.events_queue.aws_sqs_queue.fifo_queue",
            "module.locations_table.aws_dynamodb_table.this",
            "module.notificacoes_lambda.aws_iam_role.lambda_role",
            "module.notificacoes_lambda.aws_lambda_function.lambda",
            "module.notificacoes_lambda.data.aws_caller_identity.current",
            "module.notificacoes_lambda.data.aws_iam_policy_document.policy_doc",
            "module.notificacoes_lambda.module.repo_ecr_lambda.aws_ecr_repository.this",
            "module.notificacoes_lambda.null_resource.run_script",
            "module.notifications_general_topic.aws_sns_topic.this",
            "module.notifications_premium_topic.aws_sns_topic.this",
            "module.notifications_regional_topic.aws_sns_topic.this",
            "module.notifications_table.aws_dynamodb_table.this",
            "module.pedido_ofertas_table.aws_dynamodb_table.this",
            "module.pedidos_lambda.aws_iam_role.lambda_role",
            "module.pedidos_lambda.aws_lambda_function.lambda",
            "module.pedidos_lambda.data.aws_caller_identity.current",
            "module.pedidos_lambda.data.aws_iam_policy_document.policy_doc",
            "module.pedidos_lambda.module.repo_ecr_lambda.aws_ecr_repository.this",
            "module.pedidos_lambda.null_resource.run_script",
            "module.pedidos_table.aws_dynamodb_table.this",
            "module.rastreamento_lambda.aws_iam_role.lambda_role",
            "module.rastreamento_lambda.aws_lambda_function.lambda",
            "module.rastreamento_lambda.data.aws_caller_identity.current",
            "module.rastreamento_lambda.data.aws_iam_policy_document.policy_doc",
            "module.rastreamento_lambda.module.repo_ecr_lambda.aws_ecr_repository.this",
            "module.rastreamento_lambda.null_resource.run_script",
            "module.smart_routing_lambda.aws_iam_role.lambda_role",
            "module.smart_routing_lambda.aws_lambda_function.lambda",
            "module.smart_routing_lambda.data.aws_caller_identity.current",
            "module.smart_routing_lambda.data.aws_iam_policy_document.policy_doc",
            "module.smart_routing_lambda.module.repo_ecr_lambda.aws_ecr_repository.this",
            "module.smart_routing_lambda.null_resource.run_script",
            "module.users_table.aws_dynamodb_table.this",
            "module.usuarios_lambda.aws_iam_role.lambda_role",
            "module.usuarios_lambda.aws_lambda_function.lambda",
            "module.usuarios_lambda.data.aws_caller_identity.current",
            "module.usuarios_lambda.data.aws_iam_policy_document.policy_doc",
            "module.usuarios_lambda.module.repo_ecr_lambda.aws_ecr_repository.this",
            "module.usuarios_lambda.null_resource.run_script",
            "module.websocket_connections_table.aws_dynamodb_table.this",
            "module.websocket_lambda.aws_iam_role.lambda_role",
            "module.websocket_lambda.aws_lambda_function.lambda",
            "module.websocket_lambda.data.aws_caller_identity.current",
            "module.websocket_lambda.data.aws_iam_policy_document.policy_doc",
            "module.websocket_lambda.module.repo_ecr_lambda.aws_ecr_repository.this",
            "module.websocket_lambda.null_resource.run_script"
          ],
          "create_before_destroy": true
        },
        {
          "index_key": "6",
          "schema_version": 0,
          "attributes": {
            "content_handling": "",
            "http_method": "POST",
            "id": "agir-j0dh1wfnjf-xkaxok-POST-200",
            "region": "us-east-1",
            "resource_id": "xkaxok",
            "response_parameters": null,
            "response_templates": null,
            "rest_api_id": "j0dh1wfnjf",
            "selection_pattern": "",
            "status_code": "200"
          },
          "sensitive_attributes": [],
          "identity_schema_version": 0,
          "private": "bnVsbA==",
          "dependencies": [
            "aws_apigatewayv2_api.websocket_api",
            "module.api_gateway.aws_api_gateway_authorizer.cognito_authorizer",
            "module.api_gateway.aws_api_gateway_integration.rest_endpoint_integrations",
            "module.api_gateway.aws_api_gateway_method.rest_endpoint_methods",
            "module.api_gateway.aws_api_gateway_method_response.rest_endpoint_method_responses",
            "module.api_gateway.aws_api_gateway_resource.base_resources",
            "module.api_gateway.aws_api_gateway_resource.main_resource",
            "module.api_gateway.aws_api_gateway_resource.variable_resources",
            "module.api_gateway.aws_api_gateway_rest_api.rest_api",
            "module.auth_lambda.aws_iam_role.lambda_role",
            "module.auth_lambda.aws_lambda_function.lambda",
            "module.auth_lambda.data.aws_caller_identity.current",
            "module.auth_lambda.data.aws_iam_policy_document.policy_doc",
            "module.auth_lambda.module.repo_ecr_lambda.aws_ecr_repository.this",
            "module.auth_lambda.null_resource.run_script",
            "module.events_queue.aws_sqs_queue.dead_letter_fifo_queue",
            "module.events_queue.aws_sqs_queue.fifo_queue",
            "module.locations_table.aws_dynamodb_table.this",
            "module.notificacoes_lambda.aws_iam_role.lambda_role",
            "module.notificacoes_lambda.aws_lambda_function.lambda",
            "module.notificacoes_lambda.data.aws_caller_identity.current",
            "module.notificacoes_lambda.data.aws_iam_policy_document.policy_doc",
            "module.notificacoes_lambda.module.repo_ecr_lambda.aws_ecr_repository.this",
            "module.notificacoes_lambda.null_resource.run_script",
            "module.notifications_general_topic.aws_sns_topic.this",
            "module.notifications_premium_topic.aws_sns_topic.this",
            "module.notifications_regional_topic.aws_sns_topic.this",
            "module.notifications_table.aws_dynamodb_table.this",
            "module.pedido_ofertas_table.aws_dynamodb_table.this",
            "module.pedidos_lambda.aws_iam_role.lambda_role",
            "module.pedidos_lambda.aws_lambda_function.lambda",
            "module.pedidos_lambda.data.aws_caller_identity.current",
            "module.pedidos_lambda.data.aws_iam_policy_document.policy_doc",
            "module.pedidos_lambda.module.repo_ecr_lambda.aws_ecr_repository.this",
            "module.pedidos_lambda.null_resource.run_script",
            "module.pedidos_table.aws_dynamodb_table.this",
            "module.rastreamento_lambda.aws_iam_role.lambda_role",
            "module.rastreamento_lambda.aws_lambda_function.lambda",
            "module.rastreamento_lambda.data.aws_caller_identity.current",
            "module.rastreamento_lambda.data.aws_iam_policy_document.policy_doc",
            "module.rastreamento_lambda.module.repo_ecr_lambda.aws_ecr_repository.this",
            "module.rastreamento_lambda.null_resource.run_script",
            "module.smart_routing_lambda.aws_iam_role.lambda_role",
            "module.smart_routing_lambda.aws_lambda_function.lambda",
            "module.smart_routing_lambda.data.aws_caller_identity.current",
            "module.smart_routing_lambda.data.aws_iam_policy_document.policy_doc",
            "module.smart_routing_lambda.module.repo_ecr_lambda.aws_ecr_repository.this",
            "module.smart_routing_lambda.null_resource.run_script",
            "module.users_table.aws_dynamodb_table.this",
            "module.usuarios_lambda.aws_iam_role.lambda_role",
            "module.usuarios_lambda.aws_lambda_function.lambda",
            "module.usuarios_lambda.data.aws_caller_identity.current",
            "module.usuarios_lambda.data.aws_iam_policy_document.policy_doc",
            "module.usuarios_lambda.module.repo_ecr_lambda.aws_ecr_repository.this",
            "module.usuarios_lambda.null_resource.run_script",
            "module.websocket_connections_table.aws_dynamodb_table.this",
            "module.websocket_lambda.aws_iam_role.lambda_role",
            "module.websocket_lambda.aws_lambda_function.lambda",
            "module.websocket_lambda.data.aws_caller_identity.current",
            "module.websocket_lambda.data.aws_iam_policy_document.policy_doc",
            "module.websocket_lambda.module.repo_ecr_lambda.aws_ecr_repository.this",
            "module.websocket_lambda.null_resource.run_script"
          ],
          "create_before_destroy": true
        },
        {
          "index_key": "7",
          "schema_version": 0,
          "attributes": {
            "content_handling": "",
            "http_method": "PATCH",
            "id": "agir-j0dh1wfnjf-2baw9s-PATCH-204",
            "region": "us-east-1",
            "resource_id": "2baw9s",
            "response_parameters": null,
            "response_templates": null,
            "rest_api_id": "j0dh1wfnjf",
            "selection_pattern": "",
            "status_code": "204"
          },
          "sensitive_attributes": [],
          "identity_schema_version": 0,
          "private": "bnVsbA==",
          "dependencies": [
            "aws_apigatewayv2_api.websocket_api",
            "module.api_gateway.aws_api_gateway_authorizer.cognito_authorizer",
            "module.api_gateway.aws_api_gateway_integration.rest_endpoint_integrations",
            "module.api_gateway.aws_api_gateway_method.rest_endpoint_methods",
            "module.api_gateway.aws_api_gateway_method_response.rest_endpoint_method_responses",
            "module.api_gateway.aws_api_gateway_resource.base_resources",
            "module.api_gateway.aws_api_gateway_resource.main_resource",
            "module.api_gateway.aws_api_gateway_resource.variable_resources",
            "module.api_gateway.aws_api_gateway_rest_api.rest_api",
            "module.auth_lambda.aws_iam_role.lambda_role",
            "module.auth_lambda.aws_lambda_function.lambda",
            "module.auth_lambda.data.aws_caller_identity.current",
            "module.auth_lambda.data.aws_iam_policy_document.policy_doc",
            "module.auth_lambda.module.repo_ecr_lambda.aws_ecr_repository.this",
            "module.auth_lambda.null_resource.run_script",
            "module.events_queue.aws_sqs_queue.dead_letter_fifo_queue",
            "module.events_queue.aws_sqs_queue.fifo_queue",
            "module.locations_table.aws_dynamodb_table.this",
            "module.notificacoes_lambda.aws_iam_role.lambda_role",
            "module.notificacoes_lambda.aws_lambda_function.lambda",
            "module.notificacoes_lambda.data.aws_caller_identity.current",
            "module.notificacoes_lambda.data.aws_iam_policy_document.policy_doc",
            "module.notificacoes_lambda.module.repo_ecr_lambda.aws_ecr_repository.this",
            "module.notificacoes_lambda.null_resource.run_script",
            "module.notifications_general_topic.aws_sns_topic.this",
            "module.notifications_premium_topic.aws_sns_topic.this",
            "module.notifications_regional_topic.aws_sns_topic.this",
            "module.notifications_table.aws_dynamodb_table.this",
            "module.pedido_ofertas_table.aws_dynamodb_table.this",
            "module.pedidos_lambda.aws_iam_role.lambda_role",
            "module.pedidos_lambda.aws_lambda_function.lambda",
            "module.pedidos_lambda.data.aws_caller_identity.current",
            "module.pedidos_lambda.data.aws_iam_policy_document.policy_doc",
            "module.pedidos_lambda.module.repo_ecr_lambda.aws_ecr_repository.this",
            "module.pedidos_lambda.null_resource.run_script",
            "module.pedidos_table.aws_dynamodb_table.this",
            "module.rastreamento_lambda.aws_iam_role.lambda_role",
            "module.rastreamento_lambda.aws_lambda_function.lambda",
            "module.rastreamento_lambda.data.aws_caller_identity.current",
            "module.rastreamento_lambda.data.aws_iam_policy_document.policy_doc",
            "module.rastreamento_lambda.module.repo_ecr_lambda.aws_ecr_repository.this",
            "module.rastreamento_lambda.null_resource.run_script",
            "module.smart_routing_lambda.aws_iam_role.lambda_role",
            "module.smart_routing_lambda.aws_lambda_function.lambda",
            "module.smart_routing_lambda.data.aws_caller_identity.current",
            "module.smart_routing_lambda.data.aws_iam_policy_document.policy_doc",
            "module.smart_routing_lambda.module.repo_ecr_lambda.aws_ecr_repository.this",
            "module.smart_routing_lambda.null_resource.run_script",
            "module.users_table.aws_dynamodb_table.this",
            "module.usuarios_lambda.aws_iam_role.lambda_role",
            "module.usuarios_lambda.aws_lambda_function.lambda",
            "module.usuarios_lambda.data.aws_caller_identity.current",
            "module.usuarios_lambda.data.aws_iam_policy_document.policy_doc",
            "module.usuarios_lambda.module.repo_ecr_lambda.aws_ecr_repository.this",
            "module.usuarios_lambda.null_resource.run_script",
            "module.websocket_connections_table.aws_dynamodb_table.this",
            "module.websocket_lambda.aws_iam_role.lambda_role",
            "module.websocket_lambda.aws_lambda_function.lambda",
            "module.websocket_lambda.data.aws_caller_identity.current",
            "module.websocket_lambda.data.aws_iam_policy_document.policy_doc",
            "module.websocket_lambda.module.repo_ecr_lambda.aws_ecr_repository.this",
            "module.websocket_lambda.null_resource.run_script"
          ],
          "create_before_destroy": true
        },
        {
          "index_key": "8",
          "schema_version": 0,
          "attributes": {
            "content_handling": "",
            "http_method": "GET",
            "id": "agir-j0dh1wfnjf-cn0ist-GET-200",
            "region": "us-east-1",
            "resource_id": "cn0ist",
            "response_parameters": null,
            "response_templates": null,
            "rest_api_id": "j0dh1wfnjf",
            "selection_pattern": "",
            "status_code": "200"
          },
          "sensitive_attributes": [],
          "identity_schema_version": 0,
          "private": "bnVsbA==",
          "dependencies": [
            "aws_apigatewayv2_api.websocket_api",
            "module.api_gateway.aws_api_gateway_authorizer.cognito_authorizer",
            "module.api_gateway.aws_api_gateway_integration.rest_endpoint_integrations",
            "module.api_gateway.aws_api_gateway_method.rest_endpoint_methods",
            "module.api_gateway.aws_api_gateway_method_response.rest_endpoint_method_responses",
            "module.api_gateway.aws_api_gateway_resource.base_resources",
            "module.api_gateway.aws_api_gateway_resource.main_resource",
            "module.api_gateway.aws_api_gateway_resource.variable_resources",
            "module.api_gateway.aws_api_gateway_rest_api.rest_api",
            "module.auth_lambda.aws_iam_role.lambda_role",
            "module.auth_lambda.aws_lambda_function.lambda",
            "module.auth_lambda.data.aws_caller_identity.current",
            "module.auth_lambda.data.aws_iam_policy_document.policy_doc",
            "module.auth_lambda.module.repo_ecr_lambda.aws_ecr_repository.this",
            "module.auth_lambda.null_resource.run_script",
            "module.events_queue.aws_sqs_queue.dead_letter_fifo_queue",
            "module.events_queue.aws_sqs_queue.fifo_queue",
            "module.locations_table.aws_dynamodb_table.this",
            "module.notificacoes_lambda.aws_iam_role.lambda_role",
            "module.notificacoes_lambda.aws_lambda_function.lambda",
            "module.notificacoes_lambda.data.aws_caller_identity.current",
            "module.notificacoes_lambda.data.aws_iam_policy_document.policy_doc",
            "module.notificacoes_lambda.module.repo_ecr_lambda.aws_ecr_repository.this",
            "module.notificacoes_lambda.null_resource.run_script",
            "module.notifications_general_topic.aws_sns_topic.this",
            "module.notifications_premium_topic.aws_sns_topic.this",
            "module.notifications_regional_topic.aws_sns_topic.this",
            "module.notifications_table.aws_dynamodb_table.this",
            "module.pedido_ofertas_table.aws_dynamodb_table.this",
            "module.pedidos_lambda.aws_iam_role.lambda_role",
            "module.pedidos_lambda.aws_lambda_function.lambda",
            "module.pedidos_lambda.data.aws_caller_identity.current",
            "module.pedidos_lambda.data.aws_iam_policy_document.policy_doc",
            "module.pedidos_lambda.module.repo_ecr_lambda.aws_ecr_repository.this",
            "module.pedidos_lambda.null_resource.run_script",
            "module.pedidos_table.aws_dynamodb_table.this",
            "module.rastreamento_lambda.aws_iam_role.lambda_role",
            "module.rastreamento_lambda.aws_lambda_function.lambda",
            "module.rastreamento_lambda.data.aws_caller_identity.current",
            "module.rastreamento_lambda.data.aws_iam_policy_document.policy_doc",
            "module.rastreamento_lambda.module.repo_ecr_lambda.aws_ecr_repository.this",
            "module.rastreamento_lambda.null_resource.run_script",
            "module.smart_routing_lambda.aws_iam_role.lambda_role",
            "module.smart_routing_lambda.aws_lambda_function.lambda",
            "module.smart_routing_lambda.data.aws_caller_identity.current",
            "module.smart_routing_lambda.data.aws_iam_policy_document.policy_doc",
            "module.smart_routing_lambda.module.repo_ecr_lambda.aws_ecr_repository.this",
            "module.smart_routing_lambda.null_resource.run_script",
            "module.users_table.aws_dynamodb_table.this",
            "module.usuarios_lambda.aws_iam_role.lambda_role",
            "module.usuarios_lambda.aws_lambda_function.lambda",
            "module.usuarios_lambda.data.aws_caller_identity.current",
            "module.usuarios_lambda.data.aws_iam_policy_document.policy_doc",
            "module.usuarios_lambda.module.repo_ecr_lambda.aws_ecr_repository.this",
            "module.usuarios_lambda.null_resource.run_script",
            "module.websocket_connections_table.aws_dynamodb_table.this",
            "module.websocket_lambda.aws_iam_role.lambda_role",
            "module.websocket_lambda.aws_lambda_function.lambda",
            "module.websocket_lambda.data.aws_caller_identity.current",
            "module.websocket_lambda.data.aws_iam_policy_document.policy_doc",
            "module.websocket_lambda.module.repo_ecr_lambda.aws_ecr_repository.this",
            "module.websocket_lambda.null_resource.run_script"
          ],
          "create_before_destroy": true
        },
        {
          "index_key": "9",
          "schema_version": 0,
          "attributes": {
            "content_handling": "",
            "http_method": "PATCH",
            "id": "agir-j0dh1wfnjf-sjrnpa-PATCH-204",
            "region": "us-east-1",
            "resource_id": "sjrnpa",
            "response_parameters": null,
            "response_templates": null,
            "rest_api_id": "j0dh1wfnjf",
            "selection_pattern": "",
            "status_code": "204"
          },
          "sensitive_attributes": [],
          "identity_schema_version": 0,
          "private": "bnVsbA==",
          "dependencies": [
            "aws_apigatewayv2_api.websocket_api",
            "module.api_gateway.aws_api_gateway_authorizer.cognito_authorizer",
            "module.api_gateway.aws_api_gateway_integration.rest_endpoint_integrations",
            "module.api_gateway.aws_api_gateway_method.rest_endpoint_methods",
            "module.api_gateway.aws_api_gateway_method_response.rest_endpoint_method_responses",
            "module.api_gateway.aws_api_gateway_resource.base_resources",
            "module.api_gateway.aws_api_gateway_resource.main_resource",
            "module.api_gateway.aws_api_gateway_resource.variable_resources",
            "module.api_gateway.aws_api_gateway_rest_api.rest_api",
            "module.auth_lambda.aws_iam_role.lambda_role",
            "module.auth_lambda.aws_lambda_function.lambda",
            "module.auth_lambda.data.aws_caller_identity.current",
            "module.auth_lambda.data.aws_iam_policy_document.policy_doc",
            "module.auth_lambda.module.repo_ecr_lambda.aws_ecr_repository.this",
            "module.auth_lambda.null_resource.run_script",
            "module.events_queue.aws_sqs_queue.dead_letter_fifo_queue",
            "module.events_queue.aws_sqs_queue.fifo_queue",
            "module.locations_table.aws_dynamodb_table.this",
            "module.notificacoes_lambda.aws_iam_role.lambda_role",
            "module.notificacoes_lambda.aws_lambda_function.lambda",
            "module.notificacoes_lambda.data.aws_caller_identity.current",
            "module.notificacoes_lambda.data.aws_iam_policy_document.policy_doc",
            "module.notificacoes_lambda.module.repo_ecr_lambda.aws_ecr_repository.this",
            "module.notificacoes_lambda.null_resource.run_script",
            "module.notifications_general_topic.aws_sns_topic.this",
            "module.notifications_premium_topic.aws_sns_topic.this",
            "module.notifications_regional_topic.aws_sns_topic.this",
            "module.notifications_table.aws_dynamodb_table.this",
            "module.pedido_ofertas_table.aws_dynamodb_table.this",
            "module.pedidos_lambda.aws_iam_role.lambda_role",
            "module.pedidos_lambda.aws_lambda_function.lambda",
            "module.pedidos_lambda.data.aws_caller_identity.current",
            "module.pedidos_lambda.data.aws_iam_policy_document.policy_doc",
            "module.pedidos_lambda.module.repo_ecr_lambda.aws_ecr_repository.this",
            "module.pedidos_lambda.null_resource.run_script",
            "module.pedidos_table.aws_dynamodb_table.this",
            "module.rastreamento_lambda.aws_iam_role.lambda_role",
            "module.rastreamento_lambda.aws_lambda_function.lambda",
            "module.rastreamento_lambda.data.aws_caller_identity.current",
            "module.rastreamento_lambda.data.aws_iam_policy_document.policy_doc",
            "module.rastreamento_lambda.module.repo_ecr_lambda.aws_ecr_repository.this",
            "module.rastreamento_lambda.null_resource.run_script",
            "module.smart_routing_lambda.aws_iam_role.lambda_role",
            "module.smart_routing_lambda.aws_lambda_function.lambda",
            "module.smart_routing_lambda.data.aws_caller_identity.current",
            "module.smart_routing_lambda.data.aws_iam_policy_document.policy_doc",
            "module.smart_routing_lambda.module.repo_ecr_lambda.aws_ecr_repository.this",
            "module.smart_routing_lambda.null_resource.run_script",
            "module.users_table.aws_dynamodb_table.this",
            "module.usuarios_lambda.aws_iam_role.lambda_role",
            "module.usuarios_lambda.aws_lambda_function.lambda",
            "module.usuarios_lambda.data.aws_caller_identity.current",
            "module.usuarios_lambda.data.aws_iam_policy_document.policy_doc",
            "module.usuarios_lambda.module.repo_ecr_lambda.aws_ecr_repository.this",
            "module.usuarios_lambda.null_resource.run_script",
            "module.websocket_connections_table.aws_dynamodb_table.this",
            "module.websocket_lambda.aws_iam_role.lambda_role",
            "module.websocket_lambda.aws_lambda_function.lambda",
            "module.websocket_lambda.data.aws_caller_identity.current",
            "module.websocket_lambda.data.aws_iam_policy_document.policy_doc",
            "module.websocket_lambda.module.repo_ecr_lambda.aws_ecr_repository.this",
            "module.websocket_lambda.null_resource.run_script"
          ],
          "create_before_destroy": true
        }
      ]
    },
    {
      "module": "module.api_gateway",
      "mode": "managed",
      "type": "aws_api_gateway_method",
      "name": "rest_endpoint_methods",
      "provider": "provider[\"registry.terraform.io/hashicorp/aws\"]",
      "instances": [
        {
          "index_key": "0",
          "schema_version": 0,
          "attributes": {
            "api_key_required": false,
            "authorization": "NONE",
            "authorization_scopes": null,
            "authorizer_id": null,
            "http_method": "POST",
            "id": "agm-j0dh1wfnjf-3t93n1-POST",
            "operation_name": null,
            "region": "us-east-1",
            "request_models": null,
            "request_parameters": null,
            "request_validator_id": null,
            "resource_id": "3t93n1",
            "rest_api_id": "j0dh1wfnjf"
          },
          "sensitive_attributes": [],
          "identity_schema_version": 0,
          "private": "bnVsbA==",
          "dependencies": [
            "aws_apigatewayv2_api.websocket_api",
            "module.api_gateway.aws_api_gateway_authorizer.cognito_authorizer",
            "module.api_gateway.aws_api_gateway_resource.base_resources",
            "module.api_gateway.aws_api_gateway_resource.main_resource",
            "module.api_gateway.aws_api_gateway_resource.variable_resources",
            "module.api_gateway.aws_api_gateway_rest_api.rest_api",
            "module.auth_lambda.aws_iam_role.lambda_role",
            "module.auth_lambda.aws_lambda_function.lambda",
            "module.auth_lambda.data.aws_caller_identity.current",
            "module.auth_lambda.data.aws_iam_policy_document.policy_doc",
            "module.auth_lambda.module.repo_ecr_lambda.aws_ecr_repository.this",
            "module.auth_lambda.null_resource.run_script",
            "module.events_queue.aws_sqs_queue.dead_letter_fifo_queue",
            "module.events_queue.aws_sqs_queue.fifo_queue",
            "module.locations_table.aws_dynamodb_table.this",
            "module.notificacoes_lambda.aws_iam_role.lambda_role",
            "module.notificacoes_lambda.aws_lambda_function.lambda",
            "module.notificacoes_lambda.data.aws_caller_identity.current",
            "module.notificacoes_lambda.data.aws_iam_policy_document.policy_doc",
            "module.notificacoes_lambda.module.repo_ecr_lambda.aws_ecr_repository.this",
            "module.notificacoes_lambda.null_resource.run_script",
            "module.notifications_general_topic.aws_sns_topic.this",
            "module.notifications_premium_topic.aws_sns_topic.this",
            "module.notifications_regional_topic.aws_sns_topic.this",
            "module.notifications_table.aws_dynamodb_table.this",
            "module.pedido_ofertas_table.aws_dynamodb_table.this",
            "module.pedidos_lambda.aws_iam_role.lambda_role",
            "module.pedidos_lambda.aws_lambda_function.lambda",
            "module.pedidos_lambda.data.aws_caller_identity.current",
            "module.pedidos_lambda.data.aws_iam_policy_document.policy_doc",
            "module.pedidos_lambda.module.repo_ecr_lambda.aws_ecr_repository.this",
            "module.pedidos_lambda.null_resource.run_script",
            "module.pedidos_table.aws_dynamodb_table.this",
            "module.rastreamento_lambda.aws_iam_role.lambda_role",
            "module.rastreamento_lambda.aws_lambda_function.lambda",
            "module.rastreamento_lambda.data.aws_caller_identity.current",
            "module.rastreamento_lambda.data.aws_iam_policy_document.policy_doc",
            "module.rastreamento_lambda.module.repo_ecr_lambda.aws_ecr_repository.this",
            "module.rastreamento_lambda.null_resource.run_script",
            "module.smart_routing_lambda.aws_iam_role.lambda_role",
            "module.smart_routing_lambda.aws_lambda_function.lambda",
            "module.smart_routing_lambda.data.aws_caller_identity.current",
            "module.smart_routing_lambda.data.aws_iam_policy_document.policy_doc",
            "module.smart_routing_lambda.module.repo_ecr_lambda.aws_ecr_repository.this",
            "module.smart_routing_lambda.null_resource.run_script",
            "module.users_table.aws_dynamodb_table.this",
            "module.usuarios_lambda.aws_iam_role.lambda_role",
            "module.usuarios_lambda.aws_lambda_function.lambda",
            "module.usuarios_lambda.data.aws_caller_identity.current",
            "module.usuarios_lambda.data.aws_iam_policy_document.policy_doc",
            "module.usuarios_lambda.module.repo_ecr_lambda.aws_ecr_repository.this",
            "module.usuarios_lambda.null_resource.run_script",
            "module.websocket_connections_table.aws_dynamodb_table.this",
            "module.websocket_lambda.aws_iam_role.lambda_role",
            "module.websocket_lambda.aws_lambda_function.lambda",
            "module.websocket_lambda.data.aws_caller_identity.current",
            "module.websocket_lambda.data.aws_iam_policy_document.policy_doc",
            "module.websocket_lambda.module.repo_ecr_lambda.aws_ecr_repository.this",
            "module.websocket_lambda.null_resource.run_script"
          ],
          "create_before_destroy": true
        },
        {
          "index_key": "1",
          "schema_version": 0,
          "attributes": {
            "api_key_required": false,
            "authorization": "NONE",
            "authorization_scopes": null,
            "authorizer_id": null,
            "http_method": "POST",
            "id": "agm-j0dh1wfnjf-7nqzah-POST",
            "operation_name": null,
            "region": "us-east-1",
            "request_models": null,
            "request_parameters": null,
            "request_validator_id": null,
            "resource_id": "7nqzah",
            "rest_api_id": "j0dh1wfnjf"
          },
          "sensitive_attributes": [],
          "identity_schema_version": 0,
          "private": "bnVsbA==",
          "dependencies": [
            "aws_apigatewayv2_api.websocket_api",
            "module.api_gateway.aws_api_gateway_authorizer.cognito_authorizer",
            "module.api_gateway.aws_api_gateway_resource.base_resources",
            "module.api_gateway.aws_api_gateway_resource.main_resource",
            "module.api_gateway.aws_api_gateway_resource.variable_resources",
            "module.api_gateway.aws_api_gateway_rest_api.rest_api",
            "module.auth_lambda.aws_iam_role.lambda_role",
            "module.auth_lambda.aws_lambda_function.lambda",
            "module.auth_lambda.data.aws_caller_identity.current",
            "module.auth_lambda.data.aws_iam_policy_document.policy_doc",
            "module.auth_lambda.module.repo_ecr_lambda.aws_ecr_repository.this",
            "module.auth_lambda.null_resource.run_script",
            "module.events_queue.aws_sqs_queue.dead_letter_fifo_queue",
            "module.events_queue.aws_sqs_queue.fifo_queue",
            "module.locations_table.aws_dynamodb_table.this",
            "module.notificacoes_lambda.aws_iam_role.lambda_role",
            "module.notificacoes_lambda.aws_lambda_function.lambda",
            "module.notificacoes_lambda.data.aws_caller_identity.current",
            "module.notificacoes_lambda.data.aws_iam_policy_document.policy_doc",
            "module.notificacoes_lambda.module.repo_ecr_lambda.aws_ecr_repository.this",
            "module.notificacoes_lambda.null_resource.run_script",
            "module.notifications_general_topic.aws_sns_topic.this",
            "module.notifications_premium_topic.aws_sns_topic.this",
            "module.notifications_regional_topic.aws_sns_topic.this",
            "module.notifications_table.aws_dynamodb_table.this",
            "module.pedido_ofertas_table.aws_dynamodb_table.this",
            "module.pedidos_lambda.aws_iam_role.lambda_role",
            "module.pedidos_lambda.aws_lambda_function.lambda",
            "module.pedidos_lambda.data.aws_caller_identity.current",
            "module.pedidos_lambda.data.aws_iam_policy_document.policy_doc",
            "module.pedidos_lambda.module.repo_ecr_lambda.aws_ecr_repository.this",
            "module.pedidos_lambda.null_resource.run_script",
            "module.pedidos_table.aws_dynamodb_table.this",
            "module.rastreamento_lambda.aws_iam_role.lambda_role",
            "module.rastreamento_lambda.aws_lambda_function.lambda",
            "module.rastreamento_lambda.data.aws_caller_identity.current",
            "module.rastreamento_lambda.data.aws_iam_policy_document.policy_doc",
            "module.rastreamento_lambda.module.repo_ecr_lambda.aws_ecr_repository.this",
            "module.rastreamento_lambda.null_resource.run_script",
            "module.smart_routing_lambda.aws_iam_role.lambda_role",
            "module.smart_routing_lambda.aws_lambda_function.lambda",
            "module.smart_routing_lambda.data.aws_caller_identity.current",
            "module.smart_routing_lambda.data.aws_iam_policy_document.policy_doc",
            "module.smart_routing_lambda.module.repo_ecr_lambda.aws_ecr_repository.this",
            "module.smart_routing_lambda.null_resource.run_script",
            "module.users_table.aws_dynamodb_table.this",
            "module.usuarios_lambda.aws_iam_role.lambda_role",
            "module.usuarios_lambda.aws_lambda_function.lambda",
            "module.usuarios_lambda.data.aws_caller_identity.current",
            "module.usuarios_lambda.data.aws_iam_policy_document.policy_doc",
            "module.usuarios_lambda.module.repo_ecr_lambda.aws_ecr_repository.this",
            "module.usuarios_lambda.null_resource.run_script",
            "module.websocket_connections_table.aws_dynamodb_table.this",
            "module.websocket_lambda.aws_iam_role.lambda_role",
            "module.websocket_lambda.aws_lambda_function.lambda",
            "module.websocket_lambda.data.aws_caller_identity.current",
            "module.websocket_lambda.data.aws_iam_policy_document.policy_doc",
            "module.websocket_lambda.module.repo_ecr_lambda.aws_ecr_repository.this",
            "module.websocket_lambda.null_resource.run_script"
          ],
          "create_before_destroy": true
        },
        {
          "index_key": "10",
          "schema_version": 0,
          "attributes": {
            "api_key_required": false,
            "authorization": "NONE",
            "authorization_scopes": null,
            "authorizer_id": null,
            "http_method": "POST",
            "id": "agm-j0dh1wfnjf-zorlbk-POST",
            "operation_name": null,
            "region": "us-east-1",
            "request_models": null,
            "request_parameters": null,
            "request_validator_id": null,
            "resource_id": "zorlbk",
            "rest_api_id": "j0dh1wfnjf"
          },
          "sensitive_attributes": [],
          "identity_schema_version": 0,
          "private": "bnVsbA==",
          "dependencies": [
            "aws_apigatewayv2_api.websocket_api",
            "module.api_gateway.aws_api_gateway_authorizer.cognito_authorizer",
            "module.api_gateway.aws_api_gateway_resource.base_resources",
            "module.api_gateway.aws_api_gateway_resource.main_resource",
            "module.api_gateway.aws_api_gateway_resource.variable_resources",
            "module.api_gateway.aws_api_gateway_rest_api.rest_api",
            "module.auth_lambda.aws_iam_role.lambda_role",
            "module.auth_lambda.aws_lambda_function.lambda",
            "module.auth_lambda.data.aws_caller_identity.current",
            "module.auth_lambda.data.aws_iam_policy_document.policy_doc",
            "module.auth_lambda.module.repo_ecr_lambda.aws_ecr_repository.this",
            "module.auth_lambda.null_resource.run_script",
            "module.events_queue.aws_sqs_queue.dead_letter_fifo_queue",
            "module.events_queue.aws_sqs_queue.fifo_queue",
            "module.locations_table.aws_dynamodb_table.this",
            "module.notificacoes_lambda.aws_iam_role.lambda_role",
            "module.notificacoes_lambda.aws_lambda_function.lambda",
            "module.notificacoes_lambda.data.aws_caller_identity.current",
            "module.notificacoes_lambda.data.aws_iam_policy_document.policy_doc",
            "module.notificacoes_lambda.module.repo_ecr_lambda.aws_ecr_repository.this",
            "module.notificacoes_lambda.null_resource.run_script",
            "module.notifications_general_topic.aws_sns_topic.this",
            "module.notifications_premium_topic.aws_sns_topic.this",
            "module.notifications_regional_topic.aws_sns_topic.this",
            "module.notifications_table.aws_dynamodb_table.this",
            "module.pedido_ofertas_table.aws_dynamodb_table.this",
            "module.pedidos_lambda.aws_iam_role.lambda_role",
            "module.pedidos_lambda.aws_lambda_function.lambda",
            "module.pedidos_lambda.data.aws_caller_identity.current",
            "module.pedidos_lambda.data.aws_iam_policy_document.policy_doc",
            "module.pedidos_lambda.module.repo_ecr_lambda.aws_ecr_repository.this",
            "module.pedidos_lambda.null_resource.run_script",
            "module.pedidos_table.aws_dynamodb_table.this",
            "module.rastreamento_lambda.aws_iam_role.lambda_role",
            "module.rastreamento_lambda.aws_lambda_function.lambda",
            "module.rastreamento_lambda.data.aws_caller_identity.current",
            "module.rastreamento_lambda.data.aws_iam_policy_document.policy_doc",
            "module.rastreamento_lambda.module.repo_ecr_lambda.aws_ecr_repository.this",
            "module.rastreamento_lambda.null_resource.run_script",
            "module.smart_routing_lambda.aws_iam_role.lambda_role",
            "module.smart_routing_lambda.aws_lambda_function.lambda",
            "module.smart_routing_lambda.data.aws_caller_identity.current",
            "module.smart_routing_lambda.data.aws_iam_policy_document.policy_doc",
            "module.smart_routing_lambda.module.repo_ecr_lambda.aws_ecr_repository.this",
            "module.smart_routing_lambda.null_resource.run_script",
            "module.users_table.aws_dynamodb_table.this",
            "module.usuarios_lambda.aws_iam_role.lambda_role",
            "module.usuarios_lambda.aws_lambda_function.lambda",
            "module.usuarios_lambda.data.aws_caller_identity.current",
            "module.usuarios_lambda.data.aws_iam_policy_document.policy_doc",
            "module.usuarios_lambda.module.repo_ecr_lambda.aws_ecr_repository.this",
            "module.usuarios_lambda.null_resource.run_script",
            "module.websocket_connections_table.aws_dynamodb_table.this",
            "module.websocket_lambda.aws_iam_role.lambda_role",
            "module.websocket_lambda.aws_lambda_function.lambda",
            "module.websocket_lambda.data.aws_caller_identity.current",
            "module.websocket_lambda.data.aws_iam_policy_document.policy_doc",
            "module.websocket_lambda.module.repo_ecr_lambda.aws_ecr_repository.this",
            "module.websocket_lambda.null_resource.run_script"
          ],
          "create_before_destroy": true
        },
        {
          "index_key": "11",
          "schema_version": 0,
          "attributes": {
            "api_key_required": false,
            "authorization": "NONE",
            "authorization_scopes": null,
            "authorizer_id": null,
            "http_method": "GET",
            "id": "agm-j0dh1wfnjf-f16fno-GET",
            "operation_name": null,
            "region": "us-east-1",
            "request_models": null,
            "request_parameters": null,
            "request_validator_id": null,
            "resource_id": "f16fno",
            "rest_api_id": "j0dh1wfnjf"
          },
          "sensitive_attributes": [],
          "identity_schema_version": 0,
          "private": "bnVsbA==",
          "dependencies": [
            "aws_apigatewayv2_api.websocket_api",
            "module.api_gateway.aws_api_gateway_authorizer.cognito_authorizer",
            "module.api_gateway.aws_api_gateway_resource.base_resources",
            "module.api_gateway.aws_api_gateway_resource.main_resource",
            "module.api_gateway.aws_api_gateway_resource.variable_resources",
            "module.api_gateway.aws_api_gateway_rest_api.rest_api",
            "module.auth_lambda.aws_iam_role.lambda_role",
            "module.auth_lambda.aws_lambda_function.lambda",
            "module.auth_lambda.data.aws_caller_identity.current",
            "module.auth_lambda.data.aws_iam_policy_document.policy_doc",
            "module.auth_lambda.module.repo_ecr_lambda.aws_ecr_repository.this",
            "module.auth_lambda.null_resource.run_script",
            "module.events_queue.aws_sqs_queue.dead_letter_fifo_queue",
            "module.events_queue.aws_sqs_queue.fifo_queue",
            "module.locations_table.aws_dynamodb_table.this",
            "module.notificacoes_lambda.aws_iam_role.lambda_role",
            "module.notificacoes_lambda.aws_lambda_function.lambda",
            "module.notificacoes_lambda.data.aws_caller_identity.current",
            "module.notificacoes_lambda.data.aws_iam_policy_document.policy_doc",
            "module.notificacoes_lambda.module.repo_ecr_lambda.aws_ecr_repository.this",
            "module.notificacoes_lambda.null_resource.run_script",
            "module.notifications_general_topic.aws_sns_topic.this",
            "module.notifications_premium_topic.aws_sns_topic.this",
            "module.notifications_regional_topic.aws_sns_topic.this",
            "module.notifications_table.aws_dynamodb_table.this",
            "module.pedido_ofertas_table.aws_dynamodb_table.this",
            "module.pedidos_lambda.aws_iam_role.lambda_role",
            "module.pedidos_lambda.aws_lambda_function.lambda",
            "module.pedidos_lambda.data.aws_caller_identity.current",
            "module.pedidos_lambda.data.aws_iam_policy_document.policy_doc",
            "module.pedidos_lambda.module.repo_ecr_lambda.aws_ecr_repository.this",
            "module.pedidos_lambda.null_resource.run_script",
            "module.pedidos_table.aws_dynamodb_table.this",
            "module.rastreamento_lambda.aws_iam_role.lambda_role",
            "module.rastreamento_lambda.aws_lambda_function.lambda",
            "module.rastreamento_lambda.data.aws_caller_identity.current",
            "module.rastreamento_lambda.data.aws_iam_policy_document.policy_doc",
            "module.rastreamento_lambda.module.repo_ecr_lambda.aws_ecr_repository.this",
            "module.rastreamento_lambda.null_resource.run_script",
            "module.smart_routing_lambda.aws_iam_role.lambda_role",
            "module.smart_routing_lambda.aws_lambda_function.lambda",
            "module.smart_routing_lambda.data.aws_caller_identity.current",
            "module.smart_routing_lambda.data.aws_iam_policy_document.policy_doc",
            "module.smart_routing_lambda.module.repo_ecr_lambda.aws_ecr_repository.this",
            "module.smart_routing_lambda.null_resource.run_script",
            "module.users_table.aws_dynamodb_table.this",
            "module.usuarios_lambda.aws_iam_role.lambda_role",
            "module.usuarios_lambda.aws_lambda_function.lambda",
            "module.usuarios_lambda.data.aws_caller_identity.current",
            "module.usuarios_lambda.data.aws_iam_policy_document.policy_doc",
            "module.usuarios_lambda.module.repo_ecr_lambda.aws_ecr_repository.this",
            "module.usuarios_lambda.null_resource.run_script",
            "module.websocket_connections_table.aws_dynamodb_table.this",
            "module.websocket_lambda.aws_iam_role.lambda_role",
            "module.websocket_lambda.aws_lambda_function.lambda",
            "module.websocket_lambda.data.aws_caller_identity.current",
            "module.websocket_lambda.data.aws_iam_policy_document.policy_doc",
            "module.websocket_lambda.module.repo_ecr_lambda.aws_ecr_repository.this",
            "module.websocket_lambda.null_resource.run_script"
          ],
          "create_before_destroy": true
        },
        {
          "index_key": "12",
          "schema_version": 0,
          "attributes": {
            "api_key_required": false,
            "authorization": "NONE",
            "authorization_scopes": null,
            "authorizer_id": null,
            "http_method": "GET",
            "id": "agm-j0dh1wfnjf-gnorps-GET",
            "operation_name": null,
            "region": "us-east-1",
            "request_models": null,
            "request_parameters": null,
            "request_validator_id": null,
            "resource_id": "gnorps",
            "rest_api_id": "j0dh1wfnjf"
          },
          "sensitive_attributes": [],
          "identity_schema_version": 0,
          "private": "bnVsbA==",
          "dependencies": [
            "aws_apigatewayv2_api.websocket_api",
            "module.api_gateway.aws_api_gateway_authorizer.cognito_authorizer",
            "module.api_gateway.aws_api_gateway_resource.base_resources",
            "module.api_gateway.aws_api_gateway_resource.main_resource",
            "module.api_gateway.aws_api_gateway_resource.variable_resources",
            "module.api_gateway.aws_api_gateway_rest_api.rest_api",
            "module.auth_lambda.aws_iam_role.lambda_role",
            "module.auth_lambda.aws_lambda_function.lambda",
            "module.auth_lambda.data.aws_caller_identity.current",
            "module.auth_lambda.data.aws_iam_policy_document.policy_doc",
            "module.auth_lambda.module.repo_ecr_lambda.aws_ecr_repository.this",
            "module.auth_lambda.null_resource.run_script",
            "module.events_queue.aws_sqs_queue.dead_letter_fifo_queue",
            "module.events_queue.aws_sqs_queue.fifo_queue",
            "module.locations_table.aws_dynamodb_table.this",
            "module.notificacoes_lambda.aws_iam_role.lambda_role",
            "module.notificacoes_lambda.aws_lambda_function.lambda",
            "module.notificacoes_lambda.data.aws_caller_identity.current",
            "module.notificacoes_lambda.data.aws_iam_policy_document.policy_doc",
            "module.notificacoes_lambda.module.repo_ecr_lambda.aws_ecr_repository.this",
            "module.notificacoes_lambda.null_resource.run_script",
            "module.notifications_general_topic.aws_sns_topic.this",
            "module.notifications_premium_topic.aws_sns_topic.this",
            "module.notifications_regional_topic.aws_sns_topic.this",
            "module.notifications_table.aws_dynamodb_table.this",
            "module.pedido_ofertas_table.aws_dynamodb_table.this",
            "module.pedidos_lambda.aws_iam_role.lambda_role",
            "module.pedidos_lambda.aws_lambda_function.lambda",
            "module.pedidos_lambda.data.aws_caller_identity.current",
            "module.pedidos_lambda.data.aws_iam_policy_document.policy_doc",
            "module.pedidos_lambda.module.repo_ecr_lambda.aws_ecr_repository.this",
            "module.pedidos_lambda.null_resource.run_script",
            "module.pedidos_table.aws_dynamodb_table.this",
            "module.rastreamento_lambda.aws_iam_role.lambda_role",
            "module.rastreamento_lambda.aws_lambda_function.lambda",
            "module.rastreamento_lambda.data.aws_caller_identity.current",
            "module.rastreamento_lambda.data.aws_iam_policy_document.policy_doc",
            "module.rastreamento_lambda.module.repo_ecr_lambda.aws_ecr_repository.this",
            "module.rastreamento_lambda.null_resource.run_script",
            "module.smart_routing_lambda.aws_iam_role.lambda_role",
            "module.smart_routing_lambda.aws_lambda_function.lambda",
            "module.smart_routing_lambda.data.aws_caller_identity.current",
            "module.smart_routing_lambda.data.aws_iam_policy_document.policy_doc",
            "module.smart_routing_lambda.module.repo_ecr_lambda.aws_ecr_repository.this",
            "module.smart_routing_lambda.null_resource.run_script",
            "module.users_table.aws_dynamodb_table.this",
            "module.usuarios_lambda.aws_iam_role.lambda_role",
            "module.usuarios_lambda.aws_lambda_function.lambda",
            "module.usuarios_lambda.data.aws_caller_identity.current",
            "module.usuarios_lambda.data.aws_iam_policy_document.policy_doc",
            "module.usuarios_lambda.module.repo_ecr_lambda.aws_ecr_repository.this",
            "module.usuarios_lambda.null_resource.run_script",
            "module.websocket_connections_table.aws_dynamodb_table.this",
            "module.websocket_lambda.aws_iam_role.lambda_role",
            "module.websocket_lambda.aws_lambda_function.lambda",
            "module.websocket_lambda.data.aws_caller_identity.current",
            "module.websocket_lambda.data.aws_iam_policy_document.policy_doc",
            "module.websocket_lambda.module.repo_ecr_lambda.aws_ecr_repository.this",
            "module.websocket_lambda.null_resource.run_script"
          ],
          "create_before_destroy": true
        },
        {
          "index_key": "13",
          "schema_version": 0,
          "attributes": {
            "api_key_required": false,
            "authorization": "NONE",
            "authorization_scopes": null,
            "authorizer_id": null,
            "http_method": "GET",
            "id": "agm-j0dh1wfnjf-9rimia-GET",
            "operation_name": null,
            "region": "us-east-1",
            "request_models": null,
            "request_parameters": null,
            "request_validator_id": null,
            "resource_id": "9rimia",
            "rest_api_id": "j0dh1wfnjf"
          },
          "sensitive_attributes": [],
          "identity_schema_version": 0,
          "private": "bnVsbA==",
          "dependencies": [
            "aws_apigatewayv2_api.websocket_api",
            "module.api_gateway.aws_api_gateway_authorizer.cognito_authorizer",
            "module.api_gateway.aws_api_gateway_resource.base_resources",
            "module.api_gateway.aws_api_gateway_resource.main_resource",
            "module.api_gateway.aws_api_gateway_resource.variable_resources",
            "module.api_gateway.aws_api_gateway_rest_api.rest_api",
            "module.auth_lambda.aws_iam_role.lambda_role",
            "module.auth_lambda.aws_lambda_function.lambda",
            "module.auth_lambda.data.aws_caller_identity.current",
            "module.auth_lambda.data.aws_iam_policy_document.policy_doc",
            "module.auth_lambda.module.repo_ecr_lambda.aws_ecr_repository.this",
            "module.auth_lambda.null_resource.run_script",
            "module.events_queue.aws_sqs_queue.dead_letter_fifo_queue",
            "module.events_queue.aws_sqs_queue.fifo_queue",
            "module.locations_table.aws_dynamodb_table.this",
            "module.notificacoes_lambda.aws_iam_role.lambda_role",
            "module.notificacoes_lambda.aws_lambda_function.lambda",
            "module.notificacoes_lambda.data.aws_caller_identity.current",
            "module.notificacoes_lambda.data.aws_iam_policy_document.policy_doc",
            "module.notificacoes_lambda.module.repo_ecr_lambda.aws_ecr_repository.this",
            "module.notificacoes_lambda.null_resource.run_script",
            "module.notifications_general_topic.aws_sns_topic.this",
            "module.notifications_premium_topic.aws_sns_topic.this",
            "module.notifications_regional_topic.aws_sns_topic.this",
            "module.notifications_table.aws_dynamodb_table.this",
            "module.pedido_ofertas_table.aws_dynamodb_table.this",
            "module.pedidos_lambda.aws_iam_role.lambda_role",
            "module.pedidos_lambda.aws_lambda_function.lambda",
            "module.pedidos_lambda.data.aws_caller_identity.current",
            "module.pedidos_lambda.data.aws_iam_policy_document.policy_doc",
            "module.pedidos_lambda.module.repo_ecr_lambda.aws_ecr_repository.this",
            "module.pedidos_lambda.null_resource.run_script",
            "module.pedidos_table.aws_dynamodb_table.this",
            "module.rastreamento_lambda.aws_iam_role.lambda_role",
            "module.rastreamento_lambda.aws_lambda_function.lambda",
            "module.rastreamento_lambda.data.aws_caller_identity.current",
            "module.rastreamento_lambda.data.aws_iam_policy_document.policy_doc",
            "module.rastreamento_lambda.module.repo_ecr_lambda.aws_ecr_repository.this",
            "module.rastreamento_lambda.null_resource.run_script",
            "module.smart_routing_lambda.aws_iam_role.lambda_role",
            "module.smart_routing_lambda.aws_lambda_function.lambda",
            "module.smart_routing_lambda.data.aws_caller_identity.current",
            "module.smart_routing_lambda.data.aws_iam_policy_document.policy_doc",
            "module.smart_routing_lambda.module.repo_ecr_lambda.aws_ecr_repository.this",
            "module.smart_routing_lambda.null_resource.run_script",
            "module.users_table.aws_dynamodb_table.this",
            "module.usuarios_lambda.aws_iam_role.lambda_role",
            "module.usuarios_lambda.aws_lambda_function.lambda",
            "module.usuarios_lambda.data.aws_caller_identity.current",
            "module.usuarios_lambda.data.aws_iam_policy_document.policy_doc",
            "module.usuarios_lambda.module.repo_ecr_lambda.aws_ecr_repository.this",
            "module.usuarios_lambda.null_resource.run_script",
            "module.websocket_connections_table.aws_dynamodb_table.this",
            "module.websocket_lambda.aws_iam_role.lambda_role",
            "module.websocket_lambda.aws_lambda_function.lambda",
            "module.websocket_lambda.data.aws_caller_identity.current",
            "module.websocket_lambda.data.aws_iam_policy_document.policy_doc",
            "module.websocket_lambda.module.repo_ecr_lambda.aws_ecr_repository.this",
            "module.websocket_lambda.null_resource.run_script"
          ],
          "create_before_destroy": true
        },
        {
          "index_key": "14",
          "schema_version": 0,
          "attributes": {
            "api_key_required": false,
            "authorization": "NONE",
            "authorization_scopes": null,
            "authorizer_id": null,
            "http_method": "GET",
            "id": "agm-j0dh1wfnjf-mxp0ne-GET",
            "operation_name": null,
            "region": "us-east-1",
            "request_models": null,
            "request_parameters": null,
            "request_validator_id": null,
            "resource_id": "mxp0ne",
            "rest_api_id": "j0dh1wfnjf"
          },
          "sensitive_attributes": [],
          "identity_schema_version": 0,
          "private": "bnVsbA==",
          "dependencies": [
            "aws_apigatewayv2_api.websocket_api",
            "module.api_gateway.aws_api_gateway_authorizer.cognito_authorizer",
            "module.api_gateway.aws_api_gateway_resource.base_resources",
            "module.api_gateway.aws_api_gateway_resource.main_resource",
            "module.api_gateway.aws_api_gateway_resource.variable_resources",
            "module.api_gateway.aws_api_gateway_rest_api.rest_api",
            "module.auth_lambda.aws_iam_role.lambda_role",
            "module.auth_lambda.aws_lambda_function.lambda",
            "module.auth_lambda.data.aws_caller_identity.current",
            "module.auth_lambda.data.aws_iam_policy_document.policy_doc",
            "module.auth_lambda.module.repo_ecr_lambda.aws_ecr_repository.this",
            "module.auth_lambda.null_resource.run_script",
            "module.events_queue.aws_sqs_queue.dead_letter_fifo_queue",
            "module.events_queue.aws_sqs_queue.fifo_queue",
            "module.locations_table.aws_dynamodb_table.this",
            "module.notificacoes_lambda.aws_iam_role.lambda_role",
            "module.notificacoes_lambda.aws_lambda_function.lambda",
            "module.notificacoes_lambda.data.aws_caller_identity.current",
            "module.notificacoes_lambda.data.aws_iam_policy_document.policy_doc",
            "module.notificacoes_lambda.module.repo_ecr_lambda.aws_ecr_repository.this",
            "module.notificacoes_lambda.null_resource.run_script",
            "module.notifications_general_topic.aws_sns_topic.this",
            "module.notifications_premium_topic.aws_sns_topic.this",
            "module.notifications_regional_topic.aws_sns_topic.this",
            "module.notifications_table.aws_dynamodb_table.this",
            "module.pedido_ofertas_table.aws_dynamodb_table.this",
            "module.pedidos_lambda.aws_iam_role.lambda_role",
            "module.pedidos_lambda.aws_lambda_function.lambda",
            "module.pedidos_lambda.data.aws_caller_identity.current",
            "module.pedidos_lambda.data.aws_iam_policy_document.policy_doc",
            "module.pedidos_lambda.module.repo_ecr_lambda.aws_ecr_repository.this",
            "module.pedidos_lambda.null_resource.run_script",
            "module.pedidos_table.aws_dynamodb_table.this",
            "module.rastreamento_lambda.aws_iam_role.lambda_role",
            "module.rastreamento_lambda.aws_lambda_function.lambda",
            "module.rastreamento_lambda.data.aws_caller_identity.current",
            "module.rastreamento_lambda.data.aws_iam_policy_document.policy_doc",
            "module.rastreamento_lambda.module.repo_ecr_lambda.aws_ecr_repository.this",
            "module.rastreamento_lambda.null_resource.run_script",
            "module.smart_routing_lambda.aws_iam_role.lambda_role",
            "module.smart_routing_lambda.aws_lambda_function.lambda",
            "module.smart_routing_lambda.data.aws_caller_identity.current",
            "module.smart_routing_lambda.data.aws_iam_policy_document.policy_doc",
            "module.smart_routing_lambda.module.repo_ecr_lambda.aws_ecr_repository.this",
            "module.smart_routing_lambda.null_resource.run_script",
            "module.users_table.aws_dynamodb_table.this",
            "module.usuarios_lambda.aws_iam_role.lambda_role",
            "module.usuarios_lambda.aws_lambda_function.lambda",
            "module.usuarios_lambda.data.aws_caller_identity.current",
            "module.usuarios_lambda.data.aws_iam_policy_document.policy_doc",
            "module.usuarios_lambda.module.repo_ecr_lambda.aws_ecr_repository.this",
            "module.usuarios_lambda.null_resource.run_script",
            "module.websocket_connections_table.aws_dynamodb_table.this",
            "module.websocket_lambda.aws_iam_role.lambda_role",
            "module.websocket_lambda.aws_lambda_function.lambda",
            "module.websocket_lambda.data.aws_caller_identity.current",
            "module.websocket_lambda.data.aws_iam_policy_document.policy_doc",
            "module.websocket_lambda.module.repo_ecr_lambda.aws_ecr_repository.this",
            "module.websocket_lambda.null_resource.run_script"
          ],
          "create_before_destroy": true
        },
        {
          "index_key": "15",
          "schema_version": 0,
          "attributes": {
            "api_key_required": false,
            "authorization": "NONE",
            "authorization_scopes": null,
            "authorizer_id": null,
            "http_method": "POST",
            "id": "agm-j0dh1wfnjf-n89qqj-POST",
            "operation_name": null,
            "region": "us-east-1",
            "request_models": null,
            "request_parameters": null,
            "request_validator_id": null,
            "resource_id": "n89qqj",
            "rest_api_id": "j0dh1wfnjf"
          },
          "sensitive_attributes": [],
          "identity_schema_version": 0,
          "private": "bnVsbA==",
          "dependencies": [
            "aws_apigatewayv2_api.websocket_api",
            "module.api_gateway.aws_api_gateway_authorizer.cognito_authorizer",
            "module.api_gateway.aws_api_gateway_resource.base_resources",
            "module.api_gateway.aws_api_gateway_resource.main_resource",
            "module.api_gateway.aws_api_gateway_resource.variable_resources",
            "module.api_gateway.aws_api_gateway_rest_api.rest_api",
            "module.auth_lambda.aws_iam_role.lambda_role",
            "module.auth_lambda.aws_lambda_function.lambda",
            "module.auth_lambda.data.aws_caller_identity.current",
            "module.auth_lambda.data.aws_iam_policy_document.policy_doc",
            "module.auth_lambda.module.repo_ecr_lambda.aws_ecr_repository.this",
            "module.auth_lambda.null_resource.run_script",
            "module.events_queue.aws_sqs_queue.dead_letter_fifo_queue",
            "module.events_queue.aws_sqs_queue.fifo_queue",
            "module.locations_table.aws_dynamodb_table.this",
            "module.notificacoes_lambda.aws_iam_role.lambda_role",
            "module.notificacoes_lambda.aws_lambda_function.lambda",
            "module.notificacoes_lambda.data.aws_caller_identity.current",
            "module.notificacoes_lambda.data.aws_iam_policy_document.policy_doc",
            "module.notificacoes_lambda.module.repo_ecr_lambda.aws_ecr_repository.this",
            "module.notificacoes_lambda.null_resource.run_script",
            "module.notifications_general_topic.aws_sns_topic.this",
            "module.notifications_premium_topic.aws_sns_topic.this",
            "module.notifications_regional_topic.aws_sns_topic.this",
            "module.notifications_table.aws_dynamodb_table.this",
            "module.pedido_ofertas_table.aws_dynamodb_table.this",
            "module.pedidos_lambda.aws_iam_role.lambda_role",
            "module.pedidos_lambda.aws_lambda_function.lambda",
            "module.pedidos_lambda.data.aws_caller_identity.current",
            "module.pedidos_lambda.data.aws_iam_policy_document.policy_doc",
            "module.pedidos_lambda.module.repo_ecr_lambda.aws_ecr_repository.this",
            "module.pedidos_lambda.null_resource.run_script",
            "module.pedidos_table.aws_dynamodb_table.this",
            "module.rastreamento_lambda.aws_iam_role.lambda_role",
            "module.rastreamento_lambda.aws_lambda_function.lambda",
            "module.rastreamento_lambda.data.aws_caller_identity.current",
            "module.rastreamento_lambda.data.aws_iam_policy_document.policy_doc",
            "module.rastreamento_lambda.module.repo_ecr_lambda.aws_ecr_repository.this",
            "module.rastreamento_lambda.null_resource.run_script",
            "module.smart_routing_lambda.aws_iam_role.lambda_role",
            "module.smart_routing_lambda.aws_lambda_function.lambda",
            "module.smart_routing_lambda.data.aws_caller_identity.current",
            "module.smart_routing_lambda.data.aws_iam_policy_document.policy_doc",
            "module.smart_routing_lambda.module.repo_ecr_lambda.aws_ecr_repository.this",
            "module.smart_routing_lambda.null_resource.run_script",
            "module.users_table.aws_dynamodb_table.this",
            "module.usuarios_lambda.aws_iam_role.lambda_role",
            "module.usuarios_lambda.aws_lambda_function.lambda",
            "module.usuarios_lambda.data.aws_caller_identity.current",
            "module.usuarios_lambda.data.aws_iam_policy_document.policy_doc",
            "module.usuarios_lambda.module.repo_ecr_lambda.aws_ecr_repository.this",
            "module.usuarios_lambda.null_resource.run_script",
            "module.websocket_connections_table.aws_dynamodb_table.this",
            "module.websocket_lambda.aws_iam_role.lambda_role",
            "module.websocket_lambda.aws_lambda_function.lambda",
            "module.websocket_lambda.data.aws_caller_identity.current",
            "module.websocket_lambda.data.aws_iam_policy_document.policy_doc",
            "module.websocket_lambda.module.repo_ecr_lambda.aws_ecr_repository.this",
            "module.websocket_lambda.null_resource.run_script"
          ],
          "create_before_destroy": true
        },
        {
          "index_key": "16",
          "schema_version": 0,
          "attributes": {
            "api_key_required": false,
            "authorization": "NONE",
            "authorization_scopes": null,
            "authorizer_id": null,
            "http_method": "POST",
            "id": "agm-j0dh1wfnjf-gb41n9-POST",
            "operation_name": null,
            "region": "us-east-1",
            "request_models": null,
            "request_parameters": null,
            "request_validator_id": null,
            "resource_id": "gb41n9",
            "rest_api_id": "j0dh1wfnjf"
          },
          "sensitive_attributes": [],
          "identity_schema_version": 0,
          "private": "bnVsbA==",
          "dependencies": [
            "aws_apigatewayv2_api.websocket_api",
            "module.api_gateway.aws_api_gateway_authorizer.cognito_authorizer",
            "module.api_gateway.aws_api_gateway_resource.base_resources",
            "module.api_gateway.aws_api_gateway_resource.main_resource",
            "module.api_gateway.aws_api_gateway_resource.variable_resources",
            "module.api_gateway.aws_api_gateway_rest_api.rest_api",
            "module.auth_lambda.aws_iam_role.lambda_role",
            "module.auth_lambda.aws_lambda_function.lambda",
            "module.auth_lambda.data.aws_caller_identity.current",
            "module.auth_lambda.data.aws_iam_policy_document.policy_doc",
            "module.auth_lambda.module.repo_ecr_lambda.aws_ecr_repository.this",
            "module.auth_lambda.null_resource.run_script",
            "module.events_queue.aws_sqs_queue.dead_letter_fifo_queue",
            "module.events_queue.aws_sqs_queue.fifo_queue",
            "module.locations_table.aws_dynamodb_table.this",
            "module.notificacoes_lambda.aws_iam_role.lambda_role",
            "module.notificacoes_lambda.aws_lambda_function.lambda",
            "module.notificacoes_lambda.data.aws_caller_identity.current",
            "module.notificacoes_lambda.data.aws_iam_policy_document.policy_doc",
            "module.notificacoes_lambda.module.repo_ecr_lambda.aws_ecr_repository.this",
            "module.notificacoes_lambda.null_resource.run_script",
            "module.notifications_general_topic.aws_sns_topic.this",
            "module.notifications_premium_topic.aws_sns_topic.this",
            "module.notifications_regional_topic.aws_sns_topic.this",
            "module.notifications_table.aws_dynamodb_table.this",
            "module.pedido_ofertas_table.aws_dynamodb_table.this",
            "module.pedidos_lambda.aws_iam_role.lambda_role",
            "module.pedidos_lambda.aws_lambda_function.lambda",
            "module.pedidos_lambda.data.aws_caller_identity.current",
            "module.pedidos_lambda.data.aws_iam_policy_document.policy_doc",
            "module.pedidos_lambda.module.repo_ecr_lambda.aws_ecr_repository.this",
            "module.pedidos_lambda.null_resource.run_script",
            "module.pedidos_table.aws_dynamodb_table.this",
            "module.rastreamento_lambda.aws_iam_role.lambda_role",
            "module.rastreamento_lambda.aws_lambda_function.lambda",
            "module.rastreamento_lambda.data.aws_caller_identity.current",
            "module.rastreamento_lambda.data.aws_iam_policy_document.policy_doc",
            "module.rastreamento_lambda.module.repo_ecr_lambda.aws_ecr_repository.this",
            "module.rastreamento_lambda.null_resource.run_script",
            "module.smart_routing_lambda.aws_iam_role.lambda_role",
            "module.smart_routing_lambda.aws_lambda_function.lambda",
            "module.smart_routing_lambda.data.aws_caller_identity.current",
            "module.smart_routing_lambda.data.aws_iam_policy_document.policy_doc",
            "module.smart_routing_lambda.module.repo_ecr_lambda.aws_ecr_repository.this",
            "module.smart_routing_lambda.null_resource.run_script",
            "module.users_table.aws_dynamodb_table.this",
            "module.usuarios_lambda.aws_iam_role.lambda_role",
            "module.usuarios_lambda.aws_lambda_function.lambda",
            "module.usuarios_lambda.data.aws_caller_identity.current",
            "module.usuarios_lambda.data.aws_iam_policy_document.policy_doc",
            "module.usuarios_lambda.module.repo_ecr_lambda.aws_ecr_repository.this",
            "module.usuarios_lambda.null_resource.run_script",
            "module.websocket_connections_table.aws_dynamodb_table.this",
            "module.websocket_lambda.aws_iam_role.lambda_role",
            "module.websocket_lambda.aws_lambda_function.lambda",
            "module.websocket_lambda.data.aws_caller_identity.current",
            "module.websocket_lambda.data.aws_iam_policy_document.policy_doc",
            "module.websocket_lambda.module.repo_ecr_lambda.aws_ecr_repository.this",
            "module.websocket_lambda.null_resource.run_script"
          ],
          "create_before_destroy": true
        },
        {
          "index_key": "17",
          "schema_version": 0,
          "attributes": {
            "api_key_required": false,
            "authorization": "NONE",
            "authorization_scopes": null,
            "authorizer_id": null,
            "http_method": "POST",
            "id": "agm-j0dh1wfnjf-r0qkqo-POST",
            "operation_name": null,
            "region": "us-east-1",
            "request_models": null,
            "request_parameters": null,
            "request_validator_id": null,
            "resource_id": "r0qkqo",
            "rest_api_id": "j0dh1wfnjf"
          },
          "sensitive_attributes": [],
          "identity_schema_version": 0,
          "private": "bnVsbA==",
          "dependencies": [
            "aws_apigatewayv2_api.websocket_api",
            "module.api_gateway.aws_api_gateway_authorizer.cognito_authorizer",
            "module.api_gateway.aws_api_gateway_resource.base_resources",
            "module.api_gateway.aws_api_gateway_resource.main_resource",
            "module.api_gateway.aws_api_gateway_resource.variable_resources",
            "module.api_gateway.aws_api_gateway_rest_api.rest_api",
            "module.auth_lambda.aws_iam_role.lambda_role",
            "module.auth_lambda.aws_lambda_function.lambda",
            "module.auth_lambda.data.aws_caller_identity.current",
            "module.auth_lambda.data.aws_iam_policy_document.policy_doc",
            "module.auth_lambda.module.repo_ecr_lambda.aws_ecr_repository.this",
            "module.auth_lambda.null_resource.run_script",
            "module.events_queue.aws_sqs_queue.dead_letter_fifo_queue",
            "module.events_queue.aws_sqs_queue.fifo_queue",
            "module.locations_table.aws_dynamodb_table.this",
            "module.notificacoes_lambda.aws_iam_role.lambda_role",
            "module.notificacoes_lambda.aws_lambda_function.lambda",
            "module.notificacoes_lambda.data.aws_caller_identity.current",
            "module.notificacoes_lambda.data.aws_iam_policy_document.policy_doc",
            "module.notificacoes_lambda.module.repo_ecr_lambda.aws_ecr_repository.this",
            "module.notificacoes_lambda.null_resource.run_script",
            "module.notifications_general_topic.aws_sns_topic.this",
            "module.notifications_premium_topic.aws_sns_topic.this",
            "module.notifications_regional_topic.aws_sns_topic.this",
            "module.notifications_table.aws_dynamodb_table.this",
            "module.pedido_ofertas_table.aws_dynamodb_table.this",
            "module.pedidos_lambda.aws_iam_role.lambda_role",
            "module.pedidos_lambda.aws_lambda_function.lambda",
            "module.pedidos_lambda.data.aws_caller_identity.current",
            "module.pedidos_lambda.data.aws_iam_policy_document.policy_doc",
            "module.pedidos_lambda.module.repo_ecr_lambda.aws_ecr_repository.this",
            "module.pedidos_lambda.null_resource.run_script",
            "module.pedidos_table.aws_dynamodb_table.this",
            "module.rastreamento_lambda.aws_iam_role.lambda_role",
            "module.rastreamento_lambda.aws_lambda_function.lambda",
            "module.rastreamento_lambda.data.aws_caller_identity.current",
            "module.rastreamento_lambda.data.aws_iam_policy_document.policy_doc",
            "module.rastreamento_lambda.module.repo_ecr_lambda.aws_ecr_repository.this",
            "module.rastreamento_lambda.null_resource.run_script",
            "module.smart_routing_lambda.aws_iam_role.lambda_role",
            "module.smart_routing_lambda.aws_lambda_function.lambda",
            "module.smart_routing_lambda.data.aws_caller_identity.current",
            "module.smart_routing_lambda.data.aws_iam_policy_document.policy_doc",
            "module.smart_routing_lambda.module.repo_ecr_lambda.aws_ecr_repository.this",
            "module.smart_routing_lambda.null_resource.run_script",
            "module.users_table.aws_dynamodb_table.this",
            "module.usuarios_lambda.aws_iam_role.lambda_role",
            "module.usuarios_lambda.aws_lambda_function.lambda",
            "module.usuarios_lambda.data.aws_caller_identity.current",
            "module.usuarios_lambda.data.aws_iam_policy_document.policy_doc",
            "module.usuarios_lambda.module.repo_ecr_lambda.aws_ecr_repository.this",
            "module.usuarios_lambda.null_resource.run_script",
            "module.websocket_connections_table.aws_dynamodb_table.this",
            "module.websocket_lambda.aws_iam_role.lambda_role",
            "module.websocket_lambda.aws_lambda_function.lambda",
            "module.websocket_lambda.data.aws_caller_identity.current",
            "module.websocket_lambda.data.aws_iam_policy_document.policy_doc",
            "module.websocket_lambda.module.repo_ecr_lambda.aws_ecr_repository.this",
            "module.websocket_lambda.null_resource.run_script"
          ],
          "create_before_destroy": true
        },
        {
          "index_key": "18",
          "schema_version": 0,
          "attributes": {
            "api_key_required": false,
            "authorization": "NONE",
            "authorization_scopes": null,
            "authorizer_id": null,
            "http_method": "GET",
            "id": "agm-j0dh1wfnjf-vada4z-GET",
            "operation_name": null,
            "region": "us-east-1",
            "request_models": null,
            "request_parameters": null,
            "request_validator_id": null,
            "resource_id": "vada4z",
            "rest_api_id": "j0dh1wfnjf"
          },
          "sensitive_attributes": [],
          "identity_schema_version": 0,
          "private": "bnVsbA==",
          "dependencies": [
            "aws_apigatewayv2_api.websocket_api",
            "module.api_gateway.aws_api_gateway_authorizer.cognito_authorizer",
            "module.api_gateway.aws_api_gateway_resource.base_resources",
            "module.api_gateway.aws_api_gateway_resource.main_resource",
            "module.api_gateway.aws_api_gateway_resource.variable_resources",
            "module.api_gateway.aws_api_gateway_rest_api.rest_api",
            "module.auth_lambda.aws_iam_role.lambda_role",
            "module.auth_lambda.aws_lambda_function.lambda",
            "module.auth_lambda.data.aws_caller_identity.current",
            "module.auth_lambda.data.aws_iam_policy_document.policy_doc",
            "module.auth_lambda.module.repo_ecr_lambda.aws_ecr_repository.this",
            "module.auth_lambda.null_resource.run_script",
            "module.events_queue.aws_sqs_queue.dead_letter_fifo_queue",
            "module.events_queue.aws_sqs_queue.fifo_queue",
            "module.locations_table.aws_dynamodb_table.this",
            "module.notificacoes_lambda.aws_iam_role.lambda_role",
            "module.notificacoes_lambda.aws_lambda_function.lambda",
            "module.notificacoes_lambda.data.aws_caller_identity.current",
            "module.notificacoes_lambda.data.aws_iam_policy_document.policy_doc",
            "module.notificacoes_lambda.module.repo_ecr_lambda.aws_ecr_repository.this",
            "module.notificacoes_lambda.null_resource.run_script",
            "module.notifications_general_topic.aws_sns_topic.this",
            "module.notifications_premium_topic.aws_sns_topic.this",
            "module.notifications_regional_topic.aws_sns_topic.this",
            "module.notifications_table.aws_dynamodb_table.this",
            "module.pedido_ofertas_table.aws_dynamodb_table.this",
            "module.pedidos_lambda.aws_iam_role.lambda_role",
            "module.pedidos_lambda.aws_lambda_function.lambda",
            "module.pedidos_lambda.data.aws_caller_identity.current",
            "module.pedidos_lambda.data.aws_iam_policy_document.policy_doc",
            "module.pedidos_lambda.module.repo_ecr_lambda.aws_ecr_repository.this",
            "module.pedidos_lambda.null_resource.run_script",
            "module.pedidos_table.aws_dynamodb_table.this",
            "module.rastreamento_lambda.aws_iam_role.lambda_role",
            "module.rastreamento_lambda.aws_lambda_function.lambda",
            "module.rastreamento_lambda.data.aws_caller_identity.current",
            "module.rastreamento_lambda.data.aws_iam_policy_document.policy_doc",
            "module.rastreamento_lambda.module.repo_ecr_lambda.aws_ecr_repository.this",
            "module.rastreamento_lambda.null_resource.run_script",
            "module.smart_routing_lambda.aws_iam_role.lambda_role",
            "module.smart_routing_lambda.aws_lambda_function.lambda",
            "module.smart_routing_lambda.data.aws_caller_identity.current",
            "module.smart_routing_lambda.data.aws_iam_policy_document.policy_doc",
            "module.smart_routing_lambda.module.repo_ecr_lambda.aws_ecr_repository.this",
            "module.smart_routing_lambda.null_resource.run_script",
            "module.users_table.aws_dynamodb_table.this",
            "module.usuarios_lambda.aws_iam_role.lambda_role",
            "module.usuarios_lambda.aws_lambda_function.lambda",
            "module.usuarios_lambda.data.aws_caller_identity.current",
            "module.usuarios_lambda.data.aws_iam_policy_document.policy_doc",
            "module.usuarios_lambda.module.repo_ecr_lambda.aws_ecr_repository.this",
            "module.usuarios_lambda.null_resource.run_script",
            "module.websocket_connections_table.aws_dynamodb_table.this",
            "module.websocket_lambda.aws_iam_role.lambda_role",
            "module.websocket_lambda.aws_lambda_function.lambda",
            "module.websocket_lambda.data.aws_caller_identity.current",
            "module.websocket_lambda.data.aws_iam_policy_document.policy_doc",
            "module.websocket_lambda.module.repo_ecr_lambda.aws_ecr_repository.this",
            "module.websocket_lambda.null_resource.run_script"
          ],
          "create_before_destroy": true
        },
        {
          "index_key": "19",
          "schema_version": 0,
          "attributes": {
            "api_key_required": false,
            "authorization": "NONE",
            "authorization_scopes": null,
            "authorizer_id": null,
            "http_method": "POST",
            "id": "agm-j0dh1wfnjf-9ymczn-POST",
            "operation_name": null,
            "region": "us-east-1",
            "request_models": null,
            "request_parameters": null,
            "request_validator_id": null,
            "resource_id": "9ymczn",
            "rest_api_id": "j0dh1wfnjf"
          },
          "sensitive_attributes": [],
          "identity_schema_version": 0,
          "private": "bnVsbA==",
          "dependencies": [
            "aws_apigatewayv2_api.websocket_api",
            "module.api_gateway.aws_api_gateway_authorizer.cognito_authorizer",
            "module.api_gateway.aws_api_gateway_resource.base_resources",
            "module.api_gateway.aws_api_gateway_resource.main_resource",
            "module.api_gateway.aws_api_gateway_resource.variable_resources",
            "module.api_gateway.aws_api_gateway_rest_api.rest_api",
            "module.auth_lambda.aws_iam_role.lambda_role",
            "module.auth_lambda.aws_lambda_function.lambda",
            "module.auth_lambda.data.aws_caller_identity.current",
            "module.auth_lambda.data.aws_iam_policy_document.policy_doc",
            "module.auth_lambda.module.repo_ecr_lambda.aws_ecr_repository.this",
            "module.auth_lambda.null_resource.run_script",
            "module.events_queue.aws_sqs_queue.dead_letter_fifo_queue",
            "module.events_queue.aws_sqs_queue.fifo_queue",
            "module.locations_table.aws_dynamodb_table.this",
            "module.notificacoes_lambda.aws_iam_role.lambda_role",
            "module.notificacoes_lambda.aws_lambda_function.lambda",
            "module.notificacoes_lambda.data.aws_caller_identity.current",
            "module.notificacoes_lambda.data.aws_iam_policy_document.policy_doc",
            "module.notificacoes_lambda.module.repo_ecr_lambda.aws_ecr_repository.this",
            "module.notificacoes_lambda.null_resource.run_script",
            "module.notifications_general_topic.aws_sns_topic.this",
            "module.notifications_premium_topic.aws_sns_topic.this",
            "module.notifications_regional_topic.aws_sns_topic.this",
            "module.notifications_table.aws_dynamodb_table.this",
            "module.pedido_ofertas_table.aws_dynamodb_table.this",
            "module.pedidos_lambda.aws_iam_role.lambda_role",
            "module.pedidos_lambda.aws_lambda_function.lambda",
            "module.pedidos_lambda.data.aws_caller_identity.current",
            "module.pedidos_lambda.data.aws_iam_policy_document.policy_doc",
            "module.pedidos_lambda.module.repo_ecr_lambda.aws_ecr_repository.this",
            "module.pedidos_lambda.null_resource.run_script",
            "module.pedidos_table.aws_dynamodb_table.this",
            "module.rastreamento_lambda.aws_iam_role.lambda_role",
            "module.rastreamento_lambda.aws_lambda_function.lambda",
            "module.rastreamento_lambda.data.aws_caller_identity.current",
            "module.rastreamento_lambda.data.aws_iam_policy_document.policy_doc",
            "module.rastreamento_lambda.module.repo_ecr_lambda.aws_ecr_repository.this",
            "module.rastreamento_lambda.null_resource.run_script",
            "module.smart_routing_lambda.aws_iam_role.lambda_role",
            "module.smart_routing_lambda.aws_lambda_function.lambda",
            "module.smart_routing_lambda.data.aws_caller_identity.current",
            "module.smart_routing_lambda.data.aws_iam_policy_document.policy_doc",
            "module.smart_routing_lambda.module.repo_ecr_lambda.aws_ecr_repository.this",
            "module.smart_routing_lambda.null_resource.run_script",
            "module.users_table.aws_dynamodb_table.this",
            "module.usuarios_lambda.aws_iam_role.lambda_role",
            "module.usuarios_lambda.aws_lambda_function.lambda",
            "module.usuarios_lambda.data.aws_caller_identity.current",
            "module.usuarios_lambda.data.aws_iam_policy_document.policy_doc",
            "module.usuarios_lambda.module.repo_ecr_lambda.aws_ecr_repository.this",
            "module.usuarios_lambda.null_resource.run_script",
            "module.websocket_connections_table.aws_dynamodb_table.this",
            "module.websocket_lambda.aws_iam_role.lambda_role",
            "module.websocket_lambda.aws_lambda_function.lambda",
            "module.websocket_lambda.data.aws_caller_identity.current",
            "module.websocket_lambda.data.aws_iam_policy_document.policy_doc",
            "module.websocket_lambda.module.repo_ecr_lambda.aws_ecr_repository.this",
            "module.websocket_lambda.null_resource.run_script"
          ],
          "create_before_destroy": true
        },
        {
          "index_key": "2",
          "schema_version": 0,
          "attributes": {
            "api_key_required": false,
            "authorization": "NONE",
            "authorization_scopes": null,
            "authorizer_id": null,
            "http_method": "POST",
            "id": "agm-j0dh1wfnjf-kyjg5k-POST",
            "operation_name": null,
            "region": "us-east-1",
            "request_models": null,
            "request_parameters": null,
            "request_validator_id": null,
            "resource_id": "kyjg5k",
            "rest_api_id": "j0dh1wfnjf"
          },
          "sensitive_attributes": [],
          "identity_schema_version": 0,
          "private": "bnVsbA==",
          "dependencies": [
            "aws_apigatewayv2_api.websocket_api",
            "module.api_gateway.aws_api_gateway_authorizer.cognito_authorizer",
            "module.api_gateway.aws_api_gateway_resource.base_resources",
            "module.api_gateway.aws_api_gateway_resource.main_resource",
            "module.api_gateway.aws_api_gateway_resource.variable_resources",
            "module.api_gateway.aws_api_gateway_rest_api.rest_api",
            "module.auth_lambda.aws_iam_role.lambda_role",
            "module.auth_lambda.aws_lambda_function.lambda",
            "module.auth_lambda.data.aws_caller_identity.current",
            "module.auth_lambda.data.aws_iam_policy_document.policy_doc",
            "module.auth_lambda.module.repo_ecr_lambda.aws_ecr_repository.this",
            "module.auth_lambda.null_resource.run_script",
            "module.events_queue.aws_sqs_queue.dead_letter_fifo_queue",
            "module.events_queue.aws_sqs_queue.fifo_queue",
            "module.locations_table.aws_dynamodb_table.this",
            "module.notificacoes_lambda.aws_iam_role.lambda_role",
            "module.notificacoes_lambda.aws_lambda_function.lambda",
            "module.notificacoes_lambda.data.aws_caller_identity.current",
            "module.notificacoes_lambda.data.aws_iam_policy_document.policy_doc",
            "module.notificacoes_lambda.module.repo_ecr_lambda.aws_ecr_repository.this",
            "module.notificacoes_lambda.null_resource.run_script",
            "module.notifications_general_topic.aws_sns_topic.this",
            "module.notifications_premium_topic.aws_sns_topic.this",
            "module.notifications_regional_topic.aws_sns_topic.this",
            "module.notifications_table.aws_dynamodb_table.this",
            "module.pedido_ofertas_table.aws_dynamodb_table.this",
            "module.pedidos_lambda.aws_iam_role.lambda_role",
            "module.pedidos_lambda.aws_lambda_function.lambda",
            "module.pedidos_lambda.data.aws_caller_identity.current",
            "module.pedidos_lambda.data.aws_iam_policy_document.policy_doc",
            "module.pedidos_lambda.module.repo_ecr_lambda.aws_ecr_repository.this",
            "module.pedidos_lambda.null_resource.run_script",
            "module.pedidos_table.aws_dynamodb_table.this",
            "module.rastreamento_lambda.aws_iam_role.lambda_role",
            "module.rastreamento_lambda.aws_lambda_function.lambda",
            "module.rastreamento_lambda.data.aws_caller_identity.current",
            "module.rastreamento_lambda.data.aws_iam_policy_document.policy_doc",
            "module.rastreamento_lambda.module.repo_ecr_lambda.aws_ecr_repository.this",
            "module.rastreamento_lambda.null_resource.run_script",
            "module.smart_routing_lambda.aws_iam_role.lambda_role",
            "module.smart_routing_lambda.aws_lambda_function.lambda",
            "module.smart_routing_lambda.data.aws_caller_identity.current",
            "module.smart_routing_lambda.data.aws_iam_policy_document.policy_doc",
            "module.smart_routing_lambda.module.repo_ecr_lambda.aws_ecr_repository.this",
            "module.smart_routing_lambda.null_resource.run_script",
            "module.users_table.aws_dynamodb_table.this",
            "module.usuarios_lambda.aws_iam_role.lambda_role",
            "module.usuarios_lambda.aws_lambda_function.lambda",
            "module.usuarios_lambda.data.aws_caller_identity.current",
            "module.usuarios_lambda.data.aws_iam_policy_document.policy_doc",
            "module.usuarios_lambda.module.repo_ecr_lambda.aws_ecr_repository.this",
            "module.usuarios_lambda.null_resource.run_script",
            "module.websocket_connections_table.aws_dynamodb_table.this",
            "module.websocket_lambda.aws_iam_role.lambda_role",
            "module.websocket_lambda.aws_lambda_function.lambda",
            "module.websocket_lambda.data.aws_caller_identity.current",
            "module.websocket_lambda.data.aws_iam_policy_document.policy_doc",
            "module.websocket_lambda.module.repo_ecr_lambda.aws_ecr_repository.this",
            "module.websocket_lambda.null_resource.run_script"
          ],
          "create_before_destroy": true
        },
        {
          "index_key": "20",
          "schema_version": 0,
          "attributes": {
            "api_key_required": false,
            "authorization": "NONE",
            "authorization_scopes": null,
            "authorizer_id": null,
            "http_method": "POST",
            "id": "agm-j0dh1wfnjf-7yjafu-POST",
            "operation_name": null,
            "region": "us-east-1",
            "request_models": null,
            "request_parameters": null,
            "request_validator_id": null,
            "resource_id": "7yjafu",
            "rest_api_id": "j0dh1wfnjf"
          },
          "sensitive_attributes": [],
          "identity_schema_version": 0,
          "private": "bnVsbA==",
          "dependencies": [
            "aws_apigatewayv2_api.websocket_api",
            "module.api_gateway.aws_api_gateway_authorizer.cognito_authorizer",
            "module.api_gateway.aws_api_gateway_resource.base_resources",
            "module.api_gateway.aws_api_gateway_resource.main_resource",
            "module.api_gateway.aws_api_gateway_resource.variable_resources",
            "module.api_gateway.aws_api_gateway_rest_api.rest_api",
            "module.auth_lambda.aws_iam_role.lambda_role",
            "module.auth_lambda.aws_lambda_function.lambda",
            "module.auth_lambda.data.aws_caller_identity.current",
            "module.auth_lambda.data.aws_iam_policy_document.policy_doc",
            "module.auth_lambda.module.repo_ecr_lambda.aws_ecr_repository.this",
            "module.auth_lambda.null_resource.run_script",
            "module.events_queue.aws_sqs_queue.dead_letter_fifo_queue",
            "module.events_queue.aws_sqs_queue.fifo_queue",
            "module.locations_table.aws_dynamodb_table.this",
            "module.notificacoes_lambda.aws_iam_role.lambda_role",
            "module.notificacoes_lambda.aws_lambda_function.lambda",
            "module.notificacoes_lambda.data.aws_caller_identity.current",
            "module.notificacoes_lambda.data.aws_iam_policy_document.policy_doc",
            "module.notificacoes_lambda.module.repo_ecr_lambda.aws_ecr_repository.this",
            "module.notificacoes_lambda.null_resource.run_script",
            "module.notifications_general_topic.aws_sns_topic.this",
            "module.notifications_premium_topic.aws_sns_topic.this",
            "module.notifications_regional_topic.aws_sns_topic.this",
            "module.notifications_table.aws_dynamodb_table.this",
            "module.pedido_ofertas_table.aws_dynamodb_table.this",
            "module.pedidos_lambda.aws_iam_role.lambda_role",
            "module.pedidos_lambda.aws_lambda_function.lambda",
            "module.pedidos_lambda.data.aws_caller_identity.current",
            "module.pedidos_lambda.data.aws_iam_policy_document.policy_doc",
            "module.pedidos_lambda.module.repo_ecr_lambda.aws_ecr_repository.this",
            "module.pedidos_lambda.null_resource.run_script",
            "module.pedidos_table.aws_dynamodb_table.this",
            "module.rastreamento_lambda.aws_iam_role.lambda_role",
            "module.rastreamento_lambda.aws_lambda_function.lambda",
            "module.rastreamento_lambda.data.aws_caller_identity.current",
            "module.rastreamento_lambda.data.aws_iam_policy_document.policy_doc",
            "module.rastreamento_lambda.module.repo_ecr_lambda.aws_ecr_repository.this",
            "module.rastreamento_lambda.null_resource.run_script",
            "module.smart_routing_lambda.aws_iam_role.lambda_role",
            "module.smart_routing_lambda.aws_lambda_function.lambda",
            "module.smart_routing_lambda.data.aws_caller_identity.current",
            "module.smart_routing_lambda.data.aws_iam_policy_document.policy_doc",
            "module.smart_routing_lambda.module.repo_ecr_lambda.aws_ecr_repository.this",
            "module.smart_routing_lambda.null_resource.run_script",
            "module.users_table.aws_dynamodb_table.this",
            "module.usuarios_lambda.aws_iam_role.lambda_role",
            "module.usuarios_lambda.aws_lambda_function.lambda",
            "module.usuarios_lambda.data.aws_caller_identity.current",
            "module.usuarios_lambda.data.aws_iam_policy_document.policy_doc",
            "module.usuarios_lambda.module.repo_ecr_lambda.aws_ecr_repository.this",
            "module.usuarios_lambda.null_resource.run_script",
            "module.websocket_connections_table.aws_dynamodb_table.this",
            "module.websocket_lambda.aws_iam_role.lambda_role",
            "module.websocket_lambda.aws_lambda_function.lambda",
            "module.websocket_lambda.data.aws_caller_identity.current",
            "module.websocket_lambda.data.aws_iam_policy_document.policy_doc",
            "module.websocket_lambda.module.repo_ecr_lambda.aws_ecr_repository.this",
            "module.websocket_lambda.null_resource.run_script"
          ],
          "create_before_destroy": true
        },
        {
          "index_key": "21",
          "schema_version": 0,
          "attributes": {
            "api_key_required": false,
            "authorization": "NONE",
            "authorization_scopes": null,
            "authorizer_id": null,
            "http_method": "POST",
            "id": "agm-j0dh1wfnjf-dqd07z-POST",
            "operation_name": null,
            "region": "us-east-1",
            "request_models": null,
            "request_parameters": null,
            "request_validator_id": null,
            "resource_id": "dqd07z",
            "rest_api_id": "j0dh1wfnjf"
          },
          "sensitive_attributes": [],
          "identity_schema_version": 0,
          "private": "bnVsbA==",
          "dependencies": [
            "aws_apigatewayv2_api.websocket_api",
            "module.api_gateway.aws_api_gateway_authorizer.cognito_authorizer",
            "module.api_gateway.aws_api_gateway_resource.base_resources",
            "module.api_gateway.aws_api_gateway_resource.main_resource",
            "module.api_gateway.aws_api_gateway_resource.variable_resources",
            "module.api_gateway.aws_api_gateway_rest_api.rest_api",
            "module.auth_lambda.aws_iam_role.lambda_role",
            "module.auth_lambda.aws_lambda_function.lambda",
            "module.auth_lambda.data.aws_caller_identity.current",
            "module.auth_lambda.data.aws_iam_policy_document.policy_doc",
            "module.auth_lambda.module.repo_ecr_lambda.aws_ecr_repository.this",
            "module.auth_lambda.null_resource.run_script",
            "module.events_queue.aws_sqs_queue.dead_letter_fifo_queue",
            "module.events_queue.aws_sqs_queue.fifo_queue",
            "module.locations_table.aws_dynamodb_table.this",
            "module.notificacoes_lambda.aws_iam_role.lambda_role",
            "module.notificacoes_lambda.aws_lambda_function.lambda",
            "module.notificacoes_lambda.data.aws_caller_identity.current",
            "module.notificacoes_lambda.data.aws_iam_policy_document.policy_doc",
            "module.notificacoes_lambda.module.repo_ecr_lambda.aws_ecr_repository.this",
            "module.notificacoes_lambda.null_resource.run_script",
            "module.notifications_general_topic.aws_sns_topic.this",
            "module.notifications_premium_topic.aws_sns_topic.this",
            "module.notifications_regional_topic.aws_sns_topic.this",
            "module.notifications_table.aws_dynamodb_table.this",
            "module.pedido_ofertas_table.aws_dynamodb_table.this",
            "module.pedidos_lambda.aws_iam_role.lambda_role",
            "module.pedidos_lambda.aws_lambda_function.lambda",
            "module.pedidos_lambda.data.aws_caller_identity.current",
            "module.pedidos_lambda.data.aws_iam_policy_document.policy_doc",
            "module.pedidos_lambda.module.repo_ecr_lambda.aws_ecr_repository.this",
            "module.pedidos_lambda.null_resource.run_script",
            "module.pedidos_table.aws_dynamodb_table.this",
            "module.rastreamento_lambda.aws_iam_role.lambda_role",
            "module.rastreamento_lambda.aws_lambda_function.lambda",
            "module.rastreamento_lambda.data.aws_caller_identity.current",
            "module.rastreamento_lambda.data.aws_iam_policy_document.policy_doc",
            "module.rastreamento_lambda.module.repo_ecr_lambda.aws_ecr_repository.this",
            "module.rastreamento_lambda.null_resource.run_script",
            "module.smart_routing_lambda.aws_iam_role.lambda_role",
            "module.smart_routing_lambda.aws_lambda_function.lambda",
            "module.smart_routing_lambda.data.aws_caller_identity.current",
            "module.smart_routing_lambda.data.aws_iam_policy_document.policy_doc",
            "module.smart_routing_lambda.module.repo_ecr_lambda.aws_ecr_repository.this",
            "module.smart_routing_lambda.null_resource.run_script",
            "module.users_table.aws_dynamodb_table.this",
            "module.usuarios_lambda.aws_iam_role.lambda_role",
            "module.usuarios_lambda.aws_lambda_function.lambda",
            "module.usuarios_lambda.data.aws_caller_identity.current",
            "module.usuarios_lambda.data.aws_iam_policy_document.policy_doc",
            "module.usuarios_lambda.module.repo_ecr_lambda.aws_ecr_repository.this",
            "module.usuarios_lambda.null_resource.run_script",
            "module.websocket_connections_table.aws_dynamodb_table.this",
            "module.websocket_lambda.aws_iam_role.lambda_role",
            "module.websocket_lambda.aws_lambda_function.lambda",
            "module.websocket_lambda.data.aws_caller_identity.current",
            "module.websocket_lambda.data.aws_iam_policy_document.policy_doc",
            "module.websocket_lambda.module.repo_ecr_lambda.aws_ecr_repository.this",
            "module.websocket_lambda.null_resource.run_script"
          ],
          "create_before_destroy": true
        },
        {
          "index_key": "22",
          "schema_version": 0,
          "attributes": {
            "api_key_required": false,
            "authorization": "NONE",
            "authorization_scopes": null,
            "authorizer_id": null,
            "http_method": "POST",
            "id": "agm-j0dh1wfnjf-7pue4j-POST",
            "operation_name": null,
            "region": "us-east-1",
            "request_models": null,
            "request_parameters": null,
            "request_validator_id": null,
            "resource_id": "7pue4j",
            "rest_api_id": "j0dh1wfnjf"
          },
          "sensitive_attributes": [],
          "identity_schema_version": 0,
          "private": "bnVsbA==",
          "dependencies": [
            "aws_apigatewayv2_api.websocket_api",
            "module.api_gateway.aws_api_gateway_authorizer.cognito_authorizer",
            "module.api_gateway.aws_api_gateway_resource.base_resources",
            "module.api_gateway.aws_api_gateway_resource.main_resource",
            "module.api_gateway.aws_api_gateway_resource.variable_resources",
            "module.api_gateway.aws_api_gateway_rest_api.rest_api",
            "module.auth_lambda.aws_iam_role.lambda_role",
            "module.auth_lambda.aws_lambda_function.lambda",
            "module.auth_lambda.data.aws_caller_identity.current",
            "module.auth_lambda.data.aws_iam_policy_document.policy_doc",
            "module.auth_lambda.module.repo_ecr_lambda.aws_ecr_repository.this",
            "module.auth_lambda.null_resource.run_script",
            "module.events_queue.aws_sqs_queue.dead_letter_fifo_queue",
            "module.events_queue.aws_sqs_queue.fifo_queue",
            "module.locations_table.aws_dynamodb_table.this",
            "module.notificacoes_lambda.aws_iam_role.lambda_role",
            "module.notificacoes_lambda.aws_lambda_function.lambda",
            "module.notificacoes_lambda.data.aws_caller_identity.current",
            "module.notificacoes_lambda.data.aws_iam_policy_document.policy_doc",
            "module.notificacoes_lambda.module.repo_ecr_lambda.aws_ecr_repository.this",
            "module.notificacoes_lambda.null_resource.run_script",
            "module.notifications_general_topic.aws_sns_topic.this",
            "module.notifications_premium_topic.aws_sns_topic.this",
            "module.notifications_regional_topic.aws_sns_topic.this",
            "module.notifications_table.aws_dynamodb_table.this",
            "module.pedido_ofertas_table.aws_dynamodb_table.this",
            "module.pedidos_lambda.aws_iam_role.lambda_role",
            "module.pedidos_lambda.aws_lambda_function.lambda",
            "module.pedidos_lambda.data.aws_caller_identity.current",
            "module.pedidos_lambda.data.aws_iam_policy_document.policy_doc",
            "module.pedidos_lambda.module.repo_ecr_lambda.aws_ecr_repository.this",
            "module.pedidos_lambda.null_resource.run_script",
            "module.pedidos_table.aws_dynamodb_table.this",
            "module.rastreamento_lambda.aws_iam_role.lambda_role",
            "module.rastreamento_lambda.aws_lambda_function.lambda",
            "module.rastreamento_lambda.data.aws_caller_identity.current",
            "module.rastreamento_lambda.data.aws_iam_policy_document.policy_doc",
            "module.rastreamento_lambda.module.repo_ecr_lambda.aws_ecr_repository.this",
            "module.rastreamento_lambda.null_resource.run_script",
            "module.smart_routing_lambda.aws_iam_role.lambda_role",
            "module.smart_routing_lambda.aws_lambda_function.lambda",
            "module.smart_routing_lambda.data.aws_caller_identity.current",
            "module.smart_routing_lambda.data.aws_iam_policy_document.policy_doc",
            "module.smart_routing_lambda.module.repo_ecr_lambda.aws_ecr_repository.this",
            "module.smart_routing_lambda.null_resource.run_script",
            "module.users_table.aws_dynamodb_table.this",
            "module.usuarios_lambda.aws_iam_role.lambda_role",
            "module.usuarios_lambda.aws_lambda_function.lambda",
            "module.usuarios_lambda.data.aws_caller_identity.current",
            "module.usuarios_lambda.data.aws_iam_policy_document.policy_doc",
            "module.usuarios_lambda.module.repo_ecr_lambda.aws_ecr_repository.this",
            "module.usuarios_lambda.null_resource.run_script",
            "module.websocket_connections_table.aws_dynamodb_table.this",
            "module.websocket_lambda.aws_iam_role.lambda_role",
            "module.websocket_lambda.aws_lambda_function.lambda",
            "module.websocket_lambda.data.aws_caller_identity.current",
            "module.websocket_lambda.data.aws_iam_policy_document.policy_doc",
            "module.websocket_lambda.module.repo_ecr_lambda.aws_ecr_repository.this",
            "module.websocket_lambda.null_resource.run_script"
          ],
          "create_before_destroy": true
        },
        {
          "index_key": "23",
          "schema_version": 0,
          "attributes": {
            "api_key_required": false,
            "authorization": "NONE",
            "authorization_scopes": null,
            "authorizer_id": null,
            "http_method": "GET",
            "id": "agm-j0dh1wfnjf-s676dc-GET",
            "operation_name": null,
            "region": "us-east-1",
            "request_models": null,
            "request_parameters": null,
            "request_validator_id": null,
            "resource_id": "s676dc",
            "rest_api_id": "j0dh1wfnjf"
          },
          "sensitive_attributes": [],
          "identity_schema_version": 0,
          "private": "bnVsbA==",
          "dependencies": [
            "aws_apigatewayv2_api.websocket_api",
            "module.api_gateway.aws_api_gateway_authorizer.cognito_authorizer",
            "module.api_gateway.aws_api_gateway_resource.base_resources",
            "module.api_gateway.aws_api_gateway_resource.main_resource",
            "module.api_gateway.aws_api_gateway_resource.variable_resources",
            "module.api_gateway.aws_api_gateway_rest_api.rest_api",
            "module.auth_lambda.aws_iam_role.lambda_role",
            "module.auth_lambda.aws_lambda_function.lambda",
            "module.auth_lambda.data.aws_caller_identity.current",
            "module.auth_lambda.data.aws_iam_policy_document.policy_doc",
            "module.auth_lambda.module.repo_ecr_lambda.aws_ecr_repository.this",
            "module.auth_lambda.null_resource.run_script",
            "module.events_queue.aws_sqs_queue.dead_letter_fifo_queue",
            "module.events_queue.aws_sqs_queue.fifo_queue",
            "module.locations_table.aws_dynamodb_table.this",
            "module.notificacoes_lambda.aws_iam_role.lambda_role",
            "module.notificacoes_lambda.aws_lambda_function.lambda",
            "module.notificacoes_lambda.data.aws_caller_identity.current",
            "module.notificacoes_lambda.data.aws_iam_policy_document.policy_doc",
            "module.notificacoes_lambda.module.repo_ecr_lambda.aws_ecr_repository.this",
            "module.notificacoes_lambda.null_resource.run_script",
            "module.notifications_general_topic.aws_sns_topic.this",
            "module.notifications_premium_topic.aws_sns_topic.this",
            "module.notifications_regional_topic.aws_sns_topic.this",
            "module.notifications_table.aws_dynamodb_table.this",
            "module.pedido_ofertas_table.aws_dynamodb_table.this",
            "module.pedidos_lambda.aws_iam_role.lambda_role",
            "module.pedidos_lambda.aws_lambda_function.lambda",
            "module.pedidos_lambda.data.aws_caller_identity.current",
            "module.pedidos_lambda.data.aws_iam_policy_document.policy_doc",
            "module.pedidos_lambda.module.repo_ecr_lambda.aws_ecr_repository.this",
            "module.pedidos_lambda.null_resource.run_script",
            "module.pedidos_table.aws_dynamodb_table.this",
            "module.rastreamento_lambda.aws_iam_role.lambda_role",
            "module.rastreamento_lambda.aws_lambda_function.lambda",
            "module.rastreamento_lambda.data.aws_caller_identity.current",
            "module.rastreamento_lambda.data.aws_iam_policy_document.policy_doc",
            "module.rastreamento_lambda.module.repo_ecr_lambda.aws_ecr_repository.this",
            "module.rastreamento_lambda.null_resource.run_script",
            "module.smart_routing_lambda.aws_iam_role.lambda_role",
            "module.smart_routing_lambda.aws_lambda_function.lambda",
            "module.smart_routing_lambda.data.aws_caller_identity.current",
            "module.smart_routing_lambda.data.aws_iam_policy_document.policy_doc",
            "module.smart_routing_lambda.module.repo_ecr_lambda.aws_ecr_repository.this",
            "module.smart_routing_lambda.null_resource.run_script",
            "module.users_table.aws_dynamodb_table.this",
            "module.usuarios_lambda.aws_iam_role.lambda_role",
            "module.usuarios_lambda.aws_lambda_function.lambda",
            "module.usuarios_lambda.data.aws_caller_identity.current",
            "module.usuarios_lambda.data.aws_iam_policy_document.policy_doc",
            "module.usuarios_lambda.module.repo_ecr_lambda.aws_ecr_repository.this",
            "module.usuarios_lambda.null_resource.run_script",
            "module.websocket_connections_table.aws_dynamodb_table.this",
            "module.websocket_lambda.aws_iam_role.lambda_role",
            "module.websocket_lambda.aws_lambda_function.lambda",
            "module.websocket_lambda.data.aws_caller_identity.current",
            "module.websocket_lambda.data.aws_iam_policy_document.policy_doc",
            "module.websocket_lambda.module.repo_ecr_lambda.aws_ecr_repository.this",
            "module.websocket_lambda.null_resource.run_script"
          ],
          "create_before_destroy": true
        },
        {
          "index_key": "3",
          "schema_version": 0,
          "attributes": {
            "api_key_required": false,
            "authorization": "NONE",
            "authorization_scopes": null,
            "authorizer_id": null,
            "http_method": "POST",
            "id": "agm-j0dh1wfnjf-mbpe0n-POST",
            "operation_name": null,
            "region": "us-east-1",
            "request_models": null,
            "request_parameters": null,
            "request_validator_id": null,
            "resource_id": "mbpe0n",
            "rest_api_id": "j0dh1wfnjf"
          },
          "sensitive_attributes": [],
          "identity_schema_version": 0,
          "private": "bnVsbA==",
          "dependencies": [
            "aws_apigatewayv2_api.websocket_api",
            "module.api_gateway.aws_api_gateway_authorizer.cognito_authorizer",
            "module.api_gateway.aws_api_gateway_resource.base_resources",
            "module.api_gateway.aws_api_gateway_resource.main_resource",
            "module.api_gateway.aws_api_gateway_resource.variable_resources",
            "module.api_gateway.aws_api_gateway_rest_api.rest_api",
            "module.auth_lambda.aws_iam_role.lambda_role",
            "module.auth_lambda.aws_lambda_function.lambda",
            "module.auth_lambda.data.aws_caller_identity.current",
            "module.auth_lambda.data.aws_iam_policy_document.policy_doc",
            "module.auth_lambda.module.repo_ecr_lambda.aws_ecr_repository.this",
            "module.auth_lambda.null_resource.run_script",
            "module.events_queue.aws_sqs_queue.dead_letter_fifo_queue",
            "module.events_queue.aws_sqs_queue.fifo_queue",
            "module.locations_table.aws_dynamodb_table.this",
            "module.notificacoes_lambda.aws_iam_role.lambda_role",
            "module.notificacoes_lambda.aws_lambda_function.lambda",
            "module.notificacoes_lambda.data.aws_caller_identity.current",
            "module.notificacoes_lambda.data.aws_iam_policy_document.policy_doc",
            "module.notificacoes_lambda.module.repo_ecr_lambda.aws_ecr_repository.this",
            "module.notificacoes_lambda.null_resource.run_script",
            "module.notifications_general_topic.aws_sns_topic.this",
            "module.notifications_premium_topic.aws_sns_topic.this",
            "module.notifications_regional_topic.aws_sns_topic.this",
            "module.notifications_table.aws_dynamodb_table.this",
            "module.pedido_ofertas_table.aws_dynamodb_table.this",
            "module.pedidos_lambda.aws_iam_role.lambda_role",
            "module.pedidos_lambda.aws_lambda_function.lambda",
            "module.pedidos_lambda.data.aws_caller_identity.current",
            "module.pedidos_lambda.data.aws_iam_policy_document.policy_doc",
            "module.pedidos_lambda.module.repo_ecr_lambda.aws_ecr_repository.this",
            "module.pedidos_lambda.null_resource.run_script",
            "module.pedidos_table.aws_dynamodb_table.this",
            "module.rastreamento_lambda.aws_iam_role.lambda_role",
            "module.rastreamento_lambda.aws_lambda_function.lambda",
            "module.rastreamento_lambda.data.aws_caller_identity.current",
            "module.rastreamento_lambda.data.aws_iam_policy_document.policy_doc",
            "module.rastreamento_lambda.module.repo_ecr_lambda.aws_ecr_repository.this",
            "module.rastreamento_lambda.null_resource.run_script",
            "module.smart_routing_lambda.aws_iam_role.lambda_role",
            "module.smart_routing_lambda.aws_lambda_function.lambda",
            "module.smart_routing_lambda.data.aws_caller_identity.current",
            "module.smart_routing_lambda.data.aws_iam_policy_document.policy_doc",
            "module.smart_routing_lambda.module.repo_ecr_lambda.aws_ecr_repository.this",
            "module.smart_routing_lambda.null_resource.run_script",
            "module.users_table.aws_dynamodb_table.this",
            "module.usuarios_lambda.aws_iam_role.lambda_role",
            "module.usuarios_lambda.aws_lambda_function.lambda",
            "module.usuarios_lambda.data.aws_caller_identity.current",
            "module.usuarios_lambda.data.aws_iam_policy_document.policy_doc",
            "module.usuarios_lambda.module.repo_ecr_lambda.aws_ecr_repository.this",
            "module.usuarios_lambda.null_resource.run_script",
            "module.websocket_connections_table.aws_dynamodb_table.this",
            "module.websocket_lambda.aws_iam_role.lambda_role",
            "module.websocket_lambda.aws_lambda_function.lambda",
            "module.websocket_lambda.data.aws_caller_identity.current",
            "module.websocket_lambda.data.aws_iam_policy_document.policy_doc",
            "module.websocket_lambda.module.repo_ecr_lambda.aws_ecr_repository.this",
            "module.websocket_lambda.null_resource.run_script"
          ],
          "create_before_destroy": true
        },
        {
          "index_key": "4",
          "schema_version": 0,
          "attributes": {
            "api_key_required": false,
            "authorization": "NONE",
            "authorization_scopes": null,
            "authorizer_id": null,
            "http_method": "GET",
            "id": "agm-j0dh1wfnjf-76lh6y-GET",
            "operation_name": null,
            "region": "us-east-1",
            "request_models": null,
            "request_parameters": null,
            "request_validator_id": null,
            "resource_id": "76lh6y",
            "rest_api_id": "j0dh1wfnjf"
          },
          "sensitive_attributes": [],
          "identity_schema_version": 0,
          "private": "bnVsbA==",
          "dependencies": [
            "aws_apigatewayv2_api.websocket_api",
            "module.api_gateway.aws_api_gateway_authorizer.cognito_authorizer",
            "module.api_gateway.aws_api_gateway_resource.base_resources",
            "module.api_gateway.aws_api_gateway_resource.main_resource",
            "module.api_gateway.aws_api_gateway_resource.variable_resources",
            "module.api_gateway.aws_api_gateway_rest_api.rest_api",
            "module.auth_lambda.aws_iam_role.lambda_role",
            "module.auth_lambda.aws_lambda_function.lambda",
            "module.auth_lambda.data.aws_caller_identity.current",
            "module.auth_lambda.data.aws_iam_policy_document.policy_doc",
            "module.auth_lambda.module.repo_ecr_lambda.aws_ecr_repository.this",
            "module.auth_lambda.null_resource.run_script",
            "module.events_queue.aws_sqs_queue.dead_letter_fifo_queue",
            "module.events_queue.aws_sqs_queue.fifo_queue",
            "module.locations_table.aws_dynamodb_table.this",
            "module.notificacoes_lambda.aws_iam_role.lambda_role",
            "module.notificacoes_lambda.aws_lambda_function.lambda",
            "module.notificacoes_lambda.data.aws_caller_identity.current",
            "module.notificacoes_lambda.data.aws_iam_policy_document.policy_doc",
            "module.notificacoes_lambda.module.repo_ecr_lambda.aws_ecr_repository.this",
            "module.notificacoes_lambda.null_resource.run_script",
            "module.notifications_general_topic.aws_sns_topic.this",
            "module.notifications_premium_topic.aws_sns_topic.this",
            "module.notifications_regional_topic.aws_sns_topic.this",
            "module.notifications_table.aws_dynamodb_table.this",
            "module.pedido_ofertas_table.aws_dynamodb_table.this",
            "module.pedidos_lambda.aws_iam_role.lambda_role",
            "module.pedidos_lambda.aws_lambda_function.lambda",
            "module.pedidos_lambda.data.aws_caller_identity.current",
            "module.pedidos_lambda.data.aws_iam_policy_document.policy_doc",
            "module.pedidos_lambda.module.repo_ecr_lambda.aws_ecr_repository.this",
            "module.pedidos_lambda.null_resource.run_script",
            "module.pedidos_table.aws_dynamodb_table.this",
            "module.rastreamento_lambda.aws_iam_role.lambda_role",
            "module.rastreamento_lambda.aws_lambda_function.lambda",
            "module.rastreamento_lambda.data.aws_caller_identity.current",
            "module.rastreamento_lambda.data.aws_iam_policy_document.policy_doc",
            "module.rastreamento_lambda.module.repo_ecr_lambda.aws_ecr_repository.this",
            "module.rastreamento_lambda.null_resource.run_script",
            "module.smart_routing_lambda.aws_iam_role.lambda_role",
            "module.smart_routing_lambda.aws_lambda_function.lambda",
            "module.smart_routing_lambda.data.aws_caller_identity.current",
            "module.smart_routing_lambda.data.aws_iam_policy_document.policy_doc",
            "module.smart_routing_lambda.module.repo_ecr_lambda.aws_ecr_repository.this",
            "module.smart_routing_lambda.null_resource.run_script",
            "module.users_table.aws_dynamodb_table.this",
            "module.usuarios_lambda.aws_iam_role.lambda_role",
            "module.usuarios_lambda.aws_lambda_function.lambda",
            "module.usuarios_lambda.data.aws_caller_identity.current",
            "module.usuarios_lambda.data.aws_iam_policy_document.policy_doc",
            "module.usuarios_lambda.module.repo_ecr_lambda.aws_ecr_repository.this",
            "module.usuarios_lambda.null_resource.run_script",
            "module.websocket_connections_table.aws_dynamodb_table.this",
            "module.websocket_lambda.aws_iam_role.lambda_role",
            "module.websocket_lambda.aws_lambda_function.lambda",
            "module.websocket_lambda.data.aws_caller_identity.current",
            "module.websocket_lambda.data.aws_iam_policy_document.policy_doc",
            "module.websocket_lambda.module.repo_ecr_lambda.aws_ecr_repository.this",
            "module.websocket_lambda.null_resource.run_script"
          ],
          "create_before_destroy": true
        },
        {
          "index_key": "5",
          "schema_version": 0,
          "attributes": {
            "api_key_required": false,
            "authorization": "NONE",
            "authorization_scopes": null,
            "authorizer_id": null,
            "http_method": "GET",
            "id": "agm-j0dh1wfnjf-yrgy3n-GET",
            "operation_name": null,
            "region": "us-east-1",
            "request_models": null,
            "request_parameters": null,
            "request_validator_id": null,
            "resource_id": "yrgy3n",
            "rest_api_id": "j0dh1wfnjf"
          },
          "sensitive_attributes": [],
          "identity_schema_version": 0,
          "private": "bnVsbA==",
          "dependencies": [
            "aws_apigatewayv2_api.websocket_api",
            "module.api_gateway.aws_api_gateway_authorizer.cognito_authorizer",
            "module.api_gateway.aws_api_gateway_resource.base_resources",
            "module.api_gateway.aws_api_gateway_resource.main_resource",
            "module.api_gateway.aws_api_gateway_resource.variable_resources",
            "module.api_gateway.aws_api_gateway_rest_api.rest_api",
            "module.auth_lambda.aws_iam_role.lambda_role",
            "module.auth_lambda.aws_lambda_function.lambda",
            "module.auth_lambda.data.aws_caller_identity.current",
            "module.auth_lambda.data.aws_iam_policy_document.policy_doc",
            "module.auth_lambda.module.repo_ecr_lambda.aws_ecr_repository.this",
            "module.auth_lambda.null_resource.run_script",
            "module.events_queue.aws_sqs_queue.dead_letter_fifo_queue",
            "module.events_queue.aws_sqs_queue.fifo_queue",
            "module.locations_table.aws_dynamodb_table.this",
            "module.notificacoes_lambda.aws_iam_role.lambda_role",
            "module.notificacoes_lambda.aws_lambda_function.lambda",
            "module.notificacoes_lambda.data.aws_caller_identity.current",
            "module.notificacoes_lambda.data.aws_iam_policy_document.policy_doc",
            "module.notificacoes_lambda.module.repo_ecr_lambda.aws_ecr_repository.this",
            "module.notificacoes_lambda.null_resource.run_script",
            "module.notifications_general_topic.aws_sns_topic.this",
            "module.notifications_premium_topic.aws_sns_topic.this",
            "module.notifications_regional_topic.aws_sns_topic.this",
            "module.notifications_table.aws_dynamodb_table.this",
            "module.pedido_ofertas_table.aws_dynamodb_table.this",
            "module.pedidos_lambda.aws_iam_role.lambda_role",
            "module.pedidos_lambda.aws_lambda_function.lambda",
            "module.pedidos_lambda.data.aws_caller_identity.current",
            "module.pedidos_lambda.data.aws_iam_policy_document.policy_doc",
            "module.pedidos_lambda.module.repo_ecr_lambda.aws_ecr_repository.this",
            "module.pedidos_lambda.null_resource.run_script",
            "module.pedidos_table.aws_dynamodb_table.this",
            "module.rastreamento_lambda.aws_iam_role.lambda_role",
            "module.rastreamento_lambda.aws_lambda_function.lambda",
            "module.rastreamento_lambda.data.aws_caller_identity.current",
            "module.rastreamento_lambda.data.aws_iam_policy_document.policy_doc",
            "module.rastreamento_lambda.module.repo_ecr_lambda.aws_ecr_repository.this",
            "module.rastreamento_lambda.null_resource.run_script",
            "module.smart_routing_lambda.aws_iam_role.lambda_role",
            "module.smart_routing_lambda.aws_lambda_function.lambda",
            "module.smart_routing_lambda.data.aws_caller_identity.current",
            "module.smart_routing_lambda.data.aws_iam_policy_document.policy_doc",
            "module.smart_routing_lambda.module.repo_ecr_lambda.aws_ecr_repository.this",
            "module.smart_routing_lambda.null_resource.run_script",
            "module.users_table.aws_dynamodb_table.this",
            "module.usuarios_lambda.aws_iam_role.lambda_role",
            "module.usuarios_lambda.aws_lambda_function.lambda",
            "module.usuarios_lambda.data.aws_caller_identity.current",
            "module.usuarios_lambda.data.aws_iam_policy_document.policy_doc",
            "module.usuarios_lambda.module.repo_ecr_lambda.aws_ecr_repository.this",
            "module.usuarios_lambda.null_resource.run_script",
            "module.websocket_connections_table.aws_dynamodb_table.this",
            "module.websocket_lambda.aws_iam_role.lambda_role",
            "module.websocket_lambda.aws_lambda_function.lambda",
            "module.websocket_lambda.data.aws_caller_identity.current",
            "module.websocket_lambda.data.aws_iam_policy_document.policy_doc",
            "module.websocket_lambda.module.repo_ecr_lambda.aws_ecr_repository.this",
            "module.websocket_lambda.null_resource.run_script"
          ],
          "create_before_destroy": true
        },
        {
          "index_key": "6",
          "schema_version": 0,
          "attributes": {
            "api_key_required": false,
            "authorization": "NONE",
            "authorization_scopes": null,
            "authorizer_id": null,
            "http_method": "POST",
            "id": "agm-j0dh1wfnjf-xkaxok-POST",
            "operation_name": null,
            "region": "us-east-1",
            "request_models": null,
            "request_parameters": null,
            "request_validator_id": null,
            "resource_id": "xkaxok",
            "rest_api_id": "j0dh1wfnjf"
          },
          "sensitive_attributes": [],
          "identity_schema_version": 0,
          "private": "bnVsbA==",
          "dependencies": [
            "aws_apigatewayv2_api.websocket_api",
            "module.api_gateway.aws_api_gateway_authorizer.cognito_authorizer",
            "module.api_gateway.aws_api_gateway_resource.base_resources",
            "module.api_gateway.aws_api_gateway_resource.main_resource",
            "module.api_gateway.aws_api_gateway_resource.variable_resources",
            "module.api_gateway.aws_api_gateway_rest_api.rest_api",
            "module.auth_lambda.aws_iam_role.lambda_role",
            "module.auth_lambda.aws_lambda_function.lambda",
            "module.auth_lambda.data.aws_caller_identity.current",
            "module.auth_lambda.data.aws_iam_policy_document.policy_doc",
            "module.auth_lambda.module.repo_ecr_lambda.aws_ecr_repository.this",
            "module.auth_lambda.null_resource.run_script",
            "module.events_queue.aws_sqs_queue.dead_letter_fifo_queue",
            "module.events_queue.aws_sqs_queue.fifo_queue",
            "module.locations_table.aws_dynamodb_table.this",
            "module.notificacoes_lambda.aws_iam_role.lambda_role",
            "module.notificacoes_lambda.aws_lambda_function.lambda",
            "module.notificacoes_lambda.data.aws_caller_identity.current",
            "module.notificacoes_lambda.data.aws_iam_policy_document.policy_doc",
            "module.notificacoes_lambda.module.repo_ecr_lambda.aws_ecr_repository.this",
            "module.notificacoes_lambda.null_resource.run_script",
            "module.notifications_general_topic.aws_sns_topic.this",
            "module.notifications_premium_topic.aws_sns_topic.this",
            "module.notifications_regional_topic.aws_sns_topic.this",
            "module.notifications_table.aws_dynamodb_table.this",
            "module.pedido_ofertas_table.aws_dynamodb_table.this",
            "module.pedidos_lambda.aws_iam_role.lambda_role",
            "module.pedidos_lambda.aws_lambda_function.lambda",
            "module.pedidos_lambda.data.aws_caller_identity.current",
            "module.pedidos_lambda.data.aws_iam_policy_document.policy_doc",
            "module.pedidos_lambda.module.repo_ecr_lambda.aws_ecr_repository.this",
            "module.pedidos_lambda.null_resource.run_script",
            "module.pedidos_table.aws_dynamodb_table.this",
            "module.rastreamento_lambda.aws_iam_role.lambda_role",
            "module.rastreamento_lambda.aws_lambda_function.lambda",
            "module.rastreamento_lambda.data.aws_caller_identity.current",
            "module.rastreamento_lambda.data.aws_iam_policy_document.policy_doc",
            "module.rastreamento_lambda.module.repo_ecr_lambda.aws_ecr_repository.this",
            "module.rastreamento_lambda.null_resource.run_script",
            "module.smart_routing_lambda.aws_iam_role.lambda_role",
            "module.smart_routing_lambda.aws_lambda_function.lambda",
            "module.smart_routing_lambda.data.aws_caller_identity.current",
            "module.smart_routing_lambda.data.aws_iam_policy_document.policy_doc",
            "module.smart_routing_lambda.module.repo_ecr_lambda.aws_ecr_repository.this",
            "module.smart_routing_lambda.null_resource.run_script",
            "module.users_table.aws_dynamodb_table.this",
            "module.usuarios_lambda.aws_iam_role.lambda_role",
            "module.usuarios_lambda.aws_lambda_function.lambda",
            "module.usuarios_lambda.data.aws_caller_identity.current",
            "module.usuarios_lambda.data.aws_iam_policy_document.policy_doc",
            "module.usuarios_lambda.module.repo_ecr_lambda.aws_ecr_repository.this",
            "module.usuarios_lambda.null_resource.run_script",
            "module.websocket_connections_table.aws_dynamodb_table.this",
            "module.websocket_lambda.aws_iam_role.lambda_role",
            "module.websocket_lambda.aws_lambda_function.lambda",
            "module.websocket_lambda.data.aws_caller_identity.current",
            "module.websocket_lambda.data.aws_iam_policy_document.policy_doc",
            "module.websocket_lambda.module.repo_ecr_lambda.aws_ecr_repository.this",
            "module.websocket_lambda.null_resource.run_script"
          ],
          "create_before_destroy": true
        },
        {
          "index_key": "7",
          "schema_version": 0,
          "attributes": {
            "api_key_required": false,
            "authorization": "NONE",
            "authorization_scopes": null,
            "authorizer_id": null,
            "http_method": "PATCH",
            "id": "agm-j0dh1wfnjf-2baw9s-PATCH",
            "operation_name": null,
            "region": "us-east-1",
            "request_models": null,
            "request_parameters": null,
            "request_validator_id": null,
            "resource_id": "2baw9s",
            "rest_api_id": "j0dh1wfnjf"
          },
          "sensitive_attributes": [],
          "identity_schema_version": 0,
          "private": "bnVsbA==",
          "dependencies": [
            "aws_apigatewayv2_api.websocket_api",
            "module.api_gateway.aws_api_gateway_authorizer.cognito_authorizer",
            "module.api_gateway.aws_api_gateway_resource.base_resources",
            "module.api_gateway.aws_api_gateway_resource.main_resource",
            "module.api_gateway.aws_api_gateway_resource.variable_resources",
            "module.api_gateway.aws_api_gateway_rest_api.rest_api",
            "module.auth_lambda.aws_iam_role.lambda_role",
            "module.auth_lambda.aws_lambda_function.lambda",
            "module.auth_lambda.data.aws_caller_identity.current",
            "module.auth_lambda.data.aws_iam_policy_document.policy_doc",
            "module.auth_lambda.module.repo_ecr_lambda.aws_ecr_repository.this",
            "module.auth_lambda.null_resource.run_script",
            "module.events_queue.aws_sqs_queue.dead_letter_fifo_queue",
            "module.events_queue.aws_sqs_queue.fifo_queue",
            "module.locations_table.aws_dynamodb_table.this",
            "module.notificacoes_lambda.aws_iam_role.lambda_role",
            "module.notificacoes_lambda.aws_lambda_function.lambda",
            "module.notificacoes_lambda.data.aws_caller_identity.current",
            "module.notificacoes_lambda.data.aws_iam_policy_document.policy_doc",
            "module.notificacoes_lambda.module.repo_ecr_lambda.aws_ecr_repository.this",
            "module.notificacoes_lambda.null_resource.run_script",
            "module.notifications_general_topic.aws_sns_topic.this",
            "module.notifications_premium_topic.aws_sns_topic.this",
            "module.notifications_regional_topic.aws_sns_topic.this",
            "module.notifications_table.aws_dynamodb_table.this",
            "module.pedido_ofertas_table.aws_dynamodb_table.this",
            "module.pedidos_lambda.aws_iam_role.lambda_role",
            "module.pedidos_lambda.aws_lambda_function.lambda",
            "module.pedidos_lambda.data.aws_caller_identity.current",
            "module.pedidos_lambda.data.aws_iam_policy_document.policy_doc",
            "module.pedidos_lambda.module.repo_ecr_lambda.aws_ecr_repository.this",
            "module.pedidos_lambda.null_resource.run_script",
            "module.pedidos_table.aws_dynamodb_table.this",
            "module.rastreamento_lambda.aws_iam_role.lambda_role",
            "module.rastreamento_lambda.aws_lambda_function.lambda",
            "module.rastreamento_lambda.data.aws_caller_identity.current",
            "module.rastreamento_lambda.data.aws_iam_policy_document.policy_doc",
            "module.rastreamento_lambda.module.repo_ecr_lambda.aws_ecr_repository.this",
            "module.rastreamento_lambda.null_resource.run_script",
            "module.smart_routing_lambda.aws_iam_role.lambda_role",
            "module.smart_routing_lambda.aws_lambda_function.lambda",
            "module.smart_routing_lambda.data.aws_caller_identity.current",
            "module.smart_routing_lambda.data.aws_iam_policy_document.policy_doc",
            "module.smart_routing_lambda.module.repo_ecr_lambda.aws_ecr_repository.this",
            "module.smart_routing_lambda.null_resource.run_script",
            "module.users_table.aws_dynamodb_table.this",
            "module.usuarios_lambda.aws_iam_role.lambda_role",
            "module.usuarios_lambda.aws_lambda_function.lambda",
            "module.usuarios_lambda.data.aws_caller_identity.current",
            "module.usuarios_lambda.data.aws_iam_policy_document.policy_doc",
            "module.usuarios_lambda.module.repo_ecr_lambda.aws_ecr_repository.this",
            "module.usuarios_lambda.null_resource.run_script",
            "module.websocket_connections_table.aws_dynamodb_table.this",
            "module.websocket_lambda.aws_iam_role.lambda_role",
            "module.websocket_lambda.aws_lambda_function.lambda",
            "module.websocket_lambda.data.aws_caller_identity.current",
            "module.websocket_lambda.data.aws_iam_policy_document.policy_doc",
            "module.websocket_lambda.module.repo_ecr_lambda.aws_ecr_repository.this",
            "module.websocket_lambda.null_resource.run_script"
          ],
          "create_before_destroy": true
        },
        {
          "index_key": "8",
          "schema_version": 0,
          "attributes": {
            "api_key_required": false,
            "authorization": "NONE",
            "authorization_scopes": null,
            "authorizer_id": null,
            "http_method": "GET",
            "id": "agm-j0dh1wfnjf-cn0ist-GET",
            "operation_name": null,
            "region": "us-east-1",
            "request_models": null,
            "request_parameters": null,
            "request_validator_id": null,
            "resource_id": "cn0ist",
            "rest_api_id": "j0dh1wfnjf"
          },
          "sensitive_attributes": [],
          "identity_schema_version": 0,
          "private": "bnVsbA==",
          "dependencies": [
            "aws_apigatewayv2_api.websocket_api",
            "module.api_gateway.aws_api_gateway_authorizer.cognito_authorizer",
            "module.api_gateway.aws_api_gateway_resource.base_resources",
            "module.api_gateway.aws_api_gateway_resource.main_resource",
            "module.api_gateway.aws_api_gateway_resource.variable_resources",
            "module.api_gateway.aws_api_gateway_rest_api.rest_api",
            "module.auth_lambda.aws_iam_role.lambda_role",
            "module.auth_lambda.aws_lambda_function.lambda",
            "module.auth_lambda.data.aws_caller_identity.current",
            "module.auth_lambda.data.aws_iam_policy_document.policy_doc",
            "module.auth_lambda.module.repo_ecr_lambda.aws_ecr_repository.this",
            "module.auth_lambda.null_resource.run_script",
            "module.events_queue.aws_sqs_queue.dead_letter_fifo_queue",
            "module.events_queue.aws_sqs_queue.fifo_queue",
            "module.locations_table.aws_dynamodb_table.this",
            "module.notificacoes_lambda.aws_iam_role.lambda_role",
            "module.notificacoes_lambda.aws_lambda_function.lambda",
            "module.notificacoes_lambda.data.aws_caller_identity.current",
            "module.notificacoes_lambda.data.aws_iam_policy_document.policy_doc",
            "module.notificacoes_lambda.module.repo_ecr_lambda.aws_ecr_repository.this",
            "module.notificacoes_lambda.null_resource.run_script",
            "module.notifications_general_topic.aws_sns_topic.this",
            "module.notifications_premium_topic.aws_sns_topic.this",
            "module.notifications_regional_topic.aws_sns_topic.this",
            "module.notifications_table.aws_dynamodb_table.this",
            "module.pedido_ofertas_table.aws_dynamodb_table.this",
            "module.pedidos_lambda.aws_iam_role.lambda_role",
            "module.pedidos_lambda.aws_lambda_function.lambda",
            "module.pedidos_lambda.data.aws_caller_identity.current",
            "module.pedidos_lambda.data.aws_iam_policy_document.policy_doc",
            "module.pedidos_lambda.module.repo_ecr_lambda.aws_ecr_repository.this",
            "module.pedidos_lambda.null_resource.run_script",
            "module.pedidos_table.aws_dynamodb_table.this",
            "module.rastreamento_lambda.aws_iam_role.lambda_role",
            "module.rastreamento_lambda.aws_lambda_function.lambda",
            "module.rastreamento_lambda.data.aws_caller_identity.current",
            "module.rastreamento_lambda.data.aws_iam_policy_document.policy_doc",
            "module.rastreamento_lambda.module.repo_ecr_lambda.aws_ecr_repository.this",
            "module.rastreamento_lambda.null_resource.run_script",
            "module.smart_routing_lambda.aws_iam_role.lambda_role",
            "module.smart_routing_lambda.aws_lambda_function.lambda",
            "module.smart_routing_lambda.data.aws_caller_identity.current",
            "module.smart_routing_lambda.data.aws_iam_policy_document.policy_doc",
            "module.smart_routing_lambda.module.repo_ecr_lambda.aws_ecr_repository.this",
            "module.smart_routing_lambda.null_resource.run_script",
            "module.users_table.aws_dynamodb_table.this",
            "module.usuarios_lambda.aws_iam_role.lambda_role",
            "module.usuarios_lambda.aws_lambda_function.lambda",
            "module.usuarios_lambda.data.aws_caller_identity.current",
            "module.usuarios_lambda.data.aws_iam_policy_document.policy_doc",
            "module.usuarios_lambda.module.repo_ecr_lambda.aws_ecr_repository.this",
            "module.usuarios_lambda.null_resource.run_script",
            "module.websocket_connections_table.aws_dynamodb_table.this",
            "module.websocket_lambda.aws_iam_role.lambda_role",
            "module.websocket_lambda.aws_lambda_function.lambda",
            "module.websocket_lambda.data.aws_caller_identity.current",
            "module.websocket_lambda.data.aws_iam_policy_document.policy_doc",
            "module.websocket_lambda.module.repo_ecr_lambda.aws_ecr_repository.this",
            "module.websocket_lambda.null_resource.run_script"
          ],
          "create_before_destroy": true
        },
        {
          "index_key": "9",
          "schema_version": 0,
          "attributes": {
            "api_key_required": false,
            "authorization": "NONE",
            "authorization_scopes": null,
            "authorizer_id": null,
            "http_method": "PATCH",
            "id": "agm-j0dh1wfnjf-sjrnpa-PATCH",
            "operation_name": null,
            "region": "us-east-1",
            "request_models": null,
            "request_parameters": null,
            "request_validator_id": null,
            "resource_id": "sjrnpa",
            "rest_api_id": "j0dh1wfnjf"
          },
          "sensitive_attributes": [],
          "identity_schema_version": 0,
          "private": "bnVsbA==",
          "dependencies": [
            "aws_apigatewayv2_api.websocket_api",
            "module.api_gateway.aws_api_gateway_authorizer.cognito_authorizer",
            "module.api_gateway.aws_api_gateway_resource.base_resources",
            "module.api_gateway.aws_api_gateway_resource.main_resource",
            "module.api_gateway.aws_api_gateway_resource.variable_resources",
            "module.api_gateway.aws_api_gateway_rest_api.rest_api",
            "module.auth_lambda.aws_iam_role.lambda_role",
            "module.auth_lambda.aws_lambda_function.lambda",
            "module.auth_lambda.data.aws_caller_identity.current",
            "module.auth_lambda.data.aws_iam_policy_document.policy_doc",
            "module.auth_lambda.module.repo_ecr_lambda.aws_ecr_repository.this",
            "module.auth_lambda.null_resource.run_script",
            "module.events_queue.aws_sqs_queue.dead_letter_fifo_queue",
            "module.events_queue.aws_sqs_queue.fifo_queue",
            "module.locations_table.aws_dynamodb_table.this",
            "module.notificacoes_lambda.aws_iam_role.lambda_role",
            "module.notificacoes_lambda.aws_lambda_function.lambda",
            "module.notificacoes_lambda.data.aws_caller_identity.current",
            "module.notificacoes_lambda.data.aws_iam_policy_document.policy_doc",
            "module.notificacoes_lambda.module.repo_ecr_lambda.aws_ecr_repository.this",
            "module.notificacoes_lambda.null_resource.run_script",
            "module.notifications_general_topic.aws_sns_topic.this",
            "module.notifications_premium_topic.aws_sns_topic.this",
            "module.notifications_regional_topic.aws_sns_topic.this",
            "module.notifications_table.aws_dynamodb_table.this",
            "module.pedido_ofertas_table.aws_dynamodb_table.this",
            "module.pedidos_lambda.aws_iam_role.lambda_role",
            "module.pedidos_lambda.aws_lambda_function.lambda",
            "module.pedidos_lambda.data.aws_caller_identity.current",
            "module.pedidos_lambda.data.aws_iam_policy_document.policy_doc",
            "module.pedidos_lambda.module.repo_ecr_lambda.aws_ecr_repository.this",
            "module.pedidos_lambda.null_resource.run_script",
            "module.pedidos_table.aws_dynamodb_table.this",
            "module.rastreamento_lambda.aws_iam_role.lambda_role",
            "module.rastreamento_lambda.aws_lambda_function.lambda",
            "module.rastreamento_lambda.data.aws_caller_identity.current",
            "module.rastreamento_lambda.data.aws_iam_policy_document.policy_doc",
            "module.rastreamento_lambda.module.repo_ecr_lambda.aws_ecr_repository.this",
            "module.rastreamento_lambda.null_resource.run_script",
            "module.smart_routing_lambda.aws_iam_role.lambda_role",
            "module.smart_routing_lambda.aws_lambda_function.lambda",
            "module.smart_routing_lambda.data.aws_caller_identity.current",
            "module.smart_routing_lambda.data.aws_iam_policy_document.policy_doc",
            "module.smart_routing_lambda.module.repo_ecr_lambda.aws_ecr_repository.this",
            "module.smart_routing_lambda.null_resource.run_script",
            "module.users_table.aws_dynamodb_table.this",
            "module.usuarios_lambda.aws_iam_role.lambda_role",
            "module.usuarios_lambda.aws_lambda_function.lambda",
            "module.usuarios_lambda.data.aws_caller_identity.current",
            "module.usuarios_lambda.data.aws_iam_policy_document.policy_doc",
            "module.usuarios_lambda.module.repo_ecr_lambda.aws_ecr_repository.this",
            "module.usuarios_lambda.null_resource.run_script",
            "module.websocket_connections_table.aws_dynamodb_table.this",
            "module.websocket_lambda.aws_iam_role.lambda_role",
            "module.websocket_lambda.aws_lambda_function.lambda",
            "module.websocket_lambda.data.aws_caller_identity.current",
            "module.websocket_lambda.data.aws_iam_policy_document.policy_doc",
            "module.websocket_lambda.module.repo_ecr_lambda.aws_ecr_repository.this",
            "module.websocket_lambda.null_resource.run_script"
          ],
          "create_before_destroy": true
        }
      ]
    },
    {
      "module": "module.api_gateway",
      "mode": "managed",
      "type": "aws_api_gateway_method_response",
      "name": "rest_endpoint_method_responses",
      "provider": "provider[\"registry.terraform.io/hashicorp/aws\"]",
      "instances": [
        {
          "index_key": "0",
          "schema_version": 0,
          "attributes": {
            "http_method": "POST",
            "id": "agmr-j0dh1wfnjf-3t93n1-POST-200",
            "region": "us-east-1",
            "resource_id": "3t93n1",
            "response_models": {
              "application/json": "Empty"
            },
            "response_parameters": null,
            "rest_api_id": "j0dh1wfnjf",
            "status_code": "200"
          },
          "sensitive_attributes": [],
          "identity_schema_version": 0,
          "private": "bnVsbA==",
          "dependencies": [
            "aws_apigatewayv2_api.websocket_api",
            "module.api_gateway.aws_api_gateway_authorizer.cognito_authorizer",
            "module.api_gateway.aws_api_gateway_method.rest_endpoint_methods",
            "module.api_gateway.aws_api_gateway_resource.base_resources",
            "module.api_gateway.aws_api_gateway_resource.main_resource",
            "module.api_gateway.aws_api_gateway_resource.variable_resources",
            "module.api_gateway.aws_api_gateway_rest_api.rest_api",
            "module.auth_lambda.aws_iam_role.lambda_role",
            "module.auth_lambda.aws_lambda_function.lambda",
            "module.auth_lambda.data.aws_caller_identity.current",
            "module.auth_lambda.data.aws_iam_policy_document.policy_doc",
            "module.auth_lambda.module.repo_ecr_lambda.aws_ecr_repository.this",
            "module.auth_lambda.null_resource.run_script",
            "module.events_queue.aws_sqs_queue.dead_letter_fifo_queue",
            "module.events_queue.aws_sqs_queue.fifo_queue",
            "module.locations_table.aws_dynamodb_table.this",
            "module.notificacoes_lambda.aws_iam_role.lambda_role",
            "module.notificacoes_lambda.aws_lambda_function.lambda",
            "module.notificacoes_lambda.data.aws_caller_identity.current",
            "module.notificacoes_lambda.data.aws_iam_policy_document.policy_doc",
            "module.notificacoes_lambda.module.repo_ecr_lambda.aws_ecr_repository.this",
            "module.notificacoes_lambda.null_resource.run_script",
            "module.notifications_general_topic.aws_sns_topic.this",
            "module.notifications_premium_topic.aws_sns_topic.this",
            "module.notifications_regional_topic.aws_sns_topic.this",
            "module.notifications_table.aws_dynamodb_table.this",
            "module.pedido_ofertas_table.aws_dynamodb_table.this",
            "module.pedidos_lambda.aws_iam_role.lambda_role",
            "module.pedidos_lambda.aws_lambda_function.lambda",
            "module.pedidos_lambda.data.aws_caller_identity.current",
            "module.pedidos_lambda.data.aws_iam_policy_document.policy_doc",
            "module.pedidos_lambda.module.repo_ecr_lambda.aws_ecr_repository.this",
            "module.pedidos_lambda.null_resource.run_script",
            "module.pedidos_table.aws_dynamodb_table.this",
            "module.rastreamento_lambda.aws_iam_role.lambda_role",
            "module.rastreamento_lambda.aws_lambda_function.lambda",
            "module.rastreamento_lambda.data.aws_caller_identity.current",
            "module.rastreamento_lambda.data.aws_iam_policy_document.policy_doc",
            "module.rastreamento_lambda.module.repo_ecr_lambda.aws_ecr_repository.this",
            "module.rastreamento_lambda.null_resource.run_script",
            "module.smart_routing_lambda.aws_iam_role.lambda_role",
            "module.smart_routing_lambda.aws_lambda_function.lambda",
            "module.smart_routing_lambda.data.aws_caller_identity.current",
            "module.smart_routing_lambda.data.aws_iam_policy_document.policy_doc",
            "module.smart_routing_lambda.module.repo_ecr_lambda.aws_ecr_repository.this",
            "module.smart_routing_lambda.null_resource.run_script",
            "module.users_table.aws_dynamodb_table.this",
            "module.usuarios_lambda.aws_iam_role.lambda_role",
            "module.usuarios_lambda.aws_lambda_function.lambda",
            "module.usuarios_lambda.data.aws_caller_identity.current",
            "module.usuarios_lambda.data.aws_iam_policy_document.policy_doc",
            "module.usuarios_lambda.module.repo_ecr_lambda.aws_ecr_repository.this",
            "module.usuarios_lambda.null_resource.run_script",
            "module.websocket_connections_table.aws_dynamodb_table.this",
            "module.websocket_lambda.aws_iam_role.lambda_role",
            "module.websocket_lambda.aws_lambda_function.lambda",
            "module.websocket_lambda.data.aws_caller_identity.current",
            "module.websocket_lambda.data.aws_iam_policy_document.policy_doc",
            "module.websocket_lambda.module.repo_ecr_lambda.aws_ecr_repository.this",
            "module.websocket_lambda.null_resource.run_script"
          ],
          "create_before_destroy": true
        },
        {
          "index_key": "1",
          "schema_version": 0,
          "attributes": {
            "http_method": "POST",
            "id": "agmr-j0dh1wfnjf-7nqzah-POST-201",
            "region": "us-east-1",
            "resource_id": "7nqzah",
            "response_models": {
              "application/json": "Empty"
            },
            "response_parameters": null,
            "rest_api_id": "j0dh1wfnjf",
            "status_code": "201"
          },
          "sensitive_attributes": [],
          "identity_schema_version": 0,
          "private": "bnVsbA==",
          "dependencies": [
            "aws_apigatewayv2_api.websocket_api",
            "module.api_gateway.aws_api_gateway_authorizer.cognito_authorizer",
            "module.api_gateway.aws_api_gateway_method.rest_endpoint_methods",
            "module.api_gateway.aws_api_gateway_resource.base_resources",
            "module.api_gateway.aws_api_gateway_resource.main_resource",
            "module.api_gateway.aws_api_gateway_resource.variable_resources",
            "module.api_gateway.aws_api_gateway_rest_api.rest_api",
            "module.auth_lambda.aws_iam_role.lambda_role",
            "module.auth_lambda.aws_lambda_function.lambda",
            "module.auth_lambda.data.aws_caller_identity.current",
            "module.auth_lambda.data.aws_iam_policy_document.policy_doc",
            "module.auth_lambda.module.repo_ecr_lambda.aws_ecr_repository.this",
            "module.auth_lambda.null_resource.run_script",
            "module.events_queue.aws_sqs_queue.dead_letter_fifo_queue",
            "module.events_queue.aws_sqs_queue.fifo_queue",
            "module.locations_table.aws_dynamodb_table.this",
            "module.notificacoes_lambda.aws_iam_role.lambda_role",
            "module.notificacoes_lambda.aws_lambda_function.lambda",
            "module.notificacoes_lambda.data.aws_caller_identity.current",
            "module.notificacoes_lambda.data.aws_iam_policy_document.policy_doc",
            "module.notificacoes_lambda.module.repo_ecr_lambda.aws_ecr_repository.this",
            "module.notificacoes_lambda.null_resource.run_script",
            "module.notifications_general_topic.aws_sns_topic.this",
            "module.notifications_premium_topic.aws_sns_topic.this",
            "module.notifications_regional_topic.aws_sns_topic.this",
            "module.notifications_table.aws_dynamodb_table.this",
            "module.pedido_ofertas_table.aws_dynamodb_table.this",
            "module.pedidos_lambda.aws_iam_role.lambda_role",
            "module.pedidos_lambda.aws_lambda_function.lambda",
            "module.pedidos_lambda.data.aws_caller_identity.current",
            "module.pedidos_lambda.data.aws_iam_policy_document.policy_doc",
            "module.pedidos_lambda.module.repo_ecr_lambda.aws_ecr_repository.this",
            "module.pedidos_lambda.null_resource.run_script",
            "module.pedidos_table.aws_dynamodb_table.this",
            "module.rastreamento_lambda.aws_iam_role.lambda_role",
            "module.rastreamento_lambda.aws_lambda_function.lambda",
            "module.rastreamento_lambda.data.aws_caller_identity.current",
            "module.rastreamento_lambda.data.aws_iam_policy_document.policy_doc",
            "module.rastreamento_lambda.module.repo_ecr_lambda.aws_ecr_repository.this",
            "module.rastreamento_lambda.null_resource.run_script",
            "module.smart_routing_lambda.aws_iam_role.lambda_role",
            "module.smart_routing_lambda.aws_lambda_function.lambda",
            "module.smart_routing_lambda.data.aws_caller_identity.current",
            "module.smart_routing_lambda.data.aws_iam_policy_document.policy_doc",
            "module.smart_routing_lambda.module.repo_ecr_lambda.aws_ecr_repository.this",
            "module.smart_routing_lambda.null_resource.run_script",
            "module.users_table.aws_dynamodb_table.this",
            "module.usuarios_lambda.aws_iam_role.lambda_role",
            "module.usuarios_lambda.aws_lambda_function.lambda",
            "module.usuarios_lambda.data.aws_caller_identity.current",
            "module.usuarios_lambda.data.aws_iam_policy_document.policy_doc",
            "module.usuarios_lambda.module.repo_ecr_lambda.aws_ecr_repository.this",
            "module.usuarios_lambda.null_resource.run_script",
            "module.websocket_connections_table.aws_dynamodb_table.this",
            "module.websocket_lambda.aws_iam_role.lambda_role",
            "module.websocket_lambda.aws_lambda_function.lambda",
            "module.websocket_lambda.data.aws_caller_identity.current",
            "module.websocket_lambda.data.aws_iam_policy_document.policy_doc",
            "module.websocket_lambda.module.repo_ecr_lambda.aws_ecr_repository.this",
            "module.websocket_lambda.null_resource.run_script"
          ],
          "create_before_destroy": true
        },
        {
          "index_key": "10",
          "schema_version": 0,
          "attributes": {
            "http_method": "POST",
            "id": "agmr-j0dh1wfnjf-zorlbk-POST-200",
            "region": "us-east-1",
            "resource_id": "zorlbk",
            "response_models": {
              "application/json": "Empty"
            },
            "response_parameters": null,
            "rest_api_id": "j0dh1wfnjf",
            "status_code": "200"
          },
          "sensitive_attributes": [],
          "identity_schema_version": 0,
          "private": "bnVsbA==",
          "dependencies": [
            "aws_apigatewayv2_api.websocket_api",
            "module.api_gateway.aws_api_gateway_authorizer.cognito_authorizer",
            "module.api_gateway.aws_api_gateway_method.rest_endpoint_methods",
            "module.api_gateway.aws_api_gateway_resource.base_resources",
            "module.api_gateway.aws_api_gateway_resource.main_resource",
            "module.api_gateway.aws_api_gateway_resource.variable_resources",
            "module.api_gateway.aws_api_gateway_rest_api.rest_api",
            "module.auth_lambda.aws_iam_role.lambda_role",
            "module.auth_lambda.aws_lambda_function.lambda",
            "module.auth_lambda.data.aws_caller_identity.current",
            "module.auth_lambda.data.aws_iam_policy_document.policy_doc",
            "module.auth_lambda.module.repo_ecr_lambda.aws_ecr_repository.this",
            "module.auth_lambda.null_resource.run_script",
            "module.events_queue.aws_sqs_queue.dead_letter_fifo_queue",
            "module.events_queue.aws_sqs_queue.fifo_queue",
            "module.locations_table.aws_dynamodb_table.this",
            "module.notificacoes_lambda.aws_iam_role.lambda_role",
            "module.notificacoes_lambda.aws_lambda_function.lambda",
            "module.notificacoes_lambda.data.aws_caller_identity.current",
            "module.notificacoes_lambda.data.aws_iam_policy_document.policy_doc",
            "module.notificacoes_lambda.module.repo_ecr_lambda.aws_ecr_repository.this",
            "module.notificacoes_lambda.null_resource.run_script",
            "module.notifications_general_topic.aws_sns_topic.this",
            "module.notifications_premium_topic.aws_sns_topic.this",
            "module.notifications_regional_topic.aws_sns_topic.this",
            "module.notifications_table.aws_dynamodb_table.this",
            "module.pedido_ofertas_table.aws_dynamodb_table.this",
            "module.pedidos_lambda.aws_iam_role.lambda_role",
            "module.pedidos_lambda.aws_lambda_function.lambda",
            "module.pedidos_lambda.data.aws_caller_identity.current",
            "module.pedidos_lambda.data.aws_iam_policy_document.policy_doc",
            "module.pedidos_lambda.module.repo_ecr_lambda.aws_ecr_repository.this",
            "module.pedidos_lambda.null_resource.run_script",
            "module.pedidos_table.aws_dynamodb_table.this",
            "module.rastreamento_lambda.aws_iam_role.lambda_role",
            "module.rastreamento_lambda.aws_lambda_function.lambda",
            "module.rastreamento_lambda.data.aws_caller_identity.current",
            "module.rastreamento_lambda.data.aws_iam_policy_document.policy_doc",
            "module.rastreamento_lambda.module.repo_ecr_lambda.aws_ecr_repository.this",
            "module.rastreamento_lambda.null_resource.run_script",
            "module.smart_routing_lambda.aws_iam_role.lambda_role",
            "module.smart_routing_lambda.aws_lambda_function.lambda",
            "module.smart_routing_lambda.data.aws_caller_identity.current",
            "module.smart_routing_lambda.data.aws_iam_policy_document.policy_doc",
            "module.smart_routing_lambda.module.repo_ecr_lambda.aws_ecr_repository.this",
            "module.smart_routing_lambda.null_resource.run_script",
            "module.users_table.aws_dynamodb_table.this",
            "module.usuarios_lambda.aws_iam_role.lambda_role",
            "module.usuarios_lambda.aws_lambda_function.lambda",
            "module.usuarios_lambda.data.aws_caller_identity.current",
            "module.usuarios_lambda.data.aws_iam_policy_document.policy_doc",
            "module.usuarios_lambda.module.repo_ecr_lambda.aws_ecr_repository.this",
            "module.usuarios_lambda.null_resource.run_script",
            "module.websocket_connections_table.aws_dynamodb_table.this",
            "module.websocket_lambda.aws_iam_role.lambda_role",
            "module.websocket_lambda.aws_lambda_function.lambda",
            "module.websocket_lambda.data.aws_caller_identity.current",
            "module.websocket_lambda.data.aws_iam_policy_document.policy_doc",
            "module.websocket_lambda.module.repo_ecr_lambda.aws_ecr_repository.this",
            "module.websocket_lambda.null_resource.run_script"
          ],
          "create_before_destroy": true
        },
        {
          "index_key": "11",
          "schema_version": 0,
          "attributes": {
            "http_method": "GET",
            "id": "agmr-j0dh1wfnjf-f16fno-GET-200",
            "region": "us-east-1",
            "resource_id": "f16fno",
            "response_models": {
              "application/json": "Empty"
            },
            "response_parameters": null,
            "rest_api_id": "j0dh1wfnjf",
            "status_code": "200"
          },
          "sensitive_attributes": [],
          "identity_schema_version": 0,
          "private": "bnVsbA==",
          "dependencies": [
            "aws_apigatewayv2_api.websocket_api",
            "module.api_gateway.aws_api_gateway_authorizer.cognito_authorizer",
            "module.api_gateway.aws_api_gateway_method.rest_endpoint_methods",
            "module.api_gateway.aws_api_gateway_resource.base_resources",
            "module.api_gateway.aws_api_gateway_resource.main_resource",
            "module.api_gateway.aws_api_gateway_resource.variable_resources",
            "module.api_gateway.aws_api_gateway_rest_api.rest_api",
            "module.auth_lambda.aws_iam_role.lambda_role",
            "module.auth_lambda.aws_lambda_function.lambda",
            "module.auth_lambda.data.aws_caller_identity.current",
            "module.auth_lambda.data.aws_iam_policy_document.policy_doc",
            "module.auth_lambda.module.repo_ecr_lambda.aws_ecr_repository.this",
            "module.auth_lambda.null_resource.run_script",
            "module.events_queue.aws_sqs_queue.dead_letter_fifo_queue",
            "module.events_queue.aws_sqs_queue.fifo_queue",
            "module.locations_table.aws_dynamodb_table.this",
            "module.notificacoes_lambda.aws_iam_role.lambda_role",
            "module.notificacoes_lambda.aws_lambda_function.lambda",
            "module.notificacoes_lambda.data.aws_caller_identity.current",
            "module.notificacoes_lambda.data.aws_iam_policy_document.policy_doc",
            "module.notificacoes_lambda.module.repo_ecr_lambda.aws_ecr_repository.this",
            "module.notificacoes_lambda.null_resource.run_script",
            "module.notifications_general_topic.aws_sns_topic.this",
            "module.notifications_premium_topic.aws_sns_topic.this",
            "module.notifications_regional_topic.aws_sns_topic.this",
            "module.notifications_table.aws_dynamodb_table.this",
            "module.pedido_ofertas_table.aws_dynamodb_table.this",
            "module.pedidos_lambda.aws_iam_role.lambda_role",
            "module.pedidos_lambda.aws_lambda_function.lambda",
            "module.pedidos_lambda.data.aws_caller_identity.current",
            "module.pedidos_lambda.data.aws_iam_policy_document.policy_doc",
            "module.pedidos_lambda.module.repo_ecr_lambda.aws_ecr_repository.this",
            "module.pedidos_lambda.null_resource.run_script",
            "module.pedidos_table.aws_dynamodb_table.this",
            "module.rastreamento_lambda.aws_iam_role.lambda_role",
            "module.rastreamento_lambda.aws_lambda_function.lambda",
            "module.rastreamento_lambda.data.aws_caller_identity.current",
            "module.rastreamento_lambda.data.aws_iam_policy_document.policy_doc",
            "module.rastreamento_lambda.module.repo_ecr_lambda.aws_ecr_repository.this",
            "module.rastreamento_lambda.null_resource.run_script",
            "module.smart_routing_lambda.aws_iam_role.lambda_role",
            "module.smart_routing_lambda.aws_lambda_function.lambda",
            "module.smart_routing_lambda.data.aws_caller_identity.current",
            "module.smart_routing_lambda.data.aws_iam_policy_document.policy_doc",
            "module.smart_routing_lambda.module.repo_ecr_lambda.aws_ecr_repository.this",
            "module.smart_routing_lambda.null_resource.run_script",
            "module.users_table.aws_dynamodb_table.this",
            "module.usuarios_lambda.aws_iam_role.lambda_role",
            "module.usuarios_lambda.aws_lambda_function.lambda",
            "module.usuarios_lambda.data.aws_caller_identity.current",
            "module.usuarios_lambda.data.aws_iam_policy_document.policy_doc",
            "module.usuarios_lambda.module.repo_ecr_lambda.aws_ecr_repository.this",
            "module.usuarios_lambda.null_resource.run_script",
            "module.websocket_connections_table.aws_dynamodb_table.this",
            "module.websocket_lambda.aws_iam_role.lambda_role",
            "module.websocket_lambda.aws_lambda_function.lambda",
            "module.websocket_lambda.data.aws_caller_identity.current",
            "module.websocket_lambda.data.aws_iam_policy_document.policy_doc",
            "module.websocket_lambda.module.repo_ecr_lambda.aws_ecr_repository.this",
            "module.websocket_lambda.null_resource.run_script"
          ],
          "create_before_destroy": true
        },
        {
          "index_key": "12",
          "schema_version": 0,
          "attributes": {
            "http_method": "GET",
            "id": "agmr-j0dh1wfnjf-gnorps-GET-200",
            "region": "us-east-1",
            "resource_id": "gnorps",
            "response_models": {
              "application/json": "Empty"
            },
            "response_parameters": null,
            "rest_api_id": "j0dh1wfnjf",
            "status_code": "200"
          },
          "sensitive_attributes": [],
          "identity_schema_version": 0,
          "private": "bnVsbA==",
          "dependencies": [
            "aws_apigatewayv2_api.websocket_api",
            "module.api_gateway.aws_api_gateway_authorizer.cognito_authorizer",
            "module.api_gateway.aws_api_gateway_method.rest_endpoint_methods",
            "module.api_gateway.aws_api_gateway_resource.base_resources",
            "module.api_gateway.aws_api_gateway_resource.main_resource",
            "module.api_gateway.aws_api_gateway_resource.variable_resources",
            "module.api_gateway.aws_api_gateway_rest_api.rest_api",
            "module.auth_lambda.aws_iam_role.lambda_role",
            "module.auth_lambda.aws_lambda_function.lambda",
            "module.auth_lambda.data.aws_caller_identity.current",
            "module.auth_lambda.data.aws_iam_policy_document.policy_doc",
            "module.auth_lambda.module.repo_ecr_lambda.aws_ecr_repository.this",
            "module.auth_lambda.null_resource.run_script",
            "module.events_queue.aws_sqs_queue.dead_letter_fifo_queue",
            "module.events_queue.aws_sqs_queue.fifo_queue",
            "module.locations_table.aws_dynamodb_table.this",
            "module.notificacoes_lambda.aws_iam_role.lambda_role",
            "module.notificacoes_lambda.aws_lambda_function.lambda",
            "module.notificacoes_lambda.data.aws_caller_identity.current",
            "module.notificacoes_lambda.data.aws_iam_policy_document.policy_doc",
            "module.notificacoes_lambda.module.repo_ecr_lambda.aws_ecr_repository.this",
            "module.notificacoes_lambda.null_resource.run_script",
            "module.notifications_general_topic.aws_sns_topic.this",
            "module.notifications_premium_topic.aws_sns_topic.this",
            "module.notifications_regional_topic.aws_sns_topic.this",
            "module.notifications_table.aws_dynamodb_table.this",
            "module.pedido_ofertas_table.aws_dynamodb_table.this",
            "module.pedidos_lambda.aws_iam_role.lambda_role",
            "module.pedidos_lambda.aws_lambda_function.lambda",
            "module.pedidos_lambda.data.aws_caller_identity.current",
            "module.pedidos_lambda.data.aws_iam_policy_document.policy_doc",
            "module.pedidos_lambda.module.repo_ecr_lambda.aws_ecr_repository.this",
            "module.pedidos_lambda.null_resource.run_script",
            "module.pedidos_table.aws_dynamodb_table.this",
            "module.rastreamento_lambda.aws_iam_role.lambda_role",
            "module.rastreamento_lambda.aws_lambda_function.lambda",
            "module.rastreamento_lambda.data.aws_caller_identity.current",
            "module.rastreamento_lambda.data.aws_iam_policy_document.policy_doc",
            "module.rastreamento_lambda.module.repo_ecr_lambda.aws_ecr_repository.this",
            "module.rastreamento_lambda.null_resource.run_script",
            "module.smart_routing_lambda.aws_iam_role.lambda_role",
            "module.smart_routing_lambda.aws_lambda_function.lambda",
            "module.smart_routing_lambda.data.aws_caller_identity.current",
            "module.smart_routing_lambda.data.aws_iam_policy_document.policy_doc",
            "module.smart_routing_lambda.module.repo_ecr_lambda.aws_ecr_repository.this",
            "module.smart_routing_lambda.null_resource.run_script",
            "module.users_table.aws_dynamodb_table.this",
            "module.usuarios_lambda.aws_iam_role.lambda_role",
            "module.usuarios_lambda.aws_lambda_function.lambda",
            "module.usuarios_lambda.data.aws_caller_identity.current",
            "module.usuarios_lambda.data.aws_iam_policy_document.policy_doc",
            "module.usuarios_lambda.module.repo_ecr_lambda.aws_ecr_repository.this",
            "module.usuarios_lambda.null_resource.run_script",
            "module.websocket_connections_table.aws_dynamodb_table.this",
            "module.websocket_lambda.aws_iam_role.lambda_role",
            "module.websocket_lambda.aws_lambda_function.lambda",
            "module.websocket_lambda.data.aws_caller_identity.current",
            "module.websocket_lambda.data.aws_iam_policy_document.policy_doc",
            "module.websocket_lambda.module.repo_ecr_lambda.aws_ecr_repository.this",
            "module.websocket_lambda.null_resource.run_script"
          ],
          "create_before_destroy": true
        },
        {
          "index_key": "13",
          "schema_version": 0,
          "attributes": {
            "http_method": "GET",
            "id": "agmr-j0dh1wfnjf-9rimia-GET-200",
            "region": "us-east-1",
            "resource_id": "9rimia",
            "response_models": {
              "application/json": "Empty"
            },
            "response_parameters": null,
            "rest_api_id": "j0dh1wfnjf",
            "status_code": "200"
          },
          "sensitive_attributes": [],
          "identity_schema_version": 0,
          "private": "bnVsbA==",
          "dependencies": [
            "aws_apigatewayv2_api.websocket_api",
            "module.api_gateway.aws_api_gateway_authorizer.cognito_authorizer",
            "module.api_gateway.aws_api_gateway_method.rest_endpoint_methods",
            "module.api_gateway.aws_api_gateway_resource.base_resources",
            "module.api_gateway.aws_api_gateway_resource.main_resource",
            "module.api_gateway.aws_api_gateway_resource.variable_resources",
            "module.api_gateway.aws_api_gateway_rest_api.rest_api",
            "module.auth_lambda.aws_iam_role.lambda_role",
            "module.auth_lambda.aws_lambda_function.lambda",
            "module.auth_lambda.data.aws_caller_identity.current",
            "module.auth_lambda.data.aws_iam_policy_document.policy_doc",
            "module.auth_lambda.module.repo_ecr_lambda.aws_ecr_repository.this",
            "module.auth_lambda.null_resource.run_script",
            "module.events_queue.aws_sqs_queue.dead_letter_fifo_queue",
            "module.events_queue.aws_sqs_queue.fifo_queue",
            "module.locations_table.aws_dynamodb_table.this",
            "module.notificacoes_lambda.aws_iam_role.lambda_role",
            "module.notificacoes_lambda.aws_lambda_function.lambda",
            "module.notificacoes_lambda.data.aws_caller_identity.current",
            "module.notificacoes_lambda.data.aws_iam_policy_document.policy_doc",
            "module.notificacoes_lambda.module.repo_ecr_lambda.aws_ecr_repository.this",
            "module.notificacoes_lambda.null_resource.run_script",
            "module.notifications_general_topic.aws_sns_topic.this",
            "module.notifications_premium_topic.aws_sns_topic.this",
            "module.notifications_regional_topic.aws_sns_topic.this",
            "module.notifications_table.aws_dynamodb_table.this",
            "module.pedido_ofertas_table.aws_dynamodb_table.this",
            "module.pedidos_lambda.aws_iam_role.lambda_role",
            "module.pedidos_lambda.aws_lambda_function.lambda",
            "module.pedidos_lambda.data.aws_caller_identity.current",
            "module.pedidos_lambda.data.aws_iam_policy_document.policy_doc",
            "module.pedidos_lambda.module.repo_ecr_lambda.aws_ecr_repository.this",
            "module.pedidos_lambda.null_resource.run_script",
            "module.pedidos_table.aws_dynamodb_table.this",
            "module.rastreamento_lambda.aws_iam_role.lambda_role",
            "module.rastreamento_lambda.aws_lambda_function.lambda",
            "module.rastreamento_lambda.data.aws_caller_identity.current",
            "module.rastreamento_lambda.data.aws_iam_policy_document.policy_doc",
            "module.rastreamento_lambda.module.repo_ecr_lambda.aws_ecr_repository.this",
            "module.rastreamento_lambda.null_resource.run_script",
            "module.smart_routing_lambda.aws_iam_role.lambda_role",
            "module.smart_routing_lambda.aws_lambda_function.lambda",
            "module.smart_routing_lambda.data.aws_caller_identity.current",
            "module.smart_routing_lambda.data.aws_iam_policy_document.policy_doc",
            "module.smart_routing_lambda.module.repo_ecr_lambda.aws_ecr_repository.this",
            "module.smart_routing_lambda.null_resource.run_script",
            "module.users_table.aws_dynamodb_table.this",
            "module.usuarios_lambda.aws_iam_role.lambda_role",
            "module.usuarios_lambda.aws_lambda_function.lambda",
            "module.usuarios_lambda.data.aws_caller_identity.current",
            "module.usuarios_lambda.data.aws_iam_policy_document.policy_doc",
            "module.usuarios_lambda.module.repo_ecr_lambda.aws_ecr_repository.this",
            "module.usuarios_lambda.null_resource.run_script",
            "module.websocket_connections_table.aws_dynamodb_table.this",
            "module.websocket_lambda.aws_iam_role.lambda_role",
            "module.websocket_lambda.aws_lambda_function.lambda",
            "module.websocket_lambda.data.aws_caller_identity.current",
            "module.websocket_lambda.data.aws_iam_policy_document.policy_doc",
            "module.websocket_lambda.module.repo_ecr_lambda.aws_ecr_repository.this",
            "module.websocket_lambda.null_resource.run_script"
          ],
          "create_before_destroy": true
        },
        {
          "index_key": "14",
          "schema_version": 0,
          "attributes": {
            "http_method": "GET",
            "id": "agmr-j0dh1wfnjf-mxp0ne-GET-200",
            "region": "us-east-1",
            "resource_id": "mxp0ne",
            "response_models": {
              "application/json": "Empty"
            },
            "response_parameters": null,
            "rest_api_id": "j0dh1wfnjf",
            "status_code": "200"
          },
          "sensitive_attributes": [],
          "identity_schema_version": 0,
          "private": "bnVsbA==",
          "dependencies": [
            "aws_apigatewayv2_api.websocket_api",
            "module.api_gateway.aws_api_gateway_authorizer.cognito_authorizer",
            "module.api_gateway.aws_api_gateway_method.rest_endpoint_methods",
            "module.api_gateway.aws_api_gateway_resource.base_resources",
            "module.api_gateway.aws_api_gateway_resource.main_resource",
            "module.api_gateway.aws_api_gateway_resource.variable_resources",
            "module.api_gateway.aws_api_gateway_rest_api.rest_api",
            "module.auth_lambda.aws_iam_role.lambda_role",
            "module.auth_lambda.aws_lambda_function.lambda",
            "module.auth_lambda.data.aws_caller_identity.current",
            "module.auth_lambda.data.aws_iam_policy_document.policy_doc",
            "module.auth_lambda.module.repo_ecr_lambda.aws_ecr_repository.this",
            "module.auth_lambda.null_resource.run_script",
            "module.events_queue.aws_sqs_queue.dead_letter_fifo_queue",
            "module.events_queue.aws_sqs_queue.fifo_queue",
            "module.locations_table.aws_dynamodb_table.this",
            "module.notificacoes_lambda.aws_iam_role.lambda_role",
            "module.notificacoes_lambda.aws_lambda_function.lambda",
            "module.notificacoes_lambda.data.aws_caller_identity.current",
            "module.notificacoes_lambda.data.aws_iam_policy_document.policy_doc",
            "module.notificacoes_lambda.module.repo_ecr_lambda.aws_ecr_repository.this",
            "module.notificacoes_lambda.null_resource.run_script",
            "module.notifications_general_topic.aws_sns_topic.this",
            "module.notifications_premium_topic.aws_sns_topic.this",
            "module.notifications_regional_topic.aws_sns_topic.this",
            "module.notifications_table.aws_dynamodb_table.this",
            "module.pedido_ofertas_table.aws_dynamodb_table.this",
            "module.pedidos_lambda.aws_iam_role.lambda_role",
            "module.pedidos_lambda.aws_lambda_function.lambda",
            "module.pedidos_lambda.data.aws_caller_identity.current",
            "module.pedidos_lambda.data.aws_iam_policy_document.policy_doc",
            "module.pedidos_lambda.module.repo_ecr_lambda.aws_ecr_repository.this",
            "module.pedidos_lambda.null_resource.run_script",
            "module.pedidos_table.aws_dynamodb_table.this",
            "module.rastreamento_lambda.aws_iam_role.lambda_role",
            "module.rastreamento_lambda.aws_lambda_function.lambda",
            "module.rastreamento_lambda.data.aws_caller_identity.current",
            "module.rastreamento_lambda.data.aws_iam_policy_document.policy_doc",
            "module.rastreamento_lambda.module.repo_ecr_lambda.aws_ecr_repository.this",
            "module.rastreamento_lambda.null_resource.run_script",
            "module.smart_routing_lambda.aws_iam_role.lambda_role",
            "module.smart_routing_lambda.aws_lambda_function.lambda",
            "module.smart_routing_lambda.data.aws_caller_identity.current",
            "module.smart_routing_lambda.data.aws_iam_policy_document.policy_doc",
            "module.smart_routing_lambda.module.repo_ecr_lambda.aws_ecr_repository.this",
            "module.smart_routing_lambda.null_resource.run_script",
            "module.users_table.aws_dynamodb_table.this",
            "module.usuarios_lambda.aws_iam_role.lambda_role",
            "module.usuarios_lambda.aws_lambda_function.lambda",
            "module.usuarios_lambda.data.aws_caller_identity.current",
            "module.usuarios_lambda.data.aws_iam_policy_document.policy_doc",
            "module.usuarios_lambda.module.repo_ecr_lambda.aws_ecr_repository.this",
            "module.usuarios_lambda.null_resource.run_script",
            "module.websocket_connections_table.aws_dynamodb_table.this",
            "module.websocket_lambda.aws_iam_role.lambda_role",
            "module.websocket_lambda.aws_lambda_function.lambda",
            "module.websocket_lambda.data.aws_caller_identity.current",
            "module.websocket_lambda.data.aws_iam_policy_document.policy_doc",
            "module.websocket_lambda.module.repo_ecr_lambda.aws_ecr_repository.this",
            "module.websocket_lambda.null_resource.run_script"
          ],
          "create_before_destroy": true
        },
        {
          "index_key": "15",
          "schema_version": 0,
          "attributes": {
            "http_method": "POST",
            "id": "agmr-j0dh1wfnjf-n89qqj-POST-200",
            "region": "us-east-1",
            "resource_id": "n89qqj",
            "response_models": {
              "application/json": "Empty"
            },
            "response_parameters": null,
            "rest_api_id": "j0dh1wfnjf",
            "status_code": "200"
          },
          "sensitive_attributes": [],
          "identity_schema_version": 0,
          "private": "bnVsbA==",
          "dependencies": [
            "aws_apigatewayv2_api.websocket_api",
            "module.api_gateway.aws_api_gateway_authorizer.cognito_authorizer",
            "module.api_gateway.aws_api_gateway_method.rest_endpoint_methods",
            "module.api_gateway.aws_api_gateway_resource.base_resources",
            "module.api_gateway.aws_api_gateway_resource.main_resource",
            "module.api_gateway.aws_api_gateway_resource.variable_resources",
            "module.api_gateway.aws_api_gateway_rest_api.rest_api",
            "module.auth_lambda.aws_iam_role.lambda_role",
            "module.auth_lambda.aws_lambda_function.lambda",
            "module.auth_lambda.data.aws_caller_identity.current",
            "module.auth_lambda.data.aws_iam_policy_document.policy_doc",
            "module.auth_lambda.module.repo_ecr_lambda.aws_ecr_repository.this",
            "module.auth_lambda.null_resource.run_script",
            "module.events_queue.aws_sqs_queue.dead_letter_fifo_queue",
            "module.events_queue.aws_sqs_queue.fifo_queue",
            "module.locations_table.aws_dynamodb_table.this",
            "module.notificacoes_lambda.aws_iam_role.lambda_role",
            "module.notificacoes_lambda.aws_lambda_function.lambda",
            "module.notificacoes_lambda.data.aws_caller_identity.current",
            "module.notificacoes_lambda.data.aws_iam_policy_document.policy_doc",
            "module.notificacoes_lambda.module.repo_ecr_lambda.aws_ecr_repository.this",
            "module.notificacoes_lambda.null_resource.run_script",
            "module.notifications_general_topic.aws_sns_topic.this",
            "module.notifications_premium_topic.aws_sns_topic.this",
            "module.notifications_regional_topic.aws_sns_topic.this",
            "module.notifications_table.aws_dynamodb_table.this",
            "module.pedido_ofertas_table.aws_dynamodb_table.this",
            "module.pedidos_lambda.aws_iam_role.lambda_role",
            "module.pedidos_lambda.aws_lambda_function.lambda",
            "module.pedidos_lambda.data.aws_caller_identity.current",
            "module.pedidos_lambda.data.aws_iam_policy_document.policy_doc",
            "module.pedidos_lambda.module.repo_ecr_lambda.aws_ecr_repository.this",
            "module.pedidos_lambda.null_resource.run_script",
            "module.pedidos_table.aws_dynamodb_table.this",
            "module.rastreamento_lambda.aws_iam_role.lambda_role",
            "module.rastreamento_lambda.aws_lambda_function.lambda",
            "module.rastreamento_lambda.data.aws_caller_identity.current",
            "module.rastreamento_lambda.data.aws_iam_policy_document.policy_doc",
            "module.rastreamento_lambda.module.repo_ecr_lambda.aws_ecr_repository.this",
            "module.rastreamento_lambda.null_resource.run_script",
            "module.smart_routing_lambda.aws_iam_role.lambda_role",
            "module.smart_routing_lambda.aws_lambda_function.lambda",
            "module.smart_routing_lambda.data.aws_caller_identity.current",
            "module.smart_routing_lambda.data.aws_iam_policy_document.policy_doc",
            "module.smart_routing_lambda.module.repo_ecr_lambda.aws_ecr_repository.this",
            "module.smart_routing_lambda.null_resource.run_script",
            "module.users_table.aws_dynamodb_table.this",
            "module.usuarios_lambda.aws_iam_role.lambda_role",
            "module.usuarios_lambda.aws_lambda_function.lambda",
            "module.usuarios_lambda.data.aws_caller_identity.current",
            "module.usuarios_lambda.data.aws_iam_policy_document.policy_doc",
            "module.usuarios_lambda.module.repo_ecr_lambda.aws_ecr_repository.this",
            "module.usuarios_lambda.null_resource.run_script",
            "module.websocket_connections_table.aws_dynamodb_table.this",
            "module.websocket_lambda.aws_iam_role.lambda_role",
            "module.websocket_lambda.aws_lambda_function.lambda",
            "module.websocket_lambda.data.aws_caller_identity.current",
            "module.websocket_lambda.data.aws_iam_policy_document.policy_doc",
            "module.websocket_lambda.module.repo_ecr_lambda.aws_ecr_repository.this",
            "module.websocket_lambda.null_resource.run_script"
          ],
          "create_before_destroy": true
        },
        {
          "index_key": "16",
          "schema_version": 0,
          "attributes": {
            "http_method": "POST",
            "id": "agmr-j0dh1wfnjf-gb41n9-POST-200",
            "region": "us-east-1",
            "resource_id": "gb41n9",
            "response_models": {
              "application/json": "Empty"
            },
            "response_parameters": null,
            "rest_api_id": "j0dh1wfnjf",
            "status_code": "200"
          },
          "sensitive_attributes": [],
          "identity_schema_version": 0,
          "private": "bnVsbA==",
          "dependencies": [
            "aws_apigatewayv2_api.websocket_api",
            "module.api_gateway.aws_api_gateway_authorizer.cognito_authorizer",
            "module.api_gateway.aws_api_gateway_method.rest_endpoint_methods",
            "module.api_gateway.aws_api_gateway_resource.base_resources",
            "module.api_gateway.aws_api_gateway_resource.main_resource",
            "module.api_gateway.aws_api_gateway_resource.variable_resources",
            "module.api_gateway.aws_api_gateway_rest_api.rest_api",
            "module.auth_lambda.aws_iam_role.lambda_role",
            "module.auth_lambda.aws_lambda_function.lambda",
            "module.auth_lambda.data.aws_caller_identity.current",
            "module.auth_lambda.data.aws_iam_policy_document.policy_doc",
            "module.auth_lambda.module.repo_ecr_lambda.aws_ecr_repository.this",
            "module.auth_lambda.null_resource.run_script",
            "module.events_queue.aws_sqs_queue.dead_letter_fifo_queue",
            "module.events_queue.aws_sqs_queue.fifo_queue",
            "module.locations_table.aws_dynamodb_table.this",
            "module.notificacoes_lambda.aws_iam_role.lambda_role",
            "module.notificacoes_lambda.aws_lambda_function.lambda",
            "module.notificacoes_lambda.data.aws_caller_identity.current",
            "module.notificacoes_lambda.data.aws_iam_policy_document.policy_doc",
            "module.notificacoes_lambda.module.repo_ecr_lambda.aws_ecr_repository.this",
            "module.notificacoes_lambda.null_resource.run_script",
            "module.notifications_general_topic.aws_sns_topic.this",
            "module.notifications_premium_topic.aws_sns_topic.this",
            "module.notifications_regional_topic.aws_sns_topic.this",
            "module.notifications_table.aws_dynamodb_table.this",
            "module.pedido_ofertas_table.aws_dynamodb_table.this",
            "module.pedidos_lambda.aws_iam_role.lambda_role",
            "module.pedidos_lambda.aws_lambda_function.lambda",
            "module.pedidos_lambda.data.aws_caller_identity.current",
            "module.pedidos_lambda.data.aws_iam_policy_document.policy_doc",
            "module.pedidos_lambda.module.repo_ecr_lambda.aws_ecr_repository.this",
            "module.pedidos_lambda.null_resource.run_script",
            "module.pedidos_table.aws_dynamodb_table.this",
            "module.rastreamento_lambda.aws_iam_role.lambda_role",
            "module.rastreamento_lambda.aws_lambda_function.lambda",
            "module.rastreamento_lambda.data.aws_caller_identity.current",
            "module.rastreamento_lambda.data.aws_iam_policy_document.policy_doc",
            "module.rastreamento_lambda.module.repo_ecr_lambda.aws_ecr_repository.this",
            "module.rastreamento_lambda.null_resource.run_script",
            "module.smart_routing_lambda.aws_iam_role.lambda_role",
            "module.smart_routing_lambda.aws_lambda_function.lambda",
            "module.smart_routing_lambda.data.aws_caller_identity.current",
            "module.smart_routing_lambda.data.aws_iam_policy_document.policy_doc",
            "module.smart_routing_lambda.module.repo_ecr_lambda.aws_ecr_repository.this",
            "module.smart_routing_lambda.null_resource.run_script",
            "module.users_table.aws_dynamodb_table.this",
            "module.usuarios_lambda.aws_iam_role.lambda_role",
            "module.usuarios_lambda.aws_lambda_function.lambda",
            "module.usuarios_lambda.data.aws_caller_identity.current",
            "module.usuarios_lambda.data.aws_iam_policy_document.policy_doc",
            "module.usuarios_lambda.module.repo_ecr_lambda.aws_ecr_repository.this",
            "module.usuarios_lambda.null_resource.run_script",
            "module.websocket_connections_table.aws_dynamodb_table.this",
            "module.websocket_lambda.aws_iam_role.lambda_role",
            "module.websocket_lambda.aws_lambda_function.lambda",
            "module.websocket_lambda.data.aws_caller_identity.current",
            "module.websocket_lambda.data.aws_iam_policy_document.policy_doc",
            "module.websocket_lambda.module.repo_ecr_lambda.aws_ecr_repository.this",
            "module.websocket_lambda.null_resource.run_script"
          ],
          "create_before_destroy": true
        },
        {
          "index_key": "17",
          "schema_version": 0,
          "attributes": {
            "http_method": "POST",
            "id": "agmr-j0dh1wfnjf-r0qkqo-POST-200",
            "region": "us-east-1",
            "resource_id": "r0qkqo",
            "response_models": {
              "application/json": "Empty"
            },
            "response_parameters": null,
            "rest_api_id": "j0dh1wfnjf",
            "status_code": "200"
          },
          "sensitive_attributes": [],
          "identity_schema_version": 0,
          "private": "bnVsbA==",
          "dependencies": [
            "aws_apigatewayv2_api.websocket_api",
            "module.api_gateway.aws_api_gateway_authorizer.cognito_authorizer",
            "module.api_gateway.aws_api_gateway_method.rest_endpoint_methods",
            "module.api_gateway.aws_api_gateway_resource.base_resources",
            "module.api_gateway.aws_api_gateway_resource.main_resource",
            "module.api_gateway.aws_api_gateway_resource.variable_resources",
            "module.api_gateway.aws_api_gateway_rest_api.rest_api",
            "module.auth_lambda.aws_iam_role.lambda_role",
            "module.auth_lambda.aws_lambda_function.lambda",
            "module.auth_lambda.data.aws_caller_identity.current",
            "module.auth_lambda.data.aws_iam_policy_document.policy_doc",
            "module.auth_lambda.module.repo_ecr_lambda.aws_ecr_repository.this",
            "module.auth_lambda.null_resource.run_script",
            "module.events_queue.aws_sqs_queue.dead_letter_fifo_queue",
            "module.events_queue.aws_sqs_queue.fifo_queue",
            "module.locations_table.aws_dynamodb_table.this",
            "module.notificacoes_lambda.aws_iam_role.lambda_role",
            "module.notificacoes_lambda.aws_lambda_function.lambda",
            "module.notificacoes_lambda.data.aws_caller_identity.current",
            "module.notificacoes_lambda.data.aws_iam_policy_document.policy_doc",
            "module.notificacoes_lambda.module.repo_ecr_lambda.aws_ecr_repository.this",
            "module.notificacoes_lambda.null_resource.run_script",
            "module.notifications_general_topic.aws_sns_topic.this",
            "module.notifications_premium_topic.aws_sns_topic.this",
            "module.notifications_regional_topic.aws_sns_topic.this",
            "module.notifications_table.aws_dynamodb_table.this",
            "module.pedido_ofertas_table.aws_dynamodb_table.this",
            "module.pedidos_lambda.aws_iam_role.lambda_role",
            "module.pedidos_lambda.aws_lambda_function.lambda",
            "module.pedidos_lambda.data.aws_caller_identity.current",
            "module.pedidos_lambda.data.aws_iam_policy_document.policy_doc",
            "module.pedidos_lambda.module.repo_ecr_lambda.aws_ecr_repository.this",
            "module.pedidos_lambda.null_resource.run_script",
            "module.pedidos_table.aws_dynamodb_table.this",
            "module.rastreamento_lambda.aws_iam_role.lambda_role",
            "module.rastreamento_lambda.aws_lambda_function.lambda",
            "module.rastreamento_lambda.data.aws_caller_identity.current",
            "module.rastreamento_lambda.data.aws_iam_policy_document.policy_doc",
            "module.rastreamento_lambda.module.repo_ecr_lambda.aws_ecr_repository.this",
            "module.rastreamento_lambda.null_resource.run_script",
            "module.smart_routing_lambda.aws_iam_role.lambda_role",
            "module.smart_routing_lambda.aws_lambda_function.lambda",
            "module.smart_routing_lambda.data.aws_caller_identity.current",
            "module.smart_routing_lambda.data.aws_iam_policy_document.policy_doc",
            "module.smart_routing_lambda.module.repo_ecr_lambda.aws_ecr_repository.this",
            "module.smart_routing_lambda.null_resource.run_script",
            "module.users_table.aws_dynamodb_table.this",
            "module.usuarios_lambda.aws_iam_role.lambda_role",
            "module.usuarios_lambda.aws_lambda_function.lambda",
            "module.usuarios_lambda.data.aws_caller_identity.current",
            "module.usuarios_lambda.data.aws_iam_policy_document.policy_doc",
            "module.usuarios_lambda.module.repo_ecr_lambda.aws_ecr_repository.this",
            "module.usuarios_lambda.null_resource.run_script",
            "module.websocket_connections_table.aws_dynamodb_table.this",
            "module.websocket_lambda.aws_iam_role.lambda_role",
            "module.websocket_lambda.aws_lambda_function.lambda",
            "module.websocket_lambda.data.aws_caller_identity.current",
            "module.websocket_lambda.data.aws_iam_policy_document.policy_doc",
            "module.websocket_lambda.module.repo_ecr_lambda.aws_ecr_repository.this",
            "module.websocket_lambda.null_resource.run_script"
          ],
          "create_before_destroy": true
        },
        {
          "index_key": "18",
          "schema_version": 0,
          "attributes": {
            "http_method": "GET",
            "id": "agmr-j0dh1wfnjf-vada4z-GET-200",
            "region": "us-east-1",
            "resource_id": "vada4z",
            "response_models": {
              "application/json": "Empty"
            },
            "response_parameters": null,
            "rest_api_id": "j0dh1wfnjf",
            "status_code": "200"
          },
          "sensitive_attributes": [],
          "identity_schema_version": 0,
          "private": "bnVsbA==",
          "dependencies": [
            "aws_apigatewayv2_api.websocket_api",
            "module.api_gateway.aws_api_gateway_authorizer.cognito_authorizer",
            "module.api_gateway.aws_api_gateway_method.rest_endpoint_methods",
            "module.api_gateway.aws_api_gateway_resource.base_resources",
            "module.api_gateway.aws_api_gateway_resource.main_resource",
            "module.api_gateway.aws_api_gateway_resource.variable_resources",
            "module.api_gateway.aws_api_gateway_rest_api.rest_api",
            "module.auth_lambda.aws_iam_role.lambda_role",
            "module.auth_lambda.aws_lambda_function.lambda",
            "module.auth_lambda.data.aws_caller_identity.current",
            "module.auth_lambda.data.aws_iam_policy_document.policy_doc",
            "module.auth_lambda.module.repo_ecr_lambda.aws_ecr_repository.this",
            "module.auth_lambda.null_resource.run_script",
            "module.events_queue.aws_sqs_queue.dead_letter_fifo_queue",
            "module.events_queue.aws_sqs_queue.fifo_queue",
            "module.locations_table.aws_dynamodb_table.this",
            "module.notificacoes_lambda.aws_iam_role.lambda_role",
            "module.notificacoes_lambda.aws_lambda_function.lambda",
            "module.notificacoes_lambda.data.aws_caller_identity.current",
            "module.notificacoes_lambda.data.aws_iam_policy_document.policy_doc",
            "module.notificacoes_lambda.module.repo_ecr_lambda.aws_ecr_repository.this",
            "module.notificacoes_lambda.null_resource.run_script",
            "module.notifications_general_topic.aws_sns_topic.this",
            "module.notifications_premium_topic.aws_sns_topic.this",
            "module.notifications_regional_topic.aws_sns_topic.this",
            "module.notifications_table.aws_dynamodb_table.this",
            "module.pedido_ofertas_table.aws_dynamodb_table.this",
            "module.pedidos_lambda.aws_iam_role.lambda_role",
            "module.pedidos_lambda.aws_lambda_function.lambda",
            "module.pedidos_lambda.data.aws_caller_identity.current",
            "module.pedidos_lambda.data.aws_iam_policy_document.policy_doc",
            "module.pedidos_lambda.module.repo_ecr_lambda.aws_ecr_repository.this",
            "module.pedidos_lambda.null_resource.run_script",
            "module.pedidos_table.aws_dynamodb_table.this",
            "module.rastreamento_lambda.aws_iam_role.lambda_role",
            "module.rastreamento_lambda.aws_lambda_function.lambda",
            "module.rastreamento_lambda.data.aws_caller_identity.current",
            "module.rastreamento_lambda.data.aws_iam_policy_document.policy_doc",
            "module.rastreamento_lambda.module.repo_ecr_lambda.aws_ecr_repository.this",
            "module.rastreamento_lambda.null_resource.run_script",
            "module.smart_routing_lambda.aws_iam_role.lambda_role",
            "module.smart_routing_lambda.aws_lambda_function.lambda",
            "module.smart_routing_lambda.data.aws_caller_identity.current",
            "module.smart_routing_lambda.data.aws_iam_policy_document.policy_doc",
            "module.smart_routing_lambda.module.repo_ecr_lambda.aws_ecr_repository.this",
            "module.smart_routing_lambda.null_resource.run_script",
            "module.users_table.aws_dynamodb_table.this",
            "module.usuarios_lambda.aws_iam_role.lambda_role",
            "module.usuarios_lambda.aws_lambda_function.lambda",
            "module.usuarios_lambda.data.aws_caller_identity.current",
            "module.usuarios_lambda.data.aws_iam_policy_document.policy_doc",
            "module.usuarios_lambda.module.repo_ecr_lambda.aws_ecr_repository.this",
            "module.usuarios_lambda.null_resource.run_script",
            "module.websocket_connections_table.aws_dynamodb_table.this",
            "module.websocket_lambda.aws_iam_role.lambda_role",
            "module.websocket_lambda.aws_lambda_function.lambda",
            "module.websocket_lambda.data.aws_caller_identity.current",
            "module.websocket_lambda.data.aws_iam_policy_document.policy_doc",
            "module.websocket_lambda.module.repo_ecr_lambda.aws_ecr_repository.this",
            "module.websocket_lambda.null_resource.run_script"
          ],
          "create_before_destroy": true
        },
        {
          "index_key": "19",
          "schema_version": 0,
          "attributes": {
            "http_method": "POST",
            "id": "agmr-j0dh1wfnjf-9ymczn-POST-200",
            "region": "us-east-1",
            "resource_id": "9ymczn",
            "response_models": {
              "application/json": "Empty"
            },
            "response_parameters": null,
            "rest_api_id": "j0dh1wfnjf",
            "status_code": "200"
          },
          "sensitive_attributes": [],
          "identity_schema_version": 0,
          "private": "bnVsbA==",
          "dependencies": [
            "aws_apigatewayv2_api.websocket_api",
            "module.api_gateway.aws_api_gateway_authorizer.cognito_authorizer",
            "module.api_gateway.aws_api_gateway_method.rest_endpoint_methods",
            "module.api_gateway.aws_api_gateway_resource.base_resources",
            "module.api_gateway.aws_api_gateway_resource.main_resource",
            "module.api_gateway.aws_api_gateway_resource.variable_resources",
            "module.api_gateway.aws_api_gateway_rest_api.rest_api",
            "module.auth_lambda.aws_iam_role.lambda_role",
            "module.auth_lambda.aws_lambda_function.lambda",
            "module.auth_lambda.data.aws_caller_identity.current",
            "module.auth_lambda.data.aws_iam_policy_document.policy_doc",
            "module.auth_lambda.module.repo_ecr_lambda.aws_ecr_repository.this",
            "module.auth_lambda.null_resource.run_script",
            "module.events_queue.aws_sqs_queue.dead_letter_fifo_queue",
            "module.events_queue.aws_sqs_queue.fifo_queue",
            "module.locations_table.aws_dynamodb_table.this",
            "module.notificacoes_lambda.aws_iam_role.lambda_role",
            "module.notificacoes_lambda.aws_lambda_function.lambda",
            "module.notificacoes_lambda.data.aws_caller_identity.current",
            "module.notificacoes_lambda.data.aws_iam_policy_document.policy_doc",
            "module.notificacoes_lambda.module.repo_ecr_lambda.aws_ecr_repository.this",
            "module.notificacoes_lambda.null_resource.run_script",
            "module.notifications_general_topic.aws_sns_topic.this",
            "module.notifications_premium_topic.aws_sns_topic.this",
            "module.notifications_regional_topic.aws_sns_topic.this",
            "module.notifications_table.aws_dynamodb_table.this",
            "module.pedido_ofertas_table.aws_dynamodb_table.this",
            "module.pedidos_lambda.aws_iam_role.lambda_role",
            "module.pedidos_lambda.aws_lambda_function.lambda",
            "module.pedidos_lambda.data.aws_caller_identity.current",
            "module.pedidos_lambda.data.aws_iam_policy_document.policy_doc",
            "module.pedidos_lambda.module.repo_ecr_lambda.aws_ecr_repository.this",
            "module.pedidos_lambda.null_resource.run_script",
            "module.pedidos_table.aws_dynamodb_table.this",
            "module.rastreamento_lambda.aws_iam_role.lambda_role",
            "module.rastreamento_lambda.aws_lambda_function.lambda",
            "module.rastreamento_lambda.data.aws_caller_identity.current",
            "module.rastreamento_lambda.data.aws_iam_policy_document.policy_doc",
            "module.rastreamento_lambda.module.repo_ecr_lambda.aws_ecr_repository.this",
            "module.rastreamento_lambda.null_resource.run_script",
            "module.smart_routing_lambda.aws_iam_role.lambda_role",
            "module.smart_routing_lambda.aws_lambda_function.lambda",
            "module.smart_routing_lambda.data.aws_caller_identity.current",
            "module.smart_routing_lambda.data.aws_iam_policy_document.policy_doc",
            "module.smart_routing_lambda.module.repo_ecr_lambda.aws_ecr_repository.this",
            "module.smart_routing_lambda.null_resource.run_script",
            "module.users_table.aws_dynamodb_table.this",
            "module.usuarios_lambda.aws_iam_role.lambda_role",
            "module.usuarios_lambda.aws_lambda_function.lambda",
            "module.usuarios_lambda.data.aws_caller_identity.current",
            "module.usuarios_lambda.data.aws_iam_policy_document.policy_doc",
            "module.usuarios_lambda.module.repo_ecr_lambda.aws_ecr_repository.this",
            "module.usuarios_lambda.null_resource.run_script",
            "module.websocket_connections_table.aws_dynamodb_table.this",
            "module.websocket_lambda.aws_iam_role.lambda_role",
            "module.websocket_lambda.aws_lambda_function.lambda",
            "module.websocket_lambda.data.aws_caller_identity.current",
            "module.websocket_lambda.data.aws_iam_policy_document.policy_doc",
            "module.websocket_lambda.module.repo_ecr_lambda.aws_ecr_repository.this",
            "module.websocket_lambda.null_resource.run_script"
          ],
          "create_before_destroy": true
        },
        {
          "index_key": "2",
          "schema_version": 0,
          "attributes": {
            "http_method": "POST",
            "id": "agmr-j0dh1wfnjf-kyjg5k-POST-201",
            "region": "us-east-1",
            "resource_id": "kyjg5k",
            "response_models": {
              "application/json": "Empty"
            },
            "response_parameters": null,
            "rest_api_id": "j0dh1wfnjf",
            "status_code": "201"
          },
          "sensitive_attributes": [],
          "identity_schema_version": 0,
          "private": "bnVsbA==",
          "dependencies": [
            "aws_apigatewayv2_api.websocket_api",
            "module.api_gateway.aws_api_gateway_authorizer.cognito_authorizer",
            "module.api_gateway.aws_api_gateway_method.rest_endpoint_methods",
            "module.api_gateway.aws_api_gateway_resource.base_resources",
            "module.api_gateway.aws_api_gateway_resource.main_resource",
            "module.api_gateway.aws_api_gateway_resource.variable_resources",
            "module.api_gateway.aws_api_gateway_rest_api.rest_api",
            "module.auth_lambda.aws_iam_role.lambda_role",
            "module.auth_lambda.aws_lambda_function.lambda",
            "module.auth_lambda.data.aws_caller_identity.current",
            "module.auth_lambda.data.aws_iam_policy_document.policy_doc",
            "module.auth_lambda.module.repo_ecr_lambda.aws_ecr_repository.this",
            "module.auth_lambda.null_resource.run_script",
            "module.events_queue.aws_sqs_queue.dead_letter_fifo_queue",
            "module.events_queue.aws_sqs_queue.fifo_queue",
            "module.locations_table.aws_dynamodb_table.this",
            "module.notificacoes_lambda.aws_iam_role.lambda_role",
            "module.notificacoes_lambda.aws_lambda_function.lambda",
            "module.notificacoes_lambda.data.aws_caller_identity.current",
            "module.notificacoes_lambda.data.aws_iam_policy_document.policy_doc",
            "module.notificacoes_lambda.module.repo_ecr_lambda.aws_ecr_repository.this",
            "module.notificacoes_lambda.null_resource.run_script",
            "module.notifications_general_topic.aws_sns_topic.this",
            "module.notifications_premium_topic.aws_sns_topic.this",
            "module.notifications_regional_topic.aws_sns_topic.this",
            "module.notifications_table.aws_dynamodb_table.this",
            "module.pedido_ofertas_table.aws_dynamodb_table.this",
            "module.pedidos_lambda.aws_iam_role.lambda_role",
            "module.pedidos_lambda.aws_lambda_function.lambda",
            "module.pedidos_lambda.data.aws_caller_identity.current",
            "module.pedidos_lambda.data.aws_iam_policy_document.policy_doc",
            "module.pedidos_lambda.module.repo_ecr_lambda.aws_ecr_repository.this",
            "module.pedidos_lambda.null_resource.run_script",
            "module.pedidos_table.aws_dynamodb_table.this",
            "module.rastreamento_lambda.aws_iam_role.lambda_role",
            "module.rastreamento_lambda.aws_lambda_function.lambda",
            "module.rastreamento_lambda.data.aws_caller_identity.current",
            "module.rastreamento_lambda.data.aws_iam_policy_document.policy_doc",
            "module.rastreamento_lambda.module.repo_ecr_lambda.aws_ecr_repository.this",
            "module.rastreamento_lambda.null_resource.run_script",
            "module.smart_routing_lambda.aws_iam_role.lambda_role",
            "module.smart_routing_lambda.aws_lambda_function.lambda",
            "module.smart_routing_lambda.data.aws_caller_identity.current",
            "module.smart_routing_lambda.data.aws_iam_policy_document.policy_doc",
            "module.smart_routing_lambda.module.repo_ecr_lambda.aws_ecr_repository.this",
            "module.smart_routing_lambda.null_resource.run_script",
            "module.users_table.aws_dynamodb_table.this",
            "module.usuarios_lambda.aws_iam_role.lambda_role",
            "module.usuarios_lambda.aws_lambda_function.lambda",
            "module.usuarios_lambda.data.aws_caller_identity.current",
            "module.usuarios_lambda.data.aws_iam_policy_document.policy_doc",
            "module.usuarios_lambda.module.repo_ecr_lambda.aws_ecr_repository.this",
            "module.usuarios_lambda.null_resource.run_script",
            "module.websocket_connections_table.aws_dynamodb_table.this",
            "module.websocket_lambda.aws_iam_role.lambda_role",
            "module.websocket_lambda.aws_lambda_function.lambda",
            "module.websocket_lambda.data.aws_caller_identity.current",
            "module.websocket_lambda.data.aws_iam_policy_document.policy_doc",
            "module.websocket_lambda.module.repo_ecr_lambda.aws_ecr_repository.this",
            "module.websocket_lambda.null_resource.run_script"
          ],
          "create_before_destroy": true
        },
        {
          "index_key": "20",
          "schema_version": 0,
          "attributes": {
            "http_method": "POST",
            "id": "agmr-j0dh1wfnjf-7yjafu-POST-200",
            "region": "us-east-1",
            "resource_id": "7yjafu",
            "response_models": {
              "application/json": "Empty"
            },
            "response_parameters": null,
            "rest_api_id": "j0dh1wfnjf",
            "status_code": "200"
          },
          "sensitive_attributes": [],
          "identity_schema_version": 0,
          "private": "bnVsbA==",
          "dependencies": [
            "aws_apigatewayv2_api.websocket_api",
            "module.api_gateway.aws_api_gateway_authorizer.cognito_authorizer",
            "module.api_gateway.aws_api_gateway_method.rest_endpoint_methods",
            "module.api_gateway.aws_api_gateway_resource.base_resources",
            "module.api_gateway.aws_api_gateway_resource.main_resource",
            "module.api_gateway.aws_api_gateway_resource.variable_resources",
            "module.api_gateway.aws_api_gateway_rest_api.rest_api",
            "module.auth_lambda.aws_iam_role.lambda_role",
            "module.auth_lambda.aws_lambda_function.lambda",
            "module.auth_lambda.data.aws_caller_identity.current",
            "module.auth_lambda.data.aws_iam_policy_document.policy_doc",
            "module.auth_lambda.module.repo_ecr_lambda.aws_ecr_repository.this",
            "module.auth_lambda.null_resource.run_script",
            "module.events_queue.aws_sqs_queue.dead_letter_fifo_queue",
            "module.events_queue.aws_sqs_queue.fifo_queue",
            "module.locations_table.aws_dynamodb_table.this",
            "module.notificacoes_lambda.aws_iam_role.lambda_role",
            "module.notificacoes_lambda.aws_lambda_function.lambda",
            "module.notificacoes_lambda.data.aws_caller_identity.current",
            "module.notificacoes_lambda.data.aws_iam_policy_document.policy_doc",
            "module.notificacoes_lambda.module.repo_ecr_lambda.aws_ecr_repository.this",
            "module.notificacoes_lambda.null_resource.run_script",
            "module.notifications_general_topic.aws_sns_topic.this",
            "module.notifications_premium_topic.aws_sns_topic.this",
            "module.notifications_regional_topic.aws_sns_topic.this",
            "module.notifications_table.aws_dynamodb_table.this",
            "module.pedido_ofertas_table.aws_dynamodb_table.this",
            "module.pedidos_lambda.aws_iam_role.lambda_role",
            "module.pedidos_lambda.aws_lambda_function.lambda",
            "module.pedidos_lambda.data.aws_caller_identity.current",
            "module.pedidos_lambda.data.aws_iam_policy_document.policy_doc",
            "module.pedidos_lambda.module.repo_ecr_lambda.aws_ecr_repository.this",
            "module.pedidos_lambda.null_resource.run_script",
            "module.pedidos_table.aws_dynamodb_table.this",
            "module.rastreamento_lambda.aws_iam_role.lambda_role",
            "module.rastreamento_lambda.aws_lambda_function.lambda",
            "module.rastreamento_lambda.data.aws_caller_identity.current",
            "module.rastreamento_lambda.data.aws_iam_policy_document.policy_doc",
            "module.rastreamento_lambda.module.repo_ecr_lambda.aws_ecr_repository.this",
            "module.rastreamento_lambda.null_resource.run_script",
            "module.smart_routing_lambda.aws_iam_role.lambda_role",
            "module.smart_routing_lambda.aws_lambda_function.lambda",
            "module.smart_routing_lambda.data.aws_caller_identity.current",
            "module.smart_routing_lambda.data.aws_iam_policy_document.policy_doc",
            "module.smart_routing_lambda.module.repo_ecr_lambda.aws_ecr_repository.this",
            "module.smart_routing_lambda.null_resource.run_script",
            "module.users_table.aws_dynamodb_table.this",
            "module.usuarios_lambda.aws_iam_role.lambda_role",
            "module.usuarios_lambda.aws_lambda_function.lambda",
            "module.usuarios_lambda.data.aws_caller_identity.current",
            "module.usuarios_lambda.data.aws_iam_policy_document.policy_doc",
            "module.usuarios_lambda.module.repo_ecr_lambda.aws_ecr_repository.this",
            "module.usuarios_lambda.null_resource.run_script",
            "module.websocket_connections_table.aws_dynamodb_table.this",
            "module.websocket_lambda.aws_iam_role.lambda_role",
            "module.websocket_lambda.aws_lambda_function.lambda",
            "module.websocket_lambda.data.aws_caller_identity.current",
            "module.websocket_lambda.data.aws_iam_policy_document.policy_doc",
            "module.websocket_lambda.module.repo_ecr_lambda.aws_ecr_repository.this",
            "module.websocket_lambda.null_resource.run_script"
          ],
          "create_before_destroy": true
        },
        {
          "index_key": "21",
          "schema_version": 0,
          "attributes": {
            "http_method": "POST",
            "id": "agmr-j0dh1wfnjf-dqd07z-POST-200",
            "region": "us-east-1",
            "resource_id": "dqd07z",
            "response_models": {
              "application/json": "Empty"
            },
            "response_parameters": null,
            "rest_api_id": "j0dh1wfnjf",
            "status_code": "200"
          },
          "sensitive_attributes": [],
          "identity_schema_version": 0,
          "private": "bnVsbA==",
          "dependencies": [
            "aws_apigatewayv2_api.websocket_api",
            "module.api_gateway.aws_api_gateway_authorizer.cognito_authorizer",
            "module.api_gateway.aws_api_gateway_method.rest_endpoint_methods",
            "module.api_gateway.aws_api_gateway_resource.base_resources",
            "module.api_gateway.aws_api_gateway_resource.main_resource",
            "module.api_gateway.aws_api_gateway_resource.variable_resources",
            "module.api_gateway.aws_api_gateway_rest_api.rest_api",
            "module.auth_lambda.aws_iam_role.lambda_role",
            "module.auth_lambda.aws_lambda_function.lambda",
            "module.auth_lambda.data.aws_caller_identity.current",
            "module.auth_lambda.data.aws_iam_policy_document.policy_doc",
            "module.auth_lambda.module.repo_ecr_lambda.aws_ecr_repository.this",
            "module.auth_lambda.null_resource.run_script",
            "module.events_queue.aws_sqs_queue.dead_letter_fifo_queue",
            "module.events_queue.aws_sqs_queue.fifo_queue",
            "module.locations_table.aws_dynamodb_table.this",
            "module.notificacoes_lambda.aws_iam_role.lambda_role",
            "module.notificacoes_lambda.aws_lambda_function.lambda",
            "module.notificacoes_lambda.data.aws_caller_identity.current",
            "module.notificacoes_lambda.data.aws_iam_policy_document.policy_doc",
            "module.notificacoes_lambda.module.repo_ecr_lambda.aws_ecr_repository.this",
            "module.notificacoes_lambda.null_resource.run_script",
            "module.notifications_general_topic.aws_sns_topic.this",
            "module.notifications_premium_topic.aws_sns_topic.this",
            "module.notifications_regional_topic.aws_sns_topic.this",
            "module.notifications_table.aws_dynamodb_table.this",
            "module.pedido_ofertas_table.aws_dynamodb_table.this",
            "module.pedidos_lambda.aws_iam_role.lambda_role",
            "module.pedidos_lambda.aws_lambda_function.lambda",
            "module.pedidos_lambda.data.aws_caller_identity.current",
            "module.pedidos_lambda.data.aws_iam_policy_document.policy_doc",
            "module.pedidos_lambda.module.repo_ecr_lambda.aws_ecr_repository.this",
            "module.pedidos_lambda.null_resource.run_script",
            "module.pedidos_table.aws_dynamodb_table.this",
            "module.rastreamento_lambda.aws_iam_role.lambda_role",
            "module.rastreamento_lambda.aws_lambda_function.lambda",
            "module.rastreamento_lambda.data.aws_caller_identity.current",
            "module.rastreamento_lambda.data.aws_iam_policy_document.policy_doc",
            "module.rastreamento_lambda.module.repo_ecr_lambda.aws_ecr_repository.this",
            "module.rastreamento_lambda.null_resource.run_script",
            "module.smart_routing_lambda.aws_iam_role.lambda_role",
            "module.smart_routing_lambda.aws_lambda_function.lambda",
            "module.smart_routing_lambda.data.aws_caller_identity.current",
            "module.smart_routing_lambda.data.aws_iam_policy_document.policy_doc",
            "module.smart_routing_lambda.module.repo_ecr_lambda.aws_ecr_repository.this",
            "module.smart_routing_lambda.null_resource.run_script",
            "module.users_table.aws_dynamodb_table.this",
            "module.usuarios_lambda.aws_iam_role.lambda_role",
            "module.usuarios_lambda.aws_lambda_function.lambda",
            "module.usuarios_lambda.data.aws_caller_identity.current",
            "module.usuarios_lambda.data.aws_iam_policy_document.policy_doc",
            "module.usuarios_lambda.module.repo_ecr_lambda.aws_ecr_repository.this",
            "module.usuarios_lambda.null_resource.run_script",
            "module.websocket_connections_table.aws_dynamodb_table.this",
            "module.websocket_lambda.aws_iam_role.lambda_role",
            "module.websocket_lambda.aws_lambda_function.lambda",
            "module.websocket_lambda.data.aws_caller_identity.current",
            "module.websocket_lambda.data.aws_iam_policy_document.policy_doc",
            "module.websocket_lambda.module.repo_ecr_lambda.aws_ecr_repository.this",
            "module.websocket_lambda.null_resource.run_script"
          ],
          "create_before_destroy": true
        },
        {
          "index_key": "22",
          "schema_version": 0,
          "attributes": {
            "http_method": "POST",
            "id": "agmr-j0dh1wfnjf-7pue4j-POST-200",
            "region": "us-east-1",
            "resource_id": "7pue4j",
            "response_models": {
              "application/json": "Empty"
            },
            "response_parameters": null,
            "rest_api_id": "j0dh1wfnjf",
            "status_code": "200"
          },
          "sensitive_attributes": [],
          "identity_schema_version": 0,
          "private": "bnVsbA==",
          "dependencies": [
            "aws_apigatewayv2_api.websocket_api",
            "module.api_gateway.aws_api_gateway_authorizer.cognito_authorizer",
            "module.api_gateway.aws_api_gateway_method.rest_endpoint_methods",
            "module.api_gateway.aws_api_gateway_resource.base_resources",
            "module.api_gateway.aws_api_gateway_resource.main_resource",
            "module.api_gateway.aws_api_gateway_resource.variable_resources",
            "module.api_gateway.aws_api_gateway_rest_api.rest_api",
            "module.auth_lambda.aws_iam_role.lambda_role",
            "module.auth_lambda.aws_lambda_function.lambda",
            "module.auth_lambda.data.aws_caller_identity.current",
            "module.auth_lambda.data.aws_iam_policy_document.policy_doc",
            "module.auth_lambda.module.repo_ecr_lambda.aws_ecr_repository.this",
            "module.auth_lambda.null_resource.run_script",
            "module.events_queue.aws_sqs_queue.dead_letter_fifo_queue",
            "module.events_queue.aws_sqs_queue.fifo_queue",
            "module.locations_table.aws_dynamodb_table.this",
            "module.notificacoes_lambda.aws_iam_role.lambda_role",
            "module.notificacoes_lambda.aws_lambda_function.lambda",
            "module.notificacoes_lambda.data.aws_caller_identity.current",
            "module.notificacoes_lambda.data.aws_iam_policy_document.policy_doc",
            "module.notificacoes_lambda.module.repo_ecr_lambda.aws_ecr_repository.this",
            "module.notificacoes_lambda.null_resource.run_script",
            "module.notifications_general_topic.aws_sns_topic.this",
            "module.notifications_premium_topic.aws_sns_topic.this",
            "module.notifications_regional_topic.aws_sns_topic.this",
            "module.notifications_table.aws_dynamodb_table.this",
            "module.pedido_ofertas_table.aws_dynamodb_table.this",
            "module.pedidos_lambda.aws_iam_role.lambda_role",
            "module.pedidos_lambda.aws_lambda_function.lambda",
            "module.pedidos_lambda.data.aws_caller_identity.current",
            "module.pedidos_lambda.data.aws_iam_policy_document.policy_doc",
            "module.pedidos_lambda.module.repo_ecr_lambda.aws_ecr_repository.this",
            "module.pedidos_lambda.null_resource.run_script",
            "module.pedidos_table.aws_dynamodb_table.this",
            "module.rastreamento_lambda.aws_iam_role.lambda_role",
            "module.rastreamento_lambda.aws_lambda_function.lambda",
            "module.rastreamento_lambda.data.aws_caller_identity.current",
            "module.rastreamento_lambda.data.aws_iam_policy_document.policy_doc",
            "module.rastreamento_lambda.module.repo_ecr_lambda.aws_ecr_repository.this",
            "module.rastreamento_lambda.null_resource.run_script",
            "module.smart_routing_lambda.aws_iam_role.lambda_role",
            "module.smart_routing_lambda.aws_lambda_function.lambda",
            "module.smart_routing_lambda.data.aws_caller_identity.current",
            "module.smart_routing_lambda.data.aws_iam_policy_document.policy_doc",
            "module.smart_routing_lambda.module.repo_ecr_lambda.aws_ecr_repository.this",
            "module.smart_routing_lambda.null_resource.run_script",
            "module.users_table.aws_dynamodb_table.this",
            "module.usuarios_lambda.aws_iam_role.lambda_role",
            "module.usuarios_lambda.aws_lambda_function.lambda",
            "module.usuarios_lambda.data.aws_caller_identity.current",
            "module.usuarios_lambda.data.aws_iam_policy_document.policy_doc",
            "module.usuarios_lambda.module.repo_ecr_lambda.aws_ecr_repository.this",
            "module.usuarios_lambda.null_resource.run_script",
            "module.websocket_connections_table.aws_dynamodb_table.this",
            "module.websocket_lambda.aws_iam_role.lambda_role",
            "module.websocket_lambda.aws_lambda_function.lambda",
            "module.websocket_lambda.data.aws_caller_identity.current",
            "module.websocket_lambda.data.aws_iam_policy_document.policy_doc",
            "module.websocket_lambda.module.repo_ecr_lambda.aws_ecr_repository.this",
            "module.websocket_lambda.null_resource.run_script"
          ],
          "create_before_destroy": true
        },
        {
          "index_key": "23",
          "schema_version": 0,
          "attributes": {
            "http_method": "GET",
            "id": "agmr-j0dh1wfnjf-s676dc-GET-200",
            "region": "us-east-1",
            "resource_id": "s676dc",
            "response_models": {
              "application/json": "Empty"
            },
            "response_parameters": null,
            "rest_api_id": "j0dh1wfnjf",
            "status_code": "200"
          },
          "sensitive_attributes": [],
          "identity_schema_version": 0,
          "private": "bnVsbA==",
          "dependencies": [
            "aws_apigatewayv2_api.websocket_api",
            "module.api_gateway.aws_api_gateway_authorizer.cognito_authorizer",
            "module.api_gateway.aws_api_gateway_method.rest_endpoint_methods",
            "module.api_gateway.aws_api_gateway_resource.base_resources",
            "module.api_gateway.aws_api_gateway_resource.main_resource",
            "module.api_gateway.aws_api_gateway_resource.variable_resources",
            "module.api_gateway.aws_api_gateway_rest_api.rest_api",
            "module.auth_lambda.aws_iam_role.lambda_role",
            "module.auth_lambda.aws_lambda_function.lambda",
            "module.auth_lambda.data.aws_caller_identity.current",
            "module.auth_lambda.data.aws_iam_policy_document.policy_doc",
            "module.auth_lambda.module.repo_ecr_lambda.aws_ecr_repository.this",
            "module.auth_lambda.null_resource.run_script",
            "module.events_queue.aws_sqs_queue.dead_letter_fifo_queue",
            "module.events_queue.aws_sqs_queue.fifo_queue",
            "module.locations_table.aws_dynamodb_table.this",
            "module.notificacoes_lambda.aws_iam_role.lambda_role",
            "module.notificacoes_lambda.aws_lambda_function.lambda",
            "module.notificacoes_lambda.data.aws_caller_identity.current",
            "module.notificacoes_lambda.data.aws_iam_policy_document.policy_doc",
            "module.notificacoes_lambda.module.repo_ecr_lambda.aws_ecr_repository.this",
            "module.notificacoes_lambda.null_resource.run_script",
            "module.notifications_general_topic.aws_sns_topic.this",
            "module.notifications_premium_topic.aws_sns_topic.this",
            "module.notifications_regional_topic.aws_sns_topic.this",
            "module.notifications_table.aws_dynamodb_table.this",
            "module.pedido_ofertas_table.aws_dynamodb_table.this",
            "module.pedidos_lambda.aws_iam_role.lambda_role",
            "module.pedidos_lambda.aws_lambda_function.lambda",
            "module.pedidos_lambda.data.aws_caller_identity.current",
            "module.pedidos_lambda.data.aws_iam_policy_document.policy_doc",
            "module.pedidos_lambda.module.repo_ecr_lambda.aws_ecr_repository.this",
            "module.pedidos_lambda.null_resource.run_script",
            "module.pedidos_table.aws_dynamodb_table.this",
            "module.rastreamento_lambda.aws_iam_role.lambda_role",
            "module.rastreamento_lambda.aws_lambda_function.lambda",
            "module.rastreamento_lambda.data.aws_caller_identity.current",
            "module.rastreamento_lambda.data.aws_iam_policy_document.policy_doc",
            "module.rastreamento_lambda.module.repo_ecr_lambda.aws_ecr_repository.this",
            "module.rastreamento_lambda.null_resource.run_script",
            "module.smart_routing_lambda.aws_iam_role.lambda_role",
            "module.smart_routing_lambda.aws_lambda_function.lambda",
            "module.smart_routing_lambda.data.aws_caller_identity.current",
            "module.smart_routing_lambda.data.aws_iam_policy_document.policy_doc",
            "module.smart_routing_lambda.module.repo_ecr_lambda.aws_ecr_repository.this",
            "module.smart_routing_lambda.null_resource.run_script",
            "module.users_table.aws_dynamodb_table.this",
            "module.usuarios_lambda.aws_iam_role.lambda_role",
            "module.usuarios_lambda.aws_lambda_function.lambda",
            "module.usuarios_lambda.data.aws_caller_identity.current",
            "module.usuarios_lambda.data.aws_iam_policy_document.policy_doc",
            "module.usuarios_lambda.module.repo_ecr_lambda.aws_ecr_repository.this",
            "module.usuarios_lambda.null_resource.run_script",
            "module.websocket_connections_table.aws_dynamodb_table.this",
            "module.websocket_lambda.aws_iam_role.lambda_role",
            "module.websocket_lambda.aws_lambda_function.lambda",
            "module.websocket_lambda.data.aws_caller_identity.current",
            "module.websocket_lambda.data.aws_iam_policy_document.policy_doc",
            "module.websocket_lambda.module.repo_ecr_lambda.aws_ecr_repository.this",
            "module.websocket_lambda.null_resource.run_script"
          ],
          "create_before_destroy": true
        },
        {
          "index_key": "3",
          "schema_version": 0,
          "attributes": {
            "http_method": "POST",
            "id": "agmr-j0dh1wfnjf-mbpe0n-POST-201",
            "region": "us-east-1",
            "resource_id": "mbpe0n",
            "response_models": {
              "application/json": "Empty"
            },
            "response_parameters": null,
            "rest_api_id": "j0dh1wfnjf",
            "status_code": "201"
          },
          "sensitive_attributes": [],
          "identity_schema_version": 0,
          "private": "bnVsbA==",
          "dependencies": [
            "aws_apigatewayv2_api.websocket_api",
            "module.api_gateway.aws_api_gateway_authorizer.cognito_authorizer",
            "module.api_gateway.aws_api_gateway_method.rest_endpoint_methods",
            "module.api_gateway.aws_api_gateway_resource.base_resources",
            "module.api_gateway.aws_api_gateway_resource.main_resource",
            "module.api_gateway.aws_api_gateway_resource.variable_resources",
            "module.api_gateway.aws_api_gateway_rest_api.rest_api",
            "module.auth_lambda.aws_iam_role.lambda_role",
            "module.auth_lambda.aws_lambda_function.lambda",
            "module.auth_lambda.data.aws_caller_identity.current",
            "module.auth_lambda.data.aws_iam_policy_document.policy_doc",
            "module.auth_lambda.module.repo_ecr_lambda.aws_ecr_repository.this",
            "module.auth_lambda.null_resource.run_script",
            "module.events_queue.aws_sqs_queue.dead_letter_fifo_queue",
            "module.events_queue.aws_sqs_queue.fifo_queue",
            "module.locations_table.aws_dynamodb_table.this",
            "module.notificacoes_lambda.aws_iam_role.lambda_role",
            "module.notificacoes_lambda.aws_lambda_function.lambda",
            "module.notificacoes_lambda.data.aws_caller_identity.current",
            "module.notificacoes_lambda.data.aws_iam_policy_document.policy_doc",
            "module.notificacoes_lambda.module.repo_ecr_lambda.aws_ecr_repository.this",
            "module.notificacoes_lambda.null_resource.run_script",
            "module.notifications_general_topic.aws_sns_topic.this",
            "module.notifications_premium_topic.aws_sns_topic.this",
            "module.notifications_regional_topic.aws_sns_topic.this",
            "module.notifications_table.aws_dynamodb_table.this",
            "module.pedido_ofertas_table.aws_dynamodb_table.this",
            "module.pedidos_lambda.aws_iam_role.lambda_role",
            "module.pedidos_lambda.aws_lambda_function.lambda",
            "module.pedidos_lambda.data.aws_caller_identity.current",
            "module.pedidos_lambda.data.aws_iam_policy_document.policy_doc",
            "module.pedidos_lambda.module.repo_ecr_lambda.aws_ecr_repository.this",
            "module.pedidos_lambda.null_resource.run_script",
            "module.pedidos_table.aws_dynamodb_table.this",
            "module.rastreamento_lambda.aws_iam_role.lambda_role",
            "module.rastreamento_lambda.aws_lambda_function.lambda",
            "module.rastreamento_lambda.data.aws_caller_identity.current",
            "module.rastreamento_lambda.data.aws_iam_policy_document.policy_doc",
            "module.rastreamento_lambda.module.repo_ecr_lambda.aws_ecr_repository.this",
            "module.rastreamento_lambda.null_resource.run_script",
            "module.smart_routing_lambda.aws_iam_role.lambda_role",
            "module.smart_routing_lambda.aws_lambda_function.lambda",
            "module.smart_routing_lambda.data.aws_caller_identity.current",
            "module.smart_routing_lambda.data.aws_iam_policy_document.policy_doc",
            "module.smart_routing_lambda.module.repo_ecr_lambda.aws_ecr_repository.this",
            "module.smart_routing_lambda.null_resource.run_script",
            "module.users_table.aws_dynamodb_table.this",
            "module.usuarios_lambda.aws_iam_role.lambda_role",
            "module.usuarios_lambda.aws_lambda_function.lambda",
            "module.usuarios_lambda.data.aws_caller_identity.current",
            "module.usuarios_lambda.data.aws_iam_policy_document.policy_doc",
            "module.usuarios_lambda.module.repo_ecr_lambda.aws_ecr_repository.this",
            "module.usuarios_lambda.null_resource.run_script",
            "module.websocket_connections_table.aws_dynamodb_table.this",
            "module.websocket_lambda.aws_iam_role.lambda_role",
            "module.websocket_lambda.aws_lambda_function.lambda",
            "module.websocket_lambda.data.aws_caller_identity.current",
            "module.websocket_lambda.data.aws_iam_policy_document.policy_doc",
            "module.websocket_lambda.module.repo_ecr_lambda.aws_ecr_repository.this",
            "module.websocket_lambda.null_resource.run_script"
          ],
          "create_before_destroy": true
        },
        {
          "index_key": "4",
          "schema_version": 0,
          "attributes": {
            "http_method": "GET",
            "id": "agmr-j0dh1wfnjf-76lh6y-GET-200",
            "region": "us-east-1",
            "resource_id": "76lh6y",
            "response_models": {
              "application/json": "Empty"
            },
            "response_parameters": null,
            "rest_api_id": "j0dh1wfnjf",
            "status_code": "200"
          },
          "sensitive_attributes": [],
          "identity_schema_version": 0,
          "private": "bnVsbA==",
          "dependencies": [
            "aws_apigatewayv2_api.websocket_api",
            "module.api_gateway.aws_api_gateway_authorizer.cognito_authorizer",
            "module.api_gateway.aws_api_gateway_method.rest_endpoint_methods",
            "module.api_gateway.aws_api_gateway_resource.base_resources",
            "module.api_gateway.aws_api_gateway_resource.main_resource",
            "module.api_gateway.aws_api_gateway_resource.variable_resources",
            "module.api_gateway.aws_api_gateway_rest_api.rest_api",
            "module.auth_lambda.aws_iam_role.lambda_role",
            "module.auth_lambda.aws_lambda_function.lambda",
            "module.auth_lambda.data.aws_caller_identity.current",
            "module.auth_lambda.data.aws_iam_policy_document.policy_doc",
            "module.auth_lambda.module.repo_ecr_lambda.aws_ecr_repository.this",
            "module.auth_lambda.null_resource.run_script",
            "module.events_queue.aws_sqs_queue.dead_letter_fifo_queue",
            "module.events_queue.aws_sqs_queue.fifo_queue",
            "module.locations_table.aws_dynamodb_table.this",
            "module.notificacoes_lambda.aws_iam_role.lambda_role",
            "module.notificacoes_lambda.aws_lambda_function.lambda",
            "module.notificacoes_lambda.data.aws_caller_identity.current",
            "module.notificacoes_lambda.data.aws_iam_policy_document.policy_doc",
            "module.notificacoes_lambda.module.repo_ecr_lambda.aws_ecr_repository.this",
            "module.notificacoes_lambda.null_resource.run_script",
            "module.notifications_general_topic.aws_sns_topic.this",
            "module.notifications_premium_topic.aws_sns_topic.this",
            "module.notifications_regional_topic.aws_sns_topic.this",
            "module.notifications_table.aws_dynamodb_table.this",
            "module.pedido_ofertas_table.aws_dynamodb_table.this",
            "module.pedidos_lambda.aws_iam_role.lambda_role",
            "module.pedidos_lambda.aws_lambda_function.lambda",
            "module.pedidos_lambda.data.aws_caller_identity.current",
            "module.pedidos_lambda.data.aws_iam_policy_document.policy_doc",
            "module.pedidos_lambda.module.repo_ecr_lambda.aws_ecr_repository.this",
            "module.pedidos_lambda.null_resource.run_script",
            "module.pedidos_table.aws_dynamodb_table.this",
            "module.rastreamento_lambda.aws_iam_role.lambda_role",
            "module.rastreamento_lambda.aws_lambda_function.lambda",
            "module.rastreamento_lambda.data.aws_caller_identity.current",
            "module.rastreamento_lambda.data.aws_iam_policy_document.policy_doc",
            "module.rastreamento_lambda.module.repo_ecr_lambda.aws_ecr_repository.this",
            "module.rastreamento_lambda.null_resource.run_script",
            "module.smart_routing_lambda.aws_iam_role.lambda_role",
            "module.smart_routing_lambda.aws_lambda_function.lambda",
            "module.smart_routing_lambda.data.aws_caller_identity.current",
            "module.smart_routing_lambda.data.aws_iam_policy_document.policy_doc",
            "module.smart_routing_lambda.module.repo_ecr_lambda.aws_ecr_repository.this",
            "module.smart_routing_lambda.null_resource.run_script",
            "module.users_table.aws_dynamodb_table.this",
            "module.usuarios_lambda.aws_iam_role.lambda_role",
            "module.usuarios_lambda.aws_lambda_function.lambda",
            "module.usuarios_lambda.data.aws_caller_identity.current",
            "module.usuarios_lambda.data.aws_iam_policy_document.policy_doc",
            "module.usuarios_lambda.module.repo_ecr_lambda.aws_ecr_repository.this",
            "module.usuarios_lambda.null_resource.run_script",
            "module.websocket_connections_table.aws_dynamodb_table.this",
            "module.websocket_lambda.aws_iam_role.lambda_role",
            "module.websocket_lambda.aws_lambda_function.lambda",
            "module.websocket_lambda.data.aws_caller_identity.current",
            "module.websocket_lambda.data.aws_iam_policy_document.policy_doc",
            "module.websocket_lambda.module.repo_ecr_lambda.aws_ecr_repository.this",
            "module.websocket_lambda.null_resource.run_script"
          ],
          "create_before_destroy": true
        },
        {
          "index_key": "5",
          "schema_version": 0,
          "attributes": {
            "http_method": "GET",
            "id": "agmr-j0dh1wfnjf-yrgy3n-GET-200",
            "region": "us-east-1",
            "resource_id": "yrgy3n",
            "response_models": {
              "application/json": "Empty"
            },
            "response_parameters": null,
            "rest_api_id": "j0dh1wfnjf",
            "status_code": "200"
          },
          "sensitive_attributes": [],
          "identity_schema_version": 0,
          "private": "bnVsbA==",
          "dependencies": [
            "aws_apigatewayv2_api.websocket_api",
            "module.api_gateway.aws_api_gateway_authorizer.cognito_authorizer",
            "module.api_gateway.aws_api_gateway_method.rest_endpoint_methods",
            "module.api_gateway.aws_api_gateway_resource.base_resources",
            "module.api_gateway.aws_api_gateway_resource.main_resource",
            "module.api_gateway.aws_api_gateway_resource.variable_resources",
            "module.api_gateway.aws_api_gateway_rest_api.rest_api",
            "module.auth_lambda.aws_iam_role.lambda_role",
            "module.auth_lambda.aws_lambda_function.lambda",
            "module.auth_lambda.data.aws_caller_identity.current",
            "module.auth_lambda.data.aws_iam_policy_document.policy_doc",
            "module.auth_lambda.module.repo_ecr_lambda.aws_ecr_repository.this",
            "module.auth_lambda.null_resource.run_script",
            "module.events_queue.aws_sqs_queue.dead_letter_fifo_queue",
            "module.events_queue.aws_sqs_queue.fifo_queue",
            "module.locations_table.aws_dynamodb_table.this",
            "module.notificacoes_lambda.aws_iam_role.lambda_role",
            "module.notificacoes_lambda.aws_lambda_function.lambda",
            "module.notificacoes_lambda.data.aws_caller_identity.current",
            "module.notificacoes_lambda.data.aws_iam_policy_document.policy_doc",
            "module.notificacoes_lambda.module.repo_ecr_lambda.aws_ecr_repository.this",
            "module.notificacoes_lambda.null_resource.run_script",
            "module.notifications_general_topic.aws_sns_topic.this",
            "module.notifications_premium_topic.aws_sns_topic.this",
            "module.notifications_regional_topic.aws_sns_topic.this",
            "module.notifications_table.aws_dynamodb_table.this",
            "module.pedido_ofertas_table.aws_dynamodb_table.this",
            "module.pedidos_lambda.aws_iam_role.lambda_role",
            "module.pedidos_lambda.aws_lambda_function.lambda",
            "module.pedidos_lambda.data.aws_caller_identity.current",
            "module.pedidos_lambda.data.aws_iam_policy_document.policy_doc",
            "module.pedidos_lambda.module.repo_ecr_lambda.aws_ecr_repository.this",
            "module.pedidos_lambda.null_resource.run_script",
            "module.pedidos_table.aws_dynamodb_table.this",
            "module.rastreamento_lambda.aws_iam_role.lambda_role",
            "module.rastreamento_lambda.aws_lambda_function.lambda",
            "module.rastreamento_lambda.data.aws_caller_identity.current",
            "module.rastreamento_lambda.data.aws_iam_policy_document.policy_doc",
            "module.rastreamento_lambda.module.repo_ecr_lambda.aws_ecr_repository.this",
            "module.rastreamento_lambda.null_resource.run_script",
            "module.smart_routing_lambda.aws_iam_role.lambda_role",
            "module.smart_routing_lambda.aws_lambda_function.lambda",
            "module.smart_routing_lambda.data.aws_caller_identity.current",
            "module.smart_routing_lambda.data.aws_iam_policy_document.policy_doc",
            "module.smart_routing_lambda.module.repo_ecr_lambda.aws_ecr_repository.this",
            "module.smart_routing_lambda.null_resource.run_script",
            "module.users_table.aws_dynamodb_table.this",
            "module.usuarios_lambda.aws_iam_role.lambda_role",
            "module.usuarios_lambda.aws_lambda_function.lambda",
            "module.usuarios_lambda.data.aws_caller_identity.current",
            "module.usuarios_lambda.data.aws_iam_policy_document.policy_doc",
            "module.usuarios_lambda.module.repo_ecr_lambda.aws_ecr_repository.this",
            "module.usuarios_lambda.null_resource.run_script",
            "module.websocket_connections_table.aws_dynamodb_table.this",
            "module.websocket_lambda.aws_iam_role.lambda_role",
            "module.websocket_lambda.aws_lambda_function.lambda",
            "module.websocket_lambda.data.aws_caller_identity.current",
            "module.websocket_lambda.data.aws_iam_policy_document.policy_doc",
            "module.websocket_lambda.module.repo_ecr_lambda.aws_ecr_repository.this",
            "module.websocket_lambda.null_resource.run_script"
          ],
          "create_before_destroy": true
        },
        {
          "index_key": "6",
          "schema_version": 0,
          "attributes": {
            "http_method": "POST",
            "id": "agmr-j0dh1wfnjf-xkaxok-POST-200",
            "region": "us-east-1",
            "resource_id": "xkaxok",
            "response_models": {
              "application/json": "Empty"
            },
            "response_parameters": null,
            "rest_api_id": "j0dh1wfnjf",
            "status_code": "200"
          },
          "sensitive_attributes": [],
          "identity_schema_version": 0,
          "private": "bnVsbA==",
          "dependencies": [
            "aws_apigatewayv2_api.websocket_api",
            "module.api_gateway.aws_api_gateway_authorizer.cognito_authorizer",
            "module.api_gateway.aws_api_gateway_method.rest_endpoint_methods",
            "module.api_gateway.aws_api_gateway_resource.base_resources",
            "module.api_gateway.aws_api_gateway_resource.main_resource",
            "module.api_gateway.aws_api_gateway_resource.variable_resources",
            "module.api_gateway.aws_api_gateway_rest_api.rest_api",
            "module.auth_lambda.aws_iam_role.lambda_role",
            "module.auth_lambda.aws_lambda_function.lambda",
            "module.auth_lambda.data.aws_caller_identity.current",
            "module.auth_lambda.data.aws_iam_policy_document.policy_doc",
            "module.auth_lambda.module.repo_ecr_lambda.aws_ecr_repository.this",
            "module.auth_lambda.null_resource.run_script",
            "module.events_queue.aws_sqs_queue.dead_letter_fifo_queue",
            "module.events_queue.aws_sqs_queue.fifo_queue",
            "module.locations_table.aws_dynamodb_table.this",
            "module.notificacoes_lambda.aws_iam_role.lambda_role",
            "module.notificacoes_lambda.aws_lambda_function.lambda",
            "module.notificacoes_lambda.data.aws_caller_identity.current",
            "module.notificacoes_lambda.data.aws_iam_policy_document.policy_doc",
            "module.notificacoes_lambda.module.repo_ecr_lambda.aws_ecr_repository.this",
            "module.notificacoes_lambda.null_resource.run_script",
            "module.notifications_general_topic.aws_sns_topic.this",
            "module.notifications_premium_topic.aws_sns_topic.this",
            "module.notifications_regional_topic.aws_sns_topic.this",
            "module.notifications_table.aws_dynamodb_table.this",
            "module.pedido_ofertas_table.aws_dynamodb_table.this",
            "module.pedidos_lambda.aws_iam_role.lambda_role",
            "module.pedidos_lambda.aws_lambda_function.lambda",
            "module.pedidos_lambda.data.aws_caller_identity.current",
            "module.pedidos_lambda.data.aws_iam_policy_document.policy_doc",
            "module.pedidos_lambda.module.repo_ecr_lambda.aws_ecr_repository.this",
            "module.pedidos_lambda.null_resource.run_script",
            "module.pedidos_table.aws_dynamodb_table.this",
            "module.rastreamento_lambda.aws_iam_role.lambda_role",
            "module.rastreamento_lambda.aws_lambda_function.lambda",
            "module.rastreamento_lambda.data.aws_caller_identity.current",
            "module.rastreamento_lambda.data.aws_iam_policy_document.policy_doc",
            "module.rastreamento_lambda.module.repo_ecr_lambda.aws_ecr_repository.this",
            "module.rastreamento_lambda.null_resource.run_script",
            "module.smart_routing_lambda.aws_iam_role.lambda_role",
            "module.smart_routing_lambda.aws_lambda_function.lambda",
            "module.smart_routing_lambda.data.aws_caller_identity.current",
            "module.smart_routing_lambda.data.aws_iam_policy_document.policy_doc",
            "module.smart_routing_lambda.module.repo_ecr_lambda.aws_ecr_repository.this",
            "module.smart_routing_lambda.null_resource.run_script",
            "module.users_table.aws_dynamodb_table.this",
            "module.usuarios_lambda.aws_iam_role.lambda_role",
            "module.usuarios_lambda.aws_lambda_function.lambda",
            "module.usuarios_lambda.data.aws_caller_identity.current",
            "module.usuarios_lambda.data.aws_iam_policy_document.policy_doc",
            "module.usuarios_lambda.module.repo_ecr_lambda.aws_ecr_repository.this",
            "module.usuarios_lambda.null_resource.run_script",
            "module.websocket_connections_table.aws_dynamodb_table.this",
            "module.websocket_lambda.aws_iam_role.lambda_role",
            "module.websocket_lambda.aws_lambda_function.lambda",
            "module.websocket_lambda.data.aws_caller_identity.current",
            "module.websocket_lambda.data.aws_iam_policy_document.policy_doc",
            "module.websocket_lambda.module.repo_ecr_lambda.aws_ecr_repository.this",
            "module.websocket_lambda.null_resource.run_script"
          ],
          "create_before_destroy": true
        },
        {
          "index_key": "7",
          "schema_version": 0,
          "attributes": {
            "http_method": "PATCH",
            "id": "agmr-j0dh1wfnjf-2baw9s-PATCH-204",
            "region": "us-east-1",
            "resource_id": "2baw9s",
            "response_models": {
              "application/json": "Empty"
            },
            "response_parameters": null,
            "rest_api_id": "j0dh1wfnjf",
            "status_code": "204"
          },
          "sensitive_attributes": [],
          "identity_schema_version": 0,
          "private": "bnVsbA==",
          "dependencies": [
            "aws_apigatewayv2_api.websocket_api",
            "module.api_gateway.aws_api_gateway_authorizer.cognito_authorizer",
            "module.api_gateway.aws_api_gateway_method.rest_endpoint_methods",
            "module.api_gateway.aws_api_gateway_resource.base_resources",
            "module.api_gateway.aws_api_gateway_resource.main_resource",
            "module.api_gateway.aws_api_gateway_resource.variable_resources",
            "module.api_gateway.aws_api_gateway_rest_api.rest_api",
            "module.auth_lambda.aws_iam_role.lambda_role",
            "module.auth_lambda.aws_lambda_function.lambda",
            "module.auth_lambda.data.aws_caller_identity.current",
            "module.auth_lambda.data.aws_iam_policy_document.policy_doc",
            "module.auth_lambda.module.repo_ecr_lambda.aws_ecr_repository.this",
            "module.auth_lambda.null_resource.run_script",
            "module.events_queue.aws_sqs_queue.dead_letter_fifo_queue",
            "module.events_queue.aws_sqs_queue.fifo_queue",
            "module.locations_table.aws_dynamodb_table.this",
            "module.notificacoes_lambda.aws_iam_role.lambda_role",
            "module.notificacoes_lambda.aws_lambda_function.lambda",
            "module.notificacoes_lambda.data.aws_caller_identity.current",
            "module.notificacoes_lambda.data.aws_iam_policy_document.policy_doc",
            "module.notificacoes_lambda.module.repo_ecr_lambda.aws_ecr_repository.this",
            "module.notificacoes_lambda.null_resource.run_script",
            "module.notifications_general_topic.aws_sns_topic.this",
            "module.notifications_premium_topic.aws_sns_topic.this",
            "module.notifications_regional_topic.aws_sns_topic.this",
            "module.notifications_table.aws_dynamodb_table.this",
            "module.pedido_ofertas_table.aws_dynamodb_table.this",
            "module.pedidos_lambda.aws_iam_role.lambda_role",
            "module.pedidos_lambda.aws_lambda_function.lambda",
            "module.pedidos_lambda.data.aws_caller_identity.current",
            "module.pedidos_lambda.data.aws_iam_policy_document.policy_doc",
            "module.pedidos_lambda.module.repo_ecr_lambda.aws_ecr_repository.this",
            "module.pedidos_lambda.null_resource.run_script",
            "module.pedidos_table.aws_dynamodb_table.this",
            "module.rastreamento_lambda.aws_iam_role.lambda_role",
            "module.rastreamento_lambda.aws_lambda_function.lambda",
            "module.rastreamento_lambda.data.aws_caller_identity.current",
            "module.rastreamento_lambda.data.aws_iam_policy_document.policy_doc",
            "module.rastreamento_lambda.module.repo_ecr_lambda.aws_ecr_repository.this",
            "module.rastreamento_lambda.null_resource.run_script",
            "module.smart_routing_lambda.aws_iam_role.lambda_role",
            "module.smart_routing_lambda.aws_lambda_function.lambda",
            "module.smart_routing_lambda.data.aws_caller_identity.current",
            "module.smart_routing_lambda.data.aws_iam_policy_document.policy_doc",
            "module.smart_routing_lambda.module.repo_ecr_lambda.aws_ecr_repository.this",
            "module.smart_routing_lambda.null_resource.run_script",
            "module.users_table.aws_dynamodb_table.this",
            "module.usuarios_lambda.aws_iam_role.lambda_role",
            "module.usuarios_lambda.aws_lambda_function.lambda",
            "module.usuarios_lambda.data.aws_caller_identity.current",
            "module.usuarios_lambda.data.aws_iam_policy_document.policy_doc",
            "module.usuarios_lambda.module.repo_ecr_lambda.aws_ecr_repository.this",
            "module.usuarios_lambda.null_resource.run_script",
            "module.websocket_connections_table.aws_dynamodb_table.this",
            "module.websocket_lambda.aws_iam_role.lambda_role",
            "module.websocket_lambda.aws_lambda_function.lambda",
            "module.websocket_lambda.data.aws_caller_identity.current",
            "module.websocket_lambda.data.aws_iam_policy_document.policy_doc",
            "module.websocket_lambda.module.repo_ecr_lambda.aws_ecr_repository.this",
            "module.websocket_lambda.null_resource.run_script"
          ],
          "create_before_destroy": true
        },
        {
          "index_key": "8",
          "schema_version": 0,
          "attributes": {
            "http_method": "GET",
            "id": "agmr-j0dh1wfnjf-cn0ist-GET-200",
            "region": "us-east-1",
            "resource_id": "cn0ist",
            "response_models": {
              "application/json": "Empty"
            },
            "response_parameters": null,
            "rest_api_id": "j0dh1wfnjf",
            "status_code": "200"
          },
          "sensitive_attributes": [],
          "identity_schema_version": 0,
          "private": "bnVsbA==",
          "dependencies": [
            "aws_apigatewayv2_api.websocket_api",
            "module.api_gateway.aws_api_gateway_authorizer.cognito_authorizer",
            "module.api_gateway.aws_api_gateway_method.rest_endpoint_methods",
            "module.api_gateway.aws_api_gateway_resource.base_resources",
            "module.api_gateway.aws_api_gateway_resource.main_resource",
            "module.api_gateway.aws_api_gateway_resource.variable_resources",
            "module.api_gateway.aws_api_gateway_rest_api.rest_api",
            "module.auth_lambda.aws_iam_role.lambda_role",
            "module.auth_lambda.aws_lambda_function.lambda",
            "module.auth_lambda.data.aws_caller_identity.current",
            "module.auth_lambda.data.aws_iam_policy_document.policy_doc",
            "module.auth_lambda.module.repo_ecr_lambda.aws_ecr_repository.this",
            "module.auth_lambda.null_resource.run_script",
            "module.events_queue.aws_sqs_queue.dead_letter_fifo_queue",
            "module.events_queue.aws_sqs_queue.fifo_queue",
            "module.locations_table.aws_dynamodb_table.this",
            "module.notificacoes_lambda.aws_iam_role.lambda_role",
            "module.notificacoes_lambda.aws_lambda_function.lambda",
            "module.notificacoes_lambda.data.aws_caller_identity.current",
            "module.notificacoes_lambda.data.aws_iam_policy_document.policy_doc",
            "module.notificacoes_lambda.module.repo_ecr_lambda.aws_ecr_repository.this",
            "module.notificacoes_lambda.null_resource.run_script",
            "module.notifications_general_topic.aws_sns_topic.this",
            "module.notifications_premium_topic.aws_sns_topic.this",
            "module.notifications_regional_topic.aws_sns_topic.this",
            "module.notifications_table.aws_dynamodb_table.this",
            "module.pedido_ofertas_table.aws_dynamodb_table.this",
            "module.pedidos_lambda.aws_iam_role.lambda_role",
            "module.pedidos_lambda.aws_lambda_function.lambda",
            "module.pedidos_lambda.data.aws_caller_identity.current",
            "module.pedidos_lambda.data.aws_iam_policy_document.policy_doc",
            "module.pedidos_lambda.module.repo_ecr_lambda.aws_ecr_repository.this",
            "module.pedidos_lambda.null_resource.run_script",
            "module.pedidos_table.aws_dynamodb_table.this",
            "module.rastreamento_lambda.aws_iam_role.lambda_role",
            "module.rastreamento_lambda.aws_lambda_function.lambda",
            "module.rastreamento_lambda.data.aws_caller_identity.current",
            "module.rastreamento_lambda.data.aws_iam_policy_document.policy_doc",
            "module.rastreamento_lambda.module.repo_ecr_lambda.aws_ecr_repository.this",
            "module.rastreamento_lambda.null_resource.run_script",
            "module.smart_routing_lambda.aws_iam_role.lambda_role",
            "module.smart_routing_lambda.aws_lambda_function.lambda",
            "module.smart_routing_lambda.data.aws_caller_identity.current",
            "module.smart_routing_lambda.data.aws_iam_policy_document.policy_doc",
            "module.smart_routing_lambda.module.repo_ecr_lambda.aws_ecr_repository.this",
            "module.smart_routing_lambda.null_resource.run_script",
            "module.users_table.aws_dynamodb_table.this",
            "module.usuarios_lambda.aws_iam_role.lambda_role",
            "module.usuarios_lambda.aws_lambda_function.lambda",
            "module.usuarios_lambda.data.aws_caller_identity.current",
            "module.usuarios_lambda.data.aws_iam_policy_document.policy_doc",
            "module.usuarios_lambda.module.repo_ecr_lambda.aws_ecr_repository.this",
            "module.usuarios_lambda.null_resource.run_script",
            "module.websocket_connections_table.aws_dynamodb_table.this",
            "module.websocket_lambda.aws_iam_role.lambda_role",
            "module.websocket_lambda.aws_lambda_function.lambda",
            "module.websocket_lambda.data.aws_caller_identity.current",
            "module.websocket_lambda.data.aws_iam_policy_document.policy_doc",
            "module.websocket_lambda.module.repo_ecr_lambda.aws_ecr_repository.this",
            "module.websocket_lambda.null_resource.run_script"
          ],
          "create_before_destroy": true
        },
        {
          "index_key": "9",
          "schema_version": 0,
          "attributes": {
            "http_method": "PATCH",
            "id": "agmr-j0dh1wfnjf-sjrnpa-PATCH-204",
            "region": "us-east-1",
            "resource_id": "sjrnpa",
            "response_models": {
              "application/json": "Empty"
            },
            "response_parameters": null,
            "rest_api_id": "j0dh1wfnjf",
            "status_code": "204"
          },
          "sensitive_attributes": [],
          "identity_schema_version": 0,
          "private": "bnVsbA==",
          "dependencies": [
            "aws_apigatewayv2_api.websocket_api",
            "module.api_gateway.aws_api_gateway_authorizer.cognito_authorizer",
            "module.api_gateway.aws_api_gateway_method.rest_endpoint_methods",
            "module.api_gateway.aws_api_gateway_resource.base_resources",
            "module.api_gateway.aws_api_gateway_resource.main_resource",
            "module.api_gateway.aws_api_gateway_resource.variable_resources",
            "module.api_gateway.aws_api_gateway_rest_api.rest_api",
            "module.auth_lambda.aws_iam_role.lambda_role",
            "module.auth_lambda.aws_lambda_function.lambda",
            "module.auth_lambda.data.aws_caller_identity.current",
            "module.auth_lambda.data.aws_iam_policy_document.policy_doc",
            "module.auth_lambda.module.repo_ecr_lambda.aws_ecr_repository.this",
            "module.auth_lambda.null_resource.run_script",
            "module.events_queue.aws_sqs_queue.dead_letter_fifo_queue",
            "module.events_queue.aws_sqs_queue.fifo_queue",
            "module.locations_table.aws_dynamodb_table.this",
            "module.notificacoes_lambda.aws_iam_role.lambda_role",
            "module.notificacoes_lambda.aws_lambda_function.lambda",
            "module.notificacoes_lambda.data.aws_caller_identity.current",
            "module.notificacoes_lambda.data.aws_iam_policy_document.policy_doc",
            "module.notificacoes_lambda.module.repo_ecr_lambda.aws_ecr_repository.this",
            "module.notificacoes_lambda.null_resource.run_script",
            "module.notifications_general_topic.aws_sns_topic.this",
            "module.notifications_premium_topic.aws_sns_topic.this",
            "module.notifications_regional_topic.aws_sns_topic.this",
            "module.notifications_table.aws_dynamodb_table.this",
            "module.pedido_ofertas_table.aws_dynamodb_table.this",
            "module.pedidos_lambda.aws_iam_role.lambda_role",
            "module.pedidos_lambda.aws_lambda_function.lambda",
            "module.pedidos_lambda.data.aws_caller_identity.current",
            "module.pedidos_lambda.data.aws_iam_policy_document.policy_doc",
            "module.pedidos_lambda.module.repo_ecr_lambda.aws_ecr_repository.this",
            "module.pedidos_lambda.null_resource.run_script",
            "module.pedidos_table.aws_dynamodb_table.this",
            "module.rastreamento_lambda.aws_iam_role.lambda_role",
            "module.rastreamento_lambda.aws_lambda_function.lambda",
            "module.rastreamento_lambda.data.aws_caller_identity.current",
            "module.rastreamento_lambda.data.aws_iam_policy_document.policy_doc",
            "module.rastreamento_lambda.module.repo_ecr_lambda.aws_ecr_repository.this",
            "module.rastreamento_lambda.null_resource.run_script",
            "module.smart_routing_lambda.aws_iam_role.lambda_role",
            "module.smart_routing_lambda.aws_lambda_function.lambda",
            "module.smart_routing_lambda.data.aws_caller_identity.current",
            "module.smart_routing_lambda.data.aws_iam_policy_document.policy_doc",
            "module.smart_routing_lambda.module.repo_ecr_lambda.aws_ecr_repository.this",
            "module.smart_routing_lambda.null_resource.run_script",
            "module.users_table.aws_dynamodb_table.this",
            "module.usuarios_lambda.aws_iam_role.lambda_role",
            "module.usuarios_lambda.aws_lambda_function.lambda",
            "module.usuarios_lambda.data.aws_caller_identity.current",
            "module.usuarios_lambda.data.aws_iam_policy_document.policy_doc",
            "module.usuarios_lambda.module.repo_ecr_lambda.aws_ecr_repository.this",
            "module.usuarios_lambda.null_resource.run_script",
            "module.websocket_connections_table.aws_dynamodb_table.this",
            "module.websocket_lambda.aws_iam_role.lambda_role",
            "module.websocket_lambda.aws_lambda_function.lambda",
            "module.websocket_lambda.data.aws_caller_identity.current",
            "module.websocket_lambda.data.aws_iam_policy_document.policy_doc",
            "module.websocket_lambda.module.repo_ecr_lambda.aws_ecr_repository.this",
            "module.websocket_lambda.null_resource.run_script"
          ],
          "create_before_destroy": true
        }
      ]
    },
    {
      "module": "module.api_gateway",
      "mode": "managed",
      "type": "aws_api_gateway_resource",
      "name": "base_resources",
      "provider": "provider[\"registry.terraform.io/hashicorp/aws\"]",
      "instances": [
        {
          "index_key": "auth",
          "schema_version": 0,
          "attributes": {
            "id": "rtyr07",
            "parent_id": "ki51tb",
            "path": "/api/auth",
            "path_part": "auth",
            "region": "us-east-1",
            "rest_api_id": "j0dh1wfnjf"
          },
          "sensitive_attributes": [],
          "identity_schema_version": 0,
          "private": "bnVsbA==",
          "dependencies": [
            "aws_apigatewayv2_api.websocket_api",
            "module.api_gateway.aws_api_gateway_resource.main_resource",
            "module.api_gateway.aws_api_gateway_rest_api.rest_api",
            "module.auth_lambda.aws_iam_role.lambda_role",
            "module.auth_lambda.aws_lambda_function.lambda",
            "module.auth_lambda.data.aws_caller_identity.current",
            "module.auth_lambda.data.aws_iam_policy_document.policy_doc",
            "module.auth_lambda.module.repo_ecr_lambda.aws_ecr_repository.this",
            "module.auth_lambda.null_resource.run_script",
            "module.events_queue.aws_sqs_queue.dead_letter_fifo_queue",
            "module.events_queue.aws_sqs_queue.fifo_queue",
            "module.locations_table.aws_dynamodb_table.this",
            "module.notificacoes_lambda.aws_iam_role.lambda_role",
            "module.notificacoes_lambda.aws_lambda_function.lambda",
            "module.notificacoes_lambda.data.aws_caller_identity.current",
            "module.notificacoes_lambda.data.aws_iam_policy_document.policy_doc",
            "module.notificacoes_lambda.module.repo_ecr_lambda.aws_ecr_repository.this",
            "module.notificacoes_lambda.null_resource.run_script",
            "module.notifications_general_topic.aws_sns_topic.this",
            "module.notifications_premium_topic.aws_sns_topic.this",
            "module.notifications_regional_topic.aws_sns_topic.this",
            "module.notifications_table.aws_dynamodb_table.this",
            "module.pedido_ofertas_table.aws_dynamodb_table.this",
            "module.pedidos_lambda.aws_iam_role.lambda_role",
            "module.pedidos_lambda.aws_lambda_function.lambda",
            "module.pedidos_lambda.data.aws_caller_identity.current",
            "module.pedidos_lambda.data.aws_iam_policy_document.policy_doc",
            "module.pedidos_lambda.module.repo_ecr_lambda.aws_ecr_repository.this",
            "module.pedidos_lambda.null_resource.run_script",
            "module.pedidos_table.aws_dynamodb_table.this",
            "module.rastreamento_lambda.aws_iam_role.lambda_role",
            "module.rastreamento_lambda.aws_lambda_function.lambda",
            "module.rastreamento_lambda.data.aws_caller_identity.current",
            "module.rastreamento_lambda.data.aws_iam_policy_document.policy_doc",
            "module.rastreamento_lambda.module.repo_ecr_lambda.aws_ecr_repository.this",
            "module.rastreamento_lambda.null_resource.run_script",
            "module.smart_routing_lambda.aws_iam_role.lambda_role",
            "module.smart_routing_lambda.aws_lambda_function.lambda",
            "module.smart_routing_lambda.data.aws_caller_identity.current",
            "module.smart_routing_lambda.data.aws_iam_policy_document.policy_doc",
            "module.smart_routing_lambda.module.repo_ecr_lambda.aws_ecr_repository.this",
            "module.smart_routing_lambda.null_resource.run_script",
            "module.users_table.aws_dynamodb_table.this",
            "module.usuarios_lambda.aws_iam_role.lambda_role",
            "module.usuarios_lambda.aws_lambda_function.lambda",
            "module.usuarios_lambda.data.aws_caller_identity.current",
            "module.usuarios_lambda.data.aws_iam_policy_document.policy_doc",
            "module.usuarios_lambda.module.repo_ecr_lambda.aws_ecr_repository.this",
            "module.usuarios_lambda.null_resource.run_script",
            "module.websocket_connections_table.aws_dynamodb_table.this",
            "module.websocket_lambda.aws_iam_role.lambda_role",
            "module.websocket_lambda.aws_lambda_function.lambda",
            "module.websocket_lambda.data.aws_caller_identity.current",
            "module.websocket_lambda.data.aws_iam_policy_document.policy_doc",
            "module.websocket_lambda.module.repo_ecr_lambda.aws_ecr_repository.this",
            "module.websocket_lambda.null_resource.run_script"
          ],
          "create_before_destroy": true
        },
        {
          "index_key": "notificacoes",
          "schema_version": 0,
          "attributes": {
            "id": "w5t2w6",
            "parent_id": "ki51tb",
            "path": "/api/notificacoes",
            "path_part": "notificacoes",
            "region": "us-east-1",
            "rest_api_id": "j0dh1wfnjf"
          },
          "sensitive_attributes": [],
          "identity_schema_version": 0,
          "private": "bnVsbA==",
          "dependencies": [
            "aws_apigatewayv2_api.websocket_api",
            "module.api_gateway.aws_api_gateway_resource.main_resource",
            "module.api_gateway.aws_api_gateway_rest_api.rest_api",
            "module.auth_lambda.aws_iam_role.lambda_role",
            "module.auth_lambda.aws_lambda_function.lambda",
            "module.auth_lambda.data.aws_caller_identity.current",
            "module.auth_lambda.data.aws_iam_policy_document.policy_doc",
            "module.auth_lambda.module.repo_ecr_lambda.aws_ecr_repository.this",
            "module.auth_lambda.null_resource.run_script",
            "module.events_queue.aws_sqs_queue.dead_letter_fifo_queue",
            "module.events_queue.aws_sqs_queue.fifo_queue",
            "module.locations_table.aws_dynamodb_table.this",
            "module.notificacoes_lambda.aws_iam_role.lambda_role",
            "module.notificacoes_lambda.aws_lambda_function.lambda",
            "module.notificacoes_lambda.data.aws_caller_identity.current",
            "module.notificacoes_lambda.data.aws_iam_policy_document.policy_doc",
            "module.notificacoes_lambda.module.repo_ecr_lambda.aws_ecr_repository.this",
            "module.notificacoes_lambda.null_resource.run_script",
            "module.notifications_general_topic.aws_sns_topic.this",
            "module.notifications_premium_topic.aws_sns_topic.this",
            "module.notifications_regional_topic.aws_sns_topic.this",
            "module.notifications_table.aws_dynamodb_table.this",
            "module.pedido_ofertas_table.aws_dynamodb_table.this",
            "module.pedidos_lambda.aws_iam_role.lambda_role",
            "module.pedidos_lambda.aws_lambda_function.lambda",
            "module.pedidos_lambda.data.aws_caller_identity.current",
            "module.pedidos_lambda.data.aws_iam_policy_document.policy_doc",
            "module.pedidos_lambda.module.repo_ecr_lambda.aws_ecr_repository.this",
            "module.pedidos_lambda.null_resource.run_script",
            "module.pedidos_table.aws_dynamodb_table.this",
            "module.rastreamento_lambda.aws_iam_role.lambda_role",
            "module.rastreamento_lambda.aws_lambda_function.lambda",
            "module.rastreamento_lambda.data.aws_caller_identity.current",
            "module.rastreamento_lambda.data.aws_iam_policy_document.policy_doc",
            "module.rastreamento_lambda.module.repo_ecr_lambda.aws_ecr_repository.this",
            "module.rastreamento_lambda.null_resource.run_script",
            "module.smart_routing_lambda.aws_iam_role.lambda_role",
            "module.smart_routing_lambda.aws_lambda_function.lambda",
            "module.smart_routing_lambda.data.aws_caller_identity.current",
            "module.smart_routing_lambda.data.aws_iam_policy_document.policy_doc",
            "module.smart_routing_lambda.module.repo_ecr_lambda.aws_ecr_repository.this",
            "module.smart_routing_lambda.null_resource.run_script",
            "module.users_table.aws_dynamodb_table.this",
            "module.usuarios_lambda.aws_iam_role.lambda_role",
            "module.usuarios_lambda.aws_lambda_function.lambda",
            "module.usuarios_lambda.data.aws_caller_identity.current",
            "module.usuarios_lambda.data.aws_iam_policy_document.policy_doc",
            "module.usuarios_lambda.module.repo_ecr_lambda.aws_ecr_repository.this",
            "module.usuarios_lambda.null_resource.run_script",
            "module.websocket_connections_table.aws_dynamodb_table.this",
            "module.websocket_lambda.aws_iam_role.lambda_role",
            "module.websocket_lambda.aws_lambda_function.lambda",
            "module.websocket_lambda.data.aws_caller_identity.current",
            "module.websocket_lambda.data.aws_iam_policy_document.policy_doc",
            "module.websocket_lambda.module.repo_ecr_lambda.aws_ecr_repository.this",
            "module.websocket_lambda.null_resource.run_script"
          ],
          "create_before_destroy": true
        },
        {
          "index_key": "pedidos",
          "schema_version": 0,
          "attributes": {
            "id": "mbpe0n",
            "parent_id": "ki51tb",
            "path": "/api/pedidos",
            "path_part": "pedidos",
            "region": "us-east-1",
            "rest_api_id": "j0dh1wfnjf"
          },
          "sensitive_attributes": [],
          "identity_schema_version": 0,
          "private": "bnVsbA==",
          "dependencies": [
            "aws_apigatewayv2_api.websocket_api",
            "module.api_gateway.aws_api_gateway_resource.main_resource",
            "module.api_gateway.aws_api_gateway_rest_api.rest_api",
            "module.auth_lambda.aws_iam_role.lambda_role",
            "module.auth_lambda.aws_lambda_function.lambda",
            "module.auth_lambda.data.aws_caller_identity.current",
            "module.auth_lambda.data.aws_iam_policy_document.policy_doc",
            "module.auth_lambda.module.repo_ecr_lambda.aws_ecr_repository.this",
            "module.auth_lambda.null_resource.run_script",
            "module.events_queue.aws_sqs_queue.dead_letter_fifo_queue",
            "module.events_queue.aws_sqs_queue.fifo_queue",
            "module.locations_table.aws_dynamodb_table.this",
            "module.notificacoes_lambda.aws_iam_role.lambda_role",
            "module.notificacoes_lambda.aws_lambda_function.lambda",
            "module.notificacoes_lambda.data.aws_caller_identity.current",
            "module.notificacoes_lambda.data.aws_iam_policy_document.policy_doc",
            "module.notificacoes_lambda.module.repo_ecr_lambda.aws_ecr_repository.this",
            "module.notificacoes_lambda.null_resource.run_script",
            "module.notifications_general_topic.aws_sns_topic.this",
            "module.notifications_premium_topic.aws_sns_topic.this",
            "module.notifications_regional_topic.aws_sns_topic.this",
            "module.notifications_table.aws_dynamodb_table.this",
            "module.pedido_ofertas_table.aws_dynamodb_table.this",
            "module.pedidos_lambda.aws_iam_role.lambda_role",
            "module.pedidos_lambda.aws_lambda_function.lambda",
            "module.pedidos_lambda.data.aws_caller_identity.current",
            "module.pedidos_lambda.data.aws_iam_policy_document.policy_doc",
            "module.pedidos_lambda.module.repo_ecr_lambda.aws_ecr_repository.this",
            "module.pedidos_lambda.null_resource.run_script",
            "module.pedidos_table.aws_dynamodb_table.this",
            "module.rastreamento_lambda.aws_iam_role.lambda_role",
            "module.rastreamento_lambda.aws_lambda_function.lambda",
            "module.rastreamento_lambda.data.aws_caller_identity.current",
            "module.rastreamento_lambda.data.aws_iam_policy_document.policy_doc",
            "module.rastreamento_lambda.module.repo_ecr_lambda.aws_ecr_repository.this",
            "module.rastreamento_lambda.null_resource.run_script",
            "module.smart_routing_lambda.aws_iam_role.lambda_role",
            "module.smart_routing_lambda.aws_lambda_function.lambda",
            "module.smart_routing_lambda.data.aws_caller_identity.current",
            "module.smart_routing_lambda.data.aws_iam_policy_document.policy_doc",
            "module.smart_routing_lambda.module.repo_ecr_lambda.aws_ecr_repository.this",
            "module.smart_routing_lambda.null_resource.run_script",
            "module.users_table.aws_dynamodb_table.this",
            "module.usuarios_lambda.aws_iam_role.lambda_role",
            "module.usuarios_lambda.aws_lambda_function.lambda",
            "module.usuarios_lambda.data.aws_caller_identity.current",
            "module.usuarios_lambda.data.aws_iam_policy_document.policy_doc",
            "module.usuarios_lambda.module.repo_ecr_lambda.aws_ecr_repository.this",
            "module.usuarios_lambda.null_resource.run_script",
            "module.websocket_connections_table.aws_dynamodb_table.this",
            "module.websocket_lambda.aws_iam_role.lambda_role",
            "module.websocket_lambda.aws_lambda_function.lambda",
            "module.websocket_lambda.data.aws_caller_identity.current",
            "module.websocket_lambda.data.aws_iam_policy_document.policy_doc",
            "module.websocket_lambda.module.repo_ecr_lambda.aws_ecr_repository.this",
            "module.websocket_lambda.null_resource.run_script"
          ],
          "create_before_destroy": true
        },
        {
          "index_key": "rastreamento",
          "schema_version": 0,
          "attributes": {
            "id": "mvmn5b",
            "parent_id": "ki51tb",
            "path": "/api/rastreamento",
            "path_part": "rastreamento",
            "region": "us-east-1",
            "rest_api_id": "j0dh1wfnjf"
          },
          "sensitive_attributes": [],
          "identity_schema_version": 0,
          "private": "bnVsbA==",
          "dependencies": [
            "aws_apigatewayv2_api.websocket_api",
            "module.api_gateway.aws_api_gateway_resource.main_resource",
            "module.api_gateway.aws_api_gateway_rest_api.rest_api",
            "module.auth_lambda.aws_iam_role.lambda_role",
            "module.auth_lambda.aws_lambda_function.lambda",
            "module.auth_lambda.data.aws_caller_identity.current",
            "module.auth_lambda.data.aws_iam_policy_document.policy_doc",
            "module.auth_lambda.module.repo_ecr_lambda.aws_ecr_repository.this",
            "module.auth_lambda.null_resource.run_script",
            "module.events_queue.aws_sqs_queue.dead_letter_fifo_queue",
            "module.events_queue.aws_sqs_queue.fifo_queue",
            "module.locations_table.aws_dynamodb_table.this",
            "module.notificacoes_lambda.aws_iam_role.lambda_role",
            "module.notificacoes_lambda.aws_lambda_function.lambda",
            "module.notificacoes_lambda.data.aws_caller_identity.current",
            "module.notificacoes_lambda.data.aws_iam_policy_document.policy_doc",
            "module.notificacoes_lambda.module.repo_ecr_lambda.aws_ecr_repository.this",
            "module.notificacoes_lambda.null_resource.run_script",
            "module.notifications_general_topic.aws_sns_topic.this",
            "module.notifications_premium_topic.aws_sns_topic.this",
            "module.notifications_regional_topic.aws_sns_topic.this",
            "module.notifications_table.aws_dynamodb_table.this",
            "module.pedido_ofertas_table.aws_dynamodb_table.this",
            "module.pedidos_lambda.aws_iam_role.lambda_role",
            "module.pedidos_lambda.aws_lambda_function.lambda",
            "module.pedidos_lambda.data.aws_caller_identity.current",
            "module.pedidos_lambda.data.aws_iam_policy_document.policy_doc",
            "module.pedidos_lambda.module.repo_ecr_lambda.aws_ecr_repository.this",
            "module.pedidos_lambda.null_resource.run_script",
            "module.pedidos_table.aws_dynamodb_table.this",
            "module.rastreamento_lambda.aws_iam_role.lambda_role",
            "module.rastreamento_lambda.aws_lambda_function.lambda",
            "module.rastreamento_lambda.data.aws_caller_identity.current",
            "module.rastreamento_lambda.data.aws_iam_policy_document.policy_doc",
            "module.rastreamento_lambda.module.repo_ecr_lambda.aws_ecr_repository.this",
            "module.rastreamento_lambda.null_resource.run_script",
            "module.smart_routing_lambda.aws_iam_role.lambda_role",
            "module.smart_routing_lambda.aws_lambda_function.lambda",
            "module.smart_routing_lambda.data.aws_caller_identity.current",
            "module.smart_routing_lambda.data.aws_iam_policy_document.policy_doc",
            "module.smart_routing_lambda.module.repo_ecr_lambda.aws_ecr_repository.this",
            "module.smart_routing_lambda.null_resource.run_script",
            "module.users_table.aws_dynamodb_table.this",
            "module.usuarios_lambda.aws_iam_role.lambda_role",
            "module.usuarios_lambda.aws_lambda_function.lambda",
            "module.usuarios_lambda.data.aws_caller_identity.current",
            "module.usuarios_lambda.data.aws_iam_policy_document.policy_doc",
            "module.usuarios_lambda.module.repo_ecr_lambda.aws_ecr_repository.this",
            "module.usuarios_lambda.null_resource.run_script",
            "module.websocket_connections_table.aws_dynamodb_table.this",
            "module.websocket_lambda.aws_iam_role.lambda_role",
            "module.websocket_lambda.aws_lambda_function.lambda",
            "module.websocket_lambda.data.aws_caller_identity.current",
            "module.websocket_lambda.data.aws_iam_policy_document.policy_doc",
            "module.websocket_lambda.module.repo_ecr_lambda.aws_ecr_repository.this",
            "module.websocket_lambda.null_resource.run_script"
          ],
          "create_before_destroy": true
        },
        {
          "index_key": "smart-routing",
          "schema_version": 0,
          "attributes": {
            "id": "x4ngsm",
            "parent_id": "ki51tb",
            "path": "/api/smart-routing",
            "path_part": "smart-routing",
            "region": "us-east-1",
            "rest_api_id": "j0dh1wfnjf"
          },
          "sensitive_attributes": [],
          "identity_schema_version": 0,
          "private": "bnVsbA==",
          "dependencies": [
            "aws_apigatewayv2_api.websocket_api",
            "module.api_gateway.aws_api_gateway_resource.main_resource",
            "module.api_gateway.aws_api_gateway_rest_api.rest_api",
            "module.auth_lambda.aws_iam_role.lambda_role",
            "module.auth_lambda.aws_lambda_function.lambda",
            "module.auth_lambda.data.aws_caller_identity.current",
            "module.auth_lambda.data.aws_iam_policy_document.policy_doc",
            "module.auth_lambda.module.repo_ecr_lambda.aws_ecr_repository.this",
            "module.auth_lambda.null_resource.run_script",
            "module.events_queue.aws_sqs_queue.dead_letter_fifo_queue",
            "module.events_queue.aws_sqs_queue.fifo_queue",
            "module.locations_table.aws_dynamodb_table.this",
            "module.notificacoes_lambda.aws_iam_role.lambda_role",
            "module.notificacoes_lambda.aws_lambda_function.lambda",
            "module.notificacoes_lambda.data.aws_caller_identity.current",
            "module.notificacoes_lambda.data.aws_iam_policy_document.policy_doc",
            "module.notificacoes_lambda.module.repo_ecr_lambda.aws_ecr_repository.this",
            "module.notificacoes_lambda.null_resource.run_script",
            "module.notifications_general_topic.aws_sns_topic.this",
            "module.notifications_premium_topic.aws_sns_topic.this",
            "module.notifications_regional_topic.aws_sns_topic.this",
            "module.notifications_table.aws_dynamodb_table.this",
            "module.pedido_ofertas_table.aws_dynamodb_table.this",
            "module.pedidos_lambda.aws_iam_role.lambda_role",
            "module.pedidos_lambda.aws_lambda_function.lambda",
            "module.pedidos_lambda.data.aws_caller_identity.current",
            "module.pedidos_lambda.data.aws_iam_policy_document.policy_doc",
            "module.pedidos_lambda.module.repo_ecr_lambda.aws_ecr_repository.this",
            "module.pedidos_lambda.null_resource.run_script",
            "module.pedidos_table.aws_dynamodb_table.this",
            "module.rastreamento_lambda.aws_iam_role.lambda_role",
            "module.rastreamento_lambda.aws_lambda_function.lambda",
            "module.rastreamento_lambda.data.aws_caller_identity.current",
            "module.rastreamento_lambda.data.aws_iam_policy_document.policy_doc",
            "module.rastreamento_lambda.module.repo_ecr_lambda.aws_ecr_repository.this",
            "module.rastreamento_lambda.null_resource.run_script",
            "module.smart_routing_lambda.aws_iam_role.lambda_role",
            "module.smart_routing_lambda.aws_lambda_function.lambda",
            "module.smart_routing_lambda.data.aws_caller_identity.current",
            "module.smart_routing_lambda.data.aws_iam_policy_document.policy_doc",
            "module.smart_routing_lambda.module.repo_ecr_lambda.aws_ecr_repository.this",
            "module.smart_routing_lambda.null_resource.run_script",
            "module.users_table.aws_dynamodb_table.this",
            "module.usuarios_lambda.aws_iam_role.lambda_role",
            "module.usuarios_lambda.aws_lambda_function.lambda",
            "module.usuarios_lambda.data.aws_caller_identity.current",
            "module.usuarios_lambda.data.aws_iam_policy_document.policy_doc",
            "module.usuarios_lambda.module.repo_ecr_lambda.aws_ecr_repository.this",
            "module.usuarios_lambda.null_resource.run_script",
            "module.websocket_connections_table.aws_dynamodb_table.this",
            "module.websocket_lambda.aws_iam_role.lambda_role",
            "module.websocket_lambda.aws_lambda_function.lambda",
            "module.websocket_lambda.data.aws_caller_identity.current",
            "module.websocket_lambda.data.aws_iam_policy_document.policy_doc",
            "module.websocket_lambda.module.repo_ecr_lambda.aws_ecr_repository.this",
            "module.websocket_lambda.null_resource.run_script"
          ],
          "create_before_destroy": true
        }
      ]
    },
    {
      "module": "module.api_gateway",
      "mode": "managed",
      "type": "aws_api_gateway_resource",
      "name": "main_resource",
      "provider": "provider[\"registry.terraform.io/hashicorp/aws\"]",
      "instances": [
        {
          "index_key": 0,
          "schema_version": 0,
          "attributes": {
            "id": "ki51tb",
            "parent_id": "2bpvltkcyd",
            "path": "/api",
            "path_part": "api",
            "region": "us-east-1",
            "rest_api_id": "j0dh1wfnjf"
          },
          "sensitive_attributes": [],
          "identity_schema_version": 0,
          "private": "bnVsbA==",
          "dependencies": [
            "aws_apigatewayv2_api.websocket_api",
            "module.api_gateway.aws_api_gateway_rest_api.rest_api",
            "module.auth_lambda.aws_iam_role.lambda_role",
            "module.auth_lambda.aws_lambda_function.lambda",
            "module.auth_lambda.data.aws_caller_identity.current",
            "module.auth_lambda.data.aws_iam_policy_document.policy_doc",
            "module.auth_lambda.module.repo_ecr_lambda.aws_ecr_repository.this",
            "module.auth_lambda.null_resource.run_script",
            "module.events_queue.aws_sqs_queue.dead_letter_fifo_queue",
            "module.events_queue.aws_sqs_queue.fifo_queue",
            "module.locations_table.aws_dynamodb_table.this",
            "module.notificacoes_lambda.aws_iam_role.lambda_role",
            "module.notificacoes_lambda.aws_lambda_function.lambda",
            "module.notificacoes_lambda.data.aws_caller_identity.current",
            "module.notificacoes_lambda.data.aws_iam_policy_document.policy_doc",
            "module.notificacoes_lambda.module.repo_ecr_lambda.aws_ecr_repository.this",
            "module.notificacoes_lambda.null_resource.run_script",
            "module.notifications_general_topic.aws_sns_topic.this",
            "module.notifications_premium_topic.aws_sns_topic.this",
            "module.notifications_regional_topic.aws_sns_topic.this",
            "module.notifications_table.aws_dynamodb_table.this",
            "module.pedido_ofertas_table.aws_dynamodb_table.this",
            "module.pedidos_lambda.aws_iam_role.lambda_role",
            "module.pedidos_lambda.aws_lambda_function.lambda",
            "module.pedidos_lambda.data.aws_caller_identity.current",
            "module.pedidos_lambda.data.aws_iam_policy_document.policy_doc",
            "module.pedidos_lambda.module.repo_ecr_lambda.aws_ecr_repository.this",
            "module.pedidos_lambda.null_resource.run_script",
            "module.pedidos_table.aws_dynamodb_table.this",
            "module.rastreamento_lambda.aws_iam_role.lambda_role",
            "module.rastreamento_lambda.aws_lambda_function.lambda",
            "module.rastreamento_lambda.data.aws_caller_identity.current",
            "module.rastreamento_lambda.data.aws_iam_policy_document.policy_doc",
            "module.rastreamento_lambda.module.repo_ecr_lambda.aws_ecr_repository.this",
            "module.rastreamento_lambda.null_resource.run_script",
            "module.smart_routing_lambda.aws_iam_role.lambda_role",
            "module.smart_routing_lambda.aws_lambda_function.lambda",
            "module.smart_routing_lambda.data.aws_caller_identity.current",
            "module.smart_routing_lambda.data.aws_iam_policy_document.policy_doc",
            "module.smart_routing_lambda.module.repo_ecr_lambda.aws_ecr_repository.this",
            "module.smart_routing_lambda.null_resource.run_script",
            "module.users_table.aws_dynamodb_table.this",
            "module.usuarios_lambda.aws_iam_role.lambda_role",
            "module.usuarios_lambda.aws_lambda_function.lambda",
            "module.usuarios_lambda.data.aws_caller_identity.current",
            "module.usuarios_lambda.data.aws_iam_policy_document.policy_doc",
            "module.usuarios_lambda.module.repo_ecr_lambda.aws_ecr_repository.this",
            "module.usuarios_lambda.null_resource.run_script",
            "module.websocket_connections_table.aws_dynamodb_table.this",
            "module.websocket_lambda.aws_iam_role.lambda_role",
            "module.websocket_lambda.aws_lambda_function.lambda",
            "module.websocket_lambda.data.aws_caller_identity.current",
            "module.websocket_lambda.data.aws_iam_policy_document.policy_doc",
            "module.websocket_lambda.module.repo_ecr_lambda.aws_ecr_repository.this",
            "module.websocket_lambda.null_resource.run_script"
          ],
          "create_before_destroy": true
        }
      ]
    },
    {
      "module": "module.api_gateway",
      "mode": "managed",
      "type": "aws_api_gateway_resource",
      "name": "variable_resources",
      "provider": "provider[\"registry.terraform.io/hashicorp/aws\"]",
      "instances": [
        {
          "index_key": "0",
          "schema_version": 0,
          "attributes": {
            "id": "3t93n1",
            "parent_id": "rtyr07",
            "path": "/api/auth/login",
            "path_part": "login",
            "region": "us-east-1",
            "rest_api_id": "j0dh1wfnjf"
          },
          "sensitive_attributes": [],
          "identity_schema_version": 0,
          "private": "bnVsbA==",
          "dependencies": [
            "aws_apigatewayv2_api.websocket_api",
            "module.api_gateway.aws_api_gateway_resource.base_resources",
            "module.api_gateway.aws_api_gateway_resource.main_resource",
            "module.api_gateway.aws_api_gateway_rest_api.rest_api",
            "module.auth_lambda.aws_iam_role.lambda_role",
            "module.auth_lambda.aws_lambda_function.lambda",
            "module.auth_lambda.data.aws_caller_identity.current",
            "module.auth_lambda.data.aws_iam_policy_document.policy_doc",
            "module.auth_lambda.module.repo_ecr_lambda.aws_ecr_repository.this",
            "module.auth_lambda.null_resource.run_script",
            "module.events_queue.aws_sqs_queue.dead_letter_fifo_queue",
            "module.events_queue.aws_sqs_queue.fifo_queue",
            "module.locations_table.aws_dynamodb_table.this",
            "module.notificacoes_lambda.aws_iam_role.lambda_role",
            "module.notificacoes_lambda.aws_lambda_function.lambda",
            "module.notificacoes_lambda.data.aws_caller_identity.current",
            "module.notificacoes_lambda.data.aws_iam_policy_document.policy_doc",
            "module.notificacoes_lambda.module.repo_ecr_lambda.aws_ecr_repository.this",
            "module.notificacoes_lambda.null_resource.run_script",
            "module.notifications_general_topic.aws_sns_topic.this",
            "module.notifications_premium_topic.aws_sns_topic.this",
            "module.notifications_regional_topic.aws_sns_topic.this",
            "module.notifications_table.aws_dynamodb_table.this",
            "module.pedido_ofertas_table.aws_dynamodb_table.this",
            "module.pedidos_lambda.aws_iam_role.lambda_role",
            "module.pedidos_lambda.aws_lambda_function.lambda",
            "module.pedidos_lambda.data.aws_caller_identity.current",
            "module.pedidos_lambda.data.aws_iam_policy_document.policy_doc",
            "module.pedidos_lambda.module.repo_ecr_lambda.aws_ecr_repository.this",
            "module.pedidos_lambda.null_resource.run_script",
            "module.pedidos_table.aws_dynamodb_table.this",
            "module.rastreamento_lambda.aws_iam_role.lambda_role",
            "module.rastreamento_lambda.aws_lambda_function.lambda",
            "module.rastreamento_lambda.data.aws_caller_identity.current",
            "module.rastreamento_lambda.data.aws_iam_policy_document.policy_doc",
            "module.rastreamento_lambda.module.repo_ecr_lambda.aws_ecr_repository.this",
            "module.rastreamento_lambda.null_resource.run_script",
            "module.smart_routing_lambda.aws_iam_role.lambda_role",
            "module.smart_routing_lambda.aws_lambda_function.lambda",
            "module.smart_routing_lambda.data.aws_caller_identity.current",
            "module.smart_routing_lambda.data.aws_iam_policy_document.policy_doc",
            "module.smart_routing_lambda.module.repo_ecr_lambda.aws_ecr_repository.this",
            "module.smart_routing_lambda.null_resource.run_script",
            "module.users_table.aws_dynamodb_table.this",
            "module.usuarios_lambda.aws_iam_role.lambda_role",
            "module.usuarios_lambda.aws_lambda_function.lambda",
            "module.usuarios_lambda.data.aws_caller_identity.current",
            "module.usuarios_lambda.data.aws_iam_policy_document.policy_doc",
            "module.usuarios_lambda.module.repo_ecr_lambda.aws_ecr_repository.this",
            "module.usuarios_lambda.null_resource.run_script",
            "module.websocket_connections_table.aws_dynamodb_table.this",
            "module.websocket_lambda.aws_iam_role.lambda_role",
            "module.websocket_lambda.aws_lambda_function.lambda",
            "module.websocket_lambda.data.aws_caller_identity.current",
            "module.websocket_lambda.data.aws_iam_policy_document.policy_doc",
            "module.websocket_lambda.module.repo_ecr_lambda.aws_ecr_repository.this",
            "module.websocket_lambda.null_resource.run_script"
          ],
          "create_before_destroy": true
        },
        {
          "index_key": "1",
          "schema_version": 0,
          "attributes": {
            "id": "7nqzah",
            "parent_id": "rtyr07",
            "path": "/api/auth/registro-cliente",
            "path_part": "registro-cliente",
            "region": "us-east-1",
            "rest_api_id": "j0dh1wfnjf"
          },
          "sensitive_attributes": [],
          "identity_schema_version": 0,
          "private": "bnVsbA==",
          "dependencies": [
            "aws_apigatewayv2_api.websocket_api",
            "module.api_gateway.aws_api_gateway_resource.base_resources",
            "module.api_gateway.aws_api_gateway_resource.main_resource",
            "module.api_gateway.aws_api_gateway_rest_api.rest_api",
            "module.auth_lambda.aws_iam_role.lambda_role",
            "module.auth_lambda.aws_lambda_function.lambda",
            "module.auth_lambda.data.aws_caller_identity.current",
            "module.auth_lambda.data.aws_iam_policy_document.policy_doc",
            "module.auth_lambda.module.repo_ecr_lambda.aws_ecr_repository.this",
            "module.auth_lambda.null_resource.run_script",
            "module.events_queue.aws_sqs_queue.dead_letter_fifo_queue",
            "module.events_queue.aws_sqs_queue.fifo_queue",
            "module.locations_table.aws_dynamodb_table.this",
            "module.notificacoes_lambda.aws_iam_role.lambda_role",
            "module.notificacoes_lambda.aws_lambda_function.lambda",
            "module.notificacoes_lambda.data.aws_caller_identity.current",
            "module.notificacoes_lambda.data.aws_iam_policy_document.policy_doc",
            "module.notificacoes_lambda.module.repo_ecr_lambda.aws_ecr_repository.this",
            "module.notificacoes_lambda.null_resource.run_script",
            "module.notifications_general_topic.aws_sns_topic.this",
            "module.notifications_premium_topic.aws_sns_topic.this",
            "module.notifications_regional_topic.aws_sns_topic.this",
            "module.notifications_table.aws_dynamodb_table.this",
            "module.pedido_ofertas_table.aws_dynamodb_table.this",
            "module.pedidos_lambda.aws_iam_role.lambda_role",
            "module.pedidos_lambda.aws_lambda_function.lambda",
            "module.pedidos_lambda.data.aws_caller_identity.current",
            "module.pedidos_lambda.data.aws_iam_policy_document.policy_doc",
            "module.pedidos_lambda.module.repo_ecr_lambda.aws_ecr_repository.this",
            "module.pedidos_lambda.null_resource.run_script",
            "module.pedidos_table.aws_dynamodb_table.this",
            "module.rastreamento_lambda.aws_iam_role.lambda_role",
            "module.rastreamento_lambda.aws_lambda_function.lambda",
            "module.rastreamento_lambda.data.aws_caller_identity.current",
            "module.rastreamento_lambda.data.aws_iam_policy_document.policy_doc",
            "module.rastreamento_lambda.module.repo_ecr_lambda.aws_ecr_repository.this",
            "module.rastreamento_lambda.null_resource.run_script",
            "module.smart_routing_lambda.aws_iam_role.lambda_role",
            "module.smart_routing_lambda.aws_lambda_function.lambda",
            "module.smart_routing_lambda.data.aws_caller_identity.current",
            "module.smart_routing_lambda.data.aws_iam_policy_document.policy_doc",
            "module.smart_routing_lambda.module.repo_ecr_lambda.aws_ecr_repository.this",
            "module.smart_routing_lambda.null_resource.run_script",
            "module.users_table.aws_dynamodb_table.this",
            "module.usuarios_lambda.aws_iam_role.lambda_role",
            "module.usuarios_lambda.aws_lambda_function.lambda",
            "module.usuarios_lambda.data.aws_caller_identity.current",
            "module.usuarios_lambda.data.aws_iam_policy_document.policy_doc",
            "module.usuarios_lambda.module.repo_ecr_lambda.aws_ecr_repository.this",
            "module.usuarios_lambda.null_resource.run_script",
            "module.websocket_connections_table.aws_dynamodb_table.this",
            "module.websocket_lambda.aws_iam_role.lambda_role",
            "module.websocket_lambda.aws_lambda_function.lambda",
            "module.websocket_lambda.data.aws_caller_identity.current",
            "module.websocket_lambda.data.aws_iam_policy_document.policy_doc",
            "module.websocket_lambda.module.repo_ecr_lambda.aws_ecr_repository.this",
            "module.websocket_lambda.null_resource.run_script"
          ],
          "create_before_destroy": true
        },
        {
          "index_key": "10",
          "schema_version": 0,
          "attributes": {
            "id": "zorlbk",
            "parent_id": "w5t2w6",
            "path": "/api/notificacoes/preferencias",
            "path_part": "preferencias",
            "region": "us-east-1",
            "rest_api_id": "j0dh1wfnjf"
          },
          "sensitive_attributes": [],
          "identity_schema_version": 0,
          "private": "bnVsbA==",
          "dependencies": [
            "aws_apigatewayv2_api.websocket_api",
            "module.api_gateway.aws_api_gateway_resource.base_resources",
            "module.api_gateway.aws_api_gateway_resource.main_resource",
            "module.api_gateway.aws_api_gateway_rest_api.rest_api",
            "module.auth_lambda.aws_iam_role.lambda_role",
            "module.auth_lambda.aws_lambda_function.lambda",
            "module.auth_lambda.data.aws_caller_identity.current",
            "module.auth_lambda.data.aws_iam_policy_document.policy_doc",
            "module.auth_lambda.module.repo_ecr_lambda.aws_ecr_repository.this",
            "module.auth_lambda.null_resource.run_script",
            "module.events_queue.aws_sqs_queue.dead_letter_fifo_queue",
            "module.events_queue.aws_sqs_queue.fifo_queue",
            "module.locations_table.aws_dynamodb_table.this",
            "module.notificacoes_lambda.aws_iam_role.lambda_role",
            "module.notificacoes_lambda.aws_lambda_function.lambda",
            "module.notificacoes_lambda.data.aws_caller_identity.current",
            "module.notificacoes_lambda.data.aws_iam_policy_document.policy_doc",
            "module.notificacoes_lambda.module.repo_ecr_lambda.aws_ecr_repository.this",
            "module.notificacoes_lambda.null_resource.run_script",
            "module.notifications_general_topic.aws_sns_topic.this",
            "module.notifications_premium_topic.aws_sns_topic.this",
            "module.notifications_regional_topic.aws_sns_topic.this",
            "module.notifications_table.aws_dynamodb_table.this",
            "module.pedido_ofertas_table.aws_dynamodb_table.this",
            "module.pedidos_lambda.aws_iam_role.lambda_role",
            "module.pedidos_lambda.aws_lambda_function.lambda",
            "module.pedidos_lambda.data.aws_caller_identity.current",
            "module.pedidos_lambda.data.aws_iam_policy_document.policy_doc",
            "module.pedidos_lambda.module.repo_ecr_lambda.aws_ecr_repository.this",
            "module.pedidos_lambda.null_resource.run_script",
            "module.pedidos_table.aws_dynamodb_table.this",
            "module.rastreamento_lambda.aws_iam_role.lambda_role",
            "module.rastreamento_lambda.aws_lambda_function.lambda",
            "module.rastreamento_lambda.data.aws_caller_identity.current",
            "module.rastreamento_lambda.data.aws_iam_policy_document.policy_doc",
            "module.rastreamento_lambda.module.repo_ecr_lambda.aws_ecr_repository.this",
            "module.rastreamento_lambda.null_resource.run_script",
            "module.smart_routing_lambda.aws_iam_role.lambda_role",
            "module.smart_routing_lambda.aws_lambda_function.lambda",
            "module.smart_routing_lambda.data.aws_caller_identity.current",
            "module.smart_routing_lambda.data.aws_iam_policy_document.policy_doc",
            "module.smart_routing_lambda.module.repo_ecr_lambda.aws_ecr_repository.this",
            "module.smart_routing_lambda.null_resource.run_script",
            "module.users_table.aws_dynamodb_table.this",
            "module.usuarios_lambda.aws_iam_role.lambda_role",
            "module.usuarios_lambda.aws_lambda_function.lambda",
            "module.usuarios_lambda.data.aws_caller_identity.current",
            "module.usuarios_lambda.data.aws_iam_policy_document.policy_doc",
            "module.usuarios_lambda.module.repo_ecr_lambda.aws_ecr_repository.this",
            "module.usuarios_lambda.null_resource.run_script",
            "module.websocket_connections_table.aws_dynamodb_table.this",
            "module.websocket_lambda.aws_iam_role.lambda_role",
            "module.websocket_lambda.aws_lambda_function.lambda",
            "module.websocket_lambda.data.aws_caller_identity.current",
            "module.websocket_lambda.data.aws_iam_policy_document.policy_doc",
            "module.websocket_lambda.module.repo_ecr_lambda.aws_ecr_repository.this",
            "module.websocket_lambda.null_resource.run_script"
          ],
          "create_before_destroy": true
        },
        {
          "index_key": "11",
          "schema_version": 0,
          "attributes": {
            "id": "f16fno",
            "parent_id": "w5t2w6",
            "path": "/api/notificacoes/preferencias-usuario",
            "path_part": "preferencias-usuario",
            "region": "us-east-1",
            "rest_api_id": "j0dh1wfnjf"
          },
          "sensitive_attributes": [],
          "identity_schema_version": 0,
          "private": "bnVsbA==",
          "dependencies": [
            "aws_apigatewayv2_api.websocket_api",
            "module.api_gateway.aws_api_gateway_resource.base_resources",
            "module.api_gateway.aws_api_gateway_resource.main_resource",
            "module.api_gateway.aws_api_gateway_rest_api.rest_api",
            "module.auth_lambda.aws_iam_role.lambda_role",
            "module.auth_lambda.aws_lambda_function.lambda",
            "module.auth_lambda.data.aws_caller_identity.current",
            "module.auth_lambda.data.aws_iam_policy_document.policy_doc",
            "module.auth_lambda.module.repo_ecr_lambda.aws_ecr_repository.this",
            "module.auth_lambda.null_resource.run_script",
            "module.events_queue.aws_sqs_queue.dead_letter_fifo_queue",
            "module.events_queue.aws_sqs_queue.fifo_queue",
            "module.locations_table.aws_dynamodb_table.this",
            "module.notificacoes_lambda.aws_iam_role.lambda_role",
            "module.notificacoes_lambda.aws_lambda_function.lambda",
            "module.notificacoes_lambda.data.aws_caller_identity.current",
            "module.notificacoes_lambda.data.aws_iam_policy_document.policy_doc",
            "module.notificacoes_lambda.module.repo_ecr_lambda.aws_ecr_repository.this",
            "module.notificacoes_lambda.null_resource.run_script",
            "module.notifications_general_topic.aws_sns_topic.this",
            "module.notifications_premium_topic.aws_sns_topic.this",
            "module.notifications_regional_topic.aws_sns_topic.this",
            "module.notifications_table.aws_dynamodb_table.this",
            "module.pedido_ofertas_table.aws_dynamodb_table.this",
            "module.pedidos_lambda.aws_iam_role.lambda_role",
            "module.pedidos_lambda.aws_lambda_function.lambda",
            "module.pedidos_lambda.data.aws_caller_identity.current",
            "module.pedidos_lambda.data.aws_iam_policy_document.policy_doc",
            "module.pedidos_lambda.module.repo_ecr_lambda.aws_ecr_repository.this",
            "module.pedidos_lambda.null_resource.run_script",
            "module.pedidos_table.aws_dynamodb_table.this",
            "module.rastreamento_lambda.aws_iam_role.lambda_role",
            "module.rastreamento_lambda.aws_lambda_function.lambda",
            "module.rastreamento_lambda.data.aws_caller_identity.current",
            "module.rastreamento_lambda.data.aws_iam_policy_document.policy_doc",
            "module.rastreamento_lambda.module.repo_ecr_lambda.aws_ecr_repository.this",
            "module.rastreamento_lambda.null_resource.run_script",
            "module.smart_routing_lambda.aws_iam_role.lambda_role",
            "module.smart_routing_lambda.aws_lambda_function.lambda",
            "module.smart_routing_lambda.data.aws_caller_identity.current",
            "module.smart_routing_lambda.data.aws_iam_policy_document.policy_doc",
            "module.smart_routing_lambda.module.repo_ecr_lambda.aws_ecr_repository.this",
            "module.smart_routing_lambda.null_resource.run_script",
            "module.users_table.aws_dynamodb_table.this",
            "module.usuarios_lambda.aws_iam_role.lambda_role",
            "module.usuarios_lambda.aws_lambda_function.lambda",
            "module.usuarios_lambda.data.aws_caller_identity.current",
            "module.usuarios_lambda.data.aws_iam_policy_document.policy_doc",
            "module.usuarios_lambda.module.repo_ecr_lambda.aws_ecr_repository.this",
            "module.usuarios_lambda.null_resource.run_script",
            "module.websocket_connections_table.aws_dynamodb_table.this",
            "module.websocket_lambda.aws_iam_role.lambda_role",
            "module.websocket_lambda.aws_lambda_function.lambda",
            "module.websocket_lambda.data.aws_caller_identity.current",
            "module.websocket_lambda.data.aws_iam_policy_document.policy_doc",
            "module.websocket_lambda.module.repo_ecr_lambda.aws_ecr_repository.this",
            "module.websocket_lambda.null_resource.run_script"
          ],
          "create_before_destroy": true
        },
        {
          "index_key": "12",
          "schema_version": 0,
          "attributes": {
            "id": "gnorps",
            "parent_id": "w5t2w6",
            "path": "/api/notificacoes/nao-lidas",
            "path_part": "nao-lidas",
            "region": "us-east-1",
            "rest_api_id": "j0dh1wfnjf"
          },
          "sensitive_attributes": [],
          "identity_schema_version": 0,
          "private": "bnVsbA==",
          "dependencies": [
            "aws_apigatewayv2_api.websocket_api",
            "module.api_gateway.aws_api_gateway_resource.base_resources",
            "module.api_gateway.aws_api_gateway_resource.main_resource",
            "module.api_gateway.aws_api_gateway_rest_api.rest_api",
            "module.auth_lambda.aws_iam_role.lambda_role",
            "module.auth_lambda.aws_lambda_function.lambda",
            "module.auth_lambda.data.aws_caller_identity.current",
            "module.auth_lambda.data.aws_iam_policy_document.policy_doc",
            "module.auth_lambda.module.repo_ecr_lambda.aws_ecr_repository.this",
            "module.auth_lambda.null_resource.run_script",
            "module.events_queue.aws_sqs_queue.dead_letter_fifo_queue",
            "module.events_queue.aws_sqs_queue.fifo_queue",
            "module.locations_table.aws_dynamodb_table.this",
            "module.notificacoes_lambda.aws_iam_role.lambda_role",
            "module.notificacoes_lambda.aws_lambda_function.lambda",
            "module.notificacoes_lambda.data.aws_caller_identity.current",
            "module.notificacoes_lambda.data.aws_iam_policy_document.policy_doc",
            "module.notificacoes_lambda.module.repo_ecr_lambda.aws_ecr_repository.this",
            "module.notificacoes_lambda.null_resource.run_script",
            "module.notifications_general_topic.aws_sns_topic.this",
            "module.notifications_premium_topic.aws_sns_topic.this",
            "module.notifications_regional_topic.aws_sns_topic.this",
            "module.notifications_table.aws_dynamodb_table.this",
            "module.pedido_ofertas_table.aws_dynamodb_table.this",
            "module.pedidos_lambda.aws_iam_role.lambda_role",
            "module.pedidos_lambda.aws_lambda_function.lambda",
            "module.pedidos_lambda.data.aws_caller_identity.current",
            "module.pedidos_lambda.data.aws_iam_policy_document.policy_doc",
            "module.pedidos_lambda.module.repo_ecr_lambda.aws_ecr_repository.this",
            "module.pedidos_lambda.null_resource.run_script",
            "module.pedidos_table.aws_dynamodb_table.this",
            "module.rastreamento_lambda.aws_iam_role.lambda_role",
            "module.rastreamento_lambda.aws_lambda_function.lambda",
            "module.rastreamento_lambda.data.aws_caller_identity.current",
            "module.rastreamento_lambda.data.aws_iam_policy_document.policy_doc",
            "module.rastreamento_lambda.module.repo_ecr_lambda.aws_ecr_repository.this",
            "module.rastreamento_lambda.null_resource.run_script",
            "module.smart_routing_lambda.aws_iam_role.lambda_role",
            "module.smart_routing_lambda.aws_lambda_function.lambda",
            "module.smart_routing_lambda.data.aws_caller_identity.current",
            "module.smart_routing_lambda.data.aws_iam_policy_document.policy_doc",
            "module.smart_routing_lambda.module.repo_ecr_lambda.aws_ecr_repository.this",
            "module.smart_routing_lambda.null_resource.run_script",
            "module.users_table.aws_dynamodb_table.this",
            "module.usuarios_lambda.aws_iam_role.lambda_role",
            "module.usuarios_lambda.aws_lambda_function.lambda",
            "module.usuarios_lambda.data.aws_caller_identity.current",
            "module.usuarios_lambda.data.aws_iam_policy_document.policy_doc",
            "module.usuarios_lambda.module.repo_ecr_lambda.aws_ecr_repository.this",
            "module.usuarios_lambda.null_resource.run_script",
            "module.websocket_connections_table.aws_dynamodb_table.this",
            "module.websocket_lambda.aws_iam_role.lambda_role",
            "module.websocket_lambda.aws_lambda_function.lambda",
            "module.websocket_lambda.data.aws_caller_identity.current",
            "module.websocket_lambda.data.aws_iam_policy_document.policy_doc",
            "module.websocket_lambda.module.repo_ecr_lambda.aws_ecr_repository.this",
            "module.websocket_lambda.null_resource.run_script"
          ],
          "create_before_destroy": true
        },
        {
          "index_key": "13",
          "schema_version": 0,
          "attributes": {
            "id": "9rimia",
            "parent_id": "mvmn5b",
            "path": "/api/rastreamento/status-pedido",
            "path_part": "status-pedido",
            "region": "us-east-1",
            "rest_api_id": "j0dh1wfnjf"
          },
          "sensitive_attributes": [],
          "identity_schema_version": 0,
          "private": "bnVsbA==",
          "dependencies": [
            "aws_apigatewayv2_api.websocket_api",
            "module.api_gateway.aws_api_gateway_resource.base_resources",
            "module.api_gateway.aws_api_gateway_resource.main_resource",
            "module.api_gateway.aws_api_gateway_rest_api.rest_api",
            "module.auth_lambda.aws_iam_role.lambda_role",
            "module.auth_lambda.aws_lambda_function.lambda",
            "module.auth_lambda.data.aws_caller_identity.current",
            "module.auth_lambda.data.aws_iam_policy_document.policy_doc",
            "module.auth_lambda.module.repo_ecr_lambda.aws_ecr_repository.this",
            "module.auth_lambda.null_resource.run_script",
            "module.events_queue.aws_sqs_queue.dead_letter_fifo_queue",
            "module.events_queue.aws_sqs_queue.fifo_queue",
            "module.locations_table.aws_dynamodb_table.this",
            "module.notificacoes_lambda.aws_iam_role.lambda_role",
            "module.notificacoes_lambda.aws_lambda_function.lambda",
            "module.notificacoes_lambda.data.aws_caller_identity.current",
            "module.notificacoes_lambda.data.aws_iam_policy_document.policy_doc",
            "module.notificacoes_lambda.module.repo_ecr_lambda.aws_ecr_repository.this",
            "module.notificacoes_lambda.null_resource.run_script",
            "module.notifications_general_topic.aws_sns_topic.this",
            "module.notifications_premium_topic.aws_sns_topic.this",
            "module.notifications_regional_topic.aws_sns_topic.this",
            "module.notifications_table.aws_dynamodb_table.this",
            "module.pedido_ofertas_table.aws_dynamodb_table.this",
            "module.pedidos_lambda.aws_iam_role.lambda_role",
            "module.pedidos_lambda.aws_lambda_function.lambda",
            "module.pedidos_lambda.data.aws_caller_identity.current",
            "module.pedidos_lambda.data.aws_iam_policy_document.policy_doc",
            "module.pedidos_lambda.module.repo_ecr_lambda.aws_ecr_repository.this",
            "module.pedidos_lambda.null_resource.run_script",
            "module.pedidos_table.aws_dynamodb_table.this",
            "module.rastreamento_lambda.aws_iam_role.lambda_role",
            "module.rastreamento_lambda.aws_lambda_function.lambda",
            "module.rastreamento_lambda.data.aws_caller_identity.current",
            "module.rastreamento_lambda.data.aws_iam_policy_document.policy_doc",
            "module.rastreamento_lambda.module.repo_ecr_lambda.aws_ecr_repository.this",
            "module.rastreamento_lambda.null_resource.run_script",
            "module.smart_routing_lambda.aws_iam_role.lambda_role",
            "module.smart_routing_lambda.aws_lambda_function.lambda",
            "module.smart_routing_lambda.data.aws_caller_identity.current",
            "module.smart_routing_lambda.data.aws_iam_policy_document.policy_doc",
            "module.smart_routing_lambda.module.repo_ecr_lambda.aws_ecr_repository.this",
            "module.smart_routing_lambda.null_resource.run_script",
            "module.users_table.aws_dynamodb_table.this",
            "module.usuarios_lambda.aws_iam_role.lambda_role",
            "module.usuarios_lambda.aws_lambda_function.lambda",
            "module.usuarios_lambda.data.aws_caller_identity.current",
            "module.usuarios_lambda.data.aws_iam_policy_document.policy_doc",
            "module.usuarios_lambda.module.repo_ecr_lambda.aws_ecr_repository.this",
            "module.usuarios_lambda.null_resource.run_script",
            "module.websocket_connections_table.aws_dynamodb_table.this",
            "module.websocket_lambda.aws_iam_role.lambda_role",
            "module.websocket_lambda.aws_lambda_function.lambda",
            "module.websocket_lambda.data.aws_caller_identity.current",
            "module.websocket_lambda.data.aws_iam_policy_document.policy_doc",
            "module.websocket_lambda.module.repo_ecr_lambda.aws_ecr_repository.this",
            "module.websocket_lambda.null_resource.run_script"
          ],
          "create_before_destroy": true
        },
        {
          "index_key": "14",
          "schema_version": 0,
          "attributes": {
            "id": "mxp0ne",
            "parent_id": "mvmn5b",
            "path": "/api/rastreamento/historico-pedido",
            "path_part": "historico-pedido",
            "region": "us-east-1",
            "rest_api_id": "j0dh1wfnjf"
          },
          "sensitive_attributes": [],
          "identity_schema_version": 0,
          "private": "bnVsbA==",
          "dependencies": [
            "aws_apigatewayv2_api.websocket_api",
            "module.api_gateway.aws_api_gateway_resource.base_resources",
            "module.api_gateway.aws_api_gateway_resource.main_resource",
            "module.api_gateway.aws_api_gateway_rest_api.rest_api",
            "module.auth_lambda.aws_iam_role.lambda_role",
            "module.auth_lambda.aws_lambda_function.lambda",
            "module.auth_lambda.data.aws_caller_identity.current",
            "module.auth_lambda.data.aws_iam_policy_document.policy_doc",
            "module.auth_lambda.module.repo_ecr_lambda.aws_ecr_repository.this",
            "module.auth_lambda.null_resource.run_script",
            "module.events_queue.aws_sqs_queue.dead_letter_fifo_queue",
            "module.events_queue.aws_sqs_queue.fifo_queue",
            "module.locations_table.aws_dynamodb_table.this",
            "module.notificacoes_lambda.aws_iam_role.lambda_role",
            "module.notificacoes_lambda.aws_lambda_function.lambda",
            "module.notificacoes_lambda.data.aws_caller_identity.current",
            "module.notificacoes_lambda.data.aws_iam_policy_document.policy_doc",
            "module.notificacoes_lambda.module.repo_ecr_lambda.aws_ecr_repository.this",
            "module.notificacoes_lambda.null_resource.run_script",
            "module.notifications_general_topic.aws_sns_topic.this",
            "module.notifications_premium_topic.aws_sns_topic.this",
            "module.notifications_regional_topic.aws_sns_topic.this",
            "module.notifications_table.aws_dynamodb_table.this",
            "module.pedido_ofertas_table.aws_dynamodb_table.this",
            "module.pedidos_lambda.aws_iam_role.lambda_role",
            "module.pedidos_lambda.aws_lambda_function.lambda",
            "module.pedidos_lambda.data.aws_caller_identity.current",
            "module.pedidos_lambda.data.aws_iam_policy_document.policy_doc",
            "module.pedidos_lambda.module.repo_ecr_lambda.aws_ecr_repository.this",
            "module.pedidos_lambda.null_resource.run_script",
            "module.pedidos_table.aws_dynamodb_table.this",
            "module.rastreamento_lambda.aws_iam_role.lambda_role",
            "module.rastreamento_lambda.aws_lambda_function.lambda",
            "module.rastreamento_lambda.data.aws_caller_identity.current",
            "module.rastreamento_lambda.data.aws_iam_policy_document.policy_doc",
            "module.rastreamento_lambda.module.repo_ecr_lambda.aws_ecr_repository.this",
            "module.rastreamento_lambda.null_resource.run_script",
            "module.smart_routing_lambda.aws_iam_role.lambda_role",
            "module.smart_routing_lambda.aws_lambda_function.lambda",
            "module.smart_routing_lambda.data.aws_caller_identity.current",
            "module.smart_routing_lambda.data.aws_iam_policy_document.policy_doc",
            "module.smart_routing_lambda.module.repo_ecr_lambda.aws_ecr_repository.this",
            "module.smart_routing_lambda.null_resource.run_script",
            "module.users_table.aws_dynamodb_table.this",
            "module.usuarios_lambda.aws_iam_role.lambda_role",
            "module.usuarios_lambda.aws_lambda_function.lambda",
            "module.usuarios_lambda.data.aws_caller_identity.current",
            "module.usuarios_lambda.data.aws_iam_policy_document.policy_doc",
            "module.usuarios_lambda.module.repo_ecr_lambda.aws_ecr_repository.this",
            "module.usuarios_lambda.null_resource.run_script",
            "module.websocket_connections_table.aws_dynamodb_table.this",
            "module.websocket_lambda.aws_iam_role.lambda_role",
            "module.websocket_lambda.aws_lambda_function.lambda",
            "module.websocket_lambda.data.aws_caller_identity.current",
            "module.websocket_lambda.data.aws_iam_policy_document.policy_doc",
            "module.websocket_lambda.module.repo_ecr_lambda.aws_ecr_repository.this",
            "module.websocket_lambda.null_resource.run_script"
          ],
          "create_before_destroy": true
        },
        {
          "index_key": "15",
          "schema_version": 0,
          "attributes": {
            "id": "n89qqj",
            "parent_id": "mvmn5b",
            "path": "/api/rastreamento/acao-coleta",
            "path_part": "acao-coleta",
            "region": "us-east-1",
            "rest_api_id": "j0dh1wfnjf"
          },
          "sensitive_attributes": [],
          "identity_schema_version": 0,
          "private": "bnVsbA==",
          "dependencies": [
            "aws_apigatewayv2_api.websocket_api",
            "module.api_gateway.aws_api_gateway_resource.base_resources",
            "module.api_gateway.aws_api_gateway_resource.main_resource",
            "module.api_gateway.aws_api_gateway_rest_api.rest_api",
            "module.auth_lambda.aws_iam_role.lambda_role",
            "module.auth_lambda.aws_lambda_function.lambda",
            "module.auth_lambda.data.aws_caller_identity.current",
            "module.auth_lambda.data.aws_iam_policy_document.policy_doc",
            "module.auth_lambda.module.repo_ecr_lambda.aws_ecr_repository.this",
            "module.auth_lambda.null_resource.run_script",
            "module.events_queue.aws_sqs_queue.dead_letter_fifo_queue",
            "module.events_queue.aws_sqs_queue.fifo_queue",
            "module.locations_table.aws_dynamodb_table.this",
            "module.notificacoes_lambda.aws_iam_role.lambda_role",
            "module.notificacoes_lambda.aws_lambda_function.lambda",
            "module.notificacoes_lambda.data.aws_caller_identity.current",
            "module.notificacoes_lambda.data.aws_iam_policy_document.policy_doc",
            "module.notificacoes_lambda.module.repo_ecr_lambda.aws_ecr_repository.this",
            "module.notificacoes_lambda.null_resource.run_script",
            "module.notifications_general_topic.aws_sns_topic.this",
            "module.notifications_premium_topic.aws_sns_topic.this",
            "module.notifications_regional_topic.aws_sns_topic.this",
            "module.notifications_table.aws_dynamodb_table.this",
            "module.pedido_ofertas_table.aws_dynamodb_table.this",
            "module.pedidos_lambda.aws_iam_role.lambda_role",
            "module.pedidos_lambda.aws_lambda_function.lambda",
            "module.pedidos_lambda.data.aws_caller_identity.current",
            "module.pedidos_lambda.data.aws_iam_policy_document.policy_doc",
            "module.pedidos_lambda.module.repo_ecr_lambda.aws_ecr_repository.this",
            "module.pedidos_lambda.null_resource.run_script",
            "module.pedidos_table.aws_dynamodb_table.this",
            "module.rastreamento_lambda.aws_iam_role.lambda_role",
            "module.rastreamento_lambda.aws_lambda_function.lambda",
            "module.rastreamento_lambda.data.aws_caller_identity.current",
            "module.rastreamento_lambda.data.aws_iam_policy_document.policy_doc",
            "module.rastreamento_lambda.module.repo_ecr_lambda.aws_ecr_repository.this",
            "module.rastreamento_lambda.null_resource.run_script",
            "module.smart_routing_lambda.aws_iam_role.lambda_role",
            "module.smart_routing_lambda.aws_lambda_function.lambda",
            "module.smart_routing_lambda.data.aws_caller_identity.current",
            "module.smart_routing_lambda.data.aws_iam_policy_document.policy_doc",
            "module.smart_routing_lambda.module.repo_ecr_lambda.aws_ecr_repository.this",
            "module.smart_routing_lambda.null_resource.run_script",
            "module.users_table.aws_dynamodb_table.this",
            "module.usuarios_lambda.aws_iam_role.lambda_role",
            "module.usuarios_lambda.aws_lambda_function.lambda",
            "module.usuarios_lambda.data.aws_caller_identity.current",
            "module.usuarios_lambda.data.aws_iam_policy_document.policy_doc",
            "module.usuarios_lambda.module.repo_ecr_lambda.aws_ecr_repository.this",
            "module.usuarios_lambda.null_resource.run_script",
            "module.websocket_connections_table.aws_dynamodb_table.this",
            "module.websocket_lambda.aws_iam_role.lambda_role",
            "module.websocket_lambda.aws_lambda_function.lambda",
            "module.websocket_lambda.data.aws_caller_identity.current",
            "module.websocket_lambda.data.aws_iam_policy_document.policy_doc",
            "module.websocket_lambda.module.repo_ecr_lambda.aws_ecr_repository.this",
            "module.websocket_lambda.null_resource.run_script"
          ],
          "create_before_destroy": true
        },
        {
          "index_key": "16",
          "schema_version": 0,
          "attributes": {
            "id": "gb41n9",
            "parent_id": "mvmn5b",
            "path": "/api/rastreamento/acao-entrega",
            "path_part": "acao-entrega",
            "region": "us-east-1",
            "rest_api_id": "j0dh1wfnjf"
          },
          "sensitive_attributes": [],
          "identity_schema_version": 0,
          "private": "bnVsbA==",
          "dependencies": [
            "aws_apigatewayv2_api.websocket_api",
            "module.api_gateway.aws_api_gateway_resource.base_resources",
            "module.api_gateway.aws_api_gateway_resource.main_resource",
            "module.api_gateway.aws_api_gateway_rest_api.rest_api",
            "module.auth_lambda.aws_iam_role.lambda_role",
            "module.auth_lambda.aws_lambda_function.lambda",
            "module.auth_lambda.data.aws_caller_identity.current",
            "module.auth_lambda.data.aws_iam_policy_document.policy_doc",
            "module.auth_lambda.module.repo_ecr_lambda.aws_ecr_repository.this",
            "module.auth_lambda.null_resource.run_script",
            "module.events_queue.aws_sqs_queue.dead_letter_fifo_queue",
            "module.events_queue.aws_sqs_queue.fifo_queue",
            "module.locations_table.aws_dynamodb_table.this",
            "module.notificacoes_lambda.aws_iam_role.lambda_role",
            "module.notificacoes_lambda.aws_lambda_function.lambda",
            "module.notificacoes_lambda.data.aws_caller_identity.current",
            "module.notificacoes_lambda.data.aws_iam_policy_document.policy_doc",
            "module.notificacoes_lambda.module.repo_ecr_lambda.aws_ecr_repository.this",
            "module.notificacoes_lambda.null_resource.run_script",
            "module.notifications_general_topic.aws_sns_topic.this",
            "module.notifications_premium_topic.aws_sns_topic.this",
            "module.notifications_regional_topic.aws_sns_topic.this",
            "module.notifications_table.aws_dynamodb_table.this",
            "module.pedido_ofertas_table.aws_dynamodb_table.this",
            "module.pedidos_lambda.aws_iam_role.lambda_role",
            "module.pedidos_lambda.aws_lambda_function.lambda",
            "module.pedidos_lambda.data.aws_caller_identity.current",
            "module.pedidos_lambda.data.aws_iam_policy_document.policy_doc",
            "module.pedidos_lambda.module.repo_ecr_lambda.aws_ecr_repository.this",
            "module.pedidos_lambda.null_resource.run_script",
            "module.pedidos_table.aws_dynamodb_table.this",
            "module.rastreamento_lambda.aws_iam_role.lambda_role",
            "module.rastreamento_lambda.aws_lambda_function.lambda",
            "module.rastreamento_lambda.data.aws_caller_identity.current",
            "module.rastreamento_lambda.data.aws_iam_policy_document.policy_doc",
            "module.rastreamento_lambda.module.repo_ecr_lambda.aws_ecr_repository.this",
            "module.rastreamento_lambda.null_resource.run_script",
            "module.smart_routing_lambda.aws_iam_role.lambda_role",
            "module.smart_routing_lambda.aws_lambda_function.lambda",
            "module.smart_routing_lambda.data.aws_caller_identity.current",
            "module.smart_routing_lambda.data.aws_iam_policy_document.policy_doc",
            "module.smart_routing_lambda.module.repo_ecr_lambda.aws_ecr_repository.this",
            "module.smart_routing_lambda.null_resource.run_script",
            "module.users_table.aws_dynamodb_table.this",
            "module.usuarios_lambda.aws_iam_role.lambda_role",
            "module.usuarios_lambda.aws_lambda_function.lambda",
            "module.usuarios_lambda.data.aws_caller_identity.current",
            "module.usuarios_lambda.data.aws_iam_policy_document.policy_doc",
            "module.usuarios_lambda.module.repo_ecr_lambda.aws_ecr_repository.this",
            "module.usuarios_lambda.null_resource.run_script",
            "module.websocket_connections_table.aws_dynamodb_table.this",
            "module.websocket_lambda.aws_iam_role.lambda_role",
            "module.websocket_lambda.aws_lambda_function.lambda",
            "module.websocket_lambda.data.aws_caller_identity.current",
            "module.websocket_lambda.data.aws_iam_policy_document.policy_doc",
            "module.websocket_lambda.module.repo_ecr_lambda.aws_ecr_repository.this",
            "module.websocket_lambda.null_resource.run_script"
          ],
          "create_before_destroy": true
        },
        {
          "index_key": "17",
          "schema_version": 0,
          "attributes": {
            "id": "r0qkqo",
            "parent_id": "mvmn5b",
            "path": "/api/rastreamento/registrar-localizacao",
            "path_part": "registrar-localizacao",
            "region": "us-east-1",
            "rest_api_id": "j0dh1wfnjf"
          },
          "sensitive_attributes": [],
          "identity_schema_version": 0,
          "private": "bnVsbA==",
          "dependencies": [
            "aws_apigatewayv2_api.websocket_api",
            "module.api_gateway.aws_api_gateway_resource.base_resources",
            "module.api_gateway.aws_api_gateway_resource.main_resource",
            "module.api_gateway.aws_api_gateway_rest_api.rest_api",
            "module.auth_lambda.aws_iam_role.lambda_role",
            "module.auth_lambda.aws_lambda_function.lambda",
            "module.auth_lambda.data.aws_caller_identity.current",
            "module.auth_lambda.data.aws_iam_policy_document.policy_doc",
            "module.auth_lambda.module.repo_ecr_lambda.aws_ecr_repository.this",
            "module.auth_lambda.null_resource.run_script",
            "module.events_queue.aws_sqs_queue.dead_letter_fifo_queue",
            "module.events_queue.aws_sqs_queue.fifo_queue",
            "module.locations_table.aws_dynamodb_table.this",
            "module.notificacoes_lambda.aws_iam_role.lambda_role",
            "module.notificacoes_lambda.aws_lambda_function.lambda",
            "module.notificacoes_lambda.data.aws_caller_identity.current",
            "module.notificacoes_lambda.data.aws_iam_policy_document.policy_doc",
            "module.notificacoes_lambda.module.repo_ecr_lambda.aws_ecr_repository.this",
            "module.notificacoes_lambda.null_resource.run_script",
            "module.notifications_general_topic.aws_sns_topic.this",
            "module.notifications_premium_topic.aws_sns_topic.this",
            "module.notifications_regional_topic.aws_sns_topic.this",
            "module.notifications_table.aws_dynamodb_table.this",
            "module.pedido_ofertas_table.aws_dynamodb_table.this",
            "module.pedidos_lambda.aws_iam_role.lambda_role",
            "module.pedidos_lambda.aws_lambda_function.lambda",
            "module.pedidos_lambda.data.aws_caller_identity.current",
            "module.pedidos_lambda.data.aws_iam_policy_document.policy_doc",
            "module.pedidos_lambda.module.repo_ecr_lambda.aws_ecr_repository.this",
            "module.pedidos_lambda.null_resource.run_script",
            "module.pedidos_table.aws_dynamodb_table.this",
            "module.rastreamento_lambda.aws_iam_role.lambda_role",
            "module.rastreamento_lambda.aws_lambda_function.lambda",
            "module.rastreamento_lambda.data.aws_caller_identity.current",
            "module.rastreamento_lambda.data.aws_iam_policy_document.policy_doc",
            "module.rastreamento_lambda.module.repo_ecr_lambda.aws_ecr_repository.this",
            "module.rastreamento_lambda.null_resource.run_script",
            "module.smart_routing_lambda.aws_iam_role.lambda_role",
            "module.smart_routing_lambda.aws_lambda_function.lambda",
            "module.smart_routing_lambda.data.aws_caller_identity.current",
            "module.smart_routing_lambda.data.aws_iam_policy_document.policy_doc",
            "module.smart_routing_lambda.module.repo_ecr_lambda.aws_ecr_repository.this",
            "module.smart_routing_lambda.null_resource.run_script",
            "module.users_table.aws_dynamodb_table.this",
            "module.usuarios_lambda.aws_iam_role.lambda_role",
            "module.usuarios_lambda.aws_lambda_function.lambda",
            "module.usuarios_lambda.data.aws_caller_identity.current",
            "module.usuarios_lambda.data.aws_iam_policy_document.policy_doc",
            "module.usuarios_lambda.module.repo_ecr_lambda.aws_ecr_repository.this",
            "module.usuarios_lambda.null_resource.run_script",
            "module.websocket_connections_table.aws_dynamodb_table.this",
            "module.websocket_lambda.aws_iam_role.lambda_role",
            "module.websocket_lambda.aws_lambda_function.lambda",
            "module.websocket_lambda.data.aws_caller_identity.current",
            "module.websocket_lambda.data.aws_iam_policy_document.policy_doc",
            "module.websocket_lambda.module.repo_ecr_lambda.aws_ecr_repository.this",
            "module.websocket_lambda.null_resource.run_script"
          ],
          "create_before_destroy": true
        },
        {
          "index_key": "18",
          "schema_version": 0,
          "attributes": {
            "id": "vada4z",
            "parent_id": "mvmn5b",
            "path": "/api/rastreamento/motorista",
            "path_part": "motorista",
            "region": "us-east-1",
            "rest_api_id": "j0dh1wfnjf"
          },
          "sensitive_attributes": [],
          "identity_schema_version": 0,
          "private": "bnVsbA==",
          "dependencies": [
            "aws_apigatewayv2_api.websocket_api",
            "module.api_gateway.aws_api_gateway_resource.base_resources",
            "module.api_gateway.aws_api_gateway_resource.main_resource",
            "module.api_gateway.aws_api_gateway_rest_api.rest_api",
            "module.auth_lambda.aws_iam_role.lambda_role",
            "module.auth_lambda.aws_lambda_function.lambda",
            "module.auth_lambda.data.aws_caller_identity.current",
            "module.auth_lambda.data.aws_iam_policy_document.policy_doc",
            "module.auth_lambda.module.repo_ecr_lambda.aws_ecr_repository.this",
            "module.auth_lambda.null_resource.run_script",
            "module.events_queue.aws_sqs_queue.dead_letter_fifo_queue",
            "module.events_queue.aws_sqs_queue.fifo_queue",
            "module.locations_table.aws_dynamodb_table.this",
            "module.notificacoes_lambda.aws_iam_role.lambda_role",
            "module.notificacoes_lambda.aws_lambda_function.lambda",
            "module.notificacoes_lambda.data.aws_caller_identity.current",
            "module.notificacoes_lambda.data.aws_iam_policy_document.policy_doc",
            "module.notificacoes_lambda.module.repo_ecr_lambda.aws_ecr_repository.this",
            "module.notificacoes_lambda.null_resource.run_script",
            "module.notifications_general_topic.aws_sns_topic.this",
            "module.notifications_premium_topic.aws_sns_topic.this",
            "module.notifications_regional_topic.aws_sns_topic.this",
            "module.notifications_table.aws_dynamodb_table.this",
            "module.pedido_ofertas_table.aws_dynamodb_table.this",
            "module.pedidos_lambda.aws_iam_role.lambda_role",
            "module.pedidos_lambda.aws_lambda_function.lambda",
            "module.pedidos_lambda.data.aws_caller_identity.current",
            "module.pedidos_lambda.data.aws_iam_policy_document.policy_doc",
            "module.pedidos_lambda.module.repo_ecr_lambda.aws_ecr_repository.this",
            "module.pedidos_lambda.null_resource.run_script",
            "module.pedidos_table.aws_dynamodb_table.this",
            "module.rastreamento_lambda.aws_iam_role.lambda_role",
            "module.rastreamento_lambda.aws_lambda_function.lambda",
            "module.rastreamento_lambda.data.aws_caller_identity.current",
            "module.rastreamento_lambda.data.aws_iam_policy_document.policy_doc",
            "module.rastreamento_lambda.module.repo_ecr_lambda.aws_ecr_repository.this",
            "module.rastreamento_lambda.null_resource.run_script",
            "module.smart_routing_lambda.aws_iam_role.lambda_role",
            "module.smart_routing_lambda.aws_lambda_function.lambda",
            "module.smart_routing_lambda.data.aws_caller_identity.current",
            "module.smart_routing_lambda.data.aws_iam_policy_document.policy_doc",
            "module.smart_routing_lambda.module.repo_ecr_lambda.aws_ecr_repository.this",
            "module.smart_routing_lambda.null_resource.run_script",
            "module.users_table.aws_dynamodb_table.this",
            "module.usuarios_lambda.aws_iam_role.lambda_role",
            "module.usuarios_lambda.aws_lambda_function.lambda",
            "module.usuarios_lambda.data.aws_caller_identity.current",
            "module.usuarios_lambda.data.aws_iam_policy_document.policy_doc",
            "module.usuarios_lambda.module.repo_ecr_lambda.aws_ecr_repository.this",
            "module.usuarios_lambda.null_resource.run_script",
            "module.websocket_connections_table.aws_dynamodb_table.this",
            "module.websocket_lambda.aws_iam_role.lambda_role",
            "module.websocket_lambda.aws_lambda_function.lambda",
            "module.websocket_lambda.data.aws_caller_identity.current",
            "module.websocket_lambda.data.aws_iam_policy_document.policy_doc",
            "module.websocket_lambda.module.repo_ecr_lambda.aws_ecr_repository.this",
            "module.websocket_lambda.null_resource.run_script"
          ],
          "create_before_destroy": true
        },
        {
          "index_key": "19",
          "schema_version": 0,
          "attributes": {
            "id": "9ymczn",
            "parent_id": "x4ngsm",
            "path": "/api/smart-routing/buscar-motoristas",
            "path_part": "buscar-motoristas",
            "region": "us-east-1",
            "rest_api_id": "j0dh1wfnjf"
          },
          "sensitive_attributes": [],
          "identity_schema_version": 0,
          "private": "bnVsbA==",
          "dependencies": [
            "aws_apigatewayv2_api.websocket_api",
            "module.api_gateway.aws_api_gateway_resource.base_resources",
            "module.api_gateway.aws_api_gateway_resource.main_resource",
            "module.api_gateway.aws_api_gateway_rest_api.rest_api",
            "module.auth_lambda.aws_iam_role.lambda_role",
            "module.auth_lambda.aws_lambda_function.lambda",
            "module.auth_lambda.data.aws_caller_identity.current",
            "module.auth_lambda.data.aws_iam_policy_document.policy_doc",
            "module.auth_lambda.module.repo_ecr_lambda.aws_ecr_repository.this",
            "module.auth_lambda.null_resource.run_script",
            "module.events_queue.aws_sqs_queue.dead_letter_fifo_queue",
            "module.events_queue.aws_sqs_queue.fifo_queue",
            "module.locations_table.aws_dynamodb_table.this",
            "module.notificacoes_lambda.aws_iam_role.lambda_role",
            "module.notificacoes_lambda.aws_lambda_function.lambda",
            "module.notificacoes_lambda.data.aws_caller_identity.current",
            "module.notificacoes_lambda.data.aws_iam_policy_document.policy_doc",
            "module.notificacoes_lambda.module.repo_ecr_lambda.aws_ecr_repository.this",
            "module.notificacoes_lambda.null_resource.run_script",
            "module.notifications_general_topic.aws_sns_topic.this",
            "module.notifications_premium_topic.aws_sns_topic.this",
            "module.notifications_regional_topic.aws_sns_topic.this",
            "module.notifications_table.aws_dynamodb_table.this",
            "module.pedido_ofertas_table.aws_dynamodb_table.this",
            "module.pedidos_lambda.aws_iam_role.lambda_role",
            "module.pedidos_lambda.aws_lambda_function.lambda",
            "module.pedidos_lambda.data.aws_caller_identity.current",
            "module.pedidos_lambda.data.aws_iam_policy_document.policy_doc",
            "module.pedidos_lambda.module.repo_ecr_lambda.aws_ecr_repository.this",
            "module.pedidos_lambda.null_resource.run_script",
            "module.pedidos_table.aws_dynamodb_table.this",
            "module.rastreamento_lambda.aws_iam_role.lambda_role",
            "module.rastreamento_lambda.aws_lambda_function.lambda",
            "module.rastreamento_lambda.data.aws_caller_identity.current",
            "module.rastreamento_lambda.data.aws_iam_policy_document.policy_doc",
            "module.rastreamento_lambda.module.repo_ecr_lambda.aws_ecr_repository.this",
            "module.rastreamento_lambda.null_resource.run_script",
            "module.smart_routing_lambda.aws_iam_role.lambda_role",
            "module.smart_routing_lambda.aws_lambda_function.lambda",
            "module.smart_routing_lambda.data.aws_caller_identity.current",
            "module.smart_routing_lambda.data.aws_iam_policy_document.policy_doc",
            "module.smart_routing_lambda.module.repo_ecr_lambda.aws_ecr_repository.this",
            "module.smart_routing_lambda.null_resource.run_script",
            "module.users_table.aws_dynamodb_table.this",
            "module.usuarios_lambda.aws_iam_role.lambda_role",
            "module.usuarios_lambda.aws_lambda_function.lambda",
            "module.usuarios_lambda.data.aws_caller_identity.current",
            "module.usuarios_lambda.data.aws_iam_policy_document.policy_doc",
            "module.usuarios_lambda.module.repo_ecr_lambda.aws_ecr_repository.this",
            "module.usuarios_lambda.null_resource.run_script",
            "module.websocket_connections_table.aws_dynamodb_table.this",
            "module.websocket_lambda.aws_iam_role.lambda_role",
            "module.websocket_lambda.aws_lambda_function.lambda",
            "module.websocket_lambda.data.aws_caller_identity.current",
            "module.websocket_lambda.data.aws_iam_policy_document.policy_doc",
            "module.websocket_lambda.module.repo_ecr_lambda.aws_ecr_repository.this",
            "module.websocket_lambda.null_resource.run_script"
          ],
          "create_before_destroy": true
        },
        {
          "index_key": "2",
          "schema_version": 0,
          "attributes": {
            "id": "kyjg5k",
            "parent_id": "rtyr07",
            "path": "/api/auth/registro-motorista",
            "path_part": "registro-motorista",
            "region": "us-east-1",
            "rest_api_id": "j0dh1wfnjf"
          },
          "sensitive_attributes": [],
          "identity_schema_version": 0,
          "private": "bnVsbA==",
          "dependencies": [
            "aws_apigatewayv2_api.websocket_api",
            "module.api_gateway.aws_api_gateway_resource.base_resources",
            "module.api_gateway.aws_api_gateway_resource.main_resource",
            "module.api_gateway.aws_api_gateway_rest_api.rest_api",
            "module.auth_lambda.aws_iam_role.lambda_role",
            "module.auth_lambda.aws_lambda_function.lambda",
            "module.auth_lambda.data.aws_caller_identity.current",
            "module.auth_lambda.data.aws_iam_policy_document.policy_doc",
            "module.auth_lambda.module.repo_ecr_lambda.aws_ecr_repository.this",
            "module.auth_lambda.null_resource.run_script",
            "module.events_queue.aws_sqs_queue.dead_letter_fifo_queue",
            "module.events_queue.aws_sqs_queue.fifo_queue",
            "module.locations_table.aws_dynamodb_table.this",
            "module.notificacoes_lambda.aws_iam_role.lambda_role",
            "module.notificacoes_lambda.aws_lambda_function.lambda",
            "module.notificacoes_lambda.data.aws_caller_identity.current",
            "module.notificacoes_lambda.data.aws_iam_policy_document.policy_doc",
            "module.notificacoes_lambda.module.repo_ecr_lambda.aws_ecr_repository.this",
            "module.notificacoes_lambda.null_resource.run_script",
            "module.notifications_general_topic.aws_sns_topic.this",
            "module.notifications_premium_topic.aws_sns_topic.this",
            "module.notifications_regional_topic.aws_sns_topic.this",
            "module.notifications_table.aws_dynamodb_table.this",
            "module.pedido_ofertas_table.aws_dynamodb_table.this",
            "module.pedidos_lambda.aws_iam_role.lambda_role",
            "module.pedidos_lambda.aws_lambda_function.lambda",
            "module.pedidos_lambda.data.aws_caller_identity.current",
            "module.pedidos_lambda.data.aws_iam_policy_document.policy_doc",
            "module.pedidos_lambda.module.repo_ecr_lambda.aws_ecr_repository.this",
            "module.pedidos_lambda.null_resource.run_script",
            "module.pedidos_table.aws_dynamodb_table.this",
            "module.rastreamento_lambda.aws_iam_role.lambda_role",
            "module.rastreamento_lambda.aws_lambda_function.lambda",
            "module.rastreamento_lambda.data.aws_caller_identity.current",
            "module.rastreamento_lambda.data.aws_iam_policy_document.policy_doc",
            "module.rastreamento_lambda.module.repo_ecr_lambda.aws_ecr_repository.this",
            "module.rastreamento_lambda.null_resource.run_script",
            "module.smart_routing_lambda.aws_iam_role.lambda_role",
            "module.smart_routing_lambda.aws_lambda_function.lambda",
            "module.smart_routing_lambda.data.aws_caller_identity.current",
            "module.smart_routing_lambda.data.aws_iam_policy_document.policy_doc",
            "module.smart_routing_lambda.module.repo_ecr_lambda.aws_ecr_repository.this",
            "module.smart_routing_lambda.null_resource.run_script",
            "module.users_table.aws_dynamodb_table.this",
            "module.usuarios_lambda.aws_iam_role.lambda_role",
            "module.usuarios_lambda.aws_lambda_function.lambda",
            "module.usuarios_lambda.data.aws_caller_identity.current",
            "module.usuarios_lambda.data.aws_iam_policy_document.policy_doc",
            "module.usuarios_lambda.module.repo_ecr_lambda.aws_ecr_repository.this",
            "module.usuarios_lambda.null_resource.run_script",
            "module.websocket_connections_table.aws_dynamodb_table.this",
            "module.websocket_lambda.aws_iam_role.lambda_role",
            "module.websocket_lambda.aws_lambda_function.lambda",
            "module.websocket_lambda.data.aws_caller_identity.current",
            "module.websocket_lambda.data.aws_iam_policy_document.policy_doc",
            "module.websocket_lambda.module.repo_ecr_lambda.aws_ecr_repository.this",
            "module.websocket_lambda.null_resource.run_script"
          ],
          "create_before_destroy": true
        },
        {
          "index_key": "20",
          "schema_version": 0,
          "attributes": {
            "id": "7yjafu",
            "parent_id": "x4ngsm",
            "path": "/api/smart-routing/oferta-motorista",
            "path_part": "oferta-motorista",
            "region": "us-east-1",
            "rest_api_id": "j0dh1wfnjf"
          },
          "sensitive_attributes": [],
          "identity_schema_version": 0,
          "private": "bnVsbA==",
          "dependencies": [
            "aws_apigatewayv2_api.websocket_api",
            "module.api_gateway.aws_api_gateway_resource.base_resources",
            "module.api_gateway.aws_api_gateway_resource.main_resource",
            "module.api_gateway.aws_api_gateway_rest_api.rest_api",
            "module.auth_lambda.aws_iam_role.lambda_role",
            "module.auth_lambda.aws_lambda_function.lambda",
            "module.auth_lambda.data.aws_caller_identity.current",
            "module.auth_lambda.data.aws_iam_policy_document.policy_doc",
            "module.auth_lambda.module.repo_ecr_lambda.aws_ecr_repository.this",
            "module.auth_lambda.null_resource.run_script",
            "module.events_queue.aws_sqs_queue.dead_letter_fifo_queue",
            "module.events_queue.aws_sqs_queue.fifo_queue",
            "module.locations_table.aws_dynamodb_table.this",
            "module.notificacoes_lambda.aws_iam_role.lambda_role",
            "module.notificacoes_lambda.aws_lambda_function.lambda",
            "module.notificacoes_lambda.data.aws_caller_identity.current",
            "module.notificacoes_lambda.data.aws_iam_policy_document.policy_doc",
            "module.notificacoes_lambda.module.repo_ecr_lambda.aws_ecr_repository.this",
            "module.notificacoes_lambda.null_resource.run_script",
            "module.notifications_general_topic.aws_sns_topic.this",
            "module.notifications_premium_topic.aws_sns_topic.this",
            "module.notifications_regional_topic.aws_sns_topic.this",
            "module.notifications_table.aws_dynamodb_table.this",
            "module.pedido_ofertas_table.aws_dynamodb_table.this",
            "module.pedidos_lambda.aws_iam_role.lambda_role",
            "module.pedidos_lambda.aws_lambda_function.lambda",
            "module.pedidos_lambda.data.aws_caller_identity.current",
            "module.pedidos_lambda.data.aws_iam_policy_document.policy_doc",
            "module.pedidos_lambda.module.repo_ecr_lambda.aws_ecr_repository.this",
            "module.pedidos_lambda.null_resource.run_script",
            "module.pedidos_table.aws_dynamodb_table.this",
            "module.rastreamento_lambda.aws_iam_role.lambda_role",
            "module.rastreamento_lambda.aws_lambda_function.lambda",
            "module.rastreamento_lambda.data.aws_caller_identity.current",
            "module.rastreamento_lambda.data.aws_iam_policy_document.policy_doc",
            "module.rastreamento_lambda.module.repo_ecr_lambda.aws_ecr_repository.this",
            "module.rastreamento_lambda.null_resource.run_script",
            "module.smart_routing_lambda.aws_iam_role.lambda_role",
            "module.smart_routing_lambda.aws_lambda_function.lambda",
            "module.smart_routing_lambda.data.aws_caller_identity.current",
            "module.smart_routing_lambda.data.aws_iam_policy_document.policy_doc",
            "module.smart_routing_lambda.module.repo_ecr_lambda.aws_ecr_repository.this",
            "module.smart_routing_lambda.null_resource.run_script",
            "module.users_table.aws_dynamodb_table.this",
            "module.usuarios_lambda.aws_iam_role.lambda_role",
            "module.usuarios_lambda.aws_lambda_function.lambda",
            "module.usuarios_lambda.data.aws_caller_identity.current",
            "module.usuarios_lambda.data.aws_iam_policy_document.policy_doc",
            "module.usuarios_lambda.module.repo_ecr_lambda.aws_ecr_repository.this",
            "module.usuarios_lambda.null_resource.run_script",
            "module.websocket_connections_table.aws_dynamodb_table.this",
            "module.websocket_lambda.aws_iam_role.lambda_role",
            "module.websocket_lambda.aws_lambda_function.lambda",
            "module.websocket_lambda.data.aws_caller_identity.current",
            "module.websocket_lambda.data.aws_iam_policy_document.policy_doc",
            "module.websocket_lambda.module.repo_ecr_lambda.aws_ecr_repository.this",
            "module.websocket_lambda.null_resource.run_script"
          ],
          "create_before_destroy": true
        },
        {
          "index_key": "21",
          "schema_version": 0,
          "attributes": {
            "id": "dqd07z",
            "parent_id": "x4ngsm",
            "path": "/api/smart-routing/oferta-aceitar",
            "path_part": "oferta-aceitar",
            "region": "us-east-1",
            "rest_api_id": "j0dh1wfnjf"
          },
          "sensitive_attributes": [],
          "identity_schema_version": 0,
          "private": "bnVsbA==",
          "dependencies": [
            "aws_apigatewayv2_api.websocket_api",
            "module.api_gateway.aws_api_gateway_resource.base_resources",
            "module.api_gateway.aws_api_gateway_resource.main_resource",
            "module.api_gateway.aws_api_gateway_rest_api.rest_api",
            "module.auth_lambda.aws_iam_role.lambda_role",
            "module.auth_lambda.aws_lambda_function.lambda",
            "module.auth_lambda.data.aws_caller_identity.current",
            "module.auth_lambda.data.aws_iam_policy_document.policy_doc",
            "module.auth_lambda.module.repo_ecr_lambda.aws_ecr_repository.this",
            "module.auth_lambda.null_resource.run_script",
            "module.events_queue.aws_sqs_queue.dead_letter_fifo_queue",
            "module.events_queue.aws_sqs_queue.fifo_queue",
            "module.locations_table.aws_dynamodb_table.this",
            "module.notificacoes_lambda.aws_iam_role.lambda_role",
            "module.notificacoes_lambda.aws_lambda_function.lambda",
            "module.notificacoes_lambda.data.aws_caller_identity.current",
            "module.notificacoes_lambda.data.aws_iam_policy_document.policy_doc",
            "module.notificacoes_lambda.module.repo_ecr_lambda.aws_ecr_repository.this",
            "module.notificacoes_lambda.null_resource.run_script",
            "module.notifications_general_topic.aws_sns_topic.this",
            "module.notifications_premium_topic.aws_sns_topic.this",
            "module.notifications_regional_topic.aws_sns_topic.this",
            "module.notifications_table.aws_dynamodb_table.this",
            "module.pedido_ofertas_table.aws_dynamodb_table.this",
            "module.pedidos_lambda.aws_iam_role.lambda_role",
            "module.pedidos_lambda.aws_lambda_function.lambda",
            "module.pedidos_lambda.data.aws_caller_identity.current",
            "module.pedidos_lambda.data.aws_iam_policy_document.policy_doc",
            "module.pedidos_lambda.module.repo_ecr_lambda.aws_ecr_repository.this",
            "module.pedidos_lambda.null_resource.run_script",
            "module.pedidos_table.aws_dynamodb_table.this",
            "module.rastreamento_lambda.aws_iam_role.lambda_role",
            "module.rastreamento_lambda.aws_lambda_function.lambda",
            "module.rastreamento_lambda.data.aws_caller_identity.current",
            "module.rastreamento_lambda.data.aws_iam_policy_document.policy_doc",
            "module.rastreamento_lambda.module.repo_ecr_lambda.aws_ecr_repository.this",
            "module.rastreamento_lambda.null_resource.run_script",
            "module.smart_routing_lambda.aws_iam_role.lambda_role",
            "module.smart_routing_lambda.aws_lambda_function.lambda",
            "module.smart_routing_lambda.data.aws_caller_identity.current",
            "module.smart_routing_lambda.data.aws_iam_policy_document.policy_doc",
            "module.smart_routing_lambda.module.repo_ecr_lambda.aws_ecr_repository.this",
            "module.smart_routing_lambda.null_resource.run_script",
            "module.users_table.aws_dynamodb_table.this",
            "module.usuarios_lambda.aws_iam_role.lambda_role",
            "module.usuarios_lambda.aws_lambda_function.lambda",
            "module.usuarios_lambda.data.aws_caller_identity.current",
            "module.usuarios_lambda.data.aws_iam_policy_document.policy_doc",
            "module.usuarios_lambda.module.repo_ecr_lambda.aws_ecr_repository.this",
            "module.usuarios_lambda.null_resource.run_script",
            "module.websocket_connections_table.aws_dynamodb_table.this",
            "module.websocket_lambda.aws_iam_role.lambda_role",
            "module.websocket_lambda.aws_lambda_function.lambda",
            "module.websocket_lambda.data.aws_caller_identity.current",
            "module.websocket_lambda.data.aws_iam_policy_document.policy_doc",
            "module.websocket_lambda.module.repo_ecr_lambda.aws_ecr_repository.this",
            "module.websocket_lambda.null_resource.run_script"
          ],
          "create_before_destroy": true
        },
        {
          "index_key": "22",
          "schema_version": 0,
          "attributes": {
            "id": "7pue4j",
            "parent_id": "x4ngsm",
            "path": "/api/smart-routing/oferta-rejeitar",
            "path_part": "oferta-rejeitar",
            "region": "us-east-1",
            "rest_api_id": "j0dh1wfnjf"
          },
          "sensitive_attributes": [],
          "identity_schema_version": 0,
          "private": "bnVsbA==",
          "dependencies": [
            "aws_apigatewayv2_api.websocket_api",
            "module.api_gateway.aws_api_gateway_resource.base_resources",
            "module.api_gateway.aws_api_gateway_resource.main_resource",
            "module.api_gateway.aws_api_gateway_rest_api.rest_api",
            "module.auth_lambda.aws_iam_role.lambda_role",
            "module.auth_lambda.aws_lambda_function.lambda",
            "module.auth_lambda.data.aws_caller_identity.current",
            "module.auth_lambda.data.aws_iam_policy_document.policy_doc",
            "module.auth_lambda.module.repo_ecr_lambda.aws_ecr_repository.this",
            "module.auth_lambda.null_resource.run_script",
            "module.events_queue.aws_sqs_queue.dead_letter_fifo_queue",
            "module.events_queue.aws_sqs_queue.fifo_queue",
            "module.locations_table.aws_dynamodb_table.this",
            "module.notificacoes_lambda.aws_iam_role.lambda_role",
            "module.notificacoes_lambda.aws_lambda_function.lambda",
            "module.notificacoes_lambda.data.aws_caller_identity.current",
            "module.notificacoes_lambda.data.aws_iam_policy_document.policy_doc",
            "module.notificacoes_lambda.module.repo_ecr_lambda.aws_ecr_repository.this",
            "module.notificacoes_lambda.null_resource.run_script",
            "module.notifications_general_topic.aws_sns_topic.this",
            "module.notifications_premium_topic.aws_sns_topic.this",
            "module.notifications_regional_topic.aws_sns_topic.this",
            "module.notifications_table.aws_dynamodb_table.this",
            "module.pedido_ofertas_table.aws_dynamodb_table.this",
            "module.pedidos_lambda.aws_iam_role.lambda_role",
            "module.pedidos_lambda.aws_lambda_function.lambda",
            "module.pedidos_lambda.data.aws_caller_identity.current",
            "module.pedidos_lambda.data.aws_iam_policy_document.policy_doc",
            "module.pedidos_lambda.module.repo_ecr_lambda.aws_ecr_repository.this",
            "module.pedidos_lambda.null_resource.run_script",
            "module.pedidos_table.aws_dynamodb_table.this",
            "module.rastreamento_lambda.aws_iam_role.lambda_role",
            "module.rastreamento_lambda.aws_lambda_function.lambda",
            "module.rastreamento_lambda.data.aws_caller_identity.current",
            "module.rastreamento_lambda.data.aws_iam_policy_document.policy_doc",
            "module.rastreamento_lambda.module.repo_ecr_lambda.aws_ecr_repository.this",
            "module.rastreamento_lambda.null_resource.run_script",
            "module.smart_routing_lambda.aws_iam_role.lambda_role",
            "module.smart_routing_lambda.aws_lambda_function.lambda",
            "module.smart_routing_lambda.data.aws_caller_identity.current",
            "module.smart_routing_lambda.data.aws_iam_policy_document.policy_doc",
            "module.smart_routing_lambda.module.repo_ecr_lambda.aws_ecr_repository.this",
            "module.smart_routing_lambda.null_resource.run_script",
            "module.users_table.aws_dynamodb_table.this",
            "module.usuarios_lambda.aws_iam_role.lambda_role",
            "module.usuarios_lambda.aws_lambda_function.lambda",
            "module.usuarios_lambda.data.aws_caller_identity.current",
            "module.usuarios_lambda.data.aws_iam_policy_document.policy_doc",
            "module.usuarios_lambda.module.repo_ecr_lambda.aws_ecr_repository.this",
            "module.usuarios_lambda.null_resource.run_script",
            "module.websocket_connections_table.aws_dynamodb_table.this",
            "module.websocket_lambda.aws_iam_role.lambda_role",
            "module.websocket_lambda.aws_lambda_function.lambda",
            "module.websocket_lambda.data.aws_caller_identity.current",
            "module.websocket_lambda.data.aws_iam_policy_document.policy_doc",
            "module.websocket_lambda.module.repo_ecr_lambda.aws_ecr_repository.this",
            "module.websocket_lambda.null_resource.run_script"
          ],
          "create_before_destroy": true
        },
        {
          "index_key": "23",
          "schema_version": 0,
          "attributes": {
            "id": "s676dc",
            "parent_id": "x4ngsm",
            "path": "/api/smart-routing/ofertas-por-motorista",
            "path_part": "ofertas-por-motorista",
            "region": "us-east-1",
            "rest_api_id": "j0dh1wfnjf"
          },
          "sensitive_attributes": [],
          "identity_schema_version": 0,
          "private": "bnVsbA==",
          "dependencies": [
            "aws_apigatewayv2_api.websocket_api",
            "module.api_gateway.aws_api_gateway_resource.base_resources",
            "module.api_gateway.aws_api_gateway_resource.main_resource",
            "module.api_gateway.aws_api_gateway_rest_api.rest_api",
            "module.auth_lambda.aws_iam_role.lambda_role",
            "module.auth_lambda.aws_lambda_function.lambda",
            "module.auth_lambda.data.aws_caller_identity.current",
            "module.auth_lambda.data.aws_iam_policy_document.policy_doc",
            "module.auth_lambda.module.repo_ecr_lambda.aws_ecr_repository.this",
            "module.auth_lambda.null_resource.run_script",
            "module.events_queue.aws_sqs_queue.dead_letter_fifo_queue",
            "module.events_queue.aws_sqs_queue.fifo_queue",
            "module.locations_table.aws_dynamodb_table.this",
            "module.notificacoes_lambda.aws_iam_role.lambda_role",
            "module.notificacoes_lambda.aws_lambda_function.lambda",
            "module.notificacoes_lambda.data.aws_caller_identity.current",
            "module.notificacoes_lambda.data.aws_iam_policy_document.policy_doc",
            "module.notificacoes_lambda.module.repo_ecr_lambda.aws_ecr_repository.this",
            "module.notificacoes_lambda.null_resource.run_script",
            "module.notifications_general_topic.aws_sns_topic.this",
            "module.notifications_premium_topic.aws_sns_topic.this",
            "module.notifications_regional_topic.aws_sns_topic.this",
            "module.notifications_table.aws_dynamodb_table.this",
            "module.pedido_ofertas_table.aws_dynamodb_table.this",
            "module.pedidos_lambda.aws_iam_role.lambda_role",
            "module.pedidos_lambda.aws_lambda_function.lambda",
            "module.pedidos_lambda.data.aws_caller_identity.current",
            "module.pedidos_lambda.data.aws_iam_policy_document.policy_doc",
            "module.pedidos_lambda.module.repo_ecr_lambda.aws_ecr_repository.this",
            "module.pedidos_lambda.null_resource.run_script",
            "module.pedidos_table.aws_dynamodb_table.this",
            "module.rastreamento_lambda.aws_iam_role.lambda_role",
            "module.rastreamento_lambda.aws_lambda_function.lambda",
            "module.rastreamento_lambda.data.aws_caller_identity.current",
            "module.rastreamento_lambda.data.aws_iam_policy_document.policy_doc",
            "module.rastreamento_lambda.module.repo_ecr_lambda.aws_ecr_repository.this",
            "module.rastreamento_lambda.null_resource.run_script",
            "module.smart_routing_lambda.aws_iam_role.lambda_role",
            "module.smart_routing_lambda.aws_lambda_function.lambda",
            "module.smart_routing_lambda.data.aws_caller_identity.current",
            "module.smart_routing_lambda.data.aws_iam_policy_document.policy_doc",
            "module.smart_routing_lambda.module.repo_ecr_lambda.aws_ecr_repository.this",
            "module.smart_routing_lambda.null_resource.run_script",
            "module.users_table.aws_dynamodb_table.this",
            "module.usuarios_lambda.aws_iam_role.lambda_role",
            "module.usuarios_lambda.aws_lambda_function.lambda",
            "module.usuarios_lambda.data.aws_caller_identity.current",
            "module.usuarios_lambda.data.aws_iam_policy_document.policy_doc",
            "module.usuarios_lambda.module.repo_ecr_lambda.aws_ecr_repository.this",
            "module.usuarios_lambda.null_resource.run_script",
            "module.websocket_connections_table.aws_dynamodb_table.this",
            "module.websocket_lambda.aws_iam_role.lambda_role",
            "module.websocket_lambda.aws_lambda_function.lambda",
            "module.websocket_lambda.data.aws_caller_identity.current",
            "module.websocket_lambda.data.aws_iam_policy_document.policy_doc",
            "module.websocket_lambda.module.repo_ecr_lambda.aws_ecr_repository.this",
            "module.websocket_lambda.null_resource.run_script"
          ],
          "create_before_destroy": true
        },
        {
          "index_key": "4",
          "schema_version": 0,
          "attributes": {
            "id": "76lh6y",
            "parent_id": "mbpe0n",
            "path": "/api/pedidos/usuario-info",
            "path_part": "usuario-info",
            "region": "us-east-1",
            "rest_api_id": "j0dh1wfnjf"
          },
          "sensitive_attributes": [],
          "identity_schema_version": 0,
          "private": "bnVsbA==",
          "dependencies": [
            "aws_apigatewayv2_api.websocket_api",
            "module.api_gateway.aws_api_gateway_resource.base_resources",
            "module.api_gateway.aws_api_gateway_resource.main_resource",
            "module.api_gateway.aws_api_gateway_rest_api.rest_api",
            "module.auth_lambda.aws_iam_role.lambda_role",
            "module.auth_lambda.aws_lambda_function.lambda",
            "module.auth_lambda.data.aws_caller_identity.current",
            "module.auth_lambda.data.aws_iam_policy_document.policy_doc",
            "module.auth_lambda.module.repo_ecr_lambda.aws_ecr_repository.this",
            "module.auth_lambda.null_resource.run_script",
            "module.events_queue.aws_sqs_queue.dead_letter_fifo_queue",
            "module.events_queue.aws_sqs_queue.fifo_queue",
            "module.locations_table.aws_dynamodb_table.this",
            "module.notificacoes_lambda.aws_iam_role.lambda_role",
            "module.notificacoes_lambda.aws_lambda_function.lambda",
            "module.notificacoes_lambda.data.aws_caller_identity.current",
            "module.notificacoes_lambda.data.aws_iam_policy_document.policy_doc",
            "module.notificacoes_lambda.module.repo_ecr_lambda.aws_ecr_repository.this",
            "module.notificacoes_lambda.null_resource.run_script",
            "module.notifications_general_topic.aws_sns_topic.this",
            "module.notifications_premium_topic.aws_sns_topic.this",
            "module.notifications_regional_topic.aws_sns_topic.this",
            "module.notifications_table.aws_dynamodb_table.this",
            "module.pedido_ofertas_table.aws_dynamodb_table.this",
            "module.pedidos_lambda.aws_iam_role.lambda_role",
            "module.pedidos_lambda.aws_lambda_function.lambda",
            "module.pedidos_lambda.data.aws_caller_identity.current",
            "module.pedidos_lambda.data.aws_iam_policy_document.policy_doc",
            "module.pedidos_lambda.module.repo_ecr_lambda.aws_ecr_repository.this",
            "module.pedidos_lambda.null_resource.run_script",
            "module.pedidos_table.aws_dynamodb_table.this",
            "module.rastreamento_lambda.aws_iam_role.lambda_role",
            "module.rastreamento_lambda.aws_lambda_function.lambda",
            "module.rastreamento_lambda.data.aws_caller_identity.current",
            "module.rastreamento_lambda.data.aws_iam_policy_document.policy_doc",
            "module.rastreamento_lambda.module.repo_ecr_lambda.aws_ecr_repository.this",
            "module.rastreamento_lambda.null_resource.run_script",
            "module.smart_routing_lambda.aws_iam_role.lambda_role",
            "module.smart_routing_lambda.aws_lambda_function.lambda",
            "module.smart_routing_lambda.data.aws_caller_identity.current",
            "module.smart_routing_lambda.data.aws_iam_policy_document.policy_doc",
            "module.smart_routing_lambda.module.repo_ecr_lambda.aws_ecr_repository.this",
            "module.smart_routing_lambda.null_resource.run_script",
            "module.users_table.aws_dynamodb_table.this",
            "module.usuarios_lambda.aws_iam_role.lambda_role",
            "module.usuarios_lambda.aws_lambda_function.lambda",
            "module.usuarios_lambda.data.aws_caller_identity.current",
            "module.usuarios_lambda.data.aws_iam_policy_document.policy_doc",
            "module.usuarios_lambda.module.repo_ecr_lambda.aws_ecr_repository.this",
            "module.usuarios_lambda.null_resource.run_script",
            "module.websocket_connections_table.aws_dynamodb_table.this",
            "module.websocket_lambda.aws_iam_role.lambda_role",
            "module.websocket_lambda.aws_lambda_function.lambda",
            "module.websocket_lambda.data.aws_caller_identity.current",
            "module.websocket_lambda.data.aws_iam_policy_document.policy_doc",
            "module.websocket_lambda.module.repo_ecr_lambda.aws_ecr_repository.this",
            "module.websocket_lambda.null_resource.run_script"
          ],
          "create_before_destroy": true
        },
        {
          "index_key": "5",
          "schema_version": 0,
          "attributes": {
            "id": "yrgy3n",
            "parent_id": "mbpe0n",
            "path": "/api/pedidos/consulta",
            "path_part": "consulta",
            "region": "us-east-1",
            "rest_api_id": "j0dh1wfnjf"
          },
          "sensitive_attributes": [],
          "identity_schema_version": 0,
          "private": "bnVsbA==",
          "dependencies": [
            "aws_apigatewayv2_api.websocket_api",
            "module.api_gateway.aws_api_gateway_resource.base_resources",
            "module.api_gateway.aws_api_gateway_resource.main_resource",
            "module.api_gateway.aws_api_gateway_rest_api.rest_api",
            "module.auth_lambda.aws_iam_role.lambda_role",
            "module.auth_lambda.aws_lambda_function.lambda",
            "module.auth_lambda.data.aws_caller_identity.current",
            "module.auth_lambda.data.aws_iam_policy_document.policy_doc",
            "module.auth_lambda.module.repo_ecr_lambda.aws_ecr_repository.this",
            "module.auth_lambda.null_resource.run_script",
            "module.events_queue.aws_sqs_queue.dead_letter_fifo_queue",
            "module.events_queue.aws_sqs_queue.fifo_queue",
            "module.locations_table.aws_dynamodb_table.this",
            "module.notificacoes_lambda.aws_iam_role.lambda_role",
            "module.notificacoes_lambda.aws_lambda_function.lambda",
            "module.notificacoes_lambda.data.aws_caller_identity.current",
            "module.notificacoes_lambda.data.aws_iam_policy_document.policy_doc",
            "module.notificacoes_lambda.module.repo_ecr_lambda.aws_ecr_repository.this",
            "module.notificacoes_lambda.null_resource.run_script",
            "module.notifications_general_topic.aws_sns_topic.this",
            "module.notifications_premium_topic.aws_sns_topic.this",
            "module.notifications_regional_topic.aws_sns_topic.this",
            "module.notifications_table.aws_dynamodb_table.this",
            "module.pedido_ofertas_table.aws_dynamodb_table.this",
            "module.pedidos_lambda.aws_iam_role.lambda_role",
            "module.pedidos_lambda.aws_lambda_function.lambda",
            "module.pedidos_lambda.data.aws_caller_identity.current",
            "module.pedidos_lambda.data.aws_iam_policy_document.policy_doc",
            "module.pedidos_lambda.module.repo_ecr_lambda.aws_ecr_repository.this",
            "module.pedidos_lambda.null_resource.run_script",
            "module.pedidos_table.aws_dynamodb_table.this",
            "module.rastreamento_lambda.aws_iam_role.lambda_role",
            "module.rastreamento_lambda.aws_lambda_function.lambda",
            "module.rastreamento_lambda.data.aws_caller_identity.current",
            "module.rastreamento_lambda.data.aws_iam_policy_document.policy_doc",
            "module.rastreamento_lambda.module.repo_ecr_lambda.aws_ecr_repository.this",
            "module.rastreamento_lambda.null_resource.run_script",
            "module.smart_routing_lambda.aws_iam_role.lambda_role",
            "module.smart_routing_lambda.aws_lambda_function.lambda",
            "module.smart_routing_lambda.data.aws_caller_identity.current",
            "module.smart_routing_lambda.data.aws_iam_policy_document.policy_doc",
            "module.smart_routing_lambda.module.repo_ecr_lambda.aws_ecr_repository.this",
            "module.smart_routing_lambda.null_resource.run_script",
            "module.users_table.aws_dynamodb_table.this",
            "module.usuarios_lambda.aws_iam_role.lambda_role",
            "module.usuarios_lambda.aws_lambda_function.lambda",
            "module.usuarios_lambda.data.aws_caller_identity.current",
            "module.usuarios_lambda.data.aws_iam_policy_document.policy_doc",
            "module.usuarios_lambda.module.repo_ecr_lambda.aws_ecr_repository.this",
            "module.usuarios_lambda.null_resource.run_script",
            "module.websocket_connections_table.aws_dynamodb_table.this",
            "module.websocket_lambda.aws_iam_role.lambda_role",
            "module.websocket_lambda.aws_lambda_function.lambda",
            "module.websocket_lambda.data.aws_caller_identity.current",
            "module.websocket_lambda.data.aws_iam_policy_document.policy_doc",
            "module.websocket_lambda.module.repo_ecr_lambda.aws_ecr_repository.this",
            "module.websocket_lambda.null_resource.run_script"
          ],
          "create_before_destroy": true
        },
        {
          "index_key": "6",
          "schema_version": 0,
          "attributes": {
            "id": "xkaxok",
            "parent_id": "mbpe0n",
            "path": "/api/pedidos/acoes-aceitar",
            "path_part": "acoes-aceitar",
            "region": "us-east-1",
            "rest_api_id": "j0dh1wfnjf"
          },
          "sensitive_attributes": [],
          "identity_schema_version": 0,
          "private": "bnVsbA==",
          "dependencies": [
            "aws_apigatewayv2_api.websocket_api",
            "module.api_gateway.aws_api_gateway_resource.base_resources",
            "module.api_gateway.aws_api_gateway_resource.main_resource",
            "module.api_gateway.aws_api_gateway_rest_api.rest_api",
            "module.auth_lambda.aws_iam_role.lambda_role",
            "module.auth_lambda.aws_lambda_function.lambda",
            "module.auth_lambda.data.aws_caller_identity.current",
            "module.auth_lambda.data.aws_iam_policy_document.policy_doc",
            "module.auth_lambda.module.repo_ecr_lambda.aws_ecr_repository.this",
            "module.auth_lambda.null_resource.run_script",
            "module.events_queue.aws_sqs_queue.dead_letter_fifo_queue",
            "module.events_queue.aws_sqs_queue.fifo_queue",
            "module.locations_table.aws_dynamodb_table.this",
            "module.notificacoes_lambda.aws_iam_role.lambda_role",
            "module.notificacoes_lambda.aws_lambda_function.lambda",
            "module.notificacoes_lambda.data.aws_caller_identity.current",
            "module.notificacoes_lambda.data.aws_iam_policy_document.policy_doc",
            "module.notificacoes_lambda.module.repo_ecr_lambda.aws_ecr_repository.this",
            "module.notificacoes_lambda.null_resource.run_script",
            "module.notifications_general_topic.aws_sns_topic.this",
            "module.notifications_premium_topic.aws_sns_topic.this",
            "module.notifications_regional_topic.aws_sns_topic.this",
            "module.notifications_table.aws_dynamodb_table.this",
            "module.pedido_ofertas_table.aws_dynamodb_table.this",
            "module.pedidos_lambda.aws_iam_role.lambda_role",
            "module.pedidos_lambda.aws_lambda_function.lambda",
            "module.pedidos_lambda.data.aws_caller_identity.current",
            "module.pedidos_lambda.data.aws_iam_policy_document.policy_doc",
            "module.pedidos_lambda.module.repo_ecr_lambda.aws_ecr_repository.this",
            "module.pedidos_lambda.null_resource.run_script",
            "module.pedidos_table.aws_dynamodb_table.this",
            "module.rastreamento_lambda.aws_iam_role.lambda_role",
            "module.rastreamento_lambda.aws_lambda_function.lambda",
            "module.rastreamento_lambda.data.aws_caller_identity.current",
            "module.rastreamento_lambda.data.aws_iam_policy_document.policy_doc",
            "module.rastreamento_lambda.module.repo_ecr_lambda.aws_ecr_repository.this",
            "module.rastreamento_lambda.null_resource.run_script",
            "module.smart_routing_lambda.aws_iam_role.lambda_role",
            "module.smart_routing_lambda.aws_lambda_function.lambda",
            "module.smart_routing_lambda.data.aws_caller_identity.current",
            "module.smart_routing_lambda.data.aws_iam_policy_document.policy_doc",
            "module.smart_routing_lambda.module.repo_ecr_lambda.aws_ecr_repository.this",
            "module.smart_routing_lambda.null_resource.run_script",
            "module.users_table.aws_dynamodb_table.this",
            "module.usuarios_lambda.aws_iam_role.lambda_role",
            "module.usuarios_lambda.aws_lambda_function.lambda",
            "module.usuarios_lambda.data.aws_caller_identity.current",
            "module.usuarios_lambda.data.aws_iam_policy_document.policy_doc",
            "module.usuarios_lambda.module.repo_ecr_lambda.aws_ecr_repository.this",
            "module.usuarios_lambda.null_resource.run_script",
            "module.websocket_connections_table.aws_dynamodb_table.this",
            "module.websocket_lambda.aws_iam_role.lambda_role",
            "module.websocket_lambda.aws_lambda_function.lambda",
            "module.websocket_lambda.data.aws_caller_identity.current",
            "module.websocket_lambda.data.aws_iam_policy_document.policy_doc",
            "module.websocket_lambda.module.repo_ecr_lambda.aws_ecr_repository.this",
            "module.websocket_lambda.null_resource.run_script"
          ],
          "create_before_destroy": true
        },
        {
          "index_key": "7",
          "schema_version": 0,
          "attributes": {
            "id": "2baw9s",
            "parent_id": "mbpe0n",
            "path": "/api/pedidos/acoes",
            "path_part": "acoes",
            "region": "us-east-1",
            "rest_api_id": "j0dh1wfnjf"
          },
          "sensitive_attributes": [],
          "identity_schema_version": 0,
          "private": "bnVsbA==",
          "dependencies": [
            "aws_apigatewayv2_api.websocket_api",
            "module.api_gateway.aws_api_gateway_resource.base_resources",
            "module.api_gateway.aws_api_gateway_resource.main_resource",
            "module.api_gateway.aws_api_gateway_rest_api.rest_api",
            "module.auth_lambda.aws_iam_role.lambda_role",
            "module.auth_lambda.aws_lambda_function.lambda",
            "module.auth_lambda.data.aws_caller_identity.current",
            "module.auth_lambda.data.aws_iam_policy_document.policy_doc",
            "module.auth_lambda.module.repo_ecr_lambda.aws_ecr_repository.this",
            "module.auth_lambda.null_resource.run_script",
            "module.events_queue.aws_sqs_queue.dead_letter_fifo_queue",
            "module.events_queue.aws_sqs_queue.fifo_queue",
            "module.locations_table.aws_dynamodb_table.this",
            "module.notificacoes_lambda.aws_iam_role.lambda_role",
            "module.notificacoes_lambda.aws_lambda_function.lambda",
            "module.notificacoes_lambda.data.aws_caller_identity.current",
            "module.notificacoes_lambda.data.aws_iam_policy_document.policy_doc",
            "module.notificacoes_lambda.module.repo_ecr_lambda.aws_ecr_repository.this",
            "module.notificacoes_lambda.null_resource.run_script",
            "module.notifications_general_topic.aws_sns_topic.this",
            "module.notifications_premium_topic.aws_sns_topic.this",
            "module.notifications_regional_topic.aws_sns_topic.this",
            "module.notifications_table.aws_dynamodb_table.this",
            "module.pedido_ofertas_table.aws_dynamodb_table.this",
            "module.pedidos_lambda.aws_iam_role.lambda_role",
            "module.pedidos_lambda.aws_lambda_function.lambda",
            "module.pedidos_lambda.data.aws_caller_identity.current",
            "module.pedidos_lambda.data.aws_iam_policy_document.policy_doc",
            "module.pedidos_lambda.module.repo_ecr_lambda.aws_ecr_repository.this",
            "module.pedidos_lambda.null_resource.run_script",
            "module.pedidos_table.aws_dynamodb_table.this",
            "module.rastreamento_lambda.aws_iam_role.lambda_role",
            "module.rastreamento_lambda.aws_lambda_function.lambda",
            "module.rastreamento_lambda.data.aws_caller_identity.current",
            "module.rastreamento_lambda.data.aws_iam_policy_document.policy_doc",
            "module.rastreamento_lambda.module.repo_ecr_lambda.aws_ecr_repository.this",
            "module.rastreamento_lambda.null_resource.run_script",
            "module.smart_routing_lambda.aws_iam_role.lambda_role",
            "module.smart_routing_lambda.aws_lambda_function.lambda",
            "module.smart_routing_lambda.data.aws_caller_identity.current",
            "module.smart_routing_lambda.data.aws_iam_policy_document.policy_doc",
            "module.smart_routing_lambda.module.repo_ecr_lambda.aws_ecr_repository.this",
            "module.smart_routing_lambda.null_resource.run_script",
            "module.users_table.aws_dynamodb_table.this",
            "module.usuarios_lambda.aws_iam_role.lambda_role",
            "module.usuarios_lambda.aws_lambda_function.lambda",
            "module.usuarios_lambda.data.aws_caller_identity.current",
            "module.usuarios_lambda.data.aws_iam_policy_document.policy_doc",
            "module.usuarios_lambda.module.repo_ecr_lambda.aws_ecr_repository.this",
            "module.usuarios_lambda.null_resource.run_script",
            "module.websocket_connections_table.aws_dynamodb_table.this",
            "module.websocket_lambda.aws_iam_role.lambda_role",
            "module.websocket_lambda.aws_lambda_function.lambda",
            "module.websocket_lambda.data.aws_caller_identity.current",
            "module.websocket_lambda.data.aws_iam_policy_document.policy_doc",
            "module.websocket_lambda.module.repo_ecr_lambda.aws_ecr_repository.this",
            "module.websocket_lambda.null_resource.run_script"
          ],
          "create_before_destroy": true
        },
        {
          "index_key": "8",
          "schema_version": 0,
          "attributes": {
            "id": "cn0ist",
            "parent_id": "w5t2w6",
            "path": "/api/notificacoes/destinatario",
            "path_part": "destinatario",
            "region": "us-east-1",
            "rest_api_id": "j0dh1wfnjf"
          },
          "sensitive_attributes": [],
          "identity_schema_version": 0,
          "private": "bnVsbA==",
          "dependencies": [
            "aws_apigatewayv2_api.websocket_api",
            "module.api_gateway.aws_api_gateway_resource.base_resources",
            "module.api_gateway.aws_api_gateway_resource.main_resource",
            "module.api_gateway.aws_api_gateway_rest_api.rest_api",
            "module.auth_lambda.aws_iam_role.lambda_role",
            "module.auth_lambda.aws_lambda_function.lambda",
            "module.auth_lambda.data.aws_caller_identity.current",
            "module.auth_lambda.data.aws_iam_policy_document.policy_doc",
            "module.auth_lambda.module.repo_ecr_lambda.aws_ecr_repository.this",
            "module.auth_lambda.null_resource.run_script",
            "module.events_queue.aws_sqs_queue.dead_letter_fifo_queue",
            "module.events_queue.aws_sqs_queue.fifo_queue",
            "module.locations_table.aws_dynamodb_table.this",
            "module.notificacoes_lambda.aws_iam_role.lambda_role",
            "module.notificacoes_lambda.aws_lambda_function.lambda",
            "module.notificacoes_lambda.data.aws_caller_identity.current",
            "module.notificacoes_lambda.data.aws_iam_policy_document.policy_doc",
            "module.notificacoes_lambda.module.repo_ecr_lambda.aws_ecr_repository.this",
            "module.notificacoes_lambda.null_resource.run_script",
            "module.notifications_general_topic.aws_sns_topic.this",
            "module.notifications_premium_topic.aws_sns_topic.this",
            "module.notifications_regional_topic.aws_sns_topic.this",
            "module.notifications_table.aws_dynamodb_table.this",
            "module.pedido_ofertas_table.aws_dynamodb_table.this",
            "module.pedidos_lambda.aws_iam_role.lambda_role",
            "module.pedidos_lambda.aws_lambda_function.lambda",
            "module.pedidos_lambda.data.aws_caller_identity.current",
            "module.pedidos_lambda.data.aws_iam_policy_document.policy_doc",
            "module.pedidos_lambda.module.repo_ecr_lambda.aws_ecr_repository.this",
            "module.pedidos_lambda.null_resource.run_script",
            "module.pedidos_table.aws_dynamodb_table.this",
            "module.rastreamento_lambda.aws_iam_role.lambda_role",
            "module.rastreamento_lambda.aws_lambda_function.lambda",
            "module.rastreamento_lambda.data.aws_caller_identity.current",
            "module.rastreamento_lambda.data.aws_iam_policy_document.policy_doc",
            "module.rastreamento_lambda.module.repo_ecr_lambda.aws_ecr_repository.this",
            "module.rastreamento_lambda.null_resource.run_script",
            "module.smart_routing_lambda.aws_iam_role.lambda_role",
            "module.smart_routing_lambda.aws_lambda_function.lambda",
            "module.smart_routing_lambda.data.aws_caller_identity.current",
            "module.smart_routing_lambda.data.aws_iam_policy_document.policy_doc",
            "module.smart_routing_lambda.module.repo_ecr_lambda.aws_ecr_repository.this",
            "module.smart_routing_lambda.null_resource.run_script",
            "module.users_table.aws_dynamodb_table.this",
            "module.usuarios_lambda.aws_iam_role.lambda_role",
            "module.usuarios_lambda.aws_lambda_function.lambda",
            "module.usuarios_lambda.data.aws_caller_identity.current",
            "module.usuarios_lambda.data.aws_iam_policy_document.policy_doc",
            "module.usuarios_lambda.module.repo_ecr_lambda.aws_ecr_repository.this",
            "module.usuarios_lambda.null_resource.run_script",
            "module.websocket_connections_table.aws_dynamodb_table.this",
            "module.websocket_lambda.aws_iam_role.lambda_role",
            "module.websocket_lambda.aws_lambda_function.lambda",
            "module.websocket_lambda.data.aws_caller_identity.current",
            "module.websocket_lambda.data.aws_iam_policy_document.policy_doc",
            "module.websocket_lambda.module.repo_ecr_lambda.aws_ecr_repository.this",
            "module.websocket_lambda.null_resource.run_script"
          ],
          "create_before_destroy": true
        },
        {
          "index_key": "9",
          "schema_version": 0,
          "attributes": {
            "id": "sjrnpa",
            "parent_id": "w5t2w6",
            "path": "/api/notificacoes/{notificationId}",
            "path_part": "{notificationId}",
            "region": "us-east-1",
            "rest_api_id": "j0dh1wfnjf"
          },
          "sensitive_attributes": [],
          "identity_schema_version": 0,
          "private": "bnVsbA==",
          "dependencies": [
            "aws_apigatewayv2_api.websocket_api",
            "module.api_gateway.aws_api_gateway_resource.base_resources",
            "module.api_gateway.aws_api_gateway_resource.main_resource",
            "module.api_gateway.aws_api_gateway_rest_api.rest_api",
            "module.auth_lambda.aws_iam_role.lambda_role",
            "module.auth_lambda.aws_lambda_function.lambda",
            "module.auth_lambda.data.aws_caller_identity.current",
            "module.auth_lambda.data.aws_iam_policy_document.policy_doc",
            "module.auth_lambda.module.repo_ecr_lambda.aws_ecr_repository.this",
            "module.auth_lambda.null_resource.run_script",
            "module.events_queue.aws_sqs_queue.dead_letter_fifo_queue",
            "module.events_queue.aws_sqs_queue.fifo_queue",
            "module.locations_table.aws_dynamodb_table.this",
            "module.notificacoes_lambda.aws_iam_role.lambda_role",
            "module.notificacoes_lambda.aws_lambda_function.lambda",
            "module.notificacoes_lambda.data.aws_caller_identity.current",
            "module.notificacoes_lambda.data.aws_iam_policy_document.policy_doc",
            "module.notificacoes_lambda.module.repo_ecr_lambda.aws_ecr_repository.this",
            "module.notificacoes_lambda.null_resource.run_script",
            "module.notifications_general_topic.aws_sns_topic.this",
            "module.notifications_premium_topic.aws_sns_topic.this",
            "module.notifications_regional_topic.aws_sns_topic.this",
            "module.notifications_table.aws_dynamodb_table.this",
            "module.pedido_ofertas_table.aws_dynamodb_table.this",
            "module.pedidos_lambda.aws_iam_role.lambda_role",
            "module.pedidos_lambda.aws_lambda_function.lambda",
            "module.pedidos_lambda.data.aws_caller_identity.current",
            "module.pedidos_lambda.data.aws_iam_policy_document.policy_doc",
            "module.pedidos_lambda.module.repo_ecr_lambda.aws_ecr_repository.this",
            "module.pedidos_lambda.null_resource.run_script",
            "module.pedidos_table.aws_dynamodb_table.this",
            "module.rastreamento_lambda.aws_iam_role.lambda_role",
            "module.rastreamento_lambda.aws_lambda_function.lambda",
            "module.rastreamento_lambda.data.aws_caller_identity.current",
            "module.rastreamento_lambda.data.aws_iam_policy_document.policy_doc",
            "module.rastreamento_lambda.module.repo_ecr_lambda.aws_ecr_repository.this",
            "module.rastreamento_lambda.null_resource.run_script",
            "module.smart_routing_lambda.aws_iam_role.lambda_role",
            "module.smart_routing_lambda.aws_lambda_function.lambda",
            "module.smart_routing_lambda.data.aws_caller_identity.current",
            "module.smart_routing_lambda.data.aws_iam_policy_document.policy_doc",
            "module.smart_routing_lambda.module.repo_ecr_lambda.aws_ecr_repository.this",
            "module.smart_routing_lambda.null_resource.run_script",
            "module.users_table.aws_dynamodb_table.this",
            "module.usuarios_lambda.aws_iam_role.lambda_role",
            "module.usuarios_lambda.aws_lambda_function.lambda",
            "module.usuarios_lambda.data.aws_caller_identity.current",
            "module.usuarios_lambda.data.aws_iam_policy_document.policy_doc",
            "module.usuarios_lambda.module.repo_ecr_lambda.aws_ecr_repository.this",
            "module.usuarios_lambda.null_resource.run_script",
            "module.websocket_connections_table.aws_dynamodb_table.this",
            "module.websocket_lambda.aws_iam_role.lambda_role",
            "module.websocket_lambda.aws_lambda_function.lambda",
            "module.websocket_lambda.data.aws_caller_identity.current",
            "module.websocket_lambda.data.aws_iam_policy_document.policy_doc",
            "module.websocket_lambda.module.repo_ecr_lambda.aws_ecr_repository.this",
            "module.websocket_lambda.null_resource.run_script"
          ],
          "create_before_destroy": true
        }
      ]
    },
    {
      "module": "module.api_gateway",
      "mode": "managed",
      "type": "aws_api_gateway_rest_api",
      "name": "rest_api",
      "provider": "provider[\"registry.terraform.io/hashicorp/aws\"]",
      "instances": [
        {
          "index_key": 0,
          "schema_version": 0,
          "attributes": {
            "api_key_source": "HEADER",
            "arn": "arn:aws:apigateway:us-east-1::/restapis/j0dh1wfnjf",
            "binary_media_types": [],
            "body": null,
            "created_date": "2025-06-22T00:20:52Z",
            "description": "API REST para logistics em ambiente dev",
            "disable_execute_api_endpoint": false,
            "endpoint_configuration": [
              {
                "ip_address_type": "ipv4",
                "types": [
                  "EDGE"
                ],
                "vpc_endpoint_ids": []
              }
            ],
            "execution_arn": "arn:aws:execute-api:us-east-1:176343551411:j0dh1wfnjf",
            "fail_on_warnings": null,
            "id": "j0dh1wfnjf",
            "minimum_compression_size": "",
            "name": "dev-logistics-api",
            "parameters": null,
            "policy": "",
            "put_rest_api_mode": null,
            "region": "us-east-1",
            "root_resource_id": "2bpvltkcyd",
            "tags": {
              "Environment": "dev",
              "ManagedBy": "terraform",
              "Name": "dev-logistics-api",
              "Project": "logistics"
            },
            "tags_all": {
              "Environment": "dev",
              "ManagedBy": "terraform",
              "Name": "dev-logistics-api",
              "Project": "logistics"
            }
          },
          "sensitive_attributes": [],
          "identity_schema_version": 0,
          "private": "bnVsbA==",
          "create_before_destroy": true
        }
      ]
    },
    {
      "module": "module.api_gateway",
      "mode": "managed",
      "type": "aws_api_gateway_stage",
      "name": "rest_stage",
      "provider": "provider[\"registry.terraform.io/hashicorp/aws\"]",
      "instances": [
        {
          "index_key": 0,
          "schema_version": 0,
          "attributes": {
            "access_log_settings": [],
            "arn": "arn:aws:apigateway:us-east-1::/restapis/j0dh1wfnjf/stages/prod",
            "cache_cluster_enabled": false,
            "cache_cluster_size": "",
            "canary_settings": [],
            "client_certificate_id": "",
            "deployment_id": "w314pk",
            "description": "",
            "documentation_version": "",
            "execution_arn": "arn:aws:execute-api:us-east-1:176343551411:j0dh1wfnjf/prod",
            "id": "ags-j0dh1wfnjf-prod",
            "invoke_url": "https://j0dh1wfnjf.execute-api.us-east-1.amazonaws.com/prod",
            "region": "us-east-1",
            "rest_api_id": "j0dh1wfnjf",
            "stage_name": "prod",
            "tags": null,
            "tags_all": {},
            "variables": null,
            "web_acl_arn": "",
            "xray_tracing_enabled": false
          },
          "sensitive_attributes": [],
          "identity_schema_version": 0,
          "private": "bnVsbA==",
          "dependencies": [
            "aws_apigatewayv2_api.websocket_api",
            "module.api_gateway.aws_api_gateway_authorizer.cognito_authorizer",
            "module.api_gateway.aws_api_gateway_deployment.rest_deployment",
            "module.api_gateway.aws_api_gateway_integration.rest_endpoint_integrations",
            "module.api_gateway.aws_api_gateway_integration_response.rest_endpoint_integration_responses",
            "module.api_gateway.aws_api_gateway_method.rest_endpoint_methods",
            "module.api_gateway.aws_api_gateway_method_response.rest_endpoint_method_responses",
            "module.api_gateway.aws_api_gateway_resource.base_resources",
            "module.api_gateway.aws_api_gateway_resource.main_resource",
            "module.api_gateway.aws_api_gateway_resource.variable_resources",
            "module.api_gateway.aws_api_gateway_rest_api.rest_api",
            "module.auth_lambda.aws_iam_role.lambda_role",
            "module.auth_lambda.aws_lambda_function.lambda",
            "module.auth_lambda.data.aws_caller_identity.current",
            "module.auth_lambda.data.aws_iam_policy_document.policy_doc",
            "module.auth_lambda.module.repo_ecr_lambda.aws_ecr_repository.this",
            "module.auth_lambda.null_resource.run_script",
            "module.events_queue.aws_sqs_queue.dead_letter_fifo_queue",
            "module.events_queue.aws_sqs_queue.fifo_queue",
            "module.locations_table.aws_dynamodb_table.this",
            "module.notificacoes_lambda.aws_iam_role.lambda_role",
            "module.notificacoes_lambda.aws_lambda_function.lambda",
            "module.notificacoes_lambda.data.aws_caller_identity.current",
            "module.notificacoes_lambda.data.aws_iam_policy_document.policy_doc",
            "module.notificacoes_lambda.module.repo_ecr_lambda.aws_ecr_repository.this",
            "module.notificacoes_lambda.null_resource.run_script",
            "module.notifications_general_topic.aws_sns_topic.this",
            "module.notifications_premium_topic.aws_sns_topic.this",
            "module.notifications_regional_topic.aws_sns_topic.this",
            "module.notifications_table.aws_dynamodb_table.this",
            "module.pedido_ofertas_table.aws_dynamodb_table.this",
            "module.pedidos_lambda.aws_iam_role.lambda_role",
            "module.pedidos_lambda.aws_lambda_function.lambda",
            "module.pedidos_lambda.data.aws_caller_identity.current",
            "module.pedidos_lambda.data.aws_iam_policy_document.policy_doc",
            "module.pedidos_lambda.module.repo_ecr_lambda.aws_ecr_repository.this",
            "module.pedidos_lambda.null_resource.run_script",
            "module.pedidos_table.aws_dynamodb_table.this",
            "module.rastreamento_lambda.aws_iam_role.lambda_role",
            "module.rastreamento_lambda.aws_lambda_function.lambda",
            "module.rastreamento_lambda.data.aws_caller_identity.current",
            "module.rastreamento_lambda.data.aws_iam_policy_document.policy_doc",
            "module.rastreamento_lambda.module.repo_ecr_lambda.aws_ecr_repository.this",
            "module.rastreamento_lambda.null_resource.run_script",
            "module.smart_routing_lambda.aws_iam_role.lambda_role",
            "module.smart_routing_lambda.aws_lambda_function.lambda",
            "module.smart_routing_lambda.data.aws_caller_identity.current",
            "module.smart_routing_lambda.data.aws_iam_policy_document.policy_doc",
            "module.smart_routing_lambda.module.repo_ecr_lambda.aws_ecr_repository.this",
            "module.smart_routing_lambda.null_resource.run_script",
            "module.users_table.aws_dynamodb_table.this",
            "module.usuarios_lambda.aws_iam_role.lambda_role",
            "module.usuarios_lambda.aws_lambda_function.lambda",
            "module.usuarios_lambda.data.aws_caller_identity.current",
            "module.usuarios_lambda.data.aws_iam_policy_document.policy_doc",
            "module.usuarios_lambda.module.repo_ecr_lambda.aws_ecr_repository.this",
            "module.usuarios_lambda.null_resource.run_script",
            "module.websocket_connections_table.aws_dynamodb_table.this",
            "module.websocket_lambda.aws_iam_role.lambda_role",
            "module.websocket_lambda.aws_lambda_function.lambda",
            "module.websocket_lambda.data.aws_caller_identity.current",
            "module.websocket_lambda.data.aws_iam_policy_document.policy_doc",
            "module.websocket_lambda.module.repo_ecr_lambda.aws_ecr_repository.this",
            "module.websocket_lambda.null_resource.run_script"
          ]
        }
      ]
    },
    {
      "module": "module.auth_lambda",
      "mode": "data",
      "type": "aws_caller_identity",
      "name": "current",
      "provider": "provider[\"registry.terraform.io/hashicorp/aws\"]",
      "instances": [
        {
          "schema_version": 0,
          "attributes": {
            "account_id": "176343551411",
            "arn": "arn:aws:iam::176343551411:user/aws-cli-ari",
            "id": "176343551411",
            "user_id": "AIDASSDXFBWZZNGAC4AYI"
          },
          "sensitive_attributes": [],
          "identity_schema_version": 0
        }
      ]
    },
    {
      "module": "module.auth_lambda",
      "mode": "data",
      "type": "aws_iam_policy_document",
      "name": "policy_doc",
      "provider": "provider[\"registry.terraform.io/hashicorp/aws\"]",
      "instances": [
        {
          "schema_version": 0,
          "attributes": {
            "id": "2690255455",
            "json": "{\n  \"Version\": \"2012-10-17\",\n  \"Statement\": [\n    {\n      \"Effect\": \"Allow\",\n      \"Action\": \"sts:AssumeRole\",\n      \"Principal\": {\n        \"Service\": \"lambda.amazonaws.com\"\n      }\n    }\n  ]\n}",
            "minified_json": "{\"Version\":\"2012-10-17\",\"Statement\":[{\"Effect\":\"Allow\",\"Action\":\"sts:AssumeRole\",\"Principal\":{\"Service\":\"lambda.amazonaws.com\"}}]}",
            "override_json": null,
            "override_policy_documents": null,
            "policy_id": null,
            "source_json": null,
            "source_policy_documents": null,
            "statement": [
              {
                "actions": [
                  "sts:AssumeRole"
                ],
                "condition": [],
                "effect": "Allow",
                "not_actions": [],
                "not_principals": [],
                "not_resources": [],
                "principals": [
                  {
                    "identifiers": [
                      "lambda.amazonaws.com"
                    ],
                    "type": "Service"
                  }
                ],
                "resources": [],
                "sid": ""
              }
            ],
            "version": "2012-10-17"
          },
          "sensitive_attributes": [],
          "identity_schema_version": 0
        }
      ]
    },
    {
      "module": "module.auth_lambda",
      "mode": "managed",
      "type": "aws_iam_role",
      "name": "lambda_role",
      "provider": "provider[\"registry.terraform.io/hashicorp/aws\"]",
      "instances": [
        {
          "schema_version": 0,
          "attributes": {
            "arn": "arn:aws:iam::176343551411:role/dev_logistics_auth_role",
            "assume_role_policy": "{\"Statement\":[{\"Action\":\"sts:AssumeRole\",\"Effect\":\"Allow\",\"Principal\":{\"Service\":\"lambda.amazonaws.com\"}}],\"Version\":\"2012-10-17\"}",
            "create_date": "2025-06-22T00:20:53Z",
            "description": "",
            "force_detach_policies": false,
            "id": "dev_logistics_auth_role",
            "inline_policy": [],
            "managed_policy_arns": [],
            "max_session_duration": 3600,
            "name": "dev_logistics_auth_role",
            "name_prefix": "",
            "path": "/",
            "permissions_boundary": "",
            "tags": {
              "Environment": "dev",
              "ManagedBy": "terraform",
              "Project": "logistics"
            },
            "tags_all": {
              "Environment": "dev",
              "ManagedBy": "terraform",
              "Project": "logistics"
            },
            "unique_id": "AROASSDXFBWZUFIBDRSI6"
          },
          "sensitive_attributes": [],
          "identity_schema_version": 0,
          "identity": {
            "account_id": "176343551411",
            "name": "dev_logistics_auth_role"
          },
          "private": "bnVsbA==",
          "dependencies": [
            "module.auth_lambda.data.aws_iam_policy_document.policy_doc"
          ],
          "create_before_destroy": true
        }
      ]
    },
    {
      "module": "module.auth_lambda",
      "mode": "managed",
      "type": "aws_iam_role_policy_attachment",
      "name": "lambda_custom_policy",
      "provider": "provider[\"registry.terraform.io/hashicorp/aws\"]",
      "instances": [
        {
          "index_key": 0,
          "schema_version": 0,
          "attributes": {
            "id": "dev_logistics_auth_role-20250622002107367800000009",
            "policy_arn": "arn:aws:iam::aws:policy/AmazonDynamoDBFullAccess",
            "role": "dev_logistics_auth_role"
          },
          "sensitive_attributes": [],
          "identity_schema_version": 0,
          "private": "bnVsbA==",
          "dependencies": [
            "module.auth_lambda.aws_iam_role.lambda_role",
            "module.auth_lambda.data.aws_iam_policy_document.policy_doc"
          ]
        }
      ]
    },
    {
      "module": "module.auth_lambda",
      "mode": "managed",
      "type": "aws_iam_role_policy_attachment",
      "name": "policy_cloudwatch",
      "provider": "provider[\"registry.terraform.io/hashicorp/aws\"]",
      "instances": [
        {
          "schema_version": 0,
          "attributes": {
            "id": "dev_logistics_auth_role-20250622002107220800000008",
            "policy_arn": "arn:aws:iam::aws:policy/service-role/AWSLambdaBasicExecutionRole",
            "role": "dev_logistics_auth_role"
          },
          "sensitive_attributes": [],
          "identity_schema_version": 0,
          "private": "bnVsbA==",
          "dependencies": [
            "module.auth_lambda.aws_iam_role.lambda_role",
            "module.auth_lambda.data.aws_iam_policy_document.policy_doc"
          ]
        }
      ]
    },
    {
      "module": "module.auth_lambda",
      "mode": "managed",
      "type": "aws_lambda_function",
      "name": "lambda",
      "provider": "provider[\"registry.terraform.io/hashicorp/aws\"]",
      "instances": [
        {
          "schema_version": 0,
          "attributes": {
            "architectures": [
              "x86_64"
            ],
            "arn": "arn:aws:lambda:us-east-1:176343551411:function:dev_logistics_auth",
            "code_sha256": "757c8af361098ae04c031b9c5dc59869bf5a051011d0e64b8ddd53ec6a49a1ce",
            "code_signing_config_arn": "",
            "dead_letter_config": [],
            "description": "Authentication Lambda function",
            "environment": [
              {
                "variables": {
                  "JWT_SECRET": "your-jwt-secret-key",
                  "USERS_TABLE": "dev-logistics-users"
                }
              }
            ],
            "ephemeral_storage": [
              {
                "size": 512
              }
            ],
            "file_system_config": [],
            "filename": null,
            "function_name": "dev_logistics_auth",
            "handler": "",
            "id": "dev_logistics_auth",
            "image_config": [],
            "image_uri": "176343551411.dkr.ecr.us-east-1.amazonaws.com/dev-logistics-auth:latest",
            "invoke_arn": "arn:aws:apigateway:us-east-1:lambda:path/2015-03-31/functions/arn:aws:lambda:us-east-1:176343551411:function:dev_logistics_auth/invocations",
            "kms_key_arn": "",
            "last_modified": "2025-06-22T00:21:18.130+0000",
            "layers": null,
            "logging_config": [
              {
                "application_log_level": "",
                "log_format": "Text",
                "log_group": "/aws/lambda/dev_logistics_auth",
                "system_log_level": ""
              }
            ],
            "memory_size": 512,
            "package_type": "Image",
            "publish": false,
            "qualified_arn": "arn:aws:lambda:us-east-1:176343551411:function:dev_logistics_auth:$LATEST",
            "qualified_invoke_arn": "arn:aws:apigateway:us-east-1:lambda:path/2015-03-31/functions/arn:aws:lambda:us-east-1:176343551411:function:dev_logistics_auth:$LATEST/invocations",
            "region": "us-east-1",
            "replace_security_groups_on_destroy": null,
            "replacement_security_group_ids": null,
            "reserved_concurrent_executions": -1,
            "role": "arn:aws:iam::176343551411:role/dev_logistics_auth_role",
            "runtime": "",
            "s3_bucket": null,
            "s3_key": null,
            "s3_object_version": null,
            "signing_job_arn": "",
            "signing_profile_version_arn": "",
            "skip_destroy": false,
            "snap_start": [],
            "source_code_hash": "",
            "source_code_size": 0,
            "tags": {
              "Environment": "dev",
              "ManagedBy": "terraform",
              "Project": "logistics"
            },
            "tags_all": {
              "Environment": "dev",
              "ManagedBy": "terraform",
              "Project": "logistics"
            },
            "timeout": 30,
            "timeouts": null,
            "tracing_config": [
              {
                "mode": "PassThrough"
              }
            ],
            "version": "$LATEST",
            "vpc_config": []
          },
          "sensitive_attributes": [],
          "identity_schema_version": 0,
          "private": "eyJlMmJmYjczMC1lY2FhLTExZTYtOGY4OC0zNDM2M2JjN2M0YzAiOnsiY3JlYXRlIjo2MDAwMDAwMDAwMDAsImRlbGV0ZSI6NjAwMDAwMDAwMDAwLCJ1cGRhdGUiOjYwMDAwMDAwMDAwMH19",
          "dependencies": [
            "module.auth_lambda.aws_iam_role.lambda_role",
            "module.auth_lambda.data.aws_caller_identity.current",
            "module.auth_lambda.data.aws_iam_policy_document.policy_doc",
            "module.auth_lambda.module.repo_ecr_lambda.aws_ecr_repository.this",
            "module.auth_lambda.null_resource.run_script",
            "module.users_table.aws_dynamodb_table.this"
          ],
          "create_before_destroy": true
        }
      ]
    },
    {
      "module": "module.auth_lambda",
      "mode": "managed",
      "type": "aws_lambda_function_event_invoke_config",
      "name": "retry",
      "provider": "provider[\"registry.terraform.io/hashicorp/aws\"]",
      "instances": [
        {
          "schema_version": 0,
          "attributes": {
            "destination_config": [],
            "function_name": "dev_logistics_auth",
            "id": "dev_logistics_auth",
            "maximum_event_age_in_seconds": 21600,
            "maximum_retry_attempts": 0,
            "qualifier": "",
            "region": "us-east-1"
          },
          "sensitive_attributes": [],
          "identity_schema_version": 0,
          "private": "bnVsbA==",
          "dependencies": [
            "module.auth_lambda.aws_iam_role.lambda_role",
            "module.auth_lambda.aws_lambda_function.lambda",
            "module.auth_lambda.data.aws_caller_identity.current",
            "module.auth_lambda.data.aws_iam_policy_document.policy_doc",
            "module.auth_lambda.module.repo_ecr_lambda.aws_ecr_repository.this",
            "module.auth_lambda.null_resource.run_script",
            "module.users_table.aws_dynamodb_table.this"
          ]
        }
      ]
    },
    {
      "module": "module.auth_lambda",
      "mode": "managed",
      "type": "null_resource",
      "name": "run_script",
      "provider": "provider[\"registry.terraform.io/hashicorp/null\"]",
      "instances": [
        {
          "index_key": "Dockerfile",
          "schema_version": 0,
          "attributes": {
            "id": "4447658404484463507",
            "triggers": {
              "file": "dd129ebd68d5ac159008512edc1c03f9fb2c58005677b6e11eceba18a37ae51f"
            }
          },
          "sensitive_attributes": [],
          "identity_schema_version": 0,
          "dependencies": [
            "module.auth_lambda.data.aws_caller_identity.current",
            "module.auth_lambda.module.repo_ecr_lambda.aws_ecr_repository.this"
          ],
          "create_before_destroy": true
        },
        {
          "index_key": "lambda_function.py",
          "schema_version": 0,
          "attributes": {
            "id": "6302754090333935858",
            "triggers": {
              "file": "7f183bc7c9ca41fe10c2416ca9c0df06829e4f950d97a289195028bb86733a1d"
            }
          },
          "sensitive_attributes": [],
          "identity_schema_version": 0,
          "dependencies": [
            "module.auth_lambda.data.aws_caller_identity.current",
            "module.auth_lambda.module.repo_ecr_lambda.aws_ecr_repository.this"
          ],
          "create_before_destroy": true
        },
        {
          "index_key": "requirements.txt",
          "schema_version": 0,
          "attributes": {
            "id": "6584921422590238682",
            "triggers": {
              "file": "1ec5e282f9ac1367bc2c112bb293d1f1b5614645ed3223c23188aff841a66095"
            }
          },
          "sensitive_attributes": [],
          "identity_schema_version": 0,
          "dependencies": [
            "module.auth_lambda.data.aws_caller_identity.current",
            "module.auth_lambda.module.repo_ecr_lambda.aws_ecr_repository.this"
          ],
          "create_before_destroy": true
        }
      ]
    },
    {
      "module": "module.auth_lambda",
      "mode": "managed",
      "type": "null_resource",
      "name": "update",
      "provider": "provider[\"registry.terraform.io/hashicorp/null\"]",
      "instances": [
        {
          "index_key": "Dockerfile",
          "schema_version": 0,
          "attributes": {
            "id": "1261141675241433836",
            "triggers": {
              "file": "dd129ebd68d5ac159008512edc1c03f9fb2c58005677b6e11eceba18a37ae51f"
            }
          },
          "sensitive_attributes": [],
          "identity_schema_version": 0,
          "dependencies": [
            "module.auth_lambda.aws_iam_role.lambda_role",
            "module.auth_lambda.aws_lambda_function.lambda",
            "module.auth_lambda.data.aws_caller_identity.current",
            "module.auth_lambda.data.aws_iam_policy_document.policy_doc",
            "module.auth_lambda.module.repo_ecr_lambda.aws_ecr_repository.this",
            "module.auth_lambda.null_resource.run_script",
            "module.users_table.aws_dynamodb_table.this"
          ]
        },
        {
          "index_key": "lambda_function.py",
          "schema_version": 0,
          "attributes": {
            "id": "7752304268337169015",
            "triggers": {
              "file": "7f183bc7c9ca41fe10c2416ca9c0df06829e4f950d97a289195028bb86733a1d"
            }
          },
          "sensitive_attributes": [],
          "identity_schema_version": 0,
          "dependencies": [
            "module.auth_lambda.aws_iam_role.lambda_role",
            "module.auth_lambda.aws_lambda_function.lambda",
            "module.auth_lambda.data.aws_caller_identity.current",
            "module.auth_lambda.data.aws_iam_policy_document.policy_doc",
            "module.auth_lambda.module.repo_ecr_lambda.aws_ecr_repository.this",
            "module.auth_lambda.null_resource.run_script",
            "module.users_table.aws_dynamodb_table.this"
          ]
        },
        {
          "index_key": "requirements.txt",
          "schema_version": 0,
          "attributes": {
            "id": "657242096420717800",
            "triggers": {
              "file": "1ec5e282f9ac1367bc2c112bb293d1f1b5614645ed3223c23188aff841a66095"
            }
          },
          "sensitive_attributes": [],
          "identity_schema_version": 0,
          "dependencies": [
            "module.auth_lambda.aws_iam_role.lambda_role",
            "module.auth_lambda.aws_lambda_function.lambda",
            "module.auth_lambda.data.aws_caller_identity.current",
            "module.auth_lambda.data.aws_iam_policy_document.policy_doc",
            "module.auth_lambda.module.repo_ecr_lambda.aws_ecr_repository.this",
            "module.auth_lambda.null_resource.run_script",
            "module.users_table.aws_dynamodb_table.this"
          ]
        }
      ]
    },
    {
      "module": "module.auth_lambda.module.repo_ecr_lambda",
      "mode": "data",
      "type": "aws_caller_identity",
      "name": "current",
      "provider": "provider[\"registry.terraform.io/hashicorp/aws\"]",
      "instances": [
        {
          "schema_version": 0,
          "attributes": {
            "account_id": "176343551411",
            "arn": "arn:aws:iam::176343551411:user/aws-cli-ari",
            "id": "176343551411",
            "user_id": "AIDASSDXFBWZZNGAC4AYI"
          },
          "sensitive_attributes": [],
          "identity_schema_version": 0
        }
      ]
    },
    {
      "module": "module.auth_lambda.module.repo_ecr_lambda",
      "mode": "managed",
      "type": "aws_ecr_lifecycle_policy",
      "name": "delete",
      "provider": "provider[\"registry.terraform.io/hashicorp/aws\"]",
      "instances": [
        {
          "schema_version": 0,
          "attributes": {
            "id": "dev-logistics-auth",
            "policy": "{\"rules\":[{\"action\":{\"type\":\"expire\"},\"description\":\"Keep only the most recent images\",\"rulePriority\":1,\"selection\":{\"countNumber\":5,\"countType\":\"imageCountMoreThan\",\"tagStatus\":\"any\"}}]}",
            "region": "us-east-1",
            "registry_id": "176343551411",
            "repository": "dev-logistics-auth"
          },
          "sensitive_attributes": [],
          "identity_schema_version": 0,
          "private": "bnVsbA==",
          "dependencies": [
            "module.auth_lambda.module.repo_ecr_lambda.aws_ecr_repository.this"
          ]
        }
      ]
    },
    {
      "module": "module.auth_lambda.module.repo_ecr_lambda",
      "mode": "managed",
      "type": "aws_ecr_repository",
      "name": "this",
      "provider": "provider[\"registry.terraform.io/hashicorp/aws\"]",
      "instances": [
        {
          "schema_version": 0,
          "attributes": {
            "arn": "arn:aws:ecr:us-east-1:176343551411:repository/dev-logistics-auth",
            "encryption_configuration": [
              {
                "encryption_type": "AES256",
                "kms_key": ""
              }
            ],
            "force_delete": null,
            "id": "dev-logistics-auth",
            "image_scanning_configuration": [
              {
                "scan_on_push": true
              }
            ],
            "image_tag_mutability": "MUTABLE",
            "name": "dev-logistics-auth",
            "region": "us-east-1",
            "registry_id": "176343551411",
            "repository_url": "176343551411.dkr.ecr.us-east-1.amazonaws.com/dev-logistics-auth",
            "tags": {
              "Environment": "dev",
              "ManagedBy": "terraform",
              "Project": "logistics"
            },
            "tags_all": {
              "Environment": "dev",
              "ManagedBy": "terraform",
              "Project": "logistics"
            },
            "timeouts": null
          },
          "sensitive_attributes": [],
          "identity_schema_version": 0,
          "private": "eyJlMmJmYjczMC1lY2FhLTExZTYtOGY4OC0zNDM2M2JjN2M0YzAiOnsiZGVsZXRlIjoxMjAwMDAwMDAwMDAwfX0=",
          "create_before_destroy": true
        }
      ]
    },
    {
      "module": "module.events_queue",
      "mode": "managed",
      "type": "aws_sqs_queue",
      "name": "dead_letter_fifo_queue",
      "provider": "provider[\"registry.terraform.io/hashicorp/aws\"]",
      "instances": [
        {
          "schema_version": 0,
          "attributes": {
            "arn": "arn:aws:sqs:us-east-1:176343551411:dev-logistics-events-dead-letter-queue.fifo",
            "content_based_deduplication": true,
            "deduplication_scope": "queue",
            "delay_seconds": 0,
            "fifo_queue": true,
            "fifo_throughput_limit": "perQueue",
            "id": "https://sqs.us-east-1.amazonaws.com/176343551411/dev-logistics-events-dead-letter-queue.fifo",
            "kms_data_key_reuse_period_seconds": 300,
            "kms_master_key_id": "",
            "max_message_size": 262144,
            "message_retention_seconds": 345600,
            "name": "dev-logistics-events-dead-letter-queue.fifo",
            "name_prefix": "",
            "policy": "",
            "receive_wait_time_seconds": 0,
            "redrive_allow_policy": "",
            "redrive_policy": "",
            "region": "us-east-1",
            "sqs_managed_sse_enabled": true,
            "tags": {
              "Environment": "dev",
              "ManagedBy": "terraform",
              "Project": "logistics"
            },
            "tags_all": {
              "Environment": "dev",
              "ManagedBy": "terraform",
              "Project": "logistics"
            },
            "timeouts": null,
            "url": "https://sqs.us-east-1.amazonaws.com/176343551411/dev-logistics-events-dead-letter-queue.fifo",
            "visibility_timeout_seconds": 43200
          },
          "sensitive_attributes": [],
          "identity_schema_version": 0,
          "private": "eyJlMmJmYjczMC1lY2FhLTExZTYtOGY4OC0zNDM2M2JjN2M0YzAiOnsiY3JlYXRlIjoxODAwMDAwMDAwMDAsImRlbGV0ZSI6MTgwMDAwMDAwMDAwLCJ1cGRhdGUiOjE4MDAwMDAwMDAwMH19",
          "create_before_destroy": true
        }
      ]
    },
    {
      "module": "module.events_queue",
      "mode": "managed",
      "type": "aws_sqs_queue",
      "name": "fifo_queue",
      "provider": "provider[\"registry.terraform.io/hashicorp/aws\"]",
      "instances": [
        {
          "schema_version": 0,
          "attributes": {
            "arn": "arn:aws:sqs:us-east-1:176343551411:dev-logistics-events-fifo-queue.fifo",
            "content_based_deduplication": true,
            "deduplication_scope": "queue",
            "delay_seconds": 0,
            "fifo_queue": true,
            "fifo_throughput_limit": "perQueue",
            "id": "https://sqs.us-east-1.amazonaws.com/176343551411/dev-logistics-events-fifo-queue.fifo",
            "kms_data_key_reuse_period_seconds": 300,
            "kms_master_key_id": "",
            "max_message_size": 262144,
            "message_retention_seconds": 345600,
            "name": "dev-logistics-events-fifo-queue.fifo",
            "name_prefix": "",
            "policy": "",
            "receive_wait_time_seconds": 0,
            "redrive_allow_policy": "",
            "redrive_policy": "{\"deadLetterTargetArn\":\"arn:aws:sqs:us-east-1:176343551411:dev-logistics-events-dead-letter-queue.fifo\",\"maxReceiveCount\":5}",
            "region": "us-east-1",
            "sqs_managed_sse_enabled": true,
            "tags": {
              "Environment": "dev",
              "ManagedBy": "terraform",
              "Project": "logistics"
            },
            "tags_all": {
              "Environment": "dev",
              "ManagedBy": "terraform",
              "Project": "logistics"
            },
            "timeouts": null,
            "url": "https://sqs.us-east-1.amazonaws.com/176343551411/dev-logistics-events-fifo-queue.fifo",
            "visibility_timeout_seconds": 43200
          },
          "sensitive_attributes": [],
          "identity_schema_version": 0,
          "private": "eyJlMmJmYjczMC1lY2FhLTExZTYtOGY4OC0zNDM2M2JjN2M0YzAiOnsiY3JlYXRlIjoxODAwMDAwMDAwMDAsImRlbGV0ZSI6MTgwMDAwMDAwMDAwLCJ1cGRhdGUiOjE4MDAwMDAwMDAwMH19",
          "dependencies": [
            "module.events_queue.aws_sqs_queue.dead_letter_fifo_queue"
          ],
          "create_before_destroy": true
        }
      ]
    },
    {
      "module": "module.locations_table",
      "mode": "managed",
      "type": "aws_dynamodb_table",
      "name": "this",
      "provider": "provider[\"registry.terraform.io/hashicorp/aws\"]",
      "instances": [
        {
          "schema_version": 1,
          "attributes": {
            "arn": "arn:aws:dynamodb:us-east-1:176343551411:table/dev-logistics-locations",
            "attribute": [
              {
                "name": "id",
                "type": "S"
              }
            ],
            "billing_mode": "PAY_PER_REQUEST",
            "deletion_protection_enabled": false,
            "global_secondary_index": [],
            "hash_key": "id",
            "id": "dev-logistics-locations",
            "import_table": [],
            "local_secondary_index": [],
            "name": "dev-logistics-locations",
            "on_demand_throughput": [],
            "point_in_time_recovery": [
              {
                "enabled": false,
                "recovery_period_in_days": 0
              }
            ],
            "range_key": null,
            "read_capacity": 0,
            "region": "us-east-1",
            "replica": [],
            "restore_date_time": null,
            "restore_source_name": null,
            "restore_source_table_arn": null,
            "restore_to_latest_time": null,
            "server_side_encryption": [],
            "stream_arn": "",
            "stream_enabled": false,
            "stream_label": "",
            "stream_view_type": "",
            "table_class": "STANDARD",
            "tags": {
              "Environment": "dev",
              "ManagedBy": "terraform",
              "Project": "logistics"
            },
            "tags_all": {
              "Environment": "dev",
              "ManagedBy": "terraform",
              "Project": "logistics"
            },
            "timeouts": null,
            "ttl": [
              {
                "attribute_name": "",
                "enabled": false
              }
            ],
            "write_capacity": 0
          },
          "sensitive_attributes": [],
          "identity_schema_version": 0,
          "private": "eyJlMmJmYjczMC1lY2FhLTExZTYtOGY4OC0zNDM2M2JjN2M0YzAiOnsiY3JlYXRlIjoxODAwMDAwMDAwMDAwLCJkZWxldGUiOjYwMDAwMDAwMDAwMCwidXBkYXRlIjozNjAwMDAwMDAwMDAwfSwic2NoZW1hX3ZlcnNpb24iOiIxIn0=",
          "create_before_destroy": true
        }
      ]
    },
    {
      "module": "module.notificacoes_lambda",
      "mode": "data",
      "type": "aws_caller_identity",
      "name": "current",
      "provider": "provider[\"registry.terraform.io/hashicorp/aws\"]",
      "instances": [
        {
          "schema_version": 0,
          "attributes": {
            "account_id": "176343551411",
            "arn": "arn:aws:iam::176343551411:user/aws-cli-ari",
            "id": "176343551411",
            "user_id": "AIDASSDXFBWZZNGAC4AYI"
          },
          "sensitive_attributes": [],
          "identity_schema_version": 0
        }
      ]
    },
    {
      "module": "module.notificacoes_lambda",
      "mode": "data",
      "type": "aws_iam_policy_document",
      "name": "policy_doc",
      "provider": "provider[\"registry.terraform.io/hashicorp/aws\"]",
      "instances": [
        {
          "schema_version": 0,
          "attributes": {
            "id": "2690255455",
            "json": "{\n  \"Version\": \"2012-10-17\",\n  \"Statement\": [\n    {\n      \"Effect\": \"Allow\",\n      \"Action\": \"sts:AssumeRole\",\n      \"Principal\": {\n        \"Service\": \"lambda.amazonaws.com\"\n      }\n    }\n  ]\n}",
            "minified_json": "{\"Version\":\"2012-10-17\",\"Statement\":[{\"Effect\":\"Allow\",\"Action\":\"sts:AssumeRole\",\"Principal\":{\"Service\":\"lambda.amazonaws.com\"}}]}",
            "override_json": null,
            "override_policy_documents": null,
            "policy_id": null,
            "source_json": null,
            "source_policy_documents": null,
            "statement": [
              {
                "actions": [
                  "sts:AssumeRole"
                ],
                "condition": [],
                "effect": "Allow",
                "not_actions": [],
                "not_principals": [],
                "not_resources": [],
                "principals": [
                  {
                    "identifiers": [
                      "lambda.amazonaws.com"
                    ],
                    "type": "Service"
                  }
                ],
                "resources": [],
                "sid": ""
              }
            ],
            "version": "2012-10-17"
          },
          "sensitive_attributes": [],
          "identity_schema_version": 0
        }
      ]
    },
    {
      "module": "module.notificacoes_lambda",
      "mode": "managed",
      "type": "aws_iam_role",
      "name": "lambda_role",
      "provider": "provider[\"registry.terraform.io/hashicorp/aws\"]",
      "instances": [
        {
          "schema_version": 0,
          "attributes": {
            "arn": "arn:aws:iam::176343551411:role/dev_logistics_notificacoes_role",
            "assume_role_policy": "{\"Statement\":[{\"Action\":\"sts:AssumeRole\",\"Effect\":\"Allow\",\"Principal\":{\"Service\":\"lambda.amazonaws.com\"}}],\"Version\":\"2012-10-17\"}",
            "create_date": "2025-06-22T00:20:55Z",
            "description": "",
            "force_detach_policies": false,
            "id": "dev_logistics_notificacoes_role",
            "inline_policy": [],
            "managed_policy_arns": [],
            "max_session_duration": 3600,
            "name": "dev_logistics_notificacoes_role",
            "name_prefix": "",
            "path": "/",
            "permissions_boundary": "",
            "tags": {
              "Environment": "dev",
              "ManagedBy": "terraform",
              "Project": "logistics"
            },
            "tags_all": {
              "Environment": "dev",
              "ManagedBy": "terraform",
              "Project": "logistics"
            },
            "unique_id": "AROASSDXFBWZ22ZJSQBFE"
          },
          "sensitive_attributes": [],
          "identity_schema_version": 0,
          "identity": {
            "account_id": "176343551411",
            "name": "dev_logistics_notificacoes_role"
          },
          "private": "bnVsbA==",
          "dependencies": [
            "module.notificacoes_lambda.data.aws_iam_policy_document.policy_doc"
          ],
          "create_before_destroy": true
        }
      ]
    },
    {
      "module": "module.notificacoes_lambda",
      "mode": "managed",
      "type": "aws_iam_role_policy_attachment",
      "name": "lambda_custom_policy",
      "provider": "provider[\"registry.terraform.io/hashicorp/aws\"]",
      "instances": [
        {
          "index_key": 0,
          "schema_version": 0,
          "attributes": {
            "id": "dev_logistics_notificacoes_role-20250622002116618300000012",
            "policy_arn": "arn:aws:iam::aws:policy/AmazonDynamoDBFullAccess",
            "role": "dev_logistics_notificacoes_role"
          },
          "sensitive_attributes": [],
          "identity_schema_version": 0,
          "private": "bnVsbA==",
          "dependencies": [
            "module.notificacoes_lambda.aws_iam_role.lambda_role",
            "module.notificacoes_lambda.data.aws_iam_policy_document.policy_doc"
          ]
        },
        {
          "index_key": 1,
          "schema_version": 0,
          "attributes": {
            "id": "dev_logistics_notificacoes_role-20250622002116607300000011",
            "policy_arn": "arn:aws:iam::aws:policy/AmazonSQSFullAccess",
            "role": "dev_logistics_notificacoes_role"
          },
          "sensitive_attributes": [],
          "identity_schema_version": 0,
          "private": "bnVsbA==",
          "dependencies": [
            "module.notificacoes_lambda.aws_iam_role.lambda_role",
            "module.notificacoes_lambda.data.aws_iam_policy_document.policy_doc"
          ]
        },
        {
          "index_key": 2,
          "schema_version": 0,
          "attributes": {
            "id": "dev_logistics_notificacoes_role-20250622002116948700000013",
            "policy_arn": "arn:aws:iam::aws:policy/AmazonSNSFullAccess",
            "role": "dev_logistics_notificacoes_role"
          },
          "sensitive_attributes": [],
          "identity_schema_version": 0,
          "private": "bnVsbA==",
          "dependencies": [
            "module.notificacoes_lambda.aws_iam_role.lambda_role",
            "module.notificacoes_lambda.data.aws_iam_policy_document.policy_doc"
          ]
        },
        {
          "index_key": 3,
          "schema_version": 0,
          "attributes": {
            "id": "dev_logistics_notificacoes_role-20250622002116986100000015",
            "policy_arn": "arn:aws:iam::aws:policy/AmazonSESFullAccess",
            "role": "dev_logistics_notificacoes_role"
          },
          "sensitive_attributes": [],
          "identity_schema_version": 0,
          "private": "bnVsbA==",
          "dependencies": [
            "module.notificacoes_lambda.aws_iam_role.lambda_role",
            "module.notificacoes_lambda.data.aws_iam_policy_document.policy_doc"
          ]
        },
        {
          "index_key": 4,
          "schema_version": 0,
          "attributes": {
            "id": "dev_logistics_notificacoes_role-20250622002116975100000014",
            "policy_arn": "arn:aws:iam::aws:policy/service-role/AWSLambdaRole",
            "role": "dev_logistics_notificacoes_role"
          },
          "sensitive_attributes": [],
          "identity_schema_version": 0,
          "private": "bnVsbA==",
          "dependencies": [
            "module.notificacoes_lambda.aws_iam_role.lambda_role",
            "module.notificacoes_lambda.data.aws_iam_policy_document.policy_doc"
          ]
        }
      ]
    },
    {
      "module": "module.notificacoes_lambda",
      "mode": "managed",
      "type": "aws_iam_role_policy_attachment",
      "name": "policy_cloudwatch",
      "provider": "provider[\"registry.terraform.io/hashicorp/aws\"]",
      "instances": [
        {
          "schema_version": 0,
          "attributes": {
            "id": "dev_logistics_notificacoes_role-20250622002116602700000010",
            "policy_arn": "arn:aws:iam::aws:policy/service-role/AWSLambdaBasicExecutionRole",
            "role": "dev_logistics_notificacoes_role"
          },
          "sensitive_attributes": [],
          "identity_schema_version": 0,
          "private": "bnVsbA==",
          "dependencies": [
            "module.notificacoes_lambda.aws_iam_role.lambda_role",
            "module.notificacoes_lambda.data.aws_iam_policy_document.policy_doc"
          ]
        }
      ]
    },
    {
      "module": "module.notificacoes_lambda",
      "mode": "managed",
      "type": "aws_lambda_function",
      "name": "lambda",
      "provider": "provider[\"registry.terraform.io/hashicorp/aws\"]",
      "instances": [
        {
          "schema_version": 0,
          "attributes": {
            "architectures": [
              "x86_64"
            ],
            "arn": "arn:aws:lambda:us-east-1:176343551411:function:dev_logistics_notificacoes",
            "code_sha256": "4264dd13fdc8ac51f7b29fa54a3f9fb82b034d76664fc7a97b8bde5130210ff4",
            "code_signing_config_arn": "",
            "dead_letter_config": [],
            "description": "Notifications Lambda function",
            "environment": [
              {
                "variables": {
                  "CONNECTIONS_TABLE": "dev-logistics-websocket-connections",
                  "NOTIFICATIONS_TABLE": "dev-logistics-notifications",
                  "SNS_GENERAL_TOPIC_ARN": "arn:aws:sns:us-east-1:176343551411:dev_logistics_notifications-general",
                  "SNS_PREMIUM_TOPIC_ARN": "arn:aws:sns:us-east-1:176343551411:dev_logistics_notifications-premium",
                  "SNS_REGIONAL_TOPIC_ARN": "arn:aws:sns:us-east-1:176343551411:dev_logistics_notifications-regional",
                  "SQS_QUEUE_URL": "https://sqs.us-east-1.amazonaws.com/176343551411/dev-logistics-events-fifo-queue.fifo",
                  "USERS_TABLE": "dev-logistics-users",
                  "WEBSOCKET_LAMBDA_NAME": "dev_logistics_websocket"
                }
              }
            ],
            "ephemeral_storage": [
              {
                "size": 512
              }
            ],
            "file_system_config": [],
            "filename": null,
            "function_name": "dev_logistics_notificacoes",
            "handler": "",
            "id": "dev_logistics_notificacoes",
            "image_config": [],
            "image_uri": "176343551411.dkr.ecr.us-east-1.amazonaws.com/dev-logistics-notificacoes:latest",
            "invoke_arn": "arn:aws:apigateway:us-east-1:lambda:path/2015-03-31/functions/arn:aws:lambda:us-east-1:176343551411:function:dev_logistics_notificacoes/invocations",
            "kms_key_arn": "",
            "last_modified": "2025-06-22T00:21:50.595+0000",
            "layers": null,
            "logging_config": [
              {
                "application_log_level": "",
                "log_format": "Text",
                "log_group": "/aws/lambda/dev_logistics_notificacoes",
                "system_log_level": ""
              }
            ],
            "memory_size": 512,
            "package_type": "Image",
            "publish": false,
            "qualified_arn": "arn:aws:lambda:us-east-1:176343551411:function:dev_logistics_notificacoes:$LATEST",
            "qualified_invoke_arn": "arn:aws:apigateway:us-east-1:lambda:path/2015-03-31/functions/arn:aws:lambda:us-east-1:176343551411:function:dev_logistics_notificacoes:$LATEST/invocations",
            "region": "us-east-1",
            "replace_security_groups_on_destroy": null,
            "replacement_security_group_ids": null,
            "reserved_concurrent_executions": -1,
            "role": "arn:aws:iam::176343551411:role/dev_logistics_notificacoes_role",
            "runtime": "",
            "s3_bucket": null,
            "s3_key": null,
            "s3_object_version": null,
            "signing_job_arn": "",
            "signing_profile_version_arn": "",
            "skip_destroy": false,
            "snap_start": [],
            "source_code_hash": "",
            "source_code_size": 0,
            "tags": {
              "Environment": "dev",
              "ManagedBy": "terraform",
              "Project": "logistics"
            },
            "tags_all": {
              "Environment": "dev",
              "ManagedBy": "terraform",
              "Project": "logistics"
            },
            "timeout": 60,
            "timeouts": null,
            "tracing_config": [
              {
                "mode": "PassThrough"
              }
            ],
            "version": "$LATEST",
            "vpc_config": []
          },
          "sensitive_attributes": [],
          "identity_schema_version": 0,
          "private": "eyJlMmJmYjczMC1lY2FhLTExZTYtOGY4OC0zNDM2M2JjN2M0YzAiOnsiY3JlYXRlIjo2MDAwMDAwMDAwMDAsImRlbGV0ZSI6NjAwMDAwMDAwMDAwLCJ1cGRhdGUiOjYwMDAwMDAwMDAwMH19",
          "dependencies": [
            "aws_apigatewayv2_api.websocket_api",
            "module.events_queue.aws_sqs_queue.dead_letter_fifo_queue",
            "module.events_queue.aws_sqs_queue.fifo_queue",
            "module.notificacoes_lambda.aws_iam_role.lambda_role",
            "module.notificacoes_lambda.data.aws_caller_identity.current",
            "module.notificacoes_lambda.data.aws_iam_policy_document.policy_doc",
            "module.notificacoes_lambda.module.repo_ecr_lambda.aws_ecr_repository.this",
            "module.notificacoes_lambda.null_resource.run_script",
            "module.notifications_general_topic.aws_sns_topic.this",
            "module.notifications_premium_topic.aws_sns_topic.this",
            "module.notifications_regional_topic.aws_sns_topic.this",
            "module.notifications_table.aws_dynamodb_table.this",
            "module.users_table.aws_dynamodb_table.this",
            "module.websocket_connections_table.aws_dynamodb_table.this",
            "module.websocket_lambda.aws_iam_role.lambda_role",
            "module.websocket_lambda.aws_lambda_function.lambda",
            "module.websocket_lambda.data.aws_caller_identity.current",
            "module.websocket_lambda.data.aws_iam_policy_document.policy_doc",
            "module.websocket_lambda.module.repo_ecr_lambda.aws_ecr_repository.this",
            "module.websocket_lambda.null_resource.run_script"
          ],
          "create_before_destroy": true
        }
      ]
    },
    {
      "module": "module.notificacoes_lambda",
      "mode": "managed",
      "type": "aws_lambda_function_event_invoke_config",
      "name": "retry",
      "provider": "provider[\"registry.terraform.io/hashicorp/aws\"]",
      "instances": [
        {
          "schema_version": 0,
          "attributes": {
            "destination_config": [],
            "function_name": "dev_logistics_notificacoes",
            "id": "dev_logistics_notificacoes",
            "maximum_event_age_in_seconds": 21600,
            "maximum_retry_attempts": 0,
            "qualifier": "",
            "region": "us-east-1"
          },
          "sensitive_attributes": [],
          "identity_schema_version": 0,
          "private": "bnVsbA==",
          "dependencies": [
            "aws_apigatewayv2_api.websocket_api",
            "module.events_queue.aws_sqs_queue.dead_letter_fifo_queue",
            "module.events_queue.aws_sqs_queue.fifo_queue",
            "module.notificacoes_lambda.aws_iam_role.lambda_role",
            "module.notificacoes_lambda.aws_lambda_function.lambda",
            "module.notificacoes_lambda.data.aws_caller_identity.current",
            "module.notificacoes_lambda.data.aws_iam_policy_document.policy_doc",
            "module.notificacoes_lambda.module.repo_ecr_lambda.aws_ecr_repository.this",
            "module.notificacoes_lambda.null_resource.run_script",
            "module.notifications_general_topic.aws_sns_topic.this",
            "module.notifications_premium_topic.aws_sns_topic.this",
            "module.notifications_regional_topic.aws_sns_topic.this",
            "module.notifications_table.aws_dynamodb_table.this",
            "module.users_table.aws_dynamodb_table.this",
            "module.websocket_connections_table.aws_dynamodb_table.this",
            "module.websocket_lambda.aws_iam_role.lambda_role",
            "module.websocket_lambda.aws_lambda_function.lambda",
            "module.websocket_lambda.data.aws_caller_identity.current",
            "module.websocket_lambda.data.aws_iam_policy_document.policy_doc",
            "module.websocket_lambda.module.repo_ecr_lambda.aws_ecr_repository.this",
            "module.websocket_lambda.null_resource.run_script"
          ]
        }
      ]
    },
    {
      "module": "module.notificacoes_lambda",
      "mode": "managed",
      "type": "null_resource",
      "name": "run_script",
      "provider": "provider[\"registry.terraform.io/hashicorp/null\"]",
      "instances": [
        {
          "index_key": "Dockerfile",
          "schema_version": 0,
          "attributes": {
            "id": "6266881380508164951",
            "triggers": {
              "file": "dd129ebd68d5ac159008512edc1c03f9fb2c58005677b6e11eceba18a37ae51f"
            }
          },
          "sensitive_attributes": [],
          "identity_schema_version": 0,
          "dependencies": [
            "module.notificacoes_lambda.data.aws_caller_identity.current",
            "module.notificacoes_lambda.module.repo_ecr_lambda.aws_ecr_repository.this"
          ],
          "create_before_destroy": true
        },
        {
          "index_key": "lambda_function.py",
          "schema_version": 0,
          "attributes": {
            "id": "5057191356880884582",
            "triggers": {
              "file": "ef0896d93d89ff4a83aec2731ea04c3759154dc240b3340c2cf9b396a0ea3352"
            }
          },
          "sensitive_attributes": [],
          "identity_schema_version": 0,
          "dependencies": [
            "module.notificacoes_lambda.data.aws_caller_identity.current",
            "module.notificacoes_lambda.module.repo_ecr_lambda.aws_ecr_repository.this"
          ],
          "create_before_destroy": true
        },
        {
          "index_key": "requirements.txt",
          "schema_version": 0,
          "attributes": {
            "id": "7270535771922363495",
            "triggers": {
              "file": "56c6d4e3c400d3126448ee255a25c8f53be67e61ac821a4b22ad17d32fabe4e6"
            }
          },
          "sensitive_attributes": [],
          "identity_schema_version": 0,
          "dependencies": [
            "module.notificacoes_lambda.data.aws_caller_identity.current",
            "module.notificacoes_lambda.module.repo_ecr_lambda.aws_ecr_repository.this"
          ],
          "create_before_destroy": true
        }
      ]
    },
    {
      "module": "module.notificacoes_lambda",
      "mode": "managed",
      "type": "null_resource",
      "name": "update",
      "provider": "provider[\"registry.terraform.io/hashicorp/null\"]",
      "instances": [
        {
          "index_key": "Dockerfile",
          "schema_version": 0,
          "attributes": {
            "id": "2585412612108692867",
            "triggers": {
              "file": "dd129ebd68d5ac159008512edc1c03f9fb2c58005677b6e11eceba18a37ae51f"
            }
          },
          "sensitive_attributes": [],
          "identity_schema_version": 0,
          "dependencies": [
            "aws_apigatewayv2_api.websocket_api",
            "module.events_queue.aws_sqs_queue.dead_letter_fifo_queue",
            "module.events_queue.aws_sqs_queue.fifo_queue",
            "module.notificacoes_lambda.aws_iam_role.lambda_role",
            "module.notificacoes_lambda.aws_lambda_function.lambda",
            "module.notificacoes_lambda.data.aws_caller_identity.current",
            "module.notificacoes_lambda.data.aws_iam_policy_document.policy_doc",
            "module.notificacoes_lambda.module.repo_ecr_lambda.aws_ecr_repository.this",
            "module.notificacoes_lambda.null_resource.run_script",
            "module.notifications_general_topic.aws_sns_topic.this",
            "module.notifications_premium_topic.aws_sns_topic.this",
            "module.notifications_regional_topic.aws_sns_topic.this",
            "module.notifications_table.aws_dynamodb_table.this",
            "module.users_table.aws_dynamodb_table.this",
            "module.websocket_connections_table.aws_dynamodb_table.this",
            "module.websocket_lambda.aws_iam_role.lambda_role",
            "module.websocket_lambda.aws_lambda_function.lambda",
            "module.websocket_lambda.data.aws_caller_identity.current",
            "module.websocket_lambda.data.aws_iam_policy_document.policy_doc",
            "module.websocket_lambda.module.repo_ecr_lambda.aws_ecr_repository.this",
            "module.websocket_lambda.null_resource.run_script"
          ]
        },
        {
          "index_key": "lambda_function.py",
          "schema_version": 0,
          "attributes": {
            "id": "4590322802776702579",
            "triggers": {
              "file": "ef0896d93d89ff4a83aec2731ea04c3759154dc240b3340c2cf9b396a0ea3352"
            }
          },
          "sensitive_attributes": [],
          "identity_schema_version": 0,
          "dependencies": [
            "aws_apigatewayv2_api.websocket_api",
            "module.events_queue.aws_sqs_queue.dead_letter_fifo_queue",
            "module.events_queue.aws_sqs_queue.fifo_queue",
            "module.notificacoes_lambda.aws_iam_role.lambda_role",
            "module.notificacoes_lambda.aws_lambda_function.lambda",
            "module.notificacoes_lambda.data.aws_caller_identity.current",
            "module.notificacoes_lambda.data.aws_iam_policy_document.policy_doc",
            "module.notificacoes_lambda.module.repo_ecr_lambda.aws_ecr_repository.this",
            "module.notificacoes_lambda.null_resource.run_script",
            "module.notifications_general_topic.aws_sns_topic.this",
            "module.notifications_premium_topic.aws_sns_topic.this",
            "module.notifications_regional_topic.aws_sns_topic.this",
            "module.notifications_table.aws_dynamodb_table.this",
            "module.users_table.aws_dynamodb_table.this",
            "module.websocket_connections_table.aws_dynamodb_table.this",
            "module.websocket_lambda.aws_iam_role.lambda_role",
            "module.websocket_lambda.aws_lambda_function.lambda",
            "module.websocket_lambda.data.aws_caller_identity.current",
            "module.websocket_lambda.data.aws_iam_policy_document.policy_doc",
            "module.websocket_lambda.module.repo_ecr_lambda.aws_ecr_repository.this",
            "module.websocket_lambda.null_resource.run_script"
          ]
        },
        {
          "index_key": "requirements.txt",
          "schema_version": 0,
          "attributes": {
            "id": "7549644216282117728",
            "triggers": {
              "file": "56c6d4e3c400d3126448ee255a25c8f53be67e61ac821a4b22ad17d32fabe4e6"
            }
          },
          "sensitive_attributes": [],
          "identity_schema_version": 0,
          "dependencies": [
            "aws_apigatewayv2_api.websocket_api",
            "module.events_queue.aws_sqs_queue.dead_letter_fifo_queue",
            "module.events_queue.aws_sqs_queue.fifo_queue",
            "module.notificacoes_lambda.aws_iam_role.lambda_role",
            "module.notificacoes_lambda.aws_lambda_function.lambda",
            "module.notificacoes_lambda.data.aws_caller_identity.current",
            "module.notificacoes_lambda.data.aws_iam_policy_document.policy_doc",
            "module.notificacoes_lambda.module.repo_ecr_lambda.aws_ecr_repository.this",
            "module.notificacoes_lambda.null_resource.run_script",
            "module.notifications_general_topic.aws_sns_topic.this",
            "module.notifications_premium_topic.aws_sns_topic.this",
            "module.notifications_regional_topic.aws_sns_topic.this",
            "module.notifications_table.aws_dynamodb_table.this",
            "module.users_table.aws_dynamodb_table.this",
            "module.websocket_connections_table.aws_dynamodb_table.this",
            "module.websocket_lambda.aws_iam_role.lambda_role",
            "module.websocket_lambda.aws_lambda_function.lambda",
            "module.websocket_lambda.data.aws_caller_identity.current",
            "module.websocket_lambda.data.aws_iam_policy_document.policy_doc",
            "module.websocket_lambda.module.repo_ecr_lambda.aws_ecr_repository.this",
            "module.websocket_lambda.null_resource.run_script"
          ]
        }
      ]
    },
    {
      "module": "module.notificacoes_lambda.module.repo_ecr_lambda",
      "mode": "data",
      "type": "aws_caller_identity",
      "name": "current",
      "provider": "provider[\"registry.terraform.io/hashicorp/aws\"]",
      "instances": [
        {
          "schema_version": 0,
          "attributes": {
            "account_id": "176343551411",
            "arn": "arn:aws:iam::176343551411:user/aws-cli-ari",
            "id": "176343551411",
            "user_id": "AIDASSDXFBWZZNGAC4AYI"
          },
          "sensitive_attributes": [],
          "identity_schema_version": 0
        }
      ]
    },
    {
      "module": "module.notificacoes_lambda.module.repo_ecr_lambda",
      "mode": "managed",
      "type": "aws_ecr_lifecycle_policy",
      "name": "delete",
      "provider": "provider[\"registry.terraform.io/hashicorp/aws\"]",
      "instances": [
        {
          "schema_version": 0,
          "attributes": {
            "id": "dev-logistics-notificacoes",
            "policy": "{\"rules\":[{\"action\":{\"type\":\"expire\"},\"description\":\"Keep only the most recent images\",\"rulePriority\":1,\"selection\":{\"countNumber\":5,\"countType\":\"imageCountMoreThan\",\"tagStatus\":\"any\"}}]}",
            "region": "us-east-1",
            "registry_id": "176343551411",
            "repository": "dev-logistics-notificacoes"
          },
          "sensitive_attributes": [],
          "identity_schema_version": 0,
          "private": "bnVsbA==",
          "dependencies": [
            "module.notificacoes_lambda.module.repo_ecr_lambda.aws_ecr_repository.this"
          ]
        }
      ]
    },
    {
      "module": "module.notificacoes_lambda.module.repo_ecr_lambda",
      "mode": "managed",
      "type": "aws_ecr_repository",
      "name": "this",
      "provider": "provider[\"registry.terraform.io/hashicorp/aws\"]",
      "instances": [
        {
          "schema_version": 0,
          "attributes": {
            "arn": "arn:aws:ecr:us-east-1:176343551411:repository/dev-logistics-notificacoes",
            "encryption_configuration": [
              {
                "encryption_type": "AES256",
                "kms_key": ""
              }
            ],
            "force_delete": null,
            "id": "dev-logistics-notificacoes",
            "image_scanning_configuration": [
              {
                "scan_on_push": true
              }
            ],
            "image_tag_mutability": "MUTABLE",
            "name": "dev-logistics-notificacoes",
            "region": "us-east-1",
            "registry_id": "176343551411",
            "repository_url": "176343551411.dkr.ecr.us-east-1.amazonaws.com/dev-logistics-notificacoes",
            "tags": {
              "Environment": "dev",
              "ManagedBy": "terraform",
              "Project": "logistics"
            },
            "tags_all": {
              "Environment": "dev",
              "ManagedBy": "terraform",
              "Project": "logistics"
            },
            "timeouts": null
          },
          "sensitive_attributes": [],
          "identity_schema_version": 0,
          "private": "eyJlMmJmYjczMC1lY2FhLTExZTYtOGY4OC0zNDM2M2JjN2M0YzAiOnsiZGVsZXRlIjoxMjAwMDAwMDAwMDAwfX0=",
          "create_before_destroy": true
        }
      ]
    },
    {
      "module": "module.notifications_general_topic",
      "mode": "managed",
      "type": "aws_sns_topic",
      "name": "this",
      "provider": "provider[\"registry.terraform.io/hashicorp/aws\"]",
      "instances": [
        {
          "schema_version": 0,
          "attributes": {
            "application_failure_feedback_role_arn": "",
            "application_success_feedback_role_arn": "",
            "application_success_feedback_sample_rate": 0,
            "archive_policy": "",
            "arn": "arn:aws:sns:us-east-1:176343551411:dev_logistics_notifications-general",
            "beginning_archive_time": "",
            "content_based_deduplication": false,
            "delivery_policy": "",
            "display_name": "dev_logistics_notifications-general_error",
            "fifo_throughput_scope": "",
            "fifo_topic": false,
            "firehose_failure_feedback_role_arn": "",
            "firehose_success_feedback_role_arn": "",
            "firehose_success_feedback_sample_rate": 0,
            "http_failure_feedback_role_arn": "",
            "http_success_feedback_role_arn": "",
            "http_success_feedback_sample_rate": 0,
            "id": "arn:aws:sns:us-east-1:176343551411:dev_logistics_notifications-general",
            "kms_master_key_id": "",
            "lambda_failure_feedback_role_arn": "",
            "lambda_success_feedback_role_arn": "",
            "lambda_success_feedback_sample_rate": 0,
            "name": "dev_logistics_notifications-general",
            "name_prefix": "",
            "owner": "176343551411",
            "policy": "{\"Id\":\"__default_policy_ID\",\"Statement\":[{\"Action\":[\"SNS:GetTopicAttributes\",\"SNS:SetTopicAttributes\",\"SNS:AddPermission\",\"SNS:RemovePermission\",\"SNS:DeleteTopic\",\"SNS:Subscribe\",\"SNS:ListSubscriptionsByTopic\",\"SNS:Publish\"],\"Condition\":{\"StringEquals\":{\"AWS:SourceOwner\":\"176343551411\"}},\"Effect\":\"Allow\",\"Principal\":{\"AWS\":\"*\"},\"Resource\":\"arn:aws:sns:us-east-1:176343551411:dev_logistics_notifications-general\",\"Sid\":\"__default_statement_ID\"}],\"Version\":\"2008-10-17\"}",
            "region": "us-east-1",
            "signature_version": 0,
            "sqs_failure_feedback_role_arn": "",
            "sqs_success_feedback_role_arn": "",
            "sqs_success_feedback_sample_rate": 0,
            "tags": {
              "Environment": "dev",
              "ManagedBy": "terraform",
              "Project": "logistics"
            },
            "tags_all": {
              "Environment": "dev",
              "ManagedBy": "terraform",
              "Project": "logistics"
            },
            "tracing_config": ""
          },
          "sensitive_attributes": [],
          "identity_schema_version": 0,
          "private": "bnVsbA==",
          "create_before_destroy": true
        }
      ]
    },
    {
      "module": "module.notifications_general_topic",
      "mode": "managed",
      "type": "aws_sns_topic_subscription",
      "name": "email_subscriptions",
      "provider": "provider[\"registry.terraform.io/hashicorp/aws\"]",
      "instances": [
        {
          "index_key": "admin@logistics.com",
          "schema_version": 0,
          "attributes": {
            "arn": "arn:aws:sns:us-east-1:176343551411:dev_logistics_notifications-general:2fabe105-244e-4e54-8294-b513ca0ed412",
            "confirmation_timeout_in_minutes": 1,
            "confirmation_was_authenticated": false,
            "delivery_policy": "",
            "endpoint": "admin@logistics.com",
            "endpoint_auto_confirms": false,
            "filter_policy": "",
            "filter_policy_scope": "",
            "id": "arn:aws:sns:us-east-1:176343551411:dev_logistics_notifications-general:2fabe105-244e-4e54-8294-b513ca0ed412",
            "owner_id": "176343551411",
            "pending_confirmation": true,
            "protocol": "email",
            "raw_message_delivery": false,
            "redrive_policy": "",
            "region": "us-east-1",
            "replay_policy": "",
            "subscription_role_arn": "",
            "topic_arn": "arn:aws:sns:us-east-1:176343551411:dev_logistics_notifications-general"
          },
          "sensitive_attributes": [],
          "identity_schema_version": 0,
          "private": "bnVsbA==",
          "dependencies": [
            "module.notifications_general_topic.aws_sns_topic.this"
          ]
        }
      ]
    },
    {
      "module": "module.notifications_premium_topic",
      "mode": "managed",
      "type": "aws_sns_topic",
      "name": "this",
      "provider": "provider[\"registry.terraform.io/hashicorp/aws\"]",
      "instances": [
        {
          "schema_version": 0,
          "attributes": {
            "application_failure_feedback_role_arn": "",
            "application_success_feedback_role_arn": "",
            "application_success_feedback_sample_rate": 0,
            "archive_policy": "",
            "arn": "arn:aws:sns:us-east-1:176343551411:dev_logistics_notifications-premium",
            "beginning_archive_time": "",
            "content_based_deduplication": false,
            "delivery_policy": "",
            "display_name": "dev_logistics_notifications-premium_error",
            "fifo_throughput_scope": "",
            "fifo_topic": false,
            "firehose_failure_feedback_role_arn": "",
            "firehose_success_feedback_role_arn": "",
            "firehose_success_feedback_sample_rate": 0,
            "http_failure_feedback_role_arn": "",
            "http_success_feedback_role_arn": "",
            "http_success_feedback_sample_rate": 0,
            "id": "arn:aws:sns:us-east-1:176343551411:dev_logistics_notifications-premium",
            "kms_master_key_id": "",
            "lambda_failure_feedback_role_arn": "",
            "lambda_success_feedback_role_arn": "",
            "lambda_success_feedback_sample_rate": 0,
            "name": "dev_logistics_notifications-premium",
            "name_prefix": "",
            "owner": "176343551411",
            "policy": "{\"Id\":\"__default_policy_ID\",\"Statement\":[{\"Action\":[\"SNS:GetTopicAttributes\",\"SNS:SetTopicAttributes\",\"SNS:AddPermission\",\"SNS:RemovePermission\",\"SNS:DeleteTopic\",\"SNS:Subscribe\",\"SNS:ListSubscriptionsByTopic\",\"SNS:Publish\"],\"Condition\":{\"StringEquals\":{\"AWS:SourceOwner\":\"176343551411\"}},\"Effect\":\"Allow\",\"Principal\":{\"AWS\":\"*\"},\"Resource\":\"arn:aws:sns:us-east-1:176343551411:dev_logistics_notifications-premium\",\"Sid\":\"__default_statement_ID\"}],\"Version\":\"2008-10-17\"}",
            "region": "us-east-1",
            "signature_version": 0,
            "sqs_failure_feedback_role_arn": "",
            "sqs_success_feedback_role_arn": "",
            "sqs_success_feedback_sample_rate": 0,
            "tags": {
              "Environment": "dev",
              "ManagedBy": "terraform",
              "Project": "logistics"
            },
            "tags_all": {
              "Environment": "dev",
              "ManagedBy": "terraform",
              "Project": "logistics"
            },
            "tracing_config": ""
          },
          "sensitive_attributes": [],
          "identity_schema_version": 0,
          "private": "bnVsbA==",
          "create_before_destroy": true
        }
      ]
    },
    {
      "module": "module.notifications_premium_topic",
      "mode": "managed",
      "type": "aws_sns_topic_subscription",
      "name": "email_subscriptions",
      "provider": "provider[\"registry.terraform.io/hashicorp/aws\"]",
      "instances": [
        {
          "index_key": "admin@logistics.com",
          "schema_version": 0,
          "attributes": {
            "arn": "arn:aws:sns:us-east-1:176343551411:dev_logistics_notifications-premium:63a71b88-0aab-4e0d-aa82-445e5d811a26",
            "confirmation_timeout_in_minutes": 1,
            "confirmation_was_authenticated": false,
            "delivery_policy": "",
            "endpoint": "admin@logistics.com",
            "endpoint_auto_confirms": false,
            "filter_policy": "",
            "filter_policy_scope": "",
            "id": "arn:aws:sns:us-east-1:176343551411:dev_logistics_notifications-premium:63a71b88-0aab-4e0d-aa82-445e5d811a26",
            "owner_id": "176343551411",
            "pending_confirmation": true,
            "protocol": "email",
            "raw_message_delivery": false,
            "redrive_policy": "",
            "region": "us-east-1",
            "replay_policy": "",
            "subscription_role_arn": "",
            "topic_arn": "arn:aws:sns:us-east-1:176343551411:dev_logistics_notifications-premium"
          },
          "sensitive_attributes": [],
          "identity_schema_version": 0,
          "private": "bnVsbA==",
          "dependencies": [
            "module.notifications_premium_topic.aws_sns_topic.this"
          ]
        }
      ]
    },
    {
      "module": "module.notifications_regional_topic",
      "mode": "managed",
      "type": "aws_sns_topic",
      "name": "this",
      "provider": "provider[\"registry.terraform.io/hashicorp/aws\"]",
      "instances": [
        {
          "schema_version": 0,
          "attributes": {
            "application_failure_feedback_role_arn": "",
            "application_success_feedback_role_arn": "",
            "application_success_feedback_sample_rate": 0,
            "archive_policy": "",
            "arn": "arn:aws:sns:us-east-1:176343551411:dev_logistics_notifications-regional",
            "beginning_archive_time": "",
            "content_based_deduplication": false,
            "delivery_policy": "",
            "display_name": "dev_logistics_notifications-regional_error",
            "fifo_throughput_scope": "",
            "fifo_topic": false,
            "firehose_failure_feedback_role_arn": "",
            "firehose_success_feedback_role_arn": "",
            "firehose_success_feedback_sample_rate": 0,
            "http_failure_feedback_role_arn": "",
            "http_success_feedback_role_arn": "",
            "http_success_feedback_sample_rate": 0,
            "id": "arn:aws:sns:us-east-1:176343551411:dev_logistics_notifications-regional",
            "kms_master_key_id": "",
            "lambda_failure_feedback_role_arn": "",
            "lambda_success_feedback_role_arn": "",
            "lambda_success_feedback_sample_rate": 0,
            "name": "dev_logistics_notifications-regional",
            "name_prefix": "",
            "owner": "176343551411",
            "policy": "{\"Id\":\"__default_policy_ID\",\"Statement\":[{\"Action\":[\"SNS:GetTopicAttributes\",\"SNS:SetTopicAttributes\",\"SNS:AddPermission\",\"SNS:RemovePermission\",\"SNS:DeleteTopic\",\"SNS:Subscribe\",\"SNS:ListSubscriptionsByTopic\",\"SNS:Publish\"],\"Condition\":{\"StringEquals\":{\"AWS:SourceOwner\":\"176343551411\"}},\"Effect\":\"Allow\",\"Principal\":{\"AWS\":\"*\"},\"Resource\":\"arn:aws:sns:us-east-1:176343551411:dev_logistics_notifications-regional\",\"Sid\":\"__default_statement_ID\"}],\"Version\":\"2008-10-17\"}",
            "region": "us-east-1",
            "signature_version": 0,
            "sqs_failure_feedback_role_arn": "",
            "sqs_success_feedback_role_arn": "",
            "sqs_success_feedback_sample_rate": 0,
            "tags": {
              "Environment": "dev",
              "ManagedBy": "terraform",
              "Project": "logistics"
            },
            "tags_all": {
              "Environment": "dev",
              "ManagedBy": "terraform",
              "Project": "logistics"
            },
            "tracing_config": ""
          },
          "sensitive_attributes": [],
          "identity_schema_version": 0,
          "private": "bnVsbA==",
          "create_before_destroy": true
        }
      ]
    },
    {
      "module": "module.notifications_regional_topic",
      "mode": "managed",
      "type": "aws_sns_topic_subscription",
      "name": "email_subscriptions",
      "provider": "provider[\"registry.terraform.io/hashicorp/aws\"]",
      "instances": [
        {
          "index_key": "admin@logistics.com",
          "schema_version": 0,
          "attributes": {
            "arn": "arn:aws:sns:us-east-1:176343551411:dev_logistics_notifications-regional:65edfdea-5266-49f7-ba4b-837387cbf3fc",
            "confirmation_timeout_in_minutes": 1,
            "confirmation_was_authenticated": false,
            "delivery_policy": "",
            "endpoint": "admin@logistics.com",
            "endpoint_auto_confirms": false,
            "filter_policy": "",
            "filter_policy_scope": "",
            "id": "arn:aws:sns:us-east-1:176343551411:dev_logistics_notifications-regional:65edfdea-5266-49f7-ba4b-837387cbf3fc",
            "owner_id": "176343551411",
            "pending_confirmation": true,
            "protocol": "email",
            "raw_message_delivery": false,
            "redrive_policy": "",
            "region": "us-east-1",
            "replay_policy": "",
            "subscription_role_arn": "",
            "topic_arn": "arn:aws:sns:us-east-1:176343551411:dev_logistics_notifications-regional"
          },
          "sensitive_attributes": [],
          "identity_schema_version": 0,
          "private": "bnVsbA==",
          "dependencies": [
            "module.notifications_regional_topic.aws_sns_topic.this"
          ]
        }
      ]
    },
    {
      "module": "module.notifications_table",
      "mode": "managed",
      "type": "aws_dynamodb_table",
      "name": "this",
      "provider": "provider[\"registry.terraform.io/hashicorp/aws\"]",
      "instances": [
        {
          "schema_version": 1,
          "attributes": {
            "arn": "arn:aws:dynamodb:us-east-1:176343551411:table/dev-logistics-notifications",
            "attribute": [
              {
                "name": "id",
                "type": "S"
              }
            ],
            "billing_mode": "PAY_PER_REQUEST",
            "deletion_protection_enabled": false,
            "global_secondary_index": [],
            "hash_key": "id",
            "id": "dev-logistics-notifications",
            "import_table": [],
            "local_secondary_index": [],
            "name": "dev-logistics-notifications",
            "on_demand_throughput": [],
            "point_in_time_recovery": [
              {
                "enabled": false,
                "recovery_period_in_days": 0
              }
            ],
            "range_key": null,
            "read_capacity": 0,
            "region": "us-east-1",
            "replica": [],
            "restore_date_time": null,
            "restore_source_name": null,
            "restore_source_table_arn": null,
            "restore_to_latest_time": null,
            "server_side_encryption": [],
            "stream_arn": "",
            "stream_enabled": false,
            "stream_label": "",
            "stream_view_type": "",
            "table_class": "STANDARD",
            "tags": {
              "Environment": "dev",
              "ManagedBy": "terraform",
              "Project": "logistics"
            },
            "tags_all": {
              "Environment": "dev",
              "ManagedBy": "terraform",
              "Project": "logistics"
            },
            "timeouts": null,
            "ttl": [
              {
                "attribute_name": "",
                "enabled": false
              }
            ],
            "write_capacity": 0
          },
          "sensitive_attributes": [],
          "identity_schema_version": 0,
          "private": "eyJlMmJmYjczMC1lY2FhLTExZTYtOGY4OC0zNDM2M2JjN2M0YzAiOnsiY3JlYXRlIjoxODAwMDAwMDAwMDAwLCJkZWxldGUiOjYwMDAwMDAwMDAwMCwidXBkYXRlIjozNjAwMDAwMDAwMDAwfSwic2NoZW1hX3ZlcnNpb24iOiIxIn0=",
          "create_before_destroy": true
        }
      ]
    },
    {
      "module": "module.pedido_ofertas_table",
      "mode": "managed",
      "type": "aws_dynamodb_table",
      "name": "this",
      "provider": "provider[\"registry.terraform.io/hashicorp/aws\"]",
      "instances": [
        {
          "schema_version": 1,
          "attributes": {
            "arn": "arn:aws:dynamodb:us-east-1:176343551411:table/dev-logistics-pedido-ofertas",
            "attribute": [
              {
                "name": "id",
                "type": "S"
              }
            ],
            "billing_mode": "PAY_PER_REQUEST",
            "deletion_protection_enabled": false,
            "global_secondary_index": [],
            "hash_key": "id",
            "id": "dev-logistics-pedido-ofertas",
            "import_table": [],
            "local_secondary_index": [],
            "name": "dev-logistics-pedido-ofertas",
            "on_demand_throughput": [],
            "point_in_time_recovery": [
              {
                "enabled": false,
                "recovery_period_in_days": 0
              }
            ],
            "range_key": null,
            "read_capacity": 0,
            "region": "us-east-1",
            "replica": [],
            "restore_date_time": null,
            "restore_source_name": null,
            "restore_source_table_arn": null,
            "restore_to_latest_time": null,
            "server_side_encryption": [],
            "stream_arn": "",
            "stream_enabled": false,
            "stream_label": "",
            "stream_view_type": "",
            "table_class": "STANDARD",
            "tags": {
              "Environment": "dev",
              "ManagedBy": "terraform",
              "Project": "logistics"
            },
            "tags_all": {
              "Environment": "dev",
              "ManagedBy": "terraform",
              "Project": "logistics"
            },
            "timeouts": null,
            "ttl": [
              {
                "attribute_name": "",
                "enabled": false
              }
            ],
            "write_capacity": 0
          },
          "sensitive_attributes": [],
          "identity_schema_version": 0,
          "private": "eyJlMmJmYjczMC1lY2FhLTExZTYtOGY4OC0zNDM2M2JjN2M0YzAiOnsiY3JlYXRlIjoxODAwMDAwMDAwMDAwLCJkZWxldGUiOjYwMDAwMDAwMDAwMCwidXBkYXRlIjozNjAwMDAwMDAwMDAwfSwic2NoZW1hX3ZlcnNpb24iOiIxIn0=",
          "create_before_destroy": true
        }
      ]
    },
    {
      "module": "module.pedidos_lambda",
      "mode": "data",
      "type": "aws_caller_identity",
      "name": "current",
      "provider": "provider[\"registry.terraform.io/hashicorp/aws\"]",
      "instances": [
        {
          "schema_version": 0,
          "attributes": {
            "account_id": "176343551411",
            "arn": "arn:aws:iam::176343551411:user/aws-cli-ari",
            "id": "176343551411",
            "user_id": "AIDASSDXFBWZZNGAC4AYI"
          },
          "sensitive_attributes": [],
          "identity_schema_version": 0
        }
      ]
    },
    {
      "module": "module.pedidos_lambda",
      "mode": "data",
      "type": "aws_iam_policy_document",
      "name": "policy_doc",
      "provider": "provider[\"registry.terraform.io/hashicorp/aws\"]",
      "instances": [
        {
          "schema_version": 0,
          "attributes": {
            "id": "2690255455",
            "json": "{\n  \"Version\": \"2012-10-17\",\n  \"Statement\": [\n    {\n      \"Effect\": \"Allow\",\n      \"Action\": \"sts:AssumeRole\",\n      \"Principal\": {\n        \"Service\": \"lambda.amazonaws.com\"\n      }\n    }\n  ]\n}",
            "minified_json": "{\"Version\":\"2012-10-17\",\"Statement\":[{\"Effect\":\"Allow\",\"Action\":\"sts:AssumeRole\",\"Principal\":{\"Service\":\"lambda.amazonaws.com\"}}]}",
            "override_json": null,
            "override_policy_documents": null,
            "policy_id": null,
            "source_json": null,
            "source_policy_documents": null,
            "statement": [
              {
                "actions": [
                  "sts:AssumeRole"
                ],
                "condition": [],
                "effect": "Allow",
                "not_actions": [],
                "not_principals": [],
                "not_resources": [],
                "principals": [
                  {
                    "identifiers": [
                      "lambda.amazonaws.com"
                    ],
                    "type": "Service"
                  }
                ],
                "resources": [],
                "sid": ""
              }
            ],
            "version": "2012-10-17"
          },
          "sensitive_attributes": [],
          "identity_schema_version": 0
        }
      ]
    },
    {
      "module": "module.pedidos_lambda",
      "mode": "managed",
      "type": "aws_iam_role",
      "name": "lambda_role",
      "provider": "provider[\"registry.terraform.io/hashicorp/aws\"]",
      "instances": [
        {
          "schema_version": 0,
          "attributes": {
            "arn": "arn:aws:iam::176343551411:role/dev_logistics_pedidos_role",
            "assume_role_policy": "{\"Statement\":[{\"Action\":\"sts:AssumeRole\",\"Effect\":\"Allow\",\"Principal\":{\"Service\":\"lambda.amazonaws.com\"}}],\"Version\":\"2012-10-17\"}",
            "create_date": "2025-06-22T00:20:53Z",
            "description": "",
            "force_detach_policies": false,
            "id": "dev_logistics_pedidos_role",
            "inline_policy": [],
            "managed_policy_arns": [],
            "max_session_duration": 3600,
            "name": "dev_logistics_pedidos_role",
            "name_prefix": "",
            "path": "/",
            "permissions_boundary": "",
            "tags": {
              "Environment": "dev",
              "ManagedBy": "terraform",
              "Project": "logistics"
            },
            "tags_all": {
              "Environment": "dev",
              "ManagedBy": "terraform",
              "Project": "logistics"
            },
            "unique_id": "AROASSDXFBWZZW5RURGWE"
          },
          "sensitive_attributes": [],
          "identity_schema_version": 0,
          "identity": {
            "account_id": "176343551411",
            "name": "dev_logistics_pedidos_role"
          },
          "private": "bnVsbA==",
          "dependencies": [
            "module.pedidos_lambda.data.aws_iam_policy_document.policy_doc"
          ],
          "create_before_destroy": true
        }
      ]
    },
    {
      "module": "module.pedidos_lambda",
      "mode": "managed",
      "type": "aws_iam_role_policy_attachment",
      "name": "lambda_custom_policy",
      "provider": "provider[\"registry.terraform.io/hashicorp/aws\"]",
      "instances": [
        {
          "index_key": 0,
          "schema_version": 0,
          "attributes": {
            "id": "dev_logistics_pedidos_role-20250622002106120700000003",
            "policy_arn": "arn:aws:iam::aws:policy/AmazonDynamoDBFullAccess",
            "role": "dev_logistics_pedidos_role"
          },
          "sensitive_attributes": [],
          "identity_schema_version": 0,
          "private": "bnVsbA==",
          "dependencies": [
            "module.pedidos_lambda.aws_iam_role.lambda_role",
            "module.pedidos_lambda.data.aws_iam_policy_document.policy_doc"
          ]
        },
        {
          "index_key": 1,
          "schema_version": 0,
          "attributes": {
            "id": "dev_logistics_pedidos_role-20250622002105871100000002",
            "policy_arn": "arn:aws:iam::aws:policy/AmazonSQSFullAccess",
            "role": "dev_logistics_pedidos_role"
          },
          "sensitive_attributes": [],
          "identity_schema_version": 0,
          "private": "bnVsbA==",
          "dependencies": [
            "module.pedidos_lambda.aws_iam_role.lambda_role",
            "module.pedidos_lambda.data.aws_iam_policy_document.policy_doc"
          ]
        }
      ]
    },
    {
      "module": "module.pedidos_lambda",
      "mode": "managed",
      "type": "aws_iam_role_policy_attachment",
      "name": "policy_cloudwatch",
      "provider": "provider[\"registry.terraform.io/hashicorp/aws\"]",
      "instances": [
        {
          "schema_version": 0,
          "attributes": {
            "id": "dev_logistics_pedidos_role-20250622002105753700000001",
            "policy_arn": "arn:aws:iam::aws:policy/service-role/AWSLambdaBasicExecutionRole",
            "role": "dev_logistics_pedidos_role"
          },
          "sensitive_attributes": [],
          "identity_schema_version": 0,
          "private": "bnVsbA==",
          "dependencies": [
            "module.pedidos_lambda.aws_iam_role.lambda_role",
            "module.pedidos_lambda.data.aws_iam_policy_document.policy_doc"
          ]
        }
      ]
    },
    {
      "module": "module.pedidos_lambda",
      "mode": "managed",
      "type": "aws_lambda_function",
      "name": "lambda",
      "provider": "provider[\"registry.terraform.io/hashicorp/aws\"]",
      "instances": [
        {
          "schema_version": 0,
          "attributes": {
            "architectures": [
              "x86_64"
            ],
            "arn": "arn:aws:lambda:us-east-1:176343551411:function:dev_logistics_pedidos",
            "code_sha256": "5d577656d2b00a50047ffe000cb461179e466befbb1ed66f5733d027ec8dc420",
            "code_signing_config_arn": "",
            "dead_letter_config": [],
            "description": "Orders management Lambda function",
            "environment": [
              {
                "variables": {
                  "PEDIDOS_TABLE": "dev-logistics-pedidos",
                  "SQS_QUEUE_URL": "https://sqs.us-east-1.amazonaws.com/176343551411/dev-logistics-events-fifo-queue.fifo"
                }
              }
            ],
            "ephemeral_storage": [
              {
                "size": 512
              }
            ],
            "file_system_config": [],
            "filename": null,
            "function_name": "dev_logistics_pedidos",
            "handler": "",
            "id": "dev_logistics_pedidos",
            "image_config": [],
            "image_uri": "176343551411.dkr.ecr.us-east-1.amazonaws.com/dev-logistics-pedidos:latest",
            "invoke_arn": "arn:aws:apigateway:us-east-1:lambda:path/2015-03-31/functions/arn:aws:lambda:us-east-1:176343551411:function:dev_logistics_pedidos/invocations",
            "kms_key_arn": "",
            "last_modified": "2025-06-22T00:21:50.599+0000",
            "layers": null,
            "logging_config": [
              {
                "application_log_level": "",
                "log_format": "Text",
                "log_group": "/aws/lambda/dev_logistics_pedidos",
                "system_log_level": ""
              }
            ],
            "memory_size": 512,
            "package_type": "Image",
            "publish": false,
            "qualified_arn": "arn:aws:lambda:us-east-1:176343551411:function:dev_logistics_pedidos:$LATEST",
            "qualified_invoke_arn": "arn:aws:apigateway:us-east-1:lambda:path/2015-03-31/functions/arn:aws:lambda:us-east-1:176343551411:function:dev_logistics_pedidos:$LATEST/invocations",
            "region": "us-east-1",
            "replace_security_groups_on_destroy": null,
            "replacement_security_group_ids": null,
            "reserved_concurrent_executions": -1,
            "role": "arn:aws:iam::176343551411:role/dev_logistics_pedidos_role",
            "runtime": "",
            "s3_bucket": null,
            "s3_key": null,
            "s3_object_version": null,
            "signing_job_arn": "",
            "signing_profile_version_arn": "",
            "skip_destroy": false,
            "snap_start": [],
            "source_code_hash": "",
            "source_code_size": 0,
            "tags": {
              "Environment": "dev",
              "ManagedBy": "terraform",
              "Project": "logistics"
            },
            "tags_all": {
              "Environment": "dev",
              "ManagedBy": "terraform",
              "Project": "logistics"
            },
            "timeout": 30,
            "timeouts": null,
            "tracing_config": [
              {
                "mode": "PassThrough"
              }
            ],
            "version": "$LATEST",
            "vpc_config": []
          },
          "sensitive_attributes": [],
          "identity_schema_version": 0,
          "private": "eyJlMmJmYjczMC1lY2FhLTExZTYtOGY4OC0zNDM2M2JjN2M0YzAiOnsiY3JlYXRlIjo2MDAwMDAwMDAwMDAsImRlbGV0ZSI6NjAwMDAwMDAwMDAwLCJ1cGRhdGUiOjYwMDAwMDAwMDAwMH19",
          "dependencies": [
            "module.events_queue.aws_sqs_queue.dead_letter_fifo_queue",
            "module.events_queue.aws_sqs_queue.fifo_queue",
            "module.pedidos_lambda.aws_iam_role.lambda_role",
            "module.pedidos_lambda.data.aws_caller_identity.current",
            "module.pedidos_lambda.data.aws_iam_policy_document.policy_doc",
            "module.pedidos_lambda.module.repo_ecr_lambda.aws_ecr_repository.this",
            "module.pedidos_lambda.null_resource.run_script",
            "module.pedidos_table.aws_dynamodb_table.this"
          ],
          "create_before_destroy": true
        }
      ]
    },
    {
      "module": "module.pedidos_lambda",
      "mode": "managed",
      "type": "aws_lambda_function_event_invoke_config",
      "name": "retry",
      "provider": "provider[\"registry.terraform.io/hashicorp/aws\"]",
      "instances": [
        {
          "schema_version": 0,
          "attributes": {
            "destination_config": [],
            "function_name": "dev_logistics_pedidos",
            "id": "dev_logistics_pedidos",
            "maximum_event_age_in_seconds": 21600,
            "maximum_retry_attempts": 0,
            "qualifier": "",
            "region": "us-east-1"
          },
          "sensitive_attributes": [],
          "identity_schema_version": 0,
          "private": "bnVsbA==",
          "dependencies": [
            "module.events_queue.aws_sqs_queue.dead_letter_fifo_queue",
            "module.events_queue.aws_sqs_queue.fifo_queue",
            "module.pedidos_lambda.aws_iam_role.lambda_role",
            "module.pedidos_lambda.aws_lambda_function.lambda",
            "module.pedidos_lambda.data.aws_caller_identity.current",
            "module.pedidos_lambda.data.aws_iam_policy_document.policy_doc",
            "module.pedidos_lambda.module.repo_ecr_lambda.aws_ecr_repository.this",
            "module.pedidos_lambda.null_resource.run_script",
            "module.pedidos_table.aws_dynamodb_table.this"
          ]
        }
      ]
    },
    {
      "module": "module.pedidos_lambda",
      "mode": "managed",
      "type": "null_resource",
      "name": "run_script",
      "provider": "provider[\"registry.terraform.io/hashicorp/null\"]",
      "instances": [
        {
          "index_key": "Dockerfile",
          "schema_version": 0,
          "attributes": {
            "id": "395770849685546340",
            "triggers": {
              "file": "dd129ebd68d5ac159008512edc1c03f9fb2c58005677b6e11eceba18a37ae51f"
            }
          },
          "sensitive_attributes": [],
          "identity_schema_version": 0,
          "dependencies": [
            "module.pedidos_lambda.data.aws_caller_identity.current",
            "module.pedidos_lambda.module.repo_ecr_lambda.aws_ecr_repository.this"
          ],
          "create_before_destroy": true
        },
        {
          "index_key": "lambda_function.py",
          "schema_version": 0,
          "attributes": {
            "id": "1517338747662975025",
            "triggers": {
              "file": "c6a98be34d28054f3504913f1c71cfbc378afda6002c4e5322316b22d56ffedc"
            }
          },
          "sensitive_attributes": [],
          "identity_schema_version": 0,
          "dependencies": [
            "module.pedidos_lambda.data.aws_caller_identity.current",
            "module.pedidos_lambda.module.repo_ecr_lambda.aws_ecr_repository.this"
          ],
          "create_before_destroy": true
        },
        {
          "index_key": "requirements.txt",
          "schema_version": 0,
          "attributes": {
            "id": "8109667326783984971",
            "triggers": {
              "file": "bdc6e8c6e40edae06cc1cc7c974fade4e50fb774276ce608e213acf01cab2634"
            }
          },
          "sensitive_attributes": [],
          "identity_schema_version": 0,
          "dependencies": [
            "module.pedidos_lambda.data.aws_caller_identity.current",
            "module.pedidos_lambda.module.repo_ecr_lambda.aws_ecr_repository.this"
          ],
          "create_before_destroy": true
        }
      ]
    },
    {
      "module": "module.pedidos_lambda",
      "mode": "managed",
      "type": "null_resource",
      "name": "update",
      "provider": "provider[\"registry.terraform.io/hashicorp/null\"]",
      "instances": [
        {
          "index_key": "Dockerfile",
          "schema_version": 0,
          "attributes": {
            "id": "6568809762136775846",
            "triggers": {
              "file": "dd129ebd68d5ac159008512edc1c03f9fb2c58005677b6e11eceba18a37ae51f"
            }
          },
          "sensitive_attributes": [],
          "identity_schema_version": 0,
          "dependencies": [
            "module.events_queue.aws_sqs_queue.dead_letter_fifo_queue",
            "module.events_queue.aws_sqs_queue.fifo_queue",
            "module.pedidos_lambda.aws_iam_role.lambda_role",
            "module.pedidos_lambda.aws_lambda_function.lambda",
            "module.pedidos_lambda.data.aws_caller_identity.current",
            "module.pedidos_lambda.data.aws_iam_policy_document.policy_doc",
            "module.pedidos_lambda.module.repo_ecr_lambda.aws_ecr_repository.this",
            "module.pedidos_lambda.null_resource.run_script",
            "module.pedidos_table.aws_dynamodb_table.this"
          ]
        },
        {
          "index_key": "lambda_function.py",
          "schema_version": 0,
          "attributes": {
            "id": "2888309661745849773",
            "triggers": {
              "file": "c6a98be34d28054f3504913f1c71cfbc378afda6002c4e5322316b22d56ffedc"
            }
          },
          "sensitive_attributes": [],
          "identity_schema_version": 0,
          "dependencies": [
            "module.events_queue.aws_sqs_queue.dead_letter_fifo_queue",
            "module.events_queue.aws_sqs_queue.fifo_queue",
            "module.pedidos_lambda.aws_iam_role.lambda_role",
            "module.pedidos_lambda.aws_lambda_function.lambda",
            "module.pedidos_lambda.data.aws_caller_identity.current",
            "module.pedidos_lambda.data.aws_iam_policy_document.policy_doc",
            "module.pedidos_lambda.module.repo_ecr_lambda.aws_ecr_repository.this",
            "module.pedidos_lambda.null_resource.run_script",
            "module.pedidos_table.aws_dynamodb_table.this"
          ]
        },
        {
          "index_key": "requirements.txt",
          "schema_version": 0,
          "attributes": {
            "id": "1490169843815992692",
            "triggers": {
              "file": "bdc6e8c6e40edae06cc1cc7c974fade4e50fb774276ce608e213acf01cab2634"
            }
          },
          "sensitive_attributes": [],
          "identity_schema_version": 0,
          "dependencies": [
            "module.events_queue.aws_sqs_queue.dead_letter_fifo_queue",
            "module.events_queue.aws_sqs_queue.fifo_queue",
            "module.pedidos_lambda.aws_iam_role.lambda_role",
            "module.pedidos_lambda.aws_lambda_function.lambda",
            "module.pedidos_lambda.data.aws_caller_identity.current",
            "module.pedidos_lambda.data.aws_iam_policy_document.policy_doc",
            "module.pedidos_lambda.module.repo_ecr_lambda.aws_ecr_repository.this",
            "module.pedidos_lambda.null_resource.run_script",
            "module.pedidos_table.aws_dynamodb_table.this"
          ]
        }
      ]
    },
    {
      "module": "module.pedidos_lambda.module.repo_ecr_lambda",
      "mode": "data",
      "type": "aws_caller_identity",
      "name": "current",
      "provider": "provider[\"registry.terraform.io/hashicorp/aws\"]",
      "instances": [
        {
          "schema_version": 0,
          "attributes": {
            "account_id": "176343551411",
            "arn": "arn:aws:iam::176343551411:user/aws-cli-ari",
            "id": "176343551411",
            "user_id": "AIDASSDXFBWZZNGAC4AYI"
          },
          "sensitive_attributes": [],
          "identity_schema_version": 0
        }
      ]
    },
    {
      "module": "module.pedidos_lambda.module.repo_ecr_lambda",
      "mode": "managed",
      "type": "aws_ecr_lifecycle_policy",
      "name": "delete",
      "provider": "provider[\"registry.terraform.io/hashicorp/aws\"]",
      "instances": [
        {
          "schema_version": 0,
          "attributes": {
            "id": "dev-logistics-pedidos",
            "policy": "{\"rules\":[{\"action\":{\"type\":\"expire\"},\"description\":\"Keep only the most recent images\",\"rulePriority\":1,\"selection\":{\"countNumber\":5,\"countType\":\"imageCountMoreThan\",\"tagStatus\":\"any\"}}]}",
            "region": "us-east-1",
            "registry_id": "176343551411",
            "repository": "dev-logistics-pedidos"
          },
          "sensitive_attributes": [],
          "identity_schema_version": 0,
          "private": "bnVsbA==",
          "dependencies": [
            "module.pedidos_lambda.module.repo_ecr_lambda.aws_ecr_repository.this"
          ]
        }
      ]
    },
    {
      "module": "module.pedidos_lambda.module.repo_ecr_lambda",
      "mode": "managed",
      "type": "aws_ecr_repository",
      "name": "this",
      "provider": "provider[\"registry.terraform.io/hashicorp/aws\"]",
      "instances": [
        {
          "schema_version": 0,
          "attributes": {
            "arn": "arn:aws:ecr:us-east-1:176343551411:repository/dev-logistics-pedidos",
            "encryption_configuration": [
              {
                "encryption_type": "AES256",
                "kms_key": ""
              }
            ],
            "force_delete": null,
            "id": "dev-logistics-pedidos",
            "image_scanning_configuration": [
              {
                "scan_on_push": true
              }
            ],
            "image_tag_mutability": "MUTABLE",
            "name": "dev-logistics-pedidos",
            "region": "us-east-1",
            "registry_id": "176343551411",
            "repository_url": "176343551411.dkr.ecr.us-east-1.amazonaws.com/dev-logistics-pedidos",
            "tags": {
              "Environment": "dev",
              "ManagedBy": "terraform",
              "Project": "logistics"
            },
            "tags_all": {
              "Environment": "dev",
              "ManagedBy": "terraform",
              "Project": "logistics"
            },
            "timeouts": null
          },
          "sensitive_attributes": [],
          "identity_schema_version": 0,
          "private": "eyJlMmJmYjczMC1lY2FhLTExZTYtOGY4OC0zNDM2M2JjN2M0YzAiOnsiZGVsZXRlIjoxMjAwMDAwMDAwMDAwfX0=",
          "create_before_destroy": true
        }
      ]
    },
    {
      "module": "module.pedidos_table",
      "mode": "managed",
      "type": "aws_dynamodb_table",
      "name": "this",
      "provider": "provider[\"registry.terraform.io/hashicorp/aws\"]",
      "instances": [
        {
          "schema_version": 1,
          "attributes": {
            "arn": "arn:aws:dynamodb:us-east-1:176343551411:table/dev-logistics-pedidos",
            "attribute": [
              {
                "name": "id",
                "type": "S"
              }
            ],
            "billing_mode": "PAY_PER_REQUEST",
            "deletion_protection_enabled": false,
            "global_secondary_index": [],
            "hash_key": "id",
            "id": "dev-logistics-pedidos",
            "import_table": [],
            "local_secondary_index": [],
            "name": "dev-logistics-pedidos",
            "on_demand_throughput": [],
            "point_in_time_recovery": [
              {
                "enabled": false,
                "recovery_period_in_days": 0
              }
            ],
            "range_key": null,
            "read_capacity": 0,
            "region": "us-east-1",
            "replica": [],
            "restore_date_time": null,
            "restore_source_name": null,
            "restore_source_table_arn": null,
            "restore_to_latest_time": null,
            "server_side_encryption": [],
            "stream_arn": "",
            "stream_enabled": false,
            "stream_label": "",
            "stream_view_type": "",
            "table_class": "STANDARD",
            "tags": {
              "Environment": "dev",
              "ManagedBy": "terraform",
              "Project": "logistics"
            },
            "tags_all": {
              "Environment": "dev",
              "ManagedBy": "terraform",
              "Project": "logistics"
            },
            "timeouts": null,
            "ttl": [
              {
                "attribute_name": "",
                "enabled": false
              }
            ],
            "write_capacity": 0
          },
          "sensitive_attributes": [],
          "identity_schema_version": 0,
          "private": "eyJlMmJmYjczMC1lY2FhLTExZTYtOGY4OC0zNDM2M2JjN2M0YzAiOnsiY3JlYXRlIjoxODAwMDAwMDAwMDAwLCJkZWxldGUiOjYwMDAwMDAwMDAwMCwidXBkYXRlIjozNjAwMDAwMDAwMDAwfSwic2NoZW1hX3ZlcnNpb24iOiIxIn0=",
          "create_before_destroy": true
        }
      ]
    },
    {
      "module": "module.rastreamento_lambda",
      "mode": "data",
      "type": "aws_caller_identity",
      "name": "current",
      "provider": "provider[\"registry.terraform.io/hashicorp/aws\"]",
      "instances": [
        {
          "schema_version": 0,
          "attributes": {
            "account_id": "176343551411",
            "arn": "arn:aws:iam::176343551411:user/aws-cli-ari",
            "id": "176343551411",
            "user_id": "AIDASSDXFBWZZNGAC4AYI"
          },
          "sensitive_attributes": [],
          "identity_schema_version": 0
        }
      ]
    },
    {
      "module": "module.rastreamento_lambda",
      "mode": "data",
      "type": "aws_iam_policy_document",
      "name": "policy_doc",
      "provider": "provider[\"registry.terraform.io/hashicorp/aws\"]",
      "instances": [
        {
          "schema_version": 0,
          "attributes": {
            "id": "2690255455",
            "json": "{\n  \"Version\": \"2012-10-17\",\n  \"Statement\": [\n    {\n      \"Effect\": \"Allow\",\n      \"Action\": \"sts:AssumeRole\",\n      \"Principal\": {\n        \"Service\": \"lambda.amazonaws.com\"\n      }\n    }\n  ]\n}",
            "minified_json": "{\"Version\":\"2012-10-17\",\"Statement\":[{\"Effect\":\"Allow\",\"Action\":\"sts:AssumeRole\",\"Principal\":{\"Service\":\"lambda.amazonaws.com\"}}]}",
            "override_json": null,
            "override_policy_documents": null,
            "policy_id": null,
            "source_json": null,
            "source_policy_documents": null,
            "statement": [
              {
                "actions": [
                  "sts:AssumeRole"
                ],
                "condition": [],
                "effect": "Allow",
                "not_actions": [],
                "not_principals": [],
                "not_resources": [],
                "principals": [
                  {
                    "identifiers": [
                      "lambda.amazonaws.com"
                    ],
                    "type": "Service"
                  }
                ],
                "resources": [],
                "sid": ""
              }
            ],
            "version": "2012-10-17"
          },
          "sensitive_attributes": [],
          "identity_schema_version": 0
        }
      ]
    },
    {
      "module": "module.rastreamento_lambda",
      "mode": "managed",
      "type": "aws_iam_role",
      "name": "lambda_role",
      "provider": "provider[\"registry.terraform.io/hashicorp/aws\"]",
      "instances": [
        {
          "schema_version": 0,
          "attributes": {
            "arn": "arn:aws:iam::176343551411:role/dev_logistics_rastreamento_role",
            "assume_role_policy": "{\"Statement\":[{\"Action\":\"sts:AssumeRole\",\"Effect\":\"Allow\",\"Principal\":{\"Service\":\"lambda.amazonaws.com\"}}],\"Version\":\"2012-10-17\"}",
            "create_date": "2025-06-22T00:20:54Z",
            "description": "",
            "force_detach_policies": false,
            "id": "dev_logistics_rastreamento_role",
            "inline_policy": [],
            "managed_policy_arns": [],
            "max_session_duration": 3600,
            "name": "dev_logistics_rastreamento_role",
            "name_prefix": "",
            "path": "/",
            "permissions_boundary": "",
            "tags": {
              "Environment": "dev",
              "ManagedBy": "terraform",
              "Project": "logistics"
            },
            "tags_all": {
              "Environment": "dev",
              "ManagedBy": "terraform",
              "Project": "logistics"
            },
            "unique_id": "AROASSDXFBWZRTWOIHM4S"
          },
          "sensitive_attributes": [],
          "identity_schema_version": 0,
          "identity": {
            "account_id": "176343551411",
            "name": "dev_logistics_rastreamento_role"
          },
          "private": "bnVsbA==",
          "dependencies": [
            "module.rastreamento_lambda.data.aws_iam_policy_document.policy_doc"
          ],
          "create_before_destroy": true
        }
      ]
    },
    {
      "module": "module.rastreamento_lambda",
      "mode": "managed",
      "type": "aws_iam_role_policy_attachment",
      "name": "lambda_custom_policy",
      "provider": "provider[\"registry.terraform.io/hashicorp/aws\"]",
      "instances": [
        {
          "index_key": 0,
          "schema_version": 0,
          "attributes": {
            "id": "dev_logistics_rastreamento_role-2025062200211130440000000c",
            "policy_arn": "arn:aws:iam::aws:policy/AmazonDynamoDBFullAccess",
            "role": "dev_logistics_rastreamento_role"
          },
          "sensitive_attributes": [],
          "identity_schema_version": 0,
          "private": "bnVsbA==",
          "dependencies": [
            "module.rastreamento_lambda.aws_iam_role.lambda_role",
            "module.rastreamento_lambda.data.aws_iam_policy_document.policy_doc"
          ]
        },
        {
          "index_key": 1,
          "schema_version": 0,
          "attributes": {
            "id": "dev_logistics_rastreamento_role-2025062200211118640000000b",
            "policy_arn": "arn:aws:iam::aws:policy/AmazonSQSFullAccess",
            "role": "dev_logistics_rastreamento_role"
          },
          "sensitive_attributes": [],
          "identity_schema_version": 0,
          "private": "bnVsbA==",
          "dependencies": [
            "module.rastreamento_lambda.aws_iam_role.lambda_role",
            "module.rastreamento_lambda.data.aws_iam_policy_document.policy_doc"
          ]
        }
      ]
    },
    {
      "module": "module.rastreamento_lambda",
      "mode": "managed",
      "type": "aws_iam_role_policy_attachment",
      "name": "policy_cloudwatch",
      "provider": "provider[\"registry.terraform.io/hashicorp/aws\"]",
      "instances": [
        {
          "schema_version": 0,
          "attributes": {
            "id": "dev_logistics_rastreamento_role-2025062200211096360000000a",
            "policy_arn": "arn:aws:iam::aws:policy/service-role/AWSLambdaBasicExecutionRole",
            "role": "dev_logistics_rastreamento_role"
          },
          "sensitive_attributes": [],
          "identity_schema_version": 0,
          "private": "bnVsbA==",
          "dependencies": [
            "module.rastreamento_lambda.aws_iam_role.lambda_role",
            "module.rastreamento_lambda.data.aws_iam_policy_document.policy_doc"
          ]
        }
      ]
    },
    {
      "module": "module.rastreamento_lambda",
      "mode": "managed",
      "type": "aws_lambda_function",
      "name": "lambda",
      "provider": "provider[\"registry.terraform.io/hashicorp/aws\"]",
      "instances": [
        {
          "schema_version": 0,
          "attributes": {
            "architectures": [
              "x86_64"
            ],
            "arn": "arn:aws:lambda:us-east-1:176343551411:function:dev_logistics_rastreamento",
            "code_sha256": "18cd7e7caed712e64eba969a834db70ee59262d68316dcc71b15853e770a34c9",
            "code_signing_config_arn": "",
            "dead_letter_config": [],
            "description": "Tracking Lambda function",
            "environment": [
              {
                "variables": {
                  "LOCATIONS_TABLE": "dev-logistics-locations",
                  "PEDIDOS_TABLE": "dev-logistics-pedidos",
                  "SQS_QUEUE_URL": "https://sqs.us-east-1.amazonaws.com/176343551411/dev-logistics-events-fifo-queue.fifo"
                }
              }
            ],
            "ephemeral_storage": [
              {
                "size": 512
              }
            ],
            "file_system_config": [],
            "filename": null,
            "function_name": "dev_logistics_rastreamento",
            "handler": "",
            "id": "dev_logistics_rastreamento",
            "image_config": [],
            "image_uri": "176343551411.dkr.ecr.us-east-1.amazonaws.com/dev-logistics-rastreamento:latest",
            "invoke_arn": "arn:aws:apigateway:us-east-1:lambda:path/2015-03-31/functions/arn:aws:lambda:us-east-1:176343551411:function:dev_logistics_rastreamento/invocations",
            "kms_key_arn": "",
            "last_modified": "2025-06-22T00:21:50.596+0000",
            "layers": null,
            "logging_config": [
              {
                "application_log_level": "",
                "log_format": "Text",
                "log_group": "/aws/lambda/dev_logistics_rastreamento",
                "system_log_level": ""
              }
            ],
            "memory_size": 512,
            "package_type": "Image",
            "publish": false,
            "qualified_arn": "arn:aws:lambda:us-east-1:176343551411:function:dev_logistics_rastreamento:$LATEST",
            "qualified_invoke_arn": "arn:aws:apigateway:us-east-1:lambda:path/2015-03-31/functions/arn:aws:lambda:us-east-1:176343551411:function:dev_logistics_rastreamento:$LATEST/invocations",
            "region": "us-east-1",
            "replace_security_groups_on_destroy": null,
            "replacement_security_group_ids": null,
            "reserved_concurrent_executions": -1,
            "role": "arn:aws:iam::176343551411:role/dev_logistics_rastreamento_role",
            "runtime": "",
            "s3_bucket": null,
            "s3_key": null,
            "s3_object_version": null,
            "signing_job_arn": "",
            "signing_profile_version_arn": "",
            "skip_destroy": false,
            "snap_start": [],
            "source_code_hash": "",
            "source_code_size": 0,
            "tags": {
              "Environment": "dev",
              "ManagedBy": "terraform",
              "Project": "logistics"
            },
            "tags_all": {
              "Environment": "dev",
              "ManagedBy": "terraform",
              "Project": "logistics"
            },
            "timeout": 30,
            "timeouts": null,
            "tracing_config": [
              {
                "mode": "PassThrough"
              }
            ],
            "version": "$LATEST",
            "vpc_config": []
          },
          "sensitive_attributes": [],
          "identity_schema_version": 0,
          "private": "eyJlMmJmYjczMC1lY2FhLTExZTYtOGY4OC0zNDM2M2JjN2M0YzAiOnsiY3JlYXRlIjo2MDAwMDAwMDAwMDAsImRlbGV0ZSI6NjAwMDAwMDAwMDAwLCJ1cGRhdGUiOjYwMDAwMDAwMDAwMH19",
          "dependencies": [
            "module.events_queue.aws_sqs_queue.dead_letter_fifo_queue",
            "module.events_queue.aws_sqs_queue.fifo_queue",
            "module.locations_table.aws_dynamodb_table.this",
            "module.pedidos_table.aws_dynamodb_table.this",
            "module.rastreamento_lambda.aws_iam_role.lambda_role",
            "module.rastreamento_lambda.data.aws_caller_identity.current",
            "module.rastreamento_lambda.data.aws_iam_policy_document.policy_doc",
            "module.rastreamento_lambda.module.repo_ecr_lambda.aws_ecr_repository.this",
            "module.rastreamento_lambda.null_resource.run_script"
          ],
          "create_before_destroy": true
        }
      ]
    },
    {
      "module": "module.rastreamento_lambda",
      "mode": "managed",
      "type": "aws_lambda_function_event_invoke_config",
      "name": "retry",
      "provider": "provider[\"registry.terraform.io/hashicorp/aws\"]",
      "instances": [
        {
          "schema_version": 0,
          "attributes": {
            "destination_config": [],
            "function_name": "dev_logistics_rastreamento",
            "id": "dev_logistics_rastreamento",
            "maximum_event_age_in_seconds": 21600,
            "maximum_retry_attempts": 0,
            "qualifier": "",
            "region": "us-east-1"
          },
          "sensitive_attributes": [],
          "identity_schema_version": 0,
          "private": "bnVsbA==",
          "dependencies": [
            "module.events_queue.aws_sqs_queue.dead_letter_fifo_queue",
            "module.events_queue.aws_sqs_queue.fifo_queue",
            "module.locations_table.aws_dynamodb_table.this",
            "module.pedidos_table.aws_dynamodb_table.this",
            "module.rastreamento_lambda.aws_iam_role.lambda_role",
            "module.rastreamento_lambda.aws_lambda_function.lambda",
            "module.rastreamento_lambda.data.aws_caller_identity.current",
            "module.rastreamento_lambda.data.aws_iam_policy_document.policy_doc",
            "module.rastreamento_lambda.module.repo_ecr_lambda.aws_ecr_repository.this",
            "module.rastreamento_lambda.null_resource.run_script"
          ]
        }
      ]
    },
    {
      "module": "module.rastreamento_lambda",
      "mode": "managed",
      "type": "null_resource",
      "name": "run_script",
      "provider": "provider[\"registry.terraform.io/hashicorp/null\"]",
      "instances": [
        {
          "index_key": "Dockerfile",
          "schema_version": 0,
          "attributes": {
            "id": "7208219667202936026",
            "triggers": {
              "file": "dd129ebd68d5ac159008512edc1c03f9fb2c58005677b6e11eceba18a37ae51f"
            }
          },
          "sensitive_attributes": [],
          "identity_schema_version": 0,
          "dependencies": [
            "module.rastreamento_lambda.data.aws_caller_identity.current",
            "module.rastreamento_lambda.module.repo_ecr_lambda.aws_ecr_repository.this"
          ],
          "create_before_destroy": true
        },
        {
          "index_key": "lambda_function.py",
          "schema_version": 0,
          "attributes": {
            "id": "508929819150276267",
            "triggers": {
              "file": "d2f3e5a45d81bb320622ba790893f8199254794361755e13443549a378a4f366"
            }
          },
          "sensitive_attributes": [],
          "identity_schema_version": 0,
          "dependencies": [
            "module.rastreamento_lambda.data.aws_caller_identity.current",
            "module.rastreamento_lambda.module.repo_ecr_lambda.aws_ecr_repository.this"
          ],
          "create_before_destroy": true
        },
        {
          "index_key": "requirements.txt",
          "schema_version": 0,
          "attributes": {
            "id": "167817916693855551",
            "triggers": {
              "file": "3a241156de0f169dc8ced91636869c3b92eeb11d2f71bfc8bd0a65b91882df1f"
            }
          },
          "sensitive_attributes": [],
          "identity_schema_version": 0,
          "dependencies": [
            "module.rastreamento_lambda.data.aws_caller_identity.current",
            "module.rastreamento_lambda.module.repo_ecr_lambda.aws_ecr_repository.this"
          ],
          "create_before_destroy": true
        }
      ]
    },
    {
      "module": "module.rastreamento_lambda",
      "mode": "managed",
      "type": "null_resource",
      "name": "update",
      "provider": "provider[\"registry.terraform.io/hashicorp/null\"]",
      "instances": [
        {
          "index_key": "Dockerfile",
          "schema_version": 0,
          "attributes": {
            "id": "6594109467243087944",
            "triggers": {
              "file": "dd129ebd68d5ac159008512edc1c03f9fb2c58005677b6e11eceba18a37ae51f"
            }
          },
          "sensitive_attributes": [],
          "identity_schema_version": 0,
          "dependencies": [
            "module.events_queue.aws_sqs_queue.dead_letter_fifo_queue",
            "module.events_queue.aws_sqs_queue.fifo_queue",
            "module.locations_table.aws_dynamodb_table.this",
            "module.pedidos_table.aws_dynamodb_table.this",
            "module.rastreamento_lambda.aws_iam_role.lambda_role",
            "module.rastreamento_lambda.aws_lambda_function.lambda",
            "module.rastreamento_lambda.data.aws_caller_identity.current",
            "module.rastreamento_lambda.data.aws_iam_policy_document.policy_doc",
            "module.rastreamento_lambda.module.repo_ecr_lambda.aws_ecr_repository.this",
            "module.rastreamento_lambda.null_resource.run_script"
          ]
        },
        {
          "index_key": "lambda_function.py",
          "schema_version": 0,
          "attributes": {
            "id": "2223299172891758559",
            "triggers": {
              "file": "d2f3e5a45d81bb320622ba790893f8199254794361755e13443549a378a4f366"
            }
          },
          "sensitive_attributes": [],
          "identity_schema_version": 0,
          "dependencies": [
            "module.events_queue.aws_sqs_queue.dead_letter_fifo_queue",
            "module.events_queue.aws_sqs_queue.fifo_queue",
            "module.locations_table.aws_dynamodb_table.this",
            "module.pedidos_table.aws_dynamodb_table.this",
            "module.rastreamento_lambda.aws_iam_role.lambda_role",
            "module.rastreamento_lambda.aws_lambda_function.lambda",
            "module.rastreamento_lambda.data.aws_caller_identity.current",
            "module.rastreamento_lambda.data.aws_iam_policy_document.policy_doc",
            "module.rastreamento_lambda.module.repo_ecr_lambda.aws_ecr_repository.this",
            "module.rastreamento_lambda.null_resource.run_script"
          ]
        },
        {
          "index_key": "requirements.txt",
          "schema_version": 0,
          "attributes": {
            "id": "4898981863539284092",
            "triggers": {
              "file": "3a241156de0f169dc8ced91636869c3b92eeb11d2f71bfc8bd0a65b91882df1f"
            }
          },
          "sensitive_attributes": [],
          "identity_schema_version": 0,
          "dependencies": [
            "module.events_queue.aws_sqs_queue.dead_letter_fifo_queue",
            "module.events_queue.aws_sqs_queue.fifo_queue",
            "module.locations_table.aws_dynamodb_table.this",
            "module.pedidos_table.aws_dynamodb_table.this",
            "module.rastreamento_lambda.aws_iam_role.lambda_role",
            "module.rastreamento_lambda.aws_lambda_function.lambda",
            "module.rastreamento_lambda.data.aws_caller_identity.current",
            "module.rastreamento_lambda.data.aws_iam_policy_document.policy_doc",
            "module.rastreamento_lambda.module.repo_ecr_lambda.aws_ecr_repository.this",
            "module.rastreamento_lambda.null_resource.run_script"
          ]
        }
      ]
    },
    {
      "module": "module.rastreamento_lambda.module.repo_ecr_lambda",
      "mode": "data",
      "type": "aws_caller_identity",
      "name": "current",
      "provider": "provider[\"registry.terraform.io/hashicorp/aws\"]",
      "instances": [
        {
          "schema_version": 0,
          "attributes": {
            "account_id": "176343551411",
            "arn": "arn:aws:iam::176343551411:user/aws-cli-ari",
            "id": "176343551411",
            "user_id": "AIDASSDXFBWZZNGAC4AYI"
          },
          "sensitive_attributes": [],
          "identity_schema_version": 0
        }
      ]
    },
    {
      "module": "module.rastreamento_lambda.module.repo_ecr_lambda",
      "mode": "managed",
      "type": "aws_ecr_lifecycle_policy",
      "name": "delete",
      "provider": "provider[\"registry.terraform.io/hashicorp/aws\"]",
      "instances": [
        {
          "schema_version": 0,
          "attributes": {
            "id": "dev-logistics-rastreamento",
            "policy": "{\"rules\":[{\"action\":{\"type\":\"expire\"},\"description\":\"Keep only the most recent images\",\"rulePriority\":1,\"selection\":{\"countNumber\":5,\"countType\":\"imageCountMoreThan\",\"tagStatus\":\"any\"}}]}",
            "region": "us-east-1",
            "registry_id": "176343551411",
            "repository": "dev-logistics-rastreamento"
          },
          "sensitive_attributes": [],
          "identity_schema_version": 0,
          "private": "bnVsbA==",
          "dependencies": [
            "module.rastreamento_lambda.module.repo_ecr_lambda.aws_ecr_repository.this"
          ]
        }
      ]
    },
    {
      "module": "module.rastreamento_lambda.module.repo_ecr_lambda",
      "mode": "managed",
      "type": "aws_ecr_repository",
      "name": "this",
      "provider": "provider[\"registry.terraform.io/hashicorp/aws\"]",
      "instances": [
        {
          "schema_version": 0,
          "attributes": {
            "arn": "arn:aws:ecr:us-east-1:176343551411:repository/dev-logistics-rastreamento",
            "encryption_configuration": [
              {
                "encryption_type": "AES256",
                "kms_key": ""
              }
            ],
            "force_delete": null,
            "id": "dev-logistics-rastreamento",
            "image_scanning_configuration": [
              {
                "scan_on_push": true
              }
            ],
            "image_tag_mutability": "MUTABLE",
            "name": "dev-logistics-rastreamento",
            "region": "us-east-1",
            "registry_id": "176343551411",
            "repository_url": "176343551411.dkr.ecr.us-east-1.amazonaws.com/dev-logistics-rastreamento",
            "tags": {
              "Environment": "dev",
              "ManagedBy": "terraform",
              "Project": "logistics"
            },
            "tags_all": {
              "Environment": "dev",
              "ManagedBy": "terraform",
              "Project": "logistics"
            },
            "timeouts": null
          },
          "sensitive_attributes": [],
          "identity_schema_version": 0,
          "private": "eyJlMmJmYjczMC1lY2FhLTExZTYtOGY4OC0zNDM2M2JjN2M0YzAiOnsiZGVsZXRlIjoxMjAwMDAwMDAwMDAwfX0=",
          "create_before_destroy": true
        }
      ]
    },
    {
      "module": "module.smart_routing_lambda",
      "mode": "data",
      "type": "aws_caller_identity",
      "name": "current",
      "provider": "provider[\"registry.terraform.io/hashicorp/aws\"]",
      "instances": [
        {
          "schema_version": 0,
          "attributes": {
            "account_id": "176343551411",
            "arn": "arn:aws:iam::176343551411:user/aws-cli-ari",
            "id": "176343551411",
            "user_id": "AIDASSDXFBWZZNGAC4AYI"
          },
          "sensitive_attributes": [],
          "identity_schema_version": 0
        }
      ]
    },
    {
      "module": "module.smart_routing_lambda",
      "mode": "data",
      "type": "aws_iam_policy_document",
      "name": "policy_doc",
      "provider": "provider[\"registry.terraform.io/hashicorp/aws\"]",
      "instances": [
        {
          "schema_version": 0,
          "attributes": {
            "id": "2690255455",
            "json": "{\n  \"Version\": \"2012-10-17\",\n  \"Statement\": [\n    {\n      \"Effect\": \"Allow\",\n      \"Action\": \"sts:AssumeRole\",\n      \"Principal\": {\n        \"Service\": \"lambda.amazonaws.com\"\n      }\n    }\n  ]\n}",
            "minified_json": "{\"Version\":\"2012-10-17\",\"Statement\":[{\"Effect\":\"Allow\",\"Action\":\"sts:AssumeRole\",\"Principal\":{\"Service\":\"lambda.amazonaws.com\"}}]}",
            "override_json": null,
            "override_policy_documents": null,
            "policy_id": null,
            "source_json": null,
            "source_policy_documents": null,
            "statement": [
              {
                "actions": [
                  "sts:AssumeRole"
                ],
                "condition": [],
                "effect": "Allow",
                "not_actions": [],
                "not_principals": [],
                "not_resources": [],
                "principals": [
                  {
                    "identifiers": [
                      "lambda.amazonaws.com"
                    ],
                    "type": "Service"
                  }
                ],
                "resources": [],
                "sid": ""
              }
            ],
            "version": "2012-10-17"
          },
          "sensitive_attributes": [],
          "identity_schema_version": 0
        }
      ]
    },
    {
      "module": "module.smart_routing_lambda",
      "mode": "managed",
      "type": "aws_iam_role",
      "name": "lambda_role",
      "provider": "provider[\"registry.terraform.io/hashicorp/aws\"]",
      "instances": [
        {
          "schema_version": 0,
          "attributes": {
            "arn": "arn:aws:iam::176343551411:role/dev_logistics_smart-routing_role",
            "assume_role_policy": "{\"Statement\":[{\"Action\":\"sts:AssumeRole\",\"Effect\":\"Allow\",\"Principal\":{\"Service\":\"lambda.amazonaws.com\"}}],\"Version\":\"2012-10-17\"}",
            "create_date": "2025-06-22T00:20:53Z",
            "description": "",
            "force_detach_policies": false,
            "id": "dev_logistics_smart-routing_role",
            "inline_policy": [],
            "managed_policy_arns": [],
            "max_session_duration": 3600,
            "name": "dev_logistics_smart-routing_role",
            "name_prefix": "",
            "path": "/",
            "permissions_boundary": "",
            "tags": {
              "Environment": "dev",
              "ManagedBy": "terraform",
              "Project": "logistics"
            },
            "tags_all": {
              "Environment": "dev",
              "ManagedBy": "terraform",
              "Project": "logistics"
            },
            "unique_id": "AROASSDXFBWZT5AS2WE2O"
          },
          "sensitive_attributes": [],
          "identity_schema_version": 0,
          "identity": {
            "account_id": "176343551411",
            "name": "dev_logistics_smart-routing_role"
          },
          "private": "bnVsbA==",
          "dependencies": [
            "module.smart_routing_lambda.data.aws_iam_policy_document.policy_doc"
          ],
          "create_before_destroy": true
        }
      ]
    },
    {
      "module": "module.smart_routing_lambda",
      "mode": "managed",
      "type": "aws_iam_role_policy_attachment",
      "name": "lambda_custom_policy",
      "provider": "provider[\"registry.terraform.io/hashicorp/aws\"]",
      "instances": [
        {
          "index_key": 0,
          "schema_version": 0,
          "attributes": {
            "id": "dev_logistics_smart-routing_role-20250622002107031100000007",
            "policy_arn": "arn:aws:iam::aws:policy/AmazonDynamoDBFullAccess",
            "role": "dev_logistics_smart-routing_role"
          },
          "sensitive_attributes": [],
          "identity_schema_version": 0,
          "private": "bnVsbA==",
          "dependencies": [
            "module.smart_routing_lambda.aws_iam_role.lambda_role",
            "module.smart_routing_lambda.data.aws_iam_policy_document.policy_doc"
          ]
        },
        {
          "index_key": 1,
          "schema_version": 0,
          "attributes": {
            "id": "dev_logistics_smart-routing_role-20250622002106840700000005",
            "policy_arn": "arn:aws:iam::aws:policy/AmazonSQSFullAccess",
            "role": "dev_logistics_smart-routing_role"
          },
          "sensitive_attributes": [],
          "identity_schema_version": 0,
          "private": "bnVsbA==",
          "dependencies": [
            "module.smart_routing_lambda.aws_iam_role.lambda_role",
            "module.smart_routing_lambda.data.aws_iam_policy_document.policy_doc"
          ]
        },
        {
          "index_key": 2,
          "schema_version": 0,
          "attributes": {
            "id": "dev_logistics_smart-routing_role-20250622002106866100000006",
            "policy_arn": "arn:aws:iam::aws:policy/service-role/AWSLambdaRole",
            "role": "dev_logistics_smart-routing_role"
          },
          "sensitive_attributes": [],
          "identity_schema_version": 0,
          "private": "bnVsbA==",
          "dependencies": [
            "module.smart_routing_lambda.aws_iam_role.lambda_role",
            "module.smart_routing_lambda.data.aws_iam_policy_document.policy_doc"
          ]
        }
      ]
    },
    {
      "module": "module.smart_routing_lambda",
      "mode": "managed",
      "type": "aws_iam_role_policy_attachment",
      "name": "policy_cloudwatch",
      "provider": "provider[\"registry.terraform.io/hashicorp/aws\"]",
      "instances": [
        {
          "schema_version": 0,
          "attributes": {
            "id": "dev_logistics_smart-routing_role-20250622002106480400000004",
            "policy_arn": "arn:aws:iam::aws:policy/service-role/AWSLambdaBasicExecutionRole",
            "role": "dev_logistics_smart-routing_role"
          },
          "sensitive_attributes": [],
          "identity_schema_version": 0,
          "private": "bnVsbA==",
          "dependencies": [
            "module.smart_routing_lambda.aws_iam_role.lambda_role",
            "module.smart_routing_lambda.data.aws_iam_policy_document.policy_doc"
          ]
        }
      ]
    },
    {
      "module": "module.smart_routing_lambda",
      "mode": "managed",
      "type": "aws_lambda_function",
      "name": "lambda",
      "provider": "provider[\"registry.terraform.io/hashicorp/aws\"]",
      "instances": [
        {
          "schema_version": 0,
          "attributes": {
            "architectures": [
              "x86_64"
            ],
            "arn": "arn:aws:lambda:us-east-1:176343551411:function:dev_logistics_smart-routing",
            "code_sha256": "3f9a777ac2ba3203b61134393e68addc5ad28f041113d982bdf806547c01bdea",
            "code_signing_config_arn": "",
            "dead_letter_config": [],
            "description": "Smart routing Lambda for intelligent driver assignment",
            "environment": [
              {
                "variables": {
                  "NOTIFICACOES_LAMBDA_NAME": "dev_logistics_notificacoes",
                  "OFERTAS_TABLE": "dev-logistics-pedido-ofertas",
                  "PEDIDOS_TABLE": "dev-logistics-pedidos",
                  "SQS_QUEUE_URL": "https://sqs.us-east-1.amazonaws.com/176343551411/dev-logistics-events-fifo-queue.fifo",
                  "USERS_TABLE": "dev-logistics-users"
                }
              }
            ],
            "ephemeral_storage": [
              {
                "size": 512
              }
            ],
            "file_system_config": [],
            "filename": null,
            "function_name": "dev_logistics_smart-routing",
            "handler": "",
            "id": "dev_logistics_smart-routing",
            "image_config": [],
            "image_uri": "176343551411.dkr.ecr.us-east-1.amazonaws.com/dev-logistics-smart-routing:latest",
            "invoke_arn": "arn:aws:apigateway:us-east-1:lambda:path/2015-03-31/functions/arn:aws:lambda:us-east-1:176343551411:function:dev_logistics_smart-routing/invocations",
            "kms_key_arn": "",
            "last_modified": "2025-06-22T00:22:01.747+0000",
            "layers": null,
            "logging_config": [
              {
                "application_log_level": "",
                "log_format": "Text",
                "log_group": "/aws/lambda/dev_logistics_smart-routing",
                "system_log_level": ""
              }
            ],
            "memory_size": 1024,
            "package_type": "Image",
            "publish": false,
            "qualified_arn": "arn:aws:lambda:us-east-1:176343551411:function:dev_logistics_smart-routing:$LATEST",
            "qualified_invoke_arn": "arn:aws:apigateway:us-east-1:lambda:path/2015-03-31/functions/arn:aws:lambda:us-east-1:176343551411:function:dev_logistics_smart-routing:$LATEST/invocations",
            "region": "us-east-1",
            "replace_security_groups_on_destroy": null,
            "replacement_security_group_ids": null,
            "reserved_concurrent_executions": -1,
            "role": "arn:aws:iam::176343551411:role/dev_logistics_smart-routing_role",
            "runtime": "",
            "s3_bucket": null,
            "s3_key": null,
            "s3_object_version": null,
            "signing_job_arn": "",
            "signing_profile_version_arn": "",
            "skip_destroy": false,
            "snap_start": [],
            "source_code_hash": "",
            "source_code_size": 0,
            "tags": {
              "Environment": "dev",
              "ManagedBy": "terraform",
              "Project": "logistics"
            },
            "tags_all": {
              "Environment": "dev",
              "ManagedBy": "terraform",
              "Project": "logistics"
            },
            "timeout": 60,
            "timeouts": null,
            "tracing_config": [
              {
                "mode": "PassThrough"
              }
            ],
            "version": "$LATEST",
            "vpc_config": []
          },
          "sensitive_attributes": [],
          "identity_schema_version": 0,
          "private": "eyJlMmJmYjczMC1lY2FhLTExZTYtOGY4OC0zNDM2M2JjN2M0YzAiOnsiY3JlYXRlIjo2MDAwMDAwMDAwMDAsImRlbGV0ZSI6NjAwMDAwMDAwMDAwLCJ1cGRhdGUiOjYwMDAwMDAwMDAwMH19",
          "dependencies": [
            "aws_apigatewayv2_api.websocket_api",
            "module.events_queue.aws_sqs_queue.dead_letter_fifo_queue",
            "module.events_queue.aws_sqs_queue.fifo_queue",
            "module.notificacoes_lambda.aws_iam_role.lambda_role",
            "module.notificacoes_lambda.aws_lambda_function.lambda",
            "module.notificacoes_lambda.data.aws_caller_identity.current",
            "module.notificacoes_lambda.data.aws_iam_policy_document.policy_doc",
            "module.notificacoes_lambda.module.repo_ecr_lambda.aws_ecr_repository.this",
            "module.notificacoes_lambda.null_resource.run_script",
            "module.notifications_general_topic.aws_sns_topic.this",
            "module.notifications_premium_topic.aws_sns_topic.this",
            "module.notifications_regional_topic.aws_sns_topic.this",
            "module.notifications_table.aws_dynamodb_table.this",
            "module.pedido_ofertas_table.aws_dynamodb_table.this",
            "module.pedidos_table.aws_dynamodb_table.this",
            "module.smart_routing_lambda.aws_iam_role.lambda_role",
            "module.smart_routing_lambda.data.aws_caller_identity.current",
            "module.smart_routing_lambda.data.aws_iam_policy_document.policy_doc",
            "module.smart_routing_lambda.module.repo_ecr_lambda.aws_ecr_repository.this",
            "module.smart_routing_lambda.null_resource.run_script",
            "module.users_table.aws_dynamodb_table.this",
            "module.websocket_connections_table.aws_dynamodb_table.this",
            "module.websocket_lambda.aws_iam_role.lambda_role",
            "module.websocket_lambda.aws_lambda_function.lambda",
            "module.websocket_lambda.data.aws_caller_identity.current",
            "module.websocket_lambda.data.aws_iam_policy_document.policy_doc",
            "module.websocket_lambda.module.repo_ecr_lambda.aws_ecr_repository.this",
            "module.websocket_lambda.null_resource.run_script"
          ],
          "create_before_destroy": true
        }
      ]
    },
    {
      "module": "module.smart_routing_lambda",
      "mode": "managed",
      "type": "aws_lambda_function_event_invoke_config",
      "name": "retry",
      "provider": "provider[\"registry.terraform.io/hashicorp/aws\"]",
      "instances": [
        {
          "schema_version": 0,
          "attributes": {
            "destination_config": [],
            "function_name": "dev_logistics_smart-routing",
            "id": "dev_logistics_smart-routing",
            "maximum_event_age_in_seconds": 21600,
            "maximum_retry_attempts": 0,
            "qualifier": "",
            "region": "us-east-1"
          },
          "sensitive_attributes": [],
          "identity_schema_version": 0,
          "private": "bnVsbA==",
          "dependencies": [
            "aws_apigatewayv2_api.websocket_api",
            "module.events_queue.aws_sqs_queue.dead_letter_fifo_queue",
            "module.events_queue.aws_sqs_queue.fifo_queue",
            "module.notificacoes_lambda.aws_iam_role.lambda_role",
            "module.notificacoes_lambda.aws_lambda_function.lambda",
            "module.notificacoes_lambda.data.aws_caller_identity.current",
            "module.notificacoes_lambda.data.aws_iam_policy_document.policy_doc",
            "module.notificacoes_lambda.module.repo_ecr_lambda.aws_ecr_repository.this",
            "module.notificacoes_lambda.null_resource.run_script",
            "module.notifications_general_topic.aws_sns_topic.this",
            "module.notifications_premium_topic.aws_sns_topic.this",
            "module.notifications_regional_topic.aws_sns_topic.this",
            "module.notifications_table.aws_dynamodb_table.this",
            "module.pedido_ofertas_table.aws_dynamodb_table.this",
            "module.pedidos_table.aws_dynamodb_table.this",
            "module.smart_routing_lambda.aws_iam_role.lambda_role",
            "module.smart_routing_lambda.aws_lambda_function.lambda",
            "module.smart_routing_lambda.data.aws_caller_identity.current",
            "module.smart_routing_lambda.data.aws_iam_policy_document.policy_doc",
            "module.smart_routing_lambda.module.repo_ecr_lambda.aws_ecr_repository.this",
            "module.smart_routing_lambda.null_resource.run_script",
            "module.users_table.aws_dynamodb_table.this",
            "module.websocket_connections_table.aws_dynamodb_table.this",
            "module.websocket_lambda.aws_iam_role.lambda_role",
            "module.websocket_lambda.aws_lambda_function.lambda",
            "module.websocket_lambda.data.aws_caller_identity.current",
            "module.websocket_lambda.data.aws_iam_policy_document.policy_doc",
            "module.websocket_lambda.module.repo_ecr_lambda.aws_ecr_repository.this",
            "module.websocket_lambda.null_resource.run_script"
          ]
        }
      ]
    },
    {
      "module": "module.smart_routing_lambda",
      "mode": "managed",
      "type": "null_resource",
      "name": "run_script",
      "provider": "provider[\"registry.terraform.io/hashicorp/null\"]",
      "instances": [
        {
          "index_key": "Dockerfile",
          "schema_version": 0,
          "attributes": {
            "id": "4970838347255077042",
            "triggers": {
              "file": "dd129ebd68d5ac159008512edc1c03f9fb2c58005677b6e11eceba18a37ae51f"
            }
          },
          "sensitive_attributes": [],
          "identity_schema_version": 0,
          "dependencies": [
            "module.smart_routing_lambda.data.aws_caller_identity.current",
            "module.smart_routing_lambda.module.repo_ecr_lambda.aws_ecr_repository.this"
          ],
          "create_before_destroy": true
        },
        {
          "index_key": "lambda_function.py",
          "schema_version": 0,
          "attributes": {
            "id": "4884872811399560539",
            "triggers": {
              "file": "6db451332d426d0148faa26667bd6fb71f7b1d810572d1da63194e410dfc69f4"
            }
          },
          "sensitive_attributes": [],
          "identity_schema_version": 0,
          "dependencies": [
            "module.smart_routing_lambda.data.aws_caller_identity.current",
            "module.smart_routing_lambda.module.repo_ecr_lambda.aws_ecr_repository.this"
          ],
          "create_before_destroy": true
        },
        {
          "index_key": "requirements.txt",
          "schema_version": 0,
          "attributes": {
            "id": "1977691396903598643",
            "triggers": {
              "file": "bdc6e8c6e40edae06cc1cc7c974fade4e50fb774276ce608e213acf01cab2634"
            }
          },
          "sensitive_attributes": [],
          "identity_schema_version": 0,
          "dependencies": [
            "module.smart_routing_lambda.data.aws_caller_identity.current",
            "module.smart_routing_lambda.module.repo_ecr_lambda.aws_ecr_repository.this"
          ],
          "create_before_destroy": true
        }
      ]
    },
    {
      "module": "module.smart_routing_lambda",
      "mode": "managed",
      "type": "null_resource",
      "name": "update",
      "provider": "provider[\"registry.terraform.io/hashicorp/null\"]",
      "instances": [
        {
          "index_key": "Dockerfile",
          "schema_version": 0,
          "attributes": {
            "id": "1748648017185935480",
            "triggers": {
              "file": "dd129ebd68d5ac159008512edc1c03f9fb2c58005677b6e11eceba18a37ae51f"
            }
          },
          "sensitive_attributes": [],
          "identity_schema_version": 0,
          "dependencies": [
            "aws_apigatewayv2_api.websocket_api",
            "module.events_queue.aws_sqs_queue.dead_letter_fifo_queue",
            "module.events_queue.aws_sqs_queue.fifo_queue",
            "module.notificacoes_lambda.aws_iam_role.lambda_role",
            "module.notificacoes_lambda.aws_lambda_function.lambda",
            "module.notificacoes_lambda.data.aws_caller_identity.current",
            "module.notificacoes_lambda.data.aws_iam_policy_document.policy_doc",
            "module.notificacoes_lambda.module.repo_ecr_lambda.aws_ecr_repository.this",
            "module.notificacoes_lambda.null_resource.run_script",
            "module.notifications_general_topic.aws_sns_topic.this",
            "module.notifications_premium_topic.aws_sns_topic.this",
            "module.notifications_regional_topic.aws_sns_topic.this",
            "module.notifications_table.aws_dynamodb_table.this",
            "module.pedido_ofertas_table.aws_dynamodb_table.this",
            "module.pedidos_table.aws_dynamodb_table.this",
            "module.smart_routing_lambda.aws_iam_role.lambda_role",
            "module.smart_routing_lambda.aws_lambda_function.lambda",
            "module.smart_routing_lambda.data.aws_caller_identity.current",
            "module.smart_routing_lambda.data.aws_iam_policy_document.policy_doc",
            "module.smart_routing_lambda.module.repo_ecr_lambda.aws_ecr_repository.this",
            "module.smart_routing_lambda.null_resource.run_script",
            "module.users_table.aws_dynamodb_table.this",
            "module.websocket_connections_table.aws_dynamodb_table.this",
            "module.websocket_lambda.aws_iam_role.lambda_role",
            "module.websocket_lambda.aws_lambda_function.lambda",
            "module.websocket_lambda.data.aws_caller_identity.current",
            "module.websocket_lambda.data.aws_iam_policy_document.policy_doc",
            "module.websocket_lambda.module.repo_ecr_lambda.aws_ecr_repository.this",
            "module.websocket_lambda.null_resource.run_script"
          ]
        },
        {
          "index_key": "lambda_function.py",
          "schema_version": 0,
          "attributes": {
            "id": "5286956218519144549",
            "triggers": {
              "file": "6db451332d426d0148faa26667bd6fb71f7b1d810572d1da63194e410dfc69f4"
            }
          },
          "sensitive_attributes": [],
          "identity_schema_version": 0,
          "dependencies": [
            "aws_apigatewayv2_api.websocket_api",
            "module.events_queue.aws_sqs_queue.dead_letter_fifo_queue",
            "module.events_queue.aws_sqs_queue.fifo_queue",
            "module.notificacoes_lambda.aws_iam_role.lambda_role",
            "module.notificacoes_lambda.aws_lambda_function.lambda",
            "module.notificacoes_lambda.data.aws_caller_identity.current",
            "module.notificacoes_lambda.data.aws_iam_policy_document.policy_doc",
            "module.notificacoes_lambda.module.repo_ecr_lambda.aws_ecr_repository.this",
            "module.notificacoes_lambda.null_resource.run_script",
            "module.notifications_general_topic.aws_sns_topic.this",
            "module.notifications_premium_topic.aws_sns_topic.this",
            "module.notifications_regional_topic.aws_sns_topic.this",
            "module.notifications_table.aws_dynamodb_table.this",
            "module.pedido_ofertas_table.aws_dynamodb_table.this",
            "module.pedidos_table.aws_dynamodb_table.this",
            "module.smart_routing_lambda.aws_iam_role.lambda_role",
            "module.smart_routing_lambda.aws_lambda_function.lambda",
            "module.smart_routing_lambda.data.aws_caller_identity.current",
            "module.smart_routing_lambda.data.aws_iam_policy_document.policy_doc",
            "module.smart_routing_lambda.module.repo_ecr_lambda.aws_ecr_repository.this",
            "module.smart_routing_lambda.null_resource.run_script",
            "module.users_table.aws_dynamodb_table.this",
            "module.websocket_connections_table.aws_dynamodb_table.this",
            "module.websocket_lambda.aws_iam_role.lambda_role",
            "module.websocket_lambda.aws_lambda_function.lambda",
            "module.websocket_lambda.data.aws_caller_identity.current",
            "module.websocket_lambda.data.aws_iam_policy_document.policy_doc",
            "module.websocket_lambda.module.repo_ecr_lambda.aws_ecr_repository.this",
            "module.websocket_lambda.null_resource.run_script"
          ]
        },
        {
          "index_key": "requirements.txt",
          "schema_version": 0,
          "attributes": {
            "id": "1173508462914759215",
            "triggers": {
              "file": "bdc6e8c6e40edae06cc1cc7c974fade4e50fb774276ce608e213acf01cab2634"
            }
          },
          "sensitive_attributes": [],
          "identity_schema_version": 0,
          "dependencies": [
            "aws_apigatewayv2_api.websocket_api",
            "module.events_queue.aws_sqs_queue.dead_letter_fifo_queue",
            "module.events_queue.aws_sqs_queue.fifo_queue",
            "module.notificacoes_lambda.aws_iam_role.lambda_role",
            "module.notificacoes_lambda.aws_lambda_function.lambda",
            "module.notificacoes_lambda.data.aws_caller_identity.current",
            "module.notificacoes_lambda.data.aws_iam_policy_document.policy_doc",
            "module.notificacoes_lambda.module.repo_ecr_lambda.aws_ecr_repository.this",
            "module.notificacoes_lambda.null_resource.run_script",
            "module.notifications_general_topic.aws_sns_topic.this",
            "module.notifications_premium_topic.aws_sns_topic.this",
            "module.notifications_regional_topic.aws_sns_topic.this",
            "module.notifications_table.aws_dynamodb_table.this",
            "module.pedido_ofertas_table.aws_dynamodb_table.this",
            "module.pedidos_table.aws_dynamodb_table.this",
            "module.smart_routing_lambda.aws_iam_role.lambda_role",
            "module.smart_routing_lambda.aws_lambda_function.lambda",
            "module.smart_routing_lambda.data.aws_caller_identity.current",
            "module.smart_routing_lambda.data.aws_iam_policy_document.policy_doc",
            "module.smart_routing_lambda.module.repo_ecr_lambda.aws_ecr_repository.this",
            "module.smart_routing_lambda.null_resource.run_script",
            "module.users_table.aws_dynamodb_table.this",
            "module.websocket_connections_table.aws_dynamodb_table.this",
            "module.websocket_lambda.aws_iam_role.lambda_role",
            "module.websocket_lambda.aws_lambda_function.lambda",
            "module.websocket_lambda.data.aws_caller_identity.current",
            "module.websocket_lambda.data.aws_iam_policy_document.policy_doc",
            "module.websocket_lambda.module.repo_ecr_lambda.aws_ecr_repository.this",
            "module.websocket_lambda.null_resource.run_script"
          ]
        }
      ]
    },
    {
      "module": "module.smart_routing_lambda.module.repo_ecr_lambda",
      "mode": "data",
      "type": "aws_caller_identity",
      "name": "current",
      "provider": "provider[\"registry.terraform.io/hashicorp/aws\"]",
      "instances": [
        {
          "schema_version": 0,
          "attributes": {
            "account_id": "176343551411",
            "arn": "arn:aws:iam::176343551411:user/aws-cli-ari",
            "id": "176343551411",
            "user_id": "AIDASSDXFBWZZNGAC4AYI"
          },
          "sensitive_attributes": [],
          "identity_schema_version": 0
        }
      ]
    },
    {
      "module": "module.smart_routing_lambda.module.repo_ecr_lambda",
      "mode": "managed",
      "type": "aws_ecr_lifecycle_policy",
      "name": "delete",
      "provider": "provider[\"registry.terraform.io/hashicorp/aws\"]",
      "instances": [
        {
          "schema_version": 0,
          "attributes": {
            "id": "dev-logistics-smart-routing",
            "policy": "{\"rules\":[{\"action\":{\"type\":\"expire\"},\"description\":\"Keep only the most recent images\",\"rulePriority\":1,\"selection\":{\"countNumber\":5,\"countType\":\"imageCountMoreThan\",\"tagStatus\":\"any\"}}]}",
            "region": "us-east-1",
            "registry_id": "176343551411",
            "repository": "dev-logistics-smart-routing"
          },
          "sensitive_attributes": [],
          "identity_schema_version": 0,
          "private": "bnVsbA==",
          "dependencies": [
            "module.smart_routing_lambda.module.repo_ecr_lambda.aws_ecr_repository.this"
          ]
        }
      ]
    },
    {
      "module": "module.smart_routing_lambda.module.repo_ecr_lambda",
      "mode": "managed",
      "type": "aws_ecr_repository",
      "name": "this",
      "provider": "provider[\"registry.terraform.io/hashicorp/aws\"]",
      "instances": [
        {
          "schema_version": 0,
          "attributes": {
            "arn": "arn:aws:ecr:us-east-1:176343551411:repository/dev-logistics-smart-routing",
            "encryption_configuration": [
              {
                "encryption_type": "AES256",
                "kms_key": ""
              }
            ],
            "force_delete": null,
            "id": "dev-logistics-smart-routing",
            "image_scanning_configuration": [
              {
                "scan_on_push": true
              }
            ],
            "image_tag_mutability": "MUTABLE",
            "name": "dev-logistics-smart-routing",
            "region": "us-east-1",
            "registry_id": "176343551411",
            "repository_url": "176343551411.dkr.ecr.us-east-1.amazonaws.com/dev-logistics-smart-routing",
            "tags": {
              "Environment": "dev",
              "ManagedBy": "terraform",
              "Project": "logistics"
            },
            "tags_all": {
              "Environment": "dev",
              "ManagedBy": "terraform",
              "Project": "logistics"
            },
            "timeouts": null
          },
          "sensitive_attributes": [],
          "identity_schema_version": 0,
          "private": "eyJlMmJmYjczMC1lY2FhLTExZTYtOGY4OC0zNDM2M2JjN2M0YzAiOnsiZGVsZXRlIjoxMjAwMDAwMDAwMDAwfX0=",
          "create_before_destroy": true
        }
      ]
    },
    {
      "module": "module.users_table",
      "mode": "managed",
      "type": "aws_dynamodb_table",
      "name": "this",
      "provider": "provider[\"registry.terraform.io/hashicorp/aws\"]",
      "instances": [
        {
          "schema_version": 1,
          "attributes": {
            "arn": "arn:aws:dynamodb:us-east-1:176343551411:table/dev-logistics-users",
            "attribute": [
              {
                "name": "email",
                "type": "S"
              }
            ],
            "billing_mode": "PAY_PER_REQUEST",
            "deletion_protection_enabled": false,
            "global_secondary_index": [],
            "hash_key": "email",
            "id": "dev-logistics-users",
            "import_table": [],
            "local_secondary_index": [],
            "name": "dev-logistics-users",
            "on_demand_throughput": [],
            "point_in_time_recovery": [
              {
                "enabled": false,
                "recovery_period_in_days": 0
              }
            ],
            "range_key": null,
            "read_capacity": 0,
            "region": "us-east-1",
            "replica": [],
            "restore_date_time": null,
            "restore_source_name": null,
            "restore_source_table_arn": null,
            "restore_to_latest_time": null,
            "server_side_encryption": [],
            "stream_arn": "",
            "stream_enabled": false,
            "stream_label": "",
            "stream_view_type": "",
            "table_class": "STANDARD",
            "tags": {
              "Environment": "dev",
              "ManagedBy": "terraform",
              "Project": "logistics"
            },
            "tags_all": {
              "Environment": "dev",
              "ManagedBy": "terraform",
              "Project": "logistics"
            },
            "timeouts": null,
            "ttl": [
              {
                "attribute_name": "",
                "enabled": false
              }
            ],
            "write_capacity": 0
          },
          "sensitive_attributes": [],
          "identity_schema_version": 0,
          "private": "eyJlMmJmYjczMC1lY2FhLTExZTYtOGY4OC0zNDM2M2JjN2M0YzAiOnsiY3JlYXRlIjoxODAwMDAwMDAwMDAwLCJkZWxldGUiOjYwMDAwMDAwMDAwMCwidXBkYXRlIjozNjAwMDAwMDAwMDAwfSwic2NoZW1hX3ZlcnNpb24iOiIxIn0=",
          "create_before_destroy": true
        }
      ]
    },
    {
      "module": "module.usuarios_lambda",
      "mode": "data",
      "type": "aws_caller_identity",
      "name": "current",
      "provider": "provider[\"registry.terraform.io/hashicorp/aws\"]",
      "instances": [
        {
          "schema_version": 0,
          "attributes": {
            "account_id": "176343551411",
            "arn": "arn:aws:iam::176343551411:user/aws-cli-ari",
            "id": "176343551411",
            "user_id": "AIDASSDXFBWZZNGAC4AYI"
          },
          "sensitive_attributes": [],
          "identity_schema_version": 0
        }
      ]
    },
    {
      "module": "module.usuarios_lambda",
      "mode": "data",
      "type": "aws_iam_policy_document",
      "name": "policy_doc",
      "provider": "provider[\"registry.terraform.io/hashicorp/aws\"]",
      "instances": [
        {
          "schema_version": 0,
          "attributes": {
            "id": "2690255455",
            "json": "{\n  \"Version\": \"2012-10-17\",\n  \"Statement\": [\n    {\n      \"Effect\": \"Allow\",\n      \"Action\": \"sts:AssumeRole\",\n      \"Principal\": {\n        \"Service\": \"lambda.amazonaws.com\"\n      }\n    }\n  ]\n}",
            "minified_json": "{\"Version\":\"2012-10-17\",\"Statement\":[{\"Effect\":\"Allow\",\"Action\":\"sts:AssumeRole\",\"Principal\":{\"Service\":\"lambda.amazonaws.com\"}}]}",
            "override_json": null,
            "override_policy_documents": null,
            "policy_id": null,
            "source_json": null,
            "source_policy_documents": null,
            "statement": [
              {
                "actions": [
                  "sts:AssumeRole"
                ],
                "condition": [],
                "effect": "Allow",
                "not_actions": [],
                "not_principals": [],
                "not_resources": [],
                "principals": [
                  {
                    "identifiers": [
                      "lambda.amazonaws.com"
                    ],
                    "type": "Service"
                  }
                ],
                "resources": [],
                "sid": ""
              }
            ],
            "version": "2012-10-17"
          },
          "sensitive_attributes": [],
          "identity_schema_version": 0
        }
      ]
    },
    {
      "module": "module.usuarios_lambda",
      "mode": "managed",
      "type": "aws_iam_role",
      "name": "lambda_role",
      "provider": "provider[\"registry.terraform.io/hashicorp/aws\"]",
      "instances": [
        {
          "schema_version": 0,
          "attributes": {
            "arn": "arn:aws:iam::176343551411:role/dev_logistics_usuarios_role",
            "assume_role_policy": "{\"Statement\":[{\"Action\":\"sts:AssumeRole\",\"Effect\":\"Allow\",\"Principal\":{\"Service\":\"lambda.amazonaws.com\"}}],\"Version\":\"2012-10-17\"}",
            "create_date": "2025-06-22T00:20:55Z",
            "description": "",
            "force_detach_policies": false,
            "id": "dev_logistics_usuarios_role",
            "inline_policy": [],
            "managed_policy_arns": [],
            "max_session_duration": 3600,
            "name": "dev_logistics_usuarios_role",
            "name_prefix": "",
            "path": "/",
            "permissions_boundary": "",
            "tags": {
              "Environment": "dev",
              "ManagedBy": "terraform",
              "Project": "logistics"
            },
            "tags_all": {
              "Environment": "dev",
              "ManagedBy": "terraform",
              "Project": "logistics"
            },
            "unique_id": "AROASSDXFBWZZ7CFD7FAG"
          },
          "sensitive_attributes": [],
          "identity_schema_version": 0,
          "identity": {
            "account_id": "176343551411",
            "name": "dev_logistics_usuarios_role"
          },
          "private": "bnVsbA==",
          "dependencies": [
            "module.usuarios_lambda.data.aws_iam_policy_document.policy_doc"
          ],
          "create_before_destroy": true
        }
      ]
    },
    {
      "module": "module.usuarios_lambda",
      "mode": "managed",
      "type": "aws_iam_role_policy_attachment",
      "name": "lambda_custom_policy",
      "provider": "provider[\"registry.terraform.io/hashicorp/aws\"]",
      "instances": [
        {
          "index_key": 0,
          "schema_version": 0,
          "attributes": {
            "id": "dev_logistics_usuarios_role-20250622002117336000000017",
            "policy_arn": "arn:aws:iam::aws:policy/AmazonDynamoDBFullAccess",
            "role": "dev_logistics_usuarios_role"
          },
          "sensitive_attributes": [],
          "identity_schema_version": 0,
          "private": "bnVsbA==",
          "dependencies": [
            "module.usuarios_lambda.aws_iam_role.lambda_role",
            "module.usuarios_lambda.data.aws_iam_policy_document.policy_doc"
          ]
        }
      ]
    },
    {
      "module": "module.usuarios_lambda",
      "mode": "managed",
      "type": "aws_iam_role_policy_attachment",
      "name": "policy_cloudwatch",
      "provider": "provider[\"registry.terraform.io/hashicorp/aws\"]",
      "instances": [
        {
          "schema_version": 0,
          "attributes": {
            "id": "dev_logistics_usuarios_role-20250622002117285600000016",
            "policy_arn": "arn:aws:iam::aws:policy/service-role/AWSLambdaBasicExecutionRole",
            "role": "dev_logistics_usuarios_role"
          },
          "sensitive_attributes": [],
          "identity_schema_version": 0,
          "private": "bnVsbA==",
          "dependencies": [
            "module.usuarios_lambda.aws_iam_role.lambda_role",
            "module.usuarios_lambda.data.aws_iam_policy_document.policy_doc"
          ]
        }
      ]
    },
    {
      "module": "module.usuarios_lambda",
      "mode": "managed",
      "type": "aws_lambda_function",
      "name": "lambda",
      "provider": "provider[\"registry.terraform.io/hashicorp/aws\"]",
      "instances": [
        {
          "schema_version": 0,
          "attributes": {
            "architectures": [
              "x86_64"
            ],
            "arn": "arn:aws:lambda:us-east-1:176343551411:function:dev_logistics_usuarios",
            "code_sha256": "159c9c4f95d2ae07a15614a23706577ce82d57a3be2e385cb017878d0ee24564",
            "code_signing_config_arn": "",
            "dead_letter_config": [],
            "description": "Users management Lambda function",
            "environment": [
              {
                "variables": {
                  "USERS_TABLE": "dev-logistics-users"
                }
              }
            ],
            "ephemeral_storage": [
              {
                "size": 512
              }
            ],
            "file_system_config": [],
            "filename": null,
            "function_name": "dev_logistics_usuarios",
            "handler": "",
            "id": "dev_logistics_usuarios",
            "image_config": [],
            "image_uri": "176343551411.dkr.ecr.us-east-1.amazonaws.com/dev-logistics-usuarios:latest",
            "invoke_arn": "arn:aws:apigateway:us-east-1:lambda:path/2015-03-31/functions/arn:aws:lambda:us-east-1:176343551411:function:dev_logistics_usuarios/invocations",
            "kms_key_arn": "",
            "last_modified": "2025-06-22T00:21:19.188+0000",
            "layers": null,
            "logging_config": [
              {
                "application_log_level": "",
                "log_format": "Text",
                "log_group": "/aws/lambda/dev_logistics_usuarios",
                "system_log_level": ""
              }
            ],
            "memory_size": 512,
            "package_type": "Image",
            "publish": false,
            "qualified_arn": "arn:aws:lambda:us-east-1:176343551411:function:dev_logistics_usuarios:$LATEST",
            "qualified_invoke_arn": "arn:aws:apigateway:us-east-1:lambda:path/2015-03-31/functions/arn:aws:lambda:us-east-1:176343551411:function:dev_logistics_usuarios:$LATEST/invocations",
            "region": "us-east-1",
            "replace_security_groups_on_destroy": null,
            "replacement_security_group_ids": null,
            "reserved_concurrent_executions": -1,
            "role": "arn:aws:iam::176343551411:role/dev_logistics_usuarios_role",
            "runtime": "",
            "s3_bucket": null,
            "s3_key": null,
            "s3_object_version": null,
            "signing_job_arn": "",
            "signing_profile_version_arn": "",
            "skip_destroy": false,
            "snap_start": [],
            "source_code_hash": "",
            "source_code_size": 0,
            "tags": {
              "Environment": "dev",
              "ManagedBy": "terraform",
              "Project": "logistics"
            },
            "tags_all": {
              "Environment": "dev",
              "ManagedBy": "terraform",
              "Project": "logistics"
            },
            "timeout": 30,
            "timeouts": null,
            "tracing_config": [
              {
                "mode": "PassThrough"
              }
            ],
            "version": "$LATEST",
            "vpc_config": []
          },
          "sensitive_attributes": [],
          "identity_schema_version": 0,
          "private": "eyJlMmJmYjczMC1lY2FhLTExZTYtOGY4OC0zNDM2M2JjN2M0YzAiOnsiY3JlYXRlIjo2MDAwMDAwMDAwMDAsImRlbGV0ZSI6NjAwMDAwMDAwMDAwLCJ1cGRhdGUiOjYwMDAwMDAwMDAwMH19",
          "dependencies": [
            "module.users_table.aws_dynamodb_table.this",
            "module.usuarios_lambda.aws_iam_role.lambda_role",
            "module.usuarios_lambda.data.aws_caller_identity.current",
            "module.usuarios_lambda.data.aws_iam_policy_document.policy_doc",
            "module.usuarios_lambda.module.repo_ecr_lambda.aws_ecr_repository.this",
            "module.usuarios_lambda.null_resource.run_script"
          ],
          "create_before_destroy": true
        }
      ]
    },
    {
      "module": "module.usuarios_lambda",
      "mode": "managed",
      "type": "aws_lambda_function_event_invoke_config",
      "name": "retry",
      "provider": "provider[\"registry.terraform.io/hashicorp/aws\"]",
      "instances": [
        {
          "schema_version": 0,
          "attributes": {
            "destination_config": [],
            "function_name": "dev_logistics_usuarios",
            "id": "dev_logistics_usuarios",
            "maximum_event_age_in_seconds": 21600,
            "maximum_retry_attempts": 0,
            "qualifier": "",
            "region": "us-east-1"
          },
          "sensitive_attributes": [],
          "identity_schema_version": 0,
          "private": "bnVsbA==",
          "dependencies": [
            "module.users_table.aws_dynamodb_table.this",
            "module.usuarios_lambda.aws_iam_role.lambda_role",
            "module.usuarios_lambda.aws_lambda_function.lambda",
            "module.usuarios_lambda.data.aws_caller_identity.current",
            "module.usuarios_lambda.data.aws_iam_policy_document.policy_doc",
            "module.usuarios_lambda.module.repo_ecr_lambda.aws_ecr_repository.this",
            "module.usuarios_lambda.null_resource.run_script"
          ]
        }
      ]
    },
    {
      "module": "module.usuarios_lambda",
      "mode": "managed",
      "type": "null_resource",
      "name": "run_script",
      "provider": "provider[\"registry.terraform.io/hashicorp/null\"]",
      "instances": [
        {
          "index_key": "Dockerfile",
          "schema_version": 0,
          "attributes": {
            "id": "7521442118241684453",
            "triggers": {
              "file": "dd129ebd68d5ac159008512edc1c03f9fb2c58005677b6e11eceba18a37ae51f"
            }
          },
          "sensitive_attributes": [],
          "identity_schema_version": 0,
          "dependencies": [
            "module.usuarios_lambda.data.aws_caller_identity.current",
            "module.usuarios_lambda.module.repo_ecr_lambda.aws_ecr_repository.this"
          ],
          "create_before_destroy": true
        },
        {
          "index_key": "lambda_function.py",
          "schema_version": 0,
          "attributes": {
            "id": "9182420847094864548",
            "triggers": {
              "file": "728404a4c87b55461b6b75306618e8c738db8586a5b20a273b68dd2a8a50b5ef"
            }
          },
          "sensitive_attributes": [],
          "identity_schema_version": 0,
          "dependencies": [
            "module.usuarios_lambda.data.aws_caller_identity.current",
            "module.usuarios_lambda.module.repo_ecr_lambda.aws_ecr_repository.this"
          ],
          "create_before_destroy": true
        },
        {
          "index_key": "requirements.txt",
          "schema_version": 0,
          "attributes": {
            "id": "3248429071709594543",
            "triggers": {
              "file": "e9825df1c9c80545f3d69e4a3e076ca87187c0cbc1199bc00e46d1a9e3935d84"
            }
          },
          "sensitive_attributes": [],
          "identity_schema_version": 0,
          "dependencies": [
            "module.usuarios_lambda.data.aws_caller_identity.current",
            "module.usuarios_lambda.module.repo_ecr_lambda.aws_ecr_repository.this"
          ],
          "create_before_destroy": true
        }
      ]
    },
    {
      "module": "module.usuarios_lambda",
      "mode": "managed",
      "type": "null_resource",
      "name": "update",
      "provider": "provider[\"registry.terraform.io/hashicorp/null\"]",
      "instances": [
        {
          "index_key": "Dockerfile",
          "schema_version": 0,
          "attributes": {
            "id": "4918006756879992200",
            "triggers": {
              "file": "dd129ebd68d5ac159008512edc1c03f9fb2c58005677b6e11eceba18a37ae51f"
            }
          },
          "sensitive_attributes": [],
          "identity_schema_version": 0,
          "dependencies": [
            "module.users_table.aws_dynamodb_table.this",
            "module.usuarios_lambda.aws_iam_role.lambda_role",
            "module.usuarios_lambda.aws_lambda_function.lambda",
            "module.usuarios_lambda.data.aws_caller_identity.current",
            "module.usuarios_lambda.data.aws_iam_policy_document.policy_doc",
            "module.usuarios_lambda.module.repo_ecr_lambda.aws_ecr_repository.this",
            "module.usuarios_lambda.null_resource.run_script"
          ]
        },
        {
          "index_key": "lambda_function.py",
          "schema_version": 0,
          "attributes": {
            "id": "4707683319561054998",
            "triggers": {
              "file": "728404a4c87b55461b6b75306618e8c738db8586a5b20a273b68dd2a8a50b5ef"
            }
          },
          "sensitive_attributes": [],
          "identity_schema_version": 0,
          "dependencies": [
            "module.users_table.aws_dynamodb_table.this",
            "module.usuarios_lambda.aws_iam_role.lambda_role",
            "module.usuarios_lambda.aws_lambda_function.lambda",
            "module.usuarios_lambda.data.aws_caller_identity.current",
            "module.usuarios_lambda.data.aws_iam_policy_document.policy_doc",
            "module.usuarios_lambda.module.repo_ecr_lambda.aws_ecr_repository.this",
            "module.usuarios_lambda.null_resource.run_script"
          ]
        },
        {
          "index_key": "requirements.txt",
          "schema_version": 0,
          "attributes": {
            "id": "7593704317381551975",
            "triggers": {
              "file": "e9825df1c9c80545f3d69e4a3e076ca87187c0cbc1199bc00e46d1a9e3935d84"
            }
          },
          "sensitive_attributes": [],
          "identity_schema_version": 0,
          "dependencies": [
            "module.users_table.aws_dynamodb_table.this",
            "module.usuarios_lambda.aws_iam_role.lambda_role",
            "module.usuarios_lambda.aws_lambda_function.lambda",
            "module.usuarios_lambda.data.aws_caller_identity.current",
            "module.usuarios_lambda.data.aws_iam_policy_document.policy_doc",
            "module.usuarios_lambda.module.repo_ecr_lambda.aws_ecr_repository.this",
            "module.usuarios_lambda.null_resource.run_script"
          ]
        }
      ]
    },
    {
      "module": "module.usuarios_lambda.module.repo_ecr_lambda",
      "mode": "data",
      "type": "aws_caller_identity",
      "name": "current",
      "provider": "provider[\"registry.terraform.io/hashicorp/aws\"]",
      "instances": [
        {
          "schema_version": 0,
          "attributes": {
            "account_id": "176343551411",
            "arn": "arn:aws:iam::176343551411:user/aws-cli-ari",
            "id": "176343551411",
            "user_id": "AIDASSDXFBWZZNGAC4AYI"
          },
          "sensitive_attributes": [],
          "identity_schema_version": 0
        }
      ]
    },
    {
      "module": "module.usuarios_lambda.module.repo_ecr_lambda",
      "mode": "managed",
      "type": "aws_ecr_lifecycle_policy",
      "name": "delete",
      "provider": "provider[\"registry.terraform.io/hashicorp/aws\"]",
      "instances": [
        {
          "schema_version": 0,
          "attributes": {
            "id": "dev-logistics-usuarios",
            "policy": "{\"rules\":[{\"action\":{\"type\":\"expire\"},\"description\":\"Keep only the most recent images\",\"rulePriority\":1,\"selection\":{\"countNumber\":5,\"countType\":\"imageCountMoreThan\",\"tagStatus\":\"any\"}}]}",
            "region": "us-east-1",
            "registry_id": "176343551411",
            "repository": "dev-logistics-usuarios"
          },
          "sensitive_attributes": [],
          "identity_schema_version": 0,
          "private": "bnVsbA==",
          "dependencies": [
            "module.usuarios_lambda.module.repo_ecr_lambda.aws_ecr_repository.this"
          ]
        }
      ]
    },
    {
      "module": "module.usuarios_lambda.module.repo_ecr_lambda",
      "mode": "managed",
      "type": "aws_ecr_repository",
      "name": "this",
      "provider": "provider[\"registry.terraform.io/hashicorp/aws\"]",
      "instances": [
        {
          "schema_version": 0,
          "attributes": {
            "arn": "arn:aws:ecr:us-east-1:176343551411:repository/dev-logistics-usuarios",
            "encryption_configuration": [
              {
                "encryption_type": "AES256",
                "kms_key": ""
              }
            ],
            "force_delete": null,
            "id": "dev-logistics-usuarios",
            "image_scanning_configuration": [
              {
                "scan_on_push": true
              }
            ],
            "image_tag_mutability": "MUTABLE",
            "name": "dev-logistics-usuarios",
            "region": "us-east-1",
            "registry_id": "176343551411",
            "repository_url": "176343551411.dkr.ecr.us-east-1.amazonaws.com/dev-logistics-usuarios",
            "tags": {
              "Environment": "dev",
              "ManagedBy": "terraform",
              "Project": "logistics"
            },
            "tags_all": {
              "Environment": "dev",
              "ManagedBy": "terraform",
              "Project": "logistics"
            },
            "timeouts": null
          },
          "sensitive_attributes": [],
          "identity_schema_version": 0,
          "private": "eyJlMmJmYjczMC1lY2FhLTExZTYtOGY4OC0zNDM2M2JjN2M0YzAiOnsiZGVsZXRlIjoxMjAwMDAwMDAwMDAwfX0=",
          "create_before_destroy": true
        }
      ]
    },
    {
      "module": "module.websocket_connections_table",
      "mode": "managed",
      "type": "aws_dynamodb_table",
      "name": "this",
      "provider": "provider[\"registry.terraform.io/hashicorp/aws\"]",
      "instances": [
        {
          "schema_version": 1,
          "attributes": {
            "arn": "arn:aws:dynamodb:us-east-1:176343551411:table/dev-logistics-websocket-connections",
            "attribute": [
              {
                "name": "connectionId",
                "type": "S"
              }
            ],
            "billing_mode": "PAY_PER_REQUEST",
            "deletion_protection_enabled": false,
            "global_secondary_index": [],
            "hash_key": "connectionId",
            "id": "dev-logistics-websocket-connections",
            "import_table": [],
            "local_secondary_index": [],
            "name": "dev-logistics-websocket-connections",
            "on_demand_throughput": [],
            "point_in_time_recovery": [
              {
                "enabled": false,
                "recovery_period_in_days": 0
              }
            ],
            "range_key": null,
            "read_capacity": 0,
            "region": "us-east-1",
            "replica": [],
            "restore_date_time": null,
            "restore_source_name": null,
            "restore_source_table_arn": null,
            "restore_to_latest_time": null,
            "server_side_encryption": [],
            "stream_arn": "",
            "stream_enabled": false,
            "stream_label": "",
            "stream_view_type": "",
            "table_class": "STANDARD",
            "tags": {
              "Environment": "dev",
              "ManagedBy": "terraform",
              "Project": "logistics"
            },
            "tags_all": {
              "Environment": "dev",
              "ManagedBy": "terraform",
              "Project": "logistics"
            },
            "timeouts": null,
            "ttl": [
              {
                "attribute_name": "",
                "enabled": false
              }
            ],
            "write_capacity": 0
          },
          "sensitive_attributes": [],
          "identity_schema_version": 0,
          "private": "eyJlMmJmYjczMC1lY2FhLTExZTYtOGY4OC0zNDM2M2JjN2M0YzAiOnsiY3JlYXRlIjoxODAwMDAwMDAwMDAwLCJkZWxldGUiOjYwMDAwMDAwMDAwMCwidXBkYXRlIjozNjAwMDAwMDAwMDAwfSwic2NoZW1hX3ZlcnNpb24iOiIxIn0=",
          "create_before_destroy": true
        }
      ]
    },
    {
      "module": "module.websocket_lambda",
      "mode": "data",
      "type": "aws_caller_identity",
      "name": "current",
      "provider": "provider[\"registry.terraform.io/hashicorp/aws\"]",
      "instances": [
        {
          "schema_version": 0,
          "attributes": {
            "account_id": "176343551411",
            "arn": "arn:aws:iam::176343551411:user/aws-cli-ari",
            "id": "176343551411",
            "user_id": "AIDASSDXFBWZZNGAC4AYI"
          },
          "sensitive_attributes": [],
          "identity_schema_version": 0
        }
      ]
    },
    {
      "module": "module.websocket_lambda",
      "mode": "data",
      "type": "aws_iam_policy_document",
      "name": "policy_doc",
      "provider": "provider[\"registry.terraform.io/hashicorp/aws\"]",
      "instances": [
        {
          "schema_version": 0,
          "attributes": {
            "id": "2690255455",
            "json": "{\n  \"Version\": \"2012-10-17\",\n  \"Statement\": [\n    {\n      \"Effect\": \"Allow\",\n      \"Action\": \"sts:AssumeRole\",\n      \"Principal\": {\n        \"Service\": \"lambda.amazonaws.com\"\n      }\n    }\n  ]\n}",
            "minified_json": "{\"Version\":\"2012-10-17\",\"Statement\":[{\"Effect\":\"Allow\",\"Action\":\"sts:AssumeRole\",\"Principal\":{\"Service\":\"lambda.amazonaws.com\"}}]}",
            "override_json": null,
            "override_policy_documents": null,
            "policy_id": null,
            "source_json": null,
            "source_policy_documents": null,
            "statement": [
              {
                "actions": [
                  "sts:AssumeRole"
                ],
                "condition": [],
                "effect": "Allow",
                "not_actions": [],
                "not_principals": [],
                "not_resources": [],
                "principals": [
                  {
                    "identifiers": [
                      "lambda.amazonaws.com"
                    ],
                    "type": "Service"
                  }
                ],
                "resources": [],
                "sid": ""
              }
            ],
            "version": "2012-10-17"
          },
          "sensitive_attributes": [],
          "identity_schema_version": 0
        }
      ]
    },
    {
      "module": "module.websocket_lambda",
      "mode": "managed",
      "type": "aws_iam_role",
      "name": "lambda_role",
      "provider": "provider[\"registry.terraform.io/hashicorp/aws\"]",
      "instances": [
        {
          "schema_version": 0,
          "attributes": {
            "arn": "arn:aws:iam::176343551411:role/dev_logistics_websocket_role",
            "assume_role_policy": "{\"Statement\":[{\"Action\":\"sts:AssumeRole\",\"Effect\":\"Allow\",\"Principal\":{\"Service\":\"lambda.amazonaws.com\"}}],\"Version\":\"2012-10-17\"}",
            "create_date": "2025-06-22T00:20:54Z",
            "description": "",
            "force_detach_policies": false,
            "id": "dev_logistics_websocket_role",
            "inline_policy": [],
            "managed_policy_arns": [],
            "max_session_duration": 3600,
            "name": "dev_logistics_websocket_role",
            "name_prefix": "",
            "path": "/",
            "permissions_boundary": "",
            "tags": {
              "Environment": "dev",
              "ManagedBy": "terraform",
              "Project": "logistics"
            },
            "tags_all": {
              "Environment": "dev",
              "ManagedBy": "terraform",
              "Project": "logistics"
            },
            "unique_id": "AROASSDXFBWZRC5QCLFYN"
          },
          "sensitive_attributes": [],
          "identity_schema_version": 0,
          "identity": {
            "account_id": "176343551411",
            "name": "dev_logistics_websocket_role"
          },
          "private": "bnVsbA==",
          "dependencies": [
            "module.websocket_lambda.data.aws_iam_policy_document.policy_doc"
          ],
          "create_before_destroy": true
        }
      ]
    },
    {
      "module": "module.websocket_lambda",
      "mode": "managed",
      "type": "aws_iam_role_policy_attachment",
      "name": "lambda_custom_policy",
      "provider": "provider[\"registry.terraform.io/hashicorp/aws\"]",
      "instances": [
        {
          "index_key": 0,
          "schema_version": 0,
          "attributes": {
            "id": "dev_logistics_websocket_role-2025062200211431030000000f",
            "policy_arn": "arn:aws:iam::aws:policy/AmazonDynamoDBFullAccess",
            "role": "dev_logistics_websocket_role"
          },
          "sensitive_attributes": [],
          "identity_schema_version": 0,
          "private": "bnVsbA==",
          "dependencies": [
            "module.websocket_lambda.aws_iam_role.lambda_role",
            "module.websocket_lambda.data.aws_iam_policy_document.policy_doc"
          ]
        },
        {
          "index_key": 1,
          "schema_version": 0,
          "attributes": {
            "id": "dev_logistics_websocket_role-2025062200211429050000000e",
            "policy_arn": "arn:aws:iam::aws:policy/AmazonAPIGatewayInvokeFullAccess",
            "role": "dev_logistics_websocket_role"
          },
          "sensitive_attributes": [],
          "identity_schema_version": 0,
          "private": "bnVsbA==",
          "dependencies": [
            "module.websocket_lambda.aws_iam_role.lambda_role",
            "module.websocket_lambda.data.aws_iam_policy_document.policy_doc"
          ]
        }
      ]
    },
    {
      "module": "module.websocket_lambda",
      "mode": "managed",
      "type": "aws_iam_role_policy_attachment",
      "name": "policy_cloudwatch",
      "provider": "provider[\"registry.terraform.io/hashicorp/aws\"]",
      "instances": [
        {
          "schema_version": 0,
          "attributes": {
            "id": "dev_logistics_websocket_role-2025062200211419960000000d",
            "policy_arn": "arn:aws:iam::aws:policy/service-role/AWSLambdaBasicExecutionRole",
            "role": "dev_logistics_websocket_role"
          },
          "sensitive_attributes": [],
          "identity_schema_version": 0,
          "private": "bnVsbA==",
          "dependencies": [
            "module.websocket_lambda.aws_iam_role.lambda_role",
            "module.websocket_lambda.data.aws_iam_policy_document.policy_doc"
          ]
        }
      ]
    },
    {
      "module": "module.websocket_lambda",
      "mode": "managed",
      "type": "aws_lambda_function",
      "name": "lambda",
      "provider": "provider[\"registry.terraform.io/hashicorp/aws\"]",
      "instances": [
        {
          "schema_version": 0,
          "attributes": {
            "architectures": [
              "x86_64"
            ],
            "arn": "arn:aws:lambda:us-east-1:176343551411:function:dev_logistics_websocket",
            "code_sha256": "3ea7e618b11e899283d7b2d656bf1d47487dd2ebc81eed0c3e6a85cae438ee8f",
            "code_signing_config_arn": "",
            "dead_letter_config": [],
            "description": "WebSocket Lambda function for real-time notifications",
            "environment": [
              {
                "variables": {
                  "CONNECTIONS_TABLE": "dev-logistics-websocket-connections",
                  "JWT_SECRET": "your-jwt-secret-key",
                  "WEBSOCKET_API_ENDPOINT": "https://zdrx3nubek.execute-api.us-east-1.amazonaws.com/prod"
                }
              }
            ],
            "ephemeral_storage": [
              {
                "size": 512
              }
            ],
            "file_system_config": [],
            "filename": null,
            "function_name": "dev_logistics_websocket",
            "handler": "",
            "id": "dev_logistics_websocket",
            "image_config": [],
            "image_uri": "176343551411.dkr.ecr.us-east-1.amazonaws.com/dev-logistics-websocket:latest",
            "invoke_arn": "arn:aws:apigateway:us-east-1:lambda:path/2015-03-31/functions/arn:aws:lambda:us-east-1:176343551411:function:dev_logistics_websocket/invocations",
            "kms_key_arn": "",
            "last_modified": "2025-06-22T00:21:18.133+0000",
            "layers": null,
            "logging_config": [
              {
                "application_log_level": "",
                "log_format": "Text",
                "log_group": "/aws/lambda/dev_logistics_websocket",
                "system_log_level": ""
              }
            ],
            "memory_size": 512,
            "package_type": "Image",
            "publish": false,
            "qualified_arn": "arn:aws:lambda:us-east-1:176343551411:function:dev_logistics_websocket:$LATEST",
            "qualified_invoke_arn": "arn:aws:apigateway:us-east-1:lambda:path/2015-03-31/functions/arn:aws:lambda:us-east-1:176343551411:function:dev_logistics_websocket:$LATEST/invocations",
            "region": "us-east-1",
            "replace_security_groups_on_destroy": null,
            "replacement_security_group_ids": null,
            "reserved_concurrent_executions": -1,
            "role": "arn:aws:iam::176343551411:role/dev_logistics_websocket_role",
            "runtime": "",
            "s3_bucket": null,
            "s3_key": null,
            "s3_object_version": null,
            "signing_job_arn": "",
            "signing_profile_version_arn": "",
            "skip_destroy": false,
            "snap_start": [],
            "source_code_hash": "",
            "source_code_size": 0,
            "tags": {
              "Environment": "dev",
              "ManagedBy": "terraform",
              "Project": "logistics"
            },
            "tags_all": {
              "Environment": "dev",
              "ManagedBy": "terraform",
              "Project": "logistics"
            },
            "timeout": 30,
            "timeouts": null,
            "tracing_config": [
              {
                "mode": "PassThrough"
              }
            ],
            "version": "$LATEST",
            "vpc_config": []
          },
          "sensitive_attributes": [],
          "identity_schema_version": 0,
          "private": "eyJlMmJmYjczMC1lY2FhLTExZTYtOGY4OC0zNDM2M2JjN2M0YzAiOnsiY3JlYXRlIjo2MDAwMDAwMDAwMDAsImRlbGV0ZSI6NjAwMDAwMDAwMDAwLCJ1cGRhdGUiOjYwMDAwMDAwMDAwMH19",
          "dependencies": [
            "aws_apigatewayv2_api.websocket_api",
            "module.websocket_connections_table.aws_dynamodb_table.this",
            "module.websocket_lambda.aws_iam_role.lambda_role",
            "module.websocket_lambda.data.aws_caller_identity.current",
            "module.websocket_lambda.data.aws_iam_policy_document.policy_doc",
            "module.websocket_lambda.module.repo_ecr_lambda.aws_ecr_repository.this",
            "module.websocket_lambda.null_resource.run_script"
          ],
          "create_before_destroy": true
        }
      ]
    },
    {
      "module": "module.websocket_lambda",
      "mode": "managed",
      "type": "aws_lambda_function_event_invoke_config",
      "name": "retry",
      "provider": "provider[\"registry.terraform.io/hashicorp/aws\"]",
      "instances": [
        {
          "schema_version": 0,
          "attributes": {
            "destination_config": [],
            "function_name": "dev_logistics_websocket",
            "id": "dev_logistics_websocket",
            "maximum_event_age_in_seconds": 21600,
            "maximum_retry_attempts": 0,
            "qualifier": "",
            "region": "us-east-1"
          },
          "sensitive_attributes": [],
          "identity_schema_version": 0,
          "private": "bnVsbA==",
          "dependencies": [
            "aws_apigatewayv2_api.websocket_api",
            "module.websocket_connections_table.aws_dynamodb_table.this",
            "module.websocket_lambda.aws_iam_role.lambda_role",
            "module.websocket_lambda.aws_lambda_function.lambda",
            "module.websocket_lambda.data.aws_caller_identity.current",
            "module.websocket_lambda.data.aws_iam_policy_document.policy_doc",
            "module.websocket_lambda.module.repo_ecr_lambda.aws_ecr_repository.this",
            "module.websocket_lambda.null_resource.run_script"
          ]
        }
      ]
    },
    {
      "module": "module.websocket_lambda",
      "mode": "managed",
      "type": "null_resource",
      "name": "run_script",
      "provider": "provider[\"registry.terraform.io/hashicorp/null\"]",
      "instances": [
        {
          "index_key": "Dockerfile",
          "schema_version": 0,
          "attributes": {
            "id": "4476179292070251525",
            "triggers": {
              "file": "dd129ebd68d5ac159008512edc1c03f9fb2c58005677b6e11eceba18a37ae51f"
            }
          },
          "sensitive_attributes": [],
          "identity_schema_version": 0,
          "dependencies": [
            "module.websocket_lambda.data.aws_caller_identity.current",
            "module.websocket_lambda.module.repo_ecr_lambda.aws_ecr_repository.this"
          ],
          "create_before_destroy": true
        },
        {
          "index_key": "lambda_function.py",
          "schema_version": 0,
          "attributes": {
            "id": "2257148499169611351",
            "triggers": {
              "file": "ef232073c0c5bc9346eb0cfda8b2770a38539f28d4df4a8317a7a1e6f4f4a102"
            }
          },
          "sensitive_attributes": [],
          "identity_schema_version": 0,
          "dependencies": [
            "module.websocket_lambda.data.aws_caller_identity.current",
            "module.websocket_lambda.module.repo_ecr_lambda.aws_ecr_repository.this"
          ],
          "create_before_destroy": true
        },
        {
          "index_key": "requirements.txt",
          "schema_version": 0,
          "attributes": {
            "id": "8725443729038418793",
            "triggers": {
              "file": "bdc6e8c6e40edae06cc1cc7c974fade4e50fb774276ce608e213acf01cab2634"
            }
          },
          "sensitive_attributes": [],
          "identity_schema_version": 0,
          "dependencies": [
            "module.websocket_lambda.data.aws_caller_identity.current",
            "module.websocket_lambda.module.repo_ecr_lambda.aws_ecr_repository.this"
          ],
          "create_before_destroy": true
        }
      ]
    },
    {
      "module": "module.websocket_lambda",
      "mode": "managed",
      "type": "null_resource",
      "name": "update",
      "provider": "provider[\"registry.terraform.io/hashicorp/null\"]",
      "instances": [
        {
          "index_key": "Dockerfile",
          "schema_version": 0,
          "attributes": {
            "id": "5004699002542077194",
            "triggers": {
              "file": "dd129ebd68d5ac159008512edc1c03f9fb2c58005677b6e11eceba18a37ae51f"
            }
          },
          "sensitive_attributes": [],
          "identity_schema_version": 0,
          "dependencies": [
            "aws_apigatewayv2_api.websocket_api",
            "module.websocket_connections_table.aws_dynamodb_table.this",
            "module.websocket_lambda.aws_iam_role.lambda_role",
            "module.websocket_lambda.aws_lambda_function.lambda",
            "module.websocket_lambda.data.aws_caller_identity.current",
            "module.websocket_lambda.data.aws_iam_policy_document.policy_doc",
            "module.websocket_lambda.module.repo_ecr_lambda.aws_ecr_repository.this",
            "module.websocket_lambda.null_resource.run_script"
          ]
        },
        {
          "index_key": "lambda_function.py",
          "schema_version": 0,
          "attributes": {
            "id": "6539828439646489931",
            "triggers": {
              "file": "ef232073c0c5bc9346eb0cfda8b2770a38539f28d4df4a8317a7a1e6f4f4a102"
            }
          },
          "sensitive_attributes": [],
          "identity_schema_version": 0,
          "dependencies": [
            "aws_apigatewayv2_api.websocket_api",
            "module.websocket_connections_table.aws_dynamodb_table.this",
            "module.websocket_lambda.aws_iam_role.lambda_role",
            "module.websocket_lambda.aws_lambda_function.lambda",
            "module.websocket_lambda.data.aws_caller_identity.current",
            "module.websocket_lambda.data.aws_iam_policy_document.policy_doc",
            "module.websocket_lambda.module.repo_ecr_lambda.aws_ecr_repository.this",
            "module.websocket_lambda.null_resource.run_script"
          ]
        },
        {
          "index_key": "requirements.txt",
          "schema_version": 0,
          "attributes": {
            "id": "8211416854916444590",
            "triggers": {
              "file": "bdc6e8c6e40edae06cc1cc7c974fade4e50fb774276ce608e213acf01cab2634"
            }
          },
          "sensitive_attributes": [],
          "identity_schema_version": 0,
          "dependencies": [
            "aws_apigatewayv2_api.websocket_api",
            "module.websocket_connections_table.aws_dynamodb_table.this",
            "module.websocket_lambda.aws_iam_role.lambda_role",
            "module.websocket_lambda.aws_lambda_function.lambda",
            "module.websocket_lambda.data.aws_caller_identity.current",
            "module.websocket_lambda.data.aws_iam_policy_document.policy_doc",
            "module.websocket_lambda.module.repo_ecr_lambda.aws_ecr_repository.this",
            "module.websocket_lambda.null_resource.run_script"
          ]
        }
      ]
    },
    {
      "module": "module.websocket_lambda.module.repo_ecr_lambda",
      "mode": "data",
      "type": "aws_caller_identity",
      "name": "current",
      "provider": "provider[\"registry.terraform.io/hashicorp/aws\"]",
      "instances": [
        {
          "schema_version": 0,
          "attributes": {
            "account_id": "176343551411",
            "arn": "arn:aws:iam::176343551411:user/aws-cli-ari",
            "id": "176343551411",
            "user_id": "AIDASSDXFBWZZNGAC4AYI"
          },
          "sensitive_attributes": [],
          "identity_schema_version": 0
        }
      ]
    },
    {
      "module": "module.websocket_lambda.module.repo_ecr_lambda",
      "mode": "managed",
      "type": "aws_ecr_lifecycle_policy",
      "name": "delete",
      "provider": "provider[\"registry.terraform.io/hashicorp/aws\"]",
      "instances": [
        {
          "schema_version": 0,
          "attributes": {
            "id": "dev-logistics-websocket",
            "policy": "{\"rules\":[{\"action\":{\"type\":\"expire\"},\"description\":\"Keep only the most recent images\",\"rulePriority\":1,\"selection\":{\"countNumber\":5,\"countType\":\"imageCountMoreThan\",\"tagStatus\":\"any\"}}]}",
            "region": "us-east-1",
            "registry_id": "176343551411",
            "repository": "dev-logistics-websocket"
          },
          "sensitive_attributes": [],
          "identity_schema_version": 0,
          "private": "bnVsbA==",
          "dependencies": [
            "module.websocket_lambda.module.repo_ecr_lambda.aws_ecr_repository.this"
          ]
        }
      ]
    },
    {
      "module": "module.websocket_lambda.module.repo_ecr_lambda",
      "mode": "managed",
      "type": "aws_ecr_repository",
      "name": "this",
      "provider": "provider[\"registry.terraform.io/hashicorp/aws\"]",
      "instances": [
        {
          "schema_version": 0,
          "attributes": {
            "arn": "arn:aws:ecr:us-east-1:176343551411:repository/dev-logistics-websocket",
            "encryption_configuration": [
              {
                "encryption_type": "AES256",
                "kms_key": ""
              }
            ],
            "force_delete": null,
            "id": "dev-logistics-websocket",
            "image_scanning_configuration": [
              {
                "scan_on_push": true
              }
            ],
            "image_tag_mutability": "MUTABLE",
            "name": "dev-logistics-websocket",
            "region": "us-east-1",
            "registry_id": "176343551411",
            "repository_url": "176343551411.dkr.ecr.us-east-1.amazonaws.com/dev-logistics-websocket",
            "tags": {
              "Environment": "dev",
              "ManagedBy": "terraform",
              "Project": "logistics"
            },
            "tags_all": {
              "Environment": "dev",
              "ManagedBy": "terraform",
              "Project": "logistics"
            },
            "timeouts": null
          },
          "sensitive_attributes": [],
          "identity_schema_version": 0,
          "private": "eyJlMmJmYjczMC1lY2FhLTExZTYtOGY4OC0zNDM2M2JjN2M0YzAiOnsiZGVsZXRlIjoxMjAwMDAwMDAwMDAwfX0=",
          "create_before_destroy": true
        }
      ]
    }
  ],
  "check_results": [
    {
      "object_kind": "var",
      "config_addr": "module.notifications_table.var.sort_key_type",
      "status": "pass",
      "objects": [
        {
          "object_addr": "module.notifications_table.var.sort_key_type",
          "status": "pass"
        }
      ]
    },
    {
      "object_kind": "var",
      "config_addr": "module.pedido_ofertas_table.var.sort_key_type",
      "status": "pass",
      "objects": [
        {
          "object_addr": "module.pedido_ofertas_table.var.sort_key_type",
          "status": "pass"
        }
      ]
    },
    {
      "object_kind": "var",
      "config_addr": "module.users_table.var.sort_key_type",
      "status": "pass",
      "objects": [
        {
          "object_addr": "module.users_table.var.sort_key_type",
          "status": "pass"
        }
      ]
    },
    {
      "object_kind": "var",
      "config_addr": "module.locations_table.var.sort_key_type",
      "status": "pass",
      "objects": [
        {
          "object_addr": "module.locations_table.var.sort_key_type",
          "status": "pass"
        }
      ]
    },
    {
      "object_kind": "var",
      "config_addr": "module.websocket_connections_table.var.sort_key_type",
      "status": "pass",
      "objects": [
        {
          "object_addr": "module.websocket_connections_table.var.sort_key_type",
          "status": "pass"
        }
      ]
    },
    {
      "object_kind": "var",
      "config_addr": "module.pedidos_table.var.sort_key_type",
      "status": "pass",
      "objects": [
        {
          "object_addr": "module.pedidos_table.var.sort_key_type",
          "status": "pass"
        }
      ]
    },
    {
      "object_kind": "var",
      "config_addr": "module.api_gateway.var.api_type",
      "status": "pass",
      "objects": [
        {
          "object_addr": "module.api_gateway.var.api_type",
          "status": "pass"
        }
      ]
    },
    {
      "object_kind": "var",
      "config_addr": "module.api_gateway.var.routes",
      "status": "pass",
      "objects": [
        {
          "object_addr": "module.api_gateway.var.routes",
          "status": "pass"
        }
      ]
    }
  ]
}
