{
  "version": 4,
  "terraform_version": "1.12.1",
  "serial": 1775,
  "lineage": "d78e96e8-5227-1bc9-b198-1cfc0a92d386",
  "outputs": {
    "api_gateway_id": {
      "value": "aq72n5uzcb",
      "type": "string"
    },
    "api_gateway_invoke_url": {
      "value": "https://aq72n5uzcb.execute-api.us-east-1.amazonaws.com/prod",
      "type": "string"
    },
    "dynamodb_tables": {
      "value": {
        "locations": "dev-logistics-locations",
        "notifications": "dev-logistics-notifications",
        "pedido_ofertas": "dev-logistics-pedido-ofertas",
        "pedidos": "dev-logistics-pedidos",
        "users": "dev-logistics-users",
        "websocket_connections": "dev-logistics-websocket-connections"
      },
      "type": [
        "object",
        {
          "locations": "string",
          "notifications": "string",
          "pedido_ofertas": "string",
          "pedidos": "string",
          "users": "string",
          "websocket_connections": "string"
        }
      ]
    },
    "lambda_functions": {
      "value": {
        "auth": "dev_logistics_auth",
        "notificacoes": "dev_logistics_notificacoes",
        "pedidos": "dev_logistics_pedidos",
        "rastreamento": "dev_logistics_rastreamento",
        "smart_routing": "dev_logistics_smart-routing",
        "usuarios": "dev_logistics_usuarios",
        "websocket": "dev_logistics_websocket"
      },
      "type": [
        "object",
        {
          "auth": "string",
          "notificacoes": "string",
          "pedidos": "string",
          "rastreamento": "string",
          "smart_routing": "string",
          "usuarios": "string",
          "websocket": "string"
        }
      ]
    },
    "sns_topics": {
      "value": {
        "general": "arn:aws:sns:us-east-1:176343551411:dev_logistics_notifications-general",
        "premium": "arn:aws:sns:us-east-1:176343551411:dev_logistics_notifications-premium",
        "regional": "arn:aws:sns:us-east-1:176343551411:dev_logistics_notifications-regional"
      },
      "type": [
        "object",
        {
          "general": "string",
          "premium": "string",
          "regional": "string"
        }
      ]
    },
    "sqs_queue_url": {
      "value": "https://sqs.us-east-1.amazonaws.com/176343551411/dev-logistics-events-fifo-queue.fifo",
      "type": "string"
    },
    "websocket_api_id": {
      "value": "23b38pazkc",
      "type": "string"
    },
    "websocket_api_url": {
      "value": "wss://23b38pazkc.execute-api.us-east-1.amazonaws.com/prod",
      "type": "string"
    }
  },
  "resources": [
    {
      "mode": "managed",
      "type": "aws_apigatewayv2_api",
      "name": "websocket_api",
      "provider": "provider[\"registry.terraform.io/hashicorp/aws\"]",
      "instances": [
        {
          "schema_version": 0,
          "attributes": {
            "api_endpoint": "wss://23b38pazkc.execute-api.us-east-1.amazonaws.com",
            "api_key_selection_expression": "$request.header.x-api-key",
            "arn": "arn:aws:apigateway:us-east-1::/apis/23b38pazkc",
            "body": null,
            "cors_configuration": [],
            "credentials_arn": null,
            "description": "",
            "disable_execute_api_endpoint": false,
            "execution_arn": "arn:aws:execute-api:us-east-1:176343551411:23b38pazkc",
            "fail_on_warnings": null,
            "id": "23b38pazkc",
            "ip_address_type": "ipv4",
            "name": "dev-logistics-websocket",
            "protocol_type": "WEBSOCKET",
            "region": "us-east-1",
            "route_key": null,
            "route_selection_expression": "$request.body.action",
            "tags": {
              "Environment": "dev",
              "ManagedBy": "terraform",
              "Project": "logistics"
            },
            "tags_all": {
              "Environment": "dev",
              "ManagedBy": "terraform",
              "Project": "logistics"
            },
            "target": null,
            "version": ""
          },
          "sensitive_attributes": [],
          "identity_schema_version": 0,
          "private": "bnVsbA=="
        }
      ]
    },
    {
      "mode": "managed",
      "type": "aws_apigatewayv2_integration",
      "name": "websocket_connect_integration",
      "provider": "provider[\"registry.terraform.io/hashicorp/aws\"]",
      "instances": [
        {
          "schema_version": 0,
          "attributes": {
            "api_id": "23b38pazkc",
            "connection_id": "",
            "connection_type": "INTERNET",
            "content_handling_strategy": "",
            "credentials_arn": "",
            "description": "",
            "id": "erp8w62",
            "integration_method": "POST",
            "integration_response_selection_expression": "",
            "integration_subtype": "",
            "integration_type": "AWS_PROXY",
            "integration_uri": "arn:aws:lambda:us-east-1:176343551411:function:dev_logistics_websocket",
            "passthrough_behavior": "WHEN_NO_MATCH",
            "payload_format_version": "1.0",
            "region": "us-east-1",
            "request_parameters": {},
            "request_templates": {},
            "response_parameters": [],
            "template_selection_expression": "",
            "timeout_milliseconds": 29000,
            "tls_config": []
          },
          "sensitive_attributes": [],
          "identity_schema_version": 0,
          "private": "bnVsbA==",
          "dependencies": [
            "aws_apigatewayv2_api.websocket_api",
            "module.websocket_connections_table.aws_dynamodb_table.this",
            "module.websocket_lambda.aws_iam_role.lambda_role",
            "module.websocket_lambda.aws_lambda_function.lambda",
            "module.websocket_lambda.data.aws_caller_identity.current",
            "module.websocket_lambda.data.aws_iam_policy_document.policy_doc",
            "module.websocket_lambda.module.repo_ecr_lambda.aws_ecr_repository.this",
            "module.websocket_lambda.null_resource.run_script"
          ]
        }
      ]
    },
    {
      "mode": "managed",
      "type": "aws_apigatewayv2_integration",
      "name": "websocket_disconnect_integration",
      "provider": "provider[\"registry.terraform.io/hashicorp/aws\"]",
      "instances": [
        {
          "schema_version": 0,
          "attributes": {
            "api_id": "23b38pazkc",
            "connection_id": "",
            "connection_type": "INTERNET",
            "content_handling_strategy": "",
            "credentials_arn": "",
            "description": "",
            "id": "7u3f0hl",
            "integration_method": "POST",
            "integration_response_selection_expression": "",
            "integration_subtype": "",
            "integration_type": "AWS_PROXY",
            "integration_uri": "arn:aws:lambda:us-east-1:176343551411:function:dev_logistics_websocket",
            "passthrough_behavior": "WHEN_NO_MATCH",
            "payload_format_version": "1.0",
            "region": "us-east-1",
            "request_parameters": {},
            "request_templates": {},
            "response_parameters": [],
            "template_selection_expression": "",
            "timeout_milliseconds": 29000,
            "tls_config": []
          },
          "sensitive_attributes": [],
          "identity_schema_version": 0,
          "private": "bnVsbA==",
          "dependencies": [
            "aws_apigatewayv2_api.websocket_api",
            "module.websocket_connections_table.aws_dynamodb_table.this",
            "module.websocket_lambda.aws_iam_role.lambda_role",
            "module.websocket_lambda.aws_lambda_function.lambda",
            "module.websocket_lambda.data.aws_caller_identity.current",
            "module.websocket_lambda.data.aws_iam_policy_document.policy_doc",
            "module.websocket_lambda.module.repo_ecr_lambda.aws_ecr_repository.this",
            "module.websocket_lambda.null_resource.run_script"
          ]
        }
      ]
    },
    {
      "mode": "managed",
      "type": "aws_apigatewayv2_integration",
      "name": "websocket_message_integration",
      "provider": "provider[\"registry.terraform.io/hashicorp/aws\"]",
      "instances": [
        {
          "schema_version": 0,
          "attributes": {
            "api_id": "23b38pazkc",
            "connection_id": "",
            "connection_type": "INTERNET",
            "content_handling_strategy": "",
            "credentials_arn": "",
            "description": "",
            "id": "s4teo64",
            "integration_method": "POST",
            "integration_response_selection_expression": "",
            "integration_subtype": "",
            "integration_type": "AWS_PROXY",
            "integration_uri": "arn:aws:lambda:us-east-1:176343551411:function:dev_logistics_websocket",
            "passthrough_behavior": "WHEN_NO_MATCH",
            "payload_format_version": "1.0",
            "region": "us-east-1",
            "request_parameters": {},
            "request_templates": {},
            "response_parameters": [],
            "template_selection_expression": "",
            "timeout_milliseconds": 29000,
            "tls_config": []
          },
          "sensitive_attributes": [],
          "identity_schema_version": 0,
          "private": "bnVsbA==",
          "dependencies": [
            "aws_apigatewayv2_api.websocket_api",
            "module.websocket_connections_table.aws_dynamodb_table.this",
            "module.websocket_lambda.aws_iam_role.lambda_role",
            "module.websocket_lambda.aws_lambda_function.lambda",
            "module.websocket_lambda.data.aws_caller_identity.current",
            "module.websocket_lambda.data.aws_iam_policy_document.policy_doc",
            "module.websocket_lambda.module.repo_ecr_lambda.aws_ecr_repository.this",
            "module.websocket_lambda.null_resource.run_script"
          ]
        }
      ]
    },
    {
      "mode": "managed",
      "type": "aws_apigatewayv2_route",
      "name": "websocket_connect",
      "provider": "provider[\"registry.terraform.io/hashicorp/aws\"]",
      "instances": [
        {
          "schema_version": 0,
          "attributes": {
            "api_id": "23b38pazkc",
            "api_key_required": false,
            "authorization_scopes": [],
            "authorization_type": "NONE",
            "authorizer_id": "",
            "id": "cnwfx6f",
            "model_selection_expression": "",
            "operation_name": "",
            "region": "us-east-1",
            "request_models": {},
            "request_parameter": [],
            "route_key": "$connect",
            "route_response_selection_expression": "",
            "target": "integrations/erp8w62"
          },
          "sensitive_attributes": [],
          "identity_schema_version": 0,
          "private": "bnVsbA==",
          "dependencies": [
            "aws_apigatewayv2_api.websocket_api",
            "aws_apigatewayv2_integration.websocket_connect_integration",
            "module.websocket_connections_table.aws_dynamodb_table.this",
            "module.websocket_lambda.aws_iam_role.lambda_role",
            "module.websocket_lambda.aws_lambda_function.lambda",
            "module.websocket_lambda.data.aws_caller_identity.current",
            "module.websocket_lambda.data.aws_iam_policy_document.policy_doc",
            "module.websocket_lambda.module.repo_ecr_lambda.aws_ecr_repository.this",
            "module.websocket_lambda.null_resource.run_script"
          ]
        }
      ]
    },
    {
      "mode": "managed",
      "type": "aws_apigatewayv2_route",
      "name": "websocket_disconnect",
      "provider": "provider[\"registry.terraform.io/hashicorp/aws\"]",
      "instances": [
        {
          "schema_version": 0,
          "attributes": {
            "api_id": "23b38pazkc",
            "api_key_required": false,
            "authorization_scopes": [],
            "authorization_type": "NONE",
            "authorizer_id": "",
            "id": "t8lu8kl",
            "model_selection_expression": "",
            "operation_name": "",
            "region": "us-east-1",
            "request_models": {},
            "request_parameter": [],
            "route_key": "$disconnect",
            "route_response_selection_expression": "",
            "target": "integrations/7u3f0hl"
          },
          "sensitive_attributes": [],
          "identity_schema_version": 0,
          "private": "bnVsbA==",
          "dependencies": [
            "aws_apigatewayv2_api.websocket_api",
            "aws_apigatewayv2_integration.websocket_disconnect_integration",
            "module.websocket_connections_table.aws_dynamodb_table.this",
            "module.websocket_lambda.aws_iam_role.lambda_role",
            "module.websocket_lambda.aws_lambda_function.lambda",
            "module.websocket_lambda.data.aws_caller_identity.current",
            "module.websocket_lambda.data.aws_iam_policy_document.policy_doc",
            "module.websocket_lambda.module.repo_ecr_lambda.aws_ecr_repository.this",
            "module.websocket_lambda.null_resource.run_script"
          ]
        }
      ]
    },
    {
      "mode": "managed",
      "type": "aws_apigatewayv2_route",
      "name": "websocket_message",
      "provider": "provider[\"registry.terraform.io/hashicorp/aws\"]",
      "instances": [
        {
          "schema_version": 0,
          "attributes": {
            "api_id": "23b38pazkc",
            "api_key_required": false,
            "authorization_scopes": [],
            "authorization_type": "NONE",
            "authorizer_id": "",
            "id": "su365nf",
            "model_selection_expression": "",
            "operation_name": "",
            "region": "us-east-1",
            "request_models": {},
            "request_parameter": [],
            "route_key": "sendMessage",
            "route_response_selection_expression": "",
            "target": "integrations/s4teo64"
          },
          "sensitive_attributes": [],
          "identity_schema_version": 0,
          "private": "bnVsbA==",
          "dependencies": [
            "aws_apigatewayv2_api.websocket_api",
            "aws_apigatewayv2_integration.websocket_message_integration",
            "module.websocket_connections_table.aws_dynamodb_table.this",
            "module.websocket_lambda.aws_iam_role.lambda_role",
            "module.websocket_lambda.aws_lambda_function.lambda",
            "module.websocket_lambda.data.aws_caller_identity.current",
            "module.websocket_lambda.data.aws_iam_policy_document.policy_doc",
            "module.websocket_lambda.module.repo_ecr_lambda.aws_ecr_repository.this",
            "module.websocket_lambda.null_resource.run_script"
          ]
        }
      ]
    },
    {
      "mode": "managed",
      "type": "aws_apigatewayv2_stage",
      "name": "websocket_stage",
      "provider": "provider[\"registry.terraform.io/hashicorp/aws\"]",
      "instances": [
        {
          "schema_version": 0,
          "attributes": {
            "access_log_settings": [],
            "api_id": "23b38pazkc",
            "arn": "arn:aws:apigateway:us-east-1::/apis/23b38pazkc/stages/prod",
            "auto_deploy": true,
            "client_certificate_id": "",
            "default_route_settings": [
              {
                "data_trace_enabled": false,
                "detailed_metrics_enabled": false,
                "logging_level": "OFF",
                "throttling_burst_limit": 0,
                "throttling_rate_limit": 0
              }
            ],
            "deployment_id": "fgv1jd",
            "description": "",
            "execution_arn": "arn:aws:execute-api:us-east-1:176343551411:23b38pazkc/prod",
            "id": "prod",
            "invoke_url": "wss://23b38pazkc.execute-api.us-east-1.amazonaws.com/prod",
            "name": "prod",
            "region": "us-east-1",
            "route_settings": [],
            "stage_variables": {},
            "tags": {
              "Environment": "dev",
              "ManagedBy": "terraform",
              "Project": "logistics"
            },
            "tags_all": {
              "Environment": "dev",
              "ManagedBy": "terraform",
              "Project": "logistics"
            }
          },
          "sensitive_attributes": [],
          "identity_schema_version": 0,
          "private": "bnVsbA==",
          "dependencies": [
            "aws_apigatewayv2_api.websocket_api"
          ]
        }
      ]
    },
    {
      "mode": "managed",
      "type": "aws_lambda_event_source_mapping",
      "name": "notifications_sqs_trigger",
      "provider": "provider[\"registry.terraform.io/hashicorp/aws\"]",
      "instances": [
        {
          "schema_version": 0,
          "attributes": {
            "amazon_managed_kafka_event_source_config": [],
            "arn": "arn:aws:lambda:us-east-1:176343551411:event-source-mapping:81be208a-493f-4bf0-bc92-20e5ed8f3adc",
            "batch_size": 10,
            "bisect_batch_on_function_error": false,
            "destination_config": [],
            "document_db_event_source_config": [],
            "enabled": true,
            "event_source_arn": "arn:aws:sqs:us-east-1:176343551411:dev-logistics-events-fifo-queue.fifo",
            "filter_criteria": [],
            "function_arn": "arn:aws:lambda:us-east-1:176343551411:function:dev_logistics_notificacoes",
            "function_name": "arn:aws:lambda:us-east-1:176343551411:function:dev_logistics_notificacoes",
            "function_response_types": [],
            "id": "81be208a-493f-4bf0-bc92-20e5ed8f3adc",
            "kms_key_arn": "",
            "last_modified": "2025-06-21T18:36:18Z",
            "last_processing_result": "",
            "maximum_batching_window_in_seconds": 0,
            "maximum_record_age_in_seconds": 0,
            "maximum_retry_attempts": 0,
            "metrics_config": [],
            "parallelization_factor": 0,
            "provisioned_poller_config": [],
            "queues": [],
            "region": "us-east-1",
            "scaling_config": [],
            "self_managed_event_source": [],
            "self_managed_kafka_event_source_config": [],
            "source_access_configuration": [],
            "starting_position": "",
            "starting_position_timestamp": "",
            "state": "Enabled",
            "state_transition_reason": "USER_INITIATED",
            "tags": {},
            "tags_all": {},
            "topics": [],
            "tumbling_window_in_seconds": 0,
            "uuid": "81be208a-493f-4bf0-bc92-20e5ed8f3adc"
          },
          "sensitive_attributes": [],
          "identity_schema_version": 0,
          "private": "bnVsbA==",
          "dependencies": [
            "aws_apigatewayv2_api.websocket_api",
            "module.events_queue.aws_sqs_queue.dead_letter_fifo_queue",
            "module.events_queue.aws_sqs_queue.fifo_queue",
            "module.notificacoes_lambda.aws_iam_role.lambda_role",
            "module.notificacoes_lambda.aws_iam_role_policy_attachment.lambda_custom_policy",
            "module.notificacoes_lambda.aws_iam_role_policy_attachment.policy_cloudwatch",
            "module.notificacoes_lambda.aws_lambda_function.lambda",
            "module.notificacoes_lambda.aws_lambda_function_event_invoke_config.retry",
            "module.notificacoes_lambda.data.aws_caller_identity.current",
            "module.notificacoes_lambda.data.aws_iam_policy_document.policy_doc",
            "module.notificacoes_lambda.module.repo_ecr_lambda.aws_ecr_lifecycle_policy.delete",
            "module.notificacoes_lambda.module.repo_ecr_lambda.aws_ecr_repository.this",
            "module.notificacoes_lambda.module.repo_ecr_lambda.data.aws_caller_identity.current",
            "module.notificacoes_lambda.module.repo_ecr_lambda.null_resource.run_script",
            "module.notificacoes_lambda.null_resource.run_script",
            "module.notificacoes_lambda.null_resource.update",
            "module.notifications_general_topic.aws_sns_topic.this",
            "module.notifications_premium_topic.aws_sns_topic.this",
            "module.notifications_regional_topic.aws_sns_topic.this",
            "module.notifications_table.aws_dynamodb_table.this",
            "module.users_table.aws_dynamodb_table.this",
            "module.websocket_connections_table.aws_dynamodb_table.this",
            "module.websocket_lambda.aws_iam_role.lambda_role",
            "module.websocket_lambda.aws_lambda_function.lambda",
            "module.websocket_lambda.data.aws_caller_identity.current",
            "module.websocket_lambda.data.aws_iam_policy_document.policy_doc",
            "module.websocket_lambda.module.repo_ecr_lambda.aws_ecr_repository.this",
            "module.websocket_lambda.null_resource.run_script"
          ]
        }
      ]
    },
    {
      "mode": "managed",
      "type": "aws_lambda_event_source_mapping",
      "name": "smart_routing_sqs_trigger",
      "provider": "provider[\"registry.terraform.io/hashicorp/aws\"]",
      "instances": [
        {
          "schema_version": 0,
          "attributes": {
            "amazon_managed_kafka_event_source_config": [],
            "arn": "arn:aws:lambda:us-east-1:176343551411:event-source-mapping:ecb6db62-1513-4119-8d79-4e1f8d288221",
            "batch_size": 5,
            "bisect_batch_on_function_error": false,
            "destination_config": [],
            "document_db_event_source_config": [],
            "enabled": true,
            "event_source_arn": "arn:aws:sqs:us-east-1:176343551411:dev-logistics-events-fifo-queue.fifo",
            "filter_criteria": [],
            "function_arn": "arn:aws:lambda:us-east-1:176343551411:function:dev_logistics_smart-routing",
            "function_name": "arn:aws:lambda:us-east-1:176343551411:function:dev_logistics_smart-routing",
            "function_response_types": [],
            "id": "ecb6db62-1513-4119-8d79-4e1f8d288221",
            "kms_key_arn": "",
            "last_modified": "2025-06-21T18:36:35Z",
            "last_processing_result": "",
            "maximum_batching_window_in_seconds": 0,
            "maximum_record_age_in_seconds": 0,
            "maximum_retry_attempts": 0,
            "metrics_config": [],
            "parallelization_factor": 0,
            "provisioned_poller_config": [],
            "queues": [],
            "region": "us-east-1",
            "scaling_config": [],
            "self_managed_event_source": [],
            "self_managed_kafka_event_source_config": [],
            "source_access_configuration": [],
            "starting_position": "",
            "starting_position_timestamp": "",
            "state": "Enabled",
            "state_transition_reason": "USER_INITIATED",
            "tags": {},
            "tags_all": {},
            "topics": [],
            "tumbling_window_in_seconds": 0,
            "uuid": "ecb6db62-1513-4119-8d79-4e1f8d288221"
          },
          "sensitive_attributes": [],
          "identity_schema_version": 0,
          "private": "bnVsbA==",
          "dependencies": [
            "aws_apigatewayv2_api.websocket_api",
            "module.events_queue.aws_sqs_queue.dead_letter_fifo_queue",
            "module.events_queue.aws_sqs_queue.fifo_queue",
            "module.notificacoes_lambda.aws_iam_role.lambda_role",
            "module.notificacoes_lambda.aws_lambda_function.lambda",
            "module.notificacoes_lambda.data.aws_caller_identity.current",
            "module.notificacoes_lambda.data.aws_iam_policy_document.policy_doc",
            "module.notificacoes_lambda.module.repo_ecr_lambda.aws_ecr_repository.this",
            "module.notificacoes_lambda.null_resource.run_script",
            "module.notifications_general_topic.aws_sns_topic.this",
            "module.notifications_premium_topic.aws_sns_topic.this",
            "module.notifications_regional_topic.aws_sns_topic.this",
            "module.notifications_table.aws_dynamodb_table.this",
            "module.pedido_ofertas_table.aws_dynamodb_table.this",
            "module.pedidos_table.aws_dynamodb_table.this",
            "module.smart_routing_lambda.aws_iam_role.lambda_role",
            "module.smart_routing_lambda.aws_iam_role_policy_attachment.lambda_custom_policy",
            "module.smart_routing_lambda.aws_iam_role_policy_attachment.policy_cloudwatch",
            "module.smart_routing_lambda.aws_lambda_function.lambda",
            "module.smart_routing_lambda.aws_lambda_function_event_invoke_config.retry",
            "module.smart_routing_lambda.data.aws_caller_identity.current",
            "module.smart_routing_lambda.data.aws_iam_policy_document.policy_doc",
            "module.smart_routing_lambda.module.repo_ecr_lambda.aws_ecr_lifecycle_policy.delete",
            "module.smart_routing_lambda.module.repo_ecr_lambda.aws_ecr_repository.this",
            "module.smart_routing_lambda.module.repo_ecr_lambda.data.aws_caller_identity.current",
            "module.smart_routing_lambda.module.repo_ecr_lambda.null_resource.run_script",
            "module.smart_routing_lambda.null_resource.run_script",
            "module.smart_routing_lambda.null_resource.update",
            "module.users_table.aws_dynamodb_table.this",
            "module.websocket_connections_table.aws_dynamodb_table.this",
            "module.websocket_lambda.aws_iam_role.lambda_role",
            "module.websocket_lambda.aws_lambda_function.lambda",
            "module.websocket_lambda.data.aws_caller_identity.current",
            "module.websocket_lambda.data.aws_iam_policy_document.policy_doc",
            "module.websocket_lambda.module.repo_ecr_lambda.aws_ecr_repository.this",
            "module.websocket_lambda.null_resource.run_script"
          ]
        }
      ]
    },
    {
      "mode": "managed",
      "type": "aws_lambda_permission",
      "name": "auth_lambda_permission",
      "provider": "provider[\"registry.terraform.io/hashicorp/aws\"]",
      "instances": [
        {
          "schema_version": 0,
          "attributes": {
            "action": "lambda:InvokeFunction",
            "event_source_token": null,
            "function_name": "dev_logistics_auth",
            "function_url_auth_type": null,
            "id": "AllowExecutionFromAPIGateway",
            "principal": "apigateway.amazonaws.com",
            "principal_org_id": null,
            "qualifier": "",
            "region": "us-east-1",
            "source_account": null,
            "source_arn": "arn:aws:execute-api:us-east-1:176343551411:aq72n5uzcb/*/*",
            "statement_id": "AllowExecutionFromAPIGateway",
            "statement_id_prefix": ""
          },
          "sensitive_attributes": [],
          "identity_schema_version": 0,
          "private": "bnVsbA==",
          "dependencies": [
            "module.api_gateway.aws_api_gateway_rest_api.rest_api",
            "module.auth_lambda.aws_iam_role.lambda_role",
            "module.auth_lambda.aws_lambda_function.lambda",
            "module.auth_lambda.data.aws_caller_identity.current",
            "module.auth_lambda.data.aws_iam_policy_document.policy_doc",
            "module.auth_lambda.module.repo_ecr_lambda.aws_ecr_repository.this",
            "module.auth_lambda.null_resource.run_script",
            "module.users_table.aws_dynamodb_table.this"
          ]
        }
      ]
    },
    {
      "mode": "managed",
      "type": "aws_lambda_permission",
      "name": "notificacoes_lambda_permission",
      "provider": "provider[\"registry.terraform.io/hashicorp/aws\"]",
      "instances": [
        {
          "schema_version": 0,
          "attributes": {
            "action": "lambda:InvokeFunction",
            "event_source_token": null,
            "function_name": "dev_logistics_notificacoes",
            "function_url_auth_type": null,
            "id": "AllowExecutionFromAPIGateway",
            "principal": "apigateway.amazonaws.com",
            "principal_org_id": null,
            "qualifier": "",
            "region": "us-east-1",
            "source_account": null,
            "source_arn": "arn:aws:execute-api:us-east-1:176343551411:aq72n5uzcb/*/*",
            "statement_id": "AllowExecutionFromAPIGateway",
            "statement_id_prefix": ""
          },
          "sensitive_attributes": [],
          "identity_schema_version": 0,
          "private": "bnVsbA==",
          "dependencies": [
            "aws_apigatewayv2_api.websocket_api",
            "module.api_gateway.aws_api_gateway_rest_api.rest_api",
            "module.events_queue.aws_sqs_queue.dead_letter_fifo_queue",
            "module.events_queue.aws_sqs_queue.fifo_queue",
            "module.notificacoes_lambda.aws_iam_role.lambda_role",
            "module.notificacoes_lambda.aws_lambda_function.lambda",
            "module.notificacoes_lambda.data.aws_caller_identity.current",
            "module.notificacoes_lambda.data.aws_iam_policy_document.policy_doc",
            "module.notificacoes_lambda.module.repo_ecr_lambda.aws_ecr_repository.this",
            "module.notificacoes_lambda.null_resource.run_script",
            "module.notifications_general_topic.aws_sns_topic.this",
            "module.notifications_premium_topic.aws_sns_topic.this",
            "module.notifications_regional_topic.aws_sns_topic.this",
            "module.notifications_table.aws_dynamodb_table.this",
            "module.users_table.aws_dynamodb_table.this",
            "module.websocket_connections_table.aws_dynamodb_table.this",
            "module.websocket_lambda.aws_iam_role.lambda_role",
            "module.websocket_lambda.aws_lambda_function.lambda",
            "module.websocket_lambda.data.aws_caller_identity.current",
            "module.websocket_lambda.data.aws_iam_policy_document.policy_doc",
            "module.websocket_lambda.module.repo_ecr_lambda.aws_ecr_repository.this",
            "module.websocket_lambda.null_resource.run_script"
          ]
        }
      ]
    },
    {
      "mode": "managed",
      "type": "aws_lambda_permission",
      "name": "pedidos_lambda_permission",
      "provider": "provider[\"registry.terraform.io/hashicorp/aws\"]",
      "instances": [
        {
          "schema_version": 0,
          "attributes": {
            "action": "lambda:InvokeFunction",
            "event_source_token": null,
            "function_name": "dev_logistics_pedidos",
            "function_url_auth_type": null,
            "id": "AllowExecutionFromAPIGateway",
            "principal": "apigateway.amazonaws.com",
            "principal_org_id": null,
            "qualifier": "",
            "region": "us-east-1",
            "source_account": null,
            "source_arn": "arn:aws:execute-api:us-east-1:176343551411:aq72n5uzcb/*/*",
            "statement_id": "AllowExecutionFromAPIGateway",
            "statement_id_prefix": ""
          },
          "sensitive_attributes": [],
          "identity_schema_version": 0,
          "private": "bnVsbA==",
          "dependencies": [
            "module.api_gateway.aws_api_gateway_rest_api.rest_api",
            "module.events_queue.aws_sqs_queue.dead_letter_fifo_queue",
            "module.events_queue.aws_sqs_queue.fifo_queue",
            "module.pedidos_lambda.aws_iam_role.lambda_role",
            "module.pedidos_lambda.aws_lambda_function.lambda",
            "module.pedidos_lambda.data.aws_caller_identity.current",
            "module.pedidos_lambda.data.aws_iam_policy_document.policy_doc",
            "module.pedidos_lambda.module.repo_ecr_lambda.aws_ecr_repository.this",
            "module.pedidos_lambda.null_resource.run_script",
            "module.pedidos_table.aws_dynamodb_table.this"
          ]
        }
      ]
    },
    {
      "mode": "managed",
      "type": "aws_lambda_permission",
      "name": "rastreamento_lambda_permission",
      "provider": "provider[\"registry.terraform.io/hashicorp/aws\"]",
      "instances": [
        {
          "schema_version": 0,
          "attributes": {
            "action": "lambda:InvokeFunction",
            "event_source_token": null,
            "function_name": "dev_logistics_rastreamento",
            "function_url_auth_type": null,
            "id": "AllowExecutionFromAPIGateway",
            "principal": "apigateway.amazonaws.com",
            "principal_org_id": null,
            "qualifier": "",
            "region": "us-east-1",
            "source_account": null,
            "source_arn": "arn:aws:execute-api:us-east-1:176343551411:aq72n5uzcb/*/*",
            "statement_id": "AllowExecutionFromAPIGateway",
            "statement_id_prefix": ""
          },
          "sensitive_attributes": [],
          "identity_schema_version": 0,
          "private": "bnVsbA==",
          "dependencies": [
            "module.api_gateway.aws_api_gateway_rest_api.rest_api",
            "module.events_queue.aws_sqs_queue.dead_letter_fifo_queue",
            "module.events_queue.aws_sqs_queue.fifo_queue",
            "module.locations_table.aws_dynamodb_table.this",
            "module.pedidos_table.aws_dynamodb_table.this",
            "module.rastreamento_lambda.aws_iam_role.lambda_role",
            "module.rastreamento_lambda.aws_lambda_function.lambda",
            "module.rastreamento_lambda.data.aws_caller_identity.current",
            "module.rastreamento_lambda.data.aws_iam_policy_document.policy_doc",
            "module.rastreamento_lambda.module.repo_ecr_lambda.aws_ecr_repository.this",
            "module.rastreamento_lambda.null_resource.run_script"
          ]
        }
      ]
    },
    {
      "mode": "managed",
      "type": "aws_lambda_permission",
      "name": "smart_routing_lambda_permission",
      "provider": "provider[\"registry.terraform.io/hashicorp/aws\"]",
      "instances": [
        {
          "schema_version": 0,
          "attributes": {
            "action": "lambda:InvokeFunction",
            "event_source_token": null,
            "function_name": "dev_logistics_smart-routing",
            "function_url_auth_type": null,
            "id": "AllowExecutionFromAPIGateway",
            "principal": "apigateway.amazonaws.com",
            "principal_org_id": null,
            "qualifier": "",
            "region": "us-east-1",
            "source_account": null,
            "source_arn": "arn:aws:execute-api:us-east-1:176343551411:aq72n5uzcb/*/*",
            "statement_id": "AllowExecutionFromAPIGateway",
            "statement_id_prefix": ""
          },
          "sensitive_attributes": [],
          "identity_schema_version": 0,
          "private": "bnVsbA==",
          "dependencies": [
            "aws_apigatewayv2_api.websocket_api",
            "module.api_gateway.aws_api_gateway_rest_api.rest_api",
            "module.events_queue.aws_sqs_queue.dead_letter_fifo_queue",
            "module.events_queue.aws_sqs_queue.fifo_queue",
            "module.notificacoes_lambda.aws_iam_role.lambda_role",
            "module.notificacoes_lambda.aws_lambda_function.lambda",
            "module.notificacoes_lambda.data.aws_caller_identity.current",
            "module.notificacoes_lambda.data.aws_iam_policy_document.policy_doc",
            "module.notificacoes_lambda.module.repo_ecr_lambda.aws_ecr_repository.this",
            "module.notificacoes_lambda.null_resource.run_script",
            "module.notifications_general_topic.aws_sns_topic.this",
            "module.notifications_premium_topic.aws_sns_topic.this",
            "module.notifications_regional_topic.aws_sns_topic.this",
            "module.notifications_table.aws_dynamodb_table.this",
            "module.pedido_ofertas_table.aws_dynamodb_table.this",
            "module.pedidos_table.aws_dynamodb_table.this",
            "module.smart_routing_lambda.aws_iam_role.lambda_role",
            "module.smart_routing_lambda.aws_lambda_function.lambda",
            "module.smart_routing_lambda.data.aws_caller_identity.current",
            "module.smart_routing_lambda.data.aws_iam_policy_document.policy_doc",
            "module.smart_routing_lambda.module.repo_ecr_lambda.aws_ecr_repository.this",
            "module.smart_routing_lambda.null_resource.run_script",
            "module.users_table.aws_dynamodb_table.this",
            "module.websocket_connections_table.aws_dynamodb_table.this",
            "module.websocket_lambda.aws_iam_role.lambda_role",
            "module.websocket_lambda.aws_lambda_function.lambda",
            "module.websocket_lambda.data.aws_caller_identity.current",
            "module.websocket_lambda.data.aws_iam_policy_document.policy_doc",
            "module.websocket_lambda.module.repo_ecr_lambda.aws_ecr_repository.this",
            "module.websocket_lambda.null_resource.run_script"
          ]
        }
      ]
    },
    {
      "mode": "managed",
      "type": "aws_lambda_permission",
      "name": "usuarios_lambda_permission",
      "provider": "provider[\"registry.terraform.io/hashicorp/aws\"]",
      "instances": [
        {
          "schema_version": 0,
          "attributes": {
            "action": "lambda:InvokeFunction",
            "event_source_token": null,
            "function_name": "dev_logistics_usuarios",
            "function_url_auth_type": null,
            "id": "AllowExecutionFromAPIGateway",
            "principal": "apigateway.amazonaws.com",
            "principal_org_id": null,
            "qualifier": "",
            "region": "us-east-1",
            "source_account": null,
            "source_arn": "arn:aws:execute-api:us-east-1:176343551411:aq72n5uzcb/*/*",
            "statement_id": "AllowExecutionFromAPIGateway",
            "statement_id_prefix": ""
          },
          "sensitive_attributes": [],
          "identity_schema_version": 0,
          "private": "bnVsbA==",
          "dependencies": [
            "module.api_gateway.aws_api_gateway_rest_api.rest_api",
            "module.users_table.aws_dynamodb_table.this",
            "module.usuarios_lambda.aws_iam_role.lambda_role",
            "module.usuarios_lambda.aws_lambda_function.lambda",
            "module.usuarios_lambda.data.aws_caller_identity.current",
            "module.usuarios_lambda.data.aws_iam_policy_document.policy_doc",
            "module.usuarios_lambda.module.repo_ecr_lambda.aws_ecr_repository.this",
            "module.usuarios_lambda.null_resource.run_script"
          ]
        }
      ]
    },
    {
      "mode": "managed",
      "type": "aws_lambda_permission",
      "name": "websocket_lambda_permission",
      "provider": "provider[\"registry.terraform.io/hashicorp/aws\"]",
      "instances": [
        {
          "schema_version": 0,
          "attributes": {
            "action": "lambda:InvokeFunction",
            "event_source_token": null,
            "function_name": "dev_logistics_websocket",
            "function_url_auth_type": null,
            "id": "AllowExecutionFromAPIGateway",
            "principal": "apigateway.amazonaws.com",
            "principal_org_id": null,
            "qualifier": "",
            "region": "us-east-1",
            "source_account": null,
            "source_arn": "arn:aws:execute-api:us-east-1:176343551411:23b38pazkc/*/*",
            "statement_id": "AllowExecutionFromAPIGateway",
            "statement_id_prefix": ""
          },
          "sensitive_attributes": [],
          "identity_schema_version": 0,
          "private": "bnVsbA==",
          "dependencies": [
            "aws_apigatewayv2_api.websocket_api",
            "module.websocket_connections_table.aws_dynamodb_table.this",
            "module.websocket_lambda.aws_iam_role.lambda_role",
            "module.websocket_lambda.aws_lambda_function.lambda",
            "module.websocket_lambda.data.aws_caller_identity.current",
            "module.websocket_lambda.data.aws_iam_policy_document.policy_doc",
            "module.websocket_lambda.module.repo_ecr_lambda.aws_ecr_repository.this",
            "module.websocket_lambda.null_resource.run_script"
          ]
        }
      ]
    },
    {
      "module": "module.api_gateway",
      "mode": "managed",
      "type": "aws_api_gateway_deployment",
      "name": "rest_deployment",
      "provider": "provider[\"registry.terraform.io/hashicorp/aws\"]",
      "instances": [
        {
          "index_key": 0,
          "schema_version": 0,
          "attributes": {
            "created_date": "2025-06-21T18:38:12Z",
            "description": "",
            "id": "7fjqvk",
            "region": "us-east-1",
            "rest_api_id": "aq72n5uzcb",
            "triggers": {
              "redeployment": "346327717a472c39075eff5010a70b109f9130dd"
            },
            "variables": null
          },
          "sensitive_attributes": [],
          "identity_schema_version": 0,
          "private": "bnVsbA==",
          "dependencies": [
            "aws_apigatewayv2_api.websocket_api",
            "module.api_gateway.aws_api_gateway_authorizer.cognito_authorizer",
            "module.api_gateway.aws_api_gateway_integration.rest_endpoint_integrations",
            "module.api_gateway.aws_api_gateway_integration_response.rest_endpoint_integration_responses",
            "module.api_gateway.aws_api_gateway_method.rest_endpoint_methods",
            "module.api_gateway.aws_api_gateway_method_response.rest_endpoint_method_responses",
            "module.api_gateway.aws_api_gateway_resource.base_resources",
            "module.api_gateway.aws_api_gateway_resource.main_resource",
            "module.api_gateway.aws_api_gateway_resource.variable_resources",
            "module.api_gateway.aws_api_gateway_rest_api.rest_api",
            "module.auth_lambda.aws_iam_role.lambda_role",
            "module.auth_lambda.aws_lambda_function.lambda",
            "module.auth_lambda.data.aws_caller_identity.current",
            "module.auth_lambda.data.aws_iam_policy_document.policy_doc",
            "module.auth_lambda.module.repo_ecr_lambda.aws_ecr_repository.this",
            "module.auth_lambda.null_resource.run_script",
            "module.events_queue.aws_sqs_queue.dead_letter_fifo_queue",
            "module.events_queue.aws_sqs_queue.fifo_queue",
            "module.locations_table.aws_dynamodb_table.this",
            "module.notificacoes_lambda.aws_iam_role.lambda_role",
            "module.notificacoes_lambda.aws_lambda_function.lambda",
            "module.notificacoes_lambda.data.aws_caller_identity.current",
            "module.notificacoes_lambda.data.aws_iam_policy_document.policy_doc",
            "module.notificacoes_lambda.module.repo_ecr_lambda.aws_ecr_repository.this",
            "module.notificacoes_lambda.null_resource.run_script",
            "module.notifications_general_topic.aws_sns_topic.this",
            "module.notifications_premium_topic.aws_sns_topic.this",
            "module.notifications_regional_topic.aws_sns_topic.this",
            "module.notifications_table.aws_dynamodb_table.this",
            "module.pedido_ofertas_table.aws_dynamodb_table.this",
            "module.pedidos_lambda.aws_iam_role.lambda_role",
            "module.pedidos_lambda.aws_lambda_function.lambda",
            "module.pedidos_lambda.data.aws_caller_identity.current",
            "module.pedidos_lambda.data.aws_iam_policy_document.policy_doc",
            "module.pedidos_lambda.module.repo_ecr_lambda.aws_ecr_repository.this",
            "module.pedidos_lambda.null_resource.run_script",
            "module.pedidos_table.aws_dynamodb_table.this",
            "module.rastreamento_lambda.aws_iam_role.lambda_role",
            "module.rastreamento_lambda.aws_lambda_function.lambda",
            "module.rastreamento_lambda.data.aws_caller_identity.current",
            "module.rastreamento_lambda.data.aws_iam_policy_document.policy_doc",
            "module.rastreamento_lambda.module.repo_ecr_lambda.aws_ecr_repository.this",
            "module.rastreamento_lambda.null_resource.run_script",
            "module.smart_routing_lambda.aws_iam_role.lambda_role",
            "module.smart_routing_lambda.aws_lambda_function.lambda",
            "module.smart_routing_lambda.data.aws_caller_identity.current",
            "module.smart_routing_lambda.data.aws_iam_policy_document.policy_doc",
            "module.smart_routing_lambda.module.repo_ecr_lambda.aws_ecr_repository.this",
            "module.smart_routing_lambda.null_resource.run_script",
            "module.users_table.aws_dynamodb_table.this",
            "module.usuarios_lambda.aws_iam_role.lambda_role",
            "module.usuarios_lambda.aws_lambda_function.lambda",
            "module.usuarios_lambda.data.aws_caller_identity.current",
            "module.usuarios_lambda.data.aws_iam_policy_document.policy_doc",
            "module.usuarios_lambda.module.repo_ecr_lambda.aws_ecr_repository.this",
            "module.usuarios_lambda.null_resource.run_script",
            "module.websocket_connections_table.aws_dynamodb_table.this",
            "module.websocket_lambda.aws_iam_role.lambda_role",
            "module.websocket_lambda.aws_lambda_function.lambda",
            "module.websocket_lambda.data.aws_caller_identity.current",
            "module.websocket_lambda.data.aws_iam_policy_document.policy_doc",
            "module.websocket_lambda.module.repo_ecr_lambda.aws_ecr_repository.this",
            "module.websocket_lambda.null_resource.run_script"
          ],
          "create_before_destroy": true
        }
      ]
    },
    {
      "module": "module.api_gateway",
      "mode": "managed",
      "type": "aws_api_gateway_integration",
      "name": "rest_endpoint_integrations",
      "provider": "provider[\"registry.terraform.io/hashicorp/aws\"]",
      "instances": [
        {
          "index_key": "0",
          "schema_version": 0,
          "attributes": {
            "cache_key_parameters": [],
            "cache_namespace": "90vq1h",
            "connection_id": "",
            "connection_type": "INTERNET",
            "content_handling": "",
            "credentials": "",
            "http_method": "POST",
            "id": "agi-aq72n5uzcb-90vq1h-POST",
            "integration_http_method": "POST",
            "passthrough_behavior": "WHEN_NO_TEMPLATES",
            "region": "us-east-1",
            "request_parameters": {},
            "request_templates": {},
            "resource_id": "90vq1h",
            "rest_api_id": "aq72n5uzcb",
            "timeout_milliseconds": 29000,
            "tls_config": [],
            "type": "AWS_PROXY",
            "uri": "arn:aws:apigateway:us-east-1:lambda:path/2015-03-31/functions/arn:aws:lambda:us-east-1:176343551411:function:dev_logistics_auth/invocations"
          },
          "sensitive_attributes": [],
          "identity_schema_version": 0,
          "private": "bnVsbA==",
          "dependencies": [
            "aws_apigatewayv2_api.websocket_api",
            "module.api_gateway.aws_api_gateway_authorizer.cognito_authorizer",
            "module.api_gateway.aws_api_gateway_method.rest_endpoint_methods",
            "module.api_gateway.aws_api_gateway_resource.base_resources",
            "module.api_gateway.aws_api_gateway_resource.main_resource",
            "module.api_gateway.aws_api_gateway_resource.variable_resources",
            "module.api_gateway.aws_api_gateway_rest_api.rest_api",
            "module.auth_lambda.aws_iam_role.lambda_role",
            "module.auth_lambda.aws_lambda_function.lambda",
            "module.auth_lambda.data.aws_caller_identity.current",
            "module.auth_lambda.data.aws_iam_policy_document.policy_doc",
            "module.auth_lambda.module.repo_ecr_lambda.aws_ecr_repository.this",
            "module.auth_lambda.null_resource.run_script",
            "module.events_queue.aws_sqs_queue.dead_letter_fifo_queue",
            "module.events_queue.aws_sqs_queue.fifo_queue",
            "module.locations_table.aws_dynamodb_table.this",
            "module.notificacoes_lambda.aws_iam_role.lambda_role",
            "module.notificacoes_lambda.aws_lambda_function.lambda",
            "module.notificacoes_lambda.data.aws_caller_identity.current",
            "module.notificacoes_lambda.data.aws_iam_policy_document.policy_doc",
            "module.notificacoes_lambda.module.repo_ecr_lambda.aws_ecr_repository.this",
            "module.notificacoes_lambda.null_resource.run_script",
            "module.notifications_general_topic.aws_sns_topic.this",
            "module.notifications_premium_topic.aws_sns_topic.this",
            "module.notifications_regional_topic.aws_sns_topic.this",
            "module.notifications_table.aws_dynamodb_table.this",
            "module.pedido_ofertas_table.aws_dynamodb_table.this",
            "module.pedidos_lambda.aws_iam_role.lambda_role",
            "module.pedidos_lambda.aws_lambda_function.lambda",
            "module.pedidos_lambda.data.aws_caller_identity.current",
            "module.pedidos_lambda.data.aws_iam_policy_document.policy_doc",
            "module.pedidos_lambda.module.repo_ecr_lambda.aws_ecr_repository.this",
            "module.pedidos_lambda.null_resource.run_script",
            "module.pedidos_table.aws_dynamodb_table.this",
            "module.rastreamento_lambda.aws_iam_role.lambda_role",
            "module.rastreamento_lambda.aws_lambda_function.lambda",
            "module.rastreamento_lambda.data.aws_caller_identity.current",
            "module.rastreamento_lambda.data.aws_iam_policy_document.policy_doc",
            "module.rastreamento_lambda.module.repo_ecr_lambda.aws_ecr_repository.this",
            "module.rastreamento_lambda.null_resource.run_script",
            "module.smart_routing_lambda.aws_iam_role.lambda_role",
            "module.smart_routing_lambda.aws_lambda_function.lambda",
            "module.smart_routing_lambda.data.aws_caller_identity.current",
            "module.smart_routing_lambda.data.aws_iam_policy_document.policy_doc",
            "module.smart_routing_lambda.module.repo_ecr_lambda.aws_ecr_repository.this",
            "module.smart_routing_lambda.null_resource.run_script",
            "module.users_table.aws_dynamodb_table.this",
            "module.usuarios_lambda.aws_iam_role.lambda_role",
            "module.usuarios_lambda.aws_lambda_function.lambda",
            "module.usuarios_lambda.data.aws_caller_identity.current",
            "module.usuarios_lambda.data.aws_iam_policy_document.policy_doc",
            "module.usuarios_lambda.module.repo_ecr_lambda.aws_ecr_repository.this",
            "module.usuarios_lambda.null_resource.run_script",
            "module.websocket_connections_table.aws_dynamodb_table.this",
            "module.websocket_lambda.aws_iam_role.lambda_role",
            "module.websocket_lambda.aws_lambda_function.lambda",
            "module.websocket_lambda.data.aws_caller_identity.current",
            "module.websocket_lambda.data.aws_iam_policy_document.policy_doc",
            "module.websocket_lambda.module.repo_ecr_lambda.aws_ecr_repository.this",
            "module.websocket_lambda.null_resource.run_script"
          ],
          "create_before_destroy": true
        },
        {
          "index_key": "1",
          "schema_version": 0,
          "attributes": {
            "cache_key_parameters": [],
            "cache_namespace": "33upih",
            "connection_id": "",
            "connection_type": "INTERNET",
            "content_handling": "",
            "credentials": "",
            "http_method": "POST",
            "id": "agi-aq72n5uzcb-33upih-POST",
            "integration_http_method": "POST",
            "passthrough_behavior": "WHEN_NO_TEMPLATES",
            "region": "us-east-1",
            "request_parameters": {},
            "request_templates": {},
            "resource_id": "33upih",
            "rest_api_id": "aq72n5uzcb",
            "timeout_milliseconds": 29000,
            "tls_config": [],
            "type": "AWS_PROXY",
            "uri": "arn:aws:apigateway:us-east-1:lambda:path/2015-03-31/functions/arn:aws:lambda:us-east-1:176343551411:function:dev_logistics_usuarios/invocations"
          },
          "sensitive_attributes": [],
          "identity_schema_version": 0,
          "private": "bnVsbA==",
          "dependencies": [
            "aws_apigatewayv2_api.websocket_api",
            "module.api_gateway.aws_api_gateway_authorizer.cognito_authorizer",
            "module.api_gateway.aws_api_gateway_method.rest_endpoint_methods",
            "module.api_gateway.aws_api_gateway_resource.base_resources",
            "module.api_gateway.aws_api_gateway_resource.main_resource",
            "module.api_gateway.aws_api_gateway_resource.variable_resources",
            "module.api_gateway.aws_api_gateway_rest_api.rest_api",
            "module.auth_lambda.aws_iam_role.lambda_role",
            "module.auth_lambda.aws_lambda_function.lambda",
            "module.auth_lambda.data.aws_caller_identity.current",
            "module.auth_lambda.data.aws_iam_policy_document.policy_doc",
            "module.auth_lambda.module.repo_ecr_lambda.aws_ecr_repository.this",
            "module.auth_lambda.null_resource.run_script",
            "module.events_queue.aws_sqs_queue.dead_letter_fifo_queue",
            "module.events_queue.aws_sqs_queue.fifo_queue",
            "module.locations_table.aws_dynamodb_table.this",
            "module.notificacoes_lambda.aws_iam_role.lambda_role",
            "module.notificacoes_lambda.aws_lambda_function.lambda",
            "module.notificacoes_lambda.data.aws_caller_identity.current",
            "module.notificacoes_lambda.data.aws_iam_policy_document.policy_doc",
            "module.notificacoes_lambda.module.repo_ecr_lambda.aws_ecr_repository.this",
            "module.notificacoes_lambda.null_resource.run_script",
            "module.notifications_general_topic.aws_sns_topic.this",
            "module.notifications_premium_topic.aws_sns_topic.this",
            "module.notifications_regional_topic.aws_sns_topic.this",
            "module.notifications_table.aws_dynamodb_table.this",
            "module.pedido_ofertas_table.aws_dynamodb_table.this",
            "module.pedidos_lambda.aws_iam_role.lambda_role",
            "module.pedidos_lambda.aws_lambda_function.lambda",
            "module.pedidos_lambda.data.aws_caller_identity.current",
            "module.pedidos_lambda.data.aws_iam_policy_document.policy_doc",
            "module.pedidos_lambda.module.repo_ecr_lambda.aws_ecr_repository.this",
            "module.pedidos_lambda.null_resource.run_script",
            "module.pedidos_table.aws_dynamodb_table.this",
            "module.rastreamento_lambda.aws_iam_role.lambda_role",
            "module.rastreamento_lambda.aws_lambda_function.lambda",
            "module.rastreamento_lambda.data.aws_caller_identity.current",
            "module.rastreamento_lambda.data.aws_iam_policy_document.policy_doc",
            "module.rastreamento_lambda.module.repo_ecr_lambda.aws_ecr_repository.this",
            "module.rastreamento_lambda.null_resource.run_script",
            "module.smart_routing_lambda.aws_iam_role.lambda_role",
            "module.smart_routing_lambda.aws_lambda_function.lambda",
            "module.smart_routing_lambda.data.aws_caller_identity.current",
            "module.smart_routing_lambda.data.aws_iam_policy_document.policy_doc",
            "module.smart_routing_lambda.module.repo_ecr_lambda.aws_ecr_repository.this",
            "module.smart_routing_lambda.null_resource.run_script",
            "module.users_table.aws_dynamodb_table.this",
            "module.usuarios_lambda.aws_iam_role.lambda_role",
            "module.usuarios_lambda.aws_lambda_function.lambda",
            "module.usuarios_lambda.data.aws_caller_identity.current",
            "module.usuarios_lambda.data.aws_iam_policy_document.policy_doc",
            "module.usuarios_lambda.module.repo_ecr_lambda.aws_ecr_repository.this",
            "module.usuarios_lambda.null_resource.run_script",
            "module.websocket_connections_table.aws_dynamodb_table.this",
            "module.websocket_lambda.aws_iam_role.lambda_role",
            "module.websocket_lambda.aws_lambda_function.lambda",
            "module.websocket_lambda.data.aws_caller_identity.current",
            "module.websocket_lambda.data.aws_iam_policy_document.policy_doc",
            "module.websocket_lambda.module.repo_ecr_lambda.aws_ecr_repository.this",
            "module.websocket_lambda.null_resource.run_script"
          ],
          "create_before_destroy": true
        },
        {
          "index_key": "10",
          "schema_version": 0,
          "attributes": {
            "cache_key_parameters": [],
            "cache_namespace": "ekiu8c",
            "connection_id": "",
            "connection_type": "INTERNET",
            "content_handling": "",
            "credentials": "",
            "http_method": "POST",
            "id": "agi-aq72n5uzcb-ekiu8c-POST",
            "integration_http_method": "POST",
            "passthrough_behavior": "WHEN_NO_TEMPLATES",
            "region": "us-east-1",
            "request_parameters": {},
            "request_templates": {},
            "resource_id": "ekiu8c",
            "rest_api_id": "aq72n5uzcb",
            "timeout_milliseconds": 29000,
            "tls_config": [],
            "type": "AWS_PROXY",
            "uri": "arn:aws:apigateway:us-east-1:lambda:path/2015-03-31/functions/arn:aws:lambda:us-east-1:176343551411:function:dev_logistics_notificacoes/invocations"
          },
          "sensitive_attributes": [],
          "identity_schema_version": 0,
          "private": "bnVsbA==",
          "dependencies": [
            "aws_apigatewayv2_api.websocket_api",
            "module.api_gateway.aws_api_gateway_authorizer.cognito_authorizer",
            "module.api_gateway.aws_api_gateway_method.rest_endpoint_methods",
            "module.api_gateway.aws_api_gateway_resource.base_resources",
            "module.api_gateway.aws_api_gateway_resource.main_resource",
            "module.api_gateway.aws_api_gateway_resource.variable_resources",
            "module.api_gateway.aws_api_gateway_rest_api.rest_api",
            "module.auth_lambda.aws_iam_role.lambda_role",
            "module.auth_lambda.aws_lambda_function.lambda",
            "module.auth_lambda.data.aws_caller_identity.current",
            "module.auth_lambda.data.aws_iam_policy_document.policy_doc",
            "module.auth_lambda.module.repo_ecr_lambda.aws_ecr_repository.this",
            "module.auth_lambda.null_resource.run_script",
            "module.events_queue.aws_sqs_queue.dead_letter_fifo_queue",
            "module.events_queue.aws_sqs_queue.fifo_queue",
            "module.locations_table.aws_dynamodb_table.this",
            "module.notificacoes_lambda.aws_iam_role.lambda_role",
            "module.notificacoes_lambda.aws_lambda_function.lambda",
            "module.notificacoes_lambda.data.aws_caller_identity.current",
            "module.notificacoes_lambda.data.aws_iam_policy_document.policy_doc",
            "module.notificacoes_lambda.module.repo_ecr_lambda.aws_ecr_repository.this",
            "module.notificacoes_lambda.null_resource.run_script",
            "module.notifications_general_topic.aws_sns_topic.this",
            "module.notifications_premium_topic.aws_sns_topic.this",
            "module.notifications_regional_topic.aws_sns_topic.this",
            "module.notifications_table.aws_dynamodb_table.this",
            "module.pedido_ofertas_table.aws_dynamodb_table.this",
            "module.pedidos_lambda.aws_iam_role.lambda_role",
            "module.pedidos_lambda.aws_lambda_function.lambda",
            "module.pedidos_lambda.data.aws_caller_identity.current",
            "module.pedidos_lambda.data.aws_iam_policy_document.policy_doc",
            "module.pedidos_lambda.module.repo_ecr_lambda.aws_ecr_repository.this",
            "module.pedidos_lambda.null_resource.run_script",
            "module.pedidos_table.aws_dynamodb_table.this",
            "module.rastreamento_lambda.aws_iam_role.lambda_role",
            "module.rastreamento_lambda.aws_lambda_function.lambda",
            "module.rastreamento_lambda.data.aws_caller_identity.current",
            "module.rastreamento_lambda.data.aws_iam_policy_document.policy_doc",
            "module.rastreamento_lambda.module.repo_ecr_lambda.aws_ecr_repository.this",
            "module.rastreamento_lambda.null_resource.run_script",
            "module.smart_routing_lambda.aws_iam_role.lambda_role",
            "module.smart_routing_lambda.aws_lambda_function.lambda",
            "module.smart_routing_lambda.data.aws_caller_identity.current",
            "module.smart_routing_lambda.data.aws_iam_policy_document.policy_doc",
            "module.smart_routing_lambda.module.repo_ecr_lambda.aws_ecr_repository.this",
            "module.smart_routing_lambda.null_resource.run_script",
            "module.users_table.aws_dynamodb_table.this",
            "module.usuarios_lambda.aws_iam_role.lambda_role",
            "module.usuarios_lambda.aws_lambda_function.lambda",
            "module.usuarios_lambda.data.aws_caller_identity.current",
            "module.usuarios_lambda.data.aws_iam_policy_document.policy_doc",
            "module.usuarios_lambda.module.repo_ecr_lambda.aws_ecr_repository.this",
            "module.usuarios_lambda.null_resource.run_script",
            "module.websocket_connections_table.aws_dynamodb_table.this",
            "module.websocket_lambda.aws_iam_role.lambda_role",
            "module.websocket_lambda.aws_lambda_function.lambda",
            "module.websocket_lambda.data.aws_caller_identity.current",
            "module.websocket_lambda.data.aws_iam_policy_document.policy_doc",
            "module.websocket_lambda.module.repo_ecr_lambda.aws_ecr_repository.this",
            "module.websocket_lambda.null_resource.run_script"
          ],
          "create_before_destroy": true
        },
        {
          "index_key": "11",
          "schema_version": 0,
          "attributes": {
            "cache_key_parameters": [],
            "cache_namespace": "ag8dzm",
            "connection_id": "",
            "connection_type": "INTERNET",
            "content_handling": "",
            "credentials": "",
            "http_method": "GET",
            "id": "agi-aq72n5uzcb-ag8dzm-GET",
            "integration_http_method": "POST",
            "passthrough_behavior": "WHEN_NO_TEMPLATES",
            "region": "us-east-1",
            "request_parameters": {},
            "request_templates": {},
            "resource_id": "ag8dzm",
            "rest_api_id": "aq72n5uzcb",
            "timeout_milliseconds": 29000,
            "tls_config": [],
            "type": "AWS_PROXY",
            "uri": "arn:aws:apigateway:us-east-1:lambda:path/2015-03-31/functions/arn:aws:lambda:us-east-1:176343551411:function:dev_logistics_notificacoes/invocations"
          },
          "sensitive_attributes": [],
          "identity_schema_version": 0,
          "private": "bnVsbA==",
          "dependencies": [
            "aws_apigatewayv2_api.websocket_api",
            "module.api_gateway.aws_api_gateway_authorizer.cognito_authorizer",
            "module.api_gateway.aws_api_gateway_method.rest_endpoint_methods",
            "module.api_gateway.aws_api_gateway_resource.base_resources",
            "module.api_gateway.aws_api_gateway_resource.main_resource",
            "module.api_gateway.aws_api_gateway_resource.variable_resources",
            "module.api_gateway.aws_api_gateway_rest_api.rest_api",
            "module.auth_lambda.aws_iam_role.lambda_role",
            "module.auth_lambda.aws_lambda_function.lambda",
            "module.auth_lambda.data.aws_caller_identity.current",
            "module.auth_lambda.data.aws_iam_policy_document.policy_doc",
            "module.auth_lambda.module.repo_ecr_lambda.aws_ecr_repository.this",
            "module.auth_lambda.null_resource.run_script",
            "module.events_queue.aws_sqs_queue.dead_letter_fifo_queue",
            "module.events_queue.aws_sqs_queue.fifo_queue",
            "module.locations_table.aws_dynamodb_table.this",
            "module.notificacoes_lambda.aws_iam_role.lambda_role",
            "module.notificacoes_lambda.aws_lambda_function.lambda",
            "module.notificacoes_lambda.data.aws_caller_identity.current",
            "module.notificacoes_lambda.data.aws_iam_policy_document.policy_doc",
            "module.notificacoes_lambda.module.repo_ecr_lambda.aws_ecr_repository.this",
            "module.notificacoes_lambda.null_resource.run_script",
            "module.notifications_general_topic.aws_sns_topic.this",
            "module.notifications_premium_topic.aws_sns_topic.this",
            "module.notifications_regional_topic.aws_sns_topic.this",
            "module.notifications_table.aws_dynamodb_table.this",
            "module.pedido_ofertas_table.aws_dynamodb_table.this",
            "module.pedidos_lambda.aws_iam_role.lambda_role",
            "module.pedidos_lambda.aws_lambda_function.lambda",
            "module.pedidos_lambda.data.aws_caller_identity.current",
            "module.pedidos_lambda.data.aws_iam_policy_document.policy_doc",
            "module.pedidos_lambda.module.repo_ecr_lambda.aws_ecr_repository.this",
            "module.pedidos_lambda.null_resource.run_script",
            "module.pedidos_table.aws_dynamodb_table.this",
            "module.rastreamento_lambda.aws_iam_role.lambda_role",
            "module.rastreamento_lambda.aws_lambda_function.lambda",
            "module.rastreamento_lambda.data.aws_caller_identity.current",
            "module.rastreamento_lambda.data.aws_iam_policy_document.policy_doc",
            "module.rastreamento_lambda.module.repo_ecr_lambda.aws_ecr_repository.this",
            "module.rastreamento_lambda.null_resource.run_script",
            "module.smart_routing_lambda.aws_iam_role.lambda_role",
            "module.smart_routing_lambda.aws_lambda_function.lambda",
            "module.smart_routing_lambda.data.aws_caller_identity.current",
            "module.smart_routing_lambda.data.aws_iam_policy_document.policy_doc",
            "module.smart_routing_lambda.module.repo_ecr_lambda.aws_ecr_repository.this",
            "module.smart_routing_lambda.null_resource.run_script",
            "module.users_table.aws_dynamodb_table.this",
            "module.usuarios_lambda.aws_iam_role.lambda_role",
            "module.usuarios_lambda.aws_lambda_function.lambda",
            "module.usuarios_lambda.data.aws_caller_identity.current",
            "module.usuarios_lambda.data.aws_iam_policy_document.policy_doc",
            "module.usuarios_lambda.module.repo_ecr_lambda.aws_ecr_repository.this",
            "module.usuarios_lambda.null_resource.run_script",
            "module.websocket_connections_table.aws_dynamodb_table.this",
            "module.websocket_lambda.aws_iam_role.lambda_role",
            "module.websocket_lambda.aws_lambda_function.lambda",
            "module.websocket_lambda.data.aws_caller_identity.current",
            "module.websocket_lambda.data.aws_iam_policy_document.policy_doc",
            "module.websocket_lambda.module.repo_ecr_lambda.aws_ecr_repository.this",
            "module.websocket_lambda.null_resource.run_script"
          ],
          "create_before_destroy": true
        },
        {
          "index_key": "12",
          "schema_version": 0,
          "attributes": {
            "cache_key_parameters": [],
            "cache_namespace": "zzb23a",
            "connection_id": "",
            "connection_type": "INTERNET",
            "content_handling": "",
            "credentials": "",
            "http_method": "GET",
            "id": "agi-aq72n5uzcb-zzb23a-GET",
            "integration_http_method": "POST",
            "passthrough_behavior": "WHEN_NO_TEMPLATES",
            "region": "us-east-1",
            "request_parameters": {},
            "request_templates": {},
            "resource_id": "zzb23a",
            "rest_api_id": "aq72n5uzcb",
            "timeout_milliseconds": 29000,
            "tls_config": [],
            "type": "AWS_PROXY",
            "uri": "arn:aws:apigateway:us-east-1:lambda:path/2015-03-31/functions/arn:aws:lambda:us-east-1:176343551411:function:dev_logistics_notificacoes/invocations"
          },
          "sensitive_attributes": [],
          "identity_schema_version": 0,
          "private": "bnVsbA==",
          "dependencies": [
            "aws_apigatewayv2_api.websocket_api",
            "module.api_gateway.aws_api_gateway_authorizer.cognito_authorizer",
            "module.api_gateway.aws_api_gateway_method.rest_endpoint_methods",
            "module.api_gateway.aws_api_gateway_resource.base_resources",
            "module.api_gateway.aws_api_gateway_resource.main_resource",
            "module.api_gateway.aws_api_gateway_resource.variable_resources",
            "module.api_gateway.aws_api_gateway_rest_api.rest_api",
            "module.auth_lambda.aws_iam_role.lambda_role",
            "module.auth_lambda.aws_lambda_function.lambda",
            "module.auth_lambda.data.aws_caller_identity.current",
            "module.auth_lambda.data.aws_iam_policy_document.policy_doc",
            "module.auth_lambda.module.repo_ecr_lambda.aws_ecr_repository.this",
            "module.auth_lambda.null_resource.run_script",
            "module.events_queue.aws_sqs_queue.dead_letter_fifo_queue",
            "module.events_queue.aws_sqs_queue.fifo_queue",
            "module.locations_table.aws_dynamodb_table.this",
            "module.notificacoes_lambda.aws_iam_role.lambda_role",
            "module.notificacoes_lambda.aws_lambda_function.lambda",
            "module.notificacoes_lambda.data.aws_caller_identity.current",
            "module.notificacoes_lambda.data.aws_iam_policy_document.policy_doc",
            "module.notificacoes_lambda.module.repo_ecr_lambda.aws_ecr_repository.this",
            "module.notificacoes_lambda.null_resource.run_script",
            "module.notifications_general_topic.aws_sns_topic.this",
            "module.notifications_premium_topic.aws_sns_topic.this",
            "module.notifications_regional_topic.aws_sns_topic.this",
            "module.notifications_table.aws_dynamodb_table.this",
            "module.pedido_ofertas_table.aws_dynamodb_table.this",
            "module.pedidos_lambda.aws_iam_role.lambda_role",
            "module.pedidos_lambda.aws_lambda_function.lambda",
            "module.pedidos_lambda.data.aws_caller_identity.current",
            "module.pedidos_lambda.data.aws_iam_policy_document.policy_doc",
            "module.pedidos_lambda.module.repo_ecr_lambda.aws_ecr_repository.this",
            "module.pedidos_lambda.null_resource.run_script",
            "module.pedidos_table.aws_dynamodb_table.this",
            "module.rastreamento_lambda.aws_iam_role.lambda_role",
            "module.rastreamento_lambda.aws_lambda_function.lambda",
            "module.rastreamento_lambda.data.aws_caller_identity.current",
            "module.rastreamento_lambda.data.aws_iam_policy_document.policy_doc",
            "module.rastreamento_lambda.module.repo_ecr_lambda.aws_ecr_repository.this",
            "module.rastreamento_lambda.null_resource.run_script",
            "module.smart_routing_lambda.aws_iam_role.lambda_role",
            "module.smart_routing_lambda.aws_lambda_function.lambda",
            "module.smart_routing_lambda.data.aws_caller_identity.current",
            "module.smart_routing_lambda.data.aws_iam_policy_document.policy_doc",
            "module.smart_routing_lambda.module.repo_ecr_lambda.aws_ecr_repository.this",
            "module.smart_routing_lambda.null_resource.run_script",
            "module.users_table.aws_dynamodb_table.this",
            "module.usuarios_lambda.aws_iam_role.lambda_role",
            "module.usuarios_lambda.aws_lambda_function.lambda",
            "module.usuarios_lambda.data.aws_caller_identity.current",
            "module.usuarios_lambda.data.aws_iam_policy_document.policy_doc",
            "module.usuarios_lambda.module.repo_ecr_lambda.aws_ecr_repository.this",
            "module.usuarios_lambda.null_resource.run_script",
            "module.websocket_connections_table.aws_dynamodb_table.this",
            "module.websocket_lambda.aws_iam_role.lambda_role",
            "module.websocket_lambda.aws_lambda_function.lambda",
            "module.websocket_lambda.data.aws_caller_identity.current",
            "module.websocket_lambda.data.aws_iam_policy_document.policy_doc",
            "module.websocket_lambda.module.repo_ecr_lambda.aws_ecr_repository.this",
            "module.websocket_lambda.null_resource.run_script"
          ],
          "create_before_destroy": true
        },
        {
          "index_key": "13",
          "schema_version": 0,
          "attributes": {
            "cache_key_parameters": [],
            "cache_namespace": "w1b7i6",
            "connection_id": "",
            "connection_type": "INTERNET",
            "content_handling": "",
            "credentials": "",
            "http_method": "GET",
            "id": "agi-aq72n5uzcb-w1b7i6-GET",
            "integration_http_method": "POST",
            "passthrough_behavior": "WHEN_NO_TEMPLATES",
            "region": "us-east-1",
            "request_parameters": {},
            "request_templates": {},
            "resource_id": "w1b7i6",
            "rest_api_id": "aq72n5uzcb",
            "timeout_milliseconds": 29000,
            "tls_config": [],
            "type": "AWS_PROXY",
            "uri": "arn:aws:apigateway:us-east-1:lambda:path/2015-03-31/functions/arn:aws:lambda:us-east-1:176343551411:function:dev_logistics_rastreamento/invocations"
          },
          "sensitive_attributes": [],
          "identity_schema_version": 0,
          "private": "bnVsbA==",
          "dependencies": [
            "aws_apigatewayv2_api.websocket_api",
            "module.api_gateway.aws_api_gateway_authorizer.cognito_authorizer",
            "module.api_gateway.aws_api_gateway_method.rest_endpoint_methods",
            "module.api_gateway.aws_api_gateway_resource.base_resources",
            "module.api_gateway.aws_api_gateway_resource.main_resource",
            "module.api_gateway.aws_api_gateway_resource.variable_resources",
            "module.api_gateway.aws_api_gateway_rest_api.rest_api",
            "module.auth_lambda.aws_iam_role.lambda_role",
            "module.auth_lambda.aws_lambda_function.lambda",
            "module.auth_lambda.data.aws_caller_identity.current",
            "module.auth_lambda.data.aws_iam_policy_document.policy_doc",
            "module.auth_lambda.module.repo_ecr_lambda.aws_ecr_repository.this",
            "module.auth_lambda.null_resource.run_script",
            "module.events_queue.aws_sqs_queue.dead_letter_fifo_queue",
            "module.events_queue.aws_sqs_queue.fifo_queue",
            "module.locations_table.aws_dynamodb_table.this",
            "module.notificacoes_lambda.aws_iam_role.lambda_role",
            "module.notificacoes_lambda.aws_lambda_function.lambda",
            "module.notificacoes_lambda.data.aws_caller_identity.current",
            "module.notificacoes_lambda.data.aws_iam_policy_document.policy_doc",
            "module.notificacoes_lambda.module.repo_ecr_lambda.aws_ecr_repository.this",
            "module.notificacoes_lambda.null_resource.run_script",
            "module.notifications_general_topic.aws_sns_topic.this",
            "module.notifications_premium_topic.aws_sns_topic.this",
            "module.notifications_regional_topic.aws_sns_topic.this",
            "module.notifications_table.aws_dynamodb_table.this",
            "module.pedido_ofertas_table.aws_dynamodb_table.this",
            "module.pedidos_lambda.aws_iam_role.lambda_role",
            "module.pedidos_lambda.aws_lambda_function.lambda",
            "module.pedidos_lambda.data.aws_caller_identity.current",
            "module.pedidos_lambda.data.aws_iam_policy_document.policy_doc",
            "module.pedidos_lambda.module.repo_ecr_lambda.aws_ecr_repository.this",
            "module.pedidos_lambda.null_resource.run_script",
            "module.pedidos_table.aws_dynamodb_table.this",
            "module.rastreamento_lambda.aws_iam_role.lambda_role",
            "module.rastreamento_lambda.aws_lambda_function.lambda",
            "module.rastreamento_lambda.data.aws_caller_identity.current",
            "module.rastreamento_lambda.data.aws_iam_policy_document.policy_doc",
            "module.rastreamento_lambda.module.repo_ecr_lambda.aws_ecr_repository.this",
            "module.rastreamento_lambda.null_resource.run_script",
            "module.smart_routing_lambda.aws_iam_role.lambda_role",
            "module.smart_routing_lambda.aws_lambda_function.lambda",
            "module.smart_routing_lambda.data.aws_caller_identity.current",
            "module.smart_routing_lambda.data.aws_iam_policy_document.policy_doc",
            "module.smart_routing_lambda.module.repo_ecr_lambda.aws_ecr_repository.this",
            "module.smart_routing_lambda.null_resource.run_script",
            "module.users_table.aws_dynamodb_table.this",
            "module.usuarios_lambda.aws_iam_role.lambda_role",
            "module.usuarios_lambda.aws_lambda_function.lambda",
            "module.usuarios_lambda.data.aws_caller_identity.current",
            "module.usuarios_lambda.data.aws_iam_policy_document.policy_doc",
            "module.usuarios_lambda.module.repo_ecr_lambda.aws_ecr_repository.this",
            "module.usuarios_lambda.null_resource.run_script",
            "module.websocket_connections_table.aws_dynamodb_table.this",
            "module.websocket_lambda.aws_iam_role.lambda_role",
            "module.websocket_lambda.aws_lambda_function.lambda",
            "module.websocket_lambda.data.aws_caller_identity.current",
            "module.websocket_lambda.data.aws_iam_policy_document.policy_doc",
            "module.websocket_lambda.module.repo_ecr_lambda.aws_ecr_repository.this",
            "module.websocket_lambda.null_resource.run_script"
          ],
          "create_before_destroy": true
        },
        {
          "index_key": "14",
          "schema_version": 0,
          "attributes": {
            "cache_key_parameters": [],
            "cache_namespace": "gc9ceo",
            "connection_id": "",
            "connection_type": "INTERNET",
            "content_handling": "",
            "credentials": "",
            "http_method": "GET",
            "id": "agi-aq72n5uzcb-gc9ceo-GET",
            "integration_http_method": "POST",
            "passthrough_behavior": "WHEN_NO_TEMPLATES",
            "region": "us-east-1",
            "request_parameters": {},
            "request_templates": {},
            "resource_id": "gc9ceo",
            "rest_api_id": "aq72n5uzcb",
            "timeout_milliseconds": 29000,
            "tls_config": [],
            "type": "AWS_PROXY",
            "uri": "arn:aws:apigateway:us-east-1:lambda:path/2015-03-31/functions/arn:aws:lambda:us-east-1:176343551411:function:dev_logistics_rastreamento/invocations"
          },
          "sensitive_attributes": [],
          "identity_schema_version": 0,
          "private": "bnVsbA==",
          "dependencies": [
            "aws_apigatewayv2_api.websocket_api",
            "module.api_gateway.aws_api_gateway_authorizer.cognito_authorizer",
            "module.api_gateway.aws_api_gateway_method.rest_endpoint_methods",
            "module.api_gateway.aws_api_gateway_resource.base_resources",
            "module.api_gateway.aws_api_gateway_resource.main_resource",
            "module.api_gateway.aws_api_gateway_resource.variable_resources",
            "module.api_gateway.aws_api_gateway_rest_api.rest_api",
            "module.auth_lambda.aws_iam_role.lambda_role",
            "module.auth_lambda.aws_lambda_function.lambda",
            "module.auth_lambda.data.aws_caller_identity.current",
            "module.auth_lambda.data.aws_iam_policy_document.policy_doc",
            "module.auth_lambda.module.repo_ecr_lambda.aws_ecr_repository.this",
            "module.auth_lambda.null_resource.run_script",
            "module.events_queue.aws_sqs_queue.dead_letter_fifo_queue",
            "module.events_queue.aws_sqs_queue.fifo_queue",
            "module.locations_table.aws_dynamodb_table.this",
            "module.notificacoes_lambda.aws_iam_role.lambda_role",
            "module.notificacoes_lambda.aws_lambda_function.lambda",
            "module.notificacoes_lambda.data.aws_caller_identity.current",
            "module.notificacoes_lambda.data.aws_iam_policy_document.policy_doc",
            "module.notificacoes_lambda.module.repo_ecr_lambda.aws_ecr_repository.this",
            "module.notificacoes_lambda.null_resource.run_script",
            "module.notifications_general_topic.aws_sns_topic.this",
            "module.notifications_premium_topic.aws_sns_topic.this",
            "module.notifications_regional_topic.aws_sns_topic.this",
            "module.notifications_table.aws_dynamodb_table.this",
            "module.pedido_ofertas_table.aws_dynamodb_table.this",
            "module.pedidos_lambda.aws_iam_role.lambda_role",
            "module.pedidos_lambda.aws_lambda_function.lambda",
            "module.pedidos_lambda.data.aws_caller_identity.current",
            "module.pedidos_lambda.data.aws_iam_policy_document.policy_doc",
            "module.pedidos_lambda.module.repo_ecr_lambda.aws_ecr_repository.this",
            "module.pedidos_lambda.null_resource.run_script",
            "module.pedidos_table.aws_dynamodb_table.this",
            "module.rastreamento_lambda.aws_iam_role.lambda_role",
            "module.rastreamento_lambda.aws_lambda_function.lambda",
            "module.rastreamento_lambda.data.aws_caller_identity.current",
            "module.rastreamento_lambda.data.aws_iam_policy_document.policy_doc",
            "module.rastreamento_lambda.module.repo_ecr_lambda.aws_ecr_repository.this",
            "module.rastreamento_lambda.null_resource.run_script",
            "module.smart_routing_lambda.aws_iam_role.lambda_role",
            "module.smart_routing_lambda.aws_lambda_function.lambda",
            "module.smart_routing_lambda.data.aws_caller_identity.current",
            "module.smart_routing_lambda.data.aws_iam_policy_document.policy_doc",
            "module.smart_routing_lambda.module.repo_ecr_lambda.aws_ecr_repository.this",
            "module.smart_routing_lambda.null_resource.run_script",
            "module.users_table.aws_dynamodb_table.this",
            "module.usuarios_lambda.aws_iam_role.lambda_role",
            "module.usuarios_lambda.aws_lambda_function.lambda",
            "module.usuarios_lambda.data.aws_caller_identity.current",
            "module.usuarios_lambda.data.aws_iam_policy_document.policy_doc",
            "module.usuarios_lambda.module.repo_ecr_lambda.aws_ecr_repository.this",
            "module.usuarios_lambda.null_resource.run_script",
            "module.websocket_connections_table.aws_dynamodb_table.this",
            "module.websocket_lambda.aws_iam_role.lambda_role",
            "module.websocket_lambda.aws_lambda_function.lambda",
            "module.websocket_lambda.data.aws_caller_identity.current",
            "module.websocket_lambda.data.aws_iam_policy_document.policy_doc",
            "module.websocket_lambda.module.repo_ecr_lambda.aws_ecr_repository.this",
            "module.websocket_lambda.null_resource.run_script"
          ],
          "create_before_destroy": true
        },
        {
          "index_key": "15",
          "schema_version": 0,
          "attributes": {
            "cache_key_parameters": [],
            "cache_namespace": "f2k6l6",
            "connection_id": "",
            "connection_type": "INTERNET",
            "content_handling": "",
            "credentials": "",
            "http_method": "POST",
            "id": "agi-aq72n5uzcb-f2k6l6-POST",
            "integration_http_method": "POST",
            "passthrough_behavior": "WHEN_NO_TEMPLATES",
            "region": "us-east-1",
            "request_parameters": {},
            "request_templates": {},
            "resource_id": "f2k6l6",
            "rest_api_id": "aq72n5uzcb",
            "timeout_milliseconds": 29000,
            "tls_config": [],
            "type": "AWS_PROXY",
            "uri": "arn:aws:apigateway:us-east-1:lambda:path/2015-03-31/functions/arn:aws:lambda:us-east-1:176343551411:function:dev_logistics_rastreamento/invocations"
          },
          "sensitive_attributes": [],
          "identity_schema_version": 0,
          "private": "bnVsbA==",
          "dependencies": [
            "aws_apigatewayv2_api.websocket_api",
            "module.api_gateway.aws_api_gateway_authorizer.cognito_authorizer",
            "module.api_gateway.aws_api_gateway_method.rest_endpoint_methods",
            "module.api_gateway.aws_api_gateway_resource.base_resources",
            "module.api_gateway.aws_api_gateway_resource.main_resource",
            "module.api_gateway.aws_api_gateway_resource.variable_resources",
            "module.api_gateway.aws_api_gateway_rest_api.rest_api",
            "module.auth_lambda.aws_iam_role.lambda_role",
            "module.auth_lambda.aws_lambda_function.lambda",
            "module.auth_lambda.data.aws_caller_identity.current",
            "module.auth_lambda.data.aws_iam_policy_document.policy_doc",
            "module.auth_lambda.module.repo_ecr_lambda.aws_ecr_repository.this",
            "module.auth_lambda.null_resource.run_script",
            "module.events_queue.aws_sqs_queue.dead_letter_fifo_queue",
            "module.events_queue.aws_sqs_queue.fifo_queue",
            "module.locations_table.aws_dynamodb_table.this",
            "module.notificacoes_lambda.aws_iam_role.lambda_role",
            "module.notificacoes_lambda.aws_lambda_function.lambda",
            "module.notificacoes_lambda.data.aws_caller_identity.current",
            "module.notificacoes_lambda.data.aws_iam_policy_document.policy_doc",
            "module.notificacoes_lambda.module.repo_ecr_lambda.aws_ecr_repository.this",
            "module.notificacoes_lambda.null_resource.run_script",
            "module.notifications_general_topic.aws_sns_topic.this",
            "module.notifications_premium_topic.aws_sns_topic.this",
            "module.notifications_regional_topic.aws_sns_topic.this",
            "module.notifications_table.aws_dynamodb_table.this",
            "module.pedido_ofertas_table.aws_dynamodb_table.this",
            "module.pedidos_lambda.aws_iam_role.lambda_role",
            "module.pedidos_lambda.aws_lambda_function.lambda",
            "module.pedidos_lambda.data.aws_caller_identity.current",
            "module.pedidos_lambda.data.aws_iam_policy_document.policy_doc",
            "module.pedidos_lambda.module.repo_ecr_lambda.aws_ecr_repository.this",
            "module.pedidos_lambda.null_resource.run_script",
            "module.pedidos_table.aws_dynamodb_table.this",
            "module.rastreamento_lambda.aws_iam_role.lambda_role",
            "module.rastreamento_lambda.aws_lambda_function.lambda",
            "module.rastreamento_lambda.data.aws_caller_identity.current",
            "module.rastreamento_lambda.data.aws_iam_policy_document.policy_doc",
            "module.rastreamento_lambda.module.repo_ecr_lambda.aws_ecr_repository.this",
            "module.rastreamento_lambda.null_resource.run_script",
            "module.smart_routing_lambda.aws_iam_role.lambda_role",
            "module.smart_routing_lambda.aws_lambda_function.lambda",
            "module.smart_routing_lambda.data.aws_caller_identity.current",
            "module.smart_routing_lambda.data.aws_iam_policy_document.policy_doc",
            "module.smart_routing_lambda.module.repo_ecr_lambda.aws_ecr_repository.this",
            "module.smart_routing_lambda.null_resource.run_script",
            "module.users_table.aws_dynamodb_table.this",
            "module.usuarios_lambda.aws_iam_role.lambda_role",
            "module.usuarios_lambda.aws_lambda_function.lambda",
            "module.usuarios_lambda.data.aws_caller_identity.current",
            "module.usuarios_lambda.data.aws_iam_policy_document.policy_doc",
            "module.usuarios_lambda.module.repo_ecr_lambda.aws_ecr_repository.this",
            "module.usuarios_lambda.null_resource.run_script",
            "module.websocket_connections_table.aws_dynamodb_table.this",
            "module.websocket_lambda.aws_iam_role.lambda_role",
            "module.websocket_lambda.aws_lambda_function.lambda",
            "module.websocket_lambda.data.aws_caller_identity.current",
            "module.websocket_lambda.data.aws_iam_policy_document.policy_doc",
            "module.websocket_lambda.module.repo_ecr_lambda.aws_ecr_repository.this",
            "module.websocket_lambda.null_resource.run_script"
          ],
          "create_before_destroy": true
        },
        {
          "index_key": "16",
          "schema_version": 0,
          "attributes": {
            "cache_key_parameters": [],
            "cache_namespace": "mjbx9c",
            "connection_id": "",
            "connection_type": "INTERNET",
            "content_handling": "",
            "credentials": "",
            "http_method": "POST",
            "id": "agi-aq72n5uzcb-mjbx9c-POST",
            "integration_http_method": "POST",
            "passthrough_behavior": "WHEN_NO_TEMPLATES",
            "region": "us-east-1",
            "request_parameters": {},
            "request_templates": {},
            "resource_id": "mjbx9c",
            "rest_api_id": "aq72n5uzcb",
            "timeout_milliseconds": 29000,
            "tls_config": [],
            "type": "AWS_PROXY",
            "uri": "arn:aws:apigateway:us-east-1:lambda:path/2015-03-31/functions/arn:aws:lambda:us-east-1:176343551411:function:dev_logistics_rastreamento/invocations"
          },
          "sensitive_attributes": [],
          "identity_schema_version": 0,
          "private": "bnVsbA==",
          "dependencies": [
            "aws_apigatewayv2_api.websocket_api",
            "module.api_gateway.aws_api_gateway_authorizer.cognito_authorizer",
            "module.api_gateway.aws_api_gateway_method.rest_endpoint_methods",
            "module.api_gateway.aws_api_gateway_resource.base_resources",
            "module.api_gateway.aws_api_gateway_resource.main_resource",
            "module.api_gateway.aws_api_gateway_resource.variable_resources",
            "module.api_gateway.aws_api_gateway_rest_api.rest_api",
            "module.auth_lambda.aws_iam_role.lambda_role",
            "module.auth_lambda.aws_lambda_function.lambda",
            "module.auth_lambda.data.aws_caller_identity.current",
            "module.auth_lambda.data.aws_iam_policy_document.policy_doc",
            "module.auth_lambda.module.repo_ecr_lambda.aws_ecr_repository.this",
            "module.auth_lambda.null_resource.run_script",
            "module.events_queue.aws_sqs_queue.dead_letter_fifo_queue",
            "module.events_queue.aws_sqs_queue.fifo_queue",
            "module.locations_table.aws_dynamodb_table.this",
            "module.notificacoes_lambda.aws_iam_role.lambda_role",
            "module.notificacoes_lambda.aws_lambda_function.lambda",
            "module.notificacoes_lambda.data.aws_caller_identity.current",
            "module.notificacoes_lambda.data.aws_iam_policy_document.policy_doc",
            "module.notificacoes_lambda.module.repo_ecr_lambda.aws_ecr_repository.this",
            "module.notificacoes_lambda.null_resource.run_script",
            "module.notifications_general_topic.aws_sns_topic.this",
            "module.notifications_premium_topic.aws_sns_topic.this",
            "module.notifications_regional_topic.aws_sns_topic.this",
            "module.notifications_table.aws_dynamodb_table.this",
            "module.pedido_ofertas_table.aws_dynamodb_table.this",
            "module.pedidos_lambda.aws_iam_role.lambda_role",
            "module.pedidos_lambda.aws_lambda_function.lambda",
            "module.pedidos_lambda.data.aws_caller_identity.current",
            "module.pedidos_lambda.data.aws_iam_policy_document.policy_doc",
            "module.pedidos_lambda.module.repo_ecr_lambda.aws_ecr_repository.this",
            "module.pedidos_lambda.null_resource.run_script",
            "module.pedidos_table.aws_dynamodb_table.this",
            "module.rastreamento_lambda.aws_iam_role.lambda_role",
            "module.rastreamento_lambda.aws_lambda_function.lambda",
            "module.rastreamento_lambda.data.aws_caller_identity.current",
            "module.rastreamento_lambda.data.aws_iam_policy_document.policy_doc",
            "module.rastreamento_lambda.module.repo_ecr_lambda.aws_ecr_repository.this",
            "module.rastreamento_lambda.null_resource.run_script",
            "module.smart_routing_lambda.aws_iam_role.lambda_role",
            "module.smart_routing_lambda.aws_lambda_function.lambda",
            "module.smart_routing_lambda.data.aws_caller_identity.current",
            "module.smart_routing_lambda.data.aws_iam_policy_document.policy_doc",
            "module.smart_routing_lambda.module.repo_ecr_lambda.aws_ecr_repository.this",
            "module.smart_routing_lambda.null_resource.run_script",
            "module.users_table.aws_dynamodb_table.this",
            "module.usuarios_lambda.aws_iam_role.lambda_role",
            "module.usuarios_lambda.aws_lambda_function.lambda",
            "module.usuarios_lambda.data.aws_caller_identity.current",
            "module.usuarios_lambda.data.aws_iam_policy_document.policy_doc",
            "module.usuarios_lambda.module.repo_ecr_lambda.aws_ecr_repository.this",
            "module.usuarios_lambda.null_resource.run_script",
            "module.websocket_connections_table.aws_dynamodb_table.this",
            "module.websocket_lambda.aws_iam_role.lambda_role",
            "module.websocket_lambda.aws_lambda_function.lambda",
            "module.websocket_lambda.data.aws_caller_identity.current",
            "module.websocket_lambda.data.aws_iam_policy_document.policy_doc",
            "module.websocket_lambda.module.repo_ecr_lambda.aws_ecr_repository.this",
            "module.websocket_lambda.null_resource.run_script"
          ],
          "create_before_destroy": true
        },
        {
          "index_key": "17",
          "schema_version": 0,
          "attributes": {
            "cache_key_parameters": [],
            "cache_namespace": "d5bc68",
            "connection_id": "",
            "connection_type": "INTERNET",
            "content_handling": "",
            "credentials": "",
            "http_method": "POST",
            "id": "agi-aq72n5uzcb-d5bc68-POST",
            "integration_http_method": "POST",
            "passthrough_behavior": "WHEN_NO_TEMPLATES",
            "region": "us-east-1",
            "request_parameters": {},
            "request_templates": {},
            "resource_id": "d5bc68",
            "rest_api_id": "aq72n5uzcb",
            "timeout_milliseconds": 29000,
            "tls_config": [],
            "type": "AWS_PROXY",
            "uri": "arn:aws:apigateway:us-east-1:lambda:path/2015-03-31/functions/arn:aws:lambda:us-east-1:176343551411:function:dev_logistics_rastreamento/invocations"
          },
          "sensitive_attributes": [],
          "identity_schema_version": 0,
          "private": "bnVsbA==",
          "dependencies": [
            "aws_apigatewayv2_api.websocket_api",
            "module.api_gateway.aws_api_gateway_authorizer.cognito_authorizer",
            "module.api_gateway.aws_api_gateway_method.rest_endpoint_methods",
            "module.api_gateway.aws_api_gateway_resource.base_resources",
            "module.api_gateway.aws_api_gateway_resource.main_resource",
            "module.api_gateway.aws_api_gateway_resource.variable_resources",
            "module.api_gateway.aws_api_gateway_rest_api.rest_api",
            "module.auth_lambda.aws_iam_role.lambda_role",
            "module.auth_lambda.aws_lambda_function.lambda",
            "module.auth_lambda.data.aws_caller_identity.current",
            "module.auth_lambda.data.aws_iam_policy_document.policy_doc",
            "module.auth_lambda.module.repo_ecr_lambda.aws_ecr_repository.this",
            "module.auth_lambda.null_resource.run_script",
            "module.events_queue.aws_sqs_queue.dead_letter_fifo_queue",
            "module.events_queue.aws_sqs_queue.fifo_queue",
            "module.locations_table.aws_dynamodb_table.this",
            "module.notificacoes_lambda.aws_iam_role.lambda_role",
            "module.notificacoes_lambda.aws_lambda_function.lambda",
            "module.notificacoes_lambda.data.aws_caller_identity.current",
            "module.notificacoes_lambda.data.aws_iam_policy_document.policy_doc",
            "module.notificacoes_lambda.module.repo_ecr_lambda.aws_ecr_repository.this",
            "module.notificacoes_lambda.null_resource.run_script",
            "module.notifications_general_topic.aws_sns_topic.this",
            "module.notifications_premium_topic.aws_sns_topic.this",
            "module.notifications_regional_topic.aws_sns_topic.this",
            "module.notifications_table.aws_dynamodb_table.this",
            "module.pedido_ofertas_table.aws_dynamodb_table.this",
            "module.pedidos_lambda.aws_iam_role.lambda_role",
            "module.pedidos_lambda.aws_lambda_function.lambda",
            "module.pedidos_lambda.data.aws_caller_identity.current",
            "module.pedidos_lambda.data.aws_iam_policy_document.policy_doc",
            "module.pedidos_lambda.module.repo_ecr_lambda.aws_ecr_repository.this",
            "module.pedidos_lambda.null_resource.run_script",
            "module.pedidos_table.aws_dynamodb_table.this",
            "module.rastreamento_lambda.aws_iam_role.lambda_role",
            "module.rastreamento_lambda.aws_lambda_function.lambda",
            "module.rastreamento_lambda.data.aws_caller_identity.current",
            "module.rastreamento_lambda.data.aws_iam_policy_document.policy_doc",
            "module.rastreamento_lambda.module.repo_ecr_lambda.aws_ecr_repository.this",
            "module.rastreamento_lambda.null_resource.run_script",
            "module.smart_routing_lambda.aws_iam_role.lambda_role",
            "module.smart_routing_lambda.aws_lambda_function.lambda",
            "module.smart_routing_lambda.data.aws_caller_identity.current",
            "module.smart_routing_lambda.data.aws_iam_policy_document.policy_doc",
            "module.smart_routing_lambda.module.repo_ecr_lambda.aws_ecr_repository.this",
            "module.smart_routing_lambda.null_resource.run_script",
            "module.users_table.aws_dynamodb_table.this",
            "module.usuarios_lambda.aws_iam_role.lambda_role",
            "module.usuarios_lambda.aws_lambda_function.lambda",
            "module.usuarios_lambda.data.aws_caller_identity.current",
            "module.usuarios_lambda.data.aws_iam_policy_document.policy_doc",
            "module.usuarios_lambda.module.repo_ecr_lambda.aws_ecr_repository.this",
            "module.usuarios_lambda.null_resource.run_script",
            "module.websocket_connections_table.aws_dynamodb_table.this",
            "module.websocket_lambda.aws_iam_role.lambda_role",
            "module.websocket_lambda.aws_lambda_function.lambda",
            "module.websocket_lambda.data.aws_caller_identity.current",
            "module.websocket_lambda.data.aws_iam_policy_document.policy_doc",
            "module.websocket_lambda.module.repo_ecr_lambda.aws_ecr_repository.this",
            "module.websocket_lambda.null_resource.run_script"
          ],
          "create_before_destroy": true
        },
        {
          "index_key": "18",
          "schema_version": 0,
          "attributes": {
            "cache_key_parameters": [],
            "cache_namespace": "m84byw",
            "connection_id": "",
            "connection_type": "INTERNET",
            "content_handling": "",
            "credentials": "",
            "http_method": "GET",
            "id": "agi-aq72n5uzcb-m84byw-GET",
            "integration_http_method": "POST",
            "passthrough_behavior": "WHEN_NO_TEMPLATES",
            "region": "us-east-1",
            "request_parameters": {},
            "request_templates": {},
            "resource_id": "m84byw",
            "rest_api_id": "aq72n5uzcb",
            "timeout_milliseconds": 29000,
            "tls_config": [],
            "type": "AWS_PROXY",
            "uri": "arn:aws:apigateway:us-east-1:lambda:path/2015-03-31/functions/arn:aws:lambda:us-east-1:176343551411:function:dev_logistics_rastreamento/invocations"
          },
          "sensitive_attributes": [],
          "identity_schema_version": 0,
          "private": "bnVsbA==",
          "dependencies": [
            "aws_apigatewayv2_api.websocket_api",
            "module.api_gateway.aws_api_gateway_authorizer.cognito_authorizer",
            "module.api_gateway.aws_api_gateway_method.rest_endpoint_methods",
            "module.api_gateway.aws_api_gateway_resource.base_resources",
            "module.api_gateway.aws_api_gateway_resource.main_resource",
            "module.api_gateway.aws_api_gateway_resource.variable_resources",
            "module.api_gateway.aws_api_gateway_rest_api.rest_api",
            "module.auth_lambda.aws_iam_role.lambda_role",
            "module.auth_lambda.aws_lambda_function.lambda",
            "module.auth_lambda.data.aws_caller_identity.current",
            "module.auth_lambda.data.aws_iam_policy_document.policy_doc",
            "module.auth_lambda.module.repo_ecr_lambda.aws_ecr_repository.this",
            "module.auth_lambda.null_resource.run_script",
            "module.events_queue.aws_sqs_queue.dead_letter_fifo_queue",
            "module.events_queue.aws_sqs_queue.fifo_queue",
            "module.locations_table.aws_dynamodb_table.this",
            "module.notificacoes_lambda.aws_iam_role.lambda_role",
            "module.notificacoes_lambda.aws_lambda_function.lambda",
            "module.notificacoes_lambda.data.aws_caller_identity.current",
            "module.notificacoes_lambda.data.aws_iam_policy_document.policy_doc",
            "module.notificacoes_lambda.module.repo_ecr_lambda.aws_ecr_repository.this",
            "module.notificacoes_lambda.null_resource.run_script",
            "module.notifications_general_topic.aws_sns_topic.this",
            "module.notifications_premium_topic.aws_sns_topic.this",
            "module.notifications_regional_topic.aws_sns_topic.this",
            "module.notifications_table.aws_dynamodb_table.this",
            "module.pedido_ofertas_table.aws_dynamodb_table.this",
            "module.pedidos_lambda.aws_iam_role.lambda_role",
            "module.pedidos_lambda.aws_lambda_function.lambda",
            "module.pedidos_lambda.data.aws_caller_identity.current",
            "module.pedidos_lambda.data.aws_iam_policy_document.policy_doc",
            "module.pedidos_lambda.module.repo_ecr_lambda.aws_ecr_repository.this",
            "module.pedidos_lambda.null_resource.run_script",
            "module.pedidos_table.aws_dynamodb_table.this",
            "module.rastreamento_lambda.aws_iam_role.lambda_role",
            "module.rastreamento_lambda.aws_lambda_function.lambda",
            "module.rastreamento_lambda.data.aws_caller_identity.current",
            "module.rastreamento_lambda.data.aws_iam_policy_document.policy_doc",
            "module.rastreamento_lambda.module.repo_ecr_lambda.aws_ecr_repository.this",
            "module.rastreamento_lambda.null_resource.run_script",
            "module.smart_routing_lambda.aws_iam_role.lambda_role",
            "module.smart_routing_lambda.aws_lambda_function.lambda",
            "module.smart_routing_lambda.data.aws_caller_identity.current",
            "module.smart_routing_lambda.data.aws_iam_policy_document.policy_doc",
            "module.smart_routing_lambda.module.repo_ecr_lambda.aws_ecr_repository.this",
            "module.smart_routing_lambda.null_resource.run_script",
            "module.users_table.aws_dynamodb_table.this",
            "module.usuarios_lambda.aws_iam_role.lambda_role",
            "module.usuarios_lambda.aws_lambda_function.lambda",
            "module.usuarios_lambda.data.aws_caller_identity.current",
            "module.usuarios_lambda.data.aws_iam_policy_document.policy_doc",
            "module.usuarios_lambda.module.repo_ecr_lambda.aws_ecr_repository.this",
            "module.usuarios_lambda.null_resource.run_script",
            "module.websocket_connections_table.aws_dynamodb_table.this",
            "module.websocket_lambda.aws_iam_role.lambda_role",
            "module.websocket_lambda.aws_lambda_function.lambda",
            "module.websocket_lambda.data.aws_caller_identity.current",
            "module.websocket_lambda.data.aws_iam_policy_document.policy_doc",
            "module.websocket_lambda.module.repo_ecr_lambda.aws_ecr_repository.this",
            "module.websocket_lambda.null_resource.run_script"
          ],
          "create_before_destroy": true
        },
        {
          "index_key": "19",
          "schema_version": 0,
          "attributes": {
            "cache_key_parameters": [],
            "cache_namespace": "gmh4r0",
            "connection_id": "",
            "connection_type": "INTERNET",
            "content_handling": "",
            "credentials": "",
            "http_method": "POST",
            "id": "agi-aq72n5uzcb-gmh4r0-POST",
            "integration_http_method": "POST",
            "passthrough_behavior": "WHEN_NO_TEMPLATES",
            "region": "us-east-1",
            "request_parameters": {},
            "request_templates": {},
            "resource_id": "gmh4r0",
            "rest_api_id": "aq72n5uzcb",
            "timeout_milliseconds": 29000,
            "tls_config": [],
            "type": "AWS_PROXY",
            "uri": "arn:aws:apigateway:us-east-1:lambda:path/2015-03-31/functions/arn:aws:lambda:us-east-1:176343551411:function:dev_logistics_smart-routing/invocations"
          },
          "sensitive_attributes": [],
          "identity_schema_version": 0,
          "private": "bnVsbA==",
          "dependencies": [
            "aws_apigatewayv2_api.websocket_api",
            "module.api_gateway.aws_api_gateway_authorizer.cognito_authorizer",
            "module.api_gateway.aws_api_gateway_method.rest_endpoint_methods",
            "module.api_gateway.aws_api_gateway_resource.base_resources",
            "module.api_gateway.aws_api_gateway_resource.main_resource",
            "module.api_gateway.aws_api_gateway_resource.variable_resources",
            "module.api_gateway.aws_api_gateway_rest_api.rest_api",
            "module.auth_lambda.aws_iam_role.lambda_role",
            "module.auth_lambda.aws_lambda_function.lambda",
            "module.auth_lambda.data.aws_caller_identity.current",
            "module.auth_lambda.data.aws_iam_policy_document.policy_doc",
            "module.auth_lambda.module.repo_ecr_lambda.aws_ecr_repository.this",
            "module.auth_lambda.null_resource.run_script",
            "module.events_queue.aws_sqs_queue.dead_letter_fifo_queue",
            "module.events_queue.aws_sqs_queue.fifo_queue",
            "module.locations_table.aws_dynamodb_table.this",
            "module.notificacoes_lambda.aws_iam_role.lambda_role",
            "module.notificacoes_lambda.aws_lambda_function.lambda",
            "module.notificacoes_lambda.data.aws_caller_identity.current",
            "module.notificacoes_lambda.data.aws_iam_policy_document.policy_doc",
            "module.notificacoes_lambda.module.repo_ecr_lambda.aws_ecr_repository.this",
            "module.notificacoes_lambda.null_resource.run_script",
            "module.notifications_general_topic.aws_sns_topic.this",
            "module.notifications_premium_topic.aws_sns_topic.this",
            "module.notifications_regional_topic.aws_sns_topic.this",
            "module.notifications_table.aws_dynamodb_table.this",
            "module.pedido_ofertas_table.aws_dynamodb_table.this",
            "module.pedidos_lambda.aws_iam_role.lambda_role",
            "module.pedidos_lambda.aws_lambda_function.lambda",
            "module.pedidos_lambda.data.aws_caller_identity.current",
            "module.pedidos_lambda.data.aws_iam_policy_document.policy_doc",
            "module.pedidos_lambda.module.repo_ecr_lambda.aws_ecr_repository.this",
            "module.pedidos_lambda.null_resource.run_script",
            "module.pedidos_table.aws_dynamodb_table.this",
            "module.rastreamento_lambda.aws_iam_role.lambda_role",
            "module.rastreamento_lambda.aws_lambda_function.lambda",
            "module.rastreamento_lambda.data.aws_caller_identity.current",
            "module.rastreamento_lambda.data.aws_iam_policy_document.policy_doc",
            "module.rastreamento_lambda.module.repo_ecr_lambda.aws_ecr_repository.this",
            "module.rastreamento_lambda.null_resource.run_script",
            "module.smart_routing_lambda.aws_iam_role.lambda_role",
            "module.smart_routing_lambda.aws_lambda_function.lambda",
            "module.smart_routing_lambda.data.aws_caller_identity.current",
            "module.smart_routing_lambda.data.aws_iam_policy_document.policy_doc",
            "module.smart_routing_lambda.module.repo_ecr_lambda.aws_ecr_repository.this",
            "module.smart_routing_lambda.null_resource.run_script",
            "module.users_table.aws_dynamodb_table.this",
            "module.usuarios_lambda.aws_iam_role.lambda_role",
            "module.usuarios_lambda.aws_lambda_function.lambda",
            "module.usuarios_lambda.data.aws_caller_identity.current",
            "module.usuarios_lambda.data.aws_iam_policy_document.policy_doc",
            "module.usuarios_lambda.module.repo_ecr_lambda.aws_ecr_repository.this",
            "module.usuarios_lambda.null_resource.run_script",
            "module.websocket_connections_table.aws_dynamodb_table.this",
            "module.websocket_lambda.aws_iam_role.lambda_role",
            "module.websocket_lambda.aws_lambda_function.lambda",
            "module.websocket_lambda.data.aws_caller_identity.current",
            "module.websocket_lambda.data.aws_iam_policy_document.policy_doc",
            "module.websocket_lambda.module.repo_ecr_lambda.aws_ecr_repository.this",
            "module.websocket_lambda.null_resource.run_script"
          ],
          "create_before_destroy": true
        },
        {
          "index_key": "2",
          "schema_version": 0,
          "attributes": {
            "cache_key_parameters": [],
            "cache_namespace": "4f0vz7",
            "connection_id": "",
            "connection_type": "INTERNET",
            "content_handling": "",
            "credentials": "",
            "http_method": "POST",
            "id": "agi-aq72n5uzcb-4f0vz7-POST",
            "integration_http_method": "POST",
            "passthrough_behavior": "WHEN_NO_TEMPLATES",
            "region": "us-east-1",
            "request_parameters": {},
            "request_templates": {},
            "resource_id": "4f0vz7",
            "rest_api_id": "aq72n5uzcb",
            "timeout_milliseconds": 29000,
            "tls_config": [],
            "type": "AWS_PROXY",
            "uri": "arn:aws:apigateway:us-east-1:lambda:path/2015-03-31/functions/arn:aws:lambda:us-east-1:176343551411:function:dev_logistics_usuarios/invocations"
          },
          "sensitive_attributes": [],
          "identity_schema_version": 0,
          "private": "bnVsbA==",
          "dependencies": [
            "aws_apigatewayv2_api.websocket_api",
            "module.api_gateway.aws_api_gateway_authorizer.cognito_authorizer",
            "module.api_gateway.aws_api_gateway_method.rest_endpoint_methods",
            "module.api_gateway.aws_api_gateway_resource.base_resources",
            "module.api_gateway.aws_api_gateway_resource.main_resource",
            "module.api_gateway.aws_api_gateway_resource.variable_resources",
            "module.api_gateway.aws_api_gateway_rest_api.rest_api",
            "module.auth_lambda.aws_iam_role.lambda_role",
            "module.auth_lambda.aws_lambda_function.lambda",
            "module.auth_lambda.data.aws_caller_identity.current",
            "module.auth_lambda.data.aws_iam_policy_document.policy_doc",
            "module.auth_lambda.module.repo_ecr_lambda.aws_ecr_repository.this",
            "module.auth_lambda.null_resource.run_script",
            "module.events_queue.aws_sqs_queue.dead_letter_fifo_queue",
            "module.events_queue.aws_sqs_queue.fifo_queue",
            "module.locations_table.aws_dynamodb_table.this",
            "module.notificacoes_lambda.aws_iam_role.lambda_role",
            "module.notificacoes_lambda.aws_lambda_function.lambda",
            "module.notificacoes_lambda.data.aws_caller_identity.current",
            "module.notificacoes_lambda.data.aws_iam_policy_document.policy_doc",
            "module.notificacoes_lambda.module.repo_ecr_lambda.aws_ecr_repository.this",
            "module.notificacoes_lambda.null_resource.run_script",
            "module.notifications_general_topic.aws_sns_topic.this",
            "module.notifications_premium_topic.aws_sns_topic.this",
            "module.notifications_regional_topic.aws_sns_topic.this",
            "module.notifications_table.aws_dynamodb_table.this",
            "module.pedido_ofertas_table.aws_dynamodb_table.this",
            "module.pedidos_lambda.aws_iam_role.lambda_role",
            "module.pedidos_lambda.aws_lambda_function.lambda",
            "module.pedidos_lambda.data.aws_caller_identity.current",
            "module.pedidos_lambda.data.aws_iam_policy_document.policy_doc",
            "module.pedidos_lambda.module.repo_ecr_lambda.aws_ecr_repository.this",
            "module.pedidos_lambda.null_resource.run_script",
            "module.pedidos_table.aws_dynamodb_table.this",
            "module.rastreamento_lambda.aws_iam_role.lambda_role",
            "module.rastreamento_lambda.aws_lambda_function.lambda",
            "module.rastreamento_lambda.data.aws_caller_identity.current",
            "module.rastreamento_lambda.data.aws_iam_policy_document.policy_doc",
            "module.rastreamento_lambda.module.repo_ecr_lambda.aws_ecr_repository.this",
            "module.rastreamento_lambda.null_resource.run_script",
            "module.smart_routing_lambda.aws_iam_role.lambda_role",
            "module.smart_routing_lambda.aws_lambda_function.lambda",
            "module.smart_routing_lambda.data.aws_caller_identity.current",
            "module.smart_routing_lambda.data.aws_iam_policy_document.policy_doc",
            "module.smart_routing_lambda.module.repo_ecr_lambda.aws_ecr_repository.this",
            "module.smart_routing_lambda.null_resource.run_script",
            "module.users_table.aws_dynamodb_table.this",
            "module.usuarios_lambda.aws_iam_role.lambda_role",
            "module.usuarios_lambda.aws_lambda_function.lambda",
            "module.usuarios_lambda.data.aws_caller_identity.current",
            "module.usuarios_lambda.data.aws_iam_policy_document.policy_doc",
            "module.usuarios_lambda.module.repo_ecr_lambda.aws_ecr_repository.this",
            "module.usuarios_lambda.null_resource.run_script",
            "module.websocket_connections_table.aws_dynamodb_table.this",
            "module.websocket_lambda.aws_iam_role.lambda_role",
            "module.websocket_lambda.aws_lambda_function.lambda",
            "module.websocket_lambda.data.aws_caller_identity.current",
            "module.websocket_lambda.data.aws_iam_policy_document.policy_doc",
            "module.websocket_lambda.module.repo_ecr_lambda.aws_ecr_repository.this",
            "module.websocket_lambda.null_resource.run_script"
          ],
          "create_before_destroy": true
        },
        {
          "index_key": "20",
          "schema_version": 0,
          "attributes": {
            "cache_key_parameters": [],
            "cache_namespace": "yxygyo",
            "connection_id": "",
            "connection_type": "INTERNET",
            "content_handling": "",
            "credentials": "",
            "http_method": "POST",
            "id": "agi-aq72n5uzcb-yxygyo-POST",
            "integration_http_method": "POST",
            "passthrough_behavior": "WHEN_NO_TEMPLATES",
            "region": "us-east-1",
            "request_parameters": {},
            "request_templates": {},
            "resource_id": "yxygyo",
            "rest_api_id": "aq72n5uzcb",
            "timeout_milliseconds": 29000,
            "tls_config": [],
            "type": "AWS_PROXY",
            "uri": "arn:aws:apigateway:us-east-1:lambda:path/2015-03-31/functions/arn:aws:lambda:us-east-1:176343551411:function:dev_logistics_smart-routing/invocations"
          },
          "sensitive_attributes": [],
          "identity_schema_version": 0,
          "private": "bnVsbA==",
          "dependencies": [
            "aws_apigatewayv2_api.websocket_api",
            "module.api_gateway.aws_api_gateway_authorizer.cognito_authorizer",
            "module.api_gateway.aws_api_gateway_method.rest_endpoint_methods",
            "module.api_gateway.aws_api_gateway_resource.base_resources",
            "module.api_gateway.aws_api_gateway_resource.main_resource",
            "module.api_gateway.aws_api_gateway_resource.variable_resources",
            "module.api_gateway.aws_api_gateway_rest_api.rest_api",
            "module.auth_lambda.aws_iam_role.lambda_role",
            "module.auth_lambda.aws_lambda_function.lambda",
            "module.auth_lambda.data.aws_caller_identity.current",
            "module.auth_lambda.data.aws_iam_policy_document.policy_doc",
            "module.auth_lambda.module.repo_ecr_lambda.aws_ecr_repository.this",
            "module.auth_lambda.null_resource.run_script",
            "module.events_queue.aws_sqs_queue.dead_letter_fifo_queue",
            "module.events_queue.aws_sqs_queue.fifo_queue",
            "module.locations_table.aws_dynamodb_table.this",
            "module.notificacoes_lambda.aws_iam_role.lambda_role",
            "module.notificacoes_lambda.aws_lambda_function.lambda",
            "module.notificacoes_lambda.data.aws_caller_identity.current",
            "module.notificacoes_lambda.data.aws_iam_policy_document.policy_doc",
            "module.notificacoes_lambda.module.repo_ecr_lambda.aws_ecr_repository.this",
            "module.notificacoes_lambda.null_resource.run_script",
            "module.notifications_general_topic.aws_sns_topic.this",
            "module.notifications_premium_topic.aws_sns_topic.this",
            "module.notifications_regional_topic.aws_sns_topic.this",
            "module.notifications_table.aws_dynamodb_table.this",
            "module.pedido_ofertas_table.aws_dynamodb_table.this",
            "module.pedidos_lambda.aws_iam_role.lambda_role",
            "module.pedidos_lambda.aws_lambda_function.lambda",
            "module.pedidos_lambda.data.aws_caller_identity.current",
            "module.pedidos_lambda.data.aws_iam_policy_document.policy_doc",
            "module.pedidos_lambda.module.repo_ecr_lambda.aws_ecr_repository.this",
            "module.pedidos_lambda.null_resource.run_script",
            "module.pedidos_table.aws_dynamodb_table.this",
            "module.rastreamento_lambda.aws_iam_role.lambda_role",
            "module.rastreamento_lambda.aws_lambda_function.lambda",
            "module.rastreamento_lambda.data.aws_caller_identity.current",
            "module.rastreamento_lambda.data.aws_iam_policy_document.policy_doc",
            "module.rastreamento_lambda.module.repo_ecr_lambda.aws_ecr_repository.this",
            "module.rastreamento_lambda.null_resource.run_script",
            "module.smart_routing_lambda.aws_iam_role.lambda_role",
            "module.smart_routing_lambda.aws_lambda_function.lambda",
            "module.smart_routing_lambda.data.aws_caller_identity.current",
            "module.smart_routing_lambda.data.aws_iam_policy_document.policy_doc",
            "module.smart_routing_lambda.module.repo_ecr_lambda.aws_ecr_repository.this",
            "module.smart_routing_lambda.null_resource.run_script",
            "module.users_table.aws_dynamodb_table.this",
            "module.usuarios_lambda.aws_iam_role.lambda_role",
            "module.usuarios_lambda.aws_lambda_function.lambda",
            "module.usuarios_lambda.data.aws_caller_identity.current",
            "module.usuarios_lambda.data.aws_iam_policy_document.policy_doc",
            "module.usuarios_lambda.module.repo_ecr_lambda.aws_ecr_repository.this",
            "module.usuarios_lambda.null_resource.run_script",
            "module.websocket_connections_table.aws_dynamodb_table.this",
            "module.websocket_lambda.aws_iam_role.lambda_role",
            "module.websocket_lambda.aws_lambda_function.lambda",
            "module.websocket_lambda.data.aws_caller_identity.current",
            "module.websocket_lambda.data.aws_iam_policy_document.policy_doc",
            "module.websocket_lambda.module.repo_ecr_lambda.aws_ecr_repository.this",
            "module.websocket_lambda.null_resource.run_script"
          ],
          "create_before_destroy": true
        },
        {
          "index_key": "21",
          "schema_version": 0,
          "attributes": {
            "cache_key_parameters": [],
            "cache_namespace": "sf0zi7",
            "connection_id": "",
            "connection_type": "INTERNET",
            "content_handling": "",
            "credentials": "",
            "http_method": "POST",
            "id": "agi-aq72n5uzcb-sf0zi7-POST",
            "integration_http_method": "POST",
            "passthrough_behavior": "WHEN_NO_TEMPLATES",
            "region": "us-east-1",
            "request_parameters": {},
            "request_templates": {},
            "resource_id": "sf0zi7",
            "rest_api_id": "aq72n5uzcb",
            "timeout_milliseconds": 29000,
            "tls_config": [],
            "type": "AWS_PROXY",
            "uri": "arn:aws:apigateway:us-east-1:lambda:path/2015-03-31/functions/arn:aws:lambda:us-east-1:176343551411:function:dev_logistics_smart-routing/invocations"
          },
          "sensitive_attributes": [],
          "identity_schema_version": 0,
          "private": "bnVsbA==",
          "dependencies": [
            "aws_apigatewayv2_api.websocket_api",
            "module.api_gateway.aws_api_gateway_authorizer.cognito_authorizer",
            "module.api_gateway.aws_api_gateway_method.rest_endpoint_methods",
            "module.api_gateway.aws_api_gateway_resource.base_resources",
            "module.api_gateway.aws_api_gateway_resource.main_resource",
            "module.api_gateway.aws_api_gateway_resource.variable_resources",
            "module.api_gateway.aws_api_gateway_rest_api.rest_api",
            "module.auth_lambda.aws_iam_role.lambda_role",
            "module.auth_lambda.aws_lambda_function.lambda",
            "module.auth_lambda.data.aws_caller_identity.current",
            "module.auth_lambda.data.aws_iam_policy_document.policy_doc",
            "module.auth_lambda.module.repo_ecr_lambda.aws_ecr_repository.this",
            "module.auth_lambda.null_resource.run_script",
            "module.events_queue.aws_sqs_queue.dead_letter_fifo_queue",
            "module.events_queue.aws_sqs_queue.fifo_queue",
            "module.locations_table.aws_dynamodb_table.this",
            "module.notificacoes_lambda.aws_iam_role.lambda_role",
            "module.notificacoes_lambda.aws_lambda_function.lambda",
            "module.notificacoes_lambda.data.aws_caller_identity.current",
            "module.notificacoes_lambda.data.aws_iam_policy_document.policy_doc",
            "module.notificacoes_lambda.module.repo_ecr_lambda.aws_ecr_repository.this",
            "module.notificacoes_lambda.null_resource.run_script",
            "module.notifications_general_topic.aws_sns_topic.this",
            "module.notifications_premium_topic.aws_sns_topic.this",
            "module.notifications_regional_topic.aws_sns_topic.this",
            "module.notifications_table.aws_dynamodb_table.this",
            "module.pedido_ofertas_table.aws_dynamodb_table.this",
            "module.pedidos_lambda.aws_iam_role.lambda_role",
            "module.pedidos_lambda.aws_lambda_function.lambda",
            "module.pedidos_lambda.data.aws_caller_identity.current",
            "module.pedidos_lambda.data.aws_iam_policy_document.policy_doc",
            "module.pedidos_lambda.module.repo_ecr_lambda.aws_ecr_repository.this",
            "module.pedidos_lambda.null_resource.run_script",
            "module.pedidos_table.aws_dynamodb_table.this",
            "module.rastreamento_lambda.aws_iam_role.lambda_role",
            "module.rastreamento_lambda.aws_lambda_function.lambda",
            "module.rastreamento_lambda.data.aws_caller_identity.current",
            "module.rastreamento_lambda.data.aws_iam_policy_document.policy_doc",
            "module.rastreamento_lambda.module.repo_ecr_lambda.aws_ecr_repository.this",
            "module.rastreamento_lambda.null_resource.run_script",
            "module.smart_routing_lambda.aws_iam_role.lambda_role",
            "module.smart_routing_lambda.aws_lambda_function.lambda",
            "module.smart_routing_lambda.data.aws_caller_identity.current",
            "module.smart_routing_lambda.data.aws_iam_policy_document.policy_doc",
            "module.smart_routing_lambda.module.repo_ecr_lambda.aws_ecr_repository.this",
            "module.smart_routing_lambda.null_resource.run_script",
            "module.users_table.aws_dynamodb_table.this",
            "module.usuarios_lambda.aws_iam_role.lambda_role",
            "module.usuarios_lambda.aws_lambda_function.lambda",
            "module.usuarios_lambda.data.aws_caller_identity.current",
            "module.usuarios_lambda.data.aws_iam_policy_document.policy_doc",
            "module.usuarios_lambda.module.repo_ecr_lambda.aws_ecr_repository.this",
            "module.usuarios_lambda.null_resource.run_script",
            "module.websocket_connections_table.aws_dynamodb_table.this",
            "module.websocket_lambda.aws_iam_role.lambda_role",
            "module.websocket_lambda.aws_lambda_function.lambda",
            "module.websocket_lambda.data.aws_caller_identity.current",
            "module.websocket_lambda.data.aws_iam_policy_document.policy_doc",
            "module.websocket_lambda.module.repo_ecr_lambda.aws_ecr_repository.this",
            "module.websocket_lambda.null_resource.run_script"
          ],
          "create_before_destroy": true
        },
        {
          "index_key": "22",
          "schema_version": 0,
          "attributes": {
            "cache_key_parameters": [],
            "cache_namespace": "txu0id",
            "connection_id": "",
            "connection_type": "INTERNET",
            "content_handling": "",
            "credentials": "",
            "http_method": "POST",
            "id": "agi-aq72n5uzcb-txu0id-POST",
            "integration_http_method": "POST",
            "passthrough_behavior": "WHEN_NO_TEMPLATES",
            "region": "us-east-1",
            "request_parameters": {},
            "request_templates": {},
            "resource_id": "txu0id",
            "rest_api_id": "aq72n5uzcb",
            "timeout_milliseconds": 29000,
            "tls_config": [],
            "type": "AWS_PROXY",
            "uri": "arn:aws:apigateway:us-east-1:lambda:path/2015-03-31/functions/arn:aws:lambda:us-east-1:176343551411:function:dev_logistics_smart-routing/invocations"
          },
          "sensitive_attributes": [],
          "identity_schema_version": 0,
          "private": "bnVsbA==",
          "dependencies": [
            "aws_apigatewayv2_api.websocket_api",
            "module.api_gateway.aws_api_gateway_authorizer.cognito_authorizer",
            "module.api_gateway.aws_api_gateway_method.rest_endpoint_methods",
            "module.api_gateway.aws_api_gateway_resource.base_resources",
            "module.api_gateway.aws_api_gateway_resource.main_resource",
            "module.api_gateway.aws_api_gateway_resource.variable_resources",
            "module.api_gateway.aws_api_gateway_rest_api.rest_api",
            "module.auth_lambda.aws_iam_role.lambda_role",
            "module.auth_lambda.aws_lambda_function.lambda",
            "module.auth_lambda.data.aws_caller_identity.current",
            "module.auth_lambda.data.aws_iam_policy_document.policy_doc",
            "module.auth_lambda.module.repo_ecr_lambda.aws_ecr_repository.this",
            "module.auth_lambda.null_resource.run_script",
            "module.events_queue.aws_sqs_queue.dead_letter_fifo_queue",
            "module.events_queue.aws_sqs_queue.fifo_queue",
            "module.locations_table.aws_dynamodb_table.this",
            "module.notificacoes_lambda.aws_iam_role.lambda_role",
            "module.notificacoes_lambda.aws_lambda_function.lambda",
            "module.notificacoes_lambda.data.aws_caller_identity.current",
            "module.notificacoes_lambda.data.aws_iam_policy_document.policy_doc",
            "module.notificacoes_lambda.module.repo_ecr_lambda.aws_ecr_repository.this",
            "module.notificacoes_lambda.null_resource.run_script",
            "module.notifications_general_topic.aws_sns_topic.this",
            "module.notifications_premium_topic.aws_sns_topic.this",
            "module.notifications_regional_topic.aws_sns_topic.this",
            "module.notifications_table.aws_dynamodb_table.this",
            "module.pedido_ofertas_table.aws_dynamodb_table.this",
            "module.pedidos_lambda.aws_iam_role.lambda_role",
            "module.pedidos_lambda.aws_lambda_function.lambda",
            "module.pedidos_lambda.data.aws_caller_identity.current",
            "module.pedidos_lambda.data.aws_iam_policy_document.policy_doc",
            "module.pedidos_lambda.module.repo_ecr_lambda.aws_ecr_repository.this",
            "module.pedidos_lambda.null_resource.run_script",
            "module.pedidos_table.aws_dynamodb_table.this",
            "module.rastreamento_lambda.aws_iam_role.lambda_role",
            "module.rastreamento_lambda.aws_lambda_function.lambda",
            "module.rastreamento_lambda.data.aws_caller_identity.current",
            "module.rastreamento_lambda.data.aws_iam_policy_document.policy_doc",
            "module.rastreamento_lambda.module.repo_ecr_lambda.aws_ecr_repository.this",
            "module.rastreamento_lambda.null_resource.run_script",
            "module.smart_routing_lambda.aws_iam_role.lambda_role",
            "module.smart_routing_lambda.aws_lambda_function.lambda",
            "module.smart_routing_lambda.data.aws_caller_identity.current",
            "module.smart_routing_lambda.data.aws_iam_policy_document.policy_doc",
            "module.smart_routing_lambda.module.repo_ecr_lambda.aws_ecr_repository.this",
            "module.smart_routing_lambda.null_resource.run_script",
            "module.users_table.aws_dynamodb_table.this",
            "module.usuarios_lambda.aws_iam_role.lambda_role",
            "module.usuarios_lambda.aws_lambda_function.lambda",
            "module.usuarios_lambda.data.aws_caller_identity.current",
            "module.usuarios_lambda.data.aws_iam_policy_document.policy_doc",
            "module.usuarios_lambda.module.repo_ecr_lambda.aws_ecr_repository.this",
            "module.usuarios_lambda.null_resource.run_script",
            "module.websocket_connections_table.aws_dynamodb_table.this",
            "module.websocket_lambda.aws_iam_role.lambda_role",
            "module.websocket_lambda.aws_lambda_function.lambda",
            "module.websocket_lambda.data.aws_caller_identity.current",
            "module.websocket_lambda.data.aws_iam_policy_document.policy_doc",
            "module.websocket_lambda.module.repo_ecr_lambda.aws_ecr_repository.this",
            "module.websocket_lambda.null_resource.run_script"
          ],
          "create_before_destroy": true
        },
        {
          "index_key": "23",
          "schema_version": 0,
          "attributes": {
            "cache_key_parameters": [],
            "cache_namespace": "oodnp7",
            "connection_id": "",
            "connection_type": "INTERNET",
            "content_handling": "",
            "credentials": "",
            "http_method": "GET",
            "id": "agi-aq72n5uzcb-oodnp7-GET",
            "integration_http_method": "POST",
            "passthrough_behavior": "WHEN_NO_TEMPLATES",
            "region": "us-east-1",
            "request_parameters": {},
            "request_templates": {},
            "resource_id": "oodnp7",
            "rest_api_id": "aq72n5uzcb",
            "timeout_milliseconds": 29000,
            "tls_config": [],
            "type": "AWS_PROXY",
            "uri": "arn:aws:apigateway:us-east-1:lambda:path/2015-03-31/functions/arn:aws:lambda:us-east-1:176343551411:function:dev_logistics_smart-routing/invocations"
          },
          "sensitive_attributes": [],
          "identity_schema_version": 0,
          "private": "bnVsbA==",
          "dependencies": [
            "aws_apigatewayv2_api.websocket_api",
            "module.api_gateway.aws_api_gateway_authorizer.cognito_authorizer",
            "module.api_gateway.aws_api_gateway_method.rest_endpoint_methods",
            "module.api_gateway.aws_api_gateway_resource.base_resources",
            "module.api_gateway.aws_api_gateway_resource.main_resource",
            "module.api_gateway.aws_api_gateway_resource.variable_resources",
            "module.api_gateway.aws_api_gateway_rest_api.rest_api",
            "module.auth_lambda.aws_iam_role.lambda_role",
            "module.auth_lambda.aws_lambda_function.lambda",
            "module.auth_lambda.data.aws_caller_identity.current",
            "module.auth_lambda.data.aws_iam_policy_document.policy_doc",
            "module.auth_lambda.module.repo_ecr_lambda.aws_ecr_repository.this",
            "module.auth_lambda.null_resource.run_script",
            "module.events_queue.aws_sqs_queue.dead_letter_fifo_queue",
            "module.events_queue.aws_sqs_queue.fifo_queue",
            "module.locations_table.aws_dynamodb_table.this",
            "module.notificacoes_lambda.aws_iam_role.lambda_role",
            "module.notificacoes_lambda.aws_lambda_function.lambda",
            "module.notificacoes_lambda.data.aws_caller_identity.current",
            "module.notificacoes_lambda.data.aws_iam_policy_document.policy_doc",
            "module.notificacoes_lambda.module.repo_ecr_lambda.aws_ecr_repository.this",
            "module.notificacoes_lambda.null_resource.run_script",
            "module.notifications_general_topic.aws_sns_topic.this",
            "module.notifications_premium_topic.aws_sns_topic.this",
            "module.notifications_regional_topic.aws_sns_topic.this",
            "module.notifications_table.aws_dynamodb_table.this",
            "module.pedido_ofertas_table.aws_dynamodb_table.this",
            "module.pedidos_lambda.aws_iam_role.lambda_role",
            "module.pedidos_lambda.aws_lambda_function.lambda",
            "module.pedidos_lambda.data.aws_caller_identity.current",
            "module.pedidos_lambda.data.aws_iam_policy_document.policy_doc",
            "module.pedidos_lambda.module.repo_ecr_lambda.aws_ecr_repository.this",
            "module.pedidos_lambda.null_resource.run_script",
            "module.pedidos_table.aws_dynamodb_table.this",
            "module.rastreamento_lambda.aws_iam_role.lambda_role",
            "module.rastreamento_lambda.aws_lambda_function.lambda",
            "module.rastreamento_lambda.data.aws_caller_identity.current",
            "module.rastreamento_lambda.data.aws_iam_policy_document.policy_doc",
            "module.rastreamento_lambda.module.repo_ecr_lambda.aws_ecr_repository.this",
            "module.rastreamento_lambda.null_resource.run_script",
            "module.smart_routing_lambda.aws_iam_role.lambda_role",
            "module.smart_routing_lambda.aws_lambda_function.lambda",
            "module.smart_routing_lambda.data.aws_caller_identity.current",
            "module.smart_routing_lambda.data.aws_iam_policy_document.policy_doc",
            "module.smart_routing_lambda.module.repo_ecr_lambda.aws_ecr_repository.this",
            "module.smart_routing_lambda.null_resource.run_script",
            "module.users_table.aws_dynamodb_table.this",
            "module.usuarios_lambda.aws_iam_role.lambda_role",
            "module.usuarios_lambda.aws_lambda_function.lambda",
            "module.usuarios_lambda.data.aws_caller_identity.current",
            "module.usuarios_lambda.data.aws_iam_policy_document.policy_doc",
            "module.usuarios_lambda.module.repo_ecr_lambda.aws_ecr_repository.this",
            "module.usuarios_lambda.null_resource.run_script",
            "module.websocket_connections_table.aws_dynamodb_table.this",
            "module.websocket_lambda.aws_iam_role.lambda_role",
            "module.websocket_lambda.aws_lambda_function.lambda",
            "module.websocket_lambda.data.aws_caller_identity.current",
            "module.websocket_lambda.data.aws_iam_policy_document.policy_doc",
            "module.websocket_lambda.module.repo_ecr_lambda.aws_ecr_repository.this",
            "module.websocket_lambda.null_resource.run_script"
          ],
          "create_before_destroy": true
        },
        {
          "index_key": "3",
          "schema_version": 0,
          "attributes": {
            "cache_key_parameters": [],
            "cache_namespace": "kfd8xj",
            "connection_id": "",
            "connection_type": "INTERNET",
            "content_handling": "",
            "credentials": "",
            "http_method": "POST",
            "id": "agi-aq72n5uzcb-kfd8xj-POST",
            "integration_http_method": "POST",
            "passthrough_behavior": "WHEN_NO_TEMPLATES",
            "region": "us-east-1",
            "request_parameters": {},
            "request_templates": {},
            "resource_id": "kfd8xj",
            "rest_api_id": "aq72n5uzcb",
            "timeout_milliseconds": 29000,
            "tls_config": [],
            "type": "AWS_PROXY",
            "uri": "arn:aws:apigateway:us-east-1:lambda:path/2015-03-31/functions/arn:aws:lambda:us-east-1:176343551411:function:dev_logistics_pedidos/invocations"
          },
          "sensitive_attributes": [],
          "identity_schema_version": 0,
          "private": "bnVsbA==",
          "dependencies": [
            "aws_apigatewayv2_api.websocket_api",
            "module.api_gateway.aws_api_gateway_authorizer.cognito_authorizer",
            "module.api_gateway.aws_api_gateway_method.rest_endpoint_methods",
            "module.api_gateway.aws_api_gateway_resource.base_resources",
            "module.api_gateway.aws_api_gateway_resource.main_resource",
            "module.api_gateway.aws_api_gateway_resource.variable_resources",
            "module.api_gateway.aws_api_gateway_rest_api.rest_api",
            "module.auth_lambda.aws_iam_role.lambda_role",
            "module.auth_lambda.aws_lambda_function.lambda",
            "module.auth_lambda.data.aws_caller_identity.current",
            "module.auth_lambda.data.aws_iam_policy_document.policy_doc",
            "module.auth_lambda.module.repo_ecr_lambda.aws_ecr_repository.this",
            "module.auth_lambda.null_resource.run_script",
            "module.events_queue.aws_sqs_queue.dead_letter_fifo_queue",
            "module.events_queue.aws_sqs_queue.fifo_queue",
            "module.locations_table.aws_dynamodb_table.this",
            "module.notificacoes_lambda.aws_iam_role.lambda_role",
            "module.notificacoes_lambda.aws_lambda_function.lambda",
            "module.notificacoes_lambda.data.aws_caller_identity.current",
            "module.notificacoes_lambda.data.aws_iam_policy_document.policy_doc",
            "module.notificacoes_lambda.module.repo_ecr_lambda.aws_ecr_repository.this",
            "module.notificacoes_lambda.null_resource.run_script",
            "module.notifications_general_topic.aws_sns_topic.this",
            "module.notifications_premium_topic.aws_sns_topic.this",
            "module.notifications_regional_topic.aws_sns_topic.this",
            "module.notifications_table.aws_dynamodb_table.this",
            "module.pedido_ofertas_table.aws_dynamodb_table.this",
            "module.pedidos_lambda.aws_iam_role.lambda_role",
            "module.pedidos_lambda.aws_lambda_function.lambda",
            "module.pedidos_lambda.data.aws_caller_identity.current",
            "module.pedidos_lambda.data.aws_iam_policy_document.policy_doc",
            "module.pedidos_lambda.module.repo_ecr_lambda.aws_ecr_repository.this",
            "module.pedidos_lambda.null_resource.run_script",
            "module.pedidos_table.aws_dynamodb_table.this",
            "module.rastreamento_lambda.aws_iam_role.lambda_role",
            "module.rastreamento_lambda.aws_lambda_function.lambda",
            "module.rastreamento_lambda.data.aws_caller_identity.current",
            "module.rastreamento_lambda.data.aws_iam_policy_document.policy_doc",
            "module.rastreamento_lambda.module.repo_ecr_lambda.aws_ecr_repository.this",
            "module.rastreamento_lambda.null_resource.run_script",
            "module.smart_routing_lambda.aws_iam_role.lambda_role",
            "module.smart_routing_lambda.aws_lambda_function.lambda",
            "module.smart_routing_lambda.data.aws_caller_identity.current",
            "module.smart_routing_lambda.data.aws_iam_policy_document.policy_doc",
            "module.smart_routing_lambda.module.repo_ecr_lambda.aws_ecr_repository.this",
            "module.smart_routing_lambda.null_resource.run_script",
            "module.users_table.aws_dynamodb_table.this",
            "module.usuarios_lambda.aws_iam_role.lambda_role",
            "module.usuarios_lambda.aws_lambda_function.lambda",
            "module.usuarios_lambda.data.aws_caller_identity.current",
            "module.usuarios_lambda.data.aws_iam_policy_document.policy_doc",
            "module.usuarios_lambda.module.repo_ecr_lambda.aws_ecr_repository.this",
            "module.usuarios_lambda.null_resource.run_script",
            "module.websocket_connections_table.aws_dynamodb_table.this",
            "module.websocket_lambda.aws_iam_role.lambda_role",
            "module.websocket_lambda.aws_lambda_function.lambda",
            "module.websocket_lambda.data.aws_caller_identity.current",
            "module.websocket_lambda.data.aws_iam_policy_document.policy_doc",
            "module.websocket_lambda.module.repo_ecr_lambda.aws_ecr_repository.this",
            "module.websocket_lambda.null_resource.run_script"
          ],
          "create_before_destroy": true
        },
        {
          "index_key": "4",
          "schema_version": 0,
          "attributes": {
            "cache_key_parameters": [],
            "cache_namespace": "lzdo5r",
            "connection_id": "",
            "connection_type": "INTERNET",
            "content_handling": "",
            "credentials": "",
            "http_method": "GET",
            "id": "agi-aq72n5uzcb-lzdo5r-GET",
            "integration_http_method": "POST",
            "passthrough_behavior": "WHEN_NO_TEMPLATES",
            "region": "us-east-1",
            "request_parameters": {},
            "request_templates": {},
            "resource_id": "lzdo5r",
            "rest_api_id": "aq72n5uzcb",
            "timeout_milliseconds": 29000,
            "tls_config": [],
            "type": "AWS_PROXY",
            "uri": "arn:aws:apigateway:us-east-1:lambda:path/2015-03-31/functions/arn:aws:lambda:us-east-1:176343551411:function:dev_logistics_pedidos/invocations"
          },
          "sensitive_attributes": [],
          "identity_schema_version": 0,
          "private": "bnVsbA==",
          "dependencies": [
            "aws_apigatewayv2_api.websocket_api",
            "module.api_gateway.aws_api_gateway_authorizer.cognito_authorizer",
            "module.api_gateway.aws_api_gateway_method.rest_endpoint_methods",
            "module.api_gateway.aws_api_gateway_resource.base_resources",
            "module.api_gateway.aws_api_gateway_resource.main_resource",
            "module.api_gateway.aws_api_gateway_resource.variable_resources",
            "module.api_gateway.aws_api_gateway_rest_api.rest_api",
            "module.auth_lambda.aws_iam_role.lambda_role",
            "module.auth_lambda.aws_lambda_function.lambda",
            "module.auth_lambda.data.aws_caller_identity.current",
            "module.auth_lambda.data.aws_iam_policy_document.policy_doc",
            "module.auth_lambda.module.repo_ecr_lambda.aws_ecr_repository.this",
            "module.auth_lambda.null_resource.run_script",
            "module.events_queue.aws_sqs_queue.dead_letter_fifo_queue",
            "module.events_queue.aws_sqs_queue.fifo_queue",
            "module.locations_table.aws_dynamodb_table.this",
            "module.notificacoes_lambda.aws_iam_role.lambda_role",
            "module.notificacoes_lambda.aws_lambda_function.lambda",
            "module.notificacoes_lambda.data.aws_caller_identity.current",
            "module.notificacoes_lambda.data.aws_iam_policy_document.policy_doc",
            "module.notificacoes_lambda.module.repo_ecr_lambda.aws_ecr_repository.this",
            "module.notificacoes_lambda.null_resource.run_script",
            "module.notifications_general_topic.aws_sns_topic.this",
            "module.notifications_premium_topic.aws_sns_topic.this",
            "module.notifications_regional_topic.aws_sns_topic.this",
            "module.notifications_table.aws_dynamodb_table.this",
            "module.pedido_ofertas_table.aws_dynamodb_table.this",
            "module.pedidos_lambda.aws_iam_role.lambda_role",
            "module.pedidos_lambda.aws_lambda_function.lambda",
            "module.pedidos_lambda.data.aws_caller_identity.current",
            "module.pedidos_lambda.data.aws_iam_policy_document.policy_doc",
            "module.pedidos_lambda.module.repo_ecr_lambda.aws_ecr_repository.this",
            "module.pedidos_lambda.null_resource.run_script",
            "module.pedidos_table.aws_dynamodb_table.this",
            "module.rastreamento_lambda.aws_iam_role.lambda_role",
            "module.rastreamento_lambda.aws_lambda_function.lambda",
            "module.rastreamento_lambda.data.aws_caller_identity.current",
            "module.rastreamento_lambda.data.aws_iam_policy_document.policy_doc",
            "module.rastreamento_lambda.module.repo_ecr_lambda.aws_ecr_repository.this",
            "module.rastreamento_lambda.null_resource.run_script",
            "module.smart_routing_lambda.aws_iam_role.lambda_role",
            "module.smart_routing_lambda.aws_lambda_function.lambda",
            "module.smart_routing_lambda.data.aws_caller_identity.current",
            "module.smart_routing_lambda.data.aws_iam_policy_document.policy_doc",
            "module.smart_routing_lambda.module.repo_ecr_lambda.aws_ecr_repository.this",
            "module.smart_routing_lambda.null_resource.run_script",
            "module.users_table.aws_dynamodb_table.this",
            "module.usuarios_lambda.aws_iam_role.lambda_role",
            "module.usuarios_lambda.aws_lambda_function.lambda",
            "module.usuarios_lambda.data.aws_caller_identity.current",
            "module.usuarios_lambda.data.aws_iam_policy_document.policy_doc",
            "module.usuarios_lambda.module.repo_ecr_lambda.aws_ecr_repository.this",
            "module.usuarios_lambda.null_resource.run_script",
            "module.websocket_connections_table.aws_dynamodb_table.this",
            "module.websocket_lambda.aws_iam_role.lambda_role",
            "module.websocket_lambda.aws_lambda_function.lambda",
            "module.websocket_lambda.data.aws_caller_identity.current",
            "module.websocket_lambda.data.aws_iam_policy_document.policy_doc",
            "module.websocket_lambda.module.repo_ecr_lambda.aws_ecr_repository.this",
            "module.websocket_lambda.null_resource.run_script"
          ],
          "create_before_destroy": true
        },
        {
          "index_key": "5",
          "schema_version": 0,
          "attributes": {
            "cache_key_parameters": [],
            "cache_namespace": "8hmqgx",
            "connection_id": "",
            "connection_type": "INTERNET",
            "content_handling": "",
            "credentials": "",
            "http_method": "GET",
            "id": "agi-aq72n5uzcb-8hmqgx-GET",
            "integration_http_method": "POST",
            "passthrough_behavior": "WHEN_NO_TEMPLATES",
            "region": "us-east-1",
            "request_parameters": {},
            "request_templates": {},
            "resource_id": "8hmqgx",
            "rest_api_id": "aq72n5uzcb",
            "timeout_milliseconds": 29000,
            "tls_config": [],
            "type": "AWS_PROXY",
            "uri": "arn:aws:apigateway:us-east-1:lambda:path/2015-03-31/functions/arn:aws:lambda:us-east-1:176343551411:function:dev_logistics_pedidos/invocations"
          },
          "sensitive_attributes": [],
          "identity_schema_version": 0,
          "private": "bnVsbA==",
          "dependencies": [
            "aws_apigatewayv2_api.websocket_api",
            "module.api_gateway.aws_api_gateway_authorizer.cognito_authorizer",
            "module.api_gateway.aws_api_gateway_method.rest_endpoint_methods",
            "module.api_gateway.aws_api_gateway_resource.base_resources",
            "module.api_gateway.aws_api_gateway_resource.main_resource",
            "module.api_gateway.aws_api_gateway_resource.variable_resources",
            "module.api_gateway.aws_api_gateway_rest_api.rest_api",
            "module.auth_lambda.aws_iam_role.lambda_role",
            "module.auth_lambda.aws_lambda_function.lambda",
            "module.auth_lambda.data.aws_caller_identity.current",
            "module.auth_lambda.data.aws_iam_policy_document.policy_doc",
            "module.auth_lambda.module.repo_ecr_lambda.aws_ecr_repository.this",
            "module.auth_lambda.null_resource.run_script",
            "module.events_queue.aws_sqs_queue.dead_letter_fifo_queue",
            "module.events_queue.aws_sqs_queue.fifo_queue",
            "module.locations_table.aws_dynamodb_table.this",
            "module.notificacoes_lambda.aws_iam_role.lambda_role",
            "module.notificacoes_lambda.aws_lambda_function.lambda",
            "module.notificacoes_lambda.data.aws_caller_identity.current",
            "module.notificacoes_lambda.data.aws_iam_policy_document.policy_doc",
            "module.notificacoes_lambda.module.repo_ecr_lambda.aws_ecr_repository.this",
            "module.notificacoes_lambda.null_resource.run_script",
            "module.notifications_general_topic.aws_sns_topic.this",
            "module.notifications_premium_topic.aws_sns_topic.this",
            "module.notifications_regional_topic.aws_sns_topic.this",
            "module.notifications_table.aws_dynamodb_table.this",
            "module.pedido_ofertas_table.aws_dynamodb_table.this",
            "module.pedidos_lambda.aws_iam_role.lambda_role",
            "module.pedidos_lambda.aws_lambda_function.lambda",
            "module.pedidos_lambda.data.aws_caller_identity.current",
            "module.pedidos_lambda.data.aws_iam_policy_document.policy_doc",
            "module.pedidos_lambda.module.repo_ecr_lambda.aws_ecr_repository.this",
            "module.pedidos_lambda.null_resource.run_script",
            "module.pedidos_table.aws_dynamodb_table.this",
            "module.rastreamento_lambda.aws_iam_role.lambda_role",
            "module.rastreamento_lambda.aws_lambda_function.lambda",
            "module.rastreamento_lambda.data.aws_caller_identity.current",
            "module.rastreamento_lambda.data.aws_iam_policy_document.policy_doc",
            "module.rastreamento_lambda.module.repo_ecr_lambda.aws_ecr_repository.this",
            "module.rastreamento_lambda.null_resource.run_script",
            "module.smart_routing_lambda.aws_iam_role.lambda_role",
            "module.smart_routing_lambda.aws_lambda_function.lambda",
            "module.smart_routing_lambda.data.aws_caller_identity.current",
            "module.smart_routing_lambda.data.aws_iam_policy_document.policy_doc",
            "module.smart_routing_lambda.module.repo_ecr_lambda.aws_ecr_repository.this",
            "module.smart_routing_lambda.null_resource.run_script",
            "module.users_table.aws_dynamodb_table.this",
            "module.usuarios_lambda.aws_iam_role.lambda_role",
            "module.usuarios_lambda.aws_lambda_function.lambda",
            "module.usuarios_lambda.data.aws_caller_identity.current",
            "module.usuarios_lambda.data.aws_iam_policy_document.policy_doc",
            "module.usuarios_lambda.module.repo_ecr_lambda.aws_ecr_repository.this",
            "module.usuarios_lambda.null_resource.run_script",
            "module.websocket_connections_table.aws_dynamodb_table.this",
            "module.websocket_lambda.aws_iam_role.lambda_role",
            "module.websocket_lambda.aws_lambda_function.lambda",
            "module.websocket_lambda.data.aws_caller_identity.current",
            "module.websocket_lambda.data.aws_iam_policy_document.policy_doc",
            "module.websocket_lambda.module.repo_ecr_lambda.aws_ecr_repository.this",
            "module.websocket_lambda.null_resource.run_script"
          ],
          "create_before_destroy": true
        },
        {
          "index_key": "6",
          "schema_version": 0,
          "attributes": {
            "cache_key_parameters": [],
            "cache_namespace": "gcko65",
            "connection_id": "",
            "connection_type": "INTERNET",
            "content_handling": "",
            "credentials": "",
            "http_method": "POST",
            "id": "agi-aq72n5uzcb-gcko65-POST",
            "integration_http_method": "POST",
            "passthrough_behavior": "WHEN_NO_TEMPLATES",
            "region": "us-east-1",
            "request_parameters": {},
            "request_templates": {},
            "resource_id": "gcko65",
            "rest_api_id": "aq72n5uzcb",
            "timeout_milliseconds": 29000,
            "tls_config": [],
            "type": "AWS_PROXY",
            "uri": "arn:aws:apigateway:us-east-1:lambda:path/2015-03-31/functions/arn:aws:lambda:us-east-1:176343551411:function:dev_logistics_pedidos/invocations"
          },
          "sensitive_attributes": [],
          "identity_schema_version": 0,
          "private": "bnVsbA==",
          "dependencies": [
            "aws_apigatewayv2_api.websocket_api",
            "module.api_gateway.aws_api_gateway_authorizer.cognito_authorizer",
            "module.api_gateway.aws_api_gateway_method.rest_endpoint_methods",
            "module.api_gateway.aws_api_gateway_resource.base_resources",
            "module.api_gateway.aws_api_gateway_resource.main_resource",
            "module.api_gateway.aws_api_gateway_resource.variable_resources",
            "module.api_gateway.aws_api_gateway_rest_api.rest_api",
            "module.auth_lambda.aws_iam_role.lambda_role",
            "module.auth_lambda.aws_lambda_function.lambda",
            "module.auth_lambda.data.aws_caller_identity.current",
            "module.auth_lambda.data.aws_iam_policy_document.policy_doc",
            "module.auth_lambda.module.repo_ecr_lambda.aws_ecr_repository.this",
            "module.auth_lambda.null_resource.run_script",
            "module.events_queue.aws_sqs_queue.dead_letter_fifo_queue",
            "module.events_queue.aws_sqs_queue.fifo_queue",
            "module.locations_table.aws_dynamodb_table.this",
            "module.notificacoes_lambda.aws_iam_role.lambda_role",
            "module.notificacoes_lambda.aws_lambda_function.lambda",
            "module.notificacoes_lambda.data.aws_caller_identity.current",
            "module.notificacoes_lambda.data.aws_iam_policy_document.policy_doc",
            "module.notificacoes_lambda.module.repo_ecr_lambda.aws_ecr_repository.this",
            "module.notificacoes_lambda.null_resource.run_script",
            "module.notifications_general_topic.aws_sns_topic.this",
            "module.notifications_premium_topic.aws_sns_topic.this",
            "module.notifications_regional_topic.aws_sns_topic.this",
            "module.notifications_table.aws_dynamodb_table.this",
            "module.pedido_ofertas_table.aws_dynamodb_table.this",
            "module.pedidos_lambda.aws_iam_role.lambda_role",
            "module.pedidos_lambda.aws_lambda_function.lambda",
            "module.pedidos_lambda.data.aws_caller_identity.current",
            "module.pedidos_lambda.data.aws_iam_policy_document.policy_doc",
            "module.pedidos_lambda.module.repo_ecr_lambda.aws_ecr_repository.this",
            "module.pedidos_lambda.null_resource.run_script",
            "module.pedidos_table.aws_dynamodb_table.this",
            "module.rastreamento_lambda.aws_iam_role.lambda_role",
            "module.rastreamento_lambda.aws_lambda_function.lambda",
            "module.rastreamento_lambda.data.aws_caller_identity.current",
            "module.rastreamento_lambda.data.aws_iam_policy_document.policy_doc",
            "module.rastreamento_lambda.module.repo_ecr_lambda.aws_ecr_repository.this",
            "module.rastreamento_lambda.null_resource.run_script",
            "module.smart_routing_lambda.aws_iam_role.lambda_role",
            "module.smart_routing_lambda.aws_lambda_function.lambda",
            "module.smart_routing_lambda.data.aws_caller_identity.current",
            "module.smart_routing_lambda.data.aws_iam_policy_document.policy_doc",
            "module.smart_routing_lambda.module.repo_ecr_lambda.aws_ecr_repository.this",
            "module.smart_routing_lambda.null_resource.run_script",
            "module.users_table.aws_dynamodb_table.this",
            "module.usuarios_lambda.aws_iam_role.lambda_role",
            "module.usuarios_lambda.aws_lambda_function.lambda",
            "module.usuarios_lambda.data.aws_caller_identity.current",
            "module.usuarios_lambda.data.aws_iam_policy_document.policy_doc",
            "module.usuarios_lambda.module.repo_ecr_lambda.aws_ecr_repository.this",
            "module.usuarios_lambda.null_resource.run_script",
            "module.websocket_connections_table.aws_dynamodb_table.this",
            "module.websocket_lambda.aws_iam_role.lambda_role",
            "module.websocket_lambda.aws_lambda_function.lambda",
            "module.websocket_lambda.data.aws_caller_identity.current",
            "module.websocket_lambda.data.aws_iam_policy_document.policy_doc",
            "module.websocket_lambda.module.repo_ecr_lambda.aws_ecr_repository.this",
            "module.websocket_lambda.null_resource.run_script"
          ],
          "create_before_destroy": true
        },
        {
          "index_key": "7",
          "schema_version": 0,
          "attributes": {
            "cache_key_parameters": [],
            "cache_namespace": "tzeq2v",
            "connection_id": "",
            "connection_type": "INTERNET",
            "content_handling": "",
            "credentials": "",
            "http_method": "PATCH",
            "id": "agi-aq72n5uzcb-tzeq2v-PATCH",
            "integration_http_method": "POST",
            "passthrough_behavior": "WHEN_NO_TEMPLATES",
            "region": "us-east-1",
            "request_parameters": {},
            "request_templates": {},
            "resource_id": "tzeq2v",
            "rest_api_id": "aq72n5uzcb",
            "timeout_milliseconds": 29000,
            "tls_config": [],
            "type": "AWS_PROXY",
            "uri": "arn:aws:apigateway:us-east-1:lambda:path/2015-03-31/functions/arn:aws:lambda:us-east-1:176343551411:function:dev_logistics_pedidos/invocations"
          },
          "sensitive_attributes": [],
          "identity_schema_version": 0,
          "private": "bnVsbA==",
          "dependencies": [
            "aws_apigatewayv2_api.websocket_api",
            "module.api_gateway.aws_api_gateway_authorizer.cognito_authorizer",
            "module.api_gateway.aws_api_gateway_method.rest_endpoint_methods",
            "module.api_gateway.aws_api_gateway_resource.base_resources",
            "module.api_gateway.aws_api_gateway_resource.main_resource",
            "module.api_gateway.aws_api_gateway_resource.variable_resources",
            "module.api_gateway.aws_api_gateway_rest_api.rest_api",
            "module.auth_lambda.aws_iam_role.lambda_role",
            "module.auth_lambda.aws_lambda_function.lambda",
            "module.auth_lambda.data.aws_caller_identity.current",
            "module.auth_lambda.data.aws_iam_policy_document.policy_doc",
            "module.auth_lambda.module.repo_ecr_lambda.aws_ecr_repository.this",
            "module.auth_lambda.null_resource.run_script",
            "module.events_queue.aws_sqs_queue.dead_letter_fifo_queue",
            "module.events_queue.aws_sqs_queue.fifo_queue",
            "module.locations_table.aws_dynamodb_table.this",
            "module.notificacoes_lambda.aws_iam_role.lambda_role",
            "module.notificacoes_lambda.aws_lambda_function.lambda",
            "module.notificacoes_lambda.data.aws_caller_identity.current",
            "module.notificacoes_lambda.data.aws_iam_policy_document.policy_doc",
            "module.notificacoes_lambda.module.repo_ecr_lambda.aws_ecr_repository.this",
            "module.notificacoes_lambda.null_resource.run_script",
            "module.notifications_general_topic.aws_sns_topic.this",
            "module.notifications_premium_topic.aws_sns_topic.this",
            "module.notifications_regional_topic.aws_sns_topic.this",
            "module.notifications_table.aws_dynamodb_table.this",
            "module.pedido_ofertas_table.aws_dynamodb_table.this",
            "module.pedidos_lambda.aws_iam_role.lambda_role",
            "module.pedidos_lambda.aws_lambda_function.lambda",
            "module.pedidos_lambda.data.aws_caller_identity.current",
            "module.pedidos_lambda.data.aws_iam_policy_document.policy_doc",
            "module.pedidos_lambda.module.repo_ecr_lambda.aws_ecr_repository.this",
            "module.pedidos_lambda.null_resource.run_script",
            "module.pedidos_table.aws_dynamodb_table.this",
            "module.rastreamento_lambda.aws_iam_role.lambda_role",
            "module.rastreamento_lambda.aws_lambda_function.lambda",
            "module.rastreamento_lambda.data.aws_caller_identity.current",
            "module.rastreamento_lambda.data.aws_iam_policy_document.policy_doc",
            "module.rastreamento_lambda.module.repo_ecr_lambda.aws_ecr_repository.this",
            "module.rastreamento_lambda.null_resource.run_script",
            "module.smart_routing_lambda.aws_iam_role.lambda_role",
            "module.smart_routing_lambda.aws_lambda_function.lambda",
            "module.smart_routing_lambda.data.aws_caller_identity.current",
            "module.smart_routing_lambda.data.aws_iam_policy_document.policy_doc",
            "module.smart_routing_lambda.module.repo_ecr_lambda.aws_ecr_repository.this",
            "module.smart_routing_lambda.null_resource.run_script",
            "module.users_table.aws_dynamodb_table.this",
            "module.usuarios_lambda.aws_iam_role.lambda_role",
            "module.usuarios_lambda.aws_lambda_function.lambda",
            "module.usuarios_lambda.data.aws_caller_identity.current",
            "module.usuarios_lambda.data.aws_iam_policy_document.policy_doc",
            "module.usuarios_lambda.module.repo_ecr_lambda.aws_ecr_repository.this",
            "module.usuarios_lambda.null_resource.run_script",
            "module.websocket_connections_table.aws_dynamodb_table.this",
            "module.websocket_lambda.aws_iam_role.lambda_role",
            "module.websocket_lambda.aws_lambda_function.lambda",
            "module.websocket_lambda.data.aws_caller_identity.current",
            "module.websocket_lambda.data.aws_iam_policy_document.policy_doc",
            "module.websocket_lambda.module.repo_ecr_lambda.aws_ecr_repository.this",
            "module.websocket_lambda.null_resource.run_script"
          ],
          "create_before_destroy": true
        },
        {
          "index_key": "8",
          "schema_version": 0,
          "attributes": {
            "cache_key_parameters": [],
            "cache_namespace": "wlazph",
            "connection_id": "",
            "connection_type": "INTERNET",
            "content_handling": "",
            "credentials": "",
            "http_method": "GET",
            "id": "agi-aq72n5uzcb-wlazph-GET",
            "integration_http_method": "POST",
            "passthrough_behavior": "WHEN_NO_TEMPLATES",
            "region": "us-east-1",
            "request_parameters": {},
            "request_templates": {},
            "resource_id": "wlazph",
            "rest_api_id": "aq72n5uzcb",
            "timeout_milliseconds": 29000,
            "tls_config": [],
            "type": "AWS_PROXY",
            "uri": "arn:aws:apigateway:us-east-1:lambda:path/2015-03-31/functions/arn:aws:lambda:us-east-1:176343551411:function:dev_logistics_notificacoes/invocations"
          },
          "sensitive_attributes": [],
          "identity_schema_version": 0,
          "private": "bnVsbA==",
          "dependencies": [
            "aws_apigatewayv2_api.websocket_api",
            "module.api_gateway.aws_api_gateway_authorizer.cognito_authorizer",
            "module.api_gateway.aws_api_gateway_method.rest_endpoint_methods",
            "module.api_gateway.aws_api_gateway_resource.base_resources",
            "module.api_gateway.aws_api_gateway_resource.main_resource",
            "module.api_gateway.aws_api_gateway_resource.variable_resources",
            "module.api_gateway.aws_api_gateway_rest_api.rest_api",
            "module.auth_lambda.aws_iam_role.lambda_role",
            "module.auth_lambda.aws_lambda_function.lambda",
            "module.auth_lambda.data.aws_caller_identity.current",
            "module.auth_lambda.data.aws_iam_policy_document.policy_doc",
            "module.auth_lambda.module.repo_ecr_lambda.aws_ecr_repository.this",
            "module.auth_lambda.null_resource.run_script",
            "module.events_queue.aws_sqs_queue.dead_letter_fifo_queue",
            "module.events_queue.aws_sqs_queue.fifo_queue",
            "module.locations_table.aws_dynamodb_table.this",
            "module.notificacoes_lambda.aws_iam_role.lambda_role",
            "module.notificacoes_lambda.aws_lambda_function.lambda",
            "module.notificacoes_lambda.data.aws_caller_identity.current",
            "module.notificacoes_lambda.data.aws_iam_policy_document.policy_doc",
            "module.notificacoes_lambda.module.repo_ecr_lambda.aws_ecr_repository.this",
            "module.notificacoes_lambda.null_resource.run_script",
            "module.notifications_general_topic.aws_sns_topic.this",
            "module.notifications_premium_topic.aws_sns_topic.this",
            "module.notifications_regional_topic.aws_sns_topic.this",
            "module.notifications_table.aws_dynamodb_table.this",
            "module.pedido_ofertas_table.aws_dynamodb_table.this",
            "module.pedidos_lambda.aws_iam_role.lambda_role",
            "module.pedidos_lambda.aws_lambda_function.lambda",
            "module.pedidos_lambda.data.aws_caller_identity.current",
            "module.pedidos_lambda.data.aws_iam_policy_document.policy_doc",
            "module.pedidos_lambda.module.repo_ecr_lambda.aws_ecr_repository.this",
            "module.pedidos_lambda.null_resource.run_script",
            "module.pedidos_table.aws_dynamodb_table.this",
            "module.rastreamento_lambda.aws_iam_role.lambda_role",
            "module.rastreamento_lambda.aws_lambda_function.lambda",
            "module.rastreamento_lambda.data.aws_caller_identity.current",
            "module.rastreamento_lambda.data.aws_iam_policy_document.policy_doc",
            "module.rastreamento_lambda.module.repo_ecr_lambda.aws_ecr_repository.this",
            "module.rastreamento_lambda.null_resource.run_script",
            "module.smart_routing_lambda.aws_iam_role.lambda_role",
            "module.smart_routing_lambda.aws_lambda_function.lambda",
            "module.smart_routing_lambda.data.aws_caller_identity.current",
            "module.smart_routing_lambda.data.aws_iam_policy_document.policy_doc",
            "module.smart_routing_lambda.module.repo_ecr_lambda.aws_ecr_repository.this",
            "module.smart_routing_lambda.null_resource.run_script",
            "module.users_table.aws_dynamodb_table.this",
            "module.usuarios_lambda.aws_iam_role.lambda_role",
            "module.usuarios_lambda.aws_lambda_function.lambda",
            "module.usuarios_lambda.data.aws_caller_identity.current",
            "module.usuarios_lambda.data.aws_iam_policy_document.policy_doc",
            "module.usuarios_lambda.module.repo_ecr_lambda.aws_ecr_repository.this",
            "module.usuarios_lambda.null_resource.run_script",
            "module.websocket_connections_table.aws_dynamodb_table.this",
            "module.websocket_lambda.aws_iam_role.lambda_role",
            "module.websocket_lambda.aws_lambda_function.lambda",
            "module.websocket_lambda.data.aws_caller_identity.current",
            "module.websocket_lambda.data.aws_iam_policy_document.policy_doc",
            "module.websocket_lambda.module.repo_ecr_lambda.aws_ecr_repository.this",
            "module.websocket_lambda.null_resource.run_script"
          ],
          "create_before_destroy": true
        },
        {
          "index_key": "9",
          "schema_version": 0,
          "attributes": {
            "cache_key_parameters": [],
            "cache_namespace": "tkvsdh",
            "connection_id": "",
            "connection_type": "INTERNET",
            "content_handling": "",
            "credentials": "",
            "http_method": "PATCH",
            "id": "agi-aq72n5uzcb-tkvsdh-PATCH",
            "integration_http_method": "POST",
            "passthrough_behavior": "WHEN_NO_TEMPLATES",
            "region": "us-east-1",
            "request_parameters": {},
            "request_templates": {},
            "resource_id": "tkvsdh",
            "rest_api_id": "aq72n5uzcb",
            "timeout_milliseconds": 29000,
            "tls_config": [],
            "type": "AWS_PROXY",
            "uri": "arn:aws:apigateway:us-east-1:lambda:path/2015-03-31/functions/arn:aws:lambda:us-east-1:176343551411:function:dev_logistics_notificacoes/invocations"
          },
          "sensitive_attributes": [],
          "identity_schema_version": 0,
          "private": "bnVsbA==",
          "dependencies": [
            "aws_apigatewayv2_api.websocket_api",
            "module.api_gateway.aws_api_gateway_authorizer.cognito_authorizer",
            "module.api_gateway.aws_api_gateway_method.rest_endpoint_methods",
            "module.api_gateway.aws_api_gateway_resource.base_resources",
            "module.api_gateway.aws_api_gateway_resource.main_resource",
            "module.api_gateway.aws_api_gateway_resource.variable_resources",
            "module.api_gateway.aws_api_gateway_rest_api.rest_api",
            "module.auth_lambda.aws_iam_role.lambda_role",
            "module.auth_lambda.aws_lambda_function.lambda",
            "module.auth_lambda.data.aws_caller_identity.current",
            "module.auth_lambda.data.aws_iam_policy_document.policy_doc",
            "module.auth_lambda.module.repo_ecr_lambda.aws_ecr_repository.this",
            "module.auth_lambda.null_resource.run_script",
            "module.events_queue.aws_sqs_queue.dead_letter_fifo_queue",
            "module.events_queue.aws_sqs_queue.fifo_queue",
            "module.locations_table.aws_dynamodb_table.this",
            "module.notificacoes_lambda.aws_iam_role.lambda_role",
            "module.notificacoes_lambda.aws_lambda_function.lambda",
            "module.notificacoes_lambda.data.aws_caller_identity.current",
            "module.notificacoes_lambda.data.aws_iam_policy_document.policy_doc",
            "module.notificacoes_lambda.module.repo_ecr_lambda.aws_ecr_repository.this",
            "module.notificacoes_lambda.null_resource.run_script",
            "module.notifications_general_topic.aws_sns_topic.this",
            "module.notifications_premium_topic.aws_sns_topic.this",
            "module.notifications_regional_topic.aws_sns_topic.this",
            "module.notifications_table.aws_dynamodb_table.this",
            "module.pedido_ofertas_table.aws_dynamodb_table.this",
            "module.pedidos_lambda.aws_iam_role.lambda_role",
            "module.pedidos_lambda.aws_lambda_function.lambda",
            "module.pedidos_lambda.data.aws_caller_identity.current",
            "module.pedidos_lambda.data.aws_iam_policy_document.policy_doc",
            "module.pedidos_lambda.module.repo_ecr_lambda.aws_ecr_repository.this",
            "module.pedidos_lambda.null_resource.run_script",
            "module.pedidos_table.aws_dynamodb_table.this",
            "module.rastreamento_lambda.aws_iam_role.lambda_role",
            "module.rastreamento_lambda.aws_lambda_function.lambda",
            "module.rastreamento_lambda.data.aws_caller_identity.current",
            "module.rastreamento_lambda.data.aws_iam_policy_document.policy_doc",
            "module.rastreamento_lambda.module.repo_ecr_lambda.aws_ecr_repository.this",
            "module.rastreamento_lambda.null_resource.run_script",
            "module.smart_routing_lambda.aws_iam_role.lambda_role",
            "module.smart_routing_lambda.aws_lambda_function.lambda",
            "module.smart_routing_lambda.data.aws_caller_identity.current",
            "module.smart_routing_lambda.data.aws_iam_policy_document.policy_doc",
            "module.smart_routing_lambda.module.repo_ecr_lambda.aws_ecr_repository.this",
            "module.smart_routing_lambda.null_resource.run_script",
            "module.users_table.aws_dynamodb_table.this",
            "module.usuarios_lambda.aws_iam_role.lambda_role",
            "module.usuarios_lambda.aws_lambda_function.lambda",
            "module.usuarios_lambda.data.aws_caller_identity.current",
            "module.usuarios_lambda.data.aws_iam_policy_document.policy_doc",
            "module.usuarios_lambda.module.repo_ecr_lambda.aws_ecr_repository.this",
            "module.usuarios_lambda.null_resource.run_script",
            "module.websocket_connections_table.aws_dynamodb_table.this",
            "module.websocket_lambda.aws_iam_role.lambda_role",
            "module.websocket_lambda.aws_lambda_function.lambda",
            "module.websocket_lambda.data.aws_caller_identity.current",
            "module.websocket_lambda.data.aws_iam_policy_document.policy_doc",
            "module.websocket_lambda.module.repo_ecr_lambda.aws_ecr_repository.this",
            "module.websocket_lambda.null_resource.run_script"
          ],
          "create_before_destroy": true
        }
      ]
    },
    {
      "module": "module.api_gateway",
      "mode": "managed",
      "type": "aws_api_gateway_integration_response",
      "name": "rest_endpoint_integration_responses",
      "provider": "provider[\"registry.terraform.io/hashicorp/aws\"]",
      "instances": [
        {
          "index_key": "0",
          "schema_version": 0,
          "attributes": {
            "content_handling": "",
            "http_method": "POST",
            "id": "agir-aq72n5uzcb-90vq1h-POST-200",
            "region": "us-east-1",
            "resource_id": "90vq1h",
            "response_parameters": {},
            "response_templates": {},
            "rest_api_id": "aq72n5uzcb",
            "selection_pattern": "",
            "status_code": "200"
          },
          "sensitive_attributes": [],
          "identity_schema_version": 0,
          "private": "bnVsbA==",
          "dependencies": [
            "aws_apigatewayv2_api.websocket_api",
            "module.api_gateway.aws_api_gateway_authorizer.cognito_authorizer",
            "module.api_gateway.aws_api_gateway_integration.rest_endpoint_integrations",
            "module.api_gateway.aws_api_gateway_method.rest_endpoint_methods",
            "module.api_gateway.aws_api_gateway_method_response.rest_endpoint_method_responses",
            "module.api_gateway.aws_api_gateway_resource.base_resources",
            "module.api_gateway.aws_api_gateway_resource.main_resource",
            "module.api_gateway.aws_api_gateway_resource.variable_resources",
            "module.api_gateway.aws_api_gateway_rest_api.rest_api",
            "module.auth_lambda.aws_iam_role.lambda_role",
            "module.auth_lambda.aws_lambda_function.lambda",
            "module.auth_lambda.data.aws_caller_identity.current",
            "module.auth_lambda.data.aws_iam_policy_document.policy_doc",
            "module.auth_lambda.module.repo_ecr_lambda.aws_ecr_repository.this",
            "module.auth_lambda.null_resource.run_script",
            "module.events_queue.aws_sqs_queue.dead_letter_fifo_queue",
            "module.events_queue.aws_sqs_queue.fifo_queue",
            "module.locations_table.aws_dynamodb_table.this",
            "module.notificacoes_lambda.aws_iam_role.lambda_role",
            "module.notificacoes_lambda.aws_lambda_function.lambda",
            "module.notificacoes_lambda.data.aws_caller_identity.current",
            "module.notificacoes_lambda.data.aws_iam_policy_document.policy_doc",
            "module.notificacoes_lambda.module.repo_ecr_lambda.aws_ecr_repository.this",
            "module.notificacoes_lambda.null_resource.run_script",
            "module.notifications_general_topic.aws_sns_topic.this",
            "module.notifications_premium_topic.aws_sns_topic.this",
            "module.notifications_regional_topic.aws_sns_topic.this",
            "module.notifications_table.aws_dynamodb_table.this",
            "module.pedido_ofertas_table.aws_dynamodb_table.this",
            "module.pedidos_lambda.aws_iam_role.lambda_role",
            "module.pedidos_lambda.aws_lambda_function.lambda",
            "module.pedidos_lambda.data.aws_caller_identity.current",
            "module.pedidos_lambda.data.aws_iam_policy_document.policy_doc",
            "module.pedidos_lambda.module.repo_ecr_lambda.aws_ecr_repository.this",
            "module.pedidos_lambda.null_resource.run_script",
            "module.pedidos_table.aws_dynamodb_table.this",
            "module.rastreamento_lambda.aws_iam_role.lambda_role",
            "module.rastreamento_lambda.aws_lambda_function.lambda",
            "module.rastreamento_lambda.data.aws_caller_identity.current",
            "module.rastreamento_lambda.data.aws_iam_policy_document.policy_doc",
            "module.rastreamento_lambda.module.repo_ecr_lambda.aws_ecr_repository.this",
            "module.rastreamento_lambda.null_resource.run_script",
            "module.smart_routing_lambda.aws_iam_role.lambda_role",
            "module.smart_routing_lambda.aws_lambda_function.lambda",
            "module.smart_routing_lambda.data.aws_caller_identity.current",
            "module.smart_routing_lambda.data.aws_iam_policy_document.policy_doc",
            "module.smart_routing_lambda.module.repo_ecr_lambda.aws_ecr_repository.this",
            "module.smart_routing_lambda.null_resource.run_script",
            "module.users_table.aws_dynamodb_table.this",
            "module.usuarios_lambda.aws_iam_role.lambda_role",
            "module.usuarios_lambda.aws_lambda_function.lambda",
            "module.usuarios_lambda.data.aws_caller_identity.current",
            "module.usuarios_lambda.data.aws_iam_policy_document.policy_doc",
            "module.usuarios_lambda.module.repo_ecr_lambda.aws_ecr_repository.this",
            "module.usuarios_lambda.null_resource.run_script",
            "module.websocket_connections_table.aws_dynamodb_table.this",
            "module.websocket_lambda.aws_iam_role.lambda_role",
            "module.websocket_lambda.aws_lambda_function.lambda",
            "module.websocket_lambda.data.aws_caller_identity.current",
            "module.websocket_lambda.data.aws_iam_policy_document.policy_doc",
            "module.websocket_lambda.module.repo_ecr_lambda.aws_ecr_repository.this",
            "module.websocket_lambda.null_resource.run_script"
          ],
          "create_before_destroy": true
        },
        {
          "index_key": "1",
          "schema_version": 0,
          "attributes": {
            "content_handling": "",
            "http_method": "POST",
            "id": "agir-aq72n5uzcb-33upih-POST-201",
            "region": "us-east-1",
            "resource_id": "33upih",
            "response_parameters": {},
            "response_templates": {},
            "rest_api_id": "aq72n5uzcb",
            "selection_pattern": "",
            "status_code": "201"
          },
          "sensitive_attributes": [],
          "identity_schema_version": 0,
          "private": "bnVsbA==",
          "dependencies": [
            "aws_apigatewayv2_api.websocket_api",
            "module.api_gateway.aws_api_gateway_authorizer.cognito_authorizer",
            "module.api_gateway.aws_api_gateway_integration.rest_endpoint_integrations",
            "module.api_gateway.aws_api_gateway_method.rest_endpoint_methods",
            "module.api_gateway.aws_api_gateway_method_response.rest_endpoint_method_responses",
            "module.api_gateway.aws_api_gateway_resource.base_resources",
            "module.api_gateway.aws_api_gateway_resource.main_resource",
            "module.api_gateway.aws_api_gateway_resource.variable_resources",
            "module.api_gateway.aws_api_gateway_rest_api.rest_api",
            "module.auth_lambda.aws_iam_role.lambda_role",
            "module.auth_lambda.aws_lambda_function.lambda",
            "module.auth_lambda.data.aws_caller_identity.current",
            "module.auth_lambda.data.aws_iam_policy_document.policy_doc",
            "module.auth_lambda.module.repo_ecr_lambda.aws_ecr_repository.this",
            "module.auth_lambda.null_resource.run_script",
            "module.events_queue.aws_sqs_queue.dead_letter_fifo_queue",
            "module.events_queue.aws_sqs_queue.fifo_queue",
            "module.locations_table.aws_dynamodb_table.this",
            "module.notificacoes_lambda.aws_iam_role.lambda_role",
            "module.notificacoes_lambda.aws_lambda_function.lambda",
            "module.notificacoes_lambda.data.aws_caller_identity.current",
            "module.notificacoes_lambda.data.aws_iam_policy_document.policy_doc",
            "module.notificacoes_lambda.module.repo_ecr_lambda.aws_ecr_repository.this",
            "module.notificacoes_lambda.null_resource.run_script",
            "module.notifications_general_topic.aws_sns_topic.this",
            "module.notifications_premium_topic.aws_sns_topic.this",
            "module.notifications_regional_topic.aws_sns_topic.this",
            "module.notifications_table.aws_dynamodb_table.this",
            "module.pedido_ofertas_table.aws_dynamodb_table.this",
            "module.pedidos_lambda.aws_iam_role.lambda_role",
            "module.pedidos_lambda.aws_lambda_function.lambda",
            "module.pedidos_lambda.data.aws_caller_identity.current",
            "module.pedidos_lambda.data.aws_iam_policy_document.policy_doc",
            "module.pedidos_lambda.module.repo_ecr_lambda.aws_ecr_repository.this",
            "module.pedidos_lambda.null_resource.run_script",
            "module.pedidos_table.aws_dynamodb_table.this",
            "module.rastreamento_lambda.aws_iam_role.lambda_role",
            "module.rastreamento_lambda.aws_lambda_function.lambda",
            "module.rastreamento_lambda.data.aws_caller_identity.current",
            "module.rastreamento_lambda.data.aws_iam_policy_document.policy_doc",
            "module.rastreamento_lambda.module.repo_ecr_lambda.aws_ecr_repository.this",
            "module.rastreamento_lambda.null_resource.run_script",
            "module.smart_routing_lambda.aws_iam_role.lambda_role",
            "module.smart_routing_lambda.aws_lambda_function.lambda",
            "module.smart_routing_lambda.data.aws_caller_identity.current",
            "module.smart_routing_lambda.data.aws_iam_policy_document.policy_doc",
            "module.smart_routing_lambda.module.repo_ecr_lambda.aws_ecr_repository.this",
            "module.smart_routing_lambda.null_resource.run_script",
            "module.users_table.aws_dynamodb_table.this",
            "module.usuarios_lambda.aws_iam_role.lambda_role",
            "module.usuarios_lambda.aws_lambda_function.lambda",
            "module.usuarios_lambda.data.aws_caller_identity.current",
            "module.usuarios_lambda.data.aws_iam_policy_document.policy_doc",
            "module.usuarios_lambda.module.repo_ecr_lambda.aws_ecr_repository.this",
            "module.usuarios_lambda.null_resource.run_script",
            "module.websocket_connections_table.aws_dynamodb_table.this",
            "module.websocket_lambda.aws_iam_role.lambda_role",
            "module.websocket_lambda.aws_lambda_function.lambda",
            "module.websocket_lambda.data.aws_caller_identity.current",
            "module.websocket_lambda.data.aws_iam_policy_document.policy_doc",
            "module.websocket_lambda.module.repo_ecr_lambda.aws_ecr_repository.this",
            "module.websocket_lambda.null_resource.run_script"
          ],
          "create_before_destroy": true
        },
        {
          "index_key": "10",
          "schema_version": 0,
          "attributes": {
            "content_handling": "",
            "http_method": "POST",
            "id": "agir-aq72n5uzcb-ekiu8c-POST-200",
            "region": "us-east-1",
            "resource_id": "ekiu8c",
            "response_parameters": {},
            "response_templates": {},
            "rest_api_id": "aq72n5uzcb",
            "selection_pattern": "",
            "status_code": "200"
          },
          "sensitive_attributes": [],
          "identity_schema_version": 0,
          "private": "bnVsbA==",
          "dependencies": [
            "aws_apigatewayv2_api.websocket_api",
            "module.api_gateway.aws_api_gateway_authorizer.cognito_authorizer",
            "module.api_gateway.aws_api_gateway_integration.rest_endpoint_integrations",
            "module.api_gateway.aws_api_gateway_method.rest_endpoint_methods",
            "module.api_gateway.aws_api_gateway_method_response.rest_endpoint_method_responses",
            "module.api_gateway.aws_api_gateway_resource.base_resources",
            "module.api_gateway.aws_api_gateway_resource.main_resource",
            "module.api_gateway.aws_api_gateway_resource.variable_resources",
            "module.api_gateway.aws_api_gateway_rest_api.rest_api",
            "module.auth_lambda.aws_iam_role.lambda_role",
            "module.auth_lambda.aws_lambda_function.lambda",
            "module.auth_lambda.data.aws_caller_identity.current",
            "module.auth_lambda.data.aws_iam_policy_document.policy_doc",
            "module.auth_lambda.module.repo_ecr_lambda.aws_ecr_repository.this",
            "module.auth_lambda.null_resource.run_script",
            "module.events_queue.aws_sqs_queue.dead_letter_fifo_queue",
            "module.events_queue.aws_sqs_queue.fifo_queue",
            "module.locations_table.aws_dynamodb_table.this",
            "module.notificacoes_lambda.aws_iam_role.lambda_role",
            "module.notificacoes_lambda.aws_lambda_function.lambda",
            "module.notificacoes_lambda.data.aws_caller_identity.current",
            "module.notificacoes_lambda.data.aws_iam_policy_document.policy_doc",
            "module.notificacoes_lambda.module.repo_ecr_lambda.aws_ecr_repository.this",
            "module.notificacoes_lambda.null_resource.run_script",
            "module.notifications_general_topic.aws_sns_topic.this",
            "module.notifications_premium_topic.aws_sns_topic.this",
            "module.notifications_regional_topic.aws_sns_topic.this",
            "module.notifications_table.aws_dynamodb_table.this",
            "module.pedido_ofertas_table.aws_dynamodb_table.this",
            "module.pedidos_lambda.aws_iam_role.lambda_role",
            "module.pedidos_lambda.aws_lambda_function.lambda",
            "module.pedidos_lambda.data.aws_caller_identity.current",
            "module.pedidos_lambda.data.aws_iam_policy_document.policy_doc",
            "module.pedidos_lambda.module.repo_ecr_lambda.aws_ecr_repository.this",
            "module.pedidos_lambda.null_resource.run_script",
            "module.pedidos_table.aws_dynamodb_table.this",
            "module.rastreamento_lambda.aws_iam_role.lambda_role",
            "module.rastreamento_lambda.aws_lambda_function.lambda",
            "module.rastreamento_lambda.data.aws_caller_identity.current",
            "module.rastreamento_lambda.data.aws_iam_policy_document.policy_doc",
            "module.rastreamento_lambda.module.repo_ecr_lambda.aws_ecr_repository.this",
            "module.rastreamento_lambda.null_resource.run_script",
            "module.smart_routing_lambda.aws_iam_role.lambda_role",
            "module.smart_routing_lambda.aws_lambda_function.lambda",
            "module.smart_routing_lambda.data.aws_caller_identity.current",
            "module.smart_routing_lambda.data.aws_iam_policy_document.policy_doc",
            "module.smart_routing_lambda.module.repo_ecr_lambda.aws_ecr_repository.this",
            "module.smart_routing_lambda.null_resource.run_script",
            "module.users_table.aws_dynamodb_table.this",
            "module.usuarios_lambda.aws_iam_role.lambda_role",
            "module.usuarios_lambda.aws_lambda_function.lambda",
            "module.usuarios_lambda.data.aws_caller_identity.current",
            "module.usuarios_lambda.data.aws_iam_policy_document.policy_doc",
            "module.usuarios_lambda.module.repo_ecr_lambda.aws_ecr_repository.this",
            "module.usuarios_lambda.null_resource.run_script",
            "module.websocket_connections_table.aws_dynamodb_table.this",
            "module.websocket_lambda.aws_iam_role.lambda_role",
            "module.websocket_lambda.aws_lambda_function.lambda",
            "module.websocket_lambda.data.aws_caller_identity.current",
            "module.websocket_lambda.data.aws_iam_policy_document.policy_doc",
            "module.websocket_lambda.module.repo_ecr_lambda.aws_ecr_repository.this",
            "module.websocket_lambda.null_resource.run_script"
          ],
          "create_before_destroy": true
        },
        {
          "index_key": "11",
          "schema_version": 0,
          "attributes": {
            "content_handling": "",
            "http_method": "GET",
            "id": "agir-aq72n5uzcb-ag8dzm-GET-200",
            "region": "us-east-1",
            "resource_id": "ag8dzm",
            "response_parameters": {},
            "response_templates": {},
            "rest_api_id": "aq72n5uzcb",
            "selection_pattern": "",
            "status_code": "200"
          },
          "sensitive_attributes": [],
          "identity_schema_version": 0,
          "private": "bnVsbA==",
          "dependencies": [
            "aws_apigatewayv2_api.websocket_api",
            "module.api_gateway.aws_api_gateway_authorizer.cognito_authorizer",
            "module.api_gateway.aws_api_gateway_integration.rest_endpoint_integrations",
            "module.api_gateway.aws_api_gateway_method.rest_endpoint_methods",
            "module.api_gateway.aws_api_gateway_method_response.rest_endpoint_method_responses",
            "module.api_gateway.aws_api_gateway_resource.base_resources",
            "module.api_gateway.aws_api_gateway_resource.main_resource",
            "module.api_gateway.aws_api_gateway_resource.variable_resources",
            "module.api_gateway.aws_api_gateway_rest_api.rest_api",
            "module.auth_lambda.aws_iam_role.lambda_role",
            "module.auth_lambda.aws_lambda_function.lambda",
            "module.auth_lambda.data.aws_caller_identity.current",
            "module.auth_lambda.data.aws_iam_policy_document.policy_doc",
            "module.auth_lambda.module.repo_ecr_lambda.aws_ecr_repository.this",
            "module.auth_lambda.null_resource.run_script",
            "module.events_queue.aws_sqs_queue.dead_letter_fifo_queue",
            "module.events_queue.aws_sqs_queue.fifo_queue",
            "module.locations_table.aws_dynamodb_table.this",
            "module.notificacoes_lambda.aws_iam_role.lambda_role",
            "module.notificacoes_lambda.aws_lambda_function.lambda",
            "module.notificacoes_lambda.data.aws_caller_identity.current",
            "module.notificacoes_lambda.data.aws_iam_policy_document.policy_doc",
            "module.notificacoes_lambda.module.repo_ecr_lambda.aws_ecr_repository.this",
            "module.notificacoes_lambda.null_resource.run_script",
            "module.notifications_general_topic.aws_sns_topic.this",
            "module.notifications_premium_topic.aws_sns_topic.this",
            "module.notifications_regional_topic.aws_sns_topic.this",
            "module.notifications_table.aws_dynamodb_table.this",
            "module.pedido_ofertas_table.aws_dynamodb_table.this",
            "module.pedidos_lambda.aws_iam_role.lambda_role",
            "module.pedidos_lambda.aws_lambda_function.lambda",
            "module.pedidos_lambda.data.aws_caller_identity.current",
            "module.pedidos_lambda.data.aws_iam_policy_document.policy_doc",
            "module.pedidos_lambda.module.repo_ecr_lambda.aws_ecr_repository.this",
            "module.pedidos_lambda.null_resource.run_script",
            "module.pedidos_table.aws_dynamodb_table.this",
            "module.rastreamento_lambda.aws_iam_role.lambda_role",
            "module.rastreamento_lambda.aws_lambda_function.lambda",
            "module.rastreamento_lambda.data.aws_caller_identity.current",
            "module.rastreamento_lambda.data.aws_iam_policy_document.policy_doc",
            "module.rastreamento_lambda.module.repo_ecr_lambda.aws_ecr_repository.this",
            "module.rastreamento_lambda.null_resource.run_script",
            "module.smart_routing_lambda.aws_iam_role.lambda_role",
            "module.smart_routing_lambda.aws_lambda_function.lambda",
            "module.smart_routing_lambda.data.aws_caller_identity.current",
            "module.smart_routing_lambda.data.aws_iam_policy_document.policy_doc",
            "module.smart_routing_lambda.module.repo_ecr_lambda.aws_ecr_repository.this",
            "module.smart_routing_lambda.null_resource.run_script",
            "module.users_table.aws_dynamodb_table.this",
            "module.usuarios_lambda.aws_iam_role.lambda_role",
            "module.usuarios_lambda.aws_lambda_function.lambda",
            "module.usuarios_lambda.data.aws_caller_identity.current",
            "module.usuarios_lambda.data.aws_iam_policy_document.policy_doc",
            "module.usuarios_lambda.module.repo_ecr_lambda.aws_ecr_repository.this",
            "module.usuarios_lambda.null_resource.run_script",
            "module.websocket_connections_table.aws_dynamodb_table.this",
            "module.websocket_lambda.aws_iam_role.lambda_role",
            "module.websocket_lambda.aws_lambda_function.lambda",
            "module.websocket_lambda.data.aws_caller_identity.current",
            "module.websocket_lambda.data.aws_iam_policy_document.policy_doc",
            "module.websocket_lambda.module.repo_ecr_lambda.aws_ecr_repository.this",
            "module.websocket_lambda.null_resource.run_script"
          ],
          "create_before_destroy": true
        },
        {
          "index_key": "12",
          "schema_version": 0,
          "attributes": {
            "content_handling": "",
            "http_method": "GET",
            "id": "agir-aq72n5uzcb-zzb23a-GET-200",
            "region": "us-east-1",
            "resource_id": "zzb23a",
            "response_parameters": {},
            "response_templates": {},
            "rest_api_id": "aq72n5uzcb",
            "selection_pattern": "",
            "status_code": "200"
          },
          "sensitive_attributes": [],
          "identity_schema_version": 0,
          "private": "bnVsbA==",
          "dependencies": [
            "aws_apigatewayv2_api.websocket_api",
            "module.api_gateway.aws_api_gateway_authorizer.cognito_authorizer",
            "module.api_gateway.aws_api_gateway_integration.rest_endpoint_integrations",
            "module.api_gateway.aws_api_gateway_method.rest_endpoint_methods",
            "module.api_gateway.aws_api_gateway_method_response.rest_endpoint_method_responses",
            "module.api_gateway.aws_api_gateway_resource.base_resources",
            "module.api_gateway.aws_api_gateway_resource.main_resource",
            "module.api_gateway.aws_api_gateway_resource.variable_resources",
            "module.api_gateway.aws_api_gateway_rest_api.rest_api",
            "module.auth_lambda.aws_iam_role.lambda_role",
            "module.auth_lambda.aws_lambda_function.lambda",
            "module.auth_lambda.data.aws_caller_identity.current",
            "module.auth_lambda.data.aws_iam_policy_document.policy_doc",
            "module.auth_lambda.module.repo_ecr_lambda.aws_ecr_repository.this",
            "module.auth_lambda.null_resource.run_script",
            "module.events_queue.aws_sqs_queue.dead_letter_fifo_queue",
            "module.events_queue.aws_sqs_queue.fifo_queue",
            "module.locations_table.aws_dynamodb_table.this",
            "module.notificacoes_lambda.aws_iam_role.lambda_role",
            "module.notificacoes_lambda.aws_lambda_function.lambda",
            "module.notificacoes_lambda.data.aws_caller_identity.current",
            "module.notificacoes_lambda.data.aws_iam_policy_document.policy_doc",
            "module.notificacoes_lambda.module.repo_ecr_lambda.aws_ecr_repository.this",
            "module.notificacoes_lambda.null_resource.run_script",
            "module.notifications_general_topic.aws_sns_topic.this",
            "module.notifications_premium_topic.aws_sns_topic.this",
            "module.notifications_regional_topic.aws_sns_topic.this",
            "module.notifications_table.aws_dynamodb_table.this",
            "module.pedido_ofertas_table.aws_dynamodb_table.this",
            "module.pedidos_lambda.aws_iam_role.lambda_role",
            "module.pedidos_lambda.aws_lambda_function.lambda",
            "module.pedidos_lambda.data.aws_caller_identity.current",
            "module.pedidos_lambda.data.aws_iam_policy_document.policy_doc",
            "module.pedidos_lambda.module.repo_ecr_lambda.aws_ecr_repository.this",
            "module.pedidos_lambda.null_resource.run_script",
            "module.pedidos_table.aws_dynamodb_table.this",
            "module.rastreamento_lambda.aws_iam_role.lambda_role",
            "module.rastreamento_lambda.aws_lambda_function.lambda",
            "module.rastreamento_lambda.data.aws_caller_identity.current",
            "module.rastreamento_lambda.data.aws_iam_policy_document.policy_doc",
            "module.rastreamento_lambda.module.repo_ecr_lambda.aws_ecr_repository.this",
            "module.rastreamento_lambda.null_resource.run_script",
            "module.smart_routing_lambda.aws_iam_role.lambda_role",
            "module.smart_routing_lambda.aws_lambda_function.lambda",
            "module.smart_routing_lambda.data.aws_caller_identity.current",
            "module.smart_routing_lambda.data.aws_iam_policy_document.policy_doc",
            "module.smart_routing_lambda.module.repo_ecr_lambda.aws_ecr_repository.this",
            "module.smart_routing_lambda.null_resource.run_script",
            "module.users_table.aws_dynamodb_table.this",
            "module.usuarios_lambda.aws_iam_role.lambda_role",
            "module.usuarios_lambda.aws_lambda_function.lambda",
            "module.usuarios_lambda.data.aws_caller_identity.current",
            "module.usuarios_lambda.data.aws_iam_policy_document.policy_doc",
            "module.usuarios_lambda.module.repo_ecr_lambda.aws_ecr_repository.this",
            "module.usuarios_lambda.null_resource.run_script",
            "module.websocket_connections_table.aws_dynamodb_table.this",
            "module.websocket_lambda.aws_iam_role.lambda_role",
            "module.websocket_lambda.aws_lambda_function.lambda",
            "module.websocket_lambda.data.aws_caller_identity.current",
            "module.websocket_lambda.data.aws_iam_policy_document.policy_doc",
            "module.websocket_lambda.module.repo_ecr_lambda.aws_ecr_repository.this",
            "module.websocket_lambda.null_resource.run_script"
          ],
          "create_before_destroy": true
        },
        {
          "index_key": "13",
          "schema_version": 0,
          "attributes": {
            "content_handling": "",
            "http_method": "GET",
            "id": "agir-aq72n5uzcb-w1b7i6-GET-200",
            "region": "us-east-1",
            "resource_id": "w1b7i6",
            "response_parameters": {},
            "response_templates": {},
            "rest_api_id": "aq72n5uzcb",
            "selection_pattern": "",
            "status_code": "200"
          },
          "sensitive_attributes": [],
          "identity_schema_version": 0,
          "private": "bnVsbA==",
          "dependencies": [
            "aws_apigatewayv2_api.websocket_api",
            "module.api_gateway.aws_api_gateway_authorizer.cognito_authorizer",
            "module.api_gateway.aws_api_gateway_integration.rest_endpoint_integrations",
            "module.api_gateway.aws_api_gateway_method.rest_endpoint_methods",
            "module.api_gateway.aws_api_gateway_method_response.rest_endpoint_method_responses",
            "module.api_gateway.aws_api_gateway_resource.base_resources",
            "module.api_gateway.aws_api_gateway_resource.main_resource",
            "module.api_gateway.aws_api_gateway_resource.variable_resources",
            "module.api_gateway.aws_api_gateway_rest_api.rest_api",
            "module.auth_lambda.aws_iam_role.lambda_role",
            "module.auth_lambda.aws_lambda_function.lambda",
            "module.auth_lambda.data.aws_caller_identity.current",
            "module.auth_lambda.data.aws_iam_policy_document.policy_doc",
            "module.auth_lambda.module.repo_ecr_lambda.aws_ecr_repository.this",
            "module.auth_lambda.null_resource.run_script",
            "module.events_queue.aws_sqs_queue.dead_letter_fifo_queue",
            "module.events_queue.aws_sqs_queue.fifo_queue",
            "module.locations_table.aws_dynamodb_table.this",
            "module.notificacoes_lambda.aws_iam_role.lambda_role",
            "module.notificacoes_lambda.aws_lambda_function.lambda",
            "module.notificacoes_lambda.data.aws_caller_identity.current",
            "module.notificacoes_lambda.data.aws_iam_policy_document.policy_doc",
            "module.notificacoes_lambda.module.repo_ecr_lambda.aws_ecr_repository.this",
            "module.notificacoes_lambda.null_resource.run_script",
            "module.notifications_general_topic.aws_sns_topic.this",
            "module.notifications_premium_topic.aws_sns_topic.this",
            "module.notifications_regional_topic.aws_sns_topic.this",
            "module.notifications_table.aws_dynamodb_table.this",
            "module.pedido_ofertas_table.aws_dynamodb_table.this",
            "module.pedidos_lambda.aws_iam_role.lambda_role",
            "module.pedidos_lambda.aws_lambda_function.lambda",
            "module.pedidos_lambda.data.aws_caller_identity.current",
            "module.pedidos_lambda.data.aws_iam_policy_document.policy_doc",
            "module.pedidos_lambda.module.repo_ecr_lambda.aws_ecr_repository.this",
            "module.pedidos_lambda.null_resource.run_script",
            "module.pedidos_table.aws_dynamodb_table.this",
            "module.rastreamento_lambda.aws_iam_role.lambda_role",
            "module.rastreamento_lambda.aws_lambda_function.lambda",
            "module.rastreamento_lambda.data.aws_caller_identity.current",
            "module.rastreamento_lambda.data.aws_iam_policy_document.policy_doc",
            "module.rastreamento_lambda.module.repo_ecr_lambda.aws_ecr_repository.this",
            "module.rastreamento_lambda.null_resource.run_script",
            "module.smart_routing_lambda.aws_iam_role.lambda_role",
            "module.smart_routing_lambda.aws_lambda_function.lambda",
            "module.smart_routing_lambda.data.aws_caller_identity.current",
            "module.smart_routing_lambda.data.aws_iam_policy_document.policy_doc",
            "module.smart_routing_lambda.module.repo_ecr_lambda.aws_ecr_repository.this",
            "module.smart_routing_lambda.null_resource.run_script",
            "module.users_table.aws_dynamodb_table.this",
            "module.usuarios_lambda.aws_iam_role.lambda_role",
            "module.usuarios_lambda.aws_lambda_function.lambda",
            "module.usuarios_lambda.data.aws_caller_identity.current",
            "module.usuarios_lambda.data.aws_iam_policy_document.policy_doc",
            "module.usuarios_lambda.module.repo_ecr_lambda.aws_ecr_repository.this",
            "module.usuarios_lambda.null_resource.run_script",
            "module.websocket_connections_table.aws_dynamodb_table.this",
            "module.websocket_lambda.aws_iam_role.lambda_role",
            "module.websocket_lambda.aws_lambda_function.lambda",
            "module.websocket_lambda.data.aws_caller_identity.current",
            "module.websocket_lambda.data.aws_iam_policy_document.policy_doc",
            "module.websocket_lambda.module.repo_ecr_lambda.aws_ecr_repository.this",
            "module.websocket_lambda.null_resource.run_script"
          ],
          "create_before_destroy": true
        },
        {
          "index_key": "14",
          "schema_version": 0,
          "attributes": {
            "content_handling": "",
            "http_method": "GET",
            "id": "agir-aq72n5uzcb-gc9ceo-GET-200",
            "region": "us-east-1",
            "resource_id": "gc9ceo",
            "response_parameters": {},
            "response_templates": {},
            "rest_api_id": "aq72n5uzcb",
            "selection_pattern": "",
            "status_code": "200"
          },
          "sensitive_attributes": [],
          "identity_schema_version": 0,
          "private": "bnVsbA==",
          "dependencies": [
            "aws_apigatewayv2_api.websocket_api",
            "module.api_gateway.aws_api_gateway_authorizer.cognito_authorizer",
            "module.api_gateway.aws_api_gateway_integration.rest_endpoint_integrations",
            "module.api_gateway.aws_api_gateway_method.rest_endpoint_methods",
            "module.api_gateway.aws_api_gateway_method_response.rest_endpoint_method_responses",
            "module.api_gateway.aws_api_gateway_resource.base_resources",
            "module.api_gateway.aws_api_gateway_resource.main_resource",
            "module.api_gateway.aws_api_gateway_resource.variable_resources",
            "module.api_gateway.aws_api_gateway_rest_api.rest_api",
            "module.auth_lambda.aws_iam_role.lambda_role",
            "module.auth_lambda.aws_lambda_function.lambda",
            "module.auth_lambda.data.aws_caller_identity.current",
            "module.auth_lambda.data.aws_iam_policy_document.policy_doc",
            "module.auth_lambda.module.repo_ecr_lambda.aws_ecr_repository.this",
            "module.auth_lambda.null_resource.run_script",
            "module.events_queue.aws_sqs_queue.dead_letter_fifo_queue",
            "module.events_queue.aws_sqs_queue.fifo_queue",
            "module.locations_table.aws_dynamodb_table.this",
            "module.notificacoes_lambda.aws_iam_role.lambda_role",
            "module.notificacoes_lambda.aws_lambda_function.lambda",
            "module.notificacoes_lambda.data.aws_caller_identity.current",
            "module.notificacoes_lambda.data.aws_iam_policy_document.policy_doc",
            "module.notificacoes_lambda.module.repo_ecr_lambda.aws_ecr_repository.this",
            "module.notificacoes_lambda.null_resource.run_script",
            "module.notifications_general_topic.aws_sns_topic.this",
            "module.notifications_premium_topic.aws_sns_topic.this",
            "module.notifications_regional_topic.aws_sns_topic.this",
            "module.notifications_table.aws_dynamodb_table.this",
            "module.pedido_ofertas_table.aws_dynamodb_table.this",
            "module.pedidos_lambda.aws_iam_role.lambda_role",
            "module.pedidos_lambda.aws_lambda_function.lambda",
            "module.pedidos_lambda.data.aws_caller_identity.current",
            "module.pedidos_lambda.data.aws_iam_policy_document.policy_doc",
            "module.pedidos_lambda.module.repo_ecr_lambda.aws_ecr_repository.this",
            "module.pedidos_lambda.null_resource.run_script",
            "module.pedidos_table.aws_dynamodb_table.this",
            "module.rastreamento_lambda.aws_iam_role.lambda_role",
            "module.rastreamento_lambda.aws_lambda_function.lambda",
            "module.rastreamento_lambda.data.aws_caller_identity.current",
            "module.rastreamento_lambda.data.aws_iam_policy_document.policy_doc",
            "module.rastreamento_lambda.module.repo_ecr_lambda.aws_ecr_repository.this",
            "module.rastreamento_lambda.null_resource.run_script",
            "module.smart_routing_lambda.aws_iam_role.lambda_role",
            "module.smart_routing_lambda.aws_lambda_function.lambda",
            "module.smart_routing_lambda.data.aws_caller_identity.current",
            "module.smart_routing_lambda.data.aws_iam_policy_document.policy_doc",
            "module.smart_routing_lambda.module.repo_ecr_lambda.aws_ecr_repository.this",
            "module.smart_routing_lambda.null_resource.run_script",
            "module.users_table.aws_dynamodb_table.this",
            "module.usuarios_lambda.aws_iam_role.lambda_role",
            "module.usuarios_lambda.aws_lambda_function.lambda",
            "module.usuarios_lambda.data.aws_caller_identity.current",
            "module.usuarios_lambda.data.aws_iam_policy_document.policy_doc",
            "module.usuarios_lambda.module.repo_ecr_lambda.aws_ecr_repository.this",
            "module.usuarios_lambda.null_resource.run_script",
            "module.websocket_connections_table.aws_dynamodb_table.this",
            "module.websocket_lambda.aws_iam_role.lambda_role",
            "module.websocket_lambda.aws_lambda_function.lambda",
            "module.websocket_lambda.data.aws_caller_identity.current",
            "module.websocket_lambda.data.aws_iam_policy_document.policy_doc",
            "module.websocket_lambda.module.repo_ecr_lambda.aws_ecr_repository.this",
            "module.websocket_lambda.null_resource.run_script"
          ],
          "create_before_destroy": true
        },
        {
          "index_key": "15",
          "schema_version": 0,
          "attributes": {
            "content_handling": "",
            "http_method": "POST",
            "id": "agir-aq72n5uzcb-f2k6l6-POST-200",
            "region": "us-east-1",
            "resource_id": "f2k6l6",
            "response_parameters": {},
            "response_templates": {},
            "rest_api_id": "aq72n5uzcb",
            "selection_pattern": "",
            "status_code": "200"
          },
          "sensitive_attributes": [],
          "identity_schema_version": 0,
          "private": "bnVsbA==",
          "dependencies": [
            "aws_apigatewayv2_api.websocket_api",
            "module.api_gateway.aws_api_gateway_authorizer.cognito_authorizer",
            "module.api_gateway.aws_api_gateway_integration.rest_endpoint_integrations",
            "module.api_gateway.aws_api_gateway_method.rest_endpoint_methods",
            "module.api_gateway.aws_api_gateway_method_response.rest_endpoint_method_responses",
            "module.api_gateway.aws_api_gateway_resource.base_resources",
            "module.api_gateway.aws_api_gateway_resource.main_resource",
            "module.api_gateway.aws_api_gateway_resource.variable_resources",
            "module.api_gateway.aws_api_gateway_rest_api.rest_api",
            "module.auth_lambda.aws_iam_role.lambda_role",
            "module.auth_lambda.aws_lambda_function.lambda",
            "module.auth_lambda.data.aws_caller_identity.current",
            "module.auth_lambda.data.aws_iam_policy_document.policy_doc",
            "module.auth_lambda.module.repo_ecr_lambda.aws_ecr_repository.this",
            "module.auth_lambda.null_resource.run_script",
            "module.events_queue.aws_sqs_queue.dead_letter_fifo_queue",
            "module.events_queue.aws_sqs_queue.fifo_queue",
            "module.locations_table.aws_dynamodb_table.this",
            "module.notificacoes_lambda.aws_iam_role.lambda_role",
            "module.notificacoes_lambda.aws_lambda_function.lambda",
            "module.notificacoes_lambda.data.aws_caller_identity.current",
            "module.notificacoes_lambda.data.aws_iam_policy_document.policy_doc",
            "module.notificacoes_lambda.module.repo_ecr_lambda.aws_ecr_repository.this",
            "module.notificacoes_lambda.null_resource.run_script",
            "module.notifications_general_topic.aws_sns_topic.this",
            "module.notifications_premium_topic.aws_sns_topic.this",
            "module.notifications_regional_topic.aws_sns_topic.this",
            "module.notifications_table.aws_dynamodb_table.this",
            "module.pedido_ofertas_table.aws_dynamodb_table.this",
            "module.pedidos_lambda.aws_iam_role.lambda_role",
            "module.pedidos_lambda.aws_lambda_function.lambda",
            "module.pedidos_lambda.data.aws_caller_identity.current",
            "module.pedidos_lambda.data.aws_iam_policy_document.policy_doc",
            "module.pedidos_lambda.module.repo_ecr_lambda.aws_ecr_repository.this",
            "module.pedidos_lambda.null_resource.run_script",
            "module.pedidos_table.aws_dynamodb_table.this",
            "module.rastreamento_lambda.aws_iam_role.lambda_role",
            "module.rastreamento_lambda.aws_lambda_function.lambda",
            "module.rastreamento_lambda.data.aws_caller_identity.current",
            "module.rastreamento_lambda.data.aws_iam_policy_document.policy_doc",
            "module.rastreamento_lambda.module.repo_ecr_lambda.aws_ecr_repository.this",
            "module.rastreamento_lambda.null_resource.run_script",
            "module.smart_routing_lambda.aws_iam_role.lambda_role",
            "module.smart_routing_lambda.aws_lambda_function.lambda",
            "module.smart_routing_lambda.data.aws_caller_identity.current",
            "module.smart_routing_lambda.data.aws_iam_policy_document.policy_doc",
            "module.smart_routing_lambda.module.repo_ecr_lambda.aws_ecr_repository.this",
            "module.smart_routing_lambda.null_resource.run_script",
            "module.users_table.aws_dynamodb_table.this",
            "module.usuarios_lambda.aws_iam_role.lambda_role",
            "module.usuarios_lambda.aws_lambda_function.lambda",
            "module.usuarios_lambda.data.aws_caller_identity.current",
            "module.usuarios_lambda.data.aws_iam_policy_document.policy_doc",
            "module.usuarios_lambda.module.repo_ecr_lambda.aws_ecr_repository.this",
            "module.usuarios_lambda.null_resource.run_script",
            "module.websocket_connections_table.aws_dynamodb_table.this",
            "module.websocket_lambda.aws_iam_role.lambda_role",
            "module.websocket_lambda.aws_lambda_function.lambda",
            "module.websocket_lambda.data.aws_caller_identity.current",
            "module.websocket_lambda.data.aws_iam_policy_document.policy_doc",
            "module.websocket_lambda.module.repo_ecr_lambda.aws_ecr_repository.this",
            "module.websocket_lambda.null_resource.run_script"
          ],
          "create_before_destroy": true
        },
        {
          "index_key": "16",
          "schema_version": 0,
          "attributes": {
            "content_handling": "",
            "http_method": "POST",
            "id": "agir-aq72n5uzcb-mjbx9c-POST-200",
            "region": "us-east-1",
            "resource_id": "mjbx9c",
            "response_parameters": {},
            "response_templates": {},
            "rest_api_id": "aq72n5uzcb",
            "selection_pattern": "",
            "status_code": "200"
          },
          "sensitive_attributes": [],
          "identity_schema_version": 0,
          "private": "bnVsbA==",
          "dependencies": [
            "aws_apigatewayv2_api.websocket_api",
            "module.api_gateway.aws_api_gateway_authorizer.cognito_authorizer",
            "module.api_gateway.aws_api_gateway_integration.rest_endpoint_integrations",
            "module.api_gateway.aws_api_gateway_method.rest_endpoint_methods",
            "module.api_gateway.aws_api_gateway_method_response.rest_endpoint_method_responses",
            "module.api_gateway.aws_api_gateway_resource.base_resources",
            "module.api_gateway.aws_api_gateway_resource.main_resource",
            "module.api_gateway.aws_api_gateway_resource.variable_resources",
            "module.api_gateway.aws_api_gateway_rest_api.rest_api",
            "module.auth_lambda.aws_iam_role.lambda_role",
            "module.auth_lambda.aws_lambda_function.lambda",
            "module.auth_lambda.data.aws_caller_identity.current",
            "module.auth_lambda.data.aws_iam_policy_document.policy_doc",
            "module.auth_lambda.module.repo_ecr_lambda.aws_ecr_repository.this",
            "module.auth_lambda.null_resource.run_script",
            "module.events_queue.aws_sqs_queue.dead_letter_fifo_queue",
            "module.events_queue.aws_sqs_queue.fifo_queue",
            "module.locations_table.aws_dynamodb_table.this",
            "module.notificacoes_lambda.aws_iam_role.lambda_role",
            "module.notificacoes_lambda.aws_lambda_function.lambda",
            "module.notificacoes_lambda.data.aws_caller_identity.current",
            "module.notificacoes_lambda.data.aws_iam_policy_document.policy_doc",
            "module.notificacoes_lambda.module.repo_ecr_lambda.aws_ecr_repository.this",
            "module.notificacoes_lambda.null_resource.run_script",
            "module.notifications_general_topic.aws_sns_topic.this",
            "module.notifications_premium_topic.aws_sns_topic.this",
            "module.notifications_regional_topic.aws_sns_topic.this",
            "module.notifications_table.aws_dynamodb_table.this",
            "module.pedido_ofertas_table.aws_dynamodb_table.this",
            "module.pedidos_lambda.aws_iam_role.lambda_role",
            "module.pedidos_lambda.aws_lambda_function.lambda",
            "module.pedidos_lambda.data.aws_caller_identity.current",
            "module.pedidos_lambda.data.aws_iam_policy_document.policy_doc",
            "module.pedidos_lambda.module.repo_ecr_lambda.aws_ecr_repository.this",
            "module.pedidos_lambda.null_resource.run_script",
            "module.pedidos_table.aws_dynamodb_table.this",
            "module.rastreamento_lambda.aws_iam_role.lambda_role",
            "module.rastreamento_lambda.aws_lambda_function.lambda",
            "module.rastreamento_lambda.data.aws_caller_identity.current",
            "module.rastreamento_lambda.data.aws_iam_policy_document.policy_doc",
            "module.rastreamento_lambda.module.repo_ecr_lambda.aws_ecr_repository.this",
            "module.rastreamento_lambda.null_resource.run_script",
            "module.smart_routing_lambda.aws_iam_role.lambda_role",
            "module.smart_routing_lambda.aws_lambda_function.lambda",
            "module.smart_routing_lambda.data.aws_caller_identity.current",
            "module.smart_routing_lambda.data.aws_iam_policy_document.policy_doc",
            "module.smart_routing_lambda.module.repo_ecr_lambda.aws_ecr_repository.this",
            "module.smart_routing_lambda.null_resource.run_script",
            "module.users_table.aws_dynamodb_table.this",
            "module.usuarios_lambda.aws_iam_role.lambda_role",
            "module.usuarios_lambda.aws_lambda_function.lambda",
            "module.usuarios_lambda.data.aws_caller_identity.current",
            "module.usuarios_lambda.data.aws_iam_policy_document.policy_doc",
            "module.usuarios_lambda.module.repo_ecr_lambda.aws_ecr_repository.this",
            "module.usuarios_lambda.null_resource.run_script",
            "module.websocket_connections_table.aws_dynamodb_table.this",
            "module.websocket_lambda.aws_iam_role.lambda_role",
            "module.websocket_lambda.aws_lambda_function.lambda",
            "module.websocket_lambda.data.aws_caller_identity.current",
            "module.websocket_lambda.data.aws_iam_policy_document.policy_doc",
            "module.websocket_lambda.module.repo_ecr_lambda.aws_ecr_repository.this",
            "module.websocket_lambda.null_resource.run_script"
          ],
          "create_before_destroy": true
        },
        {
          "index_key": "17",
          "schema_version": 0,
          "attributes": {
            "content_handling": "",
            "http_method": "POST",
            "id": "agir-aq72n5uzcb-d5bc68-POST-200",
            "region": "us-east-1",
            "resource_id": "d5bc68",
            "response_parameters": {},
            "response_templates": {},
            "rest_api_id": "aq72n5uzcb",
            "selection_pattern": "",
            "status_code": "200"
          },
          "sensitive_attributes": [],
          "identity_schema_version": 0,
          "private": "bnVsbA==",
          "dependencies": [
            "aws_apigatewayv2_api.websocket_api",
            "module.api_gateway.aws_api_gateway_authorizer.cognito_authorizer",
            "module.api_gateway.aws_api_gateway_integration.rest_endpoint_integrations",
            "module.api_gateway.aws_api_gateway_method.rest_endpoint_methods",
            "module.api_gateway.aws_api_gateway_method_response.rest_endpoint_method_responses",
            "module.api_gateway.aws_api_gateway_resource.base_resources",
            "module.api_gateway.aws_api_gateway_resource.main_resource",
            "module.api_gateway.aws_api_gateway_resource.variable_resources",
            "module.api_gateway.aws_api_gateway_rest_api.rest_api",
            "module.auth_lambda.aws_iam_role.lambda_role",
            "module.auth_lambda.aws_lambda_function.lambda",
            "module.auth_lambda.data.aws_caller_identity.current",
            "module.auth_lambda.data.aws_iam_policy_document.policy_doc",
            "module.auth_lambda.module.repo_ecr_lambda.aws_ecr_repository.this",
            "module.auth_lambda.null_resource.run_script",
            "module.events_queue.aws_sqs_queue.dead_letter_fifo_queue",
            "module.events_queue.aws_sqs_queue.fifo_queue",
            "module.locations_table.aws_dynamodb_table.this",
            "module.notificacoes_lambda.aws_iam_role.lambda_role",
            "module.notificacoes_lambda.aws_lambda_function.lambda",
            "module.notificacoes_lambda.data.aws_caller_identity.current",
            "module.notificacoes_lambda.data.aws_iam_policy_document.policy_doc",
            "module.notificacoes_lambda.module.repo_ecr_lambda.aws_ecr_repository.this",
            "module.notificacoes_lambda.null_resource.run_script",
            "module.notifications_general_topic.aws_sns_topic.this",
            "module.notifications_premium_topic.aws_sns_topic.this",
            "module.notifications_regional_topic.aws_sns_topic.this",
            "module.notifications_table.aws_dynamodb_table.this",
            "module.pedido_ofertas_table.aws_dynamodb_table.this",
            "module.pedidos_lambda.aws_iam_role.lambda_role",
            "module.pedidos_lambda.aws_lambda_function.lambda",
            "module.pedidos_lambda.data.aws_caller_identity.current",
            "module.pedidos_lambda.data.aws_iam_policy_document.policy_doc",
            "module.pedidos_lambda.module.repo_ecr_lambda.aws_ecr_repository.this",
            "module.pedidos_lambda.null_resource.run_script",
            "module.pedidos_table.aws_dynamodb_table.this",
            "module.rastreamento_lambda.aws_iam_role.lambda_role",
            "module.rastreamento_lambda.aws_lambda_function.lambda",
            "module.rastreamento_lambda.data.aws_caller_identity.current",
            "module.rastreamento_lambda.data.aws_iam_policy_document.policy_doc",
            "module.rastreamento_lambda.module.repo_ecr_lambda.aws_ecr_repository.this",
            "module.rastreamento_lambda.null_resource.run_script",
            "module.smart_routing_lambda.aws_iam_role.lambda_role",
            "module.smart_routing_lambda.aws_lambda_function.lambda",
            "module.smart_routing_lambda.data.aws_caller_identity.current",
            "module.smart_routing_lambda.data.aws_iam_policy_document.policy_doc",
            "module.smart_routing_lambda.module.repo_ecr_lambda.aws_ecr_repository.this",
            "module.smart_routing_lambda.null_resource.run_script",
            "module.users_table.aws_dynamodb_table.this",
            "module.usuarios_lambda.aws_iam_role.lambda_role",
            "module.usuarios_lambda.aws_lambda_function.lambda",
            "module.usuarios_lambda.data.aws_caller_identity.current",
            "module.usuarios_lambda.data.aws_iam_policy_document.policy_doc",
            "module.usuarios_lambda.module.repo_ecr_lambda.aws_ecr_repository.this",
            "module.usuarios_lambda.null_resource.run_script",
            "module.websocket_connections_table.aws_dynamodb_table.this",
            "module.websocket_lambda.aws_iam_role.lambda_role",
            "module.websocket_lambda.aws_lambda_function.lambda",
            "module.websocket_lambda.data.aws_caller_identity.current",
            "module.websocket_lambda.data.aws_iam_policy_document.policy_doc",
            "module.websocket_lambda.module.repo_ecr_lambda.aws_ecr_repository.this",
            "module.websocket_lambda.null_resource.run_script"
          ],
          "create_before_destroy": true
        },
        {
          "index_key": "18",
          "schema_version": 0,
          "attributes": {
            "content_handling": "",
            "http_method": "GET",
            "id": "agir-aq72n5uzcb-m84byw-GET-200",
            "region": "us-east-1",
            "resource_id": "m84byw",
            "response_parameters": {},
            "response_templates": {},
            "rest_api_id": "aq72n5uzcb",
            "selection_pattern": "",
            "status_code": "200"
          },
          "sensitive_attributes": [],
          "identity_schema_version": 0,
          "private": "bnVsbA==",
          "dependencies": [
            "aws_apigatewayv2_api.websocket_api",
            "module.api_gateway.aws_api_gateway_authorizer.cognito_authorizer",
            "module.api_gateway.aws_api_gateway_integration.rest_endpoint_integrations",
            "module.api_gateway.aws_api_gateway_method.rest_endpoint_methods",
            "module.api_gateway.aws_api_gateway_method_response.rest_endpoint_method_responses",
            "module.api_gateway.aws_api_gateway_resource.base_resources",
            "module.api_gateway.aws_api_gateway_resource.main_resource",
            "module.api_gateway.aws_api_gateway_resource.variable_resources",
            "module.api_gateway.aws_api_gateway_rest_api.rest_api",
            "module.auth_lambda.aws_iam_role.lambda_role",
            "module.auth_lambda.aws_lambda_function.lambda",
            "module.auth_lambda.data.aws_caller_identity.current",
            "module.auth_lambda.data.aws_iam_policy_document.policy_doc",
            "module.auth_lambda.module.repo_ecr_lambda.aws_ecr_repository.this",
            "module.auth_lambda.null_resource.run_script",
            "module.events_queue.aws_sqs_queue.dead_letter_fifo_queue",
            "module.events_queue.aws_sqs_queue.fifo_queue",
            "module.locations_table.aws_dynamodb_table.this",
            "module.notificacoes_lambda.aws_iam_role.lambda_role",
            "module.notificacoes_lambda.aws_lambda_function.lambda",
            "module.notificacoes_lambda.data.aws_caller_identity.current",
            "module.notificacoes_lambda.data.aws_iam_policy_document.policy_doc",
            "module.notificacoes_lambda.module.repo_ecr_lambda.aws_ecr_repository.this",
            "module.notificacoes_lambda.null_resource.run_script",
            "module.notifications_general_topic.aws_sns_topic.this",
            "module.notifications_premium_topic.aws_sns_topic.this",
            "module.notifications_regional_topic.aws_sns_topic.this",
            "module.notifications_table.aws_dynamodb_table.this",
            "module.pedido_ofertas_table.aws_dynamodb_table.this",
            "module.pedidos_lambda.aws_iam_role.lambda_role",
            "module.pedidos_lambda.aws_lambda_function.lambda",
            "module.pedidos_lambda.data.aws_caller_identity.current",
            "module.pedidos_lambda.data.aws_iam_policy_document.policy_doc",
            "module.pedidos_lambda.module.repo_ecr_lambda.aws_ecr_repository.this",
            "module.pedidos_lambda.null_resource.run_script",
            "module.pedidos_table.aws_dynamodb_table.this",
            "module.rastreamento_lambda.aws_iam_role.lambda_role",
            "module.rastreamento_lambda.aws_lambda_function.lambda",
            "module.rastreamento_lambda.data.aws_caller_identity.current",
            "module.rastreamento_lambda.data.aws_iam_policy_document.policy_doc",
            "module.rastreamento_lambda.module.repo_ecr_lambda.aws_ecr_repository.this",
            "module.rastreamento_lambda.null_resource.run_script",
            "module.smart_routing_lambda.aws_iam_role.lambda_role",
            "module.smart_routing_lambda.aws_lambda_function.lambda",
            "module.smart_routing_lambda.data.aws_caller_identity.current",
            "module.smart_routing_lambda.data.aws_iam_policy_document.policy_doc",
            "module.smart_routing_lambda.module.repo_ecr_lambda.aws_ecr_repository.this",
            "module.smart_routing_lambda.null_resource.run_script",
            "module.users_table.aws_dynamodb_table.this",
            "module.usuarios_lambda.aws_iam_role.lambda_role",
            "module.usuarios_lambda.aws_lambda_function.lambda",
            "module.usuarios_lambda.data.aws_caller_identity.current",
            "module.usuarios_lambda.data.aws_iam_policy_document.policy_doc",
            "module.usuarios_lambda.module.repo_ecr_lambda.aws_ecr_repository.this",
            "module.usuarios_lambda.null_resource.run_script",
            "module.websocket_connections_table.aws_dynamodb_table.this",
            "module.websocket_lambda.aws_iam_role.lambda_role",
            "module.websocket_lambda.aws_lambda_function.lambda",
            "module.websocket_lambda.data.aws_caller_identity.current",
            "module.websocket_lambda.data.aws_iam_policy_document.policy_doc",
            "module.websocket_lambda.module.repo_ecr_lambda.aws_ecr_repository.this",
            "module.websocket_lambda.null_resource.run_script"
          ],
          "create_before_destroy": true
        },
        {
          "index_key": "19",
          "schema_version": 0,
          "attributes": {
            "content_handling": "",
            "http_method": "POST",
            "id": "agir-aq72n5uzcb-gmh4r0-POST-200",
            "region": "us-east-1",
            "resource_id": "gmh4r0",
            "response_parameters": {},
            "response_templates": {},
            "rest_api_id": "aq72n5uzcb",
            "selection_pattern": "",
            "status_code": "200"
          },
          "sensitive_attributes": [],
          "identity_schema_version": 0,
          "private": "bnVsbA==",
          "dependencies": [
            "aws_apigatewayv2_api.websocket_api",
            "module.api_gateway.aws_api_gateway_authorizer.cognito_authorizer",
            "module.api_gateway.aws_api_gateway_integration.rest_endpoint_integrations",
            "module.api_gateway.aws_api_gateway_method.rest_endpoint_methods",
            "module.api_gateway.aws_api_gateway_method_response.rest_endpoint_method_responses",
            "module.api_gateway.aws_api_gateway_resource.base_resources",
            "module.api_gateway.aws_api_gateway_resource.main_resource",
            "module.api_gateway.aws_api_gateway_resource.variable_resources",
            "module.api_gateway.aws_api_gateway_rest_api.rest_api",
            "module.auth_lambda.aws_iam_role.lambda_role",
            "module.auth_lambda.aws_lambda_function.lambda",
            "module.auth_lambda.data.aws_caller_identity.current",
            "module.auth_lambda.data.aws_iam_policy_document.policy_doc",
            "module.auth_lambda.module.repo_ecr_lambda.aws_ecr_repository.this",
            "module.auth_lambda.null_resource.run_script",
            "module.events_queue.aws_sqs_queue.dead_letter_fifo_queue",
            "module.events_queue.aws_sqs_queue.fifo_queue",
            "module.locations_table.aws_dynamodb_table.this",
            "module.notificacoes_lambda.aws_iam_role.lambda_role",
            "module.notificacoes_lambda.aws_lambda_function.lambda",
            "module.notificacoes_lambda.data.aws_caller_identity.current",
            "module.notificacoes_lambda.data.aws_iam_policy_document.policy_doc",
            "module.notificacoes_lambda.module.repo_ecr_lambda.aws_ecr_repository.this",
            "module.notificacoes_lambda.null_resource.run_script",
            "module.notifications_general_topic.aws_sns_topic.this",
            "module.notifications_premium_topic.aws_sns_topic.this",
            "module.notifications_regional_topic.aws_sns_topic.this",
            "module.notifications_table.aws_dynamodb_table.this",
            "module.pedido_ofertas_table.aws_dynamodb_table.this",
            "module.pedidos_lambda.aws_iam_role.lambda_role",
            "module.pedidos_lambda.aws_lambda_function.lambda",
            "module.pedidos_lambda.data.aws_caller_identity.current",
            "module.pedidos_lambda.data.aws_iam_policy_document.policy_doc",
            "module.pedidos_lambda.module.repo_ecr_lambda.aws_ecr_repository.this",
            "module.pedidos_lambda.null_resource.run_script",
            "module.pedidos_table.aws_dynamodb_table.this",
            "module.rastreamento_lambda.aws_iam_role.lambda_role",
            "module.rastreamento_lambda.aws_lambda_function.lambda",
            "module.rastreamento_lambda.data.aws_caller_identity.current",
            "module.rastreamento_lambda.data.aws_iam_policy_document.policy_doc",
            "module.rastreamento_lambda.module.repo_ecr_lambda.aws_ecr_repository.this",
            "module.rastreamento_lambda.null_resource.run_script",
            "module.smart_routing_lambda.aws_iam_role.lambda_role",
            "module.smart_routing_lambda.aws_lambda_function.lambda",
            "module.smart_routing_lambda.data.aws_caller_identity.current",
            "module.smart_routing_lambda.data.aws_iam_policy_document.policy_doc",
            "module.smart_routing_lambda.module.repo_ecr_lambda.aws_ecr_repository.this",
            "module.smart_routing_lambda.null_resource.run_script",
            "module.users_table.aws_dynamodb_table.this",
            "module.usuarios_lambda.aws_iam_role.lambda_role",
            "module.usuarios_lambda.aws_lambda_function.lambda",
            "module.usuarios_lambda.data.aws_caller_identity.current",
            "module.usuarios_lambda.data.aws_iam_policy_document.policy_doc",
            "module.usuarios_lambda.module.repo_ecr_lambda.aws_ecr_repository.this",
            "module.usuarios_lambda.null_resource.run_script",
            "module.websocket_connections_table.aws_dynamodb_table.this",
            "module.websocket_lambda.aws_iam_role.lambda_role",
            "module.websocket_lambda.aws_lambda_function.lambda",
            "module.websocket_lambda.data.aws_caller_identity.current",
            "module.websocket_lambda.data.aws_iam_policy_document.policy_doc",
            "module.websocket_lambda.module.repo_ecr_lambda.aws_ecr_repository.this",
            "module.websocket_lambda.null_resource.run_script"
          ],
          "create_before_destroy": true
        },
        {
          "index_key": "2",
          "schema_version": 0,
          "attributes": {
            "content_handling": "",
            "http_method": "POST",
            "id": "agir-aq72n5uzcb-4f0vz7-POST-201",
            "region": "us-east-1",
            "resource_id": "4f0vz7",
            "response_parameters": {},
            "response_templates": {},
            "rest_api_id": "aq72n5uzcb",
            "selection_pattern": "",
            "status_code": "201"
          },
          "sensitive_attributes": [],
          "identity_schema_version": 0,
          "private": "bnVsbA==",
          "dependencies": [
            "aws_apigatewayv2_api.websocket_api",
            "module.api_gateway.aws_api_gateway_authorizer.cognito_authorizer",
            "module.api_gateway.aws_api_gateway_integration.rest_endpoint_integrations",
            "module.api_gateway.aws_api_gateway_method.rest_endpoint_methods",
            "module.api_gateway.aws_api_gateway_method_response.rest_endpoint_method_responses",
            "module.api_gateway.aws_api_gateway_resource.base_resources",
            "module.api_gateway.aws_api_gateway_resource.main_resource",
            "module.api_gateway.aws_api_gateway_resource.variable_resources",
            "module.api_gateway.aws_api_gateway_rest_api.rest_api",
            "module.auth_lambda.aws_iam_role.lambda_role",
            "module.auth_lambda.aws_lambda_function.lambda",
            "module.auth_lambda.data.aws_caller_identity.current",
            "module.auth_lambda.data.aws_iam_policy_document.policy_doc",
            "module.auth_lambda.module.repo_ecr_lambda.aws_ecr_repository.this",
            "module.auth_lambda.null_resource.run_script",
            "module.events_queue.aws_sqs_queue.dead_letter_fifo_queue",
            "module.events_queue.aws_sqs_queue.fifo_queue",
            "module.locations_table.aws_dynamodb_table.this",
            "module.notificacoes_lambda.aws_iam_role.lambda_role",
            "module.notificacoes_lambda.aws_lambda_function.lambda",
            "module.notificacoes_lambda.data.aws_caller_identity.current",
            "module.notificacoes_lambda.data.aws_iam_policy_document.policy_doc",
            "module.notificacoes_lambda.module.repo_ecr_lambda.aws_ecr_repository.this",
            "module.notificacoes_lambda.null_resource.run_script",
            "module.notifications_general_topic.aws_sns_topic.this",
            "module.notifications_premium_topic.aws_sns_topic.this",
            "module.notifications_regional_topic.aws_sns_topic.this",
            "module.notifications_table.aws_dynamodb_table.this",
            "module.pedido_ofertas_table.aws_dynamodb_table.this",
            "module.pedidos_lambda.aws_iam_role.lambda_role",
            "module.pedidos_lambda.aws_lambda_function.lambda",
            "module.pedidos_lambda.data.aws_caller_identity.current",
            "module.pedidos_lambda.data.aws_iam_policy_document.policy_doc",
            "module.pedidos_lambda.module.repo_ecr_lambda.aws_ecr_repository.this",
            "module.pedidos_lambda.null_resource.run_script",
            "module.pedidos_table.aws_dynamodb_table.this",
            "module.rastreamento_lambda.aws_iam_role.lambda_role",
            "module.rastreamento_lambda.aws_lambda_function.lambda",
            "module.rastreamento_lambda.data.aws_caller_identity.current",
            "module.rastreamento_lambda.data.aws_iam_policy_document.policy_doc",
            "module.rastreamento_lambda.module.repo_ecr_lambda.aws_ecr_repository.this",
            "module.rastreamento_lambda.null_resource.run_script",
            "module.smart_routing_lambda.aws_iam_role.lambda_role",
            "module.smart_routing_lambda.aws_lambda_function.lambda",
            "module.smart_routing_lambda.data.aws_caller_identity.current",
            "module.smart_routing_lambda.data.aws_iam_policy_document.policy_doc",
            "module.smart_routing_lambda.module.repo_ecr_lambda.aws_ecr_repository.this",
            "module.smart_routing_lambda.null_resource.run_script",
            "module.users_table.aws_dynamodb_table.this",
            "module.usuarios_lambda.aws_iam_role.lambda_role",
            "module.usuarios_lambda.aws_lambda_function.lambda",
            "module.usuarios_lambda.data.aws_caller_identity.current",
            "module.usuarios_lambda.data.aws_iam_policy_document.policy_doc",
            "module.usuarios_lambda.module.repo_ecr_lambda.aws_ecr_repository.this",
            "module.usuarios_lambda.null_resource.run_script",
            "module.websocket_connections_table.aws_dynamodb_table.this",
            "module.websocket_lambda.aws_iam_role.lambda_role",
            "module.websocket_lambda.aws_lambda_function.lambda",
            "module.websocket_lambda.data.aws_caller_identity.current",
            "module.websocket_lambda.data.aws_iam_policy_document.policy_doc",
            "module.websocket_lambda.module.repo_ecr_lambda.aws_ecr_repository.this",
            "module.websocket_lambda.null_resource.run_script"
          ],
          "create_before_destroy": true
        },
        {
          "index_key": "20",
          "schema_version": 0,
          "attributes": {
            "content_handling": "",
            "http_method": "POST",
            "id": "agir-aq72n5uzcb-yxygyo-POST-200",
            "region": "us-east-1",
            "resource_id": "yxygyo",
            "response_parameters": {},
            "response_templates": {},
            "rest_api_id": "aq72n5uzcb",
            "selection_pattern": "",
            "status_code": "200"
          },
          "sensitive_attributes": [],
          "identity_schema_version": 0,
          "private": "bnVsbA==",
          "dependencies": [
            "aws_apigatewayv2_api.websocket_api",
            "module.api_gateway.aws_api_gateway_authorizer.cognito_authorizer",
            "module.api_gateway.aws_api_gateway_integration.rest_endpoint_integrations",
            "module.api_gateway.aws_api_gateway_method.rest_endpoint_methods",
            "module.api_gateway.aws_api_gateway_method_response.rest_endpoint_method_responses",
            "module.api_gateway.aws_api_gateway_resource.base_resources",
            "module.api_gateway.aws_api_gateway_resource.main_resource",
            "module.api_gateway.aws_api_gateway_resource.variable_resources",
            "module.api_gateway.aws_api_gateway_rest_api.rest_api",
            "module.auth_lambda.aws_iam_role.lambda_role",
            "module.auth_lambda.aws_lambda_function.lambda",
            "module.auth_lambda.data.aws_caller_identity.current",
            "module.auth_lambda.data.aws_iam_policy_document.policy_doc",
            "module.auth_lambda.module.repo_ecr_lambda.aws_ecr_repository.this",
            "module.auth_lambda.null_resource.run_script",
            "module.events_queue.aws_sqs_queue.dead_letter_fifo_queue",
            "module.events_queue.aws_sqs_queue.fifo_queue",
            "module.locations_table.aws_dynamodb_table.this",
            "module.notificacoes_lambda.aws_iam_role.lambda_role",
            "module.notificacoes_lambda.aws_lambda_function.lambda",
            "module.notificacoes_lambda.data.aws_caller_identity.current",
            "module.notificacoes_lambda.data.aws_iam_policy_document.policy_doc",
            "module.notificacoes_lambda.module.repo_ecr_lambda.aws_ecr_repository.this",
            "module.notificacoes_lambda.null_resource.run_script",
            "module.notifications_general_topic.aws_sns_topic.this",
            "module.notifications_premium_topic.aws_sns_topic.this",
            "module.notifications_regional_topic.aws_sns_topic.this",
            "module.notifications_table.aws_dynamodb_table.this",
            "module.pedido_ofertas_table.aws_dynamodb_table.this",
            "module.pedidos_lambda.aws_iam_role.lambda_role",
            "module.pedidos_lambda.aws_lambda_function.lambda",
            "module.pedidos_lambda.data.aws_caller_identity.current",
            "module.pedidos_lambda.data.aws_iam_policy_document.policy_doc",
            "module.pedidos_lambda.module.repo_ecr_lambda.aws_ecr_repository.this",
            "module.pedidos_lambda.null_resource.run_script",
            "module.pedidos_table.aws_dynamodb_table.this",
            "module.rastreamento_lambda.aws_iam_role.lambda_role",
            "module.rastreamento_lambda.aws_lambda_function.lambda",
            "module.rastreamento_lambda.data.aws_caller_identity.current",
            "module.rastreamento_lambda.data.aws_iam_policy_document.policy_doc",
            "module.rastreamento_lambda.module.repo_ecr_lambda.aws_ecr_repository.this",
            "module.rastreamento_lambda.null_resource.run_script",
            "module.smart_routing_lambda.aws_iam_role.lambda_role",
            "module.smart_routing_lambda.aws_lambda_function.lambda",
            "module.smart_routing_lambda.data.aws_caller_identity.current",
            "module.smart_routing_lambda.data.aws_iam_policy_document.policy_doc",
            "module.smart_routing_lambda.module.repo_ecr_lambda.aws_ecr_repository.this",
            "module.smart_routing_lambda.null_resource.run_script",
            "module.users_table.aws_dynamodb_table.this",
            "module.usuarios_lambda.aws_iam_role.lambda_role",
            "module.usuarios_lambda.aws_lambda_function.lambda",
            "module.usuarios_lambda.data.aws_caller_identity.current",
            "module.usuarios_lambda.data.aws_iam_policy_document.policy_doc",
            "module.usuarios_lambda.module.repo_ecr_lambda.aws_ecr_repository.this",
            "module.usuarios_lambda.null_resource.run_script",
            "module.websocket_connections_table.aws_dynamodb_table.this",
            "module.websocket_lambda.aws_iam_role.lambda_role",
            "module.websocket_lambda.aws_lambda_function.lambda",
            "module.websocket_lambda.data.aws_caller_identity.current",
            "module.websocket_lambda.data.aws_iam_policy_document.policy_doc",
            "module.websocket_lambda.module.repo_ecr_lambda.aws_ecr_repository.this",
            "module.websocket_lambda.null_resource.run_script"
          ],
          "create_before_destroy": true
        },
        {
          "index_key": "21",
          "schema_version": 0,
          "attributes": {
            "content_handling": "",
            "http_method": "POST",
            "id": "agir-aq72n5uzcb-sf0zi7-POST-200",
            "region": "us-east-1",
            "resource_id": "sf0zi7",
            "response_parameters": {},
            "response_templates": {},
            "rest_api_id": "aq72n5uzcb",
            "selection_pattern": "",
            "status_code": "200"
          },
          "sensitive_attributes": [],
          "identity_schema_version": 0,
          "private": "bnVsbA==",
          "dependencies": [
            "aws_apigatewayv2_api.websocket_api",
            "module.api_gateway.aws_api_gateway_authorizer.cognito_authorizer",
            "module.api_gateway.aws_api_gateway_integration.rest_endpoint_integrations",
            "module.api_gateway.aws_api_gateway_method.rest_endpoint_methods",
            "module.api_gateway.aws_api_gateway_method_response.rest_endpoint_method_responses",
            "module.api_gateway.aws_api_gateway_resource.base_resources",
            "module.api_gateway.aws_api_gateway_resource.main_resource",
            "module.api_gateway.aws_api_gateway_resource.variable_resources",
            "module.api_gateway.aws_api_gateway_rest_api.rest_api",
            "module.auth_lambda.aws_iam_role.lambda_role",
            "module.auth_lambda.aws_lambda_function.lambda",
            "module.auth_lambda.data.aws_caller_identity.current",
            "module.auth_lambda.data.aws_iam_policy_document.policy_doc",
            "module.auth_lambda.module.repo_ecr_lambda.aws_ecr_repository.this",
            "module.auth_lambda.null_resource.run_script",
            "module.events_queue.aws_sqs_queue.dead_letter_fifo_queue",
            "module.events_queue.aws_sqs_queue.fifo_queue",
            "module.locations_table.aws_dynamodb_table.this",
            "module.notificacoes_lambda.aws_iam_role.lambda_role",
            "module.notificacoes_lambda.aws_lambda_function.lambda",
            "module.notificacoes_lambda.data.aws_caller_identity.current",
            "module.notificacoes_lambda.data.aws_iam_policy_document.policy_doc",
            "module.notificacoes_lambda.module.repo_ecr_lambda.aws_ecr_repository.this",
            "module.notificacoes_lambda.null_resource.run_script",
            "module.notifications_general_topic.aws_sns_topic.this",
            "module.notifications_premium_topic.aws_sns_topic.this",
            "module.notifications_regional_topic.aws_sns_topic.this",
            "module.notifications_table.aws_dynamodb_table.this",
            "module.pedido_ofertas_table.aws_dynamodb_table.this",
            "module.pedidos_lambda.aws_iam_role.lambda_role",
            "module.pedidos_lambda.aws_lambda_function.lambda",
            "module.pedidos_lambda.data.aws_caller_identity.current",
            "module.pedidos_lambda.data.aws_iam_policy_document.policy_doc",
            "module.pedidos_lambda.module.repo_ecr_lambda.aws_ecr_repository.this",
            "module.pedidos_lambda.null_resource.run_script",
            "module.pedidos_table.aws_dynamodb_table.this",
            "module.rastreamento_lambda.aws_iam_role.lambda_role",
            "module.rastreamento_lambda.aws_lambda_function.lambda",
            "module.rastreamento_lambda.data.aws_caller_identity.current",
            "module.rastreamento_lambda.data.aws_iam_policy_document.policy_doc",
            "module.rastreamento_lambda.module.repo_ecr_lambda.aws_ecr_repository.this",
            "module.rastreamento_lambda.null_resource.run_script",
            "module.smart_routing_lambda.aws_iam_role.lambda_role",
            "module.smart_routing_lambda.aws_lambda_function.lambda",
            "module.smart_routing_lambda.data.aws_caller_identity.current",
            "module.smart_routing_lambda.data.aws_iam_policy_document.policy_doc",
            "module.smart_routing_lambda.module.repo_ecr_lambda.aws_ecr_repository.this",
            "module.smart_routing_lambda.null_resource.run_script",
            "module.users_table.aws_dynamodb_table.this",
            "module.usuarios_lambda.aws_iam_role.lambda_role",
            "module.usuarios_lambda.aws_lambda_function.lambda",
            "module.usuarios_lambda.data.aws_caller_identity.current",
            "module.usuarios_lambda.data.aws_iam_policy_document.policy_doc",
            "module.usuarios_lambda.module.repo_ecr_lambda.aws_ecr_repository.this",
            "module.usuarios_lambda.null_resource.run_script",
            "module.websocket_connections_table.aws_dynamodb_table.this",
            "module.websocket_lambda.aws_iam_role.lambda_role",
            "module.websocket_lambda.aws_lambda_function.lambda",
            "module.websocket_lambda.data.aws_caller_identity.current",
            "module.websocket_lambda.data.aws_iam_policy_document.policy_doc",
            "module.websocket_lambda.module.repo_ecr_lambda.aws_ecr_repository.this",
            "module.websocket_lambda.null_resource.run_script"
          ],
          "create_before_destroy": true
        },
        {
          "index_key": "22",
          "schema_version": 0,
          "attributes": {
            "content_handling": "",
            "http_method": "POST",
            "id": "agir-aq72n5uzcb-txu0id-POST-200",
            "region": "us-east-1",
            "resource_id": "txu0id",
            "response_parameters": {},
            "response_templates": {},
            "rest_api_id": "aq72n5uzcb",
            "selection_pattern": "",
            "status_code": "200"
          },
          "sensitive_attributes": [],
          "identity_schema_version": 0,
          "private": "bnVsbA==",
          "dependencies": [
            "aws_apigatewayv2_api.websocket_api",
            "module.api_gateway.aws_api_gateway_authorizer.cognito_authorizer",
            "module.api_gateway.aws_api_gateway_integration.rest_endpoint_integrations",
            "module.api_gateway.aws_api_gateway_method.rest_endpoint_methods",
            "module.api_gateway.aws_api_gateway_method_response.rest_endpoint_method_responses",
            "module.api_gateway.aws_api_gateway_resource.base_resources",
            "module.api_gateway.aws_api_gateway_resource.main_resource",
            "module.api_gateway.aws_api_gateway_resource.variable_resources",
            "module.api_gateway.aws_api_gateway_rest_api.rest_api",
            "module.auth_lambda.aws_iam_role.lambda_role",
            "module.auth_lambda.aws_lambda_function.lambda",
            "module.auth_lambda.data.aws_caller_identity.current",
            "module.auth_lambda.data.aws_iam_policy_document.policy_doc",
            "module.auth_lambda.module.repo_ecr_lambda.aws_ecr_repository.this",
            "module.auth_lambda.null_resource.run_script",
            "module.events_queue.aws_sqs_queue.dead_letter_fifo_queue",
            "module.events_queue.aws_sqs_queue.fifo_queue",
            "module.locations_table.aws_dynamodb_table.this",
            "module.notificacoes_lambda.aws_iam_role.lambda_role",
            "module.notificacoes_lambda.aws_lambda_function.lambda",
            "module.notificacoes_lambda.data.aws_caller_identity.current",
            "module.notificacoes_lambda.data.aws_iam_policy_document.policy_doc",
            "module.notificacoes_lambda.module.repo_ecr_lambda.aws_ecr_repository.this",
            "module.notificacoes_lambda.null_resource.run_script",
            "module.notifications_general_topic.aws_sns_topic.this",
            "module.notifications_premium_topic.aws_sns_topic.this",
            "module.notifications_regional_topic.aws_sns_topic.this",
            "module.notifications_table.aws_dynamodb_table.this",
            "module.pedido_ofertas_table.aws_dynamodb_table.this",
            "module.pedidos_lambda.aws_iam_role.lambda_role",
            "module.pedidos_lambda.aws_lambda_function.lambda",
            "module.pedidos_lambda.data.aws_caller_identity.current",
            "module.pedidos_lambda.data.aws_iam_policy_document.policy_doc",
            "module.pedidos_lambda.module.repo_ecr_lambda.aws_ecr_repository.this",
            "module.pedidos_lambda.null_resource.run_script",
            "module.pedidos_table.aws_dynamodb_table.this",
            "module.rastreamento_lambda.aws_iam_role.lambda_role",
            "module.rastreamento_lambda.aws_lambda_function.lambda",
            "module.rastreamento_lambda.data.aws_caller_identity.current",
            "module.rastreamento_lambda.data.aws_iam_policy_document.policy_doc",
            "module.rastreamento_lambda.module.repo_ecr_lambda.aws_ecr_repository.this",
            "module.rastreamento_lambda.null_resource.run_script",
            "module.smart_routing_lambda.aws_iam_role.lambda_role",
            "module.smart_routing_lambda.aws_lambda_function.lambda",
            "module.smart_routing_lambda.data.aws_caller_identity.current",
            "module.smart_routing_lambda.data.aws_iam_policy_document.policy_doc",
            "module.smart_routing_lambda.module.repo_ecr_lambda.aws_ecr_repository.this",
            "module.smart_routing_lambda.null_resource.run_script",
            "module.users_table.aws_dynamodb_table.this",
            "module.usuarios_lambda.aws_iam_role.lambda_role",
            "module.usuarios_lambda.aws_lambda_function.lambda",
            "module.usuarios_lambda.data.aws_caller_identity.current",
            "module.usuarios_lambda.data.aws_iam_policy_document.policy_doc",
            "module.usuarios_lambda.module.repo_ecr_lambda.aws_ecr_repository.this",
            "module.usuarios_lambda.null_resource.run_script",
            "module.websocket_connections_table.aws_dynamodb_table.this",
            "module.websocket_lambda.aws_iam_role.lambda_role",
            "module.websocket_lambda.aws_lambda_function.lambda",
            "module.websocket_lambda.data.aws_caller_identity.current",
            "module.websocket_lambda.data.aws_iam_policy_document.policy_doc",
            "module.websocket_lambda.module.repo_ecr_lambda.aws_ecr_repository.this",
            "module.websocket_lambda.null_resource.run_script"
          ],
          "create_before_destroy": true
        },
        {
          "index_key": "23",
          "schema_version": 0,
          "attributes": {
            "content_handling": "",
            "http_method": "GET",
            "id": "agir-aq72n5uzcb-oodnp7-GET-200",
            "region": "us-east-1",
            "resource_id": "oodnp7",
            "response_parameters": {},
            "response_templates": {},
            "rest_api_id": "aq72n5uzcb",
            "selection_pattern": "",
            "status_code": "200"
          },
          "sensitive_attributes": [],
          "identity_schema_version": 0,
          "private": "bnVsbA==",
          "dependencies": [
            "aws_apigatewayv2_api.websocket_api",
            "module.api_gateway.aws_api_gateway_authorizer.cognito_authorizer",
            "module.api_gateway.aws_api_gateway_integration.rest_endpoint_integrations",
            "module.api_gateway.aws_api_gateway_method.rest_endpoint_methods",
            "module.api_gateway.aws_api_gateway_method_response.rest_endpoint_method_responses",
            "module.api_gateway.aws_api_gateway_resource.base_resources",
            "module.api_gateway.aws_api_gateway_resource.main_resource",
            "module.api_gateway.aws_api_gateway_resource.variable_resources",
            "module.api_gateway.aws_api_gateway_rest_api.rest_api",
            "module.auth_lambda.aws_iam_role.lambda_role",
            "module.auth_lambda.aws_lambda_function.lambda",
            "module.auth_lambda.data.aws_caller_identity.current",
            "module.auth_lambda.data.aws_iam_policy_document.policy_doc",
            "module.auth_lambda.module.repo_ecr_lambda.aws_ecr_repository.this",
            "module.auth_lambda.null_resource.run_script",
            "module.events_queue.aws_sqs_queue.dead_letter_fifo_queue",
            "module.events_queue.aws_sqs_queue.fifo_queue",
            "module.locations_table.aws_dynamodb_table.this",
            "module.notificacoes_lambda.aws_iam_role.lambda_role",
            "module.notificacoes_lambda.aws_lambda_function.lambda",
            "module.notificacoes_lambda.data.aws_caller_identity.current",
            "module.notificacoes_lambda.data.aws_iam_policy_document.policy_doc",
            "module.notificacoes_lambda.module.repo_ecr_lambda.aws_ecr_repository.this",
            "module.notificacoes_lambda.null_resource.run_script",
            "module.notifications_general_topic.aws_sns_topic.this",
            "module.notifications_premium_topic.aws_sns_topic.this",
            "module.notifications_regional_topic.aws_sns_topic.this",
            "module.notifications_table.aws_dynamodb_table.this",
            "module.pedido_ofertas_table.aws_dynamodb_table.this",
            "module.pedidos_lambda.aws_iam_role.lambda_role",
            "module.pedidos_lambda.aws_lambda_function.lambda",
            "module.pedidos_lambda.data.aws_caller_identity.current",
            "module.pedidos_lambda.data.aws_iam_policy_document.policy_doc",
            "module.pedidos_lambda.module.repo_ecr_lambda.aws_ecr_repository.this",
            "module.pedidos_lambda.null_resource.run_script",
            "module.pedidos_table.aws_dynamodb_table.this",
            "module.rastreamento_lambda.aws_iam_role.lambda_role",
            "module.rastreamento_lambda.aws_lambda_function.lambda",
            "module.rastreamento_lambda.data.aws_caller_identity.current",
            "module.rastreamento_lambda.data.aws_iam_policy_document.policy_doc",
            "module.rastreamento_lambda.module.repo_ecr_lambda.aws_ecr_repository.this",
            "module.rastreamento_lambda.null_resource.run_script",
            "module.smart_routing_lambda.aws_iam_role.lambda_role",
            "module.smart_routing_lambda.aws_lambda_function.lambda",
            "module.smart_routing_lambda.data.aws_caller_identity.current",
            "module.smart_routing_lambda.data.aws_iam_policy_document.policy_doc",
            "module.smart_routing_lambda.module.repo_ecr_lambda.aws_ecr_repository.this",
            "module.smart_routing_lambda.null_resource.run_script",
            "module.users_table.aws_dynamodb_table.this",
            "module.usuarios_lambda.aws_iam_role.lambda_role",
            "module.usuarios_lambda.aws_lambda_function.lambda",
            "module.usuarios_lambda.data.aws_caller_identity.current",
            "module.usuarios_lambda.data.aws_iam_policy_document.policy_doc",
            "module.usuarios_lambda.module.repo_ecr_lambda.aws_ecr_repository.this",
            "module.usuarios_lambda.null_resource.run_script",
            "module.websocket_connections_table.aws_dynamodb_table.this",
            "module.websocket_lambda.aws_iam_role.lambda_role",
            "module.websocket_lambda.aws_lambda_function.lambda",
            "module.websocket_lambda.data.aws_caller_identity.current",
            "module.websocket_lambda.data.aws_iam_policy_document.policy_doc",
            "module.websocket_lambda.module.repo_ecr_lambda.aws_ecr_repository.this",
            "module.websocket_lambda.null_resource.run_script"
          ],
          "create_before_destroy": true
        },
        {
          "index_key": "3",
          "schema_version": 0,
          "attributes": {
            "content_handling": "",
            "http_method": "POST",
            "id": "agir-aq72n5uzcb-kfd8xj-POST-201",
            "region": "us-east-1",
            "resource_id": "kfd8xj",
            "response_parameters": {},
            "response_templates": {},
            "rest_api_id": "aq72n5uzcb",
            "selection_pattern": "",
            "status_code": "201"
          },
          "sensitive_attributes": [],
          "identity_schema_version": 0,
          "private": "bnVsbA==",
          "dependencies": [
            "aws_apigatewayv2_api.websocket_api",
            "module.api_gateway.aws_api_gateway_authorizer.cognito_authorizer",
            "module.api_gateway.aws_api_gateway_integration.rest_endpoint_integrations",
            "module.api_gateway.aws_api_gateway_method.rest_endpoint_methods",
            "module.api_gateway.aws_api_gateway_method_response.rest_endpoint_method_responses",
            "module.api_gateway.aws_api_gateway_resource.base_resources",
            "module.api_gateway.aws_api_gateway_resource.main_resource",
            "module.api_gateway.aws_api_gateway_resource.variable_resources",
            "module.api_gateway.aws_api_gateway_rest_api.rest_api",
            "module.auth_lambda.aws_iam_role.lambda_role",
            "module.auth_lambda.aws_lambda_function.lambda",
            "module.auth_lambda.data.aws_caller_identity.current",
            "module.auth_lambda.data.aws_iam_policy_document.policy_doc",
            "module.auth_lambda.module.repo_ecr_lambda.aws_ecr_repository.this",
            "module.auth_lambda.null_resource.run_script",
            "module.events_queue.aws_sqs_queue.dead_letter_fifo_queue",
            "module.events_queue.aws_sqs_queue.fifo_queue",
            "module.locations_table.aws_dynamodb_table.this",
            "module.notificacoes_lambda.aws_iam_role.lambda_role",
            "module.notificacoes_lambda.aws_lambda_function.lambda",
            "module.notificacoes_lambda.data.aws_caller_identity.current",
            "module.notificacoes_lambda.data.aws_iam_policy_document.policy_doc",
            "module.notificacoes_lambda.module.repo_ecr_lambda.aws_ecr_repository.this",
            "module.notificacoes_lambda.null_resource.run_script",
            "module.notifications_general_topic.aws_sns_topic.this",
            "module.notifications_premium_topic.aws_sns_topic.this",
            "module.notifications_regional_topic.aws_sns_topic.this",
            "module.notifications_table.aws_dynamodb_table.this",
            "module.pedido_ofertas_table.aws_dynamodb_table.this",
            "module.pedidos_lambda.aws_iam_role.lambda_role",
            "module.pedidos_lambda.aws_lambda_function.lambda",
            "module.pedidos_lambda.data.aws_caller_identity.current",
            "module.pedidos_lambda.data.aws_iam_policy_document.policy_doc",
            "module.pedidos_lambda.module.repo_ecr_lambda.aws_ecr_repository.this",
            "module.pedidos_lambda.null_resource.run_script",
            "module.pedidos_table.aws_dynamodb_table.this",
            "module.rastreamento_lambda.aws_iam_role.lambda_role",
            "module.rastreamento_lambda.aws_lambda_function.lambda",
            "module.rastreamento_lambda.data.aws_caller_identity.current",
            "module.rastreamento_lambda.data.aws_iam_policy_document.policy_doc",
            "module.rastreamento_lambda.module.repo_ecr_lambda.aws_ecr_repository.this",
            "module.rastreamento_lambda.null_resource.run_script",
            "module.smart_routing_lambda.aws_iam_role.lambda_role",
            "module.smart_routing_lambda.aws_lambda_function.lambda",
            "module.smart_routing_lambda.data.aws_caller_identity.current",
            "module.smart_routing_lambda.data.aws_iam_policy_document.policy_doc",
            "module.smart_routing_lambda.module.repo_ecr_lambda.aws_ecr_repository.this",
            "module.smart_routing_lambda.null_resource.run_script",
            "module.users_table.aws_dynamodb_table.this",
            "module.usuarios_lambda.aws_iam_role.lambda_role",
            "module.usuarios_lambda.aws_lambda_function.lambda",
            "module.usuarios_lambda.data.aws_caller_identity.current",
            "module.usuarios_lambda.data.aws_iam_policy_document.policy_doc",
            "module.usuarios_lambda.module.repo_ecr_lambda.aws_ecr_repository.this",
            "module.usuarios_lambda.null_resource.run_script",
            "module.websocket_connections_table.aws_dynamodb_table.this",
            "module.websocket_lambda.aws_iam_role.lambda_role",
            "module.websocket_lambda.aws_lambda_function.lambda",
            "module.websocket_lambda.data.aws_caller_identity.current",
            "module.websocket_lambda.data.aws_iam_policy_document.policy_doc",
            "module.websocket_lambda.module.repo_ecr_lambda.aws_ecr_repository.this",
            "module.websocket_lambda.null_resource.run_script"
          ],
          "create_before_destroy": true
        },
        {
          "index_key": "4",
          "schema_version": 0,
          "attributes": {
            "content_handling": "",
            "http_method": "GET",
            "id": "agir-aq72n5uzcb-lzdo5r-GET-200",
            "region": "us-east-1",
            "resource_id": "lzdo5r",
            "response_parameters": {},
            "response_templates": {},
            "rest_api_id": "aq72n5uzcb",
            "selection_pattern": "",
            "status_code": "200"
          },
          "sensitive_attributes": [],
          "identity_schema_version": 0,
          "private": "bnVsbA==",
          "dependencies": [
            "aws_apigatewayv2_api.websocket_api",
            "module.api_gateway.aws_api_gateway_authorizer.cognito_authorizer",
            "module.api_gateway.aws_api_gateway_integration.rest_endpoint_integrations",
            "module.api_gateway.aws_api_gateway_method.rest_endpoint_methods",
            "module.api_gateway.aws_api_gateway_method_response.rest_endpoint_method_responses",
            "module.api_gateway.aws_api_gateway_resource.base_resources",
            "module.api_gateway.aws_api_gateway_resource.main_resource",
            "module.api_gateway.aws_api_gateway_resource.variable_resources",
            "module.api_gateway.aws_api_gateway_rest_api.rest_api",
            "module.auth_lambda.aws_iam_role.lambda_role",
            "module.auth_lambda.aws_lambda_function.lambda",
            "module.auth_lambda.data.aws_caller_identity.current",
            "module.auth_lambda.data.aws_iam_policy_document.policy_doc",
            "module.auth_lambda.module.repo_ecr_lambda.aws_ecr_repository.this",
            "module.auth_lambda.null_resource.run_script",
            "module.events_queue.aws_sqs_queue.dead_letter_fifo_queue",
            "module.events_queue.aws_sqs_queue.fifo_queue",
            "module.locations_table.aws_dynamodb_table.this",
            "module.notificacoes_lambda.aws_iam_role.lambda_role",
            "module.notificacoes_lambda.aws_lambda_function.lambda",
            "module.notificacoes_lambda.data.aws_caller_identity.current",
            "module.notificacoes_lambda.data.aws_iam_policy_document.policy_doc",
            "module.notificacoes_lambda.module.repo_ecr_lambda.aws_ecr_repository.this",
            "module.notificacoes_lambda.null_resource.run_script",
            "module.notifications_general_topic.aws_sns_topic.this",
            "module.notifications_premium_topic.aws_sns_topic.this",
            "module.notifications_regional_topic.aws_sns_topic.this",
            "module.notifications_table.aws_dynamodb_table.this",
            "module.pedido_ofertas_table.aws_dynamodb_table.this",
            "module.pedidos_lambda.aws_iam_role.lambda_role",
            "module.pedidos_lambda.aws_lambda_function.lambda",
            "module.pedidos_lambda.data.aws_caller_identity.current",
            "module.pedidos_lambda.data.aws_iam_policy_document.policy_doc",
            "module.pedidos_lambda.module.repo_ecr_lambda.aws_ecr_repository.this",
            "module.pedidos_lambda.null_resource.run_script",
            "module.pedidos_table.aws_dynamodb_table.this",
            "module.rastreamento_lambda.aws_iam_role.lambda_role",
            "module.rastreamento_lambda.aws_lambda_function.lambda",
            "module.rastreamento_lambda.data.aws_caller_identity.current",
            "module.rastreamento_lambda.data.aws_iam_policy_document.policy_doc",
            "module.rastreamento_lambda.module.repo_ecr_lambda.aws_ecr_repository.this",
            "module.rastreamento_lambda.null_resource.run_script",
            "module.smart_routing_lambda.aws_iam_role.lambda_role",
            "module.smart_routing_lambda.aws_lambda_function.lambda",
            "module.smart_routing_lambda.data.aws_caller_identity.current",
            "module.smart_routing_lambda.data.aws_iam_policy_document.policy_doc",
            "module.smart_routing_lambda.module.repo_ecr_lambda.aws_ecr_repository.this",
            "module.smart_routing_lambda.null_resource.run_script",
            "module.users_table.aws_dynamodb_table.this",
            "module.usuarios_lambda.aws_iam_role.lambda_role",
            "module.usuarios_lambda.aws_lambda_function.lambda",
            "module.usuarios_lambda.data.aws_caller_identity.current",
            "module.usuarios_lambda.data.aws_iam_policy_document.policy_doc",
            "module.usuarios_lambda.module.repo_ecr_lambda.aws_ecr_repository.this",
            "module.usuarios_lambda.null_resource.run_script",
            "module.websocket_connections_table.aws_dynamodb_table.this",
            "module.websocket_lambda.aws_iam_role.lambda_role",
            "module.websocket_lambda.aws_lambda_function.lambda",
            "module.websocket_lambda.data.aws_caller_identity.current",
            "module.websocket_lambda.data.aws_iam_policy_document.policy_doc",
            "module.websocket_lambda.module.repo_ecr_lambda.aws_ecr_repository.this",
            "module.websocket_lambda.null_resource.run_script"
          ],
          "create_before_destroy": true
        },
        {
          "index_key": "5",
          "schema_version": 0,
          "attributes": {
            "content_handling": "",
            "http_method": "GET",
            "id": "agir-aq72n5uzcb-8hmqgx-GET-200",
            "region": "us-east-1",
            "resource_id": "8hmqgx",
            "response_parameters": {},
            "response_templates": {},
            "rest_api_id": "aq72n5uzcb",
            "selection_pattern": "",
            "status_code": "200"
          },
          "sensitive_attributes": [],
          "identity_schema_version": 0,
          "private": "bnVsbA==",
          "dependencies": [
            "aws_apigatewayv2_api.websocket_api",
            "module.api_gateway.aws_api_gateway_authorizer.cognito_authorizer",
            "module.api_gateway.aws_api_gateway_integration.rest_endpoint_integrations",
            "module.api_gateway.aws_api_gateway_method.rest_endpoint_methods",
            "module.api_gateway.aws_api_gateway_method_response.rest_endpoint_method_responses",
            "module.api_gateway.aws_api_gateway_resource.base_resources",
            "module.api_gateway.aws_api_gateway_resource.main_resource",
            "module.api_gateway.aws_api_gateway_resource.variable_resources",
            "module.api_gateway.aws_api_gateway_rest_api.rest_api",
            "module.auth_lambda.aws_iam_role.lambda_role",
            "module.auth_lambda.aws_lambda_function.lambda",
            "module.auth_lambda.data.aws_caller_identity.current",
            "module.auth_lambda.data.aws_iam_policy_document.policy_doc",
            "module.auth_lambda.module.repo_ecr_lambda.aws_ecr_repository.this",
            "module.auth_lambda.null_resource.run_script",
            "module.events_queue.aws_sqs_queue.dead_letter_fifo_queue",
            "module.events_queue.aws_sqs_queue.fifo_queue",
            "module.locations_table.aws_dynamodb_table.this",
            "module.notificacoes_lambda.aws_iam_role.lambda_role",
            "module.notificacoes_lambda.aws_lambda_function.lambda",
            "module.notificacoes_lambda.data.aws_caller_identity.current",
            "module.notificacoes_lambda.data.aws_iam_policy_document.policy_doc",
            "module.notificacoes_lambda.module.repo_ecr_lambda.aws_ecr_repository.this",
            "module.notificacoes_lambda.null_resource.run_script",
            "module.notifications_general_topic.aws_sns_topic.this",
            "module.notifications_premium_topic.aws_sns_topic.this",
            "module.notifications_regional_topic.aws_sns_topic.this",
            "module.notifications_table.aws_dynamodb_table.this",
            "module.pedido_ofertas_table.aws_dynamodb_table.this",
            "module.pedidos_lambda.aws_iam_role.lambda_role",
            "module.pedidos_lambda.aws_lambda_function.lambda",
            "module.pedidos_lambda.data.aws_caller_identity.current",
            "module.pedidos_lambda.data.aws_iam_policy_document.policy_doc",
            "module.pedidos_lambda.module.repo_ecr_lambda.aws_ecr_repository.this",
            "module.pedidos_lambda.null_resource.run_script",
            "module.pedidos_table.aws_dynamodb_table.this",
            "module.rastreamento_lambda.aws_iam_role.lambda_role",
            "module.rastreamento_lambda.aws_lambda_function.lambda",
            "module.rastreamento_lambda.data.aws_caller_identity.current",
            "module.rastreamento_lambda.data.aws_iam_policy_document.policy_doc",
            "module.rastreamento_lambda.module.repo_ecr_lambda.aws_ecr_repository.this",
            "module.rastreamento_lambda.null_resource.run_script",
            "module.smart_routing_lambda.aws_iam_role.lambda_role",
            "module.smart_routing_lambda.aws_lambda_function.lambda",
            "module.smart_routing_lambda.data.aws_caller_identity.current",
            "module.smart_routing_lambda.data.aws_iam_policy_document.policy_doc",
            "module.smart_routing_lambda.module.repo_ecr_lambda.aws_ecr_repository.this",
            "module.smart_routing_lambda.null_resource.run_script",
            "module.users_table.aws_dynamodb_table.this",
            "module.usuarios_lambda.aws_iam_role.lambda_role",
            "module.usuarios_lambda.aws_lambda_function.lambda",
            "module.usuarios_lambda.data.aws_caller_identity.current",
            "module.usuarios_lambda.data.aws_iam_policy_document.policy_doc",
            "module.usuarios_lambda.module.repo_ecr_lambda.aws_ecr_repository.this",
            "module.usuarios_lambda.null_resource.run_script",
            "module.websocket_connections_table.aws_dynamodb_table.this",
            "module.websocket_lambda.aws_iam_role.lambda_role",
            "module.websocket_lambda.aws_lambda_function.lambda",
            "module.websocket_lambda.data.aws_caller_identity.current",
            "module.websocket_lambda.data.aws_iam_policy_document.policy_doc",
            "module.websocket_lambda.module.repo_ecr_lambda.aws_ecr_repository.this",
            "module.websocket_lambda.null_resource.run_script"
          ],
          "create_before_destroy": true
        },
        {
          "index_key": "6",
          "schema_version": 0,
          "attributes": {
            "content_handling": "",
            "http_method": "POST",
            "id": "agir-aq72n5uzcb-gcko65-POST-200",
            "region": "us-east-1",
            "resource_id": "gcko65",
            "response_parameters": {},
            "response_templates": {},
            "rest_api_id": "aq72n5uzcb",
            "selection_pattern": "",
            "status_code": "200"
          },
          "sensitive_attributes": [],
          "identity_schema_version": 0,
          "private": "bnVsbA==",
          "dependencies": [
            "aws_apigatewayv2_api.websocket_api",
            "module.api_gateway.aws_api_gateway_authorizer.cognito_authorizer",
            "module.api_gateway.aws_api_gateway_integration.rest_endpoint_integrations",
            "module.api_gateway.aws_api_gateway_method.rest_endpoint_methods",
            "module.api_gateway.aws_api_gateway_method_response.rest_endpoint_method_responses",
            "module.api_gateway.aws_api_gateway_resource.base_resources",
            "module.api_gateway.aws_api_gateway_resource.main_resource",
            "module.api_gateway.aws_api_gateway_resource.variable_resources",
            "module.api_gateway.aws_api_gateway_rest_api.rest_api",
            "module.auth_lambda.aws_iam_role.lambda_role",
            "module.auth_lambda.aws_lambda_function.lambda",
            "module.auth_lambda.data.aws_caller_identity.current",
            "module.auth_lambda.data.aws_iam_policy_document.policy_doc",
            "module.auth_lambda.module.repo_ecr_lambda.aws_ecr_repository.this",
            "module.auth_lambda.null_resource.run_script",
            "module.events_queue.aws_sqs_queue.dead_letter_fifo_queue",
            "module.events_queue.aws_sqs_queue.fifo_queue",
            "module.locations_table.aws_dynamodb_table.this",
            "module.notificacoes_lambda.aws_iam_role.lambda_role",
            "module.notificacoes_lambda.aws_lambda_function.lambda",
            "module.notificacoes_lambda.data.aws_caller_identity.current",
            "module.notificacoes_lambda.data.aws_iam_policy_document.policy_doc",
            "module.notificacoes_lambda.module.repo_ecr_lambda.aws_ecr_repository.this",
            "module.notificacoes_lambda.null_resource.run_script",
            "module.notifications_general_topic.aws_sns_topic.this",
            "module.notifications_premium_topic.aws_sns_topic.this",
            "module.notifications_regional_topic.aws_sns_topic.this",
            "module.notifications_table.aws_dynamodb_table.this",
            "module.pedido_ofertas_table.aws_dynamodb_table.this",
            "module.pedidos_lambda.aws_iam_role.lambda_role",
            "module.pedidos_lambda.aws_lambda_function.lambda",
            "module.pedidos_lambda.data.aws_caller_identity.current",
            "module.pedidos_lambda.data.aws_iam_policy_document.policy_doc",
            "module.pedidos_lambda.module.repo_ecr_lambda.aws_ecr_repository.this",
            "module.pedidos_lambda.null_resource.run_script",
            "module.pedidos_table.aws_dynamodb_table.this",
            "module.rastreamento_lambda.aws_iam_role.lambda_role",
            "module.rastreamento_lambda.aws_lambda_function.lambda",
            "module.rastreamento_lambda.data.aws_caller_identity.current",
            "module.rastreamento_lambda.data.aws_iam_policy_document.policy_doc",
            "module.rastreamento_lambda.module.repo_ecr_lambda.aws_ecr_repository.this",
            "module.rastreamento_lambda.null_resource.run_script",
            "module.smart_routing_lambda.aws_iam_role.lambda_role",
            "module.smart_routing_lambda.aws_lambda_function.lambda",
            "module.smart_routing_lambda.data.aws_caller_identity.current",
            "module.smart_routing_lambda.data.aws_iam_policy_document.policy_doc",
            "module.smart_routing_lambda.module.repo_ecr_lambda.aws_ecr_repository.this",
            "module.smart_routing_lambda.null_resource.run_script",
            "module.users_table.aws_dynamodb_table.this",
            "module.usuarios_lambda.aws_iam_role.lambda_role",
            "module.usuarios_lambda.aws_lambda_function.lambda",
            "module.usuarios_lambda.data.aws_caller_identity.current",
            "module.usuarios_lambda.data.aws_iam_policy_document.policy_doc",
            "module.usuarios_lambda.module.repo_ecr_lambda.aws_ecr_repository.this",
            "module.usuarios_lambda.null_resource.run_script",
            "module.websocket_connections_table.aws_dynamodb_table.this",
            "module.websocket_lambda.aws_iam_role.lambda_role",
            "module.websocket_lambda.aws_lambda_function.lambda",
            "module.websocket_lambda.data.aws_caller_identity.current",
            "module.websocket_lambda.data.aws_iam_policy_document.policy_doc",
            "module.websocket_lambda.module.repo_ecr_lambda.aws_ecr_repository.this",
            "module.websocket_lambda.null_resource.run_script"
          ],
          "create_before_destroy": true
        },
        {
          "index_key": "7",
          "schema_version": 0,
          "attributes": {
            "content_handling": "",
            "http_method": "PATCH",
            "id": "agir-aq72n5uzcb-tzeq2v-PATCH-204",
            "region": "us-east-1",
            "resource_id": "tzeq2v",
            "response_parameters": {},
            "response_templates": {},
            "rest_api_id": "aq72n5uzcb",
            "selection_pattern": "",
            "status_code": "204"
          },
          "sensitive_attributes": [],
          "identity_schema_version": 0,
          "private": "bnVsbA==",
          "dependencies": [
            "aws_apigatewayv2_api.websocket_api",
            "module.api_gateway.aws_api_gateway_authorizer.cognito_authorizer",
            "module.api_gateway.aws_api_gateway_integration.rest_endpoint_integrations",
            "module.api_gateway.aws_api_gateway_method.rest_endpoint_methods",
            "module.api_gateway.aws_api_gateway_method_response.rest_endpoint_method_responses",
            "module.api_gateway.aws_api_gateway_resource.base_resources",
            "module.api_gateway.aws_api_gateway_resource.main_resource",
            "module.api_gateway.aws_api_gateway_resource.variable_resources",
            "module.api_gateway.aws_api_gateway_rest_api.rest_api",
            "module.auth_lambda.aws_iam_role.lambda_role",
            "module.auth_lambda.aws_lambda_function.lambda",
            "module.auth_lambda.data.aws_caller_identity.current",
            "module.auth_lambda.data.aws_iam_policy_document.policy_doc",
            "module.auth_lambda.module.repo_ecr_lambda.aws_ecr_repository.this",
            "module.auth_lambda.null_resource.run_script",
            "module.events_queue.aws_sqs_queue.dead_letter_fifo_queue",
            "module.events_queue.aws_sqs_queue.fifo_queue",
            "module.locations_table.aws_dynamodb_table.this",
            "module.notificacoes_lambda.aws_iam_role.lambda_role",
            "module.notificacoes_lambda.aws_lambda_function.lambda",
            "module.notificacoes_lambda.data.aws_caller_identity.current",
            "module.notificacoes_lambda.data.aws_iam_policy_document.policy_doc",
            "module.notificacoes_lambda.module.repo_ecr_lambda.aws_ecr_repository.this",
            "module.notificacoes_lambda.null_resource.run_script",
            "module.notifications_general_topic.aws_sns_topic.this",
            "module.notifications_premium_topic.aws_sns_topic.this",
            "module.notifications_regional_topic.aws_sns_topic.this",
            "module.notifications_table.aws_dynamodb_table.this",
            "module.pedido_ofertas_table.aws_dynamodb_table.this",
            "module.pedidos_lambda.aws_iam_role.lambda_role",
            "module.pedidos_lambda.aws_lambda_function.lambda",
            "module.pedidos_lambda.data.aws_caller_identity.current",
            "module.pedidos_lambda.data.aws_iam_policy_document.policy_doc",
            "module.pedidos_lambda.module.repo_ecr_lambda.aws_ecr_repository.this",
            "module.pedidos_lambda.null_resource.run_script",
            "module.pedidos_table.aws_dynamodb_table.this",
            "module.rastreamento_lambda.aws_iam_role.lambda_role",
            "module.rastreamento_lambda.aws_lambda_function.lambda",
            "module.rastreamento_lambda.data.aws_caller_identity.current",
            "module.rastreamento_lambda.data.aws_iam_policy_document.policy_doc",
            "module.rastreamento_lambda.module.repo_ecr_lambda.aws_ecr_repository.this",
            "module.rastreamento_lambda.null_resource.run_script",
            "module.smart_routing_lambda.aws_iam_role.lambda_role",
            "module.smart_routing_lambda.aws_lambda_function.lambda",
            "module.smart_routing_lambda.data.aws_caller_identity.current",
            "module.smart_routing_lambda.data.aws_iam_policy_document.policy_doc",
            "module.smart_routing_lambda.module.repo_ecr_lambda.aws_ecr_repository.this",
            "module.smart_routing_lambda.null_resource.run_script",
            "module.users_table.aws_dynamodb_table.this",
            "module.usuarios_lambda.aws_iam_role.lambda_role",
            "module.usuarios_lambda.aws_lambda_function.lambda",
            "module.usuarios_lambda.data.aws_caller_identity.current",
            "module.usuarios_lambda.data.aws_iam_policy_document.policy_doc",
            "module.usuarios_lambda.module.repo_ecr_lambda.aws_ecr_repository.this",
            "module.usuarios_lambda.null_resource.run_script",
            "module.websocket_connections_table.aws_dynamodb_table.this",
            "module.websocket_lambda.aws_iam_role.lambda_role",
            "module.websocket_lambda.aws_lambda_function.lambda",
            "module.websocket_lambda.data.aws_caller_identity.current",
            "module.websocket_lambda.data.aws_iam_policy_document.policy_doc",
            "module.websocket_lambda.module.repo_ecr_lambda.aws_ecr_repository.this",
            "module.websocket_lambda.null_resource.run_script"
          ],
          "create_before_destroy": true
        },
        {
          "index_key": "8",
          "schema_version": 0,
          "attributes": {
            "content_handling": "",
            "http_method": "GET",
            "id": "agir-aq72n5uzcb-wlazph-GET-200",
            "region": "us-east-1",
            "resource_id": "wlazph",
            "response_parameters": {},
            "response_templates": {},
            "rest_api_id": "aq72n5uzcb",
            "selection_pattern": "",
            "status_code": "200"
          },
          "sensitive_attributes": [],
          "identity_schema_version": 0,
          "private": "bnVsbA==",
          "dependencies": [
            "aws_apigatewayv2_api.websocket_api",
            "module.api_gateway.aws_api_gateway_authorizer.cognito_authorizer",
            "module.api_gateway.aws_api_gateway_integration.rest_endpoint_integrations",
            "module.api_gateway.aws_api_gateway_method.rest_endpoint_methods",
            "module.api_gateway.aws_api_gateway_method_response.rest_endpoint_method_responses",
            "module.api_gateway.aws_api_gateway_resource.base_resources",
            "module.api_gateway.aws_api_gateway_resource.main_resource",
            "module.api_gateway.aws_api_gateway_resource.variable_resources",
            "module.api_gateway.aws_api_gateway_rest_api.rest_api",
            "module.auth_lambda.aws_iam_role.lambda_role",
            "module.auth_lambda.aws_lambda_function.lambda",
            "module.auth_lambda.data.aws_caller_identity.current",
            "module.auth_lambda.data.aws_iam_policy_document.policy_doc",
            "module.auth_lambda.module.repo_ecr_lambda.aws_ecr_repository.this",
            "module.auth_lambda.null_resource.run_script",
            "module.events_queue.aws_sqs_queue.dead_letter_fifo_queue",
            "module.events_queue.aws_sqs_queue.fifo_queue",
            "module.locations_table.aws_dynamodb_table.this",
            "module.notificacoes_lambda.aws_iam_role.lambda_role",
            "module.notificacoes_lambda.aws_lambda_function.lambda",
            "module.notificacoes_lambda.data.aws_caller_identity.current",
            "module.notificacoes_lambda.data.aws_iam_policy_document.policy_doc",
            "module.notificacoes_lambda.module.repo_ecr_lambda.aws_ecr_repository.this",
            "module.notificacoes_lambda.null_resource.run_script",
            "module.notifications_general_topic.aws_sns_topic.this",
            "module.notifications_premium_topic.aws_sns_topic.this",
            "module.notifications_regional_topic.aws_sns_topic.this",
            "module.notifications_table.aws_dynamodb_table.this",
            "module.pedido_ofertas_table.aws_dynamodb_table.this",
            "module.pedidos_lambda.aws_iam_role.lambda_role",
            "module.pedidos_lambda.aws_lambda_function.lambda",
            "module.pedidos_lambda.data.aws_caller_identity.current",
            "module.pedidos_lambda.data.aws_iam_policy_document.policy_doc",
            "module.pedidos_lambda.module.repo_ecr_lambda.aws_ecr_repository.this",
            "module.pedidos_lambda.null_resource.run_script",
            "module.pedidos_table.aws_dynamodb_table.this",
            "module.rastreamento_lambda.aws_iam_role.lambda_role",
            "module.rastreamento_lambda.aws_lambda_function.lambda",
            "module.rastreamento_lambda.data.aws_caller_identity.current",
            "module.rastreamento_lambda.data.aws_iam_policy_document.policy_doc",
            "module.rastreamento_lambda.module.repo_ecr_lambda.aws_ecr_repository.this",
            "module.rastreamento_lambda.null_resource.run_script",
            "module.smart_routing_lambda.aws_iam_role.lambda_role",
            "module.smart_routing_lambda.aws_lambda_function.lambda",
            "module.smart_routing_lambda.data.aws_caller_identity.current",
            "module.smart_routing_lambda.data.aws_iam_policy_document.policy_doc",
            "module.smart_routing_lambda.module.repo_ecr_lambda.aws_ecr_repository.this",
            "module.smart_routing_lambda.null_resource.run_script",
            "module.users_table.aws_dynamodb_table.this",
            "module.usuarios_lambda.aws_iam_role.lambda_role",
            "module.usuarios_lambda.aws_lambda_function.lambda",
            "module.usuarios_lambda.data.aws_caller_identity.current",
            "module.usuarios_lambda.data.aws_iam_policy_document.policy_doc",
            "module.usuarios_lambda.module.repo_ecr_lambda.aws_ecr_repository.this",
            "module.usuarios_lambda.null_resource.run_script",
            "module.websocket_connections_table.aws_dynamodb_table.this",
            "module.websocket_lambda.aws_iam_role.lambda_role",
            "module.websocket_lambda.aws_lambda_function.lambda",
            "module.websocket_lambda.data.aws_caller_identity.current",
            "module.websocket_lambda.data.aws_iam_policy_document.policy_doc",
            "module.websocket_lambda.module.repo_ecr_lambda.aws_ecr_repository.this",
            "module.websocket_lambda.null_resource.run_script"
          ],
          "create_before_destroy": true
        },
        {
          "index_key": "9",
          "schema_version": 0,
          "attributes": {
            "content_handling": "",
            "http_method": "PATCH",
            "id": "agir-aq72n5uzcb-tkvsdh-PATCH-204",
            "region": "us-east-1",
            "resource_id": "tkvsdh",
            "response_parameters": {},
            "response_templates": {},
            "rest_api_id": "aq72n5uzcb",
            "selection_pattern": "",
            "status_code": "204"
          },
          "sensitive_attributes": [],
          "identity_schema_version": 0,
          "private": "bnVsbA==",
          "dependencies": [
            "aws_apigatewayv2_api.websocket_api",
            "module.api_gateway.aws_api_gateway_authorizer.cognito_authorizer",
            "module.api_gateway.aws_api_gateway_integration.rest_endpoint_integrations",
            "module.api_gateway.aws_api_gateway_method.rest_endpoint_methods",
            "module.api_gateway.aws_api_gateway_method_response.rest_endpoint_method_responses",
            "module.api_gateway.aws_api_gateway_resource.base_resources",
            "module.api_gateway.aws_api_gateway_resource.main_resource",
            "module.api_gateway.aws_api_gateway_resource.variable_resources",
            "module.api_gateway.aws_api_gateway_rest_api.rest_api",
            "module.auth_lambda.aws_iam_role.lambda_role",
            "module.auth_lambda.aws_lambda_function.lambda",
            "module.auth_lambda.data.aws_caller_identity.current",
            "module.auth_lambda.data.aws_iam_policy_document.policy_doc",
            "module.auth_lambda.module.repo_ecr_lambda.aws_ecr_repository.this",
            "module.auth_lambda.null_resource.run_script",
            "module.events_queue.aws_sqs_queue.dead_letter_fifo_queue",
            "module.events_queue.aws_sqs_queue.fifo_queue",
            "module.locations_table.aws_dynamodb_table.this",
            "module.notificacoes_lambda.aws_iam_role.lambda_role",
            "module.notificacoes_lambda.aws_lambda_function.lambda",
            "module.notificacoes_lambda.data.aws_caller_identity.current",
            "module.notificacoes_lambda.data.aws_iam_policy_document.policy_doc",
            "module.notificacoes_lambda.module.repo_ecr_lambda.aws_ecr_repository.this",
            "module.notificacoes_lambda.null_resource.run_script",
            "module.notifications_general_topic.aws_sns_topic.this",
            "module.notifications_premium_topic.aws_sns_topic.this",
            "module.notifications_regional_topic.aws_sns_topic.this",
            "module.notifications_table.aws_dynamodb_table.this",
            "module.pedido_ofertas_table.aws_dynamodb_table.this",
            "module.pedidos_lambda.aws_iam_role.lambda_role",
            "module.pedidos_lambda.aws_lambda_function.lambda",
            "module.pedidos_lambda.data.aws_caller_identity.current",
            "module.pedidos_lambda.data.aws_iam_policy_document.policy_doc",
            "module.pedidos_lambda.module.repo_ecr_lambda.aws_ecr_repository.this",
            "module.pedidos_lambda.null_resource.run_script",
            "module.pedidos_table.aws_dynamodb_table.this",
            "module.rastreamento_lambda.aws_iam_role.lambda_role",
            "module.rastreamento_lambda.aws_lambda_function.lambda",
            "module.rastreamento_lambda.data.aws_caller_identity.current",
            "module.rastreamento_lambda.data.aws_iam_policy_document.policy_doc",
            "module.rastreamento_lambda.module.repo_ecr_lambda.aws_ecr_repository.this",
            "module.rastreamento_lambda.null_resource.run_script",
            "module.smart_routing_lambda.aws_iam_role.lambda_role",
            "module.smart_routing_lambda.aws_lambda_function.lambda",
            "module.smart_routing_lambda.data.aws_caller_identity.current",
            "module.smart_routing_lambda.data.aws_iam_policy_document.policy_doc",
            "module.smart_routing_lambda.module.repo_ecr_lambda.aws_ecr_repository.this",
            "module.smart_routing_lambda.null_resource.run_script",
            "module.users_table.aws_dynamodb_table.this",
            "module.usuarios_lambda.aws_iam_role.lambda_role",
            "module.usuarios_lambda.aws_lambda_function.lambda",
            "module.usuarios_lambda.data.aws_caller_identity.current",
            "module.usuarios_lambda.data.aws_iam_policy_document.policy_doc",
            "module.usuarios_lambda.module.repo_ecr_lambda.aws_ecr_repository.this",
            "module.usuarios_lambda.null_resource.run_script",
            "module.websocket_connections_table.aws_dynamodb_table.this",
            "module.websocket_lambda.aws_iam_role.lambda_role",
            "module.websocket_lambda.aws_lambda_function.lambda",
            "module.websocket_lambda.data.aws_caller_identity.current",
            "module.websocket_lambda.data.aws_iam_policy_document.policy_doc",
            "module.websocket_lambda.module.repo_ecr_lambda.aws_ecr_repository.this",
            "module.websocket_lambda.null_resource.run_script"
          ],
          "create_before_destroy": true
        }
      ]
    },
    {
      "module": "module.api_gateway",
      "mode": "managed",
      "type": "aws_api_gateway_method",
      "name": "rest_endpoint_methods",
      "provider": "provider[\"registry.terraform.io/hashicorp/aws\"]",
      "instances": [
        {
          "index_key": "0",
          "schema_version": 0,
          "attributes": {
            "api_key_required": false,
            "authorization": "NONE",
            "authorization_scopes": [],
            "authorizer_id": "",
            "http_method": "POST",
            "id": "agm-aq72n5uzcb-90vq1h-POST",
            "operation_name": "",
            "region": "us-east-1",
            "request_models": {},
            "request_parameters": {},
            "request_validator_id": "",
            "resource_id": "90vq1h",
            "rest_api_id": "aq72n5uzcb"
          },
          "sensitive_attributes": [],
          "identity_schema_version": 0,
          "private": "bnVsbA==",
          "dependencies": [
            "aws_apigatewayv2_api.websocket_api",
            "module.api_gateway.aws_api_gateway_authorizer.cognito_authorizer",
            "module.api_gateway.aws_api_gateway_resource.base_resources",
            "module.api_gateway.aws_api_gateway_resource.main_resource",
            "module.api_gateway.aws_api_gateway_resource.variable_resources",
            "module.api_gateway.aws_api_gateway_rest_api.rest_api",
            "module.auth_lambda.aws_iam_role.lambda_role",
            "module.auth_lambda.aws_lambda_function.lambda",
            "module.auth_lambda.data.aws_caller_identity.current",
            "module.auth_lambda.data.aws_iam_policy_document.policy_doc",
            "module.auth_lambda.module.repo_ecr_lambda.aws_ecr_repository.this",
            "module.auth_lambda.null_resource.run_script",
            "module.events_queue.aws_sqs_queue.dead_letter_fifo_queue",
            "module.events_queue.aws_sqs_queue.fifo_queue",
            "module.locations_table.aws_dynamodb_table.this",
            "module.notificacoes_lambda.aws_iam_role.lambda_role",
            "module.notificacoes_lambda.aws_lambda_function.lambda",
            "module.notificacoes_lambda.data.aws_caller_identity.current",
            "module.notificacoes_lambda.data.aws_iam_policy_document.policy_doc",
            "module.notificacoes_lambda.module.repo_ecr_lambda.aws_ecr_repository.this",
            "module.notificacoes_lambda.null_resource.run_script",
            "module.notifications_general_topic.aws_sns_topic.this",
            "module.notifications_premium_topic.aws_sns_topic.this",
            "module.notifications_regional_topic.aws_sns_topic.this",
            "module.notifications_table.aws_dynamodb_table.this",
            "module.pedido_ofertas_table.aws_dynamodb_table.this",
            "module.pedidos_lambda.aws_iam_role.lambda_role",
            "module.pedidos_lambda.aws_lambda_function.lambda",
            "module.pedidos_lambda.data.aws_caller_identity.current",
            "module.pedidos_lambda.data.aws_iam_policy_document.policy_doc",
            "module.pedidos_lambda.module.repo_ecr_lambda.aws_ecr_repository.this",
            "module.pedidos_lambda.null_resource.run_script",
            "module.pedidos_table.aws_dynamodb_table.this",
            "module.rastreamento_lambda.aws_iam_role.lambda_role",
            "module.rastreamento_lambda.aws_lambda_function.lambda",
            "module.rastreamento_lambda.data.aws_caller_identity.current",
            "module.rastreamento_lambda.data.aws_iam_policy_document.policy_doc",
            "module.rastreamento_lambda.module.repo_ecr_lambda.aws_ecr_repository.this",
            "module.rastreamento_lambda.null_resource.run_script",
            "module.smart_routing_lambda.aws_iam_role.lambda_role",
            "module.smart_routing_lambda.aws_lambda_function.lambda",
            "module.smart_routing_lambda.data.aws_caller_identity.current",
            "module.smart_routing_lambda.data.aws_iam_policy_document.policy_doc",
            "module.smart_routing_lambda.module.repo_ecr_lambda.aws_ecr_repository.this",
            "module.smart_routing_lambda.null_resource.run_script",
            "module.users_table.aws_dynamodb_table.this",
            "module.usuarios_lambda.aws_iam_role.lambda_role",
            "module.usuarios_lambda.aws_lambda_function.lambda",
            "module.usuarios_lambda.data.aws_caller_identity.current",
            "module.usuarios_lambda.data.aws_iam_policy_document.policy_doc",
            "module.usuarios_lambda.module.repo_ecr_lambda.aws_ecr_repository.this",
            "module.usuarios_lambda.null_resource.run_script",
            "module.websocket_connections_table.aws_dynamodb_table.this",
            "module.websocket_lambda.aws_iam_role.lambda_role",
            "module.websocket_lambda.aws_lambda_function.lambda",
            "module.websocket_lambda.data.aws_caller_identity.current",
            "module.websocket_lambda.data.aws_iam_policy_document.policy_doc",
            "module.websocket_lambda.module.repo_ecr_lambda.aws_ecr_repository.this",
            "module.websocket_lambda.null_resource.run_script"
          ],
          "create_before_destroy": true
        },
        {
          "index_key": "1",
          "schema_version": 0,
          "attributes": {
            "api_key_required": false,
            "authorization": "NONE",
            "authorization_scopes": [],
            "authorizer_id": "",
            "http_method": "POST",
            "id": "agm-aq72n5uzcb-33upih-POST",
            "operation_name": "",
            "region": "us-east-1",
            "request_models": {},
            "request_parameters": {},
            "request_validator_id": "",
            "resource_id": "33upih",
            "rest_api_id": "aq72n5uzcb"
          },
          "sensitive_attributes": [],
          "identity_schema_version": 0,
          "private": "bnVsbA==",
          "dependencies": [
            "aws_apigatewayv2_api.websocket_api",
            "module.api_gateway.aws_api_gateway_authorizer.cognito_authorizer",
            "module.api_gateway.aws_api_gateway_resource.base_resources",
            "module.api_gateway.aws_api_gateway_resource.main_resource",
            "module.api_gateway.aws_api_gateway_resource.variable_resources",
            "module.api_gateway.aws_api_gateway_rest_api.rest_api",
            "module.auth_lambda.aws_iam_role.lambda_role",
            "module.auth_lambda.aws_lambda_function.lambda",
            "module.auth_lambda.data.aws_caller_identity.current",
            "module.auth_lambda.data.aws_iam_policy_document.policy_doc",
            "module.auth_lambda.module.repo_ecr_lambda.aws_ecr_repository.this",
            "module.auth_lambda.null_resource.run_script",
            "module.events_queue.aws_sqs_queue.dead_letter_fifo_queue",
            "module.events_queue.aws_sqs_queue.fifo_queue",
            "module.locations_table.aws_dynamodb_table.this",
            "module.notificacoes_lambda.aws_iam_role.lambda_role",
            "module.notificacoes_lambda.aws_lambda_function.lambda",
            "module.notificacoes_lambda.data.aws_caller_identity.current",
            "module.notificacoes_lambda.data.aws_iam_policy_document.policy_doc",
            "module.notificacoes_lambda.module.repo_ecr_lambda.aws_ecr_repository.this",
            "module.notificacoes_lambda.null_resource.run_script",
            "module.notifications_general_topic.aws_sns_topic.this",
            "module.notifications_premium_topic.aws_sns_topic.this",
            "module.notifications_regional_topic.aws_sns_topic.this",
            "module.notifications_table.aws_dynamodb_table.this",
            "module.pedido_ofertas_table.aws_dynamodb_table.this",
            "module.pedidos_lambda.aws_iam_role.lambda_role",
            "module.pedidos_lambda.aws_lambda_function.lambda",
            "module.pedidos_lambda.data.aws_caller_identity.current",
            "module.pedidos_lambda.data.aws_iam_policy_document.policy_doc",
            "module.pedidos_lambda.module.repo_ecr_lambda.aws_ecr_repository.this",
            "module.pedidos_lambda.null_resource.run_script",
            "module.pedidos_table.aws_dynamodb_table.this",
            "module.rastreamento_lambda.aws_iam_role.lambda_role",
            "module.rastreamento_lambda.aws_lambda_function.lambda",
            "module.rastreamento_lambda.data.aws_caller_identity.current",
            "module.rastreamento_lambda.data.aws_iam_policy_document.policy_doc",
            "module.rastreamento_lambda.module.repo_ecr_lambda.aws_ecr_repository.this",
            "module.rastreamento_lambda.null_resource.run_script",
            "module.smart_routing_lambda.aws_iam_role.lambda_role",
            "module.smart_routing_lambda.aws_lambda_function.lambda",
            "module.smart_routing_lambda.data.aws_caller_identity.current",
            "module.smart_routing_lambda.data.aws_iam_policy_document.policy_doc",
            "module.smart_routing_lambda.module.repo_ecr_lambda.aws_ecr_repository.this",
            "module.smart_routing_lambda.null_resource.run_script",
            "module.users_table.aws_dynamodb_table.this",
            "module.usuarios_lambda.aws_iam_role.lambda_role",
            "module.usuarios_lambda.aws_lambda_function.lambda",
            "module.usuarios_lambda.data.aws_caller_identity.current",
            "module.usuarios_lambda.data.aws_iam_policy_document.policy_doc",
            "module.usuarios_lambda.module.repo_ecr_lambda.aws_ecr_repository.this",
            "module.usuarios_lambda.null_resource.run_script",
            "module.websocket_connections_table.aws_dynamodb_table.this",
            "module.websocket_lambda.aws_iam_role.lambda_role",
            "module.websocket_lambda.aws_lambda_function.lambda",
            "module.websocket_lambda.data.aws_caller_identity.current",
            "module.websocket_lambda.data.aws_iam_policy_document.policy_doc",
            "module.websocket_lambda.module.repo_ecr_lambda.aws_ecr_repository.this",
            "module.websocket_lambda.null_resource.run_script"
          ],
          "create_before_destroy": true
        },
        {
          "index_key": "10",
          "schema_version": 0,
          "attributes": {
            "api_key_required": false,
            "authorization": "NONE",
            "authorization_scopes": [],
            "authorizer_id": "",
            "http_method": "POST",
            "id": "agm-aq72n5uzcb-ekiu8c-POST",
            "operation_name": "",
            "region": "us-east-1",
            "request_models": {},
            "request_parameters": {},
            "request_validator_id": "",
            "resource_id": "ekiu8c",
            "rest_api_id": "aq72n5uzcb"
          },
          "sensitive_attributes": [],
          "identity_schema_version": 0,
          "private": "bnVsbA==",
          "dependencies": [
            "aws_apigatewayv2_api.websocket_api",
            "module.api_gateway.aws_api_gateway_authorizer.cognito_authorizer",
            "module.api_gateway.aws_api_gateway_resource.base_resources",
            "module.api_gateway.aws_api_gateway_resource.main_resource",
            "module.api_gateway.aws_api_gateway_resource.variable_resources",
            "module.api_gateway.aws_api_gateway_rest_api.rest_api",
            "module.auth_lambda.aws_iam_role.lambda_role",
            "module.auth_lambda.aws_lambda_function.lambda",
            "module.auth_lambda.data.aws_caller_identity.current",
            "module.auth_lambda.data.aws_iam_policy_document.policy_doc",
            "module.auth_lambda.module.repo_ecr_lambda.aws_ecr_repository.this",
            "module.auth_lambda.null_resource.run_script",
            "module.events_queue.aws_sqs_queue.dead_letter_fifo_queue",
            "module.events_queue.aws_sqs_queue.fifo_queue",
            "module.locations_table.aws_dynamodb_table.this",
            "module.notificacoes_lambda.aws_iam_role.lambda_role",
            "module.notificacoes_lambda.aws_lambda_function.lambda",
            "module.notificacoes_lambda.data.aws_caller_identity.current",
            "module.notificacoes_lambda.data.aws_iam_policy_document.policy_doc",
            "module.notificacoes_lambda.module.repo_ecr_lambda.aws_ecr_repository.this",
            "module.notificacoes_lambda.null_resource.run_script",
            "module.notifications_general_topic.aws_sns_topic.this",
            "module.notifications_premium_topic.aws_sns_topic.this",
            "module.notifications_regional_topic.aws_sns_topic.this",
            "module.notifications_table.aws_dynamodb_table.this",
            "module.pedido_ofertas_table.aws_dynamodb_table.this",
            "module.pedidos_lambda.aws_iam_role.lambda_role",
            "module.pedidos_lambda.aws_lambda_function.lambda",
            "module.pedidos_lambda.data.aws_caller_identity.current",
            "module.pedidos_lambda.data.aws_iam_policy_document.policy_doc",
            "module.pedidos_lambda.module.repo_ecr_lambda.aws_ecr_repository.this",
            "module.pedidos_lambda.null_resource.run_script",
            "module.pedidos_table.aws_dynamodb_table.this",
            "module.rastreamento_lambda.aws_iam_role.lambda_role",
            "module.rastreamento_lambda.aws_lambda_function.lambda",
            "module.rastreamento_lambda.data.aws_caller_identity.current",
            "module.rastreamento_lambda.data.aws_iam_policy_document.policy_doc",
            "module.rastreamento_lambda.module.repo_ecr_lambda.aws_ecr_repository.this",
            "module.rastreamento_lambda.null_resource.run_script",
            "module.smart_routing_lambda.aws_iam_role.lambda_role",
            "module.smart_routing_lambda.aws_lambda_function.lambda",
            "module.smart_routing_lambda.data.aws_caller_identity.current",
            "module.smart_routing_lambda.data.aws_iam_policy_document.policy_doc",
            "module.smart_routing_lambda.module.repo_ecr_lambda.aws_ecr_repository.this",
            "module.smart_routing_lambda.null_resource.run_script",
            "module.users_table.aws_dynamodb_table.this",
            "module.usuarios_lambda.aws_iam_role.lambda_role",
            "module.usuarios_lambda.aws_lambda_function.lambda",
            "module.usuarios_lambda.data.aws_caller_identity.current",
            "module.usuarios_lambda.data.aws_iam_policy_document.policy_doc",
            "module.usuarios_lambda.module.repo_ecr_lambda.aws_ecr_repository.this",
            "module.usuarios_lambda.null_resource.run_script",
            "module.websocket_connections_table.aws_dynamodb_table.this",
            "module.websocket_lambda.aws_iam_role.lambda_role",
            "module.websocket_lambda.aws_lambda_function.lambda",
            "module.websocket_lambda.data.aws_caller_identity.current",
            "module.websocket_lambda.data.aws_iam_policy_document.policy_doc",
            "module.websocket_lambda.module.repo_ecr_lambda.aws_ecr_repository.this",
            "module.websocket_lambda.null_resource.run_script"
          ],
          "create_before_destroy": true
        },
        {
          "index_key": "11",
          "schema_version": 0,
          "attributes": {
            "api_key_required": false,
            "authorization": "NONE",
            "authorization_scopes": [],
            "authorizer_id": "",
            "http_method": "GET",
            "id": "agm-aq72n5uzcb-ag8dzm-GET",
            "operation_name": "",
            "region": "us-east-1",
            "request_models": {},
            "request_parameters": {},
            "request_validator_id": "",
            "resource_id": "ag8dzm",
            "rest_api_id": "aq72n5uzcb"
          },
          "sensitive_attributes": [],
          "identity_schema_version": 0,
          "private": "bnVsbA==",
          "dependencies": [
            "aws_apigatewayv2_api.websocket_api",
            "module.api_gateway.aws_api_gateway_authorizer.cognito_authorizer",
            "module.api_gateway.aws_api_gateway_resource.base_resources",
            "module.api_gateway.aws_api_gateway_resource.main_resource",
            "module.api_gateway.aws_api_gateway_resource.variable_resources",
            "module.api_gateway.aws_api_gateway_rest_api.rest_api",
            "module.auth_lambda.aws_iam_role.lambda_role",
            "module.auth_lambda.aws_lambda_function.lambda",
            "module.auth_lambda.data.aws_caller_identity.current",
            "module.auth_lambda.data.aws_iam_policy_document.policy_doc",
            "module.auth_lambda.module.repo_ecr_lambda.aws_ecr_repository.this",
            "module.auth_lambda.null_resource.run_script",
            "module.events_queue.aws_sqs_queue.dead_letter_fifo_queue",
            "module.events_queue.aws_sqs_queue.fifo_queue",
            "module.locations_table.aws_dynamodb_table.this",
            "module.notificacoes_lambda.aws_iam_role.lambda_role",
            "module.notificacoes_lambda.aws_lambda_function.lambda",
            "module.notificacoes_lambda.data.aws_caller_identity.current",
            "module.notificacoes_lambda.data.aws_iam_policy_document.policy_doc",
            "module.notificacoes_lambda.module.repo_ecr_lambda.aws_ecr_repository.this",
            "module.notificacoes_lambda.null_resource.run_script",
            "module.notifications_general_topic.aws_sns_topic.this",
            "module.notifications_premium_topic.aws_sns_topic.this",
            "module.notifications_regional_topic.aws_sns_topic.this",
            "module.notifications_table.aws_dynamodb_table.this",
            "module.pedido_ofertas_table.aws_dynamodb_table.this",
            "module.pedidos_lambda.aws_iam_role.lambda_role",
            "module.pedidos_lambda.aws_lambda_function.lambda",
            "module.pedidos_lambda.data.aws_caller_identity.current",
            "module.pedidos_lambda.data.aws_iam_policy_document.policy_doc",
            "module.pedidos_lambda.module.repo_ecr_lambda.aws_ecr_repository.this",
            "module.pedidos_lambda.null_resource.run_script",
            "module.pedidos_table.aws_dynamodb_table.this",
            "module.rastreamento_lambda.aws_iam_role.lambda_role",
            "module.rastreamento_lambda.aws_lambda_function.lambda",
            "module.rastreamento_lambda.data.aws_caller_identity.current",
            "module.rastreamento_lambda.data.aws_iam_policy_document.policy_doc",
            "module.rastreamento_lambda.module.repo_ecr_lambda.aws_ecr_repository.this",
            "module.rastreamento_lambda.null_resource.run_script",
            "module.smart_routing_lambda.aws_iam_role.lambda_role",
            "module.smart_routing_lambda.aws_lambda_function.lambda",
            "module.smart_routing_lambda.data.aws_caller_identity.current",
            "module.smart_routing_lambda.data.aws_iam_policy_document.policy_doc",
            "module.smart_routing_lambda.module.repo_ecr_lambda.aws_ecr_repository.this",
            "module.smart_routing_lambda.null_resource.run_script",
            "module.users_table.aws_dynamodb_table.this",
            "module.usuarios_lambda.aws_iam_role.lambda_role",
            "module.usuarios_lambda.aws_lambda_function.lambda",
            "module.usuarios_lambda.data.aws_caller_identity.current",
            "module.usuarios_lambda.data.aws_iam_policy_document.policy_doc",
            "module.usuarios_lambda.module.repo_ecr_lambda.aws_ecr_repository.this",
            "module.usuarios_lambda.null_resource.run_script",
            "module.websocket_connections_table.aws_dynamodb_table.this",
            "module.websocket_lambda.aws_iam_role.lambda_role",
            "module.websocket_lambda.aws_lambda_function.lambda",
            "module.websocket_lambda.data.aws_caller_identity.current",
            "module.websocket_lambda.data.aws_iam_policy_document.policy_doc",
            "module.websocket_lambda.module.repo_ecr_lambda.aws_ecr_repository.this",
            "module.websocket_lambda.null_resource.run_script"
          ],
          "create_before_destroy": true
        },
        {
          "index_key": "12",
          "schema_version": 0,
          "attributes": {
            "api_key_required": false,
            "authorization": "NONE",
            "authorization_scopes": [],
            "authorizer_id": "",
            "http_method": "GET",
            "id": "agm-aq72n5uzcb-zzb23a-GET",
            "operation_name": "",
            "region": "us-east-1",
            "request_models": {},
            "request_parameters": {},
            "request_validator_id": "",
            "resource_id": "zzb23a",
            "rest_api_id": "aq72n5uzcb"
          },
          "sensitive_attributes": [],
          "identity_schema_version": 0,
          "private": "bnVsbA==",
          "dependencies": [
            "aws_apigatewayv2_api.websocket_api",
            "module.api_gateway.aws_api_gateway_authorizer.cognito_authorizer",
            "module.api_gateway.aws_api_gateway_resource.base_resources",
            "module.api_gateway.aws_api_gateway_resource.main_resource",
            "module.api_gateway.aws_api_gateway_resource.variable_resources",
            "module.api_gateway.aws_api_gateway_rest_api.rest_api",
            "module.auth_lambda.aws_iam_role.lambda_role",
            "module.auth_lambda.aws_lambda_function.lambda",
            "module.auth_lambda.data.aws_caller_identity.current",
            "module.auth_lambda.data.aws_iam_policy_document.policy_doc",
            "module.auth_lambda.module.repo_ecr_lambda.aws_ecr_repository.this",
            "module.auth_lambda.null_resource.run_script",
            "module.events_queue.aws_sqs_queue.dead_letter_fifo_queue",
            "module.events_queue.aws_sqs_queue.fifo_queue",
            "module.locations_table.aws_dynamodb_table.this",
            "module.notificacoes_lambda.aws_iam_role.lambda_role",
            "module.notificacoes_lambda.aws_lambda_function.lambda",
            "module.notificacoes_lambda.data.aws_caller_identity.current",
            "module.notificacoes_lambda.data.aws_iam_policy_document.policy_doc",
            "module.notificacoes_lambda.module.repo_ecr_lambda.aws_ecr_repository.this",
            "module.notificacoes_lambda.null_resource.run_script",
            "module.notifications_general_topic.aws_sns_topic.this",
            "module.notifications_premium_topic.aws_sns_topic.this",
            "module.notifications_regional_topic.aws_sns_topic.this",
            "module.notifications_table.aws_dynamodb_table.this",
            "module.pedido_ofertas_table.aws_dynamodb_table.this",
            "module.pedidos_lambda.aws_iam_role.lambda_role",
            "module.pedidos_lambda.aws_lambda_function.lambda",
            "module.pedidos_lambda.data.aws_caller_identity.current",
            "module.pedidos_lambda.data.aws_iam_policy_document.policy_doc",
            "module.pedidos_lambda.module.repo_ecr_lambda.aws_ecr_repository.this",
            "module.pedidos_lambda.null_resource.run_script",
            "module.pedidos_table.aws_dynamodb_table.this",
            "module.rastreamento_lambda.aws_iam_role.lambda_role",
            "module.rastreamento_lambda.aws_lambda_function.lambda",
            "module.rastreamento_lambda.data.aws_caller_identity.current",
            "module.rastreamento_lambda.data.aws_iam_policy_document.policy_doc",
            "module.rastreamento_lambda.module.repo_ecr_lambda.aws_ecr_repository.this",
            "module.rastreamento_lambda.null_resource.run_script",
            "module.smart_routing_lambda.aws_iam_role.lambda_role",
            "module.smart_routing_lambda.aws_lambda_function.lambda",
            "module.smart_routing_lambda.data.aws_caller_identity.current",
            "module.smart_routing_lambda.data.aws_iam_policy_document.policy_doc",
            "module.smart_routing_lambda.module.repo_ecr_lambda.aws_ecr_repository.this",
            "module.smart_routing_lambda.null_resource.run_script",
            "module.users_table.aws_dynamodb_table.this",
            "module.usuarios_lambda.aws_iam_role.lambda_role",
            "module.usuarios_lambda.aws_lambda_function.lambda",
            "module.usuarios_lambda.data.aws_caller_identity.current",
            "module.usuarios_lambda.data.aws_iam_policy_document.policy_doc",
            "module.usuarios_lambda.module.repo_ecr_lambda.aws_ecr_repository.this",
            "module.usuarios_lambda.null_resource.run_script",
            "module.websocket_connections_table.aws_dynamodb_table.this",
            "module.websocket_lambda.aws_iam_role.lambda_role",
            "module.websocket_lambda.aws_lambda_function.lambda",
            "module.websocket_lambda.data.aws_caller_identity.current",
            "module.websocket_lambda.data.aws_iam_policy_document.policy_doc",
            "module.websocket_lambda.module.repo_ecr_lambda.aws_ecr_repository.this",
            "module.websocket_lambda.null_resource.run_script"
          ],
          "create_before_destroy": true
        },
        {
          "index_key": "13",
          "schema_version": 0,
          "attributes": {
            "api_key_required": false,
            "authorization": "NONE",
            "authorization_scopes": [],
            "authorizer_id": "",
            "http_method": "GET",
            "id": "agm-aq72n5uzcb-w1b7i6-GET",
            "operation_name": "",
            "region": "us-east-1",
            "request_models": {},
            "request_parameters": {},
            "request_validator_id": "",
            "resource_id": "w1b7i6",
            "rest_api_id": "aq72n5uzcb"
          },
          "sensitive_attributes": [],
          "identity_schema_version": 0,
          "private": "bnVsbA==",
          "dependencies": [
            "aws_apigatewayv2_api.websocket_api",
            "module.api_gateway.aws_api_gateway_authorizer.cognito_authorizer",
            "module.api_gateway.aws_api_gateway_resource.base_resources",
            "module.api_gateway.aws_api_gateway_resource.main_resource",
            "module.api_gateway.aws_api_gateway_resource.variable_resources",
            "module.api_gateway.aws_api_gateway_rest_api.rest_api",
            "module.auth_lambda.aws_iam_role.lambda_role",
            "module.auth_lambda.aws_lambda_function.lambda",
            "module.auth_lambda.data.aws_caller_identity.current",
            "module.auth_lambda.data.aws_iam_policy_document.policy_doc",
            "module.auth_lambda.module.repo_ecr_lambda.aws_ecr_repository.this",
            "module.auth_lambda.null_resource.run_script",
            "module.events_queue.aws_sqs_queue.dead_letter_fifo_queue",
            "module.events_queue.aws_sqs_queue.fifo_queue",
            "module.locations_table.aws_dynamodb_table.this",
            "module.notificacoes_lambda.aws_iam_role.lambda_role",
            "module.notificacoes_lambda.aws_lambda_function.lambda",
            "module.notificacoes_lambda.data.aws_caller_identity.current",
            "module.notificacoes_lambda.data.aws_iam_policy_document.policy_doc",
            "module.notificacoes_lambda.module.repo_ecr_lambda.aws_ecr_repository.this",
            "module.notificacoes_lambda.null_resource.run_script",
            "module.notifications_general_topic.aws_sns_topic.this",
            "module.notifications_premium_topic.aws_sns_topic.this",
            "module.notifications_regional_topic.aws_sns_topic.this",
            "module.notifications_table.aws_dynamodb_table.this",
            "module.pedido_ofertas_table.aws_dynamodb_table.this",
            "module.pedidos_lambda.aws_iam_role.lambda_role",
            "module.pedidos_lambda.aws_lambda_function.lambda",
            "module.pedidos_lambda.data.aws_caller_identity.current",
            "module.pedidos_lambda.data.aws_iam_policy_document.policy_doc",
            "module.pedidos_lambda.module.repo_ecr_lambda.aws_ecr_repository.this",
            "module.pedidos_lambda.null_resource.run_script",
            "module.pedidos_table.aws_dynamodb_table.this",
            "module.rastreamento_lambda.aws_iam_role.lambda_role",
            "module.rastreamento_lambda.aws_lambda_function.lambda",
            "module.rastreamento_lambda.data.aws_caller_identity.current",
            "module.rastreamento_lambda.data.aws_iam_policy_document.policy_doc",
            "module.rastreamento_lambda.module.repo_ecr_lambda.aws_ecr_repository.this",
            "module.rastreamento_lambda.null_resource.run_script",
            "module.smart_routing_lambda.aws_iam_role.lambda_role",
            "module.smart_routing_lambda.aws_lambda_function.lambda",
            "module.smart_routing_lambda.data.aws_caller_identity.current",
            "module.smart_routing_lambda.data.aws_iam_policy_document.policy_doc",
            "module.smart_routing_lambda.module.repo_ecr_lambda.aws_ecr_repository.this",
            "module.smart_routing_lambda.null_resource.run_script",
            "module.users_table.aws_dynamodb_table.this",
            "module.usuarios_lambda.aws_iam_role.lambda_role",
            "module.usuarios_lambda.aws_lambda_function.lambda",
            "module.usuarios_lambda.data.aws_caller_identity.current",
            "module.usuarios_lambda.data.aws_iam_policy_document.policy_doc",
            "module.usuarios_lambda.module.repo_ecr_lambda.aws_ecr_repository.this",
            "module.usuarios_lambda.null_resource.run_script",
            "module.websocket_connections_table.aws_dynamodb_table.this",
            "module.websocket_lambda.aws_iam_role.lambda_role",
            "module.websocket_lambda.aws_lambda_function.lambda",
            "module.websocket_lambda.data.aws_caller_identity.current",
            "module.websocket_lambda.data.aws_iam_policy_document.policy_doc",
            "module.websocket_lambda.module.repo_ecr_lambda.aws_ecr_repository.this",
            "module.websocket_lambda.null_resource.run_script"
          ],
          "create_before_destroy": true
        },
        {
          "index_key": "14",
          "schema_version": 0,
          "attributes": {
            "api_key_required": false,
            "authorization": "NONE",
            "authorization_scopes": [],
            "authorizer_id": "",
            "http_method": "GET",
            "id": "agm-aq72n5uzcb-gc9ceo-GET",
            "operation_name": "",
            "region": "us-east-1",
            "request_models": {},
            "request_parameters": {},
            "request_validator_id": "",
            "resource_id": "gc9ceo",
            "rest_api_id": "aq72n5uzcb"
          },
          "sensitive_attributes": [],
          "identity_schema_version": 0,
          "private": "bnVsbA==",
          "dependencies": [
            "aws_apigatewayv2_api.websocket_api",
            "module.api_gateway.aws_api_gateway_authorizer.cognito_authorizer",
            "module.api_gateway.aws_api_gateway_resource.base_resources",
            "module.api_gateway.aws_api_gateway_resource.main_resource",
            "module.api_gateway.aws_api_gateway_resource.variable_resources",
            "module.api_gateway.aws_api_gateway_rest_api.rest_api",
            "module.auth_lambda.aws_iam_role.lambda_role",
            "module.auth_lambda.aws_lambda_function.lambda",
            "module.auth_lambda.data.aws_caller_identity.current",
            "module.auth_lambda.data.aws_iam_policy_document.policy_doc",
            "module.auth_lambda.module.repo_ecr_lambda.aws_ecr_repository.this",
            "module.auth_lambda.null_resource.run_script",
            "module.events_queue.aws_sqs_queue.dead_letter_fifo_queue",
            "module.events_queue.aws_sqs_queue.fifo_queue",
            "module.locations_table.aws_dynamodb_table.this",
            "module.notificacoes_lambda.aws_iam_role.lambda_role",
            "module.notificacoes_lambda.aws_lambda_function.lambda",
            "module.notificacoes_lambda.data.aws_caller_identity.current",
            "module.notificacoes_lambda.data.aws_iam_policy_document.policy_doc",
            "module.notificacoes_lambda.module.repo_ecr_lambda.aws_ecr_repository.this",
            "module.notificacoes_lambda.null_resource.run_script",
            "module.notifications_general_topic.aws_sns_topic.this",
            "module.notifications_premium_topic.aws_sns_topic.this",
            "module.notifications_regional_topic.aws_sns_topic.this",
            "module.notifications_table.aws_dynamodb_table.this",
            "module.pedido_ofertas_table.aws_dynamodb_table.this",
            "module.pedidos_lambda.aws_iam_role.lambda_role",
            "module.pedidos_lambda.aws_lambda_function.lambda",
            "module.pedidos_lambda.data.aws_caller_identity.current",
            "module.pedidos_lambda.data.aws_iam_policy_document.policy_doc",
            "module.pedidos_lambda.module.repo_ecr_lambda.aws_ecr_repository.this",
            "module.pedidos_lambda.null_resource.run_script",
            "module.pedidos_table.aws_dynamodb_table.this",
            "module.rastreamento_lambda.aws_iam_role.lambda_role",
            "module.rastreamento_lambda.aws_lambda_function.lambda",
            "module.rastreamento_lambda.data.aws_caller_identity.current",
            "module.rastreamento_lambda.data.aws_iam_policy_document.policy_doc",
            "module.rastreamento_lambda.module.repo_ecr_lambda.aws_ecr_repository.this",
            "module.rastreamento_lambda.null_resource.run_script",
            "module.smart_routing_lambda.aws_iam_role.lambda_role",
            "module.smart_routing_lambda.aws_lambda_function.lambda",
            "module.smart_routing_lambda.data.aws_caller_identity.current",
            "module.smart_routing_lambda.data.aws_iam_policy_document.policy_doc",
            "module.smart_routing_lambda.module.repo_ecr_lambda.aws_ecr_repository.this",
            "module.smart_routing_lambda.null_resource.run_script",
            "module.users_table.aws_dynamodb_table.this",
            "module.usuarios_lambda.aws_iam_role.lambda_role",
            "module.usuarios_lambda.aws_lambda_function.lambda",
            "module.usuarios_lambda.data.aws_caller_identity.current",
            "module.usuarios_lambda.data.aws_iam_policy_document.policy_doc",
            "module.usuarios_lambda.module.repo_ecr_lambda.aws_ecr_repository.this",
            "module.usuarios_lambda.null_resource.run_script",
            "module.websocket_connections_table.aws_dynamodb_table.this",
            "module.websocket_lambda.aws_iam_role.lambda_role",
            "module.websocket_lambda.aws_lambda_function.lambda",
            "module.websocket_lambda.data.aws_caller_identity.current",
            "module.websocket_lambda.data.aws_iam_policy_document.policy_doc",
            "module.websocket_lambda.module.repo_ecr_lambda.aws_ecr_repository.this",
            "module.websocket_lambda.null_resource.run_script"
          ],
          "create_before_destroy": true
        },
        {
          "index_key": "15",
          "schema_version": 0,
          "attributes": {
            "api_key_required": false,
            "authorization": "NONE",
            "authorization_scopes": [],
            "authorizer_id": "",
            "http_method": "POST",
            "id": "agm-aq72n5uzcb-f2k6l6-POST",
            "operation_name": "",
            "region": "us-east-1",
            "request_models": {},
            "request_parameters": {},
            "request_validator_id": "",
            "resource_id": "f2k6l6",
            "rest_api_id": "aq72n5uzcb"
          },
          "sensitive_attributes": [],
          "identity_schema_version": 0,
          "private": "bnVsbA==",
          "dependencies": [
            "aws_apigatewayv2_api.websocket_api",
            "module.api_gateway.aws_api_gateway_authorizer.cognito_authorizer",
            "module.api_gateway.aws_api_gateway_resource.base_resources",
            "module.api_gateway.aws_api_gateway_resource.main_resource",
            "module.api_gateway.aws_api_gateway_resource.variable_resources",
            "module.api_gateway.aws_api_gateway_rest_api.rest_api",
            "module.auth_lambda.aws_iam_role.lambda_role",
            "module.auth_lambda.aws_lambda_function.lambda",
            "module.auth_lambda.data.aws_caller_identity.current",
            "module.auth_lambda.data.aws_iam_policy_document.policy_doc",
            "module.auth_lambda.module.repo_ecr_lambda.aws_ecr_repository.this",
            "module.auth_lambda.null_resource.run_script",
            "module.events_queue.aws_sqs_queue.dead_letter_fifo_queue",
            "module.events_queue.aws_sqs_queue.fifo_queue",
            "module.locations_table.aws_dynamodb_table.this",
            "module.notificacoes_lambda.aws_iam_role.lambda_role",
            "module.notificacoes_lambda.aws_lambda_function.lambda",
            "module.notificacoes_lambda.data.aws_caller_identity.current",
            "module.notificacoes_lambda.data.aws_iam_policy_document.policy_doc",
            "module.notificacoes_lambda.module.repo_ecr_lambda.aws_ecr_repository.this",
            "module.notificacoes_lambda.null_resource.run_script",
            "module.notifications_general_topic.aws_sns_topic.this",
            "module.notifications_premium_topic.aws_sns_topic.this",
            "module.notifications_regional_topic.aws_sns_topic.this",
            "module.notifications_table.aws_dynamodb_table.this",
            "module.pedido_ofertas_table.aws_dynamodb_table.this",
            "module.pedidos_lambda.aws_iam_role.lambda_role",
            "module.pedidos_lambda.aws_lambda_function.lambda",
            "module.pedidos_lambda.data.aws_caller_identity.current",
            "module.pedidos_lambda.data.aws_iam_policy_document.policy_doc",
            "module.pedidos_lambda.module.repo_ecr_lambda.aws_ecr_repository.this",
            "module.pedidos_lambda.null_resource.run_script",
            "module.pedidos_table.aws_dynamodb_table.this",
            "module.rastreamento_lambda.aws_iam_role.lambda_role",
            "module.rastreamento_lambda.aws_lambda_function.lambda",
            "module.rastreamento_lambda.data.aws_caller_identity.current",
            "module.rastreamento_lambda.data.aws_iam_policy_document.policy_doc",
            "module.rastreamento_lambda.module.repo_ecr_lambda.aws_ecr_repository.this",
            "module.rastreamento_lambda.null_resource.run_script",
            "module.smart_routing_lambda.aws_iam_role.lambda_role",
            "module.smart_routing_lambda.aws_lambda_function.lambda",
            "module.smart_routing_lambda.data.aws_caller_identity.current",
            "module.smart_routing_lambda.data.aws_iam_policy_document.policy_doc",
            "module.smart_routing_lambda.module.repo_ecr_lambda.aws_ecr_repository.this",
            "module.smart_routing_lambda.null_resource.run_script",
            "module.users_table.aws_dynamodb_table.this",
            "module.usuarios_lambda.aws_iam_role.lambda_role",
            "module.usuarios_lambda.aws_lambda_function.lambda",
            "module.usuarios_lambda.data.aws_caller_identity.current",
            "module.usuarios_lambda.data.aws_iam_policy_document.policy_doc",
            "module.usuarios_lambda.module.repo_ecr_lambda.aws_ecr_repository.this",
            "module.usuarios_lambda.null_resource.run_script",
            "module.websocket_connections_table.aws_dynamodb_table.this",
            "module.websocket_lambda.aws_iam_role.lambda_role",
            "module.websocket_lambda.aws_lambda_function.lambda",
            "module.websocket_lambda.data.aws_caller_identity.current",
            "module.websocket_lambda.data.aws_iam_policy_document.policy_doc",
            "module.websocket_lambda.module.repo_ecr_lambda.aws_ecr_repository.this",
            "module.websocket_lambda.null_resource.run_script"
          ],
          "create_before_destroy": true
        },
        {
          "index_key": "16",
          "schema_version": 0,
          "attributes": {
            "api_key_required": false,
            "authorization": "NONE",
            "authorization_scopes": [],
            "authorizer_id": "",
            "http_method": "POST",
            "id": "agm-aq72n5uzcb-mjbx9c-POST",
            "operation_name": "",
            "region": "us-east-1",
            "request_models": {},
            "request_parameters": {},
            "request_validator_id": "",
            "resource_id": "mjbx9c",
            "rest_api_id": "aq72n5uzcb"
          },
          "sensitive_attributes": [],
          "identity_schema_version": 0,
          "private": "bnVsbA==",
          "dependencies": [
            "aws_apigatewayv2_api.websocket_api",
            "module.api_gateway.aws_api_gateway_authorizer.cognito_authorizer",
            "module.api_gateway.aws_api_gateway_resource.base_resources",
            "module.api_gateway.aws_api_gateway_resource.main_resource",
            "module.api_gateway.aws_api_gateway_resource.variable_resources",
            "module.api_gateway.aws_api_gateway_rest_api.rest_api",
            "module.auth_lambda.aws_iam_role.lambda_role",
            "module.auth_lambda.aws_lambda_function.lambda",
            "module.auth_lambda.data.aws_caller_identity.current",
            "module.auth_lambda.data.aws_iam_policy_document.policy_doc",
            "module.auth_lambda.module.repo_ecr_lambda.aws_ecr_repository.this",
            "module.auth_lambda.null_resource.run_script",
            "module.events_queue.aws_sqs_queue.dead_letter_fifo_queue",
            "module.events_queue.aws_sqs_queue.fifo_queue",
            "module.locations_table.aws_dynamodb_table.this",
            "module.notificacoes_lambda.aws_iam_role.lambda_role",
            "module.notificacoes_lambda.aws_lambda_function.lambda",
            "module.notificacoes_lambda.data.aws_caller_identity.current",
            "module.notificacoes_lambda.data.aws_iam_policy_document.policy_doc",
            "module.notificacoes_lambda.module.repo_ecr_lambda.aws_ecr_repository.this",
            "module.notificacoes_lambda.null_resource.run_script",
            "module.notifications_general_topic.aws_sns_topic.this",
            "module.notifications_premium_topic.aws_sns_topic.this",
            "module.notifications_regional_topic.aws_sns_topic.this",
            "module.notifications_table.aws_dynamodb_table.this",
            "module.pedido_ofertas_table.aws_dynamodb_table.this",
            "module.pedidos_lambda.aws_iam_role.lambda_role",
            "module.pedidos_lambda.aws_lambda_function.lambda",
            "module.pedidos_lambda.data.aws_caller_identity.current",
            "module.pedidos_lambda.data.aws_iam_policy_document.policy_doc",
            "module.pedidos_lambda.module.repo_ecr_lambda.aws_ecr_repository.this",
            "module.pedidos_lambda.null_resource.run_script",
            "module.pedidos_table.aws_dynamodb_table.this",
            "module.rastreamento_lambda.aws_iam_role.lambda_role",
            "module.rastreamento_lambda.aws_lambda_function.lambda",
            "module.rastreamento_lambda.data.aws_caller_identity.current",
            "module.rastreamento_lambda.data.aws_iam_policy_document.policy_doc",
            "module.rastreamento_lambda.module.repo_ecr_lambda.aws_ecr_repository.this",
            "module.rastreamento_lambda.null_resource.run_script",
            "module.smart_routing_lambda.aws_iam_role.lambda_role",
            "module.smart_routing_lambda.aws_lambda_function.lambda",
            "module.smart_routing_lambda.data.aws_caller_identity.current",
            "module.smart_routing_lambda.data.aws_iam_policy_document.policy_doc",
            "module.smart_routing_lambda.module.repo_ecr_lambda.aws_ecr_repository.this",
            "module.smart_routing_lambda.null_resource.run_script",
            "module.users_table.aws_dynamodb_table.this",
            "module.usuarios_lambda.aws_iam_role.lambda_role",
            "module.usuarios_lambda.aws_lambda_function.lambda",
            "module.usuarios_lambda.data.aws_caller_identity.current",
            "module.usuarios_lambda.data.aws_iam_policy_document.policy_doc",
            "module.usuarios_lambda.module.repo_ecr_lambda.aws_ecr_repository.this",
            "module.usuarios_lambda.null_resource.run_script",
            "module.websocket_connections_table.aws_dynamodb_table.this",
            "module.websocket_lambda.aws_iam_role.lambda_role",
            "module.websocket_lambda.aws_lambda_function.lambda",
            "module.websocket_lambda.data.aws_caller_identity.current",
            "module.websocket_lambda.data.aws_iam_policy_document.policy_doc",
            "module.websocket_lambda.module.repo_ecr_lambda.aws_ecr_repository.this",
            "module.websocket_lambda.null_resource.run_script"
          ],
          "create_before_destroy": true
        },
        {
          "index_key": "17",
          "schema_version": 0,
          "attributes": {
            "api_key_required": false,
            "authorization": "NONE",
            "authorization_scopes": [],
            "authorizer_id": "",
            "http_method": "POST",
            "id": "agm-aq72n5uzcb-d5bc68-POST",
            "operation_name": "",
            "region": "us-east-1",
            "request_models": {},
            "request_parameters": {},
            "request_validator_id": "",
            "resource_id": "d5bc68",
            "rest_api_id": "aq72n5uzcb"
          },
          "sensitive_attributes": [],
          "identity_schema_version": 0,
          "private": "bnVsbA==",
          "dependencies": [
            "aws_apigatewayv2_api.websocket_api",
            "module.api_gateway.aws_api_gateway_authorizer.cognito_authorizer",
            "module.api_gateway.aws_api_gateway_resource.base_resources",
            "module.api_gateway.aws_api_gateway_resource.main_resource",
            "module.api_gateway.aws_api_gateway_resource.variable_resources",
            "module.api_gateway.aws_api_gateway_rest_api.rest_api",
            "module.auth_lambda.aws_iam_role.lambda_role",
            "module.auth_lambda.aws_lambda_function.lambda",
            "module.auth_lambda.data.aws_caller_identity.current",
            "module.auth_lambda.data.aws_iam_policy_document.policy_doc",
            "module.auth_lambda.module.repo_ecr_lambda.aws_ecr_repository.this",
            "module.auth_lambda.null_resource.run_script",
            "module.events_queue.aws_sqs_queue.dead_letter_fifo_queue",
            "module.events_queue.aws_sqs_queue.fifo_queue",
            "module.locations_table.aws_dynamodb_table.this",
            "module.notificacoes_lambda.aws_iam_role.lambda_role",
            "module.notificacoes_lambda.aws_lambda_function.lambda",
            "module.notificacoes_lambda.data.aws_caller_identity.current",
            "module.notificacoes_lambda.data.aws_iam_policy_document.policy_doc",
            "module.notificacoes_lambda.module.repo_ecr_lambda.aws_ecr_repository.this",
            "module.notificacoes_lambda.null_resource.run_script",
            "module.notifications_general_topic.aws_sns_topic.this",
            "module.notifications_premium_topic.aws_sns_topic.this",
            "module.notifications_regional_topic.aws_sns_topic.this",
            "module.notifications_table.aws_dynamodb_table.this",
            "module.pedido_ofertas_table.aws_dynamodb_table.this",
            "module.pedidos_lambda.aws_iam_role.lambda_role",
            "module.pedidos_lambda.aws_lambda_function.lambda",
            "module.pedidos_lambda.data.aws_caller_identity.current",
            "module.pedidos_lambda.data.aws_iam_policy_document.policy_doc",
            "module.pedidos_lambda.module.repo_ecr_lambda.aws_ecr_repository.this",
            "module.pedidos_lambda.null_resource.run_script",
            "module.pedidos_table.aws_dynamodb_table.this",
            "module.rastreamento_lambda.aws_iam_role.lambda_role",
            "module.rastreamento_lambda.aws_lambda_function.lambda",
            "module.rastreamento_lambda.data.aws_caller_identity.current",
            "module.rastreamento_lambda.data.aws_iam_policy_document.policy_doc",
            "module.rastreamento_lambda.module.repo_ecr_lambda.aws_ecr_repository.this",
            "module.rastreamento_lambda.null_resource.run_script",
            "module.smart_routing_lambda.aws_iam_role.lambda_role",
            "module.smart_routing_lambda.aws_lambda_function.lambda",
            "module.smart_routing_lambda.data.aws_caller_identity.current",
            "module.smart_routing_lambda.data.aws_iam_policy_document.policy_doc",
            "module.smart_routing_lambda.module.repo_ecr_lambda.aws_ecr_repository.this",
            "module.smart_routing_lambda.null_resource.run_script",
            "module.users_table.aws_dynamodb_table.this",
            "module.usuarios_lambda.aws_iam_role.lambda_role",
            "module.usuarios_lambda.aws_lambda_function.lambda",
            "module.usuarios_lambda.data.aws_caller_identity.current",
            "module.usuarios_lambda.data.aws_iam_policy_document.policy_doc",
            "module.usuarios_lambda.module.repo_ecr_lambda.aws_ecr_repository.this",
            "module.usuarios_lambda.null_resource.run_script",
            "module.websocket_connections_table.aws_dynamodb_table.this",
            "module.websocket_lambda.aws_iam_role.lambda_role",
            "module.websocket_lambda.aws_lambda_function.lambda",
            "module.websocket_lambda.data.aws_caller_identity.current",
            "module.websocket_lambda.data.aws_iam_policy_document.policy_doc",
            "module.websocket_lambda.module.repo_ecr_lambda.aws_ecr_repository.this",
            "module.websocket_lambda.null_resource.run_script"
          ],
          "create_before_destroy": true
        },
        {
          "index_key": "18",
          "schema_version": 0,
          "attributes": {
            "api_key_required": false,
            "authorization": "NONE",
            "authorization_scopes": [],
            "authorizer_id": "",
            "http_method": "GET",
            "id": "agm-aq72n5uzcb-m84byw-GET",
            "operation_name": "",
            "region": "us-east-1",
            "request_models": {},
            "request_parameters": {},
            "request_validator_id": "",
            "resource_id": "m84byw",
            "rest_api_id": "aq72n5uzcb"
          },
          "sensitive_attributes": [],
          "identity_schema_version": 0,
          "private": "bnVsbA==",
          "dependencies": [
            "aws_apigatewayv2_api.websocket_api",
            "module.api_gateway.aws_api_gateway_authorizer.cognito_authorizer",
            "module.api_gateway.aws_api_gateway_resource.base_resources",
            "module.api_gateway.aws_api_gateway_resource.main_resource",
            "module.api_gateway.aws_api_gateway_resource.variable_resources",
            "module.api_gateway.aws_api_gateway_rest_api.rest_api",
            "module.auth_lambda.aws_iam_role.lambda_role",
            "module.auth_lambda.aws_lambda_function.lambda",
            "module.auth_lambda.data.aws_caller_identity.current",
            "module.auth_lambda.data.aws_iam_policy_document.policy_doc",
            "module.auth_lambda.module.repo_ecr_lambda.aws_ecr_repository.this",
            "module.auth_lambda.null_resource.run_script",
            "module.events_queue.aws_sqs_queue.dead_letter_fifo_queue",
            "module.events_queue.aws_sqs_queue.fifo_queue",
            "module.locations_table.aws_dynamodb_table.this",
            "module.notificacoes_lambda.aws_iam_role.lambda_role",
            "module.notificacoes_lambda.aws_lambda_function.lambda",
            "module.notificacoes_lambda.data.aws_caller_identity.current",
            "module.notificacoes_lambda.data.aws_iam_policy_document.policy_doc",
            "module.notificacoes_lambda.module.repo_ecr_lambda.aws_ecr_repository.this",
            "module.notificacoes_lambda.null_resource.run_script",
            "module.notifications_general_topic.aws_sns_topic.this",
            "module.notifications_premium_topic.aws_sns_topic.this",
            "module.notifications_regional_topic.aws_sns_topic.this",
            "module.notifications_table.aws_dynamodb_table.this",
            "module.pedido_ofertas_table.aws_dynamodb_table.this",
            "module.pedidos_lambda.aws_iam_role.lambda_role",
            "module.pedidos_lambda.aws_lambda_function.lambda",
            "module.pedidos_lambda.data.aws_caller_identity.current",
            "module.pedidos_lambda.data.aws_iam_policy_document.policy_doc",
            "module.pedidos_lambda.module.repo_ecr_lambda.aws_ecr_repository.this",
            "module.pedidos_lambda.null_resource.run_script",
            "module.pedidos_table.aws_dynamodb_table.this",
            "module.rastreamento_lambda.aws_iam_role.lambda_role",
            "module.rastreamento_lambda.aws_lambda_function.lambda",
            "module.rastreamento_lambda.data.aws_caller_identity.current",
            "module.rastreamento_lambda.data.aws_iam_policy_document.policy_doc",
            "module.rastreamento_lambda.module.repo_ecr_lambda.aws_ecr_repository.this",
            "module.rastreamento_lambda.null_resource.run_script",
            "module.smart_routing_lambda.aws_iam_role.lambda_role",
            "module.smart_routing_lambda.aws_lambda_function.lambda",
            "module.smart_routing_lambda.data.aws_caller_identity.current",
            "module.smart_routing_lambda.data.aws_iam_policy_document.policy_doc",
            "module.smart_routing_lambda.module.repo_ecr_lambda.aws_ecr_repository.this",
            "module.smart_routing_lambda.null_resource.run_script",
            "module.users_table.aws_dynamodb_table.this",
            "module.usuarios_lambda.aws_iam_role.lambda_role",
            "module.usuarios_lambda.aws_lambda_function.lambda",
            "module.usuarios_lambda.data.aws_caller_identity.current",
            "module.usuarios_lambda.data.aws_iam_policy_document.policy_doc",
            "module.usuarios_lambda.module.repo_ecr_lambda.aws_ecr_repository.this",
            "module.usuarios_lambda.null_resource.run_script",
            "module.websocket_connections_table.aws_dynamodb_table.this",
            "module.websocket_lambda.aws_iam_role.lambda_role",
            "module.websocket_lambda.aws_lambda_function.lambda",
            "module.websocket_lambda.data.aws_caller_identity.current",
            "module.websocket_lambda.data.aws_iam_policy_document.policy_doc",
            "module.websocket_lambda.module.repo_ecr_lambda.aws_ecr_repository.this",
            "module.websocket_lambda.null_resource.run_script"
          ],
          "create_before_destroy": true
        },
        {
          "index_key": "19",
          "schema_version": 0,
          "attributes": {
            "api_key_required": false,
            "authorization": "NONE",
            "authorization_scopes": [],
            "authorizer_id": "",
            "http_method": "POST",
            "id": "agm-aq72n5uzcb-gmh4r0-POST",
            "operation_name": "",
            "region": "us-east-1",
            "request_models": {},
            "request_parameters": {},
            "request_validator_id": "",
            "resource_id": "gmh4r0",
            "rest_api_id": "aq72n5uzcb"
          },
          "sensitive_attributes": [],
          "identity_schema_version": 0,
          "private": "bnVsbA==",
          "dependencies": [
            "aws_apigatewayv2_api.websocket_api",
            "module.api_gateway.aws_api_gateway_authorizer.cognito_authorizer",
            "module.api_gateway.aws_api_gateway_resource.base_resources",
            "module.api_gateway.aws_api_gateway_resource.main_resource",
            "module.api_gateway.aws_api_gateway_resource.variable_resources",
            "module.api_gateway.aws_api_gateway_rest_api.rest_api",
            "module.auth_lambda.aws_iam_role.lambda_role",
            "module.auth_lambda.aws_lambda_function.lambda",
            "module.auth_lambda.data.aws_caller_identity.current",
            "module.auth_lambda.data.aws_iam_policy_document.policy_doc",
            "module.auth_lambda.module.repo_ecr_lambda.aws_ecr_repository.this",
            "module.auth_lambda.null_resource.run_script",
            "module.events_queue.aws_sqs_queue.dead_letter_fifo_queue",
            "module.events_queue.aws_sqs_queue.fifo_queue",
            "module.locations_table.aws_dynamodb_table.this",
            "module.notificacoes_lambda.aws_iam_role.lambda_role",
            "module.notificacoes_lambda.aws_lambda_function.lambda",
            "module.notificacoes_lambda.data.aws_caller_identity.current",
            "module.notificacoes_lambda.data.aws_iam_policy_document.policy_doc",
            "module.notificacoes_lambda.module.repo_ecr_lambda.aws_ecr_repository.this",
            "module.notificacoes_lambda.null_resource.run_script",
            "module.notifications_general_topic.aws_sns_topic.this",
            "module.notifications_premium_topic.aws_sns_topic.this",
            "module.notifications_regional_topic.aws_sns_topic.this",
            "module.notifications_table.aws_dynamodb_table.this",
            "module.pedido_ofertas_table.aws_dynamodb_table.this",
            "module.pedidos_lambda.aws_iam_role.lambda_role",
            "module.pedidos_lambda.aws_lambda_function.lambda",
            "module.pedidos_lambda.data.aws_caller_identity.current",
            "module.pedidos_lambda.data.aws_iam_policy_document.policy_doc",
            "module.pedidos_lambda.module.repo_ecr_lambda.aws_ecr_repository.this",
            "module.pedidos_lambda.null_resource.run_script",
            "module.pedidos_table.aws_dynamodb_table.this",
            "module.rastreamento_lambda.aws_iam_role.lambda_role",
            "module.rastreamento_lambda.aws_lambda_function.lambda",
            "module.rastreamento_lambda.data.aws_caller_identity.current",
            "module.rastreamento_lambda.data.aws_iam_policy_document.policy_doc",
            "module.rastreamento_lambda.module.repo_ecr_lambda.aws_ecr_repository.this",
            "module.rastreamento_lambda.null_resource.run_script",
            "module.smart_routing_lambda.aws_iam_role.lambda_role",
            "module.smart_routing_lambda.aws_lambda_function.lambda",
            "module.smart_routing_lambda.data.aws_caller_identity.current",
            "module.smart_routing_lambda.data.aws_iam_policy_document.policy_doc",
            "module.smart_routing_lambda.module.repo_ecr_lambda.aws_ecr_repository.this",
            "module.smart_routing_lambda.null_resource.run_script",
            "module.users_table.aws_dynamodb_table.this",
            "module.usuarios_lambda.aws_iam_role.lambda_role",
            "module.usuarios_lambda.aws_lambda_function.lambda",
            "module.usuarios_lambda.data.aws_caller_identity.current",
            "module.usuarios_lambda.data.aws_iam_policy_document.policy_doc",
            "module.usuarios_lambda.module.repo_ecr_lambda.aws_ecr_repository.this",
            "module.usuarios_lambda.null_resource.run_script",
            "module.websocket_connections_table.aws_dynamodb_table.this",
            "module.websocket_lambda.aws_iam_role.lambda_role",
            "module.websocket_lambda.aws_lambda_function.lambda",
            "module.websocket_lambda.data.aws_caller_identity.current",
            "module.websocket_lambda.data.aws_iam_policy_document.policy_doc",
            "module.websocket_lambda.module.repo_ecr_lambda.aws_ecr_repository.this",
            "module.websocket_lambda.null_resource.run_script"
          ],
          "create_before_destroy": true
        },
        {
          "index_key": "2",
          "schema_version": 0,
          "attributes": {
            "api_key_required": false,
            "authorization": "NONE",
            "authorization_scopes": [],
            "authorizer_id": "",
            "http_method": "POST",
            "id": "agm-aq72n5uzcb-4f0vz7-POST",
            "operation_name": "",
            "region": "us-east-1",
            "request_models": {},
            "request_parameters": {},
            "request_validator_id": "",
            "resource_id": "4f0vz7",
            "rest_api_id": "aq72n5uzcb"
          },
          "sensitive_attributes": [],
          "identity_schema_version": 0,
          "private": "bnVsbA==",
          "dependencies": [
            "aws_apigatewayv2_api.websocket_api",
            "module.api_gateway.aws_api_gateway_authorizer.cognito_authorizer",
            "module.api_gateway.aws_api_gateway_resource.base_resources",
            "module.api_gateway.aws_api_gateway_resource.main_resource",
            "module.api_gateway.aws_api_gateway_resource.variable_resources",
            "module.api_gateway.aws_api_gateway_rest_api.rest_api",
            "module.auth_lambda.aws_iam_role.lambda_role",
            "module.auth_lambda.aws_lambda_function.lambda",
            "module.auth_lambda.data.aws_caller_identity.current",
            "module.auth_lambda.data.aws_iam_policy_document.policy_doc",
            "module.auth_lambda.module.repo_ecr_lambda.aws_ecr_repository.this",
            "module.auth_lambda.null_resource.run_script",
            "module.events_queue.aws_sqs_queue.dead_letter_fifo_queue",
            "module.events_queue.aws_sqs_queue.fifo_queue",
            "module.locations_table.aws_dynamodb_table.this",
            "module.notificacoes_lambda.aws_iam_role.lambda_role",
            "module.notificacoes_lambda.aws_lambda_function.lambda",
            "module.notificacoes_lambda.data.aws_caller_identity.current",
            "module.notificacoes_lambda.data.aws_iam_policy_document.policy_doc",
            "module.notificacoes_lambda.module.repo_ecr_lambda.aws_ecr_repository.this",
            "module.notificacoes_lambda.null_resource.run_script",
            "module.notifications_general_topic.aws_sns_topic.this",
            "module.notifications_premium_topic.aws_sns_topic.this",
            "module.notifications_regional_topic.aws_sns_topic.this",
            "module.notifications_table.aws_dynamodb_table.this",
            "module.pedido_ofertas_table.aws_dynamodb_table.this",
            "module.pedidos_lambda.aws_iam_role.lambda_role",
            "module.pedidos_lambda.aws_lambda_function.lambda",
            "module.pedidos_lambda.data.aws_caller_identity.current",
            "module.pedidos_lambda.data.aws_iam_policy_document.policy_doc",
            "module.pedidos_lambda.module.repo_ecr_lambda.aws_ecr_repository.this",
            "module.pedidos_lambda.null_resource.run_script",
            "module.pedidos_table.aws_dynamodb_table.this",
            "module.rastreamento_lambda.aws_iam_role.lambda_role",
            "module.rastreamento_lambda.aws_lambda_function.lambda",
            "module.rastreamento_lambda.data.aws_caller_identity.current",
            "module.rastreamento_lambda.data.aws_iam_policy_document.policy_doc",
            "module.rastreamento_lambda.module.repo_ecr_lambda.aws_ecr_repository.this",
            "module.rastreamento_lambda.null_resource.run_script",
            "module.smart_routing_lambda.aws_iam_role.lambda_role",
            "module.smart_routing_lambda.aws_lambda_function.lambda",
            "module.smart_routing_lambda.data.aws_caller_identity.current",
            "module.smart_routing_lambda.data.aws_iam_policy_document.policy_doc",
            "module.smart_routing_lambda.module.repo_ecr_lambda.aws_ecr_repository.this",
            "module.smart_routing_lambda.null_resource.run_script",
            "module.users_table.aws_dynamodb_table.this",
            "module.usuarios_lambda.aws_iam_role.lambda_role",
            "module.usuarios_lambda.aws_lambda_function.lambda",
            "module.usuarios_lambda.data.aws_caller_identity.current",
            "module.usuarios_lambda.data.aws_iam_policy_document.policy_doc",
            "module.usuarios_lambda.module.repo_ecr_lambda.aws_ecr_repository.this",
            "module.usuarios_lambda.null_resource.run_script",
            "module.websocket_connections_table.aws_dynamodb_table.this",
            "module.websocket_lambda.aws_iam_role.lambda_role",
            "module.websocket_lambda.aws_lambda_function.lambda",
            "module.websocket_lambda.data.aws_caller_identity.current",
            "module.websocket_lambda.data.aws_iam_policy_document.policy_doc",
            "module.websocket_lambda.module.repo_ecr_lambda.aws_ecr_repository.this",
            "module.websocket_lambda.null_resource.run_script"
          ],
          "create_before_destroy": true
        },
        {
          "index_key": "20",
          "schema_version": 0,
          "attributes": {
            "api_key_required": false,
            "authorization": "NONE",
            "authorization_scopes": [],
            "authorizer_id": "",
            "http_method": "POST",
            "id": "agm-aq72n5uzcb-yxygyo-POST",
            "operation_name": "",
            "region": "us-east-1",
            "request_models": {},
            "request_parameters": {},
            "request_validator_id": "",
            "resource_id": "yxygyo",
            "rest_api_id": "aq72n5uzcb"
          },
          "sensitive_attributes": [],
          "identity_schema_version": 0,
          "private": "bnVsbA==",
          "dependencies": [
            "aws_apigatewayv2_api.websocket_api",
            "module.api_gateway.aws_api_gateway_authorizer.cognito_authorizer",
            "module.api_gateway.aws_api_gateway_resource.base_resources",
            "module.api_gateway.aws_api_gateway_resource.main_resource",
            "module.api_gateway.aws_api_gateway_resource.variable_resources",
            "module.api_gateway.aws_api_gateway_rest_api.rest_api",
            "module.auth_lambda.aws_iam_role.lambda_role",
            "module.auth_lambda.aws_lambda_function.lambda",
            "module.auth_lambda.data.aws_caller_identity.current",
            "module.auth_lambda.data.aws_iam_policy_document.policy_doc",
            "module.auth_lambda.module.repo_ecr_lambda.aws_ecr_repository.this",
            "module.auth_lambda.null_resource.run_script",
            "module.events_queue.aws_sqs_queue.dead_letter_fifo_queue",
            "module.events_queue.aws_sqs_queue.fifo_queue",
            "module.locations_table.aws_dynamodb_table.this",
            "module.notificacoes_lambda.aws_iam_role.lambda_role",
            "module.notificacoes_lambda.aws_lambda_function.lambda",
            "module.notificacoes_lambda.data.aws_caller_identity.current",
            "module.notificacoes_lambda.data.aws_iam_policy_document.policy_doc",
            "module.notificacoes_lambda.module.repo_ecr_lambda.aws_ecr_repository.this",
            "module.notificacoes_lambda.null_resource.run_script",
            "module.notifications_general_topic.aws_sns_topic.this",
            "module.notifications_premium_topic.aws_sns_topic.this",
            "module.notifications_regional_topic.aws_sns_topic.this",
            "module.notifications_table.aws_dynamodb_table.this",
            "module.pedido_ofertas_table.aws_dynamodb_table.this",
            "module.pedidos_lambda.aws_iam_role.lambda_role",
            "module.pedidos_lambda.aws_lambda_function.lambda",
            "module.pedidos_lambda.data.aws_caller_identity.current",
            "module.pedidos_lambda.data.aws_iam_policy_document.policy_doc",
            "module.pedidos_lambda.module.repo_ecr_lambda.aws_ecr_repository.this",
            "module.pedidos_lambda.null_resource.run_script",
            "module.pedidos_table.aws_dynamodb_table.this",
            "module.rastreamento_lambda.aws_iam_role.lambda_role",
            "module.rastreamento_lambda.aws_lambda_function.lambda",
            "module.rastreamento_lambda.data.aws_caller_identity.current",
            "module.rastreamento_lambda.data.aws_iam_policy_document.policy_doc",
            "module.rastreamento_lambda.module.repo_ecr_lambda.aws_ecr_repository.this",
            "module.rastreamento_lambda.null_resource.run_script",
            "module.smart_routing_lambda.aws_iam_role.lambda_role",
            "module.smart_routing_lambda.aws_lambda_function.lambda",
            "module.smart_routing_lambda.data.aws_caller_identity.current",
            "module.smart_routing_lambda.data.aws_iam_policy_document.policy_doc",
            "module.smart_routing_lambda.module.repo_ecr_lambda.aws_ecr_repository.this",
            "module.smart_routing_lambda.null_resource.run_script",
            "module.users_table.aws_dynamodb_table.this",
            "module.usuarios_lambda.aws_iam_role.lambda_role",
            "module.usuarios_lambda.aws_lambda_function.lambda",
            "module.usuarios_lambda.data.aws_caller_identity.current",
            "module.usuarios_lambda.data.aws_iam_policy_document.policy_doc",
            "module.usuarios_lambda.module.repo_ecr_lambda.aws_ecr_repository.this",
            "module.usuarios_lambda.null_resource.run_script",
            "module.websocket_connections_table.aws_dynamodb_table.this",
            "module.websocket_lambda.aws_iam_role.lambda_role",
            "module.websocket_lambda.aws_lambda_function.lambda",
            "module.websocket_lambda.data.aws_caller_identity.current",
            "module.websocket_lambda.data.aws_iam_policy_document.policy_doc",
            "module.websocket_lambda.module.repo_ecr_lambda.aws_ecr_repository.this",
            "module.websocket_lambda.null_resource.run_script"
          ],
          "create_before_destroy": true
        },
        {
          "index_key": "21",
          "schema_version": 0,
          "attributes": {
            "api_key_required": false,
            "authorization": "NONE",
            "authorization_scopes": [],
            "authorizer_id": "",
            "http_method": "POST",
            "id": "agm-aq72n5uzcb-sf0zi7-POST",
            "operation_name": "",
            "region": "us-east-1",
            "request_models": {},
            "request_parameters": {},
            "request_validator_id": "",
            "resource_id": "sf0zi7",
            "rest_api_id": "aq72n5uzcb"
          },
          "sensitive_attributes": [],
          "identity_schema_version": 0,
          "private": "bnVsbA==",
          "dependencies": [
            "aws_apigatewayv2_api.websocket_api",
            "module.api_gateway.aws_api_gateway_authorizer.cognito_authorizer",
            "module.api_gateway.aws_api_gateway_resource.base_resources",
            "module.api_gateway.aws_api_gateway_resource.main_resource",
            "module.api_gateway.aws_api_gateway_resource.variable_resources",
            "module.api_gateway.aws_api_gateway_rest_api.rest_api",
            "module.auth_lambda.aws_iam_role.lambda_role",
            "module.auth_lambda.aws_lambda_function.lambda",
            "module.auth_lambda.data.aws_caller_identity.current",
            "module.auth_lambda.data.aws_iam_policy_document.policy_doc",
            "module.auth_lambda.module.repo_ecr_lambda.aws_ecr_repository.this",
            "module.auth_lambda.null_resource.run_script",
            "module.events_queue.aws_sqs_queue.dead_letter_fifo_queue",
            "module.events_queue.aws_sqs_queue.fifo_queue",
            "module.locations_table.aws_dynamodb_table.this",
            "module.notificacoes_lambda.aws_iam_role.lambda_role",
            "module.notificacoes_lambda.aws_lambda_function.lambda",
            "module.notificacoes_lambda.data.aws_caller_identity.current",
            "module.notificacoes_lambda.data.aws_iam_policy_document.policy_doc",
            "module.notificacoes_lambda.module.repo_ecr_lambda.aws_ecr_repository.this",
            "module.notificacoes_lambda.null_resource.run_script",
            "module.notifications_general_topic.aws_sns_topic.this",
            "module.notifications_premium_topic.aws_sns_topic.this",
            "module.notifications_regional_topic.aws_sns_topic.this",
            "module.notifications_table.aws_dynamodb_table.this",
            "module.pedido_ofertas_table.aws_dynamodb_table.this",
            "module.pedidos_lambda.aws_iam_role.lambda_role",
            "module.pedidos_lambda.aws_lambda_function.lambda",
            "module.pedidos_lambda.data.aws_caller_identity.current",
            "module.pedidos_lambda.data.aws_iam_policy_document.policy_doc",
            "module.pedidos_lambda.module.repo_ecr_lambda.aws_ecr_repository.this",
            "module.pedidos_lambda.null_resource.run_script",
            "module.pedidos_table.aws_dynamodb_table.this",
            "module.rastreamento_lambda.aws_iam_role.lambda_role",
            "module.rastreamento_lambda.aws_lambda_function.lambda",
            "module.rastreamento_lambda.data.aws_caller_identity.current",
            "module.rastreamento_lambda.data.aws_iam_policy_document.policy_doc",
            "module.rastreamento_lambda.module.repo_ecr_lambda.aws_ecr_repository.this",
            "module.rastreamento_lambda.null_resource.run_script",
            "module.smart_routing_lambda.aws_iam_role.lambda_role",
            "module.smart_routing_lambda.aws_lambda_function.lambda",
            "module.smart_routing_lambda.data.aws_caller_identity.current",
            "module.smart_routing_lambda.data.aws_iam_policy_document.policy_doc",
            "module.smart_routing_lambda.module.repo_ecr_lambda.aws_ecr_repository.this",
            "module.smart_routing_lambda.null_resource.run_script",
            "module.users_table.aws_dynamodb_table.this",
            "module.usuarios_lambda.aws_iam_role.lambda_role",
            "module.usuarios_lambda.aws_lambda_function.lambda",
            "module.usuarios_lambda.data.aws_caller_identity.current",
            "module.usuarios_lambda.data.aws_iam_policy_document.policy_doc",
            "module.usuarios_lambda.module.repo_ecr_lambda.aws_ecr_repository.this",
            "module.usuarios_lambda.null_resource.run_script",
            "module.websocket_connections_table.aws_dynamodb_table.this",
            "module.websocket_lambda.aws_iam_role.lambda_role",
            "module.websocket_lambda.aws_lambda_function.lambda",
            "module.websocket_lambda.data.aws_caller_identity.current",
            "module.websocket_lambda.data.aws_iam_policy_document.policy_doc",
            "module.websocket_lambda.module.repo_ecr_lambda.aws_ecr_repository.this",
            "module.websocket_lambda.null_resource.run_script"
          ],
          "create_before_destroy": true
        },
        {
          "index_key": "22",
          "schema_version": 0,
          "attributes": {
            "api_key_required": false,
            "authorization": "NONE",
            "authorization_scopes": [],
            "authorizer_id": "",
            "http_method": "POST",
            "id": "agm-aq72n5uzcb-txu0id-POST",
            "operation_name": "",
            "region": "us-east-1",
            "request_models": {},
            "request_parameters": {},
            "request_validator_id": "",
            "resource_id": "txu0id",
            "rest_api_id": "aq72n5uzcb"
          },
          "sensitive_attributes": [],
          "identity_schema_version": 0,
          "private": "bnVsbA==",
          "dependencies": [
            "aws_apigatewayv2_api.websocket_api",
            "module.api_gateway.aws_api_gateway_authorizer.cognito_authorizer",
            "module.api_gateway.aws_api_gateway_resource.base_resources",
            "module.api_gateway.aws_api_gateway_resource.main_resource",
            "module.api_gateway.aws_api_gateway_resource.variable_resources",
            "module.api_gateway.aws_api_gateway_rest_api.rest_api",
            "module.auth_lambda.aws_iam_role.lambda_role",
            "module.auth_lambda.aws_lambda_function.lambda",
            "module.auth_lambda.data.aws_caller_identity.current",
            "module.auth_lambda.data.aws_iam_policy_document.policy_doc",
            "module.auth_lambda.module.repo_ecr_lambda.aws_ecr_repository.this",
            "module.auth_lambda.null_resource.run_script",
            "module.events_queue.aws_sqs_queue.dead_letter_fifo_queue",
            "module.events_queue.aws_sqs_queue.fifo_queue",
            "module.locations_table.aws_dynamodb_table.this",
            "module.notificacoes_lambda.aws_iam_role.lambda_role",
            "module.notificacoes_lambda.aws_lambda_function.lambda",
            "module.notificacoes_lambda.data.aws_caller_identity.current",
            "module.notificacoes_lambda.data.aws_iam_policy_document.policy_doc",
            "module.notificacoes_lambda.module.repo_ecr_lambda.aws_ecr_repository.this",
            "module.notificacoes_lambda.null_resource.run_script",
            "module.notifications_general_topic.aws_sns_topic.this",
            "module.notifications_premium_topic.aws_sns_topic.this",
            "module.notifications_regional_topic.aws_sns_topic.this",
            "module.notifications_table.aws_dynamodb_table.this",
            "module.pedido_ofertas_table.aws_dynamodb_table.this",
            "module.pedidos_lambda.aws_iam_role.lambda_role",
            "module.pedidos_lambda.aws_lambda_function.lambda",
            "module.pedidos_lambda.data.aws_caller_identity.current",
            "module.pedidos_lambda.data.aws_iam_policy_document.policy_doc",
            "module.pedidos_lambda.module.repo_ecr_lambda.aws_ecr_repository.this",
            "module.pedidos_lambda.null_resource.run_script",
            "module.pedidos_table.aws_dynamodb_table.this",
            "module.rastreamento_lambda.aws_iam_role.lambda_role",
            "module.rastreamento_lambda.aws_lambda_function.lambda",
            "module.rastreamento_lambda.data.aws_caller_identity.current",
            "module.rastreamento_lambda.data.aws_iam_policy_document.policy_doc",
            "module.rastreamento_lambda.module.repo_ecr_lambda.aws_ecr_repository.this",
            "module.rastreamento_lambda.null_resource.run_script",
            "module.smart_routing_lambda.aws_iam_role.lambda_role",
            "module.smart_routing_lambda.aws_lambda_function.lambda",
            "module.smart_routing_lambda.data.aws_caller_identity.current",
            "module.smart_routing_lambda.data.aws_iam_policy_document.policy_doc",
            "module.smart_routing_lambda.module.repo_ecr_lambda.aws_ecr_repository.this",
            "module.smart_routing_lambda.null_resource.run_script",
            "module.users_table.aws_dynamodb_table.this",
            "module.usuarios_lambda.aws_iam_role.lambda_role",
            "module.usuarios_lambda.aws_lambda_function.lambda",
            "module.usuarios_lambda.data.aws_caller_identity.current",
            "module.usuarios_lambda.data.aws_iam_policy_document.policy_doc",
            "module.usuarios_lambda.module.repo_ecr_lambda.aws_ecr_repository.this",
            "module.usuarios_lambda.null_resource.run_script",
            "module.websocket_connections_table.aws_dynamodb_table.this",
            "module.websocket_lambda.aws_iam_role.lambda_role",
            "module.websocket_lambda.aws_lambda_function.lambda",
            "module.websocket_lambda.data.aws_caller_identity.current",
            "module.websocket_lambda.data.aws_iam_policy_document.policy_doc",
            "module.websocket_lambda.module.repo_ecr_lambda.aws_ecr_repository.this",
            "module.websocket_lambda.null_resource.run_script"
          ],
          "create_before_destroy": true
        },
        {
          "index_key": "23",
          "schema_version": 0,
          "attributes": {
            "api_key_required": false,
            "authorization": "NONE",
            "authorization_scopes": [],
            "authorizer_id": "",
            "http_method": "GET",
            "id": "agm-aq72n5uzcb-oodnp7-GET",
            "operation_name": "",
            "region": "us-east-1",
            "request_models": {},
            "request_parameters": {},
            "request_validator_id": "",
            "resource_id": "oodnp7",
            "rest_api_id": "aq72n5uzcb"
          },
          "sensitive_attributes": [],
          "identity_schema_version": 0,
          "private": "bnVsbA==",
          "dependencies": [
            "aws_apigatewayv2_api.websocket_api",
            "module.api_gateway.aws_api_gateway_authorizer.cognito_authorizer",
            "module.api_gateway.aws_api_gateway_resource.base_resources",
            "module.api_gateway.aws_api_gateway_resource.main_resource",
            "module.api_gateway.aws_api_gateway_resource.variable_resources",
            "module.api_gateway.aws_api_gateway_rest_api.rest_api",
            "module.auth_lambda.aws_iam_role.lambda_role",
            "module.auth_lambda.aws_lambda_function.lambda",
            "module.auth_lambda.data.aws_caller_identity.current",
            "module.auth_lambda.data.aws_iam_policy_document.policy_doc",
            "module.auth_lambda.module.repo_ecr_lambda.aws_ecr_repository.this",
            "module.auth_lambda.null_resource.run_script",
            "module.events_queue.aws_sqs_queue.dead_letter_fifo_queue",
            "module.events_queue.aws_sqs_queue.fifo_queue",
            "module.locations_table.aws_dynamodb_table.this",
            "module.notificacoes_lambda.aws_iam_role.lambda_role",
            "module.notificacoes_lambda.aws_lambda_function.lambda",
            "module.notificacoes_lambda.data.aws_caller_identity.current",
            "module.notificacoes_lambda.data.aws_iam_policy_document.policy_doc",
            "module.notificacoes_lambda.module.repo_ecr_lambda.aws_ecr_repository.this",
            "module.notificacoes_lambda.null_resource.run_script",
            "module.notifications_general_topic.aws_sns_topic.this",
            "module.notifications_premium_topic.aws_sns_topic.this",
            "module.notifications_regional_topic.aws_sns_topic.this",
            "module.notifications_table.aws_dynamodb_table.this",
            "module.pedido_ofertas_table.aws_dynamodb_table.this",
            "module.pedidos_lambda.aws_iam_role.lambda_role",
            "module.pedidos_lambda.aws_lambda_function.lambda",
            "module.pedidos_lambda.data.aws_caller_identity.current",
            "module.pedidos_lambda.data.aws_iam_policy_document.policy_doc",
            "module.pedidos_lambda.module.repo_ecr_lambda.aws_ecr_repository.this",
            "module.pedidos_lambda.null_resource.run_script",
            "module.pedidos_table.aws_dynamodb_table.this",
            "module.rastreamento_lambda.aws_iam_role.lambda_role",
            "module.rastreamento_lambda.aws_lambda_function.lambda",
            "module.rastreamento_lambda.data.aws_caller_identity.current",
            "module.rastreamento_lambda.data.aws_iam_policy_document.policy_doc",
            "module.rastreamento_lambda.module.repo_ecr_lambda.aws_ecr_repository.this",
            "module.rastreamento_lambda.null_resource.run_script",
            "module.smart_routing_lambda.aws_iam_role.lambda_role",
            "module.smart_routing_lambda.aws_lambda_function.lambda",
            "module.smart_routing_lambda.data.aws_caller_identity.current",
            "module.smart_routing_lambda.data.aws_iam_policy_document.policy_doc",
            "module.smart_routing_lambda.module.repo_ecr_lambda.aws_ecr_repository.this",
            "module.smart_routing_lambda.null_resource.run_script",
            "module.users_table.aws_dynamodb_table.this",
            "module.usuarios_lambda.aws_iam_role.lambda_role",
            "module.usuarios_lambda.aws_lambda_function.lambda",
            "module.usuarios_lambda.data.aws_caller_identity.current",
            "module.usuarios_lambda.data.aws_iam_policy_document.policy_doc",
            "module.usuarios_lambda.module.repo_ecr_lambda.aws_ecr_repository.this",
            "module.usuarios_lambda.null_resource.run_script",
            "module.websocket_connections_table.aws_dynamodb_table.this",
            "module.websocket_lambda.aws_iam_role.lambda_role",
            "module.websocket_lambda.aws_lambda_function.lambda",
            "module.websocket_lambda.data.aws_caller_identity.current",
            "module.websocket_lambda.data.aws_iam_policy_document.policy_doc",
            "module.websocket_lambda.module.repo_ecr_lambda.aws_ecr_repository.this",
            "module.websocket_lambda.null_resource.run_script"
          ],
          "create_before_destroy": true
        },
        {
          "index_key": "3",
          "schema_version": 0,
          "attributes": {
            "api_key_required": false,
            "authorization": "NONE",
            "authorization_scopes": [],
            "authorizer_id": "",
            "http_method": "POST",
            "id": "agm-aq72n5uzcb-kfd8xj-POST",
            "operation_name": "",
            "region": "us-east-1",
            "request_models": {},
            "request_parameters": {},
            "request_validator_id": "",
            "resource_id": "kfd8xj",
            "rest_api_id": "aq72n5uzcb"
          },
          "sensitive_attributes": [],
          "identity_schema_version": 0,
          "private": "bnVsbA==",
          "dependencies": [
            "aws_apigatewayv2_api.websocket_api",
            "module.api_gateway.aws_api_gateway_authorizer.cognito_authorizer",
            "module.api_gateway.aws_api_gateway_resource.base_resources",
            "module.api_gateway.aws_api_gateway_resource.main_resource",
            "module.api_gateway.aws_api_gateway_resource.variable_resources",
            "module.api_gateway.aws_api_gateway_rest_api.rest_api",
            "module.auth_lambda.aws_iam_role.lambda_role",
            "module.auth_lambda.aws_lambda_function.lambda",
            "module.auth_lambda.data.aws_caller_identity.current",
            "module.auth_lambda.data.aws_iam_policy_document.policy_doc",
            "module.auth_lambda.module.repo_ecr_lambda.aws_ecr_repository.this",
            "module.auth_lambda.null_resource.run_script",
            "module.events_queue.aws_sqs_queue.dead_letter_fifo_queue",
            "module.events_queue.aws_sqs_queue.fifo_queue",
            "module.locations_table.aws_dynamodb_table.this",
            "module.notificacoes_lambda.aws_iam_role.lambda_role",
            "module.notificacoes_lambda.aws_lambda_function.lambda",
            "module.notificacoes_lambda.data.aws_caller_identity.current",
            "module.notificacoes_lambda.data.aws_iam_policy_document.policy_doc",
            "module.notificacoes_lambda.module.repo_ecr_lambda.aws_ecr_repository.this",
            "module.notificacoes_lambda.null_resource.run_script",
            "module.notifications_general_topic.aws_sns_topic.this",
            "module.notifications_premium_topic.aws_sns_topic.this",
            "module.notifications_regional_topic.aws_sns_topic.this",
            "module.notifications_table.aws_dynamodb_table.this",
            "module.pedido_ofertas_table.aws_dynamodb_table.this",
            "module.pedidos_lambda.aws_iam_role.lambda_role",
            "module.pedidos_lambda.aws_lambda_function.lambda",
            "module.pedidos_lambda.data.aws_caller_identity.current",
            "module.pedidos_lambda.data.aws_iam_policy_document.policy_doc",
            "module.pedidos_lambda.module.repo_ecr_lambda.aws_ecr_repository.this",
            "module.pedidos_lambda.null_resource.run_script",
            "module.pedidos_table.aws_dynamodb_table.this",
            "module.rastreamento_lambda.aws_iam_role.lambda_role",
            "module.rastreamento_lambda.aws_lambda_function.lambda",
            "module.rastreamento_lambda.data.aws_caller_identity.current",
            "module.rastreamento_lambda.data.aws_iam_policy_document.policy_doc",
            "module.rastreamento_lambda.module.repo_ecr_lambda.aws_ecr_repository.this",
            "module.rastreamento_lambda.null_resource.run_script",
            "module.smart_routing_lambda.aws_iam_role.lambda_role",
            "module.smart_routing_lambda.aws_lambda_function.lambda",
            "module.smart_routing_lambda.data.aws_caller_identity.current",
            "module.smart_routing_lambda.data.aws_iam_policy_document.policy_doc",
            "module.smart_routing_lambda.module.repo_ecr_lambda.aws_ecr_repository.this",
            "module.smart_routing_lambda.null_resource.run_script",
            "module.users_table.aws_dynamodb_table.this",
            "module.usuarios_lambda.aws_iam_role.lambda_role",
            "module.usuarios_lambda.aws_lambda_function.lambda",
            "module.usuarios_lambda.data.aws_caller_identity.current",
            "module.usuarios_lambda.data.aws_iam_policy_document.policy_doc",
            "module.usuarios_lambda.module.repo_ecr_lambda.aws_ecr_repository.this",
            "module.usuarios_lambda.null_resource.run_script",
            "module.websocket_connections_table.aws_dynamodb_table.this",
            "module.websocket_lambda.aws_iam_role.lambda_role",
            "module.websocket_lambda.aws_lambda_function.lambda",
            "module.websocket_lambda.data.aws_caller_identity.current",
            "module.websocket_lambda.data.aws_iam_policy_document.policy_doc",
            "module.websocket_lambda.module.repo_ecr_lambda.aws_ecr_repository.this",
            "module.websocket_lambda.null_resource.run_script"
          ],
          "create_before_destroy": true
        },
        {
          "index_key": "4",
          "schema_version": 0,
          "attributes": {
            "api_key_required": false,
            "authorization": "NONE",
            "authorization_scopes": [],
            "authorizer_id": "",
            "http_method": "GET",
            "id": "agm-aq72n5uzcb-lzdo5r-GET",
            "operation_name": "",
            "region": "us-east-1",
            "request_models": {},
            "request_parameters": {},
            "request_validator_id": "",
            "resource_id": "lzdo5r",
            "rest_api_id": "aq72n5uzcb"
          },
          "sensitive_attributes": [],
          "identity_schema_version": 0,
          "private": "bnVsbA==",
          "dependencies": [
            "aws_apigatewayv2_api.websocket_api",
            "module.api_gateway.aws_api_gateway_authorizer.cognito_authorizer",
            "module.api_gateway.aws_api_gateway_resource.base_resources",
            "module.api_gateway.aws_api_gateway_resource.main_resource",
            "module.api_gateway.aws_api_gateway_resource.variable_resources",
            "module.api_gateway.aws_api_gateway_rest_api.rest_api",
            "module.auth_lambda.aws_iam_role.lambda_role",
            "module.auth_lambda.aws_lambda_function.lambda",
            "module.auth_lambda.data.aws_caller_identity.current",
            "module.auth_lambda.data.aws_iam_policy_document.policy_doc",
            "module.auth_lambda.module.repo_ecr_lambda.aws_ecr_repository.this",
            "module.auth_lambda.null_resource.run_script",
            "module.events_queue.aws_sqs_queue.dead_letter_fifo_queue",
            "module.events_queue.aws_sqs_queue.fifo_queue",
            "module.locations_table.aws_dynamodb_table.this",
            "module.notificacoes_lambda.aws_iam_role.lambda_role",
            "module.notificacoes_lambda.aws_lambda_function.lambda",
            "module.notificacoes_lambda.data.aws_caller_identity.current",
            "module.notificacoes_lambda.data.aws_iam_policy_document.policy_doc",
            "module.notificacoes_lambda.module.repo_ecr_lambda.aws_ecr_repository.this",
            "module.notificacoes_lambda.null_resource.run_script",
            "module.notifications_general_topic.aws_sns_topic.this",
            "module.notifications_premium_topic.aws_sns_topic.this",
            "module.notifications_regional_topic.aws_sns_topic.this",
            "module.notifications_table.aws_dynamodb_table.this",
            "module.pedido_ofertas_table.aws_dynamodb_table.this",
            "module.pedidos_lambda.aws_iam_role.lambda_role",
            "module.pedidos_lambda.aws_lambda_function.lambda",
            "module.pedidos_lambda.data.aws_caller_identity.current",
            "module.pedidos_lambda.data.aws_iam_policy_document.policy_doc",
            "module.pedidos_lambda.module.repo_ecr_lambda.aws_ecr_repository.this",
            "module.pedidos_lambda.null_resource.run_script",
            "module.pedidos_table.aws_dynamodb_table.this",
            "module.rastreamento_lambda.aws_iam_role.lambda_role",
            "module.rastreamento_lambda.aws_lambda_function.lambda",
            "module.rastreamento_lambda.data.aws_caller_identity.current",
            "module.rastreamento_lambda.data.aws_iam_policy_document.policy_doc",
            "module.rastreamento_lambda.module.repo_ecr_lambda.aws_ecr_repository.this",
            "module.rastreamento_lambda.null_resource.run_script",
            "module.smart_routing_lambda.aws_iam_role.lambda_role",
            "module.smart_routing_lambda.aws_lambda_function.lambda",
            "module.smart_routing_lambda.data.aws_caller_identity.current",
            "module.smart_routing_lambda.data.aws_iam_policy_document.policy_doc",
            "module.smart_routing_lambda.module.repo_ecr_lambda.aws_ecr_repository.this",
            "module.smart_routing_lambda.null_resource.run_script",
            "module.users_table.aws_dynamodb_table.this",
            "module.usuarios_lambda.aws_iam_role.lambda_role",
            "module.usuarios_lambda.aws_lambda_function.lambda",
            "module.usuarios_lambda.data.aws_caller_identity.current",
            "module.usuarios_lambda.data.aws_iam_policy_document.policy_doc",
            "module.usuarios_lambda.module.repo_ecr_lambda.aws_ecr_repository.this",
            "module.usuarios_lambda.null_resource.run_script",
            "module.websocket_connections_table.aws_dynamodb_table.this",
            "module.websocket_lambda.aws_iam_role.lambda_role",
            "module.websocket_lambda.aws_lambda_function.lambda",
            "module.websocket_lambda.data.aws_caller_identity.current",
            "module.websocket_lambda.data.aws_iam_policy_document.policy_doc",
            "module.websocket_lambda.module.repo_ecr_lambda.aws_ecr_repository.this",
            "module.websocket_lambda.null_resource.run_script"
          ],
          "create_before_destroy": true
        },
        {
          "index_key": "5",
          "schema_version": 0,
          "attributes": {
            "api_key_required": false,
            "authorization": "NONE",
            "authorization_scopes": [],
            "authorizer_id": "",
            "http_method": "GET",
            "id": "agm-aq72n5uzcb-8hmqgx-GET",
            "operation_name": "",
            "region": "us-east-1",
            "request_models": {},
            "request_parameters": {},
            "request_validator_id": "",
            "resource_id": "8hmqgx",
            "rest_api_id": "aq72n5uzcb"
          },
          "sensitive_attributes": [],
          "identity_schema_version": 0,
          "private": "bnVsbA==",
          "dependencies": [
            "aws_apigatewayv2_api.websocket_api",
            "module.api_gateway.aws_api_gateway_authorizer.cognito_authorizer",
            "module.api_gateway.aws_api_gateway_resource.base_resources",
            "module.api_gateway.aws_api_gateway_resource.main_resource",
            "module.api_gateway.aws_api_gateway_resource.variable_resources",
            "module.api_gateway.aws_api_gateway_rest_api.rest_api",
            "module.auth_lambda.aws_iam_role.lambda_role",
            "module.auth_lambda.aws_lambda_function.lambda",
            "module.auth_lambda.data.aws_caller_identity.current",
            "module.auth_lambda.data.aws_iam_policy_document.policy_doc",
            "module.auth_lambda.module.repo_ecr_lambda.aws_ecr_repository.this",
            "module.auth_lambda.null_resource.run_script",
            "module.events_queue.aws_sqs_queue.dead_letter_fifo_queue",
            "module.events_queue.aws_sqs_queue.fifo_queue",
            "module.locations_table.aws_dynamodb_table.this",
            "module.notificacoes_lambda.aws_iam_role.lambda_role",
            "module.notificacoes_lambda.aws_lambda_function.lambda",
            "module.notificacoes_lambda.data.aws_caller_identity.current",
            "module.notificacoes_lambda.data.aws_iam_policy_document.policy_doc",
            "module.notificacoes_lambda.module.repo_ecr_lambda.aws_ecr_repository.this",
            "module.notificacoes_lambda.null_resource.run_script",
            "module.notifications_general_topic.aws_sns_topic.this",
            "module.notifications_premium_topic.aws_sns_topic.this",
            "module.notifications_regional_topic.aws_sns_topic.this",
            "module.notifications_table.aws_dynamodb_table.this",
            "module.pedido_ofertas_table.aws_dynamodb_table.this",
            "module.pedidos_lambda.aws_iam_role.lambda_role",
            "module.pedidos_lambda.aws_lambda_function.lambda",
            "module.pedidos_lambda.data.aws_caller_identity.current",
            "module.pedidos_lambda.data.aws_iam_policy_document.policy_doc",
            "module.pedidos_lambda.module.repo_ecr_lambda.aws_ecr_repository.this",
            "module.pedidos_lambda.null_resource.run_script",
            "module.pedidos_table.aws_dynamodb_table.this",
            "module.rastreamento_lambda.aws_iam_role.lambda_role",
            "module.rastreamento_lambda.aws_lambda_function.lambda",
            "module.rastreamento_lambda.data.aws_caller_identity.current",
            "module.rastreamento_lambda.data.aws_iam_policy_document.policy_doc",
            "module.rastreamento_lambda.module.repo_ecr_lambda.aws_ecr_repository.this",
            "module.rastreamento_lambda.null_resource.run_script",
            "module.smart_routing_lambda.aws_iam_role.lambda_role",
            "module.smart_routing_lambda.aws_lambda_function.lambda",
            "module.smart_routing_lambda.data.aws_caller_identity.current",
            "module.smart_routing_lambda.data.aws_iam_policy_document.policy_doc",
            "module.smart_routing_lambda.module.repo_ecr_lambda.aws_ecr_repository.this",
            "module.smart_routing_lambda.null_resource.run_script",
            "module.users_table.aws_dynamodb_table.this",
            "module.usuarios_lambda.aws_iam_role.lambda_role",
            "module.usuarios_lambda.aws_lambda_function.lambda",
            "module.usuarios_lambda.data.aws_caller_identity.current",
            "module.usuarios_lambda.data.aws_iam_policy_document.policy_doc",
            "module.usuarios_lambda.module.repo_ecr_lambda.aws_ecr_repository.this",
            "module.usuarios_lambda.null_resource.run_script",
            "module.websocket_connections_table.aws_dynamodb_table.this",
            "module.websocket_lambda.aws_iam_role.lambda_role",
            "module.websocket_lambda.aws_lambda_function.lambda",
            "module.websocket_lambda.data.aws_caller_identity.current",
            "module.websocket_lambda.data.aws_iam_policy_document.policy_doc",
            "module.websocket_lambda.module.repo_ecr_lambda.aws_ecr_repository.this",
            "module.websocket_lambda.null_resource.run_script"
          ],
          "create_before_destroy": true
        },
        {
          "index_key": "6",
          "schema_version": 0,
          "attributes": {
            "api_key_required": false,
            "authorization": "NONE",
            "authorization_scopes": [],
            "authorizer_id": "",
            "http_method": "POST",
            "id": "agm-aq72n5uzcb-gcko65-POST",
            "operation_name": "",
            "region": "us-east-1",
            "request_models": {},
            "request_parameters": {},
            "request_validator_id": "",
            "resource_id": "gcko65",
            "rest_api_id": "aq72n5uzcb"
          },
          "sensitive_attributes": [],
          "identity_schema_version": 0,
          "private": "bnVsbA==",
          "dependencies": [
            "aws_apigatewayv2_api.websocket_api",
            "module.api_gateway.aws_api_gateway_authorizer.cognito_authorizer",
            "module.api_gateway.aws_api_gateway_resource.base_resources",
            "module.api_gateway.aws_api_gateway_resource.main_resource",
            "module.api_gateway.aws_api_gateway_resource.variable_resources",
            "module.api_gateway.aws_api_gateway_rest_api.rest_api",
            "module.auth_lambda.aws_iam_role.lambda_role",
            "module.auth_lambda.aws_lambda_function.lambda",
            "module.auth_lambda.data.aws_caller_identity.current",
            "module.auth_lambda.data.aws_iam_policy_document.policy_doc",
            "module.auth_lambda.module.repo_ecr_lambda.aws_ecr_repository.this",
            "module.auth_lambda.null_resource.run_script",
            "module.events_queue.aws_sqs_queue.dead_letter_fifo_queue",
            "module.events_queue.aws_sqs_queue.fifo_queue",
            "module.locations_table.aws_dynamodb_table.this",
            "module.notificacoes_lambda.aws_iam_role.lambda_role",
            "module.notificacoes_lambda.aws_lambda_function.lambda",
            "module.notificacoes_lambda.data.aws_caller_identity.current",
            "module.notificacoes_lambda.data.aws_iam_policy_document.policy_doc",
            "module.notificacoes_lambda.module.repo_ecr_lambda.aws_ecr_repository.this",
            "module.notificacoes_lambda.null_resource.run_script",
            "module.notifications_general_topic.aws_sns_topic.this",
            "module.notifications_premium_topic.aws_sns_topic.this",
            "module.notifications_regional_topic.aws_sns_topic.this",
            "module.notifications_table.aws_dynamodb_table.this",
            "module.pedido_ofertas_table.aws_dynamodb_table.this",
            "module.pedidos_lambda.aws_iam_role.lambda_role",
            "module.pedidos_lambda.aws_lambda_function.lambda",
            "module.pedidos_lambda.data.aws_caller_identity.current",
            "module.pedidos_lambda.data.aws_iam_policy_document.policy_doc",
            "module.pedidos_lambda.module.repo_ecr_lambda.aws_ecr_repository.this",
            "module.pedidos_lambda.null_resource.run_script",
            "module.pedidos_table.aws_dynamodb_table.this",
            "module.rastreamento_lambda.aws_iam_role.lambda_role",
            "module.rastreamento_lambda.aws_lambda_function.lambda",
            "module.rastreamento_lambda.data.aws_caller_identity.current",
            "module.rastreamento_lambda.data.aws_iam_policy_document.policy_doc",
            "module.rastreamento_lambda.module.repo_ecr_lambda.aws_ecr_repository.this",
            "module.rastreamento_lambda.null_resource.run_script",
            "module.smart_routing_lambda.aws_iam_role.lambda_role",
            "module.smart_routing_lambda.aws_lambda_function.lambda",
            "module.smart_routing_lambda.data.aws_caller_identity.current",
            "module.smart_routing_lambda.data.aws_iam_policy_document.policy_doc",
            "module.smart_routing_lambda.module.repo_ecr_lambda.aws_ecr_repository.this",
            "module.smart_routing_lambda.null_resource.run_script",
            "module.users_table.aws_dynamodb_table.this",
            "module.usuarios_lambda.aws_iam_role.lambda_role",
            "module.usuarios_lambda.aws_lambda_function.lambda",
            "module.usuarios_lambda.data.aws_caller_identity.current",
            "module.usuarios_lambda.data.aws_iam_policy_document.policy_doc",
            "module.usuarios_lambda.module.repo_ecr_lambda.aws_ecr_repository.this",
            "module.usuarios_lambda.null_resource.run_script",
            "module.websocket_connections_table.aws_dynamodb_table.this",
            "module.websocket_lambda.aws_iam_role.lambda_role",
            "module.websocket_lambda.aws_lambda_function.lambda",
            "module.websocket_lambda.data.aws_caller_identity.current",
            "module.websocket_lambda.data.aws_iam_policy_document.policy_doc",
            "module.websocket_lambda.module.repo_ecr_lambda.aws_ecr_repository.this",
            "module.websocket_lambda.null_resource.run_script"
          ],
          "create_before_destroy": true
        },
        {
          "index_key": "7",
          "schema_version": 0,
          "attributes": {
            "api_key_required": false,
            "authorization": "NONE",
            "authorization_scopes": [],
            "authorizer_id": "",
            "http_method": "PATCH",
            "id": "agm-aq72n5uzcb-tzeq2v-PATCH",
            "operation_name": "",
            "region": "us-east-1",
            "request_models": {},
            "request_parameters": {},
            "request_validator_id": "",
            "resource_id": "tzeq2v",
            "rest_api_id": "aq72n5uzcb"
          },
          "sensitive_attributes": [],
          "identity_schema_version": 0,
          "private": "bnVsbA==",
          "dependencies": [
            "aws_apigatewayv2_api.websocket_api",
            "module.api_gateway.aws_api_gateway_authorizer.cognito_authorizer",
            "module.api_gateway.aws_api_gateway_resource.base_resources",
            "module.api_gateway.aws_api_gateway_resource.main_resource",
            "module.api_gateway.aws_api_gateway_resource.variable_resources",
            "module.api_gateway.aws_api_gateway_rest_api.rest_api",
            "module.auth_lambda.aws_iam_role.lambda_role",
            "module.auth_lambda.aws_lambda_function.lambda",
            "module.auth_lambda.data.aws_caller_identity.current",
            "module.auth_lambda.data.aws_iam_policy_document.policy_doc",
            "module.auth_lambda.module.repo_ecr_lambda.aws_ecr_repository.this",
            "module.auth_lambda.null_resource.run_script",
            "module.events_queue.aws_sqs_queue.dead_letter_fifo_queue",
            "module.events_queue.aws_sqs_queue.fifo_queue",
            "module.locations_table.aws_dynamodb_table.this",
            "module.notificacoes_lambda.aws_iam_role.lambda_role",
            "module.notificacoes_lambda.aws_lambda_function.lambda",
            "module.notificacoes_lambda.data.aws_caller_identity.current",
            "module.notificacoes_lambda.data.aws_iam_policy_document.policy_doc",
            "module.notificacoes_lambda.module.repo_ecr_lambda.aws_ecr_repository.this",
            "module.notificacoes_lambda.null_resource.run_script",
            "module.notifications_general_topic.aws_sns_topic.this",
            "module.notifications_premium_topic.aws_sns_topic.this",
            "module.notifications_regional_topic.aws_sns_topic.this",
            "module.notifications_table.aws_dynamodb_table.this",
            "module.pedido_ofertas_table.aws_dynamodb_table.this",
            "module.pedidos_lambda.aws_iam_role.lambda_role",
            "module.pedidos_lambda.aws_lambda_function.lambda",
            "module.pedidos_lambda.data.aws_caller_identity.current",
            "module.pedidos_lambda.data.aws_iam_policy_document.policy_doc",
            "module.pedidos_lambda.module.repo_ecr_lambda.aws_ecr_repository.this",
            "module.pedidos_lambda.null_resource.run_script",
            "module.pedidos_table.aws_dynamodb_table.this",
            "module.rastreamento_lambda.aws_iam_role.lambda_role",
            "module.rastreamento_lambda.aws_lambda_function.lambda",
            "module.rastreamento_lambda.data.aws_caller_identity.current",
            "module.rastreamento_lambda.data.aws_iam_policy_document.policy_doc",
            "module.rastreamento_lambda.module.repo_ecr_lambda.aws_ecr_repository.this",
            "module.rastreamento_lambda.null_resource.run_script",
            "module.smart_routing_lambda.aws_iam_role.lambda_role",
            "module.smart_routing_lambda.aws_lambda_function.lambda",
            "module.smart_routing_lambda.data.aws_caller_identity.current",
            "module.smart_routing_lambda.data.aws_iam_policy_document.policy_doc",
            "module.smart_routing_lambda.module.repo_ecr_lambda.aws_ecr_repository.this",
            "module.smart_routing_lambda.null_resource.run_script",
            "module.users_table.aws_dynamodb_table.this",
            "module.usuarios_lambda.aws_iam_role.lambda_role",
            "module.usuarios_lambda.aws_lambda_function.lambda",
            "module.usuarios_lambda.data.aws_caller_identity.current",
            "module.usuarios_lambda.data.aws_iam_policy_document.policy_doc",
            "module.usuarios_lambda.module.repo_ecr_lambda.aws_ecr_repository.this",
            "module.usuarios_lambda.null_resource.run_script",
            "module.websocket_connections_table.aws_dynamodb_table.this",
            "module.websocket_lambda.aws_iam_role.lambda_role",
            "module.websocket_lambda.aws_lambda_function.lambda",
            "module.websocket_lambda.data.aws_caller_identity.current",
            "module.websocket_lambda.data.aws_iam_policy_document.policy_doc",
            "module.websocket_lambda.module.repo_ecr_lambda.aws_ecr_repository.this",
            "module.websocket_lambda.null_resource.run_script"
          ],
          "create_before_destroy": true
        },
        {
          "index_key": "8",
          "schema_version": 0,
          "attributes": {
            "api_key_required": false,
            "authorization": "NONE",
            "authorization_scopes": [],
            "authorizer_id": "",
            "http_method": "GET",
            "id": "agm-aq72n5uzcb-wlazph-GET",
            "operation_name": "",
            "region": "us-east-1",
            "request_models": {},
            "request_parameters": {},
            "request_validator_id": "",
            "resource_id": "wlazph",
            "rest_api_id": "aq72n5uzcb"
          },
          "sensitive_attributes": [],
          "identity_schema_version": 0,
          "private": "bnVsbA==",
          "dependencies": [
            "aws_apigatewayv2_api.websocket_api",
            "module.api_gateway.aws_api_gateway_authorizer.cognito_authorizer",
            "module.api_gateway.aws_api_gateway_resource.base_resources",
            "module.api_gateway.aws_api_gateway_resource.main_resource",
            "module.api_gateway.aws_api_gateway_resource.variable_resources",
            "module.api_gateway.aws_api_gateway_rest_api.rest_api",
            "module.auth_lambda.aws_iam_role.lambda_role",
            "module.auth_lambda.aws_lambda_function.lambda",
            "module.auth_lambda.data.aws_caller_identity.current",
            "module.auth_lambda.data.aws_iam_policy_document.policy_doc",
            "module.auth_lambda.module.repo_ecr_lambda.aws_ecr_repository.this",
            "module.auth_lambda.null_resource.run_script",
            "module.events_queue.aws_sqs_queue.dead_letter_fifo_queue",
            "module.events_queue.aws_sqs_queue.fifo_queue",
            "module.locations_table.aws_dynamodb_table.this",
            "module.notificacoes_lambda.aws_iam_role.lambda_role",
            "module.notificacoes_lambda.aws_lambda_function.lambda",
            "module.notificacoes_lambda.data.aws_caller_identity.current",
            "module.notificacoes_lambda.data.aws_iam_policy_document.policy_doc",
            "module.notificacoes_lambda.module.repo_ecr_lambda.aws_ecr_repository.this",
            "module.notificacoes_lambda.null_resource.run_script",
            "module.notifications_general_topic.aws_sns_topic.this",
            "module.notifications_premium_topic.aws_sns_topic.this",
            "module.notifications_regional_topic.aws_sns_topic.this",
            "module.notifications_table.aws_dynamodb_table.this",
            "module.pedido_ofertas_table.aws_dynamodb_table.this",
            "module.pedidos_lambda.aws_iam_role.lambda_role",
            "module.pedidos_lambda.aws_lambda_function.lambda",
            "module.pedidos_lambda.data.aws_caller_identity.current",
            "module.pedidos_lambda.data.aws_iam_policy_document.policy_doc",
            "module.pedidos_lambda.module.repo_ecr_lambda.aws_ecr_repository.this",
            "module.pedidos_lambda.null_resource.run_script",
            "module.pedidos_table.aws_dynamodb_table.this",
            "module.rastreamento_lambda.aws_iam_role.lambda_role",
            "module.rastreamento_lambda.aws_lambda_function.lambda",
            "module.rastreamento_lambda.data.aws_caller_identity.current",
            "module.rastreamento_lambda.data.aws_iam_policy_document.policy_doc",
            "module.rastreamento_lambda.module.repo_ecr_lambda.aws_ecr_repository.this",
            "module.rastreamento_lambda.null_resource.run_script",
            "module.smart_routing_lambda.aws_iam_role.lambda_role",
            "module.smart_routing_lambda.aws_lambda_function.lambda",
            "module.smart_routing_lambda.data.aws_caller_identity.current",
            "module.smart_routing_lambda.data.aws_iam_policy_document.policy_doc",
            "module.smart_routing_lambda.module.repo_ecr_lambda.aws_ecr_repository.this",
            "module.smart_routing_lambda.null_resource.run_script",
            "module.users_table.aws_dynamodb_table.this",
            "module.usuarios_lambda.aws_iam_role.lambda_role",
            "module.usuarios_lambda.aws_lambda_function.lambda",
            "module.usuarios_lambda.data.aws_caller_identity.current",
            "module.usuarios_lambda.data.aws_iam_policy_document.policy_doc",
            "module.usuarios_lambda.module.repo_ecr_lambda.aws_ecr_repository.this",
            "module.usuarios_lambda.null_resource.run_script",
            "module.websocket_connections_table.aws_dynamodb_table.this",
            "module.websocket_lambda.aws_iam_role.lambda_role",
            "module.websocket_lambda.aws_lambda_function.lambda",
            "module.websocket_lambda.data.aws_caller_identity.current",
            "module.websocket_lambda.data.aws_iam_policy_document.policy_doc",
            "module.websocket_lambda.module.repo_ecr_lambda.aws_ecr_repository.this",
            "module.websocket_lambda.null_resource.run_script"
          ],
          "create_before_destroy": true
        },
        {
          "index_key": "9",
          "schema_version": 0,
          "attributes": {
            "api_key_required": false,
            "authorization": "NONE",
            "authorization_scopes": [],
            "authorizer_id": "",
            "http_method": "PATCH",
            "id": "agm-aq72n5uzcb-tkvsdh-PATCH",
            "operation_name": "",
            "region": "us-east-1",
            "request_models": {},
            "request_parameters": {},
            "request_validator_id": "",
            "resource_id": "tkvsdh",
            "rest_api_id": "aq72n5uzcb"
          },
          "sensitive_attributes": [],
          "identity_schema_version": 0,
          "private": "bnVsbA==",
          "dependencies": [
            "aws_apigatewayv2_api.websocket_api",
            "module.api_gateway.aws_api_gateway_authorizer.cognito_authorizer",
            "module.api_gateway.aws_api_gateway_resource.base_resources",
            "module.api_gateway.aws_api_gateway_resource.main_resource",
            "module.api_gateway.aws_api_gateway_resource.variable_resources",
            "module.api_gateway.aws_api_gateway_rest_api.rest_api",
            "module.auth_lambda.aws_iam_role.lambda_role",
            "module.auth_lambda.aws_lambda_function.lambda",
            "module.auth_lambda.data.aws_caller_identity.current",
            "module.auth_lambda.data.aws_iam_policy_document.policy_doc",
            "module.auth_lambda.module.repo_ecr_lambda.aws_ecr_repository.this",
            "module.auth_lambda.null_resource.run_script",
            "module.events_queue.aws_sqs_queue.dead_letter_fifo_queue",
            "module.events_queue.aws_sqs_queue.fifo_queue",
            "module.locations_table.aws_dynamodb_table.this",
            "module.notificacoes_lambda.aws_iam_role.lambda_role",
            "module.notificacoes_lambda.aws_lambda_function.lambda",
            "module.notificacoes_lambda.data.aws_caller_identity.current",
            "module.notificacoes_lambda.data.aws_iam_policy_document.policy_doc",
            "module.notificacoes_lambda.module.repo_ecr_lambda.aws_ecr_repository.this",
            "module.notificacoes_lambda.null_resource.run_script",
            "module.notifications_general_topic.aws_sns_topic.this",
            "module.notifications_premium_topic.aws_sns_topic.this",
            "module.notifications_regional_topic.aws_sns_topic.this",
            "module.notifications_table.aws_dynamodb_table.this",
            "module.pedido_ofertas_table.aws_dynamodb_table.this",
            "module.pedidos_lambda.aws_iam_role.lambda_role",
            "module.pedidos_lambda.aws_lambda_function.lambda",
            "module.pedidos_lambda.data.aws_caller_identity.current",
            "module.pedidos_lambda.data.aws_iam_policy_document.policy_doc",
            "module.pedidos_lambda.module.repo_ecr_lambda.aws_ecr_repository.this",
            "module.pedidos_lambda.null_resource.run_script",
            "module.pedidos_table.aws_dynamodb_table.this",
            "module.rastreamento_lambda.aws_iam_role.lambda_role",
            "module.rastreamento_lambda.aws_lambda_function.lambda",
            "module.rastreamento_lambda.data.aws_caller_identity.current",
            "module.rastreamento_lambda.data.aws_iam_policy_document.policy_doc",
            "module.rastreamento_lambda.module.repo_ecr_lambda.aws_ecr_repository.this",
            "module.rastreamento_lambda.null_resource.run_script",
            "module.smart_routing_lambda.aws_iam_role.lambda_role",
            "module.smart_routing_lambda.aws_lambda_function.lambda",
            "module.smart_routing_lambda.data.aws_caller_identity.current",
            "module.smart_routing_lambda.data.aws_iam_policy_document.policy_doc",
            "module.smart_routing_lambda.module.repo_ecr_lambda.aws_ecr_repository.this",
            "module.smart_routing_lambda.null_resource.run_script",
            "module.users_table.aws_dynamodb_table.this",
            "module.usuarios_lambda.aws_iam_role.lambda_role",
            "module.usuarios_lambda.aws_lambda_function.lambda",
            "module.usuarios_lambda.data.aws_caller_identity.current",
            "module.usuarios_lambda.data.aws_iam_policy_document.policy_doc",
            "module.usuarios_lambda.module.repo_ecr_lambda.aws_ecr_repository.this",
            "module.usuarios_lambda.null_resource.run_script",
            "module.websocket_connections_table.aws_dynamodb_table.this",
            "module.websocket_lambda.aws_iam_role.lambda_role",
            "module.websocket_lambda.aws_lambda_function.lambda",
            "module.websocket_lambda.data.aws_caller_identity.current",
            "module.websocket_lambda.data.aws_iam_policy_document.policy_doc",
            "module.websocket_lambda.module.repo_ecr_lambda.aws_ecr_repository.this",
            "module.websocket_lambda.null_resource.run_script"
          ],
          "create_before_destroy": true
        }
      ]
    },
    {
      "module": "module.api_gateway",
      "mode": "managed",
      "type": "aws_api_gateway_method_response",
      "name": "rest_endpoint_method_responses",
      "provider": "provider[\"registry.terraform.io/hashicorp/aws\"]",
      "instances": [
        {
          "index_key": "0",
          "schema_version": 0,
          "attributes": {
            "http_method": "POST",
            "id": "agmr-aq72n5uzcb-90vq1h-POST-200",
            "region": "us-east-1",
            "resource_id": "90vq1h",
            "response_models": {
              "application/json": "Empty"
            },
            "response_parameters": {},
            "rest_api_id": "aq72n5uzcb",
            "status_code": "200"
          },
          "sensitive_attributes": [],
          "identity_schema_version": 0,
          "private": "bnVsbA==",
          "dependencies": [
            "aws_apigatewayv2_api.websocket_api",
            "module.api_gateway.aws_api_gateway_authorizer.cognito_authorizer",
            "module.api_gateway.aws_api_gateway_method.rest_endpoint_methods",
            "module.api_gateway.aws_api_gateway_resource.base_resources",
            "module.api_gateway.aws_api_gateway_resource.main_resource",
            "module.api_gateway.aws_api_gateway_resource.variable_resources",
            "module.api_gateway.aws_api_gateway_rest_api.rest_api",
            "module.auth_lambda.aws_iam_role.lambda_role",
            "module.auth_lambda.aws_lambda_function.lambda",
            "module.auth_lambda.data.aws_caller_identity.current",
            "module.auth_lambda.data.aws_iam_policy_document.policy_doc",
            "module.auth_lambda.module.repo_ecr_lambda.aws_ecr_repository.this",
            "module.auth_lambda.null_resource.run_script",
            "module.events_queue.aws_sqs_queue.dead_letter_fifo_queue",
            "module.events_queue.aws_sqs_queue.fifo_queue",
            "module.locations_table.aws_dynamodb_table.this",
            "module.notificacoes_lambda.aws_iam_role.lambda_role",
            "module.notificacoes_lambda.aws_lambda_function.lambda",
            "module.notificacoes_lambda.data.aws_caller_identity.current",
            "module.notificacoes_lambda.data.aws_iam_policy_document.policy_doc",
            "module.notificacoes_lambda.module.repo_ecr_lambda.aws_ecr_repository.this",
            "module.notificacoes_lambda.null_resource.run_script",
            "module.notifications_general_topic.aws_sns_topic.this",
            "module.notifications_premium_topic.aws_sns_topic.this",
            "module.notifications_regional_topic.aws_sns_topic.this",
            "module.notifications_table.aws_dynamodb_table.this",
            "module.pedido_ofertas_table.aws_dynamodb_table.this",
            "module.pedidos_lambda.aws_iam_role.lambda_role",
            "module.pedidos_lambda.aws_lambda_function.lambda",
            "module.pedidos_lambda.data.aws_caller_identity.current",
            "module.pedidos_lambda.data.aws_iam_policy_document.policy_doc",
            "module.pedidos_lambda.module.repo_ecr_lambda.aws_ecr_repository.this",
            "module.pedidos_lambda.null_resource.run_script",
            "module.pedidos_table.aws_dynamodb_table.this",
            "module.rastreamento_lambda.aws_iam_role.lambda_role",
            "module.rastreamento_lambda.aws_lambda_function.lambda",
            "module.rastreamento_lambda.data.aws_caller_identity.current",
            "module.rastreamento_lambda.data.aws_iam_policy_document.policy_doc",
            "module.rastreamento_lambda.module.repo_ecr_lambda.aws_ecr_repository.this",
            "module.rastreamento_lambda.null_resource.run_script",
            "module.smart_routing_lambda.aws_iam_role.lambda_role",
            "module.smart_routing_lambda.aws_lambda_function.lambda",
            "module.smart_routing_lambda.data.aws_caller_identity.current",
            "module.smart_routing_lambda.data.aws_iam_policy_document.policy_doc",
            "module.smart_routing_lambda.module.repo_ecr_lambda.aws_ecr_repository.this",
            "module.smart_routing_lambda.null_resource.run_script",
            "module.users_table.aws_dynamodb_table.this",
            "module.usuarios_lambda.aws_iam_role.lambda_role",
            "module.usuarios_lambda.aws_lambda_function.lambda",
            "module.usuarios_lambda.data.aws_caller_identity.current",
            "module.usuarios_lambda.data.aws_iam_policy_document.policy_doc",
            "module.usuarios_lambda.module.repo_ecr_lambda.aws_ecr_repository.this",
            "module.usuarios_lambda.null_resource.run_script",
            "module.websocket_connections_table.aws_dynamodb_table.this",
            "module.websocket_lambda.aws_iam_role.lambda_role",
            "module.websocket_lambda.aws_lambda_function.lambda",
            "module.websocket_lambda.data.aws_caller_identity.current",
            "module.websocket_lambda.data.aws_iam_policy_document.policy_doc",
            "module.websocket_lambda.module.repo_ecr_lambda.aws_ecr_repository.this",
            "module.websocket_lambda.null_resource.run_script"
          ],
          "create_before_destroy": true
        },
        {
          "index_key": "1",
          "schema_version": 0,
          "attributes": {
            "http_method": "POST",
            "id": "agmr-aq72n5uzcb-33upih-POST-201",
            "region": "us-east-1",
            "resource_id": "33upih",
            "response_models": {
              "application/json": "Empty"
            },
            "response_parameters": {},
            "rest_api_id": "aq72n5uzcb",
            "status_code": "201"
          },
          "sensitive_attributes": [],
          "identity_schema_version": 0,
          "private": "bnVsbA==",
          "dependencies": [
            "aws_apigatewayv2_api.websocket_api",
            "module.api_gateway.aws_api_gateway_authorizer.cognito_authorizer",
            "module.api_gateway.aws_api_gateway_method.rest_endpoint_methods",
            "module.api_gateway.aws_api_gateway_resource.base_resources",
            "module.api_gateway.aws_api_gateway_resource.main_resource",
            "module.api_gateway.aws_api_gateway_resource.variable_resources",
            "module.api_gateway.aws_api_gateway_rest_api.rest_api",
            "module.auth_lambda.aws_iam_role.lambda_role",
            "module.auth_lambda.aws_lambda_function.lambda",
            "module.auth_lambda.data.aws_caller_identity.current",
            "module.auth_lambda.data.aws_iam_policy_document.policy_doc",
            "module.auth_lambda.module.repo_ecr_lambda.aws_ecr_repository.this",
            "module.auth_lambda.null_resource.run_script",
            "module.events_queue.aws_sqs_queue.dead_letter_fifo_queue",
            "module.events_queue.aws_sqs_queue.fifo_queue",
            "module.locations_table.aws_dynamodb_table.this",
            "module.notificacoes_lambda.aws_iam_role.lambda_role",
            "module.notificacoes_lambda.aws_lambda_function.lambda",
            "module.notificacoes_lambda.data.aws_caller_identity.current",
            "module.notificacoes_lambda.data.aws_iam_policy_document.policy_doc",
            "module.notificacoes_lambda.module.repo_ecr_lambda.aws_ecr_repository.this",
            "module.notificacoes_lambda.null_resource.run_script",
            "module.notifications_general_topic.aws_sns_topic.this",
            "module.notifications_premium_topic.aws_sns_topic.this",
            "module.notifications_regional_topic.aws_sns_topic.this",
            "module.notifications_table.aws_dynamodb_table.this",
            "module.pedido_ofertas_table.aws_dynamodb_table.this",
            "module.pedidos_lambda.aws_iam_role.lambda_role",
            "module.pedidos_lambda.aws_lambda_function.lambda",
            "module.pedidos_lambda.data.aws_caller_identity.current",
            "module.pedidos_lambda.data.aws_iam_policy_document.policy_doc",
            "module.pedidos_lambda.module.repo_ecr_lambda.aws_ecr_repository.this",
            "module.pedidos_lambda.null_resource.run_script",
            "module.pedidos_table.aws_dynamodb_table.this",
            "module.rastreamento_lambda.aws_iam_role.lambda_role",
            "module.rastreamento_lambda.aws_lambda_function.lambda",
            "module.rastreamento_lambda.data.aws_caller_identity.current",
            "module.rastreamento_lambda.data.aws_iam_policy_document.policy_doc",
            "module.rastreamento_lambda.module.repo_ecr_lambda.aws_ecr_repository.this",
            "module.rastreamento_lambda.null_resource.run_script",
            "module.smart_routing_lambda.aws_iam_role.lambda_role",
            "module.smart_routing_lambda.aws_lambda_function.lambda",
            "module.smart_routing_lambda.data.aws_caller_identity.current",
            "module.smart_routing_lambda.data.aws_iam_policy_document.policy_doc",
            "module.smart_routing_lambda.module.repo_ecr_lambda.aws_ecr_repository.this",
            "module.smart_routing_lambda.null_resource.run_script",
            "module.users_table.aws_dynamodb_table.this",
            "module.usuarios_lambda.aws_iam_role.lambda_role",
            "module.usuarios_lambda.aws_lambda_function.lambda",
            "module.usuarios_lambda.data.aws_caller_identity.current",
            "module.usuarios_lambda.data.aws_iam_policy_document.policy_doc",
            "module.usuarios_lambda.module.repo_ecr_lambda.aws_ecr_repository.this",
            "module.usuarios_lambda.null_resource.run_script",
            "module.websocket_connections_table.aws_dynamodb_table.this",
            "module.websocket_lambda.aws_iam_role.lambda_role",
            "module.websocket_lambda.aws_lambda_function.lambda",
            "module.websocket_lambda.data.aws_caller_identity.current",
            "module.websocket_lambda.data.aws_iam_policy_document.policy_doc",
            "module.websocket_lambda.module.repo_ecr_lambda.aws_ecr_repository.this",
            "module.websocket_lambda.null_resource.run_script"
          ],
          "create_before_destroy": true
        },
        {
          "index_key": "10",
          "schema_version": 0,
          "attributes": {
            "http_method": "POST",
            "id": "agmr-aq72n5uzcb-ekiu8c-POST-200",
            "region": "us-east-1",
            "resource_id": "ekiu8c",
            "response_models": {
              "application/json": "Empty"
            },
            "response_parameters": {},
            "rest_api_id": "aq72n5uzcb",
            "status_code": "200"
          },
          "sensitive_attributes": [],
          "identity_schema_version": 0,
          "private": "bnVsbA==",
          "dependencies": [
            "aws_apigatewayv2_api.websocket_api",
            "module.api_gateway.aws_api_gateway_authorizer.cognito_authorizer",
            "module.api_gateway.aws_api_gateway_method.rest_endpoint_methods",
            "module.api_gateway.aws_api_gateway_resource.base_resources",
            "module.api_gateway.aws_api_gateway_resource.main_resource",
            "module.api_gateway.aws_api_gateway_resource.variable_resources",
            "module.api_gateway.aws_api_gateway_rest_api.rest_api",
            "module.auth_lambda.aws_iam_role.lambda_role",
            "module.auth_lambda.aws_lambda_function.lambda",
            "module.auth_lambda.data.aws_caller_identity.current",
            "module.auth_lambda.data.aws_iam_policy_document.policy_doc",
            "module.auth_lambda.module.repo_ecr_lambda.aws_ecr_repository.this",
            "module.auth_lambda.null_resource.run_script",
            "module.events_queue.aws_sqs_queue.dead_letter_fifo_queue",
            "module.events_queue.aws_sqs_queue.fifo_queue",
            "module.locations_table.aws_dynamodb_table.this",
            "module.notificacoes_lambda.aws_iam_role.lambda_role",
            "module.notificacoes_lambda.aws_lambda_function.lambda",
            "module.notificacoes_lambda.data.aws_caller_identity.current",
            "module.notificacoes_lambda.data.aws_iam_policy_document.policy_doc",
            "module.notificacoes_lambda.module.repo_ecr_lambda.aws_ecr_repository.this",
            "module.notificacoes_lambda.null_resource.run_script",
            "module.notifications_general_topic.aws_sns_topic.this",
            "module.notifications_premium_topic.aws_sns_topic.this",
            "module.notifications_regional_topic.aws_sns_topic.this",
            "module.notifications_table.aws_dynamodb_table.this",
            "module.pedido_ofertas_table.aws_dynamodb_table.this",
            "module.pedidos_lambda.aws_iam_role.lambda_role",
            "module.pedidos_lambda.aws_lambda_function.lambda",
            "module.pedidos_lambda.data.aws_caller_identity.current",
            "module.pedidos_lambda.data.aws_iam_policy_document.policy_doc",
            "module.pedidos_lambda.module.repo_ecr_lambda.aws_ecr_repository.this",
            "module.pedidos_lambda.null_resource.run_script",
            "module.pedidos_table.aws_dynamodb_table.this",
            "module.rastreamento_lambda.aws_iam_role.lambda_role",
            "module.rastreamento_lambda.aws_lambda_function.lambda",
            "module.rastreamento_lambda.data.aws_caller_identity.current",
            "module.rastreamento_lambda.data.aws_iam_policy_document.policy_doc",
            "module.rastreamento_lambda.module.repo_ecr_lambda.aws_ecr_repository.this",
            "module.rastreamento_lambda.null_resource.run_script",
            "module.smart_routing_lambda.aws_iam_role.lambda_role",
            "module.smart_routing_lambda.aws_lambda_function.lambda",
            "module.smart_routing_lambda.data.aws_caller_identity.current",
            "module.smart_routing_lambda.data.aws_iam_policy_document.policy_doc",
            "module.smart_routing_lambda.module.repo_ecr_lambda.aws_ecr_repository.this",
            "module.smart_routing_lambda.null_resource.run_script",
            "module.users_table.aws_dynamodb_table.this",
            "module.usuarios_lambda.aws_iam_role.lambda_role",
            "module.usuarios_lambda.aws_lambda_function.lambda",
            "module.usuarios_lambda.data.aws_caller_identity.current",
            "module.usuarios_lambda.data.aws_iam_policy_document.policy_doc",
            "module.usuarios_lambda.module.repo_ecr_lambda.aws_ecr_repository.this",
            "module.usuarios_lambda.null_resource.run_script",
            "module.websocket_connections_table.aws_dynamodb_table.this",
            "module.websocket_lambda.aws_iam_role.lambda_role",
            "module.websocket_lambda.aws_lambda_function.lambda",
            "module.websocket_lambda.data.aws_caller_identity.current",
            "module.websocket_lambda.data.aws_iam_policy_document.policy_doc",
            "module.websocket_lambda.module.repo_ecr_lambda.aws_ecr_repository.this",
            "module.websocket_lambda.null_resource.run_script"
          ],
          "create_before_destroy": true
        },
        {
          "index_key": "11",
          "schema_version": 0,
          "attributes": {
            "http_method": "GET",
            "id": "agmr-aq72n5uzcb-ag8dzm-GET-200",
            "region": "us-east-1",
            "resource_id": "ag8dzm",
            "response_models": {
              "application/json": "Empty"
            },
            "response_parameters": {},
            "rest_api_id": "aq72n5uzcb",
            "status_code": "200"
          },
          "sensitive_attributes": [],
          "identity_schema_version": 0,
          "private": "bnVsbA==",
          "dependencies": [
            "aws_apigatewayv2_api.websocket_api",
            "module.api_gateway.aws_api_gateway_authorizer.cognito_authorizer",
            "module.api_gateway.aws_api_gateway_method.rest_endpoint_methods",
            "module.api_gateway.aws_api_gateway_resource.base_resources",
            "module.api_gateway.aws_api_gateway_resource.main_resource",
            "module.api_gateway.aws_api_gateway_resource.variable_resources",
            "module.api_gateway.aws_api_gateway_rest_api.rest_api",
            "module.auth_lambda.aws_iam_role.lambda_role",
            "module.auth_lambda.aws_lambda_function.lambda",
            "module.auth_lambda.data.aws_caller_identity.current",
            "module.auth_lambda.data.aws_iam_policy_document.policy_doc",
            "module.auth_lambda.module.repo_ecr_lambda.aws_ecr_repository.this",
            "module.auth_lambda.null_resource.run_script",
            "module.events_queue.aws_sqs_queue.dead_letter_fifo_queue",
            "module.events_queue.aws_sqs_queue.fifo_queue",
            "module.locations_table.aws_dynamodb_table.this",
            "module.notificacoes_lambda.aws_iam_role.lambda_role",
            "module.notificacoes_lambda.aws_lambda_function.lambda",
            "module.notificacoes_lambda.data.aws_caller_identity.current",
            "module.notificacoes_lambda.data.aws_iam_policy_document.policy_doc",
            "module.notificacoes_lambda.module.repo_ecr_lambda.aws_ecr_repository.this",
            "module.notificacoes_lambda.null_resource.run_script",
            "module.notifications_general_topic.aws_sns_topic.this",
            "module.notifications_premium_topic.aws_sns_topic.this",
            "module.notifications_regional_topic.aws_sns_topic.this",
            "module.notifications_table.aws_dynamodb_table.this",
            "module.pedido_ofertas_table.aws_dynamodb_table.this",
            "module.pedidos_lambda.aws_iam_role.lambda_role",
            "module.pedidos_lambda.aws_lambda_function.lambda",
            "module.pedidos_lambda.data.aws_caller_identity.current",
            "module.pedidos_lambda.data.aws_iam_policy_document.policy_doc",
            "module.pedidos_lambda.module.repo_ecr_lambda.aws_ecr_repository.this",
            "module.pedidos_lambda.null_resource.run_script",
            "module.pedidos_table.aws_dynamodb_table.this",
            "module.rastreamento_lambda.aws_iam_role.lambda_role",
            "module.rastreamento_lambda.aws_lambda_function.lambda",
            "module.rastreamento_lambda.data.aws_caller_identity.current",
            "module.rastreamento_lambda.data.aws_iam_policy_document.policy_doc",
            "module.rastreamento_lambda.module.repo_ecr_lambda.aws_ecr_repository.this",
            "module.rastreamento_lambda.null_resource.run_script",
            "module.smart_routing_lambda.aws_iam_role.lambda_role",
            "module.smart_routing_lambda.aws_lambda_function.lambda",
            "module.smart_routing_lambda.data.aws_caller_identity.current",
            "module.smart_routing_lambda.data.aws_iam_policy_document.policy_doc",
            "module.smart_routing_lambda.module.repo_ecr_lambda.aws_ecr_repository.this",
            "module.smart_routing_lambda.null_resource.run_script",
            "module.users_table.aws_dynamodb_table.this",
            "module.usuarios_lambda.aws_iam_role.lambda_role",
            "module.usuarios_lambda.aws_lambda_function.lambda",
            "module.usuarios_lambda.data.aws_caller_identity.current",
            "module.usuarios_lambda.data.aws_iam_policy_document.policy_doc",
            "module.usuarios_lambda.module.repo_ecr_lambda.aws_ecr_repository.this",
            "module.usuarios_lambda.null_resource.run_script",
            "module.websocket_connections_table.aws_dynamodb_table.this",
            "module.websocket_lambda.aws_iam_role.lambda_role",
            "module.websocket_lambda.aws_lambda_function.lambda",
            "module.websocket_lambda.data.aws_caller_identity.current",
            "module.websocket_lambda.data.aws_iam_policy_document.policy_doc",
            "module.websocket_lambda.module.repo_ecr_lambda.aws_ecr_repository.this",
            "module.websocket_lambda.null_resource.run_script"
          ],
          "create_before_destroy": true
        },
        {
          "index_key": "12",
          "schema_version": 0,
          "attributes": {
            "http_method": "GET",
            "id": "agmr-aq72n5uzcb-zzb23a-GET-200",
            "region": "us-east-1",
            "resource_id": "zzb23a",
            "response_models": {
              "application/json": "Empty"
            },
            "response_parameters": {},
            "rest_api_id": "aq72n5uzcb",
            "status_code": "200"
          },
          "sensitive_attributes": [],
          "identity_schema_version": 0,
          "private": "bnVsbA==",
          "dependencies": [
            "aws_apigatewayv2_api.websocket_api",
            "module.api_gateway.aws_api_gateway_authorizer.cognito_authorizer",
            "module.api_gateway.aws_api_gateway_method.rest_endpoint_methods",
            "module.api_gateway.aws_api_gateway_resource.base_resources",
            "module.api_gateway.aws_api_gateway_resource.main_resource",
            "module.api_gateway.aws_api_gateway_resource.variable_resources",
            "module.api_gateway.aws_api_gateway_rest_api.rest_api",
            "module.auth_lambda.aws_iam_role.lambda_role",
            "module.auth_lambda.aws_lambda_function.lambda",
            "module.auth_lambda.data.aws_caller_identity.current",
            "module.auth_lambda.data.aws_iam_policy_document.policy_doc",
            "module.auth_lambda.module.repo_ecr_lambda.aws_ecr_repository.this",
            "module.auth_lambda.null_resource.run_script",
            "module.events_queue.aws_sqs_queue.dead_letter_fifo_queue",
            "module.events_queue.aws_sqs_queue.fifo_queue",
            "module.locations_table.aws_dynamodb_table.this",
            "module.notificacoes_lambda.aws_iam_role.lambda_role",
            "module.notificacoes_lambda.aws_lambda_function.lambda",
            "module.notificacoes_lambda.data.aws_caller_identity.current",
            "module.notificacoes_lambda.data.aws_iam_policy_document.policy_doc",
            "module.notificacoes_lambda.module.repo_ecr_lambda.aws_ecr_repository.this",
            "module.notificacoes_lambda.null_resource.run_script",
            "module.notifications_general_topic.aws_sns_topic.this",
            "module.notifications_premium_topic.aws_sns_topic.this",
            "module.notifications_regional_topic.aws_sns_topic.this",
            "module.notifications_table.aws_dynamodb_table.this",
            "module.pedido_ofertas_table.aws_dynamodb_table.this",
            "module.pedidos_lambda.aws_iam_role.lambda_role",
            "module.pedidos_lambda.aws_lambda_function.lambda",
            "module.pedidos_lambda.data.aws_caller_identity.current",
            "module.pedidos_lambda.data.aws_iam_policy_document.policy_doc",
            "module.pedidos_lambda.module.repo_ecr_lambda.aws_ecr_repository.this",
            "module.pedidos_lambda.null_resource.run_script",
            "module.pedidos_table.aws_dynamodb_table.this",
            "module.rastreamento_lambda.aws_iam_role.lambda_role",
            "module.rastreamento_lambda.aws_lambda_function.lambda",
            "module.rastreamento_lambda.data.aws_caller_identity.current",
            "module.rastreamento_lambda.data.aws_iam_policy_document.policy_doc",
            "module.rastreamento_lambda.module.repo_ecr_lambda.aws_ecr_repository.this",
            "module.rastreamento_lambda.null_resource.run_script",
            "module.smart_routing_lambda.aws_iam_role.lambda_role",
            "module.smart_routing_lambda.aws_lambda_function.lambda",
            "module.smart_routing_lambda.data.aws_caller_identity.current",
            "module.smart_routing_lambda.data.aws_iam_policy_document.policy_doc",
            "module.smart_routing_lambda.module.repo_ecr_lambda.aws_ecr_repository.this",
            "module.smart_routing_lambda.null_resource.run_script",
            "module.users_table.aws_dynamodb_table.this",
            "module.usuarios_lambda.aws_iam_role.lambda_role",
            "module.usuarios_lambda.aws_lambda_function.lambda",
            "module.usuarios_lambda.data.aws_caller_identity.current",
            "module.usuarios_lambda.data.aws_iam_policy_document.policy_doc",
            "module.usuarios_lambda.module.repo_ecr_lambda.aws_ecr_repository.this",
            "module.usuarios_lambda.null_resource.run_script",
            "module.websocket_connections_table.aws_dynamodb_table.this",
            "module.websocket_lambda.aws_iam_role.lambda_role",
            "module.websocket_lambda.aws_lambda_function.lambda",
            "module.websocket_lambda.data.aws_caller_identity.current",
            "module.websocket_lambda.data.aws_iam_policy_document.policy_doc",
            "module.websocket_lambda.module.repo_ecr_lambda.aws_ecr_repository.this",
            "module.websocket_lambda.null_resource.run_script"
          ],
          "create_before_destroy": true
        },
        {
          "index_key": "13",
          "schema_version": 0,
          "attributes": {
            "http_method": "GET",
            "id": "agmr-aq72n5uzcb-w1b7i6-GET-200",
            "region": "us-east-1",
            "resource_id": "w1b7i6",
            "response_models": {
              "application/json": "Empty"
            },
            "response_parameters": {},
            "rest_api_id": "aq72n5uzcb",
            "status_code": "200"
          },
          "sensitive_attributes": [],
          "identity_schema_version": 0,
          "private": "bnVsbA==",
          "dependencies": [
            "aws_apigatewayv2_api.websocket_api",
            "module.api_gateway.aws_api_gateway_authorizer.cognito_authorizer",
            "module.api_gateway.aws_api_gateway_method.rest_endpoint_methods",
            "module.api_gateway.aws_api_gateway_resource.base_resources",
            "module.api_gateway.aws_api_gateway_resource.main_resource",
            "module.api_gateway.aws_api_gateway_resource.variable_resources",
            "module.api_gateway.aws_api_gateway_rest_api.rest_api",
            "module.auth_lambda.aws_iam_role.lambda_role",
            "module.auth_lambda.aws_lambda_function.lambda",
            "module.auth_lambda.data.aws_caller_identity.current",
            "module.auth_lambda.data.aws_iam_policy_document.policy_doc",
            "module.auth_lambda.module.repo_ecr_lambda.aws_ecr_repository.this",
            "module.auth_lambda.null_resource.run_script",
            "module.events_queue.aws_sqs_queue.dead_letter_fifo_queue",
            "module.events_queue.aws_sqs_queue.fifo_queue",
            "module.locations_table.aws_dynamodb_table.this",
            "module.notificacoes_lambda.aws_iam_role.lambda_role",
            "module.notificacoes_lambda.aws_lambda_function.lambda",
            "module.notificacoes_lambda.data.aws_caller_identity.current",
            "module.notificacoes_lambda.data.aws_iam_policy_document.policy_doc",
            "module.notificacoes_lambda.module.repo_ecr_lambda.aws_ecr_repository.this",
            "module.notificacoes_lambda.null_resource.run_script",
            "module.notifications_general_topic.aws_sns_topic.this",
            "module.notifications_premium_topic.aws_sns_topic.this",
            "module.notifications_regional_topic.aws_sns_topic.this",
            "module.notifications_table.aws_dynamodb_table.this",
            "module.pedido_ofertas_table.aws_dynamodb_table.this",
            "module.pedidos_lambda.aws_iam_role.lambda_role",
            "module.pedidos_lambda.aws_lambda_function.lambda",
            "module.pedidos_lambda.data.aws_caller_identity.current",
            "module.pedidos_lambda.data.aws_iam_policy_document.policy_doc",
            "module.pedidos_lambda.module.repo_ecr_lambda.aws_ecr_repository.this",
            "module.pedidos_lambda.null_resource.run_script",
            "module.pedidos_table.aws_dynamodb_table.this",
            "module.rastreamento_lambda.aws_iam_role.lambda_role",
            "module.rastreamento_lambda.aws_lambda_function.lambda",
            "module.rastreamento_lambda.data.aws_caller_identity.current",
            "module.rastreamento_lambda.data.aws_iam_policy_document.policy_doc",
            "module.rastreamento_lambda.module.repo_ecr_lambda.aws_ecr_repository.this",
            "module.rastreamento_lambda.null_resource.run_script",
            "module.smart_routing_lambda.aws_iam_role.lambda_role",
            "module.smart_routing_lambda.aws_lambda_function.lambda",
            "module.smart_routing_lambda.data.aws_caller_identity.current",
            "module.smart_routing_lambda.data.aws_iam_policy_document.policy_doc",
            "module.smart_routing_lambda.module.repo_ecr_lambda.aws_ecr_repository.this",
            "module.smart_routing_lambda.null_resource.run_script",
            "module.users_table.aws_dynamodb_table.this",
            "module.usuarios_lambda.aws_iam_role.lambda_role",
            "module.usuarios_lambda.aws_lambda_function.lambda",
            "module.usuarios_lambda.data.aws_caller_identity.current",
            "module.usuarios_lambda.data.aws_iam_policy_document.policy_doc",
            "module.usuarios_lambda.module.repo_ecr_lambda.aws_ecr_repository.this",
            "module.usuarios_lambda.null_resource.run_script",
            "module.websocket_connections_table.aws_dynamodb_table.this",
            "module.websocket_lambda.aws_iam_role.lambda_role",
            "module.websocket_lambda.aws_lambda_function.lambda",
            "module.websocket_lambda.data.aws_caller_identity.current",
            "module.websocket_lambda.data.aws_iam_policy_document.policy_doc",
            "module.websocket_lambda.module.repo_ecr_lambda.aws_ecr_repository.this",
            "module.websocket_lambda.null_resource.run_script"
          ],
          "create_before_destroy": true
        },
        {
          "index_key": "14",
          "schema_version": 0,
          "attributes": {
            "http_method": "GET",
            "id": "agmr-aq72n5uzcb-gc9ceo-GET-200",
            "region": "us-east-1",
            "resource_id": "gc9ceo",
            "response_models": {
              "application/json": "Empty"
            },
            "response_parameters": {},
            "rest_api_id": "aq72n5uzcb",
            "status_code": "200"
          },
          "sensitive_attributes": [],
          "identity_schema_version": 0,
          "private": "bnVsbA==",
          "dependencies": [
            "aws_apigatewayv2_api.websocket_api",
            "module.api_gateway.aws_api_gateway_authorizer.cognito_authorizer",
            "module.api_gateway.aws_api_gateway_method.rest_endpoint_methods",
            "module.api_gateway.aws_api_gateway_resource.base_resources",
            "module.api_gateway.aws_api_gateway_resource.main_resource",
            "module.api_gateway.aws_api_gateway_resource.variable_resources",
            "module.api_gateway.aws_api_gateway_rest_api.rest_api",
            "module.auth_lambda.aws_iam_role.lambda_role",
            "module.auth_lambda.aws_lambda_function.lambda",
            "module.auth_lambda.data.aws_caller_identity.current",
            "module.auth_lambda.data.aws_iam_policy_document.policy_doc",
            "module.auth_lambda.module.repo_ecr_lambda.aws_ecr_repository.this",
            "module.auth_lambda.null_resource.run_script",
            "module.events_queue.aws_sqs_queue.dead_letter_fifo_queue",
            "module.events_queue.aws_sqs_queue.fifo_queue",
            "module.locations_table.aws_dynamodb_table.this",
            "module.notificacoes_lambda.aws_iam_role.lambda_role",
            "module.notificacoes_lambda.aws_lambda_function.lambda",
            "module.notificacoes_lambda.data.aws_caller_identity.current",
            "module.notificacoes_lambda.data.aws_iam_policy_document.policy_doc",
            "module.notificacoes_lambda.module.repo_ecr_lambda.aws_ecr_repository.this",
            "module.notificacoes_lambda.null_resource.run_script",
            "module.notifications_general_topic.aws_sns_topic.this",
            "module.notifications_premium_topic.aws_sns_topic.this",
            "module.notifications_regional_topic.aws_sns_topic.this",
            "module.notifications_table.aws_dynamodb_table.this",
            "module.pedido_ofertas_table.aws_dynamodb_table.this",
            "module.pedidos_lambda.aws_iam_role.lambda_role",
            "module.pedidos_lambda.aws_lambda_function.lambda",
            "module.pedidos_lambda.data.aws_caller_identity.current",
            "module.pedidos_lambda.data.aws_iam_policy_document.policy_doc",
            "module.pedidos_lambda.module.repo_ecr_lambda.aws_ecr_repository.this",
            "module.pedidos_lambda.null_resource.run_script",
            "module.pedidos_table.aws_dynamodb_table.this",
            "module.rastreamento_lambda.aws_iam_role.lambda_role",
            "module.rastreamento_lambda.aws_lambda_function.lambda",
            "module.rastreamento_lambda.data.aws_caller_identity.current",
            "module.rastreamento_lambda.data.aws_iam_policy_document.policy_doc",
            "module.rastreamento_lambda.module.repo_ecr_lambda.aws_ecr_repository.this",
            "module.rastreamento_lambda.null_resource.run_script",
            "module.smart_routing_lambda.aws_iam_role.lambda_role",
            "module.smart_routing_lambda.aws_lambda_function.lambda",
            "module.smart_routing_lambda.data.aws_caller_identity.current",
            "module.smart_routing_lambda.data.aws_iam_policy_document.policy_doc",
            "module.smart_routing_lambda.module.repo_ecr_lambda.aws_ecr_repository.this",
            "module.smart_routing_lambda.null_resource.run_script",
            "module.users_table.aws_dynamodb_table.this",
            "module.usuarios_lambda.aws_iam_role.lambda_role",
            "module.usuarios_lambda.aws_lambda_function.lambda",
            "module.usuarios_lambda.data.aws_caller_identity.current",
            "module.usuarios_lambda.data.aws_iam_policy_document.policy_doc",
            "module.usuarios_lambda.module.repo_ecr_lambda.aws_ecr_repository.this",
            "module.usuarios_lambda.null_resource.run_script",
            "module.websocket_connections_table.aws_dynamodb_table.this",
            "module.websocket_lambda.aws_iam_role.lambda_role",
            "module.websocket_lambda.aws_lambda_function.lambda",
            "module.websocket_lambda.data.aws_caller_identity.current",
            "module.websocket_lambda.data.aws_iam_policy_document.policy_doc",
            "module.websocket_lambda.module.repo_ecr_lambda.aws_ecr_repository.this",
            "module.websocket_lambda.null_resource.run_script"
          ],
          "create_before_destroy": true
        },
        {
          "index_key": "15",
          "schema_version": 0,
          "attributes": {
            "http_method": "POST",
            "id": "agmr-aq72n5uzcb-f2k6l6-POST-200",
            "region": "us-east-1",
            "resource_id": "f2k6l6",
            "response_models": {
              "application/json": "Empty"
            },
            "response_parameters": {},
            "rest_api_id": "aq72n5uzcb",
            "status_code": "200"
          },
          "sensitive_attributes": [],
          "identity_schema_version": 0,
          "private": "bnVsbA==",
          "dependencies": [
            "aws_apigatewayv2_api.websocket_api",
            "module.api_gateway.aws_api_gateway_authorizer.cognito_authorizer",
            "module.api_gateway.aws_api_gateway_method.rest_endpoint_methods",
            "module.api_gateway.aws_api_gateway_resource.base_resources",
            "module.api_gateway.aws_api_gateway_resource.main_resource",
            "module.api_gateway.aws_api_gateway_resource.variable_resources",
            "module.api_gateway.aws_api_gateway_rest_api.rest_api",
            "module.auth_lambda.aws_iam_role.lambda_role",
            "module.auth_lambda.aws_lambda_function.lambda",
            "module.auth_lambda.data.aws_caller_identity.current",
            "module.auth_lambda.data.aws_iam_policy_document.policy_doc",
            "module.auth_lambda.module.repo_ecr_lambda.aws_ecr_repository.this",
            "module.auth_lambda.null_resource.run_script",
            "module.events_queue.aws_sqs_queue.dead_letter_fifo_queue",
            "module.events_queue.aws_sqs_queue.fifo_queue",
            "module.locations_table.aws_dynamodb_table.this",
            "module.notificacoes_lambda.aws_iam_role.lambda_role",
            "module.notificacoes_lambda.aws_lambda_function.lambda",
            "module.notificacoes_lambda.data.aws_caller_identity.current",
            "module.notificacoes_lambda.data.aws_iam_policy_document.policy_doc",
            "module.notificacoes_lambda.module.repo_ecr_lambda.aws_ecr_repository.this",
            "module.notificacoes_lambda.null_resource.run_script",
            "module.notifications_general_topic.aws_sns_topic.this",
            "module.notifications_premium_topic.aws_sns_topic.this",
            "module.notifications_regional_topic.aws_sns_topic.this",
            "module.notifications_table.aws_dynamodb_table.this",
            "module.pedido_ofertas_table.aws_dynamodb_table.this",
            "module.pedidos_lambda.aws_iam_role.lambda_role",
            "module.pedidos_lambda.aws_lambda_function.lambda",
            "module.pedidos_lambda.data.aws_caller_identity.current",
            "module.pedidos_lambda.data.aws_iam_policy_document.policy_doc",
            "module.pedidos_lambda.module.repo_ecr_lambda.aws_ecr_repository.this",
            "module.pedidos_lambda.null_resource.run_script",
            "module.pedidos_table.aws_dynamodb_table.this",
            "module.rastreamento_lambda.aws_iam_role.lambda_role",
            "module.rastreamento_lambda.aws_lambda_function.lambda",
            "module.rastreamento_lambda.data.aws_caller_identity.current",
            "module.rastreamento_lambda.data.aws_iam_policy_document.policy_doc",
            "module.rastreamento_lambda.module.repo_ecr_lambda.aws_ecr_repository.this",
            "module.rastreamento_lambda.null_resource.run_script",
            "module.smart_routing_lambda.aws_iam_role.lambda_role",
            "module.smart_routing_lambda.aws_lambda_function.lambda",
            "module.smart_routing_lambda.data.aws_caller_identity.current",
            "module.smart_routing_lambda.data.aws_iam_policy_document.policy_doc",
            "module.smart_routing_lambda.module.repo_ecr_lambda.aws_ecr_repository.this",
            "module.smart_routing_lambda.null_resource.run_script",
            "module.users_table.aws_dynamodb_table.this",
            "module.usuarios_lambda.aws_iam_role.lambda_role",
            "module.usuarios_lambda.aws_lambda_function.lambda",
            "module.usuarios_lambda.data.aws_caller_identity.current",
            "module.usuarios_lambda.data.aws_iam_policy_document.policy_doc",
            "module.usuarios_lambda.module.repo_ecr_lambda.aws_ecr_repository.this",
            "module.usuarios_lambda.null_resource.run_script",
            "module.websocket_connections_table.aws_dynamodb_table.this",
            "module.websocket_lambda.aws_iam_role.lambda_role",
            "module.websocket_lambda.aws_lambda_function.lambda",
            "module.websocket_lambda.data.aws_caller_identity.current",
            "module.websocket_lambda.data.aws_iam_policy_document.policy_doc",
            "module.websocket_lambda.module.repo_ecr_lambda.aws_ecr_repository.this",
            "module.websocket_lambda.null_resource.run_script"
          ],
          "create_before_destroy": true
        },
        {
          "index_key": "16",
          "schema_version": 0,
          "attributes": {
            "http_method": "POST",
            "id": "agmr-aq72n5uzcb-mjbx9c-POST-200",
            "region": "us-east-1",
            "resource_id": "mjbx9c",
            "response_models": {
              "application/json": "Empty"
            },
            "response_parameters": {},
            "rest_api_id": "aq72n5uzcb",
            "status_code": "200"
          },
          "sensitive_attributes": [],
          "identity_schema_version": 0,
          "private": "bnVsbA==",
          "dependencies": [
            "aws_apigatewayv2_api.websocket_api",
            "module.api_gateway.aws_api_gateway_authorizer.cognito_authorizer",
            "module.api_gateway.aws_api_gateway_method.rest_endpoint_methods",
            "module.api_gateway.aws_api_gateway_resource.base_resources",
            "module.api_gateway.aws_api_gateway_resource.main_resource",
            "module.api_gateway.aws_api_gateway_resource.variable_resources",
            "module.api_gateway.aws_api_gateway_rest_api.rest_api",
            "module.auth_lambda.aws_iam_role.lambda_role",
            "module.auth_lambda.aws_lambda_function.lambda",
            "module.auth_lambda.data.aws_caller_identity.current",
            "module.auth_lambda.data.aws_iam_policy_document.policy_doc",
            "module.auth_lambda.module.repo_ecr_lambda.aws_ecr_repository.this",
            "module.auth_lambda.null_resource.run_script",
            "module.events_queue.aws_sqs_queue.dead_letter_fifo_queue",
            "module.events_queue.aws_sqs_queue.fifo_queue",
            "module.locations_table.aws_dynamodb_table.this",
            "module.notificacoes_lambda.aws_iam_role.lambda_role",
            "module.notificacoes_lambda.aws_lambda_function.lambda",
            "module.notificacoes_lambda.data.aws_caller_identity.current",
            "module.notificacoes_lambda.data.aws_iam_policy_document.policy_doc",
            "module.notificacoes_lambda.module.repo_ecr_lambda.aws_ecr_repository.this",
            "module.notificacoes_lambda.null_resource.run_script",
            "module.notifications_general_topic.aws_sns_topic.this",
            "module.notifications_premium_topic.aws_sns_topic.this",
            "module.notifications_regional_topic.aws_sns_topic.this",
            "module.notifications_table.aws_dynamodb_table.this",
            "module.pedido_ofertas_table.aws_dynamodb_table.this",
            "module.pedidos_lambda.aws_iam_role.lambda_role",
            "module.pedidos_lambda.aws_lambda_function.lambda",
            "module.pedidos_lambda.data.aws_caller_identity.current",
            "module.pedidos_lambda.data.aws_iam_policy_document.policy_doc",
            "module.pedidos_lambda.module.repo_ecr_lambda.aws_ecr_repository.this",
            "module.pedidos_lambda.null_resource.run_script",
            "module.pedidos_table.aws_dynamodb_table.this",
            "module.rastreamento_lambda.aws_iam_role.lambda_role",
            "module.rastreamento_lambda.aws_lambda_function.lambda",
            "module.rastreamento_lambda.data.aws_caller_identity.current",
            "module.rastreamento_lambda.data.aws_iam_policy_document.policy_doc",
            "module.rastreamento_lambda.module.repo_ecr_lambda.aws_ecr_repository.this",
            "module.rastreamento_lambda.null_resource.run_script",
            "module.smart_routing_lambda.aws_iam_role.lambda_role",
            "module.smart_routing_lambda.aws_lambda_function.lambda",
            "module.smart_routing_lambda.data.aws_caller_identity.current",
            "module.smart_routing_lambda.data.aws_iam_policy_document.policy_doc",
            "module.smart_routing_lambda.module.repo_ecr_lambda.aws_ecr_repository.this",
            "module.smart_routing_lambda.null_resource.run_script",
            "module.users_table.aws_dynamodb_table.this",
            "module.usuarios_lambda.aws_iam_role.lambda_role",
            "module.usuarios_lambda.aws_lambda_function.lambda",
            "module.usuarios_lambda.data.aws_caller_identity.current",
            "module.usuarios_lambda.data.aws_iam_policy_document.policy_doc",
            "module.usuarios_lambda.module.repo_ecr_lambda.aws_ecr_repository.this",
            "module.usuarios_lambda.null_resource.run_script",
            "module.websocket_connections_table.aws_dynamodb_table.this",
            "module.websocket_lambda.aws_iam_role.lambda_role",
            "module.websocket_lambda.aws_lambda_function.lambda",
            "module.websocket_lambda.data.aws_caller_identity.current",
            "module.websocket_lambda.data.aws_iam_policy_document.policy_doc",
            "module.websocket_lambda.module.repo_ecr_lambda.aws_ecr_repository.this",
            "module.websocket_lambda.null_resource.run_script"
          ],
          "create_before_destroy": true
        },
        {
          "index_key": "17",
          "schema_version": 0,
          "attributes": {
            "http_method": "POST",
            "id": "agmr-aq72n5uzcb-d5bc68-POST-200",
            "region": "us-east-1",
            "resource_id": "d5bc68",
            "response_models": {
              "application/json": "Empty"
            },
            "response_parameters": {},
            "rest_api_id": "aq72n5uzcb",
            "status_code": "200"
          },
          "sensitive_attributes": [],
          "identity_schema_version": 0,
          "private": "bnVsbA==",
          "dependencies": [
            "aws_apigatewayv2_api.websocket_api",
            "module.api_gateway.aws_api_gateway_authorizer.cognito_authorizer",
            "module.api_gateway.aws_api_gateway_method.rest_endpoint_methods",
            "module.api_gateway.aws_api_gateway_resource.base_resources",
            "module.api_gateway.aws_api_gateway_resource.main_resource",
            "module.api_gateway.aws_api_gateway_resource.variable_resources",
            "module.api_gateway.aws_api_gateway_rest_api.rest_api",
            "module.auth_lambda.aws_iam_role.lambda_role",
            "module.auth_lambda.aws_lambda_function.lambda",
            "module.auth_lambda.data.aws_caller_identity.current",
            "module.auth_lambda.data.aws_iam_policy_document.policy_doc",
            "module.auth_lambda.module.repo_ecr_lambda.aws_ecr_repository.this",
            "module.auth_lambda.null_resource.run_script",
            "module.events_queue.aws_sqs_queue.dead_letter_fifo_queue",
            "module.events_queue.aws_sqs_queue.fifo_queue",
            "module.locations_table.aws_dynamodb_table.this",
            "module.notificacoes_lambda.aws_iam_role.lambda_role",
            "module.notificacoes_lambda.aws_lambda_function.lambda",
            "module.notificacoes_lambda.data.aws_caller_identity.current",
            "module.notificacoes_lambda.data.aws_iam_policy_document.policy_doc",
            "module.notificacoes_lambda.module.repo_ecr_lambda.aws_ecr_repository.this",
            "module.notificacoes_lambda.null_resource.run_script",
            "module.notifications_general_topic.aws_sns_topic.this",
            "module.notifications_premium_topic.aws_sns_topic.this",
            "module.notifications_regional_topic.aws_sns_topic.this",
            "module.notifications_table.aws_dynamodb_table.this",
            "module.pedido_ofertas_table.aws_dynamodb_table.this",
            "module.pedidos_lambda.aws_iam_role.lambda_role",
            "module.pedidos_lambda.aws_lambda_function.lambda",
            "module.pedidos_lambda.data.aws_caller_identity.current",
            "module.pedidos_lambda.data.aws_iam_policy_document.policy_doc",
            "module.pedidos_lambda.module.repo_ecr_lambda.aws_ecr_repository.this",
            "module.pedidos_lambda.null_resource.run_script",
            "module.pedidos_table.aws_dynamodb_table.this",
            "module.rastreamento_lambda.aws_iam_role.lambda_role",
            "module.rastreamento_lambda.aws_lambda_function.lambda",
            "module.rastreamento_lambda.data.aws_caller_identity.current",
            "module.rastreamento_lambda.data.aws_iam_policy_document.policy_doc",
            "module.rastreamento_lambda.module.repo_ecr_lambda.aws_ecr_repository.this",
            "module.rastreamento_lambda.null_resource.run_script",
            "module.smart_routing_lambda.aws_iam_role.lambda_role",
            "module.smart_routing_lambda.aws_lambda_function.lambda",
            "module.smart_routing_lambda.data.aws_caller_identity.current",
            "module.smart_routing_lambda.data.aws_iam_policy_document.policy_doc",
            "module.smart_routing_lambda.module.repo_ecr_lambda.aws_ecr_repository.this",
            "module.smart_routing_lambda.null_resource.run_script",
            "module.users_table.aws_dynamodb_table.this",
            "module.usuarios_lambda.aws_iam_role.lambda_role",
            "module.usuarios_lambda.aws_lambda_function.lambda",
            "module.usuarios_lambda.data.aws_caller_identity.current",
            "module.usuarios_lambda.data.aws_iam_policy_document.policy_doc",
            "module.usuarios_lambda.module.repo_ecr_lambda.aws_ecr_repository.this",
            "module.usuarios_lambda.null_resource.run_script",
            "module.websocket_connections_table.aws_dynamodb_table.this",
            "module.websocket_lambda.aws_iam_role.lambda_role",
            "module.websocket_lambda.aws_lambda_function.lambda",
            "module.websocket_lambda.data.aws_caller_identity.current",
            "module.websocket_lambda.data.aws_iam_policy_document.policy_doc",
            "module.websocket_lambda.module.repo_ecr_lambda.aws_ecr_repository.this",
            "module.websocket_lambda.null_resource.run_script"
          ],
          "create_before_destroy": true
        },
        {
          "index_key": "18",
          "schema_version": 0,
          "attributes": {
            "http_method": "GET",
            "id": "agmr-aq72n5uzcb-m84byw-GET-200",
            "region": "us-east-1",
            "resource_id": "m84byw",
            "response_models": {
              "application/json": "Empty"
            },
            "response_parameters": {},
            "rest_api_id": "aq72n5uzcb",
            "status_code": "200"
          },
          "sensitive_attributes": [],
          "identity_schema_version": 0,
          "private": "bnVsbA==",
          "dependencies": [
            "aws_apigatewayv2_api.websocket_api",
            "module.api_gateway.aws_api_gateway_authorizer.cognito_authorizer",
            "module.api_gateway.aws_api_gateway_method.rest_endpoint_methods",
            "module.api_gateway.aws_api_gateway_resource.base_resources",
            "module.api_gateway.aws_api_gateway_resource.main_resource",
            "module.api_gateway.aws_api_gateway_resource.variable_resources",
            "module.api_gateway.aws_api_gateway_rest_api.rest_api",
            "module.auth_lambda.aws_iam_role.lambda_role",
            "module.auth_lambda.aws_lambda_function.lambda",
            "module.auth_lambda.data.aws_caller_identity.current",
            "module.auth_lambda.data.aws_iam_policy_document.policy_doc",
            "module.auth_lambda.module.repo_ecr_lambda.aws_ecr_repository.this",
            "module.auth_lambda.null_resource.run_script",
            "module.events_queue.aws_sqs_queue.dead_letter_fifo_queue",
            "module.events_queue.aws_sqs_queue.fifo_queue",
            "module.locations_table.aws_dynamodb_table.this",
            "module.notificacoes_lambda.aws_iam_role.lambda_role",
            "module.notificacoes_lambda.aws_lambda_function.lambda",
            "module.notificacoes_lambda.data.aws_caller_identity.current",
            "module.notificacoes_lambda.data.aws_iam_policy_document.policy_doc",
            "module.notificacoes_lambda.module.repo_ecr_lambda.aws_ecr_repository.this",
            "module.notificacoes_lambda.null_resource.run_script",
            "module.notifications_general_topic.aws_sns_topic.this",
            "module.notifications_premium_topic.aws_sns_topic.this",
            "module.notifications_regional_topic.aws_sns_topic.this",
            "module.notifications_table.aws_dynamodb_table.this",
            "module.pedido_ofertas_table.aws_dynamodb_table.this",
            "module.pedidos_lambda.aws_iam_role.lambda_role",
            "module.pedidos_lambda.aws_lambda_function.lambda",
            "module.pedidos_lambda.data.aws_caller_identity.current",
            "module.pedidos_lambda.data.aws_iam_policy_document.policy_doc",
            "module.pedidos_lambda.module.repo_ecr_lambda.aws_ecr_repository.this",
            "module.pedidos_lambda.null_resource.run_script",
            "module.pedidos_table.aws_dynamodb_table.this",
            "module.rastreamento_lambda.aws_iam_role.lambda_role",
            "module.rastreamento_lambda.aws_lambda_function.lambda",
            "module.rastreamento_lambda.data.aws_caller_identity.current",
            "module.rastreamento_lambda.data.aws_iam_policy_document.policy_doc",
            "module.rastreamento_lambda.module.repo_ecr_lambda.aws_ecr_repository.this",
            "module.rastreamento_lambda.null_resource.run_script",
            "module.smart_routing_lambda.aws_iam_role.lambda_role",
            "module.smart_routing_lambda.aws_lambda_function.lambda",
            "module.smart_routing_lambda.data.aws_caller_identity.current",
            "module.smart_routing_lambda.data.aws_iam_policy_document.policy_doc",
            "module.smart_routing_lambda.module.repo_ecr_lambda.aws_ecr_repository.this",
            "module.smart_routing_lambda.null_resource.run_script",
            "module.users_table.aws_dynamodb_table.this",
            "module.usuarios_lambda.aws_iam_role.lambda_role",
            "module.usuarios_lambda.aws_lambda_function.lambda",
            "module.usuarios_lambda.data.aws_caller_identity.current",
            "module.usuarios_lambda.data.aws_iam_policy_document.policy_doc",
            "module.usuarios_lambda.module.repo_ecr_lambda.aws_ecr_repository.this",
            "module.usuarios_lambda.null_resource.run_script",
            "module.websocket_connections_table.aws_dynamodb_table.this",
            "module.websocket_lambda.aws_iam_role.lambda_role",
            "module.websocket_lambda.aws_lambda_function.lambda",
            "module.websocket_lambda.data.aws_caller_identity.current",
            "module.websocket_lambda.data.aws_iam_policy_document.policy_doc",
            "module.websocket_lambda.module.repo_ecr_lambda.aws_ecr_repository.this",
            "module.websocket_lambda.null_resource.run_script"
          ],
          "create_before_destroy": true
        },
        {
          "index_key": "19",
          "schema_version": 0,
          "attributes": {
            "http_method": "POST",
            "id": "agmr-aq72n5uzcb-gmh4r0-POST-200",
            "region": "us-east-1",
            "resource_id": "gmh4r0",
            "response_models": {
              "application/json": "Empty"
            },
            "response_parameters": {},
            "rest_api_id": "aq72n5uzcb",
            "status_code": "200"
          },
          "sensitive_attributes": [],
          "identity_schema_version": 0,
          "private": "bnVsbA==",
          "dependencies": [
            "aws_apigatewayv2_api.websocket_api",
            "module.api_gateway.aws_api_gateway_authorizer.cognito_authorizer",
            "module.api_gateway.aws_api_gateway_method.rest_endpoint_methods",
            "module.api_gateway.aws_api_gateway_resource.base_resources",
            "module.api_gateway.aws_api_gateway_resource.main_resource",
            "module.api_gateway.aws_api_gateway_resource.variable_resources",
            "module.api_gateway.aws_api_gateway_rest_api.rest_api",
            "module.auth_lambda.aws_iam_role.lambda_role",
            "module.auth_lambda.aws_lambda_function.lambda",
            "module.auth_lambda.data.aws_caller_identity.current",
            "module.auth_lambda.data.aws_iam_policy_document.policy_doc",
            "module.auth_lambda.module.repo_ecr_lambda.aws_ecr_repository.this",
            "module.auth_lambda.null_resource.run_script",
            "module.events_queue.aws_sqs_queue.dead_letter_fifo_queue",
            "module.events_queue.aws_sqs_queue.fifo_queue",
            "module.locations_table.aws_dynamodb_table.this",
            "module.notificacoes_lambda.aws_iam_role.lambda_role",
            "module.notificacoes_lambda.aws_lambda_function.lambda",
            "module.notificacoes_lambda.data.aws_caller_identity.current",
            "module.notificacoes_lambda.data.aws_iam_policy_document.policy_doc",
            "module.notificacoes_lambda.module.repo_ecr_lambda.aws_ecr_repository.this",
            "module.notificacoes_lambda.null_resource.run_script",
            "module.notifications_general_topic.aws_sns_topic.this",
            "module.notifications_premium_topic.aws_sns_topic.this",
            "module.notifications_regional_topic.aws_sns_topic.this",
            "module.notifications_table.aws_dynamodb_table.this",
            "module.pedido_ofertas_table.aws_dynamodb_table.this",
            "module.pedidos_lambda.aws_iam_role.lambda_role",
            "module.pedidos_lambda.aws_lambda_function.lambda",
            "module.pedidos_lambda.data.aws_caller_identity.current",
            "module.pedidos_lambda.data.aws_iam_policy_document.policy_doc",
            "module.pedidos_lambda.module.repo_ecr_lambda.aws_ecr_repository.this",
            "module.pedidos_lambda.null_resource.run_script",
            "module.pedidos_table.aws_dynamodb_table.this",
            "module.rastreamento_lambda.aws_iam_role.lambda_role",
            "module.rastreamento_lambda.aws_lambda_function.lambda",
            "module.rastreamento_lambda.data.aws_caller_identity.current",
            "module.rastreamento_lambda.data.aws_iam_policy_document.policy_doc",
            "module.rastreamento_lambda.module.repo_ecr_lambda.aws_ecr_repository.this",
            "module.rastreamento_lambda.null_resource.run_script",
            "module.smart_routing_lambda.aws_iam_role.lambda_role",
            "module.smart_routing_lambda.aws_lambda_function.lambda",
            "module.smart_routing_lambda.data.aws_caller_identity.current",
            "module.smart_routing_lambda.data.aws_iam_policy_document.policy_doc",
            "module.smart_routing_lambda.module.repo_ecr_lambda.aws_ecr_repository.this",
            "module.smart_routing_lambda.null_resource.run_script",
            "module.users_table.aws_dynamodb_table.this",
            "module.usuarios_lambda.aws_iam_role.lambda_role",
            "module.usuarios_lambda.aws_lambda_function.lambda",
            "module.usuarios_lambda.data.aws_caller_identity.current",
            "module.usuarios_lambda.data.aws_iam_policy_document.policy_doc",
            "module.usuarios_lambda.module.repo_ecr_lambda.aws_ecr_repository.this",
            "module.usuarios_lambda.null_resource.run_script",
            "module.websocket_connections_table.aws_dynamodb_table.this",
            "module.websocket_lambda.aws_iam_role.lambda_role",
            "module.websocket_lambda.aws_lambda_function.lambda",
            "module.websocket_lambda.data.aws_caller_identity.current",
            "module.websocket_lambda.data.aws_iam_policy_document.policy_doc",
            "module.websocket_lambda.module.repo_ecr_lambda.aws_ecr_repository.this",
            "module.websocket_lambda.null_resource.run_script"
          ],
          "create_before_destroy": true
        },
        {
          "index_key": "2",
          "schema_version": 0,
          "attributes": {
            "http_method": "POST",
            "id": "agmr-aq72n5uzcb-4f0vz7-POST-201",
            "region": "us-east-1",
            "resource_id": "4f0vz7",
            "response_models": {
              "application/json": "Empty"
            },
            "response_parameters": {},
            "rest_api_id": "aq72n5uzcb",
            "status_code": "201"
          },
          "sensitive_attributes": [],
          "identity_schema_version": 0,
          "private": "bnVsbA==",
          "dependencies": [
            "aws_apigatewayv2_api.websocket_api",
            "module.api_gateway.aws_api_gateway_authorizer.cognito_authorizer",
            "module.api_gateway.aws_api_gateway_method.rest_endpoint_methods",
            "module.api_gateway.aws_api_gateway_resource.base_resources",
            "module.api_gateway.aws_api_gateway_resource.main_resource",
            "module.api_gateway.aws_api_gateway_resource.variable_resources",
            "module.api_gateway.aws_api_gateway_rest_api.rest_api",
            "module.auth_lambda.aws_iam_role.lambda_role",
            "module.auth_lambda.aws_lambda_function.lambda",
            "module.auth_lambda.data.aws_caller_identity.current",
            "module.auth_lambda.data.aws_iam_policy_document.policy_doc",
            "module.auth_lambda.module.repo_ecr_lambda.aws_ecr_repository.this",
            "module.auth_lambda.null_resource.run_script",
            "module.events_queue.aws_sqs_queue.dead_letter_fifo_queue",
            "module.events_queue.aws_sqs_queue.fifo_queue",
            "module.locations_table.aws_dynamodb_table.this",
            "module.notificacoes_lambda.aws_iam_role.lambda_role",
            "module.notificacoes_lambda.aws_lambda_function.lambda",
            "module.notificacoes_lambda.data.aws_caller_identity.current",
            "module.notificacoes_lambda.data.aws_iam_policy_document.policy_doc",
            "module.notificacoes_lambda.module.repo_ecr_lambda.aws_ecr_repository.this",
            "module.notificacoes_lambda.null_resource.run_script",
            "module.notifications_general_topic.aws_sns_topic.this",
            "module.notifications_premium_topic.aws_sns_topic.this",
            "module.notifications_regional_topic.aws_sns_topic.this",
            "module.notifications_table.aws_dynamodb_table.this",
            "module.pedido_ofertas_table.aws_dynamodb_table.this",
            "module.pedidos_lambda.aws_iam_role.lambda_role",
            "module.pedidos_lambda.aws_lambda_function.lambda",
            "module.pedidos_lambda.data.aws_caller_identity.current",
            "module.pedidos_lambda.data.aws_iam_policy_document.policy_doc",
            "module.pedidos_lambda.module.repo_ecr_lambda.aws_ecr_repository.this",
            "module.pedidos_lambda.null_resource.run_script",
            "module.pedidos_table.aws_dynamodb_table.this",
            "module.rastreamento_lambda.aws_iam_role.lambda_role",
            "module.rastreamento_lambda.aws_lambda_function.lambda",
            "module.rastreamento_lambda.data.aws_caller_identity.current",
            "module.rastreamento_lambda.data.aws_iam_policy_document.policy_doc",
            "module.rastreamento_lambda.module.repo_ecr_lambda.aws_ecr_repository.this",
            "module.rastreamento_lambda.null_resource.run_script",
            "module.smart_routing_lambda.aws_iam_role.lambda_role",
            "module.smart_routing_lambda.aws_lambda_function.lambda",
            "module.smart_routing_lambda.data.aws_caller_identity.current",
            "module.smart_routing_lambda.data.aws_iam_policy_document.policy_doc",
            "module.smart_routing_lambda.module.repo_ecr_lambda.aws_ecr_repository.this",
            "module.smart_routing_lambda.null_resource.run_script",
            "module.users_table.aws_dynamodb_table.this",
            "module.usuarios_lambda.aws_iam_role.lambda_role",
            "module.usuarios_lambda.aws_lambda_function.lambda",
            "module.usuarios_lambda.data.aws_caller_identity.current",
            "module.usuarios_lambda.data.aws_iam_policy_document.policy_doc",
            "module.usuarios_lambda.module.repo_ecr_lambda.aws_ecr_repository.this",
            "module.usuarios_lambda.null_resource.run_script",
            "module.websocket_connections_table.aws_dynamodb_table.this",
            "module.websocket_lambda.aws_iam_role.lambda_role",
            "module.websocket_lambda.aws_lambda_function.lambda",
            "module.websocket_lambda.data.aws_caller_identity.current",
            "module.websocket_lambda.data.aws_iam_policy_document.policy_doc",
            "module.websocket_lambda.module.repo_ecr_lambda.aws_ecr_repository.this",
            "module.websocket_lambda.null_resource.run_script"
          ],
          "create_before_destroy": true
        },
        {
          "index_key": "20",
          "schema_version": 0,
          "attributes": {
            "http_method": "POST",
            "id": "agmr-aq72n5uzcb-yxygyo-POST-200",
            "region": "us-east-1",
            "resource_id": "yxygyo",
            "response_models": {
              "application/json": "Empty"
            },
            "response_parameters": {},
            "rest_api_id": "aq72n5uzcb",
            "status_code": "200"
          },
          "sensitive_attributes": [],
          "identity_schema_version": 0,
          "private": "bnVsbA==",
          "dependencies": [
            "aws_apigatewayv2_api.websocket_api",
            "module.api_gateway.aws_api_gateway_authorizer.cognito_authorizer",
            "module.api_gateway.aws_api_gateway_method.rest_endpoint_methods",
            "module.api_gateway.aws_api_gateway_resource.base_resources",
            "module.api_gateway.aws_api_gateway_resource.main_resource",
            "module.api_gateway.aws_api_gateway_resource.variable_resources",
            "module.api_gateway.aws_api_gateway_rest_api.rest_api",
            "module.auth_lambda.aws_iam_role.lambda_role",
            "module.auth_lambda.aws_lambda_function.lambda",
            "module.auth_lambda.data.aws_caller_identity.current",
            "module.auth_lambda.data.aws_iam_policy_document.policy_doc",
            "module.auth_lambda.module.repo_ecr_lambda.aws_ecr_repository.this",
            "module.auth_lambda.null_resource.run_script",
            "module.events_queue.aws_sqs_queue.dead_letter_fifo_queue",
            "module.events_queue.aws_sqs_queue.fifo_queue",
            "module.locations_table.aws_dynamodb_table.this",
            "module.notificacoes_lambda.aws_iam_role.lambda_role",
            "module.notificacoes_lambda.aws_lambda_function.lambda",
            "module.notificacoes_lambda.data.aws_caller_identity.current",
            "module.notificacoes_lambda.data.aws_iam_policy_document.policy_doc",
            "module.notificacoes_lambda.module.repo_ecr_lambda.aws_ecr_repository.this",
            "module.notificacoes_lambda.null_resource.run_script",
            "module.notifications_general_topic.aws_sns_topic.this",
            "module.notifications_premium_topic.aws_sns_topic.this",
            "module.notifications_regional_topic.aws_sns_topic.this",
            "module.notifications_table.aws_dynamodb_table.this",
            "module.pedido_ofertas_table.aws_dynamodb_table.this",
            "module.pedidos_lambda.aws_iam_role.lambda_role",
            "module.pedidos_lambda.aws_lambda_function.lambda",
            "module.pedidos_lambda.data.aws_caller_identity.current",
            "module.pedidos_lambda.data.aws_iam_policy_document.policy_doc",
            "module.pedidos_lambda.module.repo_ecr_lambda.aws_ecr_repository.this",
            "module.pedidos_lambda.null_resource.run_script",
            "module.pedidos_table.aws_dynamodb_table.this",
            "module.rastreamento_lambda.aws_iam_role.lambda_role",
            "module.rastreamento_lambda.aws_lambda_function.lambda",
            "module.rastreamento_lambda.data.aws_caller_identity.current",
            "module.rastreamento_lambda.data.aws_iam_policy_document.policy_doc",
            "module.rastreamento_lambda.module.repo_ecr_lambda.aws_ecr_repository.this",
            "module.rastreamento_lambda.null_resource.run_script",
            "module.smart_routing_lambda.aws_iam_role.lambda_role",
            "module.smart_routing_lambda.aws_lambda_function.lambda",
            "module.smart_routing_lambda.data.aws_caller_identity.current",
            "module.smart_routing_lambda.data.aws_iam_policy_document.policy_doc",
            "module.smart_routing_lambda.module.repo_ecr_lambda.aws_ecr_repository.this",
            "module.smart_routing_lambda.null_resource.run_script",
            "module.users_table.aws_dynamodb_table.this",
            "module.usuarios_lambda.aws_iam_role.lambda_role",
            "module.usuarios_lambda.aws_lambda_function.lambda",
            "module.usuarios_lambda.data.aws_caller_identity.current",
            "module.usuarios_lambda.data.aws_iam_policy_document.policy_doc",
            "module.usuarios_lambda.module.repo_ecr_lambda.aws_ecr_repository.this",
            "module.usuarios_lambda.null_resource.run_script",
            "module.websocket_connections_table.aws_dynamodb_table.this",
            "module.websocket_lambda.aws_iam_role.lambda_role",
            "module.websocket_lambda.aws_lambda_function.lambda",
            "module.websocket_lambda.data.aws_caller_identity.current",
            "module.websocket_lambda.data.aws_iam_policy_document.policy_doc",
            "module.websocket_lambda.module.repo_ecr_lambda.aws_ecr_repository.this",
            "module.websocket_lambda.null_resource.run_script"
          ],
          "create_before_destroy": true
        },
        {
          "index_key": "21",
          "schema_version": 0,
          "attributes": {
            "http_method": "POST",
            "id": "agmr-aq72n5uzcb-sf0zi7-POST-200",
            "region": "us-east-1",
            "resource_id": "sf0zi7",
            "response_models": {
              "application/json": "Empty"
            },
            "response_parameters": {},
            "rest_api_id": "aq72n5uzcb",
            "status_code": "200"
          },
          "sensitive_attributes": [],
          "identity_schema_version": 0,
          "private": "bnVsbA==",
          "dependencies": [
            "aws_apigatewayv2_api.websocket_api",
            "module.api_gateway.aws_api_gateway_authorizer.cognito_authorizer",
            "module.api_gateway.aws_api_gateway_method.rest_endpoint_methods",
            "module.api_gateway.aws_api_gateway_resource.base_resources",
            "module.api_gateway.aws_api_gateway_resource.main_resource",
            "module.api_gateway.aws_api_gateway_resource.variable_resources",
            "module.api_gateway.aws_api_gateway_rest_api.rest_api",
            "module.auth_lambda.aws_iam_role.lambda_role",
            "module.auth_lambda.aws_lambda_function.lambda",
            "module.auth_lambda.data.aws_caller_identity.current",
            "module.auth_lambda.data.aws_iam_policy_document.policy_doc",
            "module.auth_lambda.module.repo_ecr_lambda.aws_ecr_repository.this",
            "module.auth_lambda.null_resource.run_script",
            "module.events_queue.aws_sqs_queue.dead_letter_fifo_queue",
            "module.events_queue.aws_sqs_queue.fifo_queue",
            "module.locations_table.aws_dynamodb_table.this",
            "module.notificacoes_lambda.aws_iam_role.lambda_role",
            "module.notificacoes_lambda.aws_lambda_function.lambda",
            "module.notificacoes_lambda.data.aws_caller_identity.current",
            "module.notificacoes_lambda.data.aws_iam_policy_document.policy_doc",
            "module.notificacoes_lambda.module.repo_ecr_lambda.aws_ecr_repository.this",
            "module.notificacoes_lambda.null_resource.run_script",
            "module.notifications_general_topic.aws_sns_topic.this",
            "module.notifications_premium_topic.aws_sns_topic.this",
            "module.notifications_regional_topic.aws_sns_topic.this",
            "module.notifications_table.aws_dynamodb_table.this",
            "module.pedido_ofertas_table.aws_dynamodb_table.this",
            "module.pedidos_lambda.aws_iam_role.lambda_role",
            "module.pedidos_lambda.aws_lambda_function.lambda",
            "module.pedidos_lambda.data.aws_caller_identity.current",
            "module.pedidos_lambda.data.aws_iam_policy_document.policy_doc",
            "module.pedidos_lambda.module.repo_ecr_lambda.aws_ecr_repository.this",
            "module.pedidos_lambda.null_resource.run_script",
            "module.pedidos_table.aws_dynamodb_table.this",
            "module.rastreamento_lambda.aws_iam_role.lambda_role",
            "module.rastreamento_lambda.aws_lambda_function.lambda",
            "module.rastreamento_lambda.data.aws_caller_identity.current",
            "module.rastreamento_lambda.data.aws_iam_policy_document.policy_doc",
            "module.rastreamento_lambda.module.repo_ecr_lambda.aws_ecr_repository.this",
            "module.rastreamento_lambda.null_resource.run_script",
            "module.smart_routing_lambda.aws_iam_role.lambda_role",
            "module.smart_routing_lambda.aws_lambda_function.lambda",
            "module.smart_routing_lambda.data.aws_caller_identity.current",
            "module.smart_routing_lambda.data.aws_iam_policy_document.policy_doc",
            "module.smart_routing_lambda.module.repo_ecr_lambda.aws_ecr_repository.this",
            "module.smart_routing_lambda.null_resource.run_script",
            "module.users_table.aws_dynamodb_table.this",
            "module.usuarios_lambda.aws_iam_role.lambda_role",
            "module.usuarios_lambda.aws_lambda_function.lambda",
            "module.usuarios_lambda.data.aws_caller_identity.current",
            "module.usuarios_lambda.data.aws_iam_policy_document.policy_doc",
            "module.usuarios_lambda.module.repo_ecr_lambda.aws_ecr_repository.this",
            "module.usuarios_lambda.null_resource.run_script",
            "module.websocket_connections_table.aws_dynamodb_table.this",
            "module.websocket_lambda.aws_iam_role.lambda_role",
            "module.websocket_lambda.aws_lambda_function.lambda",
            "module.websocket_lambda.data.aws_caller_identity.current",
            "module.websocket_lambda.data.aws_iam_policy_document.policy_doc",
            "module.websocket_lambda.module.repo_ecr_lambda.aws_ecr_repository.this",
            "module.websocket_lambda.null_resource.run_script"
          ],
          "create_before_destroy": true
        },
        {
          "index_key": "22",
          "schema_version": 0,
          "attributes": {
            "http_method": "POST",
            "id": "agmr-aq72n5uzcb-txu0id-POST-200",
            "region": "us-east-1",
            "resource_id": "txu0id",
            "response_models": {
              "application/json": "Empty"
            },
            "response_parameters": {},
            "rest_api_id": "aq72n5uzcb",
            "status_code": "200"
          },
          "sensitive_attributes": [],
          "identity_schema_version": 0,
          "private": "bnVsbA==",
          "dependencies": [
            "aws_apigatewayv2_api.websocket_api",
            "module.api_gateway.aws_api_gateway_authorizer.cognito_authorizer",
            "module.api_gateway.aws_api_gateway_method.rest_endpoint_methods",
            "module.api_gateway.aws_api_gateway_resource.base_resources",
            "module.api_gateway.aws_api_gateway_resource.main_resource",
            "module.api_gateway.aws_api_gateway_resource.variable_resources",
            "module.api_gateway.aws_api_gateway_rest_api.rest_api",
            "module.auth_lambda.aws_iam_role.lambda_role",
            "module.auth_lambda.aws_lambda_function.lambda",
            "module.auth_lambda.data.aws_caller_identity.current",
            "module.auth_lambda.data.aws_iam_policy_document.policy_doc",
            "module.auth_lambda.module.repo_ecr_lambda.aws_ecr_repository.this",
            "module.auth_lambda.null_resource.run_script",
            "module.events_queue.aws_sqs_queue.dead_letter_fifo_queue",
            "module.events_queue.aws_sqs_queue.fifo_queue",
            "module.locations_table.aws_dynamodb_table.this",
            "module.notificacoes_lambda.aws_iam_role.lambda_role",
            "module.notificacoes_lambda.aws_lambda_function.lambda",
            "module.notificacoes_lambda.data.aws_caller_identity.current",
            "module.notificacoes_lambda.data.aws_iam_policy_document.policy_doc",
            "module.notificacoes_lambda.module.repo_ecr_lambda.aws_ecr_repository.this",
            "module.notificacoes_lambda.null_resource.run_script",
            "module.notifications_general_topic.aws_sns_topic.this",
            "module.notifications_premium_topic.aws_sns_topic.this",
            "module.notifications_regional_topic.aws_sns_topic.this",
            "module.notifications_table.aws_dynamodb_table.this",
            "module.pedido_ofertas_table.aws_dynamodb_table.this",
            "module.pedidos_lambda.aws_iam_role.lambda_role",
            "module.pedidos_lambda.aws_lambda_function.lambda",
            "module.pedidos_lambda.data.aws_caller_identity.current",
            "module.pedidos_lambda.data.aws_iam_policy_document.policy_doc",
            "module.pedidos_lambda.module.repo_ecr_lambda.aws_ecr_repository.this",
            "module.pedidos_lambda.null_resource.run_script",
            "module.pedidos_table.aws_dynamodb_table.this",
            "module.rastreamento_lambda.aws_iam_role.lambda_role",
            "module.rastreamento_lambda.aws_lambda_function.lambda",
            "module.rastreamento_lambda.data.aws_caller_identity.current",
            "module.rastreamento_lambda.data.aws_iam_policy_document.policy_doc",
            "module.rastreamento_lambda.module.repo_ecr_lambda.aws_ecr_repository.this",
            "module.rastreamento_lambda.null_resource.run_script",
            "module.smart_routing_lambda.aws_iam_role.lambda_role",
            "module.smart_routing_lambda.aws_lambda_function.lambda",
            "module.smart_routing_lambda.data.aws_caller_identity.current",
            "module.smart_routing_lambda.data.aws_iam_policy_document.policy_doc",
            "module.smart_routing_lambda.module.repo_ecr_lambda.aws_ecr_repository.this",
            "module.smart_routing_lambda.null_resource.run_script",
            "module.users_table.aws_dynamodb_table.this",
            "module.usuarios_lambda.aws_iam_role.lambda_role",
            "module.usuarios_lambda.aws_lambda_function.lambda",
            "module.usuarios_lambda.data.aws_caller_identity.current",
            "module.usuarios_lambda.data.aws_iam_policy_document.policy_doc",
            "module.usuarios_lambda.module.repo_ecr_lambda.aws_ecr_repository.this",
            "module.usuarios_lambda.null_resource.run_script",
            "module.websocket_connections_table.aws_dynamodb_table.this",
            "module.websocket_lambda.aws_iam_role.lambda_role",
            "module.websocket_lambda.aws_lambda_function.lambda",
            "module.websocket_lambda.data.aws_caller_identity.current",
            "module.websocket_lambda.data.aws_iam_policy_document.policy_doc",
            "module.websocket_lambda.module.repo_ecr_lambda.aws_ecr_repository.this",
            "module.websocket_lambda.null_resource.run_script"
          ],
          "create_before_destroy": true
        },
        {
          "index_key": "23",
          "schema_version": 0,
          "attributes": {
            "http_method": "GET",
            "id": "agmr-aq72n5uzcb-oodnp7-GET-200",
            "region": "us-east-1",
            "resource_id": "oodnp7",
            "response_models": {
              "application/json": "Empty"
            },
            "response_parameters": {},
            "rest_api_id": "aq72n5uzcb",
            "status_code": "200"
          },
          "sensitive_attributes": [],
          "identity_schema_version": 0,
          "private": "bnVsbA==",
          "dependencies": [
            "aws_apigatewayv2_api.websocket_api",
            "module.api_gateway.aws_api_gateway_authorizer.cognito_authorizer",
            "module.api_gateway.aws_api_gateway_method.rest_endpoint_methods",
            "module.api_gateway.aws_api_gateway_resource.base_resources",
            "module.api_gateway.aws_api_gateway_resource.main_resource",
            "module.api_gateway.aws_api_gateway_resource.variable_resources",
            "module.api_gateway.aws_api_gateway_rest_api.rest_api",
            "module.auth_lambda.aws_iam_role.lambda_role",
            "module.auth_lambda.aws_lambda_function.lambda",
            "module.auth_lambda.data.aws_caller_identity.current",
            "module.auth_lambda.data.aws_iam_policy_document.policy_doc",
            "module.auth_lambda.module.repo_ecr_lambda.aws_ecr_repository.this",
            "module.auth_lambda.null_resource.run_script",
            "module.events_queue.aws_sqs_queue.dead_letter_fifo_queue",
            "module.events_queue.aws_sqs_queue.fifo_queue",
            "module.locations_table.aws_dynamodb_table.this",
            "module.notificacoes_lambda.aws_iam_role.lambda_role",
            "module.notificacoes_lambda.aws_lambda_function.lambda",
            "module.notificacoes_lambda.data.aws_caller_identity.current",
            "module.notificacoes_lambda.data.aws_iam_policy_document.policy_doc",
            "module.notificacoes_lambda.module.repo_ecr_lambda.aws_ecr_repository.this",
            "module.notificacoes_lambda.null_resource.run_script",
            "module.notifications_general_topic.aws_sns_topic.this",
            "module.notifications_premium_topic.aws_sns_topic.this",
            "module.notifications_regional_topic.aws_sns_topic.this",
            "module.notifications_table.aws_dynamodb_table.this",
            "module.pedido_ofertas_table.aws_dynamodb_table.this",
            "module.pedidos_lambda.aws_iam_role.lambda_role",
            "module.pedidos_lambda.aws_lambda_function.lambda",
            "module.pedidos_lambda.data.aws_caller_identity.current",
            "module.pedidos_lambda.data.aws_iam_policy_document.policy_doc",
            "module.pedidos_lambda.module.repo_ecr_lambda.aws_ecr_repository.this",
            "module.pedidos_lambda.null_resource.run_script",
            "module.pedidos_table.aws_dynamodb_table.this",
            "module.rastreamento_lambda.aws_iam_role.lambda_role",
            "module.rastreamento_lambda.aws_lambda_function.lambda",
            "module.rastreamento_lambda.data.aws_caller_identity.current",
            "module.rastreamento_lambda.data.aws_iam_policy_document.policy_doc",
            "module.rastreamento_lambda.module.repo_ecr_lambda.aws_ecr_repository.this",
            "module.rastreamento_lambda.null_resource.run_script",
            "module.smart_routing_lambda.aws_iam_role.lambda_role",
            "module.smart_routing_lambda.aws_lambda_function.lambda",
            "module.smart_routing_lambda.data.aws_caller_identity.current",
            "module.smart_routing_lambda.data.aws_iam_policy_document.policy_doc",
            "module.smart_routing_lambda.module.repo_ecr_lambda.aws_ecr_repository.this",
            "module.smart_routing_lambda.null_resource.run_script",
            "module.users_table.aws_dynamodb_table.this",
            "module.usuarios_lambda.aws_iam_role.lambda_role",
            "module.usuarios_lambda.aws_lambda_function.lambda",
            "module.usuarios_lambda.data.aws_caller_identity.current",
            "module.usuarios_lambda.data.aws_iam_policy_document.policy_doc",
            "module.usuarios_lambda.module.repo_ecr_lambda.aws_ecr_repository.this",
            "module.usuarios_lambda.null_resource.run_script",
            "module.websocket_connections_table.aws_dynamodb_table.this",
            "module.websocket_lambda.aws_iam_role.lambda_role",
            "module.websocket_lambda.aws_lambda_function.lambda",
            "module.websocket_lambda.data.aws_caller_identity.current",
            "module.websocket_lambda.data.aws_iam_policy_document.policy_doc",
            "module.websocket_lambda.module.repo_ecr_lambda.aws_ecr_repository.this",
            "module.websocket_lambda.null_resource.run_script"
          ],
          "create_before_destroy": true
        },
        {
          "index_key": "3",
          "schema_version": 0,
          "attributes": {
            "http_method": "POST",
            "id": "agmr-aq72n5uzcb-kfd8xj-POST-201",
            "region": "us-east-1",
            "resource_id": "kfd8xj",
            "response_models": {
              "application/json": "Empty"
            },
            "response_parameters": {},
            "rest_api_id": "aq72n5uzcb",
            "status_code": "201"
          },
          "sensitive_attributes": [],
          "identity_schema_version": 0,
          "private": "bnVsbA==",
          "dependencies": [
            "aws_apigatewayv2_api.websocket_api",
            "module.api_gateway.aws_api_gateway_authorizer.cognito_authorizer",
            "module.api_gateway.aws_api_gateway_method.rest_endpoint_methods",
            "module.api_gateway.aws_api_gateway_resource.base_resources",
            "module.api_gateway.aws_api_gateway_resource.main_resource",
            "module.api_gateway.aws_api_gateway_resource.variable_resources",
            "module.api_gateway.aws_api_gateway_rest_api.rest_api",
            "module.auth_lambda.aws_iam_role.lambda_role",
            "module.auth_lambda.aws_lambda_function.lambda",
            "module.auth_lambda.data.aws_caller_identity.current",
            "module.auth_lambda.data.aws_iam_policy_document.policy_doc",
            "module.auth_lambda.module.repo_ecr_lambda.aws_ecr_repository.this",
            "module.auth_lambda.null_resource.run_script",
            "module.events_queue.aws_sqs_queue.dead_letter_fifo_queue",
            "module.events_queue.aws_sqs_queue.fifo_queue",
            "module.locations_table.aws_dynamodb_table.this",
            "module.notificacoes_lambda.aws_iam_role.lambda_role",
            "module.notificacoes_lambda.aws_lambda_function.lambda",
            "module.notificacoes_lambda.data.aws_caller_identity.current",
            "module.notificacoes_lambda.data.aws_iam_policy_document.policy_doc",
            "module.notificacoes_lambda.module.repo_ecr_lambda.aws_ecr_repository.this",
            "module.notificacoes_lambda.null_resource.run_script",
            "module.notifications_general_topic.aws_sns_topic.this",
            "module.notifications_premium_topic.aws_sns_topic.this",
            "module.notifications_regional_topic.aws_sns_topic.this",
            "module.notifications_table.aws_dynamodb_table.this",
            "module.pedido_ofertas_table.aws_dynamodb_table.this",
            "module.pedidos_lambda.aws_iam_role.lambda_role",
            "module.pedidos_lambda.aws_lambda_function.lambda",
            "module.pedidos_lambda.data.aws_caller_identity.current",
            "module.pedidos_lambda.data.aws_iam_policy_document.policy_doc",
            "module.pedidos_lambda.module.repo_ecr_lambda.aws_ecr_repository.this",
            "module.pedidos_lambda.null_resource.run_script",
            "module.pedidos_table.aws_dynamodb_table.this",
            "module.rastreamento_lambda.aws_iam_role.lambda_role",
            "module.rastreamento_lambda.aws_lambda_function.lambda",
            "module.rastreamento_lambda.data.aws_caller_identity.current",
            "module.rastreamento_lambda.data.aws_iam_policy_document.policy_doc",
            "module.rastreamento_lambda.module.repo_ecr_lambda.aws_ecr_repository.this",
            "module.rastreamento_lambda.null_resource.run_script",
            "module.smart_routing_lambda.aws_iam_role.lambda_role",
            "module.smart_routing_lambda.aws_lambda_function.lambda",
            "module.smart_routing_lambda.data.aws_caller_identity.current",
            "module.smart_routing_lambda.data.aws_iam_policy_document.policy_doc",
            "module.smart_routing_lambda.module.repo_ecr_lambda.aws_ecr_repository.this",
            "module.smart_routing_lambda.null_resource.run_script",
            "module.users_table.aws_dynamodb_table.this",
            "module.usuarios_lambda.aws_iam_role.lambda_role",
            "module.usuarios_lambda.aws_lambda_function.lambda",
            "module.usuarios_lambda.data.aws_caller_identity.current",
            "module.usuarios_lambda.data.aws_iam_policy_document.policy_doc",
            "module.usuarios_lambda.module.repo_ecr_lambda.aws_ecr_repository.this",
            "module.usuarios_lambda.null_resource.run_script",
            "module.websocket_connections_table.aws_dynamodb_table.this",
            "module.websocket_lambda.aws_iam_role.lambda_role",
            "module.websocket_lambda.aws_lambda_function.lambda",
            "module.websocket_lambda.data.aws_caller_identity.current",
            "module.websocket_lambda.data.aws_iam_policy_document.policy_doc",
            "module.websocket_lambda.module.repo_ecr_lambda.aws_ecr_repository.this",
            "module.websocket_lambda.null_resource.run_script"
          ],
          "create_before_destroy": true
        },
        {
          "index_key": "4",
          "schema_version": 0,
          "attributes": {
            "http_method": "GET",
            "id": "agmr-aq72n5uzcb-lzdo5r-GET-200",
            "region": "us-east-1",
            "resource_id": "lzdo5r",
            "response_models": {
              "application/json": "Empty"
            },
            "response_parameters": {},
            "rest_api_id": "aq72n5uzcb",
            "status_code": "200"
          },
          "sensitive_attributes": [],
          "identity_schema_version": 0,
          "private": "bnVsbA==",
          "dependencies": [
            "aws_apigatewayv2_api.websocket_api",
            "module.api_gateway.aws_api_gateway_authorizer.cognito_authorizer",
            "module.api_gateway.aws_api_gateway_method.rest_endpoint_methods",
            "module.api_gateway.aws_api_gateway_resource.base_resources",
            "module.api_gateway.aws_api_gateway_resource.main_resource",
            "module.api_gateway.aws_api_gateway_resource.variable_resources",
            "module.api_gateway.aws_api_gateway_rest_api.rest_api",
            "module.auth_lambda.aws_iam_role.lambda_role",
            "module.auth_lambda.aws_lambda_function.lambda",
            "module.auth_lambda.data.aws_caller_identity.current",
            "module.auth_lambda.data.aws_iam_policy_document.policy_doc",
            "module.auth_lambda.module.repo_ecr_lambda.aws_ecr_repository.this",
            "module.auth_lambda.null_resource.run_script",
            "module.events_queue.aws_sqs_queue.dead_letter_fifo_queue",
            "module.events_queue.aws_sqs_queue.fifo_queue",
            "module.locations_table.aws_dynamodb_table.this",
            "module.notificacoes_lambda.aws_iam_role.lambda_role",
            "module.notificacoes_lambda.aws_lambda_function.lambda",
            "module.notificacoes_lambda.data.aws_caller_identity.current",
            "module.notificacoes_lambda.data.aws_iam_policy_document.policy_doc",
            "module.notificacoes_lambda.module.repo_ecr_lambda.aws_ecr_repository.this",
            "module.notificacoes_lambda.null_resource.run_script",
            "module.notifications_general_topic.aws_sns_topic.this",
            "module.notifications_premium_topic.aws_sns_topic.this",
            "module.notifications_regional_topic.aws_sns_topic.this",
            "module.notifications_table.aws_dynamodb_table.this",
            "module.pedido_ofertas_table.aws_dynamodb_table.this",
            "module.pedidos_lambda.aws_iam_role.lambda_role",
            "module.pedidos_lambda.aws_lambda_function.lambda",
            "module.pedidos_lambda.data.aws_caller_identity.current",
            "module.pedidos_lambda.data.aws_iam_policy_document.policy_doc",
            "module.pedidos_lambda.module.repo_ecr_lambda.aws_ecr_repository.this",
            "module.pedidos_lambda.null_resource.run_script",
            "module.pedidos_table.aws_dynamodb_table.this",
            "module.rastreamento_lambda.aws_iam_role.lambda_role",
            "module.rastreamento_lambda.aws_lambda_function.lambda",
            "module.rastreamento_lambda.data.aws_caller_identity.current",
            "module.rastreamento_lambda.data.aws_iam_policy_document.policy_doc",
            "module.rastreamento_lambda.module.repo_ecr_lambda.aws_ecr_repository.this",
            "module.rastreamento_lambda.null_resource.run_script",
            "module.smart_routing_lambda.aws_iam_role.lambda_role",
            "module.smart_routing_lambda.aws_lambda_function.lambda",
            "module.smart_routing_lambda.data.aws_caller_identity.current",
            "module.smart_routing_lambda.data.aws_iam_policy_document.policy_doc",
            "module.smart_routing_lambda.module.repo_ecr_lambda.aws_ecr_repository.this",
            "module.smart_routing_lambda.null_resource.run_script",
            "module.users_table.aws_dynamodb_table.this",
            "module.usuarios_lambda.aws_iam_role.lambda_role",
            "module.usuarios_lambda.aws_lambda_function.lambda",
            "module.usuarios_lambda.data.aws_caller_identity.current",
            "module.usuarios_lambda.data.aws_iam_policy_document.policy_doc",
            "module.usuarios_lambda.module.repo_ecr_lambda.aws_ecr_repository.this",
            "module.usuarios_lambda.null_resource.run_script",
            "module.websocket_connections_table.aws_dynamodb_table.this",
            "module.websocket_lambda.aws_iam_role.lambda_role",
            "module.websocket_lambda.aws_lambda_function.lambda",
            "module.websocket_lambda.data.aws_caller_identity.current",
            "module.websocket_lambda.data.aws_iam_policy_document.policy_doc",
            "module.websocket_lambda.module.repo_ecr_lambda.aws_ecr_repository.this",
            "module.websocket_lambda.null_resource.run_script"
          ],
          "create_before_destroy": true
        },
        {
          "index_key": "5",
          "schema_version": 0,
          "attributes": {
            "http_method": "GET",
            "id": "agmr-aq72n5uzcb-8hmqgx-GET-200",
            "region": "us-east-1",
            "resource_id": "8hmqgx",
            "response_models": {
              "application/json": "Empty"
            },
            "response_parameters": {},
            "rest_api_id": "aq72n5uzcb",
            "status_code": "200"
          },
          "sensitive_attributes": [],
          "identity_schema_version": 0,
          "private": "bnVsbA==",
          "dependencies": [
            "aws_apigatewayv2_api.websocket_api",
            "module.api_gateway.aws_api_gateway_authorizer.cognito_authorizer",
            "module.api_gateway.aws_api_gateway_method.rest_endpoint_methods",
            "module.api_gateway.aws_api_gateway_resource.base_resources",
            "module.api_gateway.aws_api_gateway_resource.main_resource",
            "module.api_gateway.aws_api_gateway_resource.variable_resources",
            "module.api_gateway.aws_api_gateway_rest_api.rest_api",
            "module.auth_lambda.aws_iam_role.lambda_role",
            "module.auth_lambda.aws_lambda_function.lambda",
            "module.auth_lambda.data.aws_caller_identity.current",
            "module.auth_lambda.data.aws_iam_policy_document.policy_doc",
            "module.auth_lambda.module.repo_ecr_lambda.aws_ecr_repository.this",
            "module.auth_lambda.null_resource.run_script",
            "module.events_queue.aws_sqs_queue.dead_letter_fifo_queue",
            "module.events_queue.aws_sqs_queue.fifo_queue",
            "module.locations_table.aws_dynamodb_table.this",
            "module.notificacoes_lambda.aws_iam_role.lambda_role",
            "module.notificacoes_lambda.aws_lambda_function.lambda",
            "module.notificacoes_lambda.data.aws_caller_identity.current",
            "module.notificacoes_lambda.data.aws_iam_policy_document.policy_doc",
            "module.notificacoes_lambda.module.repo_ecr_lambda.aws_ecr_repository.this",
            "module.notificacoes_lambda.null_resource.run_script",
            "module.notifications_general_topic.aws_sns_topic.this",
            "module.notifications_premium_topic.aws_sns_topic.this",
            "module.notifications_regional_topic.aws_sns_topic.this",
            "module.notifications_table.aws_dynamodb_table.this",
            "module.pedido_ofertas_table.aws_dynamodb_table.this",
            "module.pedidos_lambda.aws_iam_role.lambda_role",
            "module.pedidos_lambda.aws_lambda_function.lambda",
            "module.pedidos_lambda.data.aws_caller_identity.current",
            "module.pedidos_lambda.data.aws_iam_policy_document.policy_doc",
            "module.pedidos_lambda.module.repo_ecr_lambda.aws_ecr_repository.this",
            "module.pedidos_lambda.null_resource.run_script",
            "module.pedidos_table.aws_dynamodb_table.this",
            "module.rastreamento_lambda.aws_iam_role.lambda_role",
            "module.rastreamento_lambda.aws_lambda_function.lambda",
            "module.rastreamento_lambda.data.aws_caller_identity.current",
            "module.rastreamento_lambda.data.aws_iam_policy_document.policy_doc",
            "module.rastreamento_lambda.module.repo_ecr_lambda.aws_ecr_repository.this",
            "module.rastreamento_lambda.null_resource.run_script",
            "module.smart_routing_lambda.aws_iam_role.lambda_role",
            "module.smart_routing_lambda.aws_lambda_function.lambda",
            "module.smart_routing_lambda.data.aws_caller_identity.current",
            "module.smart_routing_lambda.data.aws_iam_policy_document.policy_doc",
            "module.smart_routing_lambda.module.repo_ecr_lambda.aws_ecr_repository.this",
            "module.smart_routing_lambda.null_resource.run_script",
            "module.users_table.aws_dynamodb_table.this",
            "module.usuarios_lambda.aws_iam_role.lambda_role",
            "module.usuarios_lambda.aws_lambda_function.lambda",
            "module.usuarios_lambda.data.aws_caller_identity.current",
            "module.usuarios_lambda.data.aws_iam_policy_document.policy_doc",
            "module.usuarios_lambda.module.repo_ecr_lambda.aws_ecr_repository.this",
            "module.usuarios_lambda.null_resource.run_script",
            "module.websocket_connections_table.aws_dynamodb_table.this",
            "module.websocket_lambda.aws_iam_role.lambda_role",
            "module.websocket_lambda.aws_lambda_function.lambda",
            "module.websocket_lambda.data.aws_caller_identity.current",
            "module.websocket_lambda.data.aws_iam_policy_document.policy_doc",
            "module.websocket_lambda.module.repo_ecr_lambda.aws_ecr_repository.this",
            "module.websocket_lambda.null_resource.run_script"
          ],
          "create_before_destroy": true
        },
        {
          "index_key": "6",
          "schema_version": 0,
          "attributes": {
            "http_method": "POST",
            "id": "agmr-aq72n5uzcb-gcko65-POST-200",
            "region": "us-east-1",
            "resource_id": "gcko65",
            "response_models": {
              "application/json": "Empty"
            },
            "response_parameters": {},
            "rest_api_id": "aq72n5uzcb",
            "status_code": "200"
          },
          "sensitive_attributes": [],
          "identity_schema_version": 0,
          "private": "bnVsbA==",
          "dependencies": [
            "aws_apigatewayv2_api.websocket_api",
            "module.api_gateway.aws_api_gateway_authorizer.cognito_authorizer",
            "module.api_gateway.aws_api_gateway_method.rest_endpoint_methods",
            "module.api_gateway.aws_api_gateway_resource.base_resources",
            "module.api_gateway.aws_api_gateway_resource.main_resource",
            "module.api_gateway.aws_api_gateway_resource.variable_resources",
            "module.api_gateway.aws_api_gateway_rest_api.rest_api",
            "module.auth_lambda.aws_iam_role.lambda_role",
            "module.auth_lambda.aws_lambda_function.lambda",
            "module.auth_lambda.data.aws_caller_identity.current",
            "module.auth_lambda.data.aws_iam_policy_document.policy_doc",
            "module.auth_lambda.module.repo_ecr_lambda.aws_ecr_repository.this",
            "module.auth_lambda.null_resource.run_script",
            "module.events_queue.aws_sqs_queue.dead_letter_fifo_queue",
            "module.events_queue.aws_sqs_queue.fifo_queue",
            "module.locations_table.aws_dynamodb_table.this",
            "module.notificacoes_lambda.aws_iam_role.lambda_role",
            "module.notificacoes_lambda.aws_lambda_function.lambda",
            "module.notificacoes_lambda.data.aws_caller_identity.current",
            "module.notificacoes_lambda.data.aws_iam_policy_document.policy_doc",
            "module.notificacoes_lambda.module.repo_ecr_lambda.aws_ecr_repository.this",
            "module.notificacoes_lambda.null_resource.run_script",
            "module.notifications_general_topic.aws_sns_topic.this",
            "module.notifications_premium_topic.aws_sns_topic.this",
            "module.notifications_regional_topic.aws_sns_topic.this",
            "module.notifications_table.aws_dynamodb_table.this",
            "module.pedido_ofertas_table.aws_dynamodb_table.this",
            "module.pedidos_lambda.aws_iam_role.lambda_role",
            "module.pedidos_lambda.aws_lambda_function.lambda",
            "module.pedidos_lambda.data.aws_caller_identity.current",
            "module.pedidos_lambda.data.aws_iam_policy_document.policy_doc",
            "module.pedidos_lambda.module.repo_ecr_lambda.aws_ecr_repository.this",
            "module.pedidos_lambda.null_resource.run_script",
            "module.pedidos_table.aws_dynamodb_table.this",
            "module.rastreamento_lambda.aws_iam_role.lambda_role",
            "module.rastreamento_lambda.aws_lambda_function.lambda",
            "module.rastreamento_lambda.data.aws_caller_identity.current",
            "module.rastreamento_lambda.data.aws_iam_policy_document.policy_doc",
            "module.rastreamento_lambda.module.repo_ecr_lambda.aws_ecr_repository.this",
            "module.rastreamento_lambda.null_resource.run_script",
            "module.smart_routing_lambda.aws_iam_role.lambda_role",
            "module.smart_routing_lambda.aws_lambda_function.lambda",
            "module.smart_routing_lambda.data.aws_caller_identity.current",
            "module.smart_routing_lambda.data.aws_iam_policy_document.policy_doc",
            "module.smart_routing_lambda.module.repo_ecr_lambda.aws_ecr_repository.this",
            "module.smart_routing_lambda.null_resource.run_script",
            "module.users_table.aws_dynamodb_table.this",
            "module.usuarios_lambda.aws_iam_role.lambda_role",
            "module.usuarios_lambda.aws_lambda_function.lambda",
            "module.usuarios_lambda.data.aws_caller_identity.current",
            "module.usuarios_lambda.data.aws_iam_policy_document.policy_doc",
            "module.usuarios_lambda.module.repo_ecr_lambda.aws_ecr_repository.this",
            "module.usuarios_lambda.null_resource.run_script",
            "module.websocket_connections_table.aws_dynamodb_table.this",
            "module.websocket_lambda.aws_iam_role.lambda_role",
            "module.websocket_lambda.aws_lambda_function.lambda",
            "module.websocket_lambda.data.aws_caller_identity.current",
            "module.websocket_lambda.data.aws_iam_policy_document.policy_doc",
            "module.websocket_lambda.module.repo_ecr_lambda.aws_ecr_repository.this",
            "module.websocket_lambda.null_resource.run_script"
          ],
          "create_before_destroy": true
        },
        {
          "index_key": "7",
          "schema_version": 0,
          "attributes": {
            "http_method": "PATCH",
            "id": "agmr-aq72n5uzcb-tzeq2v-PATCH-204",
            "region": "us-east-1",
            "resource_id": "tzeq2v",
            "response_models": {
              "application/json": "Empty"
            },
            "response_parameters": {},
            "rest_api_id": "aq72n5uzcb",
            "status_code": "204"
          },
          "sensitive_attributes": [],
          "identity_schema_version": 0,
          "private": "bnVsbA==",
          "dependencies": [
            "aws_apigatewayv2_api.websocket_api",
            "module.api_gateway.aws_api_gateway_authorizer.cognito_authorizer",
            "module.api_gateway.aws_api_gateway_method.rest_endpoint_methods",
            "module.api_gateway.aws_api_gateway_resource.base_resources",
            "module.api_gateway.aws_api_gateway_resource.main_resource",
            "module.api_gateway.aws_api_gateway_resource.variable_resources",
            "module.api_gateway.aws_api_gateway_rest_api.rest_api",
            "module.auth_lambda.aws_iam_role.lambda_role",
            "module.auth_lambda.aws_lambda_function.lambda",
            "module.auth_lambda.data.aws_caller_identity.current",
            "module.auth_lambda.data.aws_iam_policy_document.policy_doc",
            "module.auth_lambda.module.repo_ecr_lambda.aws_ecr_repository.this",
            "module.auth_lambda.null_resource.run_script",
            "module.events_queue.aws_sqs_queue.dead_letter_fifo_queue",
            "module.events_queue.aws_sqs_queue.fifo_queue",
            "module.locations_table.aws_dynamodb_table.this",
            "module.notificacoes_lambda.aws_iam_role.lambda_role",
            "module.notificacoes_lambda.aws_lambda_function.lambda",
            "module.notificacoes_lambda.data.aws_caller_identity.current",
            "module.notificacoes_lambda.data.aws_iam_policy_document.policy_doc",
            "module.notificacoes_lambda.module.repo_ecr_lambda.aws_ecr_repository.this",
            "module.notificacoes_lambda.null_resource.run_script",
            "module.notifications_general_topic.aws_sns_topic.this",
            "module.notifications_premium_topic.aws_sns_topic.this",
            "module.notifications_regional_topic.aws_sns_topic.this",
            "module.notifications_table.aws_dynamodb_table.this",
            "module.pedido_ofertas_table.aws_dynamodb_table.this",
            "module.pedidos_lambda.aws_iam_role.lambda_role",
            "module.pedidos_lambda.aws_lambda_function.lambda",
            "module.pedidos_lambda.data.aws_caller_identity.current",
            "module.pedidos_lambda.data.aws_iam_policy_document.policy_doc",
            "module.pedidos_lambda.module.repo_ecr_lambda.aws_ecr_repository.this",
            "module.pedidos_lambda.null_resource.run_script",
            "module.pedidos_table.aws_dynamodb_table.this",
            "module.rastreamento_lambda.aws_iam_role.lambda_role",
            "module.rastreamento_lambda.aws_lambda_function.lambda",
            "module.rastreamento_lambda.data.aws_caller_identity.current",
            "module.rastreamento_lambda.data.aws_iam_policy_document.policy_doc",
            "module.rastreamento_lambda.module.repo_ecr_lambda.aws_ecr_repository.this",
            "module.rastreamento_lambda.null_resource.run_script",
            "module.smart_routing_lambda.aws_iam_role.lambda_role",
            "module.smart_routing_lambda.aws_lambda_function.lambda",
            "module.smart_routing_lambda.data.aws_caller_identity.current",
            "module.smart_routing_lambda.data.aws_iam_policy_document.policy_doc",
            "module.smart_routing_lambda.module.repo_ecr_lambda.aws_ecr_repository.this",
            "module.smart_routing_lambda.null_resource.run_script",
            "module.users_table.aws_dynamodb_table.this",
            "module.usuarios_lambda.aws_iam_role.lambda_role",
            "module.usuarios_lambda.aws_lambda_function.lambda",
            "module.usuarios_lambda.data.aws_caller_identity.current",
            "module.usuarios_lambda.data.aws_iam_policy_document.policy_doc",
            "module.usuarios_lambda.module.repo_ecr_lambda.aws_ecr_repository.this",
            "module.usuarios_lambda.null_resource.run_script",
            "module.websocket_connections_table.aws_dynamodb_table.this",
            "module.websocket_lambda.aws_iam_role.lambda_role",
            "module.websocket_lambda.aws_lambda_function.lambda",
            "module.websocket_lambda.data.aws_caller_identity.current",
            "module.websocket_lambda.data.aws_iam_policy_document.policy_doc",
            "module.websocket_lambda.module.repo_ecr_lambda.aws_ecr_repository.this",
            "module.websocket_lambda.null_resource.run_script"
          ],
          "create_before_destroy": true
        },
        {
          "index_key": "8",
          "schema_version": 0,
          "attributes": {
            "http_method": "GET",
            "id": "agmr-aq72n5uzcb-wlazph-GET-200",
            "region": "us-east-1",
            "resource_id": "wlazph",
            "response_models": {
              "application/json": "Empty"
            },
            "response_parameters": {},
            "rest_api_id": "aq72n5uzcb",
            "status_code": "200"
          },
          "sensitive_attributes": [],
          "identity_schema_version": 0,
          "private": "bnVsbA==",
          "dependencies": [
            "aws_apigatewayv2_api.websocket_api",
            "module.api_gateway.aws_api_gateway_authorizer.cognito_authorizer",
            "module.api_gateway.aws_api_gateway_method.rest_endpoint_methods",
            "module.api_gateway.aws_api_gateway_resource.base_resources",
            "module.api_gateway.aws_api_gateway_resource.main_resource",
            "module.api_gateway.aws_api_gateway_resource.variable_resources",
            "module.api_gateway.aws_api_gateway_rest_api.rest_api",
            "module.auth_lambda.aws_iam_role.lambda_role",
            "module.auth_lambda.aws_lambda_function.lambda",
            "module.auth_lambda.data.aws_caller_identity.current",
            "module.auth_lambda.data.aws_iam_policy_document.policy_doc",
            "module.auth_lambda.module.repo_ecr_lambda.aws_ecr_repository.this",
            "module.auth_lambda.null_resource.run_script",
            "module.events_queue.aws_sqs_queue.dead_letter_fifo_queue",
            "module.events_queue.aws_sqs_queue.fifo_queue",
            "module.locations_table.aws_dynamodb_table.this",
            "module.notificacoes_lambda.aws_iam_role.lambda_role",
            "module.notificacoes_lambda.aws_lambda_function.lambda",
            "module.notificacoes_lambda.data.aws_caller_identity.current",
            "module.notificacoes_lambda.data.aws_iam_policy_document.policy_doc",
            "module.notificacoes_lambda.module.repo_ecr_lambda.aws_ecr_repository.this",
            "module.notificacoes_lambda.null_resource.run_script",
            "module.notifications_general_topic.aws_sns_topic.this",
            "module.notifications_premium_topic.aws_sns_topic.this",
            "module.notifications_regional_topic.aws_sns_topic.this",
            "module.notifications_table.aws_dynamodb_table.this",
            "module.pedido_ofertas_table.aws_dynamodb_table.this",
            "module.pedidos_lambda.aws_iam_role.lambda_role",
            "module.pedidos_lambda.aws_lambda_function.lambda",
            "module.pedidos_lambda.data.aws_caller_identity.current",
            "module.pedidos_lambda.data.aws_iam_policy_document.policy_doc",
            "module.pedidos_lambda.module.repo_ecr_lambda.aws_ecr_repository.this",
            "module.pedidos_lambda.null_resource.run_script",
            "module.pedidos_table.aws_dynamodb_table.this",
            "module.rastreamento_lambda.aws_iam_role.lambda_role",
            "module.rastreamento_lambda.aws_lambda_function.lambda",
            "module.rastreamento_lambda.data.aws_caller_identity.current",
            "module.rastreamento_lambda.data.aws_iam_policy_document.policy_doc",
            "module.rastreamento_lambda.module.repo_ecr_lambda.aws_ecr_repository.this",
            "module.rastreamento_lambda.null_resource.run_script",
            "module.smart_routing_lambda.aws_iam_role.lambda_role",
            "module.smart_routing_lambda.aws_lambda_function.lambda",
            "module.smart_routing_lambda.data.aws_caller_identity.current",
            "module.smart_routing_lambda.data.aws_iam_policy_document.policy_doc",
            "module.smart_routing_lambda.module.repo_ecr_lambda.aws_ecr_repository.this",
            "module.smart_routing_lambda.null_resource.run_script",
            "module.users_table.aws_dynamodb_table.this",
            "module.usuarios_lambda.aws_iam_role.lambda_role",
            "module.usuarios_lambda.aws_lambda_function.lambda",
            "module.usuarios_lambda.data.aws_caller_identity.current",
            "module.usuarios_lambda.data.aws_iam_policy_document.policy_doc",
            "module.usuarios_lambda.module.repo_ecr_lambda.aws_ecr_repository.this",
            "module.usuarios_lambda.null_resource.run_script",
            "module.websocket_connections_table.aws_dynamodb_table.this",
            "module.websocket_lambda.aws_iam_role.lambda_role",
            "module.websocket_lambda.aws_lambda_function.lambda",
            "module.websocket_lambda.data.aws_caller_identity.current",
            "module.websocket_lambda.data.aws_iam_policy_document.policy_doc",
            "module.websocket_lambda.module.repo_ecr_lambda.aws_ecr_repository.this",
            "module.websocket_lambda.null_resource.run_script"
          ],
          "create_before_destroy": true
        },
        {
          "index_key": "9",
          "schema_version": 0,
          "attributes": {
            "http_method": "PATCH",
            "id": "agmr-aq72n5uzcb-tkvsdh-PATCH-204",
            "region": "us-east-1",
            "resource_id": "tkvsdh",
            "response_models": {
              "application/json": "Empty"
            },
            "response_parameters": {},
            "rest_api_id": "aq72n5uzcb",
            "status_code": "204"
          },
          "sensitive_attributes": [],
          "identity_schema_version": 0,
          "private": "bnVsbA==",
          "dependencies": [
            "aws_apigatewayv2_api.websocket_api",
            "module.api_gateway.aws_api_gateway_authorizer.cognito_authorizer",
            "module.api_gateway.aws_api_gateway_method.rest_endpoint_methods",
            "module.api_gateway.aws_api_gateway_resource.base_resources",
            "module.api_gateway.aws_api_gateway_resource.main_resource",
            "module.api_gateway.aws_api_gateway_resource.variable_resources",
            "module.api_gateway.aws_api_gateway_rest_api.rest_api",
            "module.auth_lambda.aws_iam_role.lambda_role",
            "module.auth_lambda.aws_lambda_function.lambda",
            "module.auth_lambda.data.aws_caller_identity.current",
            "module.auth_lambda.data.aws_iam_policy_document.policy_doc",
            "module.auth_lambda.module.repo_ecr_lambda.aws_ecr_repository.this",
            "module.auth_lambda.null_resource.run_script",
            "module.events_queue.aws_sqs_queue.dead_letter_fifo_queue",
            "module.events_queue.aws_sqs_queue.fifo_queue",
            "module.locations_table.aws_dynamodb_table.this",
            "module.notificacoes_lambda.aws_iam_role.lambda_role",
            "module.notificacoes_lambda.aws_lambda_function.lambda",
            "module.notificacoes_lambda.data.aws_caller_identity.current",
            "module.notificacoes_lambda.data.aws_iam_policy_document.policy_doc",
            "module.notificacoes_lambda.module.repo_ecr_lambda.aws_ecr_repository.this",
            "module.notificacoes_lambda.null_resource.run_script",
            "module.notifications_general_topic.aws_sns_topic.this",
            "module.notifications_premium_topic.aws_sns_topic.this",
            "module.notifications_regional_topic.aws_sns_topic.this",
            "module.notifications_table.aws_dynamodb_table.this",
            "module.pedido_ofertas_table.aws_dynamodb_table.this",
            "module.pedidos_lambda.aws_iam_role.lambda_role",
            "module.pedidos_lambda.aws_lambda_function.lambda",
            "module.pedidos_lambda.data.aws_caller_identity.current",
            "module.pedidos_lambda.data.aws_iam_policy_document.policy_doc",
            "module.pedidos_lambda.module.repo_ecr_lambda.aws_ecr_repository.this",
            "module.pedidos_lambda.null_resource.run_script",
            "module.pedidos_table.aws_dynamodb_table.this",
            "module.rastreamento_lambda.aws_iam_role.lambda_role",
            "module.rastreamento_lambda.aws_lambda_function.lambda",
            "module.rastreamento_lambda.data.aws_caller_identity.current",
            "module.rastreamento_lambda.data.aws_iam_policy_document.policy_doc",
            "module.rastreamento_lambda.module.repo_ecr_lambda.aws_ecr_repository.this",
            "module.rastreamento_lambda.null_resource.run_script",
            "module.smart_routing_lambda.aws_iam_role.lambda_role",
            "module.smart_routing_lambda.aws_lambda_function.lambda",
            "module.smart_routing_lambda.data.aws_caller_identity.current",
            "module.smart_routing_lambda.data.aws_iam_policy_document.policy_doc",
            "module.smart_routing_lambda.module.repo_ecr_lambda.aws_ecr_repository.this",
            "module.smart_routing_lambda.null_resource.run_script",
            "module.users_table.aws_dynamodb_table.this",
            "module.usuarios_lambda.aws_iam_role.lambda_role",
            "module.usuarios_lambda.aws_lambda_function.lambda",
            "module.usuarios_lambda.data.aws_caller_identity.current",
            "module.usuarios_lambda.data.aws_iam_policy_document.policy_doc",
            "module.usuarios_lambda.module.repo_ecr_lambda.aws_ecr_repository.this",
            "module.usuarios_lambda.null_resource.run_script",
            "module.websocket_connections_table.aws_dynamodb_table.this",
            "module.websocket_lambda.aws_iam_role.lambda_role",
            "module.websocket_lambda.aws_lambda_function.lambda",
            "module.websocket_lambda.data.aws_caller_identity.current",
            "module.websocket_lambda.data.aws_iam_policy_document.policy_doc",
            "module.websocket_lambda.module.repo_ecr_lambda.aws_ecr_repository.this",
            "module.websocket_lambda.null_resource.run_script"
          ],
          "create_before_destroy": true
        }
      ]
    },
    {
      "module": "module.api_gateway",
      "mode": "managed",
      "type": "aws_api_gateway_resource",
      "name": "base_resources",
      "provider": "provider[\"registry.terraform.io/hashicorp/aws\"]",
      "instances": [
        {
          "index_key": "auth",
          "schema_version": 0,
          "attributes": {
            "id": "tppkl0",
            "parent_id": "95hmwe",
            "path": "/api/auth",
            "path_part": "auth",
            "region": "us-east-1",
            "rest_api_id": "aq72n5uzcb"
          },
          "sensitive_attributes": [],
          "identity_schema_version": 0,
          "private": "bnVsbA==",
          "dependencies": [
            "aws_apigatewayv2_api.websocket_api",
            "module.api_gateway.aws_api_gateway_resource.main_resource",
            "module.api_gateway.aws_api_gateway_rest_api.rest_api",
            "module.auth_lambda.aws_iam_role.lambda_role",
            "module.auth_lambda.aws_lambda_function.lambda",
            "module.auth_lambda.data.aws_caller_identity.current",
            "module.auth_lambda.data.aws_iam_policy_document.policy_doc",
            "module.auth_lambda.module.repo_ecr_lambda.aws_ecr_repository.this",
            "module.auth_lambda.null_resource.run_script",
            "module.events_queue.aws_sqs_queue.dead_letter_fifo_queue",
            "module.events_queue.aws_sqs_queue.fifo_queue",
            "module.locations_table.aws_dynamodb_table.this",
            "module.notificacoes_lambda.aws_iam_role.lambda_role",
            "module.notificacoes_lambda.aws_lambda_function.lambda",
            "module.notificacoes_lambda.data.aws_caller_identity.current",
            "module.notificacoes_lambda.data.aws_iam_policy_document.policy_doc",
            "module.notificacoes_lambda.module.repo_ecr_lambda.aws_ecr_repository.this",
            "module.notificacoes_lambda.null_resource.run_script",
            "module.notifications_general_topic.aws_sns_topic.this",
            "module.notifications_premium_topic.aws_sns_topic.this",
            "module.notifications_regional_topic.aws_sns_topic.this",
            "module.notifications_table.aws_dynamodb_table.this",
            "module.pedido_ofertas_table.aws_dynamodb_table.this",
            "module.pedidos_lambda.aws_iam_role.lambda_role",
            "module.pedidos_lambda.aws_lambda_function.lambda",
            "module.pedidos_lambda.data.aws_caller_identity.current",
            "module.pedidos_lambda.data.aws_iam_policy_document.policy_doc",
            "module.pedidos_lambda.module.repo_ecr_lambda.aws_ecr_repository.this",
            "module.pedidos_lambda.null_resource.run_script",
            "module.pedidos_table.aws_dynamodb_table.this",
            "module.rastreamento_lambda.aws_iam_role.lambda_role",
            "module.rastreamento_lambda.aws_lambda_function.lambda",
            "module.rastreamento_lambda.data.aws_caller_identity.current",
            "module.rastreamento_lambda.data.aws_iam_policy_document.policy_doc",
            "module.rastreamento_lambda.module.repo_ecr_lambda.aws_ecr_repository.this",
            "module.rastreamento_lambda.null_resource.run_script",
            "module.smart_routing_lambda.aws_iam_role.lambda_role",
            "module.smart_routing_lambda.aws_lambda_function.lambda",
            "module.smart_routing_lambda.data.aws_caller_identity.current",
            "module.smart_routing_lambda.data.aws_iam_policy_document.policy_doc",
            "module.smart_routing_lambda.module.repo_ecr_lambda.aws_ecr_repository.this",
            "module.smart_routing_lambda.null_resource.run_script",
            "module.users_table.aws_dynamodb_table.this",
            "module.usuarios_lambda.aws_iam_role.lambda_role",
            "module.usuarios_lambda.aws_lambda_function.lambda",
            "module.usuarios_lambda.data.aws_caller_identity.current",
            "module.usuarios_lambda.data.aws_iam_policy_document.policy_doc",
            "module.usuarios_lambda.module.repo_ecr_lambda.aws_ecr_repository.this",
            "module.usuarios_lambda.null_resource.run_script",
            "module.websocket_connections_table.aws_dynamodb_table.this",
            "module.websocket_lambda.aws_iam_role.lambda_role",
            "module.websocket_lambda.aws_lambda_function.lambda",
            "module.websocket_lambda.data.aws_caller_identity.current",
            "module.websocket_lambda.data.aws_iam_policy_document.policy_doc",
            "module.websocket_lambda.module.repo_ecr_lambda.aws_ecr_repository.this",
            "module.websocket_lambda.null_resource.run_script"
          ],
          "create_before_destroy": true
        },
        {
          "index_key": "notificacoes",
          "schema_version": 0,
          "attributes": {
            "id": "78qxii",
            "parent_id": "95hmwe",
            "path": "/api/notificacoes",
            "path_part": "notificacoes",
            "region": "us-east-1",
            "rest_api_id": "aq72n5uzcb"
          },
          "sensitive_attributes": [],
          "identity_schema_version": 0,
          "private": "bnVsbA==",
          "dependencies": [
            "aws_apigatewayv2_api.websocket_api",
            "module.api_gateway.aws_api_gateway_resource.main_resource",
            "module.api_gateway.aws_api_gateway_rest_api.rest_api",
            "module.auth_lambda.aws_iam_role.lambda_role",
            "module.auth_lambda.aws_lambda_function.lambda",
            "module.auth_lambda.data.aws_caller_identity.current",
            "module.auth_lambda.data.aws_iam_policy_document.policy_doc",
            "module.auth_lambda.module.repo_ecr_lambda.aws_ecr_repository.this",
            "module.auth_lambda.null_resource.run_script",
            "module.events_queue.aws_sqs_queue.dead_letter_fifo_queue",
            "module.events_queue.aws_sqs_queue.fifo_queue",
            "module.locations_table.aws_dynamodb_table.this",
            "module.notificacoes_lambda.aws_iam_role.lambda_role",
            "module.notificacoes_lambda.aws_lambda_function.lambda",
            "module.notificacoes_lambda.data.aws_caller_identity.current",
            "module.notificacoes_lambda.data.aws_iam_policy_document.policy_doc",
            "module.notificacoes_lambda.module.repo_ecr_lambda.aws_ecr_repository.this",
            "module.notificacoes_lambda.null_resource.run_script",
            "module.notifications_general_topic.aws_sns_topic.this",
            "module.notifications_premium_topic.aws_sns_topic.this",
            "module.notifications_regional_topic.aws_sns_topic.this",
            "module.notifications_table.aws_dynamodb_table.this",
            "module.pedido_ofertas_table.aws_dynamodb_table.this",
            "module.pedidos_lambda.aws_iam_role.lambda_role",
            "module.pedidos_lambda.aws_lambda_function.lambda",
            "module.pedidos_lambda.data.aws_caller_identity.current",
            "module.pedidos_lambda.data.aws_iam_policy_document.policy_doc",
            "module.pedidos_lambda.module.repo_ecr_lambda.aws_ecr_repository.this",
            "module.pedidos_lambda.null_resource.run_script",
            "module.pedidos_table.aws_dynamodb_table.this",
            "module.rastreamento_lambda.aws_iam_role.lambda_role",
            "module.rastreamento_lambda.aws_lambda_function.lambda",
            "module.rastreamento_lambda.data.aws_caller_identity.current",
            "module.rastreamento_lambda.data.aws_iam_policy_document.policy_doc",
            "module.rastreamento_lambda.module.repo_ecr_lambda.aws_ecr_repository.this",
            "module.rastreamento_lambda.null_resource.run_script",
            "module.smart_routing_lambda.aws_iam_role.lambda_role",
            "module.smart_routing_lambda.aws_lambda_function.lambda",
            "module.smart_routing_lambda.data.aws_caller_identity.current",
            "module.smart_routing_lambda.data.aws_iam_policy_document.policy_doc",
            "module.smart_routing_lambda.module.repo_ecr_lambda.aws_ecr_repository.this",
            "module.smart_routing_lambda.null_resource.run_script",
            "module.users_table.aws_dynamodb_table.this",
            "module.usuarios_lambda.aws_iam_role.lambda_role",
            "module.usuarios_lambda.aws_lambda_function.lambda",
            "module.usuarios_lambda.data.aws_caller_identity.current",
            "module.usuarios_lambda.data.aws_iam_policy_document.policy_doc",
            "module.usuarios_lambda.module.repo_ecr_lambda.aws_ecr_repository.this",
            "module.usuarios_lambda.null_resource.run_script",
            "module.websocket_connections_table.aws_dynamodb_table.this",
            "module.websocket_lambda.aws_iam_role.lambda_role",
            "module.websocket_lambda.aws_lambda_function.lambda",
            "module.websocket_lambda.data.aws_caller_identity.current",
            "module.websocket_lambda.data.aws_iam_policy_document.policy_doc",
            "module.websocket_lambda.module.repo_ecr_lambda.aws_ecr_repository.this",
            "module.websocket_lambda.null_resource.run_script"
          ],
          "create_before_destroy": true
        },
        {
          "index_key": "pedidos",
          "schema_version": 0,
          "attributes": {
            "id": "kfd8xj",
            "parent_id": "95hmwe",
            "path": "/api/pedidos",
            "path_part": "pedidos",
            "region": "us-east-1",
            "rest_api_id": "aq72n5uzcb"
          },
          "sensitive_attributes": [],
          "identity_schema_version": 0,
          "private": "bnVsbA==",
          "dependencies": [
            "aws_apigatewayv2_api.websocket_api",
            "module.api_gateway.aws_api_gateway_resource.main_resource",
            "module.api_gateway.aws_api_gateway_rest_api.rest_api",
            "module.auth_lambda.aws_iam_role.lambda_role",
            "module.auth_lambda.aws_lambda_function.lambda",
            "module.auth_lambda.data.aws_caller_identity.current",
            "module.auth_lambda.data.aws_iam_policy_document.policy_doc",
            "module.auth_lambda.module.repo_ecr_lambda.aws_ecr_repository.this",
            "module.auth_lambda.null_resource.run_script",
            "module.events_queue.aws_sqs_queue.dead_letter_fifo_queue",
            "module.events_queue.aws_sqs_queue.fifo_queue",
            "module.locations_table.aws_dynamodb_table.this",
            "module.notificacoes_lambda.aws_iam_role.lambda_role",
            "module.notificacoes_lambda.aws_lambda_function.lambda",
            "module.notificacoes_lambda.data.aws_caller_identity.current",
            "module.notificacoes_lambda.data.aws_iam_policy_document.policy_doc",
            "module.notificacoes_lambda.module.repo_ecr_lambda.aws_ecr_repository.this",
            "module.notificacoes_lambda.null_resource.run_script",
            "module.notifications_general_topic.aws_sns_topic.this",
            "module.notifications_premium_topic.aws_sns_topic.this",
            "module.notifications_regional_topic.aws_sns_topic.this",
            "module.notifications_table.aws_dynamodb_table.this",
            "module.pedido_ofertas_table.aws_dynamodb_table.this",
            "module.pedidos_lambda.aws_iam_role.lambda_role",
            "module.pedidos_lambda.aws_lambda_function.lambda",
            "module.pedidos_lambda.data.aws_caller_identity.current",
            "module.pedidos_lambda.data.aws_iam_policy_document.policy_doc",
            "module.pedidos_lambda.module.repo_ecr_lambda.aws_ecr_repository.this",
            "module.pedidos_lambda.null_resource.run_script",
            "module.pedidos_table.aws_dynamodb_table.this",
            "module.rastreamento_lambda.aws_iam_role.lambda_role",
            "module.rastreamento_lambda.aws_lambda_function.lambda",
            "module.rastreamento_lambda.data.aws_caller_identity.current",
            "module.rastreamento_lambda.data.aws_iam_policy_document.policy_doc",
            "module.rastreamento_lambda.module.repo_ecr_lambda.aws_ecr_repository.this",
            "module.rastreamento_lambda.null_resource.run_script",
            "module.smart_routing_lambda.aws_iam_role.lambda_role",
            "module.smart_routing_lambda.aws_lambda_function.lambda",
            "module.smart_routing_lambda.data.aws_caller_identity.current",
            "module.smart_routing_lambda.data.aws_iam_policy_document.policy_doc",
            "module.smart_routing_lambda.module.repo_ecr_lambda.aws_ecr_repository.this",
            "module.smart_routing_lambda.null_resource.run_script",
            "module.users_table.aws_dynamodb_table.this",
            "module.usuarios_lambda.aws_iam_role.lambda_role",
            "module.usuarios_lambda.aws_lambda_function.lambda",
            "module.usuarios_lambda.data.aws_caller_identity.current",
            "module.usuarios_lambda.data.aws_iam_policy_document.policy_doc",
            "module.usuarios_lambda.module.repo_ecr_lambda.aws_ecr_repository.this",
            "module.usuarios_lambda.null_resource.run_script",
            "module.websocket_connections_table.aws_dynamodb_table.this",
            "module.websocket_lambda.aws_iam_role.lambda_role",
            "module.websocket_lambda.aws_lambda_function.lambda",
            "module.websocket_lambda.data.aws_caller_identity.current",
            "module.websocket_lambda.data.aws_iam_policy_document.policy_doc",
            "module.websocket_lambda.module.repo_ecr_lambda.aws_ecr_repository.this",
            "module.websocket_lambda.null_resource.run_script"
          ],
          "create_before_destroy": true
        },
        {
          "index_key": "rastreamento",
          "schema_version": 0,
          "attributes": {
            "id": "jzcl4i",
            "parent_id": "95hmwe",
            "path": "/api/rastreamento",
            "path_part": "rastreamento",
            "region": "us-east-1",
            "rest_api_id": "aq72n5uzcb"
          },
          "sensitive_attributes": [],
          "identity_schema_version": 0,
          "private": "bnVsbA==",
          "dependencies": [
            "aws_apigatewayv2_api.websocket_api",
            "module.api_gateway.aws_api_gateway_resource.main_resource",
            "module.api_gateway.aws_api_gateway_rest_api.rest_api",
            "module.auth_lambda.aws_iam_role.lambda_role",
            "module.auth_lambda.aws_lambda_function.lambda",
            "module.auth_lambda.data.aws_caller_identity.current",
            "module.auth_lambda.data.aws_iam_policy_document.policy_doc",
            "module.auth_lambda.module.repo_ecr_lambda.aws_ecr_repository.this",
            "module.auth_lambda.null_resource.run_script",
            "module.events_queue.aws_sqs_queue.dead_letter_fifo_queue",
            "module.events_queue.aws_sqs_queue.fifo_queue",
            "module.locations_table.aws_dynamodb_table.this",
            "module.notificacoes_lambda.aws_iam_role.lambda_role",
            "module.notificacoes_lambda.aws_lambda_function.lambda",
            "module.notificacoes_lambda.data.aws_caller_identity.current",
            "module.notificacoes_lambda.data.aws_iam_policy_document.policy_doc",
            "module.notificacoes_lambda.module.repo_ecr_lambda.aws_ecr_repository.this",
            "module.notificacoes_lambda.null_resource.run_script",
            "module.notifications_general_topic.aws_sns_topic.this",
            "module.notifications_premium_topic.aws_sns_topic.this",
            "module.notifications_regional_topic.aws_sns_topic.this",
            "module.notifications_table.aws_dynamodb_table.this",
            "module.pedido_ofertas_table.aws_dynamodb_table.this",
            "module.pedidos_lambda.aws_iam_role.lambda_role",
            "module.pedidos_lambda.aws_lambda_function.lambda",
            "module.pedidos_lambda.data.aws_caller_identity.current",
            "module.pedidos_lambda.data.aws_iam_policy_document.policy_doc",
            "module.pedidos_lambda.module.repo_ecr_lambda.aws_ecr_repository.this",
            "module.pedidos_lambda.null_resource.run_script",
            "module.pedidos_table.aws_dynamodb_table.this",
            "module.rastreamento_lambda.aws_iam_role.lambda_role",
            "module.rastreamento_lambda.aws_lambda_function.lambda",
            "module.rastreamento_lambda.data.aws_caller_identity.current",
            "module.rastreamento_lambda.data.aws_iam_policy_document.policy_doc",
            "module.rastreamento_lambda.module.repo_ecr_lambda.aws_ecr_repository.this",
            "module.rastreamento_lambda.null_resource.run_script",
            "module.smart_routing_lambda.aws_iam_role.lambda_role",
            "module.smart_routing_lambda.aws_lambda_function.lambda",
            "module.smart_routing_lambda.data.aws_caller_identity.current",
            "module.smart_routing_lambda.data.aws_iam_policy_document.policy_doc",
            "module.smart_routing_lambda.module.repo_ecr_lambda.aws_ecr_repository.this",
            "module.smart_routing_lambda.null_resource.run_script",
            "module.users_table.aws_dynamodb_table.this",
            "module.usuarios_lambda.aws_iam_role.lambda_role",
            "module.usuarios_lambda.aws_lambda_function.lambda",
            "module.usuarios_lambda.data.aws_caller_identity.current",
            "module.usuarios_lambda.data.aws_iam_policy_document.policy_doc",
            "module.usuarios_lambda.module.repo_ecr_lambda.aws_ecr_repository.this",
            "module.usuarios_lambda.null_resource.run_script",
            "module.websocket_connections_table.aws_dynamodb_table.this",
            "module.websocket_lambda.aws_iam_role.lambda_role",
            "module.websocket_lambda.aws_lambda_function.lambda",
            "module.websocket_lambda.data.aws_caller_identity.current",
            "module.websocket_lambda.data.aws_iam_policy_document.policy_doc",
            "module.websocket_lambda.module.repo_ecr_lambda.aws_ecr_repository.this",
            "module.websocket_lambda.null_resource.run_script"
          ],
          "create_before_destroy": true
        },
        {
          "index_key": "smart-routing",
          "schema_version": 0,
          "attributes": {
            "id": "acl8og",
            "parent_id": "95hmwe",
            "path": "/api/smart-routing",
            "path_part": "smart-routing",
            "region": "us-east-1",
            "rest_api_id": "aq72n5uzcb"
          },
          "sensitive_attributes": [],
          "identity_schema_version": 0,
          "private": "bnVsbA==",
          "dependencies": [
            "aws_apigatewayv2_api.websocket_api",
            "module.api_gateway.aws_api_gateway_resource.main_resource",
            "module.api_gateway.aws_api_gateway_rest_api.rest_api",
            "module.auth_lambda.aws_iam_role.lambda_role",
            "module.auth_lambda.aws_lambda_function.lambda",
            "module.auth_lambda.data.aws_caller_identity.current",
            "module.auth_lambda.data.aws_iam_policy_document.policy_doc",
            "module.auth_lambda.module.repo_ecr_lambda.aws_ecr_repository.this",
            "module.auth_lambda.null_resource.run_script",
            "module.events_queue.aws_sqs_queue.dead_letter_fifo_queue",
            "module.events_queue.aws_sqs_queue.fifo_queue",
            "module.locations_table.aws_dynamodb_table.this",
            "module.notificacoes_lambda.aws_iam_role.lambda_role",
            "module.notificacoes_lambda.aws_lambda_function.lambda",
            "module.notificacoes_lambda.data.aws_caller_identity.current",
            "module.notificacoes_lambda.data.aws_iam_policy_document.policy_doc",
            "module.notificacoes_lambda.module.repo_ecr_lambda.aws_ecr_repository.this",
            "module.notificacoes_lambda.null_resource.run_script",
            "module.notifications_general_topic.aws_sns_topic.this",
            "module.notifications_premium_topic.aws_sns_topic.this",
            "module.notifications_regional_topic.aws_sns_topic.this",
            "module.notifications_table.aws_dynamodb_table.this",
            "module.pedido_ofertas_table.aws_dynamodb_table.this",
            "module.pedidos_lambda.aws_iam_role.lambda_role",
            "module.pedidos_lambda.aws_lambda_function.lambda",
            "module.pedidos_lambda.data.aws_caller_identity.current",
            "module.pedidos_lambda.data.aws_iam_policy_document.policy_doc",
            "module.pedidos_lambda.module.repo_ecr_lambda.aws_ecr_repository.this",
            "module.pedidos_lambda.null_resource.run_script",
            "module.pedidos_table.aws_dynamodb_table.this",
            "module.rastreamento_lambda.aws_iam_role.lambda_role",
            "module.rastreamento_lambda.aws_lambda_function.lambda",
            "module.rastreamento_lambda.data.aws_caller_identity.current",
            "module.rastreamento_lambda.data.aws_iam_policy_document.policy_doc",
            "module.rastreamento_lambda.module.repo_ecr_lambda.aws_ecr_repository.this",
            "module.rastreamento_lambda.null_resource.run_script",
            "module.smart_routing_lambda.aws_iam_role.lambda_role",
            "module.smart_routing_lambda.aws_lambda_function.lambda",
            "module.smart_routing_lambda.data.aws_caller_identity.current",
            "module.smart_routing_lambda.data.aws_iam_policy_document.policy_doc",
            "module.smart_routing_lambda.module.repo_ecr_lambda.aws_ecr_repository.this",
            "module.smart_routing_lambda.null_resource.run_script",
            "module.users_table.aws_dynamodb_table.this",
            "module.usuarios_lambda.aws_iam_role.lambda_role",
            "module.usuarios_lambda.aws_lambda_function.lambda",
            "module.usuarios_lambda.data.aws_caller_identity.current",
            "module.usuarios_lambda.data.aws_iam_policy_document.policy_doc",
            "module.usuarios_lambda.module.repo_ecr_lambda.aws_ecr_repository.this",
            "module.usuarios_lambda.null_resource.run_script",
            "module.websocket_connections_table.aws_dynamodb_table.this",
            "module.websocket_lambda.aws_iam_role.lambda_role",
            "module.websocket_lambda.aws_lambda_function.lambda",
            "module.websocket_lambda.data.aws_caller_identity.current",
            "module.websocket_lambda.data.aws_iam_policy_document.policy_doc",
            "module.websocket_lambda.module.repo_ecr_lambda.aws_ecr_repository.this",
            "module.websocket_lambda.null_resource.run_script"
          ],
          "create_before_destroy": true
        }
      ]
    },
    {
      "module": "module.api_gateway",
      "mode": "managed",
      "type": "aws_api_gateway_resource",
      "name": "main_resource",
      "provider": "provider[\"registry.terraform.io/hashicorp/aws\"]",
      "instances": [
        {
          "index_key": 0,
          "schema_version": 0,
          "attributes": {
            "id": "95hmwe",
            "parent_id": "0b5ovppcbh",
            "path": "/api",
            "path_part": "api",
            "region": "us-east-1",
            "rest_api_id": "aq72n5uzcb"
          },
          "sensitive_attributes": [],
          "identity_schema_version": 0,
          "private": "bnVsbA==",
          "dependencies": [
            "aws_apigatewayv2_api.websocket_api",
            "module.api_gateway.aws_api_gateway_rest_api.rest_api",
            "module.auth_lambda.aws_iam_role.lambda_role",
            "module.auth_lambda.aws_lambda_function.lambda",
            "module.auth_lambda.data.aws_caller_identity.current",
            "module.auth_lambda.data.aws_iam_policy_document.policy_doc",
            "module.auth_lambda.module.repo_ecr_lambda.aws_ecr_repository.this",
            "module.auth_lambda.null_resource.run_script",
            "module.events_queue.aws_sqs_queue.dead_letter_fifo_queue",
            "module.events_queue.aws_sqs_queue.fifo_queue",
            "module.locations_table.aws_dynamodb_table.this",
            "module.notificacoes_lambda.aws_iam_role.lambda_role",
            "module.notificacoes_lambda.aws_lambda_function.lambda",
            "module.notificacoes_lambda.data.aws_caller_identity.current",
            "module.notificacoes_lambda.data.aws_iam_policy_document.policy_doc",
            "module.notificacoes_lambda.module.repo_ecr_lambda.aws_ecr_repository.this",
            "module.notificacoes_lambda.null_resource.run_script",
            "module.notifications_general_topic.aws_sns_topic.this",
            "module.notifications_premium_topic.aws_sns_topic.this",
            "module.notifications_regional_topic.aws_sns_topic.this",
            "module.notifications_table.aws_dynamodb_table.this",
            "module.pedido_ofertas_table.aws_dynamodb_table.this",
            "module.pedidos_lambda.aws_iam_role.lambda_role",
            "module.pedidos_lambda.aws_lambda_function.lambda",
            "module.pedidos_lambda.data.aws_caller_identity.current",
            "module.pedidos_lambda.data.aws_iam_policy_document.policy_doc",
            "module.pedidos_lambda.module.repo_ecr_lambda.aws_ecr_repository.this",
            "module.pedidos_lambda.null_resource.run_script",
            "module.pedidos_table.aws_dynamodb_table.this",
            "module.rastreamento_lambda.aws_iam_role.lambda_role",
            "module.rastreamento_lambda.aws_lambda_function.lambda",
            "module.rastreamento_lambda.data.aws_caller_identity.current",
            "module.rastreamento_lambda.data.aws_iam_policy_document.policy_doc",
            "module.rastreamento_lambda.module.repo_ecr_lambda.aws_ecr_repository.this",
            "module.rastreamento_lambda.null_resource.run_script",
            "module.smart_routing_lambda.aws_iam_role.lambda_role",
            "module.smart_routing_lambda.aws_lambda_function.lambda",
            "module.smart_routing_lambda.data.aws_caller_identity.current",
            "module.smart_routing_lambda.data.aws_iam_policy_document.policy_doc",
            "module.smart_routing_lambda.module.repo_ecr_lambda.aws_ecr_repository.this",
            "module.smart_routing_lambda.null_resource.run_script",
            "module.users_table.aws_dynamodb_table.this",
            "module.usuarios_lambda.aws_iam_role.lambda_role",
            "module.usuarios_lambda.aws_lambda_function.lambda",
            "module.usuarios_lambda.data.aws_caller_identity.current",
            "module.usuarios_lambda.data.aws_iam_policy_document.policy_doc",
            "module.usuarios_lambda.module.repo_ecr_lambda.aws_ecr_repository.this",
            "module.usuarios_lambda.null_resource.run_script",
            "module.websocket_connections_table.aws_dynamodb_table.this",
            "module.websocket_lambda.aws_iam_role.lambda_role",
            "module.websocket_lambda.aws_lambda_function.lambda",
            "module.websocket_lambda.data.aws_caller_identity.current",
            "module.websocket_lambda.data.aws_iam_policy_document.policy_doc",
            "module.websocket_lambda.module.repo_ecr_lambda.aws_ecr_repository.this",
            "module.websocket_lambda.null_resource.run_script"
          ],
          "create_before_destroy": true
        }
      ]
    },
    {
      "module": "module.api_gateway",
      "mode": "managed",
      "type": "aws_api_gateway_resource",
      "name": "variable_resources",
      "provider": "provider[\"registry.terraform.io/hashicorp/aws\"]",
      "instances": [
        {
          "index_key": "0",
          "schema_version": 0,
          "attributes": {
            "id": "90vq1h",
            "parent_id": "tppkl0",
            "path": "/api/auth/login",
            "path_part": "login",
            "region": "us-east-1",
            "rest_api_id": "aq72n5uzcb"
          },
          "sensitive_attributes": [],
          "identity_schema_version": 0,
          "private": "bnVsbA==",
          "dependencies": [
            "aws_apigatewayv2_api.websocket_api",
            "module.api_gateway.aws_api_gateway_resource.base_resources",
            "module.api_gateway.aws_api_gateway_resource.main_resource",
            "module.api_gateway.aws_api_gateway_rest_api.rest_api",
            "module.auth_lambda.aws_iam_role.lambda_role",
            "module.auth_lambda.aws_lambda_function.lambda",
            "module.auth_lambda.data.aws_caller_identity.current",
            "module.auth_lambda.data.aws_iam_policy_document.policy_doc",
            "module.auth_lambda.module.repo_ecr_lambda.aws_ecr_repository.this",
            "module.auth_lambda.null_resource.run_script",
            "module.events_queue.aws_sqs_queue.dead_letter_fifo_queue",
            "module.events_queue.aws_sqs_queue.fifo_queue",
            "module.locations_table.aws_dynamodb_table.this",
            "module.notificacoes_lambda.aws_iam_role.lambda_role",
            "module.notificacoes_lambda.aws_lambda_function.lambda",
            "module.notificacoes_lambda.data.aws_caller_identity.current",
            "module.notificacoes_lambda.data.aws_iam_policy_document.policy_doc",
            "module.notificacoes_lambda.module.repo_ecr_lambda.aws_ecr_repository.this",
            "module.notificacoes_lambda.null_resource.run_script",
            "module.notifications_general_topic.aws_sns_topic.this",
            "module.notifications_premium_topic.aws_sns_topic.this",
            "module.notifications_regional_topic.aws_sns_topic.this",
            "module.notifications_table.aws_dynamodb_table.this",
            "module.pedido_ofertas_table.aws_dynamodb_table.this",
            "module.pedidos_lambda.aws_iam_role.lambda_role",
            "module.pedidos_lambda.aws_lambda_function.lambda",
            "module.pedidos_lambda.data.aws_caller_identity.current",
            "module.pedidos_lambda.data.aws_iam_policy_document.policy_doc",
            "module.pedidos_lambda.module.repo_ecr_lambda.aws_ecr_repository.this",
            "module.pedidos_lambda.null_resource.run_script",
            "module.pedidos_table.aws_dynamodb_table.this",
            "module.rastreamento_lambda.aws_iam_role.lambda_role",
            "module.rastreamento_lambda.aws_lambda_function.lambda",
            "module.rastreamento_lambda.data.aws_caller_identity.current",
            "module.rastreamento_lambda.data.aws_iam_policy_document.policy_doc",
            "module.rastreamento_lambda.module.repo_ecr_lambda.aws_ecr_repository.this",
            "module.rastreamento_lambda.null_resource.run_script",
            "module.smart_routing_lambda.aws_iam_role.lambda_role",
            "module.smart_routing_lambda.aws_lambda_function.lambda",
            "module.smart_routing_lambda.data.aws_caller_identity.current",
            "module.smart_routing_lambda.data.aws_iam_policy_document.policy_doc",
            "module.smart_routing_lambda.module.repo_ecr_lambda.aws_ecr_repository.this",
            "module.smart_routing_lambda.null_resource.run_script",
            "module.users_table.aws_dynamodb_table.this",
            "module.usuarios_lambda.aws_iam_role.lambda_role",
            "module.usuarios_lambda.aws_lambda_function.lambda",
            "module.usuarios_lambda.data.aws_caller_identity.current",
            "module.usuarios_lambda.data.aws_iam_policy_document.policy_doc",
            "module.usuarios_lambda.module.repo_ecr_lambda.aws_ecr_repository.this",
            "module.usuarios_lambda.null_resource.run_script",
            "module.websocket_connections_table.aws_dynamodb_table.this",
            "module.websocket_lambda.aws_iam_role.lambda_role",
            "module.websocket_lambda.aws_lambda_function.lambda",
            "module.websocket_lambda.data.aws_caller_identity.current",
            "module.websocket_lambda.data.aws_iam_policy_document.policy_doc",
            "module.websocket_lambda.module.repo_ecr_lambda.aws_ecr_repository.this",
            "module.websocket_lambda.null_resource.run_script"
          ],
          "create_before_destroy": true
        },
        {
          "index_key": "1",
          "schema_version": 0,
          "attributes": {
            "id": "33upih",
            "parent_id": "tppkl0",
            "path": "/api/auth/registro-cliente",
            "path_part": "registro-cliente",
            "region": "us-east-1",
            "rest_api_id": "aq72n5uzcb"
          },
          "sensitive_attributes": [],
          "identity_schema_version": 0,
          "private": "bnVsbA==",
          "dependencies": [
            "aws_apigatewayv2_api.websocket_api",
            "module.api_gateway.aws_api_gateway_resource.base_resources",
            "module.api_gateway.aws_api_gateway_resource.main_resource",
            "module.api_gateway.aws_api_gateway_rest_api.rest_api",
            "module.auth_lambda.aws_iam_role.lambda_role",
            "module.auth_lambda.aws_lambda_function.lambda",
            "module.auth_lambda.data.aws_caller_identity.current",
            "module.auth_lambda.data.aws_iam_policy_document.policy_doc",
            "module.auth_lambda.module.repo_ecr_lambda.aws_ecr_repository.this",
            "module.auth_lambda.null_resource.run_script",
            "module.events_queue.aws_sqs_queue.dead_letter_fifo_queue",
            "module.events_queue.aws_sqs_queue.fifo_queue",
            "module.locations_table.aws_dynamodb_table.this",
            "module.notificacoes_lambda.aws_iam_role.lambda_role",
            "module.notificacoes_lambda.aws_lambda_function.lambda",
            "module.notificacoes_lambda.data.aws_caller_identity.current",
            "module.notificacoes_lambda.data.aws_iam_policy_document.policy_doc",
            "module.notificacoes_lambda.module.repo_ecr_lambda.aws_ecr_repository.this",
            "module.notificacoes_lambda.null_resource.run_script",
            "module.notifications_general_topic.aws_sns_topic.this",
            "module.notifications_premium_topic.aws_sns_topic.this",
            "module.notifications_regional_topic.aws_sns_topic.this",
            "module.notifications_table.aws_dynamodb_table.this",
            "module.pedido_ofertas_table.aws_dynamodb_table.this",
            "module.pedidos_lambda.aws_iam_role.lambda_role",
            "module.pedidos_lambda.aws_lambda_function.lambda",
            "module.pedidos_lambda.data.aws_caller_identity.current",
            "module.pedidos_lambda.data.aws_iam_policy_document.policy_doc",
            "module.pedidos_lambda.module.repo_ecr_lambda.aws_ecr_repository.this",
            "module.pedidos_lambda.null_resource.run_script",
            "module.pedidos_table.aws_dynamodb_table.this",
            "module.rastreamento_lambda.aws_iam_role.lambda_role",
            "module.rastreamento_lambda.aws_lambda_function.lambda",
            "module.rastreamento_lambda.data.aws_caller_identity.current",
            "module.rastreamento_lambda.data.aws_iam_policy_document.policy_doc",
            "module.rastreamento_lambda.module.repo_ecr_lambda.aws_ecr_repository.this",
            "module.rastreamento_lambda.null_resource.run_script",
            "module.smart_routing_lambda.aws_iam_role.lambda_role",
            "module.smart_routing_lambda.aws_lambda_function.lambda",
            "module.smart_routing_lambda.data.aws_caller_identity.current",
            "module.smart_routing_lambda.data.aws_iam_policy_document.policy_doc",
            "module.smart_routing_lambda.module.repo_ecr_lambda.aws_ecr_repository.this",
            "module.smart_routing_lambda.null_resource.run_script",
            "module.users_table.aws_dynamodb_table.this",
            "module.usuarios_lambda.aws_iam_role.lambda_role",
            "module.usuarios_lambda.aws_lambda_function.lambda",
            "module.usuarios_lambda.data.aws_caller_identity.current",
            "module.usuarios_lambda.data.aws_iam_policy_document.policy_doc",
            "module.usuarios_lambda.module.repo_ecr_lambda.aws_ecr_repository.this",
            "module.usuarios_lambda.null_resource.run_script",
            "module.websocket_connections_table.aws_dynamodb_table.this",
            "module.websocket_lambda.aws_iam_role.lambda_role",
            "module.websocket_lambda.aws_lambda_function.lambda",
            "module.websocket_lambda.data.aws_caller_identity.current",
            "module.websocket_lambda.data.aws_iam_policy_document.policy_doc",
            "module.websocket_lambda.module.repo_ecr_lambda.aws_ecr_repository.this",
            "module.websocket_lambda.null_resource.run_script"
          ],
          "create_before_destroy": true
        },
        {
          "index_key": "10",
          "schema_version": 0,
          "attributes": {
            "id": "ekiu8c",
            "parent_id": "78qxii",
            "path": "/api/notificacoes/preferencias",
            "path_part": "preferencias",
            "region": "us-east-1",
            "rest_api_id": "aq72n5uzcb"
          },
          "sensitive_attributes": [],
          "identity_schema_version": 0,
          "private": "bnVsbA==",
          "dependencies": [
            "aws_apigatewayv2_api.websocket_api",
            "module.api_gateway.aws_api_gateway_resource.base_resources",
            "module.api_gateway.aws_api_gateway_resource.main_resource",
            "module.api_gateway.aws_api_gateway_rest_api.rest_api",
            "module.auth_lambda.aws_iam_role.lambda_role",
            "module.auth_lambda.aws_lambda_function.lambda",
            "module.auth_lambda.data.aws_caller_identity.current",
            "module.auth_lambda.data.aws_iam_policy_document.policy_doc",
            "module.auth_lambda.module.repo_ecr_lambda.aws_ecr_repository.this",
            "module.auth_lambda.null_resource.run_script",
            "module.events_queue.aws_sqs_queue.dead_letter_fifo_queue",
            "module.events_queue.aws_sqs_queue.fifo_queue",
            "module.locations_table.aws_dynamodb_table.this",
            "module.notificacoes_lambda.aws_iam_role.lambda_role",
            "module.notificacoes_lambda.aws_lambda_function.lambda",
            "module.notificacoes_lambda.data.aws_caller_identity.current",
            "module.notificacoes_lambda.data.aws_iam_policy_document.policy_doc",
            "module.notificacoes_lambda.module.repo_ecr_lambda.aws_ecr_repository.this",
            "module.notificacoes_lambda.null_resource.run_script",
            "module.notifications_general_topic.aws_sns_topic.this",
            "module.notifications_premium_topic.aws_sns_topic.this",
            "module.notifications_regional_topic.aws_sns_topic.this",
            "module.notifications_table.aws_dynamodb_table.this",
            "module.pedido_ofertas_table.aws_dynamodb_table.this",
            "module.pedidos_lambda.aws_iam_role.lambda_role",
            "module.pedidos_lambda.aws_lambda_function.lambda",
            "module.pedidos_lambda.data.aws_caller_identity.current",
            "module.pedidos_lambda.data.aws_iam_policy_document.policy_doc",
            "module.pedidos_lambda.module.repo_ecr_lambda.aws_ecr_repository.this",
            "module.pedidos_lambda.null_resource.run_script",
            "module.pedidos_table.aws_dynamodb_table.this",
            "module.rastreamento_lambda.aws_iam_role.lambda_role",
            "module.rastreamento_lambda.aws_lambda_function.lambda",
            "module.rastreamento_lambda.data.aws_caller_identity.current",
            "module.rastreamento_lambda.data.aws_iam_policy_document.policy_doc",
            "module.rastreamento_lambda.module.repo_ecr_lambda.aws_ecr_repository.this",
            "module.rastreamento_lambda.null_resource.run_script",
            "module.smart_routing_lambda.aws_iam_role.lambda_role",
            "module.smart_routing_lambda.aws_lambda_function.lambda",
            "module.smart_routing_lambda.data.aws_caller_identity.current",
            "module.smart_routing_lambda.data.aws_iam_policy_document.policy_doc",
            "module.smart_routing_lambda.module.repo_ecr_lambda.aws_ecr_repository.this",
            "module.smart_routing_lambda.null_resource.run_script",
            "module.users_table.aws_dynamodb_table.this",
            "module.usuarios_lambda.aws_iam_role.lambda_role",
            "module.usuarios_lambda.aws_lambda_function.lambda",
            "module.usuarios_lambda.data.aws_caller_identity.current",
            "module.usuarios_lambda.data.aws_iam_policy_document.policy_doc",
            "module.usuarios_lambda.module.repo_ecr_lambda.aws_ecr_repository.this",
            "module.usuarios_lambda.null_resource.run_script",
            "module.websocket_connections_table.aws_dynamodb_table.this",
            "module.websocket_lambda.aws_iam_role.lambda_role",
            "module.websocket_lambda.aws_lambda_function.lambda",
            "module.websocket_lambda.data.aws_caller_identity.current",
            "module.websocket_lambda.data.aws_iam_policy_document.policy_doc",
            "module.websocket_lambda.module.repo_ecr_lambda.aws_ecr_repository.this",
            "module.websocket_lambda.null_resource.run_script"
          ],
          "create_before_destroy": true
        },
        {
          "index_key": "11",
          "schema_version": 0,
          "attributes": {
            "id": "ag8dzm",
            "parent_id": "78qxii",
            "path": "/api/notificacoes/preferencias-usuario",
            "path_part": "preferencias-usuario",
            "region": "us-east-1",
            "rest_api_id": "aq72n5uzcb"
          },
          "sensitive_attributes": [],
          "identity_schema_version": 0,
          "private": "bnVsbA==",
          "dependencies": [
            "aws_apigatewayv2_api.websocket_api",
            "module.api_gateway.aws_api_gateway_resource.base_resources",
            "module.api_gateway.aws_api_gateway_resource.main_resource",
            "module.api_gateway.aws_api_gateway_rest_api.rest_api",
            "module.auth_lambda.aws_iam_role.lambda_role",
            "module.auth_lambda.aws_lambda_function.lambda",
            "module.auth_lambda.data.aws_caller_identity.current",
            "module.auth_lambda.data.aws_iam_policy_document.policy_doc",
            "module.auth_lambda.module.repo_ecr_lambda.aws_ecr_repository.this",
            "module.auth_lambda.null_resource.run_script",
            "module.events_queue.aws_sqs_queue.dead_letter_fifo_queue",
            "module.events_queue.aws_sqs_queue.fifo_queue",
            "module.locations_table.aws_dynamodb_table.this",
            "module.notificacoes_lambda.aws_iam_role.lambda_role",
            "module.notificacoes_lambda.aws_lambda_function.lambda",
            "module.notificacoes_lambda.data.aws_caller_identity.current",
            "module.notificacoes_lambda.data.aws_iam_policy_document.policy_doc",
            "module.notificacoes_lambda.module.repo_ecr_lambda.aws_ecr_repository.this",
            "module.notificacoes_lambda.null_resource.run_script",
            "module.notifications_general_topic.aws_sns_topic.this",
            "module.notifications_premium_topic.aws_sns_topic.this",
            "module.notifications_regional_topic.aws_sns_topic.this",
            "module.notifications_table.aws_dynamodb_table.this",
            "module.pedido_ofertas_table.aws_dynamodb_table.this",
            "module.pedidos_lambda.aws_iam_role.lambda_role",
            "module.pedidos_lambda.aws_lambda_function.lambda",
            "module.pedidos_lambda.data.aws_caller_identity.current",
            "module.pedidos_lambda.data.aws_iam_policy_document.policy_doc",
            "module.pedidos_lambda.module.repo_ecr_lambda.aws_ecr_repository.this",
            "module.pedidos_lambda.null_resource.run_script",
            "module.pedidos_table.aws_dynamodb_table.this",
            "module.rastreamento_lambda.aws_iam_role.lambda_role",
            "module.rastreamento_lambda.aws_lambda_function.lambda",
            "module.rastreamento_lambda.data.aws_caller_identity.current",
            "module.rastreamento_lambda.data.aws_iam_policy_document.policy_doc",
            "module.rastreamento_lambda.module.repo_ecr_lambda.aws_ecr_repository.this",
            "module.rastreamento_lambda.null_resource.run_script",
            "module.smart_routing_lambda.aws_iam_role.lambda_role",
            "module.smart_routing_lambda.aws_lambda_function.lambda",
            "module.smart_routing_lambda.data.aws_caller_identity.current",
            "module.smart_routing_lambda.data.aws_iam_policy_document.policy_doc",
            "module.smart_routing_lambda.module.repo_ecr_lambda.aws_ecr_repository.this",
            "module.smart_routing_lambda.null_resource.run_script",
            "module.users_table.aws_dynamodb_table.this",
            "module.usuarios_lambda.aws_iam_role.lambda_role",
            "module.usuarios_lambda.aws_lambda_function.lambda",
            "module.usuarios_lambda.data.aws_caller_identity.current",
            "module.usuarios_lambda.data.aws_iam_policy_document.policy_doc",
            "module.usuarios_lambda.module.repo_ecr_lambda.aws_ecr_repository.this",
            "module.usuarios_lambda.null_resource.run_script",
            "module.websocket_connections_table.aws_dynamodb_table.this",
            "module.websocket_lambda.aws_iam_role.lambda_role",
            "module.websocket_lambda.aws_lambda_function.lambda",
            "module.websocket_lambda.data.aws_caller_identity.current",
            "module.websocket_lambda.data.aws_iam_policy_document.policy_doc",
            "module.websocket_lambda.module.repo_ecr_lambda.aws_ecr_repository.this",
            "module.websocket_lambda.null_resource.run_script"
          ],
          "create_before_destroy": true
        },
        {
          "index_key": "12",
          "schema_version": 0,
          "attributes": {
            "id": "zzb23a",
            "parent_id": "78qxii",
            "path": "/api/notificacoes/nao-lidas",
            "path_part": "nao-lidas",
            "region": "us-east-1",
            "rest_api_id": "aq72n5uzcb"
          },
          "sensitive_attributes": [],
          "identity_schema_version": 0,
          "private": "bnVsbA==",
          "dependencies": [
            "aws_apigatewayv2_api.websocket_api",
            "module.api_gateway.aws_api_gateway_resource.base_resources",
            "module.api_gateway.aws_api_gateway_resource.main_resource",
            "module.api_gateway.aws_api_gateway_rest_api.rest_api",
            "module.auth_lambda.aws_iam_role.lambda_role",
            "module.auth_lambda.aws_lambda_function.lambda",
            "module.auth_lambda.data.aws_caller_identity.current",
            "module.auth_lambda.data.aws_iam_policy_document.policy_doc",
            "module.auth_lambda.module.repo_ecr_lambda.aws_ecr_repository.this",
            "module.auth_lambda.null_resource.run_script",
            "module.events_queue.aws_sqs_queue.dead_letter_fifo_queue",
            "module.events_queue.aws_sqs_queue.fifo_queue",
            "module.locations_table.aws_dynamodb_table.this",
            "module.notificacoes_lambda.aws_iam_role.lambda_role",
            "module.notificacoes_lambda.aws_lambda_function.lambda",
            "module.notificacoes_lambda.data.aws_caller_identity.current",
            "module.notificacoes_lambda.data.aws_iam_policy_document.policy_doc",
            "module.notificacoes_lambda.module.repo_ecr_lambda.aws_ecr_repository.this",
            "module.notificacoes_lambda.null_resource.run_script",
            "module.notifications_general_topic.aws_sns_topic.this",
            "module.notifications_premium_topic.aws_sns_topic.this",
            "module.notifications_regional_topic.aws_sns_topic.this",
            "module.notifications_table.aws_dynamodb_table.this",
            "module.pedido_ofertas_table.aws_dynamodb_table.this",
            "module.pedidos_lambda.aws_iam_role.lambda_role",
            "module.pedidos_lambda.aws_lambda_function.lambda",
            "module.pedidos_lambda.data.aws_caller_identity.current",
            "module.pedidos_lambda.data.aws_iam_policy_document.policy_doc",
            "module.pedidos_lambda.module.repo_ecr_lambda.aws_ecr_repository.this",
            "module.pedidos_lambda.null_resource.run_script",
            "module.pedidos_table.aws_dynamodb_table.this",
            "module.rastreamento_lambda.aws_iam_role.lambda_role",
            "module.rastreamento_lambda.aws_lambda_function.lambda",
            "module.rastreamento_lambda.data.aws_caller_identity.current",
            "module.rastreamento_lambda.data.aws_iam_policy_document.policy_doc",
            "module.rastreamento_lambda.module.repo_ecr_lambda.aws_ecr_repository.this",
            "module.rastreamento_lambda.null_resource.run_script",
            "module.smart_routing_lambda.aws_iam_role.lambda_role",
            "module.smart_routing_lambda.aws_lambda_function.lambda",
            "module.smart_routing_lambda.data.aws_caller_identity.current",
            "module.smart_routing_lambda.data.aws_iam_policy_document.policy_doc",
            "module.smart_routing_lambda.module.repo_ecr_lambda.aws_ecr_repository.this",
            "module.smart_routing_lambda.null_resource.run_script",
            "module.users_table.aws_dynamodb_table.this",
            "module.usuarios_lambda.aws_iam_role.lambda_role",
            "module.usuarios_lambda.aws_lambda_function.lambda",
            "module.usuarios_lambda.data.aws_caller_identity.current",
            "module.usuarios_lambda.data.aws_iam_policy_document.policy_doc",
            "module.usuarios_lambda.module.repo_ecr_lambda.aws_ecr_repository.this",
            "module.usuarios_lambda.null_resource.run_script",
            "module.websocket_connections_table.aws_dynamodb_table.this",
            "module.websocket_lambda.aws_iam_role.lambda_role",
            "module.websocket_lambda.aws_lambda_function.lambda",
            "module.websocket_lambda.data.aws_caller_identity.current",
            "module.websocket_lambda.data.aws_iam_policy_document.policy_doc",
            "module.websocket_lambda.module.repo_ecr_lambda.aws_ecr_repository.this",
            "module.websocket_lambda.null_resource.run_script"
          ],
          "create_before_destroy": true
        },
        {
          "index_key": "13",
          "schema_version": 0,
          "attributes": {
            "id": "w1b7i6",
            "parent_id": "jzcl4i",
            "path": "/api/rastreamento/status-pedido",
            "path_part": "status-pedido",
            "region": "us-east-1",
            "rest_api_id": "aq72n5uzcb"
          },
          "sensitive_attributes": [],
          "identity_schema_version": 0,
          "private": "bnVsbA==",
          "dependencies": [
            "aws_apigatewayv2_api.websocket_api",
            "module.api_gateway.aws_api_gateway_resource.base_resources",
            "module.api_gateway.aws_api_gateway_resource.main_resource",
            "module.api_gateway.aws_api_gateway_rest_api.rest_api",
            "module.auth_lambda.aws_iam_role.lambda_role",
            "module.auth_lambda.aws_lambda_function.lambda",
            "module.auth_lambda.data.aws_caller_identity.current",
            "module.auth_lambda.data.aws_iam_policy_document.policy_doc",
            "module.auth_lambda.module.repo_ecr_lambda.aws_ecr_repository.this",
            "module.auth_lambda.null_resource.run_script",
            "module.events_queue.aws_sqs_queue.dead_letter_fifo_queue",
            "module.events_queue.aws_sqs_queue.fifo_queue",
            "module.locations_table.aws_dynamodb_table.this",
            "module.notificacoes_lambda.aws_iam_role.lambda_role",
            "module.notificacoes_lambda.aws_lambda_function.lambda",
            "module.notificacoes_lambda.data.aws_caller_identity.current",
            "module.notificacoes_lambda.data.aws_iam_policy_document.policy_doc",
            "module.notificacoes_lambda.module.repo_ecr_lambda.aws_ecr_repository.this",
            "module.notificacoes_lambda.null_resource.run_script",
            "module.notifications_general_topic.aws_sns_topic.this",
            "module.notifications_premium_topic.aws_sns_topic.this",
            "module.notifications_regional_topic.aws_sns_topic.this",
            "module.notifications_table.aws_dynamodb_table.this",
            "module.pedido_ofertas_table.aws_dynamodb_table.this",
            "module.pedidos_lambda.aws_iam_role.lambda_role",
            "module.pedidos_lambda.aws_lambda_function.lambda",
            "module.pedidos_lambda.data.aws_caller_identity.current",
            "module.pedidos_lambda.data.aws_iam_policy_document.policy_doc",
            "module.pedidos_lambda.module.repo_ecr_lambda.aws_ecr_repository.this",
            "module.pedidos_lambda.null_resource.run_script",
            "module.pedidos_table.aws_dynamodb_table.this",
            "module.rastreamento_lambda.aws_iam_role.lambda_role",
            "module.rastreamento_lambda.aws_lambda_function.lambda",
            "module.rastreamento_lambda.data.aws_caller_identity.current",
            "module.rastreamento_lambda.data.aws_iam_policy_document.policy_doc",
            "module.rastreamento_lambda.module.repo_ecr_lambda.aws_ecr_repository.this",
            "module.rastreamento_lambda.null_resource.run_script",
            "module.smart_routing_lambda.aws_iam_role.lambda_role",
            "module.smart_routing_lambda.aws_lambda_function.lambda",
            "module.smart_routing_lambda.data.aws_caller_identity.current",
            "module.smart_routing_lambda.data.aws_iam_policy_document.policy_doc",
            "module.smart_routing_lambda.module.repo_ecr_lambda.aws_ecr_repository.this",
            "module.smart_routing_lambda.null_resource.run_script",
            "module.users_table.aws_dynamodb_table.this",
            "module.usuarios_lambda.aws_iam_role.lambda_role",
            "module.usuarios_lambda.aws_lambda_function.lambda",
            "module.usuarios_lambda.data.aws_caller_identity.current",
            "module.usuarios_lambda.data.aws_iam_policy_document.policy_doc",
            "module.usuarios_lambda.module.repo_ecr_lambda.aws_ecr_repository.this",
            "module.usuarios_lambda.null_resource.run_script",
            "module.websocket_connections_table.aws_dynamodb_table.this",
            "module.websocket_lambda.aws_iam_role.lambda_role",
            "module.websocket_lambda.aws_lambda_function.lambda",
            "module.websocket_lambda.data.aws_caller_identity.current",
            "module.websocket_lambda.data.aws_iam_policy_document.policy_doc",
            "module.websocket_lambda.module.repo_ecr_lambda.aws_ecr_repository.this",
            "module.websocket_lambda.null_resource.run_script"
          ],
          "create_before_destroy": true
        },
        {
          "index_key": "14",
          "schema_version": 0,
          "attributes": {
            "id": "gc9ceo",
            "parent_id": "jzcl4i",
            "path": "/api/rastreamento/historico-pedido",
            "path_part": "historico-pedido",
            "region": "us-east-1",
            "rest_api_id": "aq72n5uzcb"
          },
          "sensitive_attributes": [],
          "identity_schema_version": 0,
          "private": "bnVsbA==",
          "dependencies": [
            "aws_apigatewayv2_api.websocket_api",
            "module.api_gateway.aws_api_gateway_resource.base_resources",
            "module.api_gateway.aws_api_gateway_resource.main_resource",
            "module.api_gateway.aws_api_gateway_rest_api.rest_api",
            "module.auth_lambda.aws_iam_role.lambda_role",
            "module.auth_lambda.aws_lambda_function.lambda",
            "module.auth_lambda.data.aws_caller_identity.current",
            "module.auth_lambda.data.aws_iam_policy_document.policy_doc",
            "module.auth_lambda.module.repo_ecr_lambda.aws_ecr_repository.this",
            "module.auth_lambda.null_resource.run_script",
            "module.events_queue.aws_sqs_queue.dead_letter_fifo_queue",
            "module.events_queue.aws_sqs_queue.fifo_queue",
            "module.locations_table.aws_dynamodb_table.this",
            "module.notificacoes_lambda.aws_iam_role.lambda_role",
            "module.notificacoes_lambda.aws_lambda_function.lambda",
            "module.notificacoes_lambda.data.aws_caller_identity.current",
            "module.notificacoes_lambda.data.aws_iam_policy_document.policy_doc",
            "module.notificacoes_lambda.module.repo_ecr_lambda.aws_ecr_repository.this",
            "module.notificacoes_lambda.null_resource.run_script",
            "module.notifications_general_topic.aws_sns_topic.this",
            "module.notifications_premium_topic.aws_sns_topic.this",
            "module.notifications_regional_topic.aws_sns_topic.this",
            "module.notifications_table.aws_dynamodb_table.this",
            "module.pedido_ofertas_table.aws_dynamodb_table.this",
            "module.pedidos_lambda.aws_iam_role.lambda_role",
            "module.pedidos_lambda.aws_lambda_function.lambda",
            "module.pedidos_lambda.data.aws_caller_identity.current",
            "module.pedidos_lambda.data.aws_iam_policy_document.policy_doc",
            "module.pedidos_lambda.module.repo_ecr_lambda.aws_ecr_repository.this",
            "module.pedidos_lambda.null_resource.run_script",
            "module.pedidos_table.aws_dynamodb_table.this",
            "module.rastreamento_lambda.aws_iam_role.lambda_role",
            "module.rastreamento_lambda.aws_lambda_function.lambda",
            "module.rastreamento_lambda.data.aws_caller_identity.current",
            "module.rastreamento_lambda.data.aws_iam_policy_document.policy_doc",
            "module.rastreamento_lambda.module.repo_ecr_lambda.aws_ecr_repository.this",
            "module.rastreamento_lambda.null_resource.run_script",
            "module.smart_routing_lambda.aws_iam_role.lambda_role",
            "module.smart_routing_lambda.aws_lambda_function.lambda",
            "module.smart_routing_lambda.data.aws_caller_identity.current",
            "module.smart_routing_lambda.data.aws_iam_policy_document.policy_doc",
            "module.smart_routing_lambda.module.repo_ecr_lambda.aws_ecr_repository.this",
            "module.smart_routing_lambda.null_resource.run_script",
            "module.users_table.aws_dynamodb_table.this",
            "module.usuarios_lambda.aws_iam_role.lambda_role",
            "module.usuarios_lambda.aws_lambda_function.lambda",
            "module.usuarios_lambda.data.aws_caller_identity.current",
            "module.usuarios_lambda.data.aws_iam_policy_document.policy_doc",
            "module.usuarios_lambda.module.repo_ecr_lambda.aws_ecr_repository.this",
            "module.usuarios_lambda.null_resource.run_script",
            "module.websocket_connections_table.aws_dynamodb_table.this",
            "module.websocket_lambda.aws_iam_role.lambda_role",
            "module.websocket_lambda.aws_lambda_function.lambda",
            "module.websocket_lambda.data.aws_caller_identity.current",
            "module.websocket_lambda.data.aws_iam_policy_document.policy_doc",
            "module.websocket_lambda.module.repo_ecr_lambda.aws_ecr_repository.this",
            "module.websocket_lambda.null_resource.run_script"
          ],
          "create_before_destroy": true
        },
        {
          "index_key": "15",
          "schema_version": 0,
          "attributes": {
            "id": "f2k6l6",
            "parent_id": "jzcl4i",
            "path": "/api/rastreamento/acao-coleta",
            "path_part": "acao-coleta",
            "region": "us-east-1",
            "rest_api_id": "aq72n5uzcb"
          },
          "sensitive_attributes": [],
          "identity_schema_version": 0,
          "private": "bnVsbA==",
          "dependencies": [
            "aws_apigatewayv2_api.websocket_api",
            "module.api_gateway.aws_api_gateway_resource.base_resources",
            "module.api_gateway.aws_api_gateway_resource.main_resource",
            "module.api_gateway.aws_api_gateway_rest_api.rest_api",
            "module.auth_lambda.aws_iam_role.lambda_role",
            "module.auth_lambda.aws_lambda_function.lambda",
            "module.auth_lambda.data.aws_caller_identity.current",
            "module.auth_lambda.data.aws_iam_policy_document.policy_doc",
            "module.auth_lambda.module.repo_ecr_lambda.aws_ecr_repository.this",
            "module.auth_lambda.null_resource.run_script",
            "module.events_queue.aws_sqs_queue.dead_letter_fifo_queue",
            "module.events_queue.aws_sqs_queue.fifo_queue",
            "module.locations_table.aws_dynamodb_table.this",
            "module.notificacoes_lambda.aws_iam_role.lambda_role",
            "module.notificacoes_lambda.aws_lambda_function.lambda",
            "module.notificacoes_lambda.data.aws_caller_identity.current",
            "module.notificacoes_lambda.data.aws_iam_policy_document.policy_doc",
            "module.notificacoes_lambda.module.repo_ecr_lambda.aws_ecr_repository.this",
            "module.notificacoes_lambda.null_resource.run_script",
            "module.notifications_general_topic.aws_sns_topic.this",
            "module.notifications_premium_topic.aws_sns_topic.this",
            "module.notifications_regional_topic.aws_sns_topic.this",
            "module.notifications_table.aws_dynamodb_table.this",
            "module.pedido_ofertas_table.aws_dynamodb_table.this",
            "module.pedidos_lambda.aws_iam_role.lambda_role",
            "module.pedidos_lambda.aws_lambda_function.lambda",
            "module.pedidos_lambda.data.aws_caller_identity.current",
            "module.pedidos_lambda.data.aws_iam_policy_document.policy_doc",
            "module.pedidos_lambda.module.repo_ecr_lambda.aws_ecr_repository.this",
            "module.pedidos_lambda.null_resource.run_script",
            "module.pedidos_table.aws_dynamodb_table.this",
            "module.rastreamento_lambda.aws_iam_role.lambda_role",
            "module.rastreamento_lambda.aws_lambda_function.lambda",
            "module.rastreamento_lambda.data.aws_caller_identity.current",
            "module.rastreamento_lambda.data.aws_iam_policy_document.policy_doc",
            "module.rastreamento_lambda.module.repo_ecr_lambda.aws_ecr_repository.this",
            "module.rastreamento_lambda.null_resource.run_script",
            "module.smart_routing_lambda.aws_iam_role.lambda_role",
            "module.smart_routing_lambda.aws_lambda_function.lambda",
            "module.smart_routing_lambda.data.aws_caller_identity.current",
            "module.smart_routing_lambda.data.aws_iam_policy_document.policy_doc",
            "module.smart_routing_lambda.module.repo_ecr_lambda.aws_ecr_repository.this",
            "module.smart_routing_lambda.null_resource.run_script",
            "module.users_table.aws_dynamodb_table.this",
            "module.usuarios_lambda.aws_iam_role.lambda_role",
            "module.usuarios_lambda.aws_lambda_function.lambda",
            "module.usuarios_lambda.data.aws_caller_identity.current",
            "module.usuarios_lambda.data.aws_iam_policy_document.policy_doc",
            "module.usuarios_lambda.module.repo_ecr_lambda.aws_ecr_repository.this",
            "module.usuarios_lambda.null_resource.run_script",
            "module.websocket_connections_table.aws_dynamodb_table.this",
            "module.websocket_lambda.aws_iam_role.lambda_role",
            "module.websocket_lambda.aws_lambda_function.lambda",
            "module.websocket_lambda.data.aws_caller_identity.current",
            "module.websocket_lambda.data.aws_iam_policy_document.policy_doc",
            "module.websocket_lambda.module.repo_ecr_lambda.aws_ecr_repository.this",
            "module.websocket_lambda.null_resource.run_script"
          ],
          "create_before_destroy": true
        },
        {
          "index_key": "16",
          "schema_version": 0,
          "attributes": {
            "id": "mjbx9c",
            "parent_id": "jzcl4i",
            "path": "/api/rastreamento/acao-entrega",
            "path_part": "acao-entrega",
            "region": "us-east-1",
            "rest_api_id": "aq72n5uzcb"
          },
          "sensitive_attributes": [],
          "identity_schema_version": 0,
          "private": "bnVsbA==",
          "dependencies": [
            "aws_apigatewayv2_api.websocket_api",
            "module.api_gateway.aws_api_gateway_resource.base_resources",
            "module.api_gateway.aws_api_gateway_resource.main_resource",
            "module.api_gateway.aws_api_gateway_rest_api.rest_api",
            "module.auth_lambda.aws_iam_role.lambda_role",
            "module.auth_lambda.aws_lambda_function.lambda",
            "module.auth_lambda.data.aws_caller_identity.current",
            "module.auth_lambda.data.aws_iam_policy_document.policy_doc",
            "module.auth_lambda.module.repo_ecr_lambda.aws_ecr_repository.this",
            "module.auth_lambda.null_resource.run_script",
            "module.events_queue.aws_sqs_queue.dead_letter_fifo_queue",
            "module.events_queue.aws_sqs_queue.fifo_queue",
            "module.locations_table.aws_dynamodb_table.this",
            "module.notificacoes_lambda.aws_iam_role.lambda_role",
            "module.notificacoes_lambda.aws_lambda_function.lambda",
            "module.notificacoes_lambda.data.aws_caller_identity.current",
            "module.notificacoes_lambda.data.aws_iam_policy_document.policy_doc",
            "module.notificacoes_lambda.module.repo_ecr_lambda.aws_ecr_repository.this",
            "module.notificacoes_lambda.null_resource.run_script",
            "module.notifications_general_topic.aws_sns_topic.this",
            "module.notifications_premium_topic.aws_sns_topic.this",
            "module.notifications_regional_topic.aws_sns_topic.this",
            "module.notifications_table.aws_dynamodb_table.this",
            "module.pedido_ofertas_table.aws_dynamodb_table.this",
            "module.pedidos_lambda.aws_iam_role.lambda_role",
            "module.pedidos_lambda.aws_lambda_function.lambda",
            "module.pedidos_lambda.data.aws_caller_identity.current",
            "module.pedidos_lambda.data.aws_iam_policy_document.policy_doc",
            "module.pedidos_lambda.module.repo_ecr_lambda.aws_ecr_repository.this",
            "module.pedidos_lambda.null_resource.run_script",
            "module.pedidos_table.aws_dynamodb_table.this",
            "module.rastreamento_lambda.aws_iam_role.lambda_role",
            "module.rastreamento_lambda.aws_lambda_function.lambda",
            "module.rastreamento_lambda.data.aws_caller_identity.current",
            "module.rastreamento_lambda.data.aws_iam_policy_document.policy_doc",
            "module.rastreamento_lambda.module.repo_ecr_lambda.aws_ecr_repository.this",
            "module.rastreamento_lambda.null_resource.run_script",
            "module.smart_routing_lambda.aws_iam_role.lambda_role",
            "module.smart_routing_lambda.aws_lambda_function.lambda",
            "module.smart_routing_lambda.data.aws_caller_identity.current",
            "module.smart_routing_lambda.data.aws_iam_policy_document.policy_doc",
            "module.smart_routing_lambda.module.repo_ecr_lambda.aws_ecr_repository.this",
            "module.smart_routing_lambda.null_resource.run_script",
            "module.users_table.aws_dynamodb_table.this",
            "module.usuarios_lambda.aws_iam_role.lambda_role",
            "module.usuarios_lambda.aws_lambda_function.lambda",
            "module.usuarios_lambda.data.aws_caller_identity.current",
            "module.usuarios_lambda.data.aws_iam_policy_document.policy_doc",
            "module.usuarios_lambda.module.repo_ecr_lambda.aws_ecr_repository.this",
            "module.usuarios_lambda.null_resource.run_script",
            "module.websocket_connections_table.aws_dynamodb_table.this",
            "module.websocket_lambda.aws_iam_role.lambda_role",
            "module.websocket_lambda.aws_lambda_function.lambda",
            "module.websocket_lambda.data.aws_caller_identity.current",
            "module.websocket_lambda.data.aws_iam_policy_document.policy_doc",
            "module.websocket_lambda.module.repo_ecr_lambda.aws_ecr_repository.this",
            "module.websocket_lambda.null_resource.run_script"
          ],
          "create_before_destroy": true
        },
        {
          "index_key": "17",
          "schema_version": 0,
          "attributes": {
            "id": "d5bc68",
            "parent_id": "jzcl4i",
            "path": "/api/rastreamento/registrar-localizacao",
            "path_part": "registrar-localizacao",
            "region": "us-east-1",
            "rest_api_id": "aq72n5uzcb"
          },
          "sensitive_attributes": [],
          "identity_schema_version": 0,
          "private": "bnVsbA==",
          "dependencies": [
            "aws_apigatewayv2_api.websocket_api",
            "module.api_gateway.aws_api_gateway_resource.base_resources",
            "module.api_gateway.aws_api_gateway_resource.main_resource",
            "module.api_gateway.aws_api_gateway_rest_api.rest_api",
            "module.auth_lambda.aws_iam_role.lambda_role",
            "module.auth_lambda.aws_lambda_function.lambda",
            "module.auth_lambda.data.aws_caller_identity.current",
            "module.auth_lambda.data.aws_iam_policy_document.policy_doc",
            "module.auth_lambda.module.repo_ecr_lambda.aws_ecr_repository.this",
            "module.auth_lambda.null_resource.run_script",
            "module.events_queue.aws_sqs_queue.dead_letter_fifo_queue",
            "module.events_queue.aws_sqs_queue.fifo_queue",
            "module.locations_table.aws_dynamodb_table.this",
            "module.notificacoes_lambda.aws_iam_role.lambda_role",
            "module.notificacoes_lambda.aws_lambda_function.lambda",
            "module.notificacoes_lambda.data.aws_caller_identity.current",
            "module.notificacoes_lambda.data.aws_iam_policy_document.policy_doc",
            "module.notificacoes_lambda.module.repo_ecr_lambda.aws_ecr_repository.this",
            "module.notificacoes_lambda.null_resource.run_script",
            "module.notifications_general_topic.aws_sns_topic.this",
            "module.notifications_premium_topic.aws_sns_topic.this",
            "module.notifications_regional_topic.aws_sns_topic.this",
            "module.notifications_table.aws_dynamodb_table.this",
            "module.pedido_ofertas_table.aws_dynamodb_table.this",
            "module.pedidos_lambda.aws_iam_role.lambda_role",
            "module.pedidos_lambda.aws_lambda_function.lambda",
            "module.pedidos_lambda.data.aws_caller_identity.current",
            "module.pedidos_lambda.data.aws_iam_policy_document.policy_doc",
            "module.pedidos_lambda.module.repo_ecr_lambda.aws_ecr_repository.this",
            "module.pedidos_lambda.null_resource.run_script",
            "module.pedidos_table.aws_dynamodb_table.this",
            "module.rastreamento_lambda.aws_iam_role.lambda_role",
            "module.rastreamento_lambda.aws_lambda_function.lambda",
            "module.rastreamento_lambda.data.aws_caller_identity.current",
            "module.rastreamento_lambda.data.aws_iam_policy_document.policy_doc",
            "module.rastreamento_lambda.module.repo_ecr_lambda.aws_ecr_repository.this",
            "module.rastreamento_lambda.null_resource.run_script",
            "module.smart_routing_lambda.aws_iam_role.lambda_role",
            "module.smart_routing_lambda.aws_lambda_function.lambda",
            "module.smart_routing_lambda.data.aws_caller_identity.current",
            "module.smart_routing_lambda.data.aws_iam_policy_document.policy_doc",
            "module.smart_routing_lambda.module.repo_ecr_lambda.aws_ecr_repository.this",
            "module.smart_routing_lambda.null_resource.run_script",
            "module.users_table.aws_dynamodb_table.this",
            "module.usuarios_lambda.aws_iam_role.lambda_role",
            "module.usuarios_lambda.aws_lambda_function.lambda",
            "module.usuarios_lambda.data.aws_caller_identity.current",
            "module.usuarios_lambda.data.aws_iam_policy_document.policy_doc",
            "module.usuarios_lambda.module.repo_ecr_lambda.aws_ecr_repository.this",
            "module.usuarios_lambda.null_resource.run_script",
            "module.websocket_connections_table.aws_dynamodb_table.this",
            "module.websocket_lambda.aws_iam_role.lambda_role",
            "module.websocket_lambda.aws_lambda_function.lambda",
            "module.websocket_lambda.data.aws_caller_identity.current",
            "module.websocket_lambda.data.aws_iam_policy_document.policy_doc",
            "module.websocket_lambda.module.repo_ecr_lambda.aws_ecr_repository.this",
            "module.websocket_lambda.null_resource.run_script"
          ],
          "create_before_destroy": true
        },
        {
          "index_key": "18",
          "schema_version": 0,
          "attributes": {
            "id": "m84byw",
            "parent_id": "jzcl4i",
            "path": "/api/rastreamento/motorista",
            "path_part": "motorista",
            "region": "us-east-1",
            "rest_api_id": "aq72n5uzcb"
          },
          "sensitive_attributes": [],
          "identity_schema_version": 0,
          "private": "bnVsbA==",
          "dependencies": [
            "aws_apigatewayv2_api.websocket_api",
            "module.api_gateway.aws_api_gateway_resource.base_resources",
            "module.api_gateway.aws_api_gateway_resource.main_resource",
            "module.api_gateway.aws_api_gateway_rest_api.rest_api",
            "module.auth_lambda.aws_iam_role.lambda_role",
            "module.auth_lambda.aws_lambda_function.lambda",
            "module.auth_lambda.data.aws_caller_identity.current",
            "module.auth_lambda.data.aws_iam_policy_document.policy_doc",
            "module.auth_lambda.module.repo_ecr_lambda.aws_ecr_repository.this",
            "module.auth_lambda.null_resource.run_script",
            "module.events_queue.aws_sqs_queue.dead_letter_fifo_queue",
            "module.events_queue.aws_sqs_queue.fifo_queue",
            "module.locations_table.aws_dynamodb_table.this",
            "module.notificacoes_lambda.aws_iam_role.lambda_role",
            "module.notificacoes_lambda.aws_lambda_function.lambda",
            "module.notificacoes_lambda.data.aws_caller_identity.current",
            "module.notificacoes_lambda.data.aws_iam_policy_document.policy_doc",
            "module.notificacoes_lambda.module.repo_ecr_lambda.aws_ecr_repository.this",
            "module.notificacoes_lambda.null_resource.run_script",
            "module.notifications_general_topic.aws_sns_topic.this",
            "module.notifications_premium_topic.aws_sns_topic.this",
            "module.notifications_regional_topic.aws_sns_topic.this",
            "module.notifications_table.aws_dynamodb_table.this",
            "module.pedido_ofertas_table.aws_dynamodb_table.this",
            "module.pedidos_lambda.aws_iam_role.lambda_role",
            "module.pedidos_lambda.aws_lambda_function.lambda",
            "module.pedidos_lambda.data.aws_caller_identity.current",
            "module.pedidos_lambda.data.aws_iam_policy_document.policy_doc",
            "module.pedidos_lambda.module.repo_ecr_lambda.aws_ecr_repository.this",
            "module.pedidos_lambda.null_resource.run_script",
            "module.pedidos_table.aws_dynamodb_table.this",
            "module.rastreamento_lambda.aws_iam_role.lambda_role",
            "module.rastreamento_lambda.aws_lambda_function.lambda",
            "module.rastreamento_lambda.data.aws_caller_identity.current",
            "module.rastreamento_lambda.data.aws_iam_policy_document.policy_doc",
            "module.rastreamento_lambda.module.repo_ecr_lambda.aws_ecr_repository.this",
            "module.rastreamento_lambda.null_resource.run_script",
            "module.smart_routing_lambda.aws_iam_role.lambda_role",
            "module.smart_routing_lambda.aws_lambda_function.lambda",
            "module.smart_routing_lambda.data.aws_caller_identity.current",
            "module.smart_routing_lambda.data.aws_iam_policy_document.policy_doc",
            "module.smart_routing_lambda.module.repo_ecr_lambda.aws_ecr_repository.this",
            "module.smart_routing_lambda.null_resource.run_script",
            "module.users_table.aws_dynamodb_table.this",
            "module.usuarios_lambda.aws_iam_role.lambda_role",
            "module.usuarios_lambda.aws_lambda_function.lambda",
            "module.usuarios_lambda.data.aws_caller_identity.current",
            "module.usuarios_lambda.data.aws_iam_policy_document.policy_doc",
            "module.usuarios_lambda.module.repo_ecr_lambda.aws_ecr_repository.this",
            "module.usuarios_lambda.null_resource.run_script",
            "module.websocket_connections_table.aws_dynamodb_table.this",
            "module.websocket_lambda.aws_iam_role.lambda_role",
            "module.websocket_lambda.aws_lambda_function.lambda",
            "module.websocket_lambda.data.aws_caller_identity.current",
            "module.websocket_lambda.data.aws_iam_policy_document.policy_doc",
            "module.websocket_lambda.module.repo_ecr_lambda.aws_ecr_repository.this",
            "module.websocket_lambda.null_resource.run_script"
          ],
          "create_before_destroy": true
        },
        {
          "index_key": "19",
          "schema_version": 0,
          "attributes": {
            "id": "gmh4r0",
            "parent_id": "acl8og",
            "path": "/api/smart-routing/buscar-motoristas",
            "path_part": "buscar-motoristas",
            "region": "us-east-1",
            "rest_api_id": "aq72n5uzcb"
          },
          "sensitive_attributes": [],
          "identity_schema_version": 0,
          "private": "bnVsbA==",
          "dependencies": [
            "aws_apigatewayv2_api.websocket_api",
            "module.api_gateway.aws_api_gateway_resource.base_resources",
            "module.api_gateway.aws_api_gateway_resource.main_resource",
            "module.api_gateway.aws_api_gateway_rest_api.rest_api",
            "module.auth_lambda.aws_iam_role.lambda_role",
            "module.auth_lambda.aws_lambda_function.lambda",
            "module.auth_lambda.data.aws_caller_identity.current",
            "module.auth_lambda.data.aws_iam_policy_document.policy_doc",
            "module.auth_lambda.module.repo_ecr_lambda.aws_ecr_repository.this",
            "module.auth_lambda.null_resource.run_script",
            "module.events_queue.aws_sqs_queue.dead_letter_fifo_queue",
            "module.events_queue.aws_sqs_queue.fifo_queue",
            "module.locations_table.aws_dynamodb_table.this",
            "module.notificacoes_lambda.aws_iam_role.lambda_role",
            "module.notificacoes_lambda.aws_lambda_function.lambda",
            "module.notificacoes_lambda.data.aws_caller_identity.current",
            "module.notificacoes_lambda.data.aws_iam_policy_document.policy_doc",
            "module.notificacoes_lambda.module.repo_ecr_lambda.aws_ecr_repository.this",
            "module.notificacoes_lambda.null_resource.run_script",
            "module.notifications_general_topic.aws_sns_topic.this",
            "module.notifications_premium_topic.aws_sns_topic.this",
            "module.notifications_regional_topic.aws_sns_topic.this",
            "module.notifications_table.aws_dynamodb_table.this",
            "module.pedido_ofertas_table.aws_dynamodb_table.this",
            "module.pedidos_lambda.aws_iam_role.lambda_role",
            "module.pedidos_lambda.aws_lambda_function.lambda",
            "module.pedidos_lambda.data.aws_caller_identity.current",
            "module.pedidos_lambda.data.aws_iam_policy_document.policy_doc",
            "module.pedidos_lambda.module.repo_ecr_lambda.aws_ecr_repository.this",
            "module.pedidos_lambda.null_resource.run_script",
            "module.pedidos_table.aws_dynamodb_table.this",
            "module.rastreamento_lambda.aws_iam_role.lambda_role",
            "module.rastreamento_lambda.aws_lambda_function.lambda",
            "module.rastreamento_lambda.data.aws_caller_identity.current",
            "module.rastreamento_lambda.data.aws_iam_policy_document.policy_doc",
            "module.rastreamento_lambda.module.repo_ecr_lambda.aws_ecr_repository.this",
            "module.rastreamento_lambda.null_resource.run_script",
            "module.smart_routing_lambda.aws_iam_role.lambda_role",
            "module.smart_routing_lambda.aws_lambda_function.lambda",
            "module.smart_routing_lambda.data.aws_caller_identity.current",
            "module.smart_routing_lambda.data.aws_iam_policy_document.policy_doc",
            "module.smart_routing_lambda.module.repo_ecr_lambda.aws_ecr_repository.this",
            "module.smart_routing_lambda.null_resource.run_script",
            "module.users_table.aws_dynamodb_table.this",
            "module.usuarios_lambda.aws_iam_role.lambda_role",
            "module.usuarios_lambda.aws_lambda_function.lambda",
            "module.usuarios_lambda.data.aws_caller_identity.current",
            "module.usuarios_lambda.data.aws_iam_policy_document.policy_doc",
            "module.usuarios_lambda.module.repo_ecr_lambda.aws_ecr_repository.this",
            "module.usuarios_lambda.null_resource.run_script",
            "module.websocket_connections_table.aws_dynamodb_table.this",
            "module.websocket_lambda.aws_iam_role.lambda_role",
            "module.websocket_lambda.aws_lambda_function.lambda",
            "module.websocket_lambda.data.aws_caller_identity.current",
            "module.websocket_lambda.data.aws_iam_policy_document.policy_doc",
            "module.websocket_lambda.module.repo_ecr_lambda.aws_ecr_repository.this",
            "module.websocket_lambda.null_resource.run_script"
          ],
          "create_before_destroy": true
        },
        {
          "index_key": "2",
          "schema_version": 0,
          "attributes": {
            "id": "4f0vz7",
            "parent_id": "tppkl0",
            "path": "/api/auth/registro-motorista",
            "path_part": "registro-motorista",
            "region": "us-east-1",
            "rest_api_id": "aq72n5uzcb"
          },
          "sensitive_attributes": [],
          "identity_schema_version": 0,
          "private": "bnVsbA==",
          "dependencies": [
            "aws_apigatewayv2_api.websocket_api",
            "module.api_gateway.aws_api_gateway_resource.base_resources",
            "module.api_gateway.aws_api_gateway_resource.main_resource",
            "module.api_gateway.aws_api_gateway_rest_api.rest_api",
            "module.auth_lambda.aws_iam_role.lambda_role",
            "module.auth_lambda.aws_lambda_function.lambda",
            "module.auth_lambda.data.aws_caller_identity.current",
            "module.auth_lambda.data.aws_iam_policy_document.policy_doc",
            "module.auth_lambda.module.repo_ecr_lambda.aws_ecr_repository.this",
            "module.auth_lambda.null_resource.run_script",
            "module.events_queue.aws_sqs_queue.dead_letter_fifo_queue",
            "module.events_queue.aws_sqs_queue.fifo_queue",
            "module.locations_table.aws_dynamodb_table.this",
            "module.notificacoes_lambda.aws_iam_role.lambda_role",
            "module.notificacoes_lambda.aws_lambda_function.lambda",
            "module.notificacoes_lambda.data.aws_caller_identity.current",
            "module.notificacoes_lambda.data.aws_iam_policy_document.policy_doc",
            "module.notificacoes_lambda.module.repo_ecr_lambda.aws_ecr_repository.this",
            "module.notificacoes_lambda.null_resource.run_script",
            "module.notifications_general_topic.aws_sns_topic.this",
            "module.notifications_premium_topic.aws_sns_topic.this",
            "module.notifications_regional_topic.aws_sns_topic.this",
            "module.notifications_table.aws_dynamodb_table.this",
            "module.pedido_ofertas_table.aws_dynamodb_table.this",
            "module.pedidos_lambda.aws_iam_role.lambda_role",
            "module.pedidos_lambda.aws_lambda_function.lambda",
            "module.pedidos_lambda.data.aws_caller_identity.current",
            "module.pedidos_lambda.data.aws_iam_policy_document.policy_doc",
            "module.pedidos_lambda.module.repo_ecr_lambda.aws_ecr_repository.this",
            "module.pedidos_lambda.null_resource.run_script",
            "module.pedidos_table.aws_dynamodb_table.this",
            "module.rastreamento_lambda.aws_iam_role.lambda_role",
            "module.rastreamento_lambda.aws_lambda_function.lambda",
            "module.rastreamento_lambda.data.aws_caller_identity.current",
            "module.rastreamento_lambda.data.aws_iam_policy_document.policy_doc",
            "module.rastreamento_lambda.module.repo_ecr_lambda.aws_ecr_repository.this",
            "module.rastreamento_lambda.null_resource.run_script",
            "module.smart_routing_lambda.aws_iam_role.lambda_role",
            "module.smart_routing_lambda.aws_lambda_function.lambda",
            "module.smart_routing_lambda.data.aws_caller_identity.current",
            "module.smart_routing_lambda.data.aws_iam_policy_document.policy_doc",
            "module.smart_routing_lambda.module.repo_ecr_lambda.aws_ecr_repository.this",
            "module.smart_routing_lambda.null_resource.run_script",
            "module.users_table.aws_dynamodb_table.this",
            "module.usuarios_lambda.aws_iam_role.lambda_role",
            "module.usuarios_lambda.aws_lambda_function.lambda",
            "module.usuarios_lambda.data.aws_caller_identity.current",
            "module.usuarios_lambda.data.aws_iam_policy_document.policy_doc",
            "module.usuarios_lambda.module.repo_ecr_lambda.aws_ecr_repository.this",
            "module.usuarios_lambda.null_resource.run_script",
            "module.websocket_connections_table.aws_dynamodb_table.this",
            "module.websocket_lambda.aws_iam_role.lambda_role",
            "module.websocket_lambda.aws_lambda_function.lambda",
            "module.websocket_lambda.data.aws_caller_identity.current",
            "module.websocket_lambda.data.aws_iam_policy_document.policy_doc",
            "module.websocket_lambda.module.repo_ecr_lambda.aws_ecr_repository.this",
            "module.websocket_lambda.null_resource.run_script"
          ],
          "create_before_destroy": true
        },
        {
          "index_key": "20",
          "schema_version": 0,
          "attributes": {
            "id": "yxygyo",
            "parent_id": "acl8og",
            "path": "/api/smart-routing/oferta-motorista",
            "path_part": "oferta-motorista",
            "region": "us-east-1",
            "rest_api_id": "aq72n5uzcb"
          },
          "sensitive_attributes": [],
          "identity_schema_version": 0,
          "private": "bnVsbA==",
          "dependencies": [
            "aws_apigatewayv2_api.websocket_api",
            "module.api_gateway.aws_api_gateway_resource.base_resources",
            "module.api_gateway.aws_api_gateway_resource.main_resource",
            "module.api_gateway.aws_api_gateway_rest_api.rest_api",
            "module.auth_lambda.aws_iam_role.lambda_role",
            "module.auth_lambda.aws_lambda_function.lambda",
            "module.auth_lambda.data.aws_caller_identity.current",
            "module.auth_lambda.data.aws_iam_policy_document.policy_doc",
            "module.auth_lambda.module.repo_ecr_lambda.aws_ecr_repository.this",
            "module.auth_lambda.null_resource.run_script",
            "module.events_queue.aws_sqs_queue.dead_letter_fifo_queue",
            "module.events_queue.aws_sqs_queue.fifo_queue",
            "module.locations_table.aws_dynamodb_table.this",
            "module.notificacoes_lambda.aws_iam_role.lambda_role",
            "module.notificacoes_lambda.aws_lambda_function.lambda",
            "module.notificacoes_lambda.data.aws_caller_identity.current",
            "module.notificacoes_lambda.data.aws_iam_policy_document.policy_doc",
            "module.notificacoes_lambda.module.repo_ecr_lambda.aws_ecr_repository.this",
            "module.notificacoes_lambda.null_resource.run_script",
            "module.notifications_general_topic.aws_sns_topic.this",
            "module.notifications_premium_topic.aws_sns_topic.this",
            "module.notifications_regional_topic.aws_sns_topic.this",
            "module.notifications_table.aws_dynamodb_table.this",
            "module.pedido_ofertas_table.aws_dynamodb_table.this",
            "module.pedidos_lambda.aws_iam_role.lambda_role",
            "module.pedidos_lambda.aws_lambda_function.lambda",
            "module.pedidos_lambda.data.aws_caller_identity.current",
            "module.pedidos_lambda.data.aws_iam_policy_document.policy_doc",
            "module.pedidos_lambda.module.repo_ecr_lambda.aws_ecr_repository.this",
            "module.pedidos_lambda.null_resource.run_script",
            "module.pedidos_table.aws_dynamodb_table.this",
            "module.rastreamento_lambda.aws_iam_role.lambda_role",
            "module.rastreamento_lambda.aws_lambda_function.lambda",
            "module.rastreamento_lambda.data.aws_caller_identity.current",
            "module.rastreamento_lambda.data.aws_iam_policy_document.policy_doc",
            "module.rastreamento_lambda.module.repo_ecr_lambda.aws_ecr_repository.this",
            "module.rastreamento_lambda.null_resource.run_script",
            "module.smart_routing_lambda.aws_iam_role.lambda_role",
            "module.smart_routing_lambda.aws_lambda_function.lambda",
            "module.smart_routing_lambda.data.aws_caller_identity.current",
            "module.smart_routing_lambda.data.aws_iam_policy_document.policy_doc",
            "module.smart_routing_lambda.module.repo_ecr_lambda.aws_ecr_repository.this",
            "module.smart_routing_lambda.null_resource.run_script",
            "module.users_table.aws_dynamodb_table.this",
            "module.usuarios_lambda.aws_iam_role.lambda_role",
            "module.usuarios_lambda.aws_lambda_function.lambda",
            "module.usuarios_lambda.data.aws_caller_identity.current",
            "module.usuarios_lambda.data.aws_iam_policy_document.policy_doc",
            "module.usuarios_lambda.module.repo_ecr_lambda.aws_ecr_repository.this",
            "module.usuarios_lambda.null_resource.run_script",
            "module.websocket_connections_table.aws_dynamodb_table.this",
            "module.websocket_lambda.aws_iam_role.lambda_role",
            "module.websocket_lambda.aws_lambda_function.lambda",
            "module.websocket_lambda.data.aws_caller_identity.current",
            "module.websocket_lambda.data.aws_iam_policy_document.policy_doc",
            "module.websocket_lambda.module.repo_ecr_lambda.aws_ecr_repository.this",
            "module.websocket_lambda.null_resource.run_script"
          ],
          "create_before_destroy": true
        },
        {
          "index_key": "21",
          "schema_version": 0,
          "attributes": {
            "id": "sf0zi7",
            "parent_id": "acl8og",
            "path": "/api/smart-routing/oferta-aceitar",
            "path_part": "oferta-aceitar",
            "region": "us-east-1",
            "rest_api_id": "aq72n5uzcb"
          },
          "sensitive_attributes": [],
          "identity_schema_version": 0,
          "private": "bnVsbA==",
          "dependencies": [
            "aws_apigatewayv2_api.websocket_api",
            "module.api_gateway.aws_api_gateway_resource.base_resources",
            "module.api_gateway.aws_api_gateway_resource.main_resource",
            "module.api_gateway.aws_api_gateway_rest_api.rest_api",
            "module.auth_lambda.aws_iam_role.lambda_role",
            "module.auth_lambda.aws_lambda_function.lambda",
            "module.auth_lambda.data.aws_caller_identity.current",
            "module.auth_lambda.data.aws_iam_policy_document.policy_doc",
            "module.auth_lambda.module.repo_ecr_lambda.aws_ecr_repository.this",
            "module.auth_lambda.null_resource.run_script",
            "module.events_queue.aws_sqs_queue.dead_letter_fifo_queue",
            "module.events_queue.aws_sqs_queue.fifo_queue",
            "module.locations_table.aws_dynamodb_table.this",
            "module.notificacoes_lambda.aws_iam_role.lambda_role",
            "module.notificacoes_lambda.aws_lambda_function.lambda",
            "module.notificacoes_lambda.data.aws_caller_identity.current",
            "module.notificacoes_lambda.data.aws_iam_policy_document.policy_doc",
            "module.notificacoes_lambda.module.repo_ecr_lambda.aws_ecr_repository.this",
            "module.notificacoes_lambda.null_resource.run_script",
            "module.notifications_general_topic.aws_sns_topic.this",
            "module.notifications_premium_topic.aws_sns_topic.this",
            "module.notifications_regional_topic.aws_sns_topic.this",
            "module.notifications_table.aws_dynamodb_table.this",
            "module.pedido_ofertas_table.aws_dynamodb_table.this",
            "module.pedidos_lambda.aws_iam_role.lambda_role",
            "module.pedidos_lambda.aws_lambda_function.lambda",
            "module.pedidos_lambda.data.aws_caller_identity.current",
            "module.pedidos_lambda.data.aws_iam_policy_document.policy_doc",
            "module.pedidos_lambda.module.repo_ecr_lambda.aws_ecr_repository.this",
            "module.pedidos_lambda.null_resource.run_script",
            "module.pedidos_table.aws_dynamodb_table.this",
            "module.rastreamento_lambda.aws_iam_role.lambda_role",
            "module.rastreamento_lambda.aws_lambda_function.lambda",
            "module.rastreamento_lambda.data.aws_caller_identity.current",
            "module.rastreamento_lambda.data.aws_iam_policy_document.policy_doc",
            "module.rastreamento_lambda.module.repo_ecr_lambda.aws_ecr_repository.this",
            "module.rastreamento_lambda.null_resource.run_script",
            "module.smart_routing_lambda.aws_iam_role.lambda_role",
            "module.smart_routing_lambda.aws_lambda_function.lambda",
            "module.smart_routing_lambda.data.aws_caller_identity.current",
            "module.smart_routing_lambda.data.aws_iam_policy_document.policy_doc",
            "module.smart_routing_lambda.module.repo_ecr_lambda.aws_ecr_repository.this",
            "module.smart_routing_lambda.null_resource.run_script",
            "module.users_table.aws_dynamodb_table.this",
            "module.usuarios_lambda.aws_iam_role.lambda_role",
            "module.usuarios_lambda.aws_lambda_function.lambda",
            "module.usuarios_lambda.data.aws_caller_identity.current",
            "module.usuarios_lambda.data.aws_iam_policy_document.policy_doc",
            "module.usuarios_lambda.module.repo_ecr_lambda.aws_ecr_repository.this",
            "module.usuarios_lambda.null_resource.run_script",
            "module.websocket_connections_table.aws_dynamodb_table.this",
            "module.websocket_lambda.aws_iam_role.lambda_role",
            "module.websocket_lambda.aws_lambda_function.lambda",
            "module.websocket_lambda.data.aws_caller_identity.current",
            "module.websocket_lambda.data.aws_iam_policy_document.policy_doc",
            "module.websocket_lambda.module.repo_ecr_lambda.aws_ecr_repository.this",
            "module.websocket_lambda.null_resource.run_script"
          ],
          "create_before_destroy": true
        },
        {
          "index_key": "22",
          "schema_version": 0,
          "attributes": {
            "id": "txu0id",
            "parent_id": "acl8og",
            "path": "/api/smart-routing/oferta-rejeitar",
            "path_part": "oferta-rejeitar",
            "region": "us-east-1",
            "rest_api_id": "aq72n5uzcb"
          },
          "sensitive_attributes": [],
          "identity_schema_version": 0,
          "private": "bnVsbA==",
          "dependencies": [
            "aws_apigatewayv2_api.websocket_api",
            "module.api_gateway.aws_api_gateway_resource.base_resources",
            "module.api_gateway.aws_api_gateway_resource.main_resource",
            "module.api_gateway.aws_api_gateway_rest_api.rest_api",
            "module.auth_lambda.aws_iam_role.lambda_role",
            "module.auth_lambda.aws_lambda_function.lambda",
            "module.auth_lambda.data.aws_caller_identity.current",
            "module.auth_lambda.data.aws_iam_policy_document.policy_doc",
            "module.auth_lambda.module.repo_ecr_lambda.aws_ecr_repository.this",
            "module.auth_lambda.null_resource.run_script",
            "module.events_queue.aws_sqs_queue.dead_letter_fifo_queue",
            "module.events_queue.aws_sqs_queue.fifo_queue",
            "module.locations_table.aws_dynamodb_table.this",
            "module.notificacoes_lambda.aws_iam_role.lambda_role",
            "module.notificacoes_lambda.aws_lambda_function.lambda",
            "module.notificacoes_lambda.data.aws_caller_identity.current",
            "module.notificacoes_lambda.data.aws_iam_policy_document.policy_doc",
            "module.notificacoes_lambda.module.repo_ecr_lambda.aws_ecr_repository.this",
            "module.notificacoes_lambda.null_resource.run_script",
            "module.notifications_general_topic.aws_sns_topic.this",
            "module.notifications_premium_topic.aws_sns_topic.this",
            "module.notifications_regional_topic.aws_sns_topic.this",
            "module.notifications_table.aws_dynamodb_table.this",
            "module.pedido_ofertas_table.aws_dynamodb_table.this",
            "module.pedidos_lambda.aws_iam_role.lambda_role",
            "module.pedidos_lambda.aws_lambda_function.lambda",
            "module.pedidos_lambda.data.aws_caller_identity.current",
            "module.pedidos_lambda.data.aws_iam_policy_document.policy_doc",
            "module.pedidos_lambda.module.repo_ecr_lambda.aws_ecr_repository.this",
            "module.pedidos_lambda.null_resource.run_script",
            "module.pedidos_table.aws_dynamodb_table.this",
            "module.rastreamento_lambda.aws_iam_role.lambda_role",
            "module.rastreamento_lambda.aws_lambda_function.lambda",
            "module.rastreamento_lambda.data.aws_caller_identity.current",
            "module.rastreamento_lambda.data.aws_iam_policy_document.policy_doc",
            "module.rastreamento_lambda.module.repo_ecr_lambda.aws_ecr_repository.this",
            "module.rastreamento_lambda.null_resource.run_script",
            "module.smart_routing_lambda.aws_iam_role.lambda_role",
            "module.smart_routing_lambda.aws_lambda_function.lambda",
            "module.smart_routing_lambda.data.aws_caller_identity.current",
            "module.smart_routing_lambda.data.aws_iam_policy_document.policy_doc",
            "module.smart_routing_lambda.module.repo_ecr_lambda.aws_ecr_repository.this",
            "module.smart_routing_lambda.null_resource.run_script",
            "module.users_table.aws_dynamodb_table.this",
            "module.usuarios_lambda.aws_iam_role.lambda_role",
            "module.usuarios_lambda.aws_lambda_function.lambda",
            "module.usuarios_lambda.data.aws_caller_identity.current",
            "module.usuarios_lambda.data.aws_iam_policy_document.policy_doc",
            "module.usuarios_lambda.module.repo_ecr_lambda.aws_ecr_repository.this",
            "module.usuarios_lambda.null_resource.run_script",
            "module.websocket_connections_table.aws_dynamodb_table.this",
            "module.websocket_lambda.aws_iam_role.lambda_role",
            "module.websocket_lambda.aws_lambda_function.lambda",
            "module.websocket_lambda.data.aws_caller_identity.current",
            "module.websocket_lambda.data.aws_iam_policy_document.policy_doc",
            "module.websocket_lambda.module.repo_ecr_lambda.aws_ecr_repository.this",
            "module.websocket_lambda.null_resource.run_script"
          ],
          "create_before_destroy": true
        },
        {
          "index_key": "23",
          "schema_version": 0,
          "attributes": {
            "id": "oodnp7",
            "parent_id": "acl8og",
            "path": "/api/smart-routing/ofertas-por-motorista",
            "path_part": "ofertas-por-motorista",
            "region": "us-east-1",
            "rest_api_id": "aq72n5uzcb"
          },
          "sensitive_attributes": [],
          "identity_schema_version": 0,
          "private": "bnVsbA==",
          "dependencies": [
            "aws_apigatewayv2_api.websocket_api",
            "module.api_gateway.aws_api_gateway_resource.base_resources",
            "module.api_gateway.aws_api_gateway_resource.main_resource",
            "module.api_gateway.aws_api_gateway_rest_api.rest_api",
            "module.auth_lambda.aws_iam_role.lambda_role",
            "module.auth_lambda.aws_lambda_function.lambda",
            "module.auth_lambda.data.aws_caller_identity.current",
            "module.auth_lambda.data.aws_iam_policy_document.policy_doc",
            "module.auth_lambda.module.repo_ecr_lambda.aws_ecr_repository.this",
            "module.auth_lambda.null_resource.run_script",
            "module.events_queue.aws_sqs_queue.dead_letter_fifo_queue",
            "module.events_queue.aws_sqs_queue.fifo_queue",
            "module.locations_table.aws_dynamodb_table.this",
            "module.notificacoes_lambda.aws_iam_role.lambda_role",
            "module.notificacoes_lambda.aws_lambda_function.lambda",
            "module.notificacoes_lambda.data.aws_caller_identity.current",
            "module.notificacoes_lambda.data.aws_iam_policy_document.policy_doc",
            "module.notificacoes_lambda.module.repo_ecr_lambda.aws_ecr_repository.this",
            "module.notificacoes_lambda.null_resource.run_script",
            "module.notifications_general_topic.aws_sns_topic.this",
            "module.notifications_premium_topic.aws_sns_topic.this",
            "module.notifications_regional_topic.aws_sns_topic.this",
            "module.notifications_table.aws_dynamodb_table.this",
            "module.pedido_ofertas_table.aws_dynamodb_table.this",
            "module.pedidos_lambda.aws_iam_role.lambda_role",
            "module.pedidos_lambda.aws_lambda_function.lambda",
            "module.pedidos_lambda.data.aws_caller_identity.current",
            "module.pedidos_lambda.data.aws_iam_policy_document.policy_doc",
            "module.pedidos_lambda.module.repo_ecr_lambda.aws_ecr_repository.this",
            "module.pedidos_lambda.null_resource.run_script",
            "module.pedidos_table.aws_dynamodb_table.this",
            "module.rastreamento_lambda.aws_iam_role.lambda_role",
            "module.rastreamento_lambda.aws_lambda_function.lambda",
            "module.rastreamento_lambda.data.aws_caller_identity.current",
            "module.rastreamento_lambda.data.aws_iam_policy_document.policy_doc",
            "module.rastreamento_lambda.module.repo_ecr_lambda.aws_ecr_repository.this",
            "module.rastreamento_lambda.null_resource.run_script",
            "module.smart_routing_lambda.aws_iam_role.lambda_role",
            "module.smart_routing_lambda.aws_lambda_function.lambda",
            "module.smart_routing_lambda.data.aws_caller_identity.current",
            "module.smart_routing_lambda.data.aws_iam_policy_document.policy_doc",
            "module.smart_routing_lambda.module.repo_ecr_lambda.aws_ecr_repository.this",
            "module.smart_routing_lambda.null_resource.run_script",
            "module.users_table.aws_dynamodb_table.this",
            "module.usuarios_lambda.aws_iam_role.lambda_role",
            "module.usuarios_lambda.aws_lambda_function.lambda",
            "module.usuarios_lambda.data.aws_caller_identity.current",
            "module.usuarios_lambda.data.aws_iam_policy_document.policy_doc",
            "module.usuarios_lambda.module.repo_ecr_lambda.aws_ecr_repository.this",
            "module.usuarios_lambda.null_resource.run_script",
            "module.websocket_connections_table.aws_dynamodb_table.this",
            "module.websocket_lambda.aws_iam_role.lambda_role",
            "module.websocket_lambda.aws_lambda_function.lambda",
            "module.websocket_lambda.data.aws_caller_identity.current",
            "module.websocket_lambda.data.aws_iam_policy_document.policy_doc",
            "module.websocket_lambda.module.repo_ecr_lambda.aws_ecr_repository.this",
            "module.websocket_lambda.null_resource.run_script"
          ],
          "create_before_destroy": true
        },
        {
          "index_key": "4",
          "schema_version": 0,
          "attributes": {
            "id": "lzdo5r",
            "parent_id": "kfd8xj",
            "path": "/api/pedidos/usuario-info",
            "path_part": "usuario-info",
            "region": "us-east-1",
            "rest_api_id": "aq72n5uzcb"
          },
          "sensitive_attributes": [],
          "identity_schema_version": 0,
          "private": "bnVsbA==",
          "dependencies": [
            "aws_apigatewayv2_api.websocket_api",
            "module.api_gateway.aws_api_gateway_resource.base_resources",
            "module.api_gateway.aws_api_gateway_resource.main_resource",
            "module.api_gateway.aws_api_gateway_rest_api.rest_api",
            "module.auth_lambda.aws_iam_role.lambda_role",
            "module.auth_lambda.aws_lambda_function.lambda",
            "module.auth_lambda.data.aws_caller_identity.current",
            "module.auth_lambda.data.aws_iam_policy_document.policy_doc",
            "module.auth_lambda.module.repo_ecr_lambda.aws_ecr_repository.this",
            "module.auth_lambda.null_resource.run_script",
            "module.events_queue.aws_sqs_queue.dead_letter_fifo_queue",
            "module.events_queue.aws_sqs_queue.fifo_queue",
            "module.locations_table.aws_dynamodb_table.this",
            "module.notificacoes_lambda.aws_iam_role.lambda_role",
            "module.notificacoes_lambda.aws_lambda_function.lambda",
            "module.notificacoes_lambda.data.aws_caller_identity.current",
            "module.notificacoes_lambda.data.aws_iam_policy_document.policy_doc",
            "module.notificacoes_lambda.module.repo_ecr_lambda.aws_ecr_repository.this",
            "module.notificacoes_lambda.null_resource.run_script",
            "module.notifications_general_topic.aws_sns_topic.this",
            "module.notifications_premium_topic.aws_sns_topic.this",
            "module.notifications_regional_topic.aws_sns_topic.this",
            "module.notifications_table.aws_dynamodb_table.this",
            "module.pedido_ofertas_table.aws_dynamodb_table.this",
            "module.pedidos_lambda.aws_iam_role.lambda_role",
            "module.pedidos_lambda.aws_lambda_function.lambda",
            "module.pedidos_lambda.data.aws_caller_identity.current",
            "module.pedidos_lambda.data.aws_iam_policy_document.policy_doc",
            "module.pedidos_lambda.module.repo_ecr_lambda.aws_ecr_repository.this",
            "module.pedidos_lambda.null_resource.run_script",
            "module.pedidos_table.aws_dynamodb_table.this",
            "module.rastreamento_lambda.aws_iam_role.lambda_role",
            "module.rastreamento_lambda.aws_lambda_function.lambda",
            "module.rastreamento_lambda.data.aws_caller_identity.current",
            "module.rastreamento_lambda.data.aws_iam_policy_document.policy_doc",
            "module.rastreamento_lambda.module.repo_ecr_lambda.aws_ecr_repository.this",
            "module.rastreamento_lambda.null_resource.run_script",
            "module.smart_routing_lambda.aws_iam_role.lambda_role",
            "module.smart_routing_lambda.aws_lambda_function.lambda",
            "module.smart_routing_lambda.data.aws_caller_identity.current",
            "module.smart_routing_lambda.data.aws_iam_policy_document.policy_doc",
            "module.smart_routing_lambda.module.repo_ecr_lambda.aws_ecr_repository.this",
            "module.smart_routing_lambda.null_resource.run_script",
            "module.users_table.aws_dynamodb_table.this",
            "module.usuarios_lambda.aws_iam_role.lambda_role",
            "module.usuarios_lambda.aws_lambda_function.lambda",
            "module.usuarios_lambda.data.aws_caller_identity.current",
            "module.usuarios_lambda.data.aws_iam_policy_document.policy_doc",
            "module.usuarios_lambda.module.repo_ecr_lambda.aws_ecr_repository.this",
            "module.usuarios_lambda.null_resource.run_script",
            "module.websocket_connections_table.aws_dynamodb_table.this",
            "module.websocket_lambda.aws_iam_role.lambda_role",
            "module.websocket_lambda.aws_lambda_function.lambda",
            "module.websocket_lambda.data.aws_caller_identity.current",
            "module.websocket_lambda.data.aws_iam_policy_document.policy_doc",
            "module.websocket_lambda.module.repo_ecr_lambda.aws_ecr_repository.this",
            "module.websocket_lambda.null_resource.run_script"
          ],
          "create_before_destroy": true
        },
        {
          "index_key": "5",
          "schema_version": 0,
          "attributes": {
            "id": "8hmqgx",
            "parent_id": "kfd8xj",
            "path": "/api/pedidos/consulta",
            "path_part": "consulta",
            "region": "us-east-1",
            "rest_api_id": "aq72n5uzcb"
          },
          "sensitive_attributes": [],
          "identity_schema_version": 0,
          "private": "bnVsbA==",
          "dependencies": [
            "aws_apigatewayv2_api.websocket_api",
            "module.api_gateway.aws_api_gateway_resource.base_resources",
            "module.api_gateway.aws_api_gateway_resource.main_resource",
            "module.api_gateway.aws_api_gateway_rest_api.rest_api",
            "module.auth_lambda.aws_iam_role.lambda_role",
            "module.auth_lambda.aws_lambda_function.lambda",
            "module.auth_lambda.data.aws_caller_identity.current",
            "module.auth_lambda.data.aws_iam_policy_document.policy_doc",
            "module.auth_lambda.module.repo_ecr_lambda.aws_ecr_repository.this",
            "module.auth_lambda.null_resource.run_script",
            "module.events_queue.aws_sqs_queue.dead_letter_fifo_queue",
            "module.events_queue.aws_sqs_queue.fifo_queue",
            "module.locations_table.aws_dynamodb_table.this",
            "module.notificacoes_lambda.aws_iam_role.lambda_role",
            "module.notificacoes_lambda.aws_lambda_function.lambda",
            "module.notificacoes_lambda.data.aws_caller_identity.current",
            "module.notificacoes_lambda.data.aws_iam_policy_document.policy_doc",
            "module.notificacoes_lambda.module.repo_ecr_lambda.aws_ecr_repository.this",
            "module.notificacoes_lambda.null_resource.run_script",
            "module.notifications_general_topic.aws_sns_topic.this",
            "module.notifications_premium_topic.aws_sns_topic.this",
            "module.notifications_regional_topic.aws_sns_topic.this",
            "module.notifications_table.aws_dynamodb_table.this",
            "module.pedido_ofertas_table.aws_dynamodb_table.this",
            "module.pedidos_lambda.aws_iam_role.lambda_role",
            "module.pedidos_lambda.aws_lambda_function.lambda",
            "module.pedidos_lambda.data.aws_caller_identity.current",
            "module.pedidos_lambda.data.aws_iam_policy_document.policy_doc",
            "module.pedidos_lambda.module.repo_ecr_lambda.aws_ecr_repository.this",
            "module.pedidos_lambda.null_resource.run_script",
            "module.pedidos_table.aws_dynamodb_table.this",
            "module.rastreamento_lambda.aws_iam_role.lambda_role",
            "module.rastreamento_lambda.aws_lambda_function.lambda",
            "module.rastreamento_lambda.data.aws_caller_identity.current",
            "module.rastreamento_lambda.data.aws_iam_policy_document.policy_doc",
            "module.rastreamento_lambda.module.repo_ecr_lambda.aws_ecr_repository.this",
            "module.rastreamento_lambda.null_resource.run_script",
            "module.smart_routing_lambda.aws_iam_role.lambda_role",
            "module.smart_routing_lambda.aws_lambda_function.lambda",
            "module.smart_routing_lambda.data.aws_caller_identity.current",
            "module.smart_routing_lambda.data.aws_iam_policy_document.policy_doc",
            "module.smart_routing_lambda.module.repo_ecr_lambda.aws_ecr_repository.this",
            "module.smart_routing_lambda.null_resource.run_script",
            "module.users_table.aws_dynamodb_table.this",
            "module.usuarios_lambda.aws_iam_role.lambda_role",
            "module.usuarios_lambda.aws_lambda_function.lambda",
            "module.usuarios_lambda.data.aws_caller_identity.current",
            "module.usuarios_lambda.data.aws_iam_policy_document.policy_doc",
            "module.usuarios_lambda.module.repo_ecr_lambda.aws_ecr_repository.this",
            "module.usuarios_lambda.null_resource.run_script",
            "module.websocket_connections_table.aws_dynamodb_table.this",
            "module.websocket_lambda.aws_iam_role.lambda_role",
            "module.websocket_lambda.aws_lambda_function.lambda",
            "module.websocket_lambda.data.aws_caller_identity.current",
            "module.websocket_lambda.data.aws_iam_policy_document.policy_doc",
            "module.websocket_lambda.module.repo_ecr_lambda.aws_ecr_repository.this",
            "module.websocket_lambda.null_resource.run_script"
          ],
          "create_before_destroy": true
        },
        {
          "index_key": "6",
          "schema_version": 0,
          "attributes": {
            "id": "gcko65",
            "parent_id": "kfd8xj",
            "path": "/api/pedidos/acoes-aceitar",
            "path_part": "acoes-aceitar",
            "region": "us-east-1",
            "rest_api_id": "aq72n5uzcb"
          },
          "sensitive_attributes": [],
          "identity_schema_version": 0,
          "private": "bnVsbA==",
          "dependencies": [
            "aws_apigatewayv2_api.websocket_api",
            "module.api_gateway.aws_api_gateway_resource.base_resources",
            "module.api_gateway.aws_api_gateway_resource.main_resource",
            "module.api_gateway.aws_api_gateway_rest_api.rest_api",
            "module.auth_lambda.aws_iam_role.lambda_role",
            "module.auth_lambda.aws_lambda_function.lambda",
            "module.auth_lambda.data.aws_caller_identity.current",
            "module.auth_lambda.data.aws_iam_policy_document.policy_doc",
            "module.auth_lambda.module.repo_ecr_lambda.aws_ecr_repository.this",
            "module.auth_lambda.null_resource.run_script",
            "module.events_queue.aws_sqs_queue.dead_letter_fifo_queue",
            "module.events_queue.aws_sqs_queue.fifo_queue",
            "module.locations_table.aws_dynamodb_table.this",
            "module.notificacoes_lambda.aws_iam_role.lambda_role",
            "module.notificacoes_lambda.aws_lambda_function.lambda",
            "module.notificacoes_lambda.data.aws_caller_identity.current",
            "module.notificacoes_lambda.data.aws_iam_policy_document.policy_doc",
            "module.notificacoes_lambda.module.repo_ecr_lambda.aws_ecr_repository.this",
            "module.notificacoes_lambda.null_resource.run_script",
            "module.notifications_general_topic.aws_sns_topic.this",
            "module.notifications_premium_topic.aws_sns_topic.this",
            "module.notifications_regional_topic.aws_sns_topic.this",
            "module.notifications_table.aws_dynamodb_table.this",
            "module.pedido_ofertas_table.aws_dynamodb_table.this",
            "module.pedidos_lambda.aws_iam_role.lambda_role",
            "module.pedidos_lambda.aws_lambda_function.lambda",
            "module.pedidos_lambda.data.aws_caller_identity.current",
            "module.pedidos_lambda.data.aws_iam_policy_document.policy_doc",
            "module.pedidos_lambda.module.repo_ecr_lambda.aws_ecr_repository.this",
            "module.pedidos_lambda.null_resource.run_script",
            "module.pedidos_table.aws_dynamodb_table.this",
            "module.rastreamento_lambda.aws_iam_role.lambda_role",
            "module.rastreamento_lambda.aws_lambda_function.lambda",
            "module.rastreamento_lambda.data.aws_caller_identity.current",
            "module.rastreamento_lambda.data.aws_iam_policy_document.policy_doc",
            "module.rastreamento_lambda.module.repo_ecr_lambda.aws_ecr_repository.this",
            "module.rastreamento_lambda.null_resource.run_script",
            "module.smart_routing_lambda.aws_iam_role.lambda_role",
            "module.smart_routing_lambda.aws_lambda_function.lambda",
            "module.smart_routing_lambda.data.aws_caller_identity.current",
            "module.smart_routing_lambda.data.aws_iam_policy_document.policy_doc",
            "module.smart_routing_lambda.module.repo_ecr_lambda.aws_ecr_repository.this",
            "module.smart_routing_lambda.null_resource.run_script",
            "module.users_table.aws_dynamodb_table.this",
            "module.usuarios_lambda.aws_iam_role.lambda_role",
            "module.usuarios_lambda.aws_lambda_function.lambda",
            "module.usuarios_lambda.data.aws_caller_identity.current",
            "module.usuarios_lambda.data.aws_iam_policy_document.policy_doc",
            "module.usuarios_lambda.module.repo_ecr_lambda.aws_ecr_repository.this",
            "module.usuarios_lambda.null_resource.run_script",
            "module.websocket_connections_table.aws_dynamodb_table.this",
            "module.websocket_lambda.aws_iam_role.lambda_role",
            "module.websocket_lambda.aws_lambda_function.lambda",
            "module.websocket_lambda.data.aws_caller_identity.current",
            "module.websocket_lambda.data.aws_iam_policy_document.policy_doc",
            "module.websocket_lambda.module.repo_ecr_lambda.aws_ecr_repository.this",
            "module.websocket_lambda.null_resource.run_script"
          ],
          "create_before_destroy": true
        },
        {
          "index_key": "7",
          "schema_version": 0,
          "attributes": {
            "id": "tzeq2v",
            "parent_id": "kfd8xj",
            "path": "/api/pedidos/acoes",
            "path_part": "acoes",
            "region": "us-east-1",
            "rest_api_id": "aq72n5uzcb"
          },
          "sensitive_attributes": [],
          "identity_schema_version": 0,
          "private": "bnVsbA==",
          "dependencies": [
            "aws_apigatewayv2_api.websocket_api",
            "module.api_gateway.aws_api_gateway_resource.base_resources",
            "module.api_gateway.aws_api_gateway_resource.main_resource",
            "module.api_gateway.aws_api_gateway_rest_api.rest_api",
            "module.auth_lambda.aws_iam_role.lambda_role",
            "module.auth_lambda.aws_lambda_function.lambda",
            "module.auth_lambda.data.aws_caller_identity.current",
            "module.auth_lambda.data.aws_iam_policy_document.policy_doc",
            "module.auth_lambda.module.repo_ecr_lambda.aws_ecr_repository.this",
            "module.auth_lambda.null_resource.run_script",
            "module.events_queue.aws_sqs_queue.dead_letter_fifo_queue",
            "module.events_queue.aws_sqs_queue.fifo_queue",
            "module.locations_table.aws_dynamodb_table.this",
            "module.notificacoes_lambda.aws_iam_role.lambda_role",
            "module.notificacoes_lambda.aws_lambda_function.lambda",
            "module.notificacoes_lambda.data.aws_caller_identity.current",
            "module.notificacoes_lambda.data.aws_iam_policy_document.policy_doc",
            "module.notificacoes_lambda.module.repo_ecr_lambda.aws_ecr_repository.this",
            "module.notificacoes_lambda.null_resource.run_script",
            "module.notifications_general_topic.aws_sns_topic.this",
            "module.notifications_premium_topic.aws_sns_topic.this",
            "module.notifications_regional_topic.aws_sns_topic.this",
            "module.notifications_table.aws_dynamodb_table.this",
            "module.pedido_ofertas_table.aws_dynamodb_table.this",
            "module.pedidos_lambda.aws_iam_role.lambda_role",
            "module.pedidos_lambda.aws_lambda_function.lambda",
            "module.pedidos_lambda.data.aws_caller_identity.current",
            "module.pedidos_lambda.data.aws_iam_policy_document.policy_doc",
            "module.pedidos_lambda.module.repo_ecr_lambda.aws_ecr_repository.this",
            "module.pedidos_lambda.null_resource.run_script",
            "module.pedidos_table.aws_dynamodb_table.this",
            "module.rastreamento_lambda.aws_iam_role.lambda_role",
            "module.rastreamento_lambda.aws_lambda_function.lambda",
            "module.rastreamento_lambda.data.aws_caller_identity.current",
            "module.rastreamento_lambda.data.aws_iam_policy_document.policy_doc",
            "module.rastreamento_lambda.module.repo_ecr_lambda.aws_ecr_repository.this",
            "module.rastreamento_lambda.null_resource.run_script",
            "module.smart_routing_lambda.aws_iam_role.lambda_role",
            "module.smart_routing_lambda.aws_lambda_function.lambda",
            "module.smart_routing_lambda.data.aws_caller_identity.current",
            "module.smart_routing_lambda.data.aws_iam_policy_document.policy_doc",
            "module.smart_routing_lambda.module.repo_ecr_lambda.aws_ecr_repository.this",
            "module.smart_routing_lambda.null_resource.run_script",
            "module.users_table.aws_dynamodb_table.this",
            "module.usuarios_lambda.aws_iam_role.lambda_role",
            "module.usuarios_lambda.aws_lambda_function.lambda",
            "module.usuarios_lambda.data.aws_caller_identity.current",
            "module.usuarios_lambda.data.aws_iam_policy_document.policy_doc",
            "module.usuarios_lambda.module.repo_ecr_lambda.aws_ecr_repository.this",
            "module.usuarios_lambda.null_resource.run_script",
            "module.websocket_connections_table.aws_dynamodb_table.this",
            "module.websocket_lambda.aws_iam_role.lambda_role",
            "module.websocket_lambda.aws_lambda_function.lambda",
            "module.websocket_lambda.data.aws_caller_identity.current",
            "module.websocket_lambda.data.aws_iam_policy_document.policy_doc",
            "module.websocket_lambda.module.repo_ecr_lambda.aws_ecr_repository.this",
            "module.websocket_lambda.null_resource.run_script"
          ],
          "create_before_destroy": true
        },
        {
          "index_key": "8",
          "schema_version": 0,
          "attributes": {
            "id": "wlazph",
            "parent_id": "78qxii",
            "path": "/api/notificacoes/destinatario",
            "path_part": "destinatario",
            "region": "us-east-1",
            "rest_api_id": "aq72n5uzcb"
          },
          "sensitive_attributes": [],
          "identity_schema_version": 0,
          "private": "bnVsbA==",
          "dependencies": [
            "aws_apigatewayv2_api.websocket_api",
            "module.api_gateway.aws_api_gateway_resource.base_resources",
            "module.api_gateway.aws_api_gateway_resource.main_resource",
            "module.api_gateway.aws_api_gateway_rest_api.rest_api",
            "module.auth_lambda.aws_iam_role.lambda_role",
            "module.auth_lambda.aws_lambda_function.lambda",
            "module.auth_lambda.data.aws_caller_identity.current",
            "module.auth_lambda.data.aws_iam_policy_document.policy_doc",
            "module.auth_lambda.module.repo_ecr_lambda.aws_ecr_repository.this",
            "module.auth_lambda.null_resource.run_script",
            "module.events_queue.aws_sqs_queue.dead_letter_fifo_queue",
            "module.events_queue.aws_sqs_queue.fifo_queue",
            "module.locations_table.aws_dynamodb_table.this",
            "module.notificacoes_lambda.aws_iam_role.lambda_role",
            "module.notificacoes_lambda.aws_lambda_function.lambda",
            "module.notificacoes_lambda.data.aws_caller_identity.current",
            "module.notificacoes_lambda.data.aws_iam_policy_document.policy_doc",
            "module.notificacoes_lambda.module.repo_ecr_lambda.aws_ecr_repository.this",
            "module.notificacoes_lambda.null_resource.run_script",
            "module.notifications_general_topic.aws_sns_topic.this",
            "module.notifications_premium_topic.aws_sns_topic.this",
            "module.notifications_regional_topic.aws_sns_topic.this",
            "module.notifications_table.aws_dynamodb_table.this",
            "module.pedido_ofertas_table.aws_dynamodb_table.this",
            "module.pedidos_lambda.aws_iam_role.lambda_role",
            "module.pedidos_lambda.aws_lambda_function.lambda",
            "module.pedidos_lambda.data.aws_caller_identity.current",
            "module.pedidos_lambda.data.aws_iam_policy_document.policy_doc",
            "module.pedidos_lambda.module.repo_ecr_lambda.aws_ecr_repository.this",
            "module.pedidos_lambda.null_resource.run_script",
            "module.pedidos_table.aws_dynamodb_table.this",
            "module.rastreamento_lambda.aws_iam_role.lambda_role",
            "module.rastreamento_lambda.aws_lambda_function.lambda",
            "module.rastreamento_lambda.data.aws_caller_identity.current",
            "module.rastreamento_lambda.data.aws_iam_policy_document.policy_doc",
            "module.rastreamento_lambda.module.repo_ecr_lambda.aws_ecr_repository.this",
            "module.rastreamento_lambda.null_resource.run_script",
            "module.smart_routing_lambda.aws_iam_role.lambda_role",
            "module.smart_routing_lambda.aws_lambda_function.lambda",
            "module.smart_routing_lambda.data.aws_caller_identity.current",
            "module.smart_routing_lambda.data.aws_iam_policy_document.policy_doc",
            "module.smart_routing_lambda.module.repo_ecr_lambda.aws_ecr_repository.this",
            "module.smart_routing_lambda.null_resource.run_script",
            "module.users_table.aws_dynamodb_table.this",
            "module.usuarios_lambda.aws_iam_role.lambda_role",
            "module.usuarios_lambda.aws_lambda_function.lambda",
            "module.usuarios_lambda.data.aws_caller_identity.current",
            "module.usuarios_lambda.data.aws_iam_policy_document.policy_doc",
            "module.usuarios_lambda.module.repo_ecr_lambda.aws_ecr_repository.this",
            "module.usuarios_lambda.null_resource.run_script",
            "module.websocket_connections_table.aws_dynamodb_table.this",
            "module.websocket_lambda.aws_iam_role.lambda_role",
            "module.websocket_lambda.aws_lambda_function.lambda",
            "module.websocket_lambda.data.aws_caller_identity.current",
            "module.websocket_lambda.data.aws_iam_policy_document.policy_doc",
            "module.websocket_lambda.module.repo_ecr_lambda.aws_ecr_repository.this",
            "module.websocket_lambda.null_resource.run_script"
          ],
          "create_before_destroy": true
        },
        {
          "index_key": "9",
          "schema_version": 0,
          "attributes": {
            "id": "tkvsdh",
            "parent_id": "78qxii",
            "path": "/api/notificacoes/{notificationId}",
            "path_part": "{notificationId}",
            "region": "us-east-1",
            "rest_api_id": "aq72n5uzcb"
          },
          "sensitive_attributes": [],
          "identity_schema_version": 0,
          "private": "bnVsbA==",
          "dependencies": [
            "aws_apigatewayv2_api.websocket_api",
            "module.api_gateway.aws_api_gateway_resource.base_resources",
            "module.api_gateway.aws_api_gateway_resource.main_resource",
            "module.api_gateway.aws_api_gateway_rest_api.rest_api",
            "module.auth_lambda.aws_iam_role.lambda_role",
            "module.auth_lambda.aws_lambda_function.lambda",
            "module.auth_lambda.data.aws_caller_identity.current",
            "module.auth_lambda.data.aws_iam_policy_document.policy_doc",
            "module.auth_lambda.module.repo_ecr_lambda.aws_ecr_repository.this",
            "module.auth_lambda.null_resource.run_script",
            "module.events_queue.aws_sqs_queue.dead_letter_fifo_queue",
            "module.events_queue.aws_sqs_queue.fifo_queue",
            "module.locations_table.aws_dynamodb_table.this",
            "module.notificacoes_lambda.aws_iam_role.lambda_role",
            "module.notificacoes_lambda.aws_lambda_function.lambda",
            "module.notificacoes_lambda.data.aws_caller_identity.current",
            "module.notificacoes_lambda.data.aws_iam_policy_document.policy_doc",
            "module.notificacoes_lambda.module.repo_ecr_lambda.aws_ecr_repository.this",
            "module.notificacoes_lambda.null_resource.run_script",
            "module.notifications_general_topic.aws_sns_topic.this",
            "module.notifications_premium_topic.aws_sns_topic.this",
            "module.notifications_regional_topic.aws_sns_topic.this",
            "module.notifications_table.aws_dynamodb_table.this",
            "module.pedido_ofertas_table.aws_dynamodb_table.this",
            "module.pedidos_lambda.aws_iam_role.lambda_role",
            "module.pedidos_lambda.aws_lambda_function.lambda",
            "module.pedidos_lambda.data.aws_caller_identity.current",
            "module.pedidos_lambda.data.aws_iam_policy_document.policy_doc",
            "module.pedidos_lambda.module.repo_ecr_lambda.aws_ecr_repository.this",
            "module.pedidos_lambda.null_resource.run_script",
            "module.pedidos_table.aws_dynamodb_table.this",
            "module.rastreamento_lambda.aws_iam_role.lambda_role",
            "module.rastreamento_lambda.aws_lambda_function.lambda",
            "module.rastreamento_lambda.data.aws_caller_identity.current",
            "module.rastreamento_lambda.data.aws_iam_policy_document.policy_doc",
            "module.rastreamento_lambda.module.repo_ecr_lambda.aws_ecr_repository.this",
            "module.rastreamento_lambda.null_resource.run_script",
            "module.smart_routing_lambda.aws_iam_role.lambda_role",
            "module.smart_routing_lambda.aws_lambda_function.lambda",
            "module.smart_routing_lambda.data.aws_caller_identity.current",
            "module.smart_routing_lambda.data.aws_iam_policy_document.policy_doc",
            "module.smart_routing_lambda.module.repo_ecr_lambda.aws_ecr_repository.this",
            "module.smart_routing_lambda.null_resource.run_script",
            "module.users_table.aws_dynamodb_table.this",
            "module.usuarios_lambda.aws_iam_role.lambda_role",
            "module.usuarios_lambda.aws_lambda_function.lambda",
            "module.usuarios_lambda.data.aws_caller_identity.current",
            "module.usuarios_lambda.data.aws_iam_policy_document.policy_doc",
            "module.usuarios_lambda.module.repo_ecr_lambda.aws_ecr_repository.this",
            "module.usuarios_lambda.null_resource.run_script",
            "module.websocket_connections_table.aws_dynamodb_table.this",
            "module.websocket_lambda.aws_iam_role.lambda_role",
            "module.websocket_lambda.aws_lambda_function.lambda",
            "module.websocket_lambda.data.aws_caller_identity.current",
            "module.websocket_lambda.data.aws_iam_policy_document.policy_doc",
            "module.websocket_lambda.module.repo_ecr_lambda.aws_ecr_repository.this",
            "module.websocket_lambda.null_resource.run_script"
          ],
          "create_before_destroy": true
        }
      ]
    },
    {
      "module": "module.api_gateway",
      "mode": "managed",
      "type": "aws_api_gateway_rest_api",
      "name": "rest_api",
      "provider": "provider[\"registry.terraform.io/hashicorp/aws\"]",
      "instances": [
        {
          "index_key": 0,
          "schema_version": 0,
          "attributes": {
            "api_key_source": "HEADER",
            "arn": "arn:aws:apigateway:us-east-1::/restapis/aq72n5uzcb",
            "binary_media_types": [],
            "body": null,
            "created_date": "2025-06-21T18:34:45Z",
            "description": "API REST para logistics em ambiente dev",
            "disable_execute_api_endpoint": false,
            "endpoint_configuration": [
              {
                "ip_address_type": "ipv4",
                "types": [
                  "EDGE"
                ],
                "vpc_endpoint_ids": []
              }
            ],
            "execution_arn": "arn:aws:execute-api:us-east-1:176343551411:aq72n5uzcb",
            "fail_on_warnings": null,
            "id": "aq72n5uzcb",
            "minimum_compression_size": "",
            "name": "dev-logistics-api",
            "parameters": null,
            "policy": "",
            "put_rest_api_mode": null,
            "region": "us-east-1",
            "root_resource_id": "0b5ovppcbh",
            "tags": {
              "Environment": "dev",
              "ManagedBy": "terraform",
              "Name": "dev-logistics-api",
              "Project": "logistics"
            },
            "tags_all": {
              "Environment": "dev",
              "ManagedBy": "terraform",
              "Name": "dev-logistics-api",
              "Project": "logistics"
            }
          },
          "sensitive_attributes": [],
          "identity_schema_version": 0,
          "private": "bnVsbA==",
          "create_before_destroy": true
        }
      ]
    },
    {
      "module": "module.api_gateway",
      "mode": "managed",
      "type": "aws_api_gateway_stage",
      "name": "rest_stage",
      "provider": "provider[\"registry.terraform.io/hashicorp/aws\"]",
      "instances": [
        {
          "index_key": 0,
          "schema_version": 0,
          "attributes": {
            "access_log_settings": [],
            "arn": "arn:aws:apigateway:us-east-1::/restapis/aq72n5uzcb/stages/prod",
            "cache_cluster_enabled": false,
            "cache_cluster_size": "",
            "canary_settings": [],
            "client_certificate_id": "",
            "deployment_id": "7fjqvk",
            "description": "",
            "documentation_version": "",
            "execution_arn": "arn:aws:execute-api:us-east-1:176343551411:aq72n5uzcb/prod",
            "id": "ags-aq72n5uzcb-prod",
            "invoke_url": "https://aq72n5uzcb.execute-api.us-east-1.amazonaws.com/prod",
            "region": "us-east-1",
            "rest_api_id": "aq72n5uzcb",
            "stage_name": "prod",
            "tags": {},
            "tags_all": {},
            "variables": {},
            "web_acl_arn": "",
            "xray_tracing_enabled": false
          },
          "sensitive_attributes": [],
          "identity_schema_version": 0,
          "private": "bnVsbA==",
          "dependencies": [
            "aws_apigatewayv2_api.websocket_api",
            "module.api_gateway.aws_api_gateway_authorizer.cognito_authorizer",
            "module.api_gateway.aws_api_gateway_deployment.rest_deployment",
            "module.api_gateway.aws_api_gateway_integration.rest_endpoint_integrations",
            "module.api_gateway.aws_api_gateway_integration_response.rest_endpoint_integration_responses",
            "module.api_gateway.aws_api_gateway_method.rest_endpoint_methods",
            "module.api_gateway.aws_api_gateway_method_response.rest_endpoint_method_responses",
            "module.api_gateway.aws_api_gateway_resource.base_resources",
            "module.api_gateway.aws_api_gateway_resource.main_resource",
            "module.api_gateway.aws_api_gateway_resource.variable_resources",
            "module.api_gateway.aws_api_gateway_rest_api.rest_api",
            "module.auth_lambda.aws_iam_role.lambda_role",
            "module.auth_lambda.aws_lambda_function.lambda",
            "module.auth_lambda.data.aws_caller_identity.current",
            "module.auth_lambda.data.aws_iam_policy_document.policy_doc",
            "module.auth_lambda.module.repo_ecr_lambda.aws_ecr_repository.this",
            "module.auth_lambda.null_resource.run_script",
            "module.events_queue.aws_sqs_queue.dead_letter_fifo_queue",
            "module.events_queue.aws_sqs_queue.fifo_queue",
            "module.locations_table.aws_dynamodb_table.this",
            "module.notificacoes_lambda.aws_iam_role.lambda_role",
            "module.notificacoes_lambda.aws_lambda_function.lambda",
            "module.notificacoes_lambda.data.aws_caller_identity.current",
            "module.notificacoes_lambda.data.aws_iam_policy_document.policy_doc",
            "module.notificacoes_lambda.module.repo_ecr_lambda.aws_ecr_repository.this",
            "module.notificacoes_lambda.null_resource.run_script",
            "module.notifications_general_topic.aws_sns_topic.this",
            "module.notifications_premium_topic.aws_sns_topic.this",
            "module.notifications_regional_topic.aws_sns_topic.this",
            "module.notifications_table.aws_dynamodb_table.this",
            "module.pedido_ofertas_table.aws_dynamodb_table.this",
            "module.pedidos_lambda.aws_iam_role.lambda_role",
            "module.pedidos_lambda.aws_lambda_function.lambda",
            "module.pedidos_lambda.data.aws_caller_identity.current",
            "module.pedidos_lambda.data.aws_iam_policy_document.policy_doc",
            "module.pedidos_lambda.module.repo_ecr_lambda.aws_ecr_repository.this",
            "module.pedidos_lambda.null_resource.run_script",
            "module.pedidos_table.aws_dynamodb_table.this",
            "module.rastreamento_lambda.aws_iam_role.lambda_role",
            "module.rastreamento_lambda.aws_lambda_function.lambda",
            "module.rastreamento_lambda.data.aws_caller_identity.current",
            "module.rastreamento_lambda.data.aws_iam_policy_document.policy_doc",
            "module.rastreamento_lambda.module.repo_ecr_lambda.aws_ecr_repository.this",
            "module.rastreamento_lambda.null_resource.run_script",
            "module.smart_routing_lambda.aws_iam_role.lambda_role",
            "module.smart_routing_lambda.aws_lambda_function.lambda",
            "module.smart_routing_lambda.data.aws_caller_identity.current",
            "module.smart_routing_lambda.data.aws_iam_policy_document.policy_doc",
            "module.smart_routing_lambda.module.repo_ecr_lambda.aws_ecr_repository.this",
            "module.smart_routing_lambda.null_resource.run_script",
            "module.users_table.aws_dynamodb_table.this",
            "module.usuarios_lambda.aws_iam_role.lambda_role",
            "module.usuarios_lambda.aws_lambda_function.lambda",
            "module.usuarios_lambda.data.aws_caller_identity.current",
            "module.usuarios_lambda.data.aws_iam_policy_document.policy_doc",
            "module.usuarios_lambda.module.repo_ecr_lambda.aws_ecr_repository.this",
            "module.usuarios_lambda.null_resource.run_script",
            "module.websocket_connections_table.aws_dynamodb_table.this",
            "module.websocket_lambda.aws_iam_role.lambda_role",
            "module.websocket_lambda.aws_lambda_function.lambda",
            "module.websocket_lambda.data.aws_caller_identity.current",
            "module.websocket_lambda.data.aws_iam_policy_document.policy_doc",
            "module.websocket_lambda.module.repo_ecr_lambda.aws_ecr_repository.this",
            "module.websocket_lambda.null_resource.run_script"
          ]
        }
      ]
    },
    {
      "module": "module.auth_lambda",
      "mode": "data",
      "type": "aws_caller_identity",
      "name": "current",
      "provider": "provider[\"registry.terraform.io/hashicorp/aws\"]",
      "instances": [
        {
          "schema_version": 0,
          "attributes": {
            "account_id": "176343551411",
            "arn": "arn:aws:iam::176343551411:user/aws-cli-ari",
            "id": "176343551411",
            "user_id": "AIDASSDXFBWZZNGAC4AYI"
          },
          "sensitive_attributes": [],
          "identity_schema_version": 0
        }
      ]
    },
    {
      "module": "module.auth_lambda",
      "mode": "data",
      "type": "aws_iam_policy_document",
      "name": "policy_doc",
      "provider": "provider[\"registry.terraform.io/hashicorp/aws\"]",
      "instances": [
        {
          "schema_version": 0,
          "attributes": {
            "id": "2690255455",
            "json": "{\n  \"Version\": \"2012-10-17\",\n  \"Statement\": [\n    {\n      \"Effect\": \"Allow\",\n      \"Action\": \"sts:AssumeRole\",\n      \"Principal\": {\n        \"Service\": \"lambda.amazonaws.com\"\n      }\n    }\n  ]\n}",
            "minified_json": "{\"Version\":\"2012-10-17\",\"Statement\":[{\"Effect\":\"Allow\",\"Action\":\"sts:AssumeRole\",\"Principal\":{\"Service\":\"lambda.amazonaws.com\"}}]}",
            "override_json": null,
            "override_policy_documents": null,
            "policy_id": null,
            "source_json": null,
            "source_policy_documents": null,
            "statement": [
              {
                "actions": [
                  "sts:AssumeRole"
                ],
                "condition": [],
                "effect": "Allow",
                "not_actions": [],
                "not_principals": [],
                "not_resources": [],
                "principals": [
                  {
                    "identifiers": [
                      "lambda.amazonaws.com"
                    ],
                    "type": "Service"
                  }
                ],
                "resources": [],
                "sid": ""
              }
            ],
            "version": "2012-10-17"
          },
          "sensitive_attributes": [],
          "identity_schema_version": 0
        }
      ]
    },
    {
      "module": "module.auth_lambda",
      "mode": "managed",
      "type": "aws_iam_role",
      "name": "lambda_role",
      "provider": "provider[\"registry.terraform.io/hashicorp/aws\"]",
      "instances": [
        {
          "schema_version": 0,
          "attributes": {
            "arn": "arn:aws:iam::176343551411:role/dev_logistics_auth_role",
            "assume_role_policy": "{\"Statement\":[{\"Action\":\"sts:AssumeRole\",\"Effect\":\"Allow\",\"Principal\":{\"Service\":\"lambda.amazonaws.com\"}}],\"Version\":\"2012-10-17\"}",
            "create_date": "2025-06-21T18:34:36Z",
            "description": "",
            "force_detach_policies": false,
            "id": "dev_logistics_auth_role",
            "inline_policy": [],
            "managed_policy_arns": [
              "arn:aws:iam::aws:policy/AmazonDynamoDBFullAccess",
              "arn:aws:iam::aws:policy/service-role/AWSLambdaBasicExecutionRole"
            ],
            "max_session_duration": 3600,
            "name": "dev_logistics_auth_role",
            "name_prefix": "",
            "path": "/",
            "permissions_boundary": "",
            "tags": {
              "Environment": "dev",
              "ManagedBy": "terraform",
              "Project": "logistics"
            },
            "tags_all": {
              "Environment": "dev",
              "ManagedBy": "terraform",
              "Project": "logistics"
            },
            "unique_id": "AROASSDXFBWZRC6W2CTHZ"
          },
          "sensitive_attributes": [],
          "identity_schema_version": 0,
          "identity": {
            "account_id": "176343551411",
            "name": "dev_logistics_auth_role"
          },
          "private": "bnVsbA==",
          "dependencies": [
            "module.auth_lambda.data.aws_iam_policy_document.policy_doc"
          ],
          "create_before_destroy": true
        }
      ]
    },
    {
      "module": "module.auth_lambda",
      "mode": "managed",
      "type": "aws_iam_role_policy_attachment",
      "name": "lambda_custom_policy",
      "provider": "provider[\"registry.terraform.io/hashicorp/aws\"]",
      "instances": [
        {
          "index_key": 0,
          "schema_version": 0,
          "attributes": {
            "id": "dev_logistics_auth_role-20250621183446904200000008",
            "policy_arn": "arn:aws:iam::aws:policy/AmazonDynamoDBFullAccess",
            "role": "dev_logistics_auth_role"
          },
          "sensitive_attributes": [],
          "identity_schema_version": 0,
          "private": "bnVsbA==",
          "dependencies": [
            "module.auth_lambda.aws_iam_role.lambda_role",
            "module.auth_lambda.data.aws_iam_policy_document.policy_doc"
          ]
        }
      ]
    },
    {
      "module": "module.auth_lambda",
      "mode": "managed",
      "type": "aws_iam_role_policy_attachment",
      "name": "policy_cloudwatch",
      "provider": "provider[\"registry.terraform.io/hashicorp/aws\"]",
      "instances": [
        {
          "schema_version": 0,
          "attributes": {
            "id": "dev_logistics_auth_role-20250621183446888100000007",
            "policy_arn": "arn:aws:iam::aws:policy/service-role/AWSLambdaBasicExecutionRole",
            "role": "dev_logistics_auth_role"
          },
          "sensitive_attributes": [],
          "identity_schema_version": 0,
          "private": "bnVsbA==",
          "dependencies": [
            "module.auth_lambda.aws_iam_role.lambda_role",
            "module.auth_lambda.data.aws_iam_policy_document.policy_doc"
          ]
        }
      ]
    },
    {
      "module": "module.auth_lambda",
      "mode": "managed",
      "type": "aws_lambda_function",
      "name": "lambda",
      "provider": "provider[\"registry.terraform.io/hashicorp/aws\"]",
      "instances": [
        {
          "schema_version": 0,
          "attributes": {
            "architectures": [
              "x86_64"
            ],
            "arn": "arn:aws:lambda:us-east-1:176343551411:function:dev_logistics_auth",
            "code_sha256": "757c8af361098ae04c031b9c5dc59869bf5a051011d0e64b8ddd53ec6a49a1ce",
            "code_signing_config_arn": "",
            "dead_letter_config": [],
            "description": "Authentication Lambda function",
            "environment": [
              {
                "variables": {
                  "JWT_SECRET": "your-jwt-secret-key",
                  "USERS_TABLE": "dev-logistics-users"
                }
              }
            ],
            "ephemeral_storage": [
              {
                "size": 512
              }
            ],
            "file_system_config": [],
            "filename": null,
            "function_name": "dev_logistics_auth",
            "handler": "",
            "id": "dev_logistics_auth",
            "image_config": [],
            "image_uri": "176343551411.dkr.ecr.us-east-1.amazonaws.com/dev-logistics-auth:latest",
            "invoke_arn": "arn:aws:apigateway:us-east-1:lambda:path/2015-03-31/functions/arn:aws:lambda:us-east-1:176343551411:function:dev_logistics_auth/invocations",
            "kms_key_arn": "",
            "last_modified": "2025-06-21T19:59:42.000+0000",
            "layers": [],
            "logging_config": [
              {
                "application_log_level": "",
                "log_format": "Text",
                "log_group": "/aws/lambda/dev_logistics_auth",
                "system_log_level": ""
              }
            ],
            "memory_size": 512,
            "package_type": "Image",
            "publish": false,
            "qualified_arn": "arn:aws:lambda:us-east-1:176343551411:function:dev_logistics_auth:$LATEST",
            "qualified_invoke_arn": "arn:aws:apigateway:us-east-1:lambda:path/2015-03-31/functions/arn:aws:lambda:us-east-1:176343551411:function:dev_logistics_auth:$LATEST/invocations",
            "region": "us-east-1",
            "replace_security_groups_on_destroy": null,
            "replacement_security_group_ids": null,
            "reserved_concurrent_executions": -1,
            "role": "arn:aws:iam::176343551411:role/dev_logistics_auth_role",
            "runtime": "",
            "s3_bucket": null,
            "s3_key": null,
            "s3_object_version": null,
            "signing_job_arn": "",
            "signing_profile_version_arn": "",
            "skip_destroy": false,
            "snap_start": [],
            "source_code_hash": "",
            "source_code_size": 0,
            "tags": {
              "Environment": "dev",
              "ManagedBy": "terraform",
              "Project": "logistics"
            },
            "tags_all": {
              "Environment": "dev",
              "ManagedBy": "terraform",
              "Project": "logistics"
            },
            "timeout": 30,
            "timeouts": null,
            "tracing_config": [
              {
                "mode": "PassThrough"
              }
            ],
            "version": "$LATEST",
            "vpc_config": []
          },
          "sensitive_attributes": [],
          "identity_schema_version": 0,
          "private": "eyJlMmJmYjczMC1lY2FhLTExZTYtOGY4OC0zNDM2M2JjN2M0YzAiOnsiY3JlYXRlIjo2MDAwMDAwMDAwMDAsImRlbGV0ZSI6NjAwMDAwMDAwMDAwLCJ1cGRhdGUiOjYwMDAwMDAwMDAwMH19",
          "dependencies": [
            "module.auth_lambda.aws_iam_role.lambda_role",
            "module.auth_lambda.data.aws_caller_identity.current",
            "module.auth_lambda.data.aws_iam_policy_document.policy_doc",
            "module.auth_lambda.module.repo_ecr_lambda.aws_ecr_repository.this",
            "module.auth_lambda.null_resource.run_script",
            "module.users_table.aws_dynamodb_table.this"
          ],
          "create_before_destroy": true
        }
      ]
    },
    {
      "module": "module.auth_lambda",
      "mode": "managed",
      "type": "aws_lambda_function_event_invoke_config",
      "name": "retry",
      "provider": "provider[\"registry.terraform.io/hashicorp/aws\"]",
      "instances": [
        {
          "schema_version": 0,
          "attributes": {
            "destination_config": [],
            "function_name": "dev_logistics_auth",
            "id": "dev_logistics_auth",
            "maximum_event_age_in_seconds": 21600,
            "maximum_retry_attempts": 0,
            "qualifier": "",
            "region": "us-east-1"
          },
          "sensitive_attributes": [],
          "identity_schema_version": 0,
          "private": "bnVsbA==",
          "dependencies": [
            "module.auth_lambda.aws_iam_role.lambda_role",
            "module.auth_lambda.aws_lambda_function.lambda",
            "module.auth_lambda.data.aws_caller_identity.current",
            "module.auth_lambda.data.aws_iam_policy_document.policy_doc",
            "module.auth_lambda.module.repo_ecr_lambda.aws_ecr_repository.this",
            "module.auth_lambda.null_resource.run_script",
            "module.users_table.aws_dynamodb_table.this"
          ]
        }
      ]
    },
    {
      "module": "module.auth_lambda",
      "mode": "managed",
      "type": "null_resource",
      "name": "run_script",
      "provider": "provider[\"registry.terraform.io/hashicorp/null\"]",
      "instances": [
        {
          "index_key": "Dockerfile",
          "schema_version": 0,
          "attributes": {
            "id": "1499618066295920673",
            "triggers": {
              "file": "dd129ebd68d5ac159008512edc1c03f9fb2c58005677b6e11eceba18a37ae51f"
            }
          },
          "sensitive_attributes": [],
          "identity_schema_version": 0,
          "dependencies": [
            "module.auth_lambda.data.aws_caller_identity.current",
            "module.auth_lambda.module.repo_ecr_lambda.aws_ecr_repository.this"
          ],
          "create_before_destroy": true
        },
        {
          "index_key": "lambda_function.py",
          "schema_version": 0,
          "attributes": {
            "id": "3491284874104242595",
            "triggers": {
              "file": "7f183bc7c9ca41fe10c2416ca9c0df06829e4f950d97a289195028bb86733a1d"
            }
          },
          "sensitive_attributes": [],
          "identity_schema_version": 0,
          "dependencies": [
            "module.auth_lambda.data.aws_caller_identity.current",
            "module.auth_lambda.module.repo_ecr_lambda.aws_ecr_repository.this"
          ],
          "create_before_destroy": true
        },
        {
          "index_key": "requirements.txt",
          "schema_version": 0,
          "attributes": {
            "id": "8751528966972138120",
            "triggers": {
              "file": "1ec5e282f9ac1367bc2c112bb293d1f1b5614645ed3223c23188aff841a66095"
            }
          },
          "sensitive_attributes": [],
          "identity_schema_version": 0,
          "dependencies": [
            "module.auth_lambda.data.aws_caller_identity.current",
            "module.auth_lambda.module.repo_ecr_lambda.aws_ecr_repository.this"
          ],
          "create_before_destroy": true
        }
      ]
    },
    {
      "module": "module.auth_lambda",
      "mode": "managed",
      "type": "null_resource",
      "name": "update",
      "provider": "provider[\"registry.terraform.io/hashicorp/null\"]",
      "instances": [
        {
          "index_key": "Dockerfile",
          "schema_version": 0,
          "attributes": {
            "id": "335945211955711996",
            "triggers": {
              "file": "dd129ebd68d5ac159008512edc1c03f9fb2c58005677b6e11eceba18a37ae51f"
            }
          },
          "sensitive_attributes": [],
          "identity_schema_version": 0,
          "dependencies": [
            "module.auth_lambda.aws_iam_role.lambda_role",
            "module.auth_lambda.aws_lambda_function.lambda",
            "module.auth_lambda.data.aws_caller_identity.current",
            "module.auth_lambda.data.aws_iam_policy_document.policy_doc",
            "module.auth_lambda.module.repo_ecr_lambda.aws_ecr_repository.this",
            "module.auth_lambda.null_resource.run_script",
            "module.users_table.aws_dynamodb_table.this"
          ]
        },
        {
          "index_key": "lambda_function.py",
          "schema_version": 0,
          "attributes": {
            "id": "2916658446156947952",
            "triggers": {
              "file": "7f183bc7c9ca41fe10c2416ca9c0df06829e4f950d97a289195028bb86733a1d"
            }
          },
          "sensitive_attributes": [],
          "identity_schema_version": 0,
          "dependencies": [
            "module.auth_lambda.aws_iam_role.lambda_role",
            "module.auth_lambda.aws_lambda_function.lambda",
            "module.auth_lambda.data.aws_caller_identity.current",
            "module.auth_lambda.data.aws_iam_policy_document.policy_doc",
            "module.auth_lambda.module.repo_ecr_lambda.aws_ecr_repository.this",
            "module.auth_lambda.null_resource.run_script",
            "module.users_table.aws_dynamodb_table.this"
          ]
        },
        {
          "index_key": "requirements.txt",
          "schema_version": 0,
          "attributes": {
            "id": "957854983176290044",
            "triggers": {
              "file": "1ec5e282f9ac1367bc2c112bb293d1f1b5614645ed3223c23188aff841a66095"
            }
          },
          "sensitive_attributes": [],
          "identity_schema_version": 0,
          "dependencies": [
            "module.auth_lambda.aws_iam_role.lambda_role",
            "module.auth_lambda.aws_lambda_function.lambda",
            "module.auth_lambda.data.aws_caller_identity.current",
            "module.auth_lambda.data.aws_iam_policy_document.policy_doc",
            "module.auth_lambda.module.repo_ecr_lambda.aws_ecr_repository.this",
            "module.auth_lambda.null_resource.run_script",
            "module.users_table.aws_dynamodb_table.this"
          ]
        }
      ]
    },
    {
      "module": "module.auth_lambda.module.repo_ecr_lambda",
      "mode": "data",
      "type": "aws_caller_identity",
      "name": "current",
      "provider": "provider[\"registry.terraform.io/hashicorp/aws\"]",
      "instances": [
        {
          "schema_version": 0,
          "attributes": {
            "account_id": "176343551411",
            "arn": "arn:aws:iam::176343551411:user/aws-cli-ari",
            "id": "176343551411",
            "user_id": "AIDASSDXFBWZZNGAC4AYI"
          },
          "sensitive_attributes": [],
          "identity_schema_version": 0
        }
      ]
    },
    {
      "module": "module.auth_lambda.module.repo_ecr_lambda",
      "mode": "managed",
      "type": "aws_ecr_lifecycle_policy",
      "name": "delete",
      "provider": "provider[\"registry.terraform.io/hashicorp/aws\"]",
      "instances": [
        {
          "schema_version": 0,
          "attributes": {
            "id": "dev-logistics-auth",
            "policy": "{\"rules\":[{\"action\":{\"type\":\"expire\"},\"description\":\"Keep only the most recent images\",\"rulePriority\":1,\"selection\":{\"countNumber\":5,\"countType\":\"imageCountMoreThan\",\"tagStatus\":\"any\"}}]}",
            "region": "us-east-1",
            "registry_id": "176343551411",
            "repository": "dev-logistics-auth"
          },
          "sensitive_attributes": [],
          "identity_schema_version": 0,
          "private": "bnVsbA==",
          "dependencies": [
            "module.auth_lambda.module.repo_ecr_lambda.aws_ecr_repository.this"
          ]
        }
      ]
    },
    {
      "module": "module.auth_lambda.module.repo_ecr_lambda",
      "mode": "managed",
      "type": "aws_ecr_repository",
      "name": "this",
      "provider": "provider[\"registry.terraform.io/hashicorp/aws\"]",
      "instances": [
        {
          "schema_version": 0,
          "attributes": {
            "arn": "arn:aws:ecr:us-east-1:176343551411:repository/dev-logistics-auth",
            "encryption_configuration": [
              {
                "encryption_type": "AES256",
                "kms_key": ""
              }
            ],
            "force_delete": null,
            "id": "dev-logistics-auth",
            "image_scanning_configuration": [
              {
                "scan_on_push": true
              }
            ],
            "image_tag_mutability": "MUTABLE",
            "name": "dev-logistics-auth",
            "region": "us-east-1",
            "registry_id": "176343551411",
            "repository_url": "176343551411.dkr.ecr.us-east-1.amazonaws.com/dev-logistics-auth",
            "tags": {
              "Environment": "dev",
              "ManagedBy": "terraform",
              "Project": "logistics"
            },
            "tags_all": {
              "Environment": "dev",
              "ManagedBy": "terraform",
              "Project": "logistics"
            },
            "timeouts": null
          },
          "sensitive_attributes": [],
          "identity_schema_version": 0,
          "private": "eyJlMmJmYjczMC1lY2FhLTExZTYtOGY4OC0zNDM2M2JjN2M0YzAiOnsiZGVsZXRlIjoxMjAwMDAwMDAwMDAwfX0=",
          "create_before_destroy": true
        }
      ]
    },
    {
      "module": "module.events_queue",
      "mode": "managed",
      "type": "aws_sqs_queue",
      "name": "dead_letter_fifo_queue",
      "provider": "provider[\"registry.terraform.io/hashicorp/aws\"]",
      "instances": [
        {
          "schema_version": 0,
          "attributes": {
            "arn": "arn:aws:sqs:us-east-1:176343551411:dev-logistics-events-dead-letter-queue.fifo",
            "content_based_deduplication": true,
            "deduplication_scope": "queue",
            "delay_seconds": 0,
            "fifo_queue": true,
            "fifo_throughput_limit": "perQueue",
            "id": "https://sqs.us-east-1.amazonaws.com/176343551411/dev-logistics-events-dead-letter-queue.fifo",
            "kms_data_key_reuse_period_seconds": 300,
            "kms_master_key_id": "",
            "max_message_size": 262144,
            "message_retention_seconds": 345600,
            "name": "dev-logistics-events-dead-letter-queue.fifo",
            "name_prefix": "",
            "policy": "",
            "receive_wait_time_seconds": 0,
            "redrive_allow_policy": "",
            "redrive_policy": "",
            "region": "us-east-1",
            "sqs_managed_sse_enabled": true,
            "tags": {
              "Environment": "dev",
              "ManagedBy": "terraform",
              "Project": "logistics"
            },
            "tags_all": {
              "Environment": "dev",
              "ManagedBy": "terraform",
              "Project": "logistics"
            },
            "timeouts": null,
            "url": "https://sqs.us-east-1.amazonaws.com/176343551411/dev-logistics-events-dead-letter-queue.fifo",
            "visibility_timeout_seconds": 43200
          },
          "sensitive_attributes": [],
          "identity_schema_version": 0,
          "private": "eyJlMmJmYjczMC1lY2FhLTExZTYtOGY4OC0zNDM2M2JjN2M0YzAiOnsiY3JlYXRlIjoxODAwMDAwMDAwMDAsImRlbGV0ZSI6MTgwMDAwMDAwMDAwLCJ1cGRhdGUiOjE4MDAwMDAwMDAwMH19"
        }
      ]
    },
    {
      "module": "module.events_queue",
      "mode": "managed",
      "type": "aws_sqs_queue",
      "name": "fifo_queue",
      "provider": "provider[\"registry.terraform.io/hashicorp/aws\"]",
      "instances": [
        {
          "schema_version": 0,
          "attributes": {
            "arn": "arn:aws:sqs:us-east-1:176343551411:dev-logistics-events-fifo-queue.fifo",
            "content_based_deduplication": true,
            "deduplication_scope": "queue",
            "delay_seconds": 0,
            "fifo_queue": true,
            "fifo_throughput_limit": "perQueue",
            "id": "https://sqs.us-east-1.amazonaws.com/176343551411/dev-logistics-events-fifo-queue.fifo",
            "kms_data_key_reuse_period_seconds": 300,
            "kms_master_key_id": "",
            "max_message_size": 262144,
            "message_retention_seconds": 345600,
            "name": "dev-logistics-events-fifo-queue.fifo",
            "name_prefix": "",
            "policy": "",
            "receive_wait_time_seconds": 0,
            "redrive_allow_policy": "",
            "redrive_policy": "{\"deadLetterTargetArn\":\"arn:aws:sqs:us-east-1:176343551411:dev-logistics-events-dead-letter-queue.fifo\",\"maxReceiveCount\":5}",
            "region": "us-east-1",
            "sqs_managed_sse_enabled": true,
            "tags": {
              "Environment": "dev",
              "ManagedBy": "terraform",
              "Project": "logistics"
            },
            "tags_all": {
              "Environment": "dev",
              "ManagedBy": "terraform",
              "Project": "logistics"
            },
            "timeouts": null,
            "url": "https://sqs.us-east-1.amazonaws.com/176343551411/dev-logistics-events-fifo-queue.fifo",
            "visibility_timeout_seconds": 43200
          },
          "sensitive_attributes": [],
          "identity_schema_version": 0,
          "private": "eyJlMmJmYjczMC1lY2FhLTExZTYtOGY4OC0zNDM2M2JjN2M0YzAiOnsiY3JlYXRlIjoxODAwMDAwMDAwMDAsImRlbGV0ZSI6MTgwMDAwMDAwMDAwLCJ1cGRhdGUiOjE4MDAwMDAwMDAwMH19",
          "dependencies": [
            "module.events_queue.aws_sqs_queue.dead_letter_fifo_queue"
          ]
        }
      ]
    },
    {
      "module": "module.locations_table",
      "mode": "managed",
      "type": "aws_dynamodb_table",
      "name": "this",
      "provider": "provider[\"registry.terraform.io/hashicorp/aws\"]",
      "instances": [
        {
          "schema_version": 1,
          "attributes": {
            "arn": "arn:aws:dynamodb:us-east-1:176343551411:table/dev-logistics-locations",
            "attribute": [
              {
                "name": "id",
                "type": "S"
              }
            ],
            "billing_mode": "PAY_PER_REQUEST",
            "deletion_protection_enabled": false,
            "global_secondary_index": [],
            "hash_key": "id",
            "id": "dev-logistics-locations",
            "import_table": [],
            "local_secondary_index": [],
            "name": "dev-logistics-locations",
            "on_demand_throughput": [],
            "point_in_time_recovery": [
              {
                "enabled": false,
                "recovery_period_in_days": 0
              }
            ],
            "range_key": null,
            "read_capacity": 0,
            "region": "us-east-1",
            "replica": [],
            "restore_date_time": null,
            "restore_source_name": null,
            "restore_source_table_arn": null,
            "restore_to_latest_time": null,
            "server_side_encryption": [],
            "stream_arn": "",
            "stream_enabled": false,
            "stream_label": "",
            "stream_view_type": "",
            "table_class": "STANDARD",
            "tags": {
              "Environment": "dev",
              "ManagedBy": "terraform",
              "Project": "logistics"
            },
            "tags_all": {
              "Environment": "dev",
              "ManagedBy": "terraform",
              "Project": "logistics"
            },
            "timeouts": null,
            "ttl": [
              {
                "attribute_name": "",
                "enabled": false
              }
            ],
            "write_capacity": 0
          },
          "sensitive_attributes": [],
          "identity_schema_version": 0,
          "private": "eyJlMmJmYjczMC1lY2FhLTExZTYtOGY4OC0zNDM2M2JjN2M0YzAiOnsiY3JlYXRlIjoxODAwMDAwMDAwMDAwLCJkZWxldGUiOjYwMDAwMDAwMDAwMCwidXBkYXRlIjozNjAwMDAwMDAwMDAwfSwic2NoZW1hX3ZlcnNpb24iOiIxIn0=",
          "create_before_destroy": true
        }
      ]
    },
    {
      "module": "module.notificacoes_lambda",
      "mode": "data",
      "type": "aws_caller_identity",
      "name": "current",
      "provider": "provider[\"registry.terraform.io/hashicorp/aws\"]",
      "instances": [
        {
          "schema_version": 0,
          "attributes": {
            "account_id": "176343551411",
            "arn": "arn:aws:iam::176343551411:user/aws-cli-ari",
            "id": "176343551411",
            "user_id": "AIDASSDXFBWZZNGAC4AYI"
          },
          "sensitive_attributes": [],
          "identity_schema_version": 0
        }
      ]
    },
    {
      "module": "module.notificacoes_lambda",
      "mode": "data",
      "type": "aws_iam_policy_document",
      "name": "policy_doc",
      "provider": "provider[\"registry.terraform.io/hashicorp/aws\"]",
      "instances": [
        {
          "schema_version": 0,
          "attributes": {
            "id": "2690255455",
            "json": "{\n  \"Version\": \"2012-10-17\",\n  \"Statement\": [\n    {\n      \"Effect\": \"Allow\",\n      \"Action\": \"sts:AssumeRole\",\n      \"Principal\": {\n        \"Service\": \"lambda.amazonaws.com\"\n      }\n    }\n  ]\n}",
            "minified_json": "{\"Version\":\"2012-10-17\",\"Statement\":[{\"Effect\":\"Allow\",\"Action\":\"sts:AssumeRole\",\"Principal\":{\"Service\":\"lambda.amazonaws.com\"}}]}",
            "override_json": null,
            "override_policy_documents": null,
            "policy_id": null,
            "source_json": null,
            "source_policy_documents": null,
            "statement": [
              {
                "actions": [
                  "sts:AssumeRole"
                ],
                "condition": [],
                "effect": "Allow",
                "not_actions": [],
                "not_principals": [],
                "not_resources": [],
                "principals": [
                  {
                    "identifiers": [
                      "lambda.amazonaws.com"
                    ],
                    "type": "Service"
                  }
                ],
                "resources": [],
                "sid": ""
              }
            ],
            "version": "2012-10-17"
          },
          "sensitive_attributes": [],
          "identity_schema_version": 0
        }
      ]
    },
    {
      "module": "module.notificacoes_lambda",
      "mode": "managed",
      "type": "aws_iam_role",
      "name": "lambda_role",
      "provider": "provider[\"registry.terraform.io/hashicorp/aws\"]",
      "instances": [
        {
          "schema_version": 0,
          "attributes": {
            "arn": "arn:aws:iam::176343551411:role/dev_logistics_notificacoes_role",
            "assume_role_policy": "{\"Statement\":[{\"Action\":\"sts:AssumeRole\",\"Effect\":\"Allow\",\"Principal\":{\"Service\":\"lambda.amazonaws.com\"}}],\"Version\":\"2012-10-17\"}",
            "create_date": "2025-06-21T18:34:36Z",
            "description": "",
            "force_detach_policies": false,
            "id": "dev_logistics_notificacoes_role",
            "inline_policy": [],
            "managed_policy_arns": [
              "arn:aws:iam::aws:policy/AmazonDynamoDBFullAccess",
              "arn:aws:iam::aws:policy/AmazonSESFullAccess",
              "arn:aws:iam::aws:policy/AmazonSNSFullAccess",
              "arn:aws:iam::aws:policy/AmazonSQSFullAccess",
              "arn:aws:iam::aws:policy/service-role/AWSLambdaBasicExecutionRole",
              "arn:aws:iam::aws:policy/service-role/AWSLambdaRole"
            ],
            "max_session_duration": 3600,
            "name": "dev_logistics_notificacoes_role",
            "name_prefix": "",
            "path": "/",
            "permissions_boundary": "",
            "tags": {
              "Environment": "dev",
              "ManagedBy": "terraform",
              "Project": "logistics"
            },
            "tags_all": {
              "Environment": "dev",
              "ManagedBy": "terraform",
              "Project": "logistics"
            },
            "unique_id": "AROASSDXFBWZR5IAIOPVD"
          },
          "sensitive_attributes": [],
          "identity_schema_version": 0,
          "identity": {
            "account_id": "176343551411",
            "name": "dev_logistics_notificacoes_role"
          },
          "private": "bnVsbA==",
          "dependencies": [
            "module.notificacoes_lambda.data.aws_iam_policy_document.policy_doc"
          ]
        }
      ]
    },
    {
      "module": "module.notificacoes_lambda",
      "mode": "managed",
      "type": "aws_iam_role_policy_attachment",
      "name": "lambda_custom_policy",
      "provider": "provider[\"registry.terraform.io/hashicorp/aws\"]",
      "instances": [
        {
          "index_key": 0,
          "schema_version": 0,
          "attributes": {
            "id": "dev_logistics_notificacoes_role-20250621183445976700000002",
            "policy_arn": "arn:aws:iam::aws:policy/AmazonDynamoDBFullAccess",
            "role": "dev_logistics_notificacoes_role"
          },
          "sensitive_attributes": [],
          "identity_schema_version": 0,
          "private": "bnVsbA==",
          "dependencies": [
            "module.notificacoes_lambda.aws_iam_role.lambda_role",
            "module.notificacoes_lambda.data.aws_iam_policy_document.policy_doc"
          ]
        },
        {
          "index_key": 1,
          "schema_version": 0,
          "attributes": {
            "id": "dev_logistics_notificacoes_role-20250621183446185300000004",
            "policy_arn": "arn:aws:iam::aws:policy/AmazonSQSFullAccess",
            "role": "dev_logistics_notificacoes_role"
          },
          "sensitive_attributes": [],
          "identity_schema_version": 0,
          "private": "bnVsbA==",
          "dependencies": [
            "module.notificacoes_lambda.aws_iam_role.lambda_role",
            "module.notificacoes_lambda.data.aws_iam_policy_document.policy_doc"
          ]
        },
        {
          "index_key": 2,
          "schema_version": 0,
          "attributes": {
            "id": "dev_logistics_notificacoes_role-20250621183446330600000005",
            "policy_arn": "arn:aws:iam::aws:policy/AmazonSNSFullAccess",
            "role": "dev_logistics_notificacoes_role"
          },
          "sensitive_attributes": [],
          "identity_schema_version": 0,
          "private": "bnVsbA==",
          "dependencies": [
            "module.notificacoes_lambda.aws_iam_role.lambda_role",
            "module.notificacoes_lambda.data.aws_iam_policy_document.policy_doc"
          ]
        },
        {
          "index_key": 3,
          "schema_version": 0,
          "attributes": {
            "id": "dev_logistics_notificacoes_role-20250621183446520600000006",
            "policy_arn": "arn:aws:iam::aws:policy/AmazonSESFullAccess",
            "role": "dev_logistics_notificacoes_role"
          },
          "sensitive_attributes": [],
          "identity_schema_version": 0,
          "private": "bnVsbA==",
          "dependencies": [
            "module.notificacoes_lambda.aws_iam_role.lambda_role",
            "module.notificacoes_lambda.data.aws_iam_policy_document.policy_doc"
          ]
        },
        {
          "index_key": 4,
          "schema_version": 0,
          "attributes": {
            "id": "dev_logistics_notificacoes_role-20250621183446134000000003",
            "policy_arn": "arn:aws:iam::aws:policy/service-role/AWSLambdaRole",
            "role": "dev_logistics_notificacoes_role"
          },
          "sensitive_attributes": [],
          "identity_schema_version": 0,
          "private": "bnVsbA==",
          "dependencies": [
            "module.notificacoes_lambda.aws_iam_role.lambda_role",
            "module.notificacoes_lambda.data.aws_iam_policy_document.policy_doc"
          ]
        }
      ]
    },
    {
      "module": "module.notificacoes_lambda",
      "mode": "managed",
      "type": "aws_iam_role_policy_attachment",
      "name": "policy_cloudwatch",
      "provider": "provider[\"registry.terraform.io/hashicorp/aws\"]",
      "instances": [
        {
          "schema_version": 0,
          "attributes": {
            "id": "dev_logistics_notificacoes_role-20250621183445760700000001",
            "policy_arn": "arn:aws:iam::aws:policy/service-role/AWSLambdaBasicExecutionRole",
            "role": "dev_logistics_notificacoes_role"
          },
          "sensitive_attributes": [],
          "identity_schema_version": 0,
          "private": "bnVsbA==",
          "dependencies": [
            "module.notificacoes_lambda.aws_iam_role.lambda_role",
            "module.notificacoes_lambda.data.aws_iam_policy_document.policy_doc"
          ]
        }
      ]
    },
    {
      "module": "module.notificacoes_lambda",
      "mode": "managed",
      "type": "aws_lambda_function",
      "name": "lambda",
      "provider": "provider[\"registry.terraform.io/hashicorp/aws\"]",
      "instances": [
        {
          "schema_version": 0,
          "attributes": {
            "architectures": [
              "x86_64"
            ],
            "arn": "arn:aws:lambda:us-east-1:176343551411:function:dev_logistics_notificacoes",
            "code_sha256": "4264dd13fdc8ac51f7b29fa54a3f9fb82b034d76664fc7a97b8bde5130210ff4",
            "code_signing_config_arn": "",
            "dead_letter_config": [],
            "description": "Notifications Lambda function",
            "environment": [
              {
                "variables": {
                  "CONNECTIONS_TABLE": "dev-logistics-websocket-connections",
                  "NOTIFICATIONS_TABLE": "dev-logistics-notifications",
                  "SNS_GENERAL_TOPIC_ARN": "arn:aws:sns:us-east-1:176343551411:dev_logistics_notifications-general",
                  "SNS_PREMIUM_TOPIC_ARN": "arn:aws:sns:us-east-1:176343551411:dev_logistics_notifications-premium",
                  "SNS_REGIONAL_TOPIC_ARN": "arn:aws:sns:us-east-1:176343551411:dev_logistics_notifications-regional",
                  "SQS_QUEUE_URL": "https://sqs.us-east-1.amazonaws.com/176343551411/dev-logistics-events-fifo-queue.fifo",
                  "USERS_TABLE": "dev-logistics-users",
                  "WEBSOCKET_LAMBDA_NAME": "dev_logistics_websocket"
                }
              }
            ],
            "ephemeral_storage": [
              {
                "size": 512
              }
            ],
            "file_system_config": [],
            "filename": null,
            "function_name": "dev_logistics_notificacoes",
            "handler": "",
            "id": "dev_logistics_notificacoes",
            "image_config": [],
            "image_uri": "176343551411.dkr.ecr.us-east-1.amazonaws.com/dev-logistics-notificacoes:latest",
            "invoke_arn": "arn:aws:apigateway:us-east-1:lambda:path/2015-03-31/functions/arn:aws:lambda:us-east-1:176343551411:function:dev_logistics_notificacoes/invocations",
            "kms_key_arn": "",
            "last_modified": "2025-06-21T21:56:22.000+0000",
            "layers": [],
            "logging_config": [
              {
                "application_log_level": "",
                "log_format": "Text",
                "log_group": "/aws/lambda/dev_logistics_notificacoes",
                "system_log_level": ""
              }
            ],
            "memory_size": 512,
            "package_type": "Image",
            "publish": false,
            "qualified_arn": "arn:aws:lambda:us-east-1:176343551411:function:dev_logistics_notificacoes:$LATEST",
            "qualified_invoke_arn": "arn:aws:apigateway:us-east-1:lambda:path/2015-03-31/functions/arn:aws:lambda:us-east-1:176343551411:function:dev_logistics_notificacoes:$LATEST/invocations",
            "region": "us-east-1",
            "replace_security_groups_on_destroy": null,
            "replacement_security_group_ids": null,
            "reserved_concurrent_executions": -1,
            "role": "arn:aws:iam::176343551411:role/dev_logistics_notificacoes_role",
            "runtime": "",
            "s3_bucket": null,
            "s3_key": null,
            "s3_object_version": null,
            "signing_job_arn": "",
            "signing_profile_version_arn": "",
            "skip_destroy": false,
            "snap_start": [],
            "source_code_hash": "",
            "source_code_size": 0,
            "tags": {
              "Environment": "dev",
              "ManagedBy": "terraform",
              "Project": "logistics"
            },
            "tags_all": {
              "Environment": "dev",
              "ManagedBy": "terraform",
              "Project": "logistics"
            },
            "timeout": 60,
            "timeouts": null,
            "tracing_config": [
              {
                "mode": "PassThrough"
              }
            ],
            "version": "$LATEST",
            "vpc_config": []
          },
          "sensitive_attributes": [],
          "identity_schema_version": 0,
          "private": "eyJlMmJmYjczMC1lY2FhLTExZTYtOGY4OC0zNDM2M2JjN2M0YzAiOnsiY3JlYXRlIjo2MDAwMDAwMDAwMDAsImRlbGV0ZSI6NjAwMDAwMDAwMDAwLCJ1cGRhdGUiOjYwMDAwMDAwMDAwMH19",
          "dependencies": [
            "aws_apigatewayv2_api.websocket_api",
            "module.events_queue.aws_sqs_queue.dead_letter_fifo_queue",
            "module.events_queue.aws_sqs_queue.fifo_queue",
            "module.notificacoes_lambda.aws_iam_role.lambda_role",
            "module.notificacoes_lambda.data.aws_caller_identity.current",
            "module.notificacoes_lambda.data.aws_iam_policy_document.policy_doc",
            "module.notificacoes_lambda.module.repo_ecr_lambda.aws_ecr_repository.this",
            "module.notificacoes_lambda.null_resource.run_script",
            "module.notifications_general_topic.aws_sns_topic.this",
            "module.notifications_premium_topic.aws_sns_topic.this",
            "module.notifications_regional_topic.aws_sns_topic.this",
            "module.notifications_table.aws_dynamodb_table.this",
            "module.users_table.aws_dynamodb_table.this",
            "module.websocket_connections_table.aws_dynamodb_table.this",
            "module.websocket_lambda.aws_iam_role.lambda_role",
            "module.websocket_lambda.aws_lambda_function.lambda",
            "module.websocket_lambda.data.aws_caller_identity.current",
            "module.websocket_lambda.data.aws_iam_policy_document.policy_doc",
            "module.websocket_lambda.module.repo_ecr_lambda.aws_ecr_repository.this",
            "module.websocket_lambda.null_resource.run_script"
          ]
        }
      ]
    },
    {
      "module": "module.notificacoes_lambda",
      "mode": "managed",
      "type": "aws_lambda_function_event_invoke_config",
      "name": "retry",
      "provider": "provider[\"registry.terraform.io/hashicorp/aws\"]",
      "instances": [
        {
          "schema_version": 0,
          "attributes": {
            "destination_config": [],
            "function_name": "dev_logistics_notificacoes",
            "id": "dev_logistics_notificacoes",
            "maximum_event_age_in_seconds": 21600,
            "maximum_retry_attempts": 0,
            "qualifier": "",
            "region": "us-east-1"
          },
          "sensitive_attributes": [],
          "identity_schema_version": 0,
          "private": "bnVsbA==",
          "dependencies": [
            "aws_apigatewayv2_api.websocket_api",
            "module.events_queue.aws_sqs_queue.dead_letter_fifo_queue",
            "module.events_queue.aws_sqs_queue.fifo_queue",
            "module.notificacoes_lambda.aws_iam_role.lambda_role",
            "module.notificacoes_lambda.aws_lambda_function.lambda",
            "module.notificacoes_lambda.data.aws_caller_identity.current",
            "module.notificacoes_lambda.data.aws_iam_policy_document.policy_doc",
            "module.notificacoes_lambda.module.repo_ecr_lambda.aws_ecr_repository.this",
            "module.notificacoes_lambda.null_resource.run_script",
            "module.notifications_general_topic.aws_sns_topic.this",
            "module.notifications_premium_topic.aws_sns_topic.this",
            "module.notifications_regional_topic.aws_sns_topic.this",
            "module.notifications_table.aws_dynamodb_table.this",
            "module.users_table.aws_dynamodb_table.this",
            "module.websocket_connections_table.aws_dynamodb_table.this",
            "module.websocket_lambda.aws_iam_role.lambda_role",
            "module.websocket_lambda.aws_lambda_function.lambda",
            "module.websocket_lambda.data.aws_caller_identity.current",
            "module.websocket_lambda.data.aws_iam_policy_document.policy_doc",
            "module.websocket_lambda.module.repo_ecr_lambda.aws_ecr_repository.this",
            "module.websocket_lambda.null_resource.run_script"
          ]
        }
      ]
    },
    {
      "module": "module.notificacoes_lambda",
      "mode": "managed",
      "type": "null_resource",
      "name": "run_script",
      "provider": "provider[\"registry.terraform.io/hashicorp/null\"]",
      "instances": [
        {
          "index_key": "Dockerfile",
          "schema_version": 0,
          "attributes": {
            "id": "5747472413320794431",
            "triggers": {
              "file": "dd129ebd68d5ac159008512edc1c03f9fb2c58005677b6e11eceba18a37ae51f"
            }
          },
          "sensitive_attributes": [],
          "identity_schema_version": 0,
          "dependencies": [
            "module.notificacoes_lambda.data.aws_caller_identity.current",
            "module.notificacoes_lambda.module.repo_ecr_lambda.aws_ecr_repository.this"
          ]
        },
        {
          "index_key": "lambda_function.py",
          "schema_version": 0,
          "attributes": {
            "id": "2654318943263541286",
            "triggers": {
              "file": "ef0896d93d89ff4a83aec2731ea04c3759154dc240b3340c2cf9b396a0ea3352"
            }
          },
          "sensitive_attributes": [],
          "identity_schema_version": 0,
          "dependencies": [
            "module.notificacoes_lambda.data.aws_caller_identity.current",
            "module.notificacoes_lambda.module.repo_ecr_lambda.aws_ecr_repository.this"
          ]
        },
        {
          "index_key": "requirements.txt",
          "schema_version": 0,
          "attributes": {
            "id": "3077403894913600944",
            "triggers": {
              "file": "56c6d4e3c400d3126448ee255a25c8f53be67e61ac821a4b22ad17d32fabe4e6"
            }
          },
          "sensitive_attributes": [],
          "identity_schema_version": 0,
          "dependencies": [
            "module.notificacoes_lambda.data.aws_caller_identity.current",
            "module.notificacoes_lambda.module.repo_ecr_lambda.aws_ecr_repository.this"
          ]
        }
      ]
    },
    {
      "module": "module.notificacoes_lambda",
      "mode": "managed",
      "type": "null_resource",
      "name": "update",
      "provider": "provider[\"registry.terraform.io/hashicorp/null\"]",
      "instances": [
        {
          "index_key": "Dockerfile",
          "schema_version": 0,
          "attributes": {
            "id": "1793769988075662124",
            "triggers": {
              "file": "dd129ebd68d5ac159008512edc1c03f9fb2c58005677b6e11eceba18a37ae51f"
            }
          },
          "sensitive_attributes": [],
          "identity_schema_version": 0,
          "dependencies": [
            "aws_apigatewayv2_api.websocket_api",
            "module.events_queue.aws_sqs_queue.dead_letter_fifo_queue",
            "module.events_queue.aws_sqs_queue.fifo_queue",
            "module.notificacoes_lambda.aws_iam_role.lambda_role",
            "module.notificacoes_lambda.aws_lambda_function.lambda",
            "module.notificacoes_lambda.data.aws_caller_identity.current",
            "module.notificacoes_lambda.data.aws_iam_policy_document.policy_doc",
            "module.notificacoes_lambda.module.repo_ecr_lambda.aws_ecr_repository.this",
            "module.notificacoes_lambda.null_resource.run_script",
            "module.notifications_general_topic.aws_sns_topic.this",
            "module.notifications_premium_topic.aws_sns_topic.this",
            "module.notifications_regional_topic.aws_sns_topic.this",
            "module.notifications_table.aws_dynamodb_table.this",
            "module.users_table.aws_dynamodb_table.this",
            "module.websocket_connections_table.aws_dynamodb_table.this",
            "module.websocket_lambda.aws_iam_role.lambda_role",
            "module.websocket_lambda.aws_lambda_function.lambda",
            "module.websocket_lambda.data.aws_caller_identity.current",
            "module.websocket_lambda.data.aws_iam_policy_document.policy_doc",
            "module.websocket_lambda.module.repo_ecr_lambda.aws_ecr_repository.this",
            "module.websocket_lambda.null_resource.run_script"
          ]
        },
        {
          "index_key": "lambda_function.py",
          "schema_version": 0,
          "attributes": {
            "id": "1795400036575258294",
            "triggers": {
              "file": "ef0896d93d89ff4a83aec2731ea04c3759154dc240b3340c2cf9b396a0ea3352"
            }
          },
          "sensitive_attributes": [],
          "identity_schema_version": 0,
          "dependencies": [
            "aws_apigatewayv2_api.websocket_api",
            "module.events_queue.aws_sqs_queue.dead_letter_fifo_queue",
            "module.events_queue.aws_sqs_queue.fifo_queue",
            "module.notificacoes_lambda.aws_iam_role.lambda_role",
            "module.notificacoes_lambda.aws_lambda_function.lambda",
            "module.notificacoes_lambda.data.aws_caller_identity.current",
            "module.notificacoes_lambda.data.aws_iam_policy_document.policy_doc",
            "module.notificacoes_lambda.module.repo_ecr_lambda.aws_ecr_repository.this",
            "module.notificacoes_lambda.null_resource.run_script",
            "module.notifications_general_topic.aws_sns_topic.this",
            "module.notifications_premium_topic.aws_sns_topic.this",
            "module.notifications_regional_topic.aws_sns_topic.this",
            "module.notifications_table.aws_dynamodb_table.this",
            "module.users_table.aws_dynamodb_table.this",
            "module.websocket_connections_table.aws_dynamodb_table.this",
            "module.websocket_lambda.aws_iam_role.lambda_role",
            "module.websocket_lambda.aws_lambda_function.lambda",
            "module.websocket_lambda.data.aws_caller_identity.current",
            "module.websocket_lambda.data.aws_iam_policy_document.policy_doc",
            "module.websocket_lambda.module.repo_ecr_lambda.aws_ecr_repository.this",
            "module.websocket_lambda.null_resource.run_script"
          ]
        },
        {
          "index_key": "requirements.txt",
          "schema_version": 0,
          "attributes": {
            "id": "6842464599823985808",
            "triggers": {
              "file": "56c6d4e3c400d3126448ee255a25c8f53be67e61ac821a4b22ad17d32fabe4e6"
            }
          },
          "sensitive_attributes": [],
          "identity_schema_version": 0,
          "dependencies": [
            "aws_apigatewayv2_api.websocket_api",
            "module.events_queue.aws_sqs_queue.dead_letter_fifo_queue",
            "module.events_queue.aws_sqs_queue.fifo_queue",
            "module.notificacoes_lambda.aws_iam_role.lambda_role",
            "module.notificacoes_lambda.aws_lambda_function.lambda",
            "module.notificacoes_lambda.data.aws_caller_identity.current",
            "module.notificacoes_lambda.data.aws_iam_policy_document.policy_doc",
            "module.notificacoes_lambda.module.repo_ecr_lambda.aws_ecr_repository.this",
            "module.notificacoes_lambda.null_resource.run_script",
            "module.notifications_general_topic.aws_sns_topic.this",
            "module.notifications_premium_topic.aws_sns_topic.this",
            "module.notifications_regional_topic.aws_sns_topic.this",
            "module.notifications_table.aws_dynamodb_table.this",
            "module.users_table.aws_dynamodb_table.this",
            "module.websocket_connections_table.aws_dynamodb_table.this",
            "module.websocket_lambda.aws_iam_role.lambda_role",
            "module.websocket_lambda.aws_lambda_function.lambda",
            "module.websocket_lambda.data.aws_caller_identity.current",
            "module.websocket_lambda.data.aws_iam_policy_document.policy_doc",
            "module.websocket_lambda.module.repo_ecr_lambda.aws_ecr_repository.this",
            "module.websocket_lambda.null_resource.run_script"
          ]
        }
      ]
    },
    {
      "module": "module.notificacoes_lambda.module.repo_ecr_lambda",
      "mode": "data",
      "type": "aws_caller_identity",
      "name": "current",
      "provider": "provider[\"registry.terraform.io/hashicorp/aws\"]",
      "instances": [
        {
          "schema_version": 0,
          "attributes": {
            "account_id": "176343551411",
            "arn": "arn:aws:iam::176343551411:user/aws-cli-ari",
            "id": "176343551411",
            "user_id": "AIDASSDXFBWZZNGAC4AYI"
          },
          "sensitive_attributes": [],
          "identity_schema_version": 0
        }
      ]
    },
    {
      "module": "module.notificacoes_lambda.module.repo_ecr_lambda",
      "mode": "managed",
      "type": "aws_ecr_lifecycle_policy",
      "name": "delete",
      "provider": "provider[\"registry.terraform.io/hashicorp/aws\"]",
      "instances": [
        {
          "schema_version": 0,
          "attributes": {
            "id": "dev-logistics-notificacoes",
            "policy": "{\"rules\":[{\"action\":{\"type\":\"expire\"},\"description\":\"Keep only the most recent images\",\"rulePriority\":1,\"selection\":{\"countNumber\":5,\"countType\":\"imageCountMoreThan\",\"tagStatus\":\"any\"}}]}",
            "region": "us-east-1",
            "registry_id": "176343551411",
            "repository": "dev-logistics-notificacoes"
          },
          "sensitive_attributes": [],
          "identity_schema_version": 0,
          "private": "bnVsbA==",
          "dependencies": [
            "module.notificacoes_lambda.module.repo_ecr_lambda.aws_ecr_repository.this"
          ]
        }
      ]
    },
    {
      "module": "module.notificacoes_lambda.module.repo_ecr_lambda",
      "mode": "managed",
      "type": "aws_ecr_repository",
      "name": "this",
      "provider": "provider[\"registry.terraform.io/hashicorp/aws\"]",
      "instances": [
        {
          "schema_version": 0,
          "attributes": {
            "arn": "arn:aws:ecr:us-east-1:176343551411:repository/dev-logistics-notificacoes",
            "encryption_configuration": [
              {
                "encryption_type": "AES256",
                "kms_key": ""
              }
            ],
            "force_delete": null,
            "id": "dev-logistics-notificacoes",
            "image_scanning_configuration": [
              {
                "scan_on_push": true
              }
            ],
            "image_tag_mutability": "MUTABLE",
            "name": "dev-logistics-notificacoes",
            "region": "us-east-1",
            "registry_id": "176343551411",
            "repository_url": "176343551411.dkr.ecr.us-east-1.amazonaws.com/dev-logistics-notificacoes",
            "tags": {
              "Environment": "dev",
              "ManagedBy": "terraform",
              "Project": "logistics"
            },
            "tags_all": {
              "Environment": "dev",
              "ManagedBy": "terraform",
              "Project": "logistics"
            },
            "timeouts": null
          },
          "sensitive_attributes": [],
          "identity_schema_version": 0,
          "private": "eyJlMmJmYjczMC1lY2FhLTExZTYtOGY4OC0zNDM2M2JjN2M0YzAiOnsiZGVsZXRlIjoxMjAwMDAwMDAwMDAwfX0="
        }
      ]
    },
    {
      "module": "module.notifications_general_topic",
      "mode": "managed",
      "type": "aws_sns_topic",
      "name": "this",
      "provider": "provider[\"registry.terraform.io/hashicorp/aws\"]",
      "instances": [
        {
          "schema_version": 0,
          "attributes": {
            "application_failure_feedback_role_arn": "",
            "application_success_feedback_role_arn": "",
            "application_success_feedback_sample_rate": 0,
            "archive_policy": "",
            "arn": "arn:aws:sns:us-east-1:176343551411:dev_logistics_notifications-general",
            "beginning_archive_time": "",
            "content_based_deduplication": false,
            "delivery_policy": "",
            "display_name": "dev_logistics_notifications-general_error",
            "fifo_throughput_scope": "",
            "fifo_topic": false,
            "firehose_failure_feedback_role_arn": "",
            "firehose_success_feedback_role_arn": "",
            "firehose_success_feedback_sample_rate": 0,
            "http_failure_feedback_role_arn": "",
            "http_success_feedback_role_arn": "",
            "http_success_feedback_sample_rate": 0,
            "id": "arn:aws:sns:us-east-1:176343551411:dev_logistics_notifications-general",
            "kms_master_key_id": "",
            "lambda_failure_feedback_role_arn": "",
            "lambda_success_feedback_role_arn": "",
            "lambda_success_feedback_sample_rate": 0,
            "name": "dev_logistics_notifications-general",
            "name_prefix": "",
            "owner": "176343551411",
            "policy": "{\"Id\":\"__default_policy_ID\",\"Statement\":[{\"Action\":[\"SNS:GetTopicAttributes\",\"SNS:SetTopicAttributes\",\"SNS:AddPermission\",\"SNS:RemovePermission\",\"SNS:DeleteTopic\",\"SNS:Subscribe\",\"SNS:ListSubscriptionsByTopic\",\"SNS:Publish\"],\"Condition\":{\"StringEquals\":{\"AWS:SourceOwner\":\"176343551411\"}},\"Effect\":\"Allow\",\"Principal\":{\"AWS\":\"*\"},\"Resource\":\"arn:aws:sns:us-east-1:176343551411:dev_logistics_notifications-general\",\"Sid\":\"__default_statement_ID\"}],\"Version\":\"2008-10-17\"}",
            "region": "us-east-1",
            "signature_version": 0,
            "sqs_failure_feedback_role_arn": "",
            "sqs_success_feedback_role_arn": "",
            "sqs_success_feedback_sample_rate": 0,
            "tags": {
              "Environment": "dev",
              "ManagedBy": "terraform",
              "Project": "logistics"
            },
            "tags_all": {
              "Environment": "dev",
              "ManagedBy": "terraform",
              "Project": "logistics"
            },
            "tracing_config": ""
          },
          "sensitive_attributes": [],
          "identity_schema_version": 0,
          "private": "bnVsbA=="
        }
      ]
    },
    {
      "module": "module.notifications_general_topic",
      "mode": "managed",
      "type": "aws_sns_topic_subscription",
      "name": "email_subscriptions",
      "provider": "provider[\"registry.terraform.io/hashicorp/aws\"]",
      "instances": [
        {
          "index_key": "admin@logistics.com",
          "schema_version": 0,
          "attributes": {
            "arn": "arn:aws:sns:us-east-1:176343551411:dev_logistics_notifications-general:6a9a42c9-8917-4ab2-8879-f09efcf5d224",
            "confirmation_timeout_in_minutes": 1,
            "confirmation_was_authenticated": false,
            "delivery_policy": "",
            "endpoint": "admin@logistics.com",
            "endpoint_auto_confirms": false,
            "filter_policy": "",
            "filter_policy_scope": "",
            "id": "arn:aws:sns:us-east-1:176343551411:dev_logistics_notifications-general:6a9a42c9-8917-4ab2-8879-f09efcf5d224",
            "owner_id": "176343551411",
            "pending_confirmation": true,
            "protocol": "email",
            "raw_message_delivery": false,
            "redrive_policy": "",
            "region": "us-east-1",
            "replay_policy": "",
            "subscription_role_arn": "",
            "topic_arn": "arn:aws:sns:us-east-1:176343551411:dev_logistics_notifications-general"
          },
          "sensitive_attributes": [],
          "identity_schema_version": 0,
          "private": "bnVsbA==",
          "dependencies": [
            "module.notifications_general_topic.aws_sns_topic.this"
          ]
        }
      ]
    },
    {
      "module": "module.notifications_premium_topic",
      "mode": "managed",
      "type": "aws_sns_topic",
      "name": "this",
      "provider": "provider[\"registry.terraform.io/hashicorp/aws\"]",
      "instances": [
        {
          "schema_version": 0,
          "attributes": {
            "application_failure_feedback_role_arn": "",
            "application_success_feedback_role_arn": "",
            "application_success_feedback_sample_rate": 0,
            "archive_policy": "",
            "arn": "arn:aws:sns:us-east-1:176343551411:dev_logistics_notifications-premium",
            "beginning_archive_time": "",
            "content_based_deduplication": false,
            "delivery_policy": "",
            "display_name": "dev_logistics_notifications-premium_error",
            "fifo_throughput_scope": "",
            "fifo_topic": false,
            "firehose_failure_feedback_role_arn": "",
            "firehose_success_feedback_role_arn": "",
            "firehose_success_feedback_sample_rate": 0,
            "http_failure_feedback_role_arn": "",
            "http_success_feedback_role_arn": "",
            "http_success_feedback_sample_rate": 0,
            "id": "arn:aws:sns:us-east-1:176343551411:dev_logistics_notifications-premium",
            "kms_master_key_id": "",
            "lambda_failure_feedback_role_arn": "",
            "lambda_success_feedback_role_arn": "",
            "lambda_success_feedback_sample_rate": 0,
            "name": "dev_logistics_notifications-premium",
            "name_prefix": "",
            "owner": "176343551411",
            "policy": "{\"Id\":\"__default_policy_ID\",\"Statement\":[{\"Action\":[\"SNS:GetTopicAttributes\",\"SNS:SetTopicAttributes\",\"SNS:AddPermission\",\"SNS:RemovePermission\",\"SNS:DeleteTopic\",\"SNS:Subscribe\",\"SNS:ListSubscriptionsByTopic\",\"SNS:Publish\"],\"Condition\":{\"StringEquals\":{\"AWS:SourceOwner\":\"176343551411\"}},\"Effect\":\"Allow\",\"Principal\":{\"AWS\":\"*\"},\"Resource\":\"arn:aws:sns:us-east-1:176343551411:dev_logistics_notifications-premium\",\"Sid\":\"__default_statement_ID\"}],\"Version\":\"2008-10-17\"}",
            "region": "us-east-1",
            "signature_version": 0,
            "sqs_failure_feedback_role_arn": "",
            "sqs_success_feedback_role_arn": "",
            "sqs_success_feedback_sample_rate": 0,
            "tags": {
              "Environment": "dev",
              "ManagedBy": "terraform",
              "Project": "logistics"
            },
            "tags_all": {
              "Environment": "dev",
              "ManagedBy": "terraform",
              "Project": "logistics"
            },
            "tracing_config": ""
          },
          "sensitive_attributes": [],
          "identity_schema_version": 0,
          "private": "bnVsbA=="
        }
      ]
    },
    {
      "module": "module.notifications_premium_topic",
      "mode": "managed",
      "type": "aws_sns_topic_subscription",
      "name": "email_subscriptions",
      "provider": "provider[\"registry.terraform.io/hashicorp/aws\"]",
      "instances": [
        {
          "index_key": "admin@logistics.com",
          "schema_version": 0,
          "attributes": {
            "arn": "arn:aws:sns:us-east-1:176343551411:dev_logistics_notifications-premium:fa7efac6-6b4f-4bbb-82d3-a600645638db",
            "confirmation_timeout_in_minutes": 1,
            "confirmation_was_authenticated": false,
            "delivery_policy": "",
            "endpoint": "admin@logistics.com",
            "endpoint_auto_confirms": false,
            "filter_policy": "",
            "filter_policy_scope": "",
            "id": "arn:aws:sns:us-east-1:176343551411:dev_logistics_notifications-premium:fa7efac6-6b4f-4bbb-82d3-a600645638db",
            "owner_id": "176343551411",
            "pending_confirmation": true,
            "protocol": "email",
            "raw_message_delivery": false,
            "redrive_policy": "",
            "region": "us-east-1",
            "replay_policy": "",
            "subscription_role_arn": "",
            "topic_arn": "arn:aws:sns:us-east-1:176343551411:dev_logistics_notifications-premium"
          },
          "sensitive_attributes": [],
          "identity_schema_version": 0,
          "private": "bnVsbA==",
          "dependencies": [
            "module.notifications_premium_topic.aws_sns_topic.this"
          ]
        }
      ]
    },
    {
      "module": "module.notifications_regional_topic",
      "mode": "managed",
      "type": "aws_sns_topic",
      "name": "this",
      "provider": "provider[\"registry.terraform.io/hashicorp/aws\"]",
      "instances": [
        {
          "schema_version": 0,
          "attributes": {
            "application_failure_feedback_role_arn": "",
            "application_success_feedback_role_arn": "",
            "application_success_feedback_sample_rate": 0,
            "archive_policy": "",
            "arn": "arn:aws:sns:us-east-1:176343551411:dev_logistics_notifications-regional",
            "beginning_archive_time": "",
            "content_based_deduplication": false,
            "delivery_policy": "",
            "display_name": "dev_logistics_notifications-regional_error",
            "fifo_throughput_scope": "",
            "fifo_topic": false,
            "firehose_failure_feedback_role_arn": "",
            "firehose_success_feedback_role_arn": "",
            "firehose_success_feedback_sample_rate": 0,
            "http_failure_feedback_role_arn": "",
            "http_success_feedback_role_arn": "",
            "http_success_feedback_sample_rate": 0,
            "id": "arn:aws:sns:us-east-1:176343551411:dev_logistics_notifications-regional",
            "kms_master_key_id": "",
            "lambda_failure_feedback_role_arn": "",
            "lambda_success_feedback_role_arn": "",
            "lambda_success_feedback_sample_rate": 0,
            "name": "dev_logistics_notifications-regional",
            "name_prefix": "",
            "owner": "176343551411",
            "policy": "{\"Id\":\"__default_policy_ID\",\"Statement\":[{\"Action\":[\"SNS:GetTopicAttributes\",\"SNS:SetTopicAttributes\",\"SNS:AddPermission\",\"SNS:RemovePermission\",\"SNS:DeleteTopic\",\"SNS:Subscribe\",\"SNS:ListSubscriptionsByTopic\",\"SNS:Publish\"],\"Condition\":{\"StringEquals\":{\"AWS:SourceOwner\":\"176343551411\"}},\"Effect\":\"Allow\",\"Principal\":{\"AWS\":\"*\"},\"Resource\":\"arn:aws:sns:us-east-1:176343551411:dev_logistics_notifications-regional\",\"Sid\":\"__default_statement_ID\"}],\"Version\":\"2008-10-17\"}",
            "region": "us-east-1",
            "signature_version": 0,
            "sqs_failure_feedback_role_arn": "",
            "sqs_success_feedback_role_arn": "",
            "sqs_success_feedback_sample_rate": 0,
            "tags": {
              "Environment": "dev",
              "ManagedBy": "terraform",
              "Project": "logistics"
            },
            "tags_all": {
              "Environment": "dev",
              "ManagedBy": "terraform",
              "Project": "logistics"
            },
            "tracing_config": ""
          },
          "sensitive_attributes": [],
          "identity_schema_version": 0,
          "private": "bnVsbA=="
        }
      ]
    },
    {
      "module": "module.notifications_regional_topic",
      "mode": "managed",
      "type": "aws_sns_topic_subscription",
      "name": "email_subscriptions",
      "provider": "provider[\"registry.terraform.io/hashicorp/aws\"]",
      "instances": [
        {
          "index_key": "admin@logistics.com",
          "schema_version": 0,
          "attributes": {
            "arn": "arn:aws:sns:us-east-1:176343551411:dev_logistics_notifications-regional:12de3e73-1a10-4c57-8550-7746dc60b6bf",
            "confirmation_timeout_in_minutes": 1,
            "confirmation_was_authenticated": false,
            "delivery_policy": "",
            "endpoint": "admin@logistics.com",
            "endpoint_auto_confirms": false,
            "filter_policy": "",
            "filter_policy_scope": "",
            "id": "arn:aws:sns:us-east-1:176343551411:dev_logistics_notifications-regional:12de3e73-1a10-4c57-8550-7746dc60b6bf",
            "owner_id": "176343551411",
            "pending_confirmation": true,
            "protocol": "email",
            "raw_message_delivery": false,
            "redrive_policy": "",
            "region": "us-east-1",
            "replay_policy": "",
            "subscription_role_arn": "",
            "topic_arn": "arn:aws:sns:us-east-1:176343551411:dev_logistics_notifications-regional"
          },
          "sensitive_attributes": [],
          "identity_schema_version": 0,
          "private": "bnVsbA==",
          "dependencies": [
            "module.notifications_regional_topic.aws_sns_topic.this"
          ]
        }
      ]
    },
    {
      "module": "module.notifications_table",
      "mode": "managed",
      "type": "aws_dynamodb_table",
      "name": "this",
      "provider": "provider[\"registry.terraform.io/hashicorp/aws\"]",
      "instances": [
        {
          "schema_version": 1,
          "attributes": {
            "arn": "arn:aws:dynamodb:us-east-1:176343551411:table/dev-logistics-notifications",
            "attribute": [
              {
                "name": "id",
                "type": "S"
              }
            ],
            "billing_mode": "PAY_PER_REQUEST",
            "deletion_protection_enabled": false,
            "global_secondary_index": [],
            "hash_key": "id",
            "id": "dev-logistics-notifications",
            "import_table": [],
            "local_secondary_index": [],
            "name": "dev-logistics-notifications",
            "on_demand_throughput": [],
            "point_in_time_recovery": [
              {
                "enabled": false,
                "recovery_period_in_days": 0
              }
            ],
            "range_key": null,
            "read_capacity": 0,
            "region": "us-east-1",
            "replica": [],
            "restore_date_time": null,
            "restore_source_name": null,
            "restore_source_table_arn": null,
            "restore_to_latest_time": null,
            "server_side_encryption": [],
            "stream_arn": "",
            "stream_enabled": false,
            "stream_label": "",
            "stream_view_type": "",
            "table_class": "STANDARD",
            "tags": {
              "Environment": "dev",
              "ManagedBy": "terraform",
              "Project": "logistics"
            },
            "tags_all": {
              "Environment": "dev",
              "ManagedBy": "terraform",
              "Project": "logistics"
            },
            "timeouts": null,
            "ttl": [
              {
                "attribute_name": "",
                "enabled": false
              }
            ],
            "write_capacity": 0
          },
          "sensitive_attributes": [],
          "identity_schema_version": 0,
          "private": "eyJlMmJmYjczMC1lY2FhLTExZTYtOGY4OC0zNDM2M2JjN2M0YzAiOnsiY3JlYXRlIjoxODAwMDAwMDAwMDAwLCJkZWxldGUiOjYwMDAwMDAwMDAwMCwidXBkYXRlIjozNjAwMDAwMDAwMDAwfSwic2NoZW1hX3ZlcnNpb24iOiIxIn0="
        }
      ]
    },
    {
      "module": "module.pedido_ofertas_table",
      "mode": "managed",
      "type": "aws_dynamodb_table",
      "name": "this",
      "provider": "provider[\"registry.terraform.io/hashicorp/aws\"]",
      "instances": [
        {
          "schema_version": 1,
          "attributes": {
            "arn": "arn:aws:dynamodb:us-east-1:176343551411:table/dev-logistics-pedido-ofertas",
            "attribute": [
              {
                "name": "id",
                "type": "S"
              }
            ],
            "billing_mode": "PAY_PER_REQUEST",
            "deletion_protection_enabled": false,
            "global_secondary_index": [],
            "hash_key": "id",
            "id": "dev-logistics-pedido-ofertas",
            "import_table": [],
            "local_secondary_index": [],
            "name": "dev-logistics-pedido-ofertas",
            "on_demand_throughput": [],
            "point_in_time_recovery": [
              {
                "enabled": false,
                "recovery_period_in_days": 0
              }
            ],
            "range_key": null,
            "read_capacity": 0,
            "region": "us-east-1",
            "replica": [],
            "restore_date_time": null,
            "restore_source_name": null,
            "restore_source_table_arn": null,
            "restore_to_latest_time": null,
            "server_side_encryption": [],
            "stream_arn": "",
            "stream_enabled": false,
            "stream_label": "",
            "stream_view_type": "",
            "table_class": "STANDARD",
            "tags": {
              "Environment": "dev",
              "ManagedBy": "terraform",
              "Project": "logistics"
            },
            "tags_all": {
              "Environment": "dev",
              "ManagedBy": "terraform",
              "Project": "logistics"
            },
            "timeouts": null,
            "ttl": [
              {
                "attribute_name": "",
                "enabled": false
              }
            ],
            "write_capacity": 0
          },
          "sensitive_attributes": [],
          "identity_schema_version": 0,
          "private": "eyJlMmJmYjczMC1lY2FhLTExZTYtOGY4OC0zNDM2M2JjN2M0YzAiOnsiY3JlYXRlIjoxODAwMDAwMDAwMDAwLCJkZWxldGUiOjYwMDAwMDAwMDAwMCwidXBkYXRlIjozNjAwMDAwMDAwMDAwfSwic2NoZW1hX3ZlcnNpb24iOiIxIn0=",
          "create_before_destroy": true
        }
      ]
    },
    {
      "module": "module.pedidos_lambda",
      "mode": "data",
      "type": "aws_caller_identity",
      "name": "current",
      "provider": "provider[\"registry.terraform.io/hashicorp/aws\"]",
      "instances": [
        {
          "schema_version": 0,
          "attributes": {
            "account_id": "176343551411",
            "arn": "arn:aws:iam::176343551411:user/aws-cli-ari",
            "id": "176343551411",
            "user_id": "AIDASSDXFBWZZNGAC4AYI"
          },
          "sensitive_attributes": [],
          "identity_schema_version": 0
        }
      ]
    },
    {
      "module": "module.pedidos_lambda",
      "mode": "data",
      "type": "aws_iam_policy_document",
      "name": "policy_doc",
      "provider": "provider[\"registry.terraform.io/hashicorp/aws\"]",
      "instances": [
        {
          "schema_version": 0,
          "attributes": {
            "id": "2690255455",
            "json": "{\n  \"Version\": \"2012-10-17\",\n  \"Statement\": [\n    {\n      \"Effect\": \"Allow\",\n      \"Action\": \"sts:AssumeRole\",\n      \"Principal\": {\n        \"Service\": \"lambda.amazonaws.com\"\n      }\n    }\n  ]\n}",
            "minified_json": "{\"Version\":\"2012-10-17\",\"Statement\":[{\"Effect\":\"Allow\",\"Action\":\"sts:AssumeRole\",\"Principal\":{\"Service\":\"lambda.amazonaws.com\"}}]}",
            "override_json": null,
            "override_policy_documents": null,
            "policy_id": null,
            "source_json": null,
            "source_policy_documents": null,
            "statement": [
              {
                "actions": [
                  "sts:AssumeRole"
                ],
                "condition": [],
                "effect": "Allow",
                "not_actions": [],
                "not_principals": [],
                "not_resources": [],
                "principals": [
                  {
                    "identifiers": [
                      "lambda.amazonaws.com"
                    ],
                    "type": "Service"
                  }
                ],
                "resources": [],
                "sid": ""
              }
            ],
            "version": "2012-10-17"
          },
          "sensitive_attributes": [],
          "identity_schema_version": 0
        }
      ]
    },
    {
      "module": "module.pedidos_lambda",
      "mode": "managed",
      "type": "aws_iam_role",
      "name": "lambda_role",
      "provider": "provider[\"registry.terraform.io/hashicorp/aws\"]",
      "instances": [
        {
          "schema_version": 0,
          "attributes": {
            "arn": "arn:aws:iam::176343551411:role/dev_logistics_pedidos_role",
            "assume_role_policy": "{\"Statement\":[{\"Action\":\"sts:AssumeRole\",\"Effect\":\"Allow\",\"Principal\":{\"Service\":\"lambda.amazonaws.com\"}}],\"Version\":\"2012-10-17\"}",
            "create_date": "2025-06-21T18:34:38Z",
            "description": "",
            "force_detach_policies": false,
            "id": "dev_logistics_pedidos_role",
            "inline_policy": [],
            "managed_policy_arns": [
              "arn:aws:iam::aws:policy/AmazonDynamoDBFullAccess",
              "arn:aws:iam::aws:policy/AmazonSQSFullAccess",
              "arn:aws:iam::aws:policy/service-role/AWSLambdaBasicExecutionRole"
            ],
            "max_session_duration": 3600,
            "name": "dev_logistics_pedidos_role",
            "name_prefix": "",
            "path": "/",
            "permissions_boundary": "",
            "tags": {
              "Environment": "dev",
              "ManagedBy": "terraform",
              "Project": "logistics"
            },
            "tags_all": {
              "Environment": "dev",
              "ManagedBy": "terraform",
              "Project": "logistics"
            },
            "unique_id": "AROASSDXFBWZYU72PUZZX"
          },
          "sensitive_attributes": [],
          "identity_schema_version": 0,
          "identity": {
            "account_id": "176343551411",
            "name": "dev_logistics_pedidos_role"
          },
          "private": "bnVsbA==",
          "dependencies": [
            "module.pedidos_lambda.data.aws_iam_policy_document.policy_doc"
          ],
          "create_before_destroy": true
        }
      ]
    },
    {
      "module": "module.pedidos_lambda",
      "mode": "managed",
      "type": "aws_iam_role_policy_attachment",
      "name": "lambda_custom_policy",
      "provider": "provider[\"registry.terraform.io/hashicorp/aws\"]",
      "instances": [
        {
          "index_key": 0,
          "schema_version": 0,
          "attributes": {
            "id": "dev_logistics_pedidos_role-20250621183500871800000015",
            "policy_arn": "arn:aws:iam::aws:policy/AmazonDynamoDBFullAccess",
            "role": "dev_logistics_pedidos_role"
          },
          "sensitive_attributes": [],
          "identity_schema_version": 0,
          "private": "bnVsbA==",
          "dependencies": [
            "module.pedidos_lambda.aws_iam_role.lambda_role",
            "module.pedidos_lambda.data.aws_iam_policy_document.policy_doc"
          ]
        },
        {
          "index_key": 1,
          "schema_version": 0,
          "attributes": {
            "id": "dev_logistics_pedidos_role-20250621183500829200000014",
            "policy_arn": "arn:aws:iam::aws:policy/AmazonSQSFullAccess",
            "role": "dev_logistics_pedidos_role"
          },
          "sensitive_attributes": [],
          "identity_schema_version": 0,
          "private": "bnVsbA==",
          "dependencies": [
            "module.pedidos_lambda.aws_iam_role.lambda_role",
            "module.pedidos_lambda.data.aws_iam_policy_document.policy_doc"
          ]
        }
      ]
    },
    {
      "module": "module.pedidos_lambda",
      "mode": "managed",
      "type": "aws_iam_role_policy_attachment",
      "name": "policy_cloudwatch",
      "provider": "provider[\"registry.terraform.io/hashicorp/aws\"]",
      "instances": [
        {
          "schema_version": 0,
          "attributes": {
            "id": "dev_logistics_pedidos_role-20250621183500728400000013",
            "policy_arn": "arn:aws:iam::aws:policy/service-role/AWSLambdaBasicExecutionRole",
            "role": "dev_logistics_pedidos_role"
          },
          "sensitive_attributes": [],
          "identity_schema_version": 0,
          "private": "bnVsbA==",
          "dependencies": [
            "module.pedidos_lambda.aws_iam_role.lambda_role",
            "module.pedidos_lambda.data.aws_iam_policy_document.policy_doc"
          ]
        }
      ]
    },
    {
      "module": "module.pedidos_lambda",
      "mode": "managed",
      "type": "aws_lambda_function",
      "name": "lambda",
      "provider": "provider[\"registry.terraform.io/hashicorp/aws\"]",
      "instances": [
        {
          "schema_version": 0,
          "attributes": {
            "architectures": [
              "x86_64"
            ],
            "arn": "arn:aws:lambda:us-east-1:176343551411:function:dev_logistics_pedidos",
            "code_sha256": "5d577656d2b00a50047ffe000cb461179e466befbb1ed66f5733d027ec8dc420",
            "code_signing_config_arn": "",
            "dead_letter_config": [],
            "description": "Orders management Lambda function",
            "environment": [
              {
                "variables": {
                  "PEDIDOS_TABLE": "dev-logistics-pedidos",
                  "SQS_QUEUE_URL": "https://sqs.us-east-1.amazonaws.com/176343551411/dev-logistics-events-fifo-queue.fifo"
                }
              }
            ],
            "ephemeral_storage": [
              {
                "size": 512
              }
            ],
            "file_system_config": [],
            "filename": null,
            "function_name": "dev_logistics_pedidos",
            "handler": "",
            "id": "dev_logistics_pedidos",
            "image_config": [],
            "image_uri": "176343551411.dkr.ecr.us-east-1.amazonaws.com/dev-logistics-pedidos:latest",
            "invoke_arn": "arn:aws:apigateway:us-east-1:lambda:path/2015-03-31/functions/arn:aws:lambda:us-east-1:176343551411:function:dev_logistics_pedidos/invocations",
            "kms_key_arn": "",
            "last_modified": "2025-06-21T21:45:37.000+0000",
            "layers": [],
            "logging_config": [
              {
                "application_log_level": "",
                "log_format": "Text",
                "log_group": "/aws/lambda/dev_logistics_pedidos",
                "system_log_level": ""
              }
            ],
            "memory_size": 512,
            "package_type": "Image",
            "publish": false,
            "qualified_arn": "arn:aws:lambda:us-east-1:176343551411:function:dev_logistics_pedidos:$LATEST",
            "qualified_invoke_arn": "arn:aws:apigateway:us-east-1:lambda:path/2015-03-31/functions/arn:aws:lambda:us-east-1:176343551411:function:dev_logistics_pedidos:$LATEST/invocations",
            "region": "us-east-1",
            "replace_security_groups_on_destroy": null,
            "replacement_security_group_ids": null,
            "reserved_concurrent_executions": -1,
            "role": "arn:aws:iam::176343551411:role/dev_logistics_pedidos_role",
            "runtime": "",
            "s3_bucket": null,
            "s3_key": null,
            "s3_object_version": null,
            "signing_job_arn": "",
            "signing_profile_version_arn": "",
            "skip_destroy": false,
            "snap_start": [],
            "source_code_hash": "",
            "source_code_size": 0,
            "tags": {
              "Environment": "dev",
              "ManagedBy": "terraform",
              "Project": "logistics"
            },
            "tags_all": {
              "Environment": "dev",
              "ManagedBy": "terraform",
              "Project": "logistics"
            },
            "timeout": 30,
            "timeouts": null,
            "tracing_config": [
              {
                "mode": "PassThrough"
              }
            ],
            "version": "$LATEST",
            "vpc_config": []
          },
          "sensitive_attributes": [],
          "identity_schema_version": 0,
          "private": "eyJlMmJmYjczMC1lY2FhLTExZTYtOGY4OC0zNDM2M2JjN2M0YzAiOnsiY3JlYXRlIjo2MDAwMDAwMDAwMDAsImRlbGV0ZSI6NjAwMDAwMDAwMDAwLCJ1cGRhdGUiOjYwMDAwMDAwMDAwMH19",
          "dependencies": [
            "module.events_queue.aws_sqs_queue.dead_letter_fifo_queue",
            "module.events_queue.aws_sqs_queue.fifo_queue",
            "module.pedidos_lambda.aws_iam_role.lambda_role",
            "module.pedidos_lambda.data.aws_caller_identity.current",
            "module.pedidos_lambda.data.aws_iam_policy_document.policy_doc",
            "module.pedidos_lambda.module.repo_ecr_lambda.aws_ecr_repository.this",
            "module.pedidos_lambda.null_resource.run_script",
            "module.pedidos_table.aws_dynamodb_table.this"
          ],
          "create_before_destroy": true
        }
      ]
    },
    {
      "module": "module.pedidos_lambda",
      "mode": "managed",
      "type": "aws_lambda_function_event_invoke_config",
      "name": "retry",
      "provider": "provider[\"registry.terraform.io/hashicorp/aws\"]",
      "instances": [
        {
          "schema_version": 0,
          "attributes": {
            "destination_config": [],
            "function_name": "dev_logistics_pedidos",
            "id": "dev_logistics_pedidos",
            "maximum_event_age_in_seconds": 21600,
            "maximum_retry_attempts": 0,
            "qualifier": "",
            "region": "us-east-1"
          },
          "sensitive_attributes": [],
          "identity_schema_version": 0,
          "private": "bnVsbA==",
          "dependencies": [
            "module.events_queue.aws_sqs_queue.dead_letter_fifo_queue",
            "module.events_queue.aws_sqs_queue.fifo_queue",
            "module.pedidos_lambda.aws_iam_role.lambda_role",
            "module.pedidos_lambda.aws_lambda_function.lambda",
            "module.pedidos_lambda.data.aws_caller_identity.current",
            "module.pedidos_lambda.data.aws_iam_policy_document.policy_doc",
            "module.pedidos_lambda.module.repo_ecr_lambda.aws_ecr_repository.this",
            "module.pedidos_lambda.null_resource.run_script",
            "module.pedidos_table.aws_dynamodb_table.this"
          ]
        }
      ]
    },
    {
      "module": "module.pedidos_lambda",
      "mode": "managed",
      "type": "null_resource",
      "name": "run_script",
      "provider": "provider[\"registry.terraform.io/hashicorp/null\"]",
      "instances": [
        {
          "index_key": "Dockerfile",
          "schema_version": 0,
          "attributes": {
            "id": "6994022062627984456",
            "triggers": {
              "file": "dd129ebd68d5ac159008512edc1c03f9fb2c58005677b6e11eceba18a37ae51f"
            }
          },
          "sensitive_attributes": [],
          "identity_schema_version": 0,
          "dependencies": [
            "module.pedidos_lambda.data.aws_caller_identity.current",
            "module.pedidos_lambda.module.repo_ecr_lambda.aws_ecr_repository.this"
          ],
          "create_before_destroy": true
        },
        {
          "index_key": "lambda_function.py",
          "schema_version": 0,
          "attributes": {
            "id": "3486530062134843143",
            "triggers": {
              "file": "c6a98be34d28054f3504913f1c71cfbc378afda6002c4e5322316b22d56ffedc"
            }
          },
          "sensitive_attributes": [],
          "identity_schema_version": 0,
          "dependencies": [
            "module.pedidos_lambda.data.aws_caller_identity.current",
            "module.pedidos_lambda.module.repo_ecr_lambda.aws_ecr_repository.this"
          ],
          "create_before_destroy": true
        },
        {
          "index_key": "requirements.txt",
          "schema_version": 0,
          "attributes": {
            "id": "6704948181422415656",
            "triggers": {
              "file": "bdc6e8c6e40edae06cc1cc7c974fade4e50fb774276ce608e213acf01cab2634"
            }
          },
          "sensitive_attributes": [],
          "identity_schema_version": 0,
          "dependencies": [
            "module.pedidos_lambda.data.aws_caller_identity.current",
            "module.pedidos_lambda.module.repo_ecr_lambda.aws_ecr_repository.this"
          ],
          "create_before_destroy": true
        }
      ]
    },
    {
      "module": "module.pedidos_lambda",
      "mode": "managed",
      "type": "null_resource",
      "name": "update",
      "provider": "provider[\"registry.terraform.io/hashicorp/null\"]",
      "instances": [
        {
          "index_key": "Dockerfile",
          "schema_version": 0,
          "attributes": {
            "id": "8801034192204302690",
            "triggers": {
              "file": "dd129ebd68d5ac159008512edc1c03f9fb2c58005677b6e11eceba18a37ae51f"
            }
          },
          "sensitive_attributes": [],
          "identity_schema_version": 0,
          "dependencies": [
            "module.events_queue.aws_sqs_queue.dead_letter_fifo_queue",
            "module.events_queue.aws_sqs_queue.fifo_queue",
            "module.pedidos_lambda.aws_iam_role.lambda_role",
            "module.pedidos_lambda.aws_lambda_function.lambda",
            "module.pedidos_lambda.data.aws_caller_identity.current",
            "module.pedidos_lambda.data.aws_iam_policy_document.policy_doc",
            "module.pedidos_lambda.module.repo_ecr_lambda.aws_ecr_repository.this",
            "module.pedidos_lambda.null_resource.run_script",
            "module.pedidos_table.aws_dynamodb_table.this"
          ]
        },
        {
          "index_key": "lambda_function.py",
          "schema_version": 0,
          "attributes": {
            "id": "6240630480007623582",
            "triggers": {
              "file": "c6a98be34d28054f3504913f1c71cfbc378afda6002c4e5322316b22d56ffedc"
            }
          },
          "sensitive_attributes": [],
          "identity_schema_version": 0,
          "dependencies": [
            "module.events_queue.aws_sqs_queue.dead_letter_fifo_queue",
            "module.events_queue.aws_sqs_queue.fifo_queue",
            "module.pedidos_lambda.aws_iam_role.lambda_role",
            "module.pedidos_lambda.aws_lambda_function.lambda",
            "module.pedidos_lambda.data.aws_caller_identity.current",
            "module.pedidos_lambda.data.aws_iam_policy_document.policy_doc",
            "module.pedidos_lambda.module.repo_ecr_lambda.aws_ecr_repository.this",
            "module.pedidos_lambda.null_resource.run_script",
            "module.pedidos_table.aws_dynamodb_table.this"
          ]
        },
        {
          "index_key": "requirements.txt",
          "schema_version": 0,
          "attributes": {
            "id": "5285845959910319482",
            "triggers": {
              "file": "bdc6e8c6e40edae06cc1cc7c974fade4e50fb774276ce608e213acf01cab2634"
            }
          },
          "sensitive_attributes": [],
          "identity_schema_version": 0,
          "dependencies": [
            "module.events_queue.aws_sqs_queue.dead_letter_fifo_queue",
            "module.events_queue.aws_sqs_queue.fifo_queue",
            "module.pedidos_lambda.aws_iam_role.lambda_role",
            "module.pedidos_lambda.aws_lambda_function.lambda",
            "module.pedidos_lambda.data.aws_caller_identity.current",
            "module.pedidos_lambda.data.aws_iam_policy_document.policy_doc",
            "module.pedidos_lambda.module.repo_ecr_lambda.aws_ecr_repository.this",
            "module.pedidos_lambda.null_resource.run_script",
            "module.pedidos_table.aws_dynamodb_table.this"
          ]
        }
      ]
    },
    {
      "module": "module.pedidos_lambda.module.repo_ecr_lambda",
      "mode": "data",
      "type": "aws_caller_identity",
      "name": "current",
      "provider": "provider[\"registry.terraform.io/hashicorp/aws\"]",
      "instances": [
        {
          "schema_version": 0,
          "attributes": {
            "account_id": "176343551411",
            "arn": "arn:aws:iam::176343551411:user/aws-cli-ari",
            "id": "176343551411",
            "user_id": "AIDASSDXFBWZZNGAC4AYI"
          },
          "sensitive_attributes": [],
          "identity_schema_version": 0
        }
      ]
    },
    {
      "module": "module.pedidos_lambda.module.repo_ecr_lambda",
      "mode": "managed",
      "type": "aws_ecr_lifecycle_policy",
      "name": "delete",
      "provider": "provider[\"registry.terraform.io/hashicorp/aws\"]",
      "instances": [
        {
          "schema_version": 0,
          "attributes": {
            "id": "dev-logistics-pedidos",
            "policy": "{\"rules\":[{\"action\":{\"type\":\"expire\"},\"description\":\"Keep only the most recent images\",\"rulePriority\":1,\"selection\":{\"countNumber\":5,\"countType\":\"imageCountMoreThan\",\"tagStatus\":\"any\"}}]}",
            "region": "us-east-1",
            "registry_id": "176343551411",
            "repository": "dev-logistics-pedidos"
          },
          "sensitive_attributes": [],
          "identity_schema_version": 0,
          "private": "bnVsbA==",
          "dependencies": [
            "module.pedidos_lambda.module.repo_ecr_lambda.aws_ecr_repository.this"
          ]
        }
      ]
    },
    {
      "module": "module.pedidos_lambda.module.repo_ecr_lambda",
      "mode": "managed",
      "type": "aws_ecr_repository",
      "name": "this",
      "provider": "provider[\"registry.terraform.io/hashicorp/aws\"]",
      "instances": [
        {
          "schema_version": 0,
          "attributes": {
            "arn": "arn:aws:ecr:us-east-1:176343551411:repository/dev-logistics-pedidos",
            "encryption_configuration": [
              {
                "encryption_type": "AES256",
                "kms_key": ""
              }
            ],
            "force_delete": null,
            "id": "dev-logistics-pedidos",
            "image_scanning_configuration": [
              {
                "scan_on_push": true
              }
            ],
            "image_tag_mutability": "MUTABLE",
            "name": "dev-logistics-pedidos",
            "region": "us-east-1",
            "registry_id": "176343551411",
            "repository_url": "176343551411.dkr.ecr.us-east-1.amazonaws.com/dev-logistics-pedidos",
            "tags": {
              "Environment": "dev",
              "ManagedBy": "terraform",
              "Project": "logistics"
            },
            "tags_all": {
              "Environment": "dev",
              "ManagedBy": "terraform",
              "Project": "logistics"
            },
            "timeouts": null
          },
          "sensitive_attributes": [],
          "identity_schema_version": 0,
          "private": "eyJlMmJmYjczMC1lY2FhLTExZTYtOGY4OC0zNDM2M2JjN2M0YzAiOnsiZGVsZXRlIjoxMjAwMDAwMDAwMDAwfX0=",
          "create_before_destroy": true
        }
      ]
    },
    {
      "module": "module.pedidos_table",
      "mode": "managed",
      "type": "aws_dynamodb_table",
      "name": "this",
      "provider": "provider[\"registry.terraform.io/hashicorp/aws\"]",
      "instances": [
        {
          "schema_version": 1,
          "attributes": {
            "arn": "arn:aws:dynamodb:us-east-1:176343551411:table/dev-logistics-pedidos",
            "attribute": [
              {
                "name": "id",
                "type": "S"
              }
            ],
            "billing_mode": "PAY_PER_REQUEST",
            "deletion_protection_enabled": false,
            "global_secondary_index": [],
            "hash_key": "id",
            "id": "dev-logistics-pedidos",
            "import_table": [],
            "local_secondary_index": [],
            "name": "dev-logistics-pedidos",
            "on_demand_throughput": [],
            "point_in_time_recovery": [
              {
                "enabled": false,
                "recovery_period_in_days": 0
              }
            ],
            "range_key": null,
            "read_capacity": 0,
            "region": "us-east-1",
            "replica": [],
            "restore_date_time": null,
            "restore_source_name": null,
            "restore_source_table_arn": null,
            "restore_to_latest_time": null,
            "server_side_encryption": [],
            "stream_arn": "",
            "stream_enabled": false,
            "stream_label": "",
            "stream_view_type": "",
            "table_class": "STANDARD",
            "tags": {
              "Environment": "dev",
              "ManagedBy": "terraform",
              "Project": "logistics"
            },
            "tags_all": {
              "Environment": "dev",
              "ManagedBy": "terraform",
              "Project": "logistics"
            },
            "timeouts": null,
            "ttl": [
              {
                "attribute_name": "",
                "enabled": false
              }
            ],
            "write_capacity": 0
          },
          "sensitive_attributes": [],
          "identity_schema_version": 0,
          "private": "eyJlMmJmYjczMC1lY2FhLTExZTYtOGY4OC0zNDM2M2JjN2M0YzAiOnsiY3JlYXRlIjoxODAwMDAwMDAwMDAwLCJkZWxldGUiOjYwMDAwMDAwMDAwMCwidXBkYXRlIjozNjAwMDAwMDAwMDAwfSwic2NoZW1hX3ZlcnNpb24iOiIxIn0=",
          "create_before_destroy": true
        }
      ]
    },
    {
      "module": "module.rastreamento_lambda",
      "mode": "data",
      "type": "aws_caller_identity",
      "name": "current",
      "provider": "provider[\"registry.terraform.io/hashicorp/aws\"]",
      "instances": [
        {
          "schema_version": 0,
          "attributes": {
            "account_id": "176343551411",
            "arn": "arn:aws:iam::176343551411:user/aws-cli-ari",
            "id": "176343551411",
            "user_id": "AIDASSDXFBWZZNGAC4AYI"
          },
          "sensitive_attributes": [],
          "identity_schema_version": 0
        }
      ]
    },
    {
      "module": "module.rastreamento_lambda",
      "mode": "data",
      "type": "aws_iam_policy_document",
      "name": "policy_doc",
      "provider": "provider[\"registry.terraform.io/hashicorp/aws\"]",
      "instances": [
        {
          "schema_version": 0,
          "attributes": {
            "id": "2690255455",
            "json": "{\n  \"Version\": \"2012-10-17\",\n  \"Statement\": [\n    {\n      \"Effect\": \"Allow\",\n      \"Action\": \"sts:AssumeRole\",\n      \"Principal\": {\n        \"Service\": \"lambda.amazonaws.com\"\n      }\n    }\n  ]\n}",
            "minified_json": "{\"Version\":\"2012-10-17\",\"Statement\":[{\"Effect\":\"Allow\",\"Action\":\"sts:AssumeRole\",\"Principal\":{\"Service\":\"lambda.amazonaws.com\"}}]}",
            "override_json": null,
            "override_policy_documents": null,
            "policy_id": null,
            "source_json": null,
            "source_policy_documents": null,
            "statement": [
              {
                "actions": [
                  "sts:AssumeRole"
                ],
                "condition": [],
                "effect": "Allow",
                "not_actions": [],
                "not_principals": [],
                "not_resources": [],
                "principals": [
                  {
                    "identifiers": [
                      "lambda.amazonaws.com"
                    ],
                    "type": "Service"
                  }
                ],
                "resources": [],
                "sid": ""
              }
            ],
            "version": "2012-10-17"
          },
          "sensitive_attributes": [],
          "identity_schema_version": 0
        }
      ]
    },
    {
      "module": "module.rastreamento_lambda",
      "mode": "managed",
      "type": "aws_iam_role",
      "name": "lambda_role",
      "provider": "provider[\"registry.terraform.io/hashicorp/aws\"]",
      "instances": [
        {
          "schema_version": 0,
          "attributes": {
            "arn": "arn:aws:iam::176343551411:role/dev_logistics_rastreamento_role",
            "assume_role_policy": "{\"Statement\":[{\"Action\":\"sts:AssumeRole\",\"Effect\":\"Allow\",\"Principal\":{\"Service\":\"lambda.amazonaws.com\"}}],\"Version\":\"2012-10-17\"}",
            "create_date": "2025-06-21T18:34:37Z",
            "description": "",
            "force_detach_policies": false,
            "id": "dev_logistics_rastreamento_role",
            "inline_policy": [],
            "managed_policy_arns": [
              "arn:aws:iam::aws:policy/AmazonDynamoDBFullAccess",
              "arn:aws:iam::aws:policy/AmazonSQSFullAccess",
              "arn:aws:iam::aws:policy/service-role/AWSLambdaBasicExecutionRole"
            ],
            "max_session_duration": 3600,
            "name": "dev_logistics_rastreamento_role",
            "name_prefix": "",
            "path": "/",
            "permissions_boundary": "",
            "tags": {
              "Environment": "dev",
              "ManagedBy": "terraform",
              "Project": "logistics"
            },
            "tags_all": {
              "Environment": "dev",
              "ManagedBy": "terraform",
              "Project": "logistics"
            },
            "unique_id": "AROASSDXFBWZTVM4JRZ3B"
          },
          "sensitive_attributes": [],
          "identity_schema_version": 0,
          "identity": {
            "account_id": "176343551411",
            "name": "dev_logistics_rastreamento_role"
          },
          "private": "bnVsbA==",
          "dependencies": [
            "module.rastreamento_lambda.data.aws_iam_policy_document.policy_doc"
          ],
          "create_before_destroy": true
        }
      ]
    },
    {
      "module": "module.rastreamento_lambda",
      "mode": "managed",
      "type": "aws_iam_role_policy_attachment",
      "name": "lambda_custom_policy",
      "provider": "provider[\"registry.terraform.io/hashicorp/aws\"]",
      "instances": [
        {
          "index_key": 0,
          "schema_version": 0,
          "attributes": {
            "id": "dev_logistics_rastreamento_role-2025062118345154310000000b",
            "policy_arn": "arn:aws:iam::aws:policy/AmazonDynamoDBFullAccess",
            "role": "dev_logistics_rastreamento_role"
          },
          "sensitive_attributes": [],
          "identity_schema_version": 0,
          "private": "bnVsbA==",
          "dependencies": [
            "module.rastreamento_lambda.aws_iam_role.lambda_role",
            "module.rastreamento_lambda.data.aws_iam_policy_document.policy_doc"
          ]
        },
        {
          "index_key": 1,
          "schema_version": 0,
          "attributes": {
            "id": "dev_logistics_rastreamento_role-2025062118345115150000000a",
            "policy_arn": "arn:aws:iam::aws:policy/AmazonSQSFullAccess",
            "role": "dev_logistics_rastreamento_role"
          },
          "sensitive_attributes": [],
          "identity_schema_version": 0,
          "private": "bnVsbA==",
          "dependencies": [
            "module.rastreamento_lambda.aws_iam_role.lambda_role",
            "module.rastreamento_lambda.data.aws_iam_policy_document.policy_doc"
          ]
        }
      ]
    },
    {
      "module": "module.rastreamento_lambda",
      "mode": "managed",
      "type": "aws_iam_role_policy_attachment",
      "name": "policy_cloudwatch",
      "provider": "provider[\"registry.terraform.io/hashicorp/aws\"]",
      "instances": [
        {
          "schema_version": 0,
          "attributes": {
            "id": "dev_logistics_rastreamento_role-20250621183450773900000009",
            "policy_arn": "arn:aws:iam::aws:policy/service-role/AWSLambdaBasicExecutionRole",
            "role": "dev_logistics_rastreamento_role"
          },
          "sensitive_attributes": [],
          "identity_schema_version": 0,
          "private": "bnVsbA==",
          "dependencies": [
            "module.rastreamento_lambda.aws_iam_role.lambda_role",
            "module.rastreamento_lambda.data.aws_iam_policy_document.policy_doc"
          ]
        }
      ]
    },
    {
      "module": "module.rastreamento_lambda",
      "mode": "managed",
      "type": "aws_lambda_function",
      "name": "lambda",
      "provider": "provider[\"registry.terraform.io/hashicorp/aws\"]",
      "instances": [
        {
          "schema_version": 0,
          "attributes": {
            "architectures": [
              "x86_64"
            ],
            "arn": "arn:aws:lambda:us-east-1:176343551411:function:dev_logistics_rastreamento",
            "code_sha256": "74add45b1f1e7d5bf94657a30e88e8584a6e159a4269082569cbaf2ff81e9a9f",
            "code_signing_config_arn": "",
            "dead_letter_config": [],
            "description": "Tracking Lambda function",
            "environment": [
              {
                "variables": {
                  "LOCATIONS_TABLE": "dev-logistics-locations",
                  "PEDIDOS_TABLE": "dev-logistics-pedidos",
                  "SQS_QUEUE_URL": "https://sqs.us-east-1.amazonaws.com/176343551411/dev-logistics-events-fifo-queue.fifo"
                }
              }
            ],
            "ephemeral_storage": [
              {
                "size": 512
              }
            ],
            "file_system_config": [],
            "filename": null,
            "function_name": "dev_logistics_rastreamento",
            "handler": "",
            "id": "dev_logistics_rastreamento",
            "image_config": [],
            "image_uri": "176343551411.dkr.ecr.us-east-1.amazonaws.com/dev-logistics-rastreamento:latest",
            "invoke_arn": "arn:aws:apigateway:us-east-1:lambda:path/2015-03-31/functions/arn:aws:lambda:us-east-1:176343551411:function:dev_logistics_rastreamento/invocations",
            "kms_key_arn": "",
            "last_modified": "2025-06-21T18:36:17.000+0000",
            "layers": [],
            "logging_config": [
              {
                "application_log_level": "",
                "log_format": "Text",
                "log_group": "/aws/lambda/dev_logistics_rastreamento",
                "system_log_level": ""
              }
            ],
            "memory_size": 512,
            "package_type": "Image",
            "publish": false,
            "qualified_arn": "arn:aws:lambda:us-east-1:176343551411:function:dev_logistics_rastreamento:$LATEST",
            "qualified_invoke_arn": "arn:aws:apigateway:us-east-1:lambda:path/2015-03-31/functions/arn:aws:lambda:us-east-1:176343551411:function:dev_logistics_rastreamento:$LATEST/invocations",
            "region": "us-east-1",
            "replace_security_groups_on_destroy": null,
            "replacement_security_group_ids": null,
            "reserved_concurrent_executions": -1,
            "role": "arn:aws:iam::176343551411:role/dev_logistics_rastreamento_role",
            "runtime": "",
            "s3_bucket": null,
            "s3_key": null,
            "s3_object_version": null,
            "signing_job_arn": "",
            "signing_profile_version_arn": "",
            "skip_destroy": false,
            "snap_start": [],
            "source_code_hash": "",
            "source_code_size": 0,
            "tags": {
              "Environment": "dev",
              "ManagedBy": "terraform",
              "Project": "logistics"
            },
            "tags_all": {
              "Environment": "dev",
              "ManagedBy": "terraform",
              "Project": "logistics"
            },
            "timeout": 30,
            "timeouts": null,
            "tracing_config": [
              {
                "mode": "PassThrough"
              }
            ],
            "version": "$LATEST",
            "vpc_config": []
          },
          "sensitive_attributes": [],
          "identity_schema_version": 0,
          "private": "eyJlMmJmYjczMC1lY2FhLTExZTYtOGY4OC0zNDM2M2JjN2M0YzAiOnsiY3JlYXRlIjo2MDAwMDAwMDAwMDAsImRlbGV0ZSI6NjAwMDAwMDAwMDAwLCJ1cGRhdGUiOjYwMDAwMDAwMDAwMH19",
          "dependencies": [
            "module.events_queue.aws_sqs_queue.dead_letter_fifo_queue",
            "module.events_queue.aws_sqs_queue.fifo_queue",
            "module.locations_table.aws_dynamodb_table.this",
            "module.pedidos_table.aws_dynamodb_table.this",
            "module.rastreamento_lambda.aws_iam_role.lambda_role",
            "module.rastreamento_lambda.data.aws_caller_identity.current",
            "module.rastreamento_lambda.data.aws_iam_policy_document.policy_doc",
            "module.rastreamento_lambda.module.repo_ecr_lambda.aws_ecr_repository.this",
            "module.rastreamento_lambda.null_resource.run_script"
          ],
          "create_before_destroy": true
        }
      ]
    },
    {
      "module": "module.rastreamento_lambda",
      "mode": "managed",
      "type": "aws_lambda_function_event_invoke_config",
      "name": "retry",
      "provider": "provider[\"registry.terraform.io/hashicorp/aws\"]",
      "instances": [
        {
          "schema_version": 0,
          "attributes": {
            "destination_config": [],
            "function_name": "dev_logistics_rastreamento",
            "id": "dev_logistics_rastreamento",
            "maximum_event_age_in_seconds": 21600,
            "maximum_retry_attempts": 0,
            "qualifier": "",
            "region": "us-east-1"
          },
          "sensitive_attributes": [],
          "identity_schema_version": 0,
          "private": "bnVsbA==",
          "dependencies": [
            "module.events_queue.aws_sqs_queue.dead_letter_fifo_queue",
            "module.events_queue.aws_sqs_queue.fifo_queue",
            "module.locations_table.aws_dynamodb_table.this",
            "module.pedidos_table.aws_dynamodb_table.this",
            "module.rastreamento_lambda.aws_iam_role.lambda_role",
            "module.rastreamento_lambda.aws_lambda_function.lambda",
            "module.rastreamento_lambda.data.aws_caller_identity.current",
            "module.rastreamento_lambda.data.aws_iam_policy_document.policy_doc",
            "module.rastreamento_lambda.module.repo_ecr_lambda.aws_ecr_repository.this",
            "module.rastreamento_lambda.null_resource.run_script"
          ]
        }
      ]
    },
    {
      "module": "module.rastreamento_lambda",
      "mode": "managed",
      "type": "null_resource",
      "name": "run_script",
      "provider": "provider[\"registry.terraform.io/hashicorp/null\"]",
      "instances": [
        {
          "index_key": "Dockerfile",
          "schema_version": 0,
          "attributes": {
            "id": "7912647385808919157",
            "triggers": {
              "file": "dd129ebd68d5ac159008512edc1c03f9fb2c58005677b6e11eceba18a37ae51f"
            }
          },
          "sensitive_attributes": [],
          "identity_schema_version": 0,
          "dependencies": [
            "module.rastreamento_lambda.data.aws_caller_identity.current",
            "module.rastreamento_lambda.module.repo_ecr_lambda.aws_ecr_repository.this"
          ],
          "create_before_destroy": true
        },
        {
          "index_key": "lambda_function.py",
          "schema_version": 0,
          "attributes": {
            "id": "2842216255943097191",
            "triggers": {
              "file": "87353d700882fb865e0e8e5ca18c9ad6ab0e6fe784c27c96b0b4c35b123643a5"
            }
          },
          "sensitive_attributes": [],
          "identity_schema_version": 0,
          "dependencies": [
            "module.rastreamento_lambda.data.aws_caller_identity.current",
            "module.rastreamento_lambda.module.repo_ecr_lambda.aws_ecr_repository.this"
          ],
          "create_before_destroy": true
        },
        {
          "index_key": "requirements.txt",
          "schema_version": 0,
          "attributes": {
            "id": "3229160936898032912",
            "triggers": {
              "file": "1356fa801e15e6403fba72e3e954fff25e3a5eb593727401df0d59921c443a96"
            }
          },
          "sensitive_attributes": [],
          "identity_schema_version": 0,
          "dependencies": [
            "module.rastreamento_lambda.data.aws_caller_identity.current",
            "module.rastreamento_lambda.module.repo_ecr_lambda.aws_ecr_repository.this"
          ],
          "create_before_destroy": true
        }
      ]
    },
    {
      "module": "module.rastreamento_lambda",
      "mode": "managed",
      "type": "null_resource",
      "name": "update",
      "provider": "provider[\"registry.terraform.io/hashicorp/null\"]",
      "instances": [
        {
          "index_key": "Dockerfile",
          "schema_version": 0,
          "attributes": {
            "id": "5972501735874583265",
            "triggers": {
              "file": "dd129ebd68d5ac159008512edc1c03f9fb2c58005677b6e11eceba18a37ae51f"
            }
          },
          "sensitive_attributes": [],
          "identity_schema_version": 0,
          "dependencies": [
            "module.events_queue.aws_sqs_queue.dead_letter_fifo_queue",
            "module.events_queue.aws_sqs_queue.fifo_queue",
            "module.locations_table.aws_dynamodb_table.this",
            "module.pedidos_table.aws_dynamodb_table.this",
            "module.rastreamento_lambda.aws_iam_role.lambda_role",
            "module.rastreamento_lambda.aws_lambda_function.lambda",
            "module.rastreamento_lambda.data.aws_caller_identity.current",
            "module.rastreamento_lambda.data.aws_iam_policy_document.policy_doc",
            "module.rastreamento_lambda.module.repo_ecr_lambda.aws_ecr_repository.this",
            "module.rastreamento_lambda.null_resource.run_script"
          ]
        }
      ]
    },
    {
      "module": "module.rastreamento_lambda.module.repo_ecr_lambda",
      "mode": "data",
      "type": "aws_caller_identity",
      "name": "current",
      "provider": "provider[\"registry.terraform.io/hashicorp/aws\"]",
      "instances": [
        {
          "schema_version": 0,
          "attributes": {
            "account_id": "176343551411",
            "arn": "arn:aws:iam::176343551411:user/aws-cli-ari",
            "id": "176343551411",
            "user_id": "AIDASSDXFBWZZNGAC4AYI"
          },
          "sensitive_attributes": [],
          "identity_schema_version": 0
        }
      ]
    },
    {
      "module": "module.rastreamento_lambda.module.repo_ecr_lambda",
      "mode": "managed",
      "type": "aws_ecr_lifecycle_policy",
      "name": "delete",
      "provider": "provider[\"registry.terraform.io/hashicorp/aws\"]",
      "instances": [
        {
          "schema_version": 0,
          "attributes": {
            "id": "dev-logistics-rastreamento",
            "policy": "{\"rules\":[{\"action\":{\"type\":\"expire\"},\"description\":\"Keep only the most recent images\",\"rulePriority\":1,\"selection\":{\"countNumber\":5,\"countType\":\"imageCountMoreThan\",\"tagStatus\":\"any\"}}]}",
            "region": "us-east-1",
            "registry_id": "176343551411",
            "repository": "dev-logistics-rastreamento"
          },
          "sensitive_attributes": [],
          "identity_schema_version": 0,
          "private": "bnVsbA==",
          "dependencies": [
            "module.rastreamento_lambda.module.repo_ecr_lambda.aws_ecr_repository.this"
          ]
        }
      ]
    },
    {
      "module": "module.rastreamento_lambda.module.repo_ecr_lambda",
      "mode": "managed",
      "type": "aws_ecr_repository",
      "name": "this",
      "provider": "provider[\"registry.terraform.io/hashicorp/aws\"]",
      "instances": [
        {
          "schema_version": 0,
          "attributes": {
            "arn": "arn:aws:ecr:us-east-1:176343551411:repository/dev-logistics-rastreamento",
            "encryption_configuration": [
              {
                "encryption_type": "AES256",
                "kms_key": ""
              }
            ],
            "force_delete": null,
            "id": "dev-logistics-rastreamento",
            "image_scanning_configuration": [
              {
                "scan_on_push": true
              }
            ],
            "image_tag_mutability": "MUTABLE",
            "name": "dev-logistics-rastreamento",
            "region": "us-east-1",
            "registry_id": "176343551411",
            "repository_url": "176343551411.dkr.ecr.us-east-1.amazonaws.com/dev-logistics-rastreamento",
            "tags": {
              "Environment": "dev",
              "ManagedBy": "terraform",
              "Project": "logistics"
            },
            "tags_all": {
              "Environment": "dev",
              "ManagedBy": "terraform",
              "Project": "logistics"
            },
            "timeouts": null
          },
          "sensitive_attributes": [],
          "identity_schema_version": 0,
          "private": "eyJlMmJmYjczMC1lY2FhLTExZTYtOGY4OC0zNDM2M2JjN2M0YzAiOnsiZGVsZXRlIjoxMjAwMDAwMDAwMDAwfX0=",
          "create_before_destroy": true
        }
      ]
    },
    {
      "module": "module.smart_routing_lambda",
      "mode": "data",
      "type": "aws_caller_identity",
      "name": "current",
      "provider": "provider[\"registry.terraform.io/hashicorp/aws\"]",
      "instances": [
        {
          "schema_version": 0,
          "attributes": {
            "account_id": "176343551411",
            "arn": "arn:aws:iam::176343551411:user/aws-cli-ari",
            "id": "176343551411",
            "user_id": "AIDASSDXFBWZZNGAC4AYI"
          },
          "sensitive_attributes": [],
          "identity_schema_version": 0
        }
      ]
    },
    {
      "module": "module.smart_routing_lambda",
      "mode": "data",
      "type": "aws_iam_policy_document",
      "name": "policy_doc",
      "provider": "provider[\"registry.terraform.io/hashicorp/aws\"]",
      "instances": [
        {
          "schema_version": 0,
          "attributes": {
            "id": "2690255455",
            "json": "{\n  \"Version\": \"2012-10-17\",\n  \"Statement\": [\n    {\n      \"Effect\": \"Allow\",\n      \"Action\": \"sts:AssumeRole\",\n      \"Principal\": {\n        \"Service\": \"lambda.amazonaws.com\"\n      }\n    }\n  ]\n}",
            "minified_json": "{\"Version\":\"2012-10-17\",\"Statement\":[{\"Effect\":\"Allow\",\"Action\":\"sts:AssumeRole\",\"Principal\":{\"Service\":\"lambda.amazonaws.com\"}}]}",
            "override_json": null,
            "override_policy_documents": null,
            "policy_id": null,
            "source_json": null,
            "source_policy_documents": null,
            "statement": [
              {
                "actions": [
                  "sts:AssumeRole"
                ],
                "condition": [],
                "effect": "Allow",
                "not_actions": [],
                "not_principals": [],
                "not_resources": [],
                "principals": [
                  {
                    "identifiers": [
                      "lambda.amazonaws.com"
                    ],
                    "type": "Service"
                  }
                ],
                "resources": [],
                "sid": ""
              }
            ],
            "version": "2012-10-17"
          },
          "sensitive_attributes": [],
          "identity_schema_version": 0
        }
      ]
    },
    {
      "module": "module.smart_routing_lambda",
      "mode": "managed",
      "type": "aws_iam_role",
      "name": "lambda_role",
      "provider": "provider[\"registry.terraform.io/hashicorp/aws\"]",
      "instances": [
        {
          "schema_version": 0,
          "attributes": {
            "arn": "arn:aws:iam::176343551411:role/dev_logistics_smart-routing_role",
            "assume_role_policy": "{\"Statement\":[{\"Action\":\"sts:AssumeRole\",\"Effect\":\"Allow\",\"Principal\":{\"Service\":\"lambda.amazonaws.com\"}}],\"Version\":\"2012-10-17\"}",
            "create_date": "2025-06-21T18:34:38Z",
            "description": "",
            "force_detach_policies": false,
            "id": "dev_logistics_smart-routing_role",
            "inline_policy": [],
            "managed_policy_arns": [
              "arn:aws:iam::aws:policy/AmazonDynamoDBFullAccess",
              "arn:aws:iam::aws:policy/AmazonSQSFullAccess",
              "arn:aws:iam::aws:policy/service-role/AWSLambdaBasicExecutionRole",
              "arn:aws:iam::aws:policy/service-role/AWSLambdaRole"
            ],
            "max_session_duration": 3600,
            "name": "dev_logistics_smart-routing_role",
            "name_prefix": "",
            "path": "/",
            "permissions_boundary": "",
            "tags": {
              "Environment": "dev",
              "ManagedBy": "terraform",
              "Project": "logistics"
            },
            "tags_all": {
              "Environment": "dev",
              "ManagedBy": "terraform",
              "Project": "logistics"
            },
            "unique_id": "AROASSDXFBWZVWLKCXINC"
          },
          "sensitive_attributes": [],
          "identity_schema_version": 0,
          "identity": {
            "account_id": "176343551411",
            "name": "dev_logistics_smart-routing_role"
          },
          "private": "bnVsbA==",
          "dependencies": [
            "module.smart_routing_lambda.data.aws_iam_policy_document.policy_doc"
          ],
          "create_before_destroy": true
        }
      ]
    },
    {
      "module": "module.smart_routing_lambda",
      "mode": "managed",
      "type": "aws_iam_role_policy_attachment",
      "name": "lambda_custom_policy",
      "provider": "provider[\"registry.terraform.io/hashicorp/aws\"]",
      "instances": [
        {
          "index_key": 0,
          "schema_version": 0,
          "attributes": {
            "id": "dev_logistics_smart-routing_role-20250621183500463200000011",
            "policy_arn": "arn:aws:iam::aws:policy/AmazonDynamoDBFullAccess",
            "role": "dev_logistics_smart-routing_role"
          },
          "sensitive_attributes": [],
          "identity_schema_version": 0,
          "private": "bnVsbA==",
          "dependencies": [
            "module.smart_routing_lambda.aws_iam_role.lambda_role",
            "module.smart_routing_lambda.data.aws_iam_policy_document.policy_doc"
          ]
        },
        {
          "index_key": 1,
          "schema_version": 0,
          "attributes": {
            "id": "dev_logistics_smart-routing_role-20250621183500498400000012",
            "policy_arn": "arn:aws:iam::aws:policy/AmazonSQSFullAccess",
            "role": "dev_logistics_smart-routing_role"
          },
          "sensitive_attributes": [],
          "identity_schema_version": 0,
          "private": "bnVsbA==",
          "dependencies": [
            "module.smart_routing_lambda.aws_iam_role.lambda_role",
            "module.smart_routing_lambda.data.aws_iam_policy_document.policy_doc"
          ]
        },
        {
          "index_key": 2,
          "schema_version": 0,
          "attributes": {
            "id": "dev_logistics_smart-routing_role-20250621183500125600000010",
            "policy_arn": "arn:aws:iam::aws:policy/service-role/AWSLambdaRole",
            "role": "dev_logistics_smart-routing_role"
          },
          "sensitive_attributes": [],
          "identity_schema_version": 0,
          "private": "bnVsbA==",
          "dependencies": [
            "module.smart_routing_lambda.aws_iam_role.lambda_role",
            "module.smart_routing_lambda.data.aws_iam_policy_document.policy_doc"
          ]
        }
      ]
    },
    {
      "module": "module.smart_routing_lambda",
      "mode": "managed",
      "type": "aws_iam_role_policy_attachment",
      "name": "policy_cloudwatch",
      "provider": "provider[\"registry.terraform.io/hashicorp/aws\"]",
      "instances": [
        {
          "schema_version": 0,
          "attributes": {
            "id": "dev_logistics_smart-routing_role-2025062118350010900000000f",
            "policy_arn": "arn:aws:iam::aws:policy/service-role/AWSLambdaBasicExecutionRole",
            "role": "dev_logistics_smart-routing_role"
          },
          "sensitive_attributes": [],
          "identity_schema_version": 0,
          "private": "bnVsbA==",
          "dependencies": [
            "module.smart_routing_lambda.aws_iam_role.lambda_role",
            "module.smart_routing_lambda.data.aws_iam_policy_document.policy_doc"
          ]
        }
      ]
    },
    {
      "module": "module.smart_routing_lambda",
      "mode": "managed",
      "type": "aws_lambda_function",
      "name": "lambda",
      "provider": "provider[\"registry.terraform.io/hashicorp/aws\"]",
      "instances": [
        {
          "schema_version": 0,
          "attributes": {
            "architectures": [
              "x86_64"
            ],
            "arn": "arn:aws:lambda:us-east-1:176343551411:function:dev_logistics_smart-routing",
            "code_sha256": "6e25f48e0078c60e8f24ada67fae80b6791d6cdfa6213cfae4caa667b44276e6",
            "code_signing_config_arn": "",
            "dead_letter_config": [],
            "description": "Smart routing Lambda for intelligent driver assignment",
            "environment": [
              {
                "variables": {
                  "NOTIFICACOES_LAMBDA_NAME": "dev_logistics_notificacoes",
                  "OFERTAS_TABLE": "dev-logistics-pedido-ofertas",
                  "PEDIDOS_TABLE": "dev-logistics-pedidos",
                  "SQS_QUEUE_URL": "https://sqs.us-east-1.amazonaws.com/176343551411/dev-logistics-events-fifo-queue.fifo",
                  "USERS_TABLE": "dev-logistics-users"
                }
              }
            ],
            "ephemeral_storage": [
              {
                "size": 512
              }
            ],
            "file_system_config": [],
            "filename": null,
            "function_name": "dev_logistics_smart-routing",
            "handler": "",
            "id": "dev_logistics_smart-routing",
            "image_config": [],
            "image_uri": "176343551411.dkr.ecr.us-east-1.amazonaws.com/dev-logistics-smart-routing:latest",
            "invoke_arn": "arn:aws:apigateway:us-east-1:lambda:path/2015-03-31/functions/arn:aws:lambda:us-east-1:176343551411:function:dev_logistics_smart-routing/invocations",
            "kms_key_arn": "",
            "last_modified": "2025-06-21T18:36:34.000+0000",
            "layers": [],
            "logging_config": [
              {
                "application_log_level": "",
                "log_format": "Text",
                "log_group": "/aws/lambda/dev_logistics_smart-routing",
                "system_log_level": ""
              }
            ],
            "memory_size": 1024,
            "package_type": "Image",
            "publish": false,
            "qualified_arn": "arn:aws:lambda:us-east-1:176343551411:function:dev_logistics_smart-routing:$LATEST",
            "qualified_invoke_arn": "arn:aws:apigateway:us-east-1:lambda:path/2015-03-31/functions/arn:aws:lambda:us-east-1:176343551411:function:dev_logistics_smart-routing:$LATEST/invocations",
            "region": "us-east-1",
            "replace_security_groups_on_destroy": null,
            "replacement_security_group_ids": null,
            "reserved_concurrent_executions": -1,
            "role": "arn:aws:iam::176343551411:role/dev_logistics_smart-routing_role",
            "runtime": "",
            "s3_bucket": null,
            "s3_key": null,
            "s3_object_version": null,
            "signing_job_arn": "",
            "signing_profile_version_arn": "",
            "skip_destroy": false,
            "snap_start": [],
            "source_code_hash": "",
            "source_code_size": 0,
            "tags": {
              "Environment": "dev",
              "ManagedBy": "terraform",
              "Project": "logistics"
            },
            "tags_all": {
              "Environment": "dev",
              "ManagedBy": "terraform",
              "Project": "logistics"
            },
            "timeout": 60,
            "timeouts": null,
            "tracing_config": [
              {
                "mode": "PassThrough"
              }
            ],
            "version": "$LATEST",
            "vpc_config": []
          },
          "sensitive_attributes": [],
          "identity_schema_version": 0,
          "private": "eyJlMmJmYjczMC1lY2FhLTExZTYtOGY4OC0zNDM2M2JjN2M0YzAiOnsiY3JlYXRlIjo2MDAwMDAwMDAwMDAsImRlbGV0ZSI6NjAwMDAwMDAwMDAwLCJ1cGRhdGUiOjYwMDAwMDAwMDAwMH19",
          "dependencies": [
            "aws_apigatewayv2_api.websocket_api",
            "module.events_queue.aws_sqs_queue.dead_letter_fifo_queue",
            "module.events_queue.aws_sqs_queue.fifo_queue",
            "module.notificacoes_lambda.aws_iam_role.lambda_role",
            "module.notificacoes_lambda.aws_lambda_function.lambda",
            "module.notificacoes_lambda.data.aws_caller_identity.current",
            "module.notificacoes_lambda.data.aws_iam_policy_document.policy_doc",
            "module.notificacoes_lambda.module.repo_ecr_lambda.aws_ecr_repository.this",
            "module.notificacoes_lambda.null_resource.run_script",
            "module.notifications_general_topic.aws_sns_topic.this",
            "module.notifications_premium_topic.aws_sns_topic.this",
            "module.notifications_regional_topic.aws_sns_topic.this",
            "module.notifications_table.aws_dynamodb_table.this",
            "module.pedido_ofertas_table.aws_dynamodb_table.this",
            "module.pedidos_table.aws_dynamodb_table.this",
            "module.smart_routing_lambda.aws_iam_role.lambda_role",
            "module.smart_routing_lambda.data.aws_caller_identity.current",
            "module.smart_routing_lambda.data.aws_iam_policy_document.policy_doc",
            "module.smart_routing_lambda.module.repo_ecr_lambda.aws_ecr_repository.this",
            "module.smart_routing_lambda.null_resource.run_script",
            "module.users_table.aws_dynamodb_table.this",
            "module.websocket_connections_table.aws_dynamodb_table.this",
            "module.websocket_lambda.aws_iam_role.lambda_role",
            "module.websocket_lambda.aws_lambda_function.lambda",
            "module.websocket_lambda.data.aws_caller_identity.current",
            "module.websocket_lambda.data.aws_iam_policy_document.policy_doc",
            "module.websocket_lambda.module.repo_ecr_lambda.aws_ecr_repository.this",
            "module.websocket_lambda.null_resource.run_script"
          ],
          "create_before_destroy": true
        }
      ]
    },
    {
      "module": "module.smart_routing_lambda",
      "mode": "managed",
      "type": "aws_lambda_function_event_invoke_config",
      "name": "retry",
      "provider": "provider[\"registry.terraform.io/hashicorp/aws\"]",
      "instances": [
        {
          "schema_version": 0,
          "attributes": {
            "destination_config": [],
            "function_name": "dev_logistics_smart-routing",
            "id": "dev_logistics_smart-routing",
            "maximum_event_age_in_seconds": 21600,
            "maximum_retry_attempts": 0,
            "qualifier": "",
            "region": "us-east-1"
          },
          "sensitive_attributes": [],
          "identity_schema_version": 0,
          "private": "bnVsbA==",
          "dependencies": [
            "aws_apigatewayv2_api.websocket_api",
            "module.events_queue.aws_sqs_queue.dead_letter_fifo_queue",
            "module.events_queue.aws_sqs_queue.fifo_queue",
            "module.notificacoes_lambda.aws_iam_role.lambda_role",
            "module.notificacoes_lambda.aws_lambda_function.lambda",
            "module.notificacoes_lambda.data.aws_caller_identity.current",
            "module.notificacoes_lambda.data.aws_iam_policy_document.policy_doc",
            "module.notificacoes_lambda.module.repo_ecr_lambda.aws_ecr_repository.this",
            "module.notificacoes_lambda.null_resource.run_script",
            "module.notifications_general_topic.aws_sns_topic.this",
            "module.notifications_premium_topic.aws_sns_topic.this",
            "module.notifications_regional_topic.aws_sns_topic.this",
            "module.notifications_table.aws_dynamodb_table.this",
            "module.pedido_ofertas_table.aws_dynamodb_table.this",
            "module.pedidos_table.aws_dynamodb_table.this",
            "module.smart_routing_lambda.aws_iam_role.lambda_role",
            "module.smart_routing_lambda.aws_lambda_function.lambda",
            "module.smart_routing_lambda.data.aws_caller_identity.current",
            "module.smart_routing_lambda.data.aws_iam_policy_document.policy_doc",
            "module.smart_routing_lambda.module.repo_ecr_lambda.aws_ecr_repository.this",
            "module.smart_routing_lambda.null_resource.run_script",
            "module.users_table.aws_dynamodb_table.this",
            "module.websocket_connections_table.aws_dynamodb_table.this",
            "module.websocket_lambda.aws_iam_role.lambda_role",
            "module.websocket_lambda.aws_lambda_function.lambda",
            "module.websocket_lambda.data.aws_caller_identity.current",
            "module.websocket_lambda.data.aws_iam_policy_document.policy_doc",
            "module.websocket_lambda.module.repo_ecr_lambda.aws_ecr_repository.this",
            "module.websocket_lambda.null_resource.run_script"
          ]
        }
      ]
    },
    {
      "module": "module.smart_routing_lambda",
      "mode": "managed",
      "type": "null_resource",
      "name": "run_script",
      "provider": "provider[\"registry.terraform.io/hashicorp/null\"]",
      "instances": [
        {
          "index_key": "Dockerfile",
          "schema_version": 0,
          "attributes": {
            "id": "5655205026924726737",
            "triggers": {
              "file": "dd129ebd68d5ac159008512edc1c03f9fb2c58005677b6e11eceba18a37ae51f"
            }
          },
          "sensitive_attributes": [],
          "identity_schema_version": 0,
          "dependencies": [
            "module.smart_routing_lambda.data.aws_caller_identity.current",
            "module.smart_routing_lambda.module.repo_ecr_lambda.aws_ecr_repository.this"
          ],
          "create_before_destroy": true
        },
        {
          "index_key": "lambda_function.py",
          "schema_version": 0,
          "attributes": {
            "id": "559063393176938070",
            "triggers": {
              "file": "99ffd81f1cc14eec41e39d6753f671b07997db3c2fafbe2b3c7ffe5388e91aca"
            }
          },
          "sensitive_attributes": [],
          "identity_schema_version": 0,
          "dependencies": [
            "module.smart_routing_lambda.data.aws_caller_identity.current",
            "module.smart_routing_lambda.module.repo_ecr_lambda.aws_ecr_repository.this"
          ],
          "create_before_destroy": true
        },
        {
          "index_key": "requirements.txt",
          "schema_version": 0,
          "attributes": {
            "id": "6402441601984307445",
            "triggers": {
              "file": "61ecd0ab58572ec57c6e1bfa99669d4dd8d3e133d47b307ea1baf63368eff0eb"
            }
          },
          "sensitive_attributes": [],
          "identity_schema_version": 0,
          "dependencies": [
            "module.smart_routing_lambda.data.aws_caller_identity.current",
            "module.smart_routing_lambda.module.repo_ecr_lambda.aws_ecr_repository.this"
          ],
          "create_before_destroy": true
        }
      ]
    },
    {
      "module": "module.smart_routing_lambda",
      "mode": "managed",
      "type": "null_resource",
      "name": "update",
      "provider": "provider[\"registry.terraform.io/hashicorp/null\"]",
      "instances": [
        {
          "index_key": "Dockerfile",
          "schema_version": 0,
          "attributes": {
            "id": "8891823286856877907",
            "triggers": {
              "file": "dd129ebd68d5ac159008512edc1c03f9fb2c58005677b6e11eceba18a37ae51f"
            }
          },
          "sensitive_attributes": [],
          "identity_schema_version": 0,
          "dependencies": [
            "aws_apigatewayv2_api.websocket_api",
            "module.events_queue.aws_sqs_queue.dead_letter_fifo_queue",
            "module.events_queue.aws_sqs_queue.fifo_queue",
            "module.notificacoes_lambda.aws_iam_role.lambda_role",
            "module.notificacoes_lambda.aws_lambda_function.lambda",
            "module.notificacoes_lambda.data.aws_caller_identity.current",
            "module.notificacoes_lambda.data.aws_iam_policy_document.policy_doc",
            "module.notificacoes_lambda.module.repo_ecr_lambda.aws_ecr_repository.this",
            "module.notificacoes_lambda.null_resource.run_script",
            "module.notifications_general_topic.aws_sns_topic.this",
            "module.notifications_premium_topic.aws_sns_topic.this",
            "module.notifications_regional_topic.aws_sns_topic.this",
            "module.notifications_table.aws_dynamodb_table.this",
            "module.pedido_ofertas_table.aws_dynamodb_table.this",
            "module.pedidos_table.aws_dynamodb_table.this",
            "module.smart_routing_lambda.aws_iam_role.lambda_role",
            "module.smart_routing_lambda.aws_lambda_function.lambda",
            "module.smart_routing_lambda.data.aws_caller_identity.current",
            "module.smart_routing_lambda.data.aws_iam_policy_document.policy_doc",
            "module.smart_routing_lambda.module.repo_ecr_lambda.aws_ecr_repository.this",
            "module.smart_routing_lambda.null_resource.run_script",
            "module.users_table.aws_dynamodb_table.this",
            "module.websocket_connections_table.aws_dynamodb_table.this",
            "module.websocket_lambda.aws_iam_role.lambda_role",
            "module.websocket_lambda.aws_lambda_function.lambda",
            "module.websocket_lambda.data.aws_caller_identity.current",
            "module.websocket_lambda.data.aws_iam_policy_document.policy_doc",
            "module.websocket_lambda.module.repo_ecr_lambda.aws_ecr_repository.this",
            "module.websocket_lambda.null_resource.run_script"
          ]
        }
      ]
    },
    {
      "module": "module.smart_routing_lambda.module.repo_ecr_lambda",
      "mode": "data",
      "type": "aws_caller_identity",
      "name": "current",
      "provider": "provider[\"registry.terraform.io/hashicorp/aws\"]",
      "instances": [
        {
          "schema_version": 0,
          "attributes": {
            "account_id": "176343551411",
            "arn": "arn:aws:iam::176343551411:user/aws-cli-ari",
            "id": "176343551411",
            "user_id": "AIDASSDXFBWZZNGAC4AYI"
          },
          "sensitive_attributes": [],
          "identity_schema_version": 0
        }
      ]
    },
    {
      "module": "module.smart_routing_lambda.module.repo_ecr_lambda",
      "mode": "managed",
      "type": "aws_ecr_lifecycle_policy",
      "name": "delete",
      "provider": "provider[\"registry.terraform.io/hashicorp/aws\"]",
      "instances": [
        {
          "schema_version": 0,
          "attributes": {
            "id": "dev-logistics-smart-routing",
            "policy": "{\"rules\":[{\"action\":{\"type\":\"expire\"},\"description\":\"Keep only the most recent images\",\"rulePriority\":1,\"selection\":{\"countNumber\":5,\"countType\":\"imageCountMoreThan\",\"tagStatus\":\"any\"}}]}",
            "region": "us-east-1",
            "registry_id": "176343551411",
            "repository": "dev-logistics-smart-routing"
          },
          "sensitive_attributes": [],
          "identity_schema_version": 0,
          "private": "bnVsbA==",
          "dependencies": [
            "module.smart_routing_lambda.module.repo_ecr_lambda.aws_ecr_repository.this"
          ]
        }
      ]
    },
    {
      "module": "module.smart_routing_lambda.module.repo_ecr_lambda",
      "mode": "managed",
      "type": "aws_ecr_repository",
      "name": "this",
      "provider": "provider[\"registry.terraform.io/hashicorp/aws\"]",
      "instances": [
        {
          "schema_version": 0,
          "attributes": {
            "arn": "arn:aws:ecr:us-east-1:176343551411:repository/dev-logistics-smart-routing",
            "encryption_configuration": [
              {
                "encryption_type": "AES256",
                "kms_key": ""
              }
            ],
            "force_delete": null,
            "id": "dev-logistics-smart-routing",
            "image_scanning_configuration": [
              {
                "scan_on_push": true
              }
            ],
            "image_tag_mutability": "MUTABLE",
            "name": "dev-logistics-smart-routing",
            "region": "us-east-1",
            "registry_id": "176343551411",
            "repository_url": "176343551411.dkr.ecr.us-east-1.amazonaws.com/dev-logistics-smart-routing",
            "tags": {
              "Environment": "dev",
              "ManagedBy": "terraform",
              "Project": "logistics"
            },
            "tags_all": {
              "Environment": "dev",
              "ManagedBy": "terraform",
              "Project": "logistics"
            },
            "timeouts": null
          },
          "sensitive_attributes": [],
          "identity_schema_version": 0,
          "private": "eyJlMmJmYjczMC1lY2FhLTExZTYtOGY4OC0zNDM2M2JjN2M0YzAiOnsiZGVsZXRlIjoxMjAwMDAwMDAwMDAwfX0=",
          "create_before_destroy": true
        }
      ]
    },
    {
      "module": "module.users_table",
      "mode": "managed",
      "type": "aws_dynamodb_table",
      "name": "this",
      "provider": "provider[\"registry.terraform.io/hashicorp/aws\"]",
      "instances": [
        {
          "schema_version": 1,
          "attributes": {
            "arn": "arn:aws:dynamodb:us-east-1:176343551411:table/dev-logistics-users",
            "attribute": [
              {
                "name": "email",
                "type": "S"
              }
            ],
            "billing_mode": "PAY_PER_REQUEST",
            "deletion_protection_enabled": false,
            "global_secondary_index": [],
            "hash_key": "email",
            "id": "dev-logistics-users",
            "import_table": [],
            "local_secondary_index": [],
            "name": "dev-logistics-users",
            "on_demand_throughput": [],
            "point_in_time_recovery": [
              {
                "enabled": false,
                "recovery_period_in_days": 0
              }
            ],
            "range_key": null,
            "read_capacity": 0,
            "region": "us-east-1",
            "replica": [],
            "restore_date_time": null,
            "restore_source_name": null,
            "restore_source_table_arn": null,
            "restore_to_latest_time": null,
            "server_side_encryption": [],
            "stream_arn": "",
            "stream_enabled": false,
            "stream_label": "",
            "stream_view_type": "",
            "table_class": "STANDARD",
            "tags": {
              "Environment": "dev",
              "ManagedBy": "terraform",
              "Project": "logistics"
            },
            "tags_all": {
              "Environment": "dev",
              "ManagedBy": "terraform",
              "Project": "logistics"
            },
            "timeouts": null,
            "ttl": [
              {
                "attribute_name": "",
                "enabled": false
              }
            ],
            "write_capacity": 0
          },
          "sensitive_attributes": [],
          "identity_schema_version": 0,
          "private": "eyJlMmJmYjczMC1lY2FhLTExZTYtOGY4OC0zNDM2M2JjN2M0YzAiOnsiY3JlYXRlIjoxODAwMDAwMDAwMDAwLCJkZWxldGUiOjYwMDAwMDAwMDAwMCwidXBkYXRlIjozNjAwMDAwMDAwMDAwfSwic2NoZW1hX3ZlcnNpb24iOiIxIn0="
        }
      ]
    },
    {
      "module": "module.usuarios_lambda",
      "mode": "data",
      "type": "aws_caller_identity",
      "name": "current",
      "provider": "provider[\"registry.terraform.io/hashicorp/aws\"]",
      "instances": [
        {
          "schema_version": 0,
          "attributes": {
            "account_id": "176343551411",
            "arn": "arn:aws:iam::176343551411:user/aws-cli-ari",
            "id": "176343551411",
            "user_id": "AIDASSDXFBWZZNGAC4AYI"
          },
          "sensitive_attributes": [],
          "identity_schema_version": 0
        }
      ]
    },
    {
      "module": "module.usuarios_lambda",
      "mode": "data",
      "type": "aws_iam_policy_document",
      "name": "policy_doc",
      "provider": "provider[\"registry.terraform.io/hashicorp/aws\"]",
      "instances": [
        {
          "schema_version": 0,
          "attributes": {
            "id": "2690255455",
            "json": "{\n  \"Version\": \"2012-10-17\",\n  \"Statement\": [\n    {\n      \"Effect\": \"Allow\",\n      \"Action\": \"sts:AssumeRole\",\n      \"Principal\": {\n        \"Service\": \"lambda.amazonaws.com\"\n      }\n    }\n  ]\n}",
            "minified_json": "{\"Version\":\"2012-10-17\",\"Statement\":[{\"Effect\":\"Allow\",\"Action\":\"sts:AssumeRole\",\"Principal\":{\"Service\":\"lambda.amazonaws.com\"}}]}",
            "override_json": null,
            "override_policy_documents": null,
            "policy_id": null,
            "source_json": null,
            "source_policy_documents": null,
            "statement": [
              {
                "actions": [
                  "sts:AssumeRole"
                ],
                "condition": [],
                "effect": "Allow",
                "not_actions": [],
                "not_principals": [],
                "not_resources": [],
                "principals": [
                  {
                    "identifiers": [
                      "lambda.amazonaws.com"
                    ],
                    "type": "Service"
                  }
                ],
                "resources": [],
                "sid": ""
              }
            ],
            "version": "2012-10-17"
          },
          "sensitive_attributes": [],
          "identity_schema_version": 0
        }
      ]
    },
    {
      "module": "module.usuarios_lambda",
      "mode": "managed",
      "type": "aws_iam_role",
      "name": "lambda_role",
      "provider": "provider[\"registry.terraform.io/hashicorp/aws\"]",
      "instances": [
        {
          "schema_version": 0,
          "attributes": {
            "arn": "arn:aws:iam::176343551411:role/dev_logistics_usuarios_role",
            "assume_role_policy": "{\"Statement\":[{\"Action\":\"sts:AssumeRole\",\"Effect\":\"Allow\",\"Principal\":{\"Service\":\"lambda.amazonaws.com\"}}],\"Version\":\"2012-10-17\"}",
            "create_date": "2025-06-21T18:34:38Z",
            "description": "",
            "force_detach_policies": false,
            "id": "dev_logistics_usuarios_role",
            "inline_policy": [],
            "managed_policy_arns": [
              "arn:aws:iam::aws:policy/AmazonDynamoDBFullAccess",
              "arn:aws:iam::aws:policy/service-role/AWSLambdaBasicExecutionRole"
            ],
            "max_session_duration": 3600,
            "name": "dev_logistics_usuarios_role",
            "name_prefix": "",
            "path": "/",
            "permissions_boundary": "",
            "tags": {
              "Environment": "dev",
              "ManagedBy": "terraform",
              "Project": "logistics"
            },
            "tags_all": {
              "Environment": "dev",
              "ManagedBy": "terraform",
              "Project": "logistics"
            },
            "unique_id": "AROASSDXFBWZSVR3WFJJY"
          },
          "sensitive_attributes": [],
          "identity_schema_version": 0,
          "identity": {
            "account_id": "176343551411",
            "name": "dev_logistics_usuarios_role"
          },
          "private": "bnVsbA==",
          "dependencies": [
            "module.usuarios_lambda.data.aws_iam_policy_document.policy_doc"
          ],
          "create_before_destroy": true
        }
      ]
    },
    {
      "module": "module.usuarios_lambda",
      "mode": "managed",
      "type": "aws_iam_role_policy_attachment",
      "name": "lambda_custom_policy",
      "provider": "provider[\"registry.terraform.io/hashicorp/aws\"]",
      "instances": [
        {
          "index_key": 0,
          "schema_version": 0,
          "attributes": {
            "id": "dev_logistics_usuarios_role-20250621183501179300000017",
            "policy_arn": "arn:aws:iam::aws:policy/AmazonDynamoDBFullAccess",
            "role": "dev_logistics_usuarios_role"
          },
          "sensitive_attributes": [],
          "identity_schema_version": 0,
          "private": "bnVsbA==",
          "dependencies": [
            "module.usuarios_lambda.aws_iam_role.lambda_role",
            "module.usuarios_lambda.data.aws_iam_policy_document.policy_doc"
          ]
        }
      ]
    },
    {
      "module": "module.usuarios_lambda",
      "mode": "managed",
      "type": "aws_iam_role_policy_attachment",
      "name": "policy_cloudwatch",
      "provider": "provider[\"registry.terraform.io/hashicorp/aws\"]",
      "instances": [
        {
          "schema_version": 0,
          "attributes": {
            "id": "dev_logistics_usuarios_role-20250621183501109700000016",
            "policy_arn": "arn:aws:iam::aws:policy/service-role/AWSLambdaBasicExecutionRole",
            "role": "dev_logistics_usuarios_role"
          },
          "sensitive_attributes": [],
          "identity_schema_version": 0,
          "private": "bnVsbA==",
          "dependencies": [
            "module.usuarios_lambda.aws_iam_role.lambda_role",
            "module.usuarios_lambda.data.aws_iam_policy_document.policy_doc"
          ]
        }
      ]
    },
    {
      "module": "module.usuarios_lambda",
      "mode": "managed",
      "type": "aws_lambda_function",
      "name": "lambda",
      "provider": "provider[\"registry.terraform.io/hashicorp/aws\"]",
      "instances": [
        {
          "schema_version": 0,
          "attributes": {
            "architectures": [
              "x86_64"
            ],
            "arn": "arn:aws:lambda:us-east-1:176343551411:function:dev_logistics_usuarios",
            "code_sha256": "70496ffff2ec42a9a961af0083b5d539949c892d031a312cf54a121cd33af3b2",
            "code_signing_config_arn": "",
            "dead_letter_config": [],
            "description": "Users management Lambda function",
            "environment": [
              {
                "variables": {
                  "USERS_TABLE": "dev-logistics-users"
                }
              }
            ],
            "ephemeral_storage": [
              {
                "size": 512
              }
            ],
            "file_system_config": [],
            "filename": null,
            "function_name": "dev_logistics_usuarios",
            "handler": "",
            "id": "dev_logistics_usuarios",
            "image_config": [],
            "image_uri": "176343551411.dkr.ecr.us-east-1.amazonaws.com/dev-logistics-usuarios:latest",
            "invoke_arn": "arn:aws:apigateway:us-east-1:lambda:path/2015-03-31/functions/arn:aws:lambda:us-east-1:176343551411:function:dev_logistics_usuarios/invocations",
            "kms_key_arn": "",
            "last_modified": "2025-06-21T19:59:43.000+0000",
            "layers": [],
            "logging_config": [
              {
                "application_log_level": "",
                "log_format": "Text",
                "log_group": "/aws/lambda/dev_logistics_usuarios",
                "system_log_level": ""
              }
            ],
            "memory_size": 512,
            "package_type": "Image",
            "publish": false,
            "qualified_arn": "arn:aws:lambda:us-east-1:176343551411:function:dev_logistics_usuarios:$LATEST",
            "qualified_invoke_arn": "arn:aws:apigateway:us-east-1:lambda:path/2015-03-31/functions/arn:aws:lambda:us-east-1:176343551411:function:dev_logistics_usuarios:$LATEST/invocations",
            "region": "us-east-1",
            "replace_security_groups_on_destroy": null,
            "replacement_security_group_ids": null,
            "reserved_concurrent_executions": -1,
            "role": "arn:aws:iam::176343551411:role/dev_logistics_usuarios_role",
            "runtime": "",
            "s3_bucket": null,
            "s3_key": null,
            "s3_object_version": null,
            "signing_job_arn": "",
            "signing_profile_version_arn": "",
            "skip_destroy": false,
            "snap_start": [],
            "source_code_hash": "",
            "source_code_size": 0,
            "tags": {
              "Environment": "dev",
              "ManagedBy": "terraform",
              "Project": "logistics"
            },
            "tags_all": {
              "Environment": "dev",
              "ManagedBy": "terraform",
              "Project": "logistics"
            },
            "timeout": 30,
            "timeouts": null,
            "tracing_config": [
              {
                "mode": "PassThrough"
              }
            ],
            "version": "$LATEST",
            "vpc_config": []
          },
          "sensitive_attributes": [],
          "identity_schema_version": 0,
          "private": "eyJlMmJmYjczMC1lY2FhLTExZTYtOGY4OC0zNDM2M2JjN2M0YzAiOnsiY3JlYXRlIjo2MDAwMDAwMDAwMDAsImRlbGV0ZSI6NjAwMDAwMDAwMDAwLCJ1cGRhdGUiOjYwMDAwMDAwMDAwMH19",
          "dependencies": [
            "module.users_table.aws_dynamodb_table.this",
            "module.usuarios_lambda.aws_iam_role.lambda_role",
            "module.usuarios_lambda.data.aws_caller_identity.current",
            "module.usuarios_lambda.data.aws_iam_policy_document.policy_doc",
            "module.usuarios_lambda.module.repo_ecr_lambda.aws_ecr_repository.this",
            "module.usuarios_lambda.null_resource.run_script"
          ],
          "create_before_destroy": true
        }
      ]
    },
    {
      "module": "module.usuarios_lambda",
      "mode": "managed",
      "type": "aws_lambda_function_event_invoke_config",
      "name": "retry",
      "provider": "provider[\"registry.terraform.io/hashicorp/aws\"]",
      "instances": [
        {
          "schema_version": 0,
          "attributes": {
            "destination_config": [],
            "function_name": "dev_logistics_usuarios",
            "id": "dev_logistics_usuarios",
            "maximum_event_age_in_seconds": 21600,
            "maximum_retry_attempts": 0,
            "qualifier": "",
            "region": "us-east-1"
          },
          "sensitive_attributes": [],
          "identity_schema_version": 0,
          "private": "bnVsbA==",
          "dependencies": [
            "module.users_table.aws_dynamodb_table.this",
            "module.usuarios_lambda.aws_iam_role.lambda_role",
            "module.usuarios_lambda.aws_lambda_function.lambda",
            "module.usuarios_lambda.data.aws_caller_identity.current",
            "module.usuarios_lambda.data.aws_iam_policy_document.policy_doc",
            "module.usuarios_lambda.module.repo_ecr_lambda.aws_ecr_repository.this",
            "module.usuarios_lambda.null_resource.run_script"
          ]
        }
      ]
    },
    {
      "module": "module.usuarios_lambda",
      "mode": "managed",
      "type": "null_resource",
      "name": "run_script",
      "provider": "provider[\"registry.terraform.io/hashicorp/null\"]",
      "instances": [
        {
          "index_key": "Dockerfile",
          "schema_version": 0,
          "attributes": {
            "id": "4014521128152880643",
            "triggers": {
              "file": "dd129ebd68d5ac159008512edc1c03f9fb2c58005677b6e11eceba18a37ae51f"
            }
          },
          "sensitive_attributes": [],
          "identity_schema_version": 0,
          "dependencies": [
            "module.usuarios_lambda.data.aws_caller_identity.current",
            "module.usuarios_lambda.module.repo_ecr_lambda.aws_ecr_repository.this"
          ],
          "create_before_destroy": true
        },
        {
          "index_key": "lambda_function.py",
          "schema_version": 0,
          "attributes": {
            "id": "5465664430751218616",
            "triggers": {
              "file": "19e4b69a0938c37484d1ec1c7e3526b5fbcc5c37fc681c10787dc58a4e71da6c"
            }
          },
          "sensitive_attributes": [],
          "identity_schema_version": 0,
          "dependencies": [
            "module.usuarios_lambda.data.aws_caller_identity.current",
            "module.usuarios_lambda.module.repo_ecr_lambda.aws_ecr_repository.this"
          ],
          "create_before_destroy": true
        },
        {
          "index_key": "requirements.txt",
          "schema_version": 0,
          "attributes": {
            "id": "5930056444134998551",
            "triggers": {
              "file": "43c0d864ea491a74879945f59e20453913b23cb49314611c2a8e0a3e95d2b5fa"
            }
          },
          "sensitive_attributes": [],
          "identity_schema_version": 0,
          "dependencies": [
            "module.usuarios_lambda.data.aws_caller_identity.current",
            "module.usuarios_lambda.module.repo_ecr_lambda.aws_ecr_repository.this"
          ],
          "create_before_destroy": true
        }
      ]
    },
    {
      "module": "module.usuarios_lambda",
      "mode": "managed",
      "type": "null_resource",
      "name": "update",
      "provider": "provider[\"registry.terraform.io/hashicorp/null\"]",
      "instances": [
        {
          "index_key": "Dockerfile",
          "schema_version": 0,
          "attributes": {
            "id": "6597325316800858473",
            "triggers": {
              "file": "dd129ebd68d5ac159008512edc1c03f9fb2c58005677b6e11eceba18a37ae51f"
            }
          },
          "sensitive_attributes": [],
          "identity_schema_version": 0,
          "dependencies": [
            "module.users_table.aws_dynamodb_table.this",
            "module.usuarios_lambda.aws_iam_role.lambda_role",
            "module.usuarios_lambda.aws_lambda_function.lambda",
            "module.usuarios_lambda.data.aws_caller_identity.current",
            "module.usuarios_lambda.data.aws_iam_policy_document.policy_doc",
            "module.usuarios_lambda.module.repo_ecr_lambda.aws_ecr_repository.this",
            "module.usuarios_lambda.null_resource.run_script"
          ]
        }
      ]
    },
    {
      "module": "module.usuarios_lambda.module.repo_ecr_lambda",
      "mode": "data",
      "type": "aws_caller_identity",
      "name": "current",
      "provider": "provider[\"registry.terraform.io/hashicorp/aws\"]",
      "instances": [
        {
          "schema_version": 0,
          "attributes": {
            "account_id": "176343551411",
            "arn": "arn:aws:iam::176343551411:user/aws-cli-ari",
            "id": "176343551411",
            "user_id": "AIDASSDXFBWZZNGAC4AYI"
          },
          "sensitive_attributes": [],
          "identity_schema_version": 0
        }
      ]
    },
    {
      "module": "module.usuarios_lambda.module.repo_ecr_lambda",
      "mode": "managed",
      "type": "aws_ecr_lifecycle_policy",
      "name": "delete",
      "provider": "provider[\"registry.terraform.io/hashicorp/aws\"]",
      "instances": [
        {
          "schema_version": 0,
          "attributes": {
            "id": "dev-logistics-usuarios",
            "policy": "{\"rules\":[{\"action\":{\"type\":\"expire\"},\"description\":\"Keep only the most recent images\",\"rulePriority\":1,\"selection\":{\"countNumber\":5,\"countType\":\"imageCountMoreThan\",\"tagStatus\":\"any\"}}]}",
            "region": "us-east-1",
            "registry_id": "176343551411",
            "repository": "dev-logistics-usuarios"
          },
          "sensitive_attributes": [],
          "identity_schema_version": 0,
          "private": "bnVsbA==",
          "dependencies": [
            "module.usuarios_lambda.module.repo_ecr_lambda.aws_ecr_repository.this"
          ]
        }
      ]
    },
    {
      "module": "module.usuarios_lambda.module.repo_ecr_lambda",
      "mode": "managed",
      "type": "aws_ecr_repository",
      "name": "this",
      "provider": "provider[\"registry.terraform.io/hashicorp/aws\"]",
      "instances": [
        {
          "schema_version": 0,
          "attributes": {
            "arn": "arn:aws:ecr:us-east-1:176343551411:repository/dev-logistics-usuarios",
            "encryption_configuration": [
              {
                "encryption_type": "AES256",
                "kms_key": ""
              }
            ],
            "force_delete": null,
            "id": "dev-logistics-usuarios",
            "image_scanning_configuration": [
              {
                "scan_on_push": true
              }
            ],
            "image_tag_mutability": "MUTABLE",
            "name": "dev-logistics-usuarios",
            "region": "us-east-1",
            "registry_id": "176343551411",
            "repository_url": "176343551411.dkr.ecr.us-east-1.amazonaws.com/dev-logistics-usuarios",
            "tags": {
              "Environment": "dev",
              "ManagedBy": "terraform",
              "Project": "logistics"
            },
            "tags_all": {
              "Environment": "dev",
              "ManagedBy": "terraform",
              "Project": "logistics"
            },
            "timeouts": null
          },
          "sensitive_attributes": [],
          "identity_schema_version": 0,
          "private": "eyJlMmJmYjczMC1lY2FhLTExZTYtOGY4OC0zNDM2M2JjN2M0YzAiOnsiZGVsZXRlIjoxMjAwMDAwMDAwMDAwfX0=",
          "create_before_destroy": true
        }
      ]
    },
    {
      "module": "module.websocket_connections_table",
      "mode": "managed",
      "type": "aws_dynamodb_table",
      "name": "this",
      "provider": "provider[\"registry.terraform.io/hashicorp/aws\"]",
      "instances": [
        {
          "schema_version": 1,
          "attributes": {
            "arn": "arn:aws:dynamodb:us-east-1:176343551411:table/dev-logistics-websocket-connections",
            "attribute": [
              {
                "name": "connectionId",
                "type": "S"
              }
            ],
            "billing_mode": "PAY_PER_REQUEST",
            "deletion_protection_enabled": false,
            "global_secondary_index": [],
            "hash_key": "connectionId",
            "id": "dev-logistics-websocket-connections",
            "import_table": [],
            "local_secondary_index": [],
            "name": "dev-logistics-websocket-connections",
            "on_demand_throughput": [],
            "point_in_time_recovery": [
              {
                "enabled": false,
                "recovery_period_in_days": 0
              }
            ],
            "range_key": null,
            "read_capacity": 0,
            "region": "us-east-1",
            "replica": [],
            "restore_date_time": null,
            "restore_source_name": null,
            "restore_source_table_arn": null,
            "restore_to_latest_time": null,
            "server_side_encryption": [],
            "stream_arn": "",
            "stream_enabled": false,
            "stream_label": "",
            "stream_view_type": "",
            "table_class": "STANDARD",
            "tags": {
              "Environment": "dev",
              "ManagedBy": "terraform",
              "Project": "logistics"
            },
            "tags_all": {
              "Environment": "dev",
              "ManagedBy": "terraform",
              "Project": "logistics"
            },
            "timeouts": null,
            "ttl": [
              {
                "attribute_name": "",
                "enabled": false
              }
            ],
            "write_capacity": 0
          },
          "sensitive_attributes": [],
          "identity_schema_version": 0,
          "private": "eyJlMmJmYjczMC1lY2FhLTExZTYtOGY4OC0zNDM2M2JjN2M0YzAiOnsiY3JlYXRlIjoxODAwMDAwMDAwMDAwLCJkZWxldGUiOjYwMDAwMDAwMDAwMCwidXBkYXRlIjozNjAwMDAwMDAwMDAwfSwic2NoZW1hX3ZlcnNpb24iOiIxIn0="
        }
      ]
    },
    {
      "module": "module.websocket_lambda",
      "mode": "data",
      "type": "aws_caller_identity",
      "name": "current",
      "provider": "provider[\"registry.terraform.io/hashicorp/aws\"]",
      "instances": [
        {
          "schema_version": 0,
          "attributes": {
            "account_id": "176343551411",
            "arn": "arn:aws:iam::176343551411:user/aws-cli-ari",
            "id": "176343551411",
            "user_id": "AIDASSDXFBWZZNGAC4AYI"
          },
          "sensitive_attributes": [],
          "identity_schema_version": 0
        }
      ]
    },
    {
      "module": "module.websocket_lambda",
      "mode": "data",
      "type": "aws_iam_policy_document",
      "name": "policy_doc",
      "provider": "provider[\"registry.terraform.io/hashicorp/aws\"]",
      "instances": [
        {
          "schema_version": 0,
          "attributes": {
            "id": "2690255455",
            "json": "{\n  \"Version\": \"2012-10-17\",\n  \"Statement\": [\n    {\n      \"Effect\": \"Allow\",\n      \"Action\": \"sts:AssumeRole\",\n      \"Principal\": {\n        \"Service\": \"lambda.amazonaws.com\"\n      }\n    }\n  ]\n}",
            "minified_json": "{\"Version\":\"2012-10-17\",\"Statement\":[{\"Effect\":\"Allow\",\"Action\":\"sts:AssumeRole\",\"Principal\":{\"Service\":\"lambda.amazonaws.com\"}}]}",
            "override_json": null,
            "override_policy_documents": null,
            "policy_id": null,
            "source_json": null,
            "source_policy_documents": null,
            "statement": [
              {
                "actions": [
                  "sts:AssumeRole"
                ],
                "condition": [],
                "effect": "Allow",
                "not_actions": [],
                "not_principals": [],
                "not_resources": [],
                "principals": [
                  {
                    "identifiers": [
                      "lambda.amazonaws.com"
                    ],
                    "type": "Service"
                  }
                ],
                "resources": [],
                "sid": ""
              }
            ],
            "version": "2012-10-17"
          },
          "sensitive_attributes": [],
          "identity_schema_version": 0
        }
      ]
    },
    {
      "module": "module.websocket_lambda",
      "mode": "managed",
      "type": "aws_iam_role",
      "name": "lambda_role",
      "provider": "provider[\"registry.terraform.io/hashicorp/aws\"]",
      "instances": [
        {
          "schema_version": 0,
          "attributes": {
            "arn": "arn:aws:iam::176343551411:role/dev_logistics_websocket_role",
            "assume_role_policy": "{\"Statement\":[{\"Action\":\"sts:AssumeRole\",\"Effect\":\"Allow\",\"Principal\":{\"Service\":\"lambda.amazonaws.com\"}}],\"Version\":\"2012-10-17\"}",
            "create_date": "2025-06-21T18:34:37Z",
            "description": "",
            "force_detach_policies": false,
            "id": "dev_logistics_websocket_role",
            "inline_policy": [],
            "managed_policy_arns": [
              "arn:aws:iam::aws:policy/AmazonAPIGatewayInvokeFullAccess",
              "arn:aws:iam::aws:policy/AmazonDynamoDBFullAccess",
              "arn:aws:iam::aws:policy/service-role/AWSLambdaBasicExecutionRole"
            ],
            "max_session_duration": 3600,
            "name": "dev_logistics_websocket_role",
            "name_prefix": "",
            "path": "/",
            "permissions_boundary": "",
            "tags": {
              "Environment": "dev",
              "ManagedBy": "terraform",
              "Project": "logistics"
            },
            "tags_all": {
              "Environment": "dev",
              "ManagedBy": "terraform",
              "Project": "logistics"
            },
            "unique_id": "AROASSDXFBWZSEXJLAOI4"
          },
          "sensitive_attributes": [],
          "identity_schema_version": 0,
          "identity": {
            "account_id": "176343551411",
            "name": "dev_logistics_websocket_role"
          },
          "private": "bnVsbA==",
          "dependencies": [
            "module.websocket_lambda.data.aws_iam_policy_document.policy_doc"
          ]
        }
      ]
    },
    {
      "module": "module.websocket_lambda",
      "mode": "managed",
      "type": "aws_iam_role_policy_attachment",
      "name": "lambda_custom_policy",
      "provider": "provider[\"registry.terraform.io/hashicorp/aws\"]",
      "instances": [
        {
          "index_key": 0,
          "schema_version": 0,
          "attributes": {
            "id": "dev_logistics_websocket_role-2025062118345868360000000d",
            "policy_arn": "arn:aws:iam::aws:policy/AmazonDynamoDBFullAccess",
            "role": "dev_logistics_websocket_role"
          },
          "sensitive_attributes": [],
          "identity_schema_version": 0,
          "private": "bnVsbA==",
          "dependencies": [
            "module.websocket_lambda.aws_iam_role.lambda_role",
            "module.websocket_lambda.data.aws_iam_policy_document.policy_doc"
          ]
        },
        {
          "index_key": 1,
          "schema_version": 0,
          "attributes": {
            "id": "dev_logistics_websocket_role-2025062118345888570000000e",
            "policy_arn": "arn:aws:iam::aws:policy/AmazonAPIGatewayInvokeFullAccess",
            "role": "dev_logistics_websocket_role"
          },
          "sensitive_attributes": [],
          "identity_schema_version": 0,
          "private": "bnVsbA==",
          "dependencies": [
            "module.websocket_lambda.aws_iam_role.lambda_role",
            "module.websocket_lambda.data.aws_iam_policy_document.policy_doc"
          ]
        }
      ]
    },
    {
      "module": "module.websocket_lambda",
      "mode": "managed",
      "type": "aws_iam_role_policy_attachment",
      "name": "policy_cloudwatch",
      "provider": "provider[\"registry.terraform.io/hashicorp/aws\"]",
      "instances": [
        {
          "schema_version": 0,
          "attributes": {
            "id": "dev_logistics_websocket_role-2025062118345830710000000c",
            "policy_arn": "arn:aws:iam::aws:policy/service-role/AWSLambdaBasicExecutionRole",
            "role": "dev_logistics_websocket_role"
          },
          "sensitive_attributes": [],
          "identity_schema_version": 0,
          "private": "bnVsbA==",
          "dependencies": [
            "module.websocket_lambda.aws_iam_role.lambda_role",
            "module.websocket_lambda.data.aws_iam_policy_document.policy_doc"
          ]
        }
      ]
    },
    {
      "module": "module.websocket_lambda",
      "mode": "managed",
      "type": "aws_lambda_function",
      "name": "lambda",
      "provider": "provider[\"registry.terraform.io/hashicorp/aws\"]",
      "instances": [
        {
          "schema_version": 0,
          "attributes": {
            "architectures": [
              "x86_64"
            ],
            "arn": "arn:aws:lambda:us-east-1:176343551411:function:dev_logistics_websocket",
            "code_sha256": "d7792225dd3893c9ee48f5c6ea9bfb2dff282d19770080429b105634b37d1edb",
            "code_signing_config_arn": "",
            "dead_letter_config": [],
            "description": "WebSocket Lambda function for real-time notifications",
            "environment": [
              {
                "variables": {
                  "CONNECTIONS_TABLE": "dev-logistics-websocket-connections",
                  "JWT_SECRET": "your-jwt-secret-key",
                  "WEBSOCKET_API_ENDPOINT": "https://23b38pazkc.execute-api.us-east-1.amazonaws.com/prod"
                }
              }
            ],
            "ephemeral_storage": [
              {
                "size": 512
              }
            ],
            "file_system_config": [],
            "filename": null,
            "function_name": "dev_logistics_websocket",
            "handler": "",
            "id": "dev_logistics_websocket",
            "image_config": [],
            "image_uri": "176343551411.dkr.ecr.us-east-1.amazonaws.com/dev-logistics-websocket:latest",
            "invoke_arn": "arn:aws:apigateway:us-east-1:lambda:path/2015-03-31/functions/arn:aws:lambda:us-east-1:176343551411:function:dev_logistics_websocket/invocations",
            "kms_key_arn": "",
            "last_modified": "2025-06-21T18:35:48.000+0000",
            "layers": [],
            "logging_config": [
              {
                "application_log_level": "",
                "log_format": "Text",
                "log_group": "/aws/lambda/dev_logistics_websocket",
                "system_log_level": ""
              }
            ],
            "memory_size": 512,
            "package_type": "Image",
            "publish": false,
            "qualified_arn": "arn:aws:lambda:us-east-1:176343551411:function:dev_logistics_websocket:$LATEST",
            "qualified_invoke_arn": "arn:aws:apigateway:us-east-1:lambda:path/2015-03-31/functions/arn:aws:lambda:us-east-1:176343551411:function:dev_logistics_websocket:$LATEST/invocations",
            "region": "us-east-1",
            "replace_security_groups_on_destroy": null,
            "replacement_security_group_ids": null,
            "reserved_concurrent_executions": -1,
            "role": "arn:aws:iam::176343551411:role/dev_logistics_websocket_role",
            "runtime": "",
            "s3_bucket": null,
            "s3_key": null,
            "s3_object_version": null,
            "signing_job_arn": "",
            "signing_profile_version_arn": "",
            "skip_destroy": false,
            "snap_start": [],
            "source_code_hash": "",
            "source_code_size": 0,
            "tags": {
              "Environment": "dev",
              "ManagedBy": "terraform",
              "Project": "logistics"
            },
            "tags_all": {
              "Environment": "dev",
              "ManagedBy": "terraform",
              "Project": "logistics"
            },
            "timeout": 30,
            "timeouts": null,
            "tracing_config": [
              {
                "mode": "PassThrough"
              }
            ],
            "version": "$LATEST",
            "vpc_config": []
          },
          "sensitive_attributes": [],
          "identity_schema_version": 0,
          "private": "eyJlMmJmYjczMC1lY2FhLTExZTYtOGY4OC0zNDM2M2JjN2M0YzAiOnsiY3JlYXRlIjo2MDAwMDAwMDAwMDAsImRlbGV0ZSI6NjAwMDAwMDAwMDAwLCJ1cGRhdGUiOjYwMDAwMDAwMDAwMH19",
          "dependencies": [
            "aws_apigatewayv2_api.websocket_api",
            "module.websocket_connections_table.aws_dynamodb_table.this",
            "module.websocket_lambda.aws_iam_role.lambda_role",
            "module.websocket_lambda.data.aws_caller_identity.current",
            "module.websocket_lambda.data.aws_iam_policy_document.policy_doc",
            "module.websocket_lambda.module.repo_ecr_lambda.aws_ecr_repository.this",
            "module.websocket_lambda.null_resource.run_script"
          ]
        }
      ]
    },
    {
      "module": "module.websocket_lambda",
      "mode": "managed",
      "type": "aws_lambda_function_event_invoke_config",
      "name": "retry",
      "provider": "provider[\"registry.terraform.io/hashicorp/aws\"]",
      "instances": [
        {
          "schema_version": 0,
          "attributes": {
            "destination_config": [],
            "function_name": "dev_logistics_websocket",
            "id": "dev_logistics_websocket",
            "maximum_event_age_in_seconds": 21600,
            "maximum_retry_attempts": 0,
            "qualifier": "",
            "region": "us-east-1"
          },
          "sensitive_attributes": [],
          "identity_schema_version": 0,
          "private": "bnVsbA==",
          "dependencies": [
            "aws_apigatewayv2_api.websocket_api",
            "module.websocket_connections_table.aws_dynamodb_table.this",
            "module.websocket_lambda.aws_iam_role.lambda_role",
            "module.websocket_lambda.aws_lambda_function.lambda",
            "module.websocket_lambda.data.aws_caller_identity.current",
            "module.websocket_lambda.data.aws_iam_policy_document.policy_doc",
            "module.websocket_lambda.module.repo_ecr_lambda.aws_ecr_repository.this",
            "module.websocket_lambda.null_resource.run_script"
          ]
        }
      ]
    },
    {
      "module": "module.websocket_lambda",
      "mode": "managed",
      "type": "null_resource",
      "name": "run_script",
      "provider": "provider[\"registry.terraform.io/hashicorp/null\"]",
      "instances": [
        {
          "index_key": "Dockerfile",
          "schema_version": 0,
          "attributes": {
            "id": "4657968547891334552",
            "triggers": {
              "file": "dd129ebd68d5ac159008512edc1c03f9fb2c58005677b6e11eceba18a37ae51f"
            }
          },
          "sensitive_attributes": [],
          "identity_schema_version": 0,
          "dependencies": [
            "module.websocket_lambda.data.aws_caller_identity.current",
            "module.websocket_lambda.module.repo_ecr_lambda.aws_ecr_repository.this"
          ]
        },
        {
          "index_key": "lambda_function.py",
          "schema_version": 0,
          "attributes": {
            "id": "3899277522193856944",
            "triggers": {
              "file": "ef232073c0c5bc9346eb0cfda8b2770a38539f28d4df4a8317a7a1e6f4f4a102"
            }
          },
          "sensitive_attributes": [],
          "identity_schema_version": 0,
          "dependencies": [
            "module.websocket_lambda.data.aws_caller_identity.current",
            "module.websocket_lambda.module.repo_ecr_lambda.aws_ecr_repository.this"
          ],
          "create_before_destroy": true
        },
        {
          "index_key": "requirements.txt",
          "schema_version": 0,
          "attributes": {
            "id": "8928069741338891108",
            "triggers": {
              "file": "bdc6e8c6e40edae06cc1cc7c974fade4e50fb774276ce608e213acf01cab2634"
            }
          },
          "sensitive_attributes": [],
          "identity_schema_version": 0,
          "dependencies": [
            "module.websocket_lambda.data.aws_caller_identity.current",
            "module.websocket_lambda.module.repo_ecr_lambda.aws_ecr_repository.this"
          ]
        }
      ]
    },
    {
      "module": "module.websocket_lambda",
      "mode": "managed",
      "type": "null_resource",
      "name": "update",
      "provider": "provider[\"registry.terraform.io/hashicorp/null\"]",
      "instances": [
        {
          "index_key": "Dockerfile",
          "schema_version": 0,
          "attributes": {
            "id": "2430018160289979353",
            "triggers": {
              "file": "dd129ebd68d5ac159008512edc1c03f9fb2c58005677b6e11eceba18a37ae51f"
            }
          },
          "sensitive_attributes": [],
          "identity_schema_version": 0,
          "dependencies": [
            "aws_apigatewayv2_api.websocket_api",
            "module.websocket_connections_table.aws_dynamodb_table.this",
            "module.websocket_lambda.aws_iam_role.lambda_role",
            "module.websocket_lambda.aws_lambda_function.lambda",
            "module.websocket_lambda.data.aws_caller_identity.current",
            "module.websocket_lambda.data.aws_iam_policy_document.policy_doc",
            "module.websocket_lambda.module.repo_ecr_lambda.aws_ecr_repository.this",
            "module.websocket_lambda.null_resource.run_script"
          ]
        },
        {
          "index_key": "lambda_function.py",
          "schema_version": 0,
          "attributes": {
            "id": "4030799450126791660",
            "triggers": {
              "file": "ef232073c0c5bc9346eb0cfda8b2770a38539f28d4df4a8317a7a1e6f4f4a102"
            }
          },
          "sensitive_attributes": [],
          "identity_schema_version": 0,
          "dependencies": [
            "aws_apigatewayv2_api.websocket_api",
            "module.websocket_connections_table.aws_dynamodb_table.this",
            "module.websocket_lambda.aws_iam_role.lambda_role",
            "module.websocket_lambda.aws_lambda_function.lambda",
            "module.websocket_lambda.data.aws_caller_identity.current",
            "module.websocket_lambda.data.aws_iam_policy_document.policy_doc",
            "module.websocket_lambda.module.repo_ecr_lambda.aws_ecr_repository.this",
            "module.websocket_lambda.null_resource.run_script"
          ]
        },
        {
          "index_key": "requirements.txt",
          "schema_version": 0,
          "attributes": {
            "id": "6746131352200778130",
            "triggers": {
              "file": "bdc6e8c6e40edae06cc1cc7c974fade4e50fb774276ce608e213acf01cab2634"
            }
          },
          "sensitive_attributes": [],
          "identity_schema_version": 0,
          "dependencies": [
            "aws_apigatewayv2_api.websocket_api",
            "module.websocket_connections_table.aws_dynamodb_table.this",
            "module.websocket_lambda.aws_iam_role.lambda_role",
            "module.websocket_lambda.aws_lambda_function.lambda",
            "module.websocket_lambda.data.aws_caller_identity.current",
            "module.websocket_lambda.data.aws_iam_policy_document.policy_doc",
            "module.websocket_lambda.module.repo_ecr_lambda.aws_ecr_repository.this",
            "module.websocket_lambda.null_resource.run_script"
          ]
        }
      ]
    },
    {
      "module": "module.websocket_lambda.module.repo_ecr_lambda",
      "mode": "data",
      "type": "aws_caller_identity",
      "name": "current",
      "provider": "provider[\"registry.terraform.io/hashicorp/aws\"]",
      "instances": [
        {
          "schema_version": 0,
          "attributes": {
            "account_id": "176343551411",
            "arn": "arn:aws:iam::176343551411:user/aws-cli-ari",
            "id": "176343551411",
            "user_id": "AIDASSDXFBWZZNGAC4AYI"
          },
          "sensitive_attributes": [],
          "identity_schema_version": 0
        }
      ]
    },
    {
      "module": "module.websocket_lambda.module.repo_ecr_lambda",
      "mode": "managed",
      "type": "aws_ecr_lifecycle_policy",
      "name": "delete",
      "provider": "provider[\"registry.terraform.io/hashicorp/aws\"]",
      "instances": [
        {
          "schema_version": 0,
          "attributes": {
            "id": "dev-logistics-websocket",
            "policy": "{\"rules\":[{\"action\":{\"type\":\"expire\"},\"description\":\"Keep only the most recent images\",\"rulePriority\":1,\"selection\":{\"countNumber\":5,\"countType\":\"imageCountMoreThan\",\"tagStatus\":\"any\"}}]}",
            "region": "us-east-1",
            "registry_id": "176343551411",
            "repository": "dev-logistics-websocket"
          },
          "sensitive_attributes": [],
          "identity_schema_version": 0,
          "private": "bnVsbA==",
          "dependencies": [
            "module.websocket_lambda.module.repo_ecr_lambda.aws_ecr_repository.this"
          ]
        }
      ]
    },
    {
      "module": "module.websocket_lambda.module.repo_ecr_lambda",
      "mode": "managed",
      "type": "aws_ecr_repository",
      "name": "this",
      "provider": "provider[\"registry.terraform.io/hashicorp/aws\"]",
      "instances": [
        {
          "schema_version": 0,
          "attributes": {
            "arn": "arn:aws:ecr:us-east-1:176343551411:repository/dev-logistics-websocket",
            "encryption_configuration": [
              {
                "encryption_type": "AES256",
                "kms_key": ""
              }
            ],
            "force_delete": null,
            "id": "dev-logistics-websocket",
            "image_scanning_configuration": [
              {
                "scan_on_push": true
              }
            ],
            "image_tag_mutability": "MUTABLE",
            "name": "dev-logistics-websocket",
            "region": "us-east-1",
            "registry_id": "176343551411",
            "repository_url": "176343551411.dkr.ecr.us-east-1.amazonaws.com/dev-logistics-websocket",
            "tags": {
              "Environment": "dev",
              "ManagedBy": "terraform",
              "Project": "logistics"
            },
            "tags_all": {
              "Environment": "dev",
              "ManagedBy": "terraform",
              "Project": "logistics"
            },
            "timeouts": null
          },
          "sensitive_attributes": [],
          "identity_schema_version": 0,
          "private": "eyJlMmJmYjczMC1lY2FhLTExZTYtOGY4OC0zNDM2M2JjN2M0YzAiOnsiZGVsZXRlIjoxMjAwMDAwMDAwMDAwfX0="
        }
      ]
    }
  ],
  "check_results": [
    {
      "object_kind": "var",
      "config_addr": "module.api_gateway.var.api_type",
      "status": "unknown",
      "objects": null
    },
    {
      "object_kind": "var",
      "config_addr": "module.api_gateway.var.routes",
      "status": "unknown",
      "objects": null
    },
    {
      "object_kind": "var",
      "config_addr": "module.users_table.var.sort_key_type",
      "status": "unknown",
      "objects": null
    },
    {
      "object_kind": "var",
      "config_addr": "module.websocket_connections_table.var.sort_key_type",
      "status": "pass",
      "objects": [
        {
          "object_addr": "module.websocket_connections_table.var.sort_key_type",
          "status": "pass"
        }
      ]
    },
    {
      "object_kind": "var",
      "config_addr": "module.locations_table.var.sort_key_type",
      "status": "unknown",
      "objects": null
    },
    {
      "object_kind": "var",
      "config_addr": "module.pedido_ofertas_table.var.sort_key_type",
      "status": "unknown",
      "objects": null
    },
    {
      "object_kind": "var",
      "config_addr": "module.notifications_table.var.sort_key_type",
      "status": "unknown",
      "objects": null
    },
    {
      "object_kind": "var",
      "config_addr": "module.pedidos_table.var.sort_key_type",
      "status": "unknown",
      "objects": null
    }
  ]
}
