{
  "version": 4,
  "terraform_version": "1.12.1",
  "serial": 698,
  "lineage": "6720d7b2-0dc1-4119-e8e5-0330d21b15b3",
  "outputs": {
    "api_gateway_id": {
      "value": "tntpd380l5",
      "type": "string"
    },
    "api_gateway_invoke_url": {
      "value": "https://tntpd380l5.execute-api.us-east-1.amazonaws.com/prod",
      "type": "string"
    },
    "dynamodb_tables": {
      "value": {
        "locations": "dev-logistics-locations",
        "notifications": "dev-logistics-notifications",
        "pedido_ofertas": "dev-logistics-pedido-ofertas",
        "pedidos": "dev-logistics-pedidos",
        "users": "dev-logistics-users",
        "websocket_connections": "dev-logistics-websocket-connections"
      },
      "type": [
        "object",
        {
          "locations": "string",
          "notifications": "string",
          "pedido_ofertas": "string",
          "pedidos": "string",
          "users": "string",
          "websocket_connections": "string"
        }
      ]
    },
    "lambda_functions": {
      "value": {
        "auth": "dev_logistics_auth",
        "notificacoes": "dev_logistics_notificacoes",
        "pedidos": "dev_logistics_pedidos",
        "rastreamento": "dev_logistics_rastreamento",
        "smart_routing": "dev_logistics_smart-routing",
        "usuarios": "dev_logistics_usuarios",
        "websocket": "dev_logistics_websocket"
      },
      "type": [
        "object",
        {
          "auth": "string",
          "notificacoes": "string",
          "pedidos": "string",
          "rastreamento": "string",
          "smart_routing": "string",
          "usuarios": "string",
          "websocket": "string"
        }
      ]
    },
    "sns_topics": {
      "value": {
        "general": "arn:aws:sns:us-east-1:176343551411:dev_logistics_notifications-general",
        "premium": "arn:aws:sns:us-east-1:176343551411:dev_logistics_notifications-premium",
        "regional": "arn:aws:sns:us-east-1:176343551411:dev_logistics_notifications-regional"
      },
      "type": [
        "object",
        {
          "general": "string",
          "premium": "string",
          "regional": "string"
        }
      ]
    },
    "sqs_queue_url": {
      "value": "https://sqs.us-east-1.amazonaws.com/176343551411/dev-logistics-events-fifo-queue.fifo",
      "type": "string"
    },
    "websocket_api_id": {
      "value": "0qbhkr4ayj",
      "type": "string"
    },
    "websocket_api_url": {
      "value": "wss://0qbhkr4ayj.execute-api.us-east-1.amazonaws.com/prod",
      "type": "string"
    }
  },
  "resources": [
    {
      "mode": "managed",
      "type": "aws_apigatewayv2_api",
      "name": "websocket_api",
      "provider": "provider[\"registry.terraform.io/hashicorp/aws\"]",
      "instances": [
        {
          "schema_version": 0,
          "attributes": {
            "api_endpoint": "wss://0qbhkr4ayj.execute-api.us-east-1.amazonaws.com",
            "api_key_selection_expression": "$request.header.x-api-key",
            "arn": "arn:aws:apigateway:us-east-1::/apis/0qbhkr4ayj",
            "body": null,
            "cors_configuration": [],
            "credentials_arn": null,
            "description": "",
            "disable_execute_api_endpoint": false,
            "execution_arn": "arn:aws:execute-api:us-east-1:176343551411:0qbhkr4ayj",
            "fail_on_warnings": null,
            "id": "0qbhkr4ayj",
            "ip_address_type": "ipv4",
            "name": "dev-logistics-websocket",
            "protocol_type": "WEBSOCKET",
            "region": "us-east-1",
            "route_key": null,
            "route_selection_expression": "$request.body.action",
            "tags": {
              "Environment": "dev",
              "ManagedBy": "terraform",
              "Project": "logistics"
            },
            "tags_all": {
              "Environment": "dev",
              "ManagedBy": "terraform",
              "Project": "logistics"
            },
            "target": null,
            "version": ""
          },
          "sensitive_attributes": [],
          "identity_schema_version": 0,
          "private": "bnVsbA==",
          "create_before_destroy": true
        }
      ]
    },
    {
      "mode": "managed",
      "type": "aws_apigatewayv2_integration",
      "name": "websocket_connect_integration",
      "provider": "provider[\"registry.terraform.io/hashicorp/aws\"]",
      "instances": [
        {
          "schema_version": 0,
          "attributes": {
            "api_id": "0qbhkr4ayj",
            "connection_id": "",
            "connection_type": "INTERNET",
            "content_handling_strategy": "",
            "credentials_arn": "",
            "description": "",
            "id": "lcvc88g",
            "integration_method": "POST",
            "integration_response_selection_expression": "",
            "integration_subtype": "",
            "integration_type": "AWS_PROXY",
            "integration_uri": "arn:aws:lambda:us-east-1:176343551411:function:dev_logistics_websocket",
            "passthrough_behavior": "WHEN_NO_MATCH",
            "payload_format_version": "1.0",
            "region": "us-east-1",
            "request_parameters": {},
            "request_templates": {},
            "response_parameters": [],
            "template_selection_expression": "",
            "timeout_milliseconds": 29000,
            "tls_config": []
          },
          "sensitive_attributes": [],
          "identity_schema_version": 0,
          "private": "bnVsbA==",
          "dependencies": [
            "aws_apigatewayv2_api.websocket_api",
            "module.websocket_connections_table.aws_dynamodb_table.this",
            "module.websocket_lambda.aws_iam_role.lambda_role",
            "module.websocket_lambda.aws_lambda_function.lambda",
            "module.websocket_lambda.data.aws_caller_identity.current",
            "module.websocket_lambda.data.aws_iam_policy_document.policy_doc",
            "module.websocket_lambda.module.repo_ecr_lambda.aws_ecr_repository.this",
            "module.websocket_lambda.null_resource.run_script"
          ]
        }
      ]
    },
    {
      "mode": "managed",
      "type": "aws_apigatewayv2_integration",
      "name": "websocket_disconnect_integration",
      "provider": "provider[\"registry.terraform.io/hashicorp/aws\"]",
      "instances": [
        {
          "schema_version": 0,
          "attributes": {
            "api_id": "0qbhkr4ayj",
            "connection_id": "",
            "connection_type": "INTERNET",
            "content_handling_strategy": "",
            "credentials_arn": "",
            "description": "",
            "id": "k0l2yxh",
            "integration_method": "POST",
            "integration_response_selection_expression": "",
            "integration_subtype": "",
            "integration_type": "AWS_PROXY",
            "integration_uri": "arn:aws:lambda:us-east-1:176343551411:function:dev_logistics_websocket",
            "passthrough_behavior": "WHEN_NO_MATCH",
            "payload_format_version": "1.0",
            "region": "us-east-1",
            "request_parameters": {},
            "request_templates": {},
            "response_parameters": [],
            "template_selection_expression": "",
            "timeout_milliseconds": 29000,
            "tls_config": []
          },
          "sensitive_attributes": [],
          "identity_schema_version": 0,
          "private": "bnVsbA==",
          "dependencies": [
            "aws_apigatewayv2_api.websocket_api",
            "module.websocket_connections_table.aws_dynamodb_table.this",
            "module.websocket_lambda.aws_iam_role.lambda_role",
            "module.websocket_lambda.aws_lambda_function.lambda",
            "module.websocket_lambda.data.aws_caller_identity.current",
            "module.websocket_lambda.data.aws_iam_policy_document.policy_doc",
            "module.websocket_lambda.module.repo_ecr_lambda.aws_ecr_repository.this",
            "module.websocket_lambda.null_resource.run_script"
          ]
        }
      ]
    },
    {
      "mode": "managed",
      "type": "aws_apigatewayv2_integration",
      "name": "websocket_message_integration",
      "provider": "provider[\"registry.terraform.io/hashicorp/aws\"]",
      "instances": [
        {
          "schema_version": 0,
          "attributes": {
            "api_id": "0qbhkr4ayj",
            "connection_id": "",
            "connection_type": "INTERNET",
            "content_handling_strategy": "",
            "credentials_arn": "",
            "description": "",
            "id": "qdajylp",
            "integration_method": "POST",
            "integration_response_selection_expression": "",
            "integration_subtype": "",
            "integration_type": "AWS_PROXY",
            "integration_uri": "arn:aws:lambda:us-east-1:176343551411:function:dev_logistics_websocket",
            "passthrough_behavior": "WHEN_NO_MATCH",
            "payload_format_version": "1.0",
            "region": "us-east-1",
            "request_parameters": {},
            "request_templates": {},
            "response_parameters": [],
            "template_selection_expression": "",
            "timeout_milliseconds": 29000,
            "tls_config": []
          },
          "sensitive_attributes": [],
          "identity_schema_version": 0,
          "private": "bnVsbA==",
          "dependencies": [
            "aws_apigatewayv2_api.websocket_api",
            "module.websocket_connections_table.aws_dynamodb_table.this",
            "module.websocket_lambda.aws_iam_role.lambda_role",
            "module.websocket_lambda.aws_lambda_function.lambda",
            "module.websocket_lambda.data.aws_caller_identity.current",
            "module.websocket_lambda.data.aws_iam_policy_document.policy_doc",
            "module.websocket_lambda.module.repo_ecr_lambda.aws_ecr_repository.this",
            "module.websocket_lambda.null_resource.run_script"
          ]
        }
      ]
    },
    {
      "mode": "managed",
      "type": "aws_apigatewayv2_route",
      "name": "websocket_connect",
      "provider": "provider[\"registry.terraform.io/hashicorp/aws\"]",
      "instances": [
        {
          "schema_version": 0,
          "attributes": {
            "api_id": "0qbhkr4ayj",
            "api_key_required": false,
            "authorization_scopes": [],
            "authorization_type": "NONE",
            "authorizer_id": "",
            "id": "8g36w9b",
            "model_selection_expression": "",
            "operation_name": "",
            "region": "us-east-1",
            "request_models": {},
            "request_parameter": [],
            "route_key": "$connect",
            "route_response_selection_expression": "",
            "target": "integrations/lcvc88g"
          },
          "sensitive_attributes": [],
          "identity_schema_version": 0,
          "private": "bnVsbA==",
          "dependencies": [
            "aws_apigatewayv2_api.websocket_api",
            "aws_apigatewayv2_integration.websocket_connect_integration",
            "module.websocket_connections_table.aws_dynamodb_table.this",
            "module.websocket_lambda.aws_iam_role.lambda_role",
            "module.websocket_lambda.aws_lambda_function.lambda",
            "module.websocket_lambda.data.aws_caller_identity.current",
            "module.websocket_lambda.data.aws_iam_policy_document.policy_doc",
            "module.websocket_lambda.module.repo_ecr_lambda.aws_ecr_repository.this",
            "module.websocket_lambda.null_resource.run_script"
          ]
        }
      ]
    },
    {
      "mode": "managed",
      "type": "aws_apigatewayv2_route",
      "name": "websocket_disconnect",
      "provider": "provider[\"registry.terraform.io/hashicorp/aws\"]",
      "instances": [
        {
          "schema_version": 0,
          "attributes": {
            "api_id": "0qbhkr4ayj",
            "api_key_required": false,
            "authorization_scopes": [],
            "authorization_type": "NONE",
            "authorizer_id": "",
            "id": "rpcn5zj",
            "model_selection_expression": "",
            "operation_name": "",
            "region": "us-east-1",
            "request_models": {},
            "request_parameter": [],
            "route_key": "$disconnect",
            "route_response_selection_expression": "",
            "target": "integrations/k0l2yxh"
          },
          "sensitive_attributes": [],
          "identity_schema_version": 0,
          "private": "bnVsbA==",
          "dependencies": [
            "aws_apigatewayv2_api.websocket_api",
            "aws_apigatewayv2_integration.websocket_disconnect_integration",
            "module.websocket_connections_table.aws_dynamodb_table.this",
            "module.websocket_lambda.aws_iam_role.lambda_role",
            "module.websocket_lambda.aws_lambda_function.lambda",
            "module.websocket_lambda.data.aws_caller_identity.current",
            "module.websocket_lambda.data.aws_iam_policy_document.policy_doc",
            "module.websocket_lambda.module.repo_ecr_lambda.aws_ecr_repository.this",
            "module.websocket_lambda.null_resource.run_script"
          ]
        }
      ]
    },
    {
      "mode": "managed",
      "type": "aws_apigatewayv2_route",
      "name": "websocket_message",
      "provider": "provider[\"registry.terraform.io/hashicorp/aws\"]",
      "instances": [
        {
          "schema_version": 0,
          "attributes": {
            "api_id": "0qbhkr4ayj",
            "api_key_required": false,
            "authorization_scopes": [],
            "authorization_type": "NONE",
            "authorizer_id": "",
            "id": "diwgfyr",
            "model_selection_expression": "",
            "operation_name": "",
            "region": "us-east-1",
            "request_models": {},
            "request_parameter": [],
            "route_key": "sendMessage",
            "route_response_selection_expression": "",
            "target": "integrations/qdajylp"
          },
          "sensitive_attributes": [],
          "identity_schema_version": 0,
          "private": "bnVsbA==",
          "dependencies": [
            "aws_apigatewayv2_api.websocket_api",
            "aws_apigatewayv2_integration.websocket_message_integration",
            "module.websocket_connections_table.aws_dynamodb_table.this",
            "module.websocket_lambda.aws_iam_role.lambda_role",
            "module.websocket_lambda.aws_lambda_function.lambda",
            "module.websocket_lambda.data.aws_caller_identity.current",
            "module.websocket_lambda.data.aws_iam_policy_document.policy_doc",
            "module.websocket_lambda.module.repo_ecr_lambda.aws_ecr_repository.this",
            "module.websocket_lambda.null_resource.run_script"
          ]
        }
      ]
    },
    {
      "mode": "managed",
      "type": "aws_apigatewayv2_stage",
      "name": "websocket_stage",
      "provider": "provider[\"registry.terraform.io/hashicorp/aws\"]",
      "instances": [
        {
          "schema_version": 0,
          "attributes": {
            "access_log_settings": [],
            "api_id": "0qbhkr4ayj",
            "arn": "arn:aws:apigateway:us-east-1::/apis/0qbhkr4ayj/stages/prod",
            "auto_deploy": true,
            "client_certificate_id": "",
            "default_route_settings": [
              {
                "data_trace_enabled": false,
                "detailed_metrics_enabled": false,
                "logging_level": "OFF",
                "throttling_burst_limit": 0,
                "throttling_rate_limit": 0
              }
            ],
            "deployment_id": "9tx2sh",
            "description": "",
            "execution_arn": "arn:aws:execute-api:us-east-1:176343551411:0qbhkr4ayj/prod",
            "id": "prod",
            "invoke_url": "wss://0qbhkr4ayj.execute-api.us-east-1.amazonaws.com/prod",
            "name": "prod",
            "region": "us-east-1",
            "route_settings": [],
            "stage_variables": {},
            "tags": {
              "Environment": "dev",
              "ManagedBy": "terraform",
              "Project": "logistics"
            },
            "tags_all": {
              "Environment": "dev",
              "ManagedBy": "terraform",
              "Project": "logistics"
            }
          },
          "sensitive_attributes": [],
          "identity_schema_version": 0,
          "private": "bnVsbA==",
          "dependencies": [
            "aws_apigatewayv2_api.websocket_api"
          ]
        }
      ]
    },
    {
      "mode": "managed",
      "type": "aws_lambda_event_source_mapping",
      "name": "notifications_sqs_trigger",
      "provider": "provider[\"registry.terraform.io/hashicorp/aws\"]",
      "instances": [
        {
          "schema_version": 0,
          "attributes": {
            "amazon_managed_kafka_event_source_config": [],
            "arn": "arn:aws:lambda:us-east-1:176343551411:event-source-mapping:02d5761f-fcad-4fbe-8ead-c5948f4c512e",
            "batch_size": 10,
            "bisect_batch_on_function_error": false,
            "destination_config": [],
            "document_db_event_source_config": [],
            "enabled": true,
            "event_source_arn": "arn:aws:sqs:us-east-1:176343551411:dev-logistics-events-fifo-queue.fifo",
            "filter_criteria": [],
            "function_arn": "arn:aws:lambda:us-east-1:176343551411:function:dev_logistics_notificacoes",
            "function_name": "arn:aws:lambda:us-east-1:176343551411:function:dev_logistics_notificacoes",
            "function_response_types": [],
            "id": "02d5761f-fcad-4fbe-8ead-c5948f4c512e",
            "kms_key_arn": "",
            "last_modified": "2025-06-22T03:04:59Z",
            "last_processing_result": "",
            "maximum_batching_window_in_seconds": 0,
            "maximum_record_age_in_seconds": 0,
            "maximum_retry_attempts": 0,
            "metrics_config": [],
            "parallelization_factor": 0,
            "provisioned_poller_config": [],
            "queues": [],
            "region": "us-east-1",
            "scaling_config": [],
            "self_managed_event_source": [],
            "self_managed_kafka_event_source_config": [],
            "source_access_configuration": [],
            "starting_position": "",
            "starting_position_timestamp": "",
            "state": "Enabled",
            "state_transition_reason": "USER_INITIATED",
            "tags": {},
            "tags_all": {},
            "topics": [],
            "tumbling_window_in_seconds": 0,
            "uuid": "02d5761f-fcad-4fbe-8ead-c5948f4c512e"
          },
          "sensitive_attributes": [],
          "identity_schema_version": 0,
          "private": "bnVsbA==",
          "dependencies": [
            "aws_apigatewayv2_api.websocket_api",
            "module.events_queue.aws_sqs_queue.dead_letter_fifo_queue",
            "module.events_queue.aws_sqs_queue.fifo_queue",
            "module.notificacoes_lambda.aws_iam_role.lambda_role",
            "module.notificacoes_lambda.aws_iam_role_policy_attachment.lambda_custom_policy",
            "module.notificacoes_lambda.aws_iam_role_policy_attachment.policy_cloudwatch",
            "module.notificacoes_lambda.aws_lambda_function.lambda",
            "module.notificacoes_lambda.aws_lambda_function_event_invoke_config.retry",
            "module.notificacoes_lambda.data.aws_caller_identity.current",
            "module.notificacoes_lambda.data.aws_iam_policy_document.policy_doc",
            "module.notificacoes_lambda.module.repo_ecr_lambda.aws_ecr_lifecycle_policy.delete",
            "module.notificacoes_lambda.module.repo_ecr_lambda.aws_ecr_repository.this",
            "module.notificacoes_lambda.module.repo_ecr_lambda.data.aws_caller_identity.current",
            "module.notificacoes_lambda.module.repo_ecr_lambda.null_resource.run_script",
            "module.notificacoes_lambda.null_resource.run_script",
            "module.notificacoes_lambda.null_resource.update",
            "module.notifications_general_topic.aws_sns_topic.this",
            "module.notifications_premium_topic.aws_sns_topic.this",
            "module.notifications_regional_topic.aws_sns_topic.this",
            "module.notifications_table.aws_dynamodb_table.this",
            "module.users_table.aws_dynamodb_table.this",
            "module.websocket_connections_table.aws_dynamodb_table.this",
            "module.websocket_lambda.aws_iam_role.lambda_role",
            "module.websocket_lambda.aws_lambda_function.lambda",
            "module.websocket_lambda.data.aws_caller_identity.current",
            "module.websocket_lambda.data.aws_iam_policy_document.policy_doc",
            "module.websocket_lambda.module.repo_ecr_lambda.aws_ecr_repository.this",
            "module.websocket_lambda.null_resource.run_script"
          ]
        }
      ]
    },
    {
      "mode": "managed",
      "type": "aws_lambda_event_source_mapping",
      "name": "smart_routing_sqs_trigger",
      "provider": "provider[\"registry.terraform.io/hashicorp/aws\"]",
      "instances": [
        {
          "schema_version": 0,
          "attributes": {
            "amazon_managed_kafka_event_source_config": [],
            "arn": "arn:aws:lambda:us-east-1:176343551411:event-source-mapping:f8e3bbca-0351-45aa-824d-3adddb254a00",
            "batch_size": 5,
            "bisect_batch_on_function_error": false,
            "destination_config": [],
            "document_db_event_source_config": [],
            "enabled": true,
            "event_source_arn": "arn:aws:sqs:us-east-1:176343551411:dev-logistics-events-fifo-queue.fifo",
            "filter_criteria": [],
            "function_arn": "arn:aws:lambda:us-east-1:176343551411:function:dev_logistics_smart-routing",
            "function_name": "arn:aws:lambda:us-east-1:176343551411:function:dev_logistics_smart-routing",
            "function_response_types": [],
            "id": "f8e3bbca-0351-45aa-824d-3adddb254a00",
            "kms_key_arn": "",
            "last_modified": "2025-06-22T03:05:17Z",
            "last_processing_result": "",
            "maximum_batching_window_in_seconds": 0,
            "maximum_record_age_in_seconds": 0,
            "maximum_retry_attempts": 0,
            "metrics_config": [],
            "parallelization_factor": 0,
            "provisioned_poller_config": [],
            "queues": [],
            "region": "us-east-1",
            "scaling_config": [],
            "self_managed_event_source": [],
            "self_managed_kafka_event_source_config": [],
            "source_access_configuration": [],
            "starting_position": "",
            "starting_position_timestamp": "",
            "state": "Enabled",
            "state_transition_reason": "USER_INITIATED",
            "tags": {},
            "tags_all": {},
            "topics": [],
            "tumbling_window_in_seconds": 0,
            "uuid": "f8e3bbca-0351-45aa-824d-3adddb254a00"
          },
          "sensitive_attributes": [],
          "identity_schema_version": 0,
          "private": "bnVsbA==",
          "dependencies": [
            "aws_apigatewayv2_api.websocket_api",
            "module.events_queue.aws_sqs_queue.dead_letter_fifo_queue",
            "module.events_queue.aws_sqs_queue.fifo_queue",
            "module.notificacoes_lambda.aws_iam_role.lambda_role",
            "module.notificacoes_lambda.aws_lambda_function.lambda",
            "module.notificacoes_lambda.data.aws_caller_identity.current",
            "module.notificacoes_lambda.data.aws_iam_policy_document.policy_doc",
            "module.notificacoes_lambda.module.repo_ecr_lambda.aws_ecr_repository.this",
            "module.notificacoes_lambda.null_resource.run_script",
            "module.notifications_general_topic.aws_sns_topic.this",
            "module.notifications_premium_topic.aws_sns_topic.this",
            "module.notifications_regional_topic.aws_sns_topic.this",
            "module.notifications_table.aws_dynamodb_table.this",
            "module.pedido_ofertas_table.aws_dynamodb_table.this",
            "module.pedidos_table.aws_dynamodb_table.this",
            "module.smart_routing_lambda.aws_iam_role.lambda_role",
            "module.smart_routing_lambda.aws_iam_role_policy_attachment.lambda_custom_policy",
            "module.smart_routing_lambda.aws_iam_role_policy_attachment.policy_cloudwatch",
            "module.smart_routing_lambda.aws_lambda_function.lambda",
            "module.smart_routing_lambda.aws_lambda_function_event_invoke_config.retry",
            "module.smart_routing_lambda.data.aws_caller_identity.current",
            "module.smart_routing_lambda.data.aws_iam_policy_document.policy_doc",
            "module.smart_routing_lambda.module.repo_ecr_lambda.aws_ecr_lifecycle_policy.delete",
            "module.smart_routing_lambda.module.repo_ecr_lambda.aws_ecr_repository.this",
            "module.smart_routing_lambda.module.repo_ecr_lambda.data.aws_caller_identity.current",
            "module.smart_routing_lambda.module.repo_ecr_lambda.null_resource.run_script",
            "module.smart_routing_lambda.null_resource.run_script",
            "module.smart_routing_lambda.null_resource.update",
            "module.users_table.aws_dynamodb_table.this",
            "module.websocket_connections_table.aws_dynamodb_table.this",
            "module.websocket_lambda.aws_iam_role.lambda_role",
            "module.websocket_lambda.aws_lambda_function.lambda",
            "module.websocket_lambda.data.aws_caller_identity.current",
            "module.websocket_lambda.data.aws_iam_policy_document.policy_doc",
            "module.websocket_lambda.module.repo_ecr_lambda.aws_ecr_repository.this",
            "module.websocket_lambda.null_resource.run_script"
          ]
        }
      ]
    },
    {
      "mode": "managed",
      "type": "aws_lambda_permission",
      "name": "auth_lambda_permission",
      "provider": "provider[\"registry.terraform.io/hashicorp/aws\"]",
      "instances": [
        {
          "schema_version": 0,
          "attributes": {
            "action": "lambda:InvokeFunction",
            "event_source_token": null,
            "function_name": "dev_logistics_auth",
            "function_url_auth_type": null,
            "id": "AllowExecutionFromAPIGateway",
            "principal": "apigateway.amazonaws.com",
            "principal_org_id": null,
            "qualifier": "",
            "region": "us-east-1",
            "source_account": null,
            "source_arn": "arn:aws:execute-api:us-east-1:176343551411:tntpd380l5/*/*",
            "statement_id": "AllowExecutionFromAPIGateway",
            "statement_id_prefix": ""
          },
          "sensitive_attributes": [],
          "identity_schema_version": 0,
          "private": "bnVsbA==",
          "dependencies": [
            "module.api_gateway.aws_api_gateway_rest_api.rest_api",
            "module.auth_lambda.aws_iam_role.lambda_role",
            "module.auth_lambda.aws_lambda_function.lambda",
            "module.auth_lambda.data.aws_caller_identity.current",
            "module.auth_lambda.data.aws_iam_policy_document.policy_doc",
            "module.auth_lambda.module.repo_ecr_lambda.aws_ecr_repository.this",
            "module.auth_lambda.null_resource.run_script",
            "module.users_table.aws_dynamodb_table.this"
          ]
        }
      ]
    },
    {
      "mode": "managed",
      "type": "aws_lambda_permission",
      "name": "notificacoes_lambda_permission",
      "provider": "provider[\"registry.terraform.io/hashicorp/aws\"]",
      "instances": [
        {
          "schema_version": 0,
          "attributes": {
            "action": "lambda:InvokeFunction",
            "event_source_token": null,
            "function_name": "dev_logistics_notificacoes",
            "function_url_auth_type": null,
            "id": "AllowExecutionFromAPIGateway",
            "principal": "apigateway.amazonaws.com",
            "principal_org_id": null,
            "qualifier": "",
            "region": "us-east-1",
            "source_account": null,
            "source_arn": "arn:aws:execute-api:us-east-1:176343551411:tntpd380l5/*/*",
            "statement_id": "AllowExecutionFromAPIGateway",
            "statement_id_prefix": ""
          },
          "sensitive_attributes": [],
          "identity_schema_version": 0,
          "private": "bnVsbA==",
          "dependencies": [
            "aws_apigatewayv2_api.websocket_api",
            "module.api_gateway.aws_api_gateway_rest_api.rest_api",
            "module.events_queue.aws_sqs_queue.dead_letter_fifo_queue",
            "module.events_queue.aws_sqs_queue.fifo_queue",
            "module.notificacoes_lambda.aws_iam_role.lambda_role",
            "module.notificacoes_lambda.aws_lambda_function.lambda",
            "module.notificacoes_lambda.data.aws_caller_identity.current",
            "module.notificacoes_lambda.data.aws_iam_policy_document.policy_doc",
            "module.notificacoes_lambda.module.repo_ecr_lambda.aws_ecr_repository.this",
            "module.notificacoes_lambda.null_resource.run_script",
            "module.notifications_general_topic.aws_sns_topic.this",
            "module.notifications_premium_topic.aws_sns_topic.this",
            "module.notifications_regional_topic.aws_sns_topic.this",
            "module.notifications_table.aws_dynamodb_table.this",
            "module.users_table.aws_dynamodb_table.this",
            "module.websocket_connections_table.aws_dynamodb_table.this",
            "module.websocket_lambda.aws_iam_role.lambda_role",
            "module.websocket_lambda.aws_lambda_function.lambda",
            "module.websocket_lambda.data.aws_caller_identity.current",
            "module.websocket_lambda.data.aws_iam_policy_document.policy_doc",
            "module.websocket_lambda.module.repo_ecr_lambda.aws_ecr_repository.this",
            "module.websocket_lambda.null_resource.run_script"
          ]
        }
      ]
    },
    {
      "mode": "managed",
      "type": "aws_lambda_permission",
      "name": "pedidos_lambda_permission",
      "provider": "provider[\"registry.terraform.io/hashicorp/aws\"]",
      "instances": [
        {
          "schema_version": 0,
          "attributes": {
            "action": "lambda:InvokeFunction",
            "event_source_token": null,
            "function_name": "dev_logistics_pedidos",
            "function_url_auth_type": null,
            "id": "AllowExecutionFromAPIGateway",
            "principal": "apigateway.amazonaws.com",
            "principal_org_id": null,
            "qualifier": "",
            "region": "us-east-1",
            "source_account": null,
            "source_arn": "arn:aws:execute-api:us-east-1:176343551411:tntpd380l5/*/*",
            "statement_id": "AllowExecutionFromAPIGateway",
            "statement_id_prefix": ""
          },
          "sensitive_attributes": [],
          "identity_schema_version": 0,
          "private": "bnVsbA==",
          "dependencies": [
            "module.api_gateway.aws_api_gateway_rest_api.rest_api",
            "module.events_queue.aws_sqs_queue.dead_letter_fifo_queue",
            "module.events_queue.aws_sqs_queue.fifo_queue",
            "module.pedidos_lambda.aws_iam_role.lambda_role",
            "module.pedidos_lambda.aws_lambda_function.lambda",
            "module.pedidos_lambda.data.aws_caller_identity.current",
            "module.pedidos_lambda.data.aws_iam_policy_document.policy_doc",
            "module.pedidos_lambda.module.repo_ecr_lambda.aws_ecr_repository.this",
            "module.pedidos_lambda.null_resource.run_script",
            "module.pedidos_table.aws_dynamodb_table.this"
          ]
        }
      ]
    },
    {
      "mode": "managed",
      "type": "aws_lambda_permission",
      "name": "rastreamento_lambda_permission",
      "provider": "provider[\"registry.terraform.io/hashicorp/aws\"]",
      "instances": [
        {
          "schema_version": 0,
          "attributes": {
            "action": "lambda:InvokeFunction",
            "event_source_token": null,
            "function_name": "dev_logistics_rastreamento",
            "function_url_auth_type": null,
            "id": "AllowExecutionFromAPIGateway",
            "principal": "apigateway.amazonaws.com",
            "principal_org_id": null,
            "qualifier": "",
            "region": "us-east-1",
            "source_account": null,
            "source_arn": "arn:aws:execute-api:us-east-1:176343551411:tntpd380l5/*/*",
            "statement_id": "AllowExecutionFromAPIGateway",
            "statement_id_prefix": ""
          },
          "sensitive_attributes": [],
          "identity_schema_version": 0,
          "private": "bnVsbA==",
          "dependencies": [
            "module.api_gateway.aws_api_gateway_rest_api.rest_api",
            "module.events_queue.aws_sqs_queue.dead_letter_fifo_queue",
            "module.events_queue.aws_sqs_queue.fifo_queue",
            "module.locations_table.aws_dynamodb_table.this",
            "module.pedidos_table.aws_dynamodb_table.this",
            "module.rastreamento_lambda.aws_iam_role.lambda_role",
            "module.rastreamento_lambda.aws_lambda_function.lambda",
            "module.rastreamento_lambda.data.aws_caller_identity.current",
            "module.rastreamento_lambda.data.aws_iam_policy_document.policy_doc",
            "module.rastreamento_lambda.module.repo_ecr_lambda.aws_ecr_repository.this",
            "module.rastreamento_lambda.null_resource.run_script"
          ]
        }
      ]
    },
    {
      "mode": "managed",
      "type": "aws_lambda_permission",
      "name": "smart_routing_lambda_permission",
      "provider": "provider[\"registry.terraform.io/hashicorp/aws\"]",
      "instances": [
        {
          "schema_version": 0,
          "attributes": {
            "action": "lambda:InvokeFunction",
            "event_source_token": null,
            "function_name": "dev_logistics_smart-routing",
            "function_url_auth_type": null,
            "id": "AllowExecutionFromAPIGateway",
            "principal": "apigateway.amazonaws.com",
            "principal_org_id": null,
            "qualifier": "",
            "region": "us-east-1",
            "source_account": null,
            "source_arn": "arn:aws:execute-api:us-east-1:176343551411:tntpd380l5/*/*",
            "statement_id": "AllowExecutionFromAPIGateway",
            "statement_id_prefix": ""
          },
          "sensitive_attributes": [],
          "identity_schema_version": 0,
          "private": "bnVsbA==",
          "dependencies": [
            "aws_apigatewayv2_api.websocket_api",
            "module.api_gateway.aws_api_gateway_rest_api.rest_api",
            "module.events_queue.aws_sqs_queue.dead_letter_fifo_queue",
            "module.events_queue.aws_sqs_queue.fifo_queue",
            "module.notificacoes_lambda.aws_iam_role.lambda_role",
            "module.notificacoes_lambda.aws_lambda_function.lambda",
            "module.notificacoes_lambda.data.aws_caller_identity.current",
            "module.notificacoes_lambda.data.aws_iam_policy_document.policy_doc",
            "module.notificacoes_lambda.module.repo_ecr_lambda.aws_ecr_repository.this",
            "module.notificacoes_lambda.null_resource.run_script",
            "module.notifications_general_topic.aws_sns_topic.this",
            "module.notifications_premium_topic.aws_sns_topic.this",
            "module.notifications_regional_topic.aws_sns_topic.this",
            "module.notifications_table.aws_dynamodb_table.this",
            "module.pedido_ofertas_table.aws_dynamodb_table.this",
            "module.pedidos_table.aws_dynamodb_table.this",
            "module.smart_routing_lambda.aws_iam_role.lambda_role",
            "module.smart_routing_lambda.aws_lambda_function.lambda",
            "module.smart_routing_lambda.data.aws_caller_identity.current",
            "module.smart_routing_lambda.data.aws_iam_policy_document.policy_doc",
            "module.smart_routing_lambda.module.repo_ecr_lambda.aws_ecr_repository.this",
            "module.smart_routing_lambda.null_resource.run_script",
            "module.users_table.aws_dynamodb_table.this",
            "module.websocket_connections_table.aws_dynamodb_table.this",
            "module.websocket_lambda.aws_iam_role.lambda_role",
            "module.websocket_lambda.aws_lambda_function.lambda",
            "module.websocket_lambda.data.aws_caller_identity.current",
            "module.websocket_lambda.data.aws_iam_policy_document.policy_doc",
            "module.websocket_lambda.module.repo_ecr_lambda.aws_ecr_repository.this",
            "module.websocket_lambda.null_resource.run_script"
          ]
        }
      ]
    },
    {
      "mode": "managed",
      "type": "aws_lambda_permission",
      "name": "usuarios_lambda_permission",
      "provider": "provider[\"registry.terraform.io/hashicorp/aws\"]",
      "instances": [
        {
          "schema_version": 0,
          "attributes": {
            "action": "lambda:InvokeFunction",
            "event_source_token": null,
            "function_name": "dev_logistics_usuarios",
            "function_url_auth_type": null,
            "id": "AllowExecutionFromAPIGateway",
            "principal": "apigateway.amazonaws.com",
            "principal_org_id": null,
            "qualifier": "",
            "region": "us-east-1",
            "source_account": null,
            "source_arn": "arn:aws:execute-api:us-east-1:176343551411:tntpd380l5/*/*",
            "statement_id": "AllowExecutionFromAPIGateway",
            "statement_id_prefix": ""
          },
          "sensitive_attributes": [],
          "identity_schema_version": 0,
          "private": "bnVsbA==",
          "dependencies": [
            "module.api_gateway.aws_api_gateway_rest_api.rest_api",
            "module.users_table.aws_dynamodb_table.this",
            "module.usuarios_lambda.aws_iam_role.lambda_role",
            "module.usuarios_lambda.aws_lambda_function.lambda",
            "module.usuarios_lambda.data.aws_caller_identity.current",
            "module.usuarios_lambda.data.aws_iam_policy_document.policy_doc",
            "module.usuarios_lambda.module.repo_ecr_lambda.aws_ecr_repository.this",
            "module.usuarios_lambda.null_resource.run_script"
          ]
        }
      ]
    },
    {
      "mode": "managed",
      "type": "aws_lambda_permission",
      "name": "websocket_lambda_permission",
      "provider": "provider[\"registry.terraform.io/hashicorp/aws\"]",
      "instances": [
        {
          "schema_version": 0,
          "attributes": {
            "action": "lambda:InvokeFunction",
            "event_source_token": null,
            "function_name": "dev_logistics_websocket",
            "function_url_auth_type": null,
            "id": "AllowExecutionFromAPIGateway",
            "principal": "apigateway.amazonaws.com",
            "principal_org_id": null,
            "qualifier": "",
            "region": "us-east-1",
            "source_account": null,
            "source_arn": "arn:aws:execute-api:us-east-1:176343551411:0qbhkr4ayj/*/*",
            "statement_id": "AllowExecutionFromAPIGateway",
            "statement_id_prefix": ""
          },
          "sensitive_attributes": [],
          "identity_schema_version": 0,
          "private": "bnVsbA==",
          "dependencies": [
            "aws_apigatewayv2_api.websocket_api",
            "module.websocket_connections_table.aws_dynamodb_table.this",
            "module.websocket_lambda.aws_iam_role.lambda_role",
            "module.websocket_lambda.aws_lambda_function.lambda",
            "module.websocket_lambda.data.aws_caller_identity.current",
            "module.websocket_lambda.data.aws_iam_policy_document.policy_doc",
            "module.websocket_lambda.module.repo_ecr_lambda.aws_ecr_repository.this",
            "module.websocket_lambda.null_resource.run_script"
          ]
        }
      ]
    },
    {
      "module": "module.api_gateway",
      "mode": "managed",
      "type": "aws_api_gateway_deployment",
      "name": "rest_deployment",
      "provider": "provider[\"registry.terraform.io/hashicorp/aws\"]",
      "instances": [
        {
          "index_key": 0,
          "schema_version": 0,
          "attributes": {
            "created_date": "2025-06-22T04:02:28Z",
            "description": "",
            "id": "6b6axa",
            "region": "us-east-1",
            "rest_api_id": "tntpd380l5",
            "triggers": {
              "redeployment": "d5b012f07ec70ffad8ecf3cb9989ff0ac6cc0d06"
            },
            "variables": null
          },
          "sensitive_attributes": [],
          "identity_schema_version": 0,
          "private": "bnVsbA==",
          "dependencies": [
            "aws_apigatewayv2_api.websocket_api",
            "module.api_gateway.aws_api_gateway_authorizer.cognito_authorizer",
            "module.api_gateway.aws_api_gateway_integration.rest_endpoint_integrations",
            "module.api_gateway.aws_api_gateway_integration_response.rest_endpoint_integration_responses",
            "module.api_gateway.aws_api_gateway_method.rest_endpoint_methods",
            "module.api_gateway.aws_api_gateway_method_response.rest_endpoint_method_responses",
            "module.api_gateway.aws_api_gateway_resource.base_resources",
            "module.api_gateway.aws_api_gateway_resource.main_resource",
            "module.api_gateway.aws_api_gateway_resource.variable_resources",
            "module.api_gateway.aws_api_gateway_rest_api.rest_api",
            "module.auth_lambda.aws_iam_role.lambda_role",
            "module.auth_lambda.aws_lambda_function.lambda",
            "module.auth_lambda.data.aws_caller_identity.current",
            "module.auth_lambda.data.aws_iam_policy_document.policy_doc",
            "module.auth_lambda.module.repo_ecr_lambda.aws_ecr_repository.this",
            "module.auth_lambda.null_resource.run_script",
            "module.events_queue.aws_sqs_queue.dead_letter_fifo_queue",
            "module.events_queue.aws_sqs_queue.fifo_queue",
            "module.locations_table.aws_dynamodb_table.this",
            "module.notificacoes_lambda.aws_iam_role.lambda_role",
            "module.notificacoes_lambda.aws_lambda_function.lambda",
            "module.notificacoes_lambda.data.aws_caller_identity.current",
            "module.notificacoes_lambda.data.aws_iam_policy_document.policy_doc",
            "module.notificacoes_lambda.module.repo_ecr_lambda.aws_ecr_repository.this",
            "module.notificacoes_lambda.null_resource.run_script",
            "module.notifications_general_topic.aws_sns_topic.this",
            "module.notifications_premium_topic.aws_sns_topic.this",
            "module.notifications_regional_topic.aws_sns_topic.this",
            "module.notifications_table.aws_dynamodb_table.this",
            "module.pedidos_lambda.aws_iam_role.lambda_role",
            "module.pedidos_lambda.aws_lambda_function.lambda",
            "module.pedidos_lambda.data.aws_caller_identity.current",
            "module.pedidos_lambda.data.aws_iam_policy_document.policy_doc",
            "module.pedidos_lambda.module.repo_ecr_lambda.aws_ecr_repository.this",
            "module.pedidos_lambda.null_resource.run_script",
            "module.pedidos_table.aws_dynamodb_table.this",
            "module.rastreamento_lambda.aws_iam_role.lambda_role",
            "module.rastreamento_lambda.aws_lambda_function.lambda",
            "module.rastreamento_lambda.data.aws_caller_identity.current",
            "module.rastreamento_lambda.data.aws_iam_policy_document.policy_doc",
            "module.rastreamento_lambda.module.repo_ecr_lambda.aws_ecr_repository.this",
            "module.rastreamento_lambda.null_resource.run_script",
            "module.users_table.aws_dynamodb_table.this",
            "module.usuarios_lambda.aws_iam_role.lambda_role",
            "module.usuarios_lambda.aws_lambda_function.lambda",
            "module.usuarios_lambda.data.aws_caller_identity.current",
            "module.usuarios_lambda.data.aws_iam_policy_document.policy_doc",
            "module.usuarios_lambda.module.repo_ecr_lambda.aws_ecr_repository.this",
            "module.usuarios_lambda.null_resource.run_script",
            "module.websocket_connections_table.aws_dynamodb_table.this",
            "module.websocket_lambda.aws_iam_role.lambda_role",
            "module.websocket_lambda.aws_lambda_function.lambda",
            "module.websocket_lambda.data.aws_caller_identity.current",
            "module.websocket_lambda.data.aws_iam_policy_document.policy_doc",
            "module.websocket_lambda.module.repo_ecr_lambda.aws_ecr_repository.this",
            "module.websocket_lambda.null_resource.run_script"
          ],
          "create_before_destroy": true
        }
      ]
    },
    {
      "module": "module.api_gateway",
      "mode": "managed",
      "type": "aws_api_gateway_integration",
      "name": "rest_endpoint_integrations",
      "provider": "provider[\"registry.terraform.io/hashicorp/aws\"]",
      "instances": [
        {
          "index_key": "0",
          "schema_version": 0,
          "attributes": {
            "cache_key_parameters": [],
            "cache_namespace": "ldyjiw",
            "connection_id": "",
            "connection_type": "INTERNET",
            "content_handling": "",
            "credentials": "",
            "http_method": "POST",
            "id": "agi-tntpd380l5-ldyjiw-POST",
            "integration_http_method": "POST",
            "passthrough_behavior": "WHEN_NO_TEMPLATES",
            "region": "us-east-1",
            "request_parameters": {},
            "request_templates": {},
            "resource_id": "ldyjiw",
            "rest_api_id": "tntpd380l5",
            "timeout_milliseconds": 29000,
            "tls_config": [],
            "type": "AWS_PROXY",
            "uri": "arn:aws:apigateway:us-east-1:lambda:path/2015-03-31/functions/arn:aws:lambda:us-east-1:176343551411:function:dev_logistics_auth/invocations"
          },
          "sensitive_attributes": [],
          "identity_schema_version": 0,
          "private": "bnVsbA==",
          "dependencies": [
            "aws_apigatewayv2_api.websocket_api",
            "module.api_gateway.aws_api_gateway_authorizer.cognito_authorizer",
            "module.api_gateway.aws_api_gateway_method.rest_endpoint_methods",
            "module.api_gateway.aws_api_gateway_resource.base_resources",
            "module.api_gateway.aws_api_gateway_resource.main_resource",
            "module.api_gateway.aws_api_gateway_resource.variable_resources",
            "module.api_gateway.aws_api_gateway_rest_api.rest_api",
            "module.auth_lambda.aws_iam_role.lambda_role",
            "module.auth_lambda.aws_lambda_function.lambda",
            "module.auth_lambda.data.aws_caller_identity.current",
            "module.auth_lambda.data.aws_iam_policy_document.policy_doc",
            "module.auth_lambda.module.repo_ecr_lambda.aws_ecr_repository.this",
            "module.auth_lambda.null_resource.run_script",
            "module.events_queue.aws_sqs_queue.dead_letter_fifo_queue",
            "module.events_queue.aws_sqs_queue.fifo_queue",
            "module.locations_table.aws_dynamodb_table.this",
            "module.notificacoes_lambda.aws_iam_role.lambda_role",
            "module.notificacoes_lambda.aws_lambda_function.lambda",
            "module.notificacoes_lambda.data.aws_caller_identity.current",
            "module.notificacoes_lambda.data.aws_iam_policy_document.policy_doc",
            "module.notificacoes_lambda.module.repo_ecr_lambda.aws_ecr_repository.this",
            "module.notificacoes_lambda.null_resource.run_script",
            "module.notifications_general_topic.aws_sns_topic.this",
            "module.notifications_premium_topic.aws_sns_topic.this",
            "module.notifications_regional_topic.aws_sns_topic.this",
            "module.notifications_table.aws_dynamodb_table.this",
            "module.pedidos_lambda.aws_iam_role.lambda_role",
            "module.pedidos_lambda.aws_lambda_function.lambda",
            "module.pedidos_lambda.data.aws_caller_identity.current",
            "module.pedidos_lambda.data.aws_iam_policy_document.policy_doc",
            "module.pedidos_lambda.module.repo_ecr_lambda.aws_ecr_repository.this",
            "module.pedidos_lambda.null_resource.run_script",
            "module.pedidos_table.aws_dynamodb_table.this",
            "module.rastreamento_lambda.aws_iam_role.lambda_role",
            "module.rastreamento_lambda.aws_lambda_function.lambda",
            "module.rastreamento_lambda.data.aws_caller_identity.current",
            "module.rastreamento_lambda.data.aws_iam_policy_document.policy_doc",
            "module.rastreamento_lambda.module.repo_ecr_lambda.aws_ecr_repository.this",
            "module.rastreamento_lambda.null_resource.run_script",
            "module.users_table.aws_dynamodb_table.this",
            "module.usuarios_lambda.aws_iam_role.lambda_role",
            "module.usuarios_lambda.aws_lambda_function.lambda",
            "module.usuarios_lambda.data.aws_caller_identity.current",
            "module.usuarios_lambda.data.aws_iam_policy_document.policy_doc",
            "module.usuarios_lambda.module.repo_ecr_lambda.aws_ecr_repository.this",
            "module.usuarios_lambda.null_resource.run_script",
            "module.websocket_connections_table.aws_dynamodb_table.this",
            "module.websocket_lambda.aws_iam_role.lambda_role",
            "module.websocket_lambda.aws_lambda_function.lambda",
            "module.websocket_lambda.data.aws_caller_identity.current",
            "module.websocket_lambda.data.aws_iam_policy_document.policy_doc",
            "module.websocket_lambda.module.repo_ecr_lambda.aws_ecr_repository.this",
            "module.websocket_lambda.null_resource.run_script"
          ],
          "create_before_destroy": true
        },
        {
          "index_key": "1",
          "schema_version": 0,
          "attributes": {
            "cache_key_parameters": [],
            "cache_namespace": "mo799y",
            "connection_id": "",
            "connection_type": "INTERNET",
            "content_handling": "",
            "credentials": "",
            "http_method": "POST",
            "id": "agi-tntpd380l5-mo799y-POST",
            "integration_http_method": "POST",
            "passthrough_behavior": "WHEN_NO_TEMPLATES",
            "region": "us-east-1",
            "request_parameters": {},
            "request_templates": {},
            "resource_id": "mo799y",
            "rest_api_id": "tntpd380l5",
            "timeout_milliseconds": 29000,
            "tls_config": [],
            "type": "AWS_PROXY",
            "uri": "arn:aws:apigateway:us-east-1:lambda:path/2015-03-31/functions/arn:aws:lambda:us-east-1:176343551411:function:dev_logistics_usuarios/invocations"
          },
          "sensitive_attributes": [],
          "identity_schema_version": 0,
          "private": "bnVsbA==",
          "dependencies": [
            "aws_apigatewayv2_api.websocket_api",
            "module.api_gateway.aws_api_gateway_authorizer.cognito_authorizer",
            "module.api_gateway.aws_api_gateway_method.rest_endpoint_methods",
            "module.api_gateway.aws_api_gateway_resource.base_resources",
            "module.api_gateway.aws_api_gateway_resource.main_resource",
            "module.api_gateway.aws_api_gateway_resource.variable_resources",
            "module.api_gateway.aws_api_gateway_rest_api.rest_api",
            "module.auth_lambda.aws_iam_role.lambda_role",
            "module.auth_lambda.aws_lambda_function.lambda",
            "module.auth_lambda.data.aws_caller_identity.current",
            "module.auth_lambda.data.aws_iam_policy_document.policy_doc",
            "module.auth_lambda.module.repo_ecr_lambda.aws_ecr_repository.this",
            "module.auth_lambda.null_resource.run_script",
            "module.events_queue.aws_sqs_queue.dead_letter_fifo_queue",
            "module.events_queue.aws_sqs_queue.fifo_queue",
            "module.locations_table.aws_dynamodb_table.this",
            "module.notificacoes_lambda.aws_iam_role.lambda_role",
            "module.notificacoes_lambda.aws_lambda_function.lambda",
            "module.notificacoes_lambda.data.aws_caller_identity.current",
            "module.notificacoes_lambda.data.aws_iam_policy_document.policy_doc",
            "module.notificacoes_lambda.module.repo_ecr_lambda.aws_ecr_repository.this",
            "module.notificacoes_lambda.null_resource.run_script",
            "module.notifications_general_topic.aws_sns_topic.this",
            "module.notifications_premium_topic.aws_sns_topic.this",
            "module.notifications_regional_topic.aws_sns_topic.this",
            "module.notifications_table.aws_dynamodb_table.this",
            "module.pedidos_lambda.aws_iam_role.lambda_role",
            "module.pedidos_lambda.aws_lambda_function.lambda",
            "module.pedidos_lambda.data.aws_caller_identity.current",
            "module.pedidos_lambda.data.aws_iam_policy_document.policy_doc",
            "module.pedidos_lambda.module.repo_ecr_lambda.aws_ecr_repository.this",
            "module.pedidos_lambda.null_resource.run_script",
            "module.pedidos_table.aws_dynamodb_table.this",
            "module.rastreamento_lambda.aws_iam_role.lambda_role",
            "module.rastreamento_lambda.aws_lambda_function.lambda",
            "module.rastreamento_lambda.data.aws_caller_identity.current",
            "module.rastreamento_lambda.data.aws_iam_policy_document.policy_doc",
            "module.rastreamento_lambda.module.repo_ecr_lambda.aws_ecr_repository.this",
            "module.rastreamento_lambda.null_resource.run_script",
            "module.users_table.aws_dynamodb_table.this",
            "module.usuarios_lambda.aws_iam_role.lambda_role",
            "module.usuarios_lambda.aws_lambda_function.lambda",
            "module.usuarios_lambda.data.aws_caller_identity.current",
            "module.usuarios_lambda.data.aws_iam_policy_document.policy_doc",
            "module.usuarios_lambda.module.repo_ecr_lambda.aws_ecr_repository.this",
            "module.usuarios_lambda.null_resource.run_script",
            "module.websocket_connections_table.aws_dynamodb_table.this",
            "module.websocket_lambda.aws_iam_role.lambda_role",
            "module.websocket_lambda.aws_lambda_function.lambda",
            "module.websocket_lambda.data.aws_caller_identity.current",
            "module.websocket_lambda.data.aws_iam_policy_document.policy_doc",
            "module.websocket_lambda.module.repo_ecr_lambda.aws_ecr_repository.this",
            "module.websocket_lambda.null_resource.run_script"
          ],
          "create_before_destroy": true
        },
        {
          "index_key": "10",
          "schema_version": 0,
          "attributes": {
            "cache_key_parameters": [],
            "cache_namespace": "zmu2vn",
            "connection_id": "",
            "connection_type": "INTERNET",
            "content_handling": "",
            "credentials": "",
            "http_method": "POST",
            "id": "agi-tntpd380l5-zmu2vn-POST",
            "integration_http_method": "POST",
            "passthrough_behavior": "WHEN_NO_TEMPLATES",
            "region": "us-east-1",
            "request_parameters": {},
            "request_templates": {},
            "resource_id": "zmu2vn",
            "rest_api_id": "tntpd380l5",
            "timeout_milliseconds": 29000,
            "tls_config": [],
            "type": "AWS_PROXY",
            "uri": "arn:aws:apigateway:us-east-1:lambda:path/2015-03-31/functions/arn:aws:lambda:us-east-1:176343551411:function:dev_logistics_pedidos/invocations"
          },
          "sensitive_attributes": [],
          "identity_schema_version": 0,
          "private": "bnVsbA==",
          "dependencies": [
            "aws_apigatewayv2_api.websocket_api",
            "module.api_gateway.aws_api_gateway_authorizer.cognito_authorizer",
            "module.api_gateway.aws_api_gateway_method.rest_endpoint_methods",
            "module.api_gateway.aws_api_gateway_resource.base_resources",
            "module.api_gateway.aws_api_gateway_resource.main_resource",
            "module.api_gateway.aws_api_gateway_resource.variable_resources",
            "module.api_gateway.aws_api_gateway_rest_api.rest_api",
            "module.auth_lambda.aws_iam_role.lambda_role",
            "module.auth_lambda.aws_lambda_function.lambda",
            "module.auth_lambda.data.aws_caller_identity.current",
            "module.auth_lambda.data.aws_iam_policy_document.policy_doc",
            "module.auth_lambda.module.repo_ecr_lambda.aws_ecr_repository.this",
            "module.auth_lambda.null_resource.run_script",
            "module.events_queue.aws_sqs_queue.dead_letter_fifo_queue",
            "module.events_queue.aws_sqs_queue.fifo_queue",
            "module.locations_table.aws_dynamodb_table.this",
            "module.notificacoes_lambda.aws_iam_role.lambda_role",
            "module.notificacoes_lambda.aws_lambda_function.lambda",
            "module.notificacoes_lambda.data.aws_caller_identity.current",
            "module.notificacoes_lambda.data.aws_iam_policy_document.policy_doc",
            "module.notificacoes_lambda.module.repo_ecr_lambda.aws_ecr_repository.this",
            "module.notificacoes_lambda.null_resource.run_script",
            "module.notifications_general_topic.aws_sns_topic.this",
            "module.notifications_premium_topic.aws_sns_topic.this",
            "module.notifications_regional_topic.aws_sns_topic.this",
            "module.notifications_table.aws_dynamodb_table.this",
            "module.pedidos_lambda.aws_iam_role.lambda_role",
            "module.pedidos_lambda.aws_lambda_function.lambda",
            "module.pedidos_lambda.data.aws_caller_identity.current",
            "module.pedidos_lambda.data.aws_iam_policy_document.policy_doc",
            "module.pedidos_lambda.module.repo_ecr_lambda.aws_ecr_repository.this",
            "module.pedidos_lambda.null_resource.run_script",
            "module.pedidos_table.aws_dynamodb_table.this",
            "module.rastreamento_lambda.aws_iam_role.lambda_role",
            "module.rastreamento_lambda.aws_lambda_function.lambda",
            "module.rastreamento_lambda.data.aws_caller_identity.current",
            "module.rastreamento_lambda.data.aws_iam_policy_document.policy_doc",
            "module.rastreamento_lambda.module.repo_ecr_lambda.aws_ecr_repository.this",
            "module.rastreamento_lambda.null_resource.run_script",
            "module.users_table.aws_dynamodb_table.this",
            "module.usuarios_lambda.aws_iam_role.lambda_role",
            "module.usuarios_lambda.aws_lambda_function.lambda",
            "module.usuarios_lambda.data.aws_caller_identity.current",
            "module.usuarios_lambda.data.aws_iam_policy_document.policy_doc",
            "module.usuarios_lambda.module.repo_ecr_lambda.aws_ecr_repository.this",
            "module.usuarios_lambda.null_resource.run_script",
            "module.websocket_connections_table.aws_dynamodb_table.this",
            "module.websocket_lambda.aws_iam_role.lambda_role",
            "module.websocket_lambda.aws_lambda_function.lambda",
            "module.websocket_lambda.data.aws_caller_identity.current",
            "module.websocket_lambda.data.aws_iam_policy_document.policy_doc",
            "module.websocket_lambda.module.repo_ecr_lambda.aws_ecr_repository.this",
            "module.websocket_lambda.null_resource.run_script"
          ],
          "create_before_destroy": true
        },
        {
          "index_key": "11",
          "schema_version": 0,
          "attributes": {
            "cache_key_parameters": [],
            "cache_namespace": "qfhbdx",
            "connection_id": "",
            "connection_type": "INTERNET",
            "content_handling": "",
            "credentials": "",
            "http_method": "POST",
            "id": "agi-tntpd380l5-qfhbdx-POST",
            "integration_http_method": "POST",
            "passthrough_behavior": "WHEN_NO_TEMPLATES",
            "region": "us-east-1",
            "request_parameters": {},
            "request_templates": {},
            "resource_id": "qfhbdx",
            "rest_api_id": "tntpd380l5",
            "timeout_milliseconds": 29000,
            "tls_config": [],
            "type": "AWS_PROXY",
            "uri": "arn:aws:apigateway:us-east-1:lambda:path/2015-03-31/functions/arn:aws:lambda:us-east-1:176343551411:function:dev_logistics_notificacoes/invocations"
          },
          "sensitive_attributes": [],
          "identity_schema_version": 0,
          "private": "bnVsbA==",
          "dependencies": [
            "aws_apigatewayv2_api.websocket_api",
            "module.api_gateway.aws_api_gateway_authorizer.cognito_authorizer",
            "module.api_gateway.aws_api_gateway_method.rest_endpoint_methods",
            "module.api_gateway.aws_api_gateway_resource.base_resources",
            "module.api_gateway.aws_api_gateway_resource.main_resource",
            "module.api_gateway.aws_api_gateway_resource.variable_resources",
            "module.api_gateway.aws_api_gateway_rest_api.rest_api",
            "module.auth_lambda.aws_iam_role.lambda_role",
            "module.auth_lambda.aws_lambda_function.lambda",
            "module.auth_lambda.data.aws_caller_identity.current",
            "module.auth_lambda.data.aws_iam_policy_document.policy_doc",
            "module.auth_lambda.module.repo_ecr_lambda.aws_ecr_repository.this",
            "module.auth_lambda.null_resource.run_script",
            "module.events_queue.aws_sqs_queue.dead_letter_fifo_queue",
            "module.events_queue.aws_sqs_queue.fifo_queue",
            "module.locations_table.aws_dynamodb_table.this",
            "module.notificacoes_lambda.aws_iam_role.lambda_role",
            "module.notificacoes_lambda.aws_lambda_function.lambda",
            "module.notificacoes_lambda.data.aws_caller_identity.current",
            "module.notificacoes_lambda.data.aws_iam_policy_document.policy_doc",
            "module.notificacoes_lambda.module.repo_ecr_lambda.aws_ecr_repository.this",
            "module.notificacoes_lambda.null_resource.run_script",
            "module.notifications_general_topic.aws_sns_topic.this",
            "module.notifications_premium_topic.aws_sns_topic.this",
            "module.notifications_regional_topic.aws_sns_topic.this",
            "module.notifications_table.aws_dynamodb_table.this",
            "module.pedidos_lambda.aws_iam_role.lambda_role",
            "module.pedidos_lambda.aws_lambda_function.lambda",
            "module.pedidos_lambda.data.aws_caller_identity.current",
            "module.pedidos_lambda.data.aws_iam_policy_document.policy_doc",
            "module.pedidos_lambda.module.repo_ecr_lambda.aws_ecr_repository.this",
            "module.pedidos_lambda.null_resource.run_script",
            "module.pedidos_table.aws_dynamodb_table.this",
            "module.rastreamento_lambda.aws_iam_role.lambda_role",
            "module.rastreamento_lambda.aws_lambda_function.lambda",
            "module.rastreamento_lambda.data.aws_caller_identity.current",
            "module.rastreamento_lambda.data.aws_iam_policy_document.policy_doc",
            "module.rastreamento_lambda.module.repo_ecr_lambda.aws_ecr_repository.this",
            "module.rastreamento_lambda.null_resource.run_script",
            "module.users_table.aws_dynamodb_table.this",
            "module.usuarios_lambda.aws_iam_role.lambda_role",
            "module.usuarios_lambda.aws_lambda_function.lambda",
            "module.usuarios_lambda.data.aws_caller_identity.current",
            "module.usuarios_lambda.data.aws_iam_policy_document.policy_doc",
            "module.usuarios_lambda.module.repo_ecr_lambda.aws_ecr_repository.this",
            "module.usuarios_lambda.null_resource.run_script",
            "module.websocket_connections_table.aws_dynamodb_table.this",
            "module.websocket_lambda.aws_iam_role.lambda_role",
            "module.websocket_lambda.aws_lambda_function.lambda",
            "module.websocket_lambda.data.aws_caller_identity.current",
            "module.websocket_lambda.data.aws_iam_policy_document.policy_doc",
            "module.websocket_lambda.module.repo_ecr_lambda.aws_ecr_repository.this",
            "module.websocket_lambda.null_resource.run_script"
          ],
          "create_before_destroy": true
        },
        {
          "index_key": "12",
          "schema_version": 0,
          "attributes": {
            "cache_key_parameters": [],
            "cache_namespace": "j4xccw",
            "connection_id": "",
            "connection_type": "INTERNET",
            "content_handling": "",
            "credentials": "",
            "http_method": "GET",
            "id": "agi-tntpd380l5-j4xccw-GET",
            "integration_http_method": "POST",
            "passthrough_behavior": "WHEN_NO_TEMPLATES",
            "region": "us-east-1",
            "request_parameters": {},
            "request_templates": {},
            "resource_id": "j4xccw",
            "rest_api_id": "tntpd380l5",
            "timeout_milliseconds": 29000,
            "tls_config": [],
            "type": "AWS_PROXY",
            "uri": "arn:aws:apigateway:us-east-1:lambda:path/2015-03-31/functions/arn:aws:lambda:us-east-1:176343551411:function:dev_logistics_notificacoes/invocations"
          },
          "sensitive_attributes": [],
          "identity_schema_version": 0,
          "private": "bnVsbA==",
          "dependencies": [
            "aws_apigatewayv2_api.websocket_api",
            "module.api_gateway.aws_api_gateway_authorizer.cognito_authorizer",
            "module.api_gateway.aws_api_gateway_method.rest_endpoint_methods",
            "module.api_gateway.aws_api_gateway_resource.base_resources",
            "module.api_gateway.aws_api_gateway_resource.main_resource",
            "module.api_gateway.aws_api_gateway_resource.variable_resources",
            "module.api_gateway.aws_api_gateway_rest_api.rest_api",
            "module.auth_lambda.aws_iam_role.lambda_role",
            "module.auth_lambda.aws_lambda_function.lambda",
            "module.auth_lambda.data.aws_caller_identity.current",
            "module.auth_lambda.data.aws_iam_policy_document.policy_doc",
            "module.auth_lambda.module.repo_ecr_lambda.aws_ecr_repository.this",
            "module.auth_lambda.null_resource.run_script",
            "module.events_queue.aws_sqs_queue.dead_letter_fifo_queue",
            "module.events_queue.aws_sqs_queue.fifo_queue",
            "module.locations_table.aws_dynamodb_table.this",
            "module.notificacoes_lambda.aws_iam_role.lambda_role",
            "module.notificacoes_lambda.aws_lambda_function.lambda",
            "module.notificacoes_lambda.data.aws_caller_identity.current",
            "module.notificacoes_lambda.data.aws_iam_policy_document.policy_doc",
            "module.notificacoes_lambda.module.repo_ecr_lambda.aws_ecr_repository.this",
            "module.notificacoes_lambda.null_resource.run_script",
            "module.notifications_general_topic.aws_sns_topic.this",
            "module.notifications_premium_topic.aws_sns_topic.this",
            "module.notifications_regional_topic.aws_sns_topic.this",
            "module.notifications_table.aws_dynamodb_table.this",
            "module.pedidos_lambda.aws_iam_role.lambda_role",
            "module.pedidos_lambda.aws_lambda_function.lambda",
            "module.pedidos_lambda.data.aws_caller_identity.current",
            "module.pedidos_lambda.data.aws_iam_policy_document.policy_doc",
            "module.pedidos_lambda.module.repo_ecr_lambda.aws_ecr_repository.this",
            "module.pedidos_lambda.null_resource.run_script",
            "module.pedidos_table.aws_dynamodb_table.this",
            "module.rastreamento_lambda.aws_iam_role.lambda_role",
            "module.rastreamento_lambda.aws_lambda_function.lambda",
            "module.rastreamento_lambda.data.aws_caller_identity.current",
            "module.rastreamento_lambda.data.aws_iam_policy_document.policy_doc",
            "module.rastreamento_lambda.module.repo_ecr_lambda.aws_ecr_repository.this",
            "module.rastreamento_lambda.null_resource.run_script",
            "module.users_table.aws_dynamodb_table.this",
            "module.usuarios_lambda.aws_iam_role.lambda_role",
            "module.usuarios_lambda.aws_lambda_function.lambda",
            "module.usuarios_lambda.data.aws_caller_identity.current",
            "module.usuarios_lambda.data.aws_iam_policy_document.policy_doc",
            "module.usuarios_lambda.module.repo_ecr_lambda.aws_ecr_repository.this",
            "module.usuarios_lambda.null_resource.run_script",
            "module.websocket_connections_table.aws_dynamodb_table.this",
            "module.websocket_lambda.aws_iam_role.lambda_role",
            "module.websocket_lambda.aws_lambda_function.lambda",
            "module.websocket_lambda.data.aws_caller_identity.current",
            "module.websocket_lambda.data.aws_iam_policy_document.policy_doc",
            "module.websocket_lambda.module.repo_ecr_lambda.aws_ecr_repository.this",
            "module.websocket_lambda.null_resource.run_script"
          ],
          "create_before_destroy": true
        },
        {
          "index_key": "13",
          "schema_version": 0,
          "attributes": {
            "cache_key_parameters": [],
            "cache_namespace": "o4besn",
            "connection_id": "",
            "connection_type": "INTERNET",
            "content_handling": "",
            "credentials": "",
            "http_method": "PATCH",
            "id": "agi-tntpd380l5-o4besn-PATCH",
            "integration_http_method": "POST",
            "passthrough_behavior": "WHEN_NO_TEMPLATES",
            "region": "us-east-1",
            "request_parameters": {},
            "request_templates": {},
            "resource_id": "o4besn",
            "rest_api_id": "tntpd380l5",
            "timeout_milliseconds": 29000,
            "tls_config": [],
            "type": "AWS_PROXY",
            "uri": "arn:aws:apigateway:us-east-1:lambda:path/2015-03-31/functions/arn:aws:lambda:us-east-1:176343551411:function:dev_logistics_notificacoes/invocations"
          },
          "sensitive_attributes": [],
          "identity_schema_version": 0,
          "private": "bnVsbA==",
          "dependencies": [
            "aws_apigatewayv2_api.websocket_api",
            "module.api_gateway.aws_api_gateway_authorizer.cognito_authorizer",
            "module.api_gateway.aws_api_gateway_method.rest_endpoint_methods",
            "module.api_gateway.aws_api_gateway_resource.base_resources",
            "module.api_gateway.aws_api_gateway_resource.main_resource",
            "module.api_gateway.aws_api_gateway_resource.variable_resources",
            "module.api_gateway.aws_api_gateway_rest_api.rest_api",
            "module.auth_lambda.aws_iam_role.lambda_role",
            "module.auth_lambda.aws_lambda_function.lambda",
            "module.auth_lambda.data.aws_caller_identity.current",
            "module.auth_lambda.data.aws_iam_policy_document.policy_doc",
            "module.auth_lambda.module.repo_ecr_lambda.aws_ecr_repository.this",
            "module.auth_lambda.null_resource.run_script",
            "module.events_queue.aws_sqs_queue.dead_letter_fifo_queue",
            "module.events_queue.aws_sqs_queue.fifo_queue",
            "module.locations_table.aws_dynamodb_table.this",
            "module.notificacoes_lambda.aws_iam_role.lambda_role",
            "module.notificacoes_lambda.aws_lambda_function.lambda",
            "module.notificacoes_lambda.data.aws_caller_identity.current",
            "module.notificacoes_lambda.data.aws_iam_policy_document.policy_doc",
            "module.notificacoes_lambda.module.repo_ecr_lambda.aws_ecr_repository.this",
            "module.notificacoes_lambda.null_resource.run_script",
            "module.notifications_general_topic.aws_sns_topic.this",
            "module.notifications_premium_topic.aws_sns_topic.this",
            "module.notifications_regional_topic.aws_sns_topic.this",
            "module.notifications_table.aws_dynamodb_table.this",
            "module.pedidos_lambda.aws_iam_role.lambda_role",
            "module.pedidos_lambda.aws_lambda_function.lambda",
            "module.pedidos_lambda.data.aws_caller_identity.current",
            "module.pedidos_lambda.data.aws_iam_policy_document.policy_doc",
            "module.pedidos_lambda.module.repo_ecr_lambda.aws_ecr_repository.this",
            "module.pedidos_lambda.null_resource.run_script",
            "module.pedidos_table.aws_dynamodb_table.this",
            "module.rastreamento_lambda.aws_iam_role.lambda_role",
            "module.rastreamento_lambda.aws_lambda_function.lambda",
            "module.rastreamento_lambda.data.aws_caller_identity.current",
            "module.rastreamento_lambda.data.aws_iam_policy_document.policy_doc",
            "module.rastreamento_lambda.module.repo_ecr_lambda.aws_ecr_repository.this",
            "module.rastreamento_lambda.null_resource.run_script",
            "module.users_table.aws_dynamodb_table.this",
            "module.usuarios_lambda.aws_iam_role.lambda_role",
            "module.usuarios_lambda.aws_lambda_function.lambda",
            "module.usuarios_lambda.data.aws_caller_identity.current",
            "module.usuarios_lambda.data.aws_iam_policy_document.policy_doc",
            "module.usuarios_lambda.module.repo_ecr_lambda.aws_ecr_repository.this",
            "module.usuarios_lambda.null_resource.run_script",
            "module.websocket_connections_table.aws_dynamodb_table.this",
            "module.websocket_lambda.aws_iam_role.lambda_role",
            "module.websocket_lambda.aws_lambda_function.lambda",
            "module.websocket_lambda.data.aws_caller_identity.current",
            "module.websocket_lambda.data.aws_iam_policy_document.policy_doc",
            "module.websocket_lambda.module.repo_ecr_lambda.aws_ecr_repository.this",
            "module.websocket_lambda.null_resource.run_script"
          ],
          "create_before_destroy": true
        },
        {
          "index_key": "14",
          "schema_version": 0,
          "attributes": {
            "cache_key_parameters": [],
            "cache_namespace": "rwrixq",
            "connection_id": "",
            "connection_type": "INTERNET",
            "content_handling": "",
            "credentials": "",
            "http_method": "GET",
            "id": "agi-tntpd380l5-rwrixq-GET",
            "integration_http_method": "POST",
            "passthrough_behavior": "WHEN_NO_TEMPLATES",
            "region": "us-east-1",
            "request_parameters": {},
            "request_templates": {},
            "resource_id": "rwrixq",
            "rest_api_id": "tntpd380l5",
            "timeout_milliseconds": 29000,
            "tls_config": [],
            "type": "AWS_PROXY",
            "uri": "arn:aws:apigateway:us-east-1:lambda:path/2015-03-31/functions/arn:aws:lambda:us-east-1:176343551411:function:dev_logistics_notificacoes/invocations"
          },
          "sensitive_attributes": [],
          "identity_schema_version": 0,
          "private": "bnVsbA==",
          "dependencies": [
            "aws_apigatewayv2_api.websocket_api",
            "module.api_gateway.aws_api_gateway_authorizer.cognito_authorizer",
            "module.api_gateway.aws_api_gateway_method.rest_endpoint_methods",
            "module.api_gateway.aws_api_gateway_resource.base_resources",
            "module.api_gateway.aws_api_gateway_resource.main_resource",
            "module.api_gateway.aws_api_gateway_resource.variable_resources",
            "module.api_gateway.aws_api_gateway_rest_api.rest_api",
            "module.auth_lambda.aws_iam_role.lambda_role",
            "module.auth_lambda.aws_lambda_function.lambda",
            "module.auth_lambda.data.aws_caller_identity.current",
            "module.auth_lambda.data.aws_iam_policy_document.policy_doc",
            "module.auth_lambda.module.repo_ecr_lambda.aws_ecr_repository.this",
            "module.auth_lambda.null_resource.run_script",
            "module.events_queue.aws_sqs_queue.dead_letter_fifo_queue",
            "module.events_queue.aws_sqs_queue.fifo_queue",
            "module.locations_table.aws_dynamodb_table.this",
            "module.notificacoes_lambda.aws_iam_role.lambda_role",
            "module.notificacoes_lambda.aws_lambda_function.lambda",
            "module.notificacoes_lambda.data.aws_caller_identity.current",
            "module.notificacoes_lambda.data.aws_iam_policy_document.policy_doc",
            "module.notificacoes_lambda.module.repo_ecr_lambda.aws_ecr_repository.this",
            "module.notificacoes_lambda.null_resource.run_script",
            "module.notifications_general_topic.aws_sns_topic.this",
            "module.notifications_premium_topic.aws_sns_topic.this",
            "module.notifications_regional_topic.aws_sns_topic.this",
            "module.notifications_table.aws_dynamodb_table.this",
            "module.pedidos_lambda.aws_iam_role.lambda_role",
            "module.pedidos_lambda.aws_lambda_function.lambda",
            "module.pedidos_lambda.data.aws_caller_identity.current",
            "module.pedidos_lambda.data.aws_iam_policy_document.policy_doc",
            "module.pedidos_lambda.module.repo_ecr_lambda.aws_ecr_repository.this",
            "module.pedidos_lambda.null_resource.run_script",
            "module.pedidos_table.aws_dynamodb_table.this",
            "module.rastreamento_lambda.aws_iam_role.lambda_role",
            "module.rastreamento_lambda.aws_lambda_function.lambda",
            "module.rastreamento_lambda.data.aws_caller_identity.current",
            "module.rastreamento_lambda.data.aws_iam_policy_document.policy_doc",
            "module.rastreamento_lambda.module.repo_ecr_lambda.aws_ecr_repository.this",
            "module.rastreamento_lambda.null_resource.run_script",
            "module.users_table.aws_dynamodb_table.this",
            "module.usuarios_lambda.aws_iam_role.lambda_role",
            "module.usuarios_lambda.aws_lambda_function.lambda",
            "module.usuarios_lambda.data.aws_caller_identity.current",
            "module.usuarios_lambda.data.aws_iam_policy_document.policy_doc",
            "module.usuarios_lambda.module.repo_ecr_lambda.aws_ecr_repository.this",
            "module.usuarios_lambda.null_resource.run_script",
            "module.websocket_connections_table.aws_dynamodb_table.this",
            "module.websocket_lambda.aws_iam_role.lambda_role",
            "module.websocket_lambda.aws_lambda_function.lambda",
            "module.websocket_lambda.data.aws_caller_identity.current",
            "module.websocket_lambda.data.aws_iam_policy_document.policy_doc",
            "module.websocket_lambda.module.repo_ecr_lambda.aws_ecr_repository.this",
            "module.websocket_lambda.null_resource.run_script"
          ],
          "create_before_destroy": true
        },
        {
          "index_key": "15",
          "schema_version": 0,
          "attributes": {
            "cache_key_parameters": [],
            "cache_namespace": "xu5slc",
            "connection_id": "",
            "connection_type": "INTERNET",
            "content_handling": "",
            "credentials": "",
            "http_method": "GET",
            "id": "agi-tntpd380l5-xu5slc-GET",
            "integration_http_method": "POST",
            "passthrough_behavior": "WHEN_NO_TEMPLATES",
            "region": "us-east-1",
            "request_parameters": {},
            "request_templates": {},
            "resource_id": "xu5slc",
            "rest_api_id": "tntpd380l5",
            "timeout_milliseconds": 29000,
            "tls_config": [],
            "type": "AWS_PROXY",
            "uri": "arn:aws:apigateway:us-east-1:lambda:path/2015-03-31/functions/arn:aws:lambda:us-east-1:176343551411:function:dev_logistics_rastreamento/invocations"
          },
          "sensitive_attributes": [],
          "identity_schema_version": 0,
          "private": "bnVsbA==",
          "dependencies": [
            "aws_apigatewayv2_api.websocket_api",
            "module.api_gateway.aws_api_gateway_authorizer.cognito_authorizer",
            "module.api_gateway.aws_api_gateway_method.rest_endpoint_methods",
            "module.api_gateway.aws_api_gateway_resource.base_resources",
            "module.api_gateway.aws_api_gateway_resource.main_resource",
            "module.api_gateway.aws_api_gateway_resource.variable_resources",
            "module.api_gateway.aws_api_gateway_rest_api.rest_api",
            "module.auth_lambda.aws_iam_role.lambda_role",
            "module.auth_lambda.aws_lambda_function.lambda",
            "module.auth_lambda.data.aws_caller_identity.current",
            "module.auth_lambda.data.aws_iam_policy_document.policy_doc",
            "module.auth_lambda.module.repo_ecr_lambda.aws_ecr_repository.this",
            "module.auth_lambda.null_resource.run_script",
            "module.events_queue.aws_sqs_queue.dead_letter_fifo_queue",
            "module.events_queue.aws_sqs_queue.fifo_queue",
            "module.locations_table.aws_dynamodb_table.this",
            "module.notificacoes_lambda.aws_iam_role.lambda_role",
            "module.notificacoes_lambda.aws_lambda_function.lambda",
            "module.notificacoes_lambda.data.aws_caller_identity.current",
            "module.notificacoes_lambda.data.aws_iam_policy_document.policy_doc",
            "module.notificacoes_lambda.module.repo_ecr_lambda.aws_ecr_repository.this",
            "module.notificacoes_lambda.null_resource.run_script",
            "module.notifications_general_topic.aws_sns_topic.this",
            "module.notifications_premium_topic.aws_sns_topic.this",
            "module.notifications_regional_topic.aws_sns_topic.this",
            "module.notifications_table.aws_dynamodb_table.this",
            "module.pedidos_lambda.aws_iam_role.lambda_role",
            "module.pedidos_lambda.aws_lambda_function.lambda",
            "module.pedidos_lambda.data.aws_caller_identity.current",
            "module.pedidos_lambda.data.aws_iam_policy_document.policy_doc",
            "module.pedidos_lambda.module.repo_ecr_lambda.aws_ecr_repository.this",
            "module.pedidos_lambda.null_resource.run_script",
            "module.pedidos_table.aws_dynamodb_table.this",
            "module.rastreamento_lambda.aws_iam_role.lambda_role",
            "module.rastreamento_lambda.aws_lambda_function.lambda",
            "module.rastreamento_lambda.data.aws_caller_identity.current",
            "module.rastreamento_lambda.data.aws_iam_policy_document.policy_doc",
            "module.rastreamento_lambda.module.repo_ecr_lambda.aws_ecr_repository.this",
            "module.rastreamento_lambda.null_resource.run_script",
            "module.users_table.aws_dynamodb_table.this",
            "module.usuarios_lambda.aws_iam_role.lambda_role",
            "module.usuarios_lambda.aws_lambda_function.lambda",
            "module.usuarios_lambda.data.aws_caller_identity.current",
            "module.usuarios_lambda.data.aws_iam_policy_document.policy_doc",
            "module.usuarios_lambda.module.repo_ecr_lambda.aws_ecr_repository.this",
            "module.usuarios_lambda.null_resource.run_script",
            "module.websocket_connections_table.aws_dynamodb_table.this",
            "module.websocket_lambda.aws_iam_role.lambda_role",
            "module.websocket_lambda.aws_lambda_function.lambda",
            "module.websocket_lambda.data.aws_caller_identity.current",
            "module.websocket_lambda.data.aws_iam_policy_document.policy_doc",
            "module.websocket_lambda.module.repo_ecr_lambda.aws_ecr_repository.this",
            "module.websocket_lambda.null_resource.run_script"
          ],
          "create_before_destroy": true
        },
        {
          "index_key": "16",
          "schema_version": 0,
          "attributes": {
            "cache_key_parameters": [],
            "cache_namespace": "u7b2qw",
            "connection_id": "",
            "connection_type": "INTERNET",
            "content_handling": "",
            "credentials": "",
            "http_method": "GET",
            "id": "agi-tntpd380l5-u7b2qw-GET",
            "integration_http_method": "POST",
            "passthrough_behavior": "WHEN_NO_TEMPLATES",
            "region": "us-east-1",
            "request_parameters": {},
            "request_templates": {},
            "resource_id": "u7b2qw",
            "rest_api_id": "tntpd380l5",
            "timeout_milliseconds": 29000,
            "tls_config": [],
            "type": "AWS_PROXY",
            "uri": "arn:aws:apigateway:us-east-1:lambda:path/2015-03-31/functions/arn:aws:lambda:us-east-1:176343551411:function:dev_logistics_rastreamento/invocations"
          },
          "sensitive_attributes": [],
          "identity_schema_version": 0,
          "private": "bnVsbA==",
          "dependencies": [
            "aws_apigatewayv2_api.websocket_api",
            "module.api_gateway.aws_api_gateway_authorizer.cognito_authorizer",
            "module.api_gateway.aws_api_gateway_method.rest_endpoint_methods",
            "module.api_gateway.aws_api_gateway_resource.base_resources",
            "module.api_gateway.aws_api_gateway_resource.main_resource",
            "module.api_gateway.aws_api_gateway_resource.variable_resources",
            "module.api_gateway.aws_api_gateway_rest_api.rest_api",
            "module.auth_lambda.aws_iam_role.lambda_role",
            "module.auth_lambda.aws_lambda_function.lambda",
            "module.auth_lambda.data.aws_caller_identity.current",
            "module.auth_lambda.data.aws_iam_policy_document.policy_doc",
            "module.auth_lambda.module.repo_ecr_lambda.aws_ecr_repository.this",
            "module.auth_lambda.null_resource.run_script",
            "module.events_queue.aws_sqs_queue.dead_letter_fifo_queue",
            "module.events_queue.aws_sqs_queue.fifo_queue",
            "module.locations_table.aws_dynamodb_table.this",
            "module.notificacoes_lambda.aws_iam_role.lambda_role",
            "module.notificacoes_lambda.aws_lambda_function.lambda",
            "module.notificacoes_lambda.data.aws_caller_identity.current",
            "module.notificacoes_lambda.data.aws_iam_policy_document.policy_doc",
            "module.notificacoes_lambda.module.repo_ecr_lambda.aws_ecr_repository.this",
            "module.notificacoes_lambda.null_resource.run_script",
            "module.notifications_general_topic.aws_sns_topic.this",
            "module.notifications_premium_topic.aws_sns_topic.this",
            "module.notifications_regional_topic.aws_sns_topic.this",
            "module.notifications_table.aws_dynamodb_table.this",
            "module.pedidos_lambda.aws_iam_role.lambda_role",
            "module.pedidos_lambda.aws_lambda_function.lambda",
            "module.pedidos_lambda.data.aws_caller_identity.current",
            "module.pedidos_lambda.data.aws_iam_policy_document.policy_doc",
            "module.pedidos_lambda.module.repo_ecr_lambda.aws_ecr_repository.this",
            "module.pedidos_lambda.null_resource.run_script",
            "module.pedidos_table.aws_dynamodb_table.this",
            "module.rastreamento_lambda.aws_iam_role.lambda_role",
            "module.rastreamento_lambda.aws_lambda_function.lambda",
            "module.rastreamento_lambda.data.aws_caller_identity.current",
            "module.rastreamento_lambda.data.aws_iam_policy_document.policy_doc",
            "module.rastreamento_lambda.module.repo_ecr_lambda.aws_ecr_repository.this",
            "module.rastreamento_lambda.null_resource.run_script",
            "module.users_table.aws_dynamodb_table.this",
            "module.usuarios_lambda.aws_iam_role.lambda_role",
            "module.usuarios_lambda.aws_lambda_function.lambda",
            "module.usuarios_lambda.data.aws_caller_identity.current",
            "module.usuarios_lambda.data.aws_iam_policy_document.policy_doc",
            "module.usuarios_lambda.module.repo_ecr_lambda.aws_ecr_repository.this",
            "module.usuarios_lambda.null_resource.run_script",
            "module.websocket_connections_table.aws_dynamodb_table.this",
            "module.websocket_lambda.aws_iam_role.lambda_role",
            "module.websocket_lambda.aws_lambda_function.lambda",
            "module.websocket_lambda.data.aws_caller_identity.current",
            "module.websocket_lambda.data.aws_iam_policy_document.policy_doc",
            "module.websocket_lambda.module.repo_ecr_lambda.aws_ecr_repository.this",
            "module.websocket_lambda.null_resource.run_script"
          ],
          "create_before_destroy": true
        },
        {
          "index_key": "17",
          "schema_version": 0,
          "attributes": {
            "cache_key_parameters": [],
            "cache_namespace": "h6snz5",
            "connection_id": "",
            "connection_type": "INTERNET",
            "content_handling": "",
            "credentials": "",
            "http_method": "POST",
            "id": "agi-tntpd380l5-h6snz5-POST",
            "integration_http_method": "POST",
            "passthrough_behavior": "WHEN_NO_TEMPLATES",
            "region": "us-east-1",
            "request_parameters": {},
            "request_templates": {},
            "resource_id": "h6snz5",
            "rest_api_id": "tntpd380l5",
            "timeout_milliseconds": 29000,
            "tls_config": [],
            "type": "AWS_PROXY",
            "uri": "arn:aws:apigateway:us-east-1:lambda:path/2015-03-31/functions/arn:aws:lambda:us-east-1:176343551411:function:dev_logistics_rastreamento/invocations"
          },
          "sensitive_attributes": [],
          "identity_schema_version": 0,
          "private": "bnVsbA==",
          "dependencies": [
            "aws_apigatewayv2_api.websocket_api",
            "module.api_gateway.aws_api_gateway_authorizer.cognito_authorizer",
            "module.api_gateway.aws_api_gateway_method.rest_endpoint_methods",
            "module.api_gateway.aws_api_gateway_resource.base_resources",
            "module.api_gateway.aws_api_gateway_resource.main_resource",
            "module.api_gateway.aws_api_gateway_resource.variable_resources",
            "module.api_gateway.aws_api_gateway_rest_api.rest_api",
            "module.auth_lambda.aws_iam_role.lambda_role",
            "module.auth_lambda.aws_lambda_function.lambda",
            "module.auth_lambda.data.aws_caller_identity.current",
            "module.auth_lambda.data.aws_iam_policy_document.policy_doc",
            "module.auth_lambda.module.repo_ecr_lambda.aws_ecr_repository.this",
            "module.auth_lambda.null_resource.run_script",
            "module.events_queue.aws_sqs_queue.dead_letter_fifo_queue",
            "module.events_queue.aws_sqs_queue.fifo_queue",
            "module.locations_table.aws_dynamodb_table.this",
            "module.notificacoes_lambda.aws_iam_role.lambda_role",
            "module.notificacoes_lambda.aws_lambda_function.lambda",
            "module.notificacoes_lambda.data.aws_caller_identity.current",
            "module.notificacoes_lambda.data.aws_iam_policy_document.policy_doc",
            "module.notificacoes_lambda.module.repo_ecr_lambda.aws_ecr_repository.this",
            "module.notificacoes_lambda.null_resource.run_script",
            "module.notifications_general_topic.aws_sns_topic.this",
            "module.notifications_premium_topic.aws_sns_topic.this",
            "module.notifications_regional_topic.aws_sns_topic.this",
            "module.notifications_table.aws_dynamodb_table.this",
            "module.pedidos_lambda.aws_iam_role.lambda_role",
            "module.pedidos_lambda.aws_lambda_function.lambda",
            "module.pedidos_lambda.data.aws_caller_identity.current",
            "module.pedidos_lambda.data.aws_iam_policy_document.policy_doc",
            "module.pedidos_lambda.module.repo_ecr_lambda.aws_ecr_repository.this",
            "module.pedidos_lambda.null_resource.run_script",
            "module.pedidos_table.aws_dynamodb_table.this",
            "module.rastreamento_lambda.aws_iam_role.lambda_role",
            "module.rastreamento_lambda.aws_lambda_function.lambda",
            "module.rastreamento_lambda.data.aws_caller_identity.current",
            "module.rastreamento_lambda.data.aws_iam_policy_document.policy_doc",
            "module.rastreamento_lambda.module.repo_ecr_lambda.aws_ecr_repository.this",
            "module.rastreamento_lambda.null_resource.run_script",
            "module.users_table.aws_dynamodb_table.this",
            "module.usuarios_lambda.aws_iam_role.lambda_role",
            "module.usuarios_lambda.aws_lambda_function.lambda",
            "module.usuarios_lambda.data.aws_caller_identity.current",
            "module.usuarios_lambda.data.aws_iam_policy_document.policy_doc",
            "module.usuarios_lambda.module.repo_ecr_lambda.aws_ecr_repository.this",
            "module.usuarios_lambda.null_resource.run_script",
            "module.websocket_connections_table.aws_dynamodb_table.this",
            "module.websocket_lambda.aws_iam_role.lambda_role",
            "module.websocket_lambda.aws_lambda_function.lambda",
            "module.websocket_lambda.data.aws_caller_identity.current",
            "module.websocket_lambda.data.aws_iam_policy_document.policy_doc",
            "module.websocket_lambda.module.repo_ecr_lambda.aws_ecr_repository.this",
            "module.websocket_lambda.null_resource.run_script"
          ],
          "create_before_destroy": true
        },
        {
          "index_key": "18",
          "schema_version": 0,
          "attributes": {
            "cache_key_parameters": [],
            "cache_namespace": "tdh147",
            "connection_id": "",
            "connection_type": "INTERNET",
            "content_handling": "",
            "credentials": "",
            "http_method": "POST",
            "id": "agi-tntpd380l5-tdh147-POST",
            "integration_http_method": "POST",
            "passthrough_behavior": "WHEN_NO_TEMPLATES",
            "region": "us-east-1",
            "request_parameters": {},
            "request_templates": {},
            "resource_id": "tdh147",
            "rest_api_id": "tntpd380l5",
            "timeout_milliseconds": 29000,
            "tls_config": [],
            "type": "AWS_PROXY",
            "uri": "arn:aws:apigateway:us-east-1:lambda:path/2015-03-31/functions/arn:aws:lambda:us-east-1:176343551411:function:dev_logistics_rastreamento/invocations"
          },
          "sensitive_attributes": [],
          "identity_schema_version": 0,
          "private": "bnVsbA==",
          "dependencies": [
            "aws_apigatewayv2_api.websocket_api",
            "module.api_gateway.aws_api_gateway_authorizer.cognito_authorizer",
            "module.api_gateway.aws_api_gateway_method.rest_endpoint_methods",
            "module.api_gateway.aws_api_gateway_resource.base_resources",
            "module.api_gateway.aws_api_gateway_resource.main_resource",
            "module.api_gateway.aws_api_gateway_resource.variable_resources",
            "module.api_gateway.aws_api_gateway_rest_api.rest_api",
            "module.auth_lambda.aws_iam_role.lambda_role",
            "module.auth_lambda.aws_lambda_function.lambda",
            "module.auth_lambda.data.aws_caller_identity.current",
            "module.auth_lambda.data.aws_iam_policy_document.policy_doc",
            "module.auth_lambda.module.repo_ecr_lambda.aws_ecr_repository.this",
            "module.auth_lambda.null_resource.run_script",
            "module.events_queue.aws_sqs_queue.dead_letter_fifo_queue",
            "module.events_queue.aws_sqs_queue.fifo_queue",
            "module.locations_table.aws_dynamodb_table.this",
            "module.notificacoes_lambda.aws_iam_role.lambda_role",
            "module.notificacoes_lambda.aws_lambda_function.lambda",
            "module.notificacoes_lambda.data.aws_caller_identity.current",
            "module.notificacoes_lambda.data.aws_iam_policy_document.policy_doc",
            "module.notificacoes_lambda.module.repo_ecr_lambda.aws_ecr_repository.this",
            "module.notificacoes_lambda.null_resource.run_script",
            "module.notifications_general_topic.aws_sns_topic.this",
            "module.notifications_premium_topic.aws_sns_topic.this",
            "module.notifications_regional_topic.aws_sns_topic.this",
            "module.notifications_table.aws_dynamodb_table.this",
            "module.pedidos_lambda.aws_iam_role.lambda_role",
            "module.pedidos_lambda.aws_lambda_function.lambda",
            "module.pedidos_lambda.data.aws_caller_identity.current",
            "module.pedidos_lambda.data.aws_iam_policy_document.policy_doc",
            "module.pedidos_lambda.module.repo_ecr_lambda.aws_ecr_repository.this",
            "module.pedidos_lambda.null_resource.run_script",
            "module.pedidos_table.aws_dynamodb_table.this",
            "module.rastreamento_lambda.aws_iam_role.lambda_role",
            "module.rastreamento_lambda.aws_lambda_function.lambda",
            "module.rastreamento_lambda.data.aws_caller_identity.current",
            "module.rastreamento_lambda.data.aws_iam_policy_document.policy_doc",
            "module.rastreamento_lambda.module.repo_ecr_lambda.aws_ecr_repository.this",
            "module.rastreamento_lambda.null_resource.run_script",
            "module.users_table.aws_dynamodb_table.this",
            "module.usuarios_lambda.aws_iam_role.lambda_role",
            "module.usuarios_lambda.aws_lambda_function.lambda",
            "module.usuarios_lambda.data.aws_caller_identity.current",
            "module.usuarios_lambda.data.aws_iam_policy_document.policy_doc",
            "module.usuarios_lambda.module.repo_ecr_lambda.aws_ecr_repository.this",
            "module.usuarios_lambda.null_resource.run_script",
            "module.websocket_connections_table.aws_dynamodb_table.this",
            "module.websocket_lambda.aws_iam_role.lambda_role",
            "module.websocket_lambda.aws_lambda_function.lambda",
            "module.websocket_lambda.data.aws_caller_identity.current",
            "module.websocket_lambda.data.aws_iam_policy_document.policy_doc",
            "module.websocket_lambda.module.repo_ecr_lambda.aws_ecr_repository.this",
            "module.websocket_lambda.null_resource.run_script"
          ],
          "create_before_destroy": true
        },
        {
          "index_key": "19",
          "schema_version": 0,
          "attributes": {
            "cache_key_parameters": [],
            "cache_namespace": "bi3fv4",
            "connection_id": "",
            "connection_type": "INTERNET",
            "content_handling": "",
            "credentials": "",
            "http_method": "GET",
            "id": "agi-tntpd380l5-bi3fv4-GET",
            "integration_http_method": "POST",
            "passthrough_behavior": "WHEN_NO_TEMPLATES",
            "region": "us-east-1",
            "request_parameters": {},
            "request_templates": {},
            "resource_id": "bi3fv4",
            "rest_api_id": "tntpd380l5",
            "timeout_milliseconds": 29000,
            "tls_config": [],
            "type": "AWS_PROXY",
            "uri": "arn:aws:apigateway:us-east-1:lambda:path/2015-03-31/functions/arn:aws:lambda:us-east-1:176343551411:function:dev_logistics_rastreamento/invocations"
          },
          "sensitive_attributes": [],
          "identity_schema_version": 0,
          "private": "bnVsbA==",
          "dependencies": [
            "aws_apigatewayv2_api.websocket_api",
            "module.api_gateway.aws_api_gateway_authorizer.cognito_authorizer",
            "module.api_gateway.aws_api_gateway_method.rest_endpoint_methods",
            "module.api_gateway.aws_api_gateway_resource.base_resources",
            "module.api_gateway.aws_api_gateway_resource.main_resource",
            "module.api_gateway.aws_api_gateway_resource.variable_resources",
            "module.api_gateway.aws_api_gateway_rest_api.rest_api",
            "module.auth_lambda.aws_iam_role.lambda_role",
            "module.auth_lambda.aws_lambda_function.lambda",
            "module.auth_lambda.data.aws_caller_identity.current",
            "module.auth_lambda.data.aws_iam_policy_document.policy_doc",
            "module.auth_lambda.module.repo_ecr_lambda.aws_ecr_repository.this",
            "module.auth_lambda.null_resource.run_script",
            "module.events_queue.aws_sqs_queue.dead_letter_fifo_queue",
            "module.events_queue.aws_sqs_queue.fifo_queue",
            "module.locations_table.aws_dynamodb_table.this",
            "module.notificacoes_lambda.aws_iam_role.lambda_role",
            "module.notificacoes_lambda.aws_lambda_function.lambda",
            "module.notificacoes_lambda.data.aws_caller_identity.current",
            "module.notificacoes_lambda.data.aws_iam_policy_document.policy_doc",
            "module.notificacoes_lambda.module.repo_ecr_lambda.aws_ecr_repository.this",
            "module.notificacoes_lambda.null_resource.run_script",
            "module.notifications_general_topic.aws_sns_topic.this",
            "module.notifications_premium_topic.aws_sns_topic.this",
            "module.notifications_regional_topic.aws_sns_topic.this",
            "module.notifications_table.aws_dynamodb_table.this",
            "module.pedidos_lambda.aws_iam_role.lambda_role",
            "module.pedidos_lambda.aws_lambda_function.lambda",
            "module.pedidos_lambda.data.aws_caller_identity.current",
            "module.pedidos_lambda.data.aws_iam_policy_document.policy_doc",
            "module.pedidos_lambda.module.repo_ecr_lambda.aws_ecr_repository.this",
            "module.pedidos_lambda.null_resource.run_script",
            "module.pedidos_table.aws_dynamodb_table.this",
            "module.rastreamento_lambda.aws_iam_role.lambda_role",
            "module.rastreamento_lambda.aws_lambda_function.lambda",
            "module.rastreamento_lambda.data.aws_caller_identity.current",
            "module.rastreamento_lambda.data.aws_iam_policy_document.policy_doc",
            "module.rastreamento_lambda.module.repo_ecr_lambda.aws_ecr_repository.this",
            "module.rastreamento_lambda.null_resource.run_script",
            "module.users_table.aws_dynamodb_table.this",
            "module.usuarios_lambda.aws_iam_role.lambda_role",
            "module.usuarios_lambda.aws_lambda_function.lambda",
            "module.usuarios_lambda.data.aws_caller_identity.current",
            "module.usuarios_lambda.data.aws_iam_policy_document.policy_doc",
            "module.usuarios_lambda.module.repo_ecr_lambda.aws_ecr_repository.this",
            "module.usuarios_lambda.null_resource.run_script",
            "module.websocket_connections_table.aws_dynamodb_table.this",
            "module.websocket_lambda.aws_iam_role.lambda_role",
            "module.websocket_lambda.aws_lambda_function.lambda",
            "module.websocket_lambda.data.aws_caller_identity.current",
            "module.websocket_lambda.data.aws_iam_policy_document.policy_doc",
            "module.websocket_lambda.module.repo_ecr_lambda.aws_ecr_repository.this",
            "module.websocket_lambda.null_resource.run_script"
          ],
          "create_before_destroy": true
        },
        {
          "index_key": "2",
          "schema_version": 0,
          "attributes": {
            "cache_key_parameters": [],
            "cache_namespace": "ogb8u4",
            "connection_id": "",
            "connection_type": "INTERNET",
            "content_handling": "",
            "credentials": "",
            "http_method": "POST",
            "id": "agi-tntpd380l5-ogb8u4-POST",
            "integration_http_method": "POST",
            "passthrough_behavior": "WHEN_NO_TEMPLATES",
            "region": "us-east-1",
            "request_parameters": {},
            "request_templates": {},
            "resource_id": "ogb8u4",
            "rest_api_id": "tntpd380l5",
            "timeout_milliseconds": 29000,
            "tls_config": [],
            "type": "AWS_PROXY",
            "uri": "arn:aws:apigateway:us-east-1:lambda:path/2015-03-31/functions/arn:aws:lambda:us-east-1:176343551411:function:dev_logistics_usuarios/invocations"
          },
          "sensitive_attributes": [],
          "identity_schema_version": 0,
          "private": "bnVsbA==",
          "dependencies": [
            "aws_apigatewayv2_api.websocket_api",
            "module.api_gateway.aws_api_gateway_authorizer.cognito_authorizer",
            "module.api_gateway.aws_api_gateway_method.rest_endpoint_methods",
            "module.api_gateway.aws_api_gateway_resource.base_resources",
            "module.api_gateway.aws_api_gateway_resource.main_resource",
            "module.api_gateway.aws_api_gateway_resource.variable_resources",
            "module.api_gateway.aws_api_gateway_rest_api.rest_api",
            "module.auth_lambda.aws_iam_role.lambda_role",
            "module.auth_lambda.aws_lambda_function.lambda",
            "module.auth_lambda.data.aws_caller_identity.current",
            "module.auth_lambda.data.aws_iam_policy_document.policy_doc",
            "module.auth_lambda.module.repo_ecr_lambda.aws_ecr_repository.this",
            "module.auth_lambda.null_resource.run_script",
            "module.events_queue.aws_sqs_queue.dead_letter_fifo_queue",
            "module.events_queue.aws_sqs_queue.fifo_queue",
            "module.locations_table.aws_dynamodb_table.this",
            "module.notificacoes_lambda.aws_iam_role.lambda_role",
            "module.notificacoes_lambda.aws_lambda_function.lambda",
            "module.notificacoes_lambda.data.aws_caller_identity.current",
            "module.notificacoes_lambda.data.aws_iam_policy_document.policy_doc",
            "module.notificacoes_lambda.module.repo_ecr_lambda.aws_ecr_repository.this",
            "module.notificacoes_lambda.null_resource.run_script",
            "module.notifications_general_topic.aws_sns_topic.this",
            "module.notifications_premium_topic.aws_sns_topic.this",
            "module.notifications_regional_topic.aws_sns_topic.this",
            "module.notifications_table.aws_dynamodb_table.this",
            "module.pedidos_lambda.aws_iam_role.lambda_role",
            "module.pedidos_lambda.aws_lambda_function.lambda",
            "module.pedidos_lambda.data.aws_caller_identity.current",
            "module.pedidos_lambda.data.aws_iam_policy_document.policy_doc",
            "module.pedidos_lambda.module.repo_ecr_lambda.aws_ecr_repository.this",
            "module.pedidos_lambda.null_resource.run_script",
            "module.pedidos_table.aws_dynamodb_table.this",
            "module.rastreamento_lambda.aws_iam_role.lambda_role",
            "module.rastreamento_lambda.aws_lambda_function.lambda",
            "module.rastreamento_lambda.data.aws_caller_identity.current",
            "module.rastreamento_lambda.data.aws_iam_policy_document.policy_doc",
            "module.rastreamento_lambda.module.repo_ecr_lambda.aws_ecr_repository.this",
            "module.rastreamento_lambda.null_resource.run_script",
            "module.users_table.aws_dynamodb_table.this",
            "module.usuarios_lambda.aws_iam_role.lambda_role",
            "module.usuarios_lambda.aws_lambda_function.lambda",
            "module.usuarios_lambda.data.aws_caller_identity.current",
            "module.usuarios_lambda.data.aws_iam_policy_document.policy_doc",
            "module.usuarios_lambda.module.repo_ecr_lambda.aws_ecr_repository.this",
            "module.usuarios_lambda.null_resource.run_script",
            "module.websocket_connections_table.aws_dynamodb_table.this",
            "module.websocket_lambda.aws_iam_role.lambda_role",
            "module.websocket_lambda.aws_lambda_function.lambda",
            "module.websocket_lambda.data.aws_caller_identity.current",
            "module.websocket_lambda.data.aws_iam_policy_document.policy_doc",
            "module.websocket_lambda.module.repo_ecr_lambda.aws_ecr_repository.this",
            "module.websocket_lambda.null_resource.run_script"
          ],
          "create_before_destroy": true
        },
        {
          "index_key": "20",
          "schema_version": 0,
          "attributes": {
            "cache_key_parameters": [],
            "cache_namespace": "fp56js",
            "connection_id": "",
            "connection_type": "INTERNET",
            "content_handling": "",
            "credentials": "",
            "http_method": "POST",
            "id": "agi-tntpd380l5-fp56js-POST",
            "integration_http_method": "POST",
            "passthrough_behavior": "WHEN_NO_TEMPLATES",
            "region": "us-east-1",
            "request_parameters": {},
            "request_templates": {},
            "resource_id": "fp56js",
            "rest_api_id": "tntpd380l5",
            "timeout_milliseconds": 29000,
            "tls_config": [],
            "type": "AWS_PROXY",
            "uri": "arn:aws:apigateway:us-east-1:lambda:path/2015-03-31/functions/arn:aws:lambda:us-east-1:176343551411:function:dev_logistics_rastreamento/invocations"
          },
          "sensitive_attributes": [],
          "identity_schema_version": 0,
          "private": "bnVsbA==",
          "dependencies": [
            "aws_apigatewayv2_api.websocket_api",
            "module.api_gateway.aws_api_gateway_authorizer.cognito_authorizer",
            "module.api_gateway.aws_api_gateway_method.rest_endpoint_methods",
            "module.api_gateway.aws_api_gateway_resource.base_resources",
            "module.api_gateway.aws_api_gateway_resource.main_resource",
            "module.api_gateway.aws_api_gateway_resource.variable_resources",
            "module.api_gateway.aws_api_gateway_rest_api.rest_api",
            "module.auth_lambda.aws_iam_role.lambda_role",
            "module.auth_lambda.aws_lambda_function.lambda",
            "module.auth_lambda.data.aws_caller_identity.current",
            "module.auth_lambda.data.aws_iam_policy_document.policy_doc",
            "module.auth_lambda.module.repo_ecr_lambda.aws_ecr_repository.this",
            "module.auth_lambda.null_resource.run_script",
            "module.events_queue.aws_sqs_queue.dead_letter_fifo_queue",
            "module.events_queue.aws_sqs_queue.fifo_queue",
            "module.locations_table.aws_dynamodb_table.this",
            "module.notificacoes_lambda.aws_iam_role.lambda_role",
            "module.notificacoes_lambda.aws_lambda_function.lambda",
            "module.notificacoes_lambda.data.aws_caller_identity.current",
            "module.notificacoes_lambda.data.aws_iam_policy_document.policy_doc",
            "module.notificacoes_lambda.module.repo_ecr_lambda.aws_ecr_repository.this",
            "module.notificacoes_lambda.null_resource.run_script",
            "module.notifications_general_topic.aws_sns_topic.this",
            "module.notifications_premium_topic.aws_sns_topic.this",
            "module.notifications_regional_topic.aws_sns_topic.this",
            "module.notifications_table.aws_dynamodb_table.this",
            "module.pedidos_lambda.aws_iam_role.lambda_role",
            "module.pedidos_lambda.aws_lambda_function.lambda",
            "module.pedidos_lambda.data.aws_caller_identity.current",
            "module.pedidos_lambda.data.aws_iam_policy_document.policy_doc",
            "module.pedidos_lambda.module.repo_ecr_lambda.aws_ecr_repository.this",
            "module.pedidos_lambda.null_resource.run_script",
            "module.pedidos_table.aws_dynamodb_table.this",
            "module.rastreamento_lambda.aws_iam_role.lambda_role",
            "module.rastreamento_lambda.aws_lambda_function.lambda",
            "module.rastreamento_lambda.data.aws_caller_identity.current",
            "module.rastreamento_lambda.data.aws_iam_policy_document.policy_doc",
            "module.rastreamento_lambda.module.repo_ecr_lambda.aws_ecr_repository.this",
            "module.rastreamento_lambda.null_resource.run_script",
            "module.users_table.aws_dynamodb_table.this",
            "module.usuarios_lambda.aws_iam_role.lambda_role",
            "module.usuarios_lambda.aws_lambda_function.lambda",
            "module.usuarios_lambda.data.aws_caller_identity.current",
            "module.usuarios_lambda.data.aws_iam_policy_document.policy_doc",
            "module.usuarios_lambda.module.repo_ecr_lambda.aws_ecr_repository.this",
            "module.usuarios_lambda.null_resource.run_script",
            "module.websocket_connections_table.aws_dynamodb_table.this",
            "module.websocket_lambda.aws_iam_role.lambda_role",
            "module.websocket_lambda.aws_lambda_function.lambda",
            "module.websocket_lambda.data.aws_caller_identity.current",
            "module.websocket_lambda.data.aws_iam_policy_document.policy_doc",
            "module.websocket_lambda.module.repo_ecr_lambda.aws_ecr_repository.this",
            "module.websocket_lambda.null_resource.run_script"
          ],
          "create_before_destroy": true
        },
        {
          "index_key": "3",
          "schema_version": 0,
          "attributes": {
            "cache_key_parameters": [],
            "cache_namespace": "r5dtyo",
            "connection_id": "",
            "connection_type": "INTERNET",
            "content_handling": "",
            "credentials": "",
            "http_method": "POST",
            "id": "agi-tntpd380l5-r5dtyo-POST",
            "integration_http_method": "POST",
            "passthrough_behavior": "WHEN_NO_TEMPLATES",
            "region": "us-east-1",
            "request_parameters": {},
            "request_templates": {},
            "resource_id": "r5dtyo",
            "rest_api_id": "tntpd380l5",
            "timeout_milliseconds": 29000,
            "tls_config": [],
            "type": "AWS_PROXY",
            "uri": "arn:aws:apigateway:us-east-1:lambda:path/2015-03-31/functions/arn:aws:lambda:us-east-1:176343551411:function:dev_logistics_usuarios/invocations"
          },
          "sensitive_attributes": [],
          "identity_schema_version": 0,
          "private": "bnVsbA==",
          "dependencies": [
            "aws_apigatewayv2_api.websocket_api",
            "module.api_gateway.aws_api_gateway_authorizer.cognito_authorizer",
            "module.api_gateway.aws_api_gateway_method.rest_endpoint_methods",
            "module.api_gateway.aws_api_gateway_resource.base_resources",
            "module.api_gateway.aws_api_gateway_resource.main_resource",
            "module.api_gateway.aws_api_gateway_resource.variable_resources",
            "module.api_gateway.aws_api_gateway_rest_api.rest_api",
            "module.auth_lambda.aws_iam_role.lambda_role",
            "module.auth_lambda.aws_lambda_function.lambda",
            "module.auth_lambda.data.aws_caller_identity.current",
            "module.auth_lambda.data.aws_iam_policy_document.policy_doc",
            "module.auth_lambda.module.repo_ecr_lambda.aws_ecr_repository.this",
            "module.auth_lambda.null_resource.run_script",
            "module.events_queue.aws_sqs_queue.dead_letter_fifo_queue",
            "module.events_queue.aws_sqs_queue.fifo_queue",
            "module.locations_table.aws_dynamodb_table.this",
            "module.notificacoes_lambda.aws_iam_role.lambda_role",
            "module.notificacoes_lambda.aws_lambda_function.lambda",
            "module.notificacoes_lambda.data.aws_caller_identity.current",
            "module.notificacoes_lambda.data.aws_iam_policy_document.policy_doc",
            "module.notificacoes_lambda.module.repo_ecr_lambda.aws_ecr_repository.this",
            "module.notificacoes_lambda.null_resource.run_script",
            "module.notifications_general_topic.aws_sns_topic.this",
            "module.notifications_premium_topic.aws_sns_topic.this",
            "module.notifications_regional_topic.aws_sns_topic.this",
            "module.notifications_table.aws_dynamodb_table.this",
            "module.pedidos_lambda.aws_iam_role.lambda_role",
            "module.pedidos_lambda.aws_lambda_function.lambda",
            "module.pedidos_lambda.data.aws_caller_identity.current",
            "module.pedidos_lambda.data.aws_iam_policy_document.policy_doc",
            "module.pedidos_lambda.module.repo_ecr_lambda.aws_ecr_repository.this",
            "module.pedidos_lambda.null_resource.run_script",
            "module.pedidos_table.aws_dynamodb_table.this",
            "module.rastreamento_lambda.aws_iam_role.lambda_role",
            "module.rastreamento_lambda.aws_lambda_function.lambda",
            "module.rastreamento_lambda.data.aws_caller_identity.current",
            "module.rastreamento_lambda.data.aws_iam_policy_document.policy_doc",
            "module.rastreamento_lambda.module.repo_ecr_lambda.aws_ecr_repository.this",
            "module.rastreamento_lambda.null_resource.run_script",
            "module.users_table.aws_dynamodb_table.this",
            "module.usuarios_lambda.aws_iam_role.lambda_role",
            "module.usuarios_lambda.aws_lambda_function.lambda",
            "module.usuarios_lambda.data.aws_caller_identity.current",
            "module.usuarios_lambda.data.aws_iam_policy_document.policy_doc",
            "module.usuarios_lambda.module.repo_ecr_lambda.aws_ecr_repository.this",
            "module.usuarios_lambda.null_resource.run_script",
            "module.websocket_connections_table.aws_dynamodb_table.this",
            "module.websocket_lambda.aws_iam_role.lambda_role",
            "module.websocket_lambda.aws_lambda_function.lambda",
            "module.websocket_lambda.data.aws_caller_identity.current",
            "module.websocket_lambda.data.aws_iam_policy_document.policy_doc",
            "module.websocket_lambda.module.repo_ecr_lambda.aws_ecr_repository.this",
            "module.websocket_lambda.null_resource.run_script"
          ],
          "create_before_destroy": true
        },
        {
          "index_key": "4",
          "schema_version": 0,
          "attributes": {
            "cache_key_parameters": [],
            "cache_namespace": "42swa8",
            "connection_id": "",
            "connection_type": "INTERNET",
            "content_handling": "",
            "credentials": "",
            "http_method": "POST",
            "id": "agi-tntpd380l5-42swa8-POST",
            "integration_http_method": "POST",
            "passthrough_behavior": "WHEN_NO_TEMPLATES",
            "region": "us-east-1",
            "request_parameters": {},
            "request_templates": {},
            "resource_id": "42swa8",
            "rest_api_id": "tntpd380l5",
            "timeout_milliseconds": 29000,
            "tls_config": [],
            "type": "AWS_PROXY",
            "uri": "arn:aws:apigateway:us-east-1:lambda:path/2015-03-31/functions/arn:aws:lambda:us-east-1:176343551411:function:dev_logistics_pedidos/invocations"
          },
          "sensitive_attributes": [],
          "identity_schema_version": 0,
          "private": "bnVsbA==",
          "dependencies": [
            "aws_apigatewayv2_api.websocket_api",
            "module.api_gateway.aws_api_gateway_authorizer.cognito_authorizer",
            "module.api_gateway.aws_api_gateway_method.rest_endpoint_methods",
            "module.api_gateway.aws_api_gateway_resource.base_resources",
            "module.api_gateway.aws_api_gateway_resource.main_resource",
            "module.api_gateway.aws_api_gateway_resource.variable_resources",
            "module.api_gateway.aws_api_gateway_rest_api.rest_api",
            "module.auth_lambda.aws_iam_role.lambda_role",
            "module.auth_lambda.aws_lambda_function.lambda",
            "module.auth_lambda.data.aws_caller_identity.current",
            "module.auth_lambda.data.aws_iam_policy_document.policy_doc",
            "module.auth_lambda.module.repo_ecr_lambda.aws_ecr_repository.this",
            "module.auth_lambda.null_resource.run_script",
            "module.events_queue.aws_sqs_queue.dead_letter_fifo_queue",
            "module.events_queue.aws_sqs_queue.fifo_queue",
            "module.locations_table.aws_dynamodb_table.this",
            "module.notificacoes_lambda.aws_iam_role.lambda_role",
            "module.notificacoes_lambda.aws_lambda_function.lambda",
            "module.notificacoes_lambda.data.aws_caller_identity.current",
            "module.notificacoes_lambda.data.aws_iam_policy_document.policy_doc",
            "module.notificacoes_lambda.module.repo_ecr_lambda.aws_ecr_repository.this",
            "module.notificacoes_lambda.null_resource.run_script",
            "module.notifications_general_topic.aws_sns_topic.this",
            "module.notifications_premium_topic.aws_sns_topic.this",
            "module.notifications_regional_topic.aws_sns_topic.this",
            "module.notifications_table.aws_dynamodb_table.this",
            "module.pedidos_lambda.aws_iam_role.lambda_role",
            "module.pedidos_lambda.aws_lambda_function.lambda",
            "module.pedidos_lambda.data.aws_caller_identity.current",
            "module.pedidos_lambda.data.aws_iam_policy_document.policy_doc",
            "module.pedidos_lambda.module.repo_ecr_lambda.aws_ecr_repository.this",
            "module.pedidos_lambda.null_resource.run_script",
            "module.pedidos_table.aws_dynamodb_table.this",
            "module.rastreamento_lambda.aws_iam_role.lambda_role",
            "module.rastreamento_lambda.aws_lambda_function.lambda",
            "module.rastreamento_lambda.data.aws_caller_identity.current",
            "module.rastreamento_lambda.data.aws_iam_policy_document.policy_doc",
            "module.rastreamento_lambda.module.repo_ecr_lambda.aws_ecr_repository.this",
            "module.rastreamento_lambda.null_resource.run_script",
            "module.users_table.aws_dynamodb_table.this",
            "module.usuarios_lambda.aws_iam_role.lambda_role",
            "module.usuarios_lambda.aws_lambda_function.lambda",
            "module.usuarios_lambda.data.aws_caller_identity.current",
            "module.usuarios_lambda.data.aws_iam_policy_document.policy_doc",
            "module.usuarios_lambda.module.repo_ecr_lambda.aws_ecr_repository.this",
            "module.usuarios_lambda.null_resource.run_script",
            "module.websocket_connections_table.aws_dynamodb_table.this",
            "module.websocket_lambda.aws_iam_role.lambda_role",
            "module.websocket_lambda.aws_lambda_function.lambda",
            "module.websocket_lambda.data.aws_caller_identity.current",
            "module.websocket_lambda.data.aws_iam_policy_document.policy_doc",
            "module.websocket_lambda.module.repo_ecr_lambda.aws_ecr_repository.this",
            "module.websocket_lambda.null_resource.run_script"
          ],
          "create_before_destroy": true
        },
        {
          "index_key": "5",
          "schema_version": 0,
          "attributes": {
            "cache_key_parameters": [],
            "cache_namespace": "2cdpbl",
            "connection_id": "",
            "connection_type": "INTERNET",
            "content_handling": "",
            "credentials": "",
            "http_method": "GET",
            "id": "agi-tntpd380l5-2cdpbl-GET",
            "integration_http_method": "POST",
            "passthrough_behavior": "WHEN_NO_TEMPLATES",
            "region": "us-east-1",
            "request_parameters": {},
            "request_templates": {},
            "resource_id": "2cdpbl",
            "rest_api_id": "tntpd380l5",
            "timeout_milliseconds": 29000,
            "tls_config": [],
            "type": "AWS_PROXY",
            "uri": "arn:aws:apigateway:us-east-1:lambda:path/2015-03-31/functions/arn:aws:lambda:us-east-1:176343551411:function:dev_logistics_pedidos/invocations"
          },
          "sensitive_attributes": [],
          "identity_schema_version": 0,
          "private": "bnVsbA==",
          "dependencies": [
            "aws_apigatewayv2_api.websocket_api",
            "module.api_gateway.aws_api_gateway_authorizer.cognito_authorizer",
            "module.api_gateway.aws_api_gateway_method.rest_endpoint_methods",
            "module.api_gateway.aws_api_gateway_resource.base_resources",
            "module.api_gateway.aws_api_gateway_resource.main_resource",
            "module.api_gateway.aws_api_gateway_resource.variable_resources",
            "module.api_gateway.aws_api_gateway_rest_api.rest_api",
            "module.auth_lambda.aws_iam_role.lambda_role",
            "module.auth_lambda.aws_lambda_function.lambda",
            "module.auth_lambda.data.aws_caller_identity.current",
            "module.auth_lambda.data.aws_iam_policy_document.policy_doc",
            "module.auth_lambda.module.repo_ecr_lambda.aws_ecr_repository.this",
            "module.auth_lambda.null_resource.run_script",
            "module.events_queue.aws_sqs_queue.dead_letter_fifo_queue",
            "module.events_queue.aws_sqs_queue.fifo_queue",
            "module.locations_table.aws_dynamodb_table.this",
            "module.notificacoes_lambda.aws_iam_role.lambda_role",
            "module.notificacoes_lambda.aws_lambda_function.lambda",
            "module.notificacoes_lambda.data.aws_caller_identity.current",
            "module.notificacoes_lambda.data.aws_iam_policy_document.policy_doc",
            "module.notificacoes_lambda.module.repo_ecr_lambda.aws_ecr_repository.this",
            "module.notificacoes_lambda.null_resource.run_script",
            "module.notifications_general_topic.aws_sns_topic.this",
            "module.notifications_premium_topic.aws_sns_topic.this",
            "module.notifications_regional_topic.aws_sns_topic.this",
            "module.notifications_table.aws_dynamodb_table.this",
            "module.pedidos_lambda.aws_iam_role.lambda_role",
            "module.pedidos_lambda.aws_lambda_function.lambda",
            "module.pedidos_lambda.data.aws_caller_identity.current",
            "module.pedidos_lambda.data.aws_iam_policy_document.policy_doc",
            "module.pedidos_lambda.module.repo_ecr_lambda.aws_ecr_repository.this",
            "module.pedidos_lambda.null_resource.run_script",
            "module.pedidos_table.aws_dynamodb_table.this",
            "module.rastreamento_lambda.aws_iam_role.lambda_role",
            "module.rastreamento_lambda.aws_lambda_function.lambda",
            "module.rastreamento_lambda.data.aws_caller_identity.current",
            "module.rastreamento_lambda.data.aws_iam_policy_document.policy_doc",
            "module.rastreamento_lambda.module.repo_ecr_lambda.aws_ecr_repository.this",
            "module.rastreamento_lambda.null_resource.run_script",
            "module.users_table.aws_dynamodb_table.this",
            "module.usuarios_lambda.aws_iam_role.lambda_role",
            "module.usuarios_lambda.aws_lambda_function.lambda",
            "module.usuarios_lambda.data.aws_caller_identity.current",
            "module.usuarios_lambda.data.aws_iam_policy_document.policy_doc",
            "module.usuarios_lambda.module.repo_ecr_lambda.aws_ecr_repository.this",
            "module.usuarios_lambda.null_resource.run_script",
            "module.websocket_connections_table.aws_dynamodb_table.this",
            "module.websocket_lambda.aws_iam_role.lambda_role",
            "module.websocket_lambda.aws_lambda_function.lambda",
            "module.websocket_lambda.data.aws_caller_identity.current",
            "module.websocket_lambda.data.aws_iam_policy_document.policy_doc",
            "module.websocket_lambda.module.repo_ecr_lambda.aws_ecr_repository.this",
            "module.websocket_lambda.null_resource.run_script"
          ],
          "create_before_destroy": true
        },
        {
          "index_key": "6",
          "schema_version": 0,
          "attributes": {
            "cache_key_parameters": [],
            "cache_namespace": "x6gewu",
            "connection_id": "",
            "connection_type": "INTERNET",
            "content_handling": "",
            "credentials": "",
            "http_method": "GET",
            "id": "agi-tntpd380l5-x6gewu-GET",
            "integration_http_method": "POST",
            "passthrough_behavior": "WHEN_NO_TEMPLATES",
            "region": "us-east-1",
            "request_parameters": {},
            "request_templates": {},
            "resource_id": "x6gewu",
            "rest_api_id": "tntpd380l5",
            "timeout_milliseconds": 29000,
            "tls_config": [],
            "type": "AWS_PROXY",
            "uri": "arn:aws:apigateway:us-east-1:lambda:path/2015-03-31/functions/arn:aws:lambda:us-east-1:176343551411:function:dev_logistics_pedidos/invocations"
          },
          "sensitive_attributes": [],
          "identity_schema_version": 0,
          "private": "bnVsbA==",
          "dependencies": [
            "aws_apigatewayv2_api.websocket_api",
            "module.api_gateway.aws_api_gateway_authorizer.cognito_authorizer",
            "module.api_gateway.aws_api_gateway_method.rest_endpoint_methods",
            "module.api_gateway.aws_api_gateway_resource.base_resources",
            "module.api_gateway.aws_api_gateway_resource.main_resource",
            "module.api_gateway.aws_api_gateway_resource.variable_resources",
            "module.api_gateway.aws_api_gateway_rest_api.rest_api",
            "module.auth_lambda.aws_iam_role.lambda_role",
            "module.auth_lambda.aws_lambda_function.lambda",
            "module.auth_lambda.data.aws_caller_identity.current",
            "module.auth_lambda.data.aws_iam_policy_document.policy_doc",
            "module.auth_lambda.module.repo_ecr_lambda.aws_ecr_repository.this",
            "module.auth_lambda.null_resource.run_script",
            "module.events_queue.aws_sqs_queue.dead_letter_fifo_queue",
            "module.events_queue.aws_sqs_queue.fifo_queue",
            "module.locations_table.aws_dynamodb_table.this",
            "module.notificacoes_lambda.aws_iam_role.lambda_role",
            "module.notificacoes_lambda.aws_lambda_function.lambda",
            "module.notificacoes_lambda.data.aws_caller_identity.current",
            "module.notificacoes_lambda.data.aws_iam_policy_document.policy_doc",
            "module.notificacoes_lambda.module.repo_ecr_lambda.aws_ecr_repository.this",
            "module.notificacoes_lambda.null_resource.run_script",
            "module.notifications_general_topic.aws_sns_topic.this",
            "module.notifications_premium_topic.aws_sns_topic.this",
            "module.notifications_regional_topic.aws_sns_topic.this",
            "module.notifications_table.aws_dynamodb_table.this",
            "module.pedidos_lambda.aws_iam_role.lambda_role",
            "module.pedidos_lambda.aws_lambda_function.lambda",
            "module.pedidos_lambda.data.aws_caller_identity.current",
            "module.pedidos_lambda.data.aws_iam_policy_document.policy_doc",
            "module.pedidos_lambda.module.repo_ecr_lambda.aws_ecr_repository.this",
            "module.pedidos_lambda.null_resource.run_script",
            "module.pedidos_table.aws_dynamodb_table.this",
            "module.rastreamento_lambda.aws_iam_role.lambda_role",
            "module.rastreamento_lambda.aws_lambda_function.lambda",
            "module.rastreamento_lambda.data.aws_caller_identity.current",
            "module.rastreamento_lambda.data.aws_iam_policy_document.policy_doc",
            "module.rastreamento_lambda.module.repo_ecr_lambda.aws_ecr_repository.this",
            "module.rastreamento_lambda.null_resource.run_script",
            "module.users_table.aws_dynamodb_table.this",
            "module.usuarios_lambda.aws_iam_role.lambda_role",
            "module.usuarios_lambda.aws_lambda_function.lambda",
            "module.usuarios_lambda.data.aws_caller_identity.current",
            "module.usuarios_lambda.data.aws_iam_policy_document.policy_doc",
            "module.usuarios_lambda.module.repo_ecr_lambda.aws_ecr_repository.this",
            "module.usuarios_lambda.null_resource.run_script",
            "module.websocket_connections_table.aws_dynamodb_table.this",
            "module.websocket_lambda.aws_iam_role.lambda_role",
            "module.websocket_lambda.aws_lambda_function.lambda",
            "module.websocket_lambda.data.aws_caller_identity.current",
            "module.websocket_lambda.data.aws_iam_policy_document.policy_doc",
            "module.websocket_lambda.module.repo_ecr_lambda.aws_ecr_repository.this",
            "module.websocket_lambda.null_resource.run_script"
          ],
          "create_before_destroy": true
        },
        {
          "index_key": "7",
          "schema_version": 0,
          "attributes": {
            "cache_key_parameters": [],
            "cache_namespace": "pswbyy",
            "connection_id": "",
            "connection_type": "INTERNET",
            "content_handling": "",
            "credentials": "",
            "http_method": "GET",
            "id": "agi-tntpd380l5-pswbyy-GET",
            "integration_http_method": "POST",
            "passthrough_behavior": "WHEN_NO_TEMPLATES",
            "region": "us-east-1",
            "request_parameters": {},
            "request_templates": {},
            "resource_id": "pswbyy",
            "rest_api_id": "tntpd380l5",
            "timeout_milliseconds": 29000,
            "tls_config": [],
            "type": "AWS_PROXY",
            "uri": "arn:aws:apigateway:us-east-1:lambda:path/2015-03-31/functions/arn:aws:lambda:us-east-1:176343551411:function:dev_logistics_pedidos/invocations"
          },
          "sensitive_attributes": [],
          "identity_schema_version": 0,
          "private": "bnVsbA==",
          "dependencies": [
            "aws_apigatewayv2_api.websocket_api",
            "module.api_gateway.aws_api_gateway_authorizer.cognito_authorizer",
            "module.api_gateway.aws_api_gateway_method.rest_endpoint_methods",
            "module.api_gateway.aws_api_gateway_resource.base_resources",
            "module.api_gateway.aws_api_gateway_resource.main_resource",
            "module.api_gateway.aws_api_gateway_resource.variable_resources",
            "module.api_gateway.aws_api_gateway_rest_api.rest_api",
            "module.auth_lambda.aws_iam_role.lambda_role",
            "module.auth_lambda.aws_lambda_function.lambda",
            "module.auth_lambda.data.aws_caller_identity.current",
            "module.auth_lambda.data.aws_iam_policy_document.policy_doc",
            "module.auth_lambda.module.repo_ecr_lambda.aws_ecr_repository.this",
            "module.auth_lambda.null_resource.run_script",
            "module.events_queue.aws_sqs_queue.dead_letter_fifo_queue",
            "module.events_queue.aws_sqs_queue.fifo_queue",
            "module.locations_table.aws_dynamodb_table.this",
            "module.notificacoes_lambda.aws_iam_role.lambda_role",
            "module.notificacoes_lambda.aws_lambda_function.lambda",
            "module.notificacoes_lambda.data.aws_caller_identity.current",
            "module.notificacoes_lambda.data.aws_iam_policy_document.policy_doc",
            "module.notificacoes_lambda.module.repo_ecr_lambda.aws_ecr_repository.this",
            "module.notificacoes_lambda.null_resource.run_script",
            "module.notifications_general_topic.aws_sns_topic.this",
            "module.notifications_premium_topic.aws_sns_topic.this",
            "module.notifications_regional_topic.aws_sns_topic.this",
            "module.notifications_table.aws_dynamodb_table.this",
            "module.pedidos_lambda.aws_iam_role.lambda_role",
            "module.pedidos_lambda.aws_lambda_function.lambda",
            "module.pedidos_lambda.data.aws_caller_identity.current",
            "module.pedidos_lambda.data.aws_iam_policy_document.policy_doc",
            "module.pedidos_lambda.module.repo_ecr_lambda.aws_ecr_repository.this",
            "module.pedidos_lambda.null_resource.run_script",
            "module.pedidos_table.aws_dynamodb_table.this",
            "module.rastreamento_lambda.aws_iam_role.lambda_role",
            "module.rastreamento_lambda.aws_lambda_function.lambda",
            "module.rastreamento_lambda.data.aws_caller_identity.current",
            "module.rastreamento_lambda.data.aws_iam_policy_document.policy_doc",
            "module.rastreamento_lambda.module.repo_ecr_lambda.aws_ecr_repository.this",
            "module.rastreamento_lambda.null_resource.run_script",
            "module.users_table.aws_dynamodb_table.this",
            "module.usuarios_lambda.aws_iam_role.lambda_role",
            "module.usuarios_lambda.aws_lambda_function.lambda",
            "module.usuarios_lambda.data.aws_caller_identity.current",
            "module.usuarios_lambda.data.aws_iam_policy_document.policy_doc",
            "module.usuarios_lambda.module.repo_ecr_lambda.aws_ecr_repository.this",
            "module.usuarios_lambda.null_resource.run_script",
            "module.websocket_connections_table.aws_dynamodb_table.this",
            "module.websocket_lambda.aws_iam_role.lambda_role",
            "module.websocket_lambda.aws_lambda_function.lambda",
            "module.websocket_lambda.data.aws_caller_identity.current",
            "module.websocket_lambda.data.aws_iam_policy_document.policy_doc",
            "module.websocket_lambda.module.repo_ecr_lambda.aws_ecr_repository.this",
            "module.websocket_lambda.null_resource.run_script"
          ],
          "create_before_destroy": true
        },
        {
          "index_key": "8",
          "schema_version": 0,
          "attributes": {
            "cache_key_parameters": [],
            "cache_namespace": "5brkgs",
            "connection_id": "",
            "connection_type": "INTERNET",
            "content_handling": "",
            "credentials": "",
            "http_method": "PATCH",
            "id": "agi-tntpd380l5-5brkgs-PATCH",
            "integration_http_method": "POST",
            "passthrough_behavior": "WHEN_NO_TEMPLATES",
            "region": "us-east-1",
            "request_parameters": {},
            "request_templates": {},
            "resource_id": "5brkgs",
            "rest_api_id": "tntpd380l5",
            "timeout_milliseconds": 29000,
            "tls_config": [],
            "type": "AWS_PROXY",
            "uri": "arn:aws:apigateway:us-east-1:lambda:path/2015-03-31/functions/arn:aws:lambda:us-east-1:176343551411:function:dev_logistics_pedidos/invocations"
          },
          "sensitive_attributes": [],
          "identity_schema_version": 0,
          "private": "bnVsbA==",
          "dependencies": [
            "aws_apigatewayv2_api.websocket_api",
            "module.api_gateway.aws_api_gateway_authorizer.cognito_authorizer",
            "module.api_gateway.aws_api_gateway_method.rest_endpoint_methods",
            "module.api_gateway.aws_api_gateway_resource.base_resources",
            "module.api_gateway.aws_api_gateway_resource.main_resource",
            "module.api_gateway.aws_api_gateway_resource.variable_resources",
            "module.api_gateway.aws_api_gateway_rest_api.rest_api",
            "module.auth_lambda.aws_iam_role.lambda_role",
            "module.auth_lambda.aws_lambda_function.lambda",
            "module.auth_lambda.data.aws_caller_identity.current",
            "module.auth_lambda.data.aws_iam_policy_document.policy_doc",
            "module.auth_lambda.module.repo_ecr_lambda.aws_ecr_repository.this",
            "module.auth_lambda.null_resource.run_script",
            "module.events_queue.aws_sqs_queue.dead_letter_fifo_queue",
            "module.events_queue.aws_sqs_queue.fifo_queue",
            "module.locations_table.aws_dynamodb_table.this",
            "module.notificacoes_lambda.aws_iam_role.lambda_role",
            "module.notificacoes_lambda.aws_lambda_function.lambda",
            "module.notificacoes_lambda.data.aws_caller_identity.current",
            "module.notificacoes_lambda.data.aws_iam_policy_document.policy_doc",
            "module.notificacoes_lambda.module.repo_ecr_lambda.aws_ecr_repository.this",
            "module.notificacoes_lambda.null_resource.run_script",
            "module.notifications_general_topic.aws_sns_topic.this",
            "module.notifications_premium_topic.aws_sns_topic.this",
            "module.notifications_regional_topic.aws_sns_topic.this",
            "module.notifications_table.aws_dynamodb_table.this",
            "module.pedidos_lambda.aws_iam_role.lambda_role",
            "module.pedidos_lambda.aws_lambda_function.lambda",
            "module.pedidos_lambda.data.aws_caller_identity.current",
            "module.pedidos_lambda.data.aws_iam_policy_document.policy_doc",
            "module.pedidos_lambda.module.repo_ecr_lambda.aws_ecr_repository.this",
            "module.pedidos_lambda.null_resource.run_script",
            "module.pedidos_table.aws_dynamodb_table.this",
            "module.rastreamento_lambda.aws_iam_role.lambda_role",
            "module.rastreamento_lambda.aws_lambda_function.lambda",
            "module.rastreamento_lambda.data.aws_caller_identity.current",
            "module.rastreamento_lambda.data.aws_iam_policy_document.policy_doc",
            "module.rastreamento_lambda.module.repo_ecr_lambda.aws_ecr_repository.this",
            "module.rastreamento_lambda.null_resource.run_script",
            "module.users_table.aws_dynamodb_table.this",
            "module.usuarios_lambda.aws_iam_role.lambda_role",
            "module.usuarios_lambda.aws_lambda_function.lambda",
            "module.usuarios_lambda.data.aws_caller_identity.current",
            "module.usuarios_lambda.data.aws_iam_policy_document.policy_doc",
            "module.usuarios_lambda.module.repo_ecr_lambda.aws_ecr_repository.this",
            "module.usuarios_lambda.null_resource.run_script",
            "module.websocket_connections_table.aws_dynamodb_table.this",
            "module.websocket_lambda.aws_iam_role.lambda_role",
            "module.websocket_lambda.aws_lambda_function.lambda",
            "module.websocket_lambda.data.aws_caller_identity.current",
            "module.websocket_lambda.data.aws_iam_policy_document.policy_doc",
            "module.websocket_lambda.module.repo_ecr_lambda.aws_ecr_repository.this",
            "module.websocket_lambda.null_resource.run_script"
          ],
          "create_before_destroy": true
        },
        {
          "index_key": "9",
          "schema_version": 0,
          "attributes": {
            "cache_key_parameters": [],
            "cache_namespace": "bent9z",
            "connection_id": "",
            "connection_type": "INTERNET",
            "content_handling": "",
            "credentials": "",
            "http_method": "POST",
            "id": "agi-tntpd380l5-bent9z-POST",
            "integration_http_method": "POST",
            "passthrough_behavior": "WHEN_NO_TEMPLATES",
            "region": "us-east-1",
            "request_parameters": {},
            "request_templates": {},
            "resource_id": "bent9z",
            "rest_api_id": "tntpd380l5",
            "timeout_milliseconds": 29000,
            "tls_config": [],
            "type": "AWS_PROXY",
            "uri": "arn:aws:apigateway:us-east-1:lambda:path/2015-03-31/functions/arn:aws:lambda:us-east-1:176343551411:function:dev_logistics_pedidos/invocations"
          },
          "sensitive_attributes": [],
          "identity_schema_version": 0,
          "private": "bnVsbA==",
          "dependencies": [
            "aws_apigatewayv2_api.websocket_api",
            "module.api_gateway.aws_api_gateway_authorizer.cognito_authorizer",
            "module.api_gateway.aws_api_gateway_method.rest_endpoint_methods",
            "module.api_gateway.aws_api_gateway_resource.base_resources",
            "module.api_gateway.aws_api_gateway_resource.main_resource",
            "module.api_gateway.aws_api_gateway_resource.variable_resources",
            "module.api_gateway.aws_api_gateway_rest_api.rest_api",
            "module.auth_lambda.aws_iam_role.lambda_role",
            "module.auth_lambda.aws_lambda_function.lambda",
            "module.auth_lambda.data.aws_caller_identity.current",
            "module.auth_lambda.data.aws_iam_policy_document.policy_doc",
            "module.auth_lambda.module.repo_ecr_lambda.aws_ecr_repository.this",
            "module.auth_lambda.null_resource.run_script",
            "module.events_queue.aws_sqs_queue.dead_letter_fifo_queue",
            "module.events_queue.aws_sqs_queue.fifo_queue",
            "module.locations_table.aws_dynamodb_table.this",
            "module.notificacoes_lambda.aws_iam_role.lambda_role",
            "module.notificacoes_lambda.aws_lambda_function.lambda",
            "module.notificacoes_lambda.data.aws_caller_identity.current",
            "module.notificacoes_lambda.data.aws_iam_policy_document.policy_doc",
            "module.notificacoes_lambda.module.repo_ecr_lambda.aws_ecr_repository.this",
            "module.notificacoes_lambda.null_resource.run_script",
            "module.notifications_general_topic.aws_sns_topic.this",
            "module.notifications_premium_topic.aws_sns_topic.this",
            "module.notifications_regional_topic.aws_sns_topic.this",
            "module.notifications_table.aws_dynamodb_table.this",
            "module.pedidos_lambda.aws_iam_role.lambda_role",
            "module.pedidos_lambda.aws_lambda_function.lambda",
            "module.pedidos_lambda.data.aws_caller_identity.current",
            "module.pedidos_lambda.data.aws_iam_policy_document.policy_doc",
            "module.pedidos_lambda.module.repo_ecr_lambda.aws_ecr_repository.this",
            "module.pedidos_lambda.null_resource.run_script",
            "module.pedidos_table.aws_dynamodb_table.this",
            "module.rastreamento_lambda.aws_iam_role.lambda_role",
            "module.rastreamento_lambda.aws_lambda_function.lambda",
            "module.rastreamento_lambda.data.aws_caller_identity.current",
            "module.rastreamento_lambda.data.aws_iam_policy_document.policy_doc",
            "module.rastreamento_lambda.module.repo_ecr_lambda.aws_ecr_repository.this",
            "module.rastreamento_lambda.null_resource.run_script",
            "module.users_table.aws_dynamodb_table.this",
            "module.usuarios_lambda.aws_iam_role.lambda_role",
            "module.usuarios_lambda.aws_lambda_function.lambda",
            "module.usuarios_lambda.data.aws_caller_identity.current",
            "module.usuarios_lambda.data.aws_iam_policy_document.policy_doc",
            "module.usuarios_lambda.module.repo_ecr_lambda.aws_ecr_repository.this",
            "module.usuarios_lambda.null_resource.run_script",
            "module.websocket_connections_table.aws_dynamodb_table.this",
            "module.websocket_lambda.aws_iam_role.lambda_role",
            "module.websocket_lambda.aws_lambda_function.lambda",
            "module.websocket_lambda.data.aws_caller_identity.current",
            "module.websocket_lambda.data.aws_iam_policy_document.policy_doc",
            "module.websocket_lambda.module.repo_ecr_lambda.aws_ecr_repository.this",
            "module.websocket_lambda.null_resource.run_script"
          ],
          "create_before_destroy": true
        }
      ]
    },
    {
      "module": "module.api_gateway",
      "mode": "managed",
      "type": "aws_api_gateway_integration_response",
      "name": "rest_endpoint_integration_responses",
      "provider": "provider[\"registry.terraform.io/hashicorp/aws\"]",
      "instances": [
        {
          "index_key": "0",
          "schema_version": 0,
          "attributes": {
            "content_handling": "",
            "http_method": "POST",
            "id": "agir-tntpd380l5-ldyjiw-POST-200",
            "region": "us-east-1",
            "resource_id": "ldyjiw",
            "response_parameters": {},
            "response_templates": {},
            "rest_api_id": "tntpd380l5",
            "selection_pattern": "",
            "status_code": "200"
          },
          "sensitive_attributes": [],
          "identity_schema_version": 0,
          "private": "bnVsbA==",
          "dependencies": [
            "aws_apigatewayv2_api.websocket_api",
            "module.api_gateway.aws_api_gateway_authorizer.cognito_authorizer",
            "module.api_gateway.aws_api_gateway_integration.rest_endpoint_integrations",
            "module.api_gateway.aws_api_gateway_method.rest_endpoint_methods",
            "module.api_gateway.aws_api_gateway_method_response.rest_endpoint_method_responses",
            "module.api_gateway.aws_api_gateway_resource.base_resources",
            "module.api_gateway.aws_api_gateway_resource.main_resource",
            "module.api_gateway.aws_api_gateway_resource.variable_resources",
            "module.api_gateway.aws_api_gateway_rest_api.rest_api",
            "module.auth_lambda.aws_iam_role.lambda_role",
            "module.auth_lambda.aws_lambda_function.lambda",
            "module.auth_lambda.data.aws_caller_identity.current",
            "module.auth_lambda.data.aws_iam_policy_document.policy_doc",
            "module.auth_lambda.module.repo_ecr_lambda.aws_ecr_repository.this",
            "module.auth_lambda.null_resource.run_script",
            "module.events_queue.aws_sqs_queue.dead_letter_fifo_queue",
            "module.events_queue.aws_sqs_queue.fifo_queue",
            "module.locations_table.aws_dynamodb_table.this",
            "module.notificacoes_lambda.aws_iam_role.lambda_role",
            "module.notificacoes_lambda.aws_lambda_function.lambda",
            "module.notificacoes_lambda.data.aws_caller_identity.current",
            "module.notificacoes_lambda.data.aws_iam_policy_document.policy_doc",
            "module.notificacoes_lambda.module.repo_ecr_lambda.aws_ecr_repository.this",
            "module.notificacoes_lambda.null_resource.run_script",
            "module.notifications_general_topic.aws_sns_topic.this",
            "module.notifications_premium_topic.aws_sns_topic.this",
            "module.notifications_regional_topic.aws_sns_topic.this",
            "module.notifications_table.aws_dynamodb_table.this",
            "module.pedidos_lambda.aws_iam_role.lambda_role",
            "module.pedidos_lambda.aws_lambda_function.lambda",
            "module.pedidos_lambda.data.aws_caller_identity.current",
            "module.pedidos_lambda.data.aws_iam_policy_document.policy_doc",
            "module.pedidos_lambda.module.repo_ecr_lambda.aws_ecr_repository.this",
            "module.pedidos_lambda.null_resource.run_script",
            "module.pedidos_table.aws_dynamodb_table.this",
            "module.rastreamento_lambda.aws_iam_role.lambda_role",
            "module.rastreamento_lambda.aws_lambda_function.lambda",
            "module.rastreamento_lambda.data.aws_caller_identity.current",
            "module.rastreamento_lambda.data.aws_iam_policy_document.policy_doc",
            "module.rastreamento_lambda.module.repo_ecr_lambda.aws_ecr_repository.this",
            "module.rastreamento_lambda.null_resource.run_script",
            "module.users_table.aws_dynamodb_table.this",
            "module.usuarios_lambda.aws_iam_role.lambda_role",
            "module.usuarios_lambda.aws_lambda_function.lambda",
            "module.usuarios_lambda.data.aws_caller_identity.current",
            "module.usuarios_lambda.data.aws_iam_policy_document.policy_doc",
            "module.usuarios_lambda.module.repo_ecr_lambda.aws_ecr_repository.this",
            "module.usuarios_lambda.null_resource.run_script",
            "module.websocket_connections_table.aws_dynamodb_table.this",
            "module.websocket_lambda.aws_iam_role.lambda_role",
            "module.websocket_lambda.aws_lambda_function.lambda",
            "module.websocket_lambda.data.aws_caller_identity.current",
            "module.websocket_lambda.data.aws_iam_policy_document.policy_doc",
            "module.websocket_lambda.module.repo_ecr_lambda.aws_ecr_repository.this",
            "module.websocket_lambda.null_resource.run_script"
          ],
          "create_before_destroy": true
        },
        {
          "index_key": "1",
          "schema_version": 0,
          "attributes": {
            "content_handling": "",
            "http_method": "POST",
            "id": "agir-tntpd380l5-mo799y-POST-201",
            "region": "us-east-1",
            "resource_id": "mo799y",
            "response_parameters": {},
            "response_templates": {},
            "rest_api_id": "tntpd380l5",
            "selection_pattern": "",
            "status_code": "201"
          },
          "sensitive_attributes": [],
          "identity_schema_version": 0,
          "private": "bnVsbA==",
          "dependencies": [
            "aws_apigatewayv2_api.websocket_api",
            "module.api_gateway.aws_api_gateway_authorizer.cognito_authorizer",
            "module.api_gateway.aws_api_gateway_integration.rest_endpoint_integrations",
            "module.api_gateway.aws_api_gateway_method.rest_endpoint_methods",
            "module.api_gateway.aws_api_gateway_method_response.rest_endpoint_method_responses",
            "module.api_gateway.aws_api_gateway_resource.base_resources",
            "module.api_gateway.aws_api_gateway_resource.main_resource",
            "module.api_gateway.aws_api_gateway_resource.variable_resources",
            "module.api_gateway.aws_api_gateway_rest_api.rest_api",
            "module.auth_lambda.aws_iam_role.lambda_role",
            "module.auth_lambda.aws_lambda_function.lambda",
            "module.auth_lambda.data.aws_caller_identity.current",
            "module.auth_lambda.data.aws_iam_policy_document.policy_doc",
            "module.auth_lambda.module.repo_ecr_lambda.aws_ecr_repository.this",
            "module.auth_lambda.null_resource.run_script",
            "module.events_queue.aws_sqs_queue.dead_letter_fifo_queue",
            "module.events_queue.aws_sqs_queue.fifo_queue",
            "module.locations_table.aws_dynamodb_table.this",
            "module.notificacoes_lambda.aws_iam_role.lambda_role",
            "module.notificacoes_lambda.aws_lambda_function.lambda",
            "module.notificacoes_lambda.data.aws_caller_identity.current",
            "module.notificacoes_lambda.data.aws_iam_policy_document.policy_doc",
            "module.notificacoes_lambda.module.repo_ecr_lambda.aws_ecr_repository.this",
            "module.notificacoes_lambda.null_resource.run_script",
            "module.notifications_general_topic.aws_sns_topic.this",
            "module.notifications_premium_topic.aws_sns_topic.this",
            "module.notifications_regional_topic.aws_sns_topic.this",
            "module.notifications_table.aws_dynamodb_table.this",
            "module.pedidos_lambda.aws_iam_role.lambda_role",
            "module.pedidos_lambda.aws_lambda_function.lambda",
            "module.pedidos_lambda.data.aws_caller_identity.current",
            "module.pedidos_lambda.data.aws_iam_policy_document.policy_doc",
            "module.pedidos_lambda.module.repo_ecr_lambda.aws_ecr_repository.this",
            "module.pedidos_lambda.null_resource.run_script",
            "module.pedidos_table.aws_dynamodb_table.this",
            "module.rastreamento_lambda.aws_iam_role.lambda_role",
            "module.rastreamento_lambda.aws_lambda_function.lambda",
            "module.rastreamento_lambda.data.aws_caller_identity.current",
            "module.rastreamento_lambda.data.aws_iam_policy_document.policy_doc",
            "module.rastreamento_lambda.module.repo_ecr_lambda.aws_ecr_repository.this",
            "module.rastreamento_lambda.null_resource.run_script",
            "module.users_table.aws_dynamodb_table.this",
            "module.usuarios_lambda.aws_iam_role.lambda_role",
            "module.usuarios_lambda.aws_lambda_function.lambda",
            "module.usuarios_lambda.data.aws_caller_identity.current",
            "module.usuarios_lambda.data.aws_iam_policy_document.policy_doc",
            "module.usuarios_lambda.module.repo_ecr_lambda.aws_ecr_repository.this",
            "module.usuarios_lambda.null_resource.run_script",
            "module.websocket_connections_table.aws_dynamodb_table.this",
            "module.websocket_lambda.aws_iam_role.lambda_role",
            "module.websocket_lambda.aws_lambda_function.lambda",
            "module.websocket_lambda.data.aws_caller_identity.current",
            "module.websocket_lambda.data.aws_iam_policy_document.policy_doc",
            "module.websocket_lambda.module.repo_ecr_lambda.aws_ecr_repository.this",
            "module.websocket_lambda.null_resource.run_script"
          ],
          "create_before_destroy": true
        },
        {
          "index_key": "10",
          "schema_version": 0,
          "attributes": {
            "content_handling": "",
            "http_method": "POST",
            "id": "agir-tntpd380l5-zmu2vn-POST-200",
            "region": "us-east-1",
            "resource_id": "zmu2vn",
            "response_parameters": {},
            "response_templates": {},
            "rest_api_id": "tntpd380l5",
            "selection_pattern": "",
            "status_code": "200"
          },
          "sensitive_attributes": [],
          "identity_schema_version": 0,
          "private": "bnVsbA==",
          "dependencies": [
            "aws_apigatewayv2_api.websocket_api",
            "module.api_gateway.aws_api_gateway_authorizer.cognito_authorizer",
            "module.api_gateway.aws_api_gateway_integration.rest_endpoint_integrations",
            "module.api_gateway.aws_api_gateway_method.rest_endpoint_methods",
            "module.api_gateway.aws_api_gateway_method_response.rest_endpoint_method_responses",
            "module.api_gateway.aws_api_gateway_resource.base_resources",
            "module.api_gateway.aws_api_gateway_resource.main_resource",
            "module.api_gateway.aws_api_gateway_resource.variable_resources",
            "module.api_gateway.aws_api_gateway_rest_api.rest_api",
            "module.auth_lambda.aws_iam_role.lambda_role",
            "module.auth_lambda.aws_lambda_function.lambda",
            "module.auth_lambda.data.aws_caller_identity.current",
            "module.auth_lambda.data.aws_iam_policy_document.policy_doc",
            "module.auth_lambda.module.repo_ecr_lambda.aws_ecr_repository.this",
            "module.auth_lambda.null_resource.run_script",
            "module.events_queue.aws_sqs_queue.dead_letter_fifo_queue",
            "module.events_queue.aws_sqs_queue.fifo_queue",
            "module.locations_table.aws_dynamodb_table.this",
            "module.notificacoes_lambda.aws_iam_role.lambda_role",
            "module.notificacoes_lambda.aws_lambda_function.lambda",
            "module.notificacoes_lambda.data.aws_caller_identity.current",
            "module.notificacoes_lambda.data.aws_iam_policy_document.policy_doc",
            "module.notificacoes_lambda.module.repo_ecr_lambda.aws_ecr_repository.this",
            "module.notificacoes_lambda.null_resource.run_script",
            "module.notifications_general_topic.aws_sns_topic.this",
            "module.notifications_premium_topic.aws_sns_topic.this",
            "module.notifications_regional_topic.aws_sns_topic.this",
            "module.notifications_table.aws_dynamodb_table.this",
            "module.pedidos_lambda.aws_iam_role.lambda_role",
            "module.pedidos_lambda.aws_lambda_function.lambda",
            "module.pedidos_lambda.data.aws_caller_identity.current",
            "module.pedidos_lambda.data.aws_iam_policy_document.policy_doc",
            "module.pedidos_lambda.module.repo_ecr_lambda.aws_ecr_repository.this",
            "module.pedidos_lambda.null_resource.run_script",
            "module.pedidos_table.aws_dynamodb_table.this",
            "module.rastreamento_lambda.aws_iam_role.lambda_role",
            "module.rastreamento_lambda.aws_lambda_function.lambda",
            "module.rastreamento_lambda.data.aws_caller_identity.current",
            "module.rastreamento_lambda.data.aws_iam_policy_document.policy_doc",
            "module.rastreamento_lambda.module.repo_ecr_lambda.aws_ecr_repository.this",
            "module.rastreamento_lambda.null_resource.run_script",
            "module.users_table.aws_dynamodb_table.this",
            "module.usuarios_lambda.aws_iam_role.lambda_role",
            "module.usuarios_lambda.aws_lambda_function.lambda",
            "module.usuarios_lambda.data.aws_caller_identity.current",
            "module.usuarios_lambda.data.aws_iam_policy_document.policy_doc",
            "module.usuarios_lambda.module.repo_ecr_lambda.aws_ecr_repository.this",
            "module.usuarios_lambda.null_resource.run_script",
            "module.websocket_connections_table.aws_dynamodb_table.this",
            "module.websocket_lambda.aws_iam_role.lambda_role",
            "module.websocket_lambda.aws_lambda_function.lambda",
            "module.websocket_lambda.data.aws_caller_identity.current",
            "module.websocket_lambda.data.aws_iam_policy_document.policy_doc",
            "module.websocket_lambda.module.repo_ecr_lambda.aws_ecr_repository.this",
            "module.websocket_lambda.null_resource.run_script"
          ],
          "create_before_destroy": true
        },
        {
          "index_key": "11",
          "schema_version": 0,
          "attributes": {
            "content_handling": "",
            "http_method": "POST",
            "id": "agir-tntpd380l5-qfhbdx-POST-200",
            "region": "us-east-1",
            "resource_id": "qfhbdx",
            "response_parameters": {},
            "response_templates": {},
            "rest_api_id": "tntpd380l5",
            "selection_pattern": "",
            "status_code": "200"
          },
          "sensitive_attributes": [],
          "identity_schema_version": 0,
          "private": "bnVsbA==",
          "dependencies": [
            "aws_apigatewayv2_api.websocket_api",
            "module.api_gateway.aws_api_gateway_authorizer.cognito_authorizer",
            "module.api_gateway.aws_api_gateway_integration.rest_endpoint_integrations",
            "module.api_gateway.aws_api_gateway_method.rest_endpoint_methods",
            "module.api_gateway.aws_api_gateway_method_response.rest_endpoint_method_responses",
            "module.api_gateway.aws_api_gateway_resource.base_resources",
            "module.api_gateway.aws_api_gateway_resource.main_resource",
            "module.api_gateway.aws_api_gateway_resource.variable_resources",
            "module.api_gateway.aws_api_gateway_rest_api.rest_api",
            "module.auth_lambda.aws_iam_role.lambda_role",
            "module.auth_lambda.aws_lambda_function.lambda",
            "module.auth_lambda.data.aws_caller_identity.current",
            "module.auth_lambda.data.aws_iam_policy_document.policy_doc",
            "module.auth_lambda.module.repo_ecr_lambda.aws_ecr_repository.this",
            "module.auth_lambda.null_resource.run_script",
            "module.events_queue.aws_sqs_queue.dead_letter_fifo_queue",
            "module.events_queue.aws_sqs_queue.fifo_queue",
            "module.locations_table.aws_dynamodb_table.this",
            "module.notificacoes_lambda.aws_iam_role.lambda_role",
            "module.notificacoes_lambda.aws_lambda_function.lambda",
            "module.notificacoes_lambda.data.aws_caller_identity.current",
            "module.notificacoes_lambda.data.aws_iam_policy_document.policy_doc",
            "module.notificacoes_lambda.module.repo_ecr_lambda.aws_ecr_repository.this",
            "module.notificacoes_lambda.null_resource.run_script",
            "module.notifications_general_topic.aws_sns_topic.this",
            "module.notifications_premium_topic.aws_sns_topic.this",
            "module.notifications_regional_topic.aws_sns_topic.this",
            "module.notifications_table.aws_dynamodb_table.this",
            "module.pedidos_lambda.aws_iam_role.lambda_role",
            "module.pedidos_lambda.aws_lambda_function.lambda",
            "module.pedidos_lambda.data.aws_caller_identity.current",
            "module.pedidos_lambda.data.aws_iam_policy_document.policy_doc",
            "module.pedidos_lambda.module.repo_ecr_lambda.aws_ecr_repository.this",
            "module.pedidos_lambda.null_resource.run_script",
            "module.pedidos_table.aws_dynamodb_table.this",
            "module.rastreamento_lambda.aws_iam_role.lambda_role",
            "module.rastreamento_lambda.aws_lambda_function.lambda",
            "module.rastreamento_lambda.data.aws_caller_identity.current",
            "module.rastreamento_lambda.data.aws_iam_policy_document.policy_doc",
            "module.rastreamento_lambda.module.repo_ecr_lambda.aws_ecr_repository.this",
            "module.rastreamento_lambda.null_resource.run_script",
            "module.users_table.aws_dynamodb_table.this",
            "module.usuarios_lambda.aws_iam_role.lambda_role",
            "module.usuarios_lambda.aws_lambda_function.lambda",
            "module.usuarios_lambda.data.aws_caller_identity.current",
            "module.usuarios_lambda.data.aws_iam_policy_document.policy_doc",
            "module.usuarios_lambda.module.repo_ecr_lambda.aws_ecr_repository.this",
            "module.usuarios_lambda.null_resource.run_script",
            "module.websocket_connections_table.aws_dynamodb_table.this",
            "module.websocket_lambda.aws_iam_role.lambda_role",
            "module.websocket_lambda.aws_lambda_function.lambda",
            "module.websocket_lambda.data.aws_caller_identity.current",
            "module.websocket_lambda.data.aws_iam_policy_document.policy_doc",
            "module.websocket_lambda.module.repo_ecr_lambda.aws_ecr_repository.this",
            "module.websocket_lambda.null_resource.run_script"
          ],
          "create_before_destroy": true
        },
        {
          "index_key": "12",
          "schema_version": 0,
          "attributes": {
            "content_handling": "",
            "http_method": "GET",
            "id": "agir-tntpd380l5-j4xccw-GET-200",
            "region": "us-east-1",
            "resource_id": "j4xccw",
            "response_parameters": {},
            "response_templates": {},
            "rest_api_id": "tntpd380l5",
            "selection_pattern": "",
            "status_code": "200"
          },
          "sensitive_attributes": [],
          "identity_schema_version": 0,
          "private": "bnVsbA==",
          "dependencies": [
            "aws_apigatewayv2_api.websocket_api",
            "module.api_gateway.aws_api_gateway_authorizer.cognito_authorizer",
            "module.api_gateway.aws_api_gateway_integration.rest_endpoint_integrations",
            "module.api_gateway.aws_api_gateway_method.rest_endpoint_methods",
            "module.api_gateway.aws_api_gateway_method_response.rest_endpoint_method_responses",
            "module.api_gateway.aws_api_gateway_resource.base_resources",
            "module.api_gateway.aws_api_gateway_resource.main_resource",
            "module.api_gateway.aws_api_gateway_resource.variable_resources",
            "module.api_gateway.aws_api_gateway_rest_api.rest_api",
            "module.auth_lambda.aws_iam_role.lambda_role",
            "module.auth_lambda.aws_lambda_function.lambda",
            "module.auth_lambda.data.aws_caller_identity.current",
            "module.auth_lambda.data.aws_iam_policy_document.policy_doc",
            "module.auth_lambda.module.repo_ecr_lambda.aws_ecr_repository.this",
            "module.auth_lambda.null_resource.run_script",
            "module.events_queue.aws_sqs_queue.dead_letter_fifo_queue",
            "module.events_queue.aws_sqs_queue.fifo_queue",
            "module.locations_table.aws_dynamodb_table.this",
            "module.notificacoes_lambda.aws_iam_role.lambda_role",
            "module.notificacoes_lambda.aws_lambda_function.lambda",
            "module.notificacoes_lambda.data.aws_caller_identity.current",
            "module.notificacoes_lambda.data.aws_iam_policy_document.policy_doc",
            "module.notificacoes_lambda.module.repo_ecr_lambda.aws_ecr_repository.this",
            "module.notificacoes_lambda.null_resource.run_script",
            "module.notifications_general_topic.aws_sns_topic.this",
            "module.notifications_premium_topic.aws_sns_topic.this",
            "module.notifications_regional_topic.aws_sns_topic.this",
            "module.notifications_table.aws_dynamodb_table.this",
            "module.pedidos_lambda.aws_iam_role.lambda_role",
            "module.pedidos_lambda.aws_lambda_function.lambda",
            "module.pedidos_lambda.data.aws_caller_identity.current",
            "module.pedidos_lambda.data.aws_iam_policy_document.policy_doc",
            "module.pedidos_lambda.module.repo_ecr_lambda.aws_ecr_repository.this",
            "module.pedidos_lambda.null_resource.run_script",
            "module.pedidos_table.aws_dynamodb_table.this",
            "module.rastreamento_lambda.aws_iam_role.lambda_role",
            "module.rastreamento_lambda.aws_lambda_function.lambda",
            "module.rastreamento_lambda.data.aws_caller_identity.current",
            "module.rastreamento_lambda.data.aws_iam_policy_document.policy_doc",
            "module.rastreamento_lambda.module.repo_ecr_lambda.aws_ecr_repository.this",
            "module.rastreamento_lambda.null_resource.run_script",
            "module.users_table.aws_dynamodb_table.this",
            "module.usuarios_lambda.aws_iam_role.lambda_role",
            "module.usuarios_lambda.aws_lambda_function.lambda",
            "module.usuarios_lambda.data.aws_caller_identity.current",
            "module.usuarios_lambda.data.aws_iam_policy_document.policy_doc",
            "module.usuarios_lambda.module.repo_ecr_lambda.aws_ecr_repository.this",
            "module.usuarios_lambda.null_resource.run_script",
            "module.websocket_connections_table.aws_dynamodb_table.this",
            "module.websocket_lambda.aws_iam_role.lambda_role",
            "module.websocket_lambda.aws_lambda_function.lambda",
            "module.websocket_lambda.data.aws_caller_identity.current",
            "module.websocket_lambda.data.aws_iam_policy_document.policy_doc",
            "module.websocket_lambda.module.repo_ecr_lambda.aws_ecr_repository.this",
            "module.websocket_lambda.null_resource.run_script"
          ],
          "create_before_destroy": true
        },
        {
          "index_key": "13",
          "schema_version": 0,
          "attributes": {
            "content_handling": "",
            "http_method": "PATCH",
            "id": "agir-tntpd380l5-o4besn-PATCH-204",
            "region": "us-east-1",
            "resource_id": "o4besn",
            "response_parameters": {},
            "response_templates": {},
            "rest_api_id": "tntpd380l5",
            "selection_pattern": "",
            "status_code": "204"
          },
          "sensitive_attributes": [],
          "identity_schema_version": 0,
          "private": "bnVsbA==",
          "dependencies": [
            "aws_apigatewayv2_api.websocket_api",
            "module.api_gateway.aws_api_gateway_authorizer.cognito_authorizer",
            "module.api_gateway.aws_api_gateway_integration.rest_endpoint_integrations",
            "module.api_gateway.aws_api_gateway_method.rest_endpoint_methods",
            "module.api_gateway.aws_api_gateway_method_response.rest_endpoint_method_responses",
            "module.api_gateway.aws_api_gateway_resource.base_resources",
            "module.api_gateway.aws_api_gateway_resource.main_resource",
            "module.api_gateway.aws_api_gateway_resource.variable_resources",
            "module.api_gateway.aws_api_gateway_rest_api.rest_api",
            "module.auth_lambda.aws_iam_role.lambda_role",
            "module.auth_lambda.aws_lambda_function.lambda",
            "module.auth_lambda.data.aws_caller_identity.current",
            "module.auth_lambda.data.aws_iam_policy_document.policy_doc",
            "module.auth_lambda.module.repo_ecr_lambda.aws_ecr_repository.this",
            "module.auth_lambda.null_resource.run_script",
            "module.events_queue.aws_sqs_queue.dead_letter_fifo_queue",
            "module.events_queue.aws_sqs_queue.fifo_queue",
            "module.locations_table.aws_dynamodb_table.this",
            "module.notificacoes_lambda.aws_iam_role.lambda_role",
            "module.notificacoes_lambda.aws_lambda_function.lambda",
            "module.notificacoes_lambda.data.aws_caller_identity.current",
            "module.notificacoes_lambda.data.aws_iam_policy_document.policy_doc",
            "module.notificacoes_lambda.module.repo_ecr_lambda.aws_ecr_repository.this",
            "module.notificacoes_lambda.null_resource.run_script",
            "module.notifications_general_topic.aws_sns_topic.this",
            "module.notifications_premium_topic.aws_sns_topic.this",
            "module.notifications_regional_topic.aws_sns_topic.this",
            "module.notifications_table.aws_dynamodb_table.this",
            "module.pedidos_lambda.aws_iam_role.lambda_role",
            "module.pedidos_lambda.aws_lambda_function.lambda",
            "module.pedidos_lambda.data.aws_caller_identity.current",
            "module.pedidos_lambda.data.aws_iam_policy_document.policy_doc",
            "module.pedidos_lambda.module.repo_ecr_lambda.aws_ecr_repository.this",
            "module.pedidos_lambda.null_resource.run_script",
            "module.pedidos_table.aws_dynamodb_table.this",
            "module.rastreamento_lambda.aws_iam_role.lambda_role",
            "module.rastreamento_lambda.aws_lambda_function.lambda",
            "module.rastreamento_lambda.data.aws_caller_identity.current",
            "module.rastreamento_lambda.data.aws_iam_policy_document.policy_doc",
            "module.rastreamento_lambda.module.repo_ecr_lambda.aws_ecr_repository.this",
            "module.rastreamento_lambda.null_resource.run_script",
            "module.users_table.aws_dynamodb_table.this",
            "module.usuarios_lambda.aws_iam_role.lambda_role",
            "module.usuarios_lambda.aws_lambda_function.lambda",
            "module.usuarios_lambda.data.aws_caller_identity.current",
            "module.usuarios_lambda.data.aws_iam_policy_document.policy_doc",
            "module.usuarios_lambda.module.repo_ecr_lambda.aws_ecr_repository.this",
            "module.usuarios_lambda.null_resource.run_script",
            "module.websocket_connections_table.aws_dynamodb_table.this",
            "module.websocket_lambda.aws_iam_role.lambda_role",
            "module.websocket_lambda.aws_lambda_function.lambda",
            "module.websocket_lambda.data.aws_caller_identity.current",
            "module.websocket_lambda.data.aws_iam_policy_document.policy_doc",
            "module.websocket_lambda.module.repo_ecr_lambda.aws_ecr_repository.this",
            "module.websocket_lambda.null_resource.run_script"
          ],
          "create_before_destroy": true
        },
        {
          "index_key": "14",
          "schema_version": 0,
          "attributes": {
            "content_handling": "",
            "http_method": "GET",
            "id": "agir-tntpd380l5-rwrixq-GET-200",
            "region": "us-east-1",
            "resource_id": "rwrixq",
            "response_parameters": {},
            "response_templates": {},
            "rest_api_id": "tntpd380l5",
            "selection_pattern": "",
            "status_code": "200"
          },
          "sensitive_attributes": [],
          "identity_schema_version": 0,
          "private": "bnVsbA==",
          "dependencies": [
            "aws_apigatewayv2_api.websocket_api",
            "module.api_gateway.aws_api_gateway_authorizer.cognito_authorizer",
            "module.api_gateway.aws_api_gateway_integration.rest_endpoint_integrations",
            "module.api_gateway.aws_api_gateway_method.rest_endpoint_methods",
            "module.api_gateway.aws_api_gateway_method_response.rest_endpoint_method_responses",
            "module.api_gateway.aws_api_gateway_resource.base_resources",
            "module.api_gateway.aws_api_gateway_resource.main_resource",
            "module.api_gateway.aws_api_gateway_resource.variable_resources",
            "module.api_gateway.aws_api_gateway_rest_api.rest_api",
            "module.auth_lambda.aws_iam_role.lambda_role",
            "module.auth_lambda.aws_lambda_function.lambda",
            "module.auth_lambda.data.aws_caller_identity.current",
            "module.auth_lambda.data.aws_iam_policy_document.policy_doc",
            "module.auth_lambda.module.repo_ecr_lambda.aws_ecr_repository.this",
            "module.auth_lambda.null_resource.run_script",
            "module.events_queue.aws_sqs_queue.dead_letter_fifo_queue",
            "module.events_queue.aws_sqs_queue.fifo_queue",
            "module.locations_table.aws_dynamodb_table.this",
            "module.notificacoes_lambda.aws_iam_role.lambda_role",
            "module.notificacoes_lambda.aws_lambda_function.lambda",
            "module.notificacoes_lambda.data.aws_caller_identity.current",
            "module.notificacoes_lambda.data.aws_iam_policy_document.policy_doc",
            "module.notificacoes_lambda.module.repo_ecr_lambda.aws_ecr_repository.this",
            "module.notificacoes_lambda.null_resource.run_script",
            "module.notifications_general_topic.aws_sns_topic.this",
            "module.notifications_premium_topic.aws_sns_topic.this",
            "module.notifications_regional_topic.aws_sns_topic.this",
            "module.notifications_table.aws_dynamodb_table.this",
            "module.pedidos_lambda.aws_iam_role.lambda_role",
            "module.pedidos_lambda.aws_lambda_function.lambda",
            "module.pedidos_lambda.data.aws_caller_identity.current",
            "module.pedidos_lambda.data.aws_iam_policy_document.policy_doc",
            "module.pedidos_lambda.module.repo_ecr_lambda.aws_ecr_repository.this",
            "module.pedidos_lambda.null_resource.run_script",
            "module.pedidos_table.aws_dynamodb_table.this",
            "module.rastreamento_lambda.aws_iam_role.lambda_role",
            "module.rastreamento_lambda.aws_lambda_function.lambda",
            "module.rastreamento_lambda.data.aws_caller_identity.current",
            "module.rastreamento_lambda.data.aws_iam_policy_document.policy_doc",
            "module.rastreamento_lambda.module.repo_ecr_lambda.aws_ecr_repository.this",
            "module.rastreamento_lambda.null_resource.run_script",
            "module.users_table.aws_dynamodb_table.this",
            "module.usuarios_lambda.aws_iam_role.lambda_role",
            "module.usuarios_lambda.aws_lambda_function.lambda",
            "module.usuarios_lambda.data.aws_caller_identity.current",
            "module.usuarios_lambda.data.aws_iam_policy_document.policy_doc",
            "module.usuarios_lambda.module.repo_ecr_lambda.aws_ecr_repository.this",
            "module.usuarios_lambda.null_resource.run_script",
            "module.websocket_connections_table.aws_dynamodb_table.this",
            "module.websocket_lambda.aws_iam_role.lambda_role",
            "module.websocket_lambda.aws_lambda_function.lambda",
            "module.websocket_lambda.data.aws_caller_identity.current",
            "module.websocket_lambda.data.aws_iam_policy_document.policy_doc",
            "module.websocket_lambda.module.repo_ecr_lambda.aws_ecr_repository.this",
            "module.websocket_lambda.null_resource.run_script"
          ],
          "create_before_destroy": true
        },
        {
          "index_key": "15",
          "schema_version": 0,
          "attributes": {
            "content_handling": "",
            "http_method": "GET",
            "id": "agir-tntpd380l5-xu5slc-GET-200",
            "region": "us-east-1",
            "resource_id": "xu5slc",
            "response_parameters": {},
            "response_templates": {},
            "rest_api_id": "tntpd380l5",
            "selection_pattern": "",
            "status_code": "200"
          },
          "sensitive_attributes": [],
          "identity_schema_version": 0,
          "private": "bnVsbA==",
          "dependencies": [
            "aws_apigatewayv2_api.websocket_api",
            "module.api_gateway.aws_api_gateway_authorizer.cognito_authorizer",
            "module.api_gateway.aws_api_gateway_integration.rest_endpoint_integrations",
            "module.api_gateway.aws_api_gateway_method.rest_endpoint_methods",
            "module.api_gateway.aws_api_gateway_method_response.rest_endpoint_method_responses",
            "module.api_gateway.aws_api_gateway_resource.base_resources",
            "module.api_gateway.aws_api_gateway_resource.main_resource",
            "module.api_gateway.aws_api_gateway_resource.variable_resources",
            "module.api_gateway.aws_api_gateway_rest_api.rest_api",
            "module.auth_lambda.aws_iam_role.lambda_role",
            "module.auth_lambda.aws_lambda_function.lambda",
            "module.auth_lambda.data.aws_caller_identity.current",
            "module.auth_lambda.data.aws_iam_policy_document.policy_doc",
            "module.auth_lambda.module.repo_ecr_lambda.aws_ecr_repository.this",
            "module.auth_lambda.null_resource.run_script",
            "module.events_queue.aws_sqs_queue.dead_letter_fifo_queue",
            "module.events_queue.aws_sqs_queue.fifo_queue",
            "module.locations_table.aws_dynamodb_table.this",
            "module.notificacoes_lambda.aws_iam_role.lambda_role",
            "module.notificacoes_lambda.aws_lambda_function.lambda",
            "module.notificacoes_lambda.data.aws_caller_identity.current",
            "module.notificacoes_lambda.data.aws_iam_policy_document.policy_doc",
            "module.notificacoes_lambda.module.repo_ecr_lambda.aws_ecr_repository.this",
            "module.notificacoes_lambda.null_resource.run_script",
            "module.notifications_general_topic.aws_sns_topic.this",
            "module.notifications_premium_topic.aws_sns_topic.this",
            "module.notifications_regional_topic.aws_sns_topic.this",
            "module.notifications_table.aws_dynamodb_table.this",
            "module.pedidos_lambda.aws_iam_role.lambda_role",
            "module.pedidos_lambda.aws_lambda_function.lambda",
            "module.pedidos_lambda.data.aws_caller_identity.current",
            "module.pedidos_lambda.data.aws_iam_policy_document.policy_doc",
            "module.pedidos_lambda.module.repo_ecr_lambda.aws_ecr_repository.this",
            "module.pedidos_lambda.null_resource.run_script",
            "module.pedidos_table.aws_dynamodb_table.this",
            "module.rastreamento_lambda.aws_iam_role.lambda_role",
            "module.rastreamento_lambda.aws_lambda_function.lambda",
            "module.rastreamento_lambda.data.aws_caller_identity.current",
            "module.rastreamento_lambda.data.aws_iam_policy_document.policy_doc",
            "module.rastreamento_lambda.module.repo_ecr_lambda.aws_ecr_repository.this",
            "module.rastreamento_lambda.null_resource.run_script",
            "module.users_table.aws_dynamodb_table.this",
            "module.usuarios_lambda.aws_iam_role.lambda_role",
            "module.usuarios_lambda.aws_lambda_function.lambda",
            "module.usuarios_lambda.data.aws_caller_identity.current",
            "module.usuarios_lambda.data.aws_iam_policy_document.policy_doc",
            "module.usuarios_lambda.module.repo_ecr_lambda.aws_ecr_repository.this",
            "module.usuarios_lambda.null_resource.run_script",
            "module.websocket_connections_table.aws_dynamodb_table.this",
            "module.websocket_lambda.aws_iam_role.lambda_role",
            "module.websocket_lambda.aws_lambda_function.lambda",
            "module.websocket_lambda.data.aws_caller_identity.current",
            "module.websocket_lambda.data.aws_iam_policy_document.policy_doc",
            "module.websocket_lambda.module.repo_ecr_lambda.aws_ecr_repository.this",
            "module.websocket_lambda.null_resource.run_script"
          ],
          "create_before_destroy": true
        },
        {
          "index_key": "16",
          "schema_version": 0,
          "attributes": {
            "content_handling": "",
            "http_method": "GET",
            "id": "agir-tntpd380l5-u7b2qw-GET-200",
            "region": "us-east-1",
            "resource_id": "u7b2qw",
            "response_parameters": {},
            "response_templates": {},
            "rest_api_id": "tntpd380l5",
            "selection_pattern": "",
            "status_code": "200"
          },
          "sensitive_attributes": [],
          "identity_schema_version": 0,
          "private": "bnVsbA==",
          "dependencies": [
            "aws_apigatewayv2_api.websocket_api",
            "module.api_gateway.aws_api_gateway_authorizer.cognito_authorizer",
            "module.api_gateway.aws_api_gateway_integration.rest_endpoint_integrations",
            "module.api_gateway.aws_api_gateway_method.rest_endpoint_methods",
            "module.api_gateway.aws_api_gateway_method_response.rest_endpoint_method_responses",
            "module.api_gateway.aws_api_gateway_resource.base_resources",
            "module.api_gateway.aws_api_gateway_resource.main_resource",
            "module.api_gateway.aws_api_gateway_resource.variable_resources",
            "module.api_gateway.aws_api_gateway_rest_api.rest_api",
            "module.auth_lambda.aws_iam_role.lambda_role",
            "module.auth_lambda.aws_lambda_function.lambda",
            "module.auth_lambda.data.aws_caller_identity.current",
            "module.auth_lambda.data.aws_iam_policy_document.policy_doc",
            "module.auth_lambda.module.repo_ecr_lambda.aws_ecr_repository.this",
            "module.auth_lambda.null_resource.run_script",
            "module.events_queue.aws_sqs_queue.dead_letter_fifo_queue",
            "module.events_queue.aws_sqs_queue.fifo_queue",
            "module.locations_table.aws_dynamodb_table.this",
            "module.notificacoes_lambda.aws_iam_role.lambda_role",
            "module.notificacoes_lambda.aws_lambda_function.lambda",
            "module.notificacoes_lambda.data.aws_caller_identity.current",
            "module.notificacoes_lambda.data.aws_iam_policy_document.policy_doc",
            "module.notificacoes_lambda.module.repo_ecr_lambda.aws_ecr_repository.this",
            "module.notificacoes_lambda.null_resource.run_script",
            "module.notifications_general_topic.aws_sns_topic.this",
            "module.notifications_premium_topic.aws_sns_topic.this",
            "module.notifications_regional_topic.aws_sns_topic.this",
            "module.notifications_table.aws_dynamodb_table.this",
            "module.pedidos_lambda.aws_iam_role.lambda_role",
            "module.pedidos_lambda.aws_lambda_function.lambda",
            "module.pedidos_lambda.data.aws_caller_identity.current",
            "module.pedidos_lambda.data.aws_iam_policy_document.policy_doc",
            "module.pedidos_lambda.module.repo_ecr_lambda.aws_ecr_repository.this",
            "module.pedidos_lambda.null_resource.run_script",
            "module.pedidos_table.aws_dynamodb_table.this",
            "module.rastreamento_lambda.aws_iam_role.lambda_role",
            "module.rastreamento_lambda.aws_lambda_function.lambda",
            "module.rastreamento_lambda.data.aws_caller_identity.current",
            "module.rastreamento_lambda.data.aws_iam_policy_document.policy_doc",
            "module.rastreamento_lambda.module.repo_ecr_lambda.aws_ecr_repository.this",
            "module.rastreamento_lambda.null_resource.run_script",
            "module.users_table.aws_dynamodb_table.this",
            "module.usuarios_lambda.aws_iam_role.lambda_role",
            "module.usuarios_lambda.aws_lambda_function.lambda",
            "module.usuarios_lambda.data.aws_caller_identity.current",
            "module.usuarios_lambda.data.aws_iam_policy_document.policy_doc",
            "module.usuarios_lambda.module.repo_ecr_lambda.aws_ecr_repository.this",
            "module.usuarios_lambda.null_resource.run_script",
            "module.websocket_connections_table.aws_dynamodb_table.this",
            "module.websocket_lambda.aws_iam_role.lambda_role",
            "module.websocket_lambda.aws_lambda_function.lambda",
            "module.websocket_lambda.data.aws_caller_identity.current",
            "module.websocket_lambda.data.aws_iam_policy_document.policy_doc",
            "module.websocket_lambda.module.repo_ecr_lambda.aws_ecr_repository.this",
            "module.websocket_lambda.null_resource.run_script"
          ],
          "create_before_destroy": true
        },
        {
          "index_key": "17",
          "schema_version": 0,
          "attributes": {
            "content_handling": "",
            "http_method": "POST",
            "id": "agir-tntpd380l5-h6snz5-POST-200",
            "region": "us-east-1",
            "resource_id": "h6snz5",
            "response_parameters": {},
            "response_templates": {},
            "rest_api_id": "tntpd380l5",
            "selection_pattern": "",
            "status_code": "200"
          },
          "sensitive_attributes": [],
          "identity_schema_version": 0,
          "private": "bnVsbA==",
          "dependencies": [
            "aws_apigatewayv2_api.websocket_api",
            "module.api_gateway.aws_api_gateway_authorizer.cognito_authorizer",
            "module.api_gateway.aws_api_gateway_integration.rest_endpoint_integrations",
            "module.api_gateway.aws_api_gateway_method.rest_endpoint_methods",
            "module.api_gateway.aws_api_gateway_method_response.rest_endpoint_method_responses",
            "module.api_gateway.aws_api_gateway_resource.base_resources",
            "module.api_gateway.aws_api_gateway_resource.main_resource",
            "module.api_gateway.aws_api_gateway_resource.variable_resources",
            "module.api_gateway.aws_api_gateway_rest_api.rest_api",
            "module.auth_lambda.aws_iam_role.lambda_role",
            "module.auth_lambda.aws_lambda_function.lambda",
            "module.auth_lambda.data.aws_caller_identity.current",
            "module.auth_lambda.data.aws_iam_policy_document.policy_doc",
            "module.auth_lambda.module.repo_ecr_lambda.aws_ecr_repository.this",
            "module.auth_lambda.null_resource.run_script",
            "module.events_queue.aws_sqs_queue.dead_letter_fifo_queue",
            "module.events_queue.aws_sqs_queue.fifo_queue",
            "module.locations_table.aws_dynamodb_table.this",
            "module.notificacoes_lambda.aws_iam_role.lambda_role",
            "module.notificacoes_lambda.aws_lambda_function.lambda",
            "module.notificacoes_lambda.data.aws_caller_identity.current",
            "module.notificacoes_lambda.data.aws_iam_policy_document.policy_doc",
            "module.notificacoes_lambda.module.repo_ecr_lambda.aws_ecr_repository.this",
            "module.notificacoes_lambda.null_resource.run_script",
            "module.notifications_general_topic.aws_sns_topic.this",
            "module.notifications_premium_topic.aws_sns_topic.this",
            "module.notifications_regional_topic.aws_sns_topic.this",
            "module.notifications_table.aws_dynamodb_table.this",
            "module.pedidos_lambda.aws_iam_role.lambda_role",
            "module.pedidos_lambda.aws_lambda_function.lambda",
            "module.pedidos_lambda.data.aws_caller_identity.current",
            "module.pedidos_lambda.data.aws_iam_policy_document.policy_doc",
            "module.pedidos_lambda.module.repo_ecr_lambda.aws_ecr_repository.this",
            "module.pedidos_lambda.null_resource.run_script",
            "module.pedidos_table.aws_dynamodb_table.this",
            "module.rastreamento_lambda.aws_iam_role.lambda_role",
            "module.rastreamento_lambda.aws_lambda_function.lambda",
            "module.rastreamento_lambda.data.aws_caller_identity.current",
            "module.rastreamento_lambda.data.aws_iam_policy_document.policy_doc",
            "module.rastreamento_lambda.module.repo_ecr_lambda.aws_ecr_repository.this",
            "module.rastreamento_lambda.null_resource.run_script",
            "module.users_table.aws_dynamodb_table.this",
            "module.usuarios_lambda.aws_iam_role.lambda_role",
            "module.usuarios_lambda.aws_lambda_function.lambda",
            "module.usuarios_lambda.data.aws_caller_identity.current",
            "module.usuarios_lambda.data.aws_iam_policy_document.policy_doc",
            "module.usuarios_lambda.module.repo_ecr_lambda.aws_ecr_repository.this",
            "module.usuarios_lambda.null_resource.run_script",
            "module.websocket_connections_table.aws_dynamodb_table.this",
            "module.websocket_lambda.aws_iam_role.lambda_role",
            "module.websocket_lambda.aws_lambda_function.lambda",
            "module.websocket_lambda.data.aws_caller_identity.current",
            "module.websocket_lambda.data.aws_iam_policy_document.policy_doc",
            "module.websocket_lambda.module.repo_ecr_lambda.aws_ecr_repository.this",
            "module.websocket_lambda.null_resource.run_script"
          ],
          "create_before_destroy": true
        },
        {
          "index_key": "18",
          "schema_version": 0,
          "attributes": {
            "content_handling": "",
            "http_method": "POST",
            "id": "agir-tntpd380l5-tdh147-POST-200",
            "region": "us-east-1",
            "resource_id": "tdh147",
            "response_parameters": {},
            "response_templates": {},
            "rest_api_id": "tntpd380l5",
            "selection_pattern": "",
            "status_code": "200"
          },
          "sensitive_attributes": [],
          "identity_schema_version": 0,
          "private": "bnVsbA==",
          "dependencies": [
            "aws_apigatewayv2_api.websocket_api",
            "module.api_gateway.aws_api_gateway_authorizer.cognito_authorizer",
            "module.api_gateway.aws_api_gateway_integration.rest_endpoint_integrations",
            "module.api_gateway.aws_api_gateway_method.rest_endpoint_methods",
            "module.api_gateway.aws_api_gateway_method_response.rest_endpoint_method_responses",
            "module.api_gateway.aws_api_gateway_resource.base_resources",
            "module.api_gateway.aws_api_gateway_resource.main_resource",
            "module.api_gateway.aws_api_gateway_resource.variable_resources",
            "module.api_gateway.aws_api_gateway_rest_api.rest_api",
            "module.auth_lambda.aws_iam_role.lambda_role",
            "module.auth_lambda.aws_lambda_function.lambda",
            "module.auth_lambda.data.aws_caller_identity.current",
            "module.auth_lambda.data.aws_iam_policy_document.policy_doc",
            "module.auth_lambda.module.repo_ecr_lambda.aws_ecr_repository.this",
            "module.auth_lambda.null_resource.run_script",
            "module.events_queue.aws_sqs_queue.dead_letter_fifo_queue",
            "module.events_queue.aws_sqs_queue.fifo_queue",
            "module.locations_table.aws_dynamodb_table.this",
            "module.notificacoes_lambda.aws_iam_role.lambda_role",
            "module.notificacoes_lambda.aws_lambda_function.lambda",
            "module.notificacoes_lambda.data.aws_caller_identity.current",
            "module.notificacoes_lambda.data.aws_iam_policy_document.policy_doc",
            "module.notificacoes_lambda.module.repo_ecr_lambda.aws_ecr_repository.this",
            "module.notificacoes_lambda.null_resource.run_script",
            "module.notifications_general_topic.aws_sns_topic.this",
            "module.notifications_premium_topic.aws_sns_topic.this",
            "module.notifications_regional_topic.aws_sns_topic.this",
            "module.notifications_table.aws_dynamodb_table.this",
            "module.pedidos_lambda.aws_iam_role.lambda_role",
            "module.pedidos_lambda.aws_lambda_function.lambda",
            "module.pedidos_lambda.data.aws_caller_identity.current",
            "module.pedidos_lambda.data.aws_iam_policy_document.policy_doc",
            "module.pedidos_lambda.module.repo_ecr_lambda.aws_ecr_repository.this",
            "module.pedidos_lambda.null_resource.run_script",
            "module.pedidos_table.aws_dynamodb_table.this",
            "module.rastreamento_lambda.aws_iam_role.lambda_role",
            "module.rastreamento_lambda.aws_lambda_function.lambda",
            "module.rastreamento_lambda.data.aws_caller_identity.current",
            "module.rastreamento_lambda.data.aws_iam_policy_document.policy_doc",
            "module.rastreamento_lambda.module.repo_ecr_lambda.aws_ecr_repository.this",
            "module.rastreamento_lambda.null_resource.run_script",
            "module.users_table.aws_dynamodb_table.this",
            "module.usuarios_lambda.aws_iam_role.lambda_role",
            "module.usuarios_lambda.aws_lambda_function.lambda",
            "module.usuarios_lambda.data.aws_caller_identity.current",
            "module.usuarios_lambda.data.aws_iam_policy_document.policy_doc",
            "module.usuarios_lambda.module.repo_ecr_lambda.aws_ecr_repository.this",
            "module.usuarios_lambda.null_resource.run_script",
            "module.websocket_connections_table.aws_dynamodb_table.this",
            "module.websocket_lambda.aws_iam_role.lambda_role",
            "module.websocket_lambda.aws_lambda_function.lambda",
            "module.websocket_lambda.data.aws_caller_identity.current",
            "module.websocket_lambda.data.aws_iam_policy_document.policy_doc",
            "module.websocket_lambda.module.repo_ecr_lambda.aws_ecr_repository.this",
            "module.websocket_lambda.null_resource.run_script"
          ],
          "create_before_destroy": true
        },
        {
          "index_key": "19",
          "schema_version": 0,
          "attributes": {
            "content_handling": "",
            "http_method": "GET",
            "id": "agir-tntpd380l5-bi3fv4-GET-200",
            "region": "us-east-1",
            "resource_id": "bi3fv4",
            "response_parameters": {},
            "response_templates": {},
            "rest_api_id": "tntpd380l5",
            "selection_pattern": "",
            "status_code": "200"
          },
          "sensitive_attributes": [],
          "identity_schema_version": 0,
          "private": "bnVsbA==",
          "dependencies": [
            "aws_apigatewayv2_api.websocket_api",
            "module.api_gateway.aws_api_gateway_authorizer.cognito_authorizer",
            "module.api_gateway.aws_api_gateway_integration.rest_endpoint_integrations",
            "module.api_gateway.aws_api_gateway_method.rest_endpoint_methods",
            "module.api_gateway.aws_api_gateway_method_response.rest_endpoint_method_responses",
            "module.api_gateway.aws_api_gateway_resource.base_resources",
            "module.api_gateway.aws_api_gateway_resource.main_resource",
            "module.api_gateway.aws_api_gateway_resource.variable_resources",
            "module.api_gateway.aws_api_gateway_rest_api.rest_api",
            "module.auth_lambda.aws_iam_role.lambda_role",
            "module.auth_lambda.aws_lambda_function.lambda",
            "module.auth_lambda.data.aws_caller_identity.current",
            "module.auth_lambda.data.aws_iam_policy_document.policy_doc",
            "module.auth_lambda.module.repo_ecr_lambda.aws_ecr_repository.this",
            "module.auth_lambda.null_resource.run_script",
            "module.events_queue.aws_sqs_queue.dead_letter_fifo_queue",
            "module.events_queue.aws_sqs_queue.fifo_queue",
            "module.locations_table.aws_dynamodb_table.this",
            "module.notificacoes_lambda.aws_iam_role.lambda_role",
            "module.notificacoes_lambda.aws_lambda_function.lambda",
            "module.notificacoes_lambda.data.aws_caller_identity.current",
            "module.notificacoes_lambda.data.aws_iam_policy_document.policy_doc",
            "module.notificacoes_lambda.module.repo_ecr_lambda.aws_ecr_repository.this",
            "module.notificacoes_lambda.null_resource.run_script",
            "module.notifications_general_topic.aws_sns_topic.this",
            "module.notifications_premium_topic.aws_sns_topic.this",
            "module.notifications_regional_topic.aws_sns_topic.this",
            "module.notifications_table.aws_dynamodb_table.this",
            "module.pedidos_lambda.aws_iam_role.lambda_role",
            "module.pedidos_lambda.aws_lambda_function.lambda",
            "module.pedidos_lambda.data.aws_caller_identity.current",
            "module.pedidos_lambda.data.aws_iam_policy_document.policy_doc",
            "module.pedidos_lambda.module.repo_ecr_lambda.aws_ecr_repository.this",
            "module.pedidos_lambda.null_resource.run_script",
            "module.pedidos_table.aws_dynamodb_table.this",
            "module.rastreamento_lambda.aws_iam_role.lambda_role",
            "module.rastreamento_lambda.aws_lambda_function.lambda",
            "module.rastreamento_lambda.data.aws_caller_identity.current",
            "module.rastreamento_lambda.data.aws_iam_policy_document.policy_doc",
            "module.rastreamento_lambda.module.repo_ecr_lambda.aws_ecr_repository.this",
            "module.rastreamento_lambda.null_resource.run_script",
            "module.users_table.aws_dynamodb_table.this",
            "module.usuarios_lambda.aws_iam_role.lambda_role",
            "module.usuarios_lambda.aws_lambda_function.lambda",
            "module.usuarios_lambda.data.aws_caller_identity.current",
            "module.usuarios_lambda.data.aws_iam_policy_document.policy_doc",
            "module.usuarios_lambda.module.repo_ecr_lambda.aws_ecr_repository.this",
            "module.usuarios_lambda.null_resource.run_script",
            "module.websocket_connections_table.aws_dynamodb_table.this",
            "module.websocket_lambda.aws_iam_role.lambda_role",
            "module.websocket_lambda.aws_lambda_function.lambda",
            "module.websocket_lambda.data.aws_caller_identity.current",
            "module.websocket_lambda.data.aws_iam_policy_document.policy_doc",
            "module.websocket_lambda.module.repo_ecr_lambda.aws_ecr_repository.this",
            "module.websocket_lambda.null_resource.run_script"
          ],
          "create_before_destroy": true
        },
        {
          "index_key": "2",
          "schema_version": 0,
          "attributes": {
            "content_handling": "",
            "http_method": "POST",
            "id": "agir-tntpd380l5-ogb8u4-POST-201",
            "region": "us-east-1",
            "resource_id": "ogb8u4",
            "response_parameters": {},
            "response_templates": {},
            "rest_api_id": "tntpd380l5",
            "selection_pattern": "",
            "status_code": "201"
          },
          "sensitive_attributes": [],
          "identity_schema_version": 0,
          "private": "bnVsbA==",
          "dependencies": [
            "aws_apigatewayv2_api.websocket_api",
            "module.api_gateway.aws_api_gateway_authorizer.cognito_authorizer",
            "module.api_gateway.aws_api_gateway_integration.rest_endpoint_integrations",
            "module.api_gateway.aws_api_gateway_method.rest_endpoint_methods",
            "module.api_gateway.aws_api_gateway_method_response.rest_endpoint_method_responses",
            "module.api_gateway.aws_api_gateway_resource.base_resources",
            "module.api_gateway.aws_api_gateway_resource.main_resource",
            "module.api_gateway.aws_api_gateway_resource.variable_resources",
            "module.api_gateway.aws_api_gateway_rest_api.rest_api",
            "module.auth_lambda.aws_iam_role.lambda_role",
            "module.auth_lambda.aws_lambda_function.lambda",
            "module.auth_lambda.data.aws_caller_identity.current",
            "module.auth_lambda.data.aws_iam_policy_document.policy_doc",
            "module.auth_lambda.module.repo_ecr_lambda.aws_ecr_repository.this",
            "module.auth_lambda.null_resource.run_script",
            "module.events_queue.aws_sqs_queue.dead_letter_fifo_queue",
            "module.events_queue.aws_sqs_queue.fifo_queue",
            "module.locations_table.aws_dynamodb_table.this",
            "module.notificacoes_lambda.aws_iam_role.lambda_role",
            "module.notificacoes_lambda.aws_lambda_function.lambda",
            "module.notificacoes_lambda.data.aws_caller_identity.current",
            "module.notificacoes_lambda.data.aws_iam_policy_document.policy_doc",
            "module.notificacoes_lambda.module.repo_ecr_lambda.aws_ecr_repository.this",
            "module.notificacoes_lambda.null_resource.run_script",
            "module.notifications_general_topic.aws_sns_topic.this",
            "module.notifications_premium_topic.aws_sns_topic.this",
            "module.notifications_regional_topic.aws_sns_topic.this",
            "module.notifications_table.aws_dynamodb_table.this",
            "module.pedidos_lambda.aws_iam_role.lambda_role",
            "module.pedidos_lambda.aws_lambda_function.lambda",
            "module.pedidos_lambda.data.aws_caller_identity.current",
            "module.pedidos_lambda.data.aws_iam_policy_document.policy_doc",
            "module.pedidos_lambda.module.repo_ecr_lambda.aws_ecr_repository.this",
            "module.pedidos_lambda.null_resource.run_script",
            "module.pedidos_table.aws_dynamodb_table.this",
            "module.rastreamento_lambda.aws_iam_role.lambda_role",
            "module.rastreamento_lambda.aws_lambda_function.lambda",
            "module.rastreamento_lambda.data.aws_caller_identity.current",
            "module.rastreamento_lambda.data.aws_iam_policy_document.policy_doc",
            "module.rastreamento_lambda.module.repo_ecr_lambda.aws_ecr_repository.this",
            "module.rastreamento_lambda.null_resource.run_script",
            "module.users_table.aws_dynamodb_table.this",
            "module.usuarios_lambda.aws_iam_role.lambda_role",
            "module.usuarios_lambda.aws_lambda_function.lambda",
            "module.usuarios_lambda.data.aws_caller_identity.current",
            "module.usuarios_lambda.data.aws_iam_policy_document.policy_doc",
            "module.usuarios_lambda.module.repo_ecr_lambda.aws_ecr_repository.this",
            "module.usuarios_lambda.null_resource.run_script",
            "module.websocket_connections_table.aws_dynamodb_table.this",
            "module.websocket_lambda.aws_iam_role.lambda_role",
            "module.websocket_lambda.aws_lambda_function.lambda",
            "module.websocket_lambda.data.aws_caller_identity.current",
            "module.websocket_lambda.data.aws_iam_policy_document.policy_doc",
            "module.websocket_lambda.module.repo_ecr_lambda.aws_ecr_repository.this",
            "module.websocket_lambda.null_resource.run_script"
          ],
          "create_before_destroy": true
        },
        {
          "index_key": "20",
          "schema_version": 0,
          "attributes": {
            "content_handling": "",
            "http_method": "POST",
            "id": "agir-tntpd380l5-fp56js-POST-201",
            "region": "us-east-1",
            "resource_id": "fp56js",
            "response_parameters": {},
            "response_templates": {},
            "rest_api_id": "tntpd380l5",
            "selection_pattern": "",
            "status_code": "201"
          },
          "sensitive_attributes": [],
          "identity_schema_version": 0,
          "private": "bnVsbA==",
          "dependencies": [
            "aws_apigatewayv2_api.websocket_api",
            "module.api_gateway.aws_api_gateway_authorizer.cognito_authorizer",
            "module.api_gateway.aws_api_gateway_integration.rest_endpoint_integrations",
            "module.api_gateway.aws_api_gateway_method.rest_endpoint_methods",
            "module.api_gateway.aws_api_gateway_method_response.rest_endpoint_method_responses",
            "module.api_gateway.aws_api_gateway_resource.base_resources",
            "module.api_gateway.aws_api_gateway_resource.main_resource",
            "module.api_gateway.aws_api_gateway_resource.variable_resources",
            "module.api_gateway.aws_api_gateway_rest_api.rest_api",
            "module.auth_lambda.aws_iam_role.lambda_role",
            "module.auth_lambda.aws_lambda_function.lambda",
            "module.auth_lambda.data.aws_caller_identity.current",
            "module.auth_lambda.data.aws_iam_policy_document.policy_doc",
            "module.auth_lambda.module.repo_ecr_lambda.aws_ecr_repository.this",
            "module.auth_lambda.null_resource.run_script",
            "module.events_queue.aws_sqs_queue.dead_letter_fifo_queue",
            "module.events_queue.aws_sqs_queue.fifo_queue",
            "module.locations_table.aws_dynamodb_table.this",
            "module.notificacoes_lambda.aws_iam_role.lambda_role",
            "module.notificacoes_lambda.aws_lambda_function.lambda",
            "module.notificacoes_lambda.data.aws_caller_identity.current",
            "module.notificacoes_lambda.data.aws_iam_policy_document.policy_doc",
            "module.notificacoes_lambda.module.repo_ecr_lambda.aws_ecr_repository.this",
            "module.notificacoes_lambda.null_resource.run_script",
            "module.notifications_general_topic.aws_sns_topic.this",
            "module.notifications_premium_topic.aws_sns_topic.this",
            "module.notifications_regional_topic.aws_sns_topic.this",
            "module.notifications_table.aws_dynamodb_table.this",
            "module.pedidos_lambda.aws_iam_role.lambda_role",
            "module.pedidos_lambda.aws_lambda_function.lambda",
            "module.pedidos_lambda.data.aws_caller_identity.current",
            "module.pedidos_lambda.data.aws_iam_policy_document.policy_doc",
            "module.pedidos_lambda.module.repo_ecr_lambda.aws_ecr_repository.this",
            "module.pedidos_lambda.null_resource.run_script",
            "module.pedidos_table.aws_dynamodb_table.this",
            "module.rastreamento_lambda.aws_iam_role.lambda_role",
            "module.rastreamento_lambda.aws_lambda_function.lambda",
            "module.rastreamento_lambda.data.aws_caller_identity.current",
            "module.rastreamento_lambda.data.aws_iam_policy_document.policy_doc",
            "module.rastreamento_lambda.module.repo_ecr_lambda.aws_ecr_repository.this",
            "module.rastreamento_lambda.null_resource.run_script",
            "module.users_table.aws_dynamodb_table.this",
            "module.usuarios_lambda.aws_iam_role.lambda_role",
            "module.usuarios_lambda.aws_lambda_function.lambda",
            "module.usuarios_lambda.data.aws_caller_identity.current",
            "module.usuarios_lambda.data.aws_iam_policy_document.policy_doc",
            "module.usuarios_lambda.module.repo_ecr_lambda.aws_ecr_repository.this",
            "module.usuarios_lambda.null_resource.run_script",
            "module.websocket_connections_table.aws_dynamodb_table.this",
            "module.websocket_lambda.aws_iam_role.lambda_role",
            "module.websocket_lambda.aws_lambda_function.lambda",
            "module.websocket_lambda.data.aws_caller_identity.current",
            "module.websocket_lambda.data.aws_iam_policy_document.policy_doc",
            "module.websocket_lambda.module.repo_ecr_lambda.aws_ecr_repository.this",
            "module.websocket_lambda.null_resource.run_script"
          ],
          "create_before_destroy": true
        },
        {
          "index_key": "3",
          "schema_version": 0,
          "attributes": {
            "content_handling": "",
            "http_method": "POST",
            "id": "agir-tntpd380l5-r5dtyo-POST-201",
            "region": "us-east-1",
            "resource_id": "r5dtyo",
            "response_parameters": {},
            "response_templates": {},
            "rest_api_id": "tntpd380l5",
            "selection_pattern": "",
            "status_code": "201"
          },
          "sensitive_attributes": [],
          "identity_schema_version": 0,
          "private": "bnVsbA==",
          "dependencies": [
            "aws_apigatewayv2_api.websocket_api",
            "module.api_gateway.aws_api_gateway_authorizer.cognito_authorizer",
            "module.api_gateway.aws_api_gateway_integration.rest_endpoint_integrations",
            "module.api_gateway.aws_api_gateway_method.rest_endpoint_methods",
            "module.api_gateway.aws_api_gateway_method_response.rest_endpoint_method_responses",
            "module.api_gateway.aws_api_gateway_resource.base_resources",
            "module.api_gateway.aws_api_gateway_resource.main_resource",
            "module.api_gateway.aws_api_gateway_resource.variable_resources",
            "module.api_gateway.aws_api_gateway_rest_api.rest_api",
            "module.auth_lambda.aws_iam_role.lambda_role",
            "module.auth_lambda.aws_lambda_function.lambda",
            "module.auth_lambda.data.aws_caller_identity.current",
            "module.auth_lambda.data.aws_iam_policy_document.policy_doc",
            "module.auth_lambda.module.repo_ecr_lambda.aws_ecr_repository.this",
            "module.auth_lambda.null_resource.run_script",
            "module.events_queue.aws_sqs_queue.dead_letter_fifo_queue",
            "module.events_queue.aws_sqs_queue.fifo_queue",
            "module.locations_table.aws_dynamodb_table.this",
            "module.notificacoes_lambda.aws_iam_role.lambda_role",
            "module.notificacoes_lambda.aws_lambda_function.lambda",
            "module.notificacoes_lambda.data.aws_caller_identity.current",
            "module.notificacoes_lambda.data.aws_iam_policy_document.policy_doc",
            "module.notificacoes_lambda.module.repo_ecr_lambda.aws_ecr_repository.this",
            "module.notificacoes_lambda.null_resource.run_script",
            "module.notifications_general_topic.aws_sns_topic.this",
            "module.notifications_premium_topic.aws_sns_topic.this",
            "module.notifications_regional_topic.aws_sns_topic.this",
            "module.notifications_table.aws_dynamodb_table.this",
            "module.pedidos_lambda.aws_iam_role.lambda_role",
            "module.pedidos_lambda.aws_lambda_function.lambda",
            "module.pedidos_lambda.data.aws_caller_identity.current",
            "module.pedidos_lambda.data.aws_iam_policy_document.policy_doc",
            "module.pedidos_lambda.module.repo_ecr_lambda.aws_ecr_repository.this",
            "module.pedidos_lambda.null_resource.run_script",
            "module.pedidos_table.aws_dynamodb_table.this",
            "module.rastreamento_lambda.aws_iam_role.lambda_role",
            "module.rastreamento_lambda.aws_lambda_function.lambda",
            "module.rastreamento_lambda.data.aws_caller_identity.current",
            "module.rastreamento_lambda.data.aws_iam_policy_document.policy_doc",
            "module.rastreamento_lambda.module.repo_ecr_lambda.aws_ecr_repository.this",
            "module.rastreamento_lambda.null_resource.run_script",
            "module.users_table.aws_dynamodb_table.this",
            "module.usuarios_lambda.aws_iam_role.lambda_role",
            "module.usuarios_lambda.aws_lambda_function.lambda",
            "module.usuarios_lambda.data.aws_caller_identity.current",
            "module.usuarios_lambda.data.aws_iam_policy_document.policy_doc",
            "module.usuarios_lambda.module.repo_ecr_lambda.aws_ecr_repository.this",
            "module.usuarios_lambda.null_resource.run_script",
            "module.websocket_connections_table.aws_dynamodb_table.this",
            "module.websocket_lambda.aws_iam_role.lambda_role",
            "module.websocket_lambda.aws_lambda_function.lambda",
            "module.websocket_lambda.data.aws_caller_identity.current",
            "module.websocket_lambda.data.aws_iam_policy_document.policy_doc",
            "module.websocket_lambda.module.repo_ecr_lambda.aws_ecr_repository.this",
            "module.websocket_lambda.null_resource.run_script"
          ],
          "create_before_destroy": true
        },
        {
          "index_key": "4",
          "schema_version": 0,
          "attributes": {
            "content_handling": "",
            "http_method": "POST",
            "id": "agir-tntpd380l5-42swa8-POST-201",
            "region": "us-east-1",
            "resource_id": "42swa8",
            "response_parameters": {},
            "response_templates": {},
            "rest_api_id": "tntpd380l5",
            "selection_pattern": "",
            "status_code": "201"
          },
          "sensitive_attributes": [],
          "identity_schema_version": 0,
          "private": "bnVsbA==",
          "dependencies": [
            "aws_apigatewayv2_api.websocket_api",
            "module.api_gateway.aws_api_gateway_authorizer.cognito_authorizer",
            "module.api_gateway.aws_api_gateway_integration.rest_endpoint_integrations",
            "module.api_gateway.aws_api_gateway_method.rest_endpoint_methods",
            "module.api_gateway.aws_api_gateway_method_response.rest_endpoint_method_responses",
            "module.api_gateway.aws_api_gateway_resource.base_resources",
            "module.api_gateway.aws_api_gateway_resource.main_resource",
            "module.api_gateway.aws_api_gateway_resource.variable_resources",
            "module.api_gateway.aws_api_gateway_rest_api.rest_api",
            "module.auth_lambda.aws_iam_role.lambda_role",
            "module.auth_lambda.aws_lambda_function.lambda",
            "module.auth_lambda.data.aws_caller_identity.current",
            "module.auth_lambda.data.aws_iam_policy_document.policy_doc",
            "module.auth_lambda.module.repo_ecr_lambda.aws_ecr_repository.this",
            "module.auth_lambda.null_resource.run_script",
            "module.events_queue.aws_sqs_queue.dead_letter_fifo_queue",
            "module.events_queue.aws_sqs_queue.fifo_queue",
            "module.locations_table.aws_dynamodb_table.this",
            "module.notificacoes_lambda.aws_iam_role.lambda_role",
            "module.notificacoes_lambda.aws_lambda_function.lambda",
            "module.notificacoes_lambda.data.aws_caller_identity.current",
            "module.notificacoes_lambda.data.aws_iam_policy_document.policy_doc",
            "module.notificacoes_lambda.module.repo_ecr_lambda.aws_ecr_repository.this",
            "module.notificacoes_lambda.null_resource.run_script",
            "module.notifications_general_topic.aws_sns_topic.this",
            "module.notifications_premium_topic.aws_sns_topic.this",
            "module.notifications_regional_topic.aws_sns_topic.this",
            "module.notifications_table.aws_dynamodb_table.this",
            "module.pedidos_lambda.aws_iam_role.lambda_role",
            "module.pedidos_lambda.aws_lambda_function.lambda",
            "module.pedidos_lambda.data.aws_caller_identity.current",
            "module.pedidos_lambda.data.aws_iam_policy_document.policy_doc",
            "module.pedidos_lambda.module.repo_ecr_lambda.aws_ecr_repository.this",
            "module.pedidos_lambda.null_resource.run_script",
            "module.pedidos_table.aws_dynamodb_table.this",
            "module.rastreamento_lambda.aws_iam_role.lambda_role",
            "module.rastreamento_lambda.aws_lambda_function.lambda",
            "module.rastreamento_lambda.data.aws_caller_identity.current",
            "module.rastreamento_lambda.data.aws_iam_policy_document.policy_doc",
            "module.rastreamento_lambda.module.repo_ecr_lambda.aws_ecr_repository.this",
            "module.rastreamento_lambda.null_resource.run_script",
            "module.users_table.aws_dynamodb_table.this",
            "module.usuarios_lambda.aws_iam_role.lambda_role",
            "module.usuarios_lambda.aws_lambda_function.lambda",
            "module.usuarios_lambda.data.aws_caller_identity.current",
            "module.usuarios_lambda.data.aws_iam_policy_document.policy_doc",
            "module.usuarios_lambda.module.repo_ecr_lambda.aws_ecr_repository.this",
            "module.usuarios_lambda.null_resource.run_script",
            "module.websocket_connections_table.aws_dynamodb_table.this",
            "module.websocket_lambda.aws_iam_role.lambda_role",
            "module.websocket_lambda.aws_lambda_function.lambda",
            "module.websocket_lambda.data.aws_caller_identity.current",
            "module.websocket_lambda.data.aws_iam_policy_document.policy_doc",
            "module.websocket_lambda.module.repo_ecr_lambda.aws_ecr_repository.this",
            "module.websocket_lambda.null_resource.run_script"
          ],
          "create_before_destroy": true
        },
        {
          "index_key": "5",
          "schema_version": 0,
          "attributes": {
            "content_handling": "",
            "http_method": "GET",
            "id": "agir-tntpd380l5-2cdpbl-GET-200",
            "region": "us-east-1",
            "resource_id": "2cdpbl",
            "response_parameters": {},
            "response_templates": {},
            "rest_api_id": "tntpd380l5",
            "selection_pattern": "",
            "status_code": "200"
          },
          "sensitive_attributes": [],
          "identity_schema_version": 0,
          "private": "bnVsbA==",
          "dependencies": [
            "aws_apigatewayv2_api.websocket_api",
            "module.api_gateway.aws_api_gateway_authorizer.cognito_authorizer",
            "module.api_gateway.aws_api_gateway_integration.rest_endpoint_integrations",
            "module.api_gateway.aws_api_gateway_method.rest_endpoint_methods",
            "module.api_gateway.aws_api_gateway_method_response.rest_endpoint_method_responses",
            "module.api_gateway.aws_api_gateway_resource.base_resources",
            "module.api_gateway.aws_api_gateway_resource.main_resource",
            "module.api_gateway.aws_api_gateway_resource.variable_resources",
            "module.api_gateway.aws_api_gateway_rest_api.rest_api",
            "module.auth_lambda.aws_iam_role.lambda_role",
            "module.auth_lambda.aws_lambda_function.lambda",
            "module.auth_lambda.data.aws_caller_identity.current",
            "module.auth_lambda.data.aws_iam_policy_document.policy_doc",
            "module.auth_lambda.module.repo_ecr_lambda.aws_ecr_repository.this",
            "module.auth_lambda.null_resource.run_script",
            "module.events_queue.aws_sqs_queue.dead_letter_fifo_queue",
            "module.events_queue.aws_sqs_queue.fifo_queue",
            "module.locations_table.aws_dynamodb_table.this",
            "module.notificacoes_lambda.aws_iam_role.lambda_role",
            "module.notificacoes_lambda.aws_lambda_function.lambda",
            "module.notificacoes_lambda.data.aws_caller_identity.current",
            "module.notificacoes_lambda.data.aws_iam_policy_document.policy_doc",
            "module.notificacoes_lambda.module.repo_ecr_lambda.aws_ecr_repository.this",
            "module.notificacoes_lambda.null_resource.run_script",
            "module.notifications_general_topic.aws_sns_topic.this",
            "module.notifications_premium_topic.aws_sns_topic.this",
            "module.notifications_regional_topic.aws_sns_topic.this",
            "module.notifications_table.aws_dynamodb_table.this",
            "module.pedidos_lambda.aws_iam_role.lambda_role",
            "module.pedidos_lambda.aws_lambda_function.lambda",
            "module.pedidos_lambda.data.aws_caller_identity.current",
            "module.pedidos_lambda.data.aws_iam_policy_document.policy_doc",
            "module.pedidos_lambda.module.repo_ecr_lambda.aws_ecr_repository.this",
            "module.pedidos_lambda.null_resource.run_script",
            "module.pedidos_table.aws_dynamodb_table.this",
            "module.rastreamento_lambda.aws_iam_role.lambda_role",
            "module.rastreamento_lambda.aws_lambda_function.lambda",
            "module.rastreamento_lambda.data.aws_caller_identity.current",
            "module.rastreamento_lambda.data.aws_iam_policy_document.policy_doc",
            "module.rastreamento_lambda.module.repo_ecr_lambda.aws_ecr_repository.this",
            "module.rastreamento_lambda.null_resource.run_script",
            "module.users_table.aws_dynamodb_table.this",
            "module.usuarios_lambda.aws_iam_role.lambda_role",
            "module.usuarios_lambda.aws_lambda_function.lambda",
            "module.usuarios_lambda.data.aws_caller_identity.current",
            "module.usuarios_lambda.data.aws_iam_policy_document.policy_doc",
            "module.usuarios_lambda.module.repo_ecr_lambda.aws_ecr_repository.this",
            "module.usuarios_lambda.null_resource.run_script",
            "module.websocket_connections_table.aws_dynamodb_table.this",
            "module.websocket_lambda.aws_iam_role.lambda_role",
            "module.websocket_lambda.aws_lambda_function.lambda",
            "module.websocket_lambda.data.aws_caller_identity.current",
            "module.websocket_lambda.data.aws_iam_policy_document.policy_doc",
            "module.websocket_lambda.module.repo_ecr_lambda.aws_ecr_repository.this",
            "module.websocket_lambda.null_resource.run_script"
          ],
          "create_before_destroy": true
        },
        {
          "index_key": "6",
          "schema_version": 0,
          "attributes": {
            "content_handling": "",
            "http_method": "GET",
            "id": "agir-tntpd380l5-x6gewu-GET-200",
            "region": "us-east-1",
            "resource_id": "x6gewu",
            "response_parameters": {},
            "response_templates": {},
            "rest_api_id": "tntpd380l5",
            "selection_pattern": "",
            "status_code": "200"
          },
          "sensitive_attributes": [],
          "identity_schema_version": 0,
          "private": "bnVsbA==",
          "dependencies": [
            "aws_apigatewayv2_api.websocket_api",
            "module.api_gateway.aws_api_gateway_authorizer.cognito_authorizer",
            "module.api_gateway.aws_api_gateway_integration.rest_endpoint_integrations",
            "module.api_gateway.aws_api_gateway_method.rest_endpoint_methods",
            "module.api_gateway.aws_api_gateway_method_response.rest_endpoint_method_responses",
            "module.api_gateway.aws_api_gateway_resource.base_resources",
            "module.api_gateway.aws_api_gateway_resource.main_resource",
            "module.api_gateway.aws_api_gateway_resource.variable_resources",
            "module.api_gateway.aws_api_gateway_rest_api.rest_api",
            "module.auth_lambda.aws_iam_role.lambda_role",
            "module.auth_lambda.aws_lambda_function.lambda",
            "module.auth_lambda.data.aws_caller_identity.current",
            "module.auth_lambda.data.aws_iam_policy_document.policy_doc",
            "module.auth_lambda.module.repo_ecr_lambda.aws_ecr_repository.this",
            "module.auth_lambda.null_resource.run_script",
            "module.events_queue.aws_sqs_queue.dead_letter_fifo_queue",
            "module.events_queue.aws_sqs_queue.fifo_queue",
            "module.locations_table.aws_dynamodb_table.this",
            "module.notificacoes_lambda.aws_iam_role.lambda_role",
            "module.notificacoes_lambda.aws_lambda_function.lambda",
            "module.notificacoes_lambda.data.aws_caller_identity.current",
            "module.notificacoes_lambda.data.aws_iam_policy_document.policy_doc",
            "module.notificacoes_lambda.module.repo_ecr_lambda.aws_ecr_repository.this",
            "module.notificacoes_lambda.null_resource.run_script",
            "module.notifications_general_topic.aws_sns_topic.this",
            "module.notifications_premium_topic.aws_sns_topic.this",
            "module.notifications_regional_topic.aws_sns_topic.this",
            "module.notifications_table.aws_dynamodb_table.this",
            "module.pedidos_lambda.aws_iam_role.lambda_role",
            "module.pedidos_lambda.aws_lambda_function.lambda",
            "module.pedidos_lambda.data.aws_caller_identity.current",
            "module.pedidos_lambda.data.aws_iam_policy_document.policy_doc",
            "module.pedidos_lambda.module.repo_ecr_lambda.aws_ecr_repository.this",
            "module.pedidos_lambda.null_resource.run_script",
            "module.pedidos_table.aws_dynamodb_table.this",
            "module.rastreamento_lambda.aws_iam_role.lambda_role",
            "module.rastreamento_lambda.aws_lambda_function.lambda",
            "module.rastreamento_lambda.data.aws_caller_identity.current",
            "module.rastreamento_lambda.data.aws_iam_policy_document.policy_doc",
            "module.rastreamento_lambda.module.repo_ecr_lambda.aws_ecr_repository.this",
            "module.rastreamento_lambda.null_resource.run_script",
            "module.users_table.aws_dynamodb_table.this",
            "module.usuarios_lambda.aws_iam_role.lambda_role",
            "module.usuarios_lambda.aws_lambda_function.lambda",
            "module.usuarios_lambda.data.aws_caller_identity.current",
            "module.usuarios_lambda.data.aws_iam_policy_document.policy_doc",
            "module.usuarios_lambda.module.repo_ecr_lambda.aws_ecr_repository.this",
            "module.usuarios_lambda.null_resource.run_script",
            "module.websocket_connections_table.aws_dynamodb_table.this",
            "module.websocket_lambda.aws_iam_role.lambda_role",
            "module.websocket_lambda.aws_lambda_function.lambda",
            "module.websocket_lambda.data.aws_caller_identity.current",
            "module.websocket_lambda.data.aws_iam_policy_document.policy_doc",
            "module.websocket_lambda.module.repo_ecr_lambda.aws_ecr_repository.this",
            "module.websocket_lambda.null_resource.run_script"
          ],
          "create_before_destroy": true
        },
        {
          "index_key": "7",
          "schema_version": 0,
          "attributes": {
            "content_handling": "",
            "http_method": "GET",
            "id": "agir-tntpd380l5-pswbyy-GET-200",
            "region": "us-east-1",
            "resource_id": "pswbyy",
            "response_parameters": {},
            "response_templates": {},
            "rest_api_id": "tntpd380l5",
            "selection_pattern": "",
            "status_code": "200"
          },
          "sensitive_attributes": [],
          "identity_schema_version": 0,
          "private": "bnVsbA==",
          "dependencies": [
            "aws_apigatewayv2_api.websocket_api",
            "module.api_gateway.aws_api_gateway_authorizer.cognito_authorizer",
            "module.api_gateway.aws_api_gateway_integration.rest_endpoint_integrations",
            "module.api_gateway.aws_api_gateway_method.rest_endpoint_methods",
            "module.api_gateway.aws_api_gateway_method_response.rest_endpoint_method_responses",
            "module.api_gateway.aws_api_gateway_resource.base_resources",
            "module.api_gateway.aws_api_gateway_resource.main_resource",
            "module.api_gateway.aws_api_gateway_resource.variable_resources",
            "module.api_gateway.aws_api_gateway_rest_api.rest_api",
            "module.auth_lambda.aws_iam_role.lambda_role",
            "module.auth_lambda.aws_lambda_function.lambda",
            "module.auth_lambda.data.aws_caller_identity.current",
            "module.auth_lambda.data.aws_iam_policy_document.policy_doc",
            "module.auth_lambda.module.repo_ecr_lambda.aws_ecr_repository.this",
            "module.auth_lambda.null_resource.run_script",
            "module.events_queue.aws_sqs_queue.dead_letter_fifo_queue",
            "module.events_queue.aws_sqs_queue.fifo_queue",
            "module.locations_table.aws_dynamodb_table.this",
            "module.notificacoes_lambda.aws_iam_role.lambda_role",
            "module.notificacoes_lambda.aws_lambda_function.lambda",
            "module.notificacoes_lambda.data.aws_caller_identity.current",
            "module.notificacoes_lambda.data.aws_iam_policy_document.policy_doc",
            "module.notificacoes_lambda.module.repo_ecr_lambda.aws_ecr_repository.this",
            "module.notificacoes_lambda.null_resource.run_script",
            "module.notifications_general_topic.aws_sns_topic.this",
            "module.notifications_premium_topic.aws_sns_topic.this",
            "module.notifications_regional_topic.aws_sns_topic.this",
            "module.notifications_table.aws_dynamodb_table.this",
            "module.pedidos_lambda.aws_iam_role.lambda_role",
            "module.pedidos_lambda.aws_lambda_function.lambda",
            "module.pedidos_lambda.data.aws_caller_identity.current",
            "module.pedidos_lambda.data.aws_iam_policy_document.policy_doc",
            "module.pedidos_lambda.module.repo_ecr_lambda.aws_ecr_repository.this",
            "module.pedidos_lambda.null_resource.run_script",
            "module.pedidos_table.aws_dynamodb_table.this",
            "module.rastreamento_lambda.aws_iam_role.lambda_role",
            "module.rastreamento_lambda.aws_lambda_function.lambda",
            "module.rastreamento_lambda.data.aws_caller_identity.current",
            "module.rastreamento_lambda.data.aws_iam_policy_document.policy_doc",
            "module.rastreamento_lambda.module.repo_ecr_lambda.aws_ecr_repository.this",
            "module.rastreamento_lambda.null_resource.run_script",
            "module.users_table.aws_dynamodb_table.this",
            "module.usuarios_lambda.aws_iam_role.lambda_role",
            "module.usuarios_lambda.aws_lambda_function.lambda",
            "module.usuarios_lambda.data.aws_caller_identity.current",
            "module.usuarios_lambda.data.aws_iam_policy_document.policy_doc",
            "module.usuarios_lambda.module.repo_ecr_lambda.aws_ecr_repository.this",
            "module.usuarios_lambda.null_resource.run_script",
            "module.websocket_connections_table.aws_dynamodb_table.this",
            "module.websocket_lambda.aws_iam_role.lambda_role",
            "module.websocket_lambda.aws_lambda_function.lambda",
            "module.websocket_lambda.data.aws_caller_identity.current",
            "module.websocket_lambda.data.aws_iam_policy_document.policy_doc",
            "module.websocket_lambda.module.repo_ecr_lambda.aws_ecr_repository.this",
            "module.websocket_lambda.null_resource.run_script"
          ],
          "create_before_destroy": true
        },
        {
          "index_key": "8",
          "schema_version": 0,
          "attributes": {
            "content_handling": "",
            "http_method": "PATCH",
            "id": "agir-tntpd380l5-5brkgs-PATCH-204",
            "region": "us-east-1",
            "resource_id": "5brkgs",
            "response_parameters": {},
            "response_templates": {},
            "rest_api_id": "tntpd380l5",
            "selection_pattern": "",
            "status_code": "204"
          },
          "sensitive_attributes": [],
          "identity_schema_version": 0,
          "private": "bnVsbA==",
          "dependencies": [
            "aws_apigatewayv2_api.websocket_api",
            "module.api_gateway.aws_api_gateway_authorizer.cognito_authorizer",
            "module.api_gateway.aws_api_gateway_integration.rest_endpoint_integrations",
            "module.api_gateway.aws_api_gateway_method.rest_endpoint_methods",
            "module.api_gateway.aws_api_gateway_method_response.rest_endpoint_method_responses",
            "module.api_gateway.aws_api_gateway_resource.base_resources",
            "module.api_gateway.aws_api_gateway_resource.main_resource",
            "module.api_gateway.aws_api_gateway_resource.variable_resources",
            "module.api_gateway.aws_api_gateway_rest_api.rest_api",
            "module.auth_lambda.aws_iam_role.lambda_role",
            "module.auth_lambda.aws_lambda_function.lambda",
            "module.auth_lambda.data.aws_caller_identity.current",
            "module.auth_lambda.data.aws_iam_policy_document.policy_doc",
            "module.auth_lambda.module.repo_ecr_lambda.aws_ecr_repository.this",
            "module.auth_lambda.null_resource.run_script",
            "module.events_queue.aws_sqs_queue.dead_letter_fifo_queue",
            "module.events_queue.aws_sqs_queue.fifo_queue",
            "module.locations_table.aws_dynamodb_table.this",
            "module.notificacoes_lambda.aws_iam_role.lambda_role",
            "module.notificacoes_lambda.aws_lambda_function.lambda",
            "module.notificacoes_lambda.data.aws_caller_identity.current",
            "module.notificacoes_lambda.data.aws_iam_policy_document.policy_doc",
            "module.notificacoes_lambda.module.repo_ecr_lambda.aws_ecr_repository.this",
            "module.notificacoes_lambda.null_resource.run_script",
            "module.notifications_general_topic.aws_sns_topic.this",
            "module.notifications_premium_topic.aws_sns_topic.this",
            "module.notifications_regional_topic.aws_sns_topic.this",
            "module.notifications_table.aws_dynamodb_table.this",
            "module.pedidos_lambda.aws_iam_role.lambda_role",
            "module.pedidos_lambda.aws_lambda_function.lambda",
            "module.pedidos_lambda.data.aws_caller_identity.current",
            "module.pedidos_lambda.data.aws_iam_policy_document.policy_doc",
            "module.pedidos_lambda.module.repo_ecr_lambda.aws_ecr_repository.this",
            "module.pedidos_lambda.null_resource.run_script",
            "module.pedidos_table.aws_dynamodb_table.this",
            "module.rastreamento_lambda.aws_iam_role.lambda_role",
            "module.rastreamento_lambda.aws_lambda_function.lambda",
            "module.rastreamento_lambda.data.aws_caller_identity.current",
            "module.rastreamento_lambda.data.aws_iam_policy_document.policy_doc",
            "module.rastreamento_lambda.module.repo_ecr_lambda.aws_ecr_repository.this",
            "module.rastreamento_lambda.null_resource.run_script",
            "module.users_table.aws_dynamodb_table.this",
            "module.usuarios_lambda.aws_iam_role.lambda_role",
            "module.usuarios_lambda.aws_lambda_function.lambda",
            "module.usuarios_lambda.data.aws_caller_identity.current",
            "module.usuarios_lambda.data.aws_iam_policy_document.policy_doc",
            "module.usuarios_lambda.module.repo_ecr_lambda.aws_ecr_repository.this",
            "module.usuarios_lambda.null_resource.run_script",
            "module.websocket_connections_table.aws_dynamodb_table.this",
            "module.websocket_lambda.aws_iam_role.lambda_role",
            "module.websocket_lambda.aws_lambda_function.lambda",
            "module.websocket_lambda.data.aws_caller_identity.current",
            "module.websocket_lambda.data.aws_iam_policy_document.policy_doc",
            "module.websocket_lambda.module.repo_ecr_lambda.aws_ecr_repository.this",
            "module.websocket_lambda.null_resource.run_script"
          ],
          "create_before_destroy": true
        },
        {
          "index_key": "9",
          "schema_version": 0,
          "attributes": {
            "content_handling": "",
            "http_method": "POST",
            "id": "agir-tntpd380l5-bent9z-POST-200",
            "region": "us-east-1",
            "resource_id": "bent9z",
            "response_parameters": {},
            "response_templates": {},
            "rest_api_id": "tntpd380l5",
            "selection_pattern": "",
            "status_code": "200"
          },
          "sensitive_attributes": [],
          "identity_schema_version": 0,
          "private": "bnVsbA==",
          "dependencies": [
            "aws_apigatewayv2_api.websocket_api",
            "module.api_gateway.aws_api_gateway_authorizer.cognito_authorizer",
            "module.api_gateway.aws_api_gateway_integration.rest_endpoint_integrations",
            "module.api_gateway.aws_api_gateway_method.rest_endpoint_methods",
            "module.api_gateway.aws_api_gateway_method_response.rest_endpoint_method_responses",
            "module.api_gateway.aws_api_gateway_resource.base_resources",
            "module.api_gateway.aws_api_gateway_resource.main_resource",
            "module.api_gateway.aws_api_gateway_resource.variable_resources",
            "module.api_gateway.aws_api_gateway_rest_api.rest_api",
            "module.auth_lambda.aws_iam_role.lambda_role",
            "module.auth_lambda.aws_lambda_function.lambda",
            "module.auth_lambda.data.aws_caller_identity.current",
            "module.auth_lambda.data.aws_iam_policy_document.policy_doc",
            "module.auth_lambda.module.repo_ecr_lambda.aws_ecr_repository.this",
            "module.auth_lambda.null_resource.run_script",
            "module.events_queue.aws_sqs_queue.dead_letter_fifo_queue",
            "module.events_queue.aws_sqs_queue.fifo_queue",
            "module.locations_table.aws_dynamodb_table.this",
            "module.notificacoes_lambda.aws_iam_role.lambda_role",
            "module.notificacoes_lambda.aws_lambda_function.lambda",
            "module.notificacoes_lambda.data.aws_caller_identity.current",
            "module.notificacoes_lambda.data.aws_iam_policy_document.policy_doc",
            "module.notificacoes_lambda.module.repo_ecr_lambda.aws_ecr_repository.this",
            "module.notificacoes_lambda.null_resource.run_script",
            "module.notifications_general_topic.aws_sns_topic.this",
            "module.notifications_premium_topic.aws_sns_topic.this",
            "module.notifications_regional_topic.aws_sns_topic.this",
            "module.notifications_table.aws_dynamodb_table.this",
            "module.pedidos_lambda.aws_iam_role.lambda_role",
            "module.pedidos_lambda.aws_lambda_function.lambda",
            "module.pedidos_lambda.data.aws_caller_identity.current",
            "module.pedidos_lambda.data.aws_iam_policy_document.policy_doc",
            "module.pedidos_lambda.module.repo_ecr_lambda.aws_ecr_repository.this",
            "module.pedidos_lambda.null_resource.run_script",
            "module.pedidos_table.aws_dynamodb_table.this",
            "module.rastreamento_lambda.aws_iam_role.lambda_role",
            "module.rastreamento_lambda.aws_lambda_function.lambda",
            "module.rastreamento_lambda.data.aws_caller_identity.current",
            "module.rastreamento_lambda.data.aws_iam_policy_document.policy_doc",
            "module.rastreamento_lambda.module.repo_ecr_lambda.aws_ecr_repository.this",
            "module.rastreamento_lambda.null_resource.run_script",
            "module.users_table.aws_dynamodb_table.this",
            "module.usuarios_lambda.aws_iam_role.lambda_role",
            "module.usuarios_lambda.aws_lambda_function.lambda",
            "module.usuarios_lambda.data.aws_caller_identity.current",
            "module.usuarios_lambda.data.aws_iam_policy_document.policy_doc",
            "module.usuarios_lambda.module.repo_ecr_lambda.aws_ecr_repository.this",
            "module.usuarios_lambda.null_resource.run_script",
            "module.websocket_connections_table.aws_dynamodb_table.this",
            "module.websocket_lambda.aws_iam_role.lambda_role",
            "module.websocket_lambda.aws_lambda_function.lambda",
            "module.websocket_lambda.data.aws_caller_identity.current",
            "module.websocket_lambda.data.aws_iam_policy_document.policy_doc",
            "module.websocket_lambda.module.repo_ecr_lambda.aws_ecr_repository.this",
            "module.websocket_lambda.null_resource.run_script"
          ],
          "create_before_destroy": true
        }
      ]
    },
    {
      "module": "module.api_gateway",
      "mode": "managed",
      "type": "aws_api_gateway_method",
      "name": "rest_endpoint_methods",
      "provider": "provider[\"registry.terraform.io/hashicorp/aws\"]",
      "instances": [
        {
          "index_key": "0",
          "schema_version": 0,
          "attributes": {
            "api_key_required": false,
            "authorization": "NONE",
            "authorization_scopes": [],
            "authorizer_id": "",
            "http_method": "POST",
            "id": "agm-tntpd380l5-ldyjiw-POST",
            "operation_name": "",
            "region": "us-east-1",
            "request_models": {},
            "request_parameters": {},
            "request_validator_id": "",
            "resource_id": "ldyjiw",
            "rest_api_id": "tntpd380l5"
          },
          "sensitive_attributes": [],
          "identity_schema_version": 0,
          "private": "bnVsbA==",
          "dependencies": [
            "aws_apigatewayv2_api.websocket_api",
            "module.api_gateway.aws_api_gateway_authorizer.cognito_authorizer",
            "module.api_gateway.aws_api_gateway_resource.base_resources",
            "module.api_gateway.aws_api_gateway_resource.main_resource",
            "module.api_gateway.aws_api_gateway_resource.variable_resources",
            "module.api_gateway.aws_api_gateway_rest_api.rest_api",
            "module.auth_lambda.aws_iam_role.lambda_role",
            "module.auth_lambda.aws_lambda_function.lambda",
            "module.auth_lambda.data.aws_caller_identity.current",
            "module.auth_lambda.data.aws_iam_policy_document.policy_doc",
            "module.auth_lambda.module.repo_ecr_lambda.aws_ecr_repository.this",
            "module.auth_lambda.null_resource.run_script",
            "module.events_queue.aws_sqs_queue.dead_letter_fifo_queue",
            "module.events_queue.aws_sqs_queue.fifo_queue",
            "module.locations_table.aws_dynamodb_table.this",
            "module.notificacoes_lambda.aws_iam_role.lambda_role",
            "module.notificacoes_lambda.aws_lambda_function.lambda",
            "module.notificacoes_lambda.data.aws_caller_identity.current",
            "module.notificacoes_lambda.data.aws_iam_policy_document.policy_doc",
            "module.notificacoes_lambda.module.repo_ecr_lambda.aws_ecr_repository.this",
            "module.notificacoes_lambda.null_resource.run_script",
            "module.notifications_general_topic.aws_sns_topic.this",
            "module.notifications_premium_topic.aws_sns_topic.this",
            "module.notifications_regional_topic.aws_sns_topic.this",
            "module.notifications_table.aws_dynamodb_table.this",
            "module.pedidos_lambda.aws_iam_role.lambda_role",
            "module.pedidos_lambda.aws_lambda_function.lambda",
            "module.pedidos_lambda.data.aws_caller_identity.current",
            "module.pedidos_lambda.data.aws_iam_policy_document.policy_doc",
            "module.pedidos_lambda.module.repo_ecr_lambda.aws_ecr_repository.this",
            "module.pedidos_lambda.null_resource.run_script",
            "module.pedidos_table.aws_dynamodb_table.this",
            "module.rastreamento_lambda.aws_iam_role.lambda_role",
            "module.rastreamento_lambda.aws_lambda_function.lambda",
            "module.rastreamento_lambda.data.aws_caller_identity.current",
            "module.rastreamento_lambda.data.aws_iam_policy_document.policy_doc",
            "module.rastreamento_lambda.module.repo_ecr_lambda.aws_ecr_repository.this",
            "module.rastreamento_lambda.null_resource.run_script",
            "module.users_table.aws_dynamodb_table.this",
            "module.usuarios_lambda.aws_iam_role.lambda_role",
            "module.usuarios_lambda.aws_lambda_function.lambda",
            "module.usuarios_lambda.data.aws_caller_identity.current",
            "module.usuarios_lambda.data.aws_iam_policy_document.policy_doc",
            "module.usuarios_lambda.module.repo_ecr_lambda.aws_ecr_repository.this",
            "module.usuarios_lambda.null_resource.run_script",
            "module.websocket_connections_table.aws_dynamodb_table.this",
            "module.websocket_lambda.aws_iam_role.lambda_role",
            "module.websocket_lambda.aws_lambda_function.lambda",
            "module.websocket_lambda.data.aws_caller_identity.current",
            "module.websocket_lambda.data.aws_iam_policy_document.policy_doc",
            "module.websocket_lambda.module.repo_ecr_lambda.aws_ecr_repository.this",
            "module.websocket_lambda.null_resource.run_script"
          ],
          "create_before_destroy": true
        },
        {
          "index_key": "1",
          "schema_version": 0,
          "attributes": {
            "api_key_required": false,
            "authorization": "NONE",
            "authorization_scopes": [],
            "authorizer_id": "",
            "http_method": "POST",
            "id": "agm-tntpd380l5-mo799y-POST",
            "operation_name": "",
            "region": "us-east-1",
            "request_models": {},
            "request_parameters": {},
            "request_validator_id": "",
            "resource_id": "mo799y",
            "rest_api_id": "tntpd380l5"
          },
          "sensitive_attributes": [],
          "identity_schema_version": 0,
          "private": "bnVsbA==",
          "dependencies": [
            "aws_apigatewayv2_api.websocket_api",
            "module.api_gateway.aws_api_gateway_authorizer.cognito_authorizer",
            "module.api_gateway.aws_api_gateway_resource.base_resources",
            "module.api_gateway.aws_api_gateway_resource.main_resource",
            "module.api_gateway.aws_api_gateway_resource.variable_resources",
            "module.api_gateway.aws_api_gateway_rest_api.rest_api",
            "module.auth_lambda.aws_iam_role.lambda_role",
            "module.auth_lambda.aws_lambda_function.lambda",
            "module.auth_lambda.data.aws_caller_identity.current",
            "module.auth_lambda.data.aws_iam_policy_document.policy_doc",
            "module.auth_lambda.module.repo_ecr_lambda.aws_ecr_repository.this",
            "module.auth_lambda.null_resource.run_script",
            "module.events_queue.aws_sqs_queue.dead_letter_fifo_queue",
            "module.events_queue.aws_sqs_queue.fifo_queue",
            "module.locations_table.aws_dynamodb_table.this",
            "module.notificacoes_lambda.aws_iam_role.lambda_role",
            "module.notificacoes_lambda.aws_lambda_function.lambda",
            "module.notificacoes_lambda.data.aws_caller_identity.current",
            "module.notificacoes_lambda.data.aws_iam_policy_document.policy_doc",
            "module.notificacoes_lambda.module.repo_ecr_lambda.aws_ecr_repository.this",
            "module.notificacoes_lambda.null_resource.run_script",
            "module.notifications_general_topic.aws_sns_topic.this",
            "module.notifications_premium_topic.aws_sns_topic.this",
            "module.notifications_regional_topic.aws_sns_topic.this",
            "module.notifications_table.aws_dynamodb_table.this",
            "module.pedidos_lambda.aws_iam_role.lambda_role",
            "module.pedidos_lambda.aws_lambda_function.lambda",
            "module.pedidos_lambda.data.aws_caller_identity.current",
            "module.pedidos_lambda.data.aws_iam_policy_document.policy_doc",
            "module.pedidos_lambda.module.repo_ecr_lambda.aws_ecr_repository.this",
            "module.pedidos_lambda.null_resource.run_script",
            "module.pedidos_table.aws_dynamodb_table.this",
            "module.rastreamento_lambda.aws_iam_role.lambda_role",
            "module.rastreamento_lambda.aws_lambda_function.lambda",
            "module.rastreamento_lambda.data.aws_caller_identity.current",
            "module.rastreamento_lambda.data.aws_iam_policy_document.policy_doc",
            "module.rastreamento_lambda.module.repo_ecr_lambda.aws_ecr_repository.this",
            "module.rastreamento_lambda.null_resource.run_script",
            "module.users_table.aws_dynamodb_table.this",
            "module.usuarios_lambda.aws_iam_role.lambda_role",
            "module.usuarios_lambda.aws_lambda_function.lambda",
            "module.usuarios_lambda.data.aws_caller_identity.current",
            "module.usuarios_lambda.data.aws_iam_policy_document.policy_doc",
            "module.usuarios_lambda.module.repo_ecr_lambda.aws_ecr_repository.this",
            "module.usuarios_lambda.null_resource.run_script",
            "module.websocket_connections_table.aws_dynamodb_table.this",
            "module.websocket_lambda.aws_iam_role.lambda_role",
            "module.websocket_lambda.aws_lambda_function.lambda",
            "module.websocket_lambda.data.aws_caller_identity.current",
            "module.websocket_lambda.data.aws_iam_policy_document.policy_doc",
            "module.websocket_lambda.module.repo_ecr_lambda.aws_ecr_repository.this",
            "module.websocket_lambda.null_resource.run_script"
          ],
          "create_before_destroy": true
        },
        {
          "index_key": "10",
          "schema_version": 0,
          "attributes": {
            "api_key_required": false,
            "authorization": "NONE",
            "authorization_scopes": [],
            "authorizer_id": "",
            "http_method": "POST",
            "id": "agm-tntpd380l5-zmu2vn-POST",
            "operation_name": "",
            "region": "us-east-1",
            "request_models": {},
            "request_parameters": {
              "method.request.querystring.pedidoId": true
            },
            "request_validator_id": "",
            "resource_id": "zmu2vn",
            "rest_api_id": "tntpd380l5"
          },
          "sensitive_attributes": [],
          "identity_schema_version": 0,
          "private": "bnVsbA==",
          "dependencies": [
            "aws_apigatewayv2_api.websocket_api",
            "module.api_gateway.aws_api_gateway_authorizer.cognito_authorizer",
            "module.api_gateway.aws_api_gateway_resource.base_resources",
            "module.api_gateway.aws_api_gateway_resource.main_resource",
            "module.api_gateway.aws_api_gateway_resource.variable_resources",
            "module.api_gateway.aws_api_gateway_rest_api.rest_api",
            "module.auth_lambda.aws_iam_role.lambda_role",
            "module.auth_lambda.aws_lambda_function.lambda",
            "module.auth_lambda.data.aws_caller_identity.current",
            "module.auth_lambda.data.aws_iam_policy_document.policy_doc",
            "module.auth_lambda.module.repo_ecr_lambda.aws_ecr_repository.this",
            "module.auth_lambda.null_resource.run_script",
            "module.events_queue.aws_sqs_queue.dead_letter_fifo_queue",
            "module.events_queue.aws_sqs_queue.fifo_queue",
            "module.locations_table.aws_dynamodb_table.this",
            "module.notificacoes_lambda.aws_iam_role.lambda_role",
            "module.notificacoes_lambda.aws_lambda_function.lambda",
            "module.notificacoes_lambda.data.aws_caller_identity.current",
            "module.notificacoes_lambda.data.aws_iam_policy_document.policy_doc",
            "module.notificacoes_lambda.module.repo_ecr_lambda.aws_ecr_repository.this",
            "module.notificacoes_lambda.null_resource.run_script",
            "module.notifications_general_topic.aws_sns_topic.this",
            "module.notifications_premium_topic.aws_sns_topic.this",
            "module.notifications_regional_topic.aws_sns_topic.this",
            "module.notifications_table.aws_dynamodb_table.this",
            "module.pedidos_lambda.aws_iam_role.lambda_role",
            "module.pedidos_lambda.aws_lambda_function.lambda",
            "module.pedidos_lambda.data.aws_caller_identity.current",
            "module.pedidos_lambda.data.aws_iam_policy_document.policy_doc",
            "module.pedidos_lambda.module.repo_ecr_lambda.aws_ecr_repository.this",
            "module.pedidos_lambda.null_resource.run_script",
            "module.pedidos_table.aws_dynamodb_table.this",
            "module.rastreamento_lambda.aws_iam_role.lambda_role",
            "module.rastreamento_lambda.aws_lambda_function.lambda",
            "module.rastreamento_lambda.data.aws_caller_identity.current",
            "module.rastreamento_lambda.data.aws_iam_policy_document.policy_doc",
            "module.rastreamento_lambda.module.repo_ecr_lambda.aws_ecr_repository.this",
            "module.rastreamento_lambda.null_resource.run_script",
            "module.users_table.aws_dynamodb_table.this",
            "module.usuarios_lambda.aws_iam_role.lambda_role",
            "module.usuarios_lambda.aws_lambda_function.lambda",
            "module.usuarios_lambda.data.aws_caller_identity.current",
            "module.usuarios_lambda.data.aws_iam_policy_document.policy_doc",
            "module.usuarios_lambda.module.repo_ecr_lambda.aws_ecr_repository.this",
            "module.usuarios_lambda.null_resource.run_script",
            "module.websocket_connections_table.aws_dynamodb_table.this",
            "module.websocket_lambda.aws_iam_role.lambda_role",
            "module.websocket_lambda.aws_lambda_function.lambda",
            "module.websocket_lambda.data.aws_caller_identity.current",
            "module.websocket_lambda.data.aws_iam_policy_document.policy_doc",
            "module.websocket_lambda.module.repo_ecr_lambda.aws_ecr_repository.this",
            "module.websocket_lambda.null_resource.run_script"
          ],
          "create_before_destroy": true
        },
        {
          "index_key": "11",
          "schema_version": 0,
          "attributes": {
            "api_key_required": false,
            "authorization": "NONE",
            "authorization_scopes": [],
            "authorizer_id": "",
            "http_method": "POST",
            "id": "agm-tntpd380l5-qfhbdx-POST",
            "operation_name": "",
            "region": "us-east-1",
            "request_models": {},
            "request_parameters": {},
            "request_validator_id": "",
            "resource_id": "qfhbdx",
            "rest_api_id": "tntpd380l5"
          },
          "sensitive_attributes": [],
          "identity_schema_version": 0,
          "private": "bnVsbA==",
          "dependencies": [
            "aws_apigatewayv2_api.websocket_api",
            "module.api_gateway.aws_api_gateway_authorizer.cognito_authorizer",
            "module.api_gateway.aws_api_gateway_resource.base_resources",
            "module.api_gateway.aws_api_gateway_resource.main_resource",
            "module.api_gateway.aws_api_gateway_resource.variable_resources",
            "module.api_gateway.aws_api_gateway_rest_api.rest_api",
            "module.auth_lambda.aws_iam_role.lambda_role",
            "module.auth_lambda.aws_lambda_function.lambda",
            "module.auth_lambda.data.aws_caller_identity.current",
            "module.auth_lambda.data.aws_iam_policy_document.policy_doc",
            "module.auth_lambda.module.repo_ecr_lambda.aws_ecr_repository.this",
            "module.auth_lambda.null_resource.run_script",
            "module.events_queue.aws_sqs_queue.dead_letter_fifo_queue",
            "module.events_queue.aws_sqs_queue.fifo_queue",
            "module.locations_table.aws_dynamodb_table.this",
            "module.notificacoes_lambda.aws_iam_role.lambda_role",
            "module.notificacoes_lambda.aws_lambda_function.lambda",
            "module.notificacoes_lambda.data.aws_caller_identity.current",
            "module.notificacoes_lambda.data.aws_iam_policy_document.policy_doc",
            "module.notificacoes_lambda.module.repo_ecr_lambda.aws_ecr_repository.this",
            "module.notificacoes_lambda.null_resource.run_script",
            "module.notifications_general_topic.aws_sns_topic.this",
            "module.notifications_premium_topic.aws_sns_topic.this",
            "module.notifications_regional_topic.aws_sns_topic.this",
            "module.notifications_table.aws_dynamodb_table.this",
            "module.pedidos_lambda.aws_iam_role.lambda_role",
            "module.pedidos_lambda.aws_lambda_function.lambda",
            "module.pedidos_lambda.data.aws_caller_identity.current",
            "module.pedidos_lambda.data.aws_iam_policy_document.policy_doc",
            "module.pedidos_lambda.module.repo_ecr_lambda.aws_ecr_repository.this",
            "module.pedidos_lambda.null_resource.run_script",
            "module.pedidos_table.aws_dynamodb_table.this",
            "module.rastreamento_lambda.aws_iam_role.lambda_role",
            "module.rastreamento_lambda.aws_lambda_function.lambda",
            "module.rastreamento_lambda.data.aws_caller_identity.current",
            "module.rastreamento_lambda.data.aws_iam_policy_document.policy_doc",
            "module.rastreamento_lambda.module.repo_ecr_lambda.aws_ecr_repository.this",
            "module.rastreamento_lambda.null_resource.run_script",
            "module.users_table.aws_dynamodb_table.this",
            "module.usuarios_lambda.aws_iam_role.lambda_role",
            "module.usuarios_lambda.aws_lambda_function.lambda",
            "module.usuarios_lambda.data.aws_caller_identity.current",
            "module.usuarios_lambda.data.aws_iam_policy_document.policy_doc",
            "module.usuarios_lambda.module.repo_ecr_lambda.aws_ecr_repository.this",
            "module.usuarios_lambda.null_resource.run_script",
            "module.websocket_connections_table.aws_dynamodb_table.this",
            "module.websocket_lambda.aws_iam_role.lambda_role",
            "module.websocket_lambda.aws_lambda_function.lambda",
            "module.websocket_lambda.data.aws_caller_identity.current",
            "module.websocket_lambda.data.aws_iam_policy_document.policy_doc",
            "module.websocket_lambda.module.repo_ecr_lambda.aws_ecr_repository.this",
            "module.websocket_lambda.null_resource.run_script"
          ],
          "create_before_destroy": true
        },
        {
          "index_key": "12",
          "schema_version": 0,
          "attributes": {
            "api_key_required": false,
            "authorization": "NONE",
            "authorization_scopes": [],
            "authorizer_id": "",
            "http_method": "GET",
            "id": "agm-tntpd380l5-j4xccw-GET",
            "operation_name": "",
            "region": "us-east-1",
            "request_models": {},
            "request_parameters": {
              "method.request.querystring.userId": true
            },
            "request_validator_id": "",
            "resource_id": "j4xccw",
            "rest_api_id": "tntpd380l5"
          },
          "sensitive_attributes": [],
          "identity_schema_version": 0,
          "private": "bnVsbA==",
          "dependencies": [
            "aws_apigatewayv2_api.websocket_api",
            "module.api_gateway.aws_api_gateway_authorizer.cognito_authorizer",
            "module.api_gateway.aws_api_gateway_resource.base_resources",
            "module.api_gateway.aws_api_gateway_resource.main_resource",
            "module.api_gateway.aws_api_gateway_resource.variable_resources",
            "module.api_gateway.aws_api_gateway_rest_api.rest_api",
            "module.auth_lambda.aws_iam_role.lambda_role",
            "module.auth_lambda.aws_lambda_function.lambda",
            "module.auth_lambda.data.aws_caller_identity.current",
            "module.auth_lambda.data.aws_iam_policy_document.policy_doc",
            "module.auth_lambda.module.repo_ecr_lambda.aws_ecr_repository.this",
            "module.auth_lambda.null_resource.run_script",
            "module.events_queue.aws_sqs_queue.dead_letter_fifo_queue",
            "module.events_queue.aws_sqs_queue.fifo_queue",
            "module.locations_table.aws_dynamodb_table.this",
            "module.notificacoes_lambda.aws_iam_role.lambda_role",
            "module.notificacoes_lambda.aws_lambda_function.lambda",
            "module.notificacoes_lambda.data.aws_caller_identity.current",
            "module.notificacoes_lambda.data.aws_iam_policy_document.policy_doc",
            "module.notificacoes_lambda.module.repo_ecr_lambda.aws_ecr_repository.this",
            "module.notificacoes_lambda.null_resource.run_script",
            "module.notifications_general_topic.aws_sns_topic.this",
            "module.notifications_premium_topic.aws_sns_topic.this",
            "module.notifications_regional_topic.aws_sns_topic.this",
            "module.notifications_table.aws_dynamodb_table.this",
            "module.pedidos_lambda.aws_iam_role.lambda_role",
            "module.pedidos_lambda.aws_lambda_function.lambda",
            "module.pedidos_lambda.data.aws_caller_identity.current",
            "module.pedidos_lambda.data.aws_iam_policy_document.policy_doc",
            "module.pedidos_lambda.module.repo_ecr_lambda.aws_ecr_repository.this",
            "module.pedidos_lambda.null_resource.run_script",
            "module.pedidos_table.aws_dynamodb_table.this",
            "module.rastreamento_lambda.aws_iam_role.lambda_role",
            "module.rastreamento_lambda.aws_lambda_function.lambda",
            "module.rastreamento_lambda.data.aws_caller_identity.current",
            "module.rastreamento_lambda.data.aws_iam_policy_document.policy_doc",
            "module.rastreamento_lambda.module.repo_ecr_lambda.aws_ecr_repository.this",
            "module.rastreamento_lambda.null_resource.run_script",
            "module.users_table.aws_dynamodb_table.this",
            "module.usuarios_lambda.aws_iam_role.lambda_role",
            "module.usuarios_lambda.aws_lambda_function.lambda",
            "module.usuarios_lambda.data.aws_caller_identity.current",
            "module.usuarios_lambda.data.aws_iam_policy_document.policy_doc",
            "module.usuarios_lambda.module.repo_ecr_lambda.aws_ecr_repository.this",
            "module.usuarios_lambda.null_resource.run_script",
            "module.websocket_connections_table.aws_dynamodb_table.this",
            "module.websocket_lambda.aws_iam_role.lambda_role",
            "module.websocket_lambda.aws_lambda_function.lambda",
            "module.websocket_lambda.data.aws_caller_identity.current",
            "module.websocket_lambda.data.aws_iam_policy_document.policy_doc",
            "module.websocket_lambda.module.repo_ecr_lambda.aws_ecr_repository.this",
            "module.websocket_lambda.null_resource.run_script"
          ],
          "create_before_destroy": true
        },
        {
          "index_key": "13",
          "schema_version": 0,
          "attributes": {
            "api_key_required": false,
            "authorization": "NONE",
            "authorization_scopes": [],
            "authorizer_id": "",
            "http_method": "PATCH",
            "id": "agm-tntpd380l5-o4besn-PATCH",
            "operation_name": "",
            "region": "us-east-1",
            "request_models": {},
            "request_parameters": {
              "method.request.path.notificacaoId": true
            },
            "request_validator_id": "",
            "resource_id": "o4besn",
            "rest_api_id": "tntpd380l5"
          },
          "sensitive_attributes": [],
          "identity_schema_version": 0,
          "private": "bnVsbA==",
          "dependencies": [
            "aws_apigatewayv2_api.websocket_api",
            "module.api_gateway.aws_api_gateway_authorizer.cognito_authorizer",
            "module.api_gateway.aws_api_gateway_resource.base_resources",
            "module.api_gateway.aws_api_gateway_resource.main_resource",
            "module.api_gateway.aws_api_gateway_resource.variable_resources",
            "module.api_gateway.aws_api_gateway_rest_api.rest_api",
            "module.auth_lambda.aws_iam_role.lambda_role",
            "module.auth_lambda.aws_lambda_function.lambda",
            "module.auth_lambda.data.aws_caller_identity.current",
            "module.auth_lambda.data.aws_iam_policy_document.policy_doc",
            "module.auth_lambda.module.repo_ecr_lambda.aws_ecr_repository.this",
            "module.auth_lambda.null_resource.run_script",
            "module.events_queue.aws_sqs_queue.dead_letter_fifo_queue",
            "module.events_queue.aws_sqs_queue.fifo_queue",
            "module.locations_table.aws_dynamodb_table.this",
            "module.notificacoes_lambda.aws_iam_role.lambda_role",
            "module.notificacoes_lambda.aws_lambda_function.lambda",
            "module.notificacoes_lambda.data.aws_caller_identity.current",
            "module.notificacoes_lambda.data.aws_iam_policy_document.policy_doc",
            "module.notificacoes_lambda.module.repo_ecr_lambda.aws_ecr_repository.this",
            "module.notificacoes_lambda.null_resource.run_script",
            "module.notifications_general_topic.aws_sns_topic.this",
            "module.notifications_premium_topic.aws_sns_topic.this",
            "module.notifications_regional_topic.aws_sns_topic.this",
            "module.notifications_table.aws_dynamodb_table.this",
            "module.pedidos_lambda.aws_iam_role.lambda_role",
            "module.pedidos_lambda.aws_lambda_function.lambda",
            "module.pedidos_lambda.data.aws_caller_identity.current",
            "module.pedidos_lambda.data.aws_iam_policy_document.policy_doc",
            "module.pedidos_lambda.module.repo_ecr_lambda.aws_ecr_repository.this",
            "module.pedidos_lambda.null_resource.run_script",
            "module.pedidos_table.aws_dynamodb_table.this",
            "module.rastreamento_lambda.aws_iam_role.lambda_role",
            "module.rastreamento_lambda.aws_lambda_function.lambda",
            "module.rastreamento_lambda.data.aws_caller_identity.current",
            "module.rastreamento_lambda.data.aws_iam_policy_document.policy_doc",
            "module.rastreamento_lambda.module.repo_ecr_lambda.aws_ecr_repository.this",
            "module.rastreamento_lambda.null_resource.run_script",
            "module.users_table.aws_dynamodb_table.this",
            "module.usuarios_lambda.aws_iam_role.lambda_role",
            "module.usuarios_lambda.aws_lambda_function.lambda",
            "module.usuarios_lambda.data.aws_caller_identity.current",
            "module.usuarios_lambda.data.aws_iam_policy_document.policy_doc",
            "module.usuarios_lambda.module.repo_ecr_lambda.aws_ecr_repository.this",
            "module.usuarios_lambda.null_resource.run_script",
            "module.websocket_connections_table.aws_dynamodb_table.this",
            "module.websocket_lambda.aws_iam_role.lambda_role",
            "module.websocket_lambda.aws_lambda_function.lambda",
            "module.websocket_lambda.data.aws_caller_identity.current",
            "module.websocket_lambda.data.aws_iam_policy_document.policy_doc",
            "module.websocket_lambda.module.repo_ecr_lambda.aws_ecr_repository.this",
            "module.websocket_lambda.null_resource.run_script"
          ],
          "create_before_destroy": true
        },
        {
          "index_key": "14",
          "schema_version": 0,
          "attributes": {
            "api_key_required": false,
            "authorization": "NONE",
            "authorization_scopes": [],
            "authorizer_id": "",
            "http_method": "GET",
            "id": "agm-tntpd380l5-rwrixq-GET",
            "operation_name": "",
            "region": "us-east-1",
            "request_models": {},
            "request_parameters": {
              "method.request.path.usuarioId": true
            },
            "request_validator_id": "",
            "resource_id": "rwrixq",
            "rest_api_id": "tntpd380l5"
          },
          "sensitive_attributes": [],
          "identity_schema_version": 0,
          "private": "bnVsbA==",
          "dependencies": [
            "aws_apigatewayv2_api.websocket_api",
            "module.api_gateway.aws_api_gateway_authorizer.cognito_authorizer",
            "module.api_gateway.aws_api_gateway_resource.base_resources",
            "module.api_gateway.aws_api_gateway_resource.main_resource",
            "module.api_gateway.aws_api_gateway_resource.variable_resources",
            "module.api_gateway.aws_api_gateway_rest_api.rest_api",
            "module.auth_lambda.aws_iam_role.lambda_role",
            "module.auth_lambda.aws_lambda_function.lambda",
            "module.auth_lambda.data.aws_caller_identity.current",
            "module.auth_lambda.data.aws_iam_policy_document.policy_doc",
            "module.auth_lambda.module.repo_ecr_lambda.aws_ecr_repository.this",
            "module.auth_lambda.null_resource.run_script",
            "module.events_queue.aws_sqs_queue.dead_letter_fifo_queue",
            "module.events_queue.aws_sqs_queue.fifo_queue",
            "module.locations_table.aws_dynamodb_table.this",
            "module.notificacoes_lambda.aws_iam_role.lambda_role",
            "module.notificacoes_lambda.aws_lambda_function.lambda",
            "module.notificacoes_lambda.data.aws_caller_identity.current",
            "module.notificacoes_lambda.data.aws_iam_policy_document.policy_doc",
            "module.notificacoes_lambda.module.repo_ecr_lambda.aws_ecr_repository.this",
            "module.notificacoes_lambda.null_resource.run_script",
            "module.notifications_general_topic.aws_sns_topic.this",
            "module.notifications_premium_topic.aws_sns_topic.this",
            "module.notifications_regional_topic.aws_sns_topic.this",
            "module.notifications_table.aws_dynamodb_table.this",
            "module.pedidos_lambda.aws_iam_role.lambda_role",
            "module.pedidos_lambda.aws_lambda_function.lambda",
            "module.pedidos_lambda.data.aws_caller_identity.current",
            "module.pedidos_lambda.data.aws_iam_policy_document.policy_doc",
            "module.pedidos_lambda.module.repo_ecr_lambda.aws_ecr_repository.this",
            "module.pedidos_lambda.null_resource.run_script",
            "module.pedidos_table.aws_dynamodb_table.this",
            "module.rastreamento_lambda.aws_iam_role.lambda_role",
            "module.rastreamento_lambda.aws_lambda_function.lambda",
            "module.rastreamento_lambda.data.aws_caller_identity.current",
            "module.rastreamento_lambda.data.aws_iam_policy_document.policy_doc",
            "module.rastreamento_lambda.module.repo_ecr_lambda.aws_ecr_repository.this",
            "module.rastreamento_lambda.null_resource.run_script",
            "module.users_table.aws_dynamodb_table.this",
            "module.usuarios_lambda.aws_iam_role.lambda_role",
            "module.usuarios_lambda.aws_lambda_function.lambda",
            "module.usuarios_lambda.data.aws_caller_identity.current",
            "module.usuarios_lambda.data.aws_iam_policy_document.policy_doc",
            "module.usuarios_lambda.module.repo_ecr_lambda.aws_ecr_repository.this",
            "module.usuarios_lambda.null_resource.run_script",
            "module.websocket_connections_table.aws_dynamodb_table.this",
            "module.websocket_lambda.aws_iam_role.lambda_role",
            "module.websocket_lambda.aws_lambda_function.lambda",
            "module.websocket_lambda.data.aws_caller_identity.current",
            "module.websocket_lambda.data.aws_iam_policy_document.policy_doc",
            "module.websocket_lambda.module.repo_ecr_lambda.aws_ecr_repository.this",
            "module.websocket_lambda.null_resource.run_script"
          ],
          "create_before_destroy": true
        },
        {
          "index_key": "15",
          "schema_version": 0,
          "attributes": {
            "api_key_required": false,
            "authorization": "NONE",
            "authorization_scopes": [],
            "authorizer_id": "",
            "http_method": "GET",
            "id": "agm-tntpd380l5-xu5slc-GET",
            "operation_name": "",
            "region": "us-east-1",
            "request_models": {},
            "request_parameters": {
              "method.request.path.pedidoId": true
            },
            "request_validator_id": "",
            "resource_id": "xu5slc",
            "rest_api_id": "tntpd380l5"
          },
          "sensitive_attributes": [],
          "identity_schema_version": 0,
          "private": "bnVsbA==",
          "dependencies": [
            "aws_apigatewayv2_api.websocket_api",
            "module.api_gateway.aws_api_gateway_authorizer.cognito_authorizer",
            "module.api_gateway.aws_api_gateway_resource.base_resources",
            "module.api_gateway.aws_api_gateway_resource.main_resource",
            "module.api_gateway.aws_api_gateway_resource.variable_resources",
            "module.api_gateway.aws_api_gateway_rest_api.rest_api",
            "module.auth_lambda.aws_iam_role.lambda_role",
            "module.auth_lambda.aws_lambda_function.lambda",
            "module.auth_lambda.data.aws_caller_identity.current",
            "module.auth_lambda.data.aws_iam_policy_document.policy_doc",
            "module.auth_lambda.module.repo_ecr_lambda.aws_ecr_repository.this",
            "module.auth_lambda.null_resource.run_script",
            "module.events_queue.aws_sqs_queue.dead_letter_fifo_queue",
            "module.events_queue.aws_sqs_queue.fifo_queue",
            "module.locations_table.aws_dynamodb_table.this",
            "module.notificacoes_lambda.aws_iam_role.lambda_role",
            "module.notificacoes_lambda.aws_lambda_function.lambda",
            "module.notificacoes_lambda.data.aws_caller_identity.current",
            "module.notificacoes_lambda.data.aws_iam_policy_document.policy_doc",
            "module.notificacoes_lambda.module.repo_ecr_lambda.aws_ecr_repository.this",
            "module.notificacoes_lambda.null_resource.run_script",
            "module.notifications_general_topic.aws_sns_topic.this",
            "module.notifications_premium_topic.aws_sns_topic.this",
            "module.notifications_regional_topic.aws_sns_topic.this",
            "module.notifications_table.aws_dynamodb_table.this",
            "module.pedidos_lambda.aws_iam_role.lambda_role",
            "module.pedidos_lambda.aws_lambda_function.lambda",
            "module.pedidos_lambda.data.aws_caller_identity.current",
            "module.pedidos_lambda.data.aws_iam_policy_document.policy_doc",
            "module.pedidos_lambda.module.repo_ecr_lambda.aws_ecr_repository.this",
            "module.pedidos_lambda.null_resource.run_script",
            "module.pedidos_table.aws_dynamodb_table.this",
            "module.rastreamento_lambda.aws_iam_role.lambda_role",
            "module.rastreamento_lambda.aws_lambda_function.lambda",
            "module.rastreamento_lambda.data.aws_caller_identity.current",
            "module.rastreamento_lambda.data.aws_iam_policy_document.policy_doc",
            "module.rastreamento_lambda.module.repo_ecr_lambda.aws_ecr_repository.this",
            "module.rastreamento_lambda.null_resource.run_script",
            "module.users_table.aws_dynamodb_table.this",
            "module.usuarios_lambda.aws_iam_role.lambda_role",
            "module.usuarios_lambda.aws_lambda_function.lambda",
            "module.usuarios_lambda.data.aws_caller_identity.current",
            "module.usuarios_lambda.data.aws_iam_policy_document.policy_doc",
            "module.usuarios_lambda.module.repo_ecr_lambda.aws_ecr_repository.this",
            "module.usuarios_lambda.null_resource.run_script",
            "module.websocket_connections_table.aws_dynamodb_table.this",
            "module.websocket_lambda.aws_iam_role.lambda_role",
            "module.websocket_lambda.aws_lambda_function.lambda",
            "module.websocket_lambda.data.aws_caller_identity.current",
            "module.websocket_lambda.data.aws_iam_policy_document.policy_doc",
            "module.websocket_lambda.module.repo_ecr_lambda.aws_ecr_repository.this",
            "module.websocket_lambda.null_resource.run_script"
          ],
          "create_before_destroy": true
        },
        {
          "index_key": "16",
          "schema_version": 0,
          "attributes": {
            "api_key_required": false,
            "authorization": "NONE",
            "authorization_scopes": [],
            "authorizer_id": "",
            "http_method": "GET",
            "id": "agm-tntpd380l5-u7b2qw-GET",
            "operation_name": "",
            "region": "us-east-1",
            "request_models": {},
            "request_parameters": {
              "method.request.path.pedidoId": true
            },
            "request_validator_id": "",
            "resource_id": "u7b2qw",
            "rest_api_id": "tntpd380l5"
          },
          "sensitive_attributes": [],
          "identity_schema_version": 0,
          "private": "bnVsbA==",
          "dependencies": [
            "aws_apigatewayv2_api.websocket_api",
            "module.api_gateway.aws_api_gateway_authorizer.cognito_authorizer",
            "module.api_gateway.aws_api_gateway_resource.base_resources",
            "module.api_gateway.aws_api_gateway_resource.main_resource",
            "module.api_gateway.aws_api_gateway_resource.variable_resources",
            "module.api_gateway.aws_api_gateway_rest_api.rest_api",
            "module.auth_lambda.aws_iam_role.lambda_role",
            "module.auth_lambda.aws_lambda_function.lambda",
            "module.auth_lambda.data.aws_caller_identity.current",
            "module.auth_lambda.data.aws_iam_policy_document.policy_doc",
            "module.auth_lambda.module.repo_ecr_lambda.aws_ecr_repository.this",
            "module.auth_lambda.null_resource.run_script",
            "module.events_queue.aws_sqs_queue.dead_letter_fifo_queue",
            "module.events_queue.aws_sqs_queue.fifo_queue",
            "module.locations_table.aws_dynamodb_table.this",
            "module.notificacoes_lambda.aws_iam_role.lambda_role",
            "module.notificacoes_lambda.aws_lambda_function.lambda",
            "module.notificacoes_lambda.data.aws_caller_identity.current",
            "module.notificacoes_lambda.data.aws_iam_policy_document.policy_doc",
            "module.notificacoes_lambda.module.repo_ecr_lambda.aws_ecr_repository.this",
            "module.notificacoes_lambda.null_resource.run_script",
            "module.notifications_general_topic.aws_sns_topic.this",
            "module.notifications_premium_topic.aws_sns_topic.this",
            "module.notifications_regional_topic.aws_sns_topic.this",
            "module.notifications_table.aws_dynamodb_table.this",
            "module.pedidos_lambda.aws_iam_role.lambda_role",
            "module.pedidos_lambda.aws_lambda_function.lambda",
            "module.pedidos_lambda.data.aws_caller_identity.current",
            "module.pedidos_lambda.data.aws_iam_policy_document.policy_doc",
            "module.pedidos_lambda.module.repo_ecr_lambda.aws_ecr_repository.this",
            "module.pedidos_lambda.null_resource.run_script",
            "module.pedidos_table.aws_dynamodb_table.this",
            "module.rastreamento_lambda.aws_iam_role.lambda_role",
            "module.rastreamento_lambda.aws_lambda_function.lambda",
            "module.rastreamento_lambda.data.aws_caller_identity.current",
            "module.rastreamento_lambda.data.aws_iam_policy_document.policy_doc",
            "module.rastreamento_lambda.module.repo_ecr_lambda.aws_ecr_repository.this",
            "module.rastreamento_lambda.null_resource.run_script",
            "module.users_table.aws_dynamodb_table.this",
            "module.usuarios_lambda.aws_iam_role.lambda_role",
            "module.usuarios_lambda.aws_lambda_function.lambda",
            "module.usuarios_lambda.data.aws_caller_identity.current",
            "module.usuarios_lambda.data.aws_iam_policy_document.policy_doc",
            "module.usuarios_lambda.module.repo_ecr_lambda.aws_ecr_repository.this",
            "module.usuarios_lambda.null_resource.run_script",
            "module.websocket_connections_table.aws_dynamodb_table.this",
            "module.websocket_lambda.aws_iam_role.lambda_role",
            "module.websocket_lambda.aws_lambda_function.lambda",
            "module.websocket_lambda.data.aws_caller_identity.current",
            "module.websocket_lambda.data.aws_iam_policy_document.policy_doc",
            "module.websocket_lambda.module.repo_ecr_lambda.aws_ecr_repository.this",
            "module.websocket_lambda.null_resource.run_script"
          ],
          "create_before_destroy": true
        },
        {
          "index_key": "17",
          "schema_version": 0,
          "attributes": {
            "api_key_required": false,
            "authorization": "NONE",
            "authorization_scopes": [],
            "authorizer_id": "",
            "http_method": "POST",
            "id": "agm-tntpd380l5-h6snz5-POST",
            "operation_name": "",
            "region": "us-east-1",
            "request_models": {},
            "request_parameters": {},
            "request_validator_id": "",
            "resource_id": "h6snz5",
            "rest_api_id": "tntpd380l5"
          },
          "sensitive_attributes": [],
          "identity_schema_version": 0,
          "private": "bnVsbA==",
          "dependencies": [
            "aws_apigatewayv2_api.websocket_api",
            "module.api_gateway.aws_api_gateway_authorizer.cognito_authorizer",
            "module.api_gateway.aws_api_gateway_resource.base_resources",
            "module.api_gateway.aws_api_gateway_resource.main_resource",
            "module.api_gateway.aws_api_gateway_resource.variable_resources",
            "module.api_gateway.aws_api_gateway_rest_api.rest_api",
            "module.auth_lambda.aws_iam_role.lambda_role",
            "module.auth_lambda.aws_lambda_function.lambda",
            "module.auth_lambda.data.aws_caller_identity.current",
            "module.auth_lambda.data.aws_iam_policy_document.policy_doc",
            "module.auth_lambda.module.repo_ecr_lambda.aws_ecr_repository.this",
            "module.auth_lambda.null_resource.run_script",
            "module.events_queue.aws_sqs_queue.dead_letter_fifo_queue",
            "module.events_queue.aws_sqs_queue.fifo_queue",
            "module.locations_table.aws_dynamodb_table.this",
            "module.notificacoes_lambda.aws_iam_role.lambda_role",
            "module.notificacoes_lambda.aws_lambda_function.lambda",
            "module.notificacoes_lambda.data.aws_caller_identity.current",
            "module.notificacoes_lambda.data.aws_iam_policy_document.policy_doc",
            "module.notificacoes_lambda.module.repo_ecr_lambda.aws_ecr_repository.this",
            "module.notificacoes_lambda.null_resource.run_script",
            "module.notifications_general_topic.aws_sns_topic.this",
            "module.notifications_premium_topic.aws_sns_topic.this",
            "module.notifications_regional_topic.aws_sns_topic.this",
            "module.notifications_table.aws_dynamodb_table.this",
            "module.pedidos_lambda.aws_iam_role.lambda_role",
            "module.pedidos_lambda.aws_lambda_function.lambda",
            "module.pedidos_lambda.data.aws_caller_identity.current",
            "module.pedidos_lambda.data.aws_iam_policy_document.policy_doc",
            "module.pedidos_lambda.module.repo_ecr_lambda.aws_ecr_repository.this",
            "module.pedidos_lambda.null_resource.run_script",
            "module.pedidos_table.aws_dynamodb_table.this",
            "module.rastreamento_lambda.aws_iam_role.lambda_role",
            "module.rastreamento_lambda.aws_lambda_function.lambda",
            "module.rastreamento_lambda.data.aws_caller_identity.current",
            "module.rastreamento_lambda.data.aws_iam_policy_document.policy_doc",
            "module.rastreamento_lambda.module.repo_ecr_lambda.aws_ecr_repository.this",
            "module.rastreamento_lambda.null_resource.run_script",
            "module.users_table.aws_dynamodb_table.this",
            "module.usuarios_lambda.aws_iam_role.lambda_role",
            "module.usuarios_lambda.aws_lambda_function.lambda",
            "module.usuarios_lambda.data.aws_caller_identity.current",
            "module.usuarios_lambda.data.aws_iam_policy_document.policy_doc",
            "module.usuarios_lambda.module.repo_ecr_lambda.aws_ecr_repository.this",
            "module.usuarios_lambda.null_resource.run_script",
            "module.websocket_connections_table.aws_dynamodb_table.this",
            "module.websocket_lambda.aws_iam_role.lambda_role",
            "module.websocket_lambda.aws_lambda_function.lambda",
            "module.websocket_lambda.data.aws_caller_identity.current",
            "module.websocket_lambda.data.aws_iam_policy_document.policy_doc",
            "module.websocket_lambda.module.repo_ecr_lambda.aws_ecr_repository.this",
            "module.websocket_lambda.null_resource.run_script"
          ],
          "create_before_destroy": true
        },
        {
          "index_key": "18",
          "schema_version": 0,
          "attributes": {
            "api_key_required": false,
            "authorization": "NONE",
            "authorization_scopes": [],
            "authorizer_id": "",
            "http_method": "POST",
            "id": "agm-tntpd380l5-tdh147-POST",
            "operation_name": "",
            "region": "us-east-1",
            "request_models": {},
            "request_parameters": {
              "method.request.path.pedidoId": true,
              "method.request.querystring.motoristaId": true
            },
            "request_validator_id": "",
            "resource_id": "tdh147",
            "rest_api_id": "tntpd380l5"
          },
          "sensitive_attributes": [],
          "identity_schema_version": 0,
          "private": "bnVsbA==",
          "dependencies": [
            "aws_apigatewayv2_api.websocket_api",
            "module.api_gateway.aws_api_gateway_authorizer.cognito_authorizer",
            "module.api_gateway.aws_api_gateway_resource.base_resources",
            "module.api_gateway.aws_api_gateway_resource.main_resource",
            "module.api_gateway.aws_api_gateway_resource.variable_resources",
            "module.api_gateway.aws_api_gateway_rest_api.rest_api",
            "module.auth_lambda.aws_iam_role.lambda_role",
            "module.auth_lambda.aws_lambda_function.lambda",
            "module.auth_lambda.data.aws_caller_identity.current",
            "module.auth_lambda.data.aws_iam_policy_document.policy_doc",
            "module.auth_lambda.module.repo_ecr_lambda.aws_ecr_repository.this",
            "module.auth_lambda.null_resource.run_script",
            "module.events_queue.aws_sqs_queue.dead_letter_fifo_queue",
            "module.events_queue.aws_sqs_queue.fifo_queue",
            "module.locations_table.aws_dynamodb_table.this",
            "module.notificacoes_lambda.aws_iam_role.lambda_role",
            "module.notificacoes_lambda.aws_lambda_function.lambda",
            "module.notificacoes_lambda.data.aws_caller_identity.current",
            "module.notificacoes_lambda.data.aws_iam_policy_document.policy_doc",
            "module.notificacoes_lambda.module.repo_ecr_lambda.aws_ecr_repository.this",
            "module.notificacoes_lambda.null_resource.run_script",
            "module.notifications_general_topic.aws_sns_topic.this",
            "module.notifications_premium_topic.aws_sns_topic.this",
            "module.notifications_regional_topic.aws_sns_topic.this",
            "module.notifications_table.aws_dynamodb_table.this",
            "module.pedidos_lambda.aws_iam_role.lambda_role",
            "module.pedidos_lambda.aws_lambda_function.lambda",
            "module.pedidos_lambda.data.aws_caller_identity.current",
            "module.pedidos_lambda.data.aws_iam_policy_document.policy_doc",
            "module.pedidos_lambda.module.repo_ecr_lambda.aws_ecr_repository.this",
            "module.pedidos_lambda.null_resource.run_script",
            "module.pedidos_table.aws_dynamodb_table.this",
            "module.rastreamento_lambda.aws_iam_role.lambda_role",
            "module.rastreamento_lambda.aws_lambda_function.lambda",
            "module.rastreamento_lambda.data.aws_caller_identity.current",
            "module.rastreamento_lambda.data.aws_iam_policy_document.policy_doc",
            "module.rastreamento_lambda.module.repo_ecr_lambda.aws_ecr_repository.this",
            "module.rastreamento_lambda.null_resource.run_script",
            "module.users_table.aws_dynamodb_table.this",
            "module.usuarios_lambda.aws_iam_role.lambda_role",
            "module.usuarios_lambda.aws_lambda_function.lambda",
            "module.usuarios_lambda.data.aws_caller_identity.current",
            "module.usuarios_lambda.data.aws_iam_policy_document.policy_doc",
            "module.usuarios_lambda.module.repo_ecr_lambda.aws_ecr_repository.this",
            "module.usuarios_lambda.null_resource.run_script",
            "module.websocket_connections_table.aws_dynamodb_table.this",
            "module.websocket_lambda.aws_iam_role.lambda_role",
            "module.websocket_lambda.aws_lambda_function.lambda",
            "module.websocket_lambda.data.aws_caller_identity.current",
            "module.websocket_lambda.data.aws_iam_policy_document.policy_doc",
            "module.websocket_lambda.module.repo_ecr_lambda.aws_ecr_repository.this",
            "module.websocket_lambda.null_resource.run_script"
          ],
          "create_before_destroy": true
        },
        {
          "index_key": "19",
          "schema_version": 0,
          "attributes": {
            "api_key_required": false,
            "authorization": "NONE",
            "authorization_scopes": [],
            "authorizer_id": "",
            "http_method": "GET",
            "id": "agm-tntpd380l5-bi3fv4-GET",
            "operation_name": "",
            "region": "us-east-1",
            "request_models": {},
            "request_parameters": {
              "method.request.path.driverId": true,
              "method.request.querystring.dataFim": true,
              "method.request.querystring.dataInicio": true
            },
            "request_validator_id": "",
            "resource_id": "bi3fv4",
            "rest_api_id": "tntpd380l5"
          },
          "sensitive_attributes": [],
          "identity_schema_version": 0,
          "private": "bnVsbA==",
          "dependencies": [
            "aws_apigatewayv2_api.websocket_api",
            "module.api_gateway.aws_api_gateway_authorizer.cognito_authorizer",
            "module.api_gateway.aws_api_gateway_resource.base_resources",
            "module.api_gateway.aws_api_gateway_resource.main_resource",
            "module.api_gateway.aws_api_gateway_resource.variable_resources",
            "module.api_gateway.aws_api_gateway_rest_api.rest_api",
            "module.auth_lambda.aws_iam_role.lambda_role",
            "module.auth_lambda.aws_lambda_function.lambda",
            "module.auth_lambda.data.aws_caller_identity.current",
            "module.auth_lambda.data.aws_iam_policy_document.policy_doc",
            "module.auth_lambda.module.repo_ecr_lambda.aws_ecr_repository.this",
            "module.auth_lambda.null_resource.run_script",
            "module.events_queue.aws_sqs_queue.dead_letter_fifo_queue",
            "module.events_queue.aws_sqs_queue.fifo_queue",
            "module.locations_table.aws_dynamodb_table.this",
            "module.notificacoes_lambda.aws_iam_role.lambda_role",
            "module.notificacoes_lambda.aws_lambda_function.lambda",
            "module.notificacoes_lambda.data.aws_caller_identity.current",
            "module.notificacoes_lambda.data.aws_iam_policy_document.policy_doc",
            "module.notificacoes_lambda.module.repo_ecr_lambda.aws_ecr_repository.this",
            "module.notificacoes_lambda.null_resource.run_script",
            "module.notifications_general_topic.aws_sns_topic.this",
            "module.notifications_premium_topic.aws_sns_topic.this",
            "module.notifications_regional_topic.aws_sns_topic.this",
            "module.notifications_table.aws_dynamodb_table.this",
            "module.pedidos_lambda.aws_iam_role.lambda_role",
            "module.pedidos_lambda.aws_lambda_function.lambda",
            "module.pedidos_lambda.data.aws_caller_identity.current",
            "module.pedidos_lambda.data.aws_iam_policy_document.policy_doc",
            "module.pedidos_lambda.module.repo_ecr_lambda.aws_ecr_repository.this",
            "module.pedidos_lambda.null_resource.run_script",
            "module.pedidos_table.aws_dynamodb_table.this",
            "module.rastreamento_lambda.aws_iam_role.lambda_role",
            "module.rastreamento_lambda.aws_lambda_function.lambda",
            "module.rastreamento_lambda.data.aws_caller_identity.current",
            "module.rastreamento_lambda.data.aws_iam_policy_document.policy_doc",
            "module.rastreamento_lambda.module.repo_ecr_lambda.aws_ecr_repository.this",
            "module.rastreamento_lambda.null_resource.run_script",
            "module.users_table.aws_dynamodb_table.this",
            "module.usuarios_lambda.aws_iam_role.lambda_role",
            "module.usuarios_lambda.aws_lambda_function.lambda",
            "module.usuarios_lambda.data.aws_caller_identity.current",
            "module.usuarios_lambda.data.aws_iam_policy_document.policy_doc",
            "module.usuarios_lambda.module.repo_ecr_lambda.aws_ecr_repository.this",
            "module.usuarios_lambda.null_resource.run_script",
            "module.websocket_connections_table.aws_dynamodb_table.this",
            "module.websocket_lambda.aws_iam_role.lambda_role",
            "module.websocket_lambda.aws_lambda_function.lambda",
            "module.websocket_lambda.data.aws_caller_identity.current",
            "module.websocket_lambda.data.aws_iam_policy_document.policy_doc",
            "module.websocket_lambda.module.repo_ecr_lambda.aws_ecr_repository.this",
            "module.websocket_lambda.null_resource.run_script"
          ],
          "create_before_destroy": true
        },
        {
          "index_key": "2",
          "schema_version": 0,
          "attributes": {
            "api_key_required": false,
            "authorization": "NONE",
            "authorization_scopes": [],
            "authorizer_id": "",
            "http_method": "POST",
            "id": "agm-tntpd380l5-ogb8u4-POST",
            "operation_name": "",
            "region": "us-east-1",
            "request_models": {},
            "request_parameters": {},
            "request_validator_id": "",
            "resource_id": "ogb8u4",
            "rest_api_id": "tntpd380l5"
          },
          "sensitive_attributes": [],
          "identity_schema_version": 0,
          "private": "bnVsbA==",
          "dependencies": [
            "aws_apigatewayv2_api.websocket_api",
            "module.api_gateway.aws_api_gateway_authorizer.cognito_authorizer",
            "module.api_gateway.aws_api_gateway_resource.base_resources",
            "module.api_gateway.aws_api_gateway_resource.main_resource",
            "module.api_gateway.aws_api_gateway_resource.variable_resources",
            "module.api_gateway.aws_api_gateway_rest_api.rest_api",
            "module.auth_lambda.aws_iam_role.lambda_role",
            "module.auth_lambda.aws_lambda_function.lambda",
            "module.auth_lambda.data.aws_caller_identity.current",
            "module.auth_lambda.data.aws_iam_policy_document.policy_doc",
            "module.auth_lambda.module.repo_ecr_lambda.aws_ecr_repository.this",
            "module.auth_lambda.null_resource.run_script",
            "module.events_queue.aws_sqs_queue.dead_letter_fifo_queue",
            "module.events_queue.aws_sqs_queue.fifo_queue",
            "module.locations_table.aws_dynamodb_table.this",
            "module.notificacoes_lambda.aws_iam_role.lambda_role",
            "module.notificacoes_lambda.aws_lambda_function.lambda",
            "module.notificacoes_lambda.data.aws_caller_identity.current",
            "module.notificacoes_lambda.data.aws_iam_policy_document.policy_doc",
            "module.notificacoes_lambda.module.repo_ecr_lambda.aws_ecr_repository.this",
            "module.notificacoes_lambda.null_resource.run_script",
            "module.notifications_general_topic.aws_sns_topic.this",
            "module.notifications_premium_topic.aws_sns_topic.this",
            "module.notifications_regional_topic.aws_sns_topic.this",
            "module.notifications_table.aws_dynamodb_table.this",
            "module.pedidos_lambda.aws_iam_role.lambda_role",
            "module.pedidos_lambda.aws_lambda_function.lambda",
            "module.pedidos_lambda.data.aws_caller_identity.current",
            "module.pedidos_lambda.data.aws_iam_policy_document.policy_doc",
            "module.pedidos_lambda.module.repo_ecr_lambda.aws_ecr_repository.this",
            "module.pedidos_lambda.null_resource.run_script",
            "module.pedidos_table.aws_dynamodb_table.this",
            "module.rastreamento_lambda.aws_iam_role.lambda_role",
            "module.rastreamento_lambda.aws_lambda_function.lambda",
            "module.rastreamento_lambda.data.aws_caller_identity.current",
            "module.rastreamento_lambda.data.aws_iam_policy_document.policy_doc",
            "module.rastreamento_lambda.module.repo_ecr_lambda.aws_ecr_repository.this",
            "module.rastreamento_lambda.null_resource.run_script",
            "module.users_table.aws_dynamodb_table.this",
            "module.usuarios_lambda.aws_iam_role.lambda_role",
            "module.usuarios_lambda.aws_lambda_function.lambda",
            "module.usuarios_lambda.data.aws_caller_identity.current",
            "module.usuarios_lambda.data.aws_iam_policy_document.policy_doc",
            "module.usuarios_lambda.module.repo_ecr_lambda.aws_ecr_repository.this",
            "module.usuarios_lambda.null_resource.run_script",
            "module.websocket_connections_table.aws_dynamodb_table.this",
            "module.websocket_lambda.aws_iam_role.lambda_role",
            "module.websocket_lambda.aws_lambda_function.lambda",
            "module.websocket_lambda.data.aws_caller_identity.current",
            "module.websocket_lambda.data.aws_iam_policy_document.policy_doc",
            "module.websocket_lambda.module.repo_ecr_lambda.aws_ecr_repository.this",
            "module.websocket_lambda.null_resource.run_script"
          ],
          "create_before_destroy": true
        },
        {
          "index_key": "20",
          "schema_version": 0,
          "attributes": {
            "api_key_required": false,
            "authorization": "NONE",
            "authorization_scopes": [],
            "authorizer_id": "",
            "http_method": "POST",
            "id": "agm-tntpd380l5-fp56js-POST",
            "operation_name": "",
            "region": "us-east-1",
            "request_models": {},
            "request_parameters": {},
            "request_validator_id": "",
            "resource_id": "fp56js",
            "rest_api_id": "tntpd380l5"
          },
          "sensitive_attributes": [],
          "identity_schema_version": 0,
          "private": "bnVsbA==",
          "dependencies": [
            "aws_apigatewayv2_api.websocket_api",
            "module.api_gateway.aws_api_gateway_authorizer.cognito_authorizer",
            "module.api_gateway.aws_api_gateway_resource.base_resources",
            "module.api_gateway.aws_api_gateway_resource.main_resource",
            "module.api_gateway.aws_api_gateway_resource.variable_resources",
            "module.api_gateway.aws_api_gateway_rest_api.rest_api",
            "module.auth_lambda.aws_iam_role.lambda_role",
            "module.auth_lambda.aws_lambda_function.lambda",
            "module.auth_lambda.data.aws_caller_identity.current",
            "module.auth_lambda.data.aws_iam_policy_document.policy_doc",
            "module.auth_lambda.module.repo_ecr_lambda.aws_ecr_repository.this",
            "module.auth_lambda.null_resource.run_script",
            "module.events_queue.aws_sqs_queue.dead_letter_fifo_queue",
            "module.events_queue.aws_sqs_queue.fifo_queue",
            "module.locations_table.aws_dynamodb_table.this",
            "module.notificacoes_lambda.aws_iam_role.lambda_role",
            "module.notificacoes_lambda.aws_lambda_function.lambda",
            "module.notificacoes_lambda.data.aws_caller_identity.current",
            "module.notificacoes_lambda.data.aws_iam_policy_document.policy_doc",
            "module.notificacoes_lambda.module.repo_ecr_lambda.aws_ecr_repository.this",
            "module.notificacoes_lambda.null_resource.run_script",
            "module.notifications_general_topic.aws_sns_topic.this",
            "module.notifications_premium_topic.aws_sns_topic.this",
            "module.notifications_regional_topic.aws_sns_topic.this",
            "module.notifications_table.aws_dynamodb_table.this",
            "module.pedidos_lambda.aws_iam_role.lambda_role",
            "module.pedidos_lambda.aws_lambda_function.lambda",
            "module.pedidos_lambda.data.aws_caller_identity.current",
            "module.pedidos_lambda.data.aws_iam_policy_document.policy_doc",
            "module.pedidos_lambda.module.repo_ecr_lambda.aws_ecr_repository.this",
            "module.pedidos_lambda.null_resource.run_script",
            "module.pedidos_table.aws_dynamodb_table.this",
            "module.rastreamento_lambda.aws_iam_role.lambda_role",
            "module.rastreamento_lambda.aws_lambda_function.lambda",
            "module.rastreamento_lambda.data.aws_caller_identity.current",
            "module.rastreamento_lambda.data.aws_iam_policy_document.policy_doc",
            "module.rastreamento_lambda.module.repo_ecr_lambda.aws_ecr_repository.this",
            "module.rastreamento_lambda.null_resource.run_script",
            "module.users_table.aws_dynamodb_table.this",
            "module.usuarios_lambda.aws_iam_role.lambda_role",
            "module.usuarios_lambda.aws_lambda_function.lambda",
            "module.usuarios_lambda.data.aws_caller_identity.current",
            "module.usuarios_lambda.data.aws_iam_policy_document.policy_doc",
            "module.usuarios_lambda.module.repo_ecr_lambda.aws_ecr_repository.this",
            "module.usuarios_lambda.null_resource.run_script",
            "module.websocket_connections_table.aws_dynamodb_table.this",
            "module.websocket_lambda.aws_iam_role.lambda_role",
            "module.websocket_lambda.aws_lambda_function.lambda",
            "module.websocket_lambda.data.aws_caller_identity.current",
            "module.websocket_lambda.data.aws_iam_policy_document.policy_doc",
            "module.websocket_lambda.module.repo_ecr_lambda.aws_ecr_repository.this",
            "module.websocket_lambda.null_resource.run_script"
          ],
          "create_before_destroy": true
        },
        {
          "index_key": "3",
          "schema_version": 0,
          "attributes": {
            "api_key_required": false,
            "authorization": "NONE",
            "authorization_scopes": [],
            "authorizer_id": "",
            "http_method": "POST",
            "id": "agm-tntpd380l5-r5dtyo-POST",
            "operation_name": "",
            "region": "us-east-1",
            "request_models": {},
            "request_parameters": {},
            "request_validator_id": "",
            "resource_id": "r5dtyo",
            "rest_api_id": "tntpd380l5"
          },
          "sensitive_attributes": [],
          "identity_schema_version": 0,
          "private": "bnVsbA==",
          "dependencies": [
            "aws_apigatewayv2_api.websocket_api",
            "module.api_gateway.aws_api_gateway_authorizer.cognito_authorizer",
            "module.api_gateway.aws_api_gateway_resource.base_resources",
            "module.api_gateway.aws_api_gateway_resource.main_resource",
            "module.api_gateway.aws_api_gateway_resource.variable_resources",
            "module.api_gateway.aws_api_gateway_rest_api.rest_api",
            "module.auth_lambda.aws_iam_role.lambda_role",
            "module.auth_lambda.aws_lambda_function.lambda",
            "module.auth_lambda.data.aws_caller_identity.current",
            "module.auth_lambda.data.aws_iam_policy_document.policy_doc",
            "module.auth_lambda.module.repo_ecr_lambda.aws_ecr_repository.this",
            "module.auth_lambda.null_resource.run_script",
            "module.events_queue.aws_sqs_queue.dead_letter_fifo_queue",
            "module.events_queue.aws_sqs_queue.fifo_queue",
            "module.locations_table.aws_dynamodb_table.this",
            "module.notificacoes_lambda.aws_iam_role.lambda_role",
            "module.notificacoes_lambda.aws_lambda_function.lambda",
            "module.notificacoes_lambda.data.aws_caller_identity.current",
            "module.notificacoes_lambda.data.aws_iam_policy_document.policy_doc",
            "module.notificacoes_lambda.module.repo_ecr_lambda.aws_ecr_repository.this",
            "module.notificacoes_lambda.null_resource.run_script",
            "module.notifications_general_topic.aws_sns_topic.this",
            "module.notifications_premium_topic.aws_sns_topic.this",
            "module.notifications_regional_topic.aws_sns_topic.this",
            "module.notifications_table.aws_dynamodb_table.this",
            "module.pedidos_lambda.aws_iam_role.lambda_role",
            "module.pedidos_lambda.aws_lambda_function.lambda",
            "module.pedidos_lambda.data.aws_caller_identity.current",
            "module.pedidos_lambda.data.aws_iam_policy_document.policy_doc",
            "module.pedidos_lambda.module.repo_ecr_lambda.aws_ecr_repository.this",
            "module.pedidos_lambda.null_resource.run_script",
            "module.pedidos_table.aws_dynamodb_table.this",
            "module.rastreamento_lambda.aws_iam_role.lambda_role",
            "module.rastreamento_lambda.aws_lambda_function.lambda",
            "module.rastreamento_lambda.data.aws_caller_identity.current",
            "module.rastreamento_lambda.data.aws_iam_policy_document.policy_doc",
            "module.rastreamento_lambda.module.repo_ecr_lambda.aws_ecr_repository.this",
            "module.rastreamento_lambda.null_resource.run_script",
            "module.users_table.aws_dynamodb_table.this",
            "module.usuarios_lambda.aws_iam_role.lambda_role",
            "module.usuarios_lambda.aws_lambda_function.lambda",
            "module.usuarios_lambda.data.aws_caller_identity.current",
            "module.usuarios_lambda.data.aws_iam_policy_document.policy_doc",
            "module.usuarios_lambda.module.repo_ecr_lambda.aws_ecr_repository.this",
            "module.usuarios_lambda.null_resource.run_script",
            "module.websocket_connections_table.aws_dynamodb_table.this",
            "module.websocket_lambda.aws_iam_role.lambda_role",
            "module.websocket_lambda.aws_lambda_function.lambda",
            "module.websocket_lambda.data.aws_caller_identity.current",
            "module.websocket_lambda.data.aws_iam_policy_document.policy_doc",
            "module.websocket_lambda.module.repo_ecr_lambda.aws_ecr_repository.this",
            "module.websocket_lambda.null_resource.run_script"
          ],
          "create_before_destroy": true
        },
        {
          "index_key": "4",
          "schema_version": 0,
          "attributes": {
            "api_key_required": false,
            "authorization": "NONE",
            "authorization_scopes": [],
            "authorizer_id": "",
            "http_method": "POST",
            "id": "agm-tntpd380l5-42swa8-POST",
            "operation_name": "",
            "region": "us-east-1",
            "request_models": {},
            "request_parameters": {},
            "request_validator_id": "",
            "resource_id": "42swa8",
            "rest_api_id": "tntpd380l5"
          },
          "sensitive_attributes": [],
          "identity_schema_version": 0,
          "private": "bnVsbA==",
          "dependencies": [
            "aws_apigatewayv2_api.websocket_api",
            "module.api_gateway.aws_api_gateway_authorizer.cognito_authorizer",
            "module.api_gateway.aws_api_gateway_resource.base_resources",
            "module.api_gateway.aws_api_gateway_resource.main_resource",
            "module.api_gateway.aws_api_gateway_resource.variable_resources",
            "module.api_gateway.aws_api_gateway_rest_api.rest_api",
            "module.auth_lambda.aws_iam_role.lambda_role",
            "module.auth_lambda.aws_lambda_function.lambda",
            "module.auth_lambda.data.aws_caller_identity.current",
            "module.auth_lambda.data.aws_iam_policy_document.policy_doc",
            "module.auth_lambda.module.repo_ecr_lambda.aws_ecr_repository.this",
            "module.auth_lambda.null_resource.run_script",
            "module.events_queue.aws_sqs_queue.dead_letter_fifo_queue",
            "module.events_queue.aws_sqs_queue.fifo_queue",
            "module.locations_table.aws_dynamodb_table.this",
            "module.notificacoes_lambda.aws_iam_role.lambda_role",
            "module.notificacoes_lambda.aws_lambda_function.lambda",
            "module.notificacoes_lambda.data.aws_caller_identity.current",
            "module.notificacoes_lambda.data.aws_iam_policy_document.policy_doc",
            "module.notificacoes_lambda.module.repo_ecr_lambda.aws_ecr_repository.this",
            "module.notificacoes_lambda.null_resource.run_script",
            "module.notifications_general_topic.aws_sns_topic.this",
            "module.notifications_premium_topic.aws_sns_topic.this",
            "module.notifications_regional_topic.aws_sns_topic.this",
            "module.notifications_table.aws_dynamodb_table.this",
            "module.pedidos_lambda.aws_iam_role.lambda_role",
            "module.pedidos_lambda.aws_lambda_function.lambda",
            "module.pedidos_lambda.data.aws_caller_identity.current",
            "module.pedidos_lambda.data.aws_iam_policy_document.policy_doc",
            "module.pedidos_lambda.module.repo_ecr_lambda.aws_ecr_repository.this",
            "module.pedidos_lambda.null_resource.run_script",
            "module.pedidos_table.aws_dynamodb_table.this",
            "module.rastreamento_lambda.aws_iam_role.lambda_role",
            "module.rastreamento_lambda.aws_lambda_function.lambda",
            "module.rastreamento_lambda.data.aws_caller_identity.current",
            "module.rastreamento_lambda.data.aws_iam_policy_document.policy_doc",
            "module.rastreamento_lambda.module.repo_ecr_lambda.aws_ecr_repository.this",
            "module.rastreamento_lambda.null_resource.run_script",
            "module.users_table.aws_dynamodb_table.this",
            "module.usuarios_lambda.aws_iam_role.lambda_role",
            "module.usuarios_lambda.aws_lambda_function.lambda",
            "module.usuarios_lambda.data.aws_caller_identity.current",
            "module.usuarios_lambda.data.aws_iam_policy_document.policy_doc",
            "module.usuarios_lambda.module.repo_ecr_lambda.aws_ecr_repository.this",
            "module.usuarios_lambda.null_resource.run_script",
            "module.websocket_connections_table.aws_dynamodb_table.this",
            "module.websocket_lambda.aws_iam_role.lambda_role",
            "module.websocket_lambda.aws_lambda_function.lambda",
            "module.websocket_lambda.data.aws_caller_identity.current",
            "module.websocket_lambda.data.aws_iam_policy_document.policy_doc",
            "module.websocket_lambda.module.repo_ecr_lambda.aws_ecr_repository.this",
            "module.websocket_lambda.null_resource.run_script"
          ],
          "create_before_destroy": true
        },
        {
          "index_key": "5",
          "schema_version": 0,
          "attributes": {
            "api_key_required": false,
            "authorization": "NONE",
            "authorization_scopes": [],
            "authorizer_id": "",
            "http_method": "GET",
            "id": "agm-tntpd380l5-2cdpbl-GET",
            "operation_name": "",
            "region": "us-east-1",
            "request_models": {},
            "request_parameters": {
              "method.request.path.motoristaId": true
            },
            "request_validator_id": "",
            "resource_id": "2cdpbl",
            "rest_api_id": "tntpd380l5"
          },
          "sensitive_attributes": [],
          "identity_schema_version": 0,
          "private": "bnVsbA==",
          "dependencies": [
            "aws_apigatewayv2_api.websocket_api",
            "module.api_gateway.aws_api_gateway_authorizer.cognito_authorizer",
            "module.api_gateway.aws_api_gateway_resource.base_resources",
            "module.api_gateway.aws_api_gateway_resource.main_resource",
            "module.api_gateway.aws_api_gateway_resource.variable_resources",
            "module.api_gateway.aws_api_gateway_rest_api.rest_api",
            "module.auth_lambda.aws_iam_role.lambda_role",
            "module.auth_lambda.aws_lambda_function.lambda",
            "module.auth_lambda.data.aws_caller_identity.current",
            "module.auth_lambda.data.aws_iam_policy_document.policy_doc",
            "module.auth_lambda.module.repo_ecr_lambda.aws_ecr_repository.this",
            "module.auth_lambda.null_resource.run_script",
            "module.events_queue.aws_sqs_queue.dead_letter_fifo_queue",
            "module.events_queue.aws_sqs_queue.fifo_queue",
            "module.locations_table.aws_dynamodb_table.this",
            "module.notificacoes_lambda.aws_iam_role.lambda_role",
            "module.notificacoes_lambda.aws_lambda_function.lambda",
            "module.notificacoes_lambda.data.aws_caller_identity.current",
            "module.notificacoes_lambda.data.aws_iam_policy_document.policy_doc",
            "module.notificacoes_lambda.module.repo_ecr_lambda.aws_ecr_repository.this",
            "module.notificacoes_lambda.null_resource.run_script",
            "module.notifications_general_topic.aws_sns_topic.this",
            "module.notifications_premium_topic.aws_sns_topic.this",
            "module.notifications_regional_topic.aws_sns_topic.this",
            "module.notifications_table.aws_dynamodb_table.this",
            "module.pedidos_lambda.aws_iam_role.lambda_role",
            "module.pedidos_lambda.aws_lambda_function.lambda",
            "module.pedidos_lambda.data.aws_caller_identity.current",
            "module.pedidos_lambda.data.aws_iam_policy_document.policy_doc",
            "module.pedidos_lambda.module.repo_ecr_lambda.aws_ecr_repository.this",
            "module.pedidos_lambda.null_resource.run_script",
            "module.pedidos_table.aws_dynamodb_table.this",
            "module.rastreamento_lambda.aws_iam_role.lambda_role",
            "module.rastreamento_lambda.aws_lambda_function.lambda",
            "module.rastreamento_lambda.data.aws_caller_identity.current",
            "module.rastreamento_lambda.data.aws_iam_policy_document.policy_doc",
            "module.rastreamento_lambda.module.repo_ecr_lambda.aws_ecr_repository.this",
            "module.rastreamento_lambda.null_resource.run_script",
            "module.users_table.aws_dynamodb_table.this",
            "module.usuarios_lambda.aws_iam_role.lambda_role",
            "module.usuarios_lambda.aws_lambda_function.lambda",
            "module.usuarios_lambda.data.aws_caller_identity.current",
            "module.usuarios_lambda.data.aws_iam_policy_document.policy_doc",
            "module.usuarios_lambda.module.repo_ecr_lambda.aws_ecr_repository.this",
            "module.usuarios_lambda.null_resource.run_script",
            "module.websocket_connections_table.aws_dynamodb_table.this",
            "module.websocket_lambda.aws_iam_role.lambda_role",
            "module.websocket_lambda.aws_lambda_function.lambda",
            "module.websocket_lambda.data.aws_caller_identity.current",
            "module.websocket_lambda.data.aws_iam_policy_document.policy_doc",
            "module.websocket_lambda.module.repo_ecr_lambda.aws_ecr_repository.this",
            "module.websocket_lambda.null_resource.run_script"
          ],
          "create_before_destroy": true
        },
        {
          "index_key": "6",
          "schema_version": 0,
          "attributes": {
            "api_key_required": false,
            "authorization": "NONE",
            "authorization_scopes": [],
            "authorizer_id": "",
            "http_method": "GET",
            "id": "agm-tntpd380l5-x6gewu-GET",
            "operation_name": "",
            "region": "us-east-1",
            "request_models": {},
            "request_parameters": {
              "method.request.querystring.userId": true,
              "method.request.querystring.userType": true
            },
            "request_validator_id": "",
            "resource_id": "x6gewu",
            "rest_api_id": "tntpd380l5"
          },
          "sensitive_attributes": [],
          "identity_schema_version": 0,
          "private": "bnVsbA==",
          "dependencies": [
            "aws_apigatewayv2_api.websocket_api",
            "module.api_gateway.aws_api_gateway_authorizer.cognito_authorizer",
            "module.api_gateway.aws_api_gateway_resource.base_resources",
            "module.api_gateway.aws_api_gateway_resource.main_resource",
            "module.api_gateway.aws_api_gateway_resource.variable_resources",
            "module.api_gateway.aws_api_gateway_rest_api.rest_api",
            "module.auth_lambda.aws_iam_role.lambda_role",
            "module.auth_lambda.aws_lambda_function.lambda",
            "module.auth_lambda.data.aws_caller_identity.current",
            "module.auth_lambda.data.aws_iam_policy_document.policy_doc",
            "module.auth_lambda.module.repo_ecr_lambda.aws_ecr_repository.this",
            "module.auth_lambda.null_resource.run_script",
            "module.events_queue.aws_sqs_queue.dead_letter_fifo_queue",
            "module.events_queue.aws_sqs_queue.fifo_queue",
            "module.locations_table.aws_dynamodb_table.this",
            "module.notificacoes_lambda.aws_iam_role.lambda_role",
            "module.notificacoes_lambda.aws_lambda_function.lambda",
            "module.notificacoes_lambda.data.aws_caller_identity.current",
            "module.notificacoes_lambda.data.aws_iam_policy_document.policy_doc",
            "module.notificacoes_lambda.module.repo_ecr_lambda.aws_ecr_repository.this",
            "module.notificacoes_lambda.null_resource.run_script",
            "module.notifications_general_topic.aws_sns_topic.this",
            "module.notifications_premium_topic.aws_sns_topic.this",
            "module.notifications_regional_topic.aws_sns_topic.this",
            "module.notifications_table.aws_dynamodb_table.this",
            "module.pedidos_lambda.aws_iam_role.lambda_role",
            "module.pedidos_lambda.aws_lambda_function.lambda",
            "module.pedidos_lambda.data.aws_caller_identity.current",
            "module.pedidos_lambda.data.aws_iam_policy_document.policy_doc",
            "module.pedidos_lambda.module.repo_ecr_lambda.aws_ecr_repository.this",
            "module.pedidos_lambda.null_resource.run_script",
            "module.pedidos_table.aws_dynamodb_table.this",
            "module.rastreamento_lambda.aws_iam_role.lambda_role",
            "module.rastreamento_lambda.aws_lambda_function.lambda",
            "module.rastreamento_lambda.data.aws_caller_identity.current",
            "module.rastreamento_lambda.data.aws_iam_policy_document.policy_doc",
            "module.rastreamento_lambda.module.repo_ecr_lambda.aws_ecr_repository.this",
            "module.rastreamento_lambda.null_resource.run_script",
            "module.users_table.aws_dynamodb_table.this",
            "module.usuarios_lambda.aws_iam_role.lambda_role",
            "module.usuarios_lambda.aws_lambda_function.lambda",
            "module.usuarios_lambda.data.aws_caller_identity.current",
            "module.usuarios_lambda.data.aws_iam_policy_document.policy_doc",
            "module.usuarios_lambda.module.repo_ecr_lambda.aws_ecr_repository.this",
            "module.usuarios_lambda.null_resource.run_script",
            "module.websocket_connections_table.aws_dynamodb_table.this",
            "module.websocket_lambda.aws_iam_role.lambda_role",
            "module.websocket_lambda.aws_lambda_function.lambda",
            "module.websocket_lambda.data.aws_caller_identity.current",
            "module.websocket_lambda.data.aws_iam_policy_document.policy_doc",
            "module.websocket_lambda.module.repo_ecr_lambda.aws_ecr_repository.this",
            "module.websocket_lambda.null_resource.run_script"
          ],
          "create_before_destroy": true
        },
        {
          "index_key": "7",
          "schema_version": 0,
          "attributes": {
            "api_key_required": false,
            "authorization": "NONE",
            "authorization_scopes": [],
            "authorizer_id": "",
            "http_method": "GET",
            "id": "agm-tntpd380l5-pswbyy-GET",
            "operation_name": "",
            "region": "us-east-1",
            "request_models": {},
            "request_parameters": {
              "method.request.path.pedidoId": true
            },
            "request_validator_id": "",
            "resource_id": "pswbyy",
            "rest_api_id": "tntpd380l5"
          },
          "sensitive_attributes": [],
          "identity_schema_version": 0,
          "private": "bnVsbA==",
          "dependencies": [
            "aws_apigatewayv2_api.websocket_api",
            "module.api_gateway.aws_api_gateway_authorizer.cognito_authorizer",
            "module.api_gateway.aws_api_gateway_resource.base_resources",
            "module.api_gateway.aws_api_gateway_resource.main_resource",
            "module.api_gateway.aws_api_gateway_resource.variable_resources",
            "module.api_gateway.aws_api_gateway_rest_api.rest_api",
            "module.auth_lambda.aws_iam_role.lambda_role",
            "module.auth_lambda.aws_lambda_function.lambda",
            "module.auth_lambda.data.aws_caller_identity.current",
            "module.auth_lambda.data.aws_iam_policy_document.policy_doc",
            "module.auth_lambda.module.repo_ecr_lambda.aws_ecr_repository.this",
            "module.auth_lambda.null_resource.run_script",
            "module.events_queue.aws_sqs_queue.dead_letter_fifo_queue",
            "module.events_queue.aws_sqs_queue.fifo_queue",
            "module.locations_table.aws_dynamodb_table.this",
            "module.notificacoes_lambda.aws_iam_role.lambda_role",
            "module.notificacoes_lambda.aws_lambda_function.lambda",
            "module.notificacoes_lambda.data.aws_caller_identity.current",
            "module.notificacoes_lambda.data.aws_iam_policy_document.policy_doc",
            "module.notificacoes_lambda.module.repo_ecr_lambda.aws_ecr_repository.this",
            "module.notificacoes_lambda.null_resource.run_script",
            "module.notifications_general_topic.aws_sns_topic.this",
            "module.notifications_premium_topic.aws_sns_topic.this",
            "module.notifications_regional_topic.aws_sns_topic.this",
            "module.notifications_table.aws_dynamodb_table.this",
            "module.pedidos_lambda.aws_iam_role.lambda_role",
            "module.pedidos_lambda.aws_lambda_function.lambda",
            "module.pedidos_lambda.data.aws_caller_identity.current",
            "module.pedidos_lambda.data.aws_iam_policy_document.policy_doc",
            "module.pedidos_lambda.module.repo_ecr_lambda.aws_ecr_repository.this",
            "module.pedidos_lambda.null_resource.run_script",
            "module.pedidos_table.aws_dynamodb_table.this",
            "module.rastreamento_lambda.aws_iam_role.lambda_role",
            "module.rastreamento_lambda.aws_lambda_function.lambda",
            "module.rastreamento_lambda.data.aws_caller_identity.current",
            "module.rastreamento_lambda.data.aws_iam_policy_document.policy_doc",
            "module.rastreamento_lambda.module.repo_ecr_lambda.aws_ecr_repository.this",
            "module.rastreamento_lambda.null_resource.run_script",
            "module.users_table.aws_dynamodb_table.this",
            "module.usuarios_lambda.aws_iam_role.lambda_role",
            "module.usuarios_lambda.aws_lambda_function.lambda",
            "module.usuarios_lambda.data.aws_caller_identity.current",
            "module.usuarios_lambda.data.aws_iam_policy_document.policy_doc",
            "module.usuarios_lambda.module.repo_ecr_lambda.aws_ecr_repository.this",
            "module.usuarios_lambda.null_resource.run_script",
            "module.websocket_connections_table.aws_dynamodb_table.this",
            "module.websocket_lambda.aws_iam_role.lambda_role",
            "module.websocket_lambda.aws_lambda_function.lambda",
            "module.websocket_lambda.data.aws_caller_identity.current",
            "module.websocket_lambda.data.aws_iam_policy_document.policy_doc",
            "module.websocket_lambda.module.repo_ecr_lambda.aws_ecr_repository.this",
            "module.websocket_lambda.null_resource.run_script"
          ],
          "create_before_destroy": true
        },
        {
          "index_key": "8",
          "schema_version": 0,
          "attributes": {
            "api_key_required": false,
            "authorization": "NONE",
            "authorization_scopes": [],
            "authorizer_id": "",
            "http_method": "PATCH",
            "id": "agm-tntpd380l5-5brkgs-PATCH",
            "operation_name": "",
            "region": "us-east-1",
            "request_models": {},
            "request_parameters": {
              "method.request.path.pedidoId": true
            },
            "request_validator_id": "",
            "resource_id": "5brkgs",
            "rest_api_id": "tntpd380l5"
          },
          "sensitive_attributes": [],
          "identity_schema_version": 0,
          "private": "bnVsbA==",
          "dependencies": [
            "aws_apigatewayv2_api.websocket_api",
            "module.api_gateway.aws_api_gateway_authorizer.cognito_authorizer",
            "module.api_gateway.aws_api_gateway_resource.base_resources",
            "module.api_gateway.aws_api_gateway_resource.main_resource",
            "module.api_gateway.aws_api_gateway_resource.variable_resources",
            "module.api_gateway.aws_api_gateway_rest_api.rest_api",
            "module.auth_lambda.aws_iam_role.lambda_role",
            "module.auth_lambda.aws_lambda_function.lambda",
            "module.auth_lambda.data.aws_caller_identity.current",
            "module.auth_lambda.data.aws_iam_policy_document.policy_doc",
            "module.auth_lambda.module.repo_ecr_lambda.aws_ecr_repository.this",
            "module.auth_lambda.null_resource.run_script",
            "module.events_queue.aws_sqs_queue.dead_letter_fifo_queue",
            "module.events_queue.aws_sqs_queue.fifo_queue",
            "module.locations_table.aws_dynamodb_table.this",
            "module.notificacoes_lambda.aws_iam_role.lambda_role",
            "module.notificacoes_lambda.aws_lambda_function.lambda",
            "module.notificacoes_lambda.data.aws_caller_identity.current",
            "module.notificacoes_lambda.data.aws_iam_policy_document.policy_doc",
            "module.notificacoes_lambda.module.repo_ecr_lambda.aws_ecr_repository.this",
            "module.notificacoes_lambda.null_resource.run_script",
            "module.notifications_general_topic.aws_sns_topic.this",
            "module.notifications_premium_topic.aws_sns_topic.this",
            "module.notifications_regional_topic.aws_sns_topic.this",
            "module.notifications_table.aws_dynamodb_table.this",
            "module.pedidos_lambda.aws_iam_role.lambda_role",
            "module.pedidos_lambda.aws_lambda_function.lambda",
            "module.pedidos_lambda.data.aws_caller_identity.current",
            "module.pedidos_lambda.data.aws_iam_policy_document.policy_doc",
            "module.pedidos_lambda.module.repo_ecr_lambda.aws_ecr_repository.this",
            "module.pedidos_lambda.null_resource.run_script",
            "module.pedidos_table.aws_dynamodb_table.this",
            "module.rastreamento_lambda.aws_iam_role.lambda_role",
            "module.rastreamento_lambda.aws_lambda_function.lambda",
            "module.rastreamento_lambda.data.aws_caller_identity.current",
            "module.rastreamento_lambda.data.aws_iam_policy_document.policy_doc",
            "module.rastreamento_lambda.module.repo_ecr_lambda.aws_ecr_repository.this",
            "module.rastreamento_lambda.null_resource.run_script",
            "module.users_table.aws_dynamodb_table.this",
            "module.usuarios_lambda.aws_iam_role.lambda_role",
            "module.usuarios_lambda.aws_lambda_function.lambda",
            "module.usuarios_lambda.data.aws_caller_identity.current",
            "module.usuarios_lambda.data.aws_iam_policy_document.policy_doc",
            "module.usuarios_lambda.module.repo_ecr_lambda.aws_ecr_repository.this",
            "module.usuarios_lambda.null_resource.run_script",
            "module.websocket_connections_table.aws_dynamodb_table.this",
            "module.websocket_lambda.aws_iam_role.lambda_role",
            "module.websocket_lambda.aws_lambda_function.lambda",
            "module.websocket_lambda.data.aws_caller_identity.current",
            "module.websocket_lambda.data.aws_iam_policy_document.policy_doc",
            "module.websocket_lambda.module.repo_ecr_lambda.aws_ecr_repository.this",
            "module.websocket_lambda.null_resource.run_script"
          ],
          "create_before_destroy": true
        },
        {
          "index_key": "9",
          "schema_version": 0,
          "attributes": {
            "api_key_required": false,
            "authorization": "NONE",
            "authorization_scopes": [],
            "authorizer_id": "",
            "http_method": "POST",
            "id": "agm-tntpd380l5-bent9z-POST",
            "operation_name": "",
            "region": "us-east-1",
            "request_models": {},
            "request_parameters": {
              "method.request.querystring.latitude": true,
              "method.request.querystring.longitude": true,
              "method.request.querystring.motoristaId": true,
              "method.request.querystring.pedidoId": true
            },
            "request_validator_id": "",
            "resource_id": "bent9z",
            "rest_api_id": "tntpd380l5"
          },
          "sensitive_attributes": [],
          "identity_schema_version": 0,
          "private": "bnVsbA==",
          "dependencies": [
            "aws_apigatewayv2_api.websocket_api",
            "module.api_gateway.aws_api_gateway_authorizer.cognito_authorizer",
            "module.api_gateway.aws_api_gateway_resource.base_resources",
            "module.api_gateway.aws_api_gateway_resource.main_resource",
            "module.api_gateway.aws_api_gateway_resource.variable_resources",
            "module.api_gateway.aws_api_gateway_rest_api.rest_api",
            "module.auth_lambda.aws_iam_role.lambda_role",
            "module.auth_lambda.aws_lambda_function.lambda",
            "module.auth_lambda.data.aws_caller_identity.current",
            "module.auth_lambda.data.aws_iam_policy_document.policy_doc",
            "module.auth_lambda.module.repo_ecr_lambda.aws_ecr_repository.this",
            "module.auth_lambda.null_resource.run_script",
            "module.events_queue.aws_sqs_queue.dead_letter_fifo_queue",
            "module.events_queue.aws_sqs_queue.fifo_queue",
            "module.locations_table.aws_dynamodb_table.this",
            "module.notificacoes_lambda.aws_iam_role.lambda_role",
            "module.notificacoes_lambda.aws_lambda_function.lambda",
            "module.notificacoes_lambda.data.aws_caller_identity.current",
            "module.notificacoes_lambda.data.aws_iam_policy_document.policy_doc",
            "module.notificacoes_lambda.module.repo_ecr_lambda.aws_ecr_repository.this",
            "module.notificacoes_lambda.null_resource.run_script",
            "module.notifications_general_topic.aws_sns_topic.this",
            "module.notifications_premium_topic.aws_sns_topic.this",
            "module.notifications_regional_topic.aws_sns_topic.this",
            "module.notifications_table.aws_dynamodb_table.this",
            "module.pedidos_lambda.aws_iam_role.lambda_role",
            "module.pedidos_lambda.aws_lambda_function.lambda",
            "module.pedidos_lambda.data.aws_caller_identity.current",
            "module.pedidos_lambda.data.aws_iam_policy_document.policy_doc",
            "module.pedidos_lambda.module.repo_ecr_lambda.aws_ecr_repository.this",
            "module.pedidos_lambda.null_resource.run_script",
            "module.pedidos_table.aws_dynamodb_table.this",
            "module.rastreamento_lambda.aws_iam_role.lambda_role",
            "module.rastreamento_lambda.aws_lambda_function.lambda",
            "module.rastreamento_lambda.data.aws_caller_identity.current",
            "module.rastreamento_lambda.data.aws_iam_policy_document.policy_doc",
            "module.rastreamento_lambda.module.repo_ecr_lambda.aws_ecr_repository.this",
            "module.rastreamento_lambda.null_resource.run_script",
            "module.users_table.aws_dynamodb_table.this",
            "module.usuarios_lambda.aws_iam_role.lambda_role",
            "module.usuarios_lambda.aws_lambda_function.lambda",
            "module.usuarios_lambda.data.aws_caller_identity.current",
            "module.usuarios_lambda.data.aws_iam_policy_document.policy_doc",
            "module.usuarios_lambda.module.repo_ecr_lambda.aws_ecr_repository.this",
            "module.usuarios_lambda.null_resource.run_script",
            "module.websocket_connections_table.aws_dynamodb_table.this",
            "module.websocket_lambda.aws_iam_role.lambda_role",
            "module.websocket_lambda.aws_lambda_function.lambda",
            "module.websocket_lambda.data.aws_caller_identity.current",
            "module.websocket_lambda.data.aws_iam_policy_document.policy_doc",
            "module.websocket_lambda.module.repo_ecr_lambda.aws_ecr_repository.this",
            "module.websocket_lambda.null_resource.run_script"
          ],
          "create_before_destroy": true
        }
      ]
    },
    {
      "module": "module.api_gateway",
      "mode": "managed",
      "type": "aws_api_gateway_method_response",
      "name": "rest_endpoint_method_responses",
      "provider": "provider[\"registry.terraform.io/hashicorp/aws\"]",
      "instances": [
        {
          "index_key": "0",
          "schema_version": 0,
          "attributes": {
            "http_method": "POST",
            "id": "agmr-tntpd380l5-ldyjiw-POST-200",
            "region": "us-east-1",
            "resource_id": "ldyjiw",
            "response_models": {
              "application/json": "Empty"
            },
            "response_parameters": {},
            "rest_api_id": "tntpd380l5",
            "status_code": "200"
          },
          "sensitive_attributes": [],
          "identity_schema_version": 0,
          "private": "bnVsbA==",
          "dependencies": [
            "aws_apigatewayv2_api.websocket_api",
            "module.api_gateway.aws_api_gateway_authorizer.cognito_authorizer",
            "module.api_gateway.aws_api_gateway_method.rest_endpoint_methods",
            "module.api_gateway.aws_api_gateway_resource.base_resources",
            "module.api_gateway.aws_api_gateway_resource.main_resource",
            "module.api_gateway.aws_api_gateway_resource.variable_resources",
            "module.api_gateway.aws_api_gateway_rest_api.rest_api",
            "module.auth_lambda.aws_iam_role.lambda_role",
            "module.auth_lambda.aws_lambda_function.lambda",
            "module.auth_lambda.data.aws_caller_identity.current",
            "module.auth_lambda.data.aws_iam_policy_document.policy_doc",
            "module.auth_lambda.module.repo_ecr_lambda.aws_ecr_repository.this",
            "module.auth_lambda.null_resource.run_script",
            "module.events_queue.aws_sqs_queue.dead_letter_fifo_queue",
            "module.events_queue.aws_sqs_queue.fifo_queue",
            "module.locations_table.aws_dynamodb_table.this",
            "module.notificacoes_lambda.aws_iam_role.lambda_role",
            "module.notificacoes_lambda.aws_lambda_function.lambda",
            "module.notificacoes_lambda.data.aws_caller_identity.current",
            "module.notificacoes_lambda.data.aws_iam_policy_document.policy_doc",
            "module.notificacoes_lambda.module.repo_ecr_lambda.aws_ecr_repository.this",
            "module.notificacoes_lambda.null_resource.run_script",
            "module.notifications_general_topic.aws_sns_topic.this",
            "module.notifications_premium_topic.aws_sns_topic.this",
            "module.notifications_regional_topic.aws_sns_topic.this",
            "module.notifications_table.aws_dynamodb_table.this",
            "module.pedidos_lambda.aws_iam_role.lambda_role",
            "module.pedidos_lambda.aws_lambda_function.lambda",
            "module.pedidos_lambda.data.aws_caller_identity.current",
            "module.pedidos_lambda.data.aws_iam_policy_document.policy_doc",
            "module.pedidos_lambda.module.repo_ecr_lambda.aws_ecr_repository.this",
            "module.pedidos_lambda.null_resource.run_script",
            "module.pedidos_table.aws_dynamodb_table.this",
            "module.rastreamento_lambda.aws_iam_role.lambda_role",
            "module.rastreamento_lambda.aws_lambda_function.lambda",
            "module.rastreamento_lambda.data.aws_caller_identity.current",
            "module.rastreamento_lambda.data.aws_iam_policy_document.policy_doc",
            "module.rastreamento_lambda.module.repo_ecr_lambda.aws_ecr_repository.this",
            "module.rastreamento_lambda.null_resource.run_script",
            "module.users_table.aws_dynamodb_table.this",
            "module.usuarios_lambda.aws_iam_role.lambda_role",
            "module.usuarios_lambda.aws_lambda_function.lambda",
            "module.usuarios_lambda.data.aws_caller_identity.current",
            "module.usuarios_lambda.data.aws_iam_policy_document.policy_doc",
            "module.usuarios_lambda.module.repo_ecr_lambda.aws_ecr_repository.this",
            "module.usuarios_lambda.null_resource.run_script",
            "module.websocket_connections_table.aws_dynamodb_table.this",
            "module.websocket_lambda.aws_iam_role.lambda_role",
            "module.websocket_lambda.aws_lambda_function.lambda",
            "module.websocket_lambda.data.aws_caller_identity.current",
            "module.websocket_lambda.data.aws_iam_policy_document.policy_doc",
            "module.websocket_lambda.module.repo_ecr_lambda.aws_ecr_repository.this",
            "module.websocket_lambda.null_resource.run_script"
          ],
          "create_before_destroy": true
        },
        {
          "index_key": "1",
          "schema_version": 0,
          "attributes": {
            "http_method": "POST",
            "id": "agmr-tntpd380l5-mo799y-POST-201",
            "region": "us-east-1",
            "resource_id": "mo799y",
            "response_models": {
              "application/json": "Empty"
            },
            "response_parameters": {},
            "rest_api_id": "tntpd380l5",
            "status_code": "201"
          },
          "sensitive_attributes": [],
          "identity_schema_version": 0,
          "private": "bnVsbA==",
          "dependencies": [
            "aws_apigatewayv2_api.websocket_api",
            "module.api_gateway.aws_api_gateway_authorizer.cognito_authorizer",
            "module.api_gateway.aws_api_gateway_method.rest_endpoint_methods",
            "module.api_gateway.aws_api_gateway_resource.base_resources",
            "module.api_gateway.aws_api_gateway_resource.main_resource",
            "module.api_gateway.aws_api_gateway_resource.variable_resources",
            "module.api_gateway.aws_api_gateway_rest_api.rest_api",
            "module.auth_lambda.aws_iam_role.lambda_role",
            "module.auth_lambda.aws_lambda_function.lambda",
            "module.auth_lambda.data.aws_caller_identity.current",
            "module.auth_lambda.data.aws_iam_policy_document.policy_doc",
            "module.auth_lambda.module.repo_ecr_lambda.aws_ecr_repository.this",
            "module.auth_lambda.null_resource.run_script",
            "module.events_queue.aws_sqs_queue.dead_letter_fifo_queue",
            "module.events_queue.aws_sqs_queue.fifo_queue",
            "module.locations_table.aws_dynamodb_table.this",
            "module.notificacoes_lambda.aws_iam_role.lambda_role",
            "module.notificacoes_lambda.aws_lambda_function.lambda",
            "module.notificacoes_lambda.data.aws_caller_identity.current",
            "module.notificacoes_lambda.data.aws_iam_policy_document.policy_doc",
            "module.notificacoes_lambda.module.repo_ecr_lambda.aws_ecr_repository.this",
            "module.notificacoes_lambda.null_resource.run_script",
            "module.notifications_general_topic.aws_sns_topic.this",
            "module.notifications_premium_topic.aws_sns_topic.this",
            "module.notifications_regional_topic.aws_sns_topic.this",
            "module.notifications_table.aws_dynamodb_table.this",
            "module.pedidos_lambda.aws_iam_role.lambda_role",
            "module.pedidos_lambda.aws_lambda_function.lambda",
            "module.pedidos_lambda.data.aws_caller_identity.current",
            "module.pedidos_lambda.data.aws_iam_policy_document.policy_doc",
            "module.pedidos_lambda.module.repo_ecr_lambda.aws_ecr_repository.this",
            "module.pedidos_lambda.null_resource.run_script",
            "module.pedidos_table.aws_dynamodb_table.this",
            "module.rastreamento_lambda.aws_iam_role.lambda_role",
            "module.rastreamento_lambda.aws_lambda_function.lambda",
            "module.rastreamento_lambda.data.aws_caller_identity.current",
            "module.rastreamento_lambda.data.aws_iam_policy_document.policy_doc",
            "module.rastreamento_lambda.module.repo_ecr_lambda.aws_ecr_repository.this",
            "module.rastreamento_lambda.null_resource.run_script",
            "module.users_table.aws_dynamodb_table.this",
            "module.usuarios_lambda.aws_iam_role.lambda_role",
            "module.usuarios_lambda.aws_lambda_function.lambda",
            "module.usuarios_lambda.data.aws_caller_identity.current",
            "module.usuarios_lambda.data.aws_iam_policy_document.policy_doc",
            "module.usuarios_lambda.module.repo_ecr_lambda.aws_ecr_repository.this",
            "module.usuarios_lambda.null_resource.run_script",
            "module.websocket_connections_table.aws_dynamodb_table.this",
            "module.websocket_lambda.aws_iam_role.lambda_role",
            "module.websocket_lambda.aws_lambda_function.lambda",
            "module.websocket_lambda.data.aws_caller_identity.current",
            "module.websocket_lambda.data.aws_iam_policy_document.policy_doc",
            "module.websocket_lambda.module.repo_ecr_lambda.aws_ecr_repository.this",
            "module.websocket_lambda.null_resource.run_script"
          ],
          "create_before_destroy": true
        },
        {
          "index_key": "10",
          "schema_version": 0,
          "attributes": {
            "http_method": "POST",
            "id": "agmr-tntpd380l5-zmu2vn-POST-200",
            "region": "us-east-1",
            "resource_id": "zmu2vn",
            "response_models": {
              "application/json": "Empty"
            },
            "response_parameters": {},
            "rest_api_id": "tntpd380l5",
            "status_code": "200"
          },
          "sensitive_attributes": [],
          "identity_schema_version": 0,
          "private": "bnVsbA==",
          "dependencies": [
            "aws_apigatewayv2_api.websocket_api",
            "module.api_gateway.aws_api_gateway_authorizer.cognito_authorizer",
            "module.api_gateway.aws_api_gateway_method.rest_endpoint_methods",
            "module.api_gateway.aws_api_gateway_resource.base_resources",
            "module.api_gateway.aws_api_gateway_resource.main_resource",
            "module.api_gateway.aws_api_gateway_resource.variable_resources",
            "module.api_gateway.aws_api_gateway_rest_api.rest_api",
            "module.auth_lambda.aws_iam_role.lambda_role",
            "module.auth_lambda.aws_lambda_function.lambda",
            "module.auth_lambda.data.aws_caller_identity.current",
            "module.auth_lambda.data.aws_iam_policy_document.policy_doc",
            "module.auth_lambda.module.repo_ecr_lambda.aws_ecr_repository.this",
            "module.auth_lambda.null_resource.run_script",
            "module.events_queue.aws_sqs_queue.dead_letter_fifo_queue",
            "module.events_queue.aws_sqs_queue.fifo_queue",
            "module.locations_table.aws_dynamodb_table.this",
            "module.notificacoes_lambda.aws_iam_role.lambda_role",
            "module.notificacoes_lambda.aws_lambda_function.lambda",
            "module.notificacoes_lambda.data.aws_caller_identity.current",
            "module.notificacoes_lambda.data.aws_iam_policy_document.policy_doc",
            "module.notificacoes_lambda.module.repo_ecr_lambda.aws_ecr_repository.this",
            "module.notificacoes_lambda.null_resource.run_script",
            "module.notifications_general_topic.aws_sns_topic.this",
            "module.notifications_premium_topic.aws_sns_topic.this",
            "module.notifications_regional_topic.aws_sns_topic.this",
            "module.notifications_table.aws_dynamodb_table.this",
            "module.pedidos_lambda.aws_iam_role.lambda_role",
            "module.pedidos_lambda.aws_lambda_function.lambda",
            "module.pedidos_lambda.data.aws_caller_identity.current",
            "module.pedidos_lambda.data.aws_iam_policy_document.policy_doc",
            "module.pedidos_lambda.module.repo_ecr_lambda.aws_ecr_repository.this",
            "module.pedidos_lambda.null_resource.run_script",
            "module.pedidos_table.aws_dynamodb_table.this",
            "module.rastreamento_lambda.aws_iam_role.lambda_role",
            "module.rastreamento_lambda.aws_lambda_function.lambda",
            "module.rastreamento_lambda.data.aws_caller_identity.current",
            "module.rastreamento_lambda.data.aws_iam_policy_document.policy_doc",
            "module.rastreamento_lambda.module.repo_ecr_lambda.aws_ecr_repository.this",
            "module.rastreamento_lambda.null_resource.run_script",
            "module.users_table.aws_dynamodb_table.this",
            "module.usuarios_lambda.aws_iam_role.lambda_role",
            "module.usuarios_lambda.aws_lambda_function.lambda",
            "module.usuarios_lambda.data.aws_caller_identity.current",
            "module.usuarios_lambda.data.aws_iam_policy_document.policy_doc",
            "module.usuarios_lambda.module.repo_ecr_lambda.aws_ecr_repository.this",
            "module.usuarios_lambda.null_resource.run_script",
            "module.websocket_connections_table.aws_dynamodb_table.this",
            "module.websocket_lambda.aws_iam_role.lambda_role",
            "module.websocket_lambda.aws_lambda_function.lambda",
            "module.websocket_lambda.data.aws_caller_identity.current",
            "module.websocket_lambda.data.aws_iam_policy_document.policy_doc",
            "module.websocket_lambda.module.repo_ecr_lambda.aws_ecr_repository.this",
            "module.websocket_lambda.null_resource.run_script"
          ],
          "create_before_destroy": true
        },
        {
          "index_key": "11",
          "schema_version": 0,
          "attributes": {
            "http_method": "POST",
            "id": "agmr-tntpd380l5-qfhbdx-POST-200",
            "region": "us-east-1",
            "resource_id": "qfhbdx",
            "response_models": {
              "application/json": "Empty"
            },
            "response_parameters": {},
            "rest_api_id": "tntpd380l5",
            "status_code": "200"
          },
          "sensitive_attributes": [],
          "identity_schema_version": 0,
          "private": "bnVsbA==",
          "dependencies": [
            "aws_apigatewayv2_api.websocket_api",
            "module.api_gateway.aws_api_gateway_authorizer.cognito_authorizer",
            "module.api_gateway.aws_api_gateway_method.rest_endpoint_methods",
            "module.api_gateway.aws_api_gateway_resource.base_resources",
            "module.api_gateway.aws_api_gateway_resource.main_resource",
            "module.api_gateway.aws_api_gateway_resource.variable_resources",
            "module.api_gateway.aws_api_gateway_rest_api.rest_api",
            "module.auth_lambda.aws_iam_role.lambda_role",
            "module.auth_lambda.aws_lambda_function.lambda",
            "module.auth_lambda.data.aws_caller_identity.current",
            "module.auth_lambda.data.aws_iam_policy_document.policy_doc",
            "module.auth_lambda.module.repo_ecr_lambda.aws_ecr_repository.this",
            "module.auth_lambda.null_resource.run_script",
            "module.events_queue.aws_sqs_queue.dead_letter_fifo_queue",
            "module.events_queue.aws_sqs_queue.fifo_queue",
            "module.locations_table.aws_dynamodb_table.this",
            "module.notificacoes_lambda.aws_iam_role.lambda_role",
            "module.notificacoes_lambda.aws_lambda_function.lambda",
            "module.notificacoes_lambda.data.aws_caller_identity.current",
            "module.notificacoes_lambda.data.aws_iam_policy_document.policy_doc",
            "module.notificacoes_lambda.module.repo_ecr_lambda.aws_ecr_repository.this",
            "module.notificacoes_lambda.null_resource.run_script",
            "module.notifications_general_topic.aws_sns_topic.this",
            "module.notifications_premium_topic.aws_sns_topic.this",
            "module.notifications_regional_topic.aws_sns_topic.this",
            "module.notifications_table.aws_dynamodb_table.this",
            "module.pedidos_lambda.aws_iam_role.lambda_role",
            "module.pedidos_lambda.aws_lambda_function.lambda",
            "module.pedidos_lambda.data.aws_caller_identity.current",
            "module.pedidos_lambda.data.aws_iam_policy_document.policy_doc",
            "module.pedidos_lambda.module.repo_ecr_lambda.aws_ecr_repository.this",
            "module.pedidos_lambda.null_resource.run_script",
            "module.pedidos_table.aws_dynamodb_table.this",
            "module.rastreamento_lambda.aws_iam_role.lambda_role",
            "module.rastreamento_lambda.aws_lambda_function.lambda",
            "module.rastreamento_lambda.data.aws_caller_identity.current",
            "module.rastreamento_lambda.data.aws_iam_policy_document.policy_doc",
            "module.rastreamento_lambda.module.repo_ecr_lambda.aws_ecr_repository.this",
            "module.rastreamento_lambda.null_resource.run_script",
            "module.users_table.aws_dynamodb_table.this",
            "module.usuarios_lambda.aws_iam_role.lambda_role",
            "module.usuarios_lambda.aws_lambda_function.lambda",
            "module.usuarios_lambda.data.aws_caller_identity.current",
            "module.usuarios_lambda.data.aws_iam_policy_document.policy_doc",
            "module.usuarios_lambda.module.repo_ecr_lambda.aws_ecr_repository.this",
            "module.usuarios_lambda.null_resource.run_script",
            "module.websocket_connections_table.aws_dynamodb_table.this",
            "module.websocket_lambda.aws_iam_role.lambda_role",
            "module.websocket_lambda.aws_lambda_function.lambda",
            "module.websocket_lambda.data.aws_caller_identity.current",
            "module.websocket_lambda.data.aws_iam_policy_document.policy_doc",
            "module.websocket_lambda.module.repo_ecr_lambda.aws_ecr_repository.this",
            "module.websocket_lambda.null_resource.run_script"
          ],
          "create_before_destroy": true
        },
        {
          "index_key": "12",
          "schema_version": 0,
          "attributes": {
            "http_method": "GET",
            "id": "agmr-tntpd380l5-j4xccw-GET-200",
            "region": "us-east-1",
            "resource_id": "j4xccw",
            "response_models": {
              "application/json": "Empty"
            },
            "response_parameters": {},
            "rest_api_id": "tntpd380l5",
            "status_code": "200"
          },
          "sensitive_attributes": [],
          "identity_schema_version": 0,
          "private": "bnVsbA==",
          "dependencies": [
            "aws_apigatewayv2_api.websocket_api",
            "module.api_gateway.aws_api_gateway_authorizer.cognito_authorizer",
            "module.api_gateway.aws_api_gateway_method.rest_endpoint_methods",
            "module.api_gateway.aws_api_gateway_resource.base_resources",
            "module.api_gateway.aws_api_gateway_resource.main_resource",
            "module.api_gateway.aws_api_gateway_resource.variable_resources",
            "module.api_gateway.aws_api_gateway_rest_api.rest_api",
            "module.auth_lambda.aws_iam_role.lambda_role",
            "module.auth_lambda.aws_lambda_function.lambda",
            "module.auth_lambda.data.aws_caller_identity.current",
            "module.auth_lambda.data.aws_iam_policy_document.policy_doc",
            "module.auth_lambda.module.repo_ecr_lambda.aws_ecr_repository.this",
            "module.auth_lambda.null_resource.run_script",
            "module.events_queue.aws_sqs_queue.dead_letter_fifo_queue",
            "module.events_queue.aws_sqs_queue.fifo_queue",
            "module.locations_table.aws_dynamodb_table.this",
            "module.notificacoes_lambda.aws_iam_role.lambda_role",
            "module.notificacoes_lambda.aws_lambda_function.lambda",
            "module.notificacoes_lambda.data.aws_caller_identity.current",
            "module.notificacoes_lambda.data.aws_iam_policy_document.policy_doc",
            "module.notificacoes_lambda.module.repo_ecr_lambda.aws_ecr_repository.this",
            "module.notificacoes_lambda.null_resource.run_script",
            "module.notifications_general_topic.aws_sns_topic.this",
            "module.notifications_premium_topic.aws_sns_topic.this",
            "module.notifications_regional_topic.aws_sns_topic.this",
            "module.notifications_table.aws_dynamodb_table.this",
            "module.pedidos_lambda.aws_iam_role.lambda_role",
            "module.pedidos_lambda.aws_lambda_function.lambda",
            "module.pedidos_lambda.data.aws_caller_identity.current",
            "module.pedidos_lambda.data.aws_iam_policy_document.policy_doc",
            "module.pedidos_lambda.module.repo_ecr_lambda.aws_ecr_repository.this",
            "module.pedidos_lambda.null_resource.run_script",
            "module.pedidos_table.aws_dynamodb_table.this",
            "module.rastreamento_lambda.aws_iam_role.lambda_role",
            "module.rastreamento_lambda.aws_lambda_function.lambda",
            "module.rastreamento_lambda.data.aws_caller_identity.current",
            "module.rastreamento_lambda.data.aws_iam_policy_document.policy_doc",
            "module.rastreamento_lambda.module.repo_ecr_lambda.aws_ecr_repository.this",
            "module.rastreamento_lambda.null_resource.run_script",
            "module.users_table.aws_dynamodb_table.this",
            "module.usuarios_lambda.aws_iam_role.lambda_role",
            "module.usuarios_lambda.aws_lambda_function.lambda",
            "module.usuarios_lambda.data.aws_caller_identity.current",
            "module.usuarios_lambda.data.aws_iam_policy_document.policy_doc",
            "module.usuarios_lambda.module.repo_ecr_lambda.aws_ecr_repository.this",
            "module.usuarios_lambda.null_resource.run_script",
            "module.websocket_connections_table.aws_dynamodb_table.this",
            "module.websocket_lambda.aws_iam_role.lambda_role",
            "module.websocket_lambda.aws_lambda_function.lambda",
            "module.websocket_lambda.data.aws_caller_identity.current",
            "module.websocket_lambda.data.aws_iam_policy_document.policy_doc",
            "module.websocket_lambda.module.repo_ecr_lambda.aws_ecr_repository.this",
            "module.websocket_lambda.null_resource.run_script"
          ],
          "create_before_destroy": true
        },
        {
          "index_key": "13",
          "schema_version": 0,
          "attributes": {
            "http_method": "PATCH",
            "id": "agmr-tntpd380l5-o4besn-PATCH-204",
            "region": "us-east-1",
            "resource_id": "o4besn",
            "response_models": {
              "application/json": "Empty"
            },
            "response_parameters": {},
            "rest_api_id": "tntpd380l5",
            "status_code": "204"
          },
          "sensitive_attributes": [],
          "identity_schema_version": 0,
          "private": "bnVsbA==",
          "dependencies": [
            "aws_apigatewayv2_api.websocket_api",
            "module.api_gateway.aws_api_gateway_authorizer.cognito_authorizer",
            "module.api_gateway.aws_api_gateway_method.rest_endpoint_methods",
            "module.api_gateway.aws_api_gateway_resource.base_resources",
            "module.api_gateway.aws_api_gateway_resource.main_resource",
            "module.api_gateway.aws_api_gateway_resource.variable_resources",
            "module.api_gateway.aws_api_gateway_rest_api.rest_api",
            "module.auth_lambda.aws_iam_role.lambda_role",
            "module.auth_lambda.aws_lambda_function.lambda",
            "module.auth_lambda.data.aws_caller_identity.current",
            "module.auth_lambda.data.aws_iam_policy_document.policy_doc",
            "module.auth_lambda.module.repo_ecr_lambda.aws_ecr_repository.this",
            "module.auth_lambda.null_resource.run_script",
            "module.events_queue.aws_sqs_queue.dead_letter_fifo_queue",
            "module.events_queue.aws_sqs_queue.fifo_queue",
            "module.locations_table.aws_dynamodb_table.this",
            "module.notificacoes_lambda.aws_iam_role.lambda_role",
            "module.notificacoes_lambda.aws_lambda_function.lambda",
            "module.notificacoes_lambda.data.aws_caller_identity.current",
            "module.notificacoes_lambda.data.aws_iam_policy_document.policy_doc",
            "module.notificacoes_lambda.module.repo_ecr_lambda.aws_ecr_repository.this",
            "module.notificacoes_lambda.null_resource.run_script",
            "module.notifications_general_topic.aws_sns_topic.this",
            "module.notifications_premium_topic.aws_sns_topic.this",
            "module.notifications_regional_topic.aws_sns_topic.this",
            "module.notifications_table.aws_dynamodb_table.this",
            "module.pedidos_lambda.aws_iam_role.lambda_role",
            "module.pedidos_lambda.aws_lambda_function.lambda",
            "module.pedidos_lambda.data.aws_caller_identity.current",
            "module.pedidos_lambda.data.aws_iam_policy_document.policy_doc",
            "module.pedidos_lambda.module.repo_ecr_lambda.aws_ecr_repository.this",
            "module.pedidos_lambda.null_resource.run_script",
            "module.pedidos_table.aws_dynamodb_table.this",
            "module.rastreamento_lambda.aws_iam_role.lambda_role",
            "module.rastreamento_lambda.aws_lambda_function.lambda",
            "module.rastreamento_lambda.data.aws_caller_identity.current",
            "module.rastreamento_lambda.data.aws_iam_policy_document.policy_doc",
            "module.rastreamento_lambda.module.repo_ecr_lambda.aws_ecr_repository.this",
            "module.rastreamento_lambda.null_resource.run_script",
            "module.users_table.aws_dynamodb_table.this",
            "module.usuarios_lambda.aws_iam_role.lambda_role",
            "module.usuarios_lambda.aws_lambda_function.lambda",
            "module.usuarios_lambda.data.aws_caller_identity.current",
            "module.usuarios_lambda.data.aws_iam_policy_document.policy_doc",
            "module.usuarios_lambda.module.repo_ecr_lambda.aws_ecr_repository.this",
            "module.usuarios_lambda.null_resource.run_script",
            "module.websocket_connections_table.aws_dynamodb_table.this",
            "module.websocket_lambda.aws_iam_role.lambda_role",
            "module.websocket_lambda.aws_lambda_function.lambda",
            "module.websocket_lambda.data.aws_caller_identity.current",
            "module.websocket_lambda.data.aws_iam_policy_document.policy_doc",
            "module.websocket_lambda.module.repo_ecr_lambda.aws_ecr_repository.this",
            "module.websocket_lambda.null_resource.run_script"
          ],
          "create_before_destroy": true
        },
        {
          "index_key": "14",
          "schema_version": 0,
          "attributes": {
            "http_method": "GET",
            "id": "agmr-tntpd380l5-rwrixq-GET-200",
            "region": "us-east-1",
            "resource_id": "rwrixq",
            "response_models": {
              "application/json": "Empty"
            },
            "response_parameters": {},
            "rest_api_id": "tntpd380l5",
            "status_code": "200"
          },
          "sensitive_attributes": [],
          "identity_schema_version": 0,
          "private": "bnVsbA==",
          "dependencies": [
            "aws_apigatewayv2_api.websocket_api",
            "module.api_gateway.aws_api_gateway_authorizer.cognito_authorizer",
            "module.api_gateway.aws_api_gateway_method.rest_endpoint_methods",
            "module.api_gateway.aws_api_gateway_resource.base_resources",
            "module.api_gateway.aws_api_gateway_resource.main_resource",
            "module.api_gateway.aws_api_gateway_resource.variable_resources",
            "module.api_gateway.aws_api_gateway_rest_api.rest_api",
            "module.auth_lambda.aws_iam_role.lambda_role",
            "module.auth_lambda.aws_lambda_function.lambda",
            "module.auth_lambda.data.aws_caller_identity.current",
            "module.auth_lambda.data.aws_iam_policy_document.policy_doc",
            "module.auth_lambda.module.repo_ecr_lambda.aws_ecr_repository.this",
            "module.auth_lambda.null_resource.run_script",
            "module.events_queue.aws_sqs_queue.dead_letter_fifo_queue",
            "module.events_queue.aws_sqs_queue.fifo_queue",
            "module.locations_table.aws_dynamodb_table.this",
            "module.notificacoes_lambda.aws_iam_role.lambda_role",
            "module.notificacoes_lambda.aws_lambda_function.lambda",
            "module.notificacoes_lambda.data.aws_caller_identity.current",
            "module.notificacoes_lambda.data.aws_iam_policy_document.policy_doc",
            "module.notificacoes_lambda.module.repo_ecr_lambda.aws_ecr_repository.this",
            "module.notificacoes_lambda.null_resource.run_script",
            "module.notifications_general_topic.aws_sns_topic.this",
            "module.notifications_premium_topic.aws_sns_topic.this",
            "module.notifications_regional_topic.aws_sns_topic.this",
            "module.notifications_table.aws_dynamodb_table.this",
            "module.pedidos_lambda.aws_iam_role.lambda_role",
            "module.pedidos_lambda.aws_lambda_function.lambda",
            "module.pedidos_lambda.data.aws_caller_identity.current",
            "module.pedidos_lambda.data.aws_iam_policy_document.policy_doc",
            "module.pedidos_lambda.module.repo_ecr_lambda.aws_ecr_repository.this",
            "module.pedidos_lambda.null_resource.run_script",
            "module.pedidos_table.aws_dynamodb_table.this",
            "module.rastreamento_lambda.aws_iam_role.lambda_role",
            "module.rastreamento_lambda.aws_lambda_function.lambda",
            "module.rastreamento_lambda.data.aws_caller_identity.current",
            "module.rastreamento_lambda.data.aws_iam_policy_document.policy_doc",
            "module.rastreamento_lambda.module.repo_ecr_lambda.aws_ecr_repository.this",
            "module.rastreamento_lambda.null_resource.run_script",
            "module.users_table.aws_dynamodb_table.this",
            "module.usuarios_lambda.aws_iam_role.lambda_role",
            "module.usuarios_lambda.aws_lambda_function.lambda",
            "module.usuarios_lambda.data.aws_caller_identity.current",
            "module.usuarios_lambda.data.aws_iam_policy_document.policy_doc",
            "module.usuarios_lambda.module.repo_ecr_lambda.aws_ecr_repository.this",
            "module.usuarios_lambda.null_resource.run_script",
            "module.websocket_connections_table.aws_dynamodb_table.this",
            "module.websocket_lambda.aws_iam_role.lambda_role",
            "module.websocket_lambda.aws_lambda_function.lambda",
            "module.websocket_lambda.data.aws_caller_identity.current",
            "module.websocket_lambda.data.aws_iam_policy_document.policy_doc",
            "module.websocket_lambda.module.repo_ecr_lambda.aws_ecr_repository.this",
            "module.websocket_lambda.null_resource.run_script"
          ],
          "create_before_destroy": true
        },
        {
          "index_key": "15",
          "schema_version": 0,
          "attributes": {
            "http_method": "GET",
            "id": "agmr-tntpd380l5-xu5slc-GET-200",
            "region": "us-east-1",
            "resource_id": "xu5slc",
            "response_models": {
              "application/json": "Empty"
            },
            "response_parameters": {},
            "rest_api_id": "tntpd380l5",
            "status_code": "200"
          },
          "sensitive_attributes": [],
          "identity_schema_version": 0,
          "private": "bnVsbA==",
          "dependencies": [
            "aws_apigatewayv2_api.websocket_api",
            "module.api_gateway.aws_api_gateway_authorizer.cognito_authorizer",
            "module.api_gateway.aws_api_gateway_method.rest_endpoint_methods",
            "module.api_gateway.aws_api_gateway_resource.base_resources",
            "module.api_gateway.aws_api_gateway_resource.main_resource",
            "module.api_gateway.aws_api_gateway_resource.variable_resources",
            "module.api_gateway.aws_api_gateway_rest_api.rest_api",
            "module.auth_lambda.aws_iam_role.lambda_role",
            "module.auth_lambda.aws_lambda_function.lambda",
            "module.auth_lambda.data.aws_caller_identity.current",
            "module.auth_lambda.data.aws_iam_policy_document.policy_doc",
            "module.auth_lambda.module.repo_ecr_lambda.aws_ecr_repository.this",
            "module.auth_lambda.null_resource.run_script",
            "module.events_queue.aws_sqs_queue.dead_letter_fifo_queue",
            "module.events_queue.aws_sqs_queue.fifo_queue",
            "module.locations_table.aws_dynamodb_table.this",
            "module.notificacoes_lambda.aws_iam_role.lambda_role",
            "module.notificacoes_lambda.aws_lambda_function.lambda",
            "module.notificacoes_lambda.data.aws_caller_identity.current",
            "module.notificacoes_lambda.data.aws_iam_policy_document.policy_doc",
            "module.notificacoes_lambda.module.repo_ecr_lambda.aws_ecr_repository.this",
            "module.notificacoes_lambda.null_resource.run_script",
            "module.notifications_general_topic.aws_sns_topic.this",
            "module.notifications_premium_topic.aws_sns_topic.this",
            "module.notifications_regional_topic.aws_sns_topic.this",
            "module.notifications_table.aws_dynamodb_table.this",
            "module.pedidos_lambda.aws_iam_role.lambda_role",
            "module.pedidos_lambda.aws_lambda_function.lambda",
            "module.pedidos_lambda.data.aws_caller_identity.current",
            "module.pedidos_lambda.data.aws_iam_policy_document.policy_doc",
            "module.pedidos_lambda.module.repo_ecr_lambda.aws_ecr_repository.this",
            "module.pedidos_lambda.null_resource.run_script",
            "module.pedidos_table.aws_dynamodb_table.this",
            "module.rastreamento_lambda.aws_iam_role.lambda_role",
            "module.rastreamento_lambda.aws_lambda_function.lambda",
            "module.rastreamento_lambda.data.aws_caller_identity.current",
            "module.rastreamento_lambda.data.aws_iam_policy_document.policy_doc",
            "module.rastreamento_lambda.module.repo_ecr_lambda.aws_ecr_repository.this",
            "module.rastreamento_lambda.null_resource.run_script",
            "module.users_table.aws_dynamodb_table.this",
            "module.usuarios_lambda.aws_iam_role.lambda_role",
            "module.usuarios_lambda.aws_lambda_function.lambda",
            "module.usuarios_lambda.data.aws_caller_identity.current",
            "module.usuarios_lambda.data.aws_iam_policy_document.policy_doc",
            "module.usuarios_lambda.module.repo_ecr_lambda.aws_ecr_repository.this",
            "module.usuarios_lambda.null_resource.run_script",
            "module.websocket_connections_table.aws_dynamodb_table.this",
            "module.websocket_lambda.aws_iam_role.lambda_role",
            "module.websocket_lambda.aws_lambda_function.lambda",
            "module.websocket_lambda.data.aws_caller_identity.current",
            "module.websocket_lambda.data.aws_iam_policy_document.policy_doc",
            "module.websocket_lambda.module.repo_ecr_lambda.aws_ecr_repository.this",
            "module.websocket_lambda.null_resource.run_script"
          ],
          "create_before_destroy": true
        },
        {
          "index_key": "16",
          "schema_version": 0,
          "attributes": {
            "http_method": "GET",
            "id": "agmr-tntpd380l5-u7b2qw-GET-200",
            "region": "us-east-1",
            "resource_id": "u7b2qw",
            "response_models": {
              "application/json": "Empty"
            },
            "response_parameters": {},
            "rest_api_id": "tntpd380l5",
            "status_code": "200"
          },
          "sensitive_attributes": [],
          "identity_schema_version": 0,
          "private": "bnVsbA==",
          "dependencies": [
            "aws_apigatewayv2_api.websocket_api",
            "module.api_gateway.aws_api_gateway_authorizer.cognito_authorizer",
            "module.api_gateway.aws_api_gateway_method.rest_endpoint_methods",
            "module.api_gateway.aws_api_gateway_resource.base_resources",
            "module.api_gateway.aws_api_gateway_resource.main_resource",
            "module.api_gateway.aws_api_gateway_resource.variable_resources",
            "module.api_gateway.aws_api_gateway_rest_api.rest_api",
            "module.auth_lambda.aws_iam_role.lambda_role",
            "module.auth_lambda.aws_lambda_function.lambda",
            "module.auth_lambda.data.aws_caller_identity.current",
            "module.auth_lambda.data.aws_iam_policy_document.policy_doc",
            "module.auth_lambda.module.repo_ecr_lambda.aws_ecr_repository.this",
            "module.auth_lambda.null_resource.run_script",
            "module.events_queue.aws_sqs_queue.dead_letter_fifo_queue",
            "module.events_queue.aws_sqs_queue.fifo_queue",
            "module.locations_table.aws_dynamodb_table.this",
            "module.notificacoes_lambda.aws_iam_role.lambda_role",
            "module.notificacoes_lambda.aws_lambda_function.lambda",
            "module.notificacoes_lambda.data.aws_caller_identity.current",
            "module.notificacoes_lambda.data.aws_iam_policy_document.policy_doc",
            "module.notificacoes_lambda.module.repo_ecr_lambda.aws_ecr_repository.this",
            "module.notificacoes_lambda.null_resource.run_script",
            "module.notifications_general_topic.aws_sns_topic.this",
            "module.notifications_premium_topic.aws_sns_topic.this",
            "module.notifications_regional_topic.aws_sns_topic.this",
            "module.notifications_table.aws_dynamodb_table.this",
            "module.pedidos_lambda.aws_iam_role.lambda_role",
            "module.pedidos_lambda.aws_lambda_function.lambda",
            "module.pedidos_lambda.data.aws_caller_identity.current",
            "module.pedidos_lambda.data.aws_iam_policy_document.policy_doc",
            "module.pedidos_lambda.module.repo_ecr_lambda.aws_ecr_repository.this",
            "module.pedidos_lambda.null_resource.run_script",
            "module.pedidos_table.aws_dynamodb_table.this",
            "module.rastreamento_lambda.aws_iam_role.lambda_role",
            "module.rastreamento_lambda.aws_lambda_function.lambda",
            "module.rastreamento_lambda.data.aws_caller_identity.current",
            "module.rastreamento_lambda.data.aws_iam_policy_document.policy_doc",
            "module.rastreamento_lambda.module.repo_ecr_lambda.aws_ecr_repository.this",
            "module.rastreamento_lambda.null_resource.run_script",
            "module.users_table.aws_dynamodb_table.this",
            "module.usuarios_lambda.aws_iam_role.lambda_role",
            "module.usuarios_lambda.aws_lambda_function.lambda",
            "module.usuarios_lambda.data.aws_caller_identity.current",
            "module.usuarios_lambda.data.aws_iam_policy_document.policy_doc",
            "module.usuarios_lambda.module.repo_ecr_lambda.aws_ecr_repository.this",
            "module.usuarios_lambda.null_resource.run_script",
            "module.websocket_connections_table.aws_dynamodb_table.this",
            "module.websocket_lambda.aws_iam_role.lambda_role",
            "module.websocket_lambda.aws_lambda_function.lambda",
            "module.websocket_lambda.data.aws_caller_identity.current",
            "module.websocket_lambda.data.aws_iam_policy_document.policy_doc",
            "module.websocket_lambda.module.repo_ecr_lambda.aws_ecr_repository.this",
            "module.websocket_lambda.null_resource.run_script"
          ],
          "create_before_destroy": true
        },
        {
          "index_key": "17",
          "schema_version": 0,
          "attributes": {
            "http_method": "POST",
            "id": "agmr-tntpd380l5-h6snz5-POST-200",
            "region": "us-east-1",
            "resource_id": "h6snz5",
            "response_models": {
              "application/json": "Empty"
            },
            "response_parameters": {},
            "rest_api_id": "tntpd380l5",
            "status_code": "200"
          },
          "sensitive_attributes": [],
          "identity_schema_version": 0,
          "private": "bnVsbA==",
          "dependencies": [
            "aws_apigatewayv2_api.websocket_api",
            "module.api_gateway.aws_api_gateway_authorizer.cognito_authorizer",
            "module.api_gateway.aws_api_gateway_method.rest_endpoint_methods",
            "module.api_gateway.aws_api_gateway_resource.base_resources",
            "module.api_gateway.aws_api_gateway_resource.main_resource",
            "module.api_gateway.aws_api_gateway_resource.variable_resources",
            "module.api_gateway.aws_api_gateway_rest_api.rest_api",
            "module.auth_lambda.aws_iam_role.lambda_role",
            "module.auth_lambda.aws_lambda_function.lambda",
            "module.auth_lambda.data.aws_caller_identity.current",
            "module.auth_lambda.data.aws_iam_policy_document.policy_doc",
            "module.auth_lambda.module.repo_ecr_lambda.aws_ecr_repository.this",
            "module.auth_lambda.null_resource.run_script",
            "module.events_queue.aws_sqs_queue.dead_letter_fifo_queue",
            "module.events_queue.aws_sqs_queue.fifo_queue",
            "module.locations_table.aws_dynamodb_table.this",
            "module.notificacoes_lambda.aws_iam_role.lambda_role",
            "module.notificacoes_lambda.aws_lambda_function.lambda",
            "module.notificacoes_lambda.data.aws_caller_identity.current",
            "module.notificacoes_lambda.data.aws_iam_policy_document.policy_doc",
            "module.notificacoes_lambda.module.repo_ecr_lambda.aws_ecr_repository.this",
            "module.notificacoes_lambda.null_resource.run_script",
            "module.notifications_general_topic.aws_sns_topic.this",
            "module.notifications_premium_topic.aws_sns_topic.this",
            "module.notifications_regional_topic.aws_sns_topic.this",
            "module.notifications_table.aws_dynamodb_table.this",
            "module.pedidos_lambda.aws_iam_role.lambda_role",
            "module.pedidos_lambda.aws_lambda_function.lambda",
            "module.pedidos_lambda.data.aws_caller_identity.current",
            "module.pedidos_lambda.data.aws_iam_policy_document.policy_doc",
            "module.pedidos_lambda.module.repo_ecr_lambda.aws_ecr_repository.this",
            "module.pedidos_lambda.null_resource.run_script",
            "module.pedidos_table.aws_dynamodb_table.this",
            "module.rastreamento_lambda.aws_iam_role.lambda_role",
            "module.rastreamento_lambda.aws_lambda_function.lambda",
            "module.rastreamento_lambda.data.aws_caller_identity.current",
            "module.rastreamento_lambda.data.aws_iam_policy_document.policy_doc",
            "module.rastreamento_lambda.module.repo_ecr_lambda.aws_ecr_repository.this",
            "module.rastreamento_lambda.null_resource.run_script",
            "module.users_table.aws_dynamodb_table.this",
            "module.usuarios_lambda.aws_iam_role.lambda_role",
            "module.usuarios_lambda.aws_lambda_function.lambda",
            "module.usuarios_lambda.data.aws_caller_identity.current",
            "module.usuarios_lambda.data.aws_iam_policy_document.policy_doc",
            "module.usuarios_lambda.module.repo_ecr_lambda.aws_ecr_repository.this",
            "module.usuarios_lambda.null_resource.run_script",
            "module.websocket_connections_table.aws_dynamodb_table.this",
            "module.websocket_lambda.aws_iam_role.lambda_role",
            "module.websocket_lambda.aws_lambda_function.lambda",
            "module.websocket_lambda.data.aws_caller_identity.current",
            "module.websocket_lambda.data.aws_iam_policy_document.policy_doc",
            "module.websocket_lambda.module.repo_ecr_lambda.aws_ecr_repository.this",
            "module.websocket_lambda.null_resource.run_script"
          ],
          "create_before_destroy": true
        },
        {
          "index_key": "18",
          "schema_version": 0,
          "attributes": {
            "http_method": "POST",
            "id": "agmr-tntpd380l5-tdh147-POST-200",
            "region": "us-east-1",
            "resource_id": "tdh147",
            "response_models": {
              "application/json": "Empty"
            },
            "response_parameters": {},
            "rest_api_id": "tntpd380l5",
            "status_code": "200"
          },
          "sensitive_attributes": [],
          "identity_schema_version": 0,
          "private": "bnVsbA==",
          "dependencies": [
            "aws_apigatewayv2_api.websocket_api",
            "module.api_gateway.aws_api_gateway_authorizer.cognito_authorizer",
            "module.api_gateway.aws_api_gateway_method.rest_endpoint_methods",
            "module.api_gateway.aws_api_gateway_resource.base_resources",
            "module.api_gateway.aws_api_gateway_resource.main_resource",
            "module.api_gateway.aws_api_gateway_resource.variable_resources",
            "module.api_gateway.aws_api_gateway_rest_api.rest_api",
            "module.auth_lambda.aws_iam_role.lambda_role",
            "module.auth_lambda.aws_lambda_function.lambda",
            "module.auth_lambda.data.aws_caller_identity.current",
            "module.auth_lambda.data.aws_iam_policy_document.policy_doc",
            "module.auth_lambda.module.repo_ecr_lambda.aws_ecr_repository.this",
            "module.auth_lambda.null_resource.run_script",
            "module.events_queue.aws_sqs_queue.dead_letter_fifo_queue",
            "module.events_queue.aws_sqs_queue.fifo_queue",
            "module.locations_table.aws_dynamodb_table.this",
            "module.notificacoes_lambda.aws_iam_role.lambda_role",
            "module.notificacoes_lambda.aws_lambda_function.lambda",
            "module.notificacoes_lambda.data.aws_caller_identity.current",
            "module.notificacoes_lambda.data.aws_iam_policy_document.policy_doc",
            "module.notificacoes_lambda.module.repo_ecr_lambda.aws_ecr_repository.this",
            "module.notificacoes_lambda.null_resource.run_script",
            "module.notifications_general_topic.aws_sns_topic.this",
            "module.notifications_premium_topic.aws_sns_topic.this",
            "module.notifications_regional_topic.aws_sns_topic.this",
            "module.notifications_table.aws_dynamodb_table.this",
            "module.pedidos_lambda.aws_iam_role.lambda_role",
            "module.pedidos_lambda.aws_lambda_function.lambda",
            "module.pedidos_lambda.data.aws_caller_identity.current",
            "module.pedidos_lambda.data.aws_iam_policy_document.policy_doc",
            "module.pedidos_lambda.module.repo_ecr_lambda.aws_ecr_repository.this",
            "module.pedidos_lambda.null_resource.run_script",
            "module.pedidos_table.aws_dynamodb_table.this",
            "module.rastreamento_lambda.aws_iam_role.lambda_role",
            "module.rastreamento_lambda.aws_lambda_function.lambda",
            "module.rastreamento_lambda.data.aws_caller_identity.current",
            "module.rastreamento_lambda.data.aws_iam_policy_document.policy_doc",
            "module.rastreamento_lambda.module.repo_ecr_lambda.aws_ecr_repository.this",
            "module.rastreamento_lambda.null_resource.run_script",
            "module.users_table.aws_dynamodb_table.this",
            "module.usuarios_lambda.aws_iam_role.lambda_role",
            "module.usuarios_lambda.aws_lambda_function.lambda",
            "module.usuarios_lambda.data.aws_caller_identity.current",
            "module.usuarios_lambda.data.aws_iam_policy_document.policy_doc",
            "module.usuarios_lambda.module.repo_ecr_lambda.aws_ecr_repository.this",
            "module.usuarios_lambda.null_resource.run_script",
            "module.websocket_connections_table.aws_dynamodb_table.this",
            "module.websocket_lambda.aws_iam_role.lambda_role",
            "module.websocket_lambda.aws_lambda_function.lambda",
            "module.websocket_lambda.data.aws_caller_identity.current",
            "module.websocket_lambda.data.aws_iam_policy_document.policy_doc",
            "module.websocket_lambda.module.repo_ecr_lambda.aws_ecr_repository.this",
            "module.websocket_lambda.null_resource.run_script"
          ],
          "create_before_destroy": true
        },
        {
          "index_key": "19",
          "schema_version": 0,
          "attributes": {
            "http_method": "GET",
            "id": "agmr-tntpd380l5-bi3fv4-GET-200",
            "region": "us-east-1",
            "resource_id": "bi3fv4",
            "response_models": {
              "application/json": "Empty"
            },
            "response_parameters": {},
            "rest_api_id": "tntpd380l5",
            "status_code": "200"
          },
          "sensitive_attributes": [],
          "identity_schema_version": 0,
          "private": "bnVsbA==",
          "dependencies": [
            "aws_apigatewayv2_api.websocket_api",
            "module.api_gateway.aws_api_gateway_authorizer.cognito_authorizer",
            "module.api_gateway.aws_api_gateway_method.rest_endpoint_methods",
            "module.api_gateway.aws_api_gateway_resource.base_resources",
            "module.api_gateway.aws_api_gateway_resource.main_resource",
            "module.api_gateway.aws_api_gateway_resource.variable_resources",
            "module.api_gateway.aws_api_gateway_rest_api.rest_api",
            "module.auth_lambda.aws_iam_role.lambda_role",
            "module.auth_lambda.aws_lambda_function.lambda",
            "module.auth_lambda.data.aws_caller_identity.current",
            "module.auth_lambda.data.aws_iam_policy_document.policy_doc",
            "module.auth_lambda.module.repo_ecr_lambda.aws_ecr_repository.this",
            "module.auth_lambda.null_resource.run_script",
            "module.events_queue.aws_sqs_queue.dead_letter_fifo_queue",
            "module.events_queue.aws_sqs_queue.fifo_queue",
            "module.locations_table.aws_dynamodb_table.this",
            "module.notificacoes_lambda.aws_iam_role.lambda_role",
            "module.notificacoes_lambda.aws_lambda_function.lambda",
            "module.notificacoes_lambda.data.aws_caller_identity.current",
            "module.notificacoes_lambda.data.aws_iam_policy_document.policy_doc",
            "module.notificacoes_lambda.module.repo_ecr_lambda.aws_ecr_repository.this",
            "module.notificacoes_lambda.null_resource.run_script",
            "module.notifications_general_topic.aws_sns_topic.this",
            "module.notifications_premium_topic.aws_sns_topic.this",
            "module.notifications_regional_topic.aws_sns_topic.this",
            "module.notifications_table.aws_dynamodb_table.this",
            "module.pedidos_lambda.aws_iam_role.lambda_role",
            "module.pedidos_lambda.aws_lambda_function.lambda",
            "module.pedidos_lambda.data.aws_caller_identity.current",
            "module.pedidos_lambda.data.aws_iam_policy_document.policy_doc",
            "module.pedidos_lambda.module.repo_ecr_lambda.aws_ecr_repository.this",
            "module.pedidos_lambda.null_resource.run_script",
            "module.pedidos_table.aws_dynamodb_table.this",
            "module.rastreamento_lambda.aws_iam_role.lambda_role",
            "module.rastreamento_lambda.aws_lambda_function.lambda",
            "module.rastreamento_lambda.data.aws_caller_identity.current",
            "module.rastreamento_lambda.data.aws_iam_policy_document.policy_doc",
            "module.rastreamento_lambda.module.repo_ecr_lambda.aws_ecr_repository.this",
            "module.rastreamento_lambda.null_resource.run_script",
            "module.users_table.aws_dynamodb_table.this",
            "module.usuarios_lambda.aws_iam_role.lambda_role",
            "module.usuarios_lambda.aws_lambda_function.lambda",
            "module.usuarios_lambda.data.aws_caller_identity.current",
            "module.usuarios_lambda.data.aws_iam_policy_document.policy_doc",
            "module.usuarios_lambda.module.repo_ecr_lambda.aws_ecr_repository.this",
            "module.usuarios_lambda.null_resource.run_script",
            "module.websocket_connections_table.aws_dynamodb_table.this",
            "module.websocket_lambda.aws_iam_role.lambda_role",
            "module.websocket_lambda.aws_lambda_function.lambda",
            "module.websocket_lambda.data.aws_caller_identity.current",
            "module.websocket_lambda.data.aws_iam_policy_document.policy_doc",
            "module.websocket_lambda.module.repo_ecr_lambda.aws_ecr_repository.this",
            "module.websocket_lambda.null_resource.run_script"
          ],
          "create_before_destroy": true
        },
        {
          "index_key": "2",
          "schema_version": 0,
          "attributes": {
            "http_method": "POST",
            "id": "agmr-tntpd380l5-ogb8u4-POST-201",
            "region": "us-east-1",
            "resource_id": "ogb8u4",
            "response_models": {
              "application/json": "Empty"
            },
            "response_parameters": {},
            "rest_api_id": "tntpd380l5",
            "status_code": "201"
          },
          "sensitive_attributes": [],
          "identity_schema_version": 0,
          "private": "bnVsbA==",
          "dependencies": [
            "aws_apigatewayv2_api.websocket_api",
            "module.api_gateway.aws_api_gateway_authorizer.cognito_authorizer",
            "module.api_gateway.aws_api_gateway_method.rest_endpoint_methods",
            "module.api_gateway.aws_api_gateway_resource.base_resources",
            "module.api_gateway.aws_api_gateway_resource.main_resource",
            "module.api_gateway.aws_api_gateway_resource.variable_resources",
            "module.api_gateway.aws_api_gateway_rest_api.rest_api",
            "module.auth_lambda.aws_iam_role.lambda_role",
            "module.auth_lambda.aws_lambda_function.lambda",
            "module.auth_lambda.data.aws_caller_identity.current",
            "module.auth_lambda.data.aws_iam_policy_document.policy_doc",
            "module.auth_lambda.module.repo_ecr_lambda.aws_ecr_repository.this",
            "module.auth_lambda.null_resource.run_script",
            "module.events_queue.aws_sqs_queue.dead_letter_fifo_queue",
            "module.events_queue.aws_sqs_queue.fifo_queue",
            "module.locations_table.aws_dynamodb_table.this",
            "module.notificacoes_lambda.aws_iam_role.lambda_role",
            "module.notificacoes_lambda.aws_lambda_function.lambda",
            "module.notificacoes_lambda.data.aws_caller_identity.current",
            "module.notificacoes_lambda.data.aws_iam_policy_document.policy_doc",
            "module.notificacoes_lambda.module.repo_ecr_lambda.aws_ecr_repository.this",
            "module.notificacoes_lambda.null_resource.run_script",
            "module.notifications_general_topic.aws_sns_topic.this",
            "module.notifications_premium_topic.aws_sns_topic.this",
            "module.notifications_regional_topic.aws_sns_topic.this",
            "module.notifications_table.aws_dynamodb_table.this",
            "module.pedidos_lambda.aws_iam_role.lambda_role",
            "module.pedidos_lambda.aws_lambda_function.lambda",
            "module.pedidos_lambda.data.aws_caller_identity.current",
            "module.pedidos_lambda.data.aws_iam_policy_document.policy_doc",
            "module.pedidos_lambda.module.repo_ecr_lambda.aws_ecr_repository.this",
            "module.pedidos_lambda.null_resource.run_script",
            "module.pedidos_table.aws_dynamodb_table.this",
            "module.rastreamento_lambda.aws_iam_role.lambda_role",
            "module.rastreamento_lambda.aws_lambda_function.lambda",
            "module.rastreamento_lambda.data.aws_caller_identity.current",
            "module.rastreamento_lambda.data.aws_iam_policy_document.policy_doc",
            "module.rastreamento_lambda.module.repo_ecr_lambda.aws_ecr_repository.this",
            "module.rastreamento_lambda.null_resource.run_script",
            "module.users_table.aws_dynamodb_table.this",
            "module.usuarios_lambda.aws_iam_role.lambda_role",
            "module.usuarios_lambda.aws_lambda_function.lambda",
            "module.usuarios_lambda.data.aws_caller_identity.current",
            "module.usuarios_lambda.data.aws_iam_policy_document.policy_doc",
            "module.usuarios_lambda.module.repo_ecr_lambda.aws_ecr_repository.this",
            "module.usuarios_lambda.null_resource.run_script",
            "module.websocket_connections_table.aws_dynamodb_table.this",
            "module.websocket_lambda.aws_iam_role.lambda_role",
            "module.websocket_lambda.aws_lambda_function.lambda",
            "module.websocket_lambda.data.aws_caller_identity.current",
            "module.websocket_lambda.data.aws_iam_policy_document.policy_doc",
            "module.websocket_lambda.module.repo_ecr_lambda.aws_ecr_repository.this",
            "module.websocket_lambda.null_resource.run_script"
          ],
          "create_before_destroy": true
        },
        {
          "index_key": "20",
          "schema_version": 0,
          "attributes": {
            "http_method": "POST",
            "id": "agmr-tntpd380l5-fp56js-POST-201",
            "region": "us-east-1",
            "resource_id": "fp56js",
            "response_models": {
              "application/json": "Empty"
            },
            "response_parameters": {},
            "rest_api_id": "tntpd380l5",
            "status_code": "201"
          },
          "sensitive_attributes": [],
          "identity_schema_version": 0,
          "private": "bnVsbA==",
          "dependencies": [
            "aws_apigatewayv2_api.websocket_api",
            "module.api_gateway.aws_api_gateway_authorizer.cognito_authorizer",
            "module.api_gateway.aws_api_gateway_method.rest_endpoint_methods",
            "module.api_gateway.aws_api_gateway_resource.base_resources",
            "module.api_gateway.aws_api_gateway_resource.main_resource",
            "module.api_gateway.aws_api_gateway_resource.variable_resources",
            "module.api_gateway.aws_api_gateway_rest_api.rest_api",
            "module.auth_lambda.aws_iam_role.lambda_role",
            "module.auth_lambda.aws_lambda_function.lambda",
            "module.auth_lambda.data.aws_caller_identity.current",
            "module.auth_lambda.data.aws_iam_policy_document.policy_doc",
            "module.auth_lambda.module.repo_ecr_lambda.aws_ecr_repository.this",
            "module.auth_lambda.null_resource.run_script",
            "module.events_queue.aws_sqs_queue.dead_letter_fifo_queue",
            "module.events_queue.aws_sqs_queue.fifo_queue",
            "module.locations_table.aws_dynamodb_table.this",
            "module.notificacoes_lambda.aws_iam_role.lambda_role",
            "module.notificacoes_lambda.aws_lambda_function.lambda",
            "module.notificacoes_lambda.data.aws_caller_identity.current",
            "module.notificacoes_lambda.data.aws_iam_policy_document.policy_doc",
            "module.notificacoes_lambda.module.repo_ecr_lambda.aws_ecr_repository.this",
            "module.notificacoes_lambda.null_resource.run_script",
            "module.notifications_general_topic.aws_sns_topic.this",
            "module.notifications_premium_topic.aws_sns_topic.this",
            "module.notifications_regional_topic.aws_sns_topic.this",
            "module.notifications_table.aws_dynamodb_table.this",
            "module.pedidos_lambda.aws_iam_role.lambda_role",
            "module.pedidos_lambda.aws_lambda_function.lambda",
            "module.pedidos_lambda.data.aws_caller_identity.current",
            "module.pedidos_lambda.data.aws_iam_policy_document.policy_doc",
            "module.pedidos_lambda.module.repo_ecr_lambda.aws_ecr_repository.this",
            "module.pedidos_lambda.null_resource.run_script",
            "module.pedidos_table.aws_dynamodb_table.this",
            "module.rastreamento_lambda.aws_iam_role.lambda_role",
            "module.rastreamento_lambda.aws_lambda_function.lambda",
            "module.rastreamento_lambda.data.aws_caller_identity.current",
            "module.rastreamento_lambda.data.aws_iam_policy_document.policy_doc",
            "module.rastreamento_lambda.module.repo_ecr_lambda.aws_ecr_repository.this",
            "module.rastreamento_lambda.null_resource.run_script",
            "module.users_table.aws_dynamodb_table.this",
            "module.usuarios_lambda.aws_iam_role.lambda_role",
            "module.usuarios_lambda.aws_lambda_function.lambda",
            "module.usuarios_lambda.data.aws_caller_identity.current",
            "module.usuarios_lambda.data.aws_iam_policy_document.policy_doc",
            "module.usuarios_lambda.module.repo_ecr_lambda.aws_ecr_repository.this",
            "module.usuarios_lambda.null_resource.run_script",
            "module.websocket_connections_table.aws_dynamodb_table.this",
            "module.websocket_lambda.aws_iam_role.lambda_role",
            "module.websocket_lambda.aws_lambda_function.lambda",
            "module.websocket_lambda.data.aws_caller_identity.current",
            "module.websocket_lambda.data.aws_iam_policy_document.policy_doc",
            "module.websocket_lambda.module.repo_ecr_lambda.aws_ecr_repository.this",
            "module.websocket_lambda.null_resource.run_script"
          ],
          "create_before_destroy": true
        },
        {
          "index_key": "3",
          "schema_version": 0,
          "attributes": {
            "http_method": "POST",
            "id": "agmr-tntpd380l5-r5dtyo-POST-201",
            "region": "us-east-1",
            "resource_id": "r5dtyo",
            "response_models": {
              "application/json": "Empty"
            },
            "response_parameters": {},
            "rest_api_id": "tntpd380l5",
            "status_code": "201"
          },
          "sensitive_attributes": [],
          "identity_schema_version": 0,
          "private": "bnVsbA==",
          "dependencies": [
            "aws_apigatewayv2_api.websocket_api",
            "module.api_gateway.aws_api_gateway_authorizer.cognito_authorizer",
            "module.api_gateway.aws_api_gateway_method.rest_endpoint_methods",
            "module.api_gateway.aws_api_gateway_resource.base_resources",
            "module.api_gateway.aws_api_gateway_resource.main_resource",
            "module.api_gateway.aws_api_gateway_resource.variable_resources",
            "module.api_gateway.aws_api_gateway_rest_api.rest_api",
            "module.auth_lambda.aws_iam_role.lambda_role",
            "module.auth_lambda.aws_lambda_function.lambda",
            "module.auth_lambda.data.aws_caller_identity.current",
            "module.auth_lambda.data.aws_iam_policy_document.policy_doc",
            "module.auth_lambda.module.repo_ecr_lambda.aws_ecr_repository.this",
            "module.auth_lambda.null_resource.run_script",
            "module.events_queue.aws_sqs_queue.dead_letter_fifo_queue",
            "module.events_queue.aws_sqs_queue.fifo_queue",
            "module.locations_table.aws_dynamodb_table.this",
            "module.notificacoes_lambda.aws_iam_role.lambda_role",
            "module.notificacoes_lambda.aws_lambda_function.lambda",
            "module.notificacoes_lambda.data.aws_caller_identity.current",
            "module.notificacoes_lambda.data.aws_iam_policy_document.policy_doc",
            "module.notificacoes_lambda.module.repo_ecr_lambda.aws_ecr_repository.this",
            "module.notificacoes_lambda.null_resource.run_script",
            "module.notifications_general_topic.aws_sns_topic.this",
            "module.notifications_premium_topic.aws_sns_topic.this",
            "module.notifications_regional_topic.aws_sns_topic.this",
            "module.notifications_table.aws_dynamodb_table.this",
            "module.pedidos_lambda.aws_iam_role.lambda_role",
            "module.pedidos_lambda.aws_lambda_function.lambda",
            "module.pedidos_lambda.data.aws_caller_identity.current",
            "module.pedidos_lambda.data.aws_iam_policy_document.policy_doc",
            "module.pedidos_lambda.module.repo_ecr_lambda.aws_ecr_repository.this",
            "module.pedidos_lambda.null_resource.run_script",
            "module.pedidos_table.aws_dynamodb_table.this",
            "module.rastreamento_lambda.aws_iam_role.lambda_role",
            "module.rastreamento_lambda.aws_lambda_function.lambda",
            "module.rastreamento_lambda.data.aws_caller_identity.current",
            "module.rastreamento_lambda.data.aws_iam_policy_document.policy_doc",
            "module.rastreamento_lambda.module.repo_ecr_lambda.aws_ecr_repository.this",
            "module.rastreamento_lambda.null_resource.run_script",
            "module.users_table.aws_dynamodb_table.this",
            "module.usuarios_lambda.aws_iam_role.lambda_role",
            "module.usuarios_lambda.aws_lambda_function.lambda",
            "module.usuarios_lambda.data.aws_caller_identity.current",
            "module.usuarios_lambda.data.aws_iam_policy_document.policy_doc",
            "module.usuarios_lambda.module.repo_ecr_lambda.aws_ecr_repository.this",
            "module.usuarios_lambda.null_resource.run_script",
            "module.websocket_connections_table.aws_dynamodb_table.this",
            "module.websocket_lambda.aws_iam_role.lambda_role",
            "module.websocket_lambda.aws_lambda_function.lambda",
            "module.websocket_lambda.data.aws_caller_identity.current",
            "module.websocket_lambda.data.aws_iam_policy_document.policy_doc",
            "module.websocket_lambda.module.repo_ecr_lambda.aws_ecr_repository.this",
            "module.websocket_lambda.null_resource.run_script"
          ],
          "create_before_destroy": true
        },
        {
          "index_key": "4",
          "schema_version": 0,
          "attributes": {
            "http_method": "POST",
            "id": "agmr-tntpd380l5-42swa8-POST-201",
            "region": "us-east-1",
            "resource_id": "42swa8",
            "response_models": {
              "application/json": "Empty"
            },
            "response_parameters": {},
            "rest_api_id": "tntpd380l5",
            "status_code": "201"
          },
          "sensitive_attributes": [],
          "identity_schema_version": 0,
          "private": "bnVsbA==",
          "dependencies": [
            "aws_apigatewayv2_api.websocket_api",
            "module.api_gateway.aws_api_gateway_authorizer.cognito_authorizer",
            "module.api_gateway.aws_api_gateway_method.rest_endpoint_methods",
            "module.api_gateway.aws_api_gateway_resource.base_resources",
            "module.api_gateway.aws_api_gateway_resource.main_resource",
            "module.api_gateway.aws_api_gateway_resource.variable_resources",
            "module.api_gateway.aws_api_gateway_rest_api.rest_api",
            "module.auth_lambda.aws_iam_role.lambda_role",
            "module.auth_lambda.aws_lambda_function.lambda",
            "module.auth_lambda.data.aws_caller_identity.current",
            "module.auth_lambda.data.aws_iam_policy_document.policy_doc",
            "module.auth_lambda.module.repo_ecr_lambda.aws_ecr_repository.this",
            "module.auth_lambda.null_resource.run_script",
            "module.events_queue.aws_sqs_queue.dead_letter_fifo_queue",
            "module.events_queue.aws_sqs_queue.fifo_queue",
            "module.locations_table.aws_dynamodb_table.this",
            "module.notificacoes_lambda.aws_iam_role.lambda_role",
            "module.notificacoes_lambda.aws_lambda_function.lambda",
            "module.notificacoes_lambda.data.aws_caller_identity.current",
            "module.notificacoes_lambda.data.aws_iam_policy_document.policy_doc",
            "module.notificacoes_lambda.module.repo_ecr_lambda.aws_ecr_repository.this",
            "module.notificacoes_lambda.null_resource.run_script",
            "module.notifications_general_topic.aws_sns_topic.this",
            "module.notifications_premium_topic.aws_sns_topic.this",
            "module.notifications_regional_topic.aws_sns_topic.this",
            "module.notifications_table.aws_dynamodb_table.this",
            "module.pedidos_lambda.aws_iam_role.lambda_role",
            "module.pedidos_lambda.aws_lambda_function.lambda",
            "module.pedidos_lambda.data.aws_caller_identity.current",
            "module.pedidos_lambda.data.aws_iam_policy_document.policy_doc",
            "module.pedidos_lambda.module.repo_ecr_lambda.aws_ecr_repository.this",
            "module.pedidos_lambda.null_resource.run_script",
            "module.pedidos_table.aws_dynamodb_table.this",
            "module.rastreamento_lambda.aws_iam_role.lambda_role",
            "module.rastreamento_lambda.aws_lambda_function.lambda",
            "module.rastreamento_lambda.data.aws_caller_identity.current",
            "module.rastreamento_lambda.data.aws_iam_policy_document.policy_doc",
            "module.rastreamento_lambda.module.repo_ecr_lambda.aws_ecr_repository.this",
            "module.rastreamento_lambda.null_resource.run_script",
            "module.users_table.aws_dynamodb_table.this",
            "module.usuarios_lambda.aws_iam_role.lambda_role",
            "module.usuarios_lambda.aws_lambda_function.lambda",
            "module.usuarios_lambda.data.aws_caller_identity.current",
            "module.usuarios_lambda.data.aws_iam_policy_document.policy_doc",
            "module.usuarios_lambda.module.repo_ecr_lambda.aws_ecr_repository.this",
            "module.usuarios_lambda.null_resource.run_script",
            "module.websocket_connections_table.aws_dynamodb_table.this",
            "module.websocket_lambda.aws_iam_role.lambda_role",
            "module.websocket_lambda.aws_lambda_function.lambda",
            "module.websocket_lambda.data.aws_caller_identity.current",
            "module.websocket_lambda.data.aws_iam_policy_document.policy_doc",
            "module.websocket_lambda.module.repo_ecr_lambda.aws_ecr_repository.this",
            "module.websocket_lambda.null_resource.run_script"
          ],
          "create_before_destroy": true
        },
        {
          "index_key": "5",
          "schema_version": 0,
          "attributes": {
            "http_method": "GET",
            "id": "agmr-tntpd380l5-2cdpbl-GET-200",
            "region": "us-east-1",
            "resource_id": "2cdpbl",
            "response_models": {
              "application/json": "Empty"
            },
            "response_parameters": {},
            "rest_api_id": "tntpd380l5",
            "status_code": "200"
          },
          "sensitive_attributes": [],
          "identity_schema_version": 0,
          "private": "bnVsbA==",
          "dependencies": [
            "aws_apigatewayv2_api.websocket_api",
            "module.api_gateway.aws_api_gateway_authorizer.cognito_authorizer",
            "module.api_gateway.aws_api_gateway_method.rest_endpoint_methods",
            "module.api_gateway.aws_api_gateway_resource.base_resources",
            "module.api_gateway.aws_api_gateway_resource.main_resource",
            "module.api_gateway.aws_api_gateway_resource.variable_resources",
            "module.api_gateway.aws_api_gateway_rest_api.rest_api",
            "module.auth_lambda.aws_iam_role.lambda_role",
            "module.auth_lambda.aws_lambda_function.lambda",
            "module.auth_lambda.data.aws_caller_identity.current",
            "module.auth_lambda.data.aws_iam_policy_document.policy_doc",
            "module.auth_lambda.module.repo_ecr_lambda.aws_ecr_repository.this",
            "module.auth_lambda.null_resource.run_script",
            "module.events_queue.aws_sqs_queue.dead_letter_fifo_queue",
            "module.events_queue.aws_sqs_queue.fifo_queue",
            "module.locations_table.aws_dynamodb_table.this",
            "module.notificacoes_lambda.aws_iam_role.lambda_role",
            "module.notificacoes_lambda.aws_lambda_function.lambda",
            "module.notificacoes_lambda.data.aws_caller_identity.current",
            "module.notificacoes_lambda.data.aws_iam_policy_document.policy_doc",
            "module.notificacoes_lambda.module.repo_ecr_lambda.aws_ecr_repository.this",
            "module.notificacoes_lambda.null_resource.run_script",
            "module.notifications_general_topic.aws_sns_topic.this",
            "module.notifications_premium_topic.aws_sns_topic.this",
            "module.notifications_regional_topic.aws_sns_topic.this",
            "module.notifications_table.aws_dynamodb_table.this",
            "module.pedidos_lambda.aws_iam_role.lambda_role",
            "module.pedidos_lambda.aws_lambda_function.lambda",
            "module.pedidos_lambda.data.aws_caller_identity.current",
            "module.pedidos_lambda.data.aws_iam_policy_document.policy_doc",
            "module.pedidos_lambda.module.repo_ecr_lambda.aws_ecr_repository.this",
            "module.pedidos_lambda.null_resource.run_script",
            "module.pedidos_table.aws_dynamodb_table.this",
            "module.rastreamento_lambda.aws_iam_role.lambda_role",
            "module.rastreamento_lambda.aws_lambda_function.lambda",
            "module.rastreamento_lambda.data.aws_caller_identity.current",
            "module.rastreamento_lambda.data.aws_iam_policy_document.policy_doc",
            "module.rastreamento_lambda.module.repo_ecr_lambda.aws_ecr_repository.this",
            "module.rastreamento_lambda.null_resource.run_script",
            "module.users_table.aws_dynamodb_table.this",
            "module.usuarios_lambda.aws_iam_role.lambda_role",
            "module.usuarios_lambda.aws_lambda_function.lambda",
            "module.usuarios_lambda.data.aws_caller_identity.current",
            "module.usuarios_lambda.data.aws_iam_policy_document.policy_doc",
            "module.usuarios_lambda.module.repo_ecr_lambda.aws_ecr_repository.this",
            "module.usuarios_lambda.null_resource.run_script",
            "module.websocket_connections_table.aws_dynamodb_table.this",
            "module.websocket_lambda.aws_iam_role.lambda_role",
            "module.websocket_lambda.aws_lambda_function.lambda",
            "module.websocket_lambda.data.aws_caller_identity.current",
            "module.websocket_lambda.data.aws_iam_policy_document.policy_doc",
            "module.websocket_lambda.module.repo_ecr_lambda.aws_ecr_repository.this",
            "module.websocket_lambda.null_resource.run_script"
          ],
          "create_before_destroy": true
        },
        {
          "index_key": "6",
          "schema_version": 0,
          "attributes": {
            "http_method": "GET",
            "id": "agmr-tntpd380l5-x6gewu-GET-200",
            "region": "us-east-1",
            "resource_id": "x6gewu",
            "response_models": {
              "application/json": "Empty"
            },
            "response_parameters": {},
            "rest_api_id": "tntpd380l5",
            "status_code": "200"
          },
          "sensitive_attributes": [],
          "identity_schema_version": 0,
          "private": "bnVsbA==",
          "dependencies": [
            "aws_apigatewayv2_api.websocket_api",
            "module.api_gateway.aws_api_gateway_authorizer.cognito_authorizer",
            "module.api_gateway.aws_api_gateway_method.rest_endpoint_methods",
            "module.api_gateway.aws_api_gateway_resource.base_resources",
            "module.api_gateway.aws_api_gateway_resource.main_resource",
            "module.api_gateway.aws_api_gateway_resource.variable_resources",
            "module.api_gateway.aws_api_gateway_rest_api.rest_api",
            "module.auth_lambda.aws_iam_role.lambda_role",
            "module.auth_lambda.aws_lambda_function.lambda",
            "module.auth_lambda.data.aws_caller_identity.current",
            "module.auth_lambda.data.aws_iam_policy_document.policy_doc",
            "module.auth_lambda.module.repo_ecr_lambda.aws_ecr_repository.this",
            "module.auth_lambda.null_resource.run_script",
            "module.events_queue.aws_sqs_queue.dead_letter_fifo_queue",
            "module.events_queue.aws_sqs_queue.fifo_queue",
            "module.locations_table.aws_dynamodb_table.this",
            "module.notificacoes_lambda.aws_iam_role.lambda_role",
            "module.notificacoes_lambda.aws_lambda_function.lambda",
            "module.notificacoes_lambda.data.aws_caller_identity.current",
            "module.notificacoes_lambda.data.aws_iam_policy_document.policy_doc",
            "module.notificacoes_lambda.module.repo_ecr_lambda.aws_ecr_repository.this",
            "module.notificacoes_lambda.null_resource.run_script",
            "module.notifications_general_topic.aws_sns_topic.this",
            "module.notifications_premium_topic.aws_sns_topic.this",
            "module.notifications_regional_topic.aws_sns_topic.this",
            "module.notifications_table.aws_dynamodb_table.this",
            "module.pedidos_lambda.aws_iam_role.lambda_role",
            "module.pedidos_lambda.aws_lambda_function.lambda",
            "module.pedidos_lambda.data.aws_caller_identity.current",
            "module.pedidos_lambda.data.aws_iam_policy_document.policy_doc",
            "module.pedidos_lambda.module.repo_ecr_lambda.aws_ecr_repository.this",
            "module.pedidos_lambda.null_resource.run_script",
            "module.pedidos_table.aws_dynamodb_table.this",
            "module.rastreamento_lambda.aws_iam_role.lambda_role",
            "module.rastreamento_lambda.aws_lambda_function.lambda",
            "module.rastreamento_lambda.data.aws_caller_identity.current",
            "module.rastreamento_lambda.data.aws_iam_policy_document.policy_doc",
            "module.rastreamento_lambda.module.repo_ecr_lambda.aws_ecr_repository.this",
            "module.rastreamento_lambda.null_resource.run_script",
            "module.users_table.aws_dynamodb_table.this",
            "module.usuarios_lambda.aws_iam_role.lambda_role",
            "module.usuarios_lambda.aws_lambda_function.lambda",
            "module.usuarios_lambda.data.aws_caller_identity.current",
            "module.usuarios_lambda.data.aws_iam_policy_document.policy_doc",
            "module.usuarios_lambda.module.repo_ecr_lambda.aws_ecr_repository.this",
            "module.usuarios_lambda.null_resource.run_script",
            "module.websocket_connections_table.aws_dynamodb_table.this",
            "module.websocket_lambda.aws_iam_role.lambda_role",
            "module.websocket_lambda.aws_lambda_function.lambda",
            "module.websocket_lambda.data.aws_caller_identity.current",
            "module.websocket_lambda.data.aws_iam_policy_document.policy_doc",
            "module.websocket_lambda.module.repo_ecr_lambda.aws_ecr_repository.this",
            "module.websocket_lambda.null_resource.run_script"
          ],
          "create_before_destroy": true
        },
        {
          "index_key": "7",
          "schema_version": 0,
          "attributes": {
            "http_method": "GET",
            "id": "agmr-tntpd380l5-pswbyy-GET-200",
            "region": "us-east-1",
            "resource_id": "pswbyy",
            "response_models": {
              "application/json": "Empty"
            },
            "response_parameters": {},
            "rest_api_id": "tntpd380l5",
            "status_code": "200"
          },
          "sensitive_attributes": [],
          "identity_schema_version": 0,
          "private": "bnVsbA==",
          "dependencies": [
            "aws_apigatewayv2_api.websocket_api",
            "module.api_gateway.aws_api_gateway_authorizer.cognito_authorizer",
            "module.api_gateway.aws_api_gateway_method.rest_endpoint_methods",
            "module.api_gateway.aws_api_gateway_resource.base_resources",
            "module.api_gateway.aws_api_gateway_resource.main_resource",
            "module.api_gateway.aws_api_gateway_resource.variable_resources",
            "module.api_gateway.aws_api_gateway_rest_api.rest_api",
            "module.auth_lambda.aws_iam_role.lambda_role",
            "module.auth_lambda.aws_lambda_function.lambda",
            "module.auth_lambda.data.aws_caller_identity.current",
            "module.auth_lambda.data.aws_iam_policy_document.policy_doc",
            "module.auth_lambda.module.repo_ecr_lambda.aws_ecr_repository.this",
            "module.auth_lambda.null_resource.run_script",
            "module.events_queue.aws_sqs_queue.dead_letter_fifo_queue",
            "module.events_queue.aws_sqs_queue.fifo_queue",
            "module.locations_table.aws_dynamodb_table.this",
            "module.notificacoes_lambda.aws_iam_role.lambda_role",
            "module.notificacoes_lambda.aws_lambda_function.lambda",
            "module.notificacoes_lambda.data.aws_caller_identity.current",
            "module.notificacoes_lambda.data.aws_iam_policy_document.policy_doc",
            "module.notificacoes_lambda.module.repo_ecr_lambda.aws_ecr_repository.this",
            "module.notificacoes_lambda.null_resource.run_script",
            "module.notifications_general_topic.aws_sns_topic.this",
            "module.notifications_premium_topic.aws_sns_topic.this",
            "module.notifications_regional_topic.aws_sns_topic.this",
            "module.notifications_table.aws_dynamodb_table.this",
            "module.pedidos_lambda.aws_iam_role.lambda_role",
            "module.pedidos_lambda.aws_lambda_function.lambda",
            "module.pedidos_lambda.data.aws_caller_identity.current",
            "module.pedidos_lambda.data.aws_iam_policy_document.policy_doc",
            "module.pedidos_lambda.module.repo_ecr_lambda.aws_ecr_repository.this",
            "module.pedidos_lambda.null_resource.run_script",
            "module.pedidos_table.aws_dynamodb_table.this",
            "module.rastreamento_lambda.aws_iam_role.lambda_role",
            "module.rastreamento_lambda.aws_lambda_function.lambda",
            "module.rastreamento_lambda.data.aws_caller_identity.current",
            "module.rastreamento_lambda.data.aws_iam_policy_document.policy_doc",
            "module.rastreamento_lambda.module.repo_ecr_lambda.aws_ecr_repository.this",
            "module.rastreamento_lambda.null_resource.run_script",
            "module.users_table.aws_dynamodb_table.this",
            "module.usuarios_lambda.aws_iam_role.lambda_role",
            "module.usuarios_lambda.aws_lambda_function.lambda",
            "module.usuarios_lambda.data.aws_caller_identity.current",
            "module.usuarios_lambda.data.aws_iam_policy_document.policy_doc",
            "module.usuarios_lambda.module.repo_ecr_lambda.aws_ecr_repository.this",
            "module.usuarios_lambda.null_resource.run_script",
            "module.websocket_connections_table.aws_dynamodb_table.this",
            "module.websocket_lambda.aws_iam_role.lambda_role",
            "module.websocket_lambda.aws_lambda_function.lambda",
            "module.websocket_lambda.data.aws_caller_identity.current",
            "module.websocket_lambda.data.aws_iam_policy_document.policy_doc",
            "module.websocket_lambda.module.repo_ecr_lambda.aws_ecr_repository.this",
            "module.websocket_lambda.null_resource.run_script"
          ],
          "create_before_destroy": true
        },
        {
          "index_key": "8",
          "schema_version": 0,
          "attributes": {
            "http_method": "PATCH",
            "id": "agmr-tntpd380l5-5brkgs-PATCH-204",
            "region": "us-east-1",
            "resource_id": "5brkgs",
            "response_models": {
              "application/json": "Empty"
            },
            "response_parameters": {},
            "rest_api_id": "tntpd380l5",
            "status_code": "204"
          },
          "sensitive_attributes": [],
          "identity_schema_version": 0,
          "private": "bnVsbA==",
          "dependencies": [
            "aws_apigatewayv2_api.websocket_api",
            "module.api_gateway.aws_api_gateway_authorizer.cognito_authorizer",
            "module.api_gateway.aws_api_gateway_method.rest_endpoint_methods",
            "module.api_gateway.aws_api_gateway_resource.base_resources",
            "module.api_gateway.aws_api_gateway_resource.main_resource",
            "module.api_gateway.aws_api_gateway_resource.variable_resources",
            "module.api_gateway.aws_api_gateway_rest_api.rest_api",
            "module.auth_lambda.aws_iam_role.lambda_role",
            "module.auth_lambda.aws_lambda_function.lambda",
            "module.auth_lambda.data.aws_caller_identity.current",
            "module.auth_lambda.data.aws_iam_policy_document.policy_doc",
            "module.auth_lambda.module.repo_ecr_lambda.aws_ecr_repository.this",
            "module.auth_lambda.null_resource.run_script",
            "module.events_queue.aws_sqs_queue.dead_letter_fifo_queue",
            "module.events_queue.aws_sqs_queue.fifo_queue",
            "module.locations_table.aws_dynamodb_table.this",
            "module.notificacoes_lambda.aws_iam_role.lambda_role",
            "module.notificacoes_lambda.aws_lambda_function.lambda",
            "module.notificacoes_lambda.data.aws_caller_identity.current",
            "module.notificacoes_lambda.data.aws_iam_policy_document.policy_doc",
            "module.notificacoes_lambda.module.repo_ecr_lambda.aws_ecr_repository.this",
            "module.notificacoes_lambda.null_resource.run_script",
            "module.notifications_general_topic.aws_sns_topic.this",
            "module.notifications_premium_topic.aws_sns_topic.this",
            "module.notifications_regional_topic.aws_sns_topic.this",
            "module.notifications_table.aws_dynamodb_table.this",
            "module.pedidos_lambda.aws_iam_role.lambda_role",
            "module.pedidos_lambda.aws_lambda_function.lambda",
            "module.pedidos_lambda.data.aws_caller_identity.current",
            "module.pedidos_lambda.data.aws_iam_policy_document.policy_doc",
            "module.pedidos_lambda.module.repo_ecr_lambda.aws_ecr_repository.this",
            "module.pedidos_lambda.null_resource.run_script",
            "module.pedidos_table.aws_dynamodb_table.this",
            "module.rastreamento_lambda.aws_iam_role.lambda_role",
            "module.rastreamento_lambda.aws_lambda_function.lambda",
            "module.rastreamento_lambda.data.aws_caller_identity.current",
            "module.rastreamento_lambda.data.aws_iam_policy_document.policy_doc",
            "module.rastreamento_lambda.module.repo_ecr_lambda.aws_ecr_repository.this",
            "module.rastreamento_lambda.null_resource.run_script",
            "module.users_table.aws_dynamodb_table.this",
            "module.usuarios_lambda.aws_iam_role.lambda_role",
            "module.usuarios_lambda.aws_lambda_function.lambda",
            "module.usuarios_lambda.data.aws_caller_identity.current",
            "module.usuarios_lambda.data.aws_iam_policy_document.policy_doc",
            "module.usuarios_lambda.module.repo_ecr_lambda.aws_ecr_repository.this",
            "module.usuarios_lambda.null_resource.run_script",
            "module.websocket_connections_table.aws_dynamodb_table.this",
            "module.websocket_lambda.aws_iam_role.lambda_role",
            "module.websocket_lambda.aws_lambda_function.lambda",
            "module.websocket_lambda.data.aws_caller_identity.current",
            "module.websocket_lambda.data.aws_iam_policy_document.policy_doc",
            "module.websocket_lambda.module.repo_ecr_lambda.aws_ecr_repository.this",
            "module.websocket_lambda.null_resource.run_script"
          ],
          "create_before_destroy": true
        },
        {
          "index_key": "9",
          "schema_version": 0,
          "attributes": {
            "http_method": "POST",
            "id": "agmr-tntpd380l5-bent9z-POST-200",
            "region": "us-east-1",
            "resource_id": "bent9z",
            "response_models": {
              "application/json": "Empty"
            },
            "response_parameters": {},
            "rest_api_id": "tntpd380l5",
            "status_code": "200"
          },
          "sensitive_attributes": [],
          "identity_schema_version": 0,
          "private": "bnVsbA==",
          "dependencies": [
            "aws_apigatewayv2_api.websocket_api",
            "module.api_gateway.aws_api_gateway_authorizer.cognito_authorizer",
            "module.api_gateway.aws_api_gateway_method.rest_endpoint_methods",
            "module.api_gateway.aws_api_gateway_resource.base_resources",
            "module.api_gateway.aws_api_gateway_resource.main_resource",
            "module.api_gateway.aws_api_gateway_resource.variable_resources",
            "module.api_gateway.aws_api_gateway_rest_api.rest_api",
            "module.auth_lambda.aws_iam_role.lambda_role",
            "module.auth_lambda.aws_lambda_function.lambda",
            "module.auth_lambda.data.aws_caller_identity.current",
            "module.auth_lambda.data.aws_iam_policy_document.policy_doc",
            "module.auth_lambda.module.repo_ecr_lambda.aws_ecr_repository.this",
            "module.auth_lambda.null_resource.run_script",
            "module.events_queue.aws_sqs_queue.dead_letter_fifo_queue",
            "module.events_queue.aws_sqs_queue.fifo_queue",
            "module.locations_table.aws_dynamodb_table.this",
            "module.notificacoes_lambda.aws_iam_role.lambda_role",
            "module.notificacoes_lambda.aws_lambda_function.lambda",
            "module.notificacoes_lambda.data.aws_caller_identity.current",
            "module.notificacoes_lambda.data.aws_iam_policy_document.policy_doc",
            "module.notificacoes_lambda.module.repo_ecr_lambda.aws_ecr_repository.this",
            "module.notificacoes_lambda.null_resource.run_script",
            "module.notifications_general_topic.aws_sns_topic.this",
            "module.notifications_premium_topic.aws_sns_topic.this",
            "module.notifications_regional_topic.aws_sns_topic.this",
            "module.notifications_table.aws_dynamodb_table.this",
            "module.pedidos_lambda.aws_iam_role.lambda_role",
            "module.pedidos_lambda.aws_lambda_function.lambda",
            "module.pedidos_lambda.data.aws_caller_identity.current",
            "module.pedidos_lambda.data.aws_iam_policy_document.policy_doc",
            "module.pedidos_lambda.module.repo_ecr_lambda.aws_ecr_repository.this",
            "module.pedidos_lambda.null_resource.run_script",
            "module.pedidos_table.aws_dynamodb_table.this",
            "module.rastreamento_lambda.aws_iam_role.lambda_role",
            "module.rastreamento_lambda.aws_lambda_function.lambda",
            "module.rastreamento_lambda.data.aws_caller_identity.current",
            "module.rastreamento_lambda.data.aws_iam_policy_document.policy_doc",
            "module.rastreamento_lambda.module.repo_ecr_lambda.aws_ecr_repository.this",
            "module.rastreamento_lambda.null_resource.run_script",
            "module.users_table.aws_dynamodb_table.this",
            "module.usuarios_lambda.aws_iam_role.lambda_role",
            "module.usuarios_lambda.aws_lambda_function.lambda",
            "module.usuarios_lambda.data.aws_caller_identity.current",
            "module.usuarios_lambda.data.aws_iam_policy_document.policy_doc",
            "module.usuarios_lambda.module.repo_ecr_lambda.aws_ecr_repository.this",
            "module.usuarios_lambda.null_resource.run_script",
            "module.websocket_connections_table.aws_dynamodb_table.this",
            "module.websocket_lambda.aws_iam_role.lambda_role",
            "module.websocket_lambda.aws_lambda_function.lambda",
            "module.websocket_lambda.data.aws_caller_identity.current",
            "module.websocket_lambda.data.aws_iam_policy_document.policy_doc",
            "module.websocket_lambda.module.repo_ecr_lambda.aws_ecr_repository.this",
            "module.websocket_lambda.null_resource.run_script"
          ],
          "create_before_destroy": true
        }
      ]
    },
    {
      "module": "module.api_gateway",
      "mode": "managed",
      "type": "aws_api_gateway_resource",
      "name": "base_resources",
      "provider": "provider[\"registry.terraform.io/hashicorp/aws\"]",
      "instances": [
        {
          "index_key": "auth",
          "schema_version": 0,
          "attributes": {
            "id": "yd5mw2",
            "parent_id": "ngdr32",
            "path": "/api/auth",
            "path_part": "auth",
            "region": "us-east-1",
            "rest_api_id": "tntpd380l5"
          },
          "sensitive_attributes": [],
          "identity_schema_version": 0,
          "private": "bnVsbA==",
          "dependencies": [
            "aws_apigatewayv2_api.websocket_api",
            "module.api_gateway.aws_api_gateway_resource.main_resource",
            "module.api_gateway.aws_api_gateway_rest_api.rest_api",
            "module.auth_lambda.aws_iam_role.lambda_role",
            "module.auth_lambda.aws_lambda_function.lambda",
            "module.auth_lambda.data.aws_caller_identity.current",
            "module.auth_lambda.data.aws_iam_policy_document.policy_doc",
            "module.auth_lambda.module.repo_ecr_lambda.aws_ecr_repository.this",
            "module.auth_lambda.null_resource.run_script",
            "module.events_queue.aws_sqs_queue.dead_letter_fifo_queue",
            "module.events_queue.aws_sqs_queue.fifo_queue",
            "module.locations_table.aws_dynamodb_table.this",
            "module.notificacoes_lambda.aws_iam_role.lambda_role",
            "module.notificacoes_lambda.aws_lambda_function.lambda",
            "module.notificacoes_lambda.data.aws_caller_identity.current",
            "module.notificacoes_lambda.data.aws_iam_policy_document.policy_doc",
            "module.notificacoes_lambda.module.repo_ecr_lambda.aws_ecr_repository.this",
            "module.notificacoes_lambda.null_resource.run_script",
            "module.notifications_general_topic.aws_sns_topic.this",
            "module.notifications_premium_topic.aws_sns_topic.this",
            "module.notifications_regional_topic.aws_sns_topic.this",
            "module.notifications_table.aws_dynamodb_table.this",
            "module.pedidos_lambda.aws_iam_role.lambda_role",
            "module.pedidos_lambda.aws_lambda_function.lambda",
            "module.pedidos_lambda.data.aws_caller_identity.current",
            "module.pedidos_lambda.data.aws_iam_policy_document.policy_doc",
            "module.pedidos_lambda.module.repo_ecr_lambda.aws_ecr_repository.this",
            "module.pedidos_lambda.null_resource.run_script",
            "module.pedidos_table.aws_dynamodb_table.this",
            "module.rastreamento_lambda.aws_iam_role.lambda_role",
            "module.rastreamento_lambda.aws_lambda_function.lambda",
            "module.rastreamento_lambda.data.aws_caller_identity.current",
            "module.rastreamento_lambda.data.aws_iam_policy_document.policy_doc",
            "module.rastreamento_lambda.module.repo_ecr_lambda.aws_ecr_repository.this",
            "module.rastreamento_lambda.null_resource.run_script",
            "module.users_table.aws_dynamodb_table.this",
            "module.usuarios_lambda.aws_iam_role.lambda_role",
            "module.usuarios_lambda.aws_lambda_function.lambda",
            "module.usuarios_lambda.data.aws_caller_identity.current",
            "module.usuarios_lambda.data.aws_iam_policy_document.policy_doc",
            "module.usuarios_lambda.module.repo_ecr_lambda.aws_ecr_repository.this",
            "module.usuarios_lambda.null_resource.run_script",
            "module.websocket_connections_table.aws_dynamodb_table.this",
            "module.websocket_lambda.aws_iam_role.lambda_role",
            "module.websocket_lambda.aws_lambda_function.lambda",
            "module.websocket_lambda.data.aws_caller_identity.current",
            "module.websocket_lambda.data.aws_iam_policy_document.policy_doc",
            "module.websocket_lambda.module.repo_ecr_lambda.aws_ecr_repository.this",
            "module.websocket_lambda.null_resource.run_script"
          ],
          "create_before_destroy": true
        },
        {
          "index_key": "incidentes",
          "schema_version": 0,
          "attributes": {
            "id": "fp56js",
            "parent_id": "ngdr32",
            "path": "/api/incidentes",
            "path_part": "incidentes",
            "region": "us-east-1",
            "rest_api_id": "tntpd380l5"
          },
          "sensitive_attributes": [],
          "identity_schema_version": 0,
          "private": "bnVsbA==",
          "dependencies": [
            "aws_apigatewayv2_api.websocket_api",
            "module.api_gateway.aws_api_gateway_resource.main_resource",
            "module.api_gateway.aws_api_gateway_rest_api.rest_api",
            "module.auth_lambda.aws_iam_role.lambda_role",
            "module.auth_lambda.aws_lambda_function.lambda",
            "module.auth_lambda.data.aws_caller_identity.current",
            "module.auth_lambda.data.aws_iam_policy_document.policy_doc",
            "module.auth_lambda.module.repo_ecr_lambda.aws_ecr_repository.this",
            "module.auth_lambda.null_resource.run_script",
            "module.events_queue.aws_sqs_queue.dead_letter_fifo_queue",
            "module.events_queue.aws_sqs_queue.fifo_queue",
            "module.locations_table.aws_dynamodb_table.this",
            "module.notificacoes_lambda.aws_iam_role.lambda_role",
            "module.notificacoes_lambda.aws_lambda_function.lambda",
            "module.notificacoes_lambda.data.aws_caller_identity.current",
            "module.notificacoes_lambda.data.aws_iam_policy_document.policy_doc",
            "module.notificacoes_lambda.module.repo_ecr_lambda.aws_ecr_repository.this",
            "module.notificacoes_lambda.null_resource.run_script",
            "module.notifications_general_topic.aws_sns_topic.this",
            "module.notifications_premium_topic.aws_sns_topic.this",
            "module.notifications_regional_topic.aws_sns_topic.this",
            "module.notifications_table.aws_dynamodb_table.this",
            "module.pedidos_lambda.aws_iam_role.lambda_role",
            "module.pedidos_lambda.aws_lambda_function.lambda",
            "module.pedidos_lambda.data.aws_caller_identity.current",
            "module.pedidos_lambda.data.aws_iam_policy_document.policy_doc",
            "module.pedidos_lambda.module.repo_ecr_lambda.aws_ecr_repository.this",
            "module.pedidos_lambda.null_resource.run_script",
            "module.pedidos_table.aws_dynamodb_table.this",
            "module.rastreamento_lambda.aws_iam_role.lambda_role",
            "module.rastreamento_lambda.aws_lambda_function.lambda",
            "module.rastreamento_lambda.data.aws_caller_identity.current",
            "module.rastreamento_lambda.data.aws_iam_policy_document.policy_doc",
            "module.rastreamento_lambda.module.repo_ecr_lambda.aws_ecr_repository.this",
            "module.rastreamento_lambda.null_resource.run_script",
            "module.users_table.aws_dynamodb_table.this",
            "module.usuarios_lambda.aws_iam_role.lambda_role",
            "module.usuarios_lambda.aws_lambda_function.lambda",
            "module.usuarios_lambda.data.aws_caller_identity.current",
            "module.usuarios_lambda.data.aws_iam_policy_document.policy_doc",
            "module.usuarios_lambda.module.repo_ecr_lambda.aws_ecr_repository.this",
            "module.usuarios_lambda.null_resource.run_script",
            "module.websocket_connections_table.aws_dynamodb_table.this",
            "module.websocket_lambda.aws_iam_role.lambda_role",
            "module.websocket_lambda.aws_lambda_function.lambda",
            "module.websocket_lambda.data.aws_caller_identity.current",
            "module.websocket_lambda.data.aws_iam_policy_document.policy_doc",
            "module.websocket_lambda.module.repo_ecr_lambda.aws_ecr_repository.this",
            "module.websocket_lambda.null_resource.run_script"
          ],
          "create_before_destroy": true
        },
        {
          "index_key": "notificacoes",
          "schema_version": 0,
          "attributes": {
            "id": "hqdaib",
            "parent_id": "ngdr32",
            "path": "/api/notificacoes",
            "path_part": "notificacoes",
            "region": "us-east-1",
            "rest_api_id": "tntpd380l5"
          },
          "sensitive_attributes": [],
          "identity_schema_version": 0,
          "private": "bnVsbA==",
          "dependencies": [
            "aws_apigatewayv2_api.websocket_api",
            "module.api_gateway.aws_api_gateway_resource.main_resource",
            "module.api_gateway.aws_api_gateway_rest_api.rest_api",
            "module.auth_lambda.aws_iam_role.lambda_role",
            "module.auth_lambda.aws_lambda_function.lambda",
            "module.auth_lambda.data.aws_caller_identity.current",
            "module.auth_lambda.data.aws_iam_policy_document.policy_doc",
            "module.auth_lambda.module.repo_ecr_lambda.aws_ecr_repository.this",
            "module.auth_lambda.null_resource.run_script",
            "module.events_queue.aws_sqs_queue.dead_letter_fifo_queue",
            "module.events_queue.aws_sqs_queue.fifo_queue",
            "module.locations_table.aws_dynamodb_table.this",
            "module.notificacoes_lambda.aws_iam_role.lambda_role",
            "module.notificacoes_lambda.aws_lambda_function.lambda",
            "module.notificacoes_lambda.data.aws_caller_identity.current",
            "module.notificacoes_lambda.data.aws_iam_policy_document.policy_doc",
            "module.notificacoes_lambda.module.repo_ecr_lambda.aws_ecr_repository.this",
            "module.notificacoes_lambda.null_resource.run_script",
            "module.notifications_general_topic.aws_sns_topic.this",
            "module.notifications_premium_topic.aws_sns_topic.this",
            "module.notifications_regional_topic.aws_sns_topic.this",
            "module.notifications_table.aws_dynamodb_table.this",
            "module.pedidos_lambda.aws_iam_role.lambda_role",
            "module.pedidos_lambda.aws_lambda_function.lambda",
            "module.pedidos_lambda.data.aws_caller_identity.current",
            "module.pedidos_lambda.data.aws_iam_policy_document.policy_doc",
            "module.pedidos_lambda.module.repo_ecr_lambda.aws_ecr_repository.this",
            "module.pedidos_lambda.null_resource.run_script",
            "module.pedidos_table.aws_dynamodb_table.this",
            "module.rastreamento_lambda.aws_iam_role.lambda_role",
            "module.rastreamento_lambda.aws_lambda_function.lambda",
            "module.rastreamento_lambda.data.aws_caller_identity.current",
            "module.rastreamento_lambda.data.aws_iam_policy_document.policy_doc",
            "module.rastreamento_lambda.module.repo_ecr_lambda.aws_ecr_repository.this",
            "module.rastreamento_lambda.null_resource.run_script",
            "module.users_table.aws_dynamodb_table.this",
            "module.usuarios_lambda.aws_iam_role.lambda_role",
            "module.usuarios_lambda.aws_lambda_function.lambda",
            "module.usuarios_lambda.data.aws_caller_identity.current",
            "module.usuarios_lambda.data.aws_iam_policy_document.policy_doc",
            "module.usuarios_lambda.module.repo_ecr_lambda.aws_ecr_repository.this",
            "module.usuarios_lambda.null_resource.run_script",
            "module.websocket_connections_table.aws_dynamodb_table.this",
            "module.websocket_lambda.aws_iam_role.lambda_role",
            "module.websocket_lambda.aws_lambda_function.lambda",
            "module.websocket_lambda.data.aws_caller_identity.current",
            "module.websocket_lambda.data.aws_iam_policy_document.policy_doc",
            "module.websocket_lambda.module.repo_ecr_lambda.aws_ecr_repository.this",
            "module.websocket_lambda.null_resource.run_script"
          ],
          "create_before_destroy": true
        },
        {
          "index_key": "pedidos",
          "schema_version": 0,
          "attributes": {
            "id": "42swa8",
            "parent_id": "ngdr32",
            "path": "/api/pedidos",
            "path_part": "pedidos",
            "region": "us-east-1",
            "rest_api_id": "tntpd380l5"
          },
          "sensitive_attributes": [],
          "identity_schema_version": 0,
          "private": "bnVsbA==",
          "dependencies": [
            "aws_apigatewayv2_api.websocket_api",
            "module.api_gateway.aws_api_gateway_resource.main_resource",
            "module.api_gateway.aws_api_gateway_rest_api.rest_api",
            "module.auth_lambda.aws_iam_role.lambda_role",
            "module.auth_lambda.aws_lambda_function.lambda",
            "module.auth_lambda.data.aws_caller_identity.current",
            "module.auth_lambda.data.aws_iam_policy_document.policy_doc",
            "module.auth_lambda.module.repo_ecr_lambda.aws_ecr_repository.this",
            "module.auth_lambda.null_resource.run_script",
            "module.events_queue.aws_sqs_queue.dead_letter_fifo_queue",
            "module.events_queue.aws_sqs_queue.fifo_queue",
            "module.locations_table.aws_dynamodb_table.this",
            "module.notificacoes_lambda.aws_iam_role.lambda_role",
            "module.notificacoes_lambda.aws_lambda_function.lambda",
            "module.notificacoes_lambda.data.aws_caller_identity.current",
            "module.notificacoes_lambda.data.aws_iam_policy_document.policy_doc",
            "module.notificacoes_lambda.module.repo_ecr_lambda.aws_ecr_repository.this",
            "module.notificacoes_lambda.null_resource.run_script",
            "module.notifications_general_topic.aws_sns_topic.this",
            "module.notifications_premium_topic.aws_sns_topic.this",
            "module.notifications_regional_topic.aws_sns_topic.this",
            "module.notifications_table.aws_dynamodb_table.this",
            "module.pedidos_lambda.aws_iam_role.lambda_role",
            "module.pedidos_lambda.aws_lambda_function.lambda",
            "module.pedidos_lambda.data.aws_caller_identity.current",
            "module.pedidos_lambda.data.aws_iam_policy_document.policy_doc",
            "module.pedidos_lambda.module.repo_ecr_lambda.aws_ecr_repository.this",
            "module.pedidos_lambda.null_resource.run_script",
            "module.pedidos_table.aws_dynamodb_table.this",
            "module.rastreamento_lambda.aws_iam_role.lambda_role",
            "module.rastreamento_lambda.aws_lambda_function.lambda",
            "module.rastreamento_lambda.data.aws_caller_identity.current",
            "module.rastreamento_lambda.data.aws_iam_policy_document.policy_doc",
            "module.rastreamento_lambda.module.repo_ecr_lambda.aws_ecr_repository.this",
            "module.rastreamento_lambda.null_resource.run_script",
            "module.users_table.aws_dynamodb_table.this",
            "module.usuarios_lambda.aws_iam_role.lambda_role",
            "module.usuarios_lambda.aws_lambda_function.lambda",
            "module.usuarios_lambda.data.aws_caller_identity.current",
            "module.usuarios_lambda.data.aws_iam_policy_document.policy_doc",
            "module.usuarios_lambda.module.repo_ecr_lambda.aws_ecr_repository.this",
            "module.usuarios_lambda.null_resource.run_script",
            "module.websocket_connections_table.aws_dynamodb_table.this",
            "module.websocket_lambda.aws_iam_role.lambda_role",
            "module.websocket_lambda.aws_lambda_function.lambda",
            "module.websocket_lambda.data.aws_caller_identity.current",
            "module.websocket_lambda.data.aws_iam_policy_document.policy_doc",
            "module.websocket_lambda.module.repo_ecr_lambda.aws_ecr_repository.this",
            "module.websocket_lambda.null_resource.run_script"
          ],
          "create_before_destroy": true
        },
        {
          "index_key": "rastreamento",
          "schema_version": 0,
          "attributes": {
            "id": "rmrzn8",
            "parent_id": "ngdr32",
            "path": "/api/rastreamento",
            "path_part": "rastreamento",
            "region": "us-east-1",
            "rest_api_id": "tntpd380l5"
          },
          "sensitive_attributes": [],
          "identity_schema_version": 0,
          "private": "bnVsbA==",
          "dependencies": [
            "aws_apigatewayv2_api.websocket_api",
            "module.api_gateway.aws_api_gateway_resource.main_resource",
            "module.api_gateway.aws_api_gateway_rest_api.rest_api",
            "module.auth_lambda.aws_iam_role.lambda_role",
            "module.auth_lambda.aws_lambda_function.lambda",
            "module.auth_lambda.data.aws_caller_identity.current",
            "module.auth_lambda.data.aws_iam_policy_document.policy_doc",
            "module.auth_lambda.module.repo_ecr_lambda.aws_ecr_repository.this",
            "module.auth_lambda.null_resource.run_script",
            "module.events_queue.aws_sqs_queue.dead_letter_fifo_queue",
            "module.events_queue.aws_sqs_queue.fifo_queue",
            "module.locations_table.aws_dynamodb_table.this",
            "module.notificacoes_lambda.aws_iam_role.lambda_role",
            "module.notificacoes_lambda.aws_lambda_function.lambda",
            "module.notificacoes_lambda.data.aws_caller_identity.current",
            "module.notificacoes_lambda.data.aws_iam_policy_document.policy_doc",
            "module.notificacoes_lambda.module.repo_ecr_lambda.aws_ecr_repository.this",
            "module.notificacoes_lambda.null_resource.run_script",
            "module.notifications_general_topic.aws_sns_topic.this",
            "module.notifications_premium_topic.aws_sns_topic.this",
            "module.notifications_regional_topic.aws_sns_topic.this",
            "module.notifications_table.aws_dynamodb_table.this",
            "module.pedidos_lambda.aws_iam_role.lambda_role",
            "module.pedidos_lambda.aws_lambda_function.lambda",
            "module.pedidos_lambda.data.aws_caller_identity.current",
            "module.pedidos_lambda.data.aws_iam_policy_document.policy_doc",
            "module.pedidos_lambda.module.repo_ecr_lambda.aws_ecr_repository.this",
            "module.pedidos_lambda.null_resource.run_script",
            "module.pedidos_table.aws_dynamodb_table.this",
            "module.rastreamento_lambda.aws_iam_role.lambda_role",
            "module.rastreamento_lambda.aws_lambda_function.lambda",
            "module.rastreamento_lambda.data.aws_caller_identity.current",
            "module.rastreamento_lambda.data.aws_iam_policy_document.policy_doc",
            "module.rastreamento_lambda.module.repo_ecr_lambda.aws_ecr_repository.this",
            "module.rastreamento_lambda.null_resource.run_script",
            "module.users_table.aws_dynamodb_table.this",
            "module.usuarios_lambda.aws_iam_role.lambda_role",
            "module.usuarios_lambda.aws_lambda_function.lambda",
            "module.usuarios_lambda.data.aws_caller_identity.current",
            "module.usuarios_lambda.data.aws_iam_policy_document.policy_doc",
            "module.usuarios_lambda.module.repo_ecr_lambda.aws_ecr_repository.this",
            "module.usuarios_lambda.null_resource.run_script",
            "module.websocket_connections_table.aws_dynamodb_table.this",
            "module.websocket_lambda.aws_iam_role.lambda_role",
            "module.websocket_lambda.aws_lambda_function.lambda",
            "module.websocket_lambda.data.aws_caller_identity.current",
            "module.websocket_lambda.data.aws_iam_policy_document.policy_doc",
            "module.websocket_lambda.module.repo_ecr_lambda.aws_ecr_repository.this",
            "module.websocket_lambda.null_resource.run_script"
          ],
          "create_before_destroy": true
        }
      ]
    },
    {
      "module": "module.api_gateway",
      "mode": "managed",
      "type": "aws_api_gateway_resource",
      "name": "main_resource",
      "provider": "provider[\"registry.terraform.io/hashicorp/aws\"]",
      "instances": [
        {
          "index_key": 0,
          "schema_version": 0,
          "attributes": {
            "id": "ngdr32",
            "parent_id": "e0mv70g2w2",
            "path": "/api",
            "path_part": "api",
            "region": "us-east-1",
            "rest_api_id": "tntpd380l5"
          },
          "sensitive_attributes": [],
          "identity_schema_version": 0,
          "private": "bnVsbA==",
          "dependencies": [
            "aws_apigatewayv2_api.websocket_api",
            "module.api_gateway.aws_api_gateway_rest_api.rest_api",
            "module.auth_lambda.aws_iam_role.lambda_role",
            "module.auth_lambda.aws_lambda_function.lambda",
            "module.auth_lambda.data.aws_caller_identity.current",
            "module.auth_lambda.data.aws_iam_policy_document.policy_doc",
            "module.auth_lambda.module.repo_ecr_lambda.aws_ecr_repository.this",
            "module.auth_lambda.null_resource.run_script",
            "module.events_queue.aws_sqs_queue.dead_letter_fifo_queue",
            "module.events_queue.aws_sqs_queue.fifo_queue",
            "module.locations_table.aws_dynamodb_table.this",
            "module.notificacoes_lambda.aws_iam_role.lambda_role",
            "module.notificacoes_lambda.aws_lambda_function.lambda",
            "module.notificacoes_lambda.data.aws_caller_identity.current",
            "module.notificacoes_lambda.data.aws_iam_policy_document.policy_doc",
            "module.notificacoes_lambda.module.repo_ecr_lambda.aws_ecr_repository.this",
            "module.notificacoes_lambda.null_resource.run_script",
            "module.notifications_general_topic.aws_sns_topic.this",
            "module.notifications_premium_topic.aws_sns_topic.this",
            "module.notifications_regional_topic.aws_sns_topic.this",
            "module.notifications_table.aws_dynamodb_table.this",
            "module.pedidos_lambda.aws_iam_role.lambda_role",
            "module.pedidos_lambda.aws_lambda_function.lambda",
            "module.pedidos_lambda.data.aws_caller_identity.current",
            "module.pedidos_lambda.data.aws_iam_policy_document.policy_doc",
            "module.pedidos_lambda.module.repo_ecr_lambda.aws_ecr_repository.this",
            "module.pedidos_lambda.null_resource.run_script",
            "module.pedidos_table.aws_dynamodb_table.this",
            "module.rastreamento_lambda.aws_iam_role.lambda_role",
            "module.rastreamento_lambda.aws_lambda_function.lambda",
            "module.rastreamento_lambda.data.aws_caller_identity.current",
            "module.rastreamento_lambda.data.aws_iam_policy_document.policy_doc",
            "module.rastreamento_lambda.module.repo_ecr_lambda.aws_ecr_repository.this",
            "module.rastreamento_lambda.null_resource.run_script",
            "module.users_table.aws_dynamodb_table.this",
            "module.usuarios_lambda.aws_iam_role.lambda_role",
            "module.usuarios_lambda.aws_lambda_function.lambda",
            "module.usuarios_lambda.data.aws_caller_identity.current",
            "module.usuarios_lambda.data.aws_iam_policy_document.policy_doc",
            "module.usuarios_lambda.module.repo_ecr_lambda.aws_ecr_repository.this",
            "module.usuarios_lambda.null_resource.run_script",
            "module.websocket_connections_table.aws_dynamodb_table.this",
            "module.websocket_lambda.aws_iam_role.lambda_role",
            "module.websocket_lambda.aws_lambda_function.lambda",
            "module.websocket_lambda.data.aws_caller_identity.current",
            "module.websocket_lambda.data.aws_iam_policy_document.policy_doc",
            "module.websocket_lambda.module.repo_ecr_lambda.aws_ecr_repository.this",
            "module.websocket_lambda.null_resource.run_script"
          ],
          "create_before_destroy": true
        }
      ]
    },
    {
      "module": "module.api_gateway",
      "mode": "managed",
      "type": "aws_api_gateway_resource",
      "name": "variable_resources",
      "provider": "provider[\"registry.terraform.io/hashicorp/aws\"]",
      "instances": [
        {
          "index_key": "0",
          "schema_version": 0,
          "attributes": {
            "id": "ldyjiw",
            "parent_id": "yd5mw2",
            "path": "/api/auth/login",
            "path_part": "login",
            "region": "us-east-1",
            "rest_api_id": "tntpd380l5"
          },
          "sensitive_attributes": [],
          "identity_schema_version": 0,
          "private": "bnVsbA==",
          "dependencies": [
            "aws_apigatewayv2_api.websocket_api",
            "module.api_gateway.aws_api_gateway_resource.base_resources",
            "module.api_gateway.aws_api_gateway_resource.main_resource",
            "module.api_gateway.aws_api_gateway_rest_api.rest_api",
            "module.auth_lambda.aws_iam_role.lambda_role",
            "module.auth_lambda.aws_lambda_function.lambda",
            "module.auth_lambda.data.aws_caller_identity.current",
            "module.auth_lambda.data.aws_iam_policy_document.policy_doc",
            "module.auth_lambda.module.repo_ecr_lambda.aws_ecr_repository.this",
            "module.auth_lambda.null_resource.run_script",
            "module.events_queue.aws_sqs_queue.dead_letter_fifo_queue",
            "module.events_queue.aws_sqs_queue.fifo_queue",
            "module.locations_table.aws_dynamodb_table.this",
            "module.notificacoes_lambda.aws_iam_role.lambda_role",
            "module.notificacoes_lambda.aws_lambda_function.lambda",
            "module.notificacoes_lambda.data.aws_caller_identity.current",
            "module.notificacoes_lambda.data.aws_iam_policy_document.policy_doc",
            "module.notificacoes_lambda.module.repo_ecr_lambda.aws_ecr_repository.this",
            "module.notificacoes_lambda.null_resource.run_script",
            "module.notifications_general_topic.aws_sns_topic.this",
            "module.notifications_premium_topic.aws_sns_topic.this",
            "module.notifications_regional_topic.aws_sns_topic.this",
            "module.notifications_table.aws_dynamodb_table.this",
            "module.pedidos_lambda.aws_iam_role.lambda_role",
            "module.pedidos_lambda.aws_lambda_function.lambda",
            "module.pedidos_lambda.data.aws_caller_identity.current",
            "module.pedidos_lambda.data.aws_iam_policy_document.policy_doc",
            "module.pedidos_lambda.module.repo_ecr_lambda.aws_ecr_repository.this",
            "module.pedidos_lambda.null_resource.run_script",
            "module.pedidos_table.aws_dynamodb_table.this",
            "module.rastreamento_lambda.aws_iam_role.lambda_role",
            "module.rastreamento_lambda.aws_lambda_function.lambda",
            "module.rastreamento_lambda.data.aws_caller_identity.current",
            "module.rastreamento_lambda.data.aws_iam_policy_document.policy_doc",
            "module.rastreamento_lambda.module.repo_ecr_lambda.aws_ecr_repository.this",
            "module.rastreamento_lambda.null_resource.run_script",
            "module.users_table.aws_dynamodb_table.this",
            "module.usuarios_lambda.aws_iam_role.lambda_role",
            "module.usuarios_lambda.aws_lambda_function.lambda",
            "module.usuarios_lambda.data.aws_caller_identity.current",
            "module.usuarios_lambda.data.aws_iam_policy_document.policy_doc",
            "module.usuarios_lambda.module.repo_ecr_lambda.aws_ecr_repository.this",
            "module.usuarios_lambda.null_resource.run_script",
            "module.websocket_connections_table.aws_dynamodb_table.this",
            "module.websocket_lambda.aws_iam_role.lambda_role",
            "module.websocket_lambda.aws_lambda_function.lambda",
            "module.websocket_lambda.data.aws_caller_identity.current",
            "module.websocket_lambda.data.aws_iam_policy_document.policy_doc",
            "module.websocket_lambda.module.repo_ecr_lambda.aws_ecr_repository.this",
            "module.websocket_lambda.null_resource.run_script"
          ],
          "create_before_destroy": true
        },
        {
          "index_key": "1",
          "schema_version": 0,
          "attributes": {
            "id": "mo799y",
            "parent_id": "yd5mw2",
            "path": "/api/auth/registro-cliente",
            "path_part": "registro-cliente",
            "region": "us-east-1",
            "rest_api_id": "tntpd380l5"
          },
          "sensitive_attributes": [],
          "identity_schema_version": 0,
          "private": "bnVsbA==",
          "dependencies": [
            "aws_apigatewayv2_api.websocket_api",
            "module.api_gateway.aws_api_gateway_resource.base_resources",
            "module.api_gateway.aws_api_gateway_resource.main_resource",
            "module.api_gateway.aws_api_gateway_rest_api.rest_api",
            "module.auth_lambda.aws_iam_role.lambda_role",
            "module.auth_lambda.aws_lambda_function.lambda",
            "module.auth_lambda.data.aws_caller_identity.current",
            "module.auth_lambda.data.aws_iam_policy_document.policy_doc",
            "module.auth_lambda.module.repo_ecr_lambda.aws_ecr_repository.this",
            "module.auth_lambda.null_resource.run_script",
            "module.events_queue.aws_sqs_queue.dead_letter_fifo_queue",
            "module.events_queue.aws_sqs_queue.fifo_queue",
            "module.locations_table.aws_dynamodb_table.this",
            "module.notificacoes_lambda.aws_iam_role.lambda_role",
            "module.notificacoes_lambda.aws_lambda_function.lambda",
            "module.notificacoes_lambda.data.aws_caller_identity.current",
            "module.notificacoes_lambda.data.aws_iam_policy_document.policy_doc",
            "module.notificacoes_lambda.module.repo_ecr_lambda.aws_ecr_repository.this",
            "module.notificacoes_lambda.null_resource.run_script",
            "module.notifications_general_topic.aws_sns_topic.this",
            "module.notifications_premium_topic.aws_sns_topic.this",
            "module.notifications_regional_topic.aws_sns_topic.this",
            "module.notifications_table.aws_dynamodb_table.this",
            "module.pedidos_lambda.aws_iam_role.lambda_role",
            "module.pedidos_lambda.aws_lambda_function.lambda",
            "module.pedidos_lambda.data.aws_caller_identity.current",
            "module.pedidos_lambda.data.aws_iam_policy_document.policy_doc",
            "module.pedidos_lambda.module.repo_ecr_lambda.aws_ecr_repository.this",
            "module.pedidos_lambda.null_resource.run_script",
            "module.pedidos_table.aws_dynamodb_table.this",
            "module.rastreamento_lambda.aws_iam_role.lambda_role",
            "module.rastreamento_lambda.aws_lambda_function.lambda",
            "module.rastreamento_lambda.data.aws_caller_identity.current",
            "module.rastreamento_lambda.data.aws_iam_policy_document.policy_doc",
            "module.rastreamento_lambda.module.repo_ecr_lambda.aws_ecr_repository.this",
            "module.rastreamento_lambda.null_resource.run_script",
            "module.users_table.aws_dynamodb_table.this",
            "module.usuarios_lambda.aws_iam_role.lambda_role",
            "module.usuarios_lambda.aws_lambda_function.lambda",
            "module.usuarios_lambda.data.aws_caller_identity.current",
            "module.usuarios_lambda.data.aws_iam_policy_document.policy_doc",
            "module.usuarios_lambda.module.repo_ecr_lambda.aws_ecr_repository.this",
            "module.usuarios_lambda.null_resource.run_script",
            "module.websocket_connections_table.aws_dynamodb_table.this",
            "module.websocket_lambda.aws_iam_role.lambda_role",
            "module.websocket_lambda.aws_lambda_function.lambda",
            "module.websocket_lambda.data.aws_caller_identity.current",
            "module.websocket_lambda.data.aws_iam_policy_document.policy_doc",
            "module.websocket_lambda.module.repo_ecr_lambda.aws_ecr_repository.this",
            "module.websocket_lambda.null_resource.run_script"
          ],
          "create_before_destroy": true
        },
        {
          "index_key": "10",
          "schema_version": 0,
          "attributes": {
            "id": "zmu2vn",
            "parent_id": "42swa8",
            "path": "/api/pedidos/status",
            "path_part": "status",
            "region": "us-east-1",
            "rest_api_id": "tntpd380l5"
          },
          "sensitive_attributes": [],
          "identity_schema_version": 0,
          "private": "bnVsbA==",
          "dependencies": [
            "aws_apigatewayv2_api.websocket_api",
            "module.api_gateway.aws_api_gateway_resource.base_resources",
            "module.api_gateway.aws_api_gateway_resource.main_resource",
            "module.api_gateway.aws_api_gateway_rest_api.rest_api",
            "module.auth_lambda.aws_iam_role.lambda_role",
            "module.auth_lambda.aws_lambda_function.lambda",
            "module.auth_lambda.data.aws_caller_identity.current",
            "module.auth_lambda.data.aws_iam_policy_document.policy_doc",
            "module.auth_lambda.module.repo_ecr_lambda.aws_ecr_repository.this",
            "module.auth_lambda.null_resource.run_script",
            "module.events_queue.aws_sqs_queue.dead_letter_fifo_queue",
            "module.events_queue.aws_sqs_queue.fifo_queue",
            "module.locations_table.aws_dynamodb_table.this",
            "module.notificacoes_lambda.aws_iam_role.lambda_role",
            "module.notificacoes_lambda.aws_lambda_function.lambda",
            "module.notificacoes_lambda.data.aws_caller_identity.current",
            "module.notificacoes_lambda.data.aws_iam_policy_document.policy_doc",
            "module.notificacoes_lambda.module.repo_ecr_lambda.aws_ecr_repository.this",
            "module.notificacoes_lambda.null_resource.run_script",
            "module.notifications_general_topic.aws_sns_topic.this",
            "module.notifications_premium_topic.aws_sns_topic.this",
            "module.notifications_regional_topic.aws_sns_topic.this",
            "module.notifications_table.aws_dynamodb_table.this",
            "module.pedidos_lambda.aws_iam_role.lambda_role",
            "module.pedidos_lambda.aws_lambda_function.lambda",
            "module.pedidos_lambda.data.aws_caller_identity.current",
            "module.pedidos_lambda.data.aws_iam_policy_document.policy_doc",
            "module.pedidos_lambda.module.repo_ecr_lambda.aws_ecr_repository.this",
            "module.pedidos_lambda.null_resource.run_script",
            "module.pedidos_table.aws_dynamodb_table.this",
            "module.rastreamento_lambda.aws_iam_role.lambda_role",
            "module.rastreamento_lambda.aws_lambda_function.lambda",
            "module.rastreamento_lambda.data.aws_caller_identity.current",
            "module.rastreamento_lambda.data.aws_iam_policy_document.policy_doc",
            "module.rastreamento_lambda.module.repo_ecr_lambda.aws_ecr_repository.this",
            "module.rastreamento_lambda.null_resource.run_script",
            "module.users_table.aws_dynamodb_table.this",
            "module.usuarios_lambda.aws_iam_role.lambda_role",
            "module.usuarios_lambda.aws_lambda_function.lambda",
            "module.usuarios_lambda.data.aws_caller_identity.current",
            "module.usuarios_lambda.data.aws_iam_policy_document.policy_doc",
            "module.usuarios_lambda.module.repo_ecr_lambda.aws_ecr_repository.this",
            "module.usuarios_lambda.null_resource.run_script",
            "module.websocket_connections_table.aws_dynamodb_table.this",
            "module.websocket_lambda.aws_iam_role.lambda_role",
            "module.websocket_lambda.aws_lambda_function.lambda",
            "module.websocket_lambda.data.aws_caller_identity.current",
            "module.websocket_lambda.data.aws_iam_policy_document.policy_doc",
            "module.websocket_lambda.module.repo_ecr_lambda.aws_ecr_repository.this",
            "module.websocket_lambda.null_resource.run_script"
          ],
          "create_before_destroy": true
        },
        {
          "index_key": "11",
          "schema_version": 0,
          "attributes": {
            "id": "qfhbdx",
            "parent_id": "hqdaib",
            "path": "/api/notificacoes/preferencias",
            "path_part": "preferencias",
            "region": "us-east-1",
            "rest_api_id": "tntpd380l5"
          },
          "sensitive_attributes": [],
          "identity_schema_version": 0,
          "private": "bnVsbA==",
          "dependencies": [
            "aws_apigatewayv2_api.websocket_api",
            "module.api_gateway.aws_api_gateway_resource.base_resources",
            "module.api_gateway.aws_api_gateway_resource.main_resource",
            "module.api_gateway.aws_api_gateway_rest_api.rest_api",
            "module.auth_lambda.aws_iam_role.lambda_role",
            "module.auth_lambda.aws_lambda_function.lambda",
            "module.auth_lambda.data.aws_caller_identity.current",
            "module.auth_lambda.data.aws_iam_policy_document.policy_doc",
            "module.auth_lambda.module.repo_ecr_lambda.aws_ecr_repository.this",
            "module.auth_lambda.null_resource.run_script",
            "module.events_queue.aws_sqs_queue.dead_letter_fifo_queue",
            "module.events_queue.aws_sqs_queue.fifo_queue",
            "module.locations_table.aws_dynamodb_table.this",
            "module.notificacoes_lambda.aws_iam_role.lambda_role",
            "module.notificacoes_lambda.aws_lambda_function.lambda",
            "module.notificacoes_lambda.data.aws_caller_identity.current",
            "module.notificacoes_lambda.data.aws_iam_policy_document.policy_doc",
            "module.notificacoes_lambda.module.repo_ecr_lambda.aws_ecr_repository.this",
            "module.notificacoes_lambda.null_resource.run_script",
            "module.notifications_general_topic.aws_sns_topic.this",
            "module.notifications_premium_topic.aws_sns_topic.this",
            "module.notifications_regional_topic.aws_sns_topic.this",
            "module.notifications_table.aws_dynamodb_table.this",
            "module.pedidos_lambda.aws_iam_role.lambda_role",
            "module.pedidos_lambda.aws_lambda_function.lambda",
            "module.pedidos_lambda.data.aws_caller_identity.current",
            "module.pedidos_lambda.data.aws_iam_policy_document.policy_doc",
            "module.pedidos_lambda.module.repo_ecr_lambda.aws_ecr_repository.this",
            "module.pedidos_lambda.null_resource.run_script",
            "module.pedidos_table.aws_dynamodb_table.this",
            "module.rastreamento_lambda.aws_iam_role.lambda_role",
            "module.rastreamento_lambda.aws_lambda_function.lambda",
            "module.rastreamento_lambda.data.aws_caller_identity.current",
            "module.rastreamento_lambda.data.aws_iam_policy_document.policy_doc",
            "module.rastreamento_lambda.module.repo_ecr_lambda.aws_ecr_repository.this",
            "module.rastreamento_lambda.null_resource.run_script",
            "module.users_table.aws_dynamodb_table.this",
            "module.usuarios_lambda.aws_iam_role.lambda_role",
            "module.usuarios_lambda.aws_lambda_function.lambda",
            "module.usuarios_lambda.data.aws_caller_identity.current",
            "module.usuarios_lambda.data.aws_iam_policy_document.policy_doc",
            "module.usuarios_lambda.module.repo_ecr_lambda.aws_ecr_repository.this",
            "module.usuarios_lambda.null_resource.run_script",
            "module.websocket_connections_table.aws_dynamodb_table.this",
            "module.websocket_lambda.aws_iam_role.lambda_role",
            "module.websocket_lambda.aws_lambda_function.lambda",
            "module.websocket_lambda.data.aws_caller_identity.current",
            "module.websocket_lambda.data.aws_iam_policy_document.policy_doc",
            "module.websocket_lambda.module.repo_ecr_lambda.aws_ecr_repository.this",
            "module.websocket_lambda.null_resource.run_script"
          ],
          "create_before_destroy": true
        },
        {
          "index_key": "12",
          "schema_version": 0,
          "attributes": {
            "id": "j4xccw",
            "parent_id": "hqdaib",
            "path": "/api/notificacoes/destinatario",
            "path_part": "destinatario",
            "region": "us-east-1",
            "rest_api_id": "tntpd380l5"
          },
          "sensitive_attributes": [],
          "identity_schema_version": 0,
          "private": "bnVsbA==",
          "dependencies": [
            "aws_apigatewayv2_api.websocket_api",
            "module.api_gateway.aws_api_gateway_resource.base_resources",
            "module.api_gateway.aws_api_gateway_resource.main_resource",
            "module.api_gateway.aws_api_gateway_rest_api.rest_api",
            "module.auth_lambda.aws_iam_role.lambda_role",
            "module.auth_lambda.aws_lambda_function.lambda",
            "module.auth_lambda.data.aws_caller_identity.current",
            "module.auth_lambda.data.aws_iam_policy_document.policy_doc",
            "module.auth_lambda.module.repo_ecr_lambda.aws_ecr_repository.this",
            "module.auth_lambda.null_resource.run_script",
            "module.events_queue.aws_sqs_queue.dead_letter_fifo_queue",
            "module.events_queue.aws_sqs_queue.fifo_queue",
            "module.locations_table.aws_dynamodb_table.this",
            "module.notificacoes_lambda.aws_iam_role.lambda_role",
            "module.notificacoes_lambda.aws_lambda_function.lambda",
            "module.notificacoes_lambda.data.aws_caller_identity.current",
            "module.notificacoes_lambda.data.aws_iam_policy_document.policy_doc",
            "module.notificacoes_lambda.module.repo_ecr_lambda.aws_ecr_repository.this",
            "module.notificacoes_lambda.null_resource.run_script",
            "module.notifications_general_topic.aws_sns_topic.this",
            "module.notifications_premium_topic.aws_sns_topic.this",
            "module.notifications_regional_topic.aws_sns_topic.this",
            "module.notifications_table.aws_dynamodb_table.this",
            "module.pedidos_lambda.aws_iam_role.lambda_role",
            "module.pedidos_lambda.aws_lambda_function.lambda",
            "module.pedidos_lambda.data.aws_caller_identity.current",
            "module.pedidos_lambda.data.aws_iam_policy_document.policy_doc",
            "module.pedidos_lambda.module.repo_ecr_lambda.aws_ecr_repository.this",
            "module.pedidos_lambda.null_resource.run_script",
            "module.pedidos_table.aws_dynamodb_table.this",
            "module.rastreamento_lambda.aws_iam_role.lambda_role",
            "module.rastreamento_lambda.aws_lambda_function.lambda",
            "module.rastreamento_lambda.data.aws_caller_identity.current",
            "module.rastreamento_lambda.data.aws_iam_policy_document.policy_doc",
            "module.rastreamento_lambda.module.repo_ecr_lambda.aws_ecr_repository.this",
            "module.rastreamento_lambda.null_resource.run_script",
            "module.users_table.aws_dynamodb_table.this",
            "module.usuarios_lambda.aws_iam_role.lambda_role",
            "module.usuarios_lambda.aws_lambda_function.lambda",
            "module.usuarios_lambda.data.aws_caller_identity.current",
            "module.usuarios_lambda.data.aws_iam_policy_document.policy_doc",
            "module.usuarios_lambda.module.repo_ecr_lambda.aws_ecr_repository.this",
            "module.usuarios_lambda.null_resource.run_script",
            "module.websocket_connections_table.aws_dynamodb_table.this",
            "module.websocket_lambda.aws_iam_role.lambda_role",
            "module.websocket_lambda.aws_lambda_function.lambda",
            "module.websocket_lambda.data.aws_caller_identity.current",
            "module.websocket_lambda.data.aws_iam_policy_document.policy_doc",
            "module.websocket_lambda.module.repo_ecr_lambda.aws_ecr_repository.this",
            "module.websocket_lambda.null_resource.run_script"
          ],
          "create_before_destroy": true
        },
        {
          "index_key": "13",
          "schema_version": 0,
          "attributes": {
            "id": "o4besn",
            "parent_id": "hqdaib",
            "path": "/api/notificacoes/{notificacaoId}",
            "path_part": "{notificacaoId}",
            "region": "us-east-1",
            "rest_api_id": "tntpd380l5"
          },
          "sensitive_attributes": [],
          "identity_schema_version": 0,
          "private": "bnVsbA==",
          "dependencies": [
            "aws_apigatewayv2_api.websocket_api",
            "module.api_gateway.aws_api_gateway_resource.base_resources",
            "module.api_gateway.aws_api_gateway_resource.main_resource",
            "module.api_gateway.aws_api_gateway_rest_api.rest_api",
            "module.auth_lambda.aws_iam_role.lambda_role",
            "module.auth_lambda.aws_lambda_function.lambda",
            "module.auth_lambda.data.aws_caller_identity.current",
            "module.auth_lambda.data.aws_iam_policy_document.policy_doc",
            "module.auth_lambda.module.repo_ecr_lambda.aws_ecr_repository.this",
            "module.auth_lambda.null_resource.run_script",
            "module.events_queue.aws_sqs_queue.dead_letter_fifo_queue",
            "module.events_queue.aws_sqs_queue.fifo_queue",
            "module.locations_table.aws_dynamodb_table.this",
            "module.notificacoes_lambda.aws_iam_role.lambda_role",
            "module.notificacoes_lambda.aws_lambda_function.lambda",
            "module.notificacoes_lambda.data.aws_caller_identity.current",
            "module.notificacoes_lambda.data.aws_iam_policy_document.policy_doc",
            "module.notificacoes_lambda.module.repo_ecr_lambda.aws_ecr_repository.this",
            "module.notificacoes_lambda.null_resource.run_script",
            "module.notifications_general_topic.aws_sns_topic.this",
            "module.notifications_premium_topic.aws_sns_topic.this",
            "module.notifications_regional_topic.aws_sns_topic.this",
            "module.notifications_table.aws_dynamodb_table.this",
            "module.pedidos_lambda.aws_iam_role.lambda_role",
            "module.pedidos_lambda.aws_lambda_function.lambda",
            "module.pedidos_lambda.data.aws_caller_identity.current",
            "module.pedidos_lambda.data.aws_iam_policy_document.policy_doc",
            "module.pedidos_lambda.module.repo_ecr_lambda.aws_ecr_repository.this",
            "module.pedidos_lambda.null_resource.run_script",
            "module.pedidos_table.aws_dynamodb_table.this",
            "module.rastreamento_lambda.aws_iam_role.lambda_role",
            "module.rastreamento_lambda.aws_lambda_function.lambda",
            "module.rastreamento_lambda.data.aws_caller_identity.current",
            "module.rastreamento_lambda.data.aws_iam_policy_document.policy_doc",
            "module.rastreamento_lambda.module.repo_ecr_lambda.aws_ecr_repository.this",
            "module.rastreamento_lambda.null_resource.run_script",
            "module.users_table.aws_dynamodb_table.this",
            "module.usuarios_lambda.aws_iam_role.lambda_role",
            "module.usuarios_lambda.aws_lambda_function.lambda",
            "module.usuarios_lambda.data.aws_caller_identity.current",
            "module.usuarios_lambda.data.aws_iam_policy_document.policy_doc",
            "module.usuarios_lambda.module.repo_ecr_lambda.aws_ecr_repository.this",
            "module.usuarios_lambda.null_resource.run_script",
            "module.websocket_connections_table.aws_dynamodb_table.this",
            "module.websocket_lambda.aws_iam_role.lambda_role",
            "module.websocket_lambda.aws_lambda_function.lambda",
            "module.websocket_lambda.data.aws_caller_identity.current",
            "module.websocket_lambda.data.aws_iam_policy_document.policy_doc",
            "module.websocket_lambda.module.repo_ecr_lambda.aws_ecr_repository.this",
            "module.websocket_lambda.null_resource.run_script"
          ],
          "create_before_destroy": true
        },
        {
          "index_key": "14",
          "schema_version": 0,
          "attributes": {
            "id": "rwrixq",
            "parent_id": "hqdaib",
            "path": "/api/notificacoes/preferencias-usuario",
            "path_part": "preferencias-usuario",
            "region": "us-east-1",
            "rest_api_id": "tntpd380l5"
          },
          "sensitive_attributes": [],
          "identity_schema_version": 0,
          "private": "bnVsbA==",
          "dependencies": [
            "aws_apigatewayv2_api.websocket_api",
            "module.api_gateway.aws_api_gateway_resource.base_resources",
            "module.api_gateway.aws_api_gateway_resource.main_resource",
            "module.api_gateway.aws_api_gateway_rest_api.rest_api",
            "module.auth_lambda.aws_iam_role.lambda_role",
            "module.auth_lambda.aws_lambda_function.lambda",
            "module.auth_lambda.data.aws_caller_identity.current",
            "module.auth_lambda.data.aws_iam_policy_document.policy_doc",
            "module.auth_lambda.module.repo_ecr_lambda.aws_ecr_repository.this",
            "module.auth_lambda.null_resource.run_script",
            "module.events_queue.aws_sqs_queue.dead_letter_fifo_queue",
            "module.events_queue.aws_sqs_queue.fifo_queue",
            "module.locations_table.aws_dynamodb_table.this",
            "module.notificacoes_lambda.aws_iam_role.lambda_role",
            "module.notificacoes_lambda.aws_lambda_function.lambda",
            "module.notificacoes_lambda.data.aws_caller_identity.current",
            "module.notificacoes_lambda.data.aws_iam_policy_document.policy_doc",
            "module.notificacoes_lambda.module.repo_ecr_lambda.aws_ecr_repository.this",
            "module.notificacoes_lambda.null_resource.run_script",
            "module.notifications_general_topic.aws_sns_topic.this",
            "module.notifications_premium_topic.aws_sns_topic.this",
            "module.notifications_regional_topic.aws_sns_topic.this",
            "module.notifications_table.aws_dynamodb_table.this",
            "module.pedidos_lambda.aws_iam_role.lambda_role",
            "module.pedidos_lambda.aws_lambda_function.lambda",
            "module.pedidos_lambda.data.aws_caller_identity.current",
            "module.pedidos_lambda.data.aws_iam_policy_document.policy_doc",
            "module.pedidos_lambda.module.repo_ecr_lambda.aws_ecr_repository.this",
            "module.pedidos_lambda.null_resource.run_script",
            "module.pedidos_table.aws_dynamodb_table.this",
            "module.rastreamento_lambda.aws_iam_role.lambda_role",
            "module.rastreamento_lambda.aws_lambda_function.lambda",
            "module.rastreamento_lambda.data.aws_caller_identity.current",
            "module.rastreamento_lambda.data.aws_iam_policy_document.policy_doc",
            "module.rastreamento_lambda.module.repo_ecr_lambda.aws_ecr_repository.this",
            "module.rastreamento_lambda.null_resource.run_script",
            "module.users_table.aws_dynamodb_table.this",
            "module.usuarios_lambda.aws_iam_role.lambda_role",
            "module.usuarios_lambda.aws_lambda_function.lambda",
            "module.usuarios_lambda.data.aws_caller_identity.current",
            "module.usuarios_lambda.data.aws_iam_policy_document.policy_doc",
            "module.usuarios_lambda.module.repo_ecr_lambda.aws_ecr_repository.this",
            "module.usuarios_lambda.null_resource.run_script",
            "module.websocket_connections_table.aws_dynamodb_table.this",
            "module.websocket_lambda.aws_iam_role.lambda_role",
            "module.websocket_lambda.aws_lambda_function.lambda",
            "module.websocket_lambda.data.aws_caller_identity.current",
            "module.websocket_lambda.data.aws_iam_policy_document.policy_doc",
            "module.websocket_lambda.module.repo_ecr_lambda.aws_ecr_repository.this",
            "module.websocket_lambda.null_resource.run_script"
          ],
          "create_before_destroy": true
        },
        {
          "index_key": "15",
          "schema_version": 0,
          "attributes": {
            "id": "xu5slc",
            "parent_id": "rmrzn8",
            "path": "/api/rastreamento/pedido",
            "path_part": "pedido",
            "region": "us-east-1",
            "rest_api_id": "tntpd380l5"
          },
          "sensitive_attributes": [],
          "identity_schema_version": 0,
          "private": "bnVsbA==",
          "dependencies": [
            "aws_apigatewayv2_api.websocket_api",
            "module.api_gateway.aws_api_gateway_resource.base_resources",
            "module.api_gateway.aws_api_gateway_resource.main_resource",
            "module.api_gateway.aws_api_gateway_rest_api.rest_api",
            "module.auth_lambda.aws_iam_role.lambda_role",
            "module.auth_lambda.aws_lambda_function.lambda",
            "module.auth_lambda.data.aws_caller_identity.current",
            "module.auth_lambda.data.aws_iam_policy_document.policy_doc",
            "module.auth_lambda.module.repo_ecr_lambda.aws_ecr_repository.this",
            "module.auth_lambda.null_resource.run_script",
            "module.events_queue.aws_sqs_queue.dead_letter_fifo_queue",
            "module.events_queue.aws_sqs_queue.fifo_queue",
            "module.locations_table.aws_dynamodb_table.this",
            "module.notificacoes_lambda.aws_iam_role.lambda_role",
            "module.notificacoes_lambda.aws_lambda_function.lambda",
            "module.notificacoes_lambda.data.aws_caller_identity.current",
            "module.notificacoes_lambda.data.aws_iam_policy_document.policy_doc",
            "module.notificacoes_lambda.module.repo_ecr_lambda.aws_ecr_repository.this",
            "module.notificacoes_lambda.null_resource.run_script",
            "module.notifications_general_topic.aws_sns_topic.this",
            "module.notifications_premium_topic.aws_sns_topic.this",
            "module.notifications_regional_topic.aws_sns_topic.this",
            "module.notifications_table.aws_dynamodb_table.this",
            "module.pedidos_lambda.aws_iam_role.lambda_role",
            "module.pedidos_lambda.aws_lambda_function.lambda",
            "module.pedidos_lambda.data.aws_caller_identity.current",
            "module.pedidos_lambda.data.aws_iam_policy_document.policy_doc",
            "module.pedidos_lambda.module.repo_ecr_lambda.aws_ecr_repository.this",
            "module.pedidos_lambda.null_resource.run_script",
            "module.pedidos_table.aws_dynamodb_table.this",
            "module.rastreamento_lambda.aws_iam_role.lambda_role",
            "module.rastreamento_lambda.aws_lambda_function.lambda",
            "module.rastreamento_lambda.data.aws_caller_identity.current",
            "module.rastreamento_lambda.data.aws_iam_policy_document.policy_doc",
            "module.rastreamento_lambda.module.repo_ecr_lambda.aws_ecr_repository.this",
            "module.rastreamento_lambda.null_resource.run_script",
            "module.users_table.aws_dynamodb_table.this",
            "module.usuarios_lambda.aws_iam_role.lambda_role",
            "module.usuarios_lambda.aws_lambda_function.lambda",
            "module.usuarios_lambda.data.aws_caller_identity.current",
            "module.usuarios_lambda.data.aws_iam_policy_document.policy_doc",
            "module.usuarios_lambda.module.repo_ecr_lambda.aws_ecr_repository.this",
            "module.usuarios_lambda.null_resource.run_script",
            "module.websocket_connections_table.aws_dynamodb_table.this",
            "module.websocket_lambda.aws_iam_role.lambda_role",
            "module.websocket_lambda.aws_lambda_function.lambda",
            "module.websocket_lambda.data.aws_caller_identity.current",
            "module.websocket_lambda.data.aws_iam_policy_document.policy_doc",
            "module.websocket_lambda.module.repo_ecr_lambda.aws_ecr_repository.this",
            "module.websocket_lambda.null_resource.run_script"
          ],
          "create_before_destroy": true
        },
        {
          "index_key": "16",
          "schema_version": 0,
          "attributes": {
            "id": "u7b2qw",
            "parent_id": "rmrzn8",
            "path": "/api/rastreamento/historico-pedido",
            "path_part": "historico-pedido",
            "region": "us-east-1",
            "rest_api_id": "tntpd380l5"
          },
          "sensitive_attributes": [],
          "identity_schema_version": 0,
          "private": "bnVsbA==",
          "dependencies": [
            "aws_apigatewayv2_api.websocket_api",
            "module.api_gateway.aws_api_gateway_resource.base_resources",
            "module.api_gateway.aws_api_gateway_resource.main_resource",
            "module.api_gateway.aws_api_gateway_rest_api.rest_api",
            "module.auth_lambda.aws_iam_role.lambda_role",
            "module.auth_lambda.aws_lambda_function.lambda",
            "module.auth_lambda.data.aws_caller_identity.current",
            "module.auth_lambda.data.aws_iam_policy_document.policy_doc",
            "module.auth_lambda.module.repo_ecr_lambda.aws_ecr_repository.this",
            "module.auth_lambda.null_resource.run_script",
            "module.events_queue.aws_sqs_queue.dead_letter_fifo_queue",
            "module.events_queue.aws_sqs_queue.fifo_queue",
            "module.locations_table.aws_dynamodb_table.this",
            "module.notificacoes_lambda.aws_iam_role.lambda_role",
            "module.notificacoes_lambda.aws_lambda_function.lambda",
            "module.notificacoes_lambda.data.aws_caller_identity.current",
            "module.notificacoes_lambda.data.aws_iam_policy_document.policy_doc",
            "module.notificacoes_lambda.module.repo_ecr_lambda.aws_ecr_repository.this",
            "module.notificacoes_lambda.null_resource.run_script",
            "module.notifications_general_topic.aws_sns_topic.this",
            "module.notifications_premium_topic.aws_sns_topic.this",
            "module.notifications_regional_topic.aws_sns_topic.this",
            "module.notifications_table.aws_dynamodb_table.this",
            "module.pedidos_lambda.aws_iam_role.lambda_role",
            "module.pedidos_lambda.aws_lambda_function.lambda",
            "module.pedidos_lambda.data.aws_caller_identity.current",
            "module.pedidos_lambda.data.aws_iam_policy_document.policy_doc",
            "module.pedidos_lambda.module.repo_ecr_lambda.aws_ecr_repository.this",
            "module.pedidos_lambda.null_resource.run_script",
            "module.pedidos_table.aws_dynamodb_table.this",
            "module.rastreamento_lambda.aws_iam_role.lambda_role",
            "module.rastreamento_lambda.aws_lambda_function.lambda",
            "module.rastreamento_lambda.data.aws_caller_identity.current",
            "module.rastreamento_lambda.data.aws_iam_policy_document.policy_doc",
            "module.rastreamento_lambda.module.repo_ecr_lambda.aws_ecr_repository.this",
            "module.rastreamento_lambda.null_resource.run_script",
            "module.users_table.aws_dynamodb_table.this",
            "module.usuarios_lambda.aws_iam_role.lambda_role",
            "module.usuarios_lambda.aws_lambda_function.lambda",
            "module.usuarios_lambda.data.aws_caller_identity.current",
            "module.usuarios_lambda.data.aws_iam_policy_document.policy_doc",
            "module.usuarios_lambda.module.repo_ecr_lambda.aws_ecr_repository.this",
            "module.usuarios_lambda.null_resource.run_script",
            "module.websocket_connections_table.aws_dynamodb_table.this",
            "module.websocket_lambda.aws_iam_role.lambda_role",
            "module.websocket_lambda.aws_lambda_function.lambda",
            "module.websocket_lambda.data.aws_caller_identity.current",
            "module.websocket_lambda.data.aws_iam_policy_document.policy_doc",
            "module.websocket_lambda.module.repo_ecr_lambda.aws_ecr_repository.this",
            "module.websocket_lambda.null_resource.run_script"
          ],
          "create_before_destroy": true
        },
        {
          "index_key": "17",
          "schema_version": 0,
          "attributes": {
            "id": "h6snz5",
            "parent_id": "rmrzn8",
            "path": "/api/rastreamento/registrar-localizacao",
            "path_part": "registrar-localizacao",
            "region": "us-east-1",
            "rest_api_id": "tntpd380l5"
          },
          "sensitive_attributes": [],
          "identity_schema_version": 0,
          "private": "bnVsbA==",
          "dependencies": [
            "aws_apigatewayv2_api.websocket_api",
            "module.api_gateway.aws_api_gateway_resource.base_resources",
            "module.api_gateway.aws_api_gateway_resource.main_resource",
            "module.api_gateway.aws_api_gateway_rest_api.rest_api",
            "module.auth_lambda.aws_iam_role.lambda_role",
            "module.auth_lambda.aws_lambda_function.lambda",
            "module.auth_lambda.data.aws_caller_identity.current",
            "module.auth_lambda.data.aws_iam_policy_document.policy_doc",
            "module.auth_lambda.module.repo_ecr_lambda.aws_ecr_repository.this",
            "module.auth_lambda.null_resource.run_script",
            "module.events_queue.aws_sqs_queue.dead_letter_fifo_queue",
            "module.events_queue.aws_sqs_queue.fifo_queue",
            "module.locations_table.aws_dynamodb_table.this",
            "module.notificacoes_lambda.aws_iam_role.lambda_role",
            "module.notificacoes_lambda.aws_lambda_function.lambda",
            "module.notificacoes_lambda.data.aws_caller_identity.current",
            "module.notificacoes_lambda.data.aws_iam_policy_document.policy_doc",
            "module.notificacoes_lambda.module.repo_ecr_lambda.aws_ecr_repository.this",
            "module.notificacoes_lambda.null_resource.run_script",
            "module.notifications_general_topic.aws_sns_topic.this",
            "module.notifications_premium_topic.aws_sns_topic.this",
            "module.notifications_regional_topic.aws_sns_topic.this",
            "module.notifications_table.aws_dynamodb_table.this",
            "module.pedidos_lambda.aws_iam_role.lambda_role",
            "module.pedidos_lambda.aws_lambda_function.lambda",
            "module.pedidos_lambda.data.aws_caller_identity.current",
            "module.pedidos_lambda.data.aws_iam_policy_document.policy_doc",
            "module.pedidos_lambda.module.repo_ecr_lambda.aws_ecr_repository.this",
            "module.pedidos_lambda.null_resource.run_script",
            "module.pedidos_table.aws_dynamodb_table.this",
            "module.rastreamento_lambda.aws_iam_role.lambda_role",
            "module.rastreamento_lambda.aws_lambda_function.lambda",
            "module.rastreamento_lambda.data.aws_caller_identity.current",
            "module.rastreamento_lambda.data.aws_iam_policy_document.policy_doc",
            "module.rastreamento_lambda.module.repo_ecr_lambda.aws_ecr_repository.this",
            "module.rastreamento_lambda.null_resource.run_script",
            "module.users_table.aws_dynamodb_table.this",
            "module.usuarios_lambda.aws_iam_role.lambda_role",
            "module.usuarios_lambda.aws_lambda_function.lambda",
            "module.usuarios_lambda.data.aws_caller_identity.current",
            "module.usuarios_lambda.data.aws_iam_policy_document.policy_doc",
            "module.usuarios_lambda.module.repo_ecr_lambda.aws_ecr_repository.this",
            "module.usuarios_lambda.null_resource.run_script",
            "module.websocket_connections_table.aws_dynamodb_table.this",
            "module.websocket_lambda.aws_iam_role.lambda_role",
            "module.websocket_lambda.aws_lambda_function.lambda",
            "module.websocket_lambda.data.aws_caller_identity.current",
            "module.websocket_lambda.data.aws_iam_policy_document.policy_doc",
            "module.websocket_lambda.module.repo_ecr_lambda.aws_ecr_repository.this",
            "module.websocket_lambda.null_resource.run_script"
          ],
          "create_before_destroy": true
        },
        {
          "index_key": "18",
          "schema_version": 0,
          "attributes": {
            "id": "tdh147",
            "parent_id": "rmrzn8",
            "path": "/api/rastreamento/acao-coleta",
            "path_part": "acao-coleta",
            "region": "us-east-1",
            "rest_api_id": "tntpd380l5"
          },
          "sensitive_attributes": [],
          "identity_schema_version": 0,
          "private": "bnVsbA==",
          "dependencies": [
            "aws_apigatewayv2_api.websocket_api",
            "module.api_gateway.aws_api_gateway_resource.base_resources",
            "module.api_gateway.aws_api_gateway_resource.main_resource",
            "module.api_gateway.aws_api_gateway_rest_api.rest_api",
            "module.auth_lambda.aws_iam_role.lambda_role",
            "module.auth_lambda.aws_lambda_function.lambda",
            "module.auth_lambda.data.aws_caller_identity.current",
            "module.auth_lambda.data.aws_iam_policy_document.policy_doc",
            "module.auth_lambda.module.repo_ecr_lambda.aws_ecr_repository.this",
            "module.auth_lambda.null_resource.run_script",
            "module.events_queue.aws_sqs_queue.dead_letter_fifo_queue",
            "module.events_queue.aws_sqs_queue.fifo_queue",
            "module.locations_table.aws_dynamodb_table.this",
            "module.notificacoes_lambda.aws_iam_role.lambda_role",
            "module.notificacoes_lambda.aws_lambda_function.lambda",
            "module.notificacoes_lambda.data.aws_caller_identity.current",
            "module.notificacoes_lambda.data.aws_iam_policy_document.policy_doc",
            "module.notificacoes_lambda.module.repo_ecr_lambda.aws_ecr_repository.this",
            "module.notificacoes_lambda.null_resource.run_script",
            "module.notifications_general_topic.aws_sns_topic.this",
            "module.notifications_premium_topic.aws_sns_topic.this",
            "module.notifications_regional_topic.aws_sns_topic.this",
            "module.notifications_table.aws_dynamodb_table.this",
            "module.pedidos_lambda.aws_iam_role.lambda_role",
            "module.pedidos_lambda.aws_lambda_function.lambda",
            "module.pedidos_lambda.data.aws_caller_identity.current",
            "module.pedidos_lambda.data.aws_iam_policy_document.policy_doc",
            "module.pedidos_lambda.module.repo_ecr_lambda.aws_ecr_repository.this",
            "module.pedidos_lambda.null_resource.run_script",
            "module.pedidos_table.aws_dynamodb_table.this",
            "module.rastreamento_lambda.aws_iam_role.lambda_role",
            "module.rastreamento_lambda.aws_lambda_function.lambda",
            "module.rastreamento_lambda.data.aws_caller_identity.current",
            "module.rastreamento_lambda.data.aws_iam_policy_document.policy_doc",
            "module.rastreamento_lambda.module.repo_ecr_lambda.aws_ecr_repository.this",
            "module.rastreamento_lambda.null_resource.run_script",
            "module.users_table.aws_dynamodb_table.this",
            "module.usuarios_lambda.aws_iam_role.lambda_role",
            "module.usuarios_lambda.aws_lambda_function.lambda",
            "module.usuarios_lambda.data.aws_caller_identity.current",
            "module.usuarios_lambda.data.aws_iam_policy_document.policy_doc",
            "module.usuarios_lambda.module.repo_ecr_lambda.aws_ecr_repository.this",
            "module.usuarios_lambda.null_resource.run_script",
            "module.websocket_connections_table.aws_dynamodb_table.this",
            "module.websocket_lambda.aws_iam_role.lambda_role",
            "module.websocket_lambda.aws_lambda_function.lambda",
            "module.websocket_lambda.data.aws_caller_identity.current",
            "module.websocket_lambda.data.aws_iam_policy_document.policy_doc",
            "module.websocket_lambda.module.repo_ecr_lambda.aws_ecr_repository.this",
            "module.websocket_lambda.null_resource.run_script"
          ],
          "create_before_destroy": true
        },
        {
          "index_key": "19",
          "schema_version": 0,
          "attributes": {
            "id": "bi3fv4",
            "parent_id": "rmrzn8",
            "path": "/api/rastreamento/motorista",
            "path_part": "motorista",
            "region": "us-east-1",
            "rest_api_id": "tntpd380l5"
          },
          "sensitive_attributes": [],
          "identity_schema_version": 0,
          "private": "bnVsbA==",
          "dependencies": [
            "aws_apigatewayv2_api.websocket_api",
            "module.api_gateway.aws_api_gateway_resource.base_resources",
            "module.api_gateway.aws_api_gateway_resource.main_resource",
            "module.api_gateway.aws_api_gateway_rest_api.rest_api",
            "module.auth_lambda.aws_iam_role.lambda_role",
            "module.auth_lambda.aws_lambda_function.lambda",
            "module.auth_lambda.data.aws_caller_identity.current",
            "module.auth_lambda.data.aws_iam_policy_document.policy_doc",
            "module.auth_lambda.module.repo_ecr_lambda.aws_ecr_repository.this",
            "module.auth_lambda.null_resource.run_script",
            "module.events_queue.aws_sqs_queue.dead_letter_fifo_queue",
            "module.events_queue.aws_sqs_queue.fifo_queue",
            "module.locations_table.aws_dynamodb_table.this",
            "module.notificacoes_lambda.aws_iam_role.lambda_role",
            "module.notificacoes_lambda.aws_lambda_function.lambda",
            "module.notificacoes_lambda.data.aws_caller_identity.current",
            "module.notificacoes_lambda.data.aws_iam_policy_document.policy_doc",
            "module.notificacoes_lambda.module.repo_ecr_lambda.aws_ecr_repository.this",
            "module.notificacoes_lambda.null_resource.run_script",
            "module.notifications_general_topic.aws_sns_topic.this",
            "module.notifications_premium_topic.aws_sns_topic.this",
            "module.notifications_regional_topic.aws_sns_topic.this",
            "module.notifications_table.aws_dynamodb_table.this",
            "module.pedidos_lambda.aws_iam_role.lambda_role",
            "module.pedidos_lambda.aws_lambda_function.lambda",
            "module.pedidos_lambda.data.aws_caller_identity.current",
            "module.pedidos_lambda.data.aws_iam_policy_document.policy_doc",
            "module.pedidos_lambda.module.repo_ecr_lambda.aws_ecr_repository.this",
            "module.pedidos_lambda.null_resource.run_script",
            "module.pedidos_table.aws_dynamodb_table.this",
            "module.rastreamento_lambda.aws_iam_role.lambda_role",
            "module.rastreamento_lambda.aws_lambda_function.lambda",
            "module.rastreamento_lambda.data.aws_caller_identity.current",
            "module.rastreamento_lambda.data.aws_iam_policy_document.policy_doc",
            "module.rastreamento_lambda.module.repo_ecr_lambda.aws_ecr_repository.this",
            "module.rastreamento_lambda.null_resource.run_script",
            "module.users_table.aws_dynamodb_table.this",
            "module.usuarios_lambda.aws_iam_role.lambda_role",
            "module.usuarios_lambda.aws_lambda_function.lambda",
            "module.usuarios_lambda.data.aws_caller_identity.current",
            "module.usuarios_lambda.data.aws_iam_policy_document.policy_doc",
            "module.usuarios_lambda.module.repo_ecr_lambda.aws_ecr_repository.this",
            "module.usuarios_lambda.null_resource.run_script",
            "module.websocket_connections_table.aws_dynamodb_table.this",
            "module.websocket_lambda.aws_iam_role.lambda_role",
            "module.websocket_lambda.aws_lambda_function.lambda",
            "module.websocket_lambda.data.aws_caller_identity.current",
            "module.websocket_lambda.data.aws_iam_policy_document.policy_doc",
            "module.websocket_lambda.module.repo_ecr_lambda.aws_ecr_repository.this",
            "module.websocket_lambda.null_resource.run_script"
          ],
          "create_before_destroy": true
        },
        {
          "index_key": "2",
          "schema_version": 0,
          "attributes": {
            "id": "ogb8u4",
            "parent_id": "yd5mw2",
            "path": "/api/auth/registro-motorista",
            "path_part": "registro-motorista",
            "region": "us-east-1",
            "rest_api_id": "tntpd380l5"
          },
          "sensitive_attributes": [],
          "identity_schema_version": 0,
          "private": "bnVsbA==",
          "dependencies": [
            "aws_apigatewayv2_api.websocket_api",
            "module.api_gateway.aws_api_gateway_resource.base_resources",
            "module.api_gateway.aws_api_gateway_resource.main_resource",
            "module.api_gateway.aws_api_gateway_rest_api.rest_api",
            "module.auth_lambda.aws_iam_role.lambda_role",
            "module.auth_lambda.aws_lambda_function.lambda",
            "module.auth_lambda.data.aws_caller_identity.current",
            "module.auth_lambda.data.aws_iam_policy_document.policy_doc",
            "module.auth_lambda.module.repo_ecr_lambda.aws_ecr_repository.this",
            "module.auth_lambda.null_resource.run_script",
            "module.events_queue.aws_sqs_queue.dead_letter_fifo_queue",
            "module.events_queue.aws_sqs_queue.fifo_queue",
            "module.locations_table.aws_dynamodb_table.this",
            "module.notificacoes_lambda.aws_iam_role.lambda_role",
            "module.notificacoes_lambda.aws_lambda_function.lambda",
            "module.notificacoes_lambda.data.aws_caller_identity.current",
            "module.notificacoes_lambda.data.aws_iam_policy_document.policy_doc",
            "module.notificacoes_lambda.module.repo_ecr_lambda.aws_ecr_repository.this",
            "module.notificacoes_lambda.null_resource.run_script",
            "module.notifications_general_topic.aws_sns_topic.this",
            "module.notifications_premium_topic.aws_sns_topic.this",
            "module.notifications_regional_topic.aws_sns_topic.this",
            "module.notifications_table.aws_dynamodb_table.this",
            "module.pedidos_lambda.aws_iam_role.lambda_role",
            "module.pedidos_lambda.aws_lambda_function.lambda",
            "module.pedidos_lambda.data.aws_caller_identity.current",
            "module.pedidos_lambda.data.aws_iam_policy_document.policy_doc",
            "module.pedidos_lambda.module.repo_ecr_lambda.aws_ecr_repository.this",
            "module.pedidos_lambda.null_resource.run_script",
            "module.pedidos_table.aws_dynamodb_table.this",
            "module.rastreamento_lambda.aws_iam_role.lambda_role",
            "module.rastreamento_lambda.aws_lambda_function.lambda",
            "module.rastreamento_lambda.data.aws_caller_identity.current",
            "module.rastreamento_lambda.data.aws_iam_policy_document.policy_doc",
            "module.rastreamento_lambda.module.repo_ecr_lambda.aws_ecr_repository.this",
            "module.rastreamento_lambda.null_resource.run_script",
            "module.users_table.aws_dynamodb_table.this",
            "module.usuarios_lambda.aws_iam_role.lambda_role",
            "module.usuarios_lambda.aws_lambda_function.lambda",
            "module.usuarios_lambda.data.aws_caller_identity.current",
            "module.usuarios_lambda.data.aws_iam_policy_document.policy_doc",
            "module.usuarios_lambda.module.repo_ecr_lambda.aws_ecr_repository.this",
            "module.usuarios_lambda.null_resource.run_script",
            "module.websocket_connections_table.aws_dynamodb_table.this",
            "module.websocket_lambda.aws_iam_role.lambda_role",
            "module.websocket_lambda.aws_lambda_function.lambda",
            "module.websocket_lambda.data.aws_caller_identity.current",
            "module.websocket_lambda.data.aws_iam_policy_document.policy_doc",
            "module.websocket_lambda.module.repo_ecr_lambda.aws_ecr_repository.this",
            "module.websocket_lambda.null_resource.run_script"
          ],
          "create_before_destroy": true
        },
        {
          "index_key": "3",
          "schema_version": 0,
          "attributes": {
            "id": "r5dtyo",
            "parent_id": "yd5mw2",
            "path": "/api/auth/registro-operador",
            "path_part": "registro-operador",
            "region": "us-east-1",
            "rest_api_id": "tntpd380l5"
          },
          "sensitive_attributes": [],
          "identity_schema_version": 0,
          "private": "bnVsbA==",
          "dependencies": [
            "aws_apigatewayv2_api.websocket_api",
            "module.api_gateway.aws_api_gateway_resource.base_resources",
            "module.api_gateway.aws_api_gateway_resource.main_resource",
            "module.api_gateway.aws_api_gateway_rest_api.rest_api",
            "module.auth_lambda.aws_iam_role.lambda_role",
            "module.auth_lambda.aws_lambda_function.lambda",
            "module.auth_lambda.data.aws_caller_identity.current",
            "module.auth_lambda.data.aws_iam_policy_document.policy_doc",
            "module.auth_lambda.module.repo_ecr_lambda.aws_ecr_repository.this",
            "module.auth_lambda.null_resource.run_script",
            "module.events_queue.aws_sqs_queue.dead_letter_fifo_queue",
            "module.events_queue.aws_sqs_queue.fifo_queue",
            "module.locations_table.aws_dynamodb_table.this",
            "module.notificacoes_lambda.aws_iam_role.lambda_role",
            "module.notificacoes_lambda.aws_lambda_function.lambda",
            "module.notificacoes_lambda.data.aws_caller_identity.current",
            "module.notificacoes_lambda.data.aws_iam_policy_document.policy_doc",
            "module.notificacoes_lambda.module.repo_ecr_lambda.aws_ecr_repository.this",
            "module.notificacoes_lambda.null_resource.run_script",
            "module.notifications_general_topic.aws_sns_topic.this",
            "module.notifications_premium_topic.aws_sns_topic.this",
            "module.notifications_regional_topic.aws_sns_topic.this",
            "module.notifications_table.aws_dynamodb_table.this",
            "module.pedidos_lambda.aws_iam_role.lambda_role",
            "module.pedidos_lambda.aws_lambda_function.lambda",
            "module.pedidos_lambda.data.aws_caller_identity.current",
            "module.pedidos_lambda.data.aws_iam_policy_document.policy_doc",
            "module.pedidos_lambda.module.repo_ecr_lambda.aws_ecr_repository.this",
            "module.pedidos_lambda.null_resource.run_script",
            "module.pedidos_table.aws_dynamodb_table.this",
            "module.rastreamento_lambda.aws_iam_role.lambda_role",
            "module.rastreamento_lambda.aws_lambda_function.lambda",
            "module.rastreamento_lambda.data.aws_caller_identity.current",
            "module.rastreamento_lambda.data.aws_iam_policy_document.policy_doc",
            "module.rastreamento_lambda.module.repo_ecr_lambda.aws_ecr_repository.this",
            "module.rastreamento_lambda.null_resource.run_script",
            "module.users_table.aws_dynamodb_table.this",
            "module.usuarios_lambda.aws_iam_role.lambda_role",
            "module.usuarios_lambda.aws_lambda_function.lambda",
            "module.usuarios_lambda.data.aws_caller_identity.current",
            "module.usuarios_lambda.data.aws_iam_policy_document.policy_doc",
            "module.usuarios_lambda.module.repo_ecr_lambda.aws_ecr_repository.this",
            "module.usuarios_lambda.null_resource.run_script",
            "module.websocket_connections_table.aws_dynamodb_table.this",
            "module.websocket_lambda.aws_iam_role.lambda_role",
            "module.websocket_lambda.aws_lambda_function.lambda",
            "module.websocket_lambda.data.aws_caller_identity.current",
            "module.websocket_lambda.data.aws_iam_policy_document.policy_doc",
            "module.websocket_lambda.module.repo_ecr_lambda.aws_ecr_repository.this",
            "module.websocket_lambda.null_resource.run_script"
          ],
          "create_before_destroy": true
        },
        {
          "index_key": "5",
          "schema_version": 0,
          "attributes": {
            "id": "2cdpbl",
            "parent_id": "42swa8",
            "path": "/api/pedidos/motorista",
            "path_part": "motorista",
            "region": "us-east-1",
            "rest_api_id": "tntpd380l5"
          },
          "sensitive_attributes": [],
          "identity_schema_version": 0,
          "private": "bnVsbA==",
          "dependencies": [
            "aws_apigatewayv2_api.websocket_api",
            "module.api_gateway.aws_api_gateway_resource.base_resources",
            "module.api_gateway.aws_api_gateway_resource.main_resource",
            "module.api_gateway.aws_api_gateway_rest_api.rest_api",
            "module.auth_lambda.aws_iam_role.lambda_role",
            "module.auth_lambda.aws_lambda_function.lambda",
            "module.auth_lambda.data.aws_caller_identity.current",
            "module.auth_lambda.data.aws_iam_policy_document.policy_doc",
            "module.auth_lambda.module.repo_ecr_lambda.aws_ecr_repository.this",
            "module.auth_lambda.null_resource.run_script",
            "module.events_queue.aws_sqs_queue.dead_letter_fifo_queue",
            "module.events_queue.aws_sqs_queue.fifo_queue",
            "module.locations_table.aws_dynamodb_table.this",
            "module.notificacoes_lambda.aws_iam_role.lambda_role",
            "module.notificacoes_lambda.aws_lambda_function.lambda",
            "module.notificacoes_lambda.data.aws_caller_identity.current",
            "module.notificacoes_lambda.data.aws_iam_policy_document.policy_doc",
            "module.notificacoes_lambda.module.repo_ecr_lambda.aws_ecr_repository.this",
            "module.notificacoes_lambda.null_resource.run_script",
            "module.notifications_general_topic.aws_sns_topic.this",
            "module.notifications_premium_topic.aws_sns_topic.this",
            "module.notifications_regional_topic.aws_sns_topic.this",
            "module.notifications_table.aws_dynamodb_table.this",
            "module.pedidos_lambda.aws_iam_role.lambda_role",
            "module.pedidos_lambda.aws_lambda_function.lambda",
            "module.pedidos_lambda.data.aws_caller_identity.current",
            "module.pedidos_lambda.data.aws_iam_policy_document.policy_doc",
            "module.pedidos_lambda.module.repo_ecr_lambda.aws_ecr_repository.this",
            "module.pedidos_lambda.null_resource.run_script",
            "module.pedidos_table.aws_dynamodb_table.this",
            "module.rastreamento_lambda.aws_iam_role.lambda_role",
            "module.rastreamento_lambda.aws_lambda_function.lambda",
            "module.rastreamento_lambda.data.aws_caller_identity.current",
            "module.rastreamento_lambda.data.aws_iam_policy_document.policy_doc",
            "module.rastreamento_lambda.module.repo_ecr_lambda.aws_ecr_repository.this",
            "module.rastreamento_lambda.null_resource.run_script",
            "module.users_table.aws_dynamodb_table.this",
            "module.usuarios_lambda.aws_iam_role.lambda_role",
            "module.usuarios_lambda.aws_lambda_function.lambda",
            "module.usuarios_lambda.data.aws_caller_identity.current",
            "module.usuarios_lambda.data.aws_iam_policy_document.policy_doc",
            "module.usuarios_lambda.module.repo_ecr_lambda.aws_ecr_repository.this",
            "module.usuarios_lambda.null_resource.run_script",
            "module.websocket_connections_table.aws_dynamodb_table.this",
            "module.websocket_lambda.aws_iam_role.lambda_role",
            "module.websocket_lambda.aws_lambda_function.lambda",
            "module.websocket_lambda.data.aws_caller_identity.current",
            "module.websocket_lambda.data.aws_iam_policy_document.policy_doc",
            "module.websocket_lambda.module.repo_ecr_lambda.aws_ecr_repository.this",
            "module.websocket_lambda.null_resource.run_script"
          ],
          "create_before_destroy": true
        },
        {
          "index_key": "6",
          "schema_version": 0,
          "attributes": {
            "id": "x6gewu",
            "parent_id": "42swa8",
            "path": "/api/pedidos/usuario-info",
            "path_part": "usuario-info",
            "region": "us-east-1",
            "rest_api_id": "tntpd380l5"
          },
          "sensitive_attributes": [],
          "identity_schema_version": 0,
          "private": "bnVsbA==",
          "dependencies": [
            "aws_apigatewayv2_api.websocket_api",
            "module.api_gateway.aws_api_gateway_resource.base_resources",
            "module.api_gateway.aws_api_gateway_resource.main_resource",
            "module.api_gateway.aws_api_gateway_rest_api.rest_api",
            "module.auth_lambda.aws_iam_role.lambda_role",
            "module.auth_lambda.aws_lambda_function.lambda",
            "module.auth_lambda.data.aws_caller_identity.current",
            "module.auth_lambda.data.aws_iam_policy_document.policy_doc",
            "module.auth_lambda.module.repo_ecr_lambda.aws_ecr_repository.this",
            "module.auth_lambda.null_resource.run_script",
            "module.events_queue.aws_sqs_queue.dead_letter_fifo_queue",
            "module.events_queue.aws_sqs_queue.fifo_queue",
            "module.locations_table.aws_dynamodb_table.this",
            "module.notificacoes_lambda.aws_iam_role.lambda_role",
            "module.notificacoes_lambda.aws_lambda_function.lambda",
            "module.notificacoes_lambda.data.aws_caller_identity.current",
            "module.notificacoes_lambda.data.aws_iam_policy_document.policy_doc",
            "module.notificacoes_lambda.module.repo_ecr_lambda.aws_ecr_repository.this",
            "module.notificacoes_lambda.null_resource.run_script",
            "module.notifications_general_topic.aws_sns_topic.this",
            "module.notifications_premium_topic.aws_sns_topic.this",
            "module.notifications_regional_topic.aws_sns_topic.this",
            "module.notifications_table.aws_dynamodb_table.this",
            "module.pedidos_lambda.aws_iam_role.lambda_role",
            "module.pedidos_lambda.aws_lambda_function.lambda",
            "module.pedidos_lambda.data.aws_caller_identity.current",
            "module.pedidos_lambda.data.aws_iam_policy_document.policy_doc",
            "module.pedidos_lambda.module.repo_ecr_lambda.aws_ecr_repository.this",
            "module.pedidos_lambda.null_resource.run_script",
            "module.pedidos_table.aws_dynamodb_table.this",
            "module.rastreamento_lambda.aws_iam_role.lambda_role",
            "module.rastreamento_lambda.aws_lambda_function.lambda",
            "module.rastreamento_lambda.data.aws_caller_identity.current",
            "module.rastreamento_lambda.data.aws_iam_policy_document.policy_doc",
            "module.rastreamento_lambda.module.repo_ecr_lambda.aws_ecr_repository.this",
            "module.rastreamento_lambda.null_resource.run_script",
            "module.users_table.aws_dynamodb_table.this",
            "module.usuarios_lambda.aws_iam_role.lambda_role",
            "module.usuarios_lambda.aws_lambda_function.lambda",
            "module.usuarios_lambda.data.aws_caller_identity.current",
            "module.usuarios_lambda.data.aws_iam_policy_document.policy_doc",
            "module.usuarios_lambda.module.repo_ecr_lambda.aws_ecr_repository.this",
            "module.usuarios_lambda.null_resource.run_script",
            "module.websocket_connections_table.aws_dynamodb_table.this",
            "module.websocket_lambda.aws_iam_role.lambda_role",
            "module.websocket_lambda.aws_lambda_function.lambda",
            "module.websocket_lambda.data.aws_caller_identity.current",
            "module.websocket_lambda.data.aws_iam_policy_document.policy_doc",
            "module.websocket_lambda.module.repo_ecr_lambda.aws_ecr_repository.this",
            "module.websocket_lambda.null_resource.run_script"
          ],
          "create_before_destroy": true
        },
        {
          "index_key": "7",
          "schema_version": 0,
          "attributes": {
            "id": "pswbyy",
            "parent_id": "42swa8",
            "path": "/api/pedidos/consulta",
            "path_part": "consulta",
            "region": "us-east-1",
            "rest_api_id": "tntpd380l5"
          },
          "sensitive_attributes": [],
          "identity_schema_version": 0,
          "private": "bnVsbA==",
          "dependencies": [
            "aws_apigatewayv2_api.websocket_api",
            "module.api_gateway.aws_api_gateway_resource.base_resources",
            "module.api_gateway.aws_api_gateway_resource.main_resource",
            "module.api_gateway.aws_api_gateway_rest_api.rest_api",
            "module.auth_lambda.aws_iam_role.lambda_role",
            "module.auth_lambda.aws_lambda_function.lambda",
            "module.auth_lambda.data.aws_caller_identity.current",
            "module.auth_lambda.data.aws_iam_policy_document.policy_doc",
            "module.auth_lambda.module.repo_ecr_lambda.aws_ecr_repository.this",
            "module.auth_lambda.null_resource.run_script",
            "module.events_queue.aws_sqs_queue.dead_letter_fifo_queue",
            "module.events_queue.aws_sqs_queue.fifo_queue",
            "module.locations_table.aws_dynamodb_table.this",
            "module.notificacoes_lambda.aws_iam_role.lambda_role",
            "module.notificacoes_lambda.aws_lambda_function.lambda",
            "module.notificacoes_lambda.data.aws_caller_identity.current",
            "module.notificacoes_lambda.data.aws_iam_policy_document.policy_doc",
            "module.notificacoes_lambda.module.repo_ecr_lambda.aws_ecr_repository.this",
            "module.notificacoes_lambda.null_resource.run_script",
            "module.notifications_general_topic.aws_sns_topic.this",
            "module.notifications_premium_topic.aws_sns_topic.this",
            "module.notifications_regional_topic.aws_sns_topic.this",
            "module.notifications_table.aws_dynamodb_table.this",
            "module.pedidos_lambda.aws_iam_role.lambda_role",
            "module.pedidos_lambda.aws_lambda_function.lambda",
            "module.pedidos_lambda.data.aws_caller_identity.current",
            "module.pedidos_lambda.data.aws_iam_policy_document.policy_doc",
            "module.pedidos_lambda.module.repo_ecr_lambda.aws_ecr_repository.this",
            "module.pedidos_lambda.null_resource.run_script",
            "module.pedidos_table.aws_dynamodb_table.this",
            "module.rastreamento_lambda.aws_iam_role.lambda_role",
            "module.rastreamento_lambda.aws_lambda_function.lambda",
            "module.rastreamento_lambda.data.aws_caller_identity.current",
            "module.rastreamento_lambda.data.aws_iam_policy_document.policy_doc",
            "module.rastreamento_lambda.module.repo_ecr_lambda.aws_ecr_repository.this",
            "module.rastreamento_lambda.null_resource.run_script",
            "module.users_table.aws_dynamodb_table.this",
            "module.usuarios_lambda.aws_iam_role.lambda_role",
            "module.usuarios_lambda.aws_lambda_function.lambda",
            "module.usuarios_lambda.data.aws_caller_identity.current",
            "module.usuarios_lambda.data.aws_iam_policy_document.policy_doc",
            "module.usuarios_lambda.module.repo_ecr_lambda.aws_ecr_repository.this",
            "module.usuarios_lambda.null_resource.run_script",
            "module.websocket_connections_table.aws_dynamodb_table.this",
            "module.websocket_lambda.aws_iam_role.lambda_role",
            "module.websocket_lambda.aws_lambda_function.lambda",
            "module.websocket_lambda.data.aws_caller_identity.current",
            "module.websocket_lambda.data.aws_iam_policy_document.policy_doc",
            "module.websocket_lambda.module.repo_ecr_lambda.aws_ecr_repository.this",
            "module.websocket_lambda.null_resource.run_script"
          ],
          "create_before_destroy": true
        },
        {
          "index_key": "8",
          "schema_version": 0,
          "attributes": {
            "id": "5brkgs",
            "parent_id": "42swa8",
            "path": "/api/pedidos/acoes",
            "path_part": "acoes",
            "region": "us-east-1",
            "rest_api_id": "tntpd380l5"
          },
          "sensitive_attributes": [],
          "identity_schema_version": 0,
          "private": "bnVsbA==",
          "dependencies": [
            "aws_apigatewayv2_api.websocket_api",
            "module.api_gateway.aws_api_gateway_resource.base_resources",
            "module.api_gateway.aws_api_gateway_resource.main_resource",
            "module.api_gateway.aws_api_gateway_rest_api.rest_api",
            "module.auth_lambda.aws_iam_role.lambda_role",
            "module.auth_lambda.aws_lambda_function.lambda",
            "module.auth_lambda.data.aws_caller_identity.current",
            "module.auth_lambda.data.aws_iam_policy_document.policy_doc",
            "module.auth_lambda.module.repo_ecr_lambda.aws_ecr_repository.this",
            "module.auth_lambda.null_resource.run_script",
            "module.events_queue.aws_sqs_queue.dead_letter_fifo_queue",
            "module.events_queue.aws_sqs_queue.fifo_queue",
            "module.locations_table.aws_dynamodb_table.this",
            "module.notificacoes_lambda.aws_iam_role.lambda_role",
            "module.notificacoes_lambda.aws_lambda_function.lambda",
            "module.notificacoes_lambda.data.aws_caller_identity.current",
            "module.notificacoes_lambda.data.aws_iam_policy_document.policy_doc",
            "module.notificacoes_lambda.module.repo_ecr_lambda.aws_ecr_repository.this",
            "module.notificacoes_lambda.null_resource.run_script",
            "module.notifications_general_topic.aws_sns_topic.this",
            "module.notifications_premium_topic.aws_sns_topic.this",
            "module.notifications_regional_topic.aws_sns_topic.this",
            "module.notifications_table.aws_dynamodb_table.this",
            "module.pedidos_lambda.aws_iam_role.lambda_role",
            "module.pedidos_lambda.aws_lambda_function.lambda",
            "module.pedidos_lambda.data.aws_caller_identity.current",
            "module.pedidos_lambda.data.aws_iam_policy_document.policy_doc",
            "module.pedidos_lambda.module.repo_ecr_lambda.aws_ecr_repository.this",
            "module.pedidos_lambda.null_resource.run_script",
            "module.pedidos_table.aws_dynamodb_table.this",
            "module.rastreamento_lambda.aws_iam_role.lambda_role",
            "module.rastreamento_lambda.aws_lambda_function.lambda",
            "module.rastreamento_lambda.data.aws_caller_identity.current",
            "module.rastreamento_lambda.data.aws_iam_policy_document.policy_doc",
            "module.rastreamento_lambda.module.repo_ecr_lambda.aws_ecr_repository.this",
            "module.rastreamento_lambda.null_resource.run_script",
            "module.users_table.aws_dynamodb_table.this",
            "module.usuarios_lambda.aws_iam_role.lambda_role",
            "module.usuarios_lambda.aws_lambda_function.lambda",
            "module.usuarios_lambda.data.aws_caller_identity.current",
            "module.usuarios_lambda.data.aws_iam_policy_document.policy_doc",
            "module.usuarios_lambda.module.repo_ecr_lambda.aws_ecr_repository.this",
            "module.usuarios_lambda.null_resource.run_script",
            "module.websocket_connections_table.aws_dynamodb_table.this",
            "module.websocket_lambda.aws_iam_role.lambda_role",
            "module.websocket_lambda.aws_lambda_function.lambda",
            "module.websocket_lambda.data.aws_caller_identity.current",
            "module.websocket_lambda.data.aws_iam_policy_document.policy_doc",
            "module.websocket_lambda.module.repo_ecr_lambda.aws_ecr_repository.this",
            "module.websocket_lambda.null_resource.run_script"
          ],
          "create_before_destroy": true
        },
        {
          "index_key": "9",
          "schema_version": 0,
          "attributes": {
            "id": "bent9z",
            "parent_id": "42swa8",
            "path": "/api/pedidos/aceitar",
            "path_part": "aceitar",
            "region": "us-east-1",
            "rest_api_id": "tntpd380l5"
          },
          "sensitive_attributes": [],
          "identity_schema_version": 0,
          "private": "bnVsbA==",
          "dependencies": [
            "aws_apigatewayv2_api.websocket_api",
            "module.api_gateway.aws_api_gateway_resource.base_resources",
            "module.api_gateway.aws_api_gateway_resource.main_resource",
            "module.api_gateway.aws_api_gateway_rest_api.rest_api",
            "module.auth_lambda.aws_iam_role.lambda_role",
            "module.auth_lambda.aws_lambda_function.lambda",
            "module.auth_lambda.data.aws_caller_identity.current",
            "module.auth_lambda.data.aws_iam_policy_document.policy_doc",
            "module.auth_lambda.module.repo_ecr_lambda.aws_ecr_repository.this",
            "module.auth_lambda.null_resource.run_script",
            "module.events_queue.aws_sqs_queue.dead_letter_fifo_queue",
            "module.events_queue.aws_sqs_queue.fifo_queue",
            "module.locations_table.aws_dynamodb_table.this",
            "module.notificacoes_lambda.aws_iam_role.lambda_role",
            "module.notificacoes_lambda.aws_lambda_function.lambda",
            "module.notificacoes_lambda.data.aws_caller_identity.current",
            "module.notificacoes_lambda.data.aws_iam_policy_document.policy_doc",
            "module.notificacoes_lambda.module.repo_ecr_lambda.aws_ecr_repository.this",
            "module.notificacoes_lambda.null_resource.run_script",
            "module.notifications_general_topic.aws_sns_topic.this",
            "module.notifications_premium_topic.aws_sns_topic.this",
            "module.notifications_regional_topic.aws_sns_topic.this",
            "module.notifications_table.aws_dynamodb_table.this",
            "module.pedidos_lambda.aws_iam_role.lambda_role",
            "module.pedidos_lambda.aws_lambda_function.lambda",
            "module.pedidos_lambda.data.aws_caller_identity.current",
            "module.pedidos_lambda.data.aws_iam_policy_document.policy_doc",
            "module.pedidos_lambda.module.repo_ecr_lambda.aws_ecr_repository.this",
            "module.pedidos_lambda.null_resource.run_script",
            "module.pedidos_table.aws_dynamodb_table.this",
            "module.rastreamento_lambda.aws_iam_role.lambda_role",
            "module.rastreamento_lambda.aws_lambda_function.lambda",
            "module.rastreamento_lambda.data.aws_caller_identity.current",
            "module.rastreamento_lambda.data.aws_iam_policy_document.policy_doc",
            "module.rastreamento_lambda.module.repo_ecr_lambda.aws_ecr_repository.this",
            "module.rastreamento_lambda.null_resource.run_script",
            "module.users_table.aws_dynamodb_table.this",
            "module.usuarios_lambda.aws_iam_role.lambda_role",
            "module.usuarios_lambda.aws_lambda_function.lambda",
            "module.usuarios_lambda.data.aws_caller_identity.current",
            "module.usuarios_lambda.data.aws_iam_policy_document.policy_doc",
            "module.usuarios_lambda.module.repo_ecr_lambda.aws_ecr_repository.this",
            "module.usuarios_lambda.null_resource.run_script",
            "module.websocket_connections_table.aws_dynamodb_table.this",
            "module.websocket_lambda.aws_iam_role.lambda_role",
            "module.websocket_lambda.aws_lambda_function.lambda",
            "module.websocket_lambda.data.aws_caller_identity.current",
            "module.websocket_lambda.data.aws_iam_policy_document.policy_doc",
            "module.websocket_lambda.module.repo_ecr_lambda.aws_ecr_repository.this",
            "module.websocket_lambda.null_resource.run_script"
          ],
          "create_before_destroy": true
        }
      ]
    },
    {
      "module": "module.api_gateway",
      "mode": "managed",
      "type": "aws_api_gateway_rest_api",
      "name": "rest_api",
      "provider": "provider[\"registry.terraform.io/hashicorp/aws\"]",
      "instances": [
        {
          "index_key": 0,
          "schema_version": 0,
          "attributes": {
            "api_key_source": "HEADER",
            "arn": "arn:aws:apigateway:us-east-1::/restapis/tntpd380l5",
            "binary_media_types": [],
            "body": null,
            "created_date": "2025-06-22T03:33:24Z",
            "description": "API REST para logistics em ambiente dev",
            "disable_execute_api_endpoint": false,
            "endpoint_configuration": [
              {
                "ip_address_type": "ipv4",
                "types": [
                  "EDGE"
                ],
                "vpc_endpoint_ids": []
              }
            ],
            "execution_arn": "arn:aws:execute-api:us-east-1:176343551411:tntpd380l5",
            "fail_on_warnings": null,
            "id": "tntpd380l5",
            "minimum_compression_size": "",
            "name": "dev-logistics-api",
            "parameters": null,
            "policy": "",
            "put_rest_api_mode": null,
            "region": "us-east-1",
            "root_resource_id": "e0mv70g2w2",
            "tags": {
              "Environment": "dev",
              "ManagedBy": "terraform",
              "Name": "dev-logistics-api",
              "Project": "logistics"
            },
            "tags_all": {
              "Environment": "dev",
              "ManagedBy": "terraform",
              "Name": "dev-logistics-api",
              "Project": "logistics"
            }
          },
          "sensitive_attributes": [],
          "identity_schema_version": 0,
          "private": "bnVsbA==",
          "create_before_destroy": true
        }
      ]
    },
    {
      "module": "module.api_gateway",
      "mode": "managed",
      "type": "aws_api_gateway_stage",
      "name": "rest_stage",
      "provider": "provider[\"registry.terraform.io/hashicorp/aws\"]",
      "instances": [
        {
          "index_key": 0,
          "schema_version": 0,
          "attributes": {
            "access_log_settings": [],
            "arn": "arn:aws:apigateway:us-east-1::/restapis/tntpd380l5/stages/prod",
            "cache_cluster_enabled": false,
            "cache_cluster_size": "",
            "canary_settings": [],
            "client_certificate_id": "",
            "deployment_id": "6b6axa",
            "description": "",
            "documentation_version": "",
            "execution_arn": "arn:aws:execute-api:us-east-1:176343551411:tntpd380l5/prod",
            "id": "ags-tntpd380l5-prod",
            "invoke_url": "https://tntpd380l5.execute-api.us-east-1.amazonaws.com/prod",
            "region": "us-east-1",
            "rest_api_id": "tntpd380l5",
            "stage_name": "prod",
            "tags": {},
            "tags_all": {},
            "variables": {},
            "web_acl_arn": "",
            "xray_tracing_enabled": false
          },
          "sensitive_attributes": [],
          "identity_schema_version": 0,
          "private": "bnVsbA==",
          "dependencies": [
            "aws_apigatewayv2_api.websocket_api",
            "module.api_gateway.aws_api_gateway_authorizer.cognito_authorizer",
            "module.api_gateway.aws_api_gateway_deployment.rest_deployment",
            "module.api_gateway.aws_api_gateway_integration.rest_endpoint_integrations",
            "module.api_gateway.aws_api_gateway_integration_response.rest_endpoint_integration_responses",
            "module.api_gateway.aws_api_gateway_method.rest_endpoint_methods",
            "module.api_gateway.aws_api_gateway_method_response.rest_endpoint_method_responses",
            "module.api_gateway.aws_api_gateway_resource.base_resources",
            "module.api_gateway.aws_api_gateway_resource.main_resource",
            "module.api_gateway.aws_api_gateway_resource.variable_resources",
            "module.api_gateway.aws_api_gateway_rest_api.rest_api",
            "module.auth_lambda.aws_iam_role.lambda_role",
            "module.auth_lambda.aws_lambda_function.lambda",
            "module.auth_lambda.data.aws_caller_identity.current",
            "module.auth_lambda.data.aws_iam_policy_document.policy_doc",
            "module.auth_lambda.module.repo_ecr_lambda.aws_ecr_repository.this",
            "module.auth_lambda.null_resource.run_script",
            "module.events_queue.aws_sqs_queue.dead_letter_fifo_queue",
            "module.events_queue.aws_sqs_queue.fifo_queue",
            "module.locations_table.aws_dynamodb_table.this",
            "module.notificacoes_lambda.aws_iam_role.lambda_role",
            "module.notificacoes_lambda.aws_lambda_function.lambda",
            "module.notificacoes_lambda.data.aws_caller_identity.current",
            "module.notificacoes_lambda.data.aws_iam_policy_document.policy_doc",
            "module.notificacoes_lambda.module.repo_ecr_lambda.aws_ecr_repository.this",
            "module.notificacoes_lambda.null_resource.run_script",
            "module.notifications_general_topic.aws_sns_topic.this",
            "module.notifications_premium_topic.aws_sns_topic.this",
            "module.notifications_regional_topic.aws_sns_topic.this",
            "module.notifications_table.aws_dynamodb_table.this",
            "module.pedidos_lambda.aws_iam_role.lambda_role",
            "module.pedidos_lambda.aws_lambda_function.lambda",
            "module.pedidos_lambda.data.aws_caller_identity.current",
            "module.pedidos_lambda.data.aws_iam_policy_document.policy_doc",
            "module.pedidos_lambda.module.repo_ecr_lambda.aws_ecr_repository.this",
            "module.pedidos_lambda.null_resource.run_script",
            "module.pedidos_table.aws_dynamodb_table.this",
            "module.rastreamento_lambda.aws_iam_role.lambda_role",
            "module.rastreamento_lambda.aws_lambda_function.lambda",
            "module.rastreamento_lambda.data.aws_caller_identity.current",
            "module.rastreamento_lambda.data.aws_iam_policy_document.policy_doc",
            "module.rastreamento_lambda.module.repo_ecr_lambda.aws_ecr_repository.this",
            "module.rastreamento_lambda.null_resource.run_script",
            "module.users_table.aws_dynamodb_table.this",
            "module.usuarios_lambda.aws_iam_role.lambda_role",
            "module.usuarios_lambda.aws_lambda_function.lambda",
            "module.usuarios_lambda.data.aws_caller_identity.current",
            "module.usuarios_lambda.data.aws_iam_policy_document.policy_doc",
            "module.usuarios_lambda.module.repo_ecr_lambda.aws_ecr_repository.this",
            "module.usuarios_lambda.null_resource.run_script",
            "module.websocket_connections_table.aws_dynamodb_table.this",
            "module.websocket_lambda.aws_iam_role.lambda_role",
            "module.websocket_lambda.aws_lambda_function.lambda",
            "module.websocket_lambda.data.aws_caller_identity.current",
            "module.websocket_lambda.data.aws_iam_policy_document.policy_doc",
            "module.websocket_lambda.module.repo_ecr_lambda.aws_ecr_repository.this",
            "module.websocket_lambda.null_resource.run_script"
          ]
        }
      ]
    },
    {
      "module": "module.auth_lambda",
      "mode": "data",
      "type": "aws_caller_identity",
      "name": "current",
      "provider": "provider[\"registry.terraform.io/hashicorp/aws\"]",
      "instances": [
        {
          "schema_version": 0,
          "attributes": {
            "account_id": "176343551411",
            "arn": "arn:aws:iam::176343551411:user/aws-cli-ari",
            "id": "176343551411",
            "user_id": "AIDASSDXFBWZZNGAC4AYI"
          },
          "sensitive_attributes": [],
          "identity_schema_version": 0
        }
      ]
    },
    {
      "module": "module.auth_lambda",
      "mode": "data",
      "type": "aws_iam_policy_document",
      "name": "policy_doc",
      "provider": "provider[\"registry.terraform.io/hashicorp/aws\"]",
      "instances": [
        {
          "schema_version": 0,
          "attributes": {
            "id": "2690255455",
            "json": "{\n  \"Version\": \"2012-10-17\",\n  \"Statement\": [\n    {\n      \"Effect\": \"Allow\",\n      \"Action\": \"sts:AssumeRole\",\n      \"Principal\": {\n        \"Service\": \"lambda.amazonaws.com\"\n      }\n    }\n  ]\n}",
            "minified_json": "{\"Version\":\"2012-10-17\",\"Statement\":[{\"Effect\":\"Allow\",\"Action\":\"sts:AssumeRole\",\"Principal\":{\"Service\":\"lambda.amazonaws.com\"}}]}",
            "override_json": null,
            "override_policy_documents": null,
            "policy_id": null,
            "source_json": null,
            "source_policy_documents": null,
            "statement": [
              {
                "actions": [
                  "sts:AssumeRole"
                ],
                "condition": [],
                "effect": "Allow",
                "not_actions": [],
                "not_principals": [],
                "not_resources": [],
                "principals": [
                  {
                    "identifiers": [
                      "lambda.amazonaws.com"
                    ],
                    "type": "Service"
                  }
                ],
                "resources": [],
                "sid": ""
              }
            ],
            "version": "2012-10-17"
          },
          "sensitive_attributes": [],
          "identity_schema_version": 0
        }
      ]
    },
    {
      "module": "module.auth_lambda",
      "mode": "managed",
      "type": "aws_iam_role",
      "name": "lambda_role",
      "provider": "provider[\"registry.terraform.io/hashicorp/aws\"]",
      "instances": [
        {
          "schema_version": 0,
          "attributes": {
            "arn": "arn:aws:iam::176343551411:role/dev_logistics_auth_role",
            "assume_role_policy": "{\"Statement\":[{\"Action\":\"sts:AssumeRole\",\"Effect\":\"Allow\",\"Principal\":{\"Service\":\"lambda.amazonaws.com\"}}],\"Version\":\"2012-10-17\"}",
            "create_date": "2025-06-22T02:55:52Z",
            "description": "",
            "force_detach_policies": false,
            "id": "dev_logistics_auth_role",
            "inline_policy": [],
            "managed_policy_arns": [
              "arn:aws:iam::aws:policy/AmazonDynamoDBFullAccess",
              "arn:aws:iam::aws:policy/service-role/AWSLambdaBasicExecutionRole"
            ],
            "max_session_duration": 3600,
            "name": "dev_logistics_auth_role",
            "name_prefix": "",
            "path": "/",
            "permissions_boundary": "",
            "tags": {
              "Environment": "dev",
              "ManagedBy": "terraform",
              "Project": "logistics"
            },
            "tags_all": {
              "Environment": "dev",
              "ManagedBy": "terraform",
              "Project": "logistics"
            },
            "unique_id": "AROASSDXFBWZRK4CPV5DJ"
          },
          "sensitive_attributes": [],
          "identity_schema_version": 0,
          "identity": {
            "account_id": "176343551411",
            "name": "dev_logistics_auth_role"
          },
          "private": "bnVsbA==",
          "dependencies": [
            "module.auth_lambda.data.aws_iam_policy_document.policy_doc"
          ],
          "create_before_destroy": true
        }
      ]
    },
    {
      "module": "module.auth_lambda",
      "mode": "managed",
      "type": "aws_iam_role_policy_attachment",
      "name": "lambda_custom_policy",
      "provider": "provider[\"registry.terraform.io/hashicorp/aws\"]",
      "instances": [
        {
          "index_key": 0,
          "schema_version": 0,
          "attributes": {
            "id": "dev_logistics_auth_role-20250622025556754000000009",
            "policy_arn": "arn:aws:iam::aws:policy/AmazonDynamoDBFullAccess",
            "role": "dev_logistics_auth_role"
          },
          "sensitive_attributes": [],
          "identity_schema_version": 0,
          "private": "bnVsbA==",
          "dependencies": [
            "module.auth_lambda.aws_iam_role.lambda_role",
            "module.auth_lambda.data.aws_iam_policy_document.policy_doc"
          ]
        }
      ]
    },
    {
      "module": "module.auth_lambda",
      "mode": "managed",
      "type": "aws_iam_role_policy_attachment",
      "name": "policy_cloudwatch",
      "provider": "provider[\"registry.terraform.io/hashicorp/aws\"]",
      "instances": [
        {
          "schema_version": 0,
          "attributes": {
            "id": "dev_logistics_auth_role-20250622025556563700000008",
            "policy_arn": "arn:aws:iam::aws:policy/service-role/AWSLambdaBasicExecutionRole",
            "role": "dev_logistics_auth_role"
          },
          "sensitive_attributes": [],
          "identity_schema_version": 0,
          "private": "bnVsbA==",
          "dependencies": [
            "module.auth_lambda.aws_iam_role.lambda_role",
            "module.auth_lambda.data.aws_iam_policy_document.policy_doc"
          ]
        }
      ]
    },
    {
      "module": "module.auth_lambda",
      "mode": "managed",
      "type": "aws_lambda_function",
      "name": "lambda",
      "provider": "provider[\"registry.terraform.io/hashicorp/aws\"]",
      "instances": [
        {
          "schema_version": 0,
          "attributes": {
            "architectures": [
              "x86_64"
            ],
            "arn": "arn:aws:lambda:us-east-1:176343551411:function:dev_logistics_auth",
            "code_sha256": "5006f3139def0c73791137c7d14942b197f63a422c5c4c88d553bea3d8d83e31",
            "code_signing_config_arn": "",
            "dead_letter_config": [],
            "description": "Authentication Lambda function",
            "environment": [
              {
                "variables": {
                  "JWT_SECRET": "your-jwt-secret-key",
                  "USERS_TABLE": "dev-logistics-users"
                }
              }
            ],
            "ephemeral_storage": [
              {
                "size": 512
              }
            ],
            "file_system_config": [],
            "filename": null,
            "function_name": "dev_logistics_auth",
            "handler": "",
            "id": "dev_logistics_auth",
            "image_config": [],
            "image_uri": "176343551411.dkr.ecr.us-east-1.amazonaws.com/dev-logistics-auth:latest",
            "invoke_arn": "arn:aws:apigateway:us-east-1:lambda:path/2015-03-31/functions/arn:aws:lambda:us-east-1:176343551411:function:dev_logistics_auth/invocations",
            "kms_key_arn": "",
            "last_modified": "2025-06-22T03:04:58.000+0000",
            "layers": [],
            "logging_config": [
              {
                "application_log_level": "",
                "log_format": "Text",
                "log_group": "/aws/lambda/dev_logistics_auth",
                "system_log_level": ""
              }
            ],
            "memory_size": 512,
            "package_type": "Image",
            "publish": null,
            "qualified_arn": "arn:aws:lambda:us-east-1:176343551411:function:dev_logistics_auth:$LATEST",
            "qualified_invoke_arn": "arn:aws:apigateway:us-east-1:lambda:path/2015-03-31/functions/arn:aws:lambda:us-east-1:176343551411:function:dev_logistics_auth:$LATEST/invocations",
            "region": "us-east-1",
            "replace_security_groups_on_destroy": null,
            "replacement_security_group_ids": null,
            "reserved_concurrent_executions": -1,
            "role": "arn:aws:iam::176343551411:role/dev_logistics_auth_role",
            "runtime": "",
            "s3_bucket": null,
            "s3_key": null,
            "s3_object_version": null,
            "signing_job_arn": "",
            "signing_profile_version_arn": "",
            "skip_destroy": false,
            "snap_start": [],
            "source_code_hash": "",
            "source_code_size": 0,
            "tags": {
              "Environment": "dev",
              "ManagedBy": "terraform",
              "Project": "logistics"
            },
            "tags_all": {
              "Environment": "dev",
              "ManagedBy": "terraform",
              "Project": "logistics"
            },
            "timeout": 30,
            "timeouts": null,
            "tracing_config": [
              {
                "mode": "PassThrough"
              }
            ],
            "version": "$LATEST",
            "vpc_config": []
          },
          "sensitive_attributes": [],
          "identity_schema_version": 0,
          "private": "eyJlMmJmYjczMC1lY2FhLTExZTYtOGY4OC0zNDM2M2JjN2M0YzAiOnsiY3JlYXRlIjo2MDAwMDAwMDAwMDAsImRlbGV0ZSI6NjAwMDAwMDAwMDAwLCJ1cGRhdGUiOjYwMDAwMDAwMDAwMH0sInNjaGVtYV92ZXJzaW9uIjoiMCJ9",
          "dependencies": [
            "module.auth_lambda.aws_iam_role.lambda_role",
            "module.auth_lambda.data.aws_caller_identity.current",
            "module.auth_lambda.data.aws_iam_policy_document.policy_doc",
            "module.auth_lambda.module.repo_ecr_lambda.aws_ecr_repository.this",
            "module.auth_lambda.null_resource.run_script",
            "module.users_table.aws_dynamodb_table.this"
          ],
          "create_before_destroy": true
        }
      ]
    },
    {
      "module": "module.auth_lambda",
      "mode": "managed",
      "type": "aws_lambda_function_event_invoke_config",
      "name": "retry",
      "provider": "provider[\"registry.terraform.io/hashicorp/aws\"]",
      "instances": [
        {
          "schema_version": 0,
          "attributes": {
            "destination_config": [],
            "function_name": "dev_logistics_auth",
            "id": "dev_logistics_auth",
            "maximum_event_age_in_seconds": 21600,
            "maximum_retry_attempts": 0,
            "qualifier": "",
            "region": "us-east-1"
          },
          "sensitive_attributes": [],
          "identity_schema_version": 0,
          "private": "bnVsbA==",
          "dependencies": [
            "module.auth_lambda.aws_iam_role.lambda_role",
            "module.auth_lambda.aws_lambda_function.lambda",
            "module.auth_lambda.data.aws_caller_identity.current",
            "module.auth_lambda.data.aws_iam_policy_document.policy_doc",
            "module.auth_lambda.module.repo_ecr_lambda.aws_ecr_repository.this",
            "module.auth_lambda.null_resource.run_script",
            "module.users_table.aws_dynamodb_table.this"
          ]
        }
      ]
    },
    {
      "module": "module.auth_lambda",
      "mode": "managed",
      "type": "null_resource",
      "name": "run_script",
      "provider": "provider[\"registry.terraform.io/hashicorp/null\"]",
      "instances": [
        {
          "index_key": "Dockerfile",
          "schema_version": 0,
          "attributes": {
            "id": "4642053577872827601",
            "triggers": {
              "file": "a1971814fbf071101a4eeb38a5108b07cd71fc6fe0d638c6a812dd34106a590f"
            }
          },
          "sensitive_attributes": [],
          "identity_schema_version": 0,
          "dependencies": [
            "module.auth_lambda.data.aws_caller_identity.current",
            "module.auth_lambda.module.repo_ecr_lambda.aws_ecr_repository.this"
          ],
          "create_before_destroy": true
        },
        {
          "index_key": "lambda_function.py",
          "schema_version": 0,
          "attributes": {
            "id": "3440320275883753356",
            "triggers": {
              "file": "7f183bc7c9ca41fe10c2416ca9c0df06829e4f950d97a289195028bb86733a1d"
            }
          },
          "sensitive_attributes": [],
          "identity_schema_version": 0,
          "dependencies": [
            "module.auth_lambda.data.aws_caller_identity.current",
            "module.auth_lambda.module.repo_ecr_lambda.aws_ecr_repository.this"
          ],
          "create_before_destroy": true
        },
        {
          "index_key": "requirements.txt",
          "schema_version": 0,
          "attributes": {
            "id": "2796797865716343319",
            "triggers": {
              "file": "1ec5e282f9ac1367bc2c112bb293d1f1b5614645ed3223c23188aff841a66095"
            }
          },
          "sensitive_attributes": [],
          "identity_schema_version": 0,
          "dependencies": [
            "module.auth_lambda.data.aws_caller_identity.current",
            "module.auth_lambda.module.repo_ecr_lambda.aws_ecr_repository.this"
          ],
          "create_before_destroy": true
        }
      ]
    },
    {
      "module": "module.auth_lambda",
      "mode": "managed",
      "type": "null_resource",
      "name": "update",
      "provider": "provider[\"registry.terraform.io/hashicorp/null\"]",
      "instances": [
        {
          "index_key": "Dockerfile",
          "schema_version": 0,
          "attributes": {
            "id": "7854251051660237048",
            "triggers": {
              "file": "a1971814fbf071101a4eeb38a5108b07cd71fc6fe0d638c6a812dd34106a590f"
            }
          },
          "sensitive_attributes": [],
          "identity_schema_version": 0,
          "dependencies": [
            "module.auth_lambda.aws_iam_role.lambda_role",
            "module.auth_lambda.aws_lambda_function.lambda",
            "module.auth_lambda.data.aws_caller_identity.current",
            "module.auth_lambda.data.aws_iam_policy_document.policy_doc",
            "module.auth_lambda.module.repo_ecr_lambda.aws_ecr_repository.this",
            "module.auth_lambda.null_resource.run_script",
            "module.users_table.aws_dynamodb_table.this"
          ]
        },
        {
          "index_key": "lambda_function.py",
          "schema_version": 0,
          "attributes": {
            "id": "2894259191242540634",
            "triggers": {
              "file": "7f183bc7c9ca41fe10c2416ca9c0df06829e4f950d97a289195028bb86733a1d"
            }
          },
          "sensitive_attributes": [],
          "identity_schema_version": 0,
          "dependencies": [
            "module.auth_lambda.aws_iam_role.lambda_role",
            "module.auth_lambda.aws_lambda_function.lambda",
            "module.auth_lambda.data.aws_caller_identity.current",
            "module.auth_lambda.data.aws_iam_policy_document.policy_doc",
            "module.auth_lambda.module.repo_ecr_lambda.aws_ecr_repository.this",
            "module.auth_lambda.null_resource.run_script",
            "module.users_table.aws_dynamodb_table.this"
          ]
        },
        {
          "index_key": "requirements.txt",
          "schema_version": 0,
          "attributes": {
            "id": "78946670328630551",
            "triggers": {
              "file": "1ec5e282f9ac1367bc2c112bb293d1f1b5614645ed3223c23188aff841a66095"
            }
          },
          "sensitive_attributes": [],
          "identity_schema_version": 0,
          "dependencies": [
            "module.auth_lambda.aws_iam_role.lambda_role",
            "module.auth_lambda.aws_lambda_function.lambda",
            "module.auth_lambda.data.aws_caller_identity.current",
            "module.auth_lambda.data.aws_iam_policy_document.policy_doc",
            "module.auth_lambda.module.repo_ecr_lambda.aws_ecr_repository.this",
            "module.auth_lambda.null_resource.run_script",
            "module.users_table.aws_dynamodb_table.this"
          ]
        }
      ]
    },
    {
      "module": "module.auth_lambda.module.repo_ecr_lambda",
      "mode": "data",
      "type": "aws_caller_identity",
      "name": "current",
      "provider": "provider[\"registry.terraform.io/hashicorp/aws\"]",
      "instances": [
        {
          "schema_version": 0,
          "attributes": {
            "account_id": "176343551411",
            "arn": "arn:aws:iam::176343551411:user/aws-cli-ari",
            "id": "176343551411",
            "user_id": "AIDASSDXFBWZZNGAC4AYI"
          },
          "sensitive_attributes": [],
          "identity_schema_version": 0
        }
      ]
    },
    {
      "module": "module.auth_lambda.module.repo_ecr_lambda",
      "mode": "managed",
      "type": "aws_ecr_lifecycle_policy",
      "name": "delete",
      "provider": "provider[\"registry.terraform.io/hashicorp/aws\"]",
      "instances": [
        {
          "schema_version": 0,
          "attributes": {
            "id": "dev-logistics-auth",
            "policy": "{\"rules\":[{\"action\":{\"type\":\"expire\"},\"description\":\"Keep only the most recent images\",\"rulePriority\":1,\"selection\":{\"countNumber\":5,\"countType\":\"imageCountMoreThan\",\"tagStatus\":\"any\"}}]}",
            "region": "us-east-1",
            "registry_id": "176343551411",
            "repository": "dev-logistics-auth"
          },
          "sensitive_attributes": [],
          "identity_schema_version": 0,
          "private": "bnVsbA==",
          "dependencies": [
            "module.auth_lambda.module.repo_ecr_lambda.aws_ecr_repository.this"
          ]
        }
      ]
    },
    {
      "module": "module.auth_lambda.module.repo_ecr_lambda",
      "mode": "managed",
      "type": "aws_ecr_repository",
      "name": "this",
      "provider": "provider[\"registry.terraform.io/hashicorp/aws\"]",
      "instances": [
        {
          "schema_version": 0,
          "attributes": {
            "arn": "arn:aws:ecr:us-east-1:176343551411:repository/dev-logistics-auth",
            "encryption_configuration": [
              {
                "encryption_type": "AES256",
                "kms_key": ""
              }
            ],
            "force_delete": null,
            "id": "dev-logistics-auth",
            "image_scanning_configuration": [
              {
                "scan_on_push": true
              }
            ],
            "image_tag_mutability": "MUTABLE",
            "name": "dev-logistics-auth",
            "region": "us-east-1",
            "registry_id": "176343551411",
            "repository_url": "176343551411.dkr.ecr.us-east-1.amazonaws.com/dev-logistics-auth",
            "tags": {
              "Environment": "dev",
              "ManagedBy": "terraform",
              "Project": "logistics"
            },
            "tags_all": {
              "Environment": "dev",
              "ManagedBy": "terraform",
              "Project": "logistics"
            },
            "timeouts": null
          },
          "sensitive_attributes": [],
          "identity_schema_version": 0,
          "private": "eyJlMmJmYjczMC1lY2FhLTExZTYtOGY4OC0zNDM2M2JjN2M0YzAiOnsiZGVsZXRlIjoxMjAwMDAwMDAwMDAwfX0=",
          "create_before_destroy": true
        }
      ]
    },
    {
      "module": "module.events_queue",
      "mode": "managed",
      "type": "aws_sqs_queue",
      "name": "dead_letter_fifo_queue",
      "provider": "provider[\"registry.terraform.io/hashicorp/aws\"]",
      "instances": [
        {
          "schema_version": 0,
          "attributes": {
            "arn": "arn:aws:sqs:us-east-1:176343551411:dev-logistics-events-dead-letter-queue.fifo",
            "content_based_deduplication": true,
            "deduplication_scope": "queue",
            "delay_seconds": 0,
            "fifo_queue": true,
            "fifo_throughput_limit": "perQueue",
            "id": "https://sqs.us-east-1.amazonaws.com/176343551411/dev-logistics-events-dead-letter-queue.fifo",
            "kms_data_key_reuse_period_seconds": 300,
            "kms_master_key_id": "",
            "max_message_size": 262144,
            "message_retention_seconds": 345600,
            "name": "dev-logistics-events-dead-letter-queue.fifo",
            "name_prefix": "",
            "policy": "",
            "receive_wait_time_seconds": 0,
            "redrive_allow_policy": "",
            "redrive_policy": "",
            "region": "us-east-1",
            "sqs_managed_sse_enabled": true,
            "tags": {
              "Environment": "dev",
              "ManagedBy": "terraform",
              "Project": "logistics"
            },
            "tags_all": {
              "Environment": "dev",
              "ManagedBy": "terraform",
              "Project": "logistics"
            },
            "timeouts": null,
            "url": "https://sqs.us-east-1.amazonaws.com/176343551411/dev-logistics-events-dead-letter-queue.fifo",
            "visibility_timeout_seconds": 43200
          },
          "sensitive_attributes": [],
          "identity_schema_version": 0,
          "private": "eyJlMmJmYjczMC1lY2FhLTExZTYtOGY4OC0zNDM2M2JjN2M0YzAiOnsiY3JlYXRlIjoxODAwMDAwMDAwMDAsImRlbGV0ZSI6MTgwMDAwMDAwMDAwLCJ1cGRhdGUiOjE4MDAwMDAwMDAwMH19",
          "create_before_destroy": true
        }
      ]
    },
    {
      "module": "module.events_queue",
      "mode": "managed",
      "type": "aws_sqs_queue",
      "name": "fifo_queue",
      "provider": "provider[\"registry.terraform.io/hashicorp/aws\"]",
      "instances": [
        {
          "schema_version": 0,
          "attributes": {
            "arn": "arn:aws:sqs:us-east-1:176343551411:dev-logistics-events-fifo-queue.fifo",
            "content_based_deduplication": true,
            "deduplication_scope": "queue",
            "delay_seconds": 0,
            "fifo_queue": true,
            "fifo_throughput_limit": "perQueue",
            "id": "https://sqs.us-east-1.amazonaws.com/176343551411/dev-logistics-events-fifo-queue.fifo",
            "kms_data_key_reuse_period_seconds": 300,
            "kms_master_key_id": "",
            "max_message_size": 262144,
            "message_retention_seconds": 345600,
            "name": "dev-logistics-events-fifo-queue.fifo",
            "name_prefix": "",
            "policy": "",
            "receive_wait_time_seconds": 0,
            "redrive_allow_policy": "",
            "redrive_policy": "{\"deadLetterTargetArn\":\"arn:aws:sqs:us-east-1:176343551411:dev-logistics-events-dead-letter-queue.fifo\",\"maxReceiveCount\":5}",
            "region": "us-east-1",
            "sqs_managed_sse_enabled": true,
            "tags": {
              "Environment": "dev",
              "ManagedBy": "terraform",
              "Project": "logistics"
            },
            "tags_all": {
              "Environment": "dev",
              "ManagedBy": "terraform",
              "Project": "logistics"
            },
            "timeouts": null,
            "url": "https://sqs.us-east-1.amazonaws.com/176343551411/dev-logistics-events-fifo-queue.fifo",
            "visibility_timeout_seconds": 43200
          },
          "sensitive_attributes": [],
          "identity_schema_version": 0,
          "private": "eyJlMmJmYjczMC1lY2FhLTExZTYtOGY4OC0zNDM2M2JjN2M0YzAiOnsiY3JlYXRlIjoxODAwMDAwMDAwMDAsImRlbGV0ZSI6MTgwMDAwMDAwMDAwLCJ1cGRhdGUiOjE4MDAwMDAwMDAwMH19",
          "dependencies": [
            "module.events_queue.aws_sqs_queue.dead_letter_fifo_queue"
          ],
          "create_before_destroy": true
        }
      ]
    },
    {
      "module": "module.locations_table",
      "mode": "managed",
      "type": "aws_dynamodb_table",
      "name": "this",
      "provider": "provider[\"registry.terraform.io/hashicorp/aws\"]",
      "instances": [
        {
          "schema_version": 1,
          "attributes": {
            "arn": "arn:aws:dynamodb:us-east-1:176343551411:table/dev-logistics-locations",
            "attribute": [
              {
                "name": "id",
                "type": "S"
              }
            ],
            "billing_mode": "PAY_PER_REQUEST",
            "deletion_protection_enabled": false,
            "global_secondary_index": [],
            "hash_key": "id",
            "id": "dev-logistics-locations",
            "import_table": [],
            "local_secondary_index": [],
            "name": "dev-logistics-locations",
            "on_demand_throughput": [],
            "point_in_time_recovery": [
              {
                "enabled": false,
                "recovery_period_in_days": 0
              }
            ],
            "range_key": null,
            "read_capacity": 0,
            "region": "us-east-1",
            "replica": [],
            "restore_date_time": null,
            "restore_source_name": null,
            "restore_source_table_arn": null,
            "restore_to_latest_time": null,
            "server_side_encryption": [],
            "stream_arn": "",
            "stream_enabled": false,
            "stream_label": "",
            "stream_view_type": "",
            "table_class": "STANDARD",
            "tags": {
              "Environment": "dev",
              "ManagedBy": "terraform",
              "Project": "logistics"
            },
            "tags_all": {
              "Environment": "dev",
              "ManagedBy": "terraform",
              "Project": "logistics"
            },
            "timeouts": null,
            "ttl": [
              {
                "attribute_name": "",
                "enabled": false
              }
            ],
            "write_capacity": 0
          },
          "sensitive_attributes": [],
          "identity_schema_version": 0,
          "private": "eyJlMmJmYjczMC1lY2FhLTExZTYtOGY4OC0zNDM2M2JjN2M0YzAiOnsiY3JlYXRlIjoxODAwMDAwMDAwMDAwLCJkZWxldGUiOjYwMDAwMDAwMDAwMCwidXBkYXRlIjozNjAwMDAwMDAwMDAwfSwic2NoZW1hX3ZlcnNpb24iOiIxIn0=",
          "create_before_destroy": true
        }
      ]
    },
    {
      "module": "module.notificacoes_lambda",
      "mode": "data",
      "type": "aws_caller_identity",
      "name": "current",
      "provider": "provider[\"registry.terraform.io/hashicorp/aws\"]",
      "instances": [
        {
          "schema_version": 0,
          "attributes": {
            "account_id": "176343551411",
            "arn": "arn:aws:iam::176343551411:user/aws-cli-ari",
            "id": "176343551411",
            "user_id": "AIDASSDXFBWZZNGAC4AYI"
          },
          "sensitive_attributes": [],
          "identity_schema_version": 0
        }
      ]
    },
    {
      "module": "module.notificacoes_lambda",
      "mode": "data",
      "type": "aws_iam_policy_document",
      "name": "policy_doc",
      "provider": "provider[\"registry.terraform.io/hashicorp/aws\"]",
      "instances": [
        {
          "schema_version": 0,
          "attributes": {
            "id": "2690255455",
            "json": "{\n  \"Version\": \"2012-10-17\",\n  \"Statement\": [\n    {\n      \"Effect\": \"Allow\",\n      \"Action\": \"sts:AssumeRole\",\n      \"Principal\": {\n        \"Service\": \"lambda.amazonaws.com\"\n      }\n    }\n  ]\n}",
            "minified_json": "{\"Version\":\"2012-10-17\",\"Statement\":[{\"Effect\":\"Allow\",\"Action\":\"sts:AssumeRole\",\"Principal\":{\"Service\":\"lambda.amazonaws.com\"}}]}",
            "override_json": null,
            "override_policy_documents": null,
            "policy_id": null,
            "source_json": null,
            "source_policy_documents": null,
            "statement": [
              {
                "actions": [
                  "sts:AssumeRole"
                ],
                "condition": [],
                "effect": "Allow",
                "not_actions": [],
                "not_principals": [],
                "not_resources": [],
                "principals": [
                  {
                    "identifiers": [
                      "lambda.amazonaws.com"
                    ],
                    "type": "Service"
                  }
                ],
                "resources": [],
                "sid": ""
              }
            ],
            "version": "2012-10-17"
          },
          "sensitive_attributes": [],
          "identity_schema_version": 0
        }
      ]
    },
    {
      "module": "module.notificacoes_lambda",
      "mode": "managed",
      "type": "aws_iam_role",
      "name": "lambda_role",
      "provider": "provider[\"registry.terraform.io/hashicorp/aws\"]",
      "instances": [
        {
          "schema_version": 0,
          "attributes": {
            "arn": "arn:aws:iam::176343551411:role/dev_logistics_notificacoes_role",
            "assume_role_policy": "{\"Statement\":[{\"Action\":\"sts:AssumeRole\",\"Effect\":\"Allow\",\"Principal\":{\"Service\":\"lambda.amazonaws.com\"}}],\"Version\":\"2012-10-17\"}",
            "create_date": "2025-06-22T02:55:53Z",
            "description": "",
            "force_detach_policies": false,
            "id": "dev_logistics_notificacoes_role",
            "inline_policy": [],
            "managed_policy_arns": [
              "arn:aws:iam::aws:policy/AmazonDynamoDBFullAccess",
              "arn:aws:iam::aws:policy/AmazonSESFullAccess",
              "arn:aws:iam::aws:policy/AmazonSNSFullAccess",
              "arn:aws:iam::aws:policy/AmazonSQSFullAccess",
              "arn:aws:iam::aws:policy/service-role/AWSLambdaBasicExecutionRole",
              "arn:aws:iam::aws:policy/service-role/AWSLambdaRole"
            ],
            "max_session_duration": 3600,
            "name": "dev_logistics_notificacoes_role",
            "name_prefix": "",
            "path": "/",
            "permissions_boundary": "",
            "tags": {
              "Environment": "dev",
              "ManagedBy": "terraform",
              "Project": "logistics"
            },
            "tags_all": {
              "Environment": "dev",
              "ManagedBy": "terraform",
              "Project": "logistics"
            },
            "unique_id": "AROASSDXFBWZ22SCJSUYD"
          },
          "sensitive_attributes": [],
          "identity_schema_version": 0,
          "identity": {
            "account_id": "176343551411",
            "name": "dev_logistics_notificacoes_role"
          },
          "private": "bnVsbA==",
          "dependencies": [
            "module.notificacoes_lambda.data.aws_iam_policy_document.policy_doc"
          ],
          "create_before_destroy": true
        }
      ]
    },
    {
      "module": "module.notificacoes_lambda",
      "mode": "managed",
      "type": "aws_iam_role_policy_attachment",
      "name": "lambda_custom_policy",
      "provider": "provider[\"registry.terraform.io/hashicorp/aws\"]",
      "instances": [
        {
          "index_key": 0,
          "schema_version": 0,
          "attributes": {
            "id": "dev_logistics_notificacoes_role-20250622025558139600000010",
            "policy_arn": "arn:aws:iam::aws:policy/AmazonDynamoDBFullAccess",
            "role": "dev_logistics_notificacoes_role"
          },
          "sensitive_attributes": [],
          "identity_schema_version": 0,
          "private": "bnVsbA==",
          "dependencies": [
            "module.notificacoes_lambda.aws_iam_role.lambda_role",
            "module.notificacoes_lambda.data.aws_iam_policy_document.policy_doc"
          ]
        },
        {
          "index_key": 1,
          "schema_version": 0,
          "attributes": {
            "id": "dev_logistics_notificacoes_role-2025062202555780900000000e",
            "policy_arn": "arn:aws:iam::aws:policy/AmazonSQSFullAccess",
            "role": "dev_logistics_notificacoes_role"
          },
          "sensitive_attributes": [],
          "identity_schema_version": 0,
          "private": "bnVsbA==",
          "dependencies": [
            "module.notificacoes_lambda.aws_iam_role.lambda_role",
            "module.notificacoes_lambda.data.aws_iam_policy_document.policy_doc"
          ]
        },
        {
          "index_key": 2,
          "schema_version": 0,
          "attributes": {
            "id": "dev_logistics_notificacoes_role-2025062202555799700000000f",
            "policy_arn": "arn:aws:iam::aws:policy/AmazonSNSFullAccess",
            "role": "dev_logistics_notificacoes_role"
          },
          "sensitive_attributes": [],
          "identity_schema_version": 0,
          "private": "bnVsbA==",
          "dependencies": [
            "module.notificacoes_lambda.aws_iam_role.lambda_role",
            "module.notificacoes_lambda.data.aws_iam_policy_document.policy_doc"
          ]
        },
        {
          "index_key": 3,
          "schema_version": 0,
          "attributes": {
            "id": "dev_logistics_notificacoes_role-20250622025558489500000012",
            "policy_arn": "arn:aws:iam::aws:policy/AmazonSESFullAccess",
            "role": "dev_logistics_notificacoes_role"
          },
          "sensitive_attributes": [],
          "identity_schema_version": 0,
          "private": "bnVsbA==",
          "dependencies": [
            "module.notificacoes_lambda.aws_iam_role.lambda_role",
            "module.notificacoes_lambda.data.aws_iam_policy_document.policy_doc"
          ]
        },
        {
          "index_key": 4,
          "schema_version": 0,
          "attributes": {
            "id": "dev_logistics_notificacoes_role-20250622025558356600000011",
            "policy_arn": "arn:aws:iam::aws:policy/service-role/AWSLambdaRole",
            "role": "dev_logistics_notificacoes_role"
          },
          "sensitive_attributes": [],
          "identity_schema_version": 0,
          "private": "bnVsbA==",
          "dependencies": [
            "module.notificacoes_lambda.aws_iam_role.lambda_role",
            "module.notificacoes_lambda.data.aws_iam_policy_document.policy_doc"
          ]
        }
      ]
    },
    {
      "module": "module.notificacoes_lambda",
      "mode": "managed",
      "type": "aws_iam_role_policy_attachment",
      "name": "policy_cloudwatch",
      "provider": "provider[\"registry.terraform.io/hashicorp/aws\"]",
      "instances": [
        {
          "schema_version": 0,
          "attributes": {
            "id": "dev_logistics_notificacoes_role-2025062202555764680000000d",
            "policy_arn": "arn:aws:iam::aws:policy/service-role/AWSLambdaBasicExecutionRole",
            "role": "dev_logistics_notificacoes_role"
          },
          "sensitive_attributes": [],
          "identity_schema_version": 0,
          "private": "bnVsbA==",
          "dependencies": [
            "module.notificacoes_lambda.aws_iam_role.lambda_role",
            "module.notificacoes_lambda.data.aws_iam_policy_document.policy_doc"
          ]
        }
      ]
    },
    {
      "module": "module.notificacoes_lambda",
      "mode": "managed",
      "type": "aws_lambda_function",
      "name": "lambda",
      "provider": "provider[\"registry.terraform.io/hashicorp/aws\"]",
      "instances": [
        {
          "schema_version": 0,
          "attributes": {
            "architectures": [
              "x86_64"
            ],
            "arn": "arn:aws:lambda:us-east-1:176343551411:function:dev_logistics_notificacoes",
            "code_sha256": "89275de9cdf17ea88ce356f8515d825dc5be5ee71f293d299d1a823c6d7ad070",
            "code_signing_config_arn": "",
            "dead_letter_config": [],
            "description": "Notifications Lambda function",
            "environment": [
              {
                "variables": {
                  "CONNECTIONS_TABLE": "dev-logistics-websocket-connections",
                  "JWT_SECRET": "your-jwt-secret-key",
                  "NOTIFICATIONS_TABLE": "dev-logistics-notifications",
                  "SNS_GENERAL_TOPIC_ARN": "arn:aws:sns:us-east-1:176343551411:dev_logistics_notifications-general",
                  "SNS_PREMIUM_TOPIC_ARN": "arn:aws:sns:us-east-1:176343551411:dev_logistics_notifications-premium",
                  "SNS_REGIONAL_TOPIC_ARN": "arn:aws:sns:us-east-1:176343551411:dev_logistics_notifications-regional",
                  "SQS_QUEUE_URL": "https://sqs.us-east-1.amazonaws.com/176343551411/dev-logistics-events-fifo-queue.fifo",
                  "USERS_TABLE": "dev-logistics-users",
                  "WEBSOCKET_LAMBDA_NAME": "dev_logistics_websocket"
                }
              }
            ],
            "ephemeral_storage": [
              {
                "size": 512
              }
            ],
            "file_system_config": [],
            "filename": null,
            "function_name": "dev_logistics_notificacoes",
            "handler": "",
            "id": "dev_logistics_notificacoes",
            "image_config": [],
            "image_uri": "176343551411.dkr.ecr.us-east-1.amazonaws.com/dev-logistics-notificacoes:latest",
            "invoke_arn": "arn:aws:apigateway:us-east-1:lambda:path/2015-03-31/functions/arn:aws:lambda:us-east-1:176343551411:function:dev_logistics_notificacoes/invocations",
            "kms_key_arn": "",
            "last_modified": "2025-06-22T03:53:28.000+0000",
            "layers": [],
            "logging_config": [
              {
                "application_log_level": "",
                "log_format": "Text",
                "log_group": "/aws/lambda/dev_logistics_notificacoes",
                "system_log_level": ""
              }
            ],
            "memory_size": 512,
            "package_type": "Image",
            "publish": null,
            "qualified_arn": "arn:aws:lambda:us-east-1:176343551411:function:dev_logistics_notificacoes:$LATEST",
            "qualified_invoke_arn": "arn:aws:apigateway:us-east-1:lambda:path/2015-03-31/functions/arn:aws:lambda:us-east-1:176343551411:function:dev_logistics_notificacoes:$LATEST/invocations",
            "region": "us-east-1",
            "replace_security_groups_on_destroy": null,
            "replacement_security_group_ids": null,
            "reserved_concurrent_executions": -1,
            "role": "arn:aws:iam::176343551411:role/dev_logistics_notificacoes_role",
            "runtime": "",
            "s3_bucket": null,
            "s3_key": null,
            "s3_object_version": null,
            "signing_job_arn": "",
            "signing_profile_version_arn": "",
            "skip_destroy": false,
            "snap_start": [],
            "source_code_hash": "",
            "source_code_size": 0,
            "tags": {
              "Environment": "dev",
              "ManagedBy": "terraform",
              "Project": "logistics"
            },
            "tags_all": {
              "Environment": "dev",
              "ManagedBy": "terraform",
              "Project": "logistics"
            },
            "timeout": 60,
            "timeouts": null,
            "tracing_config": [
              {
                "mode": "PassThrough"
              }
            ],
            "version": "$LATEST",
            "vpc_config": []
          },
          "sensitive_attributes": [],
          "identity_schema_version": 0,
          "private": "eyJlMmJmYjczMC1lY2FhLTExZTYtOGY4OC0zNDM2M2JjN2M0YzAiOnsiY3JlYXRlIjo2MDAwMDAwMDAwMDAsImRlbGV0ZSI6NjAwMDAwMDAwMDAwLCJ1cGRhdGUiOjYwMDAwMDAwMDAwMH0sInNjaGVtYV92ZXJzaW9uIjoiMCJ9",
          "dependencies": [
            "aws_apigatewayv2_api.websocket_api",
            "module.events_queue.aws_sqs_queue.dead_letter_fifo_queue",
            "module.events_queue.aws_sqs_queue.fifo_queue",
            "module.notificacoes_lambda.aws_iam_role.lambda_role",
            "module.notificacoes_lambda.data.aws_caller_identity.current",
            "module.notificacoes_lambda.data.aws_iam_policy_document.policy_doc",
            "module.notificacoes_lambda.module.repo_ecr_lambda.aws_ecr_repository.this",
            "module.notificacoes_lambda.null_resource.run_script",
            "module.notifications_general_topic.aws_sns_topic.this",
            "module.notifications_premium_topic.aws_sns_topic.this",
            "module.notifications_regional_topic.aws_sns_topic.this",
            "module.notifications_table.aws_dynamodb_table.this",
            "module.users_table.aws_dynamodb_table.this",
            "module.websocket_connections_table.aws_dynamodb_table.this",
            "module.websocket_lambda.aws_iam_role.lambda_role",
            "module.websocket_lambda.aws_lambda_function.lambda",
            "module.websocket_lambda.data.aws_caller_identity.current",
            "module.websocket_lambda.data.aws_iam_policy_document.policy_doc",
            "module.websocket_lambda.module.repo_ecr_lambda.aws_ecr_repository.this",
            "module.websocket_lambda.null_resource.run_script"
          ],
          "create_before_destroy": true
        }
      ]
    },
    {
      "module": "module.notificacoes_lambda",
      "mode": "managed",
      "type": "aws_lambda_function_event_invoke_config",
      "name": "retry",
      "provider": "provider[\"registry.terraform.io/hashicorp/aws\"]",
      "instances": [
        {
          "schema_version": 0,
          "attributes": {
            "destination_config": [],
            "function_name": "dev_logistics_notificacoes",
            "id": "dev_logistics_notificacoes",
            "maximum_event_age_in_seconds": 21600,
            "maximum_retry_attempts": 0,
            "qualifier": "",
            "region": "us-east-1"
          },
          "sensitive_attributes": [],
          "identity_schema_version": 0,
          "private": "bnVsbA==",
          "dependencies": [
            "aws_apigatewayv2_api.websocket_api",
            "module.events_queue.aws_sqs_queue.dead_letter_fifo_queue",
            "module.events_queue.aws_sqs_queue.fifo_queue",
            "module.notificacoes_lambda.aws_iam_role.lambda_role",
            "module.notificacoes_lambda.aws_lambda_function.lambda",
            "module.notificacoes_lambda.data.aws_caller_identity.current",
            "module.notificacoes_lambda.data.aws_iam_policy_document.policy_doc",
            "module.notificacoes_lambda.module.repo_ecr_lambda.aws_ecr_repository.this",
            "module.notificacoes_lambda.null_resource.run_script",
            "module.notifications_general_topic.aws_sns_topic.this",
            "module.notifications_premium_topic.aws_sns_topic.this",
            "module.notifications_regional_topic.aws_sns_topic.this",
            "module.notifications_table.aws_dynamodb_table.this",
            "module.users_table.aws_dynamodb_table.this",
            "module.websocket_connections_table.aws_dynamodb_table.this",
            "module.websocket_lambda.aws_iam_role.lambda_role",
            "module.websocket_lambda.aws_lambda_function.lambda",
            "module.websocket_lambda.data.aws_caller_identity.current",
            "module.websocket_lambda.data.aws_iam_policy_document.policy_doc",
            "module.websocket_lambda.module.repo_ecr_lambda.aws_ecr_repository.this",
            "module.websocket_lambda.null_resource.run_script"
          ]
        }
      ]
    },
    {
      "module": "module.notificacoes_lambda",
      "mode": "managed",
      "type": "null_resource",
      "name": "run_script",
      "provider": "provider[\"registry.terraform.io/hashicorp/null\"]",
      "instances": [
        {
          "index_key": "Dockerfile",
          "schema_version": 0,
          "attributes": {
            "id": "2245318744306425164",
            "triggers": {
              "file": "a1971814fbf071101a4eeb38a5108b07cd71fc6fe0d638c6a812dd34106a590f"
            }
          },
          "sensitive_attributes": [],
          "identity_schema_version": 0,
          "dependencies": [
            "module.notificacoes_lambda.data.aws_caller_identity.current",
            "module.notificacoes_lambda.module.repo_ecr_lambda.aws_ecr_repository.this"
          ],
          "create_before_destroy": true
        },
        {
          "index_key": "lambda_function.py",
          "schema_version": 0,
          "attributes": {
            "id": "5097454831744644852",
            "triggers": {
              "file": "d3aa8eb2b7495cd9c12d0f1cf95e1f99abb6e41fba764b04ccf443a733557a6e"
            }
          },
          "sensitive_attributes": [],
          "identity_schema_version": 0,
          "dependencies": [
            "module.notificacoes_lambda.data.aws_caller_identity.current",
            "module.notificacoes_lambda.module.repo_ecr_lambda.aws_ecr_repository.this"
          ],
          "create_before_destroy": true
        },
        {
          "index_key": "requirements.txt",
          "schema_version": 0,
          "attributes": {
            "id": "7951067801809080823",
            "triggers": {
              "file": "56c6d4e3c400d3126448ee255a25c8f53be67e61ac821a4b22ad17d32fabe4e6"
            }
          },
          "sensitive_attributes": [],
          "identity_schema_version": 0,
          "dependencies": [
            "module.notificacoes_lambda.data.aws_caller_identity.current",
            "module.notificacoes_lambda.module.repo_ecr_lambda.aws_ecr_repository.this"
          ],
          "create_before_destroy": true
        }
      ]
    },
    {
      "module": "module.notificacoes_lambda",
      "mode": "managed",
      "type": "null_resource",
      "name": "update",
      "provider": "provider[\"registry.terraform.io/hashicorp/null\"]",
      "instances": [
        {
          "index_key": "Dockerfile",
          "schema_version": 0,
          "attributes": {
            "id": "1345067935308092814",
            "triggers": {
              "file": "a1971814fbf071101a4eeb38a5108b07cd71fc6fe0d638c6a812dd34106a590f"
            }
          },
          "sensitive_attributes": [],
          "identity_schema_version": 0,
          "dependencies": [
            "aws_apigatewayv2_api.websocket_api",
            "module.events_queue.aws_sqs_queue.dead_letter_fifo_queue",
            "module.events_queue.aws_sqs_queue.fifo_queue",
            "module.notificacoes_lambda.aws_iam_role.lambda_role",
            "module.notificacoes_lambda.aws_lambda_function.lambda",
            "module.notificacoes_lambda.data.aws_caller_identity.current",
            "module.notificacoes_lambda.data.aws_iam_policy_document.policy_doc",
            "module.notificacoes_lambda.module.repo_ecr_lambda.aws_ecr_repository.this",
            "module.notificacoes_lambda.null_resource.run_script",
            "module.notifications_general_topic.aws_sns_topic.this",
            "module.notifications_premium_topic.aws_sns_topic.this",
            "module.notifications_regional_topic.aws_sns_topic.this",
            "module.notifications_table.aws_dynamodb_table.this",
            "module.users_table.aws_dynamodb_table.this",
            "module.websocket_connections_table.aws_dynamodb_table.this",
            "module.websocket_lambda.aws_iam_role.lambda_role",
            "module.websocket_lambda.aws_lambda_function.lambda",
            "module.websocket_lambda.data.aws_caller_identity.current",
            "module.websocket_lambda.data.aws_iam_policy_document.policy_doc",
            "module.websocket_lambda.module.repo_ecr_lambda.aws_ecr_repository.this",
            "module.websocket_lambda.null_resource.run_script"
          ]
        },
        {
          "index_key": "lambda_function.py",
          "schema_version": 0,
          "attributes": {
            "id": "140727013638164169",
            "triggers": {
              "file": "d3aa8eb2b7495cd9c12d0f1cf95e1f99abb6e41fba764b04ccf443a733557a6e"
            }
          },
          "sensitive_attributes": [],
          "identity_schema_version": 0,
          "dependencies": [
            "aws_apigatewayv2_api.websocket_api",
            "module.events_queue.aws_sqs_queue.dead_letter_fifo_queue",
            "module.events_queue.aws_sqs_queue.fifo_queue",
            "module.notificacoes_lambda.aws_iam_role.lambda_role",
            "module.notificacoes_lambda.aws_lambda_function.lambda",
            "module.notificacoes_lambda.data.aws_caller_identity.current",
            "module.notificacoes_lambda.data.aws_iam_policy_document.policy_doc",
            "module.notificacoes_lambda.module.repo_ecr_lambda.aws_ecr_repository.this",
            "module.notificacoes_lambda.null_resource.run_script",
            "module.notifications_general_topic.aws_sns_topic.this",
            "module.notifications_premium_topic.aws_sns_topic.this",
            "module.notifications_regional_topic.aws_sns_topic.this",
            "module.notifications_table.aws_dynamodb_table.this",
            "module.users_table.aws_dynamodb_table.this",
            "module.websocket_connections_table.aws_dynamodb_table.this",
            "module.websocket_lambda.aws_iam_role.lambda_role",
            "module.websocket_lambda.aws_lambda_function.lambda",
            "module.websocket_lambda.data.aws_caller_identity.current",
            "module.websocket_lambda.data.aws_iam_policy_document.policy_doc",
            "module.websocket_lambda.module.repo_ecr_lambda.aws_ecr_repository.this",
            "module.websocket_lambda.null_resource.run_script"
          ]
        },
        {
          "index_key": "requirements.txt",
          "schema_version": 0,
          "attributes": {
            "id": "1692612491026744832",
            "triggers": {
              "file": "56c6d4e3c400d3126448ee255a25c8f53be67e61ac821a4b22ad17d32fabe4e6"
            }
          },
          "sensitive_attributes": [],
          "identity_schema_version": 0,
          "dependencies": [
            "aws_apigatewayv2_api.websocket_api",
            "module.events_queue.aws_sqs_queue.dead_letter_fifo_queue",
            "module.events_queue.aws_sqs_queue.fifo_queue",
            "module.notificacoes_lambda.aws_iam_role.lambda_role",
            "module.notificacoes_lambda.aws_lambda_function.lambda",
            "module.notificacoes_lambda.data.aws_caller_identity.current",
            "module.notificacoes_lambda.data.aws_iam_policy_document.policy_doc",
            "module.notificacoes_lambda.module.repo_ecr_lambda.aws_ecr_repository.this",
            "module.notificacoes_lambda.null_resource.run_script",
            "module.notifications_general_topic.aws_sns_topic.this",
            "module.notifications_premium_topic.aws_sns_topic.this",
            "module.notifications_regional_topic.aws_sns_topic.this",
            "module.notifications_table.aws_dynamodb_table.this",
            "module.users_table.aws_dynamodb_table.this",
            "module.websocket_connections_table.aws_dynamodb_table.this",
            "module.websocket_lambda.aws_iam_role.lambda_role",
            "module.websocket_lambda.aws_lambda_function.lambda",
            "module.websocket_lambda.data.aws_caller_identity.current",
            "module.websocket_lambda.data.aws_iam_policy_document.policy_doc",
            "module.websocket_lambda.module.repo_ecr_lambda.aws_ecr_repository.this",
            "module.websocket_lambda.null_resource.run_script"
          ]
        }
      ]
    },
    {
      "module": "module.notificacoes_lambda.module.repo_ecr_lambda",
      "mode": "data",
      "type": "aws_caller_identity",
      "name": "current",
      "provider": "provider[\"registry.terraform.io/hashicorp/aws\"]",
      "instances": [
        {
          "schema_version": 0,
          "attributes": {
            "account_id": "176343551411",
            "arn": "arn:aws:iam::176343551411:user/aws-cli-ari",
            "id": "176343551411",
            "user_id": "AIDASSDXFBWZZNGAC4AYI"
          },
          "sensitive_attributes": [],
          "identity_schema_version": 0
        }
      ]
    },
    {
      "module": "module.notificacoes_lambda.module.repo_ecr_lambda",
      "mode": "managed",
      "type": "aws_ecr_lifecycle_policy",
      "name": "delete",
      "provider": "provider[\"registry.terraform.io/hashicorp/aws\"]",
      "instances": [
        {
          "schema_version": 0,
          "attributes": {
            "id": "dev-logistics-notificacoes",
            "policy": "{\"rules\":[{\"action\":{\"type\":\"expire\"},\"description\":\"Keep only the most recent images\",\"rulePriority\":1,\"selection\":{\"countNumber\":5,\"countType\":\"imageCountMoreThan\",\"tagStatus\":\"any\"}}]}",
            "region": "us-east-1",
            "registry_id": "176343551411",
            "repository": "dev-logistics-notificacoes"
          },
          "sensitive_attributes": [],
          "identity_schema_version": 0,
          "private": "bnVsbA==",
          "dependencies": [
            "module.notificacoes_lambda.module.repo_ecr_lambda.aws_ecr_repository.this"
          ]
        }
      ]
    },
    {
      "module": "module.notificacoes_lambda.module.repo_ecr_lambda",
      "mode": "managed",
      "type": "aws_ecr_repository",
      "name": "this",
      "provider": "provider[\"registry.terraform.io/hashicorp/aws\"]",
      "instances": [
        {
          "schema_version": 0,
          "attributes": {
            "arn": "arn:aws:ecr:us-east-1:176343551411:repository/dev-logistics-notificacoes",
            "encryption_configuration": [
              {
                "encryption_type": "AES256",
                "kms_key": ""
              }
            ],
            "force_delete": null,
            "id": "dev-logistics-notificacoes",
            "image_scanning_configuration": [
              {
                "scan_on_push": true
              }
            ],
            "image_tag_mutability": "MUTABLE",
            "name": "dev-logistics-notificacoes",
            "region": "us-east-1",
            "registry_id": "176343551411",
            "repository_url": "176343551411.dkr.ecr.us-east-1.amazonaws.com/dev-logistics-notificacoes",
            "tags": {
              "Environment": "dev",
              "ManagedBy": "terraform",
              "Project": "logistics"
            },
            "tags_all": {
              "Environment": "dev",
              "ManagedBy": "terraform",
              "Project": "logistics"
            },
            "timeouts": null
          },
          "sensitive_attributes": [],
          "identity_schema_version": 0,
          "private": "eyJlMmJmYjczMC1lY2FhLTExZTYtOGY4OC0zNDM2M2JjN2M0YzAiOnsiZGVsZXRlIjoxMjAwMDAwMDAwMDAwfX0=",
          "create_before_destroy": true
        }
      ]
    },
    {
      "module": "module.notifications_general_topic",
      "mode": "managed",
      "type": "aws_sns_topic",
      "name": "this",
      "provider": "provider[\"registry.terraform.io/hashicorp/aws\"]",
      "instances": [
        {
          "schema_version": 0,
          "attributes": {
            "application_failure_feedback_role_arn": "",
            "application_success_feedback_role_arn": "",
            "application_success_feedback_sample_rate": 0,
            "archive_policy": "",
            "arn": "arn:aws:sns:us-east-1:176343551411:dev_logistics_notifications-general",
            "beginning_archive_time": "",
            "content_based_deduplication": false,
            "delivery_policy": "",
            "display_name": "dev_logistics_notifications-general_error",
            "fifo_throughput_scope": "",
            "fifo_topic": false,
            "firehose_failure_feedback_role_arn": "",
            "firehose_success_feedback_role_arn": "",
            "firehose_success_feedback_sample_rate": 0,
            "http_failure_feedback_role_arn": "",
            "http_success_feedback_role_arn": "",
            "http_success_feedback_sample_rate": 0,
            "id": "arn:aws:sns:us-east-1:176343551411:dev_logistics_notifications-general",
            "kms_master_key_id": "",
            "lambda_failure_feedback_role_arn": "",
            "lambda_success_feedback_role_arn": "",
            "lambda_success_feedback_sample_rate": 0,
            "name": "dev_logistics_notifications-general",
            "name_prefix": "",
            "owner": "176343551411",
            "policy": "{\"Id\":\"__default_policy_ID\",\"Statement\":[{\"Action\":[\"SNS:GetTopicAttributes\",\"SNS:SetTopicAttributes\",\"SNS:AddPermission\",\"SNS:RemovePermission\",\"SNS:DeleteTopic\",\"SNS:Subscribe\",\"SNS:ListSubscriptionsByTopic\",\"SNS:Publish\"],\"Condition\":{\"StringEquals\":{\"AWS:SourceOwner\":\"176343551411\"}},\"Effect\":\"Allow\",\"Principal\":{\"AWS\":\"*\"},\"Resource\":\"arn:aws:sns:us-east-1:176343551411:dev_logistics_notifications-general\",\"Sid\":\"__default_statement_ID\"}],\"Version\":\"2008-10-17\"}",
            "region": "us-east-1",
            "signature_version": 0,
            "sqs_failure_feedback_role_arn": "",
            "sqs_success_feedback_role_arn": "",
            "sqs_success_feedback_sample_rate": 0,
            "tags": {
              "Environment": "dev",
              "ManagedBy": "terraform",
              "Project": "logistics"
            },
            "tags_all": {
              "Environment": "dev",
              "ManagedBy": "terraform",
              "Project": "logistics"
            },
            "tracing_config": ""
          },
          "sensitive_attributes": [],
          "identity_schema_version": 0,
          "private": "bnVsbA==",
          "create_before_destroy": true
        }
      ]
    },
    {
      "module": "module.notifications_general_topic",
      "mode": "managed",
      "type": "aws_sns_topic_subscription",
      "name": "email_subscriptions",
      "provider": "provider[\"registry.terraform.io/hashicorp/aws\"]",
      "instances": [
        {
          "index_key": "admin@logistics.com",
          "schema_version": 0,
          "attributes": {
            "arn": "arn:aws:sns:us-east-1:176343551411:dev_logistics_notifications-general:b9c12cdb-e934-4f16-a9dd-837d704ffbf1",
            "confirmation_timeout_in_minutes": 1,
            "confirmation_was_authenticated": false,
            "delivery_policy": "",
            "endpoint": "admin@logistics.com",
            "endpoint_auto_confirms": false,
            "filter_policy": "",
            "filter_policy_scope": "",
            "id": "arn:aws:sns:us-east-1:176343551411:dev_logistics_notifications-general:b9c12cdb-e934-4f16-a9dd-837d704ffbf1",
            "owner_id": "176343551411",
            "pending_confirmation": true,
            "protocol": "email",
            "raw_message_delivery": false,
            "redrive_policy": "",
            "region": "us-east-1",
            "replay_policy": "",
            "subscription_role_arn": "",
            "topic_arn": "arn:aws:sns:us-east-1:176343551411:dev_logistics_notifications-general"
          },
          "sensitive_attributes": [],
          "identity_schema_version": 0,
          "private": "bnVsbA==",
          "dependencies": [
            "module.notifications_general_topic.aws_sns_topic.this"
          ]
        }
      ]
    },
    {
      "module": "module.notifications_premium_topic",
      "mode": "managed",
      "type": "aws_sns_topic",
      "name": "this",
      "provider": "provider[\"registry.terraform.io/hashicorp/aws\"]",
      "instances": [
        {
          "schema_version": 0,
          "attributes": {
            "application_failure_feedback_role_arn": "",
            "application_success_feedback_role_arn": "",
            "application_success_feedback_sample_rate": 0,
            "archive_policy": "",
            "arn": "arn:aws:sns:us-east-1:176343551411:dev_logistics_notifications-premium",
            "beginning_archive_time": "",
            "content_based_deduplication": false,
            "delivery_policy": "",
            "display_name": "dev_logistics_notifications-premium_error",
            "fifo_throughput_scope": "",
            "fifo_topic": false,
            "firehose_failure_feedback_role_arn": "",
            "firehose_success_feedback_role_arn": "",
            "firehose_success_feedback_sample_rate": 0,
            "http_failure_feedback_role_arn": "",
            "http_success_feedback_role_arn": "",
            "http_success_feedback_sample_rate": 0,
            "id": "arn:aws:sns:us-east-1:176343551411:dev_logistics_notifications-premium",
            "kms_master_key_id": "",
            "lambda_failure_feedback_role_arn": "",
            "lambda_success_feedback_role_arn": "",
            "lambda_success_feedback_sample_rate": 0,
            "name": "dev_logistics_notifications-premium",
            "name_prefix": "",
            "owner": "176343551411",
            "policy": "{\"Id\":\"__default_policy_ID\",\"Statement\":[{\"Action\":[\"SNS:GetTopicAttributes\",\"SNS:SetTopicAttributes\",\"SNS:AddPermission\",\"SNS:RemovePermission\",\"SNS:DeleteTopic\",\"SNS:Subscribe\",\"SNS:ListSubscriptionsByTopic\",\"SNS:Publish\"],\"Condition\":{\"StringEquals\":{\"AWS:SourceOwner\":\"176343551411\"}},\"Effect\":\"Allow\",\"Principal\":{\"AWS\":\"*\"},\"Resource\":\"arn:aws:sns:us-east-1:176343551411:dev_logistics_notifications-premium\",\"Sid\":\"__default_statement_ID\"}],\"Version\":\"2008-10-17\"}",
            "region": "us-east-1",
            "signature_version": 0,
            "sqs_failure_feedback_role_arn": "",
            "sqs_success_feedback_role_arn": "",
            "sqs_success_feedback_sample_rate": 0,
            "tags": {
              "Environment": "dev",
              "ManagedBy": "terraform",
              "Project": "logistics"
            },
            "tags_all": {
              "Environment": "dev",
              "ManagedBy": "terraform",
              "Project": "logistics"
            },
            "tracing_config": ""
          },
          "sensitive_attributes": [],
          "identity_schema_version": 0,
          "private": "bnVsbA==",
          "create_before_destroy": true
        }
      ]
    },
    {
      "module": "module.notifications_premium_topic",
      "mode": "managed",
      "type": "aws_sns_topic_subscription",
      "name": "email_subscriptions",
      "provider": "provider[\"registry.terraform.io/hashicorp/aws\"]",
      "instances": [
        {
          "index_key": "admin@logistics.com",
          "schema_version": 0,
          "attributes": {
            "arn": "arn:aws:sns:us-east-1:176343551411:dev_logistics_notifications-premium:7544ed91-42c8-4ce6-aa31-aea5034ddc1f",
            "confirmation_timeout_in_minutes": 1,
            "confirmation_was_authenticated": false,
            "delivery_policy": "",
            "endpoint": "admin@logistics.com",
            "endpoint_auto_confirms": false,
            "filter_policy": "",
            "filter_policy_scope": "",
            "id": "arn:aws:sns:us-east-1:176343551411:dev_logistics_notifications-premium:7544ed91-42c8-4ce6-aa31-aea5034ddc1f",
            "owner_id": "176343551411",
            "pending_confirmation": true,
            "protocol": "email",
            "raw_message_delivery": false,
            "redrive_policy": "",
            "region": "us-east-1",
            "replay_policy": "",
            "subscription_role_arn": "",
            "topic_arn": "arn:aws:sns:us-east-1:176343551411:dev_logistics_notifications-premium"
          },
          "sensitive_attributes": [],
          "identity_schema_version": 0,
          "private": "bnVsbA==",
          "dependencies": [
            "module.notifications_premium_topic.aws_sns_topic.this"
          ]
        }
      ]
    },
    {
      "module": "module.notifications_regional_topic",
      "mode": "managed",
      "type": "aws_sns_topic",
      "name": "this",
      "provider": "provider[\"registry.terraform.io/hashicorp/aws\"]",
      "instances": [
        {
          "schema_version": 0,
          "attributes": {
            "application_failure_feedback_role_arn": "",
            "application_success_feedback_role_arn": "",
            "application_success_feedback_sample_rate": 0,
            "archive_policy": "",
            "arn": "arn:aws:sns:us-east-1:176343551411:dev_logistics_notifications-regional",
            "beginning_archive_time": "",
            "content_based_deduplication": false,
            "delivery_policy": "",
            "display_name": "dev_logistics_notifications-regional_error",
            "fifo_throughput_scope": "",
            "fifo_topic": false,
            "firehose_failure_feedback_role_arn": "",
            "firehose_success_feedback_role_arn": "",
            "firehose_success_feedback_sample_rate": 0,
            "http_failure_feedback_role_arn": "",
            "http_success_feedback_role_arn": "",
            "http_success_feedback_sample_rate": 0,
            "id": "arn:aws:sns:us-east-1:176343551411:dev_logistics_notifications-regional",
            "kms_master_key_id": "",
            "lambda_failure_feedback_role_arn": "",
            "lambda_success_feedback_role_arn": "",
            "lambda_success_feedback_sample_rate": 0,
            "name": "dev_logistics_notifications-regional",
            "name_prefix": "",
            "owner": "176343551411",
            "policy": "{\"Id\":\"__default_policy_ID\",\"Statement\":[{\"Action\":[\"SNS:GetTopicAttributes\",\"SNS:SetTopicAttributes\",\"SNS:AddPermission\",\"SNS:RemovePermission\",\"SNS:DeleteTopic\",\"SNS:Subscribe\",\"SNS:ListSubscriptionsByTopic\",\"SNS:Publish\"],\"Condition\":{\"StringEquals\":{\"AWS:SourceOwner\":\"176343551411\"}},\"Effect\":\"Allow\",\"Principal\":{\"AWS\":\"*\"},\"Resource\":\"arn:aws:sns:us-east-1:176343551411:dev_logistics_notifications-regional\",\"Sid\":\"__default_statement_ID\"}],\"Version\":\"2008-10-17\"}",
            "region": "us-east-1",
            "signature_version": 0,
            "sqs_failure_feedback_role_arn": "",
            "sqs_success_feedback_role_arn": "",
            "sqs_success_feedback_sample_rate": 0,
            "tags": {
              "Environment": "dev",
              "ManagedBy": "terraform",
              "Project": "logistics"
            },
            "tags_all": {
              "Environment": "dev",
              "ManagedBy": "terraform",
              "Project": "logistics"
            },
            "tracing_config": ""
          },
          "sensitive_attributes": [],
          "identity_schema_version": 0,
          "private": "bnVsbA==",
          "create_before_destroy": true
        }
      ]
    },
    {
      "module": "module.notifications_regional_topic",
      "mode": "managed",
      "type": "aws_sns_topic_subscription",
      "name": "email_subscriptions",
      "provider": "provider[\"registry.terraform.io/hashicorp/aws\"]",
      "instances": [
        {
          "index_key": "admin@logistics.com",
          "schema_version": 0,
          "attributes": {
            "arn": "arn:aws:sns:us-east-1:176343551411:dev_logistics_notifications-regional:d191a7b0-753c-4a90-bc79-7040feaafc21",
            "confirmation_timeout_in_minutes": 1,
            "confirmation_was_authenticated": false,
            "delivery_policy": "",
            "endpoint": "admin@logistics.com",
            "endpoint_auto_confirms": false,
            "filter_policy": "",
            "filter_policy_scope": "",
            "id": "arn:aws:sns:us-east-1:176343551411:dev_logistics_notifications-regional:d191a7b0-753c-4a90-bc79-7040feaafc21",
            "owner_id": "176343551411",
            "pending_confirmation": true,
            "protocol": "email",
            "raw_message_delivery": false,
            "redrive_policy": "",
            "region": "us-east-1",
            "replay_policy": "",
            "subscription_role_arn": "",
            "topic_arn": "arn:aws:sns:us-east-1:176343551411:dev_logistics_notifications-regional"
          },
          "sensitive_attributes": [],
          "identity_schema_version": 0,
          "private": "bnVsbA==",
          "dependencies": [
            "module.notifications_regional_topic.aws_sns_topic.this"
          ]
        }
      ]
    },
    {
      "module": "module.notifications_table",
      "mode": "managed",
      "type": "aws_dynamodb_table",
      "name": "this",
      "provider": "provider[\"registry.terraform.io/hashicorp/aws\"]",
      "instances": [
        {
          "schema_version": 1,
          "attributes": {
            "arn": "arn:aws:dynamodb:us-east-1:176343551411:table/dev-logistics-notifications",
            "attribute": [
              {
                "name": "id",
                "type": "S"
              }
            ],
            "billing_mode": "PAY_PER_REQUEST",
            "deletion_protection_enabled": false,
            "global_secondary_index": [],
            "hash_key": "id",
            "id": "dev-logistics-notifications",
            "import_table": [],
            "local_secondary_index": [],
            "name": "dev-logistics-notifications",
            "on_demand_throughput": [],
            "point_in_time_recovery": [
              {
                "enabled": false,
                "recovery_period_in_days": 0
              }
            ],
            "range_key": null,
            "read_capacity": 0,
            "region": "us-east-1",
            "replica": [],
            "restore_date_time": null,
            "restore_source_name": null,
            "restore_source_table_arn": null,
            "restore_to_latest_time": null,
            "server_side_encryption": [],
            "stream_arn": "",
            "stream_enabled": false,
            "stream_label": "",
            "stream_view_type": "",
            "table_class": "STANDARD",
            "tags": {
              "Environment": "dev",
              "ManagedBy": "terraform",
              "Project": "logistics"
            },
            "tags_all": {
              "Environment": "dev",
              "ManagedBy": "terraform",
              "Project": "logistics"
            },
            "timeouts": null,
            "ttl": [
              {
                "attribute_name": "",
                "enabled": false
              }
            ],
            "write_capacity": 0
          },
          "sensitive_attributes": [],
          "identity_schema_version": 0,
          "private": "eyJlMmJmYjczMC1lY2FhLTExZTYtOGY4OC0zNDM2M2JjN2M0YzAiOnsiY3JlYXRlIjoxODAwMDAwMDAwMDAwLCJkZWxldGUiOjYwMDAwMDAwMDAwMCwidXBkYXRlIjozNjAwMDAwMDAwMDAwfSwic2NoZW1hX3ZlcnNpb24iOiIxIn0=",
          "create_before_destroy": true
        }
      ]
    },
    {
      "module": "module.pedido_ofertas_table",
      "mode": "managed",
      "type": "aws_dynamodb_table",
      "name": "this",
      "provider": "provider[\"registry.terraform.io/hashicorp/aws\"]",
      "instances": [
        {
          "schema_version": 1,
          "attributes": {
            "arn": "arn:aws:dynamodb:us-east-1:176343551411:table/dev-logistics-pedido-ofertas",
            "attribute": [
              {
                "name": "id",
                "type": "S"
              }
            ],
            "billing_mode": "PAY_PER_REQUEST",
            "deletion_protection_enabled": false,
            "global_secondary_index": [],
            "hash_key": "id",
            "id": "dev-logistics-pedido-ofertas",
            "import_table": [],
            "local_secondary_index": [],
            "name": "dev-logistics-pedido-ofertas",
            "on_demand_throughput": [],
            "point_in_time_recovery": [
              {
                "enabled": false,
                "recovery_period_in_days": 0
              }
            ],
            "range_key": null,
            "read_capacity": 0,
            "region": "us-east-1",
            "replica": [],
            "restore_date_time": null,
            "restore_source_name": null,
            "restore_source_table_arn": null,
            "restore_to_latest_time": null,
            "server_side_encryption": [],
            "stream_arn": "",
            "stream_enabled": false,
            "stream_label": "",
            "stream_view_type": "",
            "table_class": "STANDARD",
            "tags": {
              "Environment": "dev",
              "ManagedBy": "terraform",
              "Project": "logistics"
            },
            "tags_all": {
              "Environment": "dev",
              "ManagedBy": "terraform",
              "Project": "logistics"
            },
            "timeouts": null,
            "ttl": [
              {
                "attribute_name": "",
                "enabled": false
              }
            ],
            "write_capacity": 0
          },
          "sensitive_attributes": [],
          "identity_schema_version": 0,
          "private": "eyJlMmJmYjczMC1lY2FhLTExZTYtOGY4OC0zNDM2M2JjN2M0YzAiOnsiY3JlYXRlIjoxODAwMDAwMDAwMDAwLCJkZWxldGUiOjYwMDAwMDAwMDAwMCwidXBkYXRlIjozNjAwMDAwMDAwMDAwfSwic2NoZW1hX3ZlcnNpb24iOiIxIn0="
        }
      ]
    },
    {
      "module": "module.pedidos_lambda",
      "mode": "data",
      "type": "aws_caller_identity",
      "name": "current",
      "provider": "provider[\"registry.terraform.io/hashicorp/aws\"]",
      "instances": [
        {
          "schema_version": 0,
          "attributes": {
            "account_id": "176343551411",
            "arn": "arn:aws:iam::176343551411:user/aws-cli-ari",
            "id": "176343551411",
            "user_id": "AIDASSDXFBWZZNGAC4AYI"
          },
          "sensitive_attributes": [],
          "identity_schema_version": 0
        }
      ]
    },
    {
      "module": "module.pedidos_lambda",
      "mode": "data",
      "type": "aws_iam_policy_document",
      "name": "policy_doc",
      "provider": "provider[\"registry.terraform.io/hashicorp/aws\"]",
      "instances": [
        {
          "schema_version": 0,
          "attributes": {
            "id": "2690255455",
            "json": "{\n  \"Version\": \"2012-10-17\",\n  \"Statement\": [\n    {\n      \"Effect\": \"Allow\",\n      \"Action\": \"sts:AssumeRole\",\n      \"Principal\": {\n        \"Service\": \"lambda.amazonaws.com\"\n      }\n    }\n  ]\n}",
            "minified_json": "{\"Version\":\"2012-10-17\",\"Statement\":[{\"Effect\":\"Allow\",\"Action\":\"sts:AssumeRole\",\"Principal\":{\"Service\":\"lambda.amazonaws.com\"}}]}",
            "override_json": null,
            "override_policy_documents": null,
            "policy_id": null,
            "source_json": null,
            "source_policy_documents": null,
            "statement": [
              {
                "actions": [
                  "sts:AssumeRole"
                ],
                "condition": [],
                "effect": "Allow",
                "not_actions": [],
                "not_principals": [],
                "not_resources": [],
                "principals": [
                  {
                    "identifiers": [
                      "lambda.amazonaws.com"
                    ],
                    "type": "Service"
                  }
                ],
                "resources": [],
                "sid": ""
              }
            ],
            "version": "2012-10-17"
          },
          "sensitive_attributes": [],
          "identity_schema_version": 0
        }
      ]
    },
    {
      "module": "module.pedidos_lambda",
      "mode": "managed",
      "type": "aws_iam_role",
      "name": "lambda_role",
      "provider": "provider[\"registry.terraform.io/hashicorp/aws\"]",
      "instances": [
        {
          "schema_version": 0,
          "attributes": {
            "arn": "arn:aws:iam::176343551411:role/dev_logistics_pedidos_role",
            "assume_role_policy": "{\"Statement\":[{\"Action\":\"sts:AssumeRole\",\"Effect\":\"Allow\",\"Principal\":{\"Service\":\"lambda.amazonaws.com\"}}],\"Version\":\"2012-10-17\"}",
            "create_date": "2025-06-22T02:55:55Z",
            "description": "",
            "force_detach_policies": false,
            "id": "dev_logistics_pedidos_role",
            "inline_policy": [],
            "managed_policy_arns": [
              "arn:aws:iam::aws:policy/AmazonDynamoDBFullAccess",
              "arn:aws:iam::aws:policy/AmazonSQSFullAccess",
              "arn:aws:iam::aws:policy/service-role/AWSLambdaBasicExecutionRole"
            ],
            "max_session_duration": 3600,
            "name": "dev_logistics_pedidos_role",
            "name_prefix": "",
            "path": "/",
            "permissions_boundary": "",
            "tags": {
              "Environment": "dev",
              "ManagedBy": "terraform",
              "Project": "logistics"
            },
            "tags_all": {
              "Environment": "dev",
              "ManagedBy": "terraform",
              "Project": "logistics"
            },
            "unique_id": "AROASSDXFBWZUQSBWLS6B"
          },
          "sensitive_attributes": [],
          "identity_schema_version": 0,
          "identity": {
            "account_id": "176343551411",
            "name": "dev_logistics_pedidos_role"
          },
          "private": "bnVsbA==",
          "dependencies": [
            "module.pedidos_lambda.data.aws_iam_policy_document.policy_doc"
          ],
          "create_before_destroy": true
        }
      ]
    },
    {
      "module": "module.pedidos_lambda",
      "mode": "managed",
      "type": "aws_iam_role_policy_attachment",
      "name": "lambda_custom_policy",
      "provider": "provider[\"registry.terraform.io/hashicorp/aws\"]",
      "instances": [
        {
          "index_key": 0,
          "schema_version": 0,
          "attributes": {
            "id": "dev_logistics_pedidos_role-20250622025620713000000017",
            "policy_arn": "arn:aws:iam::aws:policy/AmazonDynamoDBFullAccess",
            "role": "dev_logistics_pedidos_role"
          },
          "sensitive_attributes": [],
          "identity_schema_version": 0,
          "private": "bnVsbA==",
          "dependencies": [
            "module.pedidos_lambda.aws_iam_role.lambda_role",
            "module.pedidos_lambda.data.aws_iam_policy_document.policy_doc"
          ]
        },
        {
          "index_key": 1,
          "schema_version": 0,
          "attributes": {
            "id": "dev_logistics_pedidos_role-20250622025620352400000016",
            "policy_arn": "arn:aws:iam::aws:policy/AmazonSQSFullAccess",
            "role": "dev_logistics_pedidos_role"
          },
          "sensitive_attributes": [],
          "identity_schema_version": 0,
          "private": "bnVsbA==",
          "dependencies": [
            "module.pedidos_lambda.aws_iam_role.lambda_role",
            "module.pedidos_lambda.data.aws_iam_policy_document.policy_doc"
          ]
        }
      ]
    },
    {
      "module": "module.pedidos_lambda",
      "mode": "managed",
      "type": "aws_iam_role_policy_attachment",
      "name": "policy_cloudwatch",
      "provider": "provider[\"registry.terraform.io/hashicorp/aws\"]",
      "instances": [
        {
          "schema_version": 0,
          "attributes": {
            "id": "dev_logistics_pedidos_role-20250622025619995000000015",
            "policy_arn": "arn:aws:iam::aws:policy/service-role/AWSLambdaBasicExecutionRole",
            "role": "dev_logistics_pedidos_role"
          },
          "sensitive_attributes": [],
          "identity_schema_version": 0,
          "private": "bnVsbA==",
          "dependencies": [
            "module.pedidos_lambda.aws_iam_role.lambda_role",
            "module.pedidos_lambda.data.aws_iam_policy_document.policy_doc"
          ]
        }
      ]
    },
    {
      "module": "module.pedidos_lambda",
      "mode": "managed",
      "type": "aws_lambda_function",
      "name": "lambda",
      "provider": "provider[\"registry.terraform.io/hashicorp/aws\"]",
      "instances": [
        {
          "schema_version": 0,
          "attributes": {
            "architectures": [
              "x86_64"
            ],
            "arn": "arn:aws:lambda:us-east-1:176343551411:function:dev_logistics_pedidos",
            "code_sha256": "7da98b53cd9573f851388ebe4603278d77a3e592a44a8081c26fa8e31b027cf0",
            "code_signing_config_arn": "",
            "dead_letter_config": [],
            "description": "Orders management Lambda function",
            "environment": [
              {
                "variables": {
                  "JWT_SECRET": "your-jwt-secret-key",
                  "PEDIDOS_TABLE": "dev-logistics-pedidos",
                  "SQS_QUEUE_URL": "https://sqs.us-east-1.amazonaws.com/176343551411/dev-logistics-events-fifo-queue.fifo"
                }
              }
            ],
            "ephemeral_storage": [
              {
                "size": 512
              }
            ],
            "file_system_config": [],
            "filename": null,
            "function_name": "dev_logistics_pedidos",
            "handler": "",
            "id": "dev_logistics_pedidos",
            "image_config": [],
            "image_uri": "176343551411.dkr.ecr.us-east-1.amazonaws.com/dev-logistics-pedidos:latest",
            "invoke_arn": "arn:aws:apigateway:us-east-1:lambda:path/2015-03-31/functions/arn:aws:lambda:us-east-1:176343551411:function:dev_logistics_pedidos/invocations",
            "kms_key_arn": "",
            "last_modified": "2025-06-22T03:05:15.000+0000",
            "layers": [],
            "logging_config": [
              {
                "application_log_level": "",
                "log_format": "Text",
                "log_group": "/aws/lambda/dev_logistics_pedidos",
                "system_log_level": ""
              }
            ],
            "memory_size": 512,
            "package_type": "Image",
            "publish": null,
            "qualified_arn": "arn:aws:lambda:us-east-1:176343551411:function:dev_logistics_pedidos:$LATEST",
            "qualified_invoke_arn": "arn:aws:apigateway:us-east-1:lambda:path/2015-03-31/functions/arn:aws:lambda:us-east-1:176343551411:function:dev_logistics_pedidos:$LATEST/invocations",
            "region": "us-east-1",
            "replace_security_groups_on_destroy": null,
            "replacement_security_group_ids": null,
            "reserved_concurrent_executions": -1,
            "role": "arn:aws:iam::176343551411:role/dev_logistics_pedidos_role",
            "runtime": "",
            "s3_bucket": null,
            "s3_key": null,
            "s3_object_version": null,
            "signing_job_arn": "",
            "signing_profile_version_arn": "",
            "skip_destroy": false,
            "snap_start": [],
            "source_code_hash": "",
            "source_code_size": 0,
            "tags": {
              "Environment": "dev",
              "ManagedBy": "terraform",
              "Project": "logistics"
            },
            "tags_all": {
              "Environment": "dev",
              "ManagedBy": "terraform",
              "Project": "logistics"
            },
            "timeout": 30,
            "timeouts": null,
            "tracing_config": [
              {
                "mode": "PassThrough"
              }
            ],
            "version": "$LATEST",
            "vpc_config": []
          },
          "sensitive_attributes": [],
          "identity_schema_version": 0,
          "private": "eyJlMmJmYjczMC1lY2FhLTExZTYtOGY4OC0zNDM2M2JjN2M0YzAiOnsiY3JlYXRlIjo2MDAwMDAwMDAwMDAsImRlbGV0ZSI6NjAwMDAwMDAwMDAwLCJ1cGRhdGUiOjYwMDAwMDAwMDAwMH0sInNjaGVtYV92ZXJzaW9uIjoiMCJ9",
          "dependencies": [
            "module.events_queue.aws_sqs_queue.dead_letter_fifo_queue",
            "module.events_queue.aws_sqs_queue.fifo_queue",
            "module.pedidos_lambda.aws_iam_role.lambda_role",
            "module.pedidos_lambda.data.aws_caller_identity.current",
            "module.pedidos_lambda.data.aws_iam_policy_document.policy_doc",
            "module.pedidos_lambda.module.repo_ecr_lambda.aws_ecr_repository.this",
            "module.pedidos_lambda.null_resource.run_script",
            "module.pedidos_table.aws_dynamodb_table.this"
          ],
          "create_before_destroy": true
        }
      ]
    },
    {
      "module": "module.pedidos_lambda",
      "mode": "managed",
      "type": "aws_lambda_function_event_invoke_config",
      "name": "retry",
      "provider": "provider[\"registry.terraform.io/hashicorp/aws\"]",
      "instances": [
        {
          "schema_version": 0,
          "attributes": {
            "destination_config": [],
            "function_name": "dev_logistics_pedidos",
            "id": "dev_logistics_pedidos",
            "maximum_event_age_in_seconds": 21600,
            "maximum_retry_attempts": 0,
            "qualifier": "",
            "region": "us-east-1"
          },
          "sensitive_attributes": [],
          "identity_schema_version": 0,
          "private": "bnVsbA==",
          "dependencies": [
            "module.events_queue.aws_sqs_queue.dead_letter_fifo_queue",
            "module.events_queue.aws_sqs_queue.fifo_queue",
            "module.pedidos_lambda.aws_iam_role.lambda_role",
            "module.pedidos_lambda.aws_lambda_function.lambda",
            "module.pedidos_lambda.data.aws_caller_identity.current",
            "module.pedidos_lambda.data.aws_iam_policy_document.policy_doc",
            "module.pedidos_lambda.module.repo_ecr_lambda.aws_ecr_repository.this",
            "module.pedidos_lambda.null_resource.run_script",
            "module.pedidos_table.aws_dynamodb_table.this"
          ]
        }
      ]
    },
    {
      "module": "module.pedidos_lambda",
      "mode": "managed",
      "type": "null_resource",
      "name": "run_script",
      "provider": "provider[\"registry.terraform.io/hashicorp/null\"]",
      "instances": [
        {
          "index_key": "Dockerfile",
          "schema_version": 0,
          "attributes": {
            "id": "7949389102101034562",
            "triggers": {
              "file": "a1971814fbf071101a4eeb38a5108b07cd71fc6fe0d638c6a812dd34106a590f"
            }
          },
          "sensitive_attributes": [],
          "identity_schema_version": 0,
          "dependencies": [
            "module.pedidos_lambda.data.aws_caller_identity.current",
            "module.pedidos_lambda.module.repo_ecr_lambda.aws_ecr_repository.this"
          ],
          "create_before_destroy": true
        },
        {
          "index_key": "auth_utils.py",
          "schema_version": 0,
          "attributes": {
            "id": "6043073626603787048",
            "triggers": {
              "file": "84303baa8d80d760f8388f3b3817a3e4d2d7e3278d51af52c3d928a15636831e"
            }
          },
          "sensitive_attributes": [],
          "identity_schema_version": 0,
          "dependencies": [
            "module.pedidos_lambda.data.aws_caller_identity.current",
            "module.pedidos_lambda.module.repo_ecr_lambda.aws_ecr_repository.this"
          ],
          "create_before_destroy": true
        },
        {
          "index_key": "lambda_function.py",
          "schema_version": 0,
          "attributes": {
            "id": "5282688244199926990",
            "triggers": {
              "file": "16a9ba8af4660f0d6f8eecfef931d0693930474a2c7e205a93efb856678dc6cb"
            }
          },
          "sensitive_attributes": [],
          "identity_schema_version": 0,
          "dependencies": [
            "module.pedidos_lambda.data.aws_caller_identity.current",
            "module.pedidos_lambda.module.repo_ecr_lambda.aws_ecr_repository.this"
          ],
          "create_before_destroy": true
        },
        {
          "index_key": "requirements.txt",
          "schema_version": 0,
          "attributes": {
            "id": "4408775156143364969",
            "triggers": {
              "file": "bdc6e8c6e40edae06cc1cc7c974fade4e50fb774276ce608e213acf01cab2634"
            }
          },
          "sensitive_attributes": [],
          "identity_schema_version": 0,
          "dependencies": [
            "module.pedidos_lambda.data.aws_caller_identity.current",
            "module.pedidos_lambda.module.repo_ecr_lambda.aws_ecr_repository.this"
          ],
          "create_before_destroy": true
        }
      ]
    },
    {
      "module": "module.pedidos_lambda",
      "mode": "managed",
      "type": "null_resource",
      "name": "update",
      "provider": "provider[\"registry.terraform.io/hashicorp/null\"]",
      "instances": [
        {
          "index_key": "Dockerfile",
          "schema_version": 0,
          "attributes": {
            "id": "5683680527626654684",
            "triggers": {
              "file": "a1971814fbf071101a4eeb38a5108b07cd71fc6fe0d638c6a812dd34106a590f"
            }
          },
          "sensitive_attributes": [],
          "identity_schema_version": 0,
          "dependencies": [
            "module.events_queue.aws_sqs_queue.dead_letter_fifo_queue",
            "module.events_queue.aws_sqs_queue.fifo_queue",
            "module.pedidos_lambda.aws_iam_role.lambda_role",
            "module.pedidos_lambda.aws_lambda_function.lambda",
            "module.pedidos_lambda.data.aws_caller_identity.current",
            "module.pedidos_lambda.data.aws_iam_policy_document.policy_doc",
            "module.pedidos_lambda.module.repo_ecr_lambda.aws_ecr_repository.this",
            "module.pedidos_lambda.null_resource.run_script",
            "module.pedidos_table.aws_dynamodb_table.this"
          ]
        },
        {
          "index_key": "auth_utils.py",
          "schema_version": 0,
          "attributes": {
            "id": "2076373843157533178",
            "triggers": {
              "file": "84303baa8d80d760f8388f3b3817a3e4d2d7e3278d51af52c3d928a15636831e"
            }
          },
          "sensitive_attributes": [],
          "identity_schema_version": 0,
          "dependencies": [
            "module.events_queue.aws_sqs_queue.dead_letter_fifo_queue",
            "module.events_queue.aws_sqs_queue.fifo_queue",
            "module.pedidos_lambda.aws_iam_role.lambda_role",
            "module.pedidos_lambda.aws_lambda_function.lambda",
            "module.pedidos_lambda.data.aws_caller_identity.current",
            "module.pedidos_lambda.data.aws_iam_policy_document.policy_doc",
            "module.pedidos_lambda.module.repo_ecr_lambda.aws_ecr_repository.this",
            "module.pedidos_lambda.null_resource.run_script",
            "module.pedidos_table.aws_dynamodb_table.this"
          ]
        },
        {
          "index_key": "lambda_function.py",
          "schema_version": 0,
          "attributes": {
            "id": "2227543019447204787",
            "triggers": {
              "file": "16a9ba8af4660f0d6f8eecfef931d0693930474a2c7e205a93efb856678dc6cb"
            }
          },
          "sensitive_attributes": [],
          "identity_schema_version": 0,
          "dependencies": [
            "module.events_queue.aws_sqs_queue.dead_letter_fifo_queue",
            "module.events_queue.aws_sqs_queue.fifo_queue",
            "module.pedidos_lambda.aws_iam_role.lambda_role",
            "module.pedidos_lambda.aws_lambda_function.lambda",
            "module.pedidos_lambda.data.aws_caller_identity.current",
            "module.pedidos_lambda.data.aws_iam_policy_document.policy_doc",
            "module.pedidos_lambda.module.repo_ecr_lambda.aws_ecr_repository.this",
            "module.pedidos_lambda.null_resource.run_script",
            "module.pedidos_table.aws_dynamodb_table.this"
          ]
        },
        {
          "index_key": "requirements.txt",
          "schema_version": 0,
          "attributes": {
            "id": "2718135472342525",
            "triggers": {
              "file": "bdc6e8c6e40edae06cc1cc7c974fade4e50fb774276ce608e213acf01cab2634"
            }
          },
          "sensitive_attributes": [],
          "identity_schema_version": 0,
          "dependencies": [
            "module.events_queue.aws_sqs_queue.dead_letter_fifo_queue",
            "module.events_queue.aws_sqs_queue.fifo_queue",
            "module.pedidos_lambda.aws_iam_role.lambda_role",
            "module.pedidos_lambda.aws_lambda_function.lambda",
            "module.pedidos_lambda.data.aws_caller_identity.current",
            "module.pedidos_lambda.data.aws_iam_policy_document.policy_doc",
            "module.pedidos_lambda.module.repo_ecr_lambda.aws_ecr_repository.this",
            "module.pedidos_lambda.null_resource.run_script",
            "module.pedidos_table.aws_dynamodb_table.this"
          ]
        }
      ]
    },
    {
      "module": "module.pedidos_lambda.module.repo_ecr_lambda",
      "mode": "data",
      "type": "aws_caller_identity",
      "name": "current",
      "provider": "provider[\"registry.terraform.io/hashicorp/aws\"]",
      "instances": [
        {
          "schema_version": 0,
          "attributes": {
            "account_id": "176343551411",
            "arn": "arn:aws:iam::176343551411:user/aws-cli-ari",
            "id": "176343551411",
            "user_id": "AIDASSDXFBWZZNGAC4AYI"
          },
          "sensitive_attributes": [],
          "identity_schema_version": 0
        }
      ]
    },
    {
      "module": "module.pedidos_lambda.module.repo_ecr_lambda",
      "mode": "managed",
      "type": "aws_ecr_lifecycle_policy",
      "name": "delete",
      "provider": "provider[\"registry.terraform.io/hashicorp/aws\"]",
      "instances": [
        {
          "schema_version": 0,
          "attributes": {
            "id": "dev-logistics-pedidos",
            "policy": "{\"rules\":[{\"action\":{\"type\":\"expire\"},\"description\":\"Keep only the most recent images\",\"rulePriority\":1,\"selection\":{\"countNumber\":5,\"countType\":\"imageCountMoreThan\",\"tagStatus\":\"any\"}}]}",
            "region": "us-east-1",
            "registry_id": "176343551411",
            "repository": "dev-logistics-pedidos"
          },
          "sensitive_attributes": [],
          "identity_schema_version": 0,
          "private": "bnVsbA==",
          "dependencies": [
            "module.pedidos_lambda.module.repo_ecr_lambda.aws_ecr_repository.this"
          ]
        }
      ]
    },
    {
      "module": "module.pedidos_lambda.module.repo_ecr_lambda",
      "mode": "managed",
      "type": "aws_ecr_repository",
      "name": "this",
      "provider": "provider[\"registry.terraform.io/hashicorp/aws\"]",
      "instances": [
        {
          "schema_version": 0,
          "attributes": {
            "arn": "arn:aws:ecr:us-east-1:176343551411:repository/dev-logistics-pedidos",
            "encryption_configuration": [
              {
                "encryption_type": "AES256",
                "kms_key": ""
              }
            ],
            "force_delete": null,
            "id": "dev-logistics-pedidos",
            "image_scanning_configuration": [
              {
                "scan_on_push": true
              }
            ],
            "image_tag_mutability": "MUTABLE",
            "name": "dev-logistics-pedidos",
            "region": "us-east-1",
            "registry_id": "176343551411",
            "repository_url": "176343551411.dkr.ecr.us-east-1.amazonaws.com/dev-logistics-pedidos",
            "tags": {
              "Environment": "dev",
              "ManagedBy": "terraform",
              "Project": "logistics"
            },
            "tags_all": {
              "Environment": "dev",
              "ManagedBy": "terraform",
              "Project": "logistics"
            },
            "timeouts": null
          },
          "sensitive_attributes": [],
          "identity_schema_version": 0,
          "private": "eyJlMmJmYjczMC1lY2FhLTExZTYtOGY4OC0zNDM2M2JjN2M0YzAiOnsiZGVsZXRlIjoxMjAwMDAwMDAwMDAwfX0=",
          "create_before_destroy": true
        }
      ]
    },
    {
      "module": "module.pedidos_table",
      "mode": "managed",
      "type": "aws_dynamodb_table",
      "name": "this",
      "provider": "provider[\"registry.terraform.io/hashicorp/aws\"]",
      "instances": [
        {
          "schema_version": 1,
          "attributes": {
            "arn": "arn:aws:dynamodb:us-east-1:176343551411:table/dev-logistics-pedidos",
            "attribute": [
              {
                "name": "id",
                "type": "S"
              }
            ],
            "billing_mode": "PAY_PER_REQUEST",
            "deletion_protection_enabled": false,
            "global_secondary_index": [],
            "hash_key": "id",
            "id": "dev-logistics-pedidos",
            "import_table": [],
            "local_secondary_index": [],
            "name": "dev-logistics-pedidos",
            "on_demand_throughput": [],
            "point_in_time_recovery": [
              {
                "enabled": false,
                "recovery_period_in_days": 0
              }
            ],
            "range_key": null,
            "read_capacity": 0,
            "region": "us-east-1",
            "replica": [],
            "restore_date_time": null,
            "restore_source_name": null,
            "restore_source_table_arn": null,
            "restore_to_latest_time": null,
            "server_side_encryption": [],
            "stream_arn": "",
            "stream_enabled": false,
            "stream_label": "",
            "stream_view_type": "",
            "table_class": "STANDARD",
            "tags": {
              "Environment": "dev",
              "ManagedBy": "terraform",
              "Project": "logistics"
            },
            "tags_all": {
              "Environment": "dev",
              "ManagedBy": "terraform",
              "Project": "logistics"
            },
            "timeouts": null,
            "ttl": [
              {
                "attribute_name": "",
                "enabled": false
              }
            ],
            "write_capacity": 0
          },
          "sensitive_attributes": [],
          "identity_schema_version": 0,
          "private": "eyJlMmJmYjczMC1lY2FhLTExZTYtOGY4OC0zNDM2M2JjN2M0YzAiOnsiY3JlYXRlIjoxODAwMDAwMDAwMDAwLCJkZWxldGUiOjYwMDAwMDAwMDAwMCwidXBkYXRlIjozNjAwMDAwMDAwMDAwfSwic2NoZW1hX3ZlcnNpb24iOiIxIn0=",
          "create_before_destroy": true
        }
      ]
    },
    {
      "module": "module.rastreamento_lambda",
      "mode": "data",
      "type": "aws_caller_identity",
      "name": "current",
      "provider": "provider[\"registry.terraform.io/hashicorp/aws\"]",
      "instances": [
        {
          "schema_version": 0,
          "attributes": {
            "account_id": "176343551411",
            "arn": "arn:aws:iam::176343551411:user/aws-cli-ari",
            "id": "176343551411",
            "user_id": "AIDASSDXFBWZZNGAC4AYI"
          },
          "sensitive_attributes": [],
          "identity_schema_version": 0
        }
      ]
    },
    {
      "module": "module.rastreamento_lambda",
      "mode": "data",
      "type": "aws_iam_policy_document",
      "name": "policy_doc",
      "provider": "provider[\"registry.terraform.io/hashicorp/aws\"]",
      "instances": [
        {
          "schema_version": 0,
          "attributes": {
            "id": "2690255455",
            "json": "{\n  \"Version\": \"2012-10-17\",\n  \"Statement\": [\n    {\n      \"Effect\": \"Allow\",\n      \"Action\": \"sts:AssumeRole\",\n      \"Principal\": {\n        \"Service\": \"lambda.amazonaws.com\"\n      }\n    }\n  ]\n}",
            "minified_json": "{\"Version\":\"2012-10-17\",\"Statement\":[{\"Effect\":\"Allow\",\"Action\":\"sts:AssumeRole\",\"Principal\":{\"Service\":\"lambda.amazonaws.com\"}}]}",
            "override_json": null,
            "override_policy_documents": null,
            "policy_id": null,
            "source_json": null,
            "source_policy_documents": null,
            "statement": [
              {
                "actions": [
                  "sts:AssumeRole"
                ],
                "condition": [],
                "effect": "Allow",
                "not_actions": [],
                "not_principals": [],
                "not_resources": [],
                "principals": [
                  {
                    "identifiers": [
                      "lambda.amazonaws.com"
                    ],
                    "type": "Service"
                  }
                ],
                "resources": [],
                "sid": ""
              }
            ],
            "version": "2012-10-17"
          },
          "sensitive_attributes": [],
          "identity_schema_version": 0
        }
      ]
    },
    {
      "module": "module.rastreamento_lambda",
      "mode": "managed",
      "type": "aws_iam_role",
      "name": "lambda_role",
      "provider": "provider[\"registry.terraform.io/hashicorp/aws\"]",
      "instances": [
        {
          "schema_version": 0,
          "attributes": {
            "arn": "arn:aws:iam::176343551411:role/dev_logistics_rastreamento_role",
            "assume_role_policy": "{\"Statement\":[{\"Action\":\"sts:AssumeRole\",\"Effect\":\"Allow\",\"Principal\":{\"Service\":\"lambda.amazonaws.com\"}}],\"Version\":\"2012-10-17\"}",
            "create_date": "2025-06-22T02:55:53Z",
            "description": "",
            "force_detach_policies": false,
            "id": "dev_logistics_rastreamento_role",
            "inline_policy": [],
            "managed_policy_arns": [
              "arn:aws:iam::aws:policy/AmazonDynamoDBFullAccess",
              "arn:aws:iam::aws:policy/AmazonSQSFullAccess",
              "arn:aws:iam::aws:policy/service-role/AWSLambdaBasicExecutionRole"
            ],
            "max_session_duration": 3600,
            "name": "dev_logistics_rastreamento_role",
            "name_prefix": "",
            "path": "/",
            "permissions_boundary": "",
            "tags": {
              "Environment": "dev",
              "ManagedBy": "terraform",
              "Project": "logistics"
            },
            "tags_all": {
              "Environment": "dev",
              "ManagedBy": "terraform",
              "Project": "logistics"
            },
            "unique_id": "AROASSDXFBWZW54AWC7MO"
          },
          "sensitive_attributes": [],
          "identity_schema_version": 0,
          "identity": {
            "account_id": "176343551411",
            "name": "dev_logistics_rastreamento_role"
          },
          "private": "bnVsbA==",
          "dependencies": [
            "module.rastreamento_lambda.data.aws_iam_policy_document.policy_doc"
          ],
          "create_before_destroy": true
        }
      ]
    },
    {
      "module": "module.rastreamento_lambda",
      "mode": "managed",
      "type": "aws_iam_role_policy_attachment",
      "name": "lambda_custom_policy",
      "provider": "provider[\"registry.terraform.io/hashicorp/aws\"]",
      "instances": [
        {
          "index_key": 0,
          "schema_version": 0,
          "attributes": {
            "id": "dev_logistics_rastreamento_role-2025062202555728810000000b",
            "policy_arn": "arn:aws:iam::aws:policy/AmazonDynamoDBFullAccess",
            "role": "dev_logistics_rastreamento_role"
          },
          "sensitive_attributes": [],
          "identity_schema_version": 0,
          "private": "bnVsbA==",
          "dependencies": [
            "module.rastreamento_lambda.aws_iam_role.lambda_role",
            "module.rastreamento_lambda.data.aws_iam_policy_document.policy_doc"
          ]
        },
        {
          "index_key": 1,
          "schema_version": 0,
          "attributes": {
            "id": "dev_logistics_rastreamento_role-2025062202555746870000000c",
            "policy_arn": "arn:aws:iam::aws:policy/AmazonSQSFullAccess",
            "role": "dev_logistics_rastreamento_role"
          },
          "sensitive_attributes": [],
          "identity_schema_version": 0,
          "private": "bnVsbA==",
          "dependencies": [
            "module.rastreamento_lambda.aws_iam_role.lambda_role",
            "module.rastreamento_lambda.data.aws_iam_policy_document.policy_doc"
          ]
        }
      ]
    },
    {
      "module": "module.rastreamento_lambda",
      "mode": "managed",
      "type": "aws_iam_role_policy_attachment",
      "name": "policy_cloudwatch",
      "provider": "provider[\"registry.terraform.io/hashicorp/aws\"]",
      "instances": [
        {
          "schema_version": 0,
          "attributes": {
            "id": "dev_logistics_rastreamento_role-2025062202555723310000000a",
            "policy_arn": "arn:aws:iam::aws:policy/service-role/AWSLambdaBasicExecutionRole",
            "role": "dev_logistics_rastreamento_role"
          },
          "sensitive_attributes": [],
          "identity_schema_version": 0,
          "private": "bnVsbA==",
          "dependencies": [
            "module.rastreamento_lambda.aws_iam_role.lambda_role",
            "module.rastreamento_lambda.data.aws_iam_policy_document.policy_doc"
          ]
        }
      ]
    },
    {
      "module": "module.rastreamento_lambda",
      "mode": "managed",
      "type": "aws_lambda_function",
      "name": "lambda",
      "provider": "provider[\"registry.terraform.io/hashicorp/aws\"]",
      "instances": [
        {
          "schema_version": 0,
          "attributes": {
            "architectures": [
              "x86_64"
            ],
            "arn": "arn:aws:lambda:us-east-1:176343551411:function:dev_logistics_rastreamento",
            "code_sha256": "446a3b03f2d6da4c9af5736300350b3fb998250b700b458664c6513558514208",
            "code_signing_config_arn": "",
            "dead_letter_config": [],
            "description": "Tracking Lambda function",
            "environment": [
              {
                "variables": {
                  "LOCATIONS_TABLE": "dev-logistics-locations",
                  "PEDIDOS_TABLE": "dev-logistics-pedidos",
                  "SQS_QUEUE_URL": "https://sqs.us-east-1.amazonaws.com/176343551411/dev-logistics-events-fifo-queue.fifo"
                }
              }
            ],
            "ephemeral_storage": [
              {
                "size": 512
              }
            ],
            "file_system_config": [],
            "filename": null,
            "function_name": "dev_logistics_rastreamento",
            "handler": "",
            "id": "dev_logistics_rastreamento",
            "image_config": [],
            "image_uri": "176343551411.dkr.ecr.us-east-1.amazonaws.com/dev-logistics-rastreamento:latest",
            "invoke_arn": "arn:aws:apigateway:us-east-1:lambda:path/2015-03-31/functions/arn:aws:lambda:us-east-1:176343551411:function:dev_logistics_rastreamento/invocations",
            "kms_key_arn": "",
            "last_modified": "2025-06-22T03:04:59.000+0000",
            "layers": [],
            "logging_config": [
              {
                "application_log_level": "",
                "log_format": "Text",
                "log_group": "/aws/lambda/dev_logistics_rastreamento",
                "system_log_level": ""
              }
            ],
            "memory_size": 512,
            "package_type": "Image",
            "publish": null,
            "qualified_arn": "arn:aws:lambda:us-east-1:176343551411:function:dev_logistics_rastreamento:$LATEST",
            "qualified_invoke_arn": "arn:aws:apigateway:us-east-1:lambda:path/2015-03-31/functions/arn:aws:lambda:us-east-1:176343551411:function:dev_logistics_rastreamento:$LATEST/invocations",
            "region": "us-east-1",
            "replace_security_groups_on_destroy": null,
            "replacement_security_group_ids": null,
            "reserved_concurrent_executions": -1,
            "role": "arn:aws:iam::176343551411:role/dev_logistics_rastreamento_role",
            "runtime": "",
            "s3_bucket": null,
            "s3_key": null,
            "s3_object_version": null,
            "signing_job_arn": "",
            "signing_profile_version_arn": "",
            "skip_destroy": false,
            "snap_start": [],
            "source_code_hash": "",
            "source_code_size": 0,
            "tags": {
              "Environment": "dev",
              "ManagedBy": "terraform",
              "Project": "logistics"
            },
            "tags_all": {
              "Environment": "dev",
              "ManagedBy": "terraform",
              "Project": "logistics"
            },
            "timeout": 30,
            "timeouts": null,
            "tracing_config": [
              {
                "mode": "PassThrough"
              }
            ],
            "version": "$LATEST",
            "vpc_config": []
          },
          "sensitive_attributes": [],
          "identity_schema_version": 0,
          "private": "eyJlMmJmYjczMC1lY2FhLTExZTYtOGY4OC0zNDM2M2JjN2M0YzAiOnsiY3JlYXRlIjo2MDAwMDAwMDAwMDAsImRlbGV0ZSI6NjAwMDAwMDAwMDAwLCJ1cGRhdGUiOjYwMDAwMDAwMDAwMH0sInNjaGVtYV92ZXJzaW9uIjoiMCJ9",
          "dependencies": [
            "module.events_queue.aws_sqs_queue.dead_letter_fifo_queue",
            "module.events_queue.aws_sqs_queue.fifo_queue",
            "module.locations_table.aws_dynamodb_table.this",
            "module.pedidos_table.aws_dynamodb_table.this",
            "module.rastreamento_lambda.aws_iam_role.lambda_role",
            "module.rastreamento_lambda.data.aws_caller_identity.current",
            "module.rastreamento_lambda.data.aws_iam_policy_document.policy_doc",
            "module.rastreamento_lambda.module.repo_ecr_lambda.aws_ecr_repository.this",
            "module.rastreamento_lambda.null_resource.run_script"
          ],
          "create_before_destroy": true
        }
      ]
    },
    {
      "module": "module.rastreamento_lambda",
      "mode": "managed",
      "type": "aws_lambda_function_event_invoke_config",
      "name": "retry",
      "provider": "provider[\"registry.terraform.io/hashicorp/aws\"]",
      "instances": [
        {
          "schema_version": 0,
          "attributes": {
            "destination_config": [],
            "function_name": "dev_logistics_rastreamento",
            "id": "dev_logistics_rastreamento",
            "maximum_event_age_in_seconds": 21600,
            "maximum_retry_attempts": 0,
            "qualifier": "",
            "region": "us-east-1"
          },
          "sensitive_attributes": [],
          "identity_schema_version": 0,
          "private": "bnVsbA==",
          "dependencies": [
            "module.events_queue.aws_sqs_queue.dead_letter_fifo_queue",
            "module.events_queue.aws_sqs_queue.fifo_queue",
            "module.locations_table.aws_dynamodb_table.this",
            "module.pedidos_table.aws_dynamodb_table.this",
            "module.rastreamento_lambda.aws_iam_role.lambda_role",
            "module.rastreamento_lambda.aws_lambda_function.lambda",
            "module.rastreamento_lambda.data.aws_caller_identity.current",
            "module.rastreamento_lambda.data.aws_iam_policy_document.policy_doc",
            "module.rastreamento_lambda.module.repo_ecr_lambda.aws_ecr_repository.this",
            "module.rastreamento_lambda.null_resource.run_script"
          ]
        }
      ]
    },
    {
      "module": "module.rastreamento_lambda",
      "mode": "managed",
      "type": "null_resource",
      "name": "run_script",
      "provider": "provider[\"registry.terraform.io/hashicorp/null\"]",
      "instances": [
        {
          "index_key": "Dockerfile",
          "schema_version": 0,
          "attributes": {
            "id": "7969963957910397822",
            "triggers": {
              "file": "a1971814fbf071101a4eeb38a5108b07cd71fc6fe0d638c6a812dd34106a590f"
            }
          },
          "sensitive_attributes": [],
          "identity_schema_version": 0,
          "dependencies": [
            "module.rastreamento_lambda.data.aws_caller_identity.current",
            "module.rastreamento_lambda.module.repo_ecr_lambda.aws_ecr_repository.this"
          ],
          "create_before_destroy": true
        },
        {
          "index_key": "lambda_function.py",
          "schema_version": 0,
          "attributes": {
            "id": "7737552379610969746",
            "triggers": {
              "file": "d2f3e5a45d81bb320622ba790893f8199254794361755e13443549a378a4f366"
            }
          },
          "sensitive_attributes": [],
          "identity_schema_version": 0,
          "dependencies": [
            "module.rastreamento_lambda.data.aws_caller_identity.current",
            "module.rastreamento_lambda.module.repo_ecr_lambda.aws_ecr_repository.this"
          ],
          "create_before_destroy": true
        },
        {
          "index_key": "requirements.txt",
          "schema_version": 0,
          "attributes": {
            "id": "3512972357794228905",
            "triggers": {
              "file": "3a241156de0f169dc8ced91636869c3b92eeb11d2f71bfc8bd0a65b91882df1f"
            }
          },
          "sensitive_attributes": [],
          "identity_schema_version": 0,
          "dependencies": [
            "module.rastreamento_lambda.data.aws_caller_identity.current",
            "module.rastreamento_lambda.module.repo_ecr_lambda.aws_ecr_repository.this"
          ],
          "create_before_destroy": true
        }
      ]
    },
    {
      "module": "module.rastreamento_lambda",
      "mode": "managed",
      "type": "null_resource",
      "name": "update",
      "provider": "provider[\"registry.terraform.io/hashicorp/null\"]",
      "instances": [
        {
          "index_key": "Dockerfile",
          "schema_version": 0,
          "attributes": {
            "id": "6799475198723494086",
            "triggers": {
              "file": "a1971814fbf071101a4eeb38a5108b07cd71fc6fe0d638c6a812dd34106a590f"
            }
          },
          "sensitive_attributes": [],
          "identity_schema_version": 0,
          "dependencies": [
            "module.events_queue.aws_sqs_queue.dead_letter_fifo_queue",
            "module.events_queue.aws_sqs_queue.fifo_queue",
            "module.locations_table.aws_dynamodb_table.this",
            "module.pedidos_table.aws_dynamodb_table.this",
            "module.rastreamento_lambda.aws_iam_role.lambda_role",
            "module.rastreamento_lambda.aws_lambda_function.lambda",
            "module.rastreamento_lambda.data.aws_caller_identity.current",
            "module.rastreamento_lambda.data.aws_iam_policy_document.policy_doc",
            "module.rastreamento_lambda.module.repo_ecr_lambda.aws_ecr_repository.this",
            "module.rastreamento_lambda.null_resource.run_script"
          ]
        },
        {
          "index_key": "lambda_function.py",
          "schema_version": 0,
          "attributes": {
            "id": "2095736227411392356",
            "triggers": {
              "file": "d2f3e5a45d81bb320622ba790893f8199254794361755e13443549a378a4f366"
            }
          },
          "sensitive_attributes": [],
          "identity_schema_version": 0,
          "dependencies": [
            "module.events_queue.aws_sqs_queue.dead_letter_fifo_queue",
            "module.events_queue.aws_sqs_queue.fifo_queue",
            "module.locations_table.aws_dynamodb_table.this",
            "module.pedidos_table.aws_dynamodb_table.this",
            "module.rastreamento_lambda.aws_iam_role.lambda_role",
            "module.rastreamento_lambda.aws_lambda_function.lambda",
            "module.rastreamento_lambda.data.aws_caller_identity.current",
            "module.rastreamento_lambda.data.aws_iam_policy_document.policy_doc",
            "module.rastreamento_lambda.module.repo_ecr_lambda.aws_ecr_repository.this",
            "module.rastreamento_lambda.null_resource.run_script"
          ]
        },
        {
          "index_key": "requirements.txt",
          "schema_version": 0,
          "attributes": {
            "id": "5372615983376852024",
            "triggers": {
              "file": "3a241156de0f169dc8ced91636869c3b92eeb11d2f71bfc8bd0a65b91882df1f"
            }
          },
          "sensitive_attributes": [],
          "identity_schema_version": 0,
          "dependencies": [
            "module.events_queue.aws_sqs_queue.dead_letter_fifo_queue",
            "module.events_queue.aws_sqs_queue.fifo_queue",
            "module.locations_table.aws_dynamodb_table.this",
            "module.pedidos_table.aws_dynamodb_table.this",
            "module.rastreamento_lambda.aws_iam_role.lambda_role",
            "module.rastreamento_lambda.aws_lambda_function.lambda",
            "module.rastreamento_lambda.data.aws_caller_identity.current",
            "module.rastreamento_lambda.data.aws_iam_policy_document.policy_doc",
            "module.rastreamento_lambda.module.repo_ecr_lambda.aws_ecr_repository.this",
            "module.rastreamento_lambda.null_resource.run_script"
          ]
        }
      ]
    },
    {
      "module": "module.rastreamento_lambda.module.repo_ecr_lambda",
      "mode": "data",
      "type": "aws_caller_identity",
      "name": "current",
      "provider": "provider[\"registry.terraform.io/hashicorp/aws\"]",
      "instances": [
        {
          "schema_version": 0,
          "attributes": {
            "account_id": "176343551411",
            "arn": "arn:aws:iam::176343551411:user/aws-cli-ari",
            "id": "176343551411",
            "user_id": "AIDASSDXFBWZZNGAC4AYI"
          },
          "sensitive_attributes": [],
          "identity_schema_version": 0
        }
      ]
    },
    {
      "module": "module.rastreamento_lambda.module.repo_ecr_lambda",
      "mode": "managed",
      "type": "aws_ecr_lifecycle_policy",
      "name": "delete",
      "provider": "provider[\"registry.terraform.io/hashicorp/aws\"]",
      "instances": [
        {
          "schema_version": 0,
          "attributes": {
            "id": "dev-logistics-rastreamento",
            "policy": "{\"rules\":[{\"action\":{\"type\":\"expire\"},\"description\":\"Keep only the most recent images\",\"rulePriority\":1,\"selection\":{\"countNumber\":5,\"countType\":\"imageCountMoreThan\",\"tagStatus\":\"any\"}}]}",
            "region": "us-east-1",
            "registry_id": "176343551411",
            "repository": "dev-logistics-rastreamento"
          },
          "sensitive_attributes": [],
          "identity_schema_version": 0,
          "private": "bnVsbA==",
          "dependencies": [
            "module.rastreamento_lambda.module.repo_ecr_lambda.aws_ecr_repository.this"
          ]
        }
      ]
    },
    {
      "module": "module.rastreamento_lambda.module.repo_ecr_lambda",
      "mode": "managed",
      "type": "aws_ecr_repository",
      "name": "this",
      "provider": "provider[\"registry.terraform.io/hashicorp/aws\"]",
      "instances": [
        {
          "schema_version": 0,
          "attributes": {
            "arn": "arn:aws:ecr:us-east-1:176343551411:repository/dev-logistics-rastreamento",
            "encryption_configuration": [
              {
                "encryption_type": "AES256",
                "kms_key": ""
              }
            ],
            "force_delete": null,
            "id": "dev-logistics-rastreamento",
            "image_scanning_configuration": [
              {
                "scan_on_push": true
              }
            ],
            "image_tag_mutability": "MUTABLE",
            "name": "dev-logistics-rastreamento",
            "region": "us-east-1",
            "registry_id": "176343551411",
            "repository_url": "176343551411.dkr.ecr.us-east-1.amazonaws.com/dev-logistics-rastreamento",
            "tags": {
              "Environment": "dev",
              "ManagedBy": "terraform",
              "Project": "logistics"
            },
            "tags_all": {
              "Environment": "dev",
              "ManagedBy": "terraform",
              "Project": "logistics"
            },
            "timeouts": null
          },
          "sensitive_attributes": [],
          "identity_schema_version": 0,
          "private": "eyJlMmJmYjczMC1lY2FhLTExZTYtOGY4OC0zNDM2M2JjN2M0YzAiOnsiZGVsZXRlIjoxMjAwMDAwMDAwMDAwfX0=",
          "create_before_destroy": true
        }
      ]
    },
    {
      "module": "module.smart_routing_lambda",
      "mode": "data",
      "type": "aws_caller_identity",
      "name": "current",
      "provider": "provider[\"registry.terraform.io/hashicorp/aws\"]",
      "instances": [
        {
          "schema_version": 0,
          "attributes": {
            "account_id": "176343551411",
            "arn": "arn:aws:iam::176343551411:user/aws-cli-ari",
            "id": "176343551411",
            "user_id": "AIDASSDXFBWZZNGAC4AYI"
          },
          "sensitive_attributes": [],
          "identity_schema_version": 0
        }
      ]
    },
    {
      "module": "module.smart_routing_lambda",
      "mode": "data",
      "type": "aws_iam_policy_document",
      "name": "policy_doc",
      "provider": "provider[\"registry.terraform.io/hashicorp/aws\"]",
      "instances": [
        {
          "schema_version": 0,
          "attributes": {
            "id": "2690255455",
            "json": "{\n  \"Version\": \"2012-10-17\",\n  \"Statement\": [\n    {\n      \"Effect\": \"Allow\",\n      \"Action\": \"sts:AssumeRole\",\n      \"Principal\": {\n        \"Service\": \"lambda.amazonaws.com\"\n      }\n    }\n  ]\n}",
            "minified_json": "{\"Version\":\"2012-10-17\",\"Statement\":[{\"Effect\":\"Allow\",\"Action\":\"sts:AssumeRole\",\"Principal\":{\"Service\":\"lambda.amazonaws.com\"}}]}",
            "override_json": null,
            "override_policy_documents": null,
            "policy_id": null,
            "source_json": null,
            "source_policy_documents": null,
            "statement": [
              {
                "actions": [
                  "sts:AssumeRole"
                ],
                "condition": [],
                "effect": "Allow",
                "not_actions": [],
                "not_principals": [],
                "not_resources": [],
                "principals": [
                  {
                    "identifiers": [
                      "lambda.amazonaws.com"
                    ],
                    "type": "Service"
                  }
                ],
                "resources": [],
                "sid": ""
              }
            ],
            "version": "2012-10-17"
          },
          "sensitive_attributes": [],
          "identity_schema_version": 0
        }
      ]
    },
    {
      "module": "module.smart_routing_lambda",
      "mode": "managed",
      "type": "aws_iam_role",
      "name": "lambda_role",
      "provider": "provider[\"registry.terraform.io/hashicorp/aws\"]",
      "instances": [
        {
          "schema_version": 0,
          "attributes": {
            "arn": "arn:aws:iam::176343551411:role/dev_logistics_smart-routing_role",
            "assume_role_policy": "{\"Statement\":[{\"Action\":\"sts:AssumeRole\",\"Effect\":\"Allow\",\"Principal\":{\"Service\":\"lambda.amazonaws.com\"}}],\"Version\":\"2012-10-17\"}",
            "create_date": "2025-06-22T02:55:52Z",
            "description": "",
            "force_detach_policies": false,
            "id": "dev_logistics_smart-routing_role",
            "inline_policy": [],
            "managed_policy_arns": [
              "arn:aws:iam::aws:policy/AmazonDynamoDBFullAccess",
              "arn:aws:iam::aws:policy/AmazonSQSFullAccess",
              "arn:aws:iam::aws:policy/service-role/AWSLambdaBasicExecutionRole",
              "arn:aws:iam::aws:policy/service-role/AWSLambdaRole"
            ],
            "max_session_duration": 3600,
            "name": "dev_logistics_smart-routing_role",
            "name_prefix": "",
            "path": "/",
            "permissions_boundary": "",
            "tags": {
              "Environment": "dev",
              "ManagedBy": "terraform",
              "Project": "logistics"
            },
            "tags_all": {
              "Environment": "dev",
              "ManagedBy": "terraform",
              "Project": "logistics"
            },
            "unique_id": "AROASSDXFBWZZ7TZTI2DD"
          },
          "sensitive_attributes": [],
          "identity_schema_version": 0,
          "identity": {
            "account_id": "176343551411",
            "name": "dev_logistics_smart-routing_role"
          },
          "private": "bnVsbA==",
          "dependencies": [
            "module.smart_routing_lambda.data.aws_iam_policy_document.policy_doc"
          ]
        }
      ]
    },
    {
      "module": "module.smart_routing_lambda",
      "mode": "managed",
      "type": "aws_iam_role_policy_attachment",
      "name": "lambda_custom_policy",
      "provider": "provider[\"registry.terraform.io/hashicorp/aws\"]",
      "instances": [
        {
          "index_key": 0,
          "schema_version": 0,
          "attributes": {
            "id": "dev_logistics_smart-routing_role-20250622025555851600000002",
            "policy_arn": "arn:aws:iam::aws:policy/AmazonDynamoDBFullAccess",
            "role": "dev_logistics_smart-routing_role"
          },
          "sensitive_attributes": [],
          "identity_schema_version": 0,
          "private": "bnVsbA==",
          "dependencies": [
            "module.smart_routing_lambda.aws_iam_role.lambda_role",
            "module.smart_routing_lambda.data.aws_iam_policy_document.policy_doc"
          ]
        },
        {
          "index_key": 1,
          "schema_version": 0,
          "attributes": {
            "id": "dev_logistics_smart-routing_role-20250622025555948900000003",
            "policy_arn": "arn:aws:iam::aws:policy/AmazonSQSFullAccess",
            "role": "dev_logistics_smart-routing_role"
          },
          "sensitive_attributes": [],
          "identity_schema_version": 0,
          "private": "bnVsbA==",
          "dependencies": [
            "module.smart_routing_lambda.aws_iam_role.lambda_role",
            "module.smart_routing_lambda.data.aws_iam_policy_document.policy_doc"
          ]
        },
        {
          "index_key": 2,
          "schema_version": 0,
          "attributes": {
            "id": "dev_logistics_smart-routing_role-20250622025556148600000004",
            "policy_arn": "arn:aws:iam::aws:policy/service-role/AWSLambdaRole",
            "role": "dev_logistics_smart-routing_role"
          },
          "sensitive_attributes": [],
          "identity_schema_version": 0,
          "private": "bnVsbA==",
          "dependencies": [
            "module.smart_routing_lambda.aws_iam_role.lambda_role",
            "module.smart_routing_lambda.data.aws_iam_policy_document.policy_doc"
          ]
        }
      ]
    },
    {
      "module": "module.smart_routing_lambda",
      "mode": "managed",
      "type": "aws_iam_role_policy_attachment",
      "name": "policy_cloudwatch",
      "provider": "provider[\"registry.terraform.io/hashicorp/aws\"]",
      "instances": [
        {
          "schema_version": 0,
          "attributes": {
            "id": "dev_logistics_smart-routing_role-20250622025555807500000001",
            "policy_arn": "arn:aws:iam::aws:policy/service-role/AWSLambdaBasicExecutionRole",
            "role": "dev_logistics_smart-routing_role"
          },
          "sensitive_attributes": [],
          "identity_schema_version": 0,
          "private": "bnVsbA==",
          "dependencies": [
            "module.smart_routing_lambda.aws_iam_role.lambda_role",
            "module.smart_routing_lambda.data.aws_iam_policy_document.policy_doc"
          ]
        }
      ]
    },
    {
      "module": "module.smart_routing_lambda",
      "mode": "managed",
      "type": "aws_lambda_function",
      "name": "lambda",
      "provider": "provider[\"registry.terraform.io/hashicorp/aws\"]",
      "instances": [
        {
          "schema_version": 0,
          "attributes": {
            "architectures": [
              "x86_64"
            ],
            "arn": "arn:aws:lambda:us-east-1:176343551411:function:dev_logistics_smart-routing",
            "code_sha256": "fa32f6ea5bd20575d3bad69a3260be2978619765362416aaa0fe2fd2882ef594",
            "code_signing_config_arn": "",
            "dead_letter_config": [],
            "description": "Smart routing Lambda for intelligent driver assignment",
            "environment": [
              {
                "variables": {
                  "NOTIFICACOES_LAMBDA_NAME": "dev_logistics_notificacoes",
                  "OFERTAS_TABLE": "dev-logistics-pedido-ofertas",
                  "PEDIDOS_TABLE": "dev-logistics-pedidos",
                  "SQS_QUEUE_URL": "https://sqs.us-east-1.amazonaws.com/176343551411/dev-logistics-events-fifo-queue.fifo",
                  "USERS_TABLE": "dev-logistics-users"
                }
              }
            ],
            "ephemeral_storage": [
              {
                "size": 512
              }
            ],
            "file_system_config": [],
            "filename": null,
            "function_name": "dev_logistics_smart-routing",
            "handler": "",
            "id": "dev_logistics_smart-routing",
            "image_config": [],
            "image_uri": "176343551411.dkr.ecr.us-east-1.amazonaws.com/dev-logistics-smart-routing:latest",
            "invoke_arn": "arn:aws:apigateway:us-east-1:lambda:path/2015-03-31/functions/arn:aws:lambda:us-east-1:176343551411:function:dev_logistics_smart-routing/invocations",
            "kms_key_arn": "",
            "last_modified": "2025-06-22T03:05:16.000+0000",
            "layers": [],
            "logging_config": [
              {
                "application_log_level": "",
                "log_format": "Text",
                "log_group": "/aws/lambda/dev_logistics_smart-routing",
                "system_log_level": ""
              }
            ],
            "memory_size": 1024,
            "package_type": "Image",
            "publish": false,
            "qualified_arn": "arn:aws:lambda:us-east-1:176343551411:function:dev_logistics_smart-routing:$LATEST",
            "qualified_invoke_arn": "arn:aws:apigateway:us-east-1:lambda:path/2015-03-31/functions/arn:aws:lambda:us-east-1:176343551411:function:dev_logistics_smart-routing:$LATEST/invocations",
            "region": "us-east-1",
            "replace_security_groups_on_destroy": null,
            "replacement_security_group_ids": null,
            "reserved_concurrent_executions": -1,
            "role": "arn:aws:iam::176343551411:role/dev_logistics_smart-routing_role",
            "runtime": "",
            "s3_bucket": null,
            "s3_key": null,
            "s3_object_version": null,
            "signing_job_arn": "",
            "signing_profile_version_arn": "",
            "skip_destroy": false,
            "snap_start": [],
            "source_code_hash": "",
            "source_code_size": 0,
            "tags": {
              "Environment": "dev",
              "ManagedBy": "terraform",
              "Project": "logistics"
            },
            "tags_all": {
              "Environment": "dev",
              "ManagedBy": "terraform",
              "Project": "logistics"
            },
            "timeout": 60,
            "timeouts": null,
            "tracing_config": [
              {
                "mode": "PassThrough"
              }
            ],
            "version": "$LATEST",
            "vpc_config": []
          },
          "sensitive_attributes": [],
          "identity_schema_version": 0,
          "private": "eyJlMmJmYjczMC1lY2FhLTExZTYtOGY4OC0zNDM2M2JjN2M0YzAiOnsiY3JlYXRlIjo2MDAwMDAwMDAwMDAsImRlbGV0ZSI6NjAwMDAwMDAwMDAwLCJ1cGRhdGUiOjYwMDAwMDAwMDAwMH19",
          "dependencies": [
            "aws_apigatewayv2_api.websocket_api",
            "module.events_queue.aws_sqs_queue.dead_letter_fifo_queue",
            "module.events_queue.aws_sqs_queue.fifo_queue",
            "module.notificacoes_lambda.aws_iam_role.lambda_role",
            "module.notificacoes_lambda.aws_lambda_function.lambda",
            "module.notificacoes_lambda.data.aws_caller_identity.current",
            "module.notificacoes_lambda.data.aws_iam_policy_document.policy_doc",
            "module.notificacoes_lambda.module.repo_ecr_lambda.aws_ecr_repository.this",
            "module.notificacoes_lambda.null_resource.run_script",
            "module.notifications_general_topic.aws_sns_topic.this",
            "module.notifications_premium_topic.aws_sns_topic.this",
            "module.notifications_regional_topic.aws_sns_topic.this",
            "module.notifications_table.aws_dynamodb_table.this",
            "module.pedido_ofertas_table.aws_dynamodb_table.this",
            "module.pedidos_table.aws_dynamodb_table.this",
            "module.smart_routing_lambda.aws_iam_role.lambda_role",
            "module.smart_routing_lambda.data.aws_caller_identity.current",
            "module.smart_routing_lambda.data.aws_iam_policy_document.policy_doc",
            "module.smart_routing_lambda.module.repo_ecr_lambda.aws_ecr_repository.this",
            "module.smart_routing_lambda.null_resource.run_script",
            "module.users_table.aws_dynamodb_table.this",
            "module.websocket_connections_table.aws_dynamodb_table.this",
            "module.websocket_lambda.aws_iam_role.lambda_role",
            "module.websocket_lambda.aws_lambda_function.lambda",
            "module.websocket_lambda.data.aws_caller_identity.current",
            "module.websocket_lambda.data.aws_iam_policy_document.policy_doc",
            "module.websocket_lambda.module.repo_ecr_lambda.aws_ecr_repository.this",
            "module.websocket_lambda.null_resource.run_script"
          ]
        }
      ]
    },
    {
      "module": "module.smart_routing_lambda",
      "mode": "managed",
      "type": "aws_lambda_function_event_invoke_config",
      "name": "retry",
      "provider": "provider[\"registry.terraform.io/hashicorp/aws\"]",
      "instances": [
        {
          "schema_version": 0,
          "attributes": {
            "destination_config": [],
            "function_name": "dev_logistics_smart-routing",
            "id": "dev_logistics_smart-routing",
            "maximum_event_age_in_seconds": 21600,
            "maximum_retry_attempts": 0,
            "qualifier": "",
            "region": "us-east-1"
          },
          "sensitive_attributes": [],
          "identity_schema_version": 0,
          "private": "bnVsbA==",
          "dependencies": [
            "aws_apigatewayv2_api.websocket_api",
            "module.events_queue.aws_sqs_queue.dead_letter_fifo_queue",
            "module.events_queue.aws_sqs_queue.fifo_queue",
            "module.notificacoes_lambda.aws_iam_role.lambda_role",
            "module.notificacoes_lambda.aws_lambda_function.lambda",
            "module.notificacoes_lambda.data.aws_caller_identity.current",
            "module.notificacoes_lambda.data.aws_iam_policy_document.policy_doc",
            "module.notificacoes_lambda.module.repo_ecr_lambda.aws_ecr_repository.this",
            "module.notificacoes_lambda.null_resource.run_script",
            "module.notifications_general_topic.aws_sns_topic.this",
            "module.notifications_premium_topic.aws_sns_topic.this",
            "module.notifications_regional_topic.aws_sns_topic.this",
            "module.notifications_table.aws_dynamodb_table.this",
            "module.pedido_ofertas_table.aws_dynamodb_table.this",
            "module.pedidos_table.aws_dynamodb_table.this",
            "module.smart_routing_lambda.aws_iam_role.lambda_role",
            "module.smart_routing_lambda.aws_lambda_function.lambda",
            "module.smart_routing_lambda.data.aws_caller_identity.current",
            "module.smart_routing_lambda.data.aws_iam_policy_document.policy_doc",
            "module.smart_routing_lambda.module.repo_ecr_lambda.aws_ecr_repository.this",
            "module.smart_routing_lambda.null_resource.run_script",
            "module.users_table.aws_dynamodb_table.this",
            "module.websocket_connections_table.aws_dynamodb_table.this",
            "module.websocket_lambda.aws_iam_role.lambda_role",
            "module.websocket_lambda.aws_lambda_function.lambda",
            "module.websocket_lambda.data.aws_caller_identity.current",
            "module.websocket_lambda.data.aws_iam_policy_document.policy_doc",
            "module.websocket_lambda.module.repo_ecr_lambda.aws_ecr_repository.this",
            "module.websocket_lambda.null_resource.run_script"
          ]
        }
      ]
    },
    {
      "module": "module.smart_routing_lambda",
      "mode": "managed",
      "type": "null_resource",
      "name": "run_script",
      "provider": "provider[\"registry.terraform.io/hashicorp/null\"]",
      "instances": [
        {
          "index_key": "Dockerfile",
          "schema_version": 0,
          "attributes": {
            "id": "5329042843090686324",
            "triggers": {
              "file": "a1971814fbf071101a4eeb38a5108b07cd71fc6fe0d638c6a812dd34106a590f"
            }
          },
          "sensitive_attributes": [],
          "identity_schema_version": 0,
          "dependencies": [
            "module.smart_routing_lambda.data.aws_caller_identity.current",
            "module.smart_routing_lambda.module.repo_ecr_lambda.aws_ecr_repository.this"
          ]
        },
        {
          "index_key": "lambda_function.py",
          "schema_version": 0,
          "attributes": {
            "id": "3560710016531979158",
            "triggers": {
              "file": "6db451332d426d0148faa26667bd6fb71f7b1d810572d1da63194e410dfc69f4"
            }
          },
          "sensitive_attributes": [],
          "identity_schema_version": 0,
          "dependencies": [
            "module.smart_routing_lambda.data.aws_caller_identity.current",
            "module.smart_routing_lambda.module.repo_ecr_lambda.aws_ecr_repository.this"
          ]
        },
        {
          "index_key": "requirements.txt",
          "schema_version": 0,
          "attributes": {
            "id": "1627439827963204913",
            "triggers": {
              "file": "bdc6e8c6e40edae06cc1cc7c974fade4e50fb774276ce608e213acf01cab2634"
            }
          },
          "sensitive_attributes": [],
          "identity_schema_version": 0,
          "dependencies": [
            "module.smart_routing_lambda.data.aws_caller_identity.current",
            "module.smart_routing_lambda.module.repo_ecr_lambda.aws_ecr_repository.this"
          ]
        }
      ]
    },
    {
      "module": "module.smart_routing_lambda",
      "mode": "managed",
      "type": "null_resource",
      "name": "update",
      "provider": "provider[\"registry.terraform.io/hashicorp/null\"]",
      "instances": [
        {
          "index_key": "Dockerfile",
          "schema_version": 0,
          "attributes": {
            "id": "3251899643159793956",
            "triggers": {
              "file": "a1971814fbf071101a4eeb38a5108b07cd71fc6fe0d638c6a812dd34106a590f"
            }
          },
          "sensitive_attributes": [],
          "identity_schema_version": 0,
          "dependencies": [
            "aws_apigatewayv2_api.websocket_api",
            "module.events_queue.aws_sqs_queue.dead_letter_fifo_queue",
            "module.events_queue.aws_sqs_queue.fifo_queue",
            "module.notificacoes_lambda.aws_iam_role.lambda_role",
            "module.notificacoes_lambda.aws_lambda_function.lambda",
            "module.notificacoes_lambda.data.aws_caller_identity.current",
            "module.notificacoes_lambda.data.aws_iam_policy_document.policy_doc",
            "module.notificacoes_lambda.module.repo_ecr_lambda.aws_ecr_repository.this",
            "module.notificacoes_lambda.null_resource.run_script",
            "module.notifications_general_topic.aws_sns_topic.this",
            "module.notifications_premium_topic.aws_sns_topic.this",
            "module.notifications_regional_topic.aws_sns_topic.this",
            "module.notifications_table.aws_dynamodb_table.this",
            "module.pedido_ofertas_table.aws_dynamodb_table.this",
            "module.pedidos_table.aws_dynamodb_table.this",
            "module.smart_routing_lambda.aws_iam_role.lambda_role",
            "module.smart_routing_lambda.aws_lambda_function.lambda",
            "module.smart_routing_lambda.data.aws_caller_identity.current",
            "module.smart_routing_lambda.data.aws_iam_policy_document.policy_doc",
            "module.smart_routing_lambda.module.repo_ecr_lambda.aws_ecr_repository.this",
            "module.smart_routing_lambda.null_resource.run_script",
            "module.users_table.aws_dynamodb_table.this",
            "module.websocket_connections_table.aws_dynamodb_table.this",
            "module.websocket_lambda.aws_iam_role.lambda_role",
            "module.websocket_lambda.aws_lambda_function.lambda",
            "module.websocket_lambda.data.aws_caller_identity.current",
            "module.websocket_lambda.data.aws_iam_policy_document.policy_doc",
            "module.websocket_lambda.module.repo_ecr_lambda.aws_ecr_repository.this",
            "module.websocket_lambda.null_resource.run_script"
          ]
        },
        {
          "index_key": "lambda_function.py",
          "schema_version": 0,
          "attributes": {
            "id": "2040197329061887510",
            "triggers": {
              "file": "6db451332d426d0148faa26667bd6fb71f7b1d810572d1da63194e410dfc69f4"
            }
          },
          "sensitive_attributes": [],
          "identity_schema_version": 0,
          "dependencies": [
            "aws_apigatewayv2_api.websocket_api",
            "module.events_queue.aws_sqs_queue.dead_letter_fifo_queue",
            "module.events_queue.aws_sqs_queue.fifo_queue",
            "module.notificacoes_lambda.aws_iam_role.lambda_role",
            "module.notificacoes_lambda.aws_lambda_function.lambda",
            "module.notificacoes_lambda.data.aws_caller_identity.current",
            "module.notificacoes_lambda.data.aws_iam_policy_document.policy_doc",
            "module.notificacoes_lambda.module.repo_ecr_lambda.aws_ecr_repository.this",
            "module.notificacoes_lambda.null_resource.run_script",
            "module.notifications_general_topic.aws_sns_topic.this",
            "module.notifications_premium_topic.aws_sns_topic.this",
            "module.notifications_regional_topic.aws_sns_topic.this",
            "module.notifications_table.aws_dynamodb_table.this",
            "module.pedido_ofertas_table.aws_dynamodb_table.this",
            "module.pedidos_table.aws_dynamodb_table.this",
            "module.smart_routing_lambda.aws_iam_role.lambda_role",
            "module.smart_routing_lambda.aws_lambda_function.lambda",
            "module.smart_routing_lambda.data.aws_caller_identity.current",
            "module.smart_routing_lambda.data.aws_iam_policy_document.policy_doc",
            "module.smart_routing_lambda.module.repo_ecr_lambda.aws_ecr_repository.this",
            "module.smart_routing_lambda.null_resource.run_script",
            "module.users_table.aws_dynamodb_table.this",
            "module.websocket_connections_table.aws_dynamodb_table.this",
            "module.websocket_lambda.aws_iam_role.lambda_role",
            "module.websocket_lambda.aws_lambda_function.lambda",
            "module.websocket_lambda.data.aws_caller_identity.current",
            "module.websocket_lambda.data.aws_iam_policy_document.policy_doc",
            "module.websocket_lambda.module.repo_ecr_lambda.aws_ecr_repository.this",
            "module.websocket_lambda.null_resource.run_script"
          ]
        },
        {
          "index_key": "requirements.txt",
          "schema_version": 0,
          "attributes": {
            "id": "7792501141098459618",
            "triggers": {
              "file": "bdc6e8c6e40edae06cc1cc7c974fade4e50fb774276ce608e213acf01cab2634"
            }
          },
          "sensitive_attributes": [],
          "identity_schema_version": 0,
          "dependencies": [
            "aws_apigatewayv2_api.websocket_api",
            "module.events_queue.aws_sqs_queue.dead_letter_fifo_queue",
            "module.events_queue.aws_sqs_queue.fifo_queue",
            "module.notificacoes_lambda.aws_iam_role.lambda_role",
            "module.notificacoes_lambda.aws_lambda_function.lambda",
            "module.notificacoes_lambda.data.aws_caller_identity.current",
            "module.notificacoes_lambda.data.aws_iam_policy_document.policy_doc",
            "module.notificacoes_lambda.module.repo_ecr_lambda.aws_ecr_repository.this",
            "module.notificacoes_lambda.null_resource.run_script",
            "module.notifications_general_topic.aws_sns_topic.this",
            "module.notifications_premium_topic.aws_sns_topic.this",
            "module.notifications_regional_topic.aws_sns_topic.this",
            "module.notifications_table.aws_dynamodb_table.this",
            "module.pedido_ofertas_table.aws_dynamodb_table.this",
            "module.pedidos_table.aws_dynamodb_table.this",
            "module.smart_routing_lambda.aws_iam_role.lambda_role",
            "module.smart_routing_lambda.aws_lambda_function.lambda",
            "module.smart_routing_lambda.data.aws_caller_identity.current",
            "module.smart_routing_lambda.data.aws_iam_policy_document.policy_doc",
            "module.smart_routing_lambda.module.repo_ecr_lambda.aws_ecr_repository.this",
            "module.smart_routing_lambda.null_resource.run_script",
            "module.users_table.aws_dynamodb_table.this",
            "module.websocket_connections_table.aws_dynamodb_table.this",
            "module.websocket_lambda.aws_iam_role.lambda_role",
            "module.websocket_lambda.aws_lambda_function.lambda",
            "module.websocket_lambda.data.aws_caller_identity.current",
            "module.websocket_lambda.data.aws_iam_policy_document.policy_doc",
            "module.websocket_lambda.module.repo_ecr_lambda.aws_ecr_repository.this",
            "module.websocket_lambda.null_resource.run_script"
          ]
        }
      ]
    },
    {
      "module": "module.smart_routing_lambda.module.repo_ecr_lambda",
      "mode": "data",
      "type": "aws_caller_identity",
      "name": "current",
      "provider": "provider[\"registry.terraform.io/hashicorp/aws\"]",
      "instances": [
        {
          "schema_version": 0,
          "attributes": {
            "account_id": "176343551411",
            "arn": "arn:aws:iam::176343551411:user/aws-cli-ari",
            "id": "176343551411",
            "user_id": "AIDASSDXFBWZZNGAC4AYI"
          },
          "sensitive_attributes": [],
          "identity_schema_version": 0
        }
      ]
    },
    {
      "module": "module.smart_routing_lambda.module.repo_ecr_lambda",
      "mode": "managed",
      "type": "aws_ecr_lifecycle_policy",
      "name": "delete",
      "provider": "provider[\"registry.terraform.io/hashicorp/aws\"]",
      "instances": [
        {
          "schema_version": 0,
          "attributes": {
            "id": "dev-logistics-smart-routing",
            "policy": "{\"rules\":[{\"action\":{\"type\":\"expire\"},\"description\":\"Keep only the most recent images\",\"rulePriority\":1,\"selection\":{\"countNumber\":5,\"countType\":\"imageCountMoreThan\",\"tagStatus\":\"any\"}}]}",
            "region": "us-east-1",
            "registry_id": "176343551411",
            "repository": "dev-logistics-smart-routing"
          },
          "sensitive_attributes": [],
          "identity_schema_version": 0,
          "private": "bnVsbA==",
          "dependencies": [
            "module.smart_routing_lambda.module.repo_ecr_lambda.aws_ecr_repository.this"
          ]
        }
      ]
    },
    {
      "module": "module.smart_routing_lambda.module.repo_ecr_lambda",
      "mode": "managed",
      "type": "aws_ecr_repository",
      "name": "this",
      "provider": "provider[\"registry.terraform.io/hashicorp/aws\"]",
      "instances": [
        {
          "schema_version": 0,
          "attributes": {
            "arn": "arn:aws:ecr:us-east-1:176343551411:repository/dev-logistics-smart-routing",
            "encryption_configuration": [
              {
                "encryption_type": "AES256",
                "kms_key": ""
              }
            ],
            "force_delete": null,
            "id": "dev-logistics-smart-routing",
            "image_scanning_configuration": [
              {
                "scan_on_push": true
              }
            ],
            "image_tag_mutability": "MUTABLE",
            "name": "dev-logistics-smart-routing",
            "region": "us-east-1",
            "registry_id": "176343551411",
            "repository_url": "176343551411.dkr.ecr.us-east-1.amazonaws.com/dev-logistics-smart-routing",
            "tags": {
              "Environment": "dev",
              "ManagedBy": "terraform",
              "Project": "logistics"
            },
            "tags_all": {
              "Environment": "dev",
              "ManagedBy": "terraform",
              "Project": "logistics"
            },
            "timeouts": null
          },
          "sensitive_attributes": [],
          "identity_schema_version": 0,
          "private": "eyJlMmJmYjczMC1lY2FhLTExZTYtOGY4OC0zNDM2M2JjN2M0YzAiOnsiZGVsZXRlIjoxMjAwMDAwMDAwMDAwfX0="
        }
      ]
    },
    {
      "module": "module.users_table",
      "mode": "managed",
      "type": "aws_dynamodb_table",
      "name": "this",
      "provider": "provider[\"registry.terraform.io/hashicorp/aws\"]",
      "instances": [
        {
          "schema_version": 1,
          "attributes": {
            "arn": "arn:aws:dynamodb:us-east-1:176343551411:table/dev-logistics-users",
            "attribute": [
              {
                "name": "email",
                "type": "S"
              }
            ],
            "billing_mode": "PAY_PER_REQUEST",
            "deletion_protection_enabled": false,
            "global_secondary_index": [],
            "hash_key": "email",
            "id": "dev-logistics-users",
            "import_table": [],
            "local_secondary_index": [],
            "name": "dev-logistics-users",
            "on_demand_throughput": [],
            "point_in_time_recovery": [
              {
                "enabled": false,
                "recovery_period_in_days": 0
              }
            ],
            "range_key": null,
            "read_capacity": 0,
            "region": "us-east-1",
            "replica": [],
            "restore_date_time": null,
            "restore_source_name": null,
            "restore_source_table_arn": null,
            "restore_to_latest_time": null,
            "server_side_encryption": [],
            "stream_arn": "",
            "stream_enabled": false,
            "stream_label": "",
            "stream_view_type": "",
            "table_class": "STANDARD",
            "tags": {
              "Environment": "dev",
              "ManagedBy": "terraform",
              "Project": "logistics"
            },
            "tags_all": {
              "Environment": "dev",
              "ManagedBy": "terraform",
              "Project": "logistics"
            },
            "timeouts": null,
            "ttl": [
              {
                "attribute_name": "",
                "enabled": false
              }
            ],
            "write_capacity": 0
          },
          "sensitive_attributes": [],
          "identity_schema_version": 0,
          "private": "eyJlMmJmYjczMC1lY2FhLTExZTYtOGY4OC0zNDM2M2JjN2M0YzAiOnsiY3JlYXRlIjoxODAwMDAwMDAwMDAwLCJkZWxldGUiOjYwMDAwMDAwMDAwMCwidXBkYXRlIjozNjAwMDAwMDAwMDAwfSwic2NoZW1hX3ZlcnNpb24iOiIxIn0=",
          "create_before_destroy": true
        }
      ]
    },
    {
      "module": "module.usuarios_lambda",
      "mode": "data",
      "type": "aws_caller_identity",
      "name": "current",
      "provider": "provider[\"registry.terraform.io/hashicorp/aws\"]",
      "instances": [
        {
          "schema_version": 0,
          "attributes": {
            "account_id": "176343551411",
            "arn": "arn:aws:iam::176343551411:user/aws-cli-ari",
            "id": "176343551411",
            "user_id": "AIDASSDXFBWZZNGAC4AYI"
          },
          "sensitive_attributes": [],
          "identity_schema_version": 0
        }
      ]
    },
    {
      "module": "module.usuarios_lambda",
      "mode": "data",
      "type": "aws_iam_policy_document",
      "name": "policy_doc",
      "provider": "provider[\"registry.terraform.io/hashicorp/aws\"]",
      "instances": [
        {
          "schema_version": 0,
          "attributes": {
            "id": "2690255455",
            "json": "{\n  \"Version\": \"2012-10-17\",\n  \"Statement\": [\n    {\n      \"Effect\": \"Allow\",\n      \"Action\": \"sts:AssumeRole\",\n      \"Principal\": {\n        \"Service\": \"lambda.amazonaws.com\"\n      }\n    }\n  ]\n}",
            "minified_json": "{\"Version\":\"2012-10-17\",\"Statement\":[{\"Effect\":\"Allow\",\"Action\":\"sts:AssumeRole\",\"Principal\":{\"Service\":\"lambda.amazonaws.com\"}}]}",
            "override_json": null,
            "override_policy_documents": null,
            "policy_id": null,
            "source_json": null,
            "source_policy_documents": null,
            "statement": [
              {
                "actions": [
                  "sts:AssumeRole"
                ],
                "condition": [],
                "effect": "Allow",
                "not_actions": [],
                "not_principals": [],
                "not_resources": [],
                "principals": [
                  {
                    "identifiers": [
                      "lambda.amazonaws.com"
                    ],
                    "type": "Service"
                  }
                ],
                "resources": [],
                "sid": ""
              }
            ],
            "version": "2012-10-17"
          },
          "sensitive_attributes": [],
          "identity_schema_version": 0
        }
      ]
    },
    {
      "module": "module.usuarios_lambda",
      "mode": "managed",
      "type": "aws_iam_role",
      "name": "lambda_role",
      "provider": "provider[\"registry.terraform.io/hashicorp/aws\"]",
      "instances": [
        {
          "schema_version": 0,
          "attributes": {
            "arn": "arn:aws:iam::176343551411:role/dev_logistics_usuarios_role",
            "assume_role_policy": "{\"Statement\":[{\"Action\":\"sts:AssumeRole\",\"Effect\":\"Allow\",\"Principal\":{\"Service\":\"lambda.amazonaws.com\"}}],\"Version\":\"2012-10-17\"}",
            "create_date": "2025-06-22T02:55:54Z",
            "description": "",
            "force_detach_policies": false,
            "id": "dev_logistics_usuarios_role",
            "inline_policy": [],
            "managed_policy_arns": [
              "arn:aws:iam::aws:policy/AmazonDynamoDBFullAccess",
              "arn:aws:iam::aws:policy/service-role/AWSLambdaBasicExecutionRole"
            ],
            "max_session_duration": 3600,
            "name": "dev_logistics_usuarios_role",
            "name_prefix": "",
            "path": "/",
            "permissions_boundary": "",
            "tags": {
              "Environment": "dev",
              "ManagedBy": "terraform",
              "Project": "logistics"
            },
            "tags_all": {
              "Environment": "dev",
              "ManagedBy": "terraform",
              "Project": "logistics"
            },
            "unique_id": "AROASSDXFBWZYJL7KUOXA"
          },
          "sensitive_attributes": [],
          "identity_schema_version": 0,
          "identity": {
            "account_id": "176343551411",
            "name": "dev_logistics_usuarios_role"
          },
          "private": "bnVsbA==",
          "dependencies": [
            "module.usuarios_lambda.data.aws_iam_policy_document.policy_doc"
          ],
          "create_before_destroy": true
        }
      ]
    },
    {
      "module": "module.usuarios_lambda",
      "mode": "managed",
      "type": "aws_iam_role_policy_attachment",
      "name": "lambda_custom_policy",
      "provider": "provider[\"registry.terraform.io/hashicorp/aws\"]",
      "instances": [
        {
          "index_key": 0,
          "schema_version": 0,
          "attributes": {
            "id": "dev_logistics_usuarios_role-20250622025558714200000014",
            "policy_arn": "arn:aws:iam::aws:policy/AmazonDynamoDBFullAccess",
            "role": "dev_logistics_usuarios_role"
          },
          "sensitive_attributes": [],
          "identity_schema_version": 0,
          "private": "bnVsbA==",
          "dependencies": [
            "module.usuarios_lambda.aws_iam_role.lambda_role",
            "module.usuarios_lambda.data.aws_iam_policy_document.policy_doc"
          ]
        }
      ]
    },
    {
      "module": "module.usuarios_lambda",
      "mode": "managed",
      "type": "aws_iam_role_policy_attachment",
      "name": "policy_cloudwatch",
      "provider": "provider[\"registry.terraform.io/hashicorp/aws\"]",
      "instances": [
        {
          "schema_version": 0,
          "attributes": {
            "id": "dev_logistics_usuarios_role-20250622025558589400000013",
            "policy_arn": "arn:aws:iam::aws:policy/service-role/AWSLambdaBasicExecutionRole",
            "role": "dev_logistics_usuarios_role"
          },
          "sensitive_attributes": [],
          "identity_schema_version": 0,
          "private": "bnVsbA==",
          "dependencies": [
            "module.usuarios_lambda.aws_iam_role.lambda_role",
            "module.usuarios_lambda.data.aws_iam_policy_document.policy_doc"
          ]
        }
      ]
    },
    {
      "module": "module.usuarios_lambda",
      "mode": "managed",
      "type": "aws_lambda_function",
      "name": "lambda",
      "provider": "provider[\"registry.terraform.io/hashicorp/aws\"]",
      "instances": [
        {
          "schema_version": 0,
          "attributes": {
            "architectures": [
              "x86_64"
            ],
            "arn": "arn:aws:lambda:us-east-1:176343551411:function:dev_logistics_usuarios",
            "code_sha256": "1be11fc2de73265e9d9ff1e9f7c42a22fa01b35bebb412f430f73f6e3d4aa56f",
            "code_signing_config_arn": "",
            "dead_letter_config": [],
            "description": "Users management Lambda function",
            "environment": [
              {
                "variables": {
                  "USERS_TABLE": "dev-logistics-users"
                }
              }
            ],
            "ephemeral_storage": [
              {
                "size": 512
              }
            ],
            "file_system_config": [],
            "filename": null,
            "function_name": "dev_logistics_usuarios",
            "handler": "",
            "id": "dev_logistics_usuarios",
            "image_config": [],
            "image_uri": "176343551411.dkr.ecr.us-east-1.amazonaws.com/dev-logistics-usuarios:latest",
            "invoke_arn": "arn:aws:apigateway:us-east-1:lambda:path/2015-03-31/functions/arn:aws:lambda:us-east-1:176343551411:function:dev_logistics_usuarios/invocations",
            "kms_key_arn": "",
            "last_modified": "2025-06-22T02:57:48.000+0000",
            "layers": [],
            "logging_config": [
              {
                "application_log_level": "",
                "log_format": "Text",
                "log_group": "/aws/lambda/dev_logistics_usuarios",
                "system_log_level": ""
              }
            ],
            "memory_size": 512,
            "package_type": "Image",
            "publish": false,
            "qualified_arn": "arn:aws:lambda:us-east-1:176343551411:function:dev_logistics_usuarios:$LATEST",
            "qualified_invoke_arn": "arn:aws:apigateway:us-east-1:lambda:path/2015-03-31/functions/arn:aws:lambda:us-east-1:176343551411:function:dev_logistics_usuarios:$LATEST/invocations",
            "region": "us-east-1",
            "replace_security_groups_on_destroy": null,
            "replacement_security_group_ids": null,
            "reserved_concurrent_executions": -1,
            "role": "arn:aws:iam::176343551411:role/dev_logistics_usuarios_role",
            "runtime": "",
            "s3_bucket": null,
            "s3_key": null,
            "s3_object_version": null,
            "signing_job_arn": "",
            "signing_profile_version_arn": "",
            "skip_destroy": false,
            "snap_start": [],
            "source_code_hash": "",
            "source_code_size": 0,
            "tags": {
              "Environment": "dev",
              "ManagedBy": "terraform",
              "Project": "logistics"
            },
            "tags_all": {
              "Environment": "dev",
              "ManagedBy": "terraform",
              "Project": "logistics"
            },
            "timeout": 30,
            "timeouts": null,
            "tracing_config": [
              {
                "mode": "PassThrough"
              }
            ],
            "version": "$LATEST",
            "vpc_config": []
          },
          "sensitive_attributes": [],
          "identity_schema_version": 0,
          "private": "eyJlMmJmYjczMC1lY2FhLTExZTYtOGY4OC0zNDM2M2JjN2M0YzAiOnsiY3JlYXRlIjo2MDAwMDAwMDAwMDAsImRlbGV0ZSI6NjAwMDAwMDAwMDAwLCJ1cGRhdGUiOjYwMDAwMDAwMDAwMH19",
          "dependencies": [
            "module.users_table.aws_dynamodb_table.this",
            "module.usuarios_lambda.aws_iam_role.lambda_role",
            "module.usuarios_lambda.data.aws_caller_identity.current",
            "module.usuarios_lambda.data.aws_iam_policy_document.policy_doc",
            "module.usuarios_lambda.module.repo_ecr_lambda.aws_ecr_repository.this",
            "module.usuarios_lambda.null_resource.run_script"
          ],
          "create_before_destroy": true
        }
      ]
    },
    {
      "module": "module.usuarios_lambda",
      "mode": "managed",
      "type": "aws_lambda_function_event_invoke_config",
      "name": "retry",
      "provider": "provider[\"registry.terraform.io/hashicorp/aws\"]",
      "instances": [
        {
          "schema_version": 0,
          "attributes": {
            "destination_config": [],
            "function_name": "dev_logistics_usuarios",
            "id": "dev_logistics_usuarios",
            "maximum_event_age_in_seconds": 21600,
            "maximum_retry_attempts": 0,
            "qualifier": "",
            "region": "us-east-1"
          },
          "sensitive_attributes": [],
          "identity_schema_version": 0,
          "private": "bnVsbA==",
          "dependencies": [
            "module.users_table.aws_dynamodb_table.this",
            "module.usuarios_lambda.aws_iam_role.lambda_role",
            "module.usuarios_lambda.aws_lambda_function.lambda",
            "module.usuarios_lambda.data.aws_caller_identity.current",
            "module.usuarios_lambda.data.aws_iam_policy_document.policy_doc",
            "module.usuarios_lambda.module.repo_ecr_lambda.aws_ecr_repository.this",
            "module.usuarios_lambda.null_resource.run_script"
          ]
        }
      ]
    },
    {
      "module": "module.usuarios_lambda",
      "mode": "managed",
      "type": "null_resource",
      "name": "run_script",
      "provider": "provider[\"registry.terraform.io/hashicorp/null\"]",
      "instances": [
        {
          "index_key": "Dockerfile",
          "schema_version": 0,
          "attributes": {
            "id": "7057001452143055934",
            "triggers": {
              "file": "a1971814fbf071101a4eeb38a5108b07cd71fc6fe0d638c6a812dd34106a590f"
            }
          },
          "sensitive_attributes": [],
          "identity_schema_version": 0,
          "dependencies": [
            "module.usuarios_lambda.data.aws_caller_identity.current",
            "module.usuarios_lambda.module.repo_ecr_lambda.aws_ecr_repository.this"
          ],
          "create_before_destroy": true
        },
        {
          "index_key": "lambda_function.py",
          "schema_version": 0,
          "attributes": {
            "id": "4509825461589487517",
            "triggers": {
              "file": "abfe319cd6d6531d4d2fad44a8069256f9c71a9bdec49679ea5c7aa46987ad20"
            }
          },
          "sensitive_attributes": [],
          "identity_schema_version": 0,
          "dependencies": [
            "module.usuarios_lambda.data.aws_caller_identity.current",
            "module.usuarios_lambda.module.repo_ecr_lambda.aws_ecr_repository.this"
          ],
          "create_before_destroy": true
        },
        {
          "index_key": "requirements.txt",
          "schema_version": 0,
          "attributes": {
            "id": "1075236676161080491",
            "triggers": {
              "file": "e9825df1c9c80545f3d69e4a3e076ca87187c0cbc1199bc00e46d1a9e3935d84"
            }
          },
          "sensitive_attributes": [],
          "identity_schema_version": 0,
          "dependencies": [
            "module.usuarios_lambda.data.aws_caller_identity.current",
            "module.usuarios_lambda.module.repo_ecr_lambda.aws_ecr_repository.this"
          ],
          "create_before_destroy": true
        }
      ]
    },
    {
      "module": "module.usuarios_lambda",
      "mode": "managed",
      "type": "null_resource",
      "name": "update",
      "provider": "provider[\"registry.terraform.io/hashicorp/null\"]",
      "instances": [
        {
          "index_key": "Dockerfile",
          "schema_version": 0,
          "attributes": {
            "id": "6465829109736105178",
            "triggers": {
              "file": "a1971814fbf071101a4eeb38a5108b07cd71fc6fe0d638c6a812dd34106a590f"
            }
          },
          "sensitive_attributes": [],
          "identity_schema_version": 0,
          "dependencies": [
            "module.users_table.aws_dynamodb_table.this",
            "module.usuarios_lambda.aws_iam_role.lambda_role",
            "module.usuarios_lambda.aws_lambda_function.lambda",
            "module.usuarios_lambda.data.aws_caller_identity.current",
            "module.usuarios_lambda.data.aws_iam_policy_document.policy_doc",
            "module.usuarios_lambda.module.repo_ecr_lambda.aws_ecr_repository.this",
            "module.usuarios_lambda.null_resource.run_script"
          ]
        },
        {
          "index_key": "lambda_function.py",
          "schema_version": 0,
          "attributes": {
            "id": "4148706146978642101",
            "triggers": {
              "file": "abfe319cd6d6531d4d2fad44a8069256f9c71a9bdec49679ea5c7aa46987ad20"
            }
          },
          "sensitive_attributes": [],
          "identity_schema_version": 0,
          "dependencies": [
            "module.users_table.aws_dynamodb_table.this",
            "module.usuarios_lambda.aws_iam_role.lambda_role",
            "module.usuarios_lambda.aws_lambda_function.lambda",
            "module.usuarios_lambda.data.aws_caller_identity.current",
            "module.usuarios_lambda.data.aws_iam_policy_document.policy_doc",
            "module.usuarios_lambda.module.repo_ecr_lambda.aws_ecr_repository.this",
            "module.usuarios_lambda.null_resource.run_script"
          ]
        },
        {
          "index_key": "requirements.txt",
          "schema_version": 0,
          "attributes": {
            "id": "7544666678419557406",
            "triggers": {
              "file": "e9825df1c9c80545f3d69e4a3e076ca87187c0cbc1199bc00e46d1a9e3935d84"
            }
          },
          "sensitive_attributes": [],
          "identity_schema_version": 0,
          "dependencies": [
            "module.users_table.aws_dynamodb_table.this",
            "module.usuarios_lambda.aws_iam_role.lambda_role",
            "module.usuarios_lambda.aws_lambda_function.lambda",
            "module.usuarios_lambda.data.aws_caller_identity.current",
            "module.usuarios_lambda.data.aws_iam_policy_document.policy_doc",
            "module.usuarios_lambda.module.repo_ecr_lambda.aws_ecr_repository.this",
            "module.usuarios_lambda.null_resource.run_script"
          ]
        }
      ]
    },
    {
      "module": "module.usuarios_lambda.module.repo_ecr_lambda",
      "mode": "data",
      "type": "aws_caller_identity",
      "name": "current",
      "provider": "provider[\"registry.terraform.io/hashicorp/aws\"]",
      "instances": [
        {
          "schema_version": 0,
          "attributes": {
            "account_id": "176343551411",
            "arn": "arn:aws:iam::176343551411:user/aws-cli-ari",
            "id": "176343551411",
            "user_id": "AIDASSDXFBWZZNGAC4AYI"
          },
          "sensitive_attributes": [],
          "identity_schema_version": 0
        }
      ]
    },
    {
      "module": "module.usuarios_lambda.module.repo_ecr_lambda",
      "mode": "managed",
      "type": "aws_ecr_lifecycle_policy",
      "name": "delete",
      "provider": "provider[\"registry.terraform.io/hashicorp/aws\"]",
      "instances": [
        {
          "schema_version": 0,
          "attributes": {
            "id": "dev-logistics-usuarios",
            "policy": "{\"rules\":[{\"action\":{\"type\":\"expire\"},\"description\":\"Keep only the most recent images\",\"rulePriority\":1,\"selection\":{\"countNumber\":5,\"countType\":\"imageCountMoreThan\",\"tagStatus\":\"any\"}}]}",
            "region": "us-east-1",
            "registry_id": "176343551411",
            "repository": "dev-logistics-usuarios"
          },
          "sensitive_attributes": [],
          "identity_schema_version": 0,
          "private": "bnVsbA==",
          "dependencies": [
            "module.usuarios_lambda.module.repo_ecr_lambda.aws_ecr_repository.this"
          ]
        }
      ]
    },
    {
      "module": "module.usuarios_lambda.module.repo_ecr_lambda",
      "mode": "managed",
      "type": "aws_ecr_repository",
      "name": "this",
      "provider": "provider[\"registry.terraform.io/hashicorp/aws\"]",
      "instances": [
        {
          "schema_version": 0,
          "attributes": {
            "arn": "arn:aws:ecr:us-east-1:176343551411:repository/dev-logistics-usuarios",
            "encryption_configuration": [
              {
                "encryption_type": "AES256",
                "kms_key": ""
              }
            ],
            "force_delete": null,
            "id": "dev-logistics-usuarios",
            "image_scanning_configuration": [
              {
                "scan_on_push": true
              }
            ],
            "image_tag_mutability": "MUTABLE",
            "name": "dev-logistics-usuarios",
            "region": "us-east-1",
            "registry_id": "176343551411",
            "repository_url": "176343551411.dkr.ecr.us-east-1.amazonaws.com/dev-logistics-usuarios",
            "tags": {
              "Environment": "dev",
              "ManagedBy": "terraform",
              "Project": "logistics"
            },
            "tags_all": {
              "Environment": "dev",
              "ManagedBy": "terraform",
              "Project": "logistics"
            },
            "timeouts": null
          },
          "sensitive_attributes": [],
          "identity_schema_version": 0,
          "private": "eyJlMmJmYjczMC1lY2FhLTExZTYtOGY4OC0zNDM2M2JjN2M0YzAiOnsiZGVsZXRlIjoxMjAwMDAwMDAwMDAwfX0=",
          "create_before_destroy": true
        }
      ]
    },
    {
      "module": "module.websocket_connections_table",
      "mode": "managed",
      "type": "aws_dynamodb_table",
      "name": "this",
      "provider": "provider[\"registry.terraform.io/hashicorp/aws\"]",
      "instances": [
        {
          "schema_version": 1,
          "attributes": {
            "arn": "arn:aws:dynamodb:us-east-1:176343551411:table/dev-logistics-websocket-connections",
            "attribute": [
              {
                "name": "connectionId",
                "type": "S"
              }
            ],
            "billing_mode": "PAY_PER_REQUEST",
            "deletion_protection_enabled": false,
            "global_secondary_index": [],
            "hash_key": "connectionId",
            "id": "dev-logistics-websocket-connections",
            "import_table": [],
            "local_secondary_index": [],
            "name": "dev-logistics-websocket-connections",
            "on_demand_throughput": [],
            "point_in_time_recovery": [
              {
                "enabled": false,
                "recovery_period_in_days": 0
              }
            ],
            "range_key": null,
            "read_capacity": 0,
            "region": "us-east-1",
            "replica": [],
            "restore_date_time": null,
            "restore_source_name": null,
            "restore_source_table_arn": null,
            "restore_to_latest_time": null,
            "server_side_encryption": [],
            "stream_arn": "",
            "stream_enabled": false,
            "stream_label": "",
            "stream_view_type": "",
            "table_class": "STANDARD",
            "tags": {
              "Environment": "dev",
              "ManagedBy": "terraform",
              "Project": "logistics"
            },
            "tags_all": {
              "Environment": "dev",
              "ManagedBy": "terraform",
              "Project": "logistics"
            },
            "timeouts": null,
            "ttl": [
              {
                "attribute_name": "",
                "enabled": false
              }
            ],
            "write_capacity": 0
          },
          "sensitive_attributes": [],
          "identity_schema_version": 0,
          "private": "eyJlMmJmYjczMC1lY2FhLTExZTYtOGY4OC0zNDM2M2JjN2M0YzAiOnsiY3JlYXRlIjoxODAwMDAwMDAwMDAwLCJkZWxldGUiOjYwMDAwMDAwMDAwMCwidXBkYXRlIjozNjAwMDAwMDAwMDAwfSwic2NoZW1hX3ZlcnNpb24iOiIxIn0=",
          "create_before_destroy": true
        }
      ]
    },
    {
      "module": "module.websocket_lambda",
      "mode": "data",
      "type": "aws_caller_identity",
      "name": "current",
      "provider": "provider[\"registry.terraform.io/hashicorp/aws\"]",
      "instances": [
        {
          "schema_version": 0,
          "attributes": {
            "account_id": "176343551411",
            "arn": "arn:aws:iam::176343551411:user/aws-cli-ari",
            "id": "176343551411",
            "user_id": "AIDASSDXFBWZZNGAC4AYI"
          },
          "sensitive_attributes": [],
          "identity_schema_version": 0
        }
      ]
    },
    {
      "module": "module.websocket_lambda",
      "mode": "data",
      "type": "aws_iam_policy_document",
      "name": "policy_doc",
      "provider": "provider[\"registry.terraform.io/hashicorp/aws\"]",
      "instances": [
        {
          "schema_version": 0,
          "attributes": {
            "id": "2690255455",
            "json": "{\n  \"Version\": \"2012-10-17\",\n  \"Statement\": [\n    {\n      \"Effect\": \"Allow\",\n      \"Action\": \"sts:AssumeRole\",\n      \"Principal\": {\n        \"Service\": \"lambda.amazonaws.com\"\n      }\n    }\n  ]\n}",
            "minified_json": "{\"Version\":\"2012-10-17\",\"Statement\":[{\"Effect\":\"Allow\",\"Action\":\"sts:AssumeRole\",\"Principal\":{\"Service\":\"lambda.amazonaws.com\"}}]}",
            "override_json": null,
            "override_policy_documents": null,
            "policy_id": null,
            "source_json": null,
            "source_policy_documents": null,
            "statement": [
              {
                "actions": [
                  "sts:AssumeRole"
                ],
                "condition": [],
                "effect": "Allow",
                "not_actions": [],
                "not_principals": [],
                "not_resources": [],
                "principals": [
                  {
                    "identifiers": [
                      "lambda.amazonaws.com"
                    ],
                    "type": "Service"
                  }
                ],
                "resources": [],
                "sid": ""
              }
            ],
            "version": "2012-10-17"
          },
          "sensitive_attributes": [],
          "identity_schema_version": 0
        }
      ]
    },
    {
      "module": "module.websocket_lambda",
      "mode": "managed",
      "type": "aws_iam_role",
      "name": "lambda_role",
      "provider": "provider[\"registry.terraform.io/hashicorp/aws\"]",
      "instances": [
        {
          "schema_version": 0,
          "attributes": {
            "arn": "arn:aws:iam::176343551411:role/dev_logistics_websocket_role",
            "assume_role_policy": "{\"Statement\":[{\"Action\":\"sts:AssumeRole\",\"Effect\":\"Allow\",\"Principal\":{\"Service\":\"lambda.amazonaws.com\"}}],\"Version\":\"2012-10-17\"}",
            "create_date": "2025-06-22T02:55:52Z",
            "description": "",
            "force_detach_policies": false,
            "id": "dev_logistics_websocket_role",
            "inline_policy": [],
            "managed_policy_arns": [
              "arn:aws:iam::aws:policy/AmazonAPIGatewayInvokeFullAccess",
              "arn:aws:iam::aws:policy/AmazonDynamoDBFullAccess",
              "arn:aws:iam::aws:policy/service-role/AWSLambdaBasicExecutionRole"
            ],
            "max_session_duration": 3600,
            "name": "dev_logistics_websocket_role",
            "name_prefix": "",
            "path": "/",
            "permissions_boundary": "",
            "tags": {
              "Environment": "dev",
              "ManagedBy": "terraform",
              "Project": "logistics"
            },
            "tags_all": {
              "Environment": "dev",
              "ManagedBy": "terraform",
              "Project": "logistics"
            },
            "unique_id": "AROASSDXFBWZQ7S4Z32FD"
          },
          "sensitive_attributes": [],
          "identity_schema_version": 0,
          "identity": {
            "account_id": "176343551411",
            "name": "dev_logistics_websocket_role"
          },
          "private": "bnVsbA==",
          "dependencies": [
            "module.websocket_lambda.data.aws_iam_policy_document.policy_doc"
          ],
          "create_before_destroy": true
        }
      ]
    },
    {
      "module": "module.websocket_lambda",
      "mode": "managed",
      "type": "aws_iam_role_policy_attachment",
      "name": "lambda_custom_policy",
      "provider": "provider[\"registry.terraform.io/hashicorp/aws\"]",
      "instances": [
        {
          "index_key": 0,
          "schema_version": 0,
          "attributes": {
            "id": "dev_logistics_websocket_role-20250622025556353700000006",
            "policy_arn": "arn:aws:iam::aws:policy/AmazonDynamoDBFullAccess",
            "role": "dev_logistics_websocket_role"
          },
          "sensitive_attributes": [],
          "identity_schema_version": 0,
          "private": "bnVsbA==",
          "dependencies": [
            "module.websocket_lambda.aws_iam_role.lambda_role",
            "module.websocket_lambda.data.aws_iam_policy_document.policy_doc"
          ]
        },
        {
          "index_key": 1,
          "schema_version": 0,
          "attributes": {
            "id": "dev_logistics_websocket_role-20250622025556497200000007",
            "policy_arn": "arn:aws:iam::aws:policy/AmazonAPIGatewayInvokeFullAccess",
            "role": "dev_logistics_websocket_role"
          },
          "sensitive_attributes": [],
          "identity_schema_version": 0,
          "private": "bnVsbA==",
          "dependencies": [
            "module.websocket_lambda.aws_iam_role.lambda_role",
            "module.websocket_lambda.data.aws_iam_policy_document.policy_doc"
          ]
        }
      ]
    },
    {
      "module": "module.websocket_lambda",
      "mode": "managed",
      "type": "aws_iam_role_policy_attachment",
      "name": "policy_cloudwatch",
      "provider": "provider[\"registry.terraform.io/hashicorp/aws\"]",
      "instances": [
        {
          "schema_version": 0,
          "attributes": {
            "id": "dev_logistics_websocket_role-20250622025556208900000005",
            "policy_arn": "arn:aws:iam::aws:policy/service-role/AWSLambdaBasicExecutionRole",
            "role": "dev_logistics_websocket_role"
          },
          "sensitive_attributes": [],
          "identity_schema_version": 0,
          "private": "bnVsbA==",
          "dependencies": [
            "module.websocket_lambda.aws_iam_role.lambda_role",
            "module.websocket_lambda.data.aws_iam_policy_document.policy_doc"
          ]
        }
      ]
    },
    {
      "module": "module.websocket_lambda",
      "mode": "managed",
      "type": "aws_lambda_function",
      "name": "lambda",
      "provider": "provider[\"registry.terraform.io/hashicorp/aws\"]",
      "instances": [
        {
          "schema_version": 0,
          "attributes": {
            "architectures": [
              "x86_64"
            ],
            "arn": "arn:aws:lambda:us-east-1:176343551411:function:dev_logistics_websocket",
            "code_sha256": "963857d232ded917ef4fd7df48587e34ed7fe22a9d60d5a80438cbd701950f49",
            "code_signing_config_arn": "",
            "dead_letter_config": [],
            "description": "WebSocket Lambda function for real-time notifications",
            "environment": [
              {
                "variables": {
                  "CONNECTIONS_TABLE": "dev-logistics-websocket-connections",
                  "JWT_SECRET": "your-jwt-secret-key",
                  "WEBSOCKET_API_ENDPOINT": "https://0qbhkr4ayj.execute-api.us-east-1.amazonaws.com/prod"
                }
              }
            ],
            "ephemeral_storage": [
              {
                "size": 512
              }
            ],
            "file_system_config": [],
            "filename": null,
            "function_name": "dev_logistics_websocket",
            "handler": "",
            "id": "dev_logistics_websocket",
            "image_config": [],
            "image_uri": "176343551411.dkr.ecr.us-east-1.amazonaws.com/dev-logistics-websocket:latest",
            "invoke_arn": "arn:aws:apigateway:us-east-1:lambda:path/2015-03-31/functions/arn:aws:lambda:us-east-1:176343551411:function:dev_logistics_websocket/invocations",
            "kms_key_arn": "",
            "last_modified": "2025-06-22T02:57:47.000+0000",
            "layers": [],
            "logging_config": [
              {
                "application_log_level": "",
                "log_format": "Text",
                "log_group": "/aws/lambda/dev_logistics_websocket",
                "system_log_level": ""
              }
            ],
            "memory_size": 512,
            "package_type": "Image",
            "publish": false,
            "qualified_arn": "arn:aws:lambda:us-east-1:176343551411:function:dev_logistics_websocket:$LATEST",
            "qualified_invoke_arn": "arn:aws:apigateway:us-east-1:lambda:path/2015-03-31/functions/arn:aws:lambda:us-east-1:176343551411:function:dev_logistics_websocket:$LATEST/invocations",
            "region": "us-east-1",
            "replace_security_groups_on_destroy": null,
            "replacement_security_group_ids": null,
            "reserved_concurrent_executions": -1,
            "role": "arn:aws:iam::176343551411:role/dev_logistics_websocket_role",
            "runtime": "",
            "s3_bucket": null,
            "s3_key": null,
            "s3_object_version": null,
            "signing_job_arn": "",
            "signing_profile_version_arn": "",
            "skip_destroy": false,
            "snap_start": [],
            "source_code_hash": "",
            "source_code_size": 0,
            "tags": {
              "Environment": "dev",
              "ManagedBy": "terraform",
              "Project": "logistics"
            },
            "tags_all": {
              "Environment": "dev",
              "ManagedBy": "terraform",
              "Project": "logistics"
            },
            "timeout": 30,
            "timeouts": null,
            "tracing_config": [
              {
                "mode": "PassThrough"
              }
            ],
            "version": "$LATEST",
            "vpc_config": []
          },
          "sensitive_attributes": [],
          "identity_schema_version": 0,
          "private": "eyJlMmJmYjczMC1lY2FhLTExZTYtOGY4OC0zNDM2M2JjN2M0YzAiOnsiY3JlYXRlIjo2MDAwMDAwMDAwMDAsImRlbGV0ZSI6NjAwMDAwMDAwMDAwLCJ1cGRhdGUiOjYwMDAwMDAwMDAwMH19",
          "dependencies": [
            "aws_apigatewayv2_api.websocket_api",
            "module.websocket_connections_table.aws_dynamodb_table.this",
            "module.websocket_lambda.aws_iam_role.lambda_role",
            "module.websocket_lambda.data.aws_caller_identity.current",
            "module.websocket_lambda.data.aws_iam_policy_document.policy_doc",
            "module.websocket_lambda.module.repo_ecr_lambda.aws_ecr_repository.this",
            "module.websocket_lambda.null_resource.run_script"
          ],
          "create_before_destroy": true
        }
      ]
    },
    {
      "module": "module.websocket_lambda",
      "mode": "managed",
      "type": "aws_lambda_function_event_invoke_config",
      "name": "retry",
      "provider": "provider[\"registry.terraform.io/hashicorp/aws\"]",
      "instances": [
        {
          "schema_version": 0,
          "attributes": {
            "destination_config": [],
            "function_name": "dev_logistics_websocket",
            "id": "dev_logistics_websocket",
            "maximum_event_age_in_seconds": 21600,
            "maximum_retry_attempts": 0,
            "qualifier": "",
            "region": "us-east-1"
          },
          "sensitive_attributes": [],
          "identity_schema_version": 0,
          "private": "bnVsbA==",
          "dependencies": [
            "aws_apigatewayv2_api.websocket_api",
            "module.websocket_connections_table.aws_dynamodb_table.this",
            "module.websocket_lambda.aws_iam_role.lambda_role",
            "module.websocket_lambda.aws_lambda_function.lambda",
            "module.websocket_lambda.data.aws_caller_identity.current",
            "module.websocket_lambda.data.aws_iam_policy_document.policy_doc",
            "module.websocket_lambda.module.repo_ecr_lambda.aws_ecr_repository.this",
            "module.websocket_lambda.null_resource.run_script"
          ]
        }
      ]
    },
    {
      "module": "module.websocket_lambda",
      "mode": "managed",
      "type": "null_resource",
      "name": "run_script",
      "provider": "provider[\"registry.terraform.io/hashicorp/null\"]",
      "instances": [
        {
          "index_key": "Dockerfile",
          "schema_version": 0,
          "attributes": {
            "id": "5501069265407780148",
            "triggers": {
              "file": "dd129ebd68d5ac159008512edc1c03f9fb2c58005677b6e11eceba18a37ae51f"
            }
          },
          "sensitive_attributes": [],
          "identity_schema_version": 0,
          "dependencies": [
            "module.websocket_lambda.data.aws_caller_identity.current",
            "module.websocket_lambda.module.repo_ecr_lambda.aws_ecr_repository.this"
          ],
          "create_before_destroy": true
        },
        {
          "index_key": "lambda_function.py",
          "schema_version": 0,
          "attributes": {
            "id": "2121441257094858591",
            "triggers": {
              "file": "ede372f7defde51e0fc1cdf3619eeb104174327395a0b2331fac10c79d510a9f"
            }
          },
          "sensitive_attributes": [],
          "identity_schema_version": 0,
          "dependencies": [
            "module.websocket_lambda.data.aws_caller_identity.current",
            "module.websocket_lambda.module.repo_ecr_lambda.aws_ecr_repository.this"
          ],
          "create_before_destroy": true
        },
        {
          "index_key": "requirements.txt",
          "schema_version": 0,
          "attributes": {
            "id": "1620983205722951546",
            "triggers": {
              "file": "bdc6e8c6e40edae06cc1cc7c974fade4e50fb774276ce608e213acf01cab2634"
            }
          },
          "sensitive_attributes": [],
          "identity_schema_version": 0,
          "dependencies": [
            "module.websocket_lambda.data.aws_caller_identity.current",
            "module.websocket_lambda.module.repo_ecr_lambda.aws_ecr_repository.this"
          ],
          "create_before_destroy": true
        }
      ]
    },
    {
      "module": "module.websocket_lambda",
      "mode": "managed",
      "type": "null_resource",
      "name": "update",
      "provider": "provider[\"registry.terraform.io/hashicorp/null\"]",
      "instances": [
        {
          "index_key": "Dockerfile",
          "schema_version": 0,
          "attributes": {
            "id": "3586588615648558798",
            "triggers": {
              "file": "dd129ebd68d5ac159008512edc1c03f9fb2c58005677b6e11eceba18a37ae51f"
            }
          },
          "sensitive_attributes": [],
          "identity_schema_version": 0,
          "dependencies": [
            "aws_apigatewayv2_api.websocket_api",
            "module.websocket_connections_table.aws_dynamodb_table.this",
            "module.websocket_lambda.aws_iam_role.lambda_role",
            "module.websocket_lambda.aws_lambda_function.lambda",
            "module.websocket_lambda.data.aws_caller_identity.current",
            "module.websocket_lambda.data.aws_iam_policy_document.policy_doc",
            "module.websocket_lambda.module.repo_ecr_lambda.aws_ecr_repository.this",
            "module.websocket_lambda.null_resource.run_script"
          ]
        },
        {
          "index_key": "lambda_function.py",
          "schema_version": 0,
          "attributes": {
            "id": "3107978308170972832",
            "triggers": {
              "file": "ede372f7defde51e0fc1cdf3619eeb104174327395a0b2331fac10c79d510a9f"
            }
          },
          "sensitive_attributes": [],
          "identity_schema_version": 0,
          "dependencies": [
            "aws_apigatewayv2_api.websocket_api",
            "module.websocket_connections_table.aws_dynamodb_table.this",
            "module.websocket_lambda.aws_iam_role.lambda_role",
            "module.websocket_lambda.aws_lambda_function.lambda",
            "module.websocket_lambda.data.aws_caller_identity.current",
            "module.websocket_lambda.data.aws_iam_policy_document.policy_doc",
            "module.websocket_lambda.module.repo_ecr_lambda.aws_ecr_repository.this",
            "module.websocket_lambda.null_resource.run_script"
          ]
        },
        {
          "index_key": "requirements.txt",
          "schema_version": 0,
          "attributes": {
            "id": "1236476010425470811",
            "triggers": {
              "file": "bdc6e8c6e40edae06cc1cc7c974fade4e50fb774276ce608e213acf01cab2634"
            }
          },
          "sensitive_attributes": [],
          "identity_schema_version": 0,
          "dependencies": [
            "aws_apigatewayv2_api.websocket_api",
            "module.websocket_connections_table.aws_dynamodb_table.this",
            "module.websocket_lambda.aws_iam_role.lambda_role",
            "module.websocket_lambda.aws_lambda_function.lambda",
            "module.websocket_lambda.data.aws_caller_identity.current",
            "module.websocket_lambda.data.aws_iam_policy_document.policy_doc",
            "module.websocket_lambda.module.repo_ecr_lambda.aws_ecr_repository.this",
            "module.websocket_lambda.null_resource.run_script"
          ]
        }
      ]
    },
    {
      "module": "module.websocket_lambda.module.repo_ecr_lambda",
      "mode": "data",
      "type": "aws_caller_identity",
      "name": "current",
      "provider": "provider[\"registry.terraform.io/hashicorp/aws\"]",
      "instances": [
        {
          "schema_version": 0,
          "attributes": {
            "account_id": "176343551411",
            "arn": "arn:aws:iam::176343551411:user/aws-cli-ari",
            "id": "176343551411",
            "user_id": "AIDASSDXFBWZZNGAC4AYI"
          },
          "sensitive_attributes": [],
          "identity_schema_version": 0
        }
      ]
    },
    {
      "module": "module.websocket_lambda.module.repo_ecr_lambda",
      "mode": "managed",
      "type": "aws_ecr_lifecycle_policy",
      "name": "delete",
      "provider": "provider[\"registry.terraform.io/hashicorp/aws\"]",
      "instances": [
        {
          "schema_version": 0,
          "attributes": {
            "id": "dev-logistics-websocket",
            "policy": "{\"rules\":[{\"action\":{\"type\":\"expire\"},\"description\":\"Keep only the most recent images\",\"rulePriority\":1,\"selection\":{\"countNumber\":5,\"countType\":\"imageCountMoreThan\",\"tagStatus\":\"any\"}}]}",
            "region": "us-east-1",
            "registry_id": "176343551411",
            "repository": "dev-logistics-websocket"
          },
          "sensitive_attributes": [],
          "identity_schema_version": 0,
          "private": "bnVsbA==",
          "dependencies": [
            "module.websocket_lambda.module.repo_ecr_lambda.aws_ecr_repository.this"
          ]
        }
      ]
    },
    {
      "module": "module.websocket_lambda.module.repo_ecr_lambda",
      "mode": "managed",
      "type": "aws_ecr_repository",
      "name": "this",
      "provider": "provider[\"registry.terraform.io/hashicorp/aws\"]",
      "instances": [
        {
          "schema_version": 0,
          "attributes": {
            "arn": "arn:aws:ecr:us-east-1:176343551411:repository/dev-logistics-websocket",
            "encryption_configuration": [
              {
                "encryption_type": "AES256",
                "kms_key": ""
              }
            ],
            "force_delete": null,
            "id": "dev-logistics-websocket",
            "image_scanning_configuration": [
              {
                "scan_on_push": true
              }
            ],
            "image_tag_mutability": "MUTABLE",
            "name": "dev-logistics-websocket",
            "region": "us-east-1",
            "registry_id": "176343551411",
            "repository_url": "176343551411.dkr.ecr.us-east-1.amazonaws.com/dev-logistics-websocket",
            "tags": {
              "Environment": "dev",
              "ManagedBy": "terraform",
              "Project": "logistics"
            },
            "tags_all": {
              "Environment": "dev",
              "ManagedBy": "terraform",
              "Project": "logistics"
            },
            "timeouts": null
          },
          "sensitive_attributes": [],
          "identity_schema_version": 0,
          "private": "eyJlMmJmYjczMC1lY2FhLTExZTYtOGY4OC0zNDM2M2JjN2M0YzAiOnsiZGVsZXRlIjoxMjAwMDAwMDAwMDAwfX0=",
          "create_before_destroy": true
        }
      ]
    }
  ],
  "check_results": [
    {
      "object_kind": "var",
      "config_addr": "module.pedidos_table.var.sort_key_type",
      "status": "pass",
      "objects": [
        {
          "object_addr": "module.pedidos_table.var.sort_key_type",
          "status": "pass"
        }
      ]
    },
    {
      "object_kind": "var",
      "config_addr": "module.users_table.var.sort_key_type",
      "status": "pass",
      "objects": [
        {
          "object_addr": "module.users_table.var.sort_key_type",
          "status": "pass"
        }
      ]
    },
    {
      "object_kind": "var",
      "config_addr": "module.api_gateway.var.routes",
      "status": "pass",
      "objects": [
        {
          "object_addr": "module.api_gateway.var.routes",
          "status": "pass"
        }
      ]
    },
    {
      "object_kind": "var",
      "config_addr": "module.api_gateway.var.api_type",
      "status": "pass",
      "objects": [
        {
          "object_addr": "module.api_gateway.var.api_type",
          "status": "pass"
        }
      ]
    },
    {
      "object_kind": "var",
      "config_addr": "module.locations_table.var.sort_key_type",
      "status": "pass",
      "objects": [
        {
          "object_addr": "module.locations_table.var.sort_key_type",
          "status": "pass"
        }
      ]
    },
    {
      "object_kind": "var",
      "config_addr": "module.notifications_table.var.sort_key_type",
      "status": "pass",
      "objects": [
        {
          "object_addr": "module.notifications_table.var.sort_key_type",
          "status": "pass"
        }
      ]
    },
    {
      "object_kind": "var",
      "config_addr": "module.pedido_ofertas_table.var.sort_key_type",
      "status": "unknown",
      "objects": null
    },
    {
      "object_kind": "var",
      "config_addr": "module.websocket_connections_table.var.sort_key_type",
      "status": "pass",
      "objects": [
        {
          "object_addr": "module.websocket_connections_table.var.sort_key_type",
          "status": "pass"
        }
      ]
    }
  ]
}
