{
  "version": 4,
  "terraform_version": "1.12.1",
  "serial": 122,
  "lineage": "2770caf5-d0e2-2cb0-4695-7de14190d391",
  "outputs": {
    "campanhas_api_endpoint": {
      "value": "POST https://ceqvslj8df.execute-api.us-east-1.amazonaws.com/prod/campanhas/trigger",
      "type": "string"
    },
    "campanhas_metricas_table": {
      "value": "campanhas-metricas",
      "type": "string"
    },
    "csv_template_path": {
      "value": "./emails_teste.csv",
      "type": "string"
    },
    "cupons_api_endpoints": {
      "value": {
        "buscar_cupom": "GET https://ceqvslj8df.execute-api.us-east-1.amazonaws.com/prod/cupons/{id}",
        "listar_cupons": "GET https://ceqvslj8df.execute-api.us-east-1.amazonaws.com/prod/cupons"
      },
      "type": [
        "object",
        {
          "buscar_cupom": "string",
          "listar_cupons": "string"
        }
      ]
    },
    "cupons_api_url": {
      "value": "arn:aws:execute-api:us-east-1:176343551411:ceqvslj8df/prod",
      "type": "string"
    },
    "dynamodb_table_name": {
      "value": "cupons",
      "type": "string"
    },
    "email_setup_instructions": {
      "value": "Para configurar emails de teste:\r\n    \r\n1. Editar arquivo CSV: ./emails_teste.csv\r\n2. Verificar emails: ./setup_emails.sh emails_teste.csv --verify-only\r\n3. Atualizar sistema: ./setup_emails.sh emails_teste.csv --terraform-update\r\n4. Enviar teste: ./setup_emails.sh emails_teste.csv --send-test\r\n    \r\nConsulte README_EMAILS.md para mais detalhes.\r\n",
      "type": "string"
    },
    "lambda_function_arn": {
      "value": "arn:aws:lambda:us-east-1:176343551411:function:email-send",
      "type": "string"
    },
    "postman_collection_path": {
      "value": "./cupons-api-postman-collection.json",
      "type": "string"
    },
    "ses_email_identity_arns": {
      "value": [
        "arn:aws:ses:us-east-1:176343551411:identity/1457902@sga.pucminas.br",
        "arn:aws:ses:us-east-1:176343551411:identity/arihenriquedev@hotmail.com",
        "arn:aws:ses:us-east-1:176343551411:identity/g2002souzajardim@gmail.com",
        "arn:aws:ses:us-east-1:176343551411:identity/g2002souzajardimaugusto@gmail.com",
        "arn:aws:ses:us-east-1:176343551411:identity/icsbarbosa@sga.pucminas.br"
      ],
      "type": [
        "tuple",
        [
          "string",
          "string",
          "string",
          "string",
          "string"
        ]
      ]
    },
    "setup_script_path": {
      "value": "./setup_emails.sh",
      "type": "string"
    },
    "sqs_queue_arn": {
      "value": "arn:aws:sqs:us-east-1:176343551411:email-notifications",
      "type": "string"
    },
    "sqs_queue_url": {
      "value": "https://sqs.us-east-1.amazonaws.com/176343551411/email-notifications",
      "type": "string"
    },
    "sqs_queues": {
      "value": {
        "geral": "https://sqs.us-east-1.amazonaws.com/176343551411/email-notifications-geral",
        "main": "https://sqs.us-east-1.amazonaws.com/176343551411/email-notifications",
        "premium": "https://sqs.us-east-1.amazonaws.com/176343551411/email-notifications-premium",
        "regiao_sul": "https://sqs.us-east-1.amazonaws.com/176343551411/email-notifications-regiao-sul"
      },
      "type": [
        "object",
        {
          "geral": "string",
          "main": "string",
          "premium": "string",
          "regiao_sul": "string"
        }
      ]
    },
    "verified_sender_emails": {
      "value": [
        "1457902@sga.pucminas.br",
        "arihenriquedev@hotmail.com",
        "g2002souzajardim@gmail.com",
        "g2002souzajardimaugusto@gmail.com",
        "icsbarbosa@sga.pucminas.br"
      ],
      "type": [
        "tuple",
        [
          "string",
          "string",
          "string",
          "string",
          "string"
        ]
      ]
    }
  },
  "resources": [
    {
      "mode": "data",
      "type": "archive_file",
      "name": "campanhas_zip",
      "provider": "provider[\"registry.terraform.io/hashicorp/archive\"]",
      "instances": [
        {
          "schema_version": 0,
          "attributes": {
            "exclude_symlink_directories": null,
            "excludes": null,
            "id": "fb51caa4d17d261a01550783699ac37d47e0fd9c",
            "output_base64sha256": "9Ivupe+hAGOmnwT9jHz8Oy5I5dmVgIWsg+z8QDTuNY4=",
            "output_base64sha512": "LmiyJv4khGy0Ow+Ja3tP8tiKgKzbbwT+MbCV6FPwOo//4+gRjn0FzPQ0uSvnBPMpRWUCRXUmTkZ0vQ7WtaUGHA==",
            "output_file_mode": null,
            "output_md5": "eb085fcc8e6d961af57e1c62abe8a6d7",
            "output_path": "campanhas.zip",
            "output_sha": "fb51caa4d17d261a01550783699ac37d47e0fd9c",
            "output_sha256": "f48beea5efa10063a69f04fd8c7cfc3b2e48e5d9958085ac83ecfc4034ee358e",
            "output_sha512": "2e68b226fe24846cb43b0f896b7b4ff2d88a80acdb6f04fe31b095e853f03a8fffe3e8118e7d05ccf434b92be704f3294565024575264e4674bd0ed6b5a5061c",
            "output_size": 3748,
            "source": [],
            "source_content": null,
            "source_content_filename": null,
            "source_dir": null,
            "source_file": "../lambda/campanhas/lambda_function.py",
            "type": "zip"
          },
          "sensitive_attributes": [],
          "identity_schema_version": 0
        }
      ]
    },
    {
      "mode": "data",
      "type": "archive_file",
      "name": "cupons_zip",
      "provider": "provider[\"registry.terraform.io/hashicorp/archive\"]",
      "instances": [
        {
          "schema_version": 0,
          "attributes": {
            "exclude_symlink_directories": null,
            "excludes": null,
            "id": "44e9100dd51de4dc3928a332dad6f48b5a334b0a",
            "output_base64sha256": "v3mmRDLiMAZqFmBlJVP6XK1I8QsHZ/iklf0/V5kuS14=",
            "output_base64sha512": "UbqE57w0xdrRfUTLE3nsvYJxF1eOJw34CevWSvATkpVbHuZeaBVods0xyWkmx72vtNVHJ+FZem52Z2ha6hgQzg==",
            "output_file_mode": null,
            "output_md5": "c00c34e4bea13e392ee4d275aee848be",
            "output_path": "cupons.zip",
            "output_sha": "44e9100dd51de4dc3928a332dad6f48b5a334b0a",
            "output_sha256": "bf79a64432e230066a1660652553fa5cad48f10b0767f8a495fd3f57992e4b5e",
            "output_sha512": "51ba84e7bc34c5dad17d44cb1379ecbd827117578e270df809ebd64af01392955b1ee65e68156876cd31c96926c7bdafb4d54727e1597a6e7667685aea1810ce",
            "output_size": 2860,
            "source": [],
            "source_content": null,
            "source_content_filename": null,
            "source_dir": null,
            "source_file": "../lambda/cupons/lambda_function.py",
            "type": "zip"
          },
          "sensitive_attributes": [],
          "identity_schema_version": 0
        }
      ]
    },
    {
      "mode": "data",
      "type": "archive_file",
      "name": "email_zip",
      "provider": "provider[\"registry.terraform.io/hashicorp/archive\"]",
      "instances": [
        {
          "schema_version": 0,
          "attributes": {
            "exclude_symlink_directories": null,
            "excludes": null,
            "id": "040138354b2acac6fc1deb1ff3e9f449d3dafb19",
            "output_base64sha256": "t+byhIr6q4r7nHfaOR35lIM5ZarHt+z6r1bOijgfA1Y=",
            "output_base64sha512": "OU2H7CxLNrJChvAFYMalzVs9szToOepS5DxnftURLFGH9uZxH+Kx9o2Ksoy0NN5B/+1pvQmkHTRjjD2e9c04zA==",
            "output_file_mode": null,
            "output_md5": "67e098d80ce663201b5968967811f781",
            "output_path": "email_processor.zip",
            "output_sha": "040138354b2acac6fc1deb1ff3e9f449d3dafb19",
            "output_sha256": "b7e6f2848afaab8afb9c77da391df994833965aac7b7ecfaaf56ce8a381f0356",
            "output_sha512": "394d87ec2c4b36b24286f00560c6a5cd5b3db334e839ea52e43c677ed5112c5187f6e6711fe2b1f68d8ab28cb434de41ffed69bd09a41d34638c3d9ef5cd38cc",
            "output_size": 2720,
            "source": [],
            "source_content": null,
            "source_content_filename": null,
            "source_dir": null,
            "source_file": "../lambda/email_processor/lambda_function.py",
            "type": "zip"
          },
          "sensitive_attributes": [],
          "identity_schema_version": 0
        }
      ]
    },
    {
      "mode": "managed",
      "type": "aws_api_gateway_deployment",
      "name": "cupons_api_deployment",
      "provider": "provider[\"registry.terraform.io/hashicorp/aws\"]",
      "instances": [
        {
          "schema_version": 0,
          "attributes": {
            "canary_settings": [],
            "created_date": "2025-06-24T04:08:25Z",
            "description": "",
            "execution_arn": "arn:aws:execute-api:us-east-1:176343551411:ceqvslj8df/prod",
            "id": "osbwzh",
            "invoke_url": "https://ceqvslj8df.execute-api.us-east-1.amazonaws.com/prod",
            "rest_api_id": "ceqvslj8df",
            "stage_description": null,
            "stage_name": "prod",
            "triggers": {
              "redeployment": "381411f43682807934168eb7b83208f0a812c9ac"
            },
            "variables": null
          },
          "sensitive_attributes": [],
          "identity_schema_version": 0,
          "private": "bnVsbA==",
          "dependencies": [
            "aws_api_gateway_integration.get_cupom_integration",
            "aws_api_gateway_integration.list_cupons_integration",
            "aws_api_gateway_integration.trigger_campanha_integration",
            "aws_api_gateway_method.get_cupom",
            "aws_api_gateway_method.list_cupons",
            "aws_api_gateway_method.trigger_campanha",
            "aws_api_gateway_resource.campanhas",
            "aws_api_gateway_resource.campanhas_trigger",
            "aws_api_gateway_resource.cupom_by_id",
            "aws_api_gateway_resource.cupons",
            "aws_api_gateway_rest_api.cupons_api",
            "aws_cloudwatch_log_group.campanhas_lambda_logs",
            "aws_cloudwatch_log_group.cupons_lambda_logs",
            "aws_dynamodb_table.campanhas_metricas",
            "aws_dynamodb_table.cupons",
            "aws_iam_role.campanhas_lambda_role",
            "aws_iam_role.cupons_lambda_role",
            "aws_iam_role_policy.campanhas_lambda_policy",
            "aws_iam_role_policy.cupons_lambda_policy",
            "aws_lambda_function.campanhas_processor",
            "aws_lambda_function.cupons_api",
            "aws_sqs_queue.email_geral",
            "aws_sqs_queue.email_geral_dlq",
            "aws_sqs_queue.email_notifications",
            "aws_sqs_queue.email_notifications_dlq",
            "aws_sqs_queue.email_premium",
            "aws_sqs_queue.email_premium_dlq",
            "aws_sqs_queue.email_regiao_sul",
            "aws_sqs_queue.email_regiao_sul_dlq",
            "data.archive_file.campanhas_zip",
            "data.archive_file.cupons_zip"
          ],
          "create_before_destroy": true
        }
      ]
    },
    {
      "mode": "managed",
      "type": "aws_api_gateway_integration",
      "name": "get_cupom_integration",
      "provider": "provider[\"registry.terraform.io/hashicorp/aws\"]",
      "instances": [
        {
          "schema_version": 0,
          "attributes": {
            "cache_key_parameters": [],
            "cache_namespace": "zxq4kb",
            "connection_id": "",
            "connection_type": "INTERNET",
            "content_handling": "",
            "credentials": "",
            "http_method": "GET",
            "id": "agi-ceqvslj8df-zxq4kb-GET",
            "integration_http_method": "POST",
            "passthrough_behavior": "WHEN_NO_MATCH",
            "request_parameters": {},
            "request_templates": {},
            "resource_id": "zxq4kb",
            "rest_api_id": "ceqvslj8df",
            "timeout_milliseconds": 29000,
            "tls_config": [],
            "type": "AWS_PROXY",
            "uri": "arn:aws:apigateway:us-east-1:lambda:path/2015-03-31/functions/arn:aws:lambda:us-east-1:176343551411:function:cupons-api/invocations"
          },
          "sensitive_attributes": [],
          "identity_schema_version": 0,
          "private": "bnVsbA==",
          "dependencies": [
            "aws_api_gateway_method.get_cupom",
            "aws_api_gateway_resource.cupom_by_id",
            "aws_api_gateway_resource.cupons",
            "aws_api_gateway_rest_api.cupons_api",
            "aws_cloudwatch_log_group.cupons_lambda_logs",
            "aws_dynamodb_table.cupons",
            "aws_iam_role.cupons_lambda_role",
            "aws_iam_role_policy.cupons_lambda_policy",
            "aws_lambda_function.cupons_api",
            "data.archive_file.cupons_zip"
          ],
          "create_before_destroy": true
        }
      ]
    },
    {
      "mode": "managed",
      "type": "aws_api_gateway_integration",
      "name": "list_cupons_integration",
      "provider": "provider[\"registry.terraform.io/hashicorp/aws\"]",
      "instances": [
        {
          "schema_version": 0,
          "attributes": {
            "cache_key_parameters": [],
            "cache_namespace": "zp4k8x",
            "connection_id": "",
            "connection_type": "INTERNET",
            "content_handling": "",
            "credentials": "",
            "http_method": "GET",
            "id": "agi-ceqvslj8df-zp4k8x-GET",
            "integration_http_method": "POST",
            "passthrough_behavior": "WHEN_NO_MATCH",
            "request_parameters": {},
            "request_templates": {},
            "resource_id": "zp4k8x",
            "rest_api_id": "ceqvslj8df",
            "timeout_milliseconds": 29000,
            "tls_config": [],
            "type": "AWS_PROXY",
            "uri": "arn:aws:apigateway:us-east-1:lambda:path/2015-03-31/functions/arn:aws:lambda:us-east-1:176343551411:function:cupons-api/invocations"
          },
          "sensitive_attributes": [],
          "identity_schema_version": 0,
          "private": "bnVsbA==",
          "dependencies": [
            "aws_api_gateway_method.list_cupons",
            "aws_api_gateway_resource.cupons",
            "aws_api_gateway_rest_api.cupons_api",
            "aws_cloudwatch_log_group.cupons_lambda_logs",
            "aws_dynamodb_table.cupons",
            "aws_iam_role.cupons_lambda_role",
            "aws_iam_role_policy.cupons_lambda_policy",
            "aws_lambda_function.cupons_api",
            "data.archive_file.cupons_zip"
          ],
          "create_before_destroy": true
        }
      ]
    },
    {
      "mode": "managed",
      "type": "aws_api_gateway_integration",
      "name": "trigger_campanha_integration",
      "provider": "provider[\"registry.terraform.io/hashicorp/aws\"]",
      "instances": [
        {
          "schema_version": 0,
          "attributes": {
            "cache_key_parameters": [],
            "cache_namespace": "s2s2i4",
            "connection_id": "",
            "connection_type": "INTERNET",
            "content_handling": "",
            "credentials": "",
            "http_method": "POST",
            "id": "agi-ceqvslj8df-s2s2i4-POST",
            "integration_http_method": "POST",
            "passthrough_behavior": "WHEN_NO_MATCH",
            "request_parameters": {},
            "request_templates": {},
            "resource_id": "s2s2i4",
            "rest_api_id": "ceqvslj8df",
            "timeout_milliseconds": 29000,
            "tls_config": [],
            "type": "AWS_PROXY",
            "uri": "arn:aws:apigateway:us-east-1:lambda:path/2015-03-31/functions/arn:aws:lambda:us-east-1:176343551411:function:campanhas-processor/invocations"
          },
          "sensitive_attributes": [],
          "identity_schema_version": 0,
          "private": "bnVsbA==",
          "dependencies": [
            "aws_api_gateway_method.trigger_campanha",
            "aws_api_gateway_resource.campanhas",
            "aws_api_gateway_resource.campanhas_trigger",
            "aws_api_gateway_rest_api.cupons_api",
            "aws_cloudwatch_log_group.campanhas_lambda_logs",
            "aws_dynamodb_table.campanhas_metricas",
            "aws_iam_role.campanhas_lambda_role",
            "aws_iam_role_policy.campanhas_lambda_policy",
            "aws_lambda_function.campanhas_processor",
            "aws_sqs_queue.email_geral",
            "aws_sqs_queue.email_geral_dlq",
            "aws_sqs_queue.email_notifications",
            "aws_sqs_queue.email_notifications_dlq",
            "aws_sqs_queue.email_premium",
            "aws_sqs_queue.email_premium_dlq",
            "aws_sqs_queue.email_regiao_sul",
            "aws_sqs_queue.email_regiao_sul_dlq",
            "data.archive_file.campanhas_zip"
          ],
          "create_before_destroy": true
        }
      ]
    },
    {
      "mode": "managed",
      "type": "aws_api_gateway_method",
      "name": "get_cupom",
      "provider": "provider[\"registry.terraform.io/hashicorp/aws\"]",
      "instances": [
        {
          "schema_version": 0,
          "attributes": {
            "api_key_required": false,
            "authorization": "NONE",
            "authorization_scopes": [],
            "authorizer_id": "",
            "http_method": "GET",
            "id": "agm-ceqvslj8df-zxq4kb-GET",
            "operation_name": "",
            "request_models": {},
            "request_parameters": {
              "method.request.path.id": true
            },
            "request_validator_id": "",
            "resource_id": "zxq4kb",
            "rest_api_id": "ceqvslj8df"
          },
          "sensitive_attributes": [],
          "identity_schema_version": 0,
          "private": "bnVsbA==",
          "dependencies": [
            "aws_api_gateway_resource.cupom_by_id",
            "aws_api_gateway_resource.cupons",
            "aws_api_gateway_rest_api.cupons_api"
          ],
          "create_before_destroy": true
        }
      ]
    },
    {
      "mode": "managed",
      "type": "aws_api_gateway_method",
      "name": "list_cupons",
      "provider": "provider[\"registry.terraform.io/hashicorp/aws\"]",
      "instances": [
        {
          "schema_version": 0,
          "attributes": {
            "api_key_required": false,
            "authorization": "NONE",
            "authorization_scopes": [],
            "authorizer_id": "",
            "http_method": "GET",
            "id": "agm-ceqvslj8df-zp4k8x-GET",
            "operation_name": "",
            "request_models": {},
            "request_parameters": {},
            "request_validator_id": "",
            "resource_id": "zp4k8x",
            "rest_api_id": "ceqvslj8df"
          },
          "sensitive_attributes": [],
          "identity_schema_version": 0,
          "private": "bnVsbA==",
          "dependencies": [
            "aws_api_gateway_resource.cupons",
            "aws_api_gateway_rest_api.cupons_api"
          ],
          "create_before_destroy": true
        }
      ]
    },
    {
      "mode": "managed",
      "type": "aws_api_gateway_method",
      "name": "trigger_campanha",
      "provider": "provider[\"registry.terraform.io/hashicorp/aws\"]",
      "instances": [
        {
          "schema_version": 0,
          "attributes": {
            "api_key_required": false,
            "authorization": "NONE",
            "authorization_scopes": [],
            "authorizer_id": "",
            "http_method": "POST",
            "id": "agm-ceqvslj8df-s2s2i4-POST",
            "operation_name": "",
            "request_models": {},
            "request_parameters": {},
            "request_validator_id": "",
            "resource_id": "s2s2i4",
            "rest_api_id": "ceqvslj8df"
          },
          "sensitive_attributes": [],
          "identity_schema_version": 0,
          "private": "bnVsbA==",
          "dependencies": [
            "aws_api_gateway_resource.campanhas",
            "aws_api_gateway_resource.campanhas_trigger",
            "aws_api_gateway_rest_api.cupons_api"
          ],
          "create_before_destroy": true
        }
      ]
    },
    {
      "mode": "managed",
      "type": "aws_api_gateway_resource",
      "name": "campanhas",
      "provider": "provider[\"registry.terraform.io/hashicorp/aws\"]",
      "instances": [
        {
          "schema_version": 0,
          "attributes": {
            "id": "pur77h",
            "parent_id": "6fyg8glyjc",
            "path": "/campanhas",
            "path_part": "campanhas",
            "rest_api_id": "ceqvslj8df"
          },
          "sensitive_attributes": [],
          "identity_schema_version": 0,
          "private": "bnVsbA==",
          "dependencies": [
            "aws_api_gateway_rest_api.cupons_api"
          ],
          "create_before_destroy": true
        }
      ]
    },
    {
      "mode": "managed",
      "type": "aws_api_gateway_resource",
      "name": "campanhas_trigger",
      "provider": "provider[\"registry.terraform.io/hashicorp/aws\"]",
      "instances": [
        {
          "schema_version": 0,
          "attributes": {
            "id": "s2s2i4",
            "parent_id": "pur77h",
            "path": "/campanhas/trigger",
            "path_part": "trigger",
            "rest_api_id": "ceqvslj8df"
          },
          "sensitive_attributes": [],
          "identity_schema_version": 0,
          "private": "bnVsbA==",
          "dependencies": [
            "aws_api_gateway_resource.campanhas",
            "aws_api_gateway_rest_api.cupons_api"
          ],
          "create_before_destroy": true
        }
      ]
    },
    {
      "mode": "managed",
      "type": "aws_api_gateway_resource",
      "name": "cupom_by_id",
      "provider": "provider[\"registry.terraform.io/hashicorp/aws\"]",
      "instances": [
        {
          "schema_version": 0,
          "attributes": {
            "id": "zxq4kb",
            "parent_id": "zp4k8x",
            "path": "/cupons/{id}",
            "path_part": "{id}",
            "rest_api_id": "ceqvslj8df"
          },
          "sensitive_attributes": [],
          "identity_schema_version": 0,
          "private": "bnVsbA==",
          "dependencies": [
            "aws_api_gateway_resource.cupons",
            "aws_api_gateway_rest_api.cupons_api"
          ],
          "create_before_destroy": true
        }
      ]
    },
    {
      "mode": "managed",
      "type": "aws_api_gateway_resource",
      "name": "cupons",
      "provider": "provider[\"registry.terraform.io/hashicorp/aws\"]",
      "instances": [
        {
          "schema_version": 0,
          "attributes": {
            "id": "zp4k8x",
            "parent_id": "6fyg8glyjc",
            "path": "/cupons",
            "path_part": "cupons",
            "rest_api_id": "ceqvslj8df"
          },
          "sensitive_attributes": [],
          "identity_schema_version": 0,
          "private": "bnVsbA==",
          "dependencies": [
            "aws_api_gateway_rest_api.cupons_api"
          ],
          "create_before_destroy": true
        }
      ]
    },
    {
      "mode": "managed",
      "type": "aws_api_gateway_rest_api",
      "name": "cupons_api",
      "provider": "provider[\"registry.terraform.io/hashicorp/aws\"]",
      "instances": [
        {
          "schema_version": 0,
          "attributes": {
            "api_key_source": "HEADER",
            "arn": "arn:aws:apigateway:us-east-1::/restapis/ceqvslj8df",
            "binary_media_types": [],
            "body": null,
            "created_date": "2025-06-24T03:55:46Z",
            "description": "API para gerenciamento de cupons",
            "disable_execute_api_endpoint": false,
            "endpoint_configuration": [
              {
                "ip_address_type": "ipv4",
                "types": [
                  "REGIONAL"
                ],
                "vpc_endpoint_ids": []
              }
            ],
            "execution_arn": "arn:aws:execute-api:us-east-1:176343551411:ceqvslj8df",
            "fail_on_warnings": null,
            "id": "ceqvslj8df",
            "minimum_compression_size": "",
            "name": "cupons-api",
            "parameters": null,
            "policy": "",
            "put_rest_api_mode": null,
            "root_resource_id": "6fyg8glyjc",
            "tags": {
              "Environment": "development",
              "Name": "cupons-api"
            },
            "tags_all": {
              "Environment": "development",
              "Name": "cupons-api"
            }
          },
          "sensitive_attributes": [],
          "identity_schema_version": 0,
          "private": "bnVsbA==",
          "create_before_destroy": true
        }
      ]
    },
    {
      "mode": "managed",
      "type": "aws_cloudwatch_log_group",
      "name": "campanhas_lambda_logs",
      "provider": "provider[\"registry.terraform.io/hashicorp/aws\"]",
      "instances": [
        {
          "schema_version": 0,
          "attributes": {
            "arn": "arn:aws:logs:us-east-1:176343551411:log-group:/aws/lambda/campanhas-processor",
            "id": "/aws/lambda/campanhas-processor",
            "kms_key_id": "",
            "log_group_class": "STANDARD",
            "name": "/aws/lambda/campanhas-processor",
            "name_prefix": "",
            "retention_in_days": 14,
            "skip_destroy": false,
            "tags": {},
            "tags_all": {}
          },
          "sensitive_attributes": [],
          "identity_schema_version": 0,
          "private": "bnVsbA==",
          "create_before_destroy": true
        }
      ]
    },
    {
      "mode": "managed",
      "type": "aws_cloudwatch_log_group",
      "name": "cupons_lambda_logs",
      "provider": "provider[\"registry.terraform.io/hashicorp/aws\"]",
      "instances": [
        {
          "schema_version": 0,
          "attributes": {
            "arn": "arn:aws:logs:us-east-1:176343551411:log-group:/aws/lambda/cupons-api",
            "id": "/aws/lambda/cupons-api",
            "kms_key_id": "",
            "log_group_class": "STANDARD",
            "name": "/aws/lambda/cupons-api",
            "name_prefix": "",
            "retention_in_days": 14,
            "skip_destroy": false,
            "tags": {},
            "tags_all": {}
          },
          "sensitive_attributes": [],
          "identity_schema_version": 0,
          "private": "bnVsbA==",
          "create_before_destroy": true
        }
      ]
    },
    {
      "mode": "managed",
      "type": "aws_cloudwatch_log_group",
      "name": "lambda_logs",
      "provider": "provider[\"registry.terraform.io/hashicorp/aws\"]",
      "instances": [
        {
          "schema_version": 0,
          "attributes": {
            "arn": "arn:aws:logs:us-east-1:176343551411:log-group:/aws/lambda/email-send",
            "id": "/aws/lambda/email-send",
            "kms_key_id": "",
            "log_group_class": "STANDARD",
            "name": "/aws/lambda/email-send",
            "name_prefix": "",
            "retention_in_days": 14,
            "skip_destroy": false,
            "tags": {},
            "tags_all": {}
          },
          "sensitive_attributes": [],
          "identity_schema_version": 0,
          "private": "bnVsbA=="
        }
      ]
    },
    {
      "mode": "managed",
      "type": "aws_dynamodb_table",
      "name": "campanhas_metricas",
      "provider": "provider[\"registry.terraform.io/hashicorp/aws\"]",
      "instances": [
        {
          "schema_version": 1,
          "attributes": {
            "arn": "arn:aws:dynamodb:us-east-1:176343551411:table/campanhas-metricas",
            "attribute": [
              {
                "name": "campanha_id",
                "type": "S"
              },
              {
                "name": "status",
                "type": "S"
              },
              {
                "name": "timestamp",
                "type": "S"
              }
            ],
            "billing_mode": "PAY_PER_REQUEST",
            "deletion_protection_enabled": false,
            "global_secondary_index": [
              {
                "hash_key": "status",
                "name": "status-index",
                "non_key_attributes": [],
                "on_demand_throughput": [],
                "projection_type": "ALL",
                "range_key": "timestamp",
                "read_capacity": 0,
                "write_capacity": 0
              }
            ],
            "hash_key": "campanha_id",
            "id": "campanhas-metricas",
            "import_table": [],
            "local_secondary_index": [],
            "name": "campanhas-metricas",
            "on_demand_throughput": [],
            "point_in_time_recovery": [
              {
                "enabled": false,
                "recovery_period_in_days": 0
              }
            ],
            "range_key": "timestamp",
            "read_capacity": 0,
            "replica": [],
            "restore_date_time": null,
            "restore_source_name": null,
            "restore_source_table_arn": null,
            "restore_to_latest_time": null,
            "server_side_encryption": [],
            "stream_arn": "",
            "stream_enabled": false,
            "stream_label": "",
            "stream_view_type": "",
            "table_class": "STANDARD",
            "tags": {
              "Environment": "development",
              "Name": "campanhas-metricas"
            },
            "tags_all": {
              "Environment": "development",
              "Name": "campanhas-metricas"
            },
            "timeouts": null,
            "ttl": [
              {
                "attribute_name": "",
                "enabled": false
              }
            ],
            "write_capacity": 0
          },
          "sensitive_attributes": [],
          "identity_schema_version": 0,
          "private": "eyJlMmJmYjczMC1lY2FhLTExZTYtOGY4OC0zNDM2M2JjN2M0YzAiOnsiY3JlYXRlIjoxODAwMDAwMDAwMDAwLCJkZWxldGUiOjYwMDAwMDAwMDAwMCwidXBkYXRlIjozNjAwMDAwMDAwMDAwfSwic2NoZW1hX3ZlcnNpb24iOiIxIn0=",
          "create_before_destroy": true
        }
      ]
    },
    {
      "mode": "managed",
      "type": "aws_dynamodb_table",
      "name": "cupons",
      "provider": "provider[\"registry.terraform.io/hashicorp/aws\"]",
      "instances": [
        {
          "schema_version": 1,
          "attributes": {
            "arn": "arn:aws:dynamodb:us-east-1:176343551411:table/cupons",
            "attribute": [
              {
                "name": "cupom_id",
                "type": "S"
              },
              {
                "name": "status",
                "type": "S"
              }
            ],
            "billing_mode": "PAY_PER_REQUEST",
            "deletion_protection_enabled": false,
            "global_secondary_index": [
              {
                "hash_key": "status",
                "name": "status-index",
                "non_key_attributes": [],
                "on_demand_throughput": [],
                "projection_type": "ALL",
                "range_key": "",
                "read_capacity": 0,
                "write_capacity": 0
              }
            ],
            "hash_key": "cupom_id",
            "id": "cupons",
            "import_table": [],
            "local_secondary_index": [],
            "name": "cupons",
            "on_demand_throughput": [],
            "point_in_time_recovery": [
              {
                "enabled": false,
                "recovery_period_in_days": 0
              }
            ],
            "range_key": null,
            "read_capacity": 0,
            "replica": [],
            "restore_date_time": null,
            "restore_source_name": null,
            "restore_source_table_arn": null,
            "restore_to_latest_time": null,
            "server_side_encryption": [],
            "stream_arn": "",
            "stream_enabled": false,
            "stream_label": "",
            "stream_view_type": "",
            "table_class": "STANDARD",
            "tags": {
              "Environment": "development",
              "Name": "cupons"
            },
            "tags_all": {
              "Environment": "development",
              "Name": "cupons"
            },
            "timeouts": null,
            "ttl": [
              {
                "attribute_name": "",
                "enabled": false
              }
            ],
            "write_capacity": 0
          },
          "sensitive_attributes": [],
          "identity_schema_version": 0,
          "private": "eyJlMmJmYjczMC1lY2FhLTExZTYtOGY4OC0zNDM2M2JjN2M0YzAiOnsiY3JlYXRlIjoxODAwMDAwMDAwMDAwLCJkZWxldGUiOjYwMDAwMDAwMDAwMCwidXBkYXRlIjozNjAwMDAwMDAwMDAwfSwic2NoZW1hX3ZlcnNpb24iOiIxIn0=",
          "create_before_destroy": true
        }
      ]
    },
    {
      "mode": "managed",
      "type": "aws_iam_role",
      "name": "campanhas_lambda_role",
      "provider": "provider[\"registry.terraform.io/hashicorp/aws\"]",
      "instances": [
        {
          "schema_version": 0,
          "attributes": {
            "arn": "arn:aws:iam::176343551411:role/campanhas-lambda-role",
            "assume_role_policy": "{\"Statement\":[{\"Action\":\"sts:AssumeRole\",\"Effect\":\"Allow\",\"Principal\":{\"Service\":\"lambda.amazonaws.com\"}}],\"Version\":\"2012-10-17\"}",
            "create_date": "2025-06-24T04:07:06Z",
            "description": "",
            "force_detach_policies": false,
            "id": "campanhas-lambda-role",
            "inline_policy": [
              {
                "name": "campanhas-lambda-policy",
                "policy": "{\"Version\":\"2012-10-17\",\"Statement\":[{\"Action\":[\"logs:CreateLogGroup\",\"logs:CreateLogStream\",\"logs:PutLogEvents\"],\"Effect\":\"Allow\",\"Resource\":\"arn:aws:logs:*:*:*\"},{\"Action\":[\"dynamodb:Query\",\"dynamodb:GetItem\",\"dynamodb:PutItem\",\"dynamodb:UpdateItem\",\"dynamodb:Scan\"],\"Effect\":\"Allow\",\"Resource\":[\"arn:aws:dynamodb:us-east-1:176343551411:table/campanhas-metricas\",\"arn:aws:dynamodb:us-east-1:176343551411:table/campanhas-metricas/index/*\"]},{\"Action\":[\"sqs:SendMessage\",\"sqs:GetQueueAttributes\"],\"Effect\":\"Allow\",\"Resource\":[\"arn:aws:sqs:us-east-1:176343551411:email-notifications-premium\",\"arn:aws:sqs:us-east-1:176343551411:email-notifications-regiao-sul\",\"arn:aws:sqs:us-east-1:176343551411:email-notifications-geral\",\"arn:aws:sqs:us-east-1:176343551411:email-notifications\"]}]}"
              }
            ],
            "managed_policy_arns": [],
            "max_session_duration": 3600,
            "name": "campanhas-lambda-role",
            "name_prefix": "",
            "path": "/",
            "permissions_boundary": "",
            "tags": {},
            "tags_all": {},
            "unique_id": "AROASSDXFBWZQZTZBZ755"
          },
          "sensitive_attributes": [],
          "identity_schema_version": 0,
          "private": "bnVsbA==",
          "create_before_destroy": true
        }
      ]
    },
    {
      "mode": "managed",
      "type": "aws_iam_role",
      "name": "cupons_lambda_role",
      "provider": "provider[\"registry.terraform.io/hashicorp/aws\"]",
      "instances": [
        {
          "schema_version": 0,
          "attributes": {
            "arn": "arn:aws:iam::176343551411:role/cupons-lambda-role",
            "assume_role_policy": "{\"Statement\":[{\"Action\":\"sts:AssumeRole\",\"Effect\":\"Allow\",\"Principal\":{\"Service\":\"lambda.amazonaws.com\"}}],\"Version\":\"2012-10-17\"}",
            "create_date": "2025-06-24T03:55:46Z",
            "description": "",
            "force_detach_policies": false,
            "id": "cupons-lambda-role",
            "inline_policy": [
              {
                "name": "cupons-lambda-policy",
                "policy": "{\"Version\":\"2012-10-17\",\"Statement\":[{\"Action\":[\"logs:CreateLogGroup\",\"logs:CreateLogStream\",\"logs:PutLogEvents\"],\"Effect\":\"Allow\",\"Resource\":\"arn:aws:logs:*:*:*\"},{\"Action\":[\"dynamodb:Query\",\"dynamodb:GetItem\",\"dynamodb:PutItem\",\"dynamodb:UpdateItem\",\"dynamodb:DeleteItem\",\"dynamodb:Scan\"],\"Effect\":\"Allow\",\"Resource\":[\"arn:aws:dynamodb:us-east-1:176343551411:table/cupons\",\"arn:aws:dynamodb:us-east-1:176343551411:table/cupons/index/*\"]}]}"
              }
            ],
            "managed_policy_arns": [],
            "max_session_duration": 3600,
            "name": "cupons-lambda-role",
            "name_prefix": "",
            "path": "/",
            "permissions_boundary": "",
            "tags": {},
            "tags_all": {},
            "unique_id": "AROASSDXFBWZ2LT6G3OHV"
          },
          "sensitive_attributes": [],
          "identity_schema_version": 0,
          "private": "bnVsbA==",
          "create_before_destroy": true
        }
      ]
    },
    {
      "mode": "managed",
      "type": "aws_iam_role",
      "name": "lambda_execution_role",
      "provider": "provider[\"registry.terraform.io/hashicorp/aws\"]",
      "instances": [
        {
          "schema_version": 0,
          "attributes": {
            "arn": "arn:aws:iam::176343551411:role/email-processor-lambda-role",
            "assume_role_policy": "{\"Statement\":[{\"Action\":\"sts:AssumeRole\",\"Effect\":\"Allow\",\"Principal\":{\"Service\":\"lambda.amazonaws.com\"}}],\"Version\":\"2012-10-17\"}",
            "create_date": "2025-06-24T02:58:27Z",
            "description": "",
            "force_detach_policies": false,
            "id": "email-processor-lambda-role",
            "inline_policy": [
              {
                "name": "email-processor-lambda-policy",
                "policy": "{\"Version\":\"2012-10-17\",\"Statement\":[{\"Action\":[\"logs:CreateLogGroup\",\"logs:CreateLogStream\",\"logs:PutLogEvents\"],\"Effect\":\"Allow\",\"Resource\":\"arn:aws:logs:*:*:*\"},{\"Action\":[\"sqs:ReceiveMessage\",\"sqs:DeleteMessage\",\"sqs:GetQueueAttributes\"],\"Effect\":\"Allow\",\"Resource\":[\"arn:aws:sqs:us-east-1:176343551411:email-notifications\",\"arn:aws:sqs:us-east-1:176343551411:email-notifications-dlq\",\"arn:aws:sqs:us-east-1:176343551411:email-notifications-premium\",\"arn:aws:sqs:us-east-1:176343551411:email-notifications-regiao-sul\",\"arn:aws:sqs:us-east-1:176343551411:email-notifications-geral\"]},{\"Action\":[\"ses:SendEmail\",\"ses:SendRawEmail\"],\"Effect\":\"Allow\",\"Resource\":\"*\"}]}"
              }
            ],
            "managed_policy_arns": [],
            "max_session_duration": 3600,
            "name": "email-processor-lambda-role",
            "name_prefix": "",
            "path": "/",
            "permissions_boundary": "",
            "tags": {},
            "tags_all": {},
            "unique_id": "AROASSDXFBWZRIMKYMSXT"
          },
          "sensitive_attributes": [],
          "identity_schema_version": 0,
          "private": "bnVsbA=="
        }
      ]
    },
    {
      "mode": "managed",
      "type": "aws_iam_role_policy",
      "name": "campanhas_lambda_policy",
      "provider": "provider[\"registry.terraform.io/hashicorp/aws\"]",
      "instances": [
        {
          "schema_version": 0,
          "attributes": {
            "id": "campanhas-lambda-role:campanhas-lambda-policy",
            "name": "campanhas-lambda-policy",
            "name_prefix": "",
            "policy": "{\"Version\":\"2012-10-17\",\"Statement\":[{\"Action\":[\"logs:CreateLogGroup\",\"logs:CreateLogStream\",\"logs:PutLogEvents\"],\"Effect\":\"Allow\",\"Resource\":\"arn:aws:logs:*:*:*\"},{\"Action\":[\"dynamodb:Query\",\"dynamodb:GetItem\",\"dynamodb:PutItem\",\"dynamodb:UpdateItem\",\"dynamodb:Scan\"],\"Effect\":\"Allow\",\"Resource\":[\"arn:aws:dynamodb:us-east-1:176343551411:table/campanhas-metricas\",\"arn:aws:dynamodb:us-east-1:176343551411:table/campanhas-metricas/index/*\"]},{\"Action\":[\"sqs:SendMessage\",\"sqs:GetQueueAttributes\"],\"Effect\":\"Allow\",\"Resource\":[\"arn:aws:sqs:us-east-1:176343551411:email-notifications-premium\",\"arn:aws:sqs:us-east-1:176343551411:email-notifications-regiao-sul\",\"arn:aws:sqs:us-east-1:176343551411:email-notifications-geral\",\"arn:aws:sqs:us-east-1:176343551411:email-notifications\"]}]}",
            "role": "campanhas-lambda-role"
          },
          "sensitive_attributes": [],
          "identity_schema_version": 0,
          "private": "bnVsbA==",
          "dependencies": [
            "aws_dynamodb_table.campanhas_metricas",
            "aws_iam_role.campanhas_lambda_role",
            "aws_sqs_queue.email_geral",
            "aws_sqs_queue.email_geral_dlq",
            "aws_sqs_queue.email_notifications",
            "aws_sqs_queue.email_notifications_dlq",
            "aws_sqs_queue.email_premium",
            "aws_sqs_queue.email_premium_dlq",
            "aws_sqs_queue.email_regiao_sul",
            "aws_sqs_queue.email_regiao_sul_dlq"
          ],
          "create_before_destroy": true
        }
      ]
    },
    {
      "mode": "managed",
      "type": "aws_iam_role_policy",
      "name": "cupons_lambda_policy",
      "provider": "provider[\"registry.terraform.io/hashicorp/aws\"]",
      "instances": [
        {
          "schema_version": 0,
          "attributes": {
            "id": "cupons-lambda-role:cupons-lambda-policy",
            "name": "cupons-lambda-policy",
            "name_prefix": "",
            "policy": "{\"Version\":\"2012-10-17\",\"Statement\":[{\"Action\":[\"logs:CreateLogGroup\",\"logs:CreateLogStream\",\"logs:PutLogEvents\"],\"Effect\":\"Allow\",\"Resource\":\"arn:aws:logs:*:*:*\"},{\"Action\":[\"dynamodb:Query\",\"dynamodb:GetItem\",\"dynamodb:PutItem\",\"dynamodb:UpdateItem\",\"dynamodb:DeleteItem\",\"dynamodb:Scan\"],\"Effect\":\"Allow\",\"Resource\":[\"arn:aws:dynamodb:us-east-1:176343551411:table/cupons\",\"arn:aws:dynamodb:us-east-1:176343551411:table/cupons/index/*\"]}]}",
            "role": "cupons-lambda-role"
          },
          "sensitive_attributes": [],
          "identity_schema_version": 0,
          "private": "bnVsbA==",
          "dependencies": [
            "aws_dynamodb_table.cupons",
            "aws_iam_role.cupons_lambda_role"
          ],
          "create_before_destroy": true
        }
      ]
    },
    {
      "mode": "managed",
      "type": "aws_iam_role_policy",
      "name": "lambda_policy",
      "provider": "provider[\"registry.terraform.io/hashicorp/aws\"]",
      "instances": [
        {
          "schema_version": 0,
          "attributes": {
            "id": "email-processor-lambda-role:email-processor-lambda-policy",
            "name": "email-processor-lambda-policy",
            "name_prefix": "",
            "policy": "{\"Version\":\"2012-10-17\",\"Statement\":[{\"Action\":[\"logs:CreateLogGroup\",\"logs:CreateLogStream\",\"logs:PutLogEvents\"],\"Effect\":\"Allow\",\"Resource\":\"arn:aws:logs:*:*:*\"},{\"Action\":[\"sqs:ReceiveMessage\",\"sqs:DeleteMessage\",\"sqs:GetQueueAttributes\"],\"Effect\":\"Allow\",\"Resource\":[\"arn:aws:sqs:us-east-1:176343551411:email-notifications\",\"arn:aws:sqs:us-east-1:176343551411:email-notifications-dlq\",\"arn:aws:sqs:us-east-1:176343551411:email-notifications-premium\",\"arn:aws:sqs:us-east-1:176343551411:email-notifications-regiao-sul\",\"arn:aws:sqs:us-east-1:176343551411:email-notifications-geral\"]},{\"Action\":[\"ses:SendEmail\",\"ses:SendRawEmail\"],\"Effect\":\"Allow\",\"Resource\":\"*\"}]}",
            "role": "email-processor-lambda-role"
          },
          "sensitive_attributes": [],
          "identity_schema_version": 0,
          "private": "bnVsbA==",
          "dependencies": [
            "aws_iam_role.lambda_execution_role",
            "aws_sqs_queue.email_geral",
            "aws_sqs_queue.email_geral_dlq",
            "aws_sqs_queue.email_notifications",
            "aws_sqs_queue.email_notifications_dlq",
            "aws_sqs_queue.email_premium",
            "aws_sqs_queue.email_premium_dlq",
            "aws_sqs_queue.email_regiao_sul",
            "aws_sqs_queue.email_regiao_sul_dlq"
          ]
        }
      ]
    },
    {
      "mode": "managed",
      "type": "aws_lambda_event_source_mapping",
      "name": "sqs_geral_lambda_trigger",
      "provider": "provider[\"registry.terraform.io/hashicorp/aws\"]",
      "instances": [
        {
          "schema_version": 0,
          "attributes": {
            "amazon_managed_kafka_event_source_config": [],
            "arn": "arn:aws:lambda:us-east-1:176343551411:event-source-mapping:664ca7dd-746c-47f5-b99e-7c34e7169884",
            "batch_size": 10,
            "bisect_batch_on_function_error": false,
            "destination_config": [],
            "document_db_event_source_config": [],
            "enabled": true,
            "event_source_arn": "arn:aws:sqs:us-east-1:176343551411:email-notifications-geral",
            "filter_criteria": [],
            "function_arn": "arn:aws:lambda:us-east-1:176343551411:function:email-send",
            "function_name": "arn:aws:lambda:us-east-1:176343551411:function:email-send",
            "function_response_types": [],
            "id": "664ca7dd-746c-47f5-b99e-7c34e7169884",
            "kms_key_arn": "",
            "last_modified": "2025-06-25T14:59:58Z",
            "last_processing_result": "",
            "maximum_batching_window_in_seconds": 5,
            "maximum_record_age_in_seconds": 0,
            "maximum_retry_attempts": 0,
            "metrics_config": [],
            "parallelization_factor": 0,
            "provisioned_poller_config": [],
            "queues": [],
            "scaling_config": [],
            "self_managed_event_source": [],
            "self_managed_kafka_event_source_config": [],
            "source_access_configuration": [],
            "starting_position": "",
            "starting_position_timestamp": "",
            "state": "Enabled",
            "state_transition_reason": "USER_INITIATED",
            "tags": {},
            "tags_all": {},
            "topics": [],
            "tumbling_window_in_seconds": 0,
            "uuid": "664ca7dd-746c-47f5-b99e-7c34e7169884"
          },
          "sensitive_attributes": [],
          "identity_schema_version": 0,
          "private": "bnVsbA==",
          "dependencies": [
            "aws_cloudwatch_log_group.lambda_logs",
            "aws_iam_role.lambda_execution_role",
            "aws_iam_role_policy.lambda_policy",
            "aws_lambda_function.email_processor",
            "aws_sqs_queue.email_geral",
            "aws_sqs_queue.email_geral_dlq",
            "aws_sqs_queue.email_notifications",
            "aws_sqs_queue.email_notifications_dlq",
            "aws_sqs_queue.email_premium",
            "aws_sqs_queue.email_premium_dlq",
            "aws_sqs_queue.email_regiao_sul",
            "aws_sqs_queue.email_regiao_sul_dlq",
            "data.archive_file.email_zip"
          ]
        }
      ]
    },
    {
      "mode": "managed",
      "type": "aws_lambda_event_source_mapping",
      "name": "sqs_lambda_trigger",
      "provider": "provider[\"registry.terraform.io/hashicorp/aws\"]",
      "instances": [
        {
          "schema_version": 0,
          "attributes": {
            "amazon_managed_kafka_event_source_config": [],
            "arn": "arn:aws:lambda:us-east-1:176343551411:event-source-mapping:dd91bdbf-80f6-4225-82d8-33ffe74aae97",
            "batch_size": 10,
            "bisect_batch_on_function_error": false,
            "destination_config": [],
            "document_db_event_source_config": [],
            "enabled": true,
            "event_source_arn": "arn:aws:sqs:us-east-1:176343551411:email-notifications",
            "filter_criteria": [],
            "function_arn": "arn:aws:lambda:us-east-1:176343551411:function:email-send",
            "function_name": "arn:aws:lambda:us-east-1:176343551411:function:email-send",
            "function_response_types": [],
            "id": "dd91bdbf-80f6-4225-82d8-33ffe74aae97",
            "kms_key_arn": "",
            "last_modified": "2025-06-24T03:50:14Z",
            "last_processing_result": "",
            "maximum_batching_window_in_seconds": 5,
            "maximum_record_age_in_seconds": 0,
            "maximum_retry_attempts": 0,
            "metrics_config": [],
            "parallelization_factor": 0,
            "provisioned_poller_config": [],
            "queues": [],
            "scaling_config": [],
            "self_managed_event_source": [],
            "self_managed_kafka_event_source_config": [],
            "source_access_configuration": [],
            "starting_position": "",
            "starting_position_timestamp": "",
            "state": "Enabled",
            "state_transition_reason": "USER_INITIATED",
            "tags": {},
            "tags_all": {},
            "topics": [],
            "tumbling_window_in_seconds": 0,
            "uuid": "dd91bdbf-80f6-4225-82d8-33ffe74aae97"
          },
          "sensitive_attributes": [],
          "identity_schema_version": 0,
          "private": "bnVsbA==",
          "dependencies": [
            "aws_cloudwatch_log_group.lambda_logs",
            "aws_iam_role.lambda_execution_role",
            "aws_iam_role_policy.lambda_policy",
            "aws_lambda_function.email_processor",
            "aws_sqs_queue.email_geral",
            "aws_sqs_queue.email_geral_dlq",
            "aws_sqs_queue.email_notifications",
            "aws_sqs_queue.email_notifications_dlq",
            "aws_sqs_queue.email_premium",
            "aws_sqs_queue.email_premium_dlq",
            "aws_sqs_queue.email_regiao_sul",
            "aws_sqs_queue.email_regiao_sul_dlq",
            "data.archive_file.email_zip"
          ]
        }
      ]
    },
    {
      "mode": "managed",
      "type": "aws_lambda_event_source_mapping",
      "name": "sqs_premium_lambda_trigger",
      "provider": "provider[\"registry.terraform.io/hashicorp/aws\"]",
      "instances": [
        {
          "schema_version": 0,
          "attributes": {
            "amazon_managed_kafka_event_source_config": [],
            "arn": "arn:aws:lambda:us-east-1:176343551411:event-source-mapping:2c841441-c42f-48de-a539-e21d32627927",
            "batch_size": 10,
            "bisect_batch_on_function_error": false,
            "destination_config": [],
            "document_db_event_source_config": [],
            "enabled": true,
            "event_source_arn": "arn:aws:sqs:us-east-1:176343551411:email-notifications-premium",
            "filter_criteria": [],
            "function_arn": "arn:aws:lambda:us-east-1:176343551411:function:email-send",
            "function_name": "arn:aws:lambda:us-east-1:176343551411:function:email-send",
            "function_response_types": [],
            "id": "2c841441-c42f-48de-a539-e21d32627927",
            "kms_key_arn": "",
            "last_modified": "2025-06-25T14:59:58Z",
            "last_processing_result": "",
            "maximum_batching_window_in_seconds": 5,
            "maximum_record_age_in_seconds": 0,
            "maximum_retry_attempts": 0,
            "metrics_config": [],
            "parallelization_factor": 0,
            "provisioned_poller_config": [],
            "queues": [],
            "scaling_config": [],
            "self_managed_event_source": [],
            "self_managed_kafka_event_source_config": [],
            "source_access_configuration": [],
            "starting_position": "",
            "starting_position_timestamp": "",
            "state": "Enabled",
            "state_transition_reason": "USER_INITIATED",
            "tags": {},
            "tags_all": {},
            "topics": [],
            "tumbling_window_in_seconds": 0,
            "uuid": "2c841441-c42f-48de-a539-e21d32627927"
          },
          "sensitive_attributes": [],
          "identity_schema_version": 0,
          "private": "bnVsbA==",
          "dependencies": [
            "aws_cloudwatch_log_group.lambda_logs",
            "aws_iam_role.lambda_execution_role",
            "aws_iam_role_policy.lambda_policy",
            "aws_lambda_function.email_processor",
            "aws_sqs_queue.email_geral",
            "aws_sqs_queue.email_geral_dlq",
            "aws_sqs_queue.email_notifications",
            "aws_sqs_queue.email_notifications_dlq",
            "aws_sqs_queue.email_premium",
            "aws_sqs_queue.email_premium_dlq",
            "aws_sqs_queue.email_regiao_sul",
            "aws_sqs_queue.email_regiao_sul_dlq",
            "data.archive_file.email_zip"
          ]
        }
      ]
    },
    {
      "mode": "managed",
      "type": "aws_lambda_event_source_mapping",
      "name": "sqs_regiao_sul_lambda_trigger",
      "provider": "provider[\"registry.terraform.io/hashicorp/aws\"]",
      "instances": [
        {
          "schema_version": 0,
          "attributes": {
            "amazon_managed_kafka_event_source_config": [],
            "arn": "arn:aws:lambda:us-east-1:176343551411:event-source-mapping:e83d4b44-ba22-4094-8eeb-36147e299a6b",
            "batch_size": 10,
            "bisect_batch_on_function_error": false,
            "destination_config": [],
            "document_db_event_source_config": [],
            "enabled": true,
            "event_source_arn": "arn:aws:sqs:us-east-1:176343551411:email-notifications-regiao-sul",
            "filter_criteria": [],
            "function_arn": "arn:aws:lambda:us-east-1:176343551411:function:email-send",
            "function_name": "arn:aws:lambda:us-east-1:176343551411:function:email-send",
            "function_response_types": [],
            "id": "e83d4b44-ba22-4094-8eeb-36147e299a6b",
            "kms_key_arn": "",
            "last_modified": "2025-06-25T14:59:58Z",
            "last_processing_result": "",
            "maximum_batching_window_in_seconds": 5,
            "maximum_record_age_in_seconds": 0,
            "maximum_retry_attempts": 0,
            "metrics_config": [],
            "parallelization_factor": 0,
            "provisioned_poller_config": [],
            "queues": [],
            "scaling_config": [],
            "self_managed_event_source": [],
            "self_managed_kafka_event_source_config": [],
            "source_access_configuration": [],
            "starting_position": "",
            "starting_position_timestamp": "",
            "state": "Enabled",
            "state_transition_reason": "USER_INITIATED",
            "tags": {},
            "tags_all": {},
            "topics": [],
            "tumbling_window_in_seconds": 0,
            "uuid": "e83d4b44-ba22-4094-8eeb-36147e299a6b"
          },
          "sensitive_attributes": [],
          "identity_schema_version": 0,
          "private": "bnVsbA==",
          "dependencies": [
            "aws_cloudwatch_log_group.lambda_logs",
            "aws_iam_role.lambda_execution_role",
            "aws_iam_role_policy.lambda_policy",
            "aws_lambda_function.email_processor",
            "aws_sqs_queue.email_geral",
            "aws_sqs_queue.email_geral_dlq",
            "aws_sqs_queue.email_notifications",
            "aws_sqs_queue.email_notifications_dlq",
            "aws_sqs_queue.email_premium",
            "aws_sqs_queue.email_premium_dlq",
            "aws_sqs_queue.email_regiao_sul",
            "aws_sqs_queue.email_regiao_sul_dlq",
            "data.archive_file.email_zip"
          ]
        }
      ]
    },
    {
      "mode": "managed",
      "type": "aws_lambda_function",
      "name": "campanhas_processor",
      "provider": "provider[\"registry.terraform.io/hashicorp/aws\"]",
      "instances": [
        {
          "schema_version": 0,
          "attributes": {
            "architectures": [
              "x86_64"
            ],
            "arn": "arn:aws:lambda:us-east-1:176343551411:function:campanhas-processor",
            "code_sha256": "9Ivupe+hAGOmnwT9jHz8Oy5I5dmVgIWsg+z8QDTuNY4=",
            "code_signing_config_arn": "",
            "dead_letter_config": [],
            "description": "",
            "environment": [
              {
                "variables": {
                  "DYNAMODB_TABLE": "campanhas-metricas",
                  "SQS_EMAIL_QUEUE": "https://sqs.us-east-1.amazonaws.com/176343551411/email-notifications",
                  "SQS_EMAIL_QUEUE_GERAL": "https://sqs.us-east-1.amazonaws.com/176343551411/email-notifications-geral",
                  "SQS_EMAIL_QUEUE_PREMIUM": "https://sqs.us-east-1.amazonaws.com/176343551411/email-notifications-premium",
                  "SQS_EMAIL_QUEUE_REGIAO_SUL": "https://sqs.us-east-1.amazonaws.com/176343551411/email-notifications-regiao-sul"
                }
              }
            ],
            "ephemeral_storage": [
              {
                "size": 512
              }
            ],
            "file_system_config": [],
            "filename": "campanhas.zip",
            "function_name": "campanhas-processor",
            "handler": "lambda_function.lambda_handler",
            "id": "campanhas-processor",
            "image_config": [],
            "image_uri": "",
            "invoke_arn": "arn:aws:apigateway:us-east-1:lambda:path/2015-03-31/functions/arn:aws:lambda:us-east-1:176343551411:function:campanhas-processor/invocations",
            "kms_key_arn": "",
            "last_modified": "2025-06-25T15:03:00.000+0000",
            "layers": [],
            "logging_config": [
              {
                "application_log_level": "",
                "log_format": "Text",
                "log_group": "/aws/lambda/campanhas-processor",
                "system_log_level": ""
              }
            ],
            "memory_size": 128,
            "package_type": "Zip",
            "publish": false,
            "qualified_arn": "arn:aws:lambda:us-east-1:176343551411:function:campanhas-processor:$LATEST",
            "qualified_invoke_arn": "arn:aws:apigateway:us-east-1:lambda:path/2015-03-31/functions/arn:aws:lambda:us-east-1:176343551411:function:campanhas-processor:$LATEST/invocations",
            "replace_security_groups_on_destroy": null,
            "replacement_security_group_ids": null,
            "reserved_concurrent_executions": -1,
            "role": "arn:aws:iam::176343551411:role/campanhas-lambda-role",
            "runtime": "python3.11",
            "s3_bucket": null,
            "s3_key": null,
            "s3_object_version": null,
            "signing_job_arn": "",
            "signing_profile_version_arn": "",
            "skip_destroy": false,
            "snap_start": [],
            "source_code_hash": "",
            "source_code_size": 3748,
            "tags": {
              "Environment": "development",
              "Name": "campanhas-processor"
            },
            "tags_all": {
              "Environment": "development",
              "Name": "campanhas-processor"
            },
            "timeout": 180,
            "timeouts": null,
            "tracing_config": [
              {
                "mode": "PassThrough"
              }
            ],
            "version": "$LATEST",
            "vpc_config": []
          },
          "sensitive_attributes": [],
          "identity_schema_version": 0,
          "private": "eyJlMmJmYjczMC1lY2FhLTExZTYtOGY4OC0zNDM2M2JjN2M0YzAiOnsiY3JlYXRlIjo2MDAwMDAwMDAwMDAsImRlbGV0ZSI6NjAwMDAwMDAwMDAwLCJ1cGRhdGUiOjYwMDAwMDAwMDAwMH19",
          "dependencies": [
            "aws_cloudwatch_log_group.campanhas_lambda_logs",
            "aws_dynamodb_table.campanhas_metricas",
            "aws_iam_role.campanhas_lambda_role",
            "aws_iam_role_policy.campanhas_lambda_policy",
            "aws_sqs_queue.email_geral",
            "aws_sqs_queue.email_geral_dlq",
            "aws_sqs_queue.email_notifications",
            "aws_sqs_queue.email_notifications_dlq",
            "aws_sqs_queue.email_premium",
            "aws_sqs_queue.email_premium_dlq",
            "aws_sqs_queue.email_regiao_sul",
            "aws_sqs_queue.email_regiao_sul_dlq",
            "data.archive_file.campanhas_zip"
          ],
          "create_before_destroy": true
        }
      ]
    },
    {
      "mode": "managed",
      "type": "aws_lambda_function",
      "name": "cupons_api",
      "provider": "provider[\"registry.terraform.io/hashicorp/aws\"]",
      "instances": [
        {
          "schema_version": 0,
          "attributes": {
            "architectures": [
              "x86_64"
            ],
            "arn": "arn:aws:lambda:us-east-1:176343551411:function:cupons-api",
            "code_sha256": "zCBgANSmIxLKgfjLkYCSnXVNMF1SSULHq/n8I4Ekia4=",
            "code_signing_config_arn": "",
            "dead_letter_config": [],
            "description": "",
            "environment": [
              {
                "variables": {
                  "DYNAMODB_TABLE": "cupons"
                }
              }
            ],
            "ephemeral_storage": [
              {
                "size": 512
              }
            ],
            "file_system_config": [],
            "filename": "cupons.zip",
            "function_name": "cupons-api",
            "handler": "lambda_function.lambda_handler",
            "id": "cupons-api",
            "image_config": [],
            "image_uri": "",
            "invoke_arn": "arn:aws:apigateway:us-east-1:lambda:path/2015-03-31/functions/arn:aws:lambda:us-east-1:176343551411:function:cupons-api/invocations",
            "kms_key_arn": "",
            "last_modified": "2025-06-24T03:56:13.405+0000",
            "layers": [],
            "logging_config": [
              {
                "application_log_level": "",
                "log_format": "Text",
                "log_group": "/aws/lambda/cupons-api",
                "system_log_level": ""
              }
            ],
            "memory_size": 128,
            "package_type": "Zip",
            "publish": false,
            "qualified_arn": "arn:aws:lambda:us-east-1:176343551411:function:cupons-api:$LATEST",
            "qualified_invoke_arn": "arn:aws:apigateway:us-east-1:lambda:path/2015-03-31/functions/arn:aws:lambda:us-east-1:176343551411:function:cupons-api:$LATEST/invocations",
            "replace_security_groups_on_destroy": null,
            "replacement_security_group_ids": null,
            "reserved_concurrent_executions": -1,
            "role": "arn:aws:iam::176343551411:role/cupons-lambda-role",
            "runtime": "python3.11",
            "s3_bucket": null,
            "s3_key": null,
            "s3_object_version": null,
            "signing_job_arn": "",
            "signing_profile_version_arn": "",
            "skip_destroy": false,
            "snap_start": [],
            "source_code_hash": "",
            "source_code_size": 2344,
            "tags": {
              "Environment": "development",
              "Name": "cupons-api"
            },
            "tags_all": {
              "Environment": "development",
              "Name": "cupons-api"
            },
            "timeout": 30,
            "timeouts": null,
            "tracing_config": [
              {
                "mode": "PassThrough"
              }
            ],
            "version": "$LATEST",
            "vpc_config": []
          },
          "sensitive_attributes": [],
          "identity_schema_version": 0,
          "private": "eyJlMmJmYjczMC1lY2FhLTExZTYtOGY4OC0zNDM2M2JjN2M0YzAiOnsiY3JlYXRlIjo2MDAwMDAwMDAwMDAsImRlbGV0ZSI6NjAwMDAwMDAwMDAwLCJ1cGRhdGUiOjYwMDAwMDAwMDAwMH19",
          "dependencies": [
            "aws_cloudwatch_log_group.cupons_lambda_logs",
            "aws_dynamodb_table.cupons",
            "aws_iam_role.cupons_lambda_role",
            "aws_iam_role_policy.cupons_lambda_policy",
            "data.archive_file.cupons_zip"
          ],
          "create_before_destroy": true
        }
      ]
    },
    {
      "mode": "managed",
      "type": "aws_lambda_function",
      "name": "email_processor",
      "provider": "provider[\"registry.terraform.io/hashicorp/aws\"]",
      "instances": [
        {
          "schema_version": 0,
          "attributes": {
            "architectures": [
              "x86_64"
            ],
            "arn": "arn:aws:lambda:us-east-1:176343551411:function:email-send",
            "code_sha256": "KfKC2I8E4ENuzldui/ny5K8bxCMIZP7peAmymyLQNOE=",
            "code_signing_config_arn": "",
            "dead_letter_config": [],
            "description": "",
            "environment": [
              {
                "variables": {
                  "SENDER_EMAIL": "1457902@sga.pucminas.br"
                }
              }
            ],
            "ephemeral_storage": [
              {
                "size": 512
              }
            ],
            "file_system_config": [],
            "filename": "email_processor.zip",
            "function_name": "email-send",
            "handler": "lambda_function.lambda_handler",
            "id": "email-send",
            "image_config": [],
            "image_uri": "",
            "invoke_arn": "arn:aws:apigateway:us-east-1:lambda:path/2015-03-31/functions/arn:aws:lambda:us-east-1:176343551411:function:email-send/invocations",
            "kms_key_arn": "",
            "last_modified": "2025-06-25T14:32:03.000+0000",
            "layers": [],
            "logging_config": [
              {
                "application_log_level": "",
                "log_format": "Text",
                "log_group": "/aws/lambda/email-send",
                "system_log_level": ""
              }
            ],
            "memory_size": 128,
            "package_type": "Zip",
            "publish": false,
            "qualified_arn": "arn:aws:lambda:us-east-1:176343551411:function:email-send:$LATEST",
            "qualified_invoke_arn": "arn:aws:apigateway:us-east-1:lambda:path/2015-03-31/functions/arn:aws:lambda:us-east-1:176343551411:function:email-send:$LATEST/invocations",
            "replace_security_groups_on_destroy": null,
            "replacement_security_group_ids": null,
            "reserved_concurrent_executions": -1,
            "role": "arn:aws:iam::176343551411:role/email-processor-lambda-role",
            "runtime": "python3.11",
            "s3_bucket": null,
            "s3_key": null,
            "s3_object_version": null,
            "signing_job_arn": "",
            "signing_profile_version_arn": "",
            "skip_destroy": false,
            "snap_start": [],
            "source_code_hash": "",
            "source_code_size": 2890,
            "tags": {
              "Environment": "development",
              "Name": "email-processor"
            },
            "tags_all": {
              "Environment": "development",
              "Name": "email-processor"
            },
            "timeout": 60,
            "timeouts": null,
            "tracing_config": [
              {
                "mode": "PassThrough"
              }
            ],
            "version": "$LATEST",
            "vpc_config": []
          },
          "sensitive_attributes": [],
          "identity_schema_version": 0,
          "private": "eyJlMmJmYjczMC1lY2FhLTExZTYtOGY4OC0zNDM2M2JjN2M0YzAiOnsiY3JlYXRlIjo2MDAwMDAwMDAwMDAsImRlbGV0ZSI6NjAwMDAwMDAwMDAwLCJ1cGRhdGUiOjYwMDAwMDAwMDAwMH19",
          "dependencies": [
            "aws_cloudwatch_log_group.lambda_logs",
            "aws_iam_role.lambda_execution_role",
            "aws_iam_role_policy.lambda_policy",
            "aws_sqs_queue.email_geral",
            "aws_sqs_queue.email_geral_dlq",
            "aws_sqs_queue.email_notifications",
            "aws_sqs_queue.email_notifications_dlq",
            "aws_sqs_queue.email_premium",
            "aws_sqs_queue.email_premium_dlq",
            "aws_sqs_queue.email_regiao_sul",
            "aws_sqs_queue.email_regiao_sul_dlq",
            "data.archive_file.email_zip"
          ]
        }
      ]
    },
    {
      "mode": "managed",
      "type": "aws_lambda_permission",
      "name": "api_gateway_campanhas",
      "provider": "provider[\"registry.terraform.io/hashicorp/aws\"]",
      "instances": [
        {
          "schema_version": 0,
          "attributes": {
            "action": "lambda:InvokeFunction",
            "event_source_token": null,
            "function_name": "campanhas-processor",
            "function_url_auth_type": null,
            "id": "AllowExecutionFromAPIGatewayCampanhas",
            "principal": "apigateway.amazonaws.com",
            "principal_org_id": null,
            "qualifier": "",
            "source_account": null,
            "source_arn": "arn:aws:execute-api:us-east-1:176343551411:ceqvslj8df/*/*",
            "statement_id": "AllowExecutionFromAPIGatewayCampanhas",
            "statement_id_prefix": ""
          },
          "sensitive_attributes": [],
          "identity_schema_version": 0,
          "private": "bnVsbA==",
          "dependencies": [
            "aws_api_gateway_rest_api.cupons_api",
            "aws_cloudwatch_log_group.campanhas_lambda_logs",
            "aws_dynamodb_table.campanhas_metricas",
            "aws_iam_role.campanhas_lambda_role",
            "aws_iam_role_policy.campanhas_lambda_policy",
            "aws_lambda_function.campanhas_processor",
            "aws_sqs_queue.email_geral",
            "aws_sqs_queue.email_geral_dlq",
            "aws_sqs_queue.email_notifications",
            "aws_sqs_queue.email_notifications_dlq",
            "aws_sqs_queue.email_premium",
            "aws_sqs_queue.email_premium_dlq",
            "aws_sqs_queue.email_regiao_sul",
            "aws_sqs_queue.email_regiao_sul_dlq",
            "data.archive_file.campanhas_zip"
          ]
        }
      ]
    },
    {
      "mode": "managed",
      "type": "aws_lambda_permission",
      "name": "api_gateway_get_cupom",
      "provider": "provider[\"registry.terraform.io/hashicorp/aws\"]",
      "instances": [
        {
          "schema_version": 0,
          "attributes": {
            "action": "lambda:InvokeFunction",
            "event_source_token": null,
            "function_name": "cupons-api",
            "function_url_auth_type": null,
            "id": "AllowExecutionFromAPIGatewayGet",
            "principal": "apigateway.amazonaws.com",
            "principal_org_id": null,
            "qualifier": "",
            "source_account": null,
            "source_arn": "arn:aws:execute-api:us-east-1:176343551411:ceqvslj8df/*/*",
            "statement_id": "AllowExecutionFromAPIGatewayGet",
            "statement_id_prefix": ""
          },
          "sensitive_attributes": [],
          "identity_schema_version": 0,
          "private": "bnVsbA==",
          "dependencies": [
            "aws_api_gateway_rest_api.cupons_api",
            "aws_cloudwatch_log_group.cupons_lambda_logs",
            "aws_dynamodb_table.cupons",
            "aws_iam_role.cupons_lambda_role",
            "aws_iam_role_policy.cupons_lambda_policy",
            "aws_lambda_function.cupons_api",
            "data.archive_file.cupons_zip"
          ]
        }
      ]
    },
    {
      "mode": "managed",
      "type": "aws_lambda_permission",
      "name": "api_gateway_list_cupons",
      "provider": "provider[\"registry.terraform.io/hashicorp/aws\"]",
      "instances": [
        {
          "schema_version": 0,
          "attributes": {
            "action": "lambda:InvokeFunction",
            "event_source_token": null,
            "function_name": "cupons-api",
            "function_url_auth_type": null,
            "id": "AllowExecutionFromAPIGatewayList",
            "principal": "apigateway.amazonaws.com",
            "principal_org_id": null,
            "qualifier": "",
            "source_account": null,
            "source_arn": "arn:aws:execute-api:us-east-1:176343551411:ceqvslj8df/*/*",
            "statement_id": "AllowExecutionFromAPIGatewayList",
            "statement_id_prefix": ""
          },
          "sensitive_attributes": [],
          "identity_schema_version": 0,
          "private": "bnVsbA==",
          "dependencies": [
            "aws_api_gateway_rest_api.cupons_api",
            "aws_cloudwatch_log_group.cupons_lambda_logs",
            "aws_dynamodb_table.cupons",
            "aws_iam_role.cupons_lambda_role",
            "aws_iam_role_policy.cupons_lambda_policy",
            "aws_lambda_function.cupons_api",
            "data.archive_file.cupons_zip"
          ]
        }
      ]
    },
    {
      "mode": "managed",
      "type": "aws_ses_configuration_set",
      "name": "email_config",
      "provider": "provider[\"registry.terraform.io/hashicorp/aws\"]",
      "instances": [
        {
          "schema_version": 0,
          "attributes": {
            "arn": "arn:aws:ses:us-east-1:176343551411:configuration-set/email-notifications-config",
            "delivery_options": [],
            "id": "email-notifications-config",
            "last_fresh_start": "0001-01-01T00:00:00Z",
            "name": "email-notifications-config",
            "reputation_metrics_enabled": false,
            "sending_enabled": true,
            "tracking_options": []
          },
          "sensitive_attributes": [],
          "identity_schema_version": 0,
          "private": "bnVsbA=="
        }
      ]
    },
    {
      "mode": "managed",
      "type": "aws_ses_email_identity",
      "name": "sender_emails",
      "provider": "provider[\"registry.terraform.io/hashicorp/aws\"]",
      "instances": [
        {
          "index_key": "1457902@sga.pucminas.br",
          "schema_version": 0,
          "attributes": {
            "arn": "arn:aws:ses:us-east-1:176343551411:identity/1457902@sga.pucminas.br",
            "email": "1457902@sga.pucminas.br",
            "id": "1457902@sga.pucminas.br"
          },
          "sensitive_attributes": [],
          "identity_schema_version": 0,
          "private": "bnVsbA=="
        },
        {
          "index_key": "arihenriquedev@hotmail.com",
          "schema_version": 0,
          "attributes": {
            "arn": "arn:aws:ses:us-east-1:176343551411:identity/arihenriquedev@hotmail.com",
            "email": "arihenriquedev@hotmail.com",
            "id": "arihenriquedev@hotmail.com"
          },
          "sensitive_attributes": [],
          "identity_schema_version": 0,
          "private": "bnVsbA=="
        },
        {
          "index_key": "g2002souzajardim@gmail.com",
          "schema_version": 0,
          "attributes": {
            "arn": "arn:aws:ses:us-east-1:176343551411:identity/g2002souzajardim@gmail.com",
            "email": "g2002souzajardim@gmail.com",
            "id": "g2002souzajardim@gmail.com"
          },
          "sensitive_attributes": [],
          "identity_schema_version": 0,
          "private": "bnVsbA=="
        },
        {
          "index_key": "g2002souzajardimaugusto@gmail.com",
          "schema_version": 0,
          "attributes": {
            "arn": "arn:aws:ses:us-east-1:176343551411:identity/g2002souzajardimaugusto@gmail.com",
            "email": "g2002souzajardimaugusto@gmail.com",
            "id": "g2002souzajardimaugusto@gmail.com"
          },
          "sensitive_attributes": [],
          "identity_schema_version": 0,
          "private": "bnVsbA=="
        },
        {
          "index_key": "icsbarbosa@sga.pucminas.br",
          "schema_version": 0,
          "attributes": {
            "arn": "arn:aws:ses:us-east-1:176343551411:identity/icsbarbosa@sga.pucminas.br",
            "email": "icsbarbosa@sga.pucminas.br",
            "id": "icsbarbosa@sga.pucminas.br"
          },
          "sensitive_attributes": [],
          "identity_schema_version": 0,
          "private": "bnVsbA=="
        }
      ]
    },
    {
      "mode": "managed",
      "type": "aws_ses_event_destination",
      "name": "cloudwatch",
      "provider": "provider[\"registry.terraform.io/hashicorp/aws\"]",
      "instances": [
        {
          "schema_version": 0,
          "attributes": {
            "arn": "arn:aws:ses:us-east-1:176343551411:configuration-set/email-notifications-config:event-destination/cloudwatch-destination",
            "cloudwatch_destination": [
              {
                "default_value": "0",
                "dimension_name": "MessageTag",
                "value_source": "messageTag"
              }
            ],
            "configuration_set_name": "email-notifications-config",
            "enabled": true,
            "id": "cloudwatch-destination",
            "kinesis_destination": [],
            "matching_types": [
              "bounce",
              "complaint",
              "delivery",
              "reject",
              "send"
            ],
            "name": "cloudwatch-destination",
            "sns_destination": []
          },
          "sensitive_attributes": [],
          "identity_schema_version": 0,
          "private": "bnVsbA==",
          "dependencies": [
            "aws_ses_configuration_set.email_config"
          ]
        }
      ]
    },
    {
      "mode": "managed",
      "type": "aws_sqs_queue",
      "name": "email_geral",
      "provider": "provider[\"registry.terraform.io/hashicorp/aws\"]",
      "instances": [
        {
          "schema_version": 0,
          "attributes": {
            "arn": "arn:aws:sqs:us-east-1:176343551411:email-notifications-geral",
            "content_based_deduplication": false,
            "deduplication_scope": "",
            "delay_seconds": 0,
            "fifo_queue": false,
            "fifo_throughput_limit": "",
            "id": "https://sqs.us-east-1.amazonaws.com/176343551411/email-notifications-geral",
            "kms_data_key_reuse_period_seconds": 300,
            "kms_master_key_id": "",
            "max_message_size": 262144,
            "message_retention_seconds": 1209600,
            "name": "email-notifications-geral",
            "name_prefix": "",
            "policy": "",
            "receive_wait_time_seconds": 10,
            "redrive_allow_policy": "",
            "redrive_policy": "{\"deadLetterTargetArn\":\"arn:aws:sqs:us-east-1:176343551411:email-notifications-geral-dlq\",\"maxReceiveCount\":3}",
            "sqs_managed_sse_enabled": true,
            "tags": {
              "Environment": "development",
              "Name": "email-notifications-geral"
            },
            "tags_all": {
              "Environment": "development",
              "Name": "email-notifications-geral"
            },
            "timeouts": null,
            "url": "https://sqs.us-east-1.amazonaws.com/176343551411/email-notifications-geral",
            "visibility_timeout_seconds": 120
          },
          "sensitive_attributes": [],
          "identity_schema_version": 0,
          "private": "eyJlMmJmYjczMC1lY2FhLTExZTYtOGY4OC0zNDM2M2JjN2M0YzAiOnsiY3JlYXRlIjoxODAwMDAwMDAwMDAsImRlbGV0ZSI6MTgwMDAwMDAwMDAwLCJ1cGRhdGUiOjE4MDAwMDAwMDAwMH19",
          "dependencies": [
            "aws_sqs_queue.email_geral_dlq"
          ],
          "create_before_destroy": true
        }
      ]
    },
    {
      "mode": "managed",
      "type": "aws_sqs_queue",
      "name": "email_geral_dlq",
      "provider": "provider[\"registry.terraform.io/hashicorp/aws\"]",
      "instances": [
        {
          "schema_version": 0,
          "attributes": {
            "arn": "arn:aws:sqs:us-east-1:176343551411:email-notifications-geral-dlq",
            "content_based_deduplication": false,
            "deduplication_scope": "",
            "delay_seconds": 0,
            "fifo_queue": false,
            "fifo_throughput_limit": "",
            "id": "https://sqs.us-east-1.amazonaws.com/176343551411/email-notifications-geral-dlq",
            "kms_data_key_reuse_period_seconds": 300,
            "kms_master_key_id": "",
            "max_message_size": 262144,
            "message_retention_seconds": 1209600,
            "name": "email-notifications-geral-dlq",
            "name_prefix": "",
            "policy": "",
            "receive_wait_time_seconds": 0,
            "redrive_allow_policy": "",
            "redrive_policy": "",
            "sqs_managed_sse_enabled": true,
            "tags": {
              "Environment": "development",
              "Name": "email-notifications-geral-dlq"
            },
            "tags_all": {
              "Environment": "development",
              "Name": "email-notifications-geral-dlq"
            },
            "timeouts": null,
            "url": "https://sqs.us-east-1.amazonaws.com/176343551411/email-notifications-geral-dlq",
            "visibility_timeout_seconds": 30
          },
          "sensitive_attributes": [],
          "identity_schema_version": 0,
          "private": "eyJlMmJmYjczMC1lY2FhLTExZTYtOGY4OC0zNDM2M2JjN2M0YzAiOnsiY3JlYXRlIjoxODAwMDAwMDAwMDAsImRlbGV0ZSI6MTgwMDAwMDAwMDAwLCJ1cGRhdGUiOjE4MDAwMDAwMDAwMH19",
          "create_before_destroy": true
        }
      ]
    },
    {
      "mode": "managed",
      "type": "aws_sqs_queue",
      "name": "email_notifications",
      "provider": "provider[\"registry.terraform.io/hashicorp/aws\"]",
      "instances": [
        {
          "schema_version": 0,
          "attributes": {
            "arn": "arn:aws:sqs:us-east-1:176343551411:email-notifications",
            "content_based_deduplication": false,
            "deduplication_scope": "",
            "delay_seconds": 0,
            "fifo_queue": false,
            "fifo_throughput_limit": "",
            "id": "https://sqs.us-east-1.amazonaws.com/176343551411/email-notifications",
            "kms_data_key_reuse_period_seconds": 300,
            "kms_master_key_id": "",
            "max_message_size": 262144,
            "message_retention_seconds": 1209600,
            "name": "email-notifications",
            "name_prefix": "",
            "policy": "",
            "receive_wait_time_seconds": 10,
            "redrive_allow_policy": "",
            "redrive_policy": "{\"deadLetterTargetArn\":\"arn:aws:sqs:us-east-1:176343551411:email-notifications-dlq\",\"maxReceiveCount\":3}",
            "sqs_managed_sse_enabled": true,
            "tags": {
              "Environment": "development",
              "Name": "email-notifications"
            },
            "tags_all": {
              "Environment": "development",
              "Name": "email-notifications"
            },
            "timeouts": null,
            "url": "https://sqs.us-east-1.amazonaws.com/176343551411/email-notifications",
            "visibility_timeout_seconds": 120
          },
          "sensitive_attributes": [],
          "identity_schema_version": 0,
          "private": "eyJlMmJmYjczMC1lY2FhLTExZTYtOGY4OC0zNDM2M2JjN2M0YzAiOnsiY3JlYXRlIjoxODAwMDAwMDAwMDAsImRlbGV0ZSI6MTgwMDAwMDAwMDAwLCJ1cGRhdGUiOjE4MDAwMDAwMDAwMH19",
          "dependencies": [
            "aws_sqs_queue.email_notifications_dlq"
          ],
          "create_before_destroy": true
        }
      ]
    },
    {
      "mode": "managed",
      "type": "aws_sqs_queue",
      "name": "email_notifications_dlq",
      "provider": "provider[\"registry.terraform.io/hashicorp/aws\"]",
      "instances": [
        {
          "schema_version": 0,
          "attributes": {
            "arn": "arn:aws:sqs:us-east-1:176343551411:email-notifications-dlq",
            "content_based_deduplication": false,
            "deduplication_scope": "",
            "delay_seconds": 0,
            "fifo_queue": false,
            "fifo_throughput_limit": "",
            "id": "https://sqs.us-east-1.amazonaws.com/176343551411/email-notifications-dlq",
            "kms_data_key_reuse_period_seconds": 300,
            "kms_master_key_id": "",
            "max_message_size": 262144,
            "message_retention_seconds": 1209600,
            "name": "email-notifications-dlq",
            "name_prefix": "",
            "policy": "",
            "receive_wait_time_seconds": 0,
            "redrive_allow_policy": "",
            "redrive_policy": "",
            "sqs_managed_sse_enabled": true,
            "tags": {
              "Environment": "development",
              "Name": "email-notifications-dlq"
            },
            "tags_all": {
              "Environment": "development",
              "Name": "email-notifications-dlq"
            },
            "timeouts": null,
            "url": "https://sqs.us-east-1.amazonaws.com/176343551411/email-notifications-dlq",
            "visibility_timeout_seconds": 30
          },
          "sensitive_attributes": [],
          "identity_schema_version": 0,
          "private": "eyJlMmJmYjczMC1lY2FhLTExZTYtOGY4OC0zNDM2M2JjN2M0YzAiOnsiY3JlYXRlIjoxODAwMDAwMDAwMDAsImRlbGV0ZSI6MTgwMDAwMDAwMDAwLCJ1cGRhdGUiOjE4MDAwMDAwMDAwMH19",
          "create_before_destroy": true
        }
      ]
    },
    {
      "mode": "managed",
      "type": "aws_sqs_queue",
      "name": "email_premium",
      "provider": "provider[\"registry.terraform.io/hashicorp/aws\"]",
      "instances": [
        {
          "schema_version": 0,
          "attributes": {
            "arn": "arn:aws:sqs:us-east-1:176343551411:email-notifications-premium",
            "content_based_deduplication": false,
            "deduplication_scope": "",
            "delay_seconds": 0,
            "fifo_queue": false,
            "fifo_throughput_limit": "",
            "id": "https://sqs.us-east-1.amazonaws.com/176343551411/email-notifications-premium",
            "kms_data_key_reuse_period_seconds": 300,
            "kms_master_key_id": "",
            "max_message_size": 262144,
            "message_retention_seconds": 1209600,
            "name": "email-notifications-premium",
            "name_prefix": "",
            "policy": "",
            "receive_wait_time_seconds": 10,
            "redrive_allow_policy": "",
            "redrive_policy": "{\"deadLetterTargetArn\":\"arn:aws:sqs:us-east-1:176343551411:email-notifications-premium-dlq\",\"maxReceiveCount\":3}",
            "sqs_managed_sse_enabled": true,
            "tags": {
              "Environment": "development",
              "Name": "email-notifications-premium"
            },
            "tags_all": {
              "Environment": "development",
              "Name": "email-notifications-premium"
            },
            "timeouts": null,
            "url": "https://sqs.us-east-1.amazonaws.com/176343551411/email-notifications-premium",
            "visibility_timeout_seconds": 120
          },
          "sensitive_attributes": [],
          "identity_schema_version": 0,
          "private": "eyJlMmJmYjczMC1lY2FhLTExZTYtOGY4OC0zNDM2M2JjN2M0YzAiOnsiY3JlYXRlIjoxODAwMDAwMDAwMDAsImRlbGV0ZSI6MTgwMDAwMDAwMDAwLCJ1cGRhdGUiOjE4MDAwMDAwMDAwMH19",
          "dependencies": [
            "aws_sqs_queue.email_premium_dlq"
          ],
          "create_before_destroy": true
        }
      ]
    },
    {
      "mode": "managed",
      "type": "aws_sqs_queue",
      "name": "email_premium_dlq",
      "provider": "provider[\"registry.terraform.io/hashicorp/aws\"]",
      "instances": [
        {
          "schema_version": 0,
          "attributes": {
            "arn": "arn:aws:sqs:us-east-1:176343551411:email-notifications-premium-dlq",
            "content_based_deduplication": false,
            "deduplication_scope": "",
            "delay_seconds": 0,
            "fifo_queue": false,
            "fifo_throughput_limit": "",
            "id": "https://sqs.us-east-1.amazonaws.com/176343551411/email-notifications-premium-dlq",
            "kms_data_key_reuse_period_seconds": 300,
            "kms_master_key_id": "",
            "max_message_size": 262144,
            "message_retention_seconds": 1209600,
            "name": "email-notifications-premium-dlq",
            "name_prefix": "",
            "policy": "",
            "receive_wait_time_seconds": 0,
            "redrive_allow_policy": "",
            "redrive_policy": "",
            "sqs_managed_sse_enabled": true,
            "tags": {
              "Environment": "development",
              "Name": "email-notifications-premium-dlq"
            },
            "tags_all": {
              "Environment": "development",
              "Name": "email-notifications-premium-dlq"
            },
            "timeouts": null,
            "url": "https://sqs.us-east-1.amazonaws.com/176343551411/email-notifications-premium-dlq",
            "visibility_timeout_seconds": 30
          },
          "sensitive_attributes": [],
          "identity_schema_version": 0,
          "private": "eyJlMmJmYjczMC1lY2FhLTExZTYtOGY4OC0zNDM2M2JjN2M0YzAiOnsiY3JlYXRlIjoxODAwMDAwMDAwMDAsImRlbGV0ZSI6MTgwMDAwMDAwMDAwLCJ1cGRhdGUiOjE4MDAwMDAwMDAwMH19",
          "create_before_destroy": true
        }
      ]
    },
    {
      "mode": "managed",
      "type": "aws_sqs_queue",
      "name": "email_regiao_sul",
      "provider": "provider[\"registry.terraform.io/hashicorp/aws\"]",
      "instances": [
        {
          "schema_version": 0,
          "attributes": {
            "arn": "arn:aws:sqs:us-east-1:176343551411:email-notifications-regiao-sul",
            "content_based_deduplication": false,
            "deduplication_scope": "",
            "delay_seconds": 0,
            "fifo_queue": false,
            "fifo_throughput_limit": "",
            "id": "https://sqs.us-east-1.amazonaws.com/176343551411/email-notifications-regiao-sul",
            "kms_data_key_reuse_period_seconds": 300,
            "kms_master_key_id": "",
            "max_message_size": 262144,
            "message_retention_seconds": 1209600,
            "name": "email-notifications-regiao-sul",
            "name_prefix": "",
            "policy": "",
            "receive_wait_time_seconds": 10,
            "redrive_allow_policy": "",
            "redrive_policy": "{\"deadLetterTargetArn\":\"arn:aws:sqs:us-east-1:176343551411:email-notifications-regiao-sul-dlq\",\"maxReceiveCount\":3}",
            "sqs_managed_sse_enabled": true,
            "tags": {
              "Environment": "development",
              "Name": "email-notifications-regiao-sul"
            },
            "tags_all": {
              "Environment": "development",
              "Name": "email-notifications-regiao-sul"
            },
            "timeouts": null,
            "url": "https://sqs.us-east-1.amazonaws.com/176343551411/email-notifications-regiao-sul",
            "visibility_timeout_seconds": 120
          },
          "sensitive_attributes": [],
          "identity_schema_version": 0,
          "private": "eyJlMmJmYjczMC1lY2FhLTExZTYtOGY4OC0zNDM2M2JjN2M0YzAiOnsiY3JlYXRlIjoxODAwMDAwMDAwMDAsImRlbGV0ZSI6MTgwMDAwMDAwMDAwLCJ1cGRhdGUiOjE4MDAwMDAwMDAwMH19",
          "dependencies": [
            "aws_sqs_queue.email_regiao_sul_dlq"
          ],
          "create_before_destroy": true
        }
      ]
    },
    {
      "mode": "managed",
      "type": "aws_sqs_queue",
      "name": "email_regiao_sul_dlq",
      "provider": "provider[\"registry.terraform.io/hashicorp/aws\"]",
      "instances": [
        {
          "schema_version": 0,
          "attributes": {
            "arn": "arn:aws:sqs:us-east-1:176343551411:email-notifications-regiao-sul-dlq",
            "content_based_deduplication": false,
            "deduplication_scope": "",
            "delay_seconds": 0,
            "fifo_queue": false,
            "fifo_throughput_limit": "",
            "id": "https://sqs.us-east-1.amazonaws.com/176343551411/email-notifications-regiao-sul-dlq",
            "kms_data_key_reuse_period_seconds": 300,
            "kms_master_key_id": "",
            "max_message_size": 262144,
            "message_retention_seconds": 1209600,
            "name": "email-notifications-regiao-sul-dlq",
            "name_prefix": "",
            "policy": "",
            "receive_wait_time_seconds": 0,
            "redrive_allow_policy": "",
            "redrive_policy": "",
            "sqs_managed_sse_enabled": true,
            "tags": {
              "Environment": "development",
              "Name": "email-notifications-regiao-sul-dlq"
            },
            "tags_all": {
              "Environment": "development",
              "Name": "email-notifications-regiao-sul-dlq"
            },
            "timeouts": null,
            "url": "https://sqs.us-east-1.amazonaws.com/176343551411/email-notifications-regiao-sul-dlq",
            "visibility_timeout_seconds": 30
          },
          "sensitive_attributes": [],
          "identity_schema_version": 0,
          "private": "eyJlMmJmYjczMC1lY2FhLTExZTYtOGY4OC0zNDM2M2JjN2M0YzAiOnsiY3JlYXRlIjoxODAwMDAwMDAwMDAsImRlbGV0ZSI6MTgwMDAwMDAwMDAwLCJ1cGRhdGUiOjE4MDAwMDAwMDAwMH19",
          "create_before_destroy": true
        }
      ]
    },
    {
      "mode": "managed",
      "type": "local_file",
      "name": "postman_collection",
      "provider": "provider[\"registry.terraform.io/hashicorp/local\"]",
      "instances": [
        {
          "schema_version": 0,
          "attributes": {
            "content": "{\r\n  \"info\": {\r\n    \"name\": \"Cupons API - AWS API Gateway\",\r\n    \"description\": \"Collection for testing the cupons API deployed on AWS API Gateway with Lambda integration\",\r\n    \"schema\": \"https://schema.getpostman.com/json/collection/v2.1.0/collection.json\",\r\n    \"_postman_id\": \"cupons-api-collection\",\r\n    \"version\": \"1.0.0\"\r\n  },\r\n  \"item\": [\r\n    {\r\n      \"name\": \"List Cupons\",\r\n      \"request\": {\r\n        \"method\": \"GET\",\r\n        \"header\": [\r\n          {\r\n            \"key\": \"Accept\",\r\n            \"value\": \"application/json\",\r\n            \"type\": \"text\"\r\n          }\r\n        ],\r\n        \"url\": {\r\n          \"raw\": \"https://ceqvslj8df.execute-api.us-east-1.amazonaws.com/prod/cupons\",\r\n          \"protocol\": \"https\",\r\n          \"host\": [\r\n            \"ceqvslj8df\",\r\n            \"execute-api\",\r\n            \"us-east-1\",\r\n            \"amazonaws\",\r\n            \"com\"\r\n          ],\r\n          \"path\": [\r\n            \"prod\",\r\n            \"cupons\"\r\n          ]\r\n        },\r\n        \"description\": \"List all available cupons from DynamoDB\"\r\n      },\r\n      \"response\": []\r\n    },\r\n    {\r\n      \"name\": \"Get Cupom by ID\",\r\n      \"request\": {\r\n        \"method\": \"GET\",\r\n        \"header\": [\r\n          {\r\n            \"key\": \"Accept\",\r\n            \"value\": \"application/json\",\r\n            \"type\": \"text\"\r\n          }\r\n        ],\r\n        \"url\": {\r\n          \"raw\": \"https://ceqvslj8df.execute-api.us-east-1.amazonaws.com/prod/cupons/:id\",\r\n          \"protocol\": \"https\",\r\n          \"host\": [\r\n            \"ceqvslj8df\",\r\n            \"execute-api\",\r\n            \"us-east-1\",\r\n            \"amazonaws\",\r\n            \"com\"\r\n          ],\r\n          \"path\": [\r\n            \"prod\",\r\n            \"cupons\",\r\n            \":id\"\r\n          ],\r\n          \"variable\": [\r\n            {\r\n              \"key\": \"id\",\r\n              \"value\": \"12345\",\r\n              \"description\": \"Cupom ID to retrieve\"\r\n            }\r\n          ]\r\n        },\r\n        \"description\": \"Retrieve a specific cupom by ID from DynamoDB\"\r\n      },\r\n      \"response\": []\r\n    },\r\n    {\r\n      \"name\": \"Trigger Campaign\",\r\n      \"request\": {\r\n        \"method\": \"POST\",\r\n        \"header\": [\r\n          {\r\n            \"key\": \"Content-Type\",\r\n            \"value\": \"application/json\",\r\n            \"type\": \"text\"\r\n          },\r\n          {\r\n            \"key\": \"Accept\",\r\n            \"value\": \"application/json\",\r\n            \"type\": \"text\"\r\n          }\r\n        ],\r\n        \"body\": {\r\n          \"mode\": \"raw\",\r\n          \"raw\": \"{\\n  \\\"nome\\\": \\\"Black Friday 2024 - Sistema de Logística\\\",\\n  \\\"assunto\\\": \\\"🔥 Black Friday - Até 50% OFF em entregas!\\\",\\n  \\\"conteudo\\\": \\\"Não perca a maior promoção do ano! Descontos imperdíveis em todos os nossos serviços de logística. Aproveite frete grátis e entrega expressa com preços especiais. Válido apenas hoje!\\\",\\n  \\\"grupos\\\": [\\n    {\\n      \\\"tipo\\\": \\\"premium\\\",\\n      \\\"clientes\\\": [\\n        {\\n          \\\"id\\\": \\\"1\\\",\\n          \\\"nome\\\": \\\"Ari Henrique\\\",\\n          \\\"email\\\": \\\"arihenriquedev@hotmail.com\\\",\\n          \\\"regiao\\\": \\\"sudeste\\\"\\n        }\\n      ]\\n    },\\n    {\\n      \\\"tipo\\\": \\\"regiao_sul\\\",\\n      \\\"clientes\\\": [\\n        {\\n          \\\"id\\\": \\\"2\\\",\\n          \\\"nome\\\": \\\"Maria Silva\\\",\\n          \\\"email\\\": \\\"maria.silva@email.com\\\",\\n          \\\"regiao\\\": \\\"sul\\\"\\n        }\\n      ]\\n    },\\n    {\\n      \\\"tipo\\\": \\\"geral\\\",\\n      \\\"clientes\\\": [\\n        {\\n          \\\"id\\\": \\\"3\\\",\\n          \\\"nome\\\": \\\"João Santos\\\",\\n          \\\"email\\\": \\\"joao.santos@email.com\\\",\\n          \\\"regiao\\\": \\\"nordeste\\\"\\n        }\\n      ]\\n    }\\n  ]\\n}\",\r\n          \"options\": {\r\n            \"raw\": {\r\n              \"language\": \"json\"\r\n            }\r\n          }\r\n        },\r\n        \"url\": {\r\n          \"raw\": \"https://ceqvslj8df.execute-api.us-east-1.amazonaws.com/prod/campanhas/trigger\",\r\n          \"protocol\": \"https\",\r\n          \"host\": [\r\n            \"ceqvslj8df\",\r\n            \"execute-api\",\r\n            \"us-east-1\",\r\n            \"amazonaws\",\r\n            \"com\"\r\n          ],\r\n          \"path\": [\r\n            \"prod\",\r\n            \"campanhas\",\r\n            \"trigger\"\r\n          ]\r\n        },\r\n        \"description\": \"Trigger promotional campaigns with customer segmentation and email notifications\"\r\n      },\r\n      \"response\": []\r\n    }\r\n  ],\r\n  \"variable\": [\r\n    {\r\n      \"key\": \"base_url\",\r\n      \"value\": \"https://ceqvslj8df.execute-api.us-east-1.amazonaws.com/prod\",\r\n      \"type\": \"string\"\r\n    },\r\n    {\r\n      \"key\": \"api_gateway_id\",\r\n      \"value\": \"ceqvslj8df\",\r\n      \"type\": \"string\"\r\n    },\r\n    {\r\n      \"key\": \"aws_region\",\r\n      \"value\": \"us-east-1\",\r\n      \"type\": \"string\"\r\n    },\r\n    {\r\n      \"key\": \"stage\",\r\n      \"value\": \"prod\",\r\n      \"type\": \"string\"\r\n    }\r\n  ]\r\n}",
            "content_base64": null,
            "content_base64sha256": "M3JVxg1WwjWSMTbLPuVGZQniMBzq7nOjj9JqUFz1SX0=",
            "content_base64sha512": "mLXwOnRHE8rjD4imMb2OLupwjXaV+l72qJ3JJl66T9j1JSQ/olMSrrKyJ8ANsmir6UbUW3HOo3fMAiw6yFp+yw==",
            "content_md5": "db93f81f5b4e8ad86b5317f5094b1ae1",
            "content_sha1": "defb9710a4f19ad3c1a23f0a4de78f483d61c1f9",
            "content_sha256": "337255c60d56c235923136cb3ee5466509e2301ceaee73a38fd26a505cf5497d",
            "content_sha512": "98b5f03a744713cae30f88a631bd8e2eea708d7695fa5ef6a89dc9265eba4fd8f525243fa25312aeb2b227c00db268abe946d45b71cea377cc022c3ac85a7ecb",
            "directory_permission": "0777",
            "file_permission": "0777",
            "filename": "./cupons-api-postman-collection.json",
            "id": "defb9710a4f19ad3c1a23f0a4de78f483d61c1f9",
            "sensitive_content": null,
            "source": null
          },
          "sensitive_attributes": [
            [
              {
                "type": "get_attr",
                "value": "sensitive_content"
              }
            ]
          ],
          "identity_schema_version": 0,
          "dependencies": [
            "aws_api_gateway_deployment.cupons_api_deployment",
            "aws_api_gateway_integration.get_cupom_integration",
            "aws_api_gateway_integration.list_cupons_integration",
            "aws_api_gateway_integration.trigger_campanha_integration",
            "aws_api_gateway_method.get_cupom",
            "aws_api_gateway_method.list_cupons",
            "aws_api_gateway_method.trigger_campanha",
            "aws_api_gateway_resource.campanhas",
            "aws_api_gateway_resource.campanhas_trigger",
            "aws_api_gateway_resource.cupom_by_id",
            "aws_api_gateway_resource.cupons",
            "aws_api_gateway_rest_api.cupons_api",
            "aws_cloudwatch_log_group.campanhas_lambda_logs",
            "aws_cloudwatch_log_group.cupons_lambda_logs",
            "aws_dynamodb_table.campanhas_metricas",
            "aws_dynamodb_table.cupons",
            "aws_iam_role.campanhas_lambda_role",
            "aws_iam_role.cupons_lambda_role",
            "aws_iam_role_policy.campanhas_lambda_policy",
            "aws_iam_role_policy.cupons_lambda_policy",
            "aws_lambda_function.campanhas_processor",
            "aws_lambda_function.cupons_api",
            "aws_sqs_queue.email_geral",
            "aws_sqs_queue.email_geral_dlq",
            "aws_sqs_queue.email_notifications",
            "aws_sqs_queue.email_notifications_dlq",
            "aws_sqs_queue.email_premium",
            "aws_sqs_queue.email_premium_dlq",
            "aws_sqs_queue.email_regiao_sul",
            "aws_sqs_queue.email_regiao_sul_dlq",
            "data.archive_file.campanhas_zip",
            "data.archive_file.cupons_zip"
          ]
        }
      ]
    }
  ],
  "check_results": [
    {
      "object_kind": "var",
      "config_addr": "var.sender_emails",
      "status": "pass",
      "objects": [
        {
          "object_addr": "var.sender_emails",
          "status": "pass"
        }
      ]
    }
  ]
}
